{
  "version": 4,
  "terraform_version": "1.3.7",
  "serial": 1730,
  "lineage": "9361268e-ae5d-4e6a-09c7-3a886aaffce2",
  "outputs": {},
  "resources": [
    {
      "mode": "data",
      "type": "github_repositories",
      "name": "repos",
      "provider": "provider[\"registry.terraform.io/integrations/github\"]",
      "instances": [
        {
          "schema_version": 0,
          "attributes": {
            "full_names": [
              "kubewarden/kwctl",
              "kubewarden/policy-server",
              "kubewarden/audit-scanner",
              "kubewarden/policy-fetcher",
              "kubewarden/cel-policy",
              "kubewarden/rancher-kubectl-builder",
              "kubewarden/gostubpkg",
              "kubewarden/helm-charts",
              "kubewarden/kubewarden.io",
              "kubewarden/policy-evaluator",
              "kubewarden/psa-label-enforcer-policy",
              "kubewarden/user-group-psp-policy",
              "kubewarden/pod-privileged-policy",
              "kubewarden/kubewarden-controller",
              "kubewarden/sleeping-policy",
              "kubewarden/load-testing",
              "kubewarden/policy-sdk-rust",
              "kubewarden/unique-service-selector-policy",
              "kubewarden/context-aware-demo",
              "kubewarden/volumeMounts-policy",
              "kubewarden/share-pid-namespace-policy",
              "kubewarden/allow-privilege-escalation-psp-policy",
              "kubewarden/allowed-proc-mount-types-psp-policy",
              "kubewarden/policy-sdk-go",
              "kubewarden/env-variable-secrets-scanner-policy",
              "kubewarden/pod-runtime-class-policy",
              "kubewarden/verify-image-signatures",
              "kubewarden/rancher-project-propagate-labels",
              "kubewarden/deprecated-api-versions-policy",
              "kubewarden/capabilities-psp-policy",
              "kubewarden/persistentvolumeclaim-storageclass-policy",
              "kubewarden/docs",
              "kubewarden/trusted-repos-policy",
              "kubewarden/strfmt",
              "kubewarden/k8s-objects-generator",
              "kubewarden/fleet-example",
              "kubewarden/raw-validation-opa-policy",
              "kubewarden/opa-policy-template",
              "kubewarden/rust-policy-template",
              "kubewarden/environment-variable-policy",
              "kubewarden/hostpaths-psp-policy",
              "kubewarden/readonly-root-filesystem-psp-policy",
              "kubewarden/safe-labels-policy",
              "kubewarden/allowed-fsgroups-psp-policy",
              "kubewarden/volumes-psp-policy",
              "kubewarden/disallow-service-nodeport-policy",
              "kubewarden/apparmor-psp-policy",
              "kubewarden/gatekeeper-policy-template",
              "kubewarden/container-resources-policy",
              "kubewarden/unique-ingress-policy",
              "kubewarden/selinux-psp-policy",
              "kubewarden/raw-validation-policy",
              "kubewarden/sysctl-psp-policy",
              "kubewarden/raw-mutation-policy",
              "kubewarden/safe-annotations-policy",
              "kubewarden/ingress-policy",
              "kubewarden/go-policy-template",
              "kubewarden/echo",
              "kubewarden/host-namespaces-psp-policy",
              "kubewarden/namespace-label-propagator-policy",
              "kubewarden/seccomp-psp-policy",
              "kubewarden/disallow-service-loadbalancer-policy",
              "kubewarden/flexvolume-drivers-psp-policy",
              "kubewarden/context-aware-test-policy",
              "kubewarden/rancher-project-quotas-namespace-validator",
              "kubewarden/automation",
              "kubewarden/kyverno-dsl-policy",
              "kubewarden/raw-validation-wasi-policy",
              "kubewarden/raw-mutation-wasi-policy",
              "kubewarden/go-wasi-context-aware-test-policy",
              "kubewarden/go-wasi-policy-template",
              "kubewarden/github-actions",
              "kubewarden/kubewarden-end-to-end-tests",
              "kubewarden/policy-sdk-dotnet",
              "kubewarden/rfc",
              "kubewarden/community",
              "kubewarden/kubecon-24-eu-kubewarden",
              "kubewarden/.github",
              "kubewarden/policy-sdk-swift",
              "kubewarden/swift-policy-template",
              "kubewarden/dotnet-policy-template",
              "kubewarden/utils",
              "kubewarden/k8s-objects",
              "kubewarden/context-aware-test-gatekeeper-policy",
              "kubewarden/context-aware-test-opa-policy",
              "kubewarden/swift-wasm-runner",
              "kubewarden/kubewarden-stats",
              "kubewarden/policy-hub",
              "kubewarden/infra",
              "kubewarden/setup-kubewarden-cluster-action",
              "kubewarden/notify-policy-hub",
              "kubewarden/burrego"
            ],
            "id": "org:kubewarden",
            "include_repo_id": false,
            "names": [
              "kwctl",
              "policy-server",
              "audit-scanner",
              "policy-fetcher",
              "cel-policy",
              "rancher-kubectl-builder",
              "gostubpkg",
              "helm-charts",
              "kubewarden.io",
              "policy-evaluator",
              "psa-label-enforcer-policy",
              "user-group-psp-policy",
              "pod-privileged-policy",
              "kubewarden-controller",
              "sleeping-policy",
              "load-testing",
              "policy-sdk-rust",
              "unique-service-selector-policy",
              "context-aware-demo",
              "volumeMounts-policy",
              "share-pid-namespace-policy",
              "allow-privilege-escalation-psp-policy",
              "allowed-proc-mount-types-psp-policy",
              "policy-sdk-go",
              "env-variable-secrets-scanner-policy",
              "pod-runtime-class-policy",
              "verify-image-signatures",
              "rancher-project-propagate-labels",
              "deprecated-api-versions-policy",
              "capabilities-psp-policy",
              "persistentvolumeclaim-storageclass-policy",
              "docs",
              "trusted-repos-policy",
              "strfmt",
              "k8s-objects-generator",
              "fleet-example",
              "raw-validation-opa-policy",
              "opa-policy-template",
              "rust-policy-template",
              "environment-variable-policy",
              "hostpaths-psp-policy",
              "readonly-root-filesystem-psp-policy",
              "safe-labels-policy",
              "allowed-fsgroups-psp-policy",
              "volumes-psp-policy",
              "disallow-service-nodeport-policy",
              "apparmor-psp-policy",
              "gatekeeper-policy-template",
              "container-resources-policy",
              "unique-ingress-policy",
              "selinux-psp-policy",
              "raw-validation-policy",
              "sysctl-psp-policy",
              "raw-mutation-policy",
              "safe-annotations-policy",
              "ingress-policy",
              "go-policy-template",
              "echo",
              "host-namespaces-psp-policy",
              "namespace-label-propagator-policy",
              "seccomp-psp-policy",
              "disallow-service-loadbalancer-policy",
              "flexvolume-drivers-psp-policy",
              "context-aware-test-policy",
              "rancher-project-quotas-namespace-validator",
              "automation",
              "kyverno-dsl-policy",
              "raw-validation-wasi-policy",
              "raw-mutation-wasi-policy",
              "go-wasi-context-aware-test-policy",
              "go-wasi-policy-template",
              "github-actions",
              "kubewarden-end-to-end-tests",
              "policy-sdk-dotnet",
              "rfc",
              "community",
              "kubecon-24-eu-kubewarden",
              ".github",
              "policy-sdk-swift",
              "swift-policy-template",
              "dotnet-policy-template",
              "utils",
              "k8s-objects",
              "context-aware-test-gatekeeper-policy",
              "context-aware-test-opa-policy",
              "swift-wasm-runner",
              "kubewarden-stats",
              "policy-hub",
              "infra",
              "setup-kubewarden-cluster-action",
              "notify-policy-hub",
              "burrego"
            ],
            "query": "org:kubewarden",
            "repo_ids": null,
            "results_per_page": 100,
            "sort": "updated"
          },
          "sensitive_attributes": []
        }
      ]
    },
    {
      "mode": "data",
      "type": "github_team",
      "name": "kubewarden_developers",
      "provider": "provider[\"registry.terraform.io/integrations/github\"].kubewarden",
      "instances": [
        {
          "schema_version": 0,
          "attributes": {
            "description": "Kubewarden developers",
            "id": "4972867",
            "members": [
              "ereslibre",
              "flavio",
              "kravciak",
              "fabriziosestito",
              "jvanz",
              "viccuad",
              "olblak",
              "prabalsharma",
              "raulcabello",
              "ncounter",
              "robertsirc",
              "jordojordo",
              "aalves08"
            ],
            "membership_type": "all",
            "name": "kubewarden-developers",
            "node_id": "T_kwDOBNKsKc4AS-FD",
            "permission": "pull",
            "privacy": "closed",
            "repositories": [
              ".github",
              "allow-privilege-escalation-psp-policy",
              "allowed-fsgroups-psp-policy",
              "allowed-proc-mount-types-psp-policy",
              "apparmor-psp-policy",
              "audit-scanner",
              "automation",
              "burrego",
              "capabilities-psp-policy",
              "cel-policy",
              "community",
              "container-resources-policy",
              "context-aware-demo",
              "context-aware-test-gatekeeper-policy",
              "context-aware-test-opa-policy",
              "context-aware-test-policy",
              "deprecated-api-versions-policy",
              "disallow-service-loadbalancer-policy",
              "disallow-service-nodeport-policy",
              "docs",
              "dotnet-policy-template",
              "echo",
              "env-variable-secrets-scanner-policy",
              "environment-variable-policy",
              "fleet-example",
              "flexvolume-drivers-psp-policy",
              "gatekeeper-policy-template",
              "github-actions",
              "gjson",
              "go-policy-template",
              "go-wasi-context-aware-test-policy",
              "go-wasi-policy-template",
              "gostubpkg",
              "helm-charts",
              "host-namespaces-psp-policy",
              "hostpaths-psp-policy",
              "infra",
              "ingress-policy",
              "k8s-objects",
              "k8s-objects-generator",
              "kube-webhook-wrapper",
              "kubecon-24-eu-kubewarden",
              "kubewarden-controller",
              "kubewarden-end-to-end-tests",
              "kubewarden-stats",
              "kubewarden-ui",
              "kubewarden.io",
              "kwctl",
              "kyverno-dsl-policy",
              "load-testing",
              "namespace-label-propagator-policy",
              "notify-policy-hub",
              "opa-policy-template",
              "persistentvolumeclaim-storageclass-policy",
              "pod-privileged-policy",
              "pod-runtime-class-policy",
              "policy-evaluator",
              "policy-fetcher",
              "policy-hub",
              "policy-sdk-dotnet",
              "policy-sdk-go",
              "policy-sdk-rust",
              "policy-sdk-swift",
              "policy-server",
              "psa-label-enforcer-policy",
              "rancher-kubectl-builder",
              "rancher-project-propagate-labels",
              "rancher-project-quotas-namespace-validator",
              "raw-mutation-policy",
              "raw-mutation-wasi-policy",
              "raw-validation-opa-policy",
              "raw-validation-policy",
              "raw-validation-wasi-policy",
              "readonly-root-filesystem-psp-policy",
              "rfc",
              "rust-policy-template",
              "safe-annotations-policy",
              "safe-labels-policy",
              "seccomp-psp-policy",
              "selinux-psp-policy",
              "setup-kubewarden-cluster-action",
              "share-pid-namespace-policy",
              "sleeping-policy",
              "strfmt",
              "swift-policy-template",
              "swift-wasm-runner",
              "sysctl-psp-policy",
              "trusted-repos-policy",
              "unique-ingress-policy",
              "unique-service-selector-policy",
              "user-group-psp-policy",
              "utils",
              "verify-image-signatures",
              "volumeMounts-policy",
              "volumes-psp-policy"
            ],
            "repositories_detailed": [
              {
                "repo_id": 432951117,
                "role_name": "write"
              },
              {
                "repo_id": 346726529,
                "role_name": "write"
              },
              {
                "repo_id": 429035213,
                "role_name": "write"
              },
              {
                "repo_id": 428639739,
                "role_name": "write"
              },
              {
                "repo_id": 347146276,
                "role_name": "write"
              },
              {
                "repo_id": 554050550,
                "role_name": "write"
              },
              {
                "repo_id": 388122009,
                "role_name": "maintain"
              },
              {
                "repo_id": 376107875,
                "role_name": "read"
              },
              {
                "repo_id": 349805058,
                "role_name": "write"
              },
              {
                "repo_id": 750809729,
                "role_name": "write"
              },
              {
                "repo_id": 775481381,
                "role_name": "write"
              },
              {
                "repo_id": 741918196,
                "role_name": "write"
              },
              {
                "repo_id": 615255040,
                "role_name": "write"
              },
              {
                "repo_id": 732640297,
                "role_name": "read"
              },
              {
                "repo_id": 732639934,
                "role_name": "read"
              },
              {
                "repo_id": 732614808,
                "role_name": "write"
              },
              {
                "repo_id": 557363598,
                "role_name": "write"
              },
              {
                "repo_id": 409218877,
                "role_name": "write"
              },
              {
                "repo_id": 407485149,
                "role_name": "write"
              },
              {
                "repo_id": 314266235,
                "role_name": "write"
              },
              {
                "repo_id": 721615266,
                "role_name": "write"
              },
              {
                "repo_id": 505908394,
                "role_name": "write"
              },
              {
                "repo_id": 548961187,
                "role_name": "write"
              },
              {
                "repo_id": 551478404,
                "role_name": "write"
              },
              {
                "repo_id": 587342877,
                "role_name": "write"
              },
              {
                "repo_id": 429777711,
                "role_name": "write"
              },
              {
                "repo_id": 409226967,
                "role_name": "write"
              },
              {
                "repo_id": 450109365,
                "role_name": "write"
              },
              {
                "repo_id": 350388295,
                "role_name": "read"
              },
              {
                "repo_id": 357122675,
                "role_name": "write"
              },
              {
                "repo_id": 742391865,
                "role_name": "write"
              },
              {
                "repo_id": 656271150,
                "role_name": "write"
              },
              {
                "repo_id": 700901744,
                "role_name": "write"
              },
              {
                "repo_id": 344100819,
                "role_name": "write"
              },
              {
                "repo_id": 374631243,
                "role_name": "write"
              },
              {
                "repo_id": 392730833,
                "role_name": "write"
              },
              {
                "repo_id": 538496768,
                "role_name": "write"
              },
              {
                "repo_id": 349048965,
                "role_name": "write"
              },
              {
                "repo_id": 492171063,
                "role_name": "write"
              },
              {
                "repo_id": 493337799,
                "role_name": "write"
              },
              {
                "repo_id": 678374408,
                "role_name": "write"
              },
              {
                "repo_id": 769185036,
                "role_name": "read"
              },
              {
                "repo_id": 318490971,
                "role_name": "write"
              },
              {
                "repo_id": 433841310,
                "role_name": "write"
              },
              {
                "repo_id": 501989458,
                "role_name": "read"
              },
              {
                "repo_id": 671204207,
                "role_name": "read"
              },
              {
                "repo_id": 314186121,
                "role_name": "write"
              },
              {
                "repo_id": 360471642,
                "role_name": "write"
              },
              {
                "repo_id": 653744462,
                "role_name": "write"
              },
              {
                "repo_id": 387539493,
                "role_name": "write"
              },
              {
                "repo_id": 645692549,
                "role_name": "write"
              },
              {
                "repo_id": 358807820,
                "role_name": "read"
              },
              {
                "repo_id": 408822250,
                "role_name": "write"
              },
              {
                "repo_id": 775481368,
                "role_name": "write"
              },
              {
                "repo_id": 317669762,
                "role_name": "write"
              },
              {
                "repo_id": 313974836,
                "role_name": "write"
              },
              {
                "repo_id": 360458724,
                "role_name": "write"
              },
              {
                "repo_id": 360458827,
                "role_name": "write"
              },
              {
                "repo_id": 350240296,
                "role_name": "write"
              },
              {
                "repo_id": 510336802,
                "role_name": "write"
              },
              {
                "repo_id": 349421874,
                "role_name": "write"
              },
              {
                "repo_id": 346721596,
                "role_name": "write"
              },
              {
                "repo_id": 362066512,
                "role_name": "write"
              },
              {
                "repo_id": 321691643,
                "role_name": "write"
              },
              {
                "repo_id": 641965951,
                "role_name": "write"
              },
              {
                "repo_id": 498340468,
                "role_name": "write"
              },
              {
                "repo_id": 624532830,
                "role_name": "write"
              },
              {
                "repo_id": 608281990,
                "role_name": "write"
              },
              {
                "repo_id": 709390449,
                "role_name": "write"
              },
              {
                "repo_id": 709390508,
                "role_name": "write"
              },
              {
                "repo_id": 709390468,
                "role_name": "write"
              },
              {
                "repo_id": 709390488,
                "role_name": "write"
              },
              {
                "repo_id": 709390541,
                "role_name": "write"
              },
              {
                "repo_id": 433373043,
                "role_name": "write"
              },
              {
                "repo_id": 467968538,
                "role_name": "write"
              },
              {
                "repo_id": 355166208,
                "role_name": "write"
              },
              {
                "repo_id": 394197071,
                "role_name": "write"
              },
              {
                "repo_id": 357339538,
                "role_name": "write"
              },
              {
                "repo_id": 436305721,
                "role_name": "write"
              },
              {
                "repo_id": 429398743,
                "role_name": "write"
              },
              {
                "repo_id": 433841327,
                "role_name": "write"
              },
              {
                "repo_id": 746697822,
                "role_name": "write"
              },
              {
                "repo_id": 581143300,
                "role_name": "write"
              },
              {
                "repo_id": 491126441,
                "role_name": "write"
              },
              {
                "repo_id": 394251322,
                "role_name": "write"
              },
              {
                "repo_id": 394216381,
                "role_name": "read"
              },
              {
                "repo_id": 391073983,
                "role_name": "write"
              },
              {
                "repo_id": 346742299,
                "role_name": "write"
              },
              {
                "repo_id": 713310475,
                "role_name": "write"
              },
              {
                "repo_id": 747831522,
                "role_name": "write"
              },
              {
                "repo_id": 407209064,
                "role_name": "write"
              },
              {
                "repo_id": 511553735,
                "role_name": "write"
              },
              {
                "repo_id": 478565046,
                "role_name": "write"
              },
              {
                "repo_id": 547366508,
                "role_name": "write"
              },
              {
                "repo_id": 394944084,
                "role_name": "write"
              }
            ],
            "results_per_page": 100,
            "slug": "kubewarden-developers",
            "summary_only": false
          },
          "sensitive_attributes": []
        }
      ]
    },
    {
      "mode": "data",
      "type": "github_team",
      "name": "kubewarden_documentation",
      "provider": "provider[\"registry.terraform.io/integrations/github\"].kubewarden",
      "instances": [
        {
          "schema_version": 0,
          "attributes": {
            "description": "Kubewarden documentation team",
            "id": "5417591",
            "members": [
              "ereslibre",
              "nunix",
              "btat",
              "jhkrug",
              "divya-mohan0209"
            ],
            "membership_type": "all",
            "name": "kubewarden-documentation",
            "node_id": "T_kwDOBNKsKc4AUqp3",
            "permission": "pull",
            "privacy": "closed",
            "repositories": [
              "community",
              "docs",
              "kubewarden-controller",
              "kubewarden.io",
              "rfc"
            ],
            "repositories_detailed": [
              {
                "repo_id": 775481381,
                "role_name": "write"
              },
              {
                "repo_id": 314266235,
                "role_name": "write"
              },
              {
                "repo_id": 318490971,
                "role_name": "read"
              },
              {
                "repo_id": 314186121,
                "role_name": "write"
              },
              {
                "repo_id": 467968538,
                "role_name": "write"
              }
            ],
            "results_per_page": 100,
            "slug": "kubewarden-documentation",
            "summary_only": false
          },
          "sensitive_attributes": []
        }
      ]
    },
    {
      "module": "module.kubewarden_audit_scanner_repository",
      "mode": "managed",
      "type": "github_app_installation_repository",
      "name": "app_dco",
      "provider": "provider[\"registry.terraform.io/integrations/github\"].kubewarden",
      "instances": [
        {
          "schema_version": 0,
          "attributes": {
            "id": "29141080:audit-scanner",
            "installation_id": "29141080",
            "repo_id": 554050550,
            "repository": "audit-scanner"
          },
          "sensitive_attributes": [],
          "private": "bnVsbA==",
          "dependencies": [
            "module.kubewarden_audit_scanner_repository.github_repository.main"
          ]
        }
      ]
    },
    {
      "module": "module.kubewarden_audit_scanner_repository",
      "mode": "managed",
      "type": "github_issue_label",
      "name": "label",
      "provider": "provider[\"registry.terraform.io/integrations/github\"].kubewarden",
      "instances": [
        {
          "index_key": 0,
          "schema_version": 0,
          "attributes": {
            "color": "D3D7CF",
            "description": "",
            "etag": "W/\"b08c33a232b5e8b8a1e64ee5fa28df428b74586cb1fca204ba98f68183b837ea\"",
            "id": "audit-scanner:area/dependencies",
            "name": "area/dependencies",
            "repository": "audit-scanner",
            "url": "https://api.github.com/repos/kubewarden/audit-scanner/labels/area/dependencies"
          },
          "sensitive_attributes": [],
          "private": "bnVsbA==",
          "dependencies": [
            "module.kubewarden_audit_scanner_repository.github_repository.main"
          ]
        },
        {
          "index_key": 1,
          "schema_version": 0,
          "attributes": {
            "color": "7057ff",
            "description": "",
            "etag": "W/\"2adaa032ec3582011ee09ce65fff1e112ef1c62ac617135c98187053b8bd9946\"",
            "id": "audit-scanner:kind/automation",
            "name": "good first issue",
            "repository": "audit-scanner",
            "url": "https://api.github.com/repos/kubewarden/audit-scanner/labels/kind/automation"
          },
          "sensitive_attributes": [],
          "private": "bnVsbA==",
          "dependencies": [
            "module.kubewarden_audit_scanner_repository.github_repository.main"
          ]
        },
        {
          "index_key": 2,
          "schema_version": 0,
          "attributes": {
            "color": "3465A4",
            "description": "",
            "etag": "W/\"09d3a34ade176abe5aa6fe4c75356a7516036fd1e41bde4ba9e661e39560ca48\"",
            "id": "audit-scanner:kind/breaking-change",
            "name": "kind/automation",
            "repository": "audit-scanner",
            "url": "https://api.github.com/repos/kubewarden/audit-scanner/labels/kind/breaking-change"
          },
          "sensitive_attributes": [],
          "private": "bnVsbA==",
          "dependencies": [
            "module.kubewarden_audit_scanner_repository.github_repository.main"
          ]
        },
        {
          "index_key": 3,
          "schema_version": 0,
          "attributes": {
            "color": "FCE94F",
            "description": "",
            "etag": "W/\"613452a3222ecc3092f1bb7814e459191d9b57178950097ab57a122bb0a005e6\"",
            "id": "audit-scanner:kind/bug",
            "name": "kind/breaking-change",
            "repository": "audit-scanner",
            "url": "https://api.github.com/repos/kubewarden/audit-scanner/labels/kind/bug"
          },
          "sensitive_attributes": [],
          "private": "bnVsbA==",
          "dependencies": [
            "module.kubewarden_audit_scanner_repository.github_repository.main"
          ]
        },
        {
          "index_key": 4,
          "schema_version": 0,
          "attributes": {
            "color": "EF2929",
            "description": "",
            "etag": "W/\"3c40612bbb06d4b5f5fa38456019503b1a49846fe0f76a85200dbf9a659b938c\"",
            "id": "audit-scanner:kind/chore",
            "name": "kind/bug",
            "repository": "audit-scanner",
            "url": "https://api.github.com/repos/kubewarden/audit-scanner/labels/kind/chore"
          },
          "sensitive_attributes": [],
          "private": "bnVsbA==",
          "dependencies": [
            "module.kubewarden_audit_scanner_repository.github_repository.main"
          ]
        },
        {
          "index_key": 5,
          "schema_version": 0,
          "attributes": {
            "color": "555753",
            "description": "",
            "etag": "W/\"2805b085eaf2196d0141352292a74f4131b1b23d4f18a372d512b000d51aa7b8\"",
            "id": "audit-scanner:kind/enhancement",
            "name": "kind/chore",
            "repository": "audit-scanner",
            "url": "https://api.github.com/repos/kubewarden/audit-scanner/labels/kind/enhancement"
          },
          "sensitive_attributes": [],
          "private": "bnVsbA==",
          "dependencies": [
            "module.kubewarden_audit_scanner_repository.github_repository.main"
          ]
        },
        {
          "index_key": 6,
          "schema_version": 0,
          "attributes": {
            "color": "06989A",
            "description": "",
            "etag": "W/\"9c0fb166e8d2f93cc7199c1be964573d8491ae17a565c50c3ffa0a0df94c2590\"",
            "id": "audit-scanner:kind/feature",
            "name": "kind/enhancement",
            "repository": "audit-scanner",
            "url": "https://api.github.com/repos/kubewarden/audit-scanner/labels/kind/feature"
          },
          "sensitive_attributes": [],
          "private": "bnVsbA==",
          "dependencies": [
            "module.kubewarden_audit_scanner_repository.github_repository.main"
          ]
        },
        {
          "index_key": 7,
          "schema_version": 0,
          "attributes": {
            "color": "34E2E2",
            "description": "",
            "etag": "W/\"9a9b78ebcc6e6ec179da193c24aafc02f24aea5e5efd13cf9851089208cbe9c0\"",
            "id": "audit-scanner:kind/question",
            "name": "kind/feature",
            "repository": "audit-scanner",
            "url": "https://api.github.com/repos/kubewarden/audit-scanner/labels/kind/question"
          },
          "sensitive_attributes": [],
          "private": "bnVsbA==",
          "dependencies": [
            "module.kubewarden_audit_scanner_repository.github_repository.main"
          ]
        },
        {
          "index_key": 8,
          "schema_version": 0,
          "attributes": {
            "color": "ad7fa8",
            "description": "",
            "etag": "W/\"4ac2a4e3e84b2f73736a4da9e2391023605d5da70abbbfad40660e3e8288780a\"",
            "id": "audit-scanner:kind/tech-debt",
            "name": "kind/question",
            "repository": "audit-scanner",
            "url": "https://api.github.com/repos/kubewarden/audit-scanner/labels/kind/tech-debt"
          },
          "sensitive_attributes": [],
          "private": "bnVsbA==",
          "dependencies": [
            "module.kubewarden_audit_scanner_repository.github_repository.main"
          ]
        },
        {
          "index_key": 9,
          "schema_version": 0,
          "attributes": {
            "color": "729FCF",
            "description": "",
            "etag": "W/\"f598eff51d31b1a0f3479d4ae53107dcdc8a35aa58b5c06907df792650943ae2\"",
            "id": "audit-scanner:kind/to-be-refined",
            "name": "kind/tech-debt",
            "repository": "audit-scanner",
            "url": "https://api.github.com/repos/kubewarden/audit-scanner/labels/kind/to-be-refined"
          },
          "sensitive_attributes": [],
          "private": "bnVsbA==",
          "dependencies": [
            "module.kubewarden_audit_scanner_repository.github_repository.main"
          ]
        },
        {
          "index_key": 10,
          "schema_version": 0,
          "attributes": {
            "color": "B14FCF",
            "description": "",
            "etag": "W/\"589fe4defec2eb8ab666a96a04cdd6826556607965d1debab67104ccb009a0fa\"",
            "id": "audit-scanner:release/minor",
            "name": "kind/to-be-refined",
            "repository": "audit-scanner",
            "url": "https://api.github.com/repos/kubewarden/audit-scanner/labels/release/minor"
          },
          "sensitive_attributes": [],
          "private": "bnVsbA==",
          "dependencies": [
            "module.kubewarden_audit_scanner_repository.github_repository.main"
          ]
        },
        {
          "index_key": 11,
          "schema_version": 0,
          "attributes": {
            "color": "8AE234",
            "description": "",
            "etag": "W/\"3989297dbde2865a0f910d2865b652b065ce05fbba7a92a71c3f7a19b552ec38\"",
            "id": "audit-scanner:release/major",
            "name": "release/major",
            "repository": "audit-scanner",
            "url": "https://api.github.com/repos/kubewarden/audit-scanner/labels/release/major"
          },
          "sensitive_attributes": [],
          "private": "bnVsbA==",
          "dependencies": [
            "module.kubewarden_audit_scanner_repository.github_repository.main"
          ]
        },
        {
          "index_key": 12,
          "schema_version": 0,
          "attributes": {
            "color": "4E9A06",
            "description": "",
            "etag": "W/\"3e4e785b1eeb9176f016ca9440e970730f23520b3e86cc850711cc05088fad78\"",
            "id": "audit-scanner:release/skip-changelog",
            "name": "release/minor",
            "repository": "audit-scanner",
            "url": "https://api.github.com/repos/kubewarden/audit-scanner/labels/release/skip-changelog"
          },
          "sensitive_attributes": [],
          "private": "bnVsbA==",
          "dependencies": [
            "module.kubewarden_audit_scanner_repository.github_repository.main"
          ]
        },
        {
          "index_key": 13,
          "schema_version": 0,
          "attributes": {
            "color": "aa6600",
            "description": "",
            "etag": "W/\"3e4e785b1eeb9176f016ca9440e970730f23520b3e86cc850711cc05088fad78\"",
            "id": "audit-scanner:release/skip-changelog",
            "name": "release/patch",
            "repository": "audit-scanner",
            "url": "https://api.github.com/repos/kubewarden/audit-scanner/labels/release/skip-changelog"
          },
          "sensitive_attributes": [],
          "private": "bnVsbA==",
          "dependencies": [
            "module.kubewarden_audit_scanner_repository.github_repository.main"
          ]
        },
        {
          "index_key": 14,
          "schema_version": 0,
          "attributes": {
            "color": "77cc00",
            "description": "",
            "etag": "W/\"3e4e785b1eeb9176f016ca9440e970730f23520b3e86cc850711cc05088fad78\"",
            "id": "audit-scanner:release/skip-changelog",
            "name": "release/skip-changelog",
            "repository": "audit-scanner",
            "url": "https://api.github.com/repos/kubewarden/audit-scanner/labels/release/skip-changelog"
          },
          "sensitive_attributes": [],
          "private": "bnVsbA==",
          "dependencies": [
            "module.kubewarden_audit_scanner_repository.github_repository.main"
          ]
        }
      ]
    },
    {
      "module": "module.kubewarden_audit_scanner_repository",
      "mode": "managed",
      "type": "github_repository",
      "name": "main",
      "provider": "provider[\"registry.terraform.io/integrations/github\"].kubewarden",
      "instances": [
        {
          "schema_version": 1,
          "attributes": {
            "allow_auto_merge": false,
            "allow_merge_commit": true,
            "allow_rebase_merge": true,
            "allow_squash_merge": true,
            "allow_update_branch": false,
            "archive_on_destroy": null,
            "archived": false,
            "auto_init": null,
            "default_branch": "main",
            "delete_branch_on_merge": false,
            "description": "Reports evaluation of existing Kubernetes resources with your already deployed Kubewarden policies.",
            "etag": "W/\"e1f21a0723e5ca77e92147f43258d31136b938f0cf37e8f960722abaa283f7da\"",
            "full_name": "kubewarden/audit-scanner",
            "git_clone_url": "git://github.com/kubewarden/audit-scanner.git",
            "gitignore_template": null,
            "has_discussions": false,
            "has_downloads": true,
            "has_issues": true,
            "has_projects": false,
            "has_wiki": true,
            "homepage_url": "https://kubewarden.io",
            "html_url": "https://github.com/kubewarden/audit-scanner",
            "http_clone_url": "https://github.com/kubewarden/audit-scanner.git",
            "id": "audit-scanner",
            "ignore_vulnerability_alerts_during_read": null,
            "is_template": false,
            "license_template": null,
            "merge_commit_message": "PR_TITLE",
            "merge_commit_title": "MERGE_MESSAGE",
            "name": "audit-scanner",
            "node_id": "R_kgDOIQYj9g",
            "pages": [],
            "primary_language": "Go",
            "private": false,
            "repo_id": 554050550,
            "security_and_analysis": [
              {
                "advanced_security": [],
                "secret_scanning": [
                  {
                    "status": "enabled"
                  }
                ],
                "secret_scanning_push_protection": [
                  {
                    "status": "disabled"
                  }
                ]
              }
            ],
            "squash_merge_commit_message": "COMMIT_MESSAGES",
            "squash_merge_commit_title": "COMMIT_OR_PR_TITLE",
            "ssh_clone_url": "git@github.com:kubewarden/audit-scanner.git",
            "svn_url": "https://github.com/kubewarden/audit-scanner",
            "template": [],
            "topics": [
              "hacktoberfest",
              "kubernetes",
              "kubernetes-security",
              "policy-as-code",
              "webassembly"
            ],
            "visibility": "public",
            "vulnerability_alerts": true,
            "web_commit_signoff_required": true
          },
          "sensitive_attributes": [],
          "private": "eyJzY2hlbWFfdmVyc2lvbiI6IjEifQ=="
        }
      ]
    },
    {
      "module": "module.kubewarden_audit_scanner_repository",
      "mode": "managed",
      "type": "github_team_repository",
      "name": "gh_team_push_rights",
      "provider": "provider[\"registry.terraform.io/integrations/github\"].kubewarden",
      "instances": [
        {
          "index_key": 0,
          "schema_version": 0,
          "attributes": {
            "etag": "W/\"613aceaa0be95610a671cf49cde607a0b36893d71e904c87dda464020e936d86\"",
            "id": "4972867:audit-scanner",
            "permission": "push",
            "repository": "audit-scanner",
            "team_id": "4972867"
          },
          "sensitive_attributes": [],
          "private": "bnVsbA==",
          "dependencies": [
            "data.github_team.kubewarden_developers",
            "module.kubewarden_audit_scanner_repository.github_repository.main"
          ]
        }
      ]
    },
    {
      "module": "module.kubewarden_community_repository",
      "mode": "managed",
      "type": "github_app_installation_repository",
      "name": "app_dco",
      "provider": "provider[\"registry.terraform.io/integrations/github\"].kubewarden",
      "instances": [
        {
          "schema_version": 0,
          "attributes": {
            "id": "29141080:community",
            "installation_id": "29141080",
            "repo_id": 775481381,
            "repository": "community"
          },
          "sensitive_attributes": [],
          "private": "bnVsbA==",
          "dependencies": [
            "module.kubewarden_community_repository.github_repository.main"
          ]
        }
      ]
    },
    {
      "module": "module.kubewarden_community_repository",
      "mode": "managed",
      "type": "github_issue_label",
      "name": "label",
      "provider": "provider[\"registry.terraform.io/integrations/github\"].kubewarden",
      "instances": [
        {
          "index_key": 0,
          "schema_version": 0,
          "attributes": {
            "color": "D3D7CF",
            "description": "",
            "etag": "W/\"15a380ad3de4b2b520b271ee3f787f88fe687a316d7051c6b53f71cfb9aafdbb\"",
            "id": "community:area/dependencies",
            "name": "area/dependencies",
            "repository": "community",
            "url": "https://api.github.com/repos/kubewarden/community/labels/area/dependencies"
          },
          "sensitive_attributes": [],
          "private": "bnVsbA==",
          "dependencies": [
            "module.kubewarden_community_repository.github_repository.main"
          ]
        },
        {
          "index_key": 1,
          "schema_version": 0,
          "attributes": {
            "color": "3465A4",
            "description": "",
            "etag": "W/\"832e9a144a5e6e48eebfd822bb8f75e40ce78e186b734e7a6f79b47b0776c854\"",
            "id": "community:kind/automation",
            "name": "kind/automation",
            "repository": "community",
            "url": "https://api.github.com/repos/kubewarden/community/labels/kind/automation"
          },
          "sensitive_attributes": [],
          "private": "bnVsbA==",
          "dependencies": [
            "module.kubewarden_community_repository.github_repository.main"
          ]
        },
        {
          "index_key": 2,
          "schema_version": 0,
          "attributes": {
            "color": "FCE94F",
            "description": "",
            "etag": "W/\"4b37c58ddc5cb69a7bf4f29d901412a6c32768d4b1d176d39d6fceec15ae6222\"",
            "id": "community:kind/breaking-change",
            "name": "kind/breaking-change",
            "repository": "community",
            "url": "https://api.github.com/repos/kubewarden/community/labels/kind/breaking-change"
          },
          "sensitive_attributes": [],
          "private": "bnVsbA==",
          "dependencies": [
            "module.kubewarden_community_repository.github_repository.main"
          ]
        },
        {
          "index_key": 3,
          "schema_version": 0,
          "attributes": {
            "color": "EF2929",
            "description": "",
            "etag": "W/\"9760e2b90cfc52f355b1f86a622e519f46088174402e97da529189b4e52ee62d\"",
            "id": "community:kind/bug",
            "name": "kind/bug",
            "repository": "community",
            "url": "https://api.github.com/repos/kubewarden/community/labels/kind/bug"
          },
          "sensitive_attributes": [],
          "private": "bnVsbA==",
          "dependencies": [
            "module.kubewarden_community_repository.github_repository.main"
          ]
        },
        {
          "index_key": 4,
          "schema_version": 0,
          "attributes": {
            "color": "555753",
            "description": "",
            "etag": "W/\"1cbcdbea6c2adf3110e8f9efd1f5d2deac9781059353facd150d50d2cc870301\"",
            "id": "community:kind/chore",
            "name": "kind/chore",
            "repository": "community",
            "url": "https://api.github.com/repos/kubewarden/community/labels/kind/chore"
          },
          "sensitive_attributes": [],
          "private": "bnVsbA==",
          "dependencies": [
            "module.kubewarden_community_repository.github_repository.main"
          ]
        },
        {
          "index_key": 5,
          "schema_version": 0,
          "attributes": {
            "color": "06989A",
            "description": "",
            "etag": "W/\"2d8ad5768b67d5b6993bea61a8c558d296803178e7259b6be23faeb6042c5003\"",
            "id": "community:kind/enhancement",
            "name": "kind/enhancement",
            "repository": "community",
            "url": "https://api.github.com/repos/kubewarden/community/labels/kind/enhancement"
          },
          "sensitive_attributes": [],
          "private": "bnVsbA==",
          "dependencies": [
            "module.kubewarden_community_repository.github_repository.main"
          ]
        },
        {
          "index_key": 6,
          "schema_version": 0,
          "attributes": {
            "color": "34E2E2",
            "description": "",
            "etag": "W/\"2ff5f79f7571644691157853d73b37932bdc788c5a58e45b0d83e38040a75989\"",
            "id": "community:kind/feature",
            "name": "kind/feature",
            "repository": "community",
            "url": "https://api.github.com/repos/kubewarden/community/labels/kind/feature"
          },
          "sensitive_attributes": [],
          "private": "bnVsbA==",
          "dependencies": [
            "module.kubewarden_community_repository.github_repository.main"
          ]
        },
        {
          "index_key": 7,
          "schema_version": 0,
          "attributes": {
            "color": "ad7fa8",
            "description": "",
            "etag": "W/\"53bf3140019273494efd73a60cdb84781952268e25461d508211df71378237a8\"",
            "id": "community:kind/question",
            "name": "kind/question",
            "repository": "community",
            "url": "https://api.github.com/repos/kubewarden/community/labels/kind/question"
          },
          "sensitive_attributes": [],
          "private": "bnVsbA==",
          "dependencies": [
            "module.kubewarden_community_repository.github_repository.main"
          ]
        },
        {
          "index_key": 8,
          "schema_version": 0,
          "attributes": {
            "color": "729FCF",
            "description": "",
            "etag": "W/\"272ff578aecb16b5487add0b4f650d6d2f858fc749a7a6087717e568456b8838\"",
            "id": "community:kind/tech-debt",
            "name": "kind/tech-debt",
            "repository": "community",
            "url": "https://api.github.com/repos/kubewarden/community/labels/kind/tech-debt"
          },
          "sensitive_attributes": [],
          "private": "bnVsbA==",
          "dependencies": [
            "module.kubewarden_community_repository.github_repository.main"
          ]
        },
        {
          "index_key": 9,
          "schema_version": 0,
          "attributes": {
            "color": "B14FCF",
            "description": "",
            "etag": "W/\"c3fce6b5aac03ed9bd3ab8b5fab616d15068b52e951cd2b20218c611af5c25fb\"",
            "id": "community:kind/to-be-refined",
            "name": "kind/to-be-refined",
            "repository": "community",
            "url": "https://api.github.com/repos/kubewarden/community/labels/kind/to-be-refined"
          },
          "sensitive_attributes": [],
          "private": "bnVsbA==",
          "dependencies": [
            "module.kubewarden_community_repository.github_repository.main"
          ]
        },
        {
          "index_key": 10,
          "schema_version": 0,
          "attributes": {
            "color": "8AE234",
            "description": "",
            "etag": "W/\"1f09f2f0aa3794dad94b3bac13817e10c7487d2abb584fe400940286a1b87a61\"",
            "id": "community:release/major",
            "name": "release/major",
            "repository": "community",
            "url": "https://api.github.com/repos/kubewarden/community/labels/release/major"
          },
          "sensitive_attributes": [],
          "private": "bnVsbA==",
          "dependencies": [
            "module.kubewarden_community_repository.github_repository.main"
          ]
        },
        {
          "index_key": 11,
          "schema_version": 0,
          "attributes": {
            "color": "4E9A06",
            "description": "",
            "etag": "W/\"60c763594813829015658b87d3b049d395f26490bff4a4b40b208f68739714ce\"",
            "id": "community:release/minor",
            "name": "release/minor",
            "repository": "community",
            "url": "https://api.github.com/repos/kubewarden/community/labels/release/minor"
          },
          "sensitive_attributes": [],
          "private": "bnVsbA==",
          "dependencies": [
            "module.kubewarden_community_repository.github_repository.main"
          ]
        },
        {
          "index_key": 12,
          "schema_version": 0,
          "attributes": {
            "color": "aa6600",
            "description": "",
            "etag": "W/\"4db59aee74b924b2a180d1d2ecb31cc43eb86f25007ae7aae169cdf679a8b364\"",
            "id": "community:release/patch",
            "name": "release/patch",
            "repository": "community",
            "url": "https://api.github.com/repos/kubewarden/community/labels/release/patch"
          },
          "sensitive_attributes": [],
          "private": "bnVsbA==",
          "dependencies": [
            "module.kubewarden_community_repository.github_repository.main"
          ]
        },
        {
          "index_key": 13,
          "schema_version": 0,
          "attributes": {
            "color": "77cc00",
            "description": "",
            "etag": "W/\"90183b66144d7b2afdf13e020e18ffbcb9922474533a05054f3c7237eba63722\"",
            "id": "community:release/skip-changelog",
            "name": "release/skip-changelog",
            "repository": "community",
            "url": "https://api.github.com/repos/kubewarden/community/labels/release/skip-changelog"
          },
          "sensitive_attributes": [],
          "private": "bnVsbA==",
          "dependencies": [
            "module.kubewarden_community_repository.github_repository.main"
          ]
        }
      ]
    },
    {
      "module": "module.kubewarden_community_repository",
      "mode": "managed",
      "type": "github_repository",
      "name": "main",
      "provider": "provider[\"registry.terraform.io/integrations/github\"].kubewarden",
      "instances": [
        {
          "schema_version": 1,
          "attributes": {
            "allow_auto_merge": false,
            "allow_merge_commit": true,
            "allow_rebase_merge": true,
            "allow_squash_merge": true,
            "allow_update_branch": false,
            "archive_on_destroy": null,
            "archived": false,
            "auto_init": false,
            "default_branch": "main",
            "delete_branch_on_merge": false,
            "description": "Kubewarden's community repository",
            "etag": "W/\"3ed0ec67001cf980eacb909715541e44e69007ebf4c9178590af4542afb3e81b\"",
            "full_name": "kubewarden/community",
            "git_clone_url": "git://github.com/kubewarden/community.git",
            "gitignore_template": null,
            "has_discussions": false,
            "has_downloads": true,
            "has_issues": true,
            "has_projects": false,
            "has_wiki": true,
            "homepage_url": "https://github.com/kubewarden/",
            "html_url": "https://github.com/kubewarden/community",
            "http_clone_url": "https://github.com/kubewarden/community.git",
            "id": "community",
            "ignore_vulnerability_alerts_during_read": null,
            "is_template": false,
            "license_template": null,
            "merge_commit_message": "PR_TITLE",
            "merge_commit_title": "MERGE_MESSAGE",
            "name": "community",
            "node_id": "R_kgDOLjjoJQ",
            "pages": [],
            "primary_language": "Makefile",
            "private": false,
            "repo_id": 775481381,
            "security_and_analysis": [
              {
                "advanced_security": [],
                "secret_scanning": [
                  {
                    "status": "enabled"
                  }
                ],
                "secret_scanning_push_protection": [
                  {
                    "status": "disabled"
                  }
                ]
              }
            ],
            "squash_merge_commit_message": "COMMIT_MESSAGES",
            "squash_merge_commit_title": "COMMIT_OR_PR_TITLE",
            "ssh_clone_url": "git@github.com:kubewarden/community.git",
            "svn_url": "https://github.com/kubewarden/community",
            "template": [],
            "topics": [
              "hacktoberfest",
              "kubernetes",
              "kubernetes-security",
              "policy-as-code",
              "webassembly"
            ],
            "visibility": "public",
            "vulnerability_alerts": true,
            "web_commit_signoff_required": true
          },
          "sensitive_attributes": [],
          "private": "eyJzY2hlbWFfdmVyc2lvbiI6IjEifQ=="
        }
      ]
    },
    {
      "module": "module.kubewarden_community_repository",
      "mode": "managed",
      "type": "github_team_repository",
      "name": "gh_team_push_rights",
      "provider": "provider[\"registry.terraform.io/integrations/github\"].kubewarden",
      "instances": [
        {
          "index_key": 0,
          "schema_version": 0,
          "attributes": {
            "etag": "W/\"e9f5abc4ae59c8ff17935a971c35bd1ed58a361aee4b0a09086ddafc5083e0fd\"",
            "id": "4972867:community",
            "permission": "push",
            "repository": "community",
            "team_id": "4972867"
          },
          "sensitive_attributes": [],
          "private": "bnVsbA==",
          "dependencies": [
            "data.github_team.kubewarden_developers",
            "data.github_team.kubewarden_documentation",
            "module.kubewarden_community_repository.github_repository.main"
          ]
        },
        {
          "index_key": 1,
          "schema_version": 0,
          "attributes": {
            "etag": "W/\"e9f5abc4ae59c8ff17935a971c35bd1ed58a361aee4b0a09086ddafc5083e0fd\"",
            "id": "5417591:community",
            "permission": "push",
            "repository": "community",
            "team_id": "5417591"
          },
          "sensitive_attributes": [],
          "private": "bnVsbA==",
          "dependencies": [
            "data.github_team.kubewarden_developers",
            "data.github_team.kubewarden_documentation",
            "module.kubewarden_community_repository.github_repository.main"
          ]
        }
      ]
    },
    {
      "module": "module.kubewarden_docs_repository",
      "mode": "managed",
      "type": "github_app_installation_repository",
      "name": "app_dco",
      "provider": "provider[\"registry.terraform.io/integrations/github\"].kubewarden",
      "instances": [
        {
          "schema_version": 0,
          "attributes": {
            "id": "29141080:docs",
            "installation_id": "29141080",
            "repo_id": 314266235,
            "repository": "docs"
          },
          "sensitive_attributes": [],
          "private": "bnVsbA==",
          "dependencies": [
            "module.kubewarden_docs_repository.github_repository.main"
          ]
        }
      ]
    },
    {
      "module": "module.kubewarden_docs_repository",
      "mode": "managed",
      "type": "github_issue_label",
      "name": "label",
      "provider": "provider[\"registry.terraform.io/integrations/github\"].kubewarden",
      "instances": [
        {
          "index_key": 0,
          "schema_version": 0,
          "attributes": {
            "color": "D3D7CF",
            "description": "",
            "etag": "W/\"b36c25aa652ae582c82949d0eb516daa1161cf84128e97eddecccd5c91a4da30\"",
            "id": "docs:area/dependencies",
            "name": "area/dependencies",
            "repository": "docs",
            "url": "https://api.github.com/repos/kubewarden/docs/labels/area/dependencies"
          },
          "sensitive_attributes": [],
          "private": "bnVsbA==",
          "dependencies": [
            "module.kubewarden_docs_repository.github_repository.main"
          ]
        },
        {
          "index_key": 1,
          "schema_version": 0,
          "attributes": {
            "color": "7057ff",
            "description": "",
            "etag": "W/\"1c3e3035232295149f4f6b29f2973dc14f82a709baf4a65f5c2dd178e7f0a974\"",
            "id": "docs:kind/automation",
            "name": "good first issue",
            "repository": "docs",
            "url": "https://api.github.com/repos/kubewarden/docs/labels/kind/automation"
          },
          "sensitive_attributes": [],
          "private": "bnVsbA==",
          "dependencies": [
            "module.kubewarden_docs_repository.github_repository.main"
          ]
        },
        {
          "index_key": 2,
          "schema_version": 0,
          "attributes": {
            "color": "3465A4",
            "description": "",
            "etag": "W/\"a18bdb98c930450b4df41bc474604bdbb03b0799f4c65cf116a2e9e335fee32e\"",
            "id": "docs:kind/breaking-change",
            "name": "kind/automation",
            "repository": "docs",
            "url": "https://api.github.com/repos/kubewarden/docs/labels/kind/breaking-change"
          },
          "sensitive_attributes": [],
          "private": "bnVsbA==",
          "dependencies": [
            "module.kubewarden_docs_repository.github_repository.main"
          ]
        },
        {
          "index_key": 3,
          "schema_version": 0,
          "attributes": {
            "color": "FCE94F",
            "description": "",
            "etag": "W/\"47fd1c903320f3bffdaca20a12ba7d197dfe0827ffae27e3aca354e7c4e3d5f4\"",
            "id": "docs:kind/bug",
            "name": "kind/breaking-change",
            "repository": "docs",
            "url": "https://api.github.com/repos/kubewarden/docs/labels/kind/bug"
          },
          "sensitive_attributes": [],
          "private": "bnVsbA==",
          "dependencies": [
            "module.kubewarden_docs_repository.github_repository.main"
          ]
        },
        {
          "index_key": 4,
          "schema_version": 0,
          "attributes": {
            "color": "EF2929",
            "description": "",
            "etag": "W/\"708eca6ad47b1b5542300e200710d4dac12b0bbbd416a7ad9462611ed8ca0c9b\"",
            "id": "docs:kind/chore",
            "name": "kind/bug",
            "repository": "docs",
            "url": "https://api.github.com/repos/kubewarden/docs/labels/kind/chore"
          },
          "sensitive_attributes": [],
          "private": "bnVsbA==",
          "dependencies": [
            "module.kubewarden_docs_repository.github_repository.main"
          ]
        },
        {
          "index_key": 5,
          "schema_version": 0,
          "attributes": {
            "color": "555753",
            "description": "",
            "etag": "W/\"b9bcffdcf0a6c14a4e006e47b2a19c148f2831ddb225c0e3708ea5dedd155db1\"",
            "id": "docs:kind/enhancement",
            "name": "kind/chore",
            "repository": "docs",
            "url": "https://api.github.com/repos/kubewarden/docs/labels/kind/enhancement"
          },
          "sensitive_attributes": [],
          "private": "bnVsbA==",
          "dependencies": [
            "module.kubewarden_docs_repository.github_repository.main"
          ]
        },
        {
          "index_key": 6,
          "schema_version": 0,
          "attributes": {
            "color": "06989A",
            "description": "",
            "etag": "W/\"4cf24cf362aaf30d706c1d92c4f7b25595b9065e32aa4742e7bbb2c06e5be598\"",
            "id": "docs:kind/feature",
            "name": "kind/enhancement",
            "repository": "docs",
            "url": "https://api.github.com/repos/kubewarden/docs/labels/kind/feature"
          },
          "sensitive_attributes": [],
          "private": "bnVsbA==",
          "dependencies": [
            "module.kubewarden_docs_repository.github_repository.main"
          ]
        },
        {
          "index_key": 7,
          "schema_version": 0,
          "attributes": {
            "color": "34E2E2",
            "description": "",
            "etag": "W/\"6e8809575fe79d48ad02bd9da7cda0145b962c6651d150b70fd69acab3b7caf5\"",
            "id": "docs:kind/question",
            "name": "kind/feature",
            "repository": "docs",
            "url": "https://api.github.com/repos/kubewarden/docs/labels/kind/question"
          },
          "sensitive_attributes": [],
          "private": "bnVsbA==",
          "dependencies": [
            "module.kubewarden_docs_repository.github_repository.main"
          ]
        },
        {
          "index_key": 8,
          "schema_version": 0,
          "attributes": {
            "color": "ad7fa8",
            "description": "",
            "etag": "W/\"83445270a49194c4353072d5d9cca4150a4f7f91c9c0f750c090c884adf86c21\"",
            "id": "docs:kind/tech-debt",
            "name": "kind/question",
            "repository": "docs",
            "url": "https://api.github.com/repos/kubewarden/docs/labels/kind/tech-debt"
          },
          "sensitive_attributes": [],
          "private": "bnVsbA==",
          "dependencies": [
            "module.kubewarden_docs_repository.github_repository.main"
          ]
        },
        {
          "index_key": 9,
          "schema_version": 0,
          "attributes": {
            "color": "729FCF",
            "description": "",
            "etag": "W/\"1776993fe462a7cc6681fe9d81062bfc365d5fe404af18901546b41efc00811d\"",
            "id": "docs:kind/to-be-refined",
            "name": "kind/tech-debt",
            "repository": "docs",
            "url": "https://api.github.com/repos/kubewarden/docs/labels/kind/to-be-refined"
          },
          "sensitive_attributes": [],
          "private": "bnVsbA==",
          "dependencies": [
            "module.kubewarden_docs_repository.github_repository.main"
          ]
        },
        {
          "index_key": 10,
          "schema_version": 0,
          "attributes": {
            "color": "B14FCF",
            "description": "",
            "etag": "W/\"01413689725ad49aa45d2986a61b1b2ad9acc34e2d82a7985669e0fe46bf567b\"",
            "id": "docs:release/major",
            "name": "kind/to-be-refined",
            "repository": "docs",
            "url": "https://api.github.com/repos/kubewarden/docs/labels/release/major"
          },
          "sensitive_attributes": [],
          "private": "bnVsbA==",
          "dependencies": [
            "module.kubewarden_docs_repository.github_repository.main"
          ]
        },
        {
          "index_key": 11,
          "schema_version": 0,
          "attributes": {
            "color": "8AE234",
            "description": "",
            "etag": "W/\"d03f6f20c88882888cc696b38be7cc50bfd928448fe92c31c320885abd5ec092\"",
            "id": "docs:release/patch",
            "name": "release/major",
            "repository": "docs",
            "url": "https://api.github.com/repos/kubewarden/docs/labels/release/patch"
          },
          "sensitive_attributes": [],
          "private": "bnVsbA==",
          "dependencies": [
            "module.kubewarden_docs_repository.github_repository.main"
          ]
        },
        {
          "index_key": 12,
          "schema_version": 0,
          "attributes": {
            "color": "4E9A06",
            "description": "",
            "etag": "W/\"1d6198e32fd8b4580cf648521b38bd9054abace64db3e1c9e06f9e4990d4401a\"",
            "id": "docs:release/minor",
            "name": "release/minor",
            "repository": "docs",
            "url": "https://api.github.com/repos/kubewarden/docs/labels/release/minor"
          },
          "sensitive_attributes": [],
          "private": "bnVsbA==",
          "dependencies": [
            "module.kubewarden_docs_repository.github_repository.main"
          ]
        },
        {
          "index_key": 13,
          "schema_version": 0,
          "attributes": {
            "color": "aa6600",
            "description": "",
            "etag": "W/\"3ee3a1c47dce61eeaafc030c38b785c0221ce67f13fa9b630585336b088a1d71\"",
            "id": "docs:release/skip-changelog",
            "name": "release/patch",
            "repository": "docs",
            "url": "https://api.github.com/repos/kubewarden/docs/labels/release/skip-changelog"
          },
          "sensitive_attributes": [],
          "private": "bnVsbA==",
          "dependencies": [
            "module.kubewarden_docs_repository.github_repository.main"
          ]
        },
        {
          "index_key": 14,
          "schema_version": 0,
          "attributes": {
            "color": "77cc00",
            "description": "",
            "etag": "W/\"1a096265d2bf4d05de8592c3eca530aaef1b7d891419e8931281974f9c59c9f0\"",
            "id": "docs:release/skip-changelog",
            "name": "release/skip-changelog",
            "repository": "docs",
            "url": "https://api.github.com/repos/kubewarden/docs/labels/release/skip-changelog"
          },
          "sensitive_attributes": [],
          "private": "bnVsbA==",
          "dependencies": [
            "module.kubewarden_docs_repository.github_repository.main"
          ]
        }
      ]
    },
    {
      "module": "module.kubewarden_docs_repository",
      "mode": "managed",
      "type": "github_repository",
      "name": "main",
      "provider": "provider[\"registry.terraform.io/integrations/github\"].kubewarden",
      "instances": [
        {
          "schema_version": 1,
          "attributes": {
            "allow_auto_merge": false,
            "allow_merge_commit": true,
            "allow_rebase_merge": true,
            "allow_squash_merge": true,
            "allow_update_branch": false,
            "archive_on_destroy": null,
            "archived": false,
            "auto_init": false,
            "default_branch": "main",
            "delete_branch_on_merge": false,
            "description": "Kubewarden's documentation",
            "etag": "W/\"61efda640b57ff93aefc20a2d2109ee40621053081f02ab7eaed48c0c7a9db92\"",
            "full_name": "kubewarden/docs",
            "git_clone_url": "git://github.com/kubewarden/docs.git",
            "gitignore_template": null,
            "has_discussions": false,
            "has_downloads": true,
            "has_issues": true,
            "has_projects": false,
            "has_wiki": true,
            "homepage_url": "https://docs.kubewarden.io",
            "html_url": "https://github.com/kubewarden/docs",
            "http_clone_url": "https://github.com/kubewarden/docs.git",
            "id": "docs",
            "ignore_vulnerability_alerts_during_read": null,
            "is_template": false,
            "license_template": null,
            "merge_commit_message": "PR_TITLE",
            "merge_commit_title": "MERGE_MESSAGE",
            "name": "docs",
            "node_id": "MDEwOlJlcG9zaXRvcnkzMTQyNjYyMzU=",
            "pages": [
              {
                "build_type": "legacy",
                "cname": "docs.kubewarden.io",
                "custom_404": true,
                "html_url": "https://docs.kubewarden.io/",
                "source": [
                  {
                    "branch": "gh-pages",
                    "path": "/"
                  }
                ],
                "status": "built",
                "url": "https://api.github.com/repos/kubewarden/docs/pages"
              }
            ],
            "primary_language": "MDX",
            "private": false,
            "repo_id": 314266235,
            "security_and_analysis": [
              {
                "advanced_security": [],
                "secret_scanning": [
                  {
                    "status": "enabled"
                  }
                ],
                "secret_scanning_push_protection": [
                  {
                    "status": "disabled"
                  }
                ]
              }
            ],
            "squash_merge_commit_message": "COMMIT_MESSAGES",
            "squash_merge_commit_title": "COMMIT_OR_PR_TITLE",
            "ssh_clone_url": "git@github.com:kubewarden/docs.git",
            "svn_url": "https://github.com/kubewarden/docs",
            "template": [],
            "topics": [
              "hacktoberfest",
              "kubernetes",
              "kubernetes-security",
              "policy-as-code",
              "webassembly"
            ],
            "visibility": "public",
            "vulnerability_alerts": true,
            "web_commit_signoff_required": true
          },
          "sensitive_attributes": [],
          "private": "eyJzY2hlbWFfdmVyc2lvbiI6IjEifQ=="
        }
      ]
    },
    {
      "module": "module.kubewarden_docs_repository",
      "mode": "managed",
      "type": "github_team_repository",
      "name": "gh_team_push_rights",
      "provider": "provider[\"registry.terraform.io/integrations/github\"].kubewarden",
      "instances": [
        {
          "index_key": 0,
          "schema_version": 0,
          "attributes": {
            "etag": "W/\"1e9da9104ecf921b0cdff5144482352a9c3eeffa1c3074bcdc26ac57332484bd\"",
            "id": "4972867:docs",
            "permission": "push",
            "repository": "docs",
            "team_id": "4972867"
          },
          "sensitive_attributes": [],
          "private": "bnVsbA==",
          "dependencies": [
            "data.github_team.kubewarden_developers",
            "data.github_team.kubewarden_documentation",
            "module.kubewarden_docs_repository.github_repository.main"
          ]
        },
        {
          "index_key": 1,
          "schema_version": 0,
          "attributes": {
            "etag": "W/\"1e9da9104ecf921b0cdff5144482352a9c3eeffa1c3074bcdc26ac57332484bd\"",
            "id": "5417591:docs",
            "permission": "push",
            "repository": "docs",
            "team_id": "5417591"
          },
          "sensitive_attributes": [],
          "private": "bnVsbA==",
          "dependencies": [
            "data.github_team.kubewarden_developers",
            "data.github_team.kubewarden_documentation",
            "module.kubewarden_docs_repository.github_repository.main"
          ]
        }
      ]
    },
    {
      "module": "module.kubewarden_end_to_end_tests_repository",
      "mode": "managed",
      "type": "github_app_installation_repository",
      "name": "app_dco",
      "provider": "provider[\"registry.terraform.io/integrations/github\"].kubewarden",
      "instances": [
        {
          "schema_version": 0,
          "attributes": {
            "id": "29141080:kubewarden-end-to-end-tests",
            "installation_id": "29141080",
            "repo_id": 433841310,
            "repository": "kubewarden-end-to-end-tests"
          },
          "sensitive_attributes": [],
          "private": "bnVsbA==",
          "dependencies": [
            "module.kubewarden_end_to_end_tests_repository.github_repository.main"
          ]
        }
      ]
    },
    {
      "module": "module.kubewarden_end_to_end_tests_repository",
      "mode": "managed",
      "type": "github_issue_label",
      "name": "label",
      "provider": "provider[\"registry.terraform.io/integrations/github\"].kubewarden",
      "instances": [
        {
          "index_key": 0,
          "schema_version": 0,
          "attributes": {
            "color": "D3D7CF",
            "description": "",
            "etag": "W/\"57b4c03135a3a8a906273b03bf5518df4f6746d9f9d9829d5c26074efc1cb56f\"",
            "id": "kubewarden-end-to-end-tests:area/dependencies",
            "name": "area/dependencies",
            "repository": "kubewarden-end-to-end-tests",
            "url": "https://api.github.com/repos/kubewarden/kubewarden-end-to-end-tests/labels/area/dependencies"
          },
          "sensitive_attributes": [],
          "private": "bnVsbA==",
          "dependencies": [
            "module.kubewarden_end_to_end_tests_repository.github_repository.main"
          ]
        },
        {
          "index_key": 1,
          "schema_version": 0,
          "attributes": {
            "color": "7057ff",
            "description": "",
            "etag": "W/\"9e1d2868422cc088cfb91888e456f875b5f14ebd125cd5a62e9f384388972b35\"",
            "id": "kubewarden-end-to-end-tests:kind/automation",
            "name": "good first issue",
            "repository": "kubewarden-end-to-end-tests",
            "url": "https://api.github.com/repos/kubewarden/kubewarden-end-to-end-tests/labels/kind/automation"
          },
          "sensitive_attributes": [],
          "private": "bnVsbA==",
          "dependencies": [
            "module.kubewarden_end_to_end_tests_repository.github_repository.main"
          ]
        },
        {
          "index_key": 2,
          "schema_version": 0,
          "attributes": {
            "color": "3465A4",
            "description": "",
            "etag": "W/\"b24078da9c4e19508b35a1fb0037d0c41820fd32cc35bd2d9896ab4897ca0583\"",
            "id": "kubewarden-end-to-end-tests:kind/breaking-change",
            "name": "kind/automation",
            "repository": "kubewarden-end-to-end-tests",
            "url": "https://api.github.com/repos/kubewarden/kubewarden-end-to-end-tests/labels/kind/breaking-change"
          },
          "sensitive_attributes": [],
          "private": "bnVsbA==",
          "dependencies": [
            "module.kubewarden_end_to_end_tests_repository.github_repository.main"
          ]
        },
        {
          "index_key": 3,
          "schema_version": 0,
          "attributes": {
            "color": "FCE94F",
            "description": "",
            "etag": "W/\"3a1d2d5cc3a446e9f6be7870915aed4dc8d162c2980f948bea9abb09320f7d97\"",
            "id": "kubewarden-end-to-end-tests:kind/bug",
            "name": "kind/breaking-change",
            "repository": "kubewarden-end-to-end-tests",
            "url": "https://api.github.com/repos/kubewarden/kubewarden-end-to-end-tests/labels/kind/bug"
          },
          "sensitive_attributes": [],
          "private": "bnVsbA==",
          "dependencies": [
            "module.kubewarden_end_to_end_tests_repository.github_repository.main"
          ]
        },
        {
          "index_key": 4,
          "schema_version": 0,
          "attributes": {
            "color": "EF2929",
            "description": "",
            "etag": "W/\"9c628133c17832f26e0e59e8ad7201b1daf0e74b860d05dba12c383826d4a4b4\"",
            "id": "kubewarden-end-to-end-tests:kind/chore",
            "name": "kind/bug",
            "repository": "kubewarden-end-to-end-tests",
            "url": "https://api.github.com/repos/kubewarden/kubewarden-end-to-end-tests/labels/kind/chore"
          },
          "sensitive_attributes": [],
          "private": "bnVsbA==",
          "dependencies": [
            "module.kubewarden_end_to_end_tests_repository.github_repository.main"
          ]
        },
        {
          "index_key": 5,
          "schema_version": 0,
          "attributes": {
            "color": "555753",
            "description": "",
            "etag": "W/\"6b827bd79955b0aaa96c1aa19e0a37cd3790ce52fa6e4a875e2c536da72cf764\"",
            "id": "kubewarden-end-to-end-tests:kind/enhancement",
            "name": "kind/chore",
            "repository": "kubewarden-end-to-end-tests",
            "url": "https://api.github.com/repos/kubewarden/kubewarden-end-to-end-tests/labels/kind/enhancement"
          },
          "sensitive_attributes": [],
          "private": "bnVsbA==",
          "dependencies": [
            "module.kubewarden_end_to_end_tests_repository.github_repository.main"
          ]
        },
        {
          "index_key": 6,
          "schema_version": 0,
          "attributes": {
            "color": "06989A",
            "description": "",
            "etag": "W/\"0892d5ddfcdd2d229bd498d4e5898c949c12d95ab130019a35a2bfef01b7978c\"",
            "id": "kubewarden-end-to-end-tests:kind/feature",
            "name": "kind/enhancement",
            "repository": "kubewarden-end-to-end-tests",
            "url": "https://api.github.com/repos/kubewarden/kubewarden-end-to-end-tests/labels/kind/feature"
          },
          "sensitive_attributes": [],
          "private": "bnVsbA==",
          "dependencies": [
            "module.kubewarden_end_to_end_tests_repository.github_repository.main"
          ]
        },
        {
          "index_key": 7,
          "schema_version": 0,
          "attributes": {
            "color": "34E2E2",
            "description": "",
            "etag": "W/\"68b9d6cc90a8d7d7df9cd05f35525c7447ce4cd348caa2254c5324827911a3a8\"",
            "id": "kubewarden-end-to-end-tests:kind/question",
            "name": "kind/feature",
            "repository": "kubewarden-end-to-end-tests",
            "url": "https://api.github.com/repos/kubewarden/kubewarden-end-to-end-tests/labels/kind/question"
          },
          "sensitive_attributes": [],
          "private": "bnVsbA==",
          "dependencies": [
            "module.kubewarden_end_to_end_tests_repository.github_repository.main"
          ]
        },
        {
          "index_key": 8,
          "schema_version": 0,
          "attributes": {
            "color": "ad7fa8",
            "description": "",
            "etag": "W/\"d517da6ecb5cdb65b6a878ebe1757caa4bc905dc596603b58b626006b46a30cb\"",
            "id": "kubewarden-end-to-end-tests:kind/tech-debt",
            "name": "kind/question",
            "repository": "kubewarden-end-to-end-tests",
            "url": "https://api.github.com/repos/kubewarden/kubewarden-end-to-end-tests/labels/kind/tech-debt"
          },
          "sensitive_attributes": [],
          "private": "bnVsbA==",
          "dependencies": [
            "module.kubewarden_end_to_end_tests_repository.github_repository.main"
          ]
        },
        {
          "index_key": 9,
          "schema_version": 0,
          "attributes": {
            "color": "729FCF",
            "description": "",
            "etag": "W/\"8caed572597a9aaa66d15a617f1ff9d42766f306a053bd21dcaa10a214a70492\"",
            "id": "kubewarden-end-to-end-tests:kind/to-be-refined",
            "name": "kind/tech-debt",
            "repository": "kubewarden-end-to-end-tests",
            "url": "https://api.github.com/repos/kubewarden/kubewarden-end-to-end-tests/labels/kind/to-be-refined"
          },
          "sensitive_attributes": [],
          "private": "bnVsbA==",
          "dependencies": [
            "module.kubewarden_end_to_end_tests_repository.github_repository.main"
          ]
        },
        {
          "index_key": 10,
          "schema_version": 0,
          "attributes": {
            "color": "B14FCF",
            "description": "",
            "etag": "W/\"2796be2bb067e7c5989d03f05b967589d75a1e10cf909deea49b127150927c32\"",
            "id": "kubewarden-end-to-end-tests:release/minor",
            "name": "kind/to-be-refined",
            "repository": "kubewarden-end-to-end-tests",
            "url": "https://api.github.com/repos/kubewarden/kubewarden-end-to-end-tests/labels/release/minor"
          },
          "sensitive_attributes": [],
          "private": "bnVsbA==",
          "dependencies": [
            "module.kubewarden_end_to_end_tests_repository.github_repository.main"
          ]
        },
        {
          "index_key": 11,
          "schema_version": 0,
          "attributes": {
            "color": "8AE234",
            "description": "",
            "etag": "W/\"e2282e8eafa1d6f51f06054b58df30ffe761b15351b83b98d0043e8eb7acf5cc\"",
            "id": "kubewarden-end-to-end-tests:release/major",
            "name": "release/major",
            "repository": "kubewarden-end-to-end-tests",
            "url": "https://api.github.com/repos/kubewarden/kubewarden-end-to-end-tests/labels/release/major"
          },
          "sensitive_attributes": [],
          "private": "bnVsbA==",
          "dependencies": [
            "module.kubewarden_end_to_end_tests_repository.github_repository.main"
          ]
        },
        {
          "index_key": 12,
          "schema_version": 0,
          "attributes": {
            "color": "4E9A06",
            "description": "",
            "etag": "W/\"4f13ef019f923e59d11de718b3298f3b0d2b8257ca55ebbb3fb9cd72210ad6c7\"",
            "id": "kubewarden-end-to-end-tests:release/skip-changelog",
            "name": "release/minor",
            "repository": "kubewarden-end-to-end-tests",
            "url": "https://api.github.com/repos/kubewarden/kubewarden-end-to-end-tests/labels/release/skip-changelog"
          },
          "sensitive_attributes": [],
          "private": "bnVsbA==",
          "dependencies": [
            "module.kubewarden_end_to_end_tests_repository.github_repository.main"
          ]
        },
        {
          "index_key": 13,
          "schema_version": 0,
          "attributes": {
            "color": "aa6600",
            "description": "",
            "etag": "W/\"4f13ef019f923e59d11de718b3298f3b0d2b8257ca55ebbb3fb9cd72210ad6c7\"",
            "id": "kubewarden-end-to-end-tests:release/skip-changelog",
            "name": "release/patch",
            "repository": "kubewarden-end-to-end-tests",
            "url": "https://api.github.com/repos/kubewarden/kubewarden-end-to-end-tests/labels/release/skip-changelog"
          },
          "sensitive_attributes": [],
          "private": "bnVsbA==",
          "dependencies": [
            "module.kubewarden_end_to_end_tests_repository.github_repository.main"
          ]
        },
        {
          "index_key": 14,
          "schema_version": 0,
          "attributes": {
            "color": "77cc00",
            "description": "",
            "etag": "W/\"4f13ef019f923e59d11de718b3298f3b0d2b8257ca55ebbb3fb9cd72210ad6c7\"",
            "id": "kubewarden-end-to-end-tests:release/skip-changelog",
            "name": "release/skip-changelog",
            "repository": "kubewarden-end-to-end-tests",
            "url": "https://api.github.com/repos/kubewarden/kubewarden-end-to-end-tests/labels/release/skip-changelog"
          },
          "sensitive_attributes": [],
          "private": "bnVsbA==",
          "dependencies": [
            "module.kubewarden_end_to_end_tests_repository.github_repository.main"
          ]
        }
      ]
    },
    {
      "module": "module.kubewarden_end_to_end_tests_repository",
      "mode": "managed",
      "type": "github_repository",
      "name": "main",
      "provider": "provider[\"registry.terraform.io/integrations/github\"].kubewarden",
      "instances": [
        {
          "schema_version": 1,
          "attributes": {
            "allow_auto_merge": false,
            "allow_merge_commit": true,
            "allow_rebase_merge": true,
            "allow_squash_merge": true,
            "allow_update_branch": false,
            "archive_on_destroy": null,
            "archived": false,
            "auto_init": null,
            "default_branch": "main",
            "delete_branch_on_merge": false,
            "description": "Files used to run Kubewarden end-to-end tests",
            "etag": "W/\"197afaf358bb1d550ad579a0950552338a3912418accccc704bfea6aebcb256e\"",
            "full_name": "kubewarden/kubewarden-end-to-end-tests",
            "git_clone_url": "git://github.com/kubewarden/kubewarden-end-to-end-tests.git",
            "gitignore_template": null,
            "has_discussions": false,
            "has_downloads": true,
            "has_issues": true,
            "has_projects": false,
            "has_wiki": true,
            "homepage_url": "https://kubewarden.io",
            "html_url": "https://github.com/kubewarden/kubewarden-end-to-end-tests",
            "http_clone_url": "https://github.com/kubewarden/kubewarden-end-to-end-tests.git",
            "id": "kubewarden-end-to-end-tests",
            "ignore_vulnerability_alerts_during_read": null,
            "is_template": false,
            "license_template": null,
            "merge_commit_message": "PR_TITLE",
            "merge_commit_title": "MERGE_MESSAGE",
            "name": "kubewarden-end-to-end-tests",
            "node_id": "R_kgDOGdvkng",
            "pages": [],
            "primary_language": "Shell",
            "private": false,
            "repo_id": 433841310,
            "security_and_analysis": [
              {
                "advanced_security": [],
                "secret_scanning": [
                  {
                    "status": "enabled"
                  }
                ],
                "secret_scanning_push_protection": [
                  {
                    "status": "disabled"
                  }
                ]
              }
            ],
            "squash_merge_commit_message": "COMMIT_MESSAGES",
            "squash_merge_commit_title": "COMMIT_OR_PR_TITLE",
            "ssh_clone_url": "git@github.com:kubewarden/kubewarden-end-to-end-tests.git",
            "svn_url": "https://github.com/kubewarden/kubewarden-end-to-end-tests",
            "template": [],
            "topics": [
              "hacktoberfest",
              "kubernetes",
              "kubernetes-security",
              "policy-as-code",
              "webassembly"
            ],
            "visibility": "public",
            "vulnerability_alerts": true,
            "web_commit_signoff_required": true
          },
          "sensitive_attributes": [],
          "private": "eyJzY2hlbWFfdmVyc2lvbiI6IjEifQ=="
        }
      ]
    },
    {
      "module": "module.kubewarden_end_to_end_tests_repository",
      "mode": "managed",
      "type": "github_team_repository",
      "name": "gh_team_push_rights",
      "provider": "provider[\"registry.terraform.io/integrations/github\"].kubewarden",
      "instances": [
        {
          "index_key": 0,
          "schema_version": 0,
          "attributes": {
            "etag": "W/\"93cca8116b95e6e9296dd7bf0ce704c1996d0aca032ff461dfca3ae985f1d7ed\"",
            "id": "4972867:kubewarden-end-to-end-tests",
            "permission": "push",
            "repository": "kubewarden-end-to-end-tests",
            "team_id": "4972867"
          },
          "sensitive_attributes": [],
          "private": "bnVsbA==",
          "dependencies": [
            "data.github_team.kubewarden_developers",
            "module.kubewarden_end_to_end_tests_repository.github_repository.main"
          ]
        }
      ]
    },
    {
      "module": "module.kubewarden_fleet_example_repository",
      "mode": "managed",
      "type": "github_app_installation_repository",
      "name": "app_dco",
      "provider": "provider[\"registry.terraform.io/integrations/github\"].kubewarden",
      "instances": [
        {
          "schema_version": 0,
          "attributes": {
            "id": "29141080:fleet-example",
            "installation_id": "29141080",
            "repo_id": 587342877,
            "repository": "fleet-example"
          },
          "sensitive_attributes": [],
          "private": "bnVsbA==",
          "dependencies": [
            "module.kubewarden_fleet_example_repository.github_repository.main"
          ]
        }
      ]
    },
    {
      "module": "module.kubewarden_fleet_example_repository",
      "mode": "managed",
      "type": "github_issue_label",
      "name": "label",
      "provider": "provider[\"registry.terraform.io/integrations/github\"].kubewarden",
      "instances": [
        {
          "index_key": 0,
          "schema_version": 0,
          "attributes": {
            "color": "D3D7CF",
            "description": "",
            "etag": "W/\"d1f7dbf3491bf297b1fdb7369b1172e719098148ee8ebad24bb938f7f27220ec\"",
            "id": "fleet-example:area/dependencies",
            "name": "area/dependencies",
            "repository": "fleet-example",
            "url": "https://api.github.com/repos/kubewarden/fleet-example/labels/area/dependencies"
          },
          "sensitive_attributes": [],
          "private": "bnVsbA==",
          "dependencies": [
            "module.kubewarden_fleet_example_repository.github_repository.main"
          ]
        },
        {
          "index_key": 1,
          "schema_version": 0,
          "attributes": {
            "color": "7057ff",
            "description": "",
            "etag": "W/\"924480b0e8cb002d169cfba24805aadde7dc51b8d6d5dba1a8ad35ed9880ca9c\"",
            "id": "fleet-example:kind/automation",
            "name": "good first issue",
            "repository": "fleet-example",
            "url": "https://api.github.com/repos/kubewarden/fleet-example/labels/kind/automation"
          },
          "sensitive_attributes": [],
          "private": "bnVsbA==",
          "dependencies": [
            "module.kubewarden_fleet_example_repository.github_repository.main"
          ]
        },
        {
          "index_key": 2,
          "schema_version": 0,
          "attributes": {
            "color": "3465A4",
            "description": "",
            "etag": "W/\"240e0a7f5b337e7e4365b1b873003fb3fb3b8716ad69167cd44a4d2244d86a9f\"",
            "id": "fleet-example:kind/breaking-change",
            "name": "kind/automation",
            "repository": "fleet-example",
            "url": "https://api.github.com/repos/kubewarden/fleet-example/labels/kind/breaking-change"
          },
          "sensitive_attributes": [],
          "private": "bnVsbA==",
          "dependencies": [
            "module.kubewarden_fleet_example_repository.github_repository.main"
          ]
        },
        {
          "index_key": 3,
          "schema_version": 0,
          "attributes": {
            "color": "FCE94F",
            "description": "",
            "etag": "W/\"7aa12ad711e19c60abbc8d36c18ca0a59f7089eaabb2152354f13be8d89619ad\"",
            "id": "fleet-example:kind/bug",
            "name": "kind/breaking-change",
            "repository": "fleet-example",
            "url": "https://api.github.com/repos/kubewarden/fleet-example/labels/kind/bug"
          },
          "sensitive_attributes": [],
          "private": "bnVsbA==",
          "dependencies": [
            "module.kubewarden_fleet_example_repository.github_repository.main"
          ]
        },
        {
          "index_key": 4,
          "schema_version": 0,
          "attributes": {
            "color": "EF2929",
            "description": "",
            "etag": "W/\"e57174d966b56b27e00b7837818263d6ebdc7ffa326663b1749e22acd08aae0f\"",
            "id": "fleet-example:kind/chore",
            "name": "kind/bug",
            "repository": "fleet-example",
            "url": "https://api.github.com/repos/kubewarden/fleet-example/labels/kind/chore"
          },
          "sensitive_attributes": [],
          "private": "bnVsbA==",
          "dependencies": [
            "module.kubewarden_fleet_example_repository.github_repository.main"
          ]
        },
        {
          "index_key": 5,
          "schema_version": 0,
          "attributes": {
            "color": "555753",
            "description": "",
            "etag": "W/\"165d6ee4b16fee2ecc4c4ecf0157a2c7cda4482261b1114bae643e14dd302964\"",
            "id": "fleet-example:kind/enhancement",
            "name": "kind/chore",
            "repository": "fleet-example",
            "url": "https://api.github.com/repos/kubewarden/fleet-example/labels/kind/enhancement"
          },
          "sensitive_attributes": [],
          "private": "bnVsbA==",
          "dependencies": [
            "module.kubewarden_fleet_example_repository.github_repository.main"
          ]
        },
        {
          "index_key": 6,
          "schema_version": 0,
          "attributes": {
            "color": "06989A",
            "description": "",
            "etag": "W/\"62802a5ce61e9a93de4c841003d886ee32cd2591dd71846a3be926d974ee2bf5\"",
            "id": "fleet-example:kind/feature",
            "name": "kind/enhancement",
            "repository": "fleet-example",
            "url": "https://api.github.com/repos/kubewarden/fleet-example/labels/kind/feature"
          },
          "sensitive_attributes": [],
          "private": "bnVsbA==",
          "dependencies": [
            "module.kubewarden_fleet_example_repository.github_repository.main"
          ]
        },
        {
          "index_key": 7,
          "schema_version": 0,
          "attributes": {
            "color": "34E2E2",
            "description": "",
            "etag": "W/\"ee4d9b84973eaba667356cbb29904e4249d4c49b511d4f2b41a7212d9f02d2bc\"",
            "id": "fleet-example:kind/question",
            "name": "kind/feature",
            "repository": "fleet-example",
            "url": "https://api.github.com/repos/kubewarden/fleet-example/labels/kind/question"
          },
          "sensitive_attributes": [],
          "private": "bnVsbA==",
          "dependencies": [
            "module.kubewarden_fleet_example_repository.github_repository.main"
          ]
        },
        {
          "index_key": 8,
          "schema_version": 0,
          "attributes": {
            "color": "ad7fa8",
            "description": "",
            "etag": "W/\"52a52dfeb5639255210aa2a9342037cca3e78e604ba4d2998b1adab1130b8892\"",
            "id": "fleet-example:kind/tech-debt",
            "name": "kind/question",
            "repository": "fleet-example",
            "url": "https://api.github.com/repos/kubewarden/fleet-example/labels/kind/tech-debt"
          },
          "sensitive_attributes": [],
          "private": "bnVsbA==",
          "dependencies": [
            "module.kubewarden_fleet_example_repository.github_repository.main"
          ]
        },
        {
          "index_key": 9,
          "schema_version": 0,
          "attributes": {
            "color": "729FCF",
            "description": "",
            "etag": "W/\"488535b45f9867937121efa908d3d5ce92e5096ebde6a7748a6c321208175a38\"",
            "id": "fleet-example:kind/to-be-refined",
            "name": "kind/tech-debt",
            "repository": "fleet-example",
            "url": "https://api.github.com/repos/kubewarden/fleet-example/labels/kind/to-be-refined"
          },
          "sensitive_attributes": [],
          "private": "bnVsbA==",
          "dependencies": [
            "module.kubewarden_fleet_example_repository.github_repository.main"
          ]
        },
        {
          "index_key": 10,
          "schema_version": 0,
          "attributes": {
            "color": "B14FCF",
            "description": "",
            "etag": "W/\"f70bfb80a076bb8ac271793a6779a46516edb79cb963e90659d9ef87dd2a8908\"",
            "id": "fleet-example:release/major",
            "name": "kind/to-be-refined",
            "repository": "fleet-example",
            "url": "https://api.github.com/repos/kubewarden/fleet-example/labels/release/major"
          },
          "sensitive_attributes": [],
          "private": "bnVsbA==",
          "dependencies": [
            "module.kubewarden_fleet_example_repository.github_repository.main"
          ]
        },
        {
          "index_key": 11,
          "schema_version": 0,
          "attributes": {
            "color": "8AE234",
            "description": "",
            "etag": "W/\"f8c761d7aab3df10eb91a07c44dcb408588c4e7efd1099dab081f5ac4a07b7dd\"",
            "id": "fleet-example:release/patch",
            "name": "release/major",
            "repository": "fleet-example",
            "url": "https://api.github.com/repos/kubewarden/fleet-example/labels/release/patch"
          },
          "sensitive_attributes": [],
          "private": "bnVsbA==",
          "dependencies": [
            "module.kubewarden_fleet_example_repository.github_repository.main"
          ]
        },
        {
          "index_key": 12,
          "schema_version": 0,
          "attributes": {
            "color": "4E9A06",
            "description": "",
            "etag": "W/\"ecd7c10d411973aa88e33ab7a548fe7039ae6373173275fb4056d5832c3bbf6c\"",
            "id": "fleet-example:release/minor",
            "name": "release/minor",
            "repository": "fleet-example",
            "url": "https://api.github.com/repos/kubewarden/fleet-example/labels/release/minor"
          },
          "sensitive_attributes": [],
          "private": "bnVsbA==",
          "dependencies": [
            "module.kubewarden_fleet_example_repository.github_repository.main"
          ]
        },
        {
          "index_key": 13,
          "schema_version": 0,
          "attributes": {
            "color": "aa6600",
            "description": "",
            "etag": "W/\"837873efad1cde4926308f3bcb906ef7e24ce54066a4448547e101f49a6f80b6\"",
            "id": "fleet-example:release/skip-changelog",
            "name": "release/patch",
            "repository": "fleet-example",
            "url": "https://api.github.com/repos/kubewarden/fleet-example/labels/release/skip-changelog"
          },
          "sensitive_attributes": [],
          "private": "bnVsbA==",
          "dependencies": [
            "module.kubewarden_fleet_example_repository.github_repository.main"
          ]
        },
        {
          "index_key": 14,
          "schema_version": 0,
          "attributes": {
            "color": "77cc00",
            "description": "",
            "etag": "W/\"e96909a882a5de155bd0cd5729bbaadc900d0e368811ff9e6931647ac11b1edf\"",
            "id": "fleet-example:release/skip-changelog",
            "name": "release/skip-changelog",
            "repository": "fleet-example",
            "url": "https://api.github.com/repos/kubewarden/fleet-example/labels/release/skip-changelog"
          },
          "sensitive_attributes": [],
          "private": "bnVsbA==",
          "dependencies": [
            "module.kubewarden_fleet_example_repository.github_repository.main"
          ]
        }
      ]
    },
    {
      "module": "module.kubewarden_fleet_example_repository",
      "mode": "managed",
      "type": "github_repository",
      "name": "main",
      "provider": "provider[\"registry.terraform.io/integrations/github\"].kubewarden",
      "instances": [
        {
          "schema_version": 1,
          "attributes": {
            "allow_auto_merge": false,
            "allow_merge_commit": true,
            "allow_rebase_merge": true,
            "allow_squash_merge": true,
            "allow_update_branch": false,
            "archive_on_destroy": null,
            "archived": false,
            "auto_init": false,
            "default_branch": "main",
            "delete_branch_on_merge": false,
            "description": "Example of Rancher Fleet bundle for Kubewarden",
            "etag": "W/\"3ffdac756216cc7691e7cc7331a1678d97c0e2eaef5536ffd5488af73d421a5e\"",
            "full_name": "kubewarden/fleet-example",
            "git_clone_url": "git://github.com/kubewarden/fleet-example.git",
            "gitignore_template": null,
            "has_discussions": false,
            "has_downloads": true,
            "has_issues": true,
            "has_projects": false,
            "has_wiki": true,
            "homepage_url": "https://github.com/kubewarden/",
            "html_url": "https://github.com/kubewarden/fleet-example",
            "http_clone_url": "https://github.com/kubewarden/fleet-example.git",
            "id": "fleet-example",
            "ignore_vulnerability_alerts_during_read": null,
            "is_template": false,
            "license_template": null,
            "merge_commit_message": "PR_TITLE",
            "merge_commit_title": "MERGE_MESSAGE",
            "name": "fleet-example",
            "node_id": "R_kgDOIwIkHQ",
            "pages": [],
            "primary_language": "",
            "private": false,
            "repo_id": 587342877,
            "security_and_analysis": [
              {
                "advanced_security": [],
                "secret_scanning": [
                  {
                    "status": "enabled"
                  }
                ],
                "secret_scanning_push_protection": [
                  {
                    "status": "disabled"
                  }
                ]
              }
            ],
            "squash_merge_commit_message": "COMMIT_MESSAGES",
            "squash_merge_commit_title": "COMMIT_OR_PR_TITLE",
            "ssh_clone_url": "git@github.com:kubewarden/fleet-example.git",
            "svn_url": "https://github.com/kubewarden/fleet-example",
            "template": [],
            "topics": [
              "hacktoberfest",
              "kubernetes",
              "kubernetes-security",
              "policy-as-code",
              "webassembly"
            ],
            "visibility": "public",
            "vulnerability_alerts": true,
            "web_commit_signoff_required": true
          },
          "sensitive_attributes": [],
          "private": "eyJzY2hlbWFfdmVyc2lvbiI6IjEifQ=="
        }
      ]
    },
    {
      "module": "module.kubewarden_fleet_example_repository",
      "mode": "managed",
      "type": "github_team_repository",
      "name": "gh_team_push_rights",
      "provider": "provider[\"registry.terraform.io/integrations/github\"].kubewarden",
      "instances": [
        {
          "index_key": 0,
          "schema_version": 0,
          "attributes": {
            "etag": "W/\"ac61bd15d869b03fa9c5d8d2e3b53d707686d4711764088343a35bd39b9c77b4\"",
            "id": "4972867:fleet-example",
            "permission": "push",
            "repository": "fleet-example",
            "team_id": "4972867"
          },
          "sensitive_attributes": [],
          "private": "bnVsbA==",
          "dependencies": [
            "data.github_team.kubewarden_developers",
            "module.kubewarden_fleet_example_repository.github_repository.main"
          ]
        }
      ]
    },
    {
      "module": "module.kubewarden_github_actions_repository",
      "mode": "managed",
      "type": "github_app_installation_repository",
      "name": "app_dco",
      "provider": "provider[\"registry.terraform.io/integrations/github\"].kubewarden",
      "instances": [
        {
          "schema_version": 0,
          "attributes": {
            "id": "29141080:github-actions",
            "installation_id": "29141080",
            "repo_id": 450109365,
            "repository": "github-actions"
          },
          "sensitive_attributes": [],
          "private": "bnVsbA==",
          "dependencies": [
            "module.kubewarden_github_actions_repository.github_repository.main"
          ]
        }
      ]
    },
    {
      "module": "module.kubewarden_github_actions_repository",
      "mode": "managed",
      "type": "github_issue_label",
      "name": "label",
      "provider": "provider[\"registry.terraform.io/integrations/github\"].kubewarden",
      "instances": [
        {
          "index_key": 0,
          "schema_version": 0,
          "attributes": {
            "color": "D3D7CF",
            "description": "",
            "etag": "W/\"d83acf87a17e5e601b70d4d466f969c4a16eee1e102a14ea5d0095cce9fe149f\"",
            "id": "github-actions:area/dependencies",
            "name": "area/dependencies",
            "repository": "github-actions",
            "url": "https://api.github.com/repos/kubewarden/github-actions/labels/area/dependencies"
          },
          "sensitive_attributes": [],
          "private": "bnVsbA==",
          "dependencies": [
            "module.kubewarden_github_actions_repository.github_repository.main"
          ]
        },
        {
          "index_key": 1,
          "schema_version": 0,
          "attributes": {
            "color": "7057ff",
            "description": "",
            "etag": "W/\"972f4f768caab77e1e06fb54676575a546a45b687c2a80ef42dbc77ad7efa8f4\"",
            "id": "github-actions:kind/automation",
            "name": "good first issue",
            "repository": "github-actions",
            "url": "https://api.github.com/repos/kubewarden/github-actions/labels/kind/automation"
          },
          "sensitive_attributes": [],
          "private": "bnVsbA==",
          "dependencies": [
            "module.kubewarden_github_actions_repository.github_repository.main"
          ]
        },
        {
          "index_key": 2,
          "schema_version": 0,
          "attributes": {
            "color": "3465A4",
            "description": "",
            "etag": "W/\"bcd0c83ed172413094c368269638c8aaeba589775dda704137a1028083bf569e\"",
            "id": "github-actions:kind/breaking-change",
            "name": "kind/automation",
            "repository": "github-actions",
            "url": "https://api.github.com/repos/kubewarden/github-actions/labels/kind/breaking-change"
          },
          "sensitive_attributes": [],
          "private": "bnVsbA==",
          "dependencies": [
            "module.kubewarden_github_actions_repository.github_repository.main"
          ]
        },
        {
          "index_key": 3,
          "schema_version": 0,
          "attributes": {
            "color": "FCE94F",
            "description": "",
            "etag": "W/\"6ce8bcad33a7d84103e69c55209e787126279b60c3900b07603e076e2b4ce33b\"",
            "id": "github-actions:kind/bug",
            "name": "kind/breaking-change",
            "repository": "github-actions",
            "url": "https://api.github.com/repos/kubewarden/github-actions/labels/kind/bug"
          },
          "sensitive_attributes": [],
          "private": "bnVsbA==",
          "dependencies": [
            "module.kubewarden_github_actions_repository.github_repository.main"
          ]
        },
        {
          "index_key": 4,
          "schema_version": 0,
          "attributes": {
            "color": "EF2929",
            "description": "",
            "etag": "W/\"229d8adbca0ec8d6a13da6d92a3808b5ee27f31db35849815f357801a10a8ce9\"",
            "id": "github-actions:kind/chore",
            "name": "kind/bug",
            "repository": "github-actions",
            "url": "https://api.github.com/repos/kubewarden/github-actions/labels/kind/chore"
          },
          "sensitive_attributes": [],
          "private": "bnVsbA==",
          "dependencies": [
            "module.kubewarden_github_actions_repository.github_repository.main"
          ]
        },
        {
          "index_key": 5,
          "schema_version": 0,
          "attributes": {
            "color": "555753",
            "description": "",
            "etag": "W/\"0842fd826ecaa196d9380fd533a948c616f00fc2abac80487097d1ed58262e7c\"",
            "id": "github-actions:kind/enhancement",
            "name": "kind/chore",
            "repository": "github-actions",
            "url": "https://api.github.com/repos/kubewarden/github-actions/labels/kind/enhancement"
          },
          "sensitive_attributes": [],
          "private": "bnVsbA==",
          "dependencies": [
            "module.kubewarden_github_actions_repository.github_repository.main"
          ]
        },
        {
          "index_key": 6,
          "schema_version": 0,
          "attributes": {
            "color": "06989A",
            "description": "",
            "etag": "W/\"b9c9fb153b858f75f5195c2b2fd6ac9728555a67ed25c2a93ed3c2b48d622cfa\"",
            "id": "github-actions:kind/feature",
            "name": "kind/enhancement",
            "repository": "github-actions",
            "url": "https://api.github.com/repos/kubewarden/github-actions/labels/kind/feature"
          },
          "sensitive_attributes": [],
          "private": "bnVsbA==",
          "dependencies": [
            "module.kubewarden_github_actions_repository.github_repository.main"
          ]
        },
        {
          "index_key": 7,
          "schema_version": 0,
          "attributes": {
            "color": "34E2E2",
            "description": "",
            "etag": "W/\"57f8441b61e01d519f4b724ade68b830c0477d1538fb7c855c395aaa5fe8b83c\"",
            "id": "github-actions:kind/question",
            "name": "kind/feature",
            "repository": "github-actions",
            "url": "https://api.github.com/repos/kubewarden/github-actions/labels/kind/question"
          },
          "sensitive_attributes": [],
          "private": "bnVsbA==",
          "dependencies": [
            "module.kubewarden_github_actions_repository.github_repository.main"
          ]
        },
        {
          "index_key": 8,
          "schema_version": 0,
          "attributes": {
            "color": "ad7fa8",
            "description": "",
            "etag": "W/\"700eee6b591c71ac2e41a9601965421aa5093a51f7a14b97a6896815156770b6\"",
            "id": "github-actions:kind/tech-debt",
            "name": "kind/question",
            "repository": "github-actions",
            "url": "https://api.github.com/repos/kubewarden/github-actions/labels/kind/tech-debt"
          },
          "sensitive_attributes": [],
          "private": "bnVsbA==",
          "dependencies": [
            "module.kubewarden_github_actions_repository.github_repository.main"
          ]
        },
        {
          "index_key": 9,
          "schema_version": 0,
          "attributes": {
            "color": "729FCF",
            "description": "",
            "etag": "W/\"1dd7f69db3ac2447b17077d389b89ee827e2785d007f4d1deaa61b3847e157fd\"",
            "id": "github-actions:kind/to-be-refined",
            "name": "kind/tech-debt",
            "repository": "github-actions",
            "url": "https://api.github.com/repos/kubewarden/github-actions/labels/kind/to-be-refined"
          },
          "sensitive_attributes": [],
          "private": "bnVsbA==",
          "dependencies": [
            "module.kubewarden_github_actions_repository.github_repository.main"
          ]
        },
        {
          "index_key": 10,
          "schema_version": 0,
          "attributes": {
            "color": "B14FCF",
            "description": "",
            "etag": "W/\"8132dee8e2a9aea9222057210f466fde06af95dc5b7470a07967ea7b847c9edf\"",
            "id": "github-actions:release/minor",
            "name": "kind/to-be-refined",
            "repository": "github-actions",
            "url": "https://api.github.com/repos/kubewarden/github-actions/labels/release/minor"
          },
          "sensitive_attributes": [],
          "private": "bnVsbA==",
          "dependencies": [
            "module.kubewarden_github_actions_repository.github_repository.main"
          ]
        },
        {
          "index_key": 11,
          "schema_version": 0,
          "attributes": {
            "color": "8AE234",
            "description": "",
            "etag": "W/\"6e2e08285da15166560aeebf103afd5c8d7983c40541c7a5c026e5744fea4d14\"",
            "id": "github-actions:release/major",
            "name": "release/major",
            "repository": "github-actions",
            "url": "https://api.github.com/repos/kubewarden/github-actions/labels/release/major"
          },
          "sensitive_attributes": [],
          "private": "bnVsbA==",
          "dependencies": [
            "module.kubewarden_github_actions_repository.github_repository.main"
          ]
        },
        {
          "index_key": 12,
          "schema_version": 0,
          "attributes": {
            "color": "4E9A06",
            "description": "",
            "etag": "W/\"319ebd570666044d81d7ebb603a05098ac4652212479c1eb8791924e0ff60ca9\"",
            "id": "github-actions:release/skip-changelog",
            "name": "release/minor",
            "repository": "github-actions",
            "url": "https://api.github.com/repos/kubewarden/github-actions/labels/release/skip-changelog"
          },
          "sensitive_attributes": [],
          "private": "bnVsbA==",
          "dependencies": [
            "module.kubewarden_github_actions_repository.github_repository.main"
          ]
        },
        {
          "index_key": 13,
          "schema_version": 0,
          "attributes": {
            "color": "aa6600",
            "description": "",
            "etag": "W/\"319ebd570666044d81d7ebb603a05098ac4652212479c1eb8791924e0ff60ca9\"",
            "id": "github-actions:release/skip-changelog",
            "name": "release/patch",
            "repository": "github-actions",
            "url": "https://api.github.com/repos/kubewarden/github-actions/labels/release/skip-changelog"
          },
          "sensitive_attributes": [],
          "private": "bnVsbA==",
          "dependencies": [
            "module.kubewarden_github_actions_repository.github_repository.main"
          ]
        },
        {
          "index_key": 14,
          "schema_version": 0,
          "attributes": {
            "color": "77cc00",
            "description": "",
            "etag": "W/\"319ebd570666044d81d7ebb603a05098ac4652212479c1eb8791924e0ff60ca9\"",
            "id": "github-actions:release/skip-changelog",
            "name": "release/skip-changelog",
            "repository": "github-actions",
            "url": "https://api.github.com/repos/kubewarden/github-actions/labels/release/skip-changelog"
          },
          "sensitive_attributes": [],
          "private": "bnVsbA==",
          "dependencies": [
            "module.kubewarden_github_actions_repository.github_repository.main"
          ]
        }
      ]
    },
    {
      "module": "module.kubewarden_github_actions_repository",
      "mode": "managed",
      "type": "github_repository",
      "name": "main",
      "provider": "provider[\"registry.terraform.io/integrations/github\"].kubewarden",
      "instances": [
        {
          "schema_version": 1,
          "attributes": {
            "allow_auto_merge": false,
            "allow_merge_commit": true,
            "allow_rebase_merge": true,
            "allow_squash_merge": true,
            "allow_update_branch": false,
            "archive_on_destroy": null,
            "archived": false,
            "auto_init": false,
            "default_branch": "main",
            "delete_branch_on_merge": false,
            "description": "GitHub actions used by the Kubewarden project",
            "etag": "W/\"27253f855340567aa2bb17ca62b168fdd31586e2b13bc32114d7e9f058ba3e6c\"",
            "full_name": "kubewarden/github-actions",
            "git_clone_url": "git://github.com/kubewarden/github-actions.git",
            "gitignore_template": null,
            "has_discussions": false,
            "has_downloads": true,
            "has_issues": true,
            "has_projects": false,
            "has_wiki": true,
            "homepage_url": "https://kubewarden.io",
            "html_url": "https://github.com/kubewarden/github-actions",
            "http_clone_url": "https://github.com/kubewarden/github-actions.git",
            "id": "github-actions",
            "ignore_vulnerability_alerts_during_read": null,
            "is_template": false,
            "license_template": null,
            "merge_commit_message": "PR_TITLE",
            "merge_commit_title": "MERGE_MESSAGE",
            "name": "github-actions",
            "node_id": "R_kgDOGtQftQ",
            "pages": [],
            "primary_language": "",
            "private": false,
            "repo_id": 450109365,
            "security_and_analysis": [
              {
                "advanced_security": [],
                "secret_scanning": [
                  {
                    "status": "enabled"
                  }
                ],
                "secret_scanning_push_protection": [
                  {
                    "status": "disabled"
                  }
                ]
              }
            ],
            "squash_merge_commit_message": "COMMIT_MESSAGES",
            "squash_merge_commit_title": "COMMIT_OR_PR_TITLE",
            "ssh_clone_url": "git@github.com:kubewarden/github-actions.git",
            "svn_url": "https://github.com/kubewarden/github-actions",
            "template": [],
            "topics": [
              "hacktoberfest",
              "kubernetes",
              "kubernetes-security",
              "policy-as-code",
              "webassembly"
            ],
            "visibility": "public",
            "vulnerability_alerts": true,
            "web_commit_signoff_required": true
          },
          "sensitive_attributes": [],
          "private": "eyJzY2hlbWFfdmVyc2lvbiI6IjEifQ=="
        }
      ]
    },
    {
      "module": "module.kubewarden_github_actions_repository",
      "mode": "managed",
      "type": "github_team_repository",
      "name": "gh_team_push_rights",
      "provider": "provider[\"registry.terraform.io/integrations/github\"].kubewarden",
      "instances": [
        {
          "index_key": 0,
          "schema_version": 0,
          "attributes": {
            "etag": "W/\"4522c2169fcaafcd0de53977d35b984d9093c49ecc7722b971a5a80959675fbb\"",
            "id": "4972867:github-actions",
            "permission": "push",
            "repository": "github-actions",
            "team_id": "4972867"
          },
          "sensitive_attributes": [],
          "private": "bnVsbA==",
          "dependencies": [
            "data.github_team.kubewarden_developers",
            "module.kubewarden_github_actions_repository.github_repository.main"
          ]
        }
      ]
    },
    {
      "module": "module.kubewarden_io_repository",
      "mode": "managed",
      "type": "github_app_installation_repository",
      "name": "app_dco",
      "provider": "provider[\"registry.terraform.io/integrations/github\"].kubewarden",
      "instances": [
        {
          "schema_version": 0,
          "attributes": {
            "id": "29141080:kubewarden.io",
            "installation_id": "29141080",
            "repo_id": 314186121,
            "repository": "kubewarden.io"
          },
          "sensitive_attributes": [],
          "private": "bnVsbA==",
          "dependencies": [
            "module.kubewarden_io_repository.github_repository.main"
          ]
        }
      ]
    },
    {
      "module": "module.kubewarden_io_repository",
      "mode": "managed",
      "type": "github_issue_label",
      "name": "label",
      "provider": "provider[\"registry.terraform.io/integrations/github\"].kubewarden",
      "instances": [
        {
          "index_key": 0,
          "schema_version": 0,
          "attributes": {
            "color": "D3D7CF",
            "description": "",
            "etag": "W/\"dd69f8e0da1bb048239fb77b334b1f7683309382fc61b4fcd108ebcc33f8e3b1\"",
            "id": "kubewarden.io:area/dependencies",
            "name": "area/dependencies",
            "repository": "kubewarden.io",
            "url": "https://api.github.com/repos/kubewarden/kubewarden.io/labels/area/dependencies"
          },
          "sensitive_attributes": [],
          "private": "bnVsbA==",
          "dependencies": [
            "module.kubewarden_io_repository.github_repository.main"
          ]
        },
        {
          "index_key": 1,
          "schema_version": 0,
          "attributes": {
            "color": "7057ff",
            "description": "",
            "etag": "W/\"114fe1dafcaf754a62f5b0ba1ab099470e70017cfc90bf3e7c7e4f481d2ed270\"",
            "id": "kubewarden.io:kind/automation",
            "name": "good first issue",
            "repository": "kubewarden.io",
            "url": "https://api.github.com/repos/kubewarden/kubewarden.io/labels/kind/automation"
          },
          "sensitive_attributes": [],
          "private": "bnVsbA==",
          "dependencies": [
            "module.kubewarden_io_repository.github_repository.main"
          ]
        },
        {
          "index_key": 2,
          "schema_version": 0,
          "attributes": {
            "color": "3465A4",
            "description": "",
            "etag": "W/\"0918ce6838cc8e0f73f4672c402bd0df4d37907b40c33aea75073c81e783d5d6\"",
            "id": "kubewarden.io:kind/breaking-change",
            "name": "kind/automation",
            "repository": "kubewarden.io",
            "url": "https://api.github.com/repos/kubewarden/kubewarden.io/labels/kind/breaking-change"
          },
          "sensitive_attributes": [],
          "private": "bnVsbA==",
          "dependencies": [
            "module.kubewarden_io_repository.github_repository.main"
          ]
        },
        {
          "index_key": 3,
          "schema_version": 0,
          "attributes": {
            "color": "FCE94F",
            "description": "",
            "etag": "W/\"fbc53cc6966eb9ba9de92ef16060b37f9e67f795b88b9379a5f4cd9229a16a4e\"",
            "id": "kubewarden.io:kind/bug",
            "name": "kind/breaking-change",
            "repository": "kubewarden.io",
            "url": "https://api.github.com/repos/kubewarden/kubewarden.io/labels/kind/bug"
          },
          "sensitive_attributes": [],
          "private": "bnVsbA==",
          "dependencies": [
            "module.kubewarden_io_repository.github_repository.main"
          ]
        },
        {
          "index_key": 4,
          "schema_version": 0,
          "attributes": {
            "color": "EF2929",
            "description": "",
            "etag": "W/\"c78c808f9cf74a67c053d23e08ac6f98a7df14ffb6873a8f69b380c534892839\"",
            "id": "kubewarden.io:kind/chore",
            "name": "kind/bug",
            "repository": "kubewarden.io",
            "url": "https://api.github.com/repos/kubewarden/kubewarden.io/labels/kind/chore"
          },
          "sensitive_attributes": [],
          "private": "bnVsbA==",
          "dependencies": [
            "module.kubewarden_io_repository.github_repository.main"
          ]
        },
        {
          "index_key": 5,
          "schema_version": 0,
          "attributes": {
            "color": "555753",
            "description": "",
            "etag": "W/\"fb6f19d87a3fa2e4abf91383756a8d42cfbb4fc0b074c94d32753d2638153faa\"",
            "id": "kubewarden.io:kind/enhancement",
            "name": "kind/chore",
            "repository": "kubewarden.io",
            "url": "https://api.github.com/repos/kubewarden/kubewarden.io/labels/kind/enhancement"
          },
          "sensitive_attributes": [],
          "private": "bnVsbA==",
          "dependencies": [
            "module.kubewarden_io_repository.github_repository.main"
          ]
        },
        {
          "index_key": 6,
          "schema_version": 0,
          "attributes": {
            "color": "06989A",
            "description": "",
            "etag": "W/\"57fa39a27574e61fbd8a92f0e42992bc2c4285ba16bd4eb8bc15a966accf2192\"",
            "id": "kubewarden.io:kind/feature",
            "name": "kind/enhancement",
            "repository": "kubewarden.io",
            "url": "https://api.github.com/repos/kubewarden/kubewarden.io/labels/kind/feature"
          },
          "sensitive_attributes": [],
          "private": "bnVsbA==",
          "dependencies": [
            "module.kubewarden_io_repository.github_repository.main"
          ]
        },
        {
          "index_key": 7,
          "schema_version": 0,
          "attributes": {
            "color": "34E2E2",
            "description": "",
            "etag": "W/\"47bb6ea2a663fbbe1a0ffccab45be1c933178e0b3cc8d5ce37a4f519654db107\"",
            "id": "kubewarden.io:kind/question",
            "name": "kind/feature",
            "repository": "kubewarden.io",
            "url": "https://api.github.com/repos/kubewarden/kubewarden.io/labels/kind/question"
          },
          "sensitive_attributes": [],
          "private": "bnVsbA==",
          "dependencies": [
            "module.kubewarden_io_repository.github_repository.main"
          ]
        },
        {
          "index_key": 8,
          "schema_version": 0,
          "attributes": {
            "color": "ad7fa8",
            "description": "",
            "etag": "W/\"301ff8dbdb4287796985e4644b91713776dd56a4b41478aa50f758d6e7ee55b7\"",
            "id": "kubewarden.io:kind/tech-debt",
            "name": "kind/question",
            "repository": "kubewarden.io",
            "url": "https://api.github.com/repos/kubewarden/kubewarden.io/labels/kind/tech-debt"
          },
          "sensitive_attributes": [],
          "private": "bnVsbA==",
          "dependencies": [
            "module.kubewarden_io_repository.github_repository.main"
          ]
        },
        {
          "index_key": 9,
          "schema_version": 0,
          "attributes": {
            "color": "729FCF",
            "description": "",
            "etag": "W/\"3e5fbbf8418d41214052f3925be6a17aa3227387cb894d5c4b4f5347a562d774\"",
            "id": "kubewarden.io:kind/to-be-refined",
            "name": "kind/tech-debt",
            "repository": "kubewarden.io",
            "url": "https://api.github.com/repos/kubewarden/kubewarden.io/labels/kind/to-be-refined"
          },
          "sensitive_attributes": [],
          "private": "bnVsbA==",
          "dependencies": [
            "module.kubewarden_io_repository.github_repository.main"
          ]
        },
        {
          "index_key": 10,
          "schema_version": 0,
          "attributes": {
            "color": "B14FCF",
            "description": "",
            "etag": "W/\"f58a411cfe5515887b4898e835e80c7938637cc753429f49f64b06c805970292\"",
            "id": "kubewarden.io:release/minor",
            "name": "kind/to-be-refined",
            "repository": "kubewarden.io",
            "url": "https://api.github.com/repos/kubewarden/kubewarden.io/labels/release/minor"
          },
          "sensitive_attributes": [],
          "private": "bnVsbA==",
          "dependencies": [
            "module.kubewarden_io_repository.github_repository.main"
          ]
        },
        {
          "index_key": 11,
          "schema_version": 0,
          "attributes": {
            "color": "8AE234",
            "description": "",
            "etag": "W/\"a013fd95286cc54fa151718f932f344581a43f407e4631e670cea7943e220cfe\"",
            "id": "kubewarden.io:release/major",
            "name": "release/major",
            "repository": "kubewarden.io",
            "url": "https://api.github.com/repos/kubewarden/kubewarden.io/labels/release/major"
          },
          "sensitive_attributes": [],
          "private": "bnVsbA==",
          "dependencies": [
            "module.kubewarden_io_repository.github_repository.main"
          ]
        },
        {
          "index_key": 12,
          "schema_version": 0,
          "attributes": {
            "color": "4E9A06",
            "description": "",
            "etag": "W/\"edd5b0cf9f1346e4633e4373e3e79518c57c04b87d3b120558999d0edc8b11f6\"",
            "id": "kubewarden.io:release/skip-changelog",
            "name": "release/minor",
            "repository": "kubewarden.io",
            "url": "https://api.github.com/repos/kubewarden/kubewarden.io/labels/release/skip-changelog"
          },
          "sensitive_attributes": [],
          "private": "bnVsbA==",
          "dependencies": [
            "module.kubewarden_io_repository.github_repository.main"
          ]
        },
        {
          "index_key": 13,
          "schema_version": 0,
          "attributes": {
            "color": "aa6600",
            "description": "",
            "etag": "W/\"edd5b0cf9f1346e4633e4373e3e79518c57c04b87d3b120558999d0edc8b11f6\"",
            "id": "kubewarden.io:release/skip-changelog",
            "name": "release/patch",
            "repository": "kubewarden.io",
            "url": "https://api.github.com/repos/kubewarden/kubewarden.io/labels/release/skip-changelog"
          },
          "sensitive_attributes": [],
          "private": "bnVsbA==",
          "dependencies": [
            "module.kubewarden_io_repository.github_repository.main"
          ]
        },
        {
          "index_key": 14,
          "schema_version": 0,
          "attributes": {
            "color": "77cc00",
            "description": "",
            "etag": "W/\"edd5b0cf9f1346e4633e4373e3e79518c57c04b87d3b120558999d0edc8b11f6\"",
            "id": "kubewarden.io:release/skip-changelog",
            "name": "release/skip-changelog",
            "repository": "kubewarden.io",
            "url": "https://api.github.com/repos/kubewarden/kubewarden.io/labels/release/skip-changelog"
          },
          "sensitive_attributes": [],
          "private": "bnVsbA==",
          "dependencies": [
            "module.kubewarden_io_repository.github_repository.main"
          ]
        }
      ]
    },
    {
      "module": "module.kubewarden_io_repository",
      "mode": "managed",
      "type": "github_repository",
      "name": "main",
      "provider": "provider[\"registry.terraform.io/integrations/github\"].kubewarden",
      "instances": [
        {
          "schema_version": 1,
          "attributes": {
            "allow_auto_merge": false,
            "allow_merge_commit": true,
            "allow_rebase_merge": true,
            "allow_squash_merge": true,
            "allow_update_branch": false,
            "archive_on_destroy": null,
            "archived": false,
            "auto_init": false,
            "default_branch": "main",
            "delete_branch_on_merge": false,
            "description": "Kubewarden website",
            "etag": "W/\"103a0b67ca999d5f4571f752bb4d3a356dd66795bc9cfd5730869383765168f0\"",
            "full_name": "kubewarden/kubewarden.io",
            "git_clone_url": "git://github.com/kubewarden/kubewarden.io.git",
            "gitignore_template": null,
            "has_discussions": false,
            "has_downloads": true,
            "has_issues": true,
            "has_projects": false,
            "has_wiki": true,
            "homepage_url": "https://kubewarden.io",
            "html_url": "https://github.com/kubewarden/kubewarden.io",
            "http_clone_url": "https://github.com/kubewarden/kubewarden.io.git",
            "id": "kubewarden.io",
            "ignore_vulnerability_alerts_during_read": null,
            "is_template": false,
            "license_template": null,
            "merge_commit_message": "PR_TITLE",
            "merge_commit_title": "MERGE_MESSAGE",
            "name": "kubewarden.io",
            "node_id": "MDEwOlJlcG9zaXRvcnkzMTQxODYxMjE=",
            "pages": [
              {
                "build_type": "legacy",
                "cname": "www.kubewarden.io",
                "custom_404": false,
                "html_url": "http://www.kubewarden.io/",
                "source": [
                  {
                    "branch": "gh-pages",
                    "path": "/"
                  }
                ],
                "status": "built",
                "url": "https://api.github.com/repos/kubewarden/kubewarden.io/pages"
              }
            ],
            "primary_language": "SCSS",
            "private": false,
            "repo_id": 314186121,
            "security_and_analysis": [
              {
                "advanced_security": [],
                "secret_scanning": [
                  {
                    "status": "enabled"
                  }
                ],
                "secret_scanning_push_protection": [
                  {
                    "status": "disabled"
                  }
                ]
              }
            ],
            "squash_merge_commit_message": "COMMIT_MESSAGES",
            "squash_merge_commit_title": "COMMIT_OR_PR_TITLE",
            "ssh_clone_url": "git@github.com:kubewarden/kubewarden.io.git",
            "svn_url": "https://github.com/kubewarden/kubewarden.io",
            "template": [],
            "topics": [
              "hacktoberfest",
              "kubernetes",
              "kubernetes-security",
              "policy-as-code",
              "webassembly"
            ],
            "visibility": "public",
            "vulnerability_alerts": true,
            "web_commit_signoff_required": true
          },
          "sensitive_attributes": [],
          "private": "eyJzY2hlbWFfdmVyc2lvbiI6IjEifQ=="
        }
      ]
    },
    {
      "module": "module.kubewarden_io_repository",
      "mode": "managed",
      "type": "github_team_repository",
      "name": "gh_team_push_rights",
      "provider": "provider[\"registry.terraform.io/integrations/github\"].kubewarden",
      "instances": [
        {
          "index_key": 0,
          "schema_version": 0,
          "attributes": {
            "etag": "W/\"e43d41df1a6ff30c783e829e1581ec2d2485636bd2dd0f6be4020a39263f4ed5\"",
            "id": "4972867:kubewarden.io",
            "permission": "push",
            "repository": "kubewarden.io",
            "team_id": "4972867"
          },
          "sensitive_attributes": [],
          "private": "bnVsbA==",
          "dependencies": [
            "data.github_team.kubewarden_developers",
            "data.github_team.kubewarden_documentation",
            "module.kubewarden_io_repository.github_repository.main"
          ]
        },
        {
          "index_key": 1,
          "schema_version": 0,
          "attributes": {
            "etag": "W/\"e43d41df1a6ff30c783e829e1581ec2d2485636bd2dd0f6be4020a39263f4ed5\"",
            "id": "5417591:kubewarden.io",
            "permission": "push",
            "repository": "kubewarden.io",
            "team_id": "5417591"
          },
          "sensitive_attributes": [],
          "private": "bnVsbA==",
          "dependencies": [
            "data.github_team.kubewarden_developers",
            "data.github_team.kubewarden_documentation",
            "module.kubewarden_io_repository.github_repository.main"
          ]
        }
      ]
    },
    {
      "module": "module.kubewarden_k8s_objects_generator_repository",
      "mode": "managed",
      "type": "github_app_installation_repository",
      "name": "app_dco",
      "provider": "provider[\"registry.terraform.io/integrations/github\"].kubewarden",
      "instances": [
        {
          "schema_version": 0,
          "attributes": {
            "id": "29141080:k8s-objects-generator",
            "installation_id": "29141080",
            "repo_id": 493337799,
            "repository": "k8s-objects-generator"
          },
          "sensitive_attributes": [],
          "private": "bnVsbA==",
          "dependencies": [
            "module.kubewarden_k8s_objects_generator_repository.github_repository.main"
          ]
        }
      ]
    },
    {
      "module": "module.kubewarden_k8s_objects_generator_repository",
      "mode": "managed",
      "type": "github_issue_label",
      "name": "label",
      "provider": "provider[\"registry.terraform.io/integrations/github\"].kubewarden",
      "instances": [
        {
          "index_key": 0,
          "schema_version": 0,
          "attributes": {
            "color": "D3D7CF",
            "description": "",
            "etag": "W/\"8292fbe117e90eacfd437a0569837cd24d1fa2dd5093464a979fc09f4a4b31c1\"",
            "id": "k8s-objects-generator:area/dependencies",
            "name": "area/dependencies",
            "repository": "k8s-objects-generator",
            "url": "https://api.github.com/repos/kubewarden/k8s-objects-generator/labels/area/dependencies"
          },
          "sensitive_attributes": [],
          "private": "bnVsbA==",
          "dependencies": [
            "module.kubewarden_k8s_objects_generator_repository.github_repository.main"
          ]
        },
        {
          "index_key": 1,
          "schema_version": 0,
          "attributes": {
            "color": "7057ff",
            "description": "",
            "etag": "W/\"839f7f8241af65a2e6e2b245b4d4c936dd3a14e5fefe48fa00532fe958a24a9b\"",
            "id": "k8s-objects-generator:kind/automation",
            "name": "good first issue",
            "repository": "k8s-objects-generator",
            "url": "https://api.github.com/repos/kubewarden/k8s-objects-generator/labels/kind/automation"
          },
          "sensitive_attributes": [],
          "private": "bnVsbA==",
          "dependencies": [
            "module.kubewarden_k8s_objects_generator_repository.github_repository.main"
          ]
        },
        {
          "index_key": 2,
          "schema_version": 0,
          "attributes": {
            "color": "3465A4",
            "description": "",
            "etag": "W/\"c1f90b0d54739f76f940d7be1d25a36a104f55900c22fa13c815c7b5e926258a\"",
            "id": "k8s-objects-generator:kind/breaking-change",
            "name": "kind/automation",
            "repository": "k8s-objects-generator",
            "url": "https://api.github.com/repos/kubewarden/k8s-objects-generator/labels/kind/breaking-change"
          },
          "sensitive_attributes": [],
          "private": "bnVsbA==",
          "dependencies": [
            "module.kubewarden_k8s_objects_generator_repository.github_repository.main"
          ]
        },
        {
          "index_key": 3,
          "schema_version": 0,
          "attributes": {
            "color": "FCE94F",
            "description": "",
            "etag": "W/\"b50e204a765d246ea0cffd20a3cfb841ad4b8515e2f0346adcdaf021322f2d67\"",
            "id": "k8s-objects-generator:kind/bug",
            "name": "kind/breaking-change",
            "repository": "k8s-objects-generator",
            "url": "https://api.github.com/repos/kubewarden/k8s-objects-generator/labels/kind/bug"
          },
          "sensitive_attributes": [],
          "private": "bnVsbA==",
          "dependencies": [
            "module.kubewarden_k8s_objects_generator_repository.github_repository.main"
          ]
        },
        {
          "index_key": 4,
          "schema_version": 0,
          "attributes": {
            "color": "EF2929",
            "description": "",
            "etag": "W/\"20ae3a4df7ee891d1b9eb02aac2d38f282fba9649297a9fbd66e41bf0cf0f080\"",
            "id": "k8s-objects-generator:kind/chore",
            "name": "kind/bug",
            "repository": "k8s-objects-generator",
            "url": "https://api.github.com/repos/kubewarden/k8s-objects-generator/labels/kind/chore"
          },
          "sensitive_attributes": [],
          "private": "bnVsbA==",
          "dependencies": [
            "module.kubewarden_k8s_objects_generator_repository.github_repository.main"
          ]
        },
        {
          "index_key": 5,
          "schema_version": 0,
          "attributes": {
            "color": "555753",
            "description": "",
            "etag": "W/\"2288f1a251425073c619d22765d04d01c810f13d4a71d74b417b3e6bc8c5b5d0\"",
            "id": "k8s-objects-generator:kind/enhancement",
            "name": "kind/chore",
            "repository": "k8s-objects-generator",
            "url": "https://api.github.com/repos/kubewarden/k8s-objects-generator/labels/kind/enhancement"
          },
          "sensitive_attributes": [],
          "private": "bnVsbA==",
          "dependencies": [
            "module.kubewarden_k8s_objects_generator_repository.github_repository.main"
          ]
        },
        {
          "index_key": 6,
          "schema_version": 0,
          "attributes": {
            "color": "06989A",
            "description": "",
            "etag": "W/\"e6e831e3bef8b5fcf62900947953d4ee662042837692fd70c07938d1367d24eb\"",
            "id": "k8s-objects-generator:kind/feature",
            "name": "kind/enhancement",
            "repository": "k8s-objects-generator",
            "url": "https://api.github.com/repos/kubewarden/k8s-objects-generator/labels/kind/feature"
          },
          "sensitive_attributes": [],
          "private": "bnVsbA==",
          "dependencies": [
            "module.kubewarden_k8s_objects_generator_repository.github_repository.main"
          ]
        },
        {
          "index_key": 7,
          "schema_version": 0,
          "attributes": {
            "color": "34E2E2",
            "description": "",
            "etag": "W/\"ae7103f1891c37e6f1f2a77f7ebab93db5f149929c52ec3d1f221299a46beb44\"",
            "id": "k8s-objects-generator:kind/question",
            "name": "kind/feature",
            "repository": "k8s-objects-generator",
            "url": "https://api.github.com/repos/kubewarden/k8s-objects-generator/labels/kind/question"
          },
          "sensitive_attributes": [],
          "private": "bnVsbA==",
          "dependencies": [
            "module.kubewarden_k8s_objects_generator_repository.github_repository.main"
          ]
        },
        {
          "index_key": 8,
          "schema_version": 0,
          "attributes": {
            "color": "ad7fa8",
            "description": "",
            "etag": "W/\"c5210a2cd0c305bbd0098a8985e0d9f816c07cb326ff2dfa1cba1c6f515bb544\"",
            "id": "k8s-objects-generator:kind/tech-debt",
            "name": "kind/question",
            "repository": "k8s-objects-generator",
            "url": "https://api.github.com/repos/kubewarden/k8s-objects-generator/labels/kind/tech-debt"
          },
          "sensitive_attributes": [],
          "private": "bnVsbA==",
          "dependencies": [
            "module.kubewarden_k8s_objects_generator_repository.github_repository.main"
          ]
        },
        {
          "index_key": 9,
          "schema_version": 0,
          "attributes": {
            "color": "729FCF",
            "description": "",
            "etag": "W/\"67e2b0768d0be69055c5cc568cf92b6726fbb7902369a5ac8f2c8473ba22b635\"",
            "id": "k8s-objects-generator:kind/to-be-refined",
            "name": "kind/tech-debt",
            "repository": "k8s-objects-generator",
            "url": "https://api.github.com/repos/kubewarden/k8s-objects-generator/labels/kind/to-be-refined"
          },
          "sensitive_attributes": [],
          "private": "bnVsbA==",
          "dependencies": [
            "module.kubewarden_k8s_objects_generator_repository.github_repository.main"
          ]
        },
        {
          "index_key": 10,
          "schema_version": 0,
          "attributes": {
            "color": "B14FCF",
            "description": "",
            "etag": "W/\"07930e3fd7596584020fe414a3d238c373282306c62aa6ff51b9729417bfc8d8\"",
            "id": "k8s-objects-generator:release/minor",
            "name": "kind/to-be-refined",
            "repository": "k8s-objects-generator",
            "url": "https://api.github.com/repos/kubewarden/k8s-objects-generator/labels/release/minor"
          },
          "sensitive_attributes": [],
          "private": "bnVsbA==",
          "dependencies": [
            "module.kubewarden_k8s_objects_generator_repository.github_repository.main"
          ]
        },
        {
          "index_key": 11,
          "schema_version": 0,
          "attributes": {
            "color": "8AE234",
            "description": "",
            "etag": "W/\"632be5f79cb7e74e513c0ba5cfd7e6a6ba2214573e517b7cfd15ba0b35784718\"",
            "id": "k8s-objects-generator:release/major",
            "name": "release/major",
            "repository": "k8s-objects-generator",
            "url": "https://api.github.com/repos/kubewarden/k8s-objects-generator/labels/release/major"
          },
          "sensitive_attributes": [],
          "private": "bnVsbA==",
          "dependencies": [
            "module.kubewarden_k8s_objects_generator_repository.github_repository.main"
          ]
        },
        {
          "index_key": 12,
          "schema_version": 0,
          "attributes": {
            "color": "4E9A06",
            "description": "",
            "etag": "W/\"3018387a8e38e3c202fa9f1e665a6d483fbf374ed1566ab4e670c775b64cc0a6\"",
            "id": "k8s-objects-generator:release/skip-changelog",
            "name": "release/minor",
            "repository": "k8s-objects-generator",
            "url": "https://api.github.com/repos/kubewarden/k8s-objects-generator/labels/release/skip-changelog"
          },
          "sensitive_attributes": [],
          "private": "bnVsbA==",
          "dependencies": [
            "module.kubewarden_k8s_objects_generator_repository.github_repository.main"
          ]
        },
        {
          "index_key": 13,
          "schema_version": 0,
          "attributes": {
            "color": "aa6600",
            "description": "",
            "etag": "W/\"f88c0b0110de874909fb98359ab2b7f141e929f77fffc3cb6d60777fb8c33c4b\"",
            "id": "k8s-objects-generator:release/patch",
            "name": "release/patch",
            "repository": "k8s-objects-generator",
            "url": "https://api.github.com/repos/kubewarden/k8s-objects-generator/labels/release/patch"
          },
          "sensitive_attributes": [],
          "private": "bnVsbA==",
          "dependencies": [
            "module.kubewarden_k8s_objects_generator_repository.github_repository.main"
          ]
        },
        {
          "index_key": 14,
          "schema_version": 0,
          "attributes": {
            "color": "77cc00",
            "description": "",
            "etag": "W/\"3018387a8e38e3c202fa9f1e665a6d483fbf374ed1566ab4e670c775b64cc0a6\"",
            "id": "k8s-objects-generator:release/skip-changelog",
            "name": "release/skip-changelog",
            "repository": "k8s-objects-generator",
            "url": "https://api.github.com/repos/kubewarden/k8s-objects-generator/labels/release/skip-changelog"
          },
          "sensitive_attributes": [],
          "private": "bnVsbA==",
          "dependencies": [
            "module.kubewarden_k8s_objects_generator_repository.github_repository.main"
          ]
        }
      ]
    },
    {
      "module": "module.kubewarden_k8s_objects_generator_repository",
      "mode": "managed",
      "type": "github_repository",
      "name": "main",
      "provider": "provider[\"registry.terraform.io/integrations/github\"].kubewarden",
      "instances": [
        {
          "schema_version": 1,
          "attributes": {
            "allow_auto_merge": false,
            "allow_merge_commit": true,
            "allow_rebase_merge": true,
            "allow_squash_merge": true,
            "allow_update_branch": false,
            "archive_on_destroy": null,
            "archived": false,
            "auto_init": false,
            "default_branch": "main",
            "delete_branch_on_merge": false,
            "description": "CLI tool that generates Kubernetes Go types that can be used with TinyGo starting from the official OpenAPI spec",
            "etag": "W/\"8a3e31e85fd9ca2a2a9208e6e864bc38ba180c7b76fe7d16238b21ba4922cc03\"",
            "full_name": "kubewarden/k8s-objects-generator",
            "git_clone_url": "git://github.com/kubewarden/k8s-objects-generator.git",
            "gitignore_template": null,
            "has_discussions": false,
            "has_downloads": true,
            "has_issues": true,
            "has_projects": false,
            "has_wiki": true,
            "homepage_url": "https://github.com/kubewarden/",
            "html_url": "https://github.com/kubewarden/k8s-objects-generator",
            "http_clone_url": "https://github.com/kubewarden/k8s-objects-generator.git",
            "id": "k8s-objects-generator",
            "ignore_vulnerability_alerts_during_read": null,
            "is_template": false,
            "license_template": null,
            "merge_commit_message": "PR_TITLE",
            "merge_commit_title": "MERGE_MESSAGE",
            "name": "k8s-objects-generator",
            "node_id": "R_kgDOHWe8xw",
            "pages": [],
            "primary_language": "Go",
            "private": false,
            "repo_id": 493337799,
            "security_and_analysis": [
              {
                "advanced_security": [],
                "secret_scanning": [
                  {
                    "status": "enabled"
                  }
                ],
                "secret_scanning_push_protection": [
                  {
                    "status": "disabled"
                  }
                ]
              }
            ],
            "squash_merge_commit_message": "COMMIT_MESSAGES",
            "squash_merge_commit_title": "COMMIT_OR_PR_TITLE",
            "ssh_clone_url": "git@github.com:kubewarden/k8s-objects-generator.git",
            "svn_url": "https://github.com/kubewarden/k8s-objects-generator",
            "template": [],
            "topics": [
              "hacktoberfest",
              "kubernetes",
              "kubernetes-security",
              "policy-as-code",
              "webassembly"
            ],
            "visibility": "public",
            "vulnerability_alerts": true,
            "web_commit_signoff_required": true
          },
          "sensitive_attributes": [],
          "private": "eyJzY2hlbWFfdmVyc2lvbiI6IjEifQ=="
        }
      ]
    },
    {
      "module": "module.kubewarden_k8s_objects_generator_repository",
      "mode": "managed",
      "type": "github_team_repository",
      "name": "gh_team_push_rights",
      "provider": "provider[\"registry.terraform.io/integrations/github\"].kubewarden",
      "instances": [
        {
          "index_key": 0,
          "schema_version": 0,
          "attributes": {
            "etag": "W/\"2ffac11e9a4bd5b4fa7beea236f6cb4e2e2808b545072ee8da31ed53157b9651\"",
            "id": "4972867:k8s-objects-generator",
            "permission": "push",
            "repository": "k8s-objects-generator",
            "team_id": "4972867"
          },
          "sensitive_attributes": [],
          "private": "bnVsbA==",
          "dependencies": [
            "data.github_team.kubewarden_developers",
            "module.kubewarden_k8s_objects_generator_repository.github_repository.main"
          ]
        }
      ]
    },
    {
      "module": "module.kubewarden_k8s_objects_repository",
      "mode": "managed",
      "type": "github_app_installation_repository",
      "name": "app_dco",
      "provider": "provider[\"registry.terraform.io/integrations/github\"].kubewarden",
      "instances": [
        {
          "schema_version": 0,
          "attributes": {
            "id": "29141080:k8s-objects",
            "installation_id": "29141080",
            "repo_id": 492171063,
            "repository": "k8s-objects"
          },
          "sensitive_attributes": [],
          "private": "bnVsbA==",
          "dependencies": [
            "module.kubewarden_k8s_objects_repository.github_repository.main"
          ]
        }
      ]
    },
    {
      "module": "module.kubewarden_k8s_objects_repository",
      "mode": "managed",
      "type": "github_issue_label",
      "name": "label",
      "provider": "provider[\"registry.terraform.io/integrations/github\"].kubewarden",
      "instances": [
        {
          "index_key": 0,
          "schema_version": 0,
          "attributes": {
            "color": "D3D7CF",
            "description": "",
            "etag": "W/\"3b05efbfe9c2d86d35dd05430e0978c94357903653401f91c74e679f0899d824\"",
            "id": "k8s-objects:area/dependencies",
            "name": "area/dependencies",
            "repository": "k8s-objects",
            "url": "https://api.github.com/repos/kubewarden/k8s-objects/labels/area/dependencies"
          },
          "sensitive_attributes": [],
          "private": "bnVsbA==",
          "dependencies": [
            "module.kubewarden_k8s_objects_repository.github_repository.main"
          ]
        },
        {
          "index_key": 1,
          "schema_version": 0,
          "attributes": {
            "color": "7057ff",
            "description": "",
            "etag": "W/\"5c1a077d648870460f15782c279afcff95ee36a3915e78751b1f76d28c910ae3\"",
            "id": "k8s-objects:kind/automation",
            "name": "good first issue",
            "repository": "k8s-objects",
            "url": "https://api.github.com/repos/kubewarden/k8s-objects/labels/kind/automation"
          },
          "sensitive_attributes": [],
          "private": "bnVsbA==",
          "dependencies": [
            "module.kubewarden_k8s_objects_repository.github_repository.main"
          ]
        },
        {
          "index_key": 2,
          "schema_version": 0,
          "attributes": {
            "color": "3465A4",
            "description": "",
            "etag": "W/\"2f2fbfe948eb970a30d3f13e58c22af7b6d1e327b0cf45613c87ac07f6fd41f8\"",
            "id": "k8s-objects:kind/breaking-change",
            "name": "kind/automation",
            "repository": "k8s-objects",
            "url": "https://api.github.com/repos/kubewarden/k8s-objects/labels/kind/breaking-change"
          },
          "sensitive_attributes": [],
          "private": "bnVsbA==",
          "dependencies": [
            "module.kubewarden_k8s_objects_repository.github_repository.main"
          ]
        },
        {
          "index_key": 3,
          "schema_version": 0,
          "attributes": {
            "color": "FCE94F",
            "description": "",
            "etag": "W/\"e03b2983c6372132099d89d9ed3b9979f42b1171f91a0e6f1201f78a8bef0021\"",
            "id": "k8s-objects:kind/bug",
            "name": "kind/breaking-change",
            "repository": "k8s-objects",
            "url": "https://api.github.com/repos/kubewarden/k8s-objects/labels/kind/bug"
          },
          "sensitive_attributes": [],
          "private": "bnVsbA==",
          "dependencies": [
            "module.kubewarden_k8s_objects_repository.github_repository.main"
          ]
        },
        {
          "index_key": 4,
          "schema_version": 0,
          "attributes": {
            "color": "EF2929",
            "description": "",
            "etag": "W/\"abb93d9f774b00aa75922702ebe2396f1f307a8b6b73d81a2f64b8650dfd2311\"",
            "id": "k8s-objects:kind/chore",
            "name": "kind/bug",
            "repository": "k8s-objects",
            "url": "https://api.github.com/repos/kubewarden/k8s-objects/labels/kind/chore"
          },
          "sensitive_attributes": [],
          "private": "bnVsbA==",
          "dependencies": [
            "module.kubewarden_k8s_objects_repository.github_repository.main"
          ]
        },
        {
          "index_key": 5,
          "schema_version": 0,
          "attributes": {
            "color": "555753",
            "description": "",
            "etag": "W/\"fcf5f78f876c2525e30b03588039ecdfa2613169719b22814ccaf3fd93129560\"",
            "id": "k8s-objects:kind/enhancement",
            "name": "kind/chore",
            "repository": "k8s-objects",
            "url": "https://api.github.com/repos/kubewarden/k8s-objects/labels/kind/enhancement"
          },
          "sensitive_attributes": [],
          "private": "bnVsbA==",
          "dependencies": [
            "module.kubewarden_k8s_objects_repository.github_repository.main"
          ]
        },
        {
          "index_key": 6,
          "schema_version": 0,
          "attributes": {
            "color": "06989A",
            "description": "",
            "etag": "W/\"243a7f7ff0806189d2f2642a423c13790ecc977b00c4bc6faccecafc42b17d87\"",
            "id": "k8s-objects:kind/feature",
            "name": "kind/enhancement",
            "repository": "k8s-objects",
            "url": "https://api.github.com/repos/kubewarden/k8s-objects/labels/kind/feature"
          },
          "sensitive_attributes": [],
          "private": "bnVsbA==",
          "dependencies": [
            "module.kubewarden_k8s_objects_repository.github_repository.main"
          ]
        },
        {
          "index_key": 7,
          "schema_version": 0,
          "attributes": {
            "color": "34E2E2",
            "description": "",
            "etag": "W/\"680c8ae0ff0f1361732ba4834f1b002c3fa21000eeac5b186228dec2c04013c9\"",
            "id": "k8s-objects:kind/question",
            "name": "kind/feature",
            "repository": "k8s-objects",
            "url": "https://api.github.com/repos/kubewarden/k8s-objects/labels/kind/question"
          },
          "sensitive_attributes": [],
          "private": "bnVsbA==",
          "dependencies": [
            "module.kubewarden_k8s_objects_repository.github_repository.main"
          ]
        },
        {
          "index_key": 8,
          "schema_version": 0,
          "attributes": {
            "color": "ad7fa8",
            "description": "",
            "etag": "W/\"dec3cc682ce1e3bfe4f6b99d98bc6b820e6f243dbea3c49b5efbfad3b4e357d1\"",
            "id": "k8s-objects:kind/tech-debt",
            "name": "kind/question",
            "repository": "k8s-objects",
            "url": "https://api.github.com/repos/kubewarden/k8s-objects/labels/kind/tech-debt"
          },
          "sensitive_attributes": [],
          "private": "bnVsbA==",
          "dependencies": [
            "module.kubewarden_k8s_objects_repository.github_repository.main"
          ]
        },
        {
          "index_key": 9,
          "schema_version": 0,
          "attributes": {
            "color": "729FCF",
            "description": "",
            "etag": "W/\"6e0820e8e81b6e05f53c7cde4819a99252d12714a5db89a9390d352a1ef679e0\"",
            "id": "k8s-objects:kind/to-be-refined",
            "name": "kind/tech-debt",
            "repository": "k8s-objects",
            "url": "https://api.github.com/repos/kubewarden/k8s-objects/labels/kind/to-be-refined"
          },
          "sensitive_attributes": [],
          "private": "bnVsbA==",
          "dependencies": [
            "module.kubewarden_k8s_objects_repository.github_repository.main"
          ]
        },
        {
          "index_key": 10,
          "schema_version": 0,
          "attributes": {
            "color": "B14FCF",
            "description": "",
            "etag": "W/\"d418c4ed7bcf6c0072e8a1fa4fbf655af4bed341a58fb9e6608f0e24c5e1ca50\"",
            "id": "k8s-objects:release/minor",
            "name": "kind/to-be-refined",
            "repository": "k8s-objects",
            "url": "https://api.github.com/repos/kubewarden/k8s-objects/labels/release/minor"
          },
          "sensitive_attributes": [],
          "private": "bnVsbA==",
          "dependencies": [
            "module.kubewarden_k8s_objects_repository.github_repository.main"
          ]
        },
        {
          "index_key": 11,
          "schema_version": 0,
          "attributes": {
            "color": "8AE234",
            "description": "",
            "etag": "W/\"0de35282e71a9b619e67291eb4f824a73ff72f1455447bb7087715d9fdd1a07b\"",
            "id": "k8s-objects:release/major",
            "name": "release/major",
            "repository": "k8s-objects",
            "url": "https://api.github.com/repos/kubewarden/k8s-objects/labels/release/major"
          },
          "sensitive_attributes": [],
          "private": "bnVsbA==",
          "dependencies": [
            "module.kubewarden_k8s_objects_repository.github_repository.main"
          ]
        },
        {
          "index_key": 12,
          "schema_version": 0,
          "attributes": {
            "color": "4E9A06",
            "description": "",
            "etag": "W/\"007baff5321e5b9927721586a9ffb43e579101178cf1621009fb5f6b6f979e9d\"",
            "id": "k8s-objects:release/skip-changelog",
            "name": "release/minor",
            "repository": "k8s-objects",
            "url": "https://api.github.com/repos/kubewarden/k8s-objects/labels/release/skip-changelog"
          },
          "sensitive_attributes": [],
          "private": "bnVsbA==",
          "dependencies": [
            "module.kubewarden_k8s_objects_repository.github_repository.main"
          ]
        },
        {
          "index_key": 13,
          "schema_version": 0,
          "attributes": {
            "color": "aa6600",
            "description": "",
            "etag": "W/\"90b99768db1c1084f65da843fcf23c15394f19caca0b2d479aeb73ca3ac5a0dc\"",
            "id": "k8s-objects:release/patch",
            "name": "release/patch",
            "repository": "k8s-objects",
            "url": "https://api.github.com/repos/kubewarden/k8s-objects/labels/release/patch"
          },
          "sensitive_attributes": [],
          "private": "bnVsbA==",
          "dependencies": [
            "module.kubewarden_k8s_objects_repository.github_repository.main"
          ]
        },
        {
          "index_key": 14,
          "schema_version": 0,
          "attributes": {
            "color": "77cc00",
            "description": "",
            "etag": "W/\"007baff5321e5b9927721586a9ffb43e579101178cf1621009fb5f6b6f979e9d\"",
            "id": "k8s-objects:release/skip-changelog",
            "name": "release/skip-changelog",
            "repository": "k8s-objects",
            "url": "https://api.github.com/repos/kubewarden/k8s-objects/labels/release/skip-changelog"
          },
          "sensitive_attributes": [],
          "private": "bnVsbA==",
          "dependencies": [
            "module.kubewarden_k8s_objects_repository.github_repository.main"
          ]
        }
      ]
    },
    {
      "module": "module.kubewarden_k8s_objects_repository",
      "mode": "managed",
      "type": "github_repository",
      "name": "main",
      "provider": "provider[\"registry.terraform.io/integrations/github\"].kubewarden",
      "instances": [
        {
          "schema_version": 1,
          "attributes": {
            "allow_auto_merge": false,
            "allow_merge_commit": true,
            "allow_rebase_merge": true,
            "allow_squash_merge": true,
            "allow_update_branch": false,
            "archive_on_destroy": null,
            "archived": false,
            "auto_init": false,
            "default_branch": "main",
            "delete_branch_on_merge": false,
            "description": "Experimental: Kubernetes Go types that can be used with TinyGo",
            "etag": "W/\"4c757268d931df05bc185ac35e7eff1096d36e666e62316c7b774df4faf75553\"",
            "full_name": "kubewarden/k8s-objects",
            "git_clone_url": "git://github.com/kubewarden/k8s-objects.git",
            "gitignore_template": null,
            "has_discussions": false,
            "has_downloads": true,
            "has_issues": true,
            "has_projects": false,
            "has_wiki": true,
            "homepage_url": "https://github.com/kubewarden/",
            "html_url": "https://github.com/kubewarden/k8s-objects",
            "http_clone_url": "https://github.com/kubewarden/k8s-objects.git",
            "id": "k8s-objects",
            "ignore_vulnerability_alerts_during_read": null,
            "is_template": false,
            "license_template": null,
            "merge_commit_message": "PR_TITLE",
            "merge_commit_title": "MERGE_MESSAGE",
            "name": "k8s-objects",
            "node_id": "R_kgDOHVXvNw",
            "pages": [],
            "primary_language": "",
            "private": false,
            "repo_id": 492171063,
            "security_and_analysis": [
              {
                "advanced_security": [],
                "secret_scanning": [
                  {
                    "status": "enabled"
                  }
                ],
                "secret_scanning_push_protection": [
                  {
                    "status": "disabled"
                  }
                ]
              }
            ],
            "squash_merge_commit_message": "COMMIT_MESSAGES",
            "squash_merge_commit_title": "COMMIT_OR_PR_TITLE",
            "ssh_clone_url": "git@github.com:kubewarden/k8s-objects.git",
            "svn_url": "https://github.com/kubewarden/k8s-objects",
            "template": [],
            "topics": [
              "hacktoberfest",
              "kubernetes",
              "kubernetes-security",
              "policy-as-code",
              "webassembly"
            ],
            "visibility": "public",
            "vulnerability_alerts": true,
            "web_commit_signoff_required": true
          },
          "sensitive_attributes": [],
          "private": "eyJzY2hlbWFfdmVyc2lvbiI6IjEifQ=="
        }
      ]
    },
    {
      "module": "module.kubewarden_k8s_objects_repository",
      "mode": "managed",
      "type": "github_team_repository",
      "name": "gh_team_push_rights",
      "provider": "provider[\"registry.terraform.io/integrations/github\"].kubewarden",
      "instances": [
        {
          "index_key": 0,
          "schema_version": 0,
          "attributes": {
            "etag": "W/\"c43f9a9a61aa2b9d82be83022cf8cfec9d6c302338c73ee742a9aaac73050b4b\"",
            "id": "4972867:k8s-objects",
            "permission": "push",
            "repository": "k8s-objects",
            "team_id": "4972867"
          },
          "sensitive_attributes": [],
          "private": "bnVsbA==",
          "dependencies": [
            "data.github_team.kubewarden_developers",
            "module.kubewarden_k8s_objects_repository.github_repository.main"
          ]
        }
      ]
    },
    {
      "module": "module.kubewarden_kubewarden_controller_repository",
      "mode": "managed",
      "type": "github_app_installation_repository",
      "name": "app_dco",
      "provider": "provider[\"registry.terraform.io/integrations/github\"].kubewarden",
      "instances": [
        {
          "schema_version": 0,
          "attributes": {
            "id": "29141080:kubewarden-controller",
            "installation_id": "29141080",
            "repo_id": 318490971,
            "repository": "kubewarden-controller"
          },
          "sensitive_attributes": [],
          "private": "bnVsbA==",
          "dependencies": [
            "module.kubewarden_kubewarden_controller_repository.github_repository.main"
          ]
        }
      ]
    },
    {
      "module": "module.kubewarden_kubewarden_controller_repository",
      "mode": "managed",
      "type": "github_issue_label",
      "name": "label",
      "provider": "provider[\"registry.terraform.io/integrations/github\"].kubewarden",
      "instances": [
        {
          "index_key": 0,
          "schema_version": 0,
          "attributes": {
            "color": "D3D7CF",
            "description": "",
            "etag": "W/\"facd62256368452a2dcaaa7e094839d53a352bea23339c727d320107b0fb30ff\"",
            "id": "kubewarden-controller:area/dependencies",
            "name": "area/dependencies",
            "repository": "kubewarden-controller",
            "url": "https://api.github.com/repos/kubewarden/kubewarden-controller/labels/area/dependencies"
          },
          "sensitive_attributes": [],
          "private": "bnVsbA==",
          "dependencies": [
            "module.kubewarden_kubewarden_controller_repository.github_repository.main"
          ]
        },
        {
          "index_key": 1,
          "schema_version": 0,
          "attributes": {
            "color": "7057ff",
            "description": "",
            "etag": "W/\"d302e810b271af2e3486b7911d1ffc6122a355bf6555691e8aa8aca214ae71dc\"",
            "id": "kubewarden-controller:kind/automation",
            "name": "good first issue",
            "repository": "kubewarden-controller",
            "url": "https://api.github.com/repos/kubewarden/kubewarden-controller/labels/kind/automation"
          },
          "sensitive_attributes": [],
          "private": "bnVsbA==",
          "dependencies": [
            "module.kubewarden_kubewarden_controller_repository.github_repository.main"
          ]
        },
        {
          "index_key": 2,
          "schema_version": 0,
          "attributes": {
            "color": "3465A4",
            "description": "",
            "etag": "W/\"9054099352897ce79ff02940fb966a167b520ae5e57c7f73e35ff207f7eee4a8\"",
            "id": "kubewarden-controller:kind/breaking-change",
            "name": "kind/automation",
            "repository": "kubewarden-controller",
            "url": "https://api.github.com/repos/kubewarden/kubewarden-controller/labels/kind/breaking-change"
          },
          "sensitive_attributes": [],
          "private": "bnVsbA==",
          "dependencies": [
            "module.kubewarden_kubewarden_controller_repository.github_repository.main"
          ]
        },
        {
          "index_key": 3,
          "schema_version": 0,
          "attributes": {
            "color": "FCE94F",
            "description": "",
            "etag": "W/\"bd144d8f8c4b2893d0beeabeaf4e42a8963ccbae9d31a4eeb9cbcb41944af3fc\"",
            "id": "kubewarden-controller:kind/bug",
            "name": "kind/breaking-change",
            "repository": "kubewarden-controller",
            "url": "https://api.github.com/repos/kubewarden/kubewarden-controller/labels/kind/bug"
          },
          "sensitive_attributes": [],
          "private": "bnVsbA==",
          "dependencies": [
            "module.kubewarden_kubewarden_controller_repository.github_repository.main"
          ]
        },
        {
          "index_key": 4,
          "schema_version": 0,
          "attributes": {
            "color": "EF2929",
            "description": "",
            "etag": "W/\"96ba117397830b62e2e9f75b2e66f6169833a5ac7862fa4ae99d30a4bc2b6269\"",
            "id": "kubewarden-controller:kind/chore",
            "name": "kind/bug",
            "repository": "kubewarden-controller",
            "url": "https://api.github.com/repos/kubewarden/kubewarden-controller/labels/kind/chore"
          },
          "sensitive_attributes": [],
          "private": "bnVsbA==",
          "dependencies": [
            "module.kubewarden_kubewarden_controller_repository.github_repository.main"
          ]
        },
        {
          "index_key": 5,
          "schema_version": 0,
          "attributes": {
            "color": "555753",
            "description": "",
            "etag": "W/\"3af49d6431fd8587b043c10e1c2f4c14125a2c9010e7c4722303947f94b2144e\"",
            "id": "kubewarden-controller:kind/enhancement",
            "name": "kind/chore",
            "repository": "kubewarden-controller",
            "url": "https://api.github.com/repos/kubewarden/kubewarden-controller/labels/kind/enhancement"
          },
          "sensitive_attributes": [],
          "private": "bnVsbA==",
          "dependencies": [
            "module.kubewarden_kubewarden_controller_repository.github_repository.main"
          ]
        },
        {
          "index_key": 6,
          "schema_version": 0,
          "attributes": {
            "color": "06989A",
            "description": "",
            "etag": "W/\"979f39a6f1ce95e9fdca1d90b6d7d3a80684a599d718f9746d9102fe4ec64c99\"",
            "id": "kubewarden-controller:kind/feature",
            "name": "kind/enhancement",
            "repository": "kubewarden-controller",
            "url": "https://api.github.com/repos/kubewarden/kubewarden-controller/labels/kind/feature"
          },
          "sensitive_attributes": [],
          "private": "bnVsbA==",
          "dependencies": [
            "module.kubewarden_kubewarden_controller_repository.github_repository.main"
          ]
        },
        {
          "index_key": 7,
          "schema_version": 0,
          "attributes": {
            "color": "34E2E2",
            "description": "",
            "etag": "W/\"eca13dfd26f18d74f28b1611428e42757a62e3eda2f0ca1ee315ba923e727bf4\"",
            "id": "kubewarden-controller:kind/question",
            "name": "kind/feature",
            "repository": "kubewarden-controller",
            "url": "https://api.github.com/repos/kubewarden/kubewarden-controller/labels/kind/question"
          },
          "sensitive_attributes": [],
          "private": "bnVsbA==",
          "dependencies": [
            "module.kubewarden_kubewarden_controller_repository.github_repository.main"
          ]
        },
        {
          "index_key": 8,
          "schema_version": 0,
          "attributes": {
            "color": "ad7fa8",
            "description": "",
            "etag": "W/\"a95f7b9c2c662e82f3f770ace49d550f4d9262643162bb495ec2ecdcc7fd6b93\"",
            "id": "kubewarden-controller:kind/tech-debt",
            "name": "kind/question",
            "repository": "kubewarden-controller",
            "url": "https://api.github.com/repos/kubewarden/kubewarden-controller/labels/kind/tech-debt"
          },
          "sensitive_attributes": [],
          "private": "bnVsbA==",
          "dependencies": [
            "module.kubewarden_kubewarden_controller_repository.github_repository.main"
          ]
        },
        {
          "index_key": 9,
          "schema_version": 0,
          "attributes": {
            "color": "729FCF",
            "description": "",
            "etag": "W/\"4e03d69504f9d5db86d096a4d66de90be818281bfb56c58204b12b265a4bc541\"",
            "id": "kubewarden-controller:kind/to-be-refined",
            "name": "kind/tech-debt",
            "repository": "kubewarden-controller",
            "url": "https://api.github.com/repos/kubewarden/kubewarden-controller/labels/kind/to-be-refined"
          },
          "sensitive_attributes": [],
          "private": "bnVsbA==",
          "dependencies": [
            "module.kubewarden_kubewarden_controller_repository.github_repository.main"
          ]
        },
        {
          "index_key": 10,
          "schema_version": 0,
          "attributes": {
            "color": "B14FCF",
            "description": "",
            "etag": "W/\"d176a9101bc342206ca00cf0e060a9ccd35b26b99fdb32a51f41749f20ad861e\"",
            "id": "kubewarden-controller:release/minor",
            "name": "kind/to-be-refined",
            "repository": "kubewarden-controller",
            "url": "https://api.github.com/repos/kubewarden/kubewarden-controller/labels/release/minor"
          },
          "sensitive_attributes": [],
          "private": "bnVsbA==",
          "dependencies": [
            "module.kubewarden_kubewarden_controller_repository.github_repository.main"
          ]
        },
        {
          "index_key": 11,
          "schema_version": 0,
          "attributes": {
            "color": "8AE234",
            "description": "",
            "etag": "W/\"90b82f7c47fc88e203d52793bbcb3d2053dac28040c40b9eb7eb6272987928ed\"",
            "id": "kubewarden-controller:release/major",
            "name": "release/major",
            "repository": "kubewarden-controller",
            "url": "https://api.github.com/repos/kubewarden/kubewarden-controller/labels/release/major"
          },
          "sensitive_attributes": [],
          "private": "bnVsbA==",
          "dependencies": [
            "module.kubewarden_kubewarden_controller_repository.github_repository.main"
          ]
        },
        {
          "index_key": 12,
          "schema_version": 0,
          "attributes": {
            "color": "4E9A06",
            "description": "",
            "etag": "W/\"7cdc04f7b1238f1a945eb417adcaa9247b22a50ba02d3633b6a0a795e012a43c\"",
            "id": "kubewarden-controller:release/skip-changelog",
            "name": "release/minor",
            "repository": "kubewarden-controller",
            "url": "https://api.github.com/repos/kubewarden/kubewarden-controller/labels/release/skip-changelog"
          },
          "sensitive_attributes": [],
          "private": "bnVsbA==",
          "dependencies": [
            "module.kubewarden_kubewarden_controller_repository.github_repository.main"
          ]
        },
        {
          "index_key": 13,
          "schema_version": 0,
          "attributes": {
            "color": "aa6600",
            "description": "",
            "etag": "W/\"7cdc04f7b1238f1a945eb417adcaa9247b22a50ba02d3633b6a0a795e012a43c\"",
            "id": "kubewarden-controller:release/skip-changelog",
            "name": "release/patch",
            "repository": "kubewarden-controller",
            "url": "https://api.github.com/repos/kubewarden/kubewarden-controller/labels/release/skip-changelog"
          },
          "sensitive_attributes": [],
          "private": "bnVsbA==",
          "dependencies": [
            "module.kubewarden_kubewarden_controller_repository.github_repository.main"
          ]
        },
        {
          "index_key": 14,
          "schema_version": 0,
          "attributes": {
            "color": "77cc00",
            "description": "",
            "etag": "W/\"7cdc04f7b1238f1a945eb417adcaa9247b22a50ba02d3633b6a0a795e012a43c\"",
            "id": "kubewarden-controller:release/skip-changelog",
            "name": "release/skip-changelog",
            "repository": "kubewarden-controller",
            "url": "https://api.github.com/repos/kubewarden/kubewarden-controller/labels/release/skip-changelog"
          },
          "sensitive_attributes": [],
          "private": "bnVsbA==",
          "dependencies": [
            "module.kubewarden_kubewarden_controller_repository.github_repository.main"
          ]
        }
      ]
    },
    {
      "module": "module.kubewarden_kubewarden_controller_repository",
      "mode": "managed",
      "type": "github_repository",
      "name": "main",
      "provider": "provider[\"registry.terraform.io/integrations/github\"].kubewarden",
      "instances": [
        {
          "schema_version": 1,
          "attributes": {
            "allow_auto_merge": false,
            "allow_merge_commit": true,
            "allow_rebase_merge": true,
            "allow_squash_merge": true,
            "allow_update_branch": false,
            "archive_on_destroy": null,
            "archived": false,
            "auto_init": false,
            "default_branch": "main",
            "delete_branch_on_merge": false,
            "description": "Manage admission policies in your Kubernetes cluster with ease",
            "etag": "W/\"af33fa2c27e9943f6493598ffe9f4f72706732d3ee1f836eebe615be63f973e5\"",
            "full_name": "kubewarden/kubewarden-controller",
            "git_clone_url": "git://github.com/kubewarden/kubewarden-controller.git",
            "gitignore_template": null,
            "has_discussions": false,
            "has_downloads": true,
            "has_issues": true,
            "has_projects": false,
            "has_wiki": true,
            "homepage_url": "https://kubewarden.io",
            "html_url": "https://github.com/kubewarden/kubewarden-controller",
            "http_clone_url": "https://github.com/kubewarden/kubewarden-controller.git",
            "id": "kubewarden-controller",
            "ignore_vulnerability_alerts_during_read": null,
            "is_template": false,
            "license_template": null,
            "merge_commit_message": "PR_TITLE",
            "merge_commit_title": "MERGE_MESSAGE",
            "name": "kubewarden-controller",
            "node_id": "MDEwOlJlcG9zaXRvcnkzMTg0OTA5NzE=",
            "pages": [],
            "primary_language": "Go",
            "private": false,
            "repo_id": 318490971,
            "security_and_analysis": [
              {
                "advanced_security": [],
                "secret_scanning": [
                  {
                    "status": "enabled"
                  }
                ],
                "secret_scanning_push_protection": [
                  {
                    "status": "disabled"
                  }
                ]
              }
            ],
            "squash_merge_commit_message": "COMMIT_MESSAGES",
            "squash_merge_commit_title": "COMMIT_OR_PR_TITLE",
            "ssh_clone_url": "git@github.com:kubewarden/kubewarden-controller.git",
            "svn_url": "https://github.com/kubewarden/kubewarden-controller",
            "template": [],
            "topics": [
              "hacktoberfest",
              "kubernetes",
              "kubernetes-security",
              "policy-as-code",
              "webassembly"
            ],
            "visibility": "public",
            "vulnerability_alerts": true,
            "web_commit_signoff_required": true
          },
          "sensitive_attributes": [],
          "private": "eyJzY2hlbWFfdmVyc2lvbiI6IjEifQ=="
        }
      ]
    },
    {
      "module": "module.kubewarden_kubewarden_controller_repository",
      "mode": "managed",
      "type": "github_team_repository",
      "name": "gh_team_push_rights",
      "provider": "provider[\"registry.terraform.io/integrations/github\"].kubewarden",
      "instances": [
        {
          "index_key": 0,
          "schema_version": 0,
          "attributes": {
            "etag": "W/\"4b49472f5decde722ab8dc5578fde916f25f5be3df89bf48fb6ae08f813b6ab7\"",
            "id": "4972867:kubewarden-controller",
            "permission": "push",
            "repository": "kubewarden-controller",
            "team_id": "4972867"
          },
          "sensitive_attributes": [],
          "private": "bnVsbA==",
          "dependencies": [
            "data.github_team.kubewarden_developers",
            "module.kubewarden_kubewarden_controller_repository.github_repository.main"
          ]
        }
      ]
    },
    {
      "module": "module.kubewarden_kwctl_repository",
      "mode": "managed",
      "type": "github_app_installation_repository",
      "name": "app_dco",
      "provider": "provider[\"registry.terraform.io/integrations/github\"].kubewarden",
      "instances": [
        {
          "schema_version": 0,
          "attributes": {
            "id": "29141080:kwctl",
            "installation_id": "29141080",
            "repo_id": 360471642,
            "repository": "kwctl"
          },
          "sensitive_attributes": [],
          "private": "bnVsbA==",
          "dependencies": [
            "module.kubewarden_kwctl_repository.github_repository.main"
          ]
        }
      ]
    },
    {
      "module": "module.kubewarden_kwctl_repository",
      "mode": "managed",
      "type": "github_issue_label",
      "name": "label",
      "provider": "provider[\"registry.terraform.io/integrations/github\"].kubewarden",
      "instances": [
        {
          "index_key": 0,
          "schema_version": 0,
          "attributes": {
            "color": "D3D7CF",
            "description": "",
            "etag": "W/\"4eab662e83b4c11009225dac7faa5ddb4aaaf60756ce47ab2c4706cf7338a365\"",
            "id": "kwctl:area/dependencies",
            "name": "area/dependencies",
            "repository": "kwctl",
            "url": "https://api.github.com/repos/kubewarden/kwctl/labels/area/dependencies"
          },
          "sensitive_attributes": [],
          "private": "bnVsbA==",
          "dependencies": [
            "module.kubewarden_kwctl_repository.github_repository.main"
          ]
        },
        {
          "index_key": 1,
          "schema_version": 0,
          "attributes": {
            "color": "7057ff",
            "description": "",
            "etag": "W/\"208f993c5585aa17b4e90196031673ca7f5135a83302c4477fc792191648279f\"",
            "id": "kwctl:kind/automation",
            "name": "good first issue",
            "repository": "kwctl",
            "url": "https://api.github.com/repos/kubewarden/kwctl/labels/kind/automation"
          },
          "sensitive_attributes": [],
          "private": "bnVsbA==",
          "dependencies": [
            "module.kubewarden_kwctl_repository.github_repository.main"
          ]
        },
        {
          "index_key": 2,
          "schema_version": 0,
          "attributes": {
            "color": "3465A4",
            "description": "",
            "etag": "W/\"fcdc8f4267e362b71c29d57ec5eeea75883228b650636495b8a718795aebaa2a\"",
            "id": "kwctl:kind/breaking-change",
            "name": "kind/automation",
            "repository": "kwctl",
            "url": "https://api.github.com/repos/kubewarden/kwctl/labels/kind/breaking-change"
          },
          "sensitive_attributes": [],
          "private": "bnVsbA==",
          "dependencies": [
            "module.kubewarden_kwctl_repository.github_repository.main"
          ]
        },
        {
          "index_key": 3,
          "schema_version": 0,
          "attributes": {
            "color": "FCE94F",
            "description": "",
            "etag": "W/\"c0ce7956c6eac9874f2874ccc125742cff230c8cf96b0a13029d41243ad91908\"",
            "id": "kwctl:kind/bug",
            "name": "kind/breaking-change",
            "repository": "kwctl",
            "url": "https://api.github.com/repos/kubewarden/kwctl/labels/kind/bug"
          },
          "sensitive_attributes": [],
          "private": "bnVsbA==",
          "dependencies": [
            "module.kubewarden_kwctl_repository.github_repository.main"
          ]
        },
        {
          "index_key": 4,
          "schema_version": 0,
          "attributes": {
            "color": "EF2929",
            "description": "",
            "etag": "W/\"05b3f248c7eedbfd743f186ef34931cd8a902426a4cdbcf6e2e9721bd43ac0fa\"",
            "id": "kwctl:kind/chore",
            "name": "kind/bug",
            "repository": "kwctl",
            "url": "https://api.github.com/repos/kubewarden/kwctl/labels/kind/chore"
          },
          "sensitive_attributes": [],
          "private": "bnVsbA==",
          "dependencies": [
            "module.kubewarden_kwctl_repository.github_repository.main"
          ]
        },
        {
          "index_key": 5,
          "schema_version": 0,
          "attributes": {
            "color": "555753",
            "description": "",
            "etag": "W/\"a0a89eb83861b62973be1d90268ff50c82c4fad26ff67adf4cebdd07c5013e4e\"",
            "id": "kwctl:kind/enhancement",
            "name": "kind/chore",
            "repository": "kwctl",
            "url": "https://api.github.com/repos/kubewarden/kwctl/labels/kind/enhancement"
          },
          "sensitive_attributes": [],
          "private": "bnVsbA==",
          "dependencies": [
            "module.kubewarden_kwctl_repository.github_repository.main"
          ]
        },
        {
          "index_key": 6,
          "schema_version": 0,
          "attributes": {
            "color": "06989A",
            "description": "",
            "etag": "W/\"7cdbff4e4d4927d3edaa72f4edc39b24441dd6809cb60e37369a45de82fbce14\"",
            "id": "kwctl:kind/feature",
            "name": "kind/enhancement",
            "repository": "kwctl",
            "url": "https://api.github.com/repos/kubewarden/kwctl/labels/kind/feature"
          },
          "sensitive_attributes": [],
          "private": "bnVsbA==",
          "dependencies": [
            "module.kubewarden_kwctl_repository.github_repository.main"
          ]
        },
        {
          "index_key": 7,
          "schema_version": 0,
          "attributes": {
            "color": "34E2E2",
            "description": "",
            "etag": "W/\"6d86021185c14538d5de28ed273cbee505d9f01e61fe9a76cfe36952101991b0\"",
            "id": "kwctl:kind/question",
            "name": "kind/feature",
            "repository": "kwctl",
            "url": "https://api.github.com/repos/kubewarden/kwctl/labels/kind/question"
          },
          "sensitive_attributes": [],
          "private": "bnVsbA==",
          "dependencies": [
            "module.kubewarden_kwctl_repository.github_repository.main"
          ]
        },
        {
          "index_key": 8,
          "schema_version": 0,
          "attributes": {
            "color": "ad7fa8",
            "description": "",
            "etag": "W/\"ba56ef373fd0aca72d5e7dd6e5e1b9ae6baaeabd9abc9b3d7215b1a0b72c5eef\"",
            "id": "kwctl:kind/tech-debt",
            "name": "kind/question",
            "repository": "kwctl",
            "url": "https://api.github.com/repos/kubewarden/kwctl/labels/kind/tech-debt"
          },
          "sensitive_attributes": [],
          "private": "bnVsbA==",
          "dependencies": [
            "module.kubewarden_kwctl_repository.github_repository.main"
          ]
        },
        {
          "index_key": 9,
          "schema_version": 0,
          "attributes": {
            "color": "729FCF",
            "description": "",
            "etag": "W/\"d1775780a7480a1687385c51c4dc92d32a5163190875874631f1ca0de765fa1f\"",
            "id": "kwctl:kind/to-be-refined",
            "name": "kind/tech-debt",
            "repository": "kwctl",
            "url": "https://api.github.com/repos/kubewarden/kwctl/labels/kind/to-be-refined"
          },
          "sensitive_attributes": [],
          "private": "bnVsbA==",
          "dependencies": [
            "module.kubewarden_kwctl_repository.github_repository.main"
          ]
        },
        {
          "index_key": 10,
          "schema_version": 0,
          "attributes": {
            "color": "B14FCF",
            "description": "",
            "etag": "W/\"979a02ad3646e558ed5f2bbac6e8b361fdf0929626391d8bad616506b5ab2d4d\"",
            "id": "kwctl:release/major",
            "name": "kind/to-be-refined",
            "repository": "kwctl",
            "url": "https://api.github.com/repos/kubewarden/kwctl/labels/release/major"
          },
          "sensitive_attributes": [],
          "private": "bnVsbA==",
          "dependencies": [
            "module.kubewarden_kwctl_repository.github_repository.main"
          ]
        },
        {
          "index_key": 11,
          "schema_version": 0,
          "attributes": {
            "color": "8AE234",
            "description": "",
            "etag": "W/\"3fa2a8ae4e3ea3692a8ffab90586d2644448f0dedb070807a25e095d47ddb3f4\"",
            "id": "kwctl:release/minor",
            "name": "release/major",
            "repository": "kwctl",
            "url": "https://api.github.com/repos/kubewarden/kwctl/labels/release/minor"
          },
          "sensitive_attributes": [],
          "private": "bnVsbA==",
          "dependencies": [
            "module.kubewarden_kwctl_repository.github_repository.main"
          ]
        },
        {
          "index_key": 12,
          "schema_version": 0,
          "attributes": {
            "color": "4E9A06",
            "description": "",
            "etag": "W/\"ff8e50c30191336b8071b093f629cf479b18bdee0a9fce77b7178a402d600e03\"",
            "id": "kwctl:release/patch",
            "name": "release/minor",
            "repository": "kwctl",
            "url": "https://api.github.com/repos/kubewarden/kwctl/labels/release/patch"
          },
          "sensitive_attributes": [],
          "private": "bnVsbA==",
          "dependencies": [
            "module.kubewarden_kwctl_repository.github_repository.main"
          ]
        },
        {
          "index_key": 13,
          "schema_version": 0,
          "attributes": {
            "color": "aa6600",
            "description": "",
            "etag": "W/\"f8d92a5e052f265a13587fc1b11d3f3b202cff404a01ef8ab9dbc01dffc07014\"",
            "id": "kwctl:release/skip-changelog",
            "name": "release/patch",
            "repository": "kwctl",
            "url": "https://api.github.com/repos/kubewarden/kwctl/labels/release/skip-changelog"
          },
          "sensitive_attributes": [],
          "private": "bnVsbA==",
          "dependencies": [
            "module.kubewarden_kwctl_repository.github_repository.main"
          ]
        },
        {
          "index_key": 14,
          "schema_version": 0,
          "attributes": {
            "color": "77cc00",
            "description": "",
            "etag": "W/\"848adbdf9ce5915ecaa1f15fa80862b45be26ed1d98d63ee88897b242a93e7bd\"",
            "id": "kwctl:release/skip-changelog",
            "name": "release/skip-changelog",
            "repository": "kwctl",
            "url": "https://api.github.com/repos/kubewarden/kwctl/labels/release/skip-changelog"
          },
          "sensitive_attributes": [],
          "private": "bnVsbA==",
          "dependencies": [
            "module.kubewarden_kwctl_repository.github_repository.main"
          ]
        }
      ]
    },
    {
      "module": "module.kubewarden_kwctl_repository",
      "mode": "managed",
      "type": "github_repository",
      "name": "main",
      "provider": "provider[\"registry.terraform.io/integrations/github\"].kubewarden",
      "instances": [
        {
          "schema_version": 1,
          "attributes": {
            "allow_auto_merge": false,
            "allow_merge_commit": true,
            "allow_rebase_merge": true,
            "allow_squash_merge": true,
            "allow_update_branch": false,
            "archive_on_destroy": null,
            "archived": false,
            "auto_init": false,
            "default_branch": "main",
            "delete_branch_on_merge": false,
            "description": "Go-to CLI tool for Kubewarden users",
            "etag": "W/\"9f243b250409f05adbbdd1780c0ec6669be7fd662f4687e8aa1a2fd95ce4baec\"",
            "full_name": "kubewarden/kwctl",
            "git_clone_url": "git://github.com/kubewarden/kwctl.git",
            "gitignore_template": null,
            "has_discussions": false,
            "has_downloads": true,
            "has_issues": true,
            "has_projects": false,
            "has_wiki": true,
            "homepage_url": "https://kubewarden.io",
            "html_url": "https://github.com/kubewarden/kwctl",
            "http_clone_url": "https://github.com/kubewarden/kwctl.git",
            "id": "kwctl",
            "ignore_vulnerability_alerts_during_read": null,
            "is_template": false,
            "license_template": null,
            "merge_commit_message": "PR_TITLE",
            "merge_commit_title": "MERGE_MESSAGE",
            "name": "kwctl",
            "node_id": "MDEwOlJlcG9zaXRvcnkzNjA0NzE2NDI=",
            "pages": [],
            "primary_language": "Rust",
            "private": false,
            "repo_id": 360471642,
            "security_and_analysis": [
              {
                "advanced_security": [],
                "secret_scanning": [
                  {
                    "status": "enabled"
                  }
                ],
                "secret_scanning_push_protection": [
                  {
                    "status": "disabled"
                  }
                ]
              }
            ],
            "squash_merge_commit_message": "COMMIT_MESSAGES",
            "squash_merge_commit_title": "COMMIT_OR_PR_TITLE",
            "ssh_clone_url": "git@github.com:kubewarden/kwctl.git",
            "svn_url": "https://github.com/kubewarden/kwctl",
            "template": [],
            "topics": [
              "hacktoberfest",
              "kubernetes",
              "kubernetes-security",
              "policy-as-code",
              "webassembly"
            ],
            "visibility": "public",
            "vulnerability_alerts": true,
            "web_commit_signoff_required": true
          },
          "sensitive_attributes": [],
          "private": "eyJzY2hlbWFfdmVyc2lvbiI6IjEifQ=="
        }
      ]
    },
    {
      "module": "module.kubewarden_kwctl_repository",
      "mode": "managed",
      "type": "github_team_repository",
      "name": "gh_team_push_rights",
      "provider": "provider[\"registry.terraform.io/integrations/github\"].kubewarden",
      "instances": [
        {
          "index_key": 0,
          "schema_version": 0,
          "attributes": {
            "etag": "W/\"8758df1c9f8801482ac556f47fab451964c54ece2d5088e821d4da68e0ea34af\"",
            "id": "4972867:kwctl",
            "permission": "push",
            "repository": "kwctl",
            "team_id": "4972867"
          },
          "sensitive_attributes": [],
          "private": "bnVsbA==",
          "dependencies": [
            "data.github_team.kubewarden_developers",
            "module.kubewarden_kwctl_repository.github_repository.main"
          ]
        }
      ]
    },
    {
      "module": "module.kubewarden_load_testing_repository",
      "mode": "managed",
      "type": "github_app_installation_repository",
      "name": "app_dco",
      "provider": "provider[\"registry.terraform.io/integrations/github\"].kubewarden",
      "instances": [
        {
          "schema_version": 0,
          "attributes": {
            "id": "29141080:load-testing",
            "installation_id": "29141080",
            "repo_id": 387539493,
            "repository": "load-testing"
          },
          "sensitive_attributes": [],
          "private": "bnVsbA==",
          "dependencies": [
            "module.kubewarden_load_testing_repository.github_repository.main"
          ]
        }
      ]
    },
    {
      "module": "module.kubewarden_load_testing_repository",
      "mode": "managed",
      "type": "github_issue_label",
      "name": "label",
      "provider": "provider[\"registry.terraform.io/integrations/github\"].kubewarden",
      "instances": [
        {
          "index_key": 0,
          "schema_version": 0,
          "attributes": {
            "color": "D3D7CF",
            "description": "",
            "etag": "W/\"17c7b5aec464672858c6a1d4eb95d805d38e18f9d461c0882a8de6b2b9773fbe\"",
            "id": "load-testing:area/dependencies",
            "name": "area/dependencies",
            "repository": "load-testing",
            "url": "https://api.github.com/repos/kubewarden/load-testing/labels/area/dependencies"
          },
          "sensitive_attributes": [],
          "private": "bnVsbA==",
          "dependencies": [
            "module.kubewarden_load_testing_repository.github_repository.main"
          ]
        },
        {
          "index_key": 1,
          "schema_version": 0,
          "attributes": {
            "color": "7057ff",
            "description": "",
            "etag": "W/\"686cbb204c9a5b77298554a67759eecad3f8236be45a8dbe868f431ff2c00f60\"",
            "id": "load-testing:kind/automation",
            "name": "good first issue",
            "repository": "load-testing",
            "url": "https://api.github.com/repos/kubewarden/load-testing/labels/kind/automation"
          },
          "sensitive_attributes": [],
          "private": "bnVsbA==",
          "dependencies": [
            "module.kubewarden_load_testing_repository.github_repository.main"
          ]
        },
        {
          "index_key": 2,
          "schema_version": 0,
          "attributes": {
            "color": "3465A4",
            "description": "",
            "etag": "W/\"fea82dddb5cfa5f67f7bcc51521235ed04696cd9ad7ab8c3599e451dde35e000\"",
            "id": "load-testing:kind/breaking-change",
            "name": "kind/automation",
            "repository": "load-testing",
            "url": "https://api.github.com/repos/kubewarden/load-testing/labels/kind/breaking-change"
          },
          "sensitive_attributes": [],
          "private": "bnVsbA==",
          "dependencies": [
            "module.kubewarden_load_testing_repository.github_repository.main"
          ]
        },
        {
          "index_key": 3,
          "schema_version": 0,
          "attributes": {
            "color": "FCE94F",
            "description": "",
            "etag": "W/\"8d6cf47393926b94e4fab5ae0857853d53a3495cb357ec2d12b3faf30f3097f7\"",
            "id": "load-testing:kind/bug",
            "name": "kind/breaking-change",
            "repository": "load-testing",
            "url": "https://api.github.com/repos/kubewarden/load-testing/labels/kind/bug"
          },
          "sensitive_attributes": [],
          "private": "bnVsbA==",
          "dependencies": [
            "module.kubewarden_load_testing_repository.github_repository.main"
          ]
        },
        {
          "index_key": 4,
          "schema_version": 0,
          "attributes": {
            "color": "EF2929",
            "description": "",
            "etag": "W/\"58c590c82c8b35cc2825c72f2a8a910c1bdb23b5141a5fc29da682d338cb52f1\"",
            "id": "load-testing:kind/chore",
            "name": "kind/bug",
            "repository": "load-testing",
            "url": "https://api.github.com/repos/kubewarden/load-testing/labels/kind/chore"
          },
          "sensitive_attributes": [],
          "private": "bnVsbA==",
          "dependencies": [
            "module.kubewarden_load_testing_repository.github_repository.main"
          ]
        },
        {
          "index_key": 5,
          "schema_version": 0,
          "attributes": {
            "color": "555753",
            "description": "",
            "etag": "W/\"481aa1479f4224fd60ae5e4177e346a737578ba4af27a03d23910f9e71edfb74\"",
            "id": "load-testing:kind/enhancement",
            "name": "kind/chore",
            "repository": "load-testing",
            "url": "https://api.github.com/repos/kubewarden/load-testing/labels/kind/enhancement"
          },
          "sensitive_attributes": [],
          "private": "bnVsbA==",
          "dependencies": [
            "module.kubewarden_load_testing_repository.github_repository.main"
          ]
        },
        {
          "index_key": 6,
          "schema_version": 0,
          "attributes": {
            "color": "06989A",
            "description": "",
            "etag": "W/\"8b9bb0ccc44291bf9ef5625c03376a21c87648d1e73ccec6e324e1aeced81734\"",
            "id": "load-testing:kind/feature",
            "name": "kind/enhancement",
            "repository": "load-testing",
            "url": "https://api.github.com/repos/kubewarden/load-testing/labels/kind/feature"
          },
          "sensitive_attributes": [],
          "private": "bnVsbA==",
          "dependencies": [
            "module.kubewarden_load_testing_repository.github_repository.main"
          ]
        },
        {
          "index_key": 7,
          "schema_version": 0,
          "attributes": {
            "color": "34E2E2",
            "description": "",
            "etag": "W/\"bb911cb837daa26f27c27b30ed4a3e336631141358ea0db1d5490c0e24417492\"",
            "id": "load-testing:kind/question",
            "name": "kind/feature",
            "repository": "load-testing",
            "url": "https://api.github.com/repos/kubewarden/load-testing/labels/kind/question"
          },
          "sensitive_attributes": [],
          "private": "bnVsbA==",
          "dependencies": [
            "module.kubewarden_load_testing_repository.github_repository.main"
          ]
        },
        {
          "index_key": 8,
          "schema_version": 0,
          "attributes": {
            "color": "ad7fa8",
            "description": "",
            "etag": "W/\"0879aef3979bfc24062329d9a1e07e80558ff54a4e27bdca86f65c15fb3f612c\"",
            "id": "load-testing:kind/tech-debt",
            "name": "kind/question",
            "repository": "load-testing",
            "url": "https://api.github.com/repos/kubewarden/load-testing/labels/kind/tech-debt"
          },
          "sensitive_attributes": [],
          "private": "bnVsbA==",
          "dependencies": [
            "module.kubewarden_load_testing_repository.github_repository.main"
          ]
        },
        {
          "index_key": 9,
          "schema_version": 0,
          "attributes": {
            "color": "729FCF",
            "description": "",
            "etag": "W/\"2db0e4f2fbb5c781b2bdeb0f8b032f0c7d17c96b061ed6bdfc612d2a393552f9\"",
            "id": "load-testing:kind/to-be-refined",
            "name": "kind/tech-debt",
            "repository": "load-testing",
            "url": "https://api.github.com/repos/kubewarden/load-testing/labels/kind/to-be-refined"
          },
          "sensitive_attributes": [],
          "private": "bnVsbA==",
          "dependencies": [
            "module.kubewarden_load_testing_repository.github_repository.main"
          ]
        },
        {
          "index_key": 10,
          "schema_version": 0,
          "attributes": {
            "color": "B14FCF",
            "description": "",
            "etag": "W/\"3d7246519466efb4e17dd25353afc322cf39f5e90a68f297ce6788a4d259a399\"",
            "id": "load-testing:release/minor",
            "name": "kind/to-be-refined",
            "repository": "load-testing",
            "url": "https://api.github.com/repos/kubewarden/load-testing/labels/release/minor"
          },
          "sensitive_attributes": [],
          "private": "bnVsbA==",
          "dependencies": [
            "module.kubewarden_load_testing_repository.github_repository.main"
          ]
        },
        {
          "index_key": 11,
          "schema_version": 0,
          "attributes": {
            "color": "8AE234",
            "description": "",
            "etag": "W/\"acc3c04188995b1a11aa3b125cd7b757a0fce6d325d13fac03bba1d00653e0e5\"",
            "id": "load-testing:release/major",
            "name": "release/major",
            "repository": "load-testing",
            "url": "https://api.github.com/repos/kubewarden/load-testing/labels/release/major"
          },
          "sensitive_attributes": [],
          "private": "bnVsbA==",
          "dependencies": [
            "module.kubewarden_load_testing_repository.github_repository.main"
          ]
        },
        {
          "index_key": 12,
          "schema_version": 0,
          "attributes": {
            "color": "4E9A06",
            "description": "",
            "etag": "W/\"94f653f36cdfa73dc27a2dcdabed9d99815e14094c45d9531ab13ddf3c07df15\"",
            "id": "load-testing:release/skip-changelog",
            "name": "release/minor",
            "repository": "load-testing",
            "url": "https://api.github.com/repos/kubewarden/load-testing/labels/release/skip-changelog"
          },
          "sensitive_attributes": [],
          "private": "bnVsbA==",
          "dependencies": [
            "module.kubewarden_load_testing_repository.github_repository.main"
          ]
        },
        {
          "index_key": 13,
          "schema_version": 0,
          "attributes": {
            "color": "aa6600",
            "description": "",
            "etag": "W/\"31da04745693c1184feb3318aa990577a6c090b27da1ebd35c28e1d5b34e2393\"",
            "id": "load-testing:release/patch",
            "name": "release/patch",
            "repository": "load-testing",
            "url": "https://api.github.com/repos/kubewarden/load-testing/labels/release/patch"
          },
          "sensitive_attributes": [],
          "private": "bnVsbA==",
          "dependencies": [
            "module.kubewarden_load_testing_repository.github_repository.main"
          ]
        }
      ]
    },
    {
      "module": "module.kubewarden_load_testing_repository",
      "mode": "managed",
      "type": "github_repository",
      "name": "main",
      "provider": "provider[\"registry.terraform.io/integrations/github\"].kubewarden",
      "instances": [
        {
          "schema_version": 1,
          "attributes": {
            "allow_auto_merge": false,
            "allow_merge_commit": true,
            "allow_rebase_merge": true,
            "allow_squash_merge": true,
            "allow_update_branch": false,
            "archive_on_destroy": null,
            "archived": false,
            "auto_init": false,
            "default_branch": "main",
            "delete_branch_on_merge": false,
            "description": "HTTP load to stress policy-server",
            "etag": "W/\"31f1da12df1eaa5b3ff2766c23a8979abff5ce825fb1d9ea0488d7d6920dd6e0\"",
            "full_name": "kubewarden/load-testing",
            "git_clone_url": "git://github.com/kubewarden/load-testing.git",
            "gitignore_template": null,
            "has_discussions": false,
            "has_downloads": true,
            "has_issues": true,
            "has_projects": false,
            "has_wiki": true,
            "homepage_url": "https://github.com/kubewarden/",
            "html_url": "https://github.com/kubewarden/load-testing",
            "http_clone_url": "https://github.com/kubewarden/load-testing.git",
            "id": "load-testing",
            "ignore_vulnerability_alerts_during_read": null,
            "is_template": false,
            "license_template": null,
            "merge_commit_message": "PR_TITLE",
            "merge_commit_title": "MERGE_MESSAGE",
            "name": "load-testing",
            "node_id": "MDEwOlJlcG9zaXRvcnkzODc1Mzk0OTM=",
            "pages": [],
            "primary_language": "Python",
            "private": false,
            "repo_id": 387539493,
            "security_and_analysis": [
              {
                "advanced_security": [],
                "secret_scanning": [
                  {
                    "status": "enabled"
                  }
                ],
                "secret_scanning_push_protection": [
                  {
                    "status": "disabled"
                  }
                ]
              }
            ],
            "squash_merge_commit_message": "COMMIT_MESSAGES",
            "squash_merge_commit_title": "COMMIT_OR_PR_TITLE",
            "ssh_clone_url": "git@github.com:kubewarden/load-testing.git",
            "svn_url": "https://github.com/kubewarden/load-testing",
            "template": [],
            "topics": [
              "hacktoberfest",
              "kubernetes",
              "kubernetes-security",
              "policy-as-code",
              "webassembly"
            ],
            "visibility": "public",
            "vulnerability_alerts": true,
            "web_commit_signoff_required": true
          },
          "sensitive_attributes": [],
          "private": "eyJzY2hlbWFfdmVyc2lvbiI6IjEifQ=="
        }
      ]
    },
    {
      "module": "module.kubewarden_load_testing_repository",
      "mode": "managed",
      "type": "github_team_repository",
      "name": "gh_team_push_rights",
      "provider": "provider[\"registry.terraform.io/integrations/github\"].kubewarden",
      "instances": [
        {
          "index_key": 0,
          "schema_version": 0,
          "attributes": {
            "etag": "W/\"c9ba81cdca568fc1a01f55734c316aca687aa824a7320afa11ff51d589230380\"",
            "id": "4972867:load-testing",
            "permission": "push",
            "repository": "load-testing",
            "team_id": "4972867"
          },
          "sensitive_attributes": [],
          "private": "bnVsbA==",
          "dependencies": [
            "data.github_team.kubewarden_developers",
            "module.kubewarden_load_testing_repository.github_repository.main"
          ]
        }
      ]
    },
    {
      "module": "module.kubewarden_policy_fetcher_repository",
      "mode": "managed",
      "type": "github_app_installation_repository",
      "name": "app_dco",
      "provider": "provider[\"registry.terraform.io/integrations/github\"].kubewarden",
      "instances": [
        {
          "schema_version": 0,
          "attributes": {
            "id": "29141080:policy-fetcher",
            "installation_id": "29141080",
            "repo_id": 360458827,
            "repository": "policy-fetcher"
          },
          "sensitive_attributes": [],
          "private": "bnVsbA==",
          "dependencies": [
            "module.kubewarden_policy_fetcher_repository.github_repository.main"
          ]
        }
      ]
    },
    {
      "module": "module.kubewarden_policy_fetcher_repository",
      "mode": "managed",
      "type": "github_issue_label",
      "name": "label",
      "provider": "provider[\"registry.terraform.io/integrations/github\"].kubewarden",
      "instances": [
        {
          "index_key": 0,
          "schema_version": 0,
          "attributes": {
            "color": "D3D7CF",
            "description": "",
            "etag": "W/\"856d08c96c0a0743ef7d285a04dbe70eea810a49812236fcdee8576b56e81526\"",
            "id": "policy-fetcher:area/dependencies",
            "name": "area/dependencies",
            "repository": "policy-fetcher",
            "url": "https://api.github.com/repos/kubewarden/policy-fetcher/labels/area/dependencies"
          },
          "sensitive_attributes": [],
          "private": "bnVsbA==",
          "dependencies": [
            "module.kubewarden_policy_fetcher_repository.github_repository.main"
          ]
        },
        {
          "index_key": 1,
          "schema_version": 0,
          "attributes": {
            "color": "7057ff",
            "description": "",
            "etag": "W/\"8110c794dc74e411a9bd1316ee30f5fcfe3cbd5efe7e72008b769caa61bb4b1d\"",
            "id": "policy-fetcher:kind/automation",
            "name": "good first issue",
            "repository": "policy-fetcher",
            "url": "https://api.github.com/repos/kubewarden/policy-fetcher/labels/kind/automation"
          },
          "sensitive_attributes": [],
          "private": "bnVsbA==",
          "dependencies": [
            "module.kubewarden_policy_fetcher_repository.github_repository.main"
          ]
        },
        {
          "index_key": 2,
          "schema_version": 0,
          "attributes": {
            "color": "3465A4",
            "description": "",
            "etag": "W/\"4cb8c611fcac786b64e0e81c61f170c7dc2e8005f3940209398d9bf131bdb764\"",
            "id": "policy-fetcher:kind/breaking-change",
            "name": "kind/automation",
            "repository": "policy-fetcher",
            "url": "https://api.github.com/repos/kubewarden/policy-fetcher/labels/kind/breaking-change"
          },
          "sensitive_attributes": [],
          "private": "bnVsbA==",
          "dependencies": [
            "module.kubewarden_policy_fetcher_repository.github_repository.main"
          ]
        },
        {
          "index_key": 3,
          "schema_version": 0,
          "attributes": {
            "color": "FCE94F",
            "description": "",
            "etag": "W/\"a01f9436ad19116f3c12f17850debeb6b8d26356deacc54002681f3bf3f6f6ad\"",
            "id": "policy-fetcher:kind/bug",
            "name": "kind/breaking-change",
            "repository": "policy-fetcher",
            "url": "https://api.github.com/repos/kubewarden/policy-fetcher/labels/kind/bug"
          },
          "sensitive_attributes": [],
          "private": "bnVsbA==",
          "dependencies": [
            "module.kubewarden_policy_fetcher_repository.github_repository.main"
          ]
        },
        {
          "index_key": 4,
          "schema_version": 0,
          "attributes": {
            "color": "EF2929",
            "description": "",
            "etag": "W/\"790f23814f78b9f4c58173d0d7a14f54e9bccf63ad457bd05830e4afe5eb1f99\"",
            "id": "policy-fetcher:kind/chore",
            "name": "kind/bug",
            "repository": "policy-fetcher",
            "url": "https://api.github.com/repos/kubewarden/policy-fetcher/labels/kind/chore"
          },
          "sensitive_attributes": [],
          "private": "bnVsbA==",
          "dependencies": [
            "module.kubewarden_policy_fetcher_repository.github_repository.main"
          ]
        },
        {
          "index_key": 5,
          "schema_version": 0,
          "attributes": {
            "color": "555753",
            "description": "",
            "etag": "W/\"54c9015737ab4acd46ad40400d2e69c1aea0019ee8eebd11282c4c808ce38e04\"",
            "id": "policy-fetcher:kind/enhancement",
            "name": "kind/chore",
            "repository": "policy-fetcher",
            "url": "https://api.github.com/repos/kubewarden/policy-fetcher/labels/kind/enhancement"
          },
          "sensitive_attributes": [],
          "private": "bnVsbA==",
          "dependencies": [
            "module.kubewarden_policy_fetcher_repository.github_repository.main"
          ]
        },
        {
          "index_key": 6,
          "schema_version": 0,
          "attributes": {
            "color": "06989A",
            "description": "",
            "etag": "W/\"11a5ce95887f72458942c3f89663e950414491131209c0d1833a4b3f950a23c3\"",
            "id": "policy-fetcher:kind/feature",
            "name": "kind/enhancement",
            "repository": "policy-fetcher",
            "url": "https://api.github.com/repos/kubewarden/policy-fetcher/labels/kind/feature"
          },
          "sensitive_attributes": [],
          "private": "bnVsbA==",
          "dependencies": [
            "module.kubewarden_policy_fetcher_repository.github_repository.main"
          ]
        },
        {
          "index_key": 7,
          "schema_version": 0,
          "attributes": {
            "color": "34E2E2",
            "description": "",
            "etag": "W/\"d12806c8dcda7227d47f20e0373e3fa86125792f71c4ced97ef19858110bde25\"",
            "id": "policy-fetcher:kind/question",
            "name": "kind/feature",
            "repository": "policy-fetcher",
            "url": "https://api.github.com/repos/kubewarden/policy-fetcher/labels/kind/question"
          },
          "sensitive_attributes": [],
          "private": "bnVsbA==",
          "dependencies": [
            "module.kubewarden_policy_fetcher_repository.github_repository.main"
          ]
        },
        {
          "index_key": 8,
          "schema_version": 0,
          "attributes": {
            "color": "ad7fa8",
            "description": "",
            "etag": "W/\"240f8eba3d550f3894929bbfaa51e486a2caee45cbc3b6e43f47a82f4bf92fdf\"",
            "id": "policy-fetcher:kind/tech-debt",
            "name": "kind/question",
            "repository": "policy-fetcher",
            "url": "https://api.github.com/repos/kubewarden/policy-fetcher/labels/kind/tech-debt"
          },
          "sensitive_attributes": [],
          "private": "bnVsbA==",
          "dependencies": [
            "module.kubewarden_policy_fetcher_repository.github_repository.main"
          ]
        },
        {
          "index_key": 9,
          "schema_version": 0,
          "attributes": {
            "color": "729FCF",
            "description": "",
            "etag": "W/\"d6adf07c392a5d92b53c160dfb756c25d0defd8ead1dbf22fdb8102e58038107\"",
            "id": "policy-fetcher:kind/to-be-refined",
            "name": "kind/tech-debt",
            "repository": "policy-fetcher",
            "url": "https://api.github.com/repos/kubewarden/policy-fetcher/labels/kind/to-be-refined"
          },
          "sensitive_attributes": [],
          "private": "bnVsbA==",
          "dependencies": [
            "module.kubewarden_policy_fetcher_repository.github_repository.main"
          ]
        },
        {
          "index_key": 10,
          "schema_version": 0,
          "attributes": {
            "color": "B14FCF",
            "description": "",
            "etag": "W/\"e6ef567d7648e63d0c55b13ce57bd0278ea3be15021a6a63e6db459625c90061\"",
            "id": "policy-fetcher:release/minor",
            "name": "kind/to-be-refined",
            "repository": "policy-fetcher",
            "url": "https://api.github.com/repos/kubewarden/policy-fetcher/labels/release/minor"
          },
          "sensitive_attributes": [],
          "private": "bnVsbA==",
          "dependencies": [
            "module.kubewarden_policy_fetcher_repository.github_repository.main"
          ]
        },
        {
          "index_key": 11,
          "schema_version": 0,
          "attributes": {
            "color": "8AE234",
            "description": "",
            "etag": "W/\"3ab07d0ceb76f38f9b0d933c8b6941f81f25e7a0d2a0db1ef89a356919b7e496\"",
            "id": "policy-fetcher:release/major",
            "name": "release/major",
            "repository": "policy-fetcher",
            "url": "https://api.github.com/repos/kubewarden/policy-fetcher/labels/release/major"
          },
          "sensitive_attributes": [],
          "private": "bnVsbA==",
          "dependencies": [
            "module.kubewarden_policy_fetcher_repository.github_repository.main"
          ]
        },
        {
          "index_key": 12,
          "schema_version": 0,
          "attributes": {
            "color": "4E9A06",
            "description": "",
            "etag": "W/\"2ef411b3de674ca1f06c8956b0b065c7be5de9b6feae43a6d4e9e5f9b43a3f6e\"",
            "id": "policy-fetcher:release/skip-changelog",
            "name": "release/minor",
            "repository": "policy-fetcher",
            "url": "https://api.github.com/repos/kubewarden/policy-fetcher/labels/release/skip-changelog"
          },
          "sensitive_attributes": [],
          "private": "bnVsbA==",
          "dependencies": [
            "module.kubewarden_policy_fetcher_repository.github_repository.main"
          ]
        },
        {
          "index_key": 13,
          "schema_version": 0,
          "attributes": {
            "color": "aa6600",
            "description": "",
            "etag": "W/\"7b4ca89252100980595de877db6d8bc2835c4af24a4e2748c6f603e1938cb81a\"",
            "id": "policy-fetcher:release/patch",
            "name": "release/patch",
            "repository": "policy-fetcher",
            "url": "https://api.github.com/repos/kubewarden/policy-fetcher/labels/release/patch"
          },
          "sensitive_attributes": [],
          "private": "bnVsbA==",
          "dependencies": [
            "module.kubewarden_policy_fetcher_repository.github_repository.main"
          ]
        },
        {
          "index_key": 14,
          "schema_version": 0,
          "attributes": {
            "color": "77cc00",
            "description": "",
            "etag": "W/\"2ef411b3de674ca1f06c8956b0b065c7be5de9b6feae43a6d4e9e5f9b43a3f6e\"",
            "id": "policy-fetcher:release/skip-changelog",
            "name": "release/skip-changelog",
            "repository": "policy-fetcher",
            "url": "https://api.github.com/repos/kubewarden/policy-fetcher/labels/release/skip-changelog"
          },
          "sensitive_attributes": [],
          "private": "bnVsbA==",
          "dependencies": [
            "module.kubewarden_policy_fetcher_repository.github_repository.main"
          ]
        }
      ]
    },
    {
      "module": "module.kubewarden_policy_fetcher_repository",
      "mode": "managed",
      "type": "github_repository",
      "name": "main",
      "provider": "provider[\"registry.terraform.io/integrations/github\"].kubewarden",
      "instances": [
        {
          "schema_version": 1,
          "attributes": {
            "allow_auto_merge": false,
            "allow_merge_commit": true,
            "allow_rebase_merge": true,
            "allow_squash_merge": true,
            "allow_update_branch": false,
            "archive_on_destroy": null,
            "archived": false,
            "auto_init": false,
            "default_branch": "main",
            "delete_branch_on_merge": false,
            "description": "Crate used by Kubewarden that is able to pull policies from OCI registries and HTTP servers.",
            "etag": "W/\"3b3fd54a65127484b2d3f96819193ddf592b30e05ef229ccbceb8dff82774321\"",
            "full_name": "kubewarden/policy-fetcher",
            "git_clone_url": "git://github.com/kubewarden/policy-fetcher.git",
            "gitignore_template": null,
            "has_discussions": false,
            "has_downloads": true,
            "has_issues": true,
            "has_projects": false,
            "has_wiki": true,
            "homepage_url": "https://kubewarden.io",
            "html_url": "https://github.com/kubewarden/policy-fetcher",
            "http_clone_url": "https://github.com/kubewarden/policy-fetcher.git",
            "id": "policy-fetcher",
            "ignore_vulnerability_alerts_during_read": null,
            "is_template": false,
            "license_template": null,
            "merge_commit_message": "PR_TITLE",
            "merge_commit_title": "MERGE_MESSAGE",
            "name": "policy-fetcher",
            "node_id": "MDEwOlJlcG9zaXRvcnkzNjA0NTg4Mjc=",
            "pages": [],
            "primary_language": "Rust",
            "private": false,
            "repo_id": 360458827,
            "security_and_analysis": [
              {
                "advanced_security": [],
                "secret_scanning": [
                  {
                    "status": "enabled"
                  }
                ],
                "secret_scanning_push_protection": [
                  {
                    "status": "disabled"
                  }
                ]
              }
            ],
            "squash_merge_commit_message": "COMMIT_MESSAGES",
            "squash_merge_commit_title": "COMMIT_OR_PR_TITLE",
            "ssh_clone_url": "git@github.com:kubewarden/policy-fetcher.git",
            "svn_url": "https://github.com/kubewarden/policy-fetcher",
            "template": [],
            "topics": [
              "hacktoberfest",
              "kubernetes",
              "kubernetes-security",
              "policy-as-code",
              "webassembly"
            ],
            "visibility": "public",
            "vulnerability_alerts": true,
            "web_commit_signoff_required": true
          },
          "sensitive_attributes": [],
          "private": "eyJzY2hlbWFfdmVyc2lvbiI6IjEifQ=="
        }
      ]
    },
    {
      "module": "module.kubewarden_policy_fetcher_repository",
      "mode": "managed",
      "type": "github_team_repository",
      "name": "gh_team_push_rights",
      "provider": "provider[\"registry.terraform.io/integrations/github\"].kubewarden",
      "instances": [
        {
          "index_key": 0,
          "schema_version": 0,
          "attributes": {
            "etag": "W/\"76d5a50e94def1ebf73543337021dd4c3f44889604c4bd58074201c6a15196c7\"",
            "id": "4972867:policy-fetcher",
            "permission": "push",
            "repository": "policy-fetcher",
            "team_id": "4972867"
          },
          "sensitive_attributes": [],
          "private": "bnVsbA==",
          "dependencies": [
            "data.github_team.kubewarden_developers",
            "module.kubewarden_policy_fetcher_repository.github_repository.main"
          ]
        }
      ]
    },
    {
      "module": "module.kubewarden_policy_hub_repository",
      "mode": "managed",
      "type": "github_app_installation_repository",
      "name": "app_dco",
      "provider": "provider[\"registry.terraform.io/integrations/github\"].kubewarden",
      "instances": [
        {
          "schema_version": 0,
          "attributes": {
            "id": "29141080:policy-hub",
            "installation_id": "29141080",
            "repo_id": 350240296,
            "repository": "policy-hub"
          },
          "sensitive_attributes": [],
          "private": "bnVsbA==",
          "dependencies": [
            "module.kubewarden_policy_hub_repository.github_repository.main"
          ]
        }
      ]
    },
    {
      "module": "module.kubewarden_policy_hub_repository",
      "mode": "managed",
      "type": "github_issue_label",
      "name": "label",
      "provider": "provider[\"registry.terraform.io/integrations/github\"].kubewarden",
      "instances": [
        {
          "index_key": 0,
          "schema_version": 0,
          "attributes": {
            "color": "D3D7CF",
            "description": "",
            "etag": "W/\"90a0c6096bf2f15b3acead120e342a1b1629e68068ce07d161d14b8eba9ca309\"",
            "id": "policy-hub:area/dependencies",
            "name": "area/dependencies",
            "repository": "policy-hub",
            "url": "https://api.github.com/repos/kubewarden/policy-hub/labels/area/dependencies"
          },
          "sensitive_attributes": [],
          "private": "bnVsbA==",
          "dependencies": [
            "module.kubewarden_policy_hub_repository.github_repository.main"
          ]
        },
        {
          "index_key": 1,
          "schema_version": 0,
          "attributes": {
            "color": "3465A4",
            "description": "",
            "etag": "W/\"05f74aab01f854ef9fd572c3e0f064f11927b0ffbbe601b3f40523367f37b0f2\"",
            "id": "policy-hub:kind/automation",
            "name": "kind/automation",
            "repository": "policy-hub",
            "url": "https://api.github.com/repos/kubewarden/policy-hub/labels/kind/automation"
          },
          "sensitive_attributes": [],
          "private": "bnVsbA==",
          "dependencies": [
            "module.kubewarden_policy_hub_repository.github_repository.main"
          ]
        },
        {
          "index_key": 2,
          "schema_version": 0,
          "attributes": {
            "color": "FCE94F",
            "description": "",
            "etag": "W/\"2f0ba423217958cf9e2ca26365cd4712f31957fa25f9a1745703a3238fb2c4d1\"",
            "id": "policy-hub:kind/breaking-change",
            "name": "kind/breaking-change",
            "repository": "policy-hub",
            "url": "https://api.github.com/repos/kubewarden/policy-hub/labels/kind/breaking-change"
          },
          "sensitive_attributes": [],
          "private": "bnVsbA==",
          "dependencies": [
            "module.kubewarden_policy_hub_repository.github_repository.main"
          ]
        },
        {
          "index_key": 3,
          "schema_version": 0,
          "attributes": {
            "color": "EF2929",
            "description": "",
            "etag": "W/\"431d97f4bdb1679d5292f867d6e42f9a84618e249abdaecbe145c5378592543a\"",
            "id": "policy-hub:kind/bug",
            "name": "kind/bug",
            "repository": "policy-hub",
            "url": "https://api.github.com/repos/kubewarden/policy-hub/labels/kind/bug"
          },
          "sensitive_attributes": [],
          "private": "bnVsbA==",
          "dependencies": [
            "module.kubewarden_policy_hub_repository.github_repository.main"
          ]
        },
        {
          "index_key": 4,
          "schema_version": 0,
          "attributes": {
            "color": "555753",
            "description": "",
            "etag": "W/\"e72d9aeb810ca1bc5ea50615d40a7eaf05caf5b6aa8e5485140ce1066738fcc6\"",
            "id": "policy-hub:kind/chore",
            "name": "kind/chore",
            "repository": "policy-hub",
            "url": "https://api.github.com/repos/kubewarden/policy-hub/labels/kind/chore"
          },
          "sensitive_attributes": [],
          "private": "bnVsbA==",
          "dependencies": [
            "module.kubewarden_policy_hub_repository.github_repository.main"
          ]
        },
        {
          "index_key": 5,
          "schema_version": 0,
          "attributes": {
            "color": "06989A",
            "description": "",
            "etag": "W/\"b3109c3945a5543de8f12ddd098c0fdf2cb4a1a7d1a12625b5424d4a092852ef\"",
            "id": "policy-hub:kind/enhancement",
            "name": "kind/enhancement",
            "repository": "policy-hub",
            "url": "https://api.github.com/repos/kubewarden/policy-hub/labels/kind/enhancement"
          },
          "sensitive_attributes": [],
          "private": "bnVsbA==",
          "dependencies": [
            "module.kubewarden_policy_hub_repository.github_repository.main"
          ]
        },
        {
          "index_key": 6,
          "schema_version": 0,
          "attributes": {
            "color": "34E2E2",
            "description": "",
            "etag": "W/\"5f5c8467bce0debf349949a2b6ee0f7efc8b83bb73cd5219c90220ee15583d2e\"",
            "id": "policy-hub:kind/feature",
            "name": "kind/feature",
            "repository": "policy-hub",
            "url": "https://api.github.com/repos/kubewarden/policy-hub/labels/kind/feature"
          },
          "sensitive_attributes": [],
          "private": "bnVsbA==",
          "dependencies": [
            "module.kubewarden_policy_hub_repository.github_repository.main"
          ]
        },
        {
          "index_key": 7,
          "schema_version": 0,
          "attributes": {
            "color": "ad7fa8",
            "description": "",
            "etag": "W/\"49a3d52a48e699cd1227d4a7a05ae8ead9cb594ae4249af478c1742225f50fbb\"",
            "id": "policy-hub:kind/question",
            "name": "kind/question",
            "repository": "policy-hub",
            "url": "https://api.github.com/repos/kubewarden/policy-hub/labels/kind/question"
          },
          "sensitive_attributes": [],
          "private": "bnVsbA==",
          "dependencies": [
            "module.kubewarden_policy_hub_repository.github_repository.main"
          ]
        },
        {
          "index_key": 8,
          "schema_version": 0,
          "attributes": {
            "color": "729FCF",
            "description": "",
            "etag": "W/\"2c64e11748ad28522408efe4f00e3176519efc08489eb40626be61db0f13ed69\"",
            "id": "policy-hub:kind/tech-debt",
            "name": "kind/tech-debt",
            "repository": "policy-hub",
            "url": "https://api.github.com/repos/kubewarden/policy-hub/labels/kind/tech-debt"
          },
          "sensitive_attributes": [],
          "private": "bnVsbA==",
          "dependencies": [
            "module.kubewarden_policy_hub_repository.github_repository.main"
          ]
        },
        {
          "index_key": 9,
          "schema_version": 0,
          "attributes": {
            "color": "B14FCF",
            "description": "",
            "etag": "W/\"ed73a024b2d99028860c86e3b5fa34394bb200a413e7d0351facfd02cc968188\"",
            "id": "policy-hub:kind/to-be-refined",
            "name": "kind/to-be-refined",
            "repository": "policy-hub",
            "url": "https://api.github.com/repos/kubewarden/policy-hub/labels/kind/to-be-refined"
          },
          "sensitive_attributes": [],
          "private": "bnVsbA==",
          "dependencies": [
            "module.kubewarden_policy_hub_repository.github_repository.main"
          ]
        },
        {
          "index_key": 10,
          "schema_version": 0,
          "attributes": {
            "color": "8AE234",
            "description": "",
            "etag": "W/\"8f4b8078e569e5920624caabe43005d20d81fac0f7d7fbda9de269d3fa8b17f7\"",
            "id": "policy-hub:release/minor",
            "name": "release/major",
            "repository": "policy-hub",
            "url": "https://api.github.com/repos/kubewarden/policy-hub/labels/release/minor"
          },
          "sensitive_attributes": [],
          "private": "bnVsbA==",
          "dependencies": [
            "module.kubewarden_policy_hub_repository.github_repository.main"
          ]
        },
        {
          "index_key": 11,
          "schema_version": 0,
          "attributes": {
            "color": "4E9A06",
            "description": "",
            "etag": "W/\"1628e70f8ab003c357f2c65dadcc181c8794e3e1d24762c55a7c428fb20e47d8\"",
            "id": "policy-hub:release/patch",
            "name": "release/minor",
            "repository": "policy-hub",
            "url": "https://api.github.com/repos/kubewarden/policy-hub/labels/release/patch"
          },
          "sensitive_attributes": [],
          "private": "bnVsbA==",
          "dependencies": [
            "module.kubewarden_policy_hub_repository.github_repository.main"
          ]
        },
        {
          "index_key": 12,
          "schema_version": 0,
          "attributes": {
            "color": "aa6600",
            "description": "",
            "etag": "W/\"a3d0d241f5e9773b7bfdf50e739439e593adb308d69754d33df753d93b73ddf2\"",
            "id": "policy-hub:release/skip-changelog",
            "name": "release/patch",
            "repository": "policy-hub",
            "url": "https://api.github.com/repos/kubewarden/policy-hub/labels/release/skip-changelog"
          },
          "sensitive_attributes": [],
          "private": "bnVsbA==",
          "dependencies": [
            "module.kubewarden_policy_hub_repository.github_repository.main"
          ]
        },
        {
          "index_key": 13,
          "schema_version": 0,
          "attributes": {
            "color": "77cc00",
            "description": "",
            "etag": "W/\"a3d0d241f5e9773b7bfdf50e739439e593adb308d69754d33df753d93b73ddf2\"",
            "id": "policy-hub:release/skip-changelog",
            "name": "release/skip-changelog",
            "repository": "policy-hub",
            "url": "https://api.github.com/repos/kubewarden/policy-hub/labels/release/skip-changelog"
          },
          "sensitive_attributes": [],
          "private": "bnVsbA==",
          "dependencies": [
            "module.kubewarden_policy_hub_repository.github_repository.main"
          ]
        }
      ]
    },
    {
      "module": "module.kubewarden_policy_hub_repository",
      "mode": "managed",
      "type": "github_repository",
      "name": "main",
      "provider": "provider[\"registry.terraform.io/integrations/github\"].kubewarden",
      "instances": [
        {
          "schema_version": 1,
          "attributes": {
            "allow_auto_merge": false,
            "allow_merge_commit": true,
            "allow_rebase_merge": true,
            "allow_squash_merge": true,
            "allow_update_branch": false,
            "archive_on_destroy": null,
            "archived": false,
            "auto_init": false,
            "default_branch": "main",
            "delete_branch_on_merge": false,
            "description": "A place where to find and discover policies",
            "etag": "W/\"6dc0799d769e5641649d815742bfcc0fc2afa91f37bb17526dfa79d911b29be6\"",
            "full_name": "kubewarden/policy-hub",
            "git_clone_url": "git://github.com/kubewarden/policy-hub.git",
            "gitignore_template": null,
            "has_discussions": false,
            "has_downloads": true,
            "has_issues": true,
            "has_projects": false,
            "has_wiki": true,
            "homepage_url": "https://hub.kubewarden.io",
            "html_url": "https://github.com/kubewarden/policy-hub",
            "http_clone_url": "https://github.com/kubewarden/policy-hub.git",
            "id": "policy-hub",
            "ignore_vulnerability_alerts_during_read": null,
            "is_template": false,
            "license_template": null,
            "merge_commit_message": "PR_TITLE",
            "merge_commit_title": "MERGE_MESSAGE",
            "name": "policy-hub",
            "node_id": "MDEwOlJlcG9zaXRvcnkzNTAyNDAyOTY=",
            "pages": [
              {
                "build_type": "legacy",
                "cname": "hub.kubewarden.io",
                "custom_404": false,
                "html_url": "https://hub.kubewarden.io/",
                "source": [
                  {
                    "branch": "gh-pages",
                    "path": "/"
                  }
                ],
                "status": "built",
                "url": "https://api.github.com/repos/kubewarden/policy-hub/pages"
              }
            ],
            "primary_language": "",
            "private": false,
            "repo_id": 350240296,
            "security_and_analysis": [
              {
                "advanced_security": [],
                "secret_scanning": [
                  {
                    "status": "enabled"
                  }
                ],
                "secret_scanning_push_protection": [
                  {
                    "status": "disabled"
                  }
                ]
              }
            ],
            "squash_merge_commit_message": "COMMIT_MESSAGES",
            "squash_merge_commit_title": "COMMIT_OR_PR_TITLE",
            "ssh_clone_url": "git@github.com:kubewarden/policy-hub.git",
            "svn_url": "https://github.com/kubewarden/policy-hub",
            "template": [],
            "topics": [
              "hacktoberfest",
              "kubernetes",
              "kubernetes-security",
              "policy-as-code",
              "webassembly"
            ],
            "visibility": "public",
            "vulnerability_alerts": true,
            "web_commit_signoff_required": true
          },
          "sensitive_attributes": [],
          "private": "eyJzY2hlbWFfdmVyc2lvbiI6IjEifQ=="
        }
      ]
    },
    {
      "module": "module.kubewarden_policy_hub_repository",
      "mode": "managed",
      "type": "github_team_repository",
      "name": "gh_team_push_rights",
      "provider": "provider[\"registry.terraform.io/integrations/github\"].kubewarden",
      "instances": [
        {
          "index_key": 0,
          "schema_version": 0,
          "attributes": {
            "etag": "W/\"feb92d8c3319d2f5498a642bdd37ea3cbc2f4523a458ceea0da419253815563c\"",
            "id": "4972867:policy-hub",
            "permission": "push",
            "repository": "policy-hub",
            "team_id": "4972867"
          },
          "sensitive_attributes": [],
          "private": "bnVsbA==",
          "dependencies": [
            "data.github_team.kubewarden_developers",
            "module.kubewarden_policy_hub_repository.github_repository.main"
          ]
        }
      ]
    },
    {
      "module": "module.kubewarden_policy_server_repository",
      "mode": "managed",
      "type": "github_app_installation_repository",
      "name": "app_dco",
      "provider": "provider[\"registry.terraform.io/integrations/github\"].kubewarden",
      "instances": [
        {
          "schema_version": 0,
          "attributes": {
            "id": "29141080:policy-server",
            "installation_id": "29141080",
            "repo_id": 321691643,
            "repository": "policy-server"
          },
          "sensitive_attributes": [],
          "private": "bnVsbA==",
          "dependencies": [
            "module.kubewarden_policy_server_repository.github_repository.main"
          ]
        }
      ]
    },
    {
      "module": "module.kubewarden_policy_server_repository",
      "mode": "managed",
      "type": "github_issue_label",
      "name": "label",
      "provider": "provider[\"registry.terraform.io/integrations/github\"].kubewarden",
      "instances": [
        {
          "index_key": 0,
          "schema_version": 0,
          "attributes": {
            "color": "D3D7CF",
            "description": "",
            "etag": "W/\"ba201aabb15da064d071f2b08a5b8d7ccb4ac1d7eb2ae77cfa940723749f5796\"",
            "id": "policy-server:area/dependencies",
            "name": "area/dependencies",
            "repository": "policy-server",
            "url": "https://api.github.com/repos/kubewarden/policy-server/labels/area/dependencies"
          },
          "sensitive_attributes": [],
          "private": "bnVsbA==",
          "dependencies": [
            "module.kubewarden_policy_server_repository.github_repository.main"
          ]
        },
        {
          "index_key": 1,
          "schema_version": 0,
          "attributes": {
            "color": "7057ff",
            "description": "",
            "etag": "W/\"2adfdbcb329badbf72ba46b98c7b5c7a864a880a9d4921f1791369bdbc77f484\"",
            "id": "policy-server:kind/automation",
            "name": "good first issue",
            "repository": "policy-server",
            "url": "https://api.github.com/repos/kubewarden/policy-server/labels/kind/automation"
          },
          "sensitive_attributes": [],
          "private": "bnVsbA==",
          "dependencies": [
            "module.kubewarden_policy_server_repository.github_repository.main"
          ]
        },
        {
          "index_key": 2,
          "schema_version": 0,
          "attributes": {
            "color": "3465A4",
            "description": "",
            "etag": "W/\"9819ac0af6b72485b9fb68a4f2731b0eb082ccf2c4f583de842de6082eed6b2f\"",
            "id": "policy-server:kind/breaking-change",
            "name": "kind/automation",
            "repository": "policy-server",
            "url": "https://api.github.com/repos/kubewarden/policy-server/labels/kind/breaking-change"
          },
          "sensitive_attributes": [],
          "private": "bnVsbA==",
          "dependencies": [
            "module.kubewarden_policy_server_repository.github_repository.main"
          ]
        },
        {
          "index_key": 3,
          "schema_version": 0,
          "attributes": {
            "color": "FCE94F",
            "description": "",
            "etag": "W/\"9b184547ae1e98780103b50c8e04a9115c79351280b2d6c09edf6bade9602ec8\"",
            "id": "policy-server:kind/bug",
            "name": "kind/breaking-change",
            "repository": "policy-server",
            "url": "https://api.github.com/repos/kubewarden/policy-server/labels/kind/bug"
          },
          "sensitive_attributes": [],
          "private": "bnVsbA==",
          "dependencies": [
            "module.kubewarden_policy_server_repository.github_repository.main"
          ]
        },
        {
          "index_key": 4,
          "schema_version": 0,
          "attributes": {
            "color": "EF2929",
            "description": "",
            "etag": "W/\"dd2f35a8e85fc97479c871c669a49dc0c045e949c36f6b066d4d516a0537c130\"",
            "id": "policy-server:kind/chore",
            "name": "kind/bug",
            "repository": "policy-server",
            "url": "https://api.github.com/repos/kubewarden/policy-server/labels/kind/chore"
          },
          "sensitive_attributes": [],
          "private": "bnVsbA==",
          "dependencies": [
            "module.kubewarden_policy_server_repository.github_repository.main"
          ]
        },
        {
          "index_key": 5,
          "schema_version": 0,
          "attributes": {
            "color": "555753",
            "description": "",
            "etag": "W/\"6ee61ca567178ca2099e29164921c3a723ae57dcda2755b277624ed91a8cf0c4\"",
            "id": "policy-server:kind/enhancement",
            "name": "kind/chore",
            "repository": "policy-server",
            "url": "https://api.github.com/repos/kubewarden/policy-server/labels/kind/enhancement"
          },
          "sensitive_attributes": [],
          "private": "bnVsbA==",
          "dependencies": [
            "module.kubewarden_policy_server_repository.github_repository.main"
          ]
        },
        {
          "index_key": 6,
          "schema_version": 0,
          "attributes": {
            "color": "06989A",
            "description": "",
            "etag": "W/\"606c83b50b480ccdf607ce1fea3bc404e723740ac6bceb73c1c33b345f2c2178\"",
            "id": "policy-server:kind/feature",
            "name": "kind/enhancement",
            "repository": "policy-server",
            "url": "https://api.github.com/repos/kubewarden/policy-server/labels/kind/feature"
          },
          "sensitive_attributes": [],
          "private": "bnVsbA==",
          "dependencies": [
            "module.kubewarden_policy_server_repository.github_repository.main"
          ]
        },
        {
          "index_key": 7,
          "schema_version": 0,
          "attributes": {
            "color": "34E2E2",
            "description": "",
            "etag": "W/\"5fe96dcc912845e15d12b01d8cfe573a4c3afaab346df0f88802a9b1af3dfef8\"",
            "id": "policy-server:kind/question",
            "name": "kind/feature",
            "repository": "policy-server",
            "url": "https://api.github.com/repos/kubewarden/policy-server/labels/kind/question"
          },
          "sensitive_attributes": [],
          "private": "bnVsbA==",
          "dependencies": [
            "module.kubewarden_policy_server_repository.github_repository.main"
          ]
        },
        {
          "index_key": 8,
          "schema_version": 0,
          "attributes": {
            "color": "ad7fa8",
            "description": "",
            "etag": "W/\"b3509b17fc08dbb8368ecb564a4582b02e901895062daf4ffbf3d78e8e58b1c1\"",
            "id": "policy-server:kind/tech-debt",
            "name": "kind/question",
            "repository": "policy-server",
            "url": "https://api.github.com/repos/kubewarden/policy-server/labels/kind/tech-debt"
          },
          "sensitive_attributes": [],
          "private": "bnVsbA==",
          "dependencies": [
            "module.kubewarden_policy_server_repository.github_repository.main"
          ]
        },
        {
          "index_key": 9,
          "schema_version": 0,
          "attributes": {
            "color": "729FCF",
            "description": "",
            "etag": "W/\"872da748c8e23823eaee84ed680e158b3c1adc84e7b2226e8eb7d2e2976fd91a\"",
            "id": "policy-server:kind/to-be-refined",
            "name": "kind/tech-debt",
            "repository": "policy-server",
            "url": "https://api.github.com/repos/kubewarden/policy-server/labels/kind/to-be-refined"
          },
          "sensitive_attributes": [],
          "private": "bnVsbA==",
          "dependencies": [
            "module.kubewarden_policy_server_repository.github_repository.main"
          ]
        },
        {
          "index_key": 10,
          "schema_version": 0,
          "attributes": {
            "color": "B14FCF",
            "description": "",
            "etag": "W/\"bb3b544d735fff898a4ac933216d44fb683aba3b3ad43eda97a2a575835a641a\"",
            "id": "policy-server:release/major",
            "name": "kind/to-be-refined",
            "repository": "policy-server",
            "url": "https://api.github.com/repos/kubewarden/policy-server/labels/release/major"
          },
          "sensitive_attributes": [],
          "private": "bnVsbA==",
          "dependencies": [
            "module.kubewarden_policy_server_repository.github_repository.main"
          ]
        },
        {
          "index_key": 11,
          "schema_version": 0,
          "attributes": {
            "color": "8AE234",
            "description": "",
            "etag": "W/\"11dde4903e09a5a05aef9d5f917bc17a533cff054116f6895ce1733d1da0ee4d\"",
            "id": "policy-server:release/patch",
            "name": "release/major",
            "repository": "policy-server",
            "url": "https://api.github.com/repos/kubewarden/policy-server/labels/release/patch"
          },
          "sensitive_attributes": [],
          "private": "bnVsbA==",
          "dependencies": [
            "module.kubewarden_policy_server_repository.github_repository.main"
          ]
        },
        {
          "index_key": 12,
          "schema_version": 0,
          "attributes": {
            "color": "4E9A06",
            "description": "",
            "etag": "W/\"e8c126c1393fd005a1f04fe145292b0e27d051ee172cd70c01490bd535ed749b\"",
            "id": "policy-server:release/minor",
            "name": "release/minor",
            "repository": "policy-server",
            "url": "https://api.github.com/repos/kubewarden/policy-server/labels/release/minor"
          },
          "sensitive_attributes": [],
          "private": "bnVsbA==",
          "dependencies": [
            "module.kubewarden_policy_server_repository.github_repository.main"
          ]
        },
        {
          "index_key": 13,
          "schema_version": 0,
          "attributes": {
            "color": "aa6600",
            "description": "",
            "etag": "W/\"60d786ea70dede2a7bd63b5d4f24ef3cab5c11aaf222ab98ce454afa198f94cc\"",
            "id": "policy-server:release/skip-changelog",
            "name": "release/patch",
            "repository": "policy-server",
            "url": "https://api.github.com/repos/kubewarden/policy-server/labels/release/skip-changelog"
          },
          "sensitive_attributes": [],
          "private": "bnVsbA==",
          "dependencies": [
            "module.kubewarden_policy_server_repository.github_repository.main"
          ]
        },
        {
          "index_key": 14,
          "schema_version": 0,
          "attributes": {
            "color": "77cc00",
            "description": "",
            "etag": "W/\"60d786ea70dede2a7bd63b5d4f24ef3cab5c11aaf222ab98ce454afa198f94cc\"",
            "id": "policy-server:release/skip-changelog",
            "name": "release/skip-changelog",
            "repository": "policy-server",
            "url": "https://api.github.com/repos/kubewarden/policy-server/labels/release/skip-changelog"
          },
          "sensitive_attributes": [],
          "private": "bnVsbA==",
          "dependencies": [
            "module.kubewarden_policy_server_repository.github_repository.main"
          ]
        }
      ]
    },
    {
      "module": "module.kubewarden_policy_server_repository",
      "mode": "managed",
      "type": "github_repository",
      "name": "main",
      "provider": "provider[\"registry.terraform.io/integrations/github\"].kubewarden",
      "instances": [
        {
          "schema_version": 1,
          "attributes": {
            "allow_auto_merge": false,
            "allow_merge_commit": true,
            "allow_rebase_merge": true,
            "allow_squash_merge": true,
            "allow_update_branch": false,
            "archive_on_destroy": null,
            "archived": false,
            "auto_init": false,
            "default_branch": "main",
            "delete_branch_on_merge": false,
            "description": "Webhook server that evaluates WebAssembly policies to validate Kubernetes requests",
            "etag": "W/\"82b973de27a653918906fbb60fe754ecf3ebd7c938d88ed148e215c9e229d01e\"",
            "full_name": "kubewarden/policy-server",
            "git_clone_url": "git://github.com/kubewarden/policy-server.git",
            "gitignore_template": null,
            "has_discussions": false,
            "has_downloads": true,
            "has_issues": true,
            "has_projects": false,
            "has_wiki": true,
            "homepage_url": "https://kubewarden.io",
            "html_url": "https://github.com/kubewarden/policy-server",
            "http_clone_url": "https://github.com/kubewarden/policy-server.git",
            "id": "policy-server",
            "ignore_vulnerability_alerts_during_read": null,
            "is_template": false,
            "license_template": null,
            "merge_commit_message": "PR_TITLE",
            "merge_commit_title": "MERGE_MESSAGE",
            "name": "policy-server",
            "node_id": "MDEwOlJlcG9zaXRvcnkzMjE2OTE2NDM=",
            "pages": [],
            "primary_language": "Rust",
            "private": false,
            "repo_id": 321691643,
            "security_and_analysis": [
              {
                "advanced_security": [],
                "secret_scanning": [
                  {
                    "status": "enabled"
                  }
                ],
                "secret_scanning_push_protection": [
                  {
                    "status": "disabled"
                  }
                ]
              }
            ],
            "squash_merge_commit_message": "COMMIT_MESSAGES",
            "squash_merge_commit_title": "COMMIT_OR_PR_TITLE",
            "ssh_clone_url": "git@github.com:kubewarden/policy-server.git",
            "svn_url": "https://github.com/kubewarden/policy-server",
            "template": [],
            "topics": [
              "hacktoberfest",
              "kubernetes",
              "kubernetes-security",
              "kubernetes-webhook",
              "policy",
              "policy-as-code",
              "rust",
              "webassembly"
            ],
            "visibility": "public",
            "vulnerability_alerts": true,
            "web_commit_signoff_required": true
          },
          "sensitive_attributes": [],
          "private": "eyJzY2hlbWFfdmVyc2lvbiI6IjEifQ=="
        }
      ]
    },
    {
      "module": "module.kubewarden_policy_server_repository",
      "mode": "managed",
      "type": "github_team_repository",
      "name": "gh_team_push_rights",
      "provider": "provider[\"registry.terraform.io/integrations/github\"].kubewarden",
      "instances": [
        {
          "index_key": 0,
          "schema_version": 0,
          "attributes": {
            "etag": "W/\"8ea4c3136f7ec3e9991b77a8cee0c12dc5bf55d2565374e55d45ac50c7ee49bd\"",
            "id": "4972867:policy-server",
            "permission": "push",
            "repository": "policy-server",
            "team_id": "4972867"
          },
          "sensitive_attributes": [],
          "private": "bnVsbA==",
          "dependencies": [
            "data.github_team.kubewarden_developers",
            "module.kubewarden_policy_server_repository.github_repository.main"
          ]
        }
      ]
    },
    {
      "module": "module.kubewarden_rancher_kubectl_builder_repository",
      "mode": "managed",
      "type": "github_app_installation_repository",
      "name": "app_dco",
      "provider": "provider[\"registry.terraform.io/integrations/github\"].kubewarden",
      "instances": [
        {
          "schema_version": 0,
          "attributes": {
            "id": "29141080:rancher-kubectl-builder",
            "installation_id": "29141080",
            "repo_id": 498340468,
            "repository": "rancher-kubectl-builder"
          },
          "sensitive_attributes": [],
          "private": "bnVsbA==",
          "dependencies": [
            "module.kubewarden_rancher_kubectl_builder_repository.github_repository.main"
          ]
        }
      ]
    },
    {
      "module": "module.kubewarden_rancher_kubectl_builder_repository",
      "mode": "managed",
      "type": "github_issue_label",
      "name": "label",
      "provider": "provider[\"registry.terraform.io/integrations/github\"].kubewarden",
      "instances": [
        {
          "index_key": 0,
          "schema_version": 0,
          "attributes": {
            "color": "D3D7CF",
            "description": "",
            "etag": "W/\"4baf6d4997bd5bbe66b1f5cf1fb184d241ac3d69c3fb0622ea411a4037161046\"",
            "id": "rancher-kubectl-builder:area/dependencies",
            "name": "area/dependencies",
            "repository": "rancher-kubectl-builder",
            "url": "https://api.github.com/repos/kubewarden/rancher-kubectl-builder/labels/area/dependencies"
          },
          "sensitive_attributes": [],
          "private": "bnVsbA==",
          "dependencies": [
            "module.kubewarden_rancher_kubectl_builder_repository.github_repository.main"
          ]
        },
        {
          "index_key": 1,
          "schema_version": 0,
          "attributes": {
            "color": "7057ff",
            "description": "",
            "etag": "W/\"884c3dbf1f429f846f1ddd63f91b53f96639084cd916e9f17b8a9fe99bda4dc3\"",
            "id": "rancher-kubectl-builder:kind/automation",
            "name": "good first issue",
            "repository": "rancher-kubectl-builder",
            "url": "https://api.github.com/repos/kubewarden/rancher-kubectl-builder/labels/kind/automation"
          },
          "sensitive_attributes": [],
          "private": "bnVsbA==",
          "dependencies": [
            "module.kubewarden_rancher_kubectl_builder_repository.github_repository.main"
          ]
        },
        {
          "index_key": 2,
          "schema_version": 0,
          "attributes": {
            "color": "3465A4",
            "description": "",
            "etag": "W/\"f2a2aec2b613e91c2a9648b41b85230e2030d4947e85d959bd3886cd89b56d56\"",
            "id": "rancher-kubectl-builder:kind/breaking-change",
            "name": "kind/automation",
            "repository": "rancher-kubectl-builder",
            "url": "https://api.github.com/repos/kubewarden/rancher-kubectl-builder/labels/kind/breaking-change"
          },
          "sensitive_attributes": [],
          "private": "bnVsbA==",
          "dependencies": [
            "module.kubewarden_rancher_kubectl_builder_repository.github_repository.main"
          ]
        },
        {
          "index_key": 3,
          "schema_version": 0,
          "attributes": {
            "color": "FCE94F",
            "description": "",
            "etag": "W/\"9e14cb37a6f528f8d28c5a2c355ef6638bd7ffb8ce0fdeae1fb7a4b69102639d\"",
            "id": "rancher-kubectl-builder:kind/bug",
            "name": "kind/breaking-change",
            "repository": "rancher-kubectl-builder",
            "url": "https://api.github.com/repos/kubewarden/rancher-kubectl-builder/labels/kind/bug"
          },
          "sensitive_attributes": [],
          "private": "bnVsbA==",
          "dependencies": [
            "module.kubewarden_rancher_kubectl_builder_repository.github_repository.main"
          ]
        },
        {
          "index_key": 4,
          "schema_version": 0,
          "attributes": {
            "color": "EF2929",
            "description": "",
            "etag": "W/\"6bab099f3b99345ebaee4867eb9599765de26b821791ae5f34b85d751e28f7e0\"",
            "id": "rancher-kubectl-builder:kind/chore",
            "name": "kind/bug",
            "repository": "rancher-kubectl-builder",
            "url": "https://api.github.com/repos/kubewarden/rancher-kubectl-builder/labels/kind/chore"
          },
          "sensitive_attributes": [],
          "private": "bnVsbA==",
          "dependencies": [
            "module.kubewarden_rancher_kubectl_builder_repository.github_repository.main"
          ]
        },
        {
          "index_key": 5,
          "schema_version": 0,
          "attributes": {
            "color": "555753",
            "description": "",
            "etag": "W/\"4c98074491915104232d0722f39907a1053925f13054eb663031bd5b37157c6f\"",
            "id": "rancher-kubectl-builder:kind/enhancement",
            "name": "kind/chore",
            "repository": "rancher-kubectl-builder",
            "url": "https://api.github.com/repos/kubewarden/rancher-kubectl-builder/labels/kind/enhancement"
          },
          "sensitive_attributes": [],
          "private": "bnVsbA==",
          "dependencies": [
            "module.kubewarden_rancher_kubectl_builder_repository.github_repository.main"
          ]
        },
        {
          "index_key": 6,
          "schema_version": 0,
          "attributes": {
            "color": "06989A",
            "description": "",
            "etag": "W/\"28553c3fc2da29fd947c49e359c41f5005fa1eeaad07b4b6ee22c51e6e34ecdb\"",
            "id": "rancher-kubectl-builder:kind/feature",
            "name": "kind/enhancement",
            "repository": "rancher-kubectl-builder",
            "url": "https://api.github.com/repos/kubewarden/rancher-kubectl-builder/labels/kind/feature"
          },
          "sensitive_attributes": [],
          "private": "bnVsbA==",
          "dependencies": [
            "module.kubewarden_rancher_kubectl_builder_repository.github_repository.main"
          ]
        },
        {
          "index_key": 7,
          "schema_version": 0,
          "attributes": {
            "color": "34E2E2",
            "description": "",
            "etag": "W/\"a6948bedbd04986637cb59cdcd0947892f4463711eab524bf46c0306c46712b5\"",
            "id": "rancher-kubectl-builder:kind/question",
            "name": "kind/feature",
            "repository": "rancher-kubectl-builder",
            "url": "https://api.github.com/repos/kubewarden/rancher-kubectl-builder/labels/kind/question"
          },
          "sensitive_attributes": [],
          "private": "bnVsbA==",
          "dependencies": [
            "module.kubewarden_rancher_kubectl_builder_repository.github_repository.main"
          ]
        },
        {
          "index_key": 8,
          "schema_version": 0,
          "attributes": {
            "color": "ad7fa8",
            "description": "",
            "etag": "W/\"445edfea5068e470661413326d0ca4f2bba45e2e2a8d6c258ba59356566f526c\"",
            "id": "rancher-kubectl-builder:kind/tech-debt",
            "name": "kind/question",
            "repository": "rancher-kubectl-builder",
            "url": "https://api.github.com/repos/kubewarden/rancher-kubectl-builder/labels/kind/tech-debt"
          },
          "sensitive_attributes": [],
          "private": "bnVsbA==",
          "dependencies": [
            "module.kubewarden_rancher_kubectl_builder_repository.github_repository.main"
          ]
        },
        {
          "index_key": 9,
          "schema_version": 0,
          "attributes": {
            "color": "729FCF",
            "description": "",
            "etag": "W/\"c4fad12d43f619fe43450a7a8ebbd700c07a3726364fc611fc8eb0fb232e00ff\"",
            "id": "rancher-kubectl-builder:kind/to-be-refined",
            "name": "kind/tech-debt",
            "repository": "rancher-kubectl-builder",
            "url": "https://api.github.com/repos/kubewarden/rancher-kubectl-builder/labels/kind/to-be-refined"
          },
          "sensitive_attributes": [],
          "private": "bnVsbA==",
          "dependencies": [
            "module.kubewarden_rancher_kubectl_builder_repository.github_repository.main"
          ]
        },
        {
          "index_key": 10,
          "schema_version": 0,
          "attributes": {
            "color": "B14FCF",
            "description": "",
            "etag": "W/\"0d1e7c3281cc34d1bcd5f4f24d8a034ade1a78ecb2d56b2293e92408feb2cdac\"",
            "id": "rancher-kubectl-builder:release/major",
            "name": "kind/to-be-refined",
            "repository": "rancher-kubectl-builder",
            "url": "https://api.github.com/repos/kubewarden/rancher-kubectl-builder/labels/release/major"
          },
          "sensitive_attributes": [],
          "private": "bnVsbA==",
          "dependencies": [
            "module.kubewarden_rancher_kubectl_builder_repository.github_repository.main"
          ]
        },
        {
          "index_key": 11,
          "schema_version": 0,
          "attributes": {
            "color": "8AE234",
            "description": "",
            "etag": "W/\"6fc7f247bcfbb41d7bc38b18ac3c44d26259fba32c600ea7c021f5b6640686a4\"",
            "id": "rancher-kubectl-builder:release/minor",
            "name": "release/major",
            "repository": "rancher-kubectl-builder",
            "url": "https://api.github.com/repos/kubewarden/rancher-kubectl-builder/labels/release/minor"
          },
          "sensitive_attributes": [],
          "private": "bnVsbA==",
          "dependencies": [
            "module.kubewarden_rancher_kubectl_builder_repository.github_repository.main"
          ]
        },
        {
          "index_key": 12,
          "schema_version": 0,
          "attributes": {
            "color": "4E9A06",
            "description": "",
            "etag": "W/\"7b8895863a1eadcd938097fc01fd7b5082b66deaade7f3dcc89d28544706bbcd\"",
            "id": "rancher-kubectl-builder:release/patch",
            "name": "release/minor",
            "repository": "rancher-kubectl-builder",
            "url": "https://api.github.com/repos/kubewarden/rancher-kubectl-builder/labels/release/patch"
          },
          "sensitive_attributes": [],
          "private": "bnVsbA==",
          "dependencies": [
            "module.kubewarden_rancher_kubectl_builder_repository.github_repository.main"
          ]
        },
        {
          "index_key": 13,
          "schema_version": 0,
          "attributes": {
            "color": "aa6600",
            "description": "",
            "etag": "W/\"19d961191f346126416dea06e06e7dda990097a90853c1a7e6ae97760299e851\"",
            "id": "rancher-kubectl-builder:release/skip-changelog",
            "name": "release/patch",
            "repository": "rancher-kubectl-builder",
            "url": "https://api.github.com/repos/kubewarden/rancher-kubectl-builder/labels/release/skip-changelog"
          },
          "sensitive_attributes": [],
          "private": "bnVsbA==",
          "dependencies": [
            "module.kubewarden_rancher_kubectl_builder_repository.github_repository.main"
          ]
        },
        {
          "index_key": 14,
          "schema_version": 0,
          "attributes": {
            "color": "77cc00",
            "description": "",
            "etag": "W/\"a62b4765070dd6a2c6867362ca8e6eb60e166c1d38134b956d63b92b14929a1d\"",
            "id": "rancher-kubectl-builder:release/skip-changelog",
            "name": "release/skip-changelog",
            "repository": "rancher-kubectl-builder",
            "url": "https://api.github.com/repos/kubewarden/rancher-kubectl-builder/labels/release/skip-changelog"
          },
          "sensitive_attributes": [],
          "private": "bnVsbA==",
          "dependencies": [
            "module.kubewarden_rancher_kubectl_builder_repository.github_repository.main"
          ]
        }
      ]
    },
    {
      "module": "module.kubewarden_rancher_kubectl_builder_repository",
      "mode": "managed",
      "type": "github_repository",
      "name": "main",
      "provider": "provider[\"registry.terraform.io/integrations/github\"].kubewarden",
      "instances": [
        {
          "schema_version": 1,
          "attributes": {
            "allow_auto_merge": false,
            "allow_merge_commit": true,
            "allow_rebase_merge": true,
            "allow_squash_merge": true,
            "allow_update_branch": false,
            "archive_on_destroy": null,
            "archived": false,
            "auto_init": null,
            "default_branch": "main",
            "delete_branch_on_merge": false,
            "description": "Workflow to rebuild and sign rancher/kubectl image",
            "etag": "W/\"8bdbc1f49a660cd997c32917d7f53f56b3ea6459123bfc380319da08d242062d\"",
            "full_name": "kubewarden/rancher-kubectl-builder",
            "git_clone_url": "git://github.com/kubewarden/rancher-kubectl-builder.git",
            "gitignore_template": null,
            "has_discussions": false,
            "has_downloads": true,
            "has_issues": true,
            "has_projects": false,
            "has_wiki": true,
            "homepage_url": "https://github.com/kubewarden/",
            "html_url": "https://github.com/kubewarden/rancher-kubectl-builder",
            "http_clone_url": "https://github.com/kubewarden/rancher-kubectl-builder.git",
            "id": "rancher-kubectl-builder",
            "ignore_vulnerability_alerts_during_read": null,
            "is_template": false,
            "license_template": null,
            "merge_commit_message": "PR_TITLE",
            "merge_commit_title": "MERGE_MESSAGE",
            "name": "rancher-kubectl-builder",
            "node_id": "R_kgDOHbQSdA",
            "pages": [],
            "primary_language": "Shell",
            "private": false,
            "repo_id": 498340468,
            "security_and_analysis": [
              {
                "advanced_security": [],
                "secret_scanning": [
                  {
                    "status": "enabled"
                  }
                ],
                "secret_scanning_push_protection": [
                  {
                    "status": "disabled"
                  }
                ]
              }
            ],
            "squash_merge_commit_message": "COMMIT_MESSAGES",
            "squash_merge_commit_title": "COMMIT_OR_PR_TITLE",
            "ssh_clone_url": "git@github.com:kubewarden/rancher-kubectl-builder.git",
            "svn_url": "https://github.com/kubewarden/rancher-kubectl-builder",
            "template": [],
            "topics": [
              "hacktoberfest",
              "kubernetes",
              "kubernetes-security",
              "policy-as-code",
              "webassembly"
            ],
            "visibility": "public",
            "vulnerability_alerts": true,
            "web_commit_signoff_required": true
          },
          "sensitive_attributes": [],
          "private": "eyJzY2hlbWFfdmVyc2lvbiI6IjEifQ=="
        }
      ]
    },
    {
      "module": "module.kubewarden_rancher_kubectl_builder_repository",
      "mode": "managed",
      "type": "github_team_repository",
      "name": "gh_team_push_rights",
      "provider": "provider[\"registry.terraform.io/integrations/github\"].kubewarden",
      "instances": [
        {
          "index_key": 0,
          "schema_version": 0,
          "attributes": {
            "etag": "W/\"21d630bf0e37c397a6a302b19e2e72eef07d70796d02d480004e3039a7981d63\"",
            "id": "4972867:rancher-kubectl-builder",
            "permission": "push",
            "repository": "rancher-kubectl-builder",
            "team_id": "4972867"
          },
          "sensitive_attributes": [],
          "private": "bnVsbA==",
          "dependencies": [
            "data.github_team.kubewarden_developers",
            "module.kubewarden_rancher_kubectl_builder_repository.github_repository.main"
          ]
        }
      ]
    },
    {
      "module": "module.kubewarden_rfc_repository",
      "mode": "managed",
      "type": "github_app_installation_repository",
      "name": "app_dco",
      "provider": "provider[\"registry.terraform.io/integrations/github\"].kubewarden",
      "instances": [
        {
          "schema_version": 0,
          "attributes": {
            "id": "29141080:rfc",
            "installation_id": "29141080",
            "repo_id": 467968538,
            "repository": "rfc"
          },
          "sensitive_attributes": [],
          "private": "bnVsbA==",
          "dependencies": [
            "module.kubewarden_rfc_repository.github_repository.main"
          ]
        }
      ]
    },
    {
      "module": "module.kubewarden_rfc_repository",
      "mode": "managed",
      "type": "github_issue_label",
      "name": "label",
      "provider": "provider[\"registry.terraform.io/integrations/github\"].kubewarden",
      "instances": [
        {
          "index_key": 0,
          "schema_version": 0,
          "attributes": {
            "color": "D3D7CF",
            "description": "",
            "etag": "W/\"4b3ba3beff433ad0ce98addcae7241aa362253d679a5b6269f0bde5ab042d169\"",
            "id": "rfc:area/dependencies",
            "name": "area/dependencies",
            "repository": "rfc",
            "url": "https://api.github.com/repos/kubewarden/rfc/labels/area/dependencies"
          },
          "sensitive_attributes": [],
          "private": "bnVsbA==",
          "dependencies": [
            "module.kubewarden_rfc_repository.github_repository.main"
          ]
        },
        {
          "index_key": 1,
          "schema_version": 0,
          "attributes": {
            "color": "7057ff",
            "description": "",
            "etag": "W/\"f25a112a1520febedadb14bd6c0dd43f0df366c4dac6ef05f2c91401ab17d158\"",
            "id": "rfc:kind/automation",
            "name": "good first issue",
            "repository": "rfc",
            "url": "https://api.github.com/repos/kubewarden/rfc/labels/kind/automation"
          },
          "sensitive_attributes": [],
          "private": "bnVsbA==",
          "dependencies": [
            "module.kubewarden_rfc_repository.github_repository.main"
          ]
        },
        {
          "index_key": 2,
          "schema_version": 0,
          "attributes": {
            "color": "3465A4",
            "description": "",
            "etag": "W/\"cb6cb23d9fc1f00857b0373551aca55331771d2420b0f3a79a0e8b7eaaed4d2b\"",
            "id": "rfc:kind/breaking-change",
            "name": "kind/automation",
            "repository": "rfc",
            "url": "https://api.github.com/repos/kubewarden/rfc/labels/kind/breaking-change"
          },
          "sensitive_attributes": [],
          "private": "bnVsbA==",
          "dependencies": [
            "module.kubewarden_rfc_repository.github_repository.main"
          ]
        },
        {
          "index_key": 3,
          "schema_version": 0,
          "attributes": {
            "color": "FCE94F",
            "description": "",
            "etag": "W/\"f47f736ff798eafa00cf87b8dc8e60800d979850e6226781cb726c66d5dc7a14\"",
            "id": "rfc:kind/bug",
            "name": "kind/breaking-change",
            "repository": "rfc",
            "url": "https://api.github.com/repos/kubewarden/rfc/labels/kind/bug"
          },
          "sensitive_attributes": [],
          "private": "bnVsbA==",
          "dependencies": [
            "module.kubewarden_rfc_repository.github_repository.main"
          ]
        },
        {
          "index_key": 4,
          "schema_version": 0,
          "attributes": {
            "color": "EF2929",
            "description": "",
            "etag": "W/\"c47af97ceaa8a5ecae91d06a81d4b7fef5f7c3bb33ab2c4d1eee4772db259eaf\"",
            "id": "rfc:kind/chore",
            "name": "kind/bug",
            "repository": "rfc",
            "url": "https://api.github.com/repos/kubewarden/rfc/labels/kind/chore"
          },
          "sensitive_attributes": [],
          "private": "bnVsbA==",
          "dependencies": [
            "module.kubewarden_rfc_repository.github_repository.main"
          ]
        },
        {
          "index_key": 5,
          "schema_version": 0,
          "attributes": {
            "color": "555753",
            "description": "",
            "etag": "W/\"8e6598593211d0c24670797359c729f2314c18095fbcb713c8e0fe70f2b51773\"",
            "id": "rfc:kind/enhancement",
            "name": "kind/chore",
            "repository": "rfc",
            "url": "https://api.github.com/repos/kubewarden/rfc/labels/kind/enhancement"
          },
          "sensitive_attributes": [],
          "private": "bnVsbA==",
          "dependencies": [
            "module.kubewarden_rfc_repository.github_repository.main"
          ]
        },
        {
          "index_key": 6,
          "schema_version": 0,
          "attributes": {
            "color": "06989A",
            "description": "",
            "etag": "W/\"919849b8b36f9d86602ea6606ea3c61697e53754ec70b97c82ed7426b3f5b161\"",
            "id": "rfc:kind/feature",
            "name": "kind/enhancement",
            "repository": "rfc",
            "url": "https://api.github.com/repos/kubewarden/rfc/labels/kind/feature"
          },
          "sensitive_attributes": [],
          "private": "bnVsbA==",
          "dependencies": [
            "module.kubewarden_rfc_repository.github_repository.main"
          ]
        },
        {
          "index_key": 7,
          "schema_version": 0,
          "attributes": {
            "color": "34E2E2",
            "description": "",
            "etag": "W/\"46629f8f6b29e88a1419946fc8ea606a14faf2050901951c867c76a9fd79d374\"",
            "id": "rfc:kind/question",
            "name": "kind/feature",
            "repository": "rfc",
            "url": "https://api.github.com/repos/kubewarden/rfc/labels/kind/question"
          },
          "sensitive_attributes": [],
          "private": "bnVsbA==",
          "dependencies": [
            "module.kubewarden_rfc_repository.github_repository.main"
          ]
        },
        {
          "index_key": 8,
          "schema_version": 0,
          "attributes": {
            "color": "ad7fa8",
            "description": "",
            "etag": "W/\"2c5f20cde03ec52bc12e5ebcd5c653588eb9738dc91dc493c8ac2975d82c18ec\"",
            "id": "rfc:kind/tech-debt",
            "name": "kind/question",
            "repository": "rfc",
            "url": "https://api.github.com/repos/kubewarden/rfc/labels/kind/tech-debt"
          },
          "sensitive_attributes": [],
          "private": "bnVsbA==",
          "dependencies": [
            "module.kubewarden_rfc_repository.github_repository.main"
          ]
        },
        {
          "index_key": 9,
          "schema_version": 0,
          "attributes": {
            "color": "729FCF",
            "description": "",
            "etag": "W/\"34cf6023bb9535c20e437c129da5d2af387fb0ac7b18d393888260cd963c39e4\"",
            "id": "rfc:kind/to-be-refined",
            "name": "kind/tech-debt",
            "repository": "rfc",
            "url": "https://api.github.com/repos/kubewarden/rfc/labels/kind/to-be-refined"
          },
          "sensitive_attributes": [],
          "private": "bnVsbA==",
          "dependencies": [
            "module.kubewarden_rfc_repository.github_repository.main"
          ]
        },
        {
          "index_key": 10,
          "schema_version": 0,
          "attributes": {
            "color": "B14FCF",
            "description": "",
            "etag": "W/\"2ad32303104301ad29bfa9459b12f534f2baa182677785d3f171e8c0a7620676\"",
            "id": "rfc:release/minor",
            "name": "kind/to-be-refined",
            "repository": "rfc",
            "url": "https://api.github.com/repos/kubewarden/rfc/labels/release/minor"
          },
          "sensitive_attributes": [],
          "private": "bnVsbA==",
          "dependencies": [
            "module.kubewarden_rfc_repository.github_repository.main"
          ]
        },
        {
          "index_key": 11,
          "schema_version": 0,
          "attributes": {
            "color": "8AE234",
            "description": "",
            "etag": "W/\"5adf482f13c043f2e66548752b3100e004929b99424c8ebf2b2597917be76000\"",
            "id": "rfc:release/major",
            "name": "release/major",
            "repository": "rfc",
            "url": "https://api.github.com/repos/kubewarden/rfc/labels/release/major"
          },
          "sensitive_attributes": [],
          "private": "bnVsbA==",
          "dependencies": [
            "module.kubewarden_rfc_repository.github_repository.main"
          ]
        },
        {
          "index_key": 12,
          "schema_version": 0,
          "attributes": {
            "color": "4E9A06",
            "description": "",
            "etag": "W/\"07bd6ce37e8804baf1d50066fd1ec0bc9e889ce85d6022d3a6c5241807bcd2c5\"",
            "id": "rfc:release/skip-changelog",
            "name": "release/minor",
            "repository": "rfc",
            "url": "https://api.github.com/repos/kubewarden/rfc/labels/release/skip-changelog"
          },
          "sensitive_attributes": [],
          "private": "bnVsbA==",
          "dependencies": [
            "module.kubewarden_rfc_repository.github_repository.main"
          ]
        },
        {
          "index_key": 13,
          "schema_version": 0,
          "attributes": {
            "color": "aa6600",
            "description": "",
            "etag": "W/\"f30b81a0a16f76cf06be90def8e2d315032ff949c4a436061fef2c3e79bd8251\"",
            "id": "rfc:release/patch",
            "name": "release/patch",
            "repository": "rfc",
            "url": "https://api.github.com/repos/kubewarden/rfc/labels/release/patch"
          },
          "sensitive_attributes": [],
          "private": "bnVsbA==",
          "dependencies": [
            "module.kubewarden_rfc_repository.github_repository.main"
          ]
        },
        {
          "index_key": 14,
          "schema_version": 0,
          "attributes": {
            "color": "77cc00",
            "description": "",
            "etag": "W/\"60b7d47ea6e7c19a0572adea0aa97df4b8afd20d8ea0cf2ae363edd54216c470\"",
            "id": "rfc:release/skip-changelog",
            "name": "release/skip-changelog",
            "repository": "rfc",
            "url": "https://api.github.com/repos/kubewarden/rfc/labels/release/skip-changelog"
          },
          "sensitive_attributes": [],
          "private": "bnVsbA==",
          "dependencies": [
            "module.kubewarden_rfc_repository.github_repository.main"
          ]
        }
      ]
    },
    {
      "module": "module.kubewarden_rfc_repository",
      "mode": "managed",
      "type": "github_repository",
      "name": "main",
      "provider": "provider[\"registry.terraform.io/integrations/github\"].kubewarden",
      "instances": [
        {
          "schema_version": 1,
          "attributes": {
            "allow_auto_merge": false,
            "allow_merge_commit": true,
            "allow_rebase_merge": true,
            "allow_squash_merge": true,
            "allow_update_branch": false,
            "archive_on_destroy": null,
            "archived": false,
            "auto_init": null,
            "default_branch": "main",
            "delete_branch_on_merge": false,
            "description": "Kubewarden's RFCs",
            "etag": "W/\"4e64e992bf5d6a859271d2a5ae096b9769a077337ce79c37df00fbc953f9144a\"",
            "full_name": "kubewarden/rfc",
            "git_clone_url": "git://github.com/kubewarden/rfc.git",
            "gitignore_template": null,
            "has_discussions": false,
            "has_downloads": true,
            "has_issues": true,
            "has_projects": false,
            "has_wiki": true,
            "homepage_url": "https://github.com/kubewarden/",
            "html_url": "https://github.com/kubewarden/rfc",
            "http_clone_url": "https://github.com/kubewarden/rfc.git",
            "id": "rfc",
            "ignore_vulnerability_alerts_during_read": null,
            "is_template": false,
            "license_template": null,
            "merge_commit_message": "PR_TITLE",
            "merge_commit_title": "MERGE_MESSAGE",
            "name": "rfc",
            "node_id": "R_kgDOG-SiGg",
            "pages": [],
            "primary_language": "",
            "private": false,
            "repo_id": 467968538,
            "security_and_analysis": [
              {
                "advanced_security": [],
                "secret_scanning": [
                  {
                    "status": "enabled"
                  }
                ],
                "secret_scanning_push_protection": [
                  {
                    "status": "disabled"
                  }
                ]
              }
            ],
            "squash_merge_commit_message": "COMMIT_MESSAGES",
            "squash_merge_commit_title": "COMMIT_OR_PR_TITLE",
            "ssh_clone_url": "git@github.com:kubewarden/rfc.git",
            "svn_url": "https://github.com/kubewarden/rfc",
            "template": [],
            "topics": [
              "hacktoberfest",
              "kubernetes",
              "kubernetes-security",
              "policy-as-code",
              "webassembly"
            ],
            "visibility": "public",
            "vulnerability_alerts": true,
            "web_commit_signoff_required": true
          },
          "sensitive_attributes": [],
          "private": "eyJzY2hlbWFfdmVyc2lvbiI6IjEifQ=="
        }
      ]
    },
    {
      "module": "module.kubewarden_rfc_repository",
      "mode": "managed",
      "type": "github_team_repository",
      "name": "gh_team_push_rights",
      "provider": "provider[\"registry.terraform.io/integrations/github\"].kubewarden",
      "instances": [
        {
          "index_key": 0,
          "schema_version": 0,
          "attributes": {
            "etag": "W/\"c47b9564162ac68437dcf8629774e7ad8279f76675454f7d4cd15411c3e707a9\"",
            "id": "4972867:rfc",
            "permission": "push",
            "repository": "rfc",
            "team_id": "4972867"
          },
          "sensitive_attributes": [],
          "private": "bnVsbA==",
          "dependencies": [
            "data.github_team.kubewarden_developers",
            "data.github_team.kubewarden_documentation",
            "module.kubewarden_rfc_repository.github_repository.main"
          ]
        },
        {
          "index_key": 1,
          "schema_version": 0,
          "attributes": {
            "etag": "W/\"c47b9564162ac68437dcf8629774e7ad8279f76675454f7d4cd15411c3e707a9\"",
            "id": "5417591:rfc",
            "permission": "push",
            "repository": "rfc",
            "team_id": "5417591"
          },
          "sensitive_attributes": [],
          "private": "bnVsbA==",
          "dependencies": [
            "data.github_team.kubewarden_developers",
            "data.github_team.kubewarden_documentation",
            "module.kubewarden_rfc_repository.github_repository.main"
          ]
        }
      ]
    },
    {
      "module": "module.kubewarden_strfmt_repository",
      "mode": "managed",
      "type": "github_app_installation_repository",
      "name": "app_dco",
      "provider": "provider[\"registry.terraform.io/integrations/github\"].kubewarden",
      "instances": [
        {
          "schema_version": 0,
          "attributes": {
            "id": "29141080:strfmt",
            "installation_id": "29141080",
            "repo_id": 491126441,
            "repository": "strfmt"
          },
          "sensitive_attributes": [],
          "private": "bnVsbA==",
          "dependencies": [
            "module.kubewarden_strfmt_repository.github_repository.main"
          ]
        }
      ]
    },
    {
      "module": "module.kubewarden_strfmt_repository",
      "mode": "managed",
      "type": "github_issue_label",
      "name": "label",
      "provider": "provider[\"registry.terraform.io/integrations/github\"].kubewarden",
      "instances": [
        {
          "index_key": 0,
          "schema_version": 0,
          "attributes": {
            "color": "D3D7CF",
            "description": "",
            "etag": "W/\"c579b005bab58d7ddc3efce48c92e8a80af41004ab8a34b58f04a4430ea52100\"",
            "id": "strfmt:area/dependencies",
            "name": "area/dependencies",
            "repository": "strfmt",
            "url": "https://api.github.com/repos/kubewarden/strfmt/labels/area/dependencies"
          },
          "sensitive_attributes": [],
          "private": "bnVsbA==",
          "dependencies": [
            "module.kubewarden_strfmt_repository.github_repository.main"
          ]
        },
        {
          "index_key": 1,
          "schema_version": 0,
          "attributes": {
            "color": "7057ff",
            "description": "",
            "etag": "W/\"6b878f80fa60e1791da3b6053c9d6a965af5f5b7573652b218d2ca03178206e2\"",
            "id": "strfmt:kind/automation",
            "name": "good first issue",
            "repository": "strfmt",
            "url": "https://api.github.com/repos/kubewarden/strfmt/labels/kind/automation"
          },
          "sensitive_attributes": [],
          "private": "bnVsbA==",
          "dependencies": [
            "module.kubewarden_strfmt_repository.github_repository.main"
          ]
        },
        {
          "index_key": 2,
          "schema_version": 0,
          "attributes": {
            "color": "3465A4",
            "description": "",
            "etag": "W/\"1e164cfd03ffd138afccbbd9d179472dca3a19ee26ebdf3b0d193f3f907191a0\"",
            "id": "strfmt:kind/breaking-change",
            "name": "kind/automation",
            "repository": "strfmt",
            "url": "https://api.github.com/repos/kubewarden/strfmt/labels/kind/breaking-change"
          },
          "sensitive_attributes": [],
          "private": "bnVsbA==",
          "dependencies": [
            "module.kubewarden_strfmt_repository.github_repository.main"
          ]
        },
        {
          "index_key": 3,
          "schema_version": 0,
          "attributes": {
            "color": "FCE94F",
            "description": "",
            "etag": "W/\"8d82db7f115f527495446e26854322108cf05dbb543638dec7fd2505a7c41376\"",
            "id": "strfmt:kind/bug",
            "name": "kind/breaking-change",
            "repository": "strfmt",
            "url": "https://api.github.com/repos/kubewarden/strfmt/labels/kind/bug"
          },
          "sensitive_attributes": [],
          "private": "bnVsbA==",
          "dependencies": [
            "module.kubewarden_strfmt_repository.github_repository.main"
          ]
        },
        {
          "index_key": 4,
          "schema_version": 0,
          "attributes": {
            "color": "EF2929",
            "description": "",
            "etag": "W/\"1e85c331d9026b19437386840e7d4ccaf0475021e6730151973c174dc0bf71a7\"",
            "id": "strfmt:kind/chore",
            "name": "kind/bug",
            "repository": "strfmt",
            "url": "https://api.github.com/repos/kubewarden/strfmt/labels/kind/chore"
          },
          "sensitive_attributes": [],
          "private": "bnVsbA==",
          "dependencies": [
            "module.kubewarden_strfmt_repository.github_repository.main"
          ]
        },
        {
          "index_key": 5,
          "schema_version": 0,
          "attributes": {
            "color": "555753",
            "description": "",
            "etag": "W/\"04c270149583dcc84e7ded5c8231aa76611af9ab5c3790d3faf2d82c2304a0af\"",
            "id": "strfmt:kind/enhancement",
            "name": "kind/chore",
            "repository": "strfmt",
            "url": "https://api.github.com/repos/kubewarden/strfmt/labels/kind/enhancement"
          },
          "sensitive_attributes": [],
          "private": "bnVsbA==",
          "dependencies": [
            "module.kubewarden_strfmt_repository.github_repository.main"
          ]
        },
        {
          "index_key": 6,
          "schema_version": 0,
          "attributes": {
            "color": "06989A",
            "description": "",
            "etag": "W/\"66774ec2468cb06662b8c54ef9a3728ea93346dd69609f582beef1b905ad5058\"",
            "id": "strfmt:kind/feature",
            "name": "kind/enhancement",
            "repository": "strfmt",
            "url": "https://api.github.com/repos/kubewarden/strfmt/labels/kind/feature"
          },
          "sensitive_attributes": [],
          "private": "bnVsbA==",
          "dependencies": [
            "module.kubewarden_strfmt_repository.github_repository.main"
          ]
        },
        {
          "index_key": 7,
          "schema_version": 0,
          "attributes": {
            "color": "34E2E2",
            "description": "",
            "etag": "W/\"388a6fd87bdf881b193881d6d3d6cbaa7c9d2a8f7f51bc5268f479ac190bfc1c\"",
            "id": "strfmt:kind/question",
            "name": "kind/feature",
            "repository": "strfmt",
            "url": "https://api.github.com/repos/kubewarden/strfmt/labels/kind/question"
          },
          "sensitive_attributes": [],
          "private": "bnVsbA==",
          "dependencies": [
            "module.kubewarden_strfmt_repository.github_repository.main"
          ]
        },
        {
          "index_key": 8,
          "schema_version": 0,
          "attributes": {
            "color": "ad7fa8",
            "description": "",
            "etag": "W/\"4052703e1beabcb67d32cdfb88d4412d1d4c92c7b106497dc6257e7abedc37f3\"",
            "id": "strfmt:kind/tech-debt",
            "name": "kind/question",
            "repository": "strfmt",
            "url": "https://api.github.com/repos/kubewarden/strfmt/labels/kind/tech-debt"
          },
          "sensitive_attributes": [],
          "private": "bnVsbA==",
          "dependencies": [
            "module.kubewarden_strfmt_repository.github_repository.main"
          ]
        },
        {
          "index_key": 9,
          "schema_version": 0,
          "attributes": {
            "color": "729FCF",
            "description": "",
            "etag": "W/\"a38ed21fe72da98792ca9cd807f9ac81825106fc315526b286f1a2db6280df99\"",
            "id": "strfmt:kind/to-be-refined",
            "name": "kind/tech-debt",
            "repository": "strfmt",
            "url": "https://api.github.com/repos/kubewarden/strfmt/labels/kind/to-be-refined"
          },
          "sensitive_attributes": [],
          "private": "bnVsbA==",
          "dependencies": [
            "module.kubewarden_strfmt_repository.github_repository.main"
          ]
        },
        {
          "index_key": 10,
          "schema_version": 0,
          "attributes": {
            "color": "B14FCF",
            "description": "",
            "etag": "W/\"49d44cb1c7e96ebaff3aeea712d4c4374ef7dde5ee29146fd319b08cf8b939aa\"",
            "id": "strfmt:release/major",
            "name": "kind/to-be-refined",
            "repository": "strfmt",
            "url": "https://api.github.com/repos/kubewarden/strfmt/labels/release/major"
          },
          "sensitive_attributes": [],
          "private": "bnVsbA==",
          "dependencies": [
            "module.kubewarden_strfmt_repository.github_repository.main"
          ]
        },
        {
          "index_key": 11,
          "schema_version": 0,
          "attributes": {
            "color": "8AE234",
            "description": "",
            "etag": "W/\"3a2e6b67b2efb16ae88f6b8acc428e2be019143f39bc2e6e5f7f9b9bc209fc3f\"",
            "id": "strfmt:release/minor",
            "name": "release/major",
            "repository": "strfmt",
            "url": "https://api.github.com/repos/kubewarden/strfmt/labels/release/minor"
          },
          "sensitive_attributes": [],
          "private": "bnVsbA==",
          "dependencies": [
            "module.kubewarden_strfmt_repository.github_repository.main"
          ]
        },
        {
          "index_key": 12,
          "schema_version": 0,
          "attributes": {
            "color": "4E9A06",
            "description": "",
            "etag": "W/\"344716508a9ce0e0af9fc5aa85ffe1f599e23c3a7fabffc3d5153ded56cff032\"",
            "id": "strfmt:release/patch",
            "name": "release/minor",
            "repository": "strfmt",
            "url": "https://api.github.com/repos/kubewarden/strfmt/labels/release/patch"
          },
          "sensitive_attributes": [],
          "private": "bnVsbA==",
          "dependencies": [
            "module.kubewarden_strfmt_repository.github_repository.main"
          ]
        },
        {
          "index_key": 13,
          "schema_version": 0,
          "attributes": {
            "color": "aa6600",
            "description": "",
            "etag": "W/\"0871aa92e87291ad19aa6878ea8fc21771916c83f12170db6052fe08eec28108\"",
            "id": "strfmt:release/skip-changelog",
            "name": "release/patch",
            "repository": "strfmt",
            "url": "https://api.github.com/repos/kubewarden/strfmt/labels/release/skip-changelog"
          },
          "sensitive_attributes": [],
          "private": "bnVsbA==",
          "dependencies": [
            "module.kubewarden_strfmt_repository.github_repository.main"
          ]
        },
        {
          "index_key": 14,
          "schema_version": 0,
          "attributes": {
            "color": "77cc00",
            "description": "",
            "etag": "W/\"811f600bb4047f13d556d856408ae1c1c86ca503a60a38ccb3cdce24b41cd072\"",
            "id": "strfmt:release/skip-changelog",
            "name": "release/skip-changelog",
            "repository": "strfmt",
            "url": "https://api.github.com/repos/kubewarden/strfmt/labels/release/skip-changelog"
          },
          "sensitive_attributes": [],
          "private": "bnVsbA==",
          "dependencies": [
            "module.kubewarden_strfmt_repository.github_repository.main"
          ]
        }
      ]
    },
    {
      "module": "module.kubewarden_strfmt_repository",
      "mode": "managed",
      "type": "github_repository",
      "name": "main",
      "provider": "provider[\"registry.terraform.io/integrations/github\"].kubewarden",
      "instances": [
        {
          "schema_version": 1,
          "attributes": {
            "allow_auto_merge": false,
            "allow_merge_commit": true,
            "allow_rebase_merge": true,
            "allow_squash_merge": true,
            "allow_update_branch": false,
            "archive_on_destroy": null,
            "archived": false,
            "auto_init": null,
            "default_branch": "main",
            "delete_branch_on_merge": false,
            "description": "A stripped down version of go-openapi/strfrm that works with TinyGo",
            "etag": "W/\"8be1eee1960f6b2feb58bfb3587033779d2b09151b26ff53f1e08d2f650d7ea4\"",
            "full_name": "kubewarden/strfmt",
            "git_clone_url": "git://github.com/kubewarden/strfmt.git",
            "gitignore_template": null,
            "has_discussions": false,
            "has_downloads": true,
            "has_issues": true,
            "has_projects": false,
            "has_wiki": true,
            "homepage_url": "https://github.com/kubewarden/",
            "html_url": "https://github.com/kubewarden/strfmt",
            "http_clone_url": "https://github.com/kubewarden/strfmt.git",
            "id": "strfmt",
            "ignore_vulnerability_alerts_during_read": null,
            "is_template": false,
            "license_template": null,
            "merge_commit_message": "PR_TITLE",
            "merge_commit_title": "MERGE_MESSAGE",
            "name": "strfmt",
            "node_id": "R_kgDOHUX-qQ",
            "pages": [],
            "primary_language": "Go",
            "private": false,
            "repo_id": 491126441,
            "security_and_analysis": [
              {
                "advanced_security": [],
                "secret_scanning": [
                  {
                    "status": "enabled"
                  }
                ],
                "secret_scanning_push_protection": [
                  {
                    "status": "disabled"
                  }
                ]
              }
            ],
            "squash_merge_commit_message": "COMMIT_MESSAGES",
            "squash_merge_commit_title": "COMMIT_OR_PR_TITLE",
            "ssh_clone_url": "git@github.com:kubewarden/strfmt.git",
            "svn_url": "https://github.com/kubewarden/strfmt",
            "template": [],
            "topics": [
              "hacktoberfest",
              "kubernetes",
              "kubernetes-security",
              "policy-as-code",
              "webassembly"
            ],
            "visibility": "public",
            "vulnerability_alerts": true,
            "web_commit_signoff_required": true
          },
          "sensitive_attributes": [],
          "private": "eyJzY2hlbWFfdmVyc2lvbiI6IjEifQ=="
        }
      ]
    },
    {
      "module": "module.kubewarden_strfmt_repository",
      "mode": "managed",
      "type": "github_team_repository",
      "name": "gh_team_push_rights",
      "provider": "provider[\"registry.terraform.io/integrations/github\"].kubewarden",
      "instances": [
        {
          "index_key": 0,
          "schema_version": 0,
          "attributes": {
            "etag": "W/\"6118d11d83ef658589b81bb81c9c72fba371b4abd9d7b30d75b8a465667e144b\"",
            "id": "4972867:strfmt",
            "permission": "push",
            "repository": "strfmt",
            "team_id": "4972867"
          },
          "sensitive_attributes": [],
          "private": "bnVsbA==",
          "dependencies": [
            "data.github_team.kubewarden_developers",
            "module.kubewarden_strfmt_repository.github_repository.main"
          ]
        }
      ]
    },
    {
      "module": "module.kubewarden_utils_repository",
      "mode": "managed",
      "type": "github_app_installation_repository",
      "name": "app_dco",
      "provider": "provider[\"registry.terraform.io/integrations/github\"].kubewarden",
      "instances": [
        {
          "schema_version": 0,
          "attributes": {
            "id": "29141080:utils",
            "installation_id": "29141080",
            "repo_id": 511553735,
            "repository": "utils"
          },
          "sensitive_attributes": [],
          "private": "bnVsbA==",
          "dependencies": [
            "module.kubewarden_utils_repository.github_repository.main"
          ]
        }
      ]
    },
    {
      "module": "module.kubewarden_utils_repository",
      "mode": "managed",
      "type": "github_issue_label",
      "name": "label",
      "provider": "provider[\"registry.terraform.io/integrations/github\"].kubewarden",
      "instances": [
        {
          "index_key": 0,
          "schema_version": 0,
          "attributes": {
            "color": "D3D7CF",
            "description": "",
            "etag": "W/\"8fb0678ade6b373b61ede5221e1487e730db5945b5bccea2aacb92029c00204a\"",
            "id": "utils:area/dependencies",
            "name": "area/dependencies",
            "repository": "utils",
            "url": "https://api.github.com/repos/kubewarden/utils/labels/area/dependencies"
          },
          "sensitive_attributes": [],
          "private": "bnVsbA==",
          "dependencies": [
            "module.kubewarden_utils_repository.github_repository.main"
          ]
        },
        {
          "index_key": 1,
          "schema_version": 0,
          "attributes": {
            "color": "7057ff",
            "description": "",
            "etag": "W/\"1ad022e22a6f7e22c9fdc96f1b1e8b530d5fb7e2e85bc8fda59974260b495896\"",
            "id": "utils:kind/automation",
            "name": "good first issue",
            "repository": "utils",
            "url": "https://api.github.com/repos/kubewarden/utils/labels/kind/automation"
          },
          "sensitive_attributes": [],
          "private": "bnVsbA==",
          "dependencies": [
            "module.kubewarden_utils_repository.github_repository.main"
          ]
        },
        {
          "index_key": 2,
          "schema_version": 0,
          "attributes": {
            "color": "3465A4",
            "description": "",
            "etag": "W/\"aae6b00a7db332fc4522fe4fa8f020d93803df817b5fd080c478be5b4f7ac6ad\"",
            "id": "utils:kind/breaking-change",
            "name": "kind/automation",
            "repository": "utils",
            "url": "https://api.github.com/repos/kubewarden/utils/labels/kind/breaking-change"
          },
          "sensitive_attributes": [],
          "private": "bnVsbA==",
          "dependencies": [
            "module.kubewarden_utils_repository.github_repository.main"
          ]
        },
        {
          "index_key": 3,
          "schema_version": 0,
          "attributes": {
            "color": "FCE94F",
            "description": "",
            "etag": "W/\"b89d26acfd03adf6542021e6f7bfcc1c25ae1696bc6708ba4e68174821337c6a\"",
            "id": "utils:kind/bug",
            "name": "kind/breaking-change",
            "repository": "utils",
            "url": "https://api.github.com/repos/kubewarden/utils/labels/kind/bug"
          },
          "sensitive_attributes": [],
          "private": "bnVsbA==",
          "dependencies": [
            "module.kubewarden_utils_repository.github_repository.main"
          ]
        },
        {
          "index_key": 4,
          "schema_version": 0,
          "attributes": {
            "color": "EF2929",
            "description": "",
            "etag": "W/\"1babb448cf21f4d150593c1a9e1022fcb6f1189d4a957b5807331b04e60dd954\"",
            "id": "utils:kind/chore",
            "name": "kind/bug",
            "repository": "utils",
            "url": "https://api.github.com/repos/kubewarden/utils/labels/kind/chore"
          },
          "sensitive_attributes": [],
          "private": "bnVsbA==",
          "dependencies": [
            "module.kubewarden_utils_repository.github_repository.main"
          ]
        },
        {
          "index_key": 5,
          "schema_version": 0,
          "attributes": {
            "color": "555753",
            "description": "",
            "etag": "W/\"16b47407e42b93f8c1c34a5365f25f7d157dfb37031fb4937889de65f6d619fe\"",
            "id": "utils:kind/enhancement",
            "name": "kind/chore",
            "repository": "utils",
            "url": "https://api.github.com/repos/kubewarden/utils/labels/kind/enhancement"
          },
          "sensitive_attributes": [],
          "private": "bnVsbA==",
          "dependencies": [
            "module.kubewarden_utils_repository.github_repository.main"
          ]
        },
        {
          "index_key": 6,
          "schema_version": 0,
          "attributes": {
            "color": "06989A",
            "description": "",
            "etag": "W/\"e099cc2d9db7ed70a69390670c0e16429e127f524152c2c0da39097c9817b928\"",
            "id": "utils:kind/feature",
            "name": "kind/enhancement",
            "repository": "utils",
            "url": "https://api.github.com/repos/kubewarden/utils/labels/kind/feature"
          },
          "sensitive_attributes": [],
          "private": "bnVsbA==",
          "dependencies": [
            "module.kubewarden_utils_repository.github_repository.main"
          ]
        },
        {
          "index_key": 7,
          "schema_version": 0,
          "attributes": {
            "color": "34E2E2",
            "description": "",
            "etag": "W/\"2d9ac4112cb95c8de69f6f9854c72dd3d8e4a9bdf0a459628a54cc43ea82363f\"",
            "id": "utils:kind/question",
            "name": "kind/feature",
            "repository": "utils",
            "url": "https://api.github.com/repos/kubewarden/utils/labels/kind/question"
          },
          "sensitive_attributes": [],
          "private": "bnVsbA==",
          "dependencies": [
            "module.kubewarden_utils_repository.github_repository.main"
          ]
        },
        {
          "index_key": 8,
          "schema_version": 0,
          "attributes": {
            "color": "ad7fa8",
            "description": "",
            "etag": "W/\"1977296835d096fdf3168192adaff69331fd2e96dd12e1f62bdb7af7328253f0\"",
            "id": "utils:kind/tech-debt",
            "name": "kind/question",
            "repository": "utils",
            "url": "https://api.github.com/repos/kubewarden/utils/labels/kind/tech-debt"
          },
          "sensitive_attributes": [],
          "private": "bnVsbA==",
          "dependencies": [
            "module.kubewarden_utils_repository.github_repository.main"
          ]
        },
        {
          "index_key": 9,
          "schema_version": 0,
          "attributes": {
            "color": "729FCF",
            "description": "",
            "etag": "W/\"9943ce1bbf61adb8660355d1fa98b7bb674739a96d1ef35658c5870b616b3571\"",
            "id": "utils:kind/to-be-refined",
            "name": "kind/tech-debt",
            "repository": "utils",
            "url": "https://api.github.com/repos/kubewarden/utils/labels/kind/to-be-refined"
          },
          "sensitive_attributes": [],
          "private": "bnVsbA==",
          "dependencies": [
            "module.kubewarden_utils_repository.github_repository.main"
          ]
        },
        {
          "index_key": 10,
          "schema_version": 0,
          "attributes": {
            "color": "B14FCF",
            "description": "",
            "etag": "W/\"4bac3c808d66b83313edf095825f689f9a33032459d3d22884c63c19b33f624d\"",
            "id": "utils:release/minor",
            "name": "kind/to-be-refined",
            "repository": "utils",
            "url": "https://api.github.com/repos/kubewarden/utils/labels/release/minor"
          },
          "sensitive_attributes": [],
          "private": "bnVsbA==",
          "dependencies": [
            "module.kubewarden_utils_repository.github_repository.main"
          ]
        },
        {
          "index_key": 11,
          "schema_version": 0,
          "attributes": {
            "color": "8AE234",
            "description": "",
            "etag": "W/\"aad6b65a9c15ed66433b160a5adbf7927dab717aed59f6a38b91d14e4a763a0e\"",
            "id": "utils:release/major",
            "name": "release/major",
            "repository": "utils",
            "url": "https://api.github.com/repos/kubewarden/utils/labels/release/major"
          },
          "sensitive_attributes": [],
          "private": "bnVsbA==",
          "dependencies": [
            "module.kubewarden_utils_repository.github_repository.main"
          ]
        },
        {
          "index_key": 12,
          "schema_version": 0,
          "attributes": {
            "color": "4E9A06",
            "description": "",
            "etag": "W/\"da4c2ee5c56ba46bb457c689f2a4de98cb497a492fed1ce684f4818a69684aac\"",
            "id": "utils:release/skip-changelog",
            "name": "release/minor",
            "repository": "utils",
            "url": "https://api.github.com/repos/kubewarden/utils/labels/release/skip-changelog"
          },
          "sensitive_attributes": [],
          "private": "bnVsbA==",
          "dependencies": [
            "module.kubewarden_utils_repository.github_repository.main"
          ]
        },
        {
          "index_key": 13,
          "schema_version": 0,
          "attributes": {
            "color": "aa6600",
            "description": "",
            "etag": "W/\"4000939f2532ae7d36df7780c7ecd2ed196c2c54b9dc1742d8ac24ba023bf29e\"",
            "id": "utils:release/patch",
            "name": "release/patch",
            "repository": "utils",
            "url": "https://api.github.com/repos/kubewarden/utils/labels/release/patch"
          },
          "sensitive_attributes": [],
          "private": "bnVsbA==",
          "dependencies": [
            "module.kubewarden_utils_repository.github_repository.main"
          ]
        },
        {
          "index_key": 14,
          "schema_version": 0,
          "attributes": {
            "color": "77cc00",
            "description": "",
            "etag": "W/\"f44af87daf598a6cab698d5bedac95cd53025142cf228680413b3b6c05a21830\"",
            "id": "utils:release/skip-changelog",
            "name": "release/skip-changelog",
            "repository": "utils",
            "url": "https://api.github.com/repos/kubewarden/utils/labels/release/skip-changelog"
          },
          "sensitive_attributes": [],
          "private": "bnVsbA==",
          "dependencies": [
            "module.kubewarden_utils_repository.github_repository.main"
          ]
        }
      ]
    },
    {
      "module": "module.kubewarden_utils_repository",
      "mode": "managed",
      "type": "github_repository",
      "name": "main",
      "provider": "provider[\"registry.terraform.io/integrations/github\"].kubewarden",
      "instances": [
        {
          "schema_version": 1,
          "attributes": {
            "allow_auto_merge": false,
            "allow_merge_commit": true,
            "allow_rebase_merge": true,
            "allow_squash_merge": true,
            "allow_update_branch": false,
            "archive_on_destroy": null,
            "archived": false,
            "auto_init": null,
            "default_branch": "main",
            "delete_branch_on_merge": false,
            "description": "Utils scripts used by the Kubewarden team and users.",
            "etag": "W/\"1ac42b051ab67c518f6dfbfac1aa8b3237884ff2b5e2d2a7e035c9d380b0b51b\"",
            "full_name": "kubewarden/utils",
            "git_clone_url": "git://github.com/kubewarden/utils.git",
            "gitignore_template": null,
            "has_discussions": false,
            "has_downloads": true,
            "has_issues": true,
            "has_projects": false,
            "has_wiki": true,
            "homepage_url": "https://github.com/kubewarden/",
            "html_url": "https://github.com/kubewarden/utils",
            "http_clone_url": "https://github.com/kubewarden/utils.git",
            "id": "utils",
            "ignore_vulnerability_alerts_during_read": null,
            "is_template": false,
            "license_template": null,
            "merge_commit_message": "PR_TITLE",
            "merge_commit_title": "MERGE_MESSAGE",
            "name": "utils",
            "node_id": "R_kgDOHn2wxw",
            "pages": [],
            "primary_language": "Shell",
            "private": false,
            "repo_id": 511553735,
            "security_and_analysis": [
              {
                "advanced_security": [],
                "secret_scanning": [
                  {
                    "status": "enabled"
                  }
                ],
                "secret_scanning_push_protection": [
                  {
                    "status": "disabled"
                  }
                ]
              }
            ],
            "squash_merge_commit_message": "COMMIT_MESSAGES",
            "squash_merge_commit_title": "COMMIT_OR_PR_TITLE",
            "ssh_clone_url": "git@github.com:kubewarden/utils.git",
            "svn_url": "https://github.com/kubewarden/utils",
            "template": [],
            "topics": [
              "hacktoberfest",
              "kubernetes",
              "kubernetes-security",
              "policy-as-code",
              "webassembly"
            ],
            "visibility": "public",
            "vulnerability_alerts": true,
            "web_commit_signoff_required": true
          },
          "sensitive_attributes": [],
          "private": "eyJzY2hlbWFfdmVyc2lvbiI6IjEifQ=="
        }
      ]
    },
    {
      "module": "module.kubewarden_utils_repository",
      "mode": "managed",
      "type": "github_team_repository",
      "name": "gh_team_push_rights",
      "provider": "provider[\"registry.terraform.io/integrations/github\"].kubewarden",
      "instances": [
        {
          "index_key": 0,
          "schema_version": 0,
          "attributes": {
            "etag": "W/\"d8a38fcf21004dc4582208ad8825543a50b85bef7305ecef8fbbf04ea4e1578f\"",
            "id": "4972867:utils",
            "permission": "push",
            "repository": "utils",
            "team_id": "4972867"
          },
          "sensitive_attributes": [],
          "private": "bnVsbA==",
          "dependencies": [
            "data.github_team.kubewarden_developers",
            "module.kubewarden_utils_repository.github_repository.main"
          ]
        }
      ]
    },
    {
      "module": "module.policy_repository_allow_privilege_escalation_psp_policy",
      "mode": "managed",
      "type": "github_repository",
      "name": "main",
      "provider": "provider[\"registry.terraform.io/integrations/github\"].kubewarden",
      "instances": [
        {
          "schema_version": 1,
          "attributes": {
            "allow_auto_merge": false,
            "allow_merge_commit": true,
            "allow_rebase_merge": true,
            "allow_squash_merge": true,
            "allow_update_branch": false,
            "archive_on_destroy": null,
            "archived": false,
            "auto_init": false,
            "default_branch": "main",
            "delete_branch_on_merge": false,
            "description": "A Kubewarden Pod Security Policy that controls usage of allowPrivilegeEscalation",
            "etag": "W/\"6c4880a01d9e9f67216d59aa0be5eabbddd0480ae8cee0745d0ba02147061ef9\"",
            "full_name": "kubewarden/allow-privilege-escalation-psp-policy",
            "git_clone_url": "git://github.com/kubewarden/allow-privilege-escalation-psp-policy.git",
            "gitignore_template": null,
            "has_discussions": false,
            "has_downloads": true,
            "has_issues": true,
            "has_projects": false,
            "has_wiki": true,
            "homepage_url": "https://kubewarden.io",
            "html_url": "https://github.com/kubewarden/allow-privilege-escalation-psp-policy",
            "http_clone_url": "https://github.com/kubewarden/allow-privilege-escalation-psp-policy.git",
            "id": "allow-privilege-escalation-psp-policy",
            "ignore_vulnerability_alerts_during_read": null,
            "is_template": false,
            "license_template": null,
            "merge_commit_message": "PR_TITLE",
            "merge_commit_title": "MERGE_MESSAGE",
            "name": "allow-privilege-escalation-psp-policy",
            "node_id": "MDEwOlJlcG9zaXRvcnkzNDY3MjY1Mjk=",
            "pages": [],
            "primary_language": "Rust",
            "private": false,
            "repo_id": 346726529,
            "security_and_analysis": [
              {
                "advanced_security": [],
                "secret_scanning": [
                  {
                    "status": "enabled"
                  }
                ],
                "secret_scanning_push_protection": [
                  {
                    "status": "disabled"
                  }
                ]
              }
            ],
            "squash_merge_commit_message": "COMMIT_MESSAGES",
            "squash_merge_commit_title": "COMMIT_OR_PR_TITLE",
            "ssh_clone_url": "git@github.com:kubewarden/allow-privilege-escalation-psp-policy.git",
            "svn_url": "https://github.com/kubewarden/allow-privilege-escalation-psp-policy",
            "template": [],
            "topics": [
              "hacktoberfest",
              "kubernetes",
              "kubernetes-security",
              "kubewarden-policy",
              "pod-security-policy",
              "policy-as-code",
              "webassembly"
            ],
            "visibility": "public",
            "vulnerability_alerts": true,
            "web_commit_signoff_required": true
          },
          "sensitive_attributes": [],
          "private": "eyJzY2hlbWFfdmVyc2lvbiI6IjEifQ=="
        }
      ]
    },
    {
      "module": "module.policy_repository_allow_privilege_escalation_psp_policy",
      "mode": "managed",
      "type": "github_team_repository",
      "name": "gh_team_push_rights",
      "provider": "provider[\"registry.terraform.io/integrations/github\"].kubewarden",
      "instances": [
        {
          "index_key": 0,
          "schema_version": 0,
          "attributes": {
            "etag": "W/\"d89287320743ead30495bb8550095df39e610b9723b9f11953f5ee91df75fdc5\"",
            "id": "4972867:allow-privilege-escalation-psp-policy",
            "permission": "push",
            "repository": "allow-privilege-escalation-psp-policy",
            "team_id": "4972867"
          },
          "sensitive_attributes": [],
          "private": "bnVsbA==",
          "dependencies": [
            "data.github_team.kubewarden_developers",
            "module.policy_repository_allow_privilege_escalation_psp_policy.github_repository.main"
          ]
        }
      ]
    },
    {
      "module": "module.policy_repository_allowed_fsgroups_psp_policy",
      "mode": "managed",
      "type": "github_repository",
      "name": "main",
      "provider": "provider[\"registry.terraform.io/integrations/github\"].kubewarden",
      "instances": [
        {
          "schema_version": 1,
          "attributes": {
            "allow_auto_merge": false,
            "allow_merge_commit": true,
            "allow_rebase_merge": true,
            "allow_squash_merge": true,
            "allow_update_branch": false,
            "archive_on_destroy": null,
            "archived": false,
            "auto_init": false,
            "default_branch": "main",
            "delete_branch_on_merge": false,
            "description": "Replacement for the Kubernetes Pod Security Policy that controls the usage of fsGroup in the pod security context",
            "etag": "W/\"e2e9010e1f1410cc6f8ac69fd55f6917fdb113da63a3a5279b071b2fa3b125bf\"",
            "full_name": "kubewarden/allowed-fsgroups-psp-policy",
            "git_clone_url": "git://github.com/kubewarden/allowed-fsgroups-psp-policy.git",
            "gitignore_template": null,
            "has_discussions": false,
            "has_downloads": true,
            "has_issues": true,
            "has_projects": false,
            "has_wiki": true,
            "homepage_url": "https://kubewarden.io",
            "html_url": "https://github.com/kubewarden/allowed-fsgroups-psp-policy",
            "http_clone_url": "https://github.com/kubewarden/allowed-fsgroups-psp-policy.git",
            "id": "allowed-fsgroups-psp-policy",
            "ignore_vulnerability_alerts_during_read": null,
            "is_template": false,
            "license_template": null,
            "merge_commit_message": "PR_TITLE",
            "merge_commit_title": "MERGE_MESSAGE",
            "name": "allowed-fsgroups-psp-policy",
            "node_id": "R_kgDOGZKOzQ",
            "pages": [],
            "primary_language": "Rust",
            "private": false,
            "repo_id": 429035213,
            "security_and_analysis": [
              {
                "advanced_security": [],
                "secret_scanning": [
                  {
                    "status": "enabled"
                  }
                ],
                "secret_scanning_push_protection": [
                  {
                    "status": "disabled"
                  }
                ]
              }
            ],
            "squash_merge_commit_message": "COMMIT_MESSAGES",
            "squash_merge_commit_title": "COMMIT_OR_PR_TITLE",
            "ssh_clone_url": "git@github.com:kubewarden/allowed-fsgroups-psp-policy.git",
            "svn_url": "https://github.com/kubewarden/allowed-fsgroups-psp-policy",
            "template": [],
            "topics": [
              "hacktoberfest",
              "kubernetes",
              "kubernetes-security",
              "kubewarden-policy",
              "pod-security-policy",
              "policy-as-code",
              "webassembly"
            ],
            "visibility": "public",
            "vulnerability_alerts": true,
            "web_commit_signoff_required": true
          },
          "sensitive_attributes": [],
          "private": "eyJzY2hlbWFfdmVyc2lvbiI6IjEifQ=="
        }
      ]
    },
    {
      "module": "module.policy_repository_allowed_fsgroups_psp_policy",
      "mode": "managed",
      "type": "github_team_repository",
      "name": "gh_team_push_rights",
      "provider": "provider[\"registry.terraform.io/integrations/github\"].kubewarden",
      "instances": [
        {
          "index_key": 0,
          "schema_version": 0,
          "attributes": {
            "etag": "W/\"6280c0ad43eec2f52ea1badcb48a36a17a87f7410249e9c34d76e41161e7adc6\"",
            "id": "4972867:allowed-fsgroups-psp-policy",
            "permission": "push",
            "repository": "allowed-fsgroups-psp-policy",
            "team_id": "4972867"
          },
          "sensitive_attributes": [],
          "private": "bnVsbA==",
          "dependencies": [
            "data.github_team.kubewarden_developers",
            "module.policy_repository_allowed_fsgroups_psp_policy.github_repository.main"
          ]
        }
      ]
    },
    {
      "module": "module.policy_repository_allowed_proc_mount_types_psp_policy",
      "mode": "managed",
      "type": "github_repository",
      "name": "main",
      "provider": "provider[\"registry.terraform.io/integrations/github\"].kubewarden",
      "instances": [
        {
          "schema_version": 1,
          "attributes": {
            "allow_auto_merge": false,
            "allow_merge_commit": true,
            "allow_rebase_merge": true,
            "allow_squash_merge": true,
            "allow_update_branch": false,
            "archive_on_destroy": null,
            "archived": false,
            "auto_init": false,
            "default_branch": "main",
            "delete_branch_on_merge": false,
            "description": "Replacement for the Kubernetes Pod Security Policy that controls the usage of /proc mount types",
            "etag": "W/\"fc11cb86e512efed5cc7e77c573c135c5a20468db674defce942b8aed43b16e5\"",
            "full_name": "kubewarden/allowed-proc-mount-types-psp-policy",
            "git_clone_url": "git://github.com/kubewarden/allowed-proc-mount-types-psp-policy.git",
            "gitignore_template": null,
            "has_discussions": false,
            "has_downloads": true,
            "has_issues": true,
            "has_projects": false,
            "has_wiki": true,
            "homepage_url": "https://kubewarden.io",
            "html_url": "https://github.com/kubewarden/allowed-proc-mount-types-psp-policy",
            "http_clone_url": "https://github.com/kubewarden/allowed-proc-mount-types-psp-policy.git",
            "id": "allowed-proc-mount-types-psp-policy",
            "ignore_vulnerability_alerts_during_read": null,
            "is_template": false,
            "license_template": null,
            "merge_commit_message": "PR_TITLE",
            "merge_commit_title": "MERGE_MESSAGE",
            "name": "allowed-proc-mount-types-psp-policy",
            "node_id": "R_kgDOGYyF-w",
            "pages": [],
            "primary_language": "Rust",
            "private": false,
            "repo_id": 428639739,
            "security_and_analysis": [
              {
                "advanced_security": [],
                "secret_scanning": [
                  {
                    "status": "enabled"
                  }
                ],
                "secret_scanning_push_protection": [
                  {
                    "status": "disabled"
                  }
                ]
              }
            ],
            "squash_merge_commit_message": "COMMIT_MESSAGES",
            "squash_merge_commit_title": "COMMIT_OR_PR_TITLE",
            "ssh_clone_url": "git@github.com:kubewarden/allowed-proc-mount-types-psp-policy.git",
            "svn_url": "https://github.com/kubewarden/allowed-proc-mount-types-psp-policy",
            "template": [],
            "topics": [
              "hacktoberfest",
              "kubernetes",
              "kubernetes-security",
              "kubewarden-policy",
              "pod-security-policy",
              "policy-as-code",
              "webassembly"
            ],
            "visibility": "public",
            "vulnerability_alerts": true,
            "web_commit_signoff_required": true
          },
          "sensitive_attributes": [],
          "private": "eyJzY2hlbWFfdmVyc2lvbiI6IjEifQ=="
        }
      ]
    },
    {
      "module": "module.policy_repository_allowed_proc_mount_types_psp_policy",
      "mode": "managed",
      "type": "github_team_repository",
      "name": "gh_team_push_rights",
      "provider": "provider[\"registry.terraform.io/integrations/github\"].kubewarden",
      "instances": [
        {
          "index_key": 0,
          "schema_version": 0,
          "attributes": {
            "etag": "W/\"b2dd57add635cc7c3a40b028e4852c66213afbe8e43f02ca2fb0bc42713307df\"",
            "id": "4972867:allowed-proc-mount-types-psp-policy",
            "permission": "push",
            "repository": "allowed-proc-mount-types-psp-policy",
            "team_id": "4972867"
          },
          "sensitive_attributes": [],
          "private": "bnVsbA==",
          "dependencies": [
            "data.github_team.kubewarden_developers",
            "module.policy_repository_allowed_proc_mount_types_psp_policy.github_repository.main"
          ]
        }
      ]
    },
    {
      "module": "module.policy_repository_apparmor_psp_policy",
      "mode": "managed",
      "type": "github_repository",
      "name": "main",
      "provider": "provider[\"registry.terraform.io/integrations/github\"].kubewarden",
      "instances": [
        {
          "schema_version": 1,
          "attributes": {
            "allow_auto_merge": false,
            "allow_merge_commit": true,
            "allow_rebase_merge": true,
            "allow_squash_merge": true,
            "allow_update_branch": false,
            "archive_on_destroy": null,
            "archived": false,
            "auto_init": false,
            "default_branch": "main",
            "delete_branch_on_merge": false,
            "description": "A Kubewarden Pod Security Policy that controls usage of AppArmor profiles",
            "etag": "W/\"2b813daecdb17648b4a274e339498c7d0b3887c6d1d4d1cf975ab7c83be4e605\"",
            "full_name": "kubewarden/apparmor-psp-policy",
            "git_clone_url": "git://github.com/kubewarden/apparmor-psp-policy.git",
            "gitignore_template": null,
            "has_discussions": false,
            "has_downloads": true,
            "has_issues": true,
            "has_projects": false,
            "has_wiki": true,
            "homepage_url": "https://kubewarden.io",
            "html_url": "https://github.com/kubewarden/apparmor-psp-policy",
            "http_clone_url": "https://github.com/kubewarden/apparmor-psp-policy.git",
            "id": "apparmor-psp-policy",
            "ignore_vulnerability_alerts_during_read": null,
            "is_template": false,
            "license_template": null,
            "merge_commit_message": "PR_TITLE",
            "merge_commit_title": "MERGE_MESSAGE",
            "name": "apparmor-psp-policy",
            "node_id": "MDEwOlJlcG9zaXRvcnkzNDcxNDYyNzY=",
            "pages": [],
            "primary_language": "Rust",
            "private": false,
            "repo_id": 347146276,
            "security_and_analysis": [
              {
                "advanced_security": [],
                "secret_scanning": [
                  {
                    "status": "enabled"
                  }
                ],
                "secret_scanning_push_protection": [
                  {
                    "status": "disabled"
                  }
                ]
              }
            ],
            "squash_merge_commit_message": "COMMIT_MESSAGES",
            "squash_merge_commit_title": "COMMIT_OR_PR_TITLE",
            "ssh_clone_url": "git@github.com:kubewarden/apparmor-psp-policy.git",
            "svn_url": "https://github.com/kubewarden/apparmor-psp-policy",
            "template": [],
            "topics": [
              "hacktoberfest",
              "kubernetes",
              "kubernetes-security",
              "kubewarden-policy",
              "pod-security-policy",
              "policy-as-code",
              "webassembly"
            ],
            "visibility": "public",
            "vulnerability_alerts": true,
            "web_commit_signoff_required": true
          },
          "sensitive_attributes": [],
          "private": "eyJzY2hlbWFfdmVyc2lvbiI6IjEifQ=="
        }
      ]
    },
    {
      "module": "module.policy_repository_apparmor_psp_policy",
      "mode": "managed",
      "type": "github_team_repository",
      "name": "gh_team_push_rights",
      "provider": "provider[\"registry.terraform.io/integrations/github\"].kubewarden",
      "instances": [
        {
          "index_key": 0,
          "schema_version": 0,
          "attributes": {
            "etag": "W/\"a2d63de485f1af8bc69b9090a871ce4f74c9010239894f006dd8ca3ae3c52b79\"",
            "id": "4972867:apparmor-psp-policy",
            "permission": "push",
            "repository": "apparmor-psp-policy",
            "team_id": "4972867"
          },
          "sensitive_attributes": [],
          "private": "bnVsbA==",
          "dependencies": [
            "data.github_team.kubewarden_developers",
            "module.policy_repository_apparmor_psp_policy.github_repository.main"
          ]
        }
      ]
    },
    {
      "module": "module.policy_repository_capabilities_psp_policy",
      "mode": "managed",
      "type": "github_repository",
      "name": "main",
      "provider": "provider[\"registry.terraform.io/integrations/github\"].kubewarden",
      "instances": [
        {
          "schema_version": 1,
          "attributes": {
            "allow_auto_merge": false,
            "allow_merge_commit": true,
            "allow_rebase_merge": true,
            "allow_squash_merge": true,
            "allow_update_branch": false,
            "archive_on_destroy": null,
            "archived": false,
            "auto_init": false,
            "default_branch": "main",
            "delete_branch_on_merge": false,
            "description": "A Pod Security Policy that controls Container Capabilities",
            "etag": "W/\"a1d713ad85213510a758492ea9a307d399279bcfcfcae4204f5841fb9547c0d9\"",
            "full_name": "kubewarden/capabilities-psp-policy",
            "git_clone_url": "git://github.com/kubewarden/capabilities-psp-policy.git",
            "gitignore_template": null,
            "has_discussions": false,
            "has_downloads": true,
            "has_issues": true,
            "has_projects": false,
            "has_wiki": true,
            "homepage_url": "https://kubewarden.io",
            "html_url": "https://github.com/kubewarden/capabilities-psp-policy",
            "http_clone_url": "https://github.com/kubewarden/capabilities-psp-policy.git",
            "id": "capabilities-psp-policy",
            "ignore_vulnerability_alerts_during_read": null,
            "is_template": false,
            "license_template": null,
            "merge_commit_message": "PR_TITLE",
            "merge_commit_title": "MERGE_MESSAGE",
            "name": "capabilities-psp-policy",
            "node_id": "MDEwOlJlcG9zaXRvcnkzNDk4MDUwNTg=",
            "pages": [],
            "primary_language": "Rust",
            "private": false,
            "repo_id": 349805058,
            "security_and_analysis": [
              {
                "advanced_security": [],
                "secret_scanning": [
                  {
                    "status": "enabled"
                  }
                ],
                "secret_scanning_push_protection": [
                  {
                    "status": "disabled"
                  }
                ]
              }
            ],
            "squash_merge_commit_message": "COMMIT_MESSAGES",
            "squash_merge_commit_title": "COMMIT_OR_PR_TITLE",
            "ssh_clone_url": "git@github.com:kubewarden/capabilities-psp-policy.git",
            "svn_url": "https://github.com/kubewarden/capabilities-psp-policy",
            "template": [],
            "topics": [
              "hacktoberfest",
              "kubernetes",
              "kubernetes-security",
              "kubewarden-policy",
              "pod-security-policy",
              "policy-as-code",
              "webassembly"
            ],
            "visibility": "public",
            "vulnerability_alerts": true,
            "web_commit_signoff_required": true
          },
          "sensitive_attributes": [],
          "private": "eyJzY2hlbWFfdmVyc2lvbiI6IjEifQ=="
        }
      ]
    },
    {
      "module": "module.policy_repository_capabilities_psp_policy",
      "mode": "managed",
      "type": "github_team_repository",
      "name": "gh_team_push_rights",
      "provider": "provider[\"registry.terraform.io/integrations/github\"].kubewarden",
      "instances": [
        {
          "index_key": 0,
          "schema_version": 0,
          "attributes": {
            "etag": "W/\"1e8e284ca8ad98374667e341698d524ffa1d62bc44a6692ef2bd61ace245e40b\"",
            "id": "4972867:capabilities-psp-policy",
            "permission": "push",
            "repository": "capabilities-psp-policy",
            "team_id": "4972867"
          },
          "sensitive_attributes": [],
          "private": "bnVsbA==",
          "dependencies": [
            "data.github_team.kubewarden_developers",
            "module.policy_repository_capabilities_psp_policy.github_repository.main"
          ]
        }
      ]
    },
    {
      "module": "module.policy_repository_container_resources_policy",
      "mode": "managed",
      "type": "github_repository",
      "name": "main",
      "provider": "provider[\"registry.terraform.io/integrations/github\"].kubewarden",
      "instances": [
        {
          "schema_version": 1,
          "attributes": {
            "allow_auto_merge": false,
            "allow_merge_commit": true,
            "allow_rebase_merge": true,
            "allow_squash_merge": true,
            "allow_update_branch": false,
            "archive_on_destroy": null,
            "archived": false,
            "auto_init": false,
            "default_branch": "main",
            "delete_branch_on_merge": false,
            "description": "Policy is designed to enforce constraints on the resource requirements of Kubernetes containers",
            "etag": "W/\"8c462b9d287f5290b53d405969dc02e2c3065d3c3389ffafa20ff3329927b679\"",
            "full_name": "kubewarden/container-resources-policy",
            "git_clone_url": "git://github.com/kubewarden/container-resources-policy.git",
            "gitignore_template": null,
            "has_discussions": false,
            "has_downloads": true,
            "has_issues": true,
            "has_projects": false,
            "has_wiki": true,
            "homepage_url": "https://kubewarden.io",
            "html_url": "https://github.com/kubewarden/container-resources-policy",
            "http_clone_url": "https://github.com/kubewarden/container-resources-policy.git",
            "id": "container-resources-policy",
            "ignore_vulnerability_alerts_during_read": null,
            "is_template": false,
            "license_template": null,
            "merge_commit_message": "PR_TITLE",
            "merge_commit_title": "MERGE_MESSAGE",
            "name": "container-resources-policy",
            "node_id": "R_kgDOLDjF9A",
            "pages": [],
            "primary_language": "Go",
            "private": false,
            "repo_id": 741918196,
            "security_and_analysis": [
              {
                "advanced_security": [],
                "secret_scanning": [
                  {
                    "status": "enabled"
                  }
                ],
                "secret_scanning_push_protection": [
                  {
                    "status": "disabled"
                  }
                ]
              }
            ],
            "squash_merge_commit_message": "COMMIT_MESSAGES",
            "squash_merge_commit_title": "COMMIT_OR_PR_TITLE",
            "ssh_clone_url": "git@github.com:kubewarden/container-resources-policy.git",
            "svn_url": "https://github.com/kubewarden/container-resources-policy",
            "template": [],
            "topics": [
              "hacktoberfest",
              "kubernetes",
              "kubernetes-security",
              "kubewarden-policy",
              "policy-as-code",
              "webassembly"
            ],
            "visibility": "public",
            "vulnerability_alerts": true,
            "web_commit_signoff_required": true
          },
          "sensitive_attributes": [],
          "private": "eyJzY2hlbWFfdmVyc2lvbiI6IjEifQ=="
        }
      ]
    },
    {
      "module": "module.policy_repository_container_resources_policy",
      "mode": "managed",
      "type": "github_team_repository",
      "name": "gh_team_push_rights",
      "provider": "provider[\"registry.terraform.io/integrations/github\"].kubewarden",
      "instances": [
        {
          "index_key": 0,
          "schema_version": 0,
          "attributes": {
            "etag": "W/\"f22b822c0691b230288a9e1dbf0d2908ed7e48ce7a83fb7cbaf808a42cc47959\"",
            "id": "4972867:container-resources-policy",
            "permission": "push",
            "repository": "container-resources-policy",
            "team_id": "4972867"
          },
          "sensitive_attributes": [],
          "private": "bnVsbA==",
          "dependencies": [
            "data.github_team.kubewarden_developers",
            "module.policy_repository_container_resources_policy.github_repository.main"
          ]
        }
      ]
    },
    {
      "module": "module.policy_repository_context_aware_demo_policy",
      "mode": "managed",
      "type": "github_repository",
      "name": "main",
      "provider": "provider[\"registry.terraform.io/integrations/github\"].kubewarden",
      "instances": [
        {
          "schema_version": 1,
          "attributes": {
            "allow_auto_merge": false,
            "allow_merge_commit": true,
            "allow_rebase_merge": true,
            "allow_squash_merge": true,
            "allow_update_branch": false,
            "archive_on_destroy": null,
            "archived": false,
            "auto_init": false,
            "default_branch": "main",
            "delete_branch_on_merge": false,
            "description": "A demo policy showing how to access Kubernetes resources at policy evaluation time",
            "etag": "W/\"9cbc07cf5491c6b4563a4f17ccdac44d5b225e997bd605f298fa06f5f22619cc\"",
            "full_name": "kubewarden/context-aware-demo",
            "git_clone_url": "git://github.com/kubewarden/context-aware-demo.git",
            "gitignore_template": null,
            "has_discussions": false,
            "has_downloads": true,
            "has_issues": true,
            "has_projects": false,
            "has_wiki": true,
            "homepage_url": "https://kubewarden.io",
            "html_url": "https://github.com/kubewarden/context-aware-demo",
            "http_clone_url": "https://github.com/kubewarden/context-aware-demo.git",
            "id": "context-aware-demo",
            "ignore_vulnerability_alerts_during_read": null,
            "is_template": false,
            "license_template": null,
            "merge_commit_message": "PR_TITLE",
            "merge_commit_title": "MERGE_MESSAGE",
            "name": "context-aware-demo",
            "node_id": "R_kgDOJKwMAA",
            "pages": [],
            "primary_language": "Rust",
            "private": false,
            "repo_id": 615255040,
            "security_and_analysis": [
              {
                "advanced_security": [],
                "secret_scanning": [
                  {
                    "status": "enabled"
                  }
                ],
                "secret_scanning_push_protection": [
                  {
                    "status": "disabled"
                  }
                ]
              }
            ],
            "squash_merge_commit_message": "COMMIT_MESSAGES",
            "squash_merge_commit_title": "COMMIT_OR_PR_TITLE",
            "ssh_clone_url": "git@github.com:kubewarden/context-aware-demo.git",
            "svn_url": "https://github.com/kubewarden/context-aware-demo",
            "template": [],
            "topics": [
              "hacktoberfest",
              "kubernetes",
              "kubernetes-security",
              "kubewarden-policy",
              "policy-as-code",
              "webassembly"
            ],
            "visibility": "public",
            "vulnerability_alerts": true,
            "web_commit_signoff_required": true
          },
          "sensitive_attributes": [],
          "private": "eyJzY2hlbWFfdmVyc2lvbiI6IjEifQ=="
        }
      ]
    },
    {
      "module": "module.policy_repository_context_aware_demo_policy",
      "mode": "managed",
      "type": "github_team_repository",
      "name": "gh_team_push_rights",
      "provider": "provider[\"registry.terraform.io/integrations/github\"].kubewarden",
      "instances": [
        {
          "index_key": 0,
          "schema_version": 0,
          "attributes": {
            "etag": "W/\"0e62c90d5581d486f2d0d950a856d31180d866d0df5f02021c89c6bf284c1599\"",
            "id": "4972867:context-aware-demo",
            "permission": "push",
            "repository": "context-aware-demo",
            "team_id": "4972867"
          },
          "sensitive_attributes": [],
          "private": "bnVsbA==",
          "dependencies": [
            "data.github_team.kubewarden_developers",
            "module.policy_repository_context_aware_demo_policy.github_repository.main"
          ]
        }
      ]
    },
    {
      "module": "module.policy_repository_deprecated_api_versions_policy",
      "mode": "managed",
      "type": "github_repository",
      "name": "main",
      "provider": "provider[\"registry.terraform.io/integrations/github\"].kubewarden",
      "instances": [
        {
          "schema_version": 1,
          "attributes": {
            "allow_auto_merge": false,
            "allow_merge_commit": true,
            "allow_rebase_merge": true,
            "allow_squash_merge": true,
            "allow_update_branch": false,
            "archive_on_destroy": null,
            "archived": false,
            "auto_init": null,
            "default_branch": "main",
            "delete_branch_on_merge": false,
            "description": "A Kubewarden Policy that detects usage of deprecated and dropped Kubernetes resources",
            "etag": "W/\"f7d49bd53f69744b3d5e46f03982ca5629155ea5821f7ad2c240d8b6b1396545\"",
            "full_name": "kubewarden/deprecated-api-versions-policy",
            "git_clone_url": "git://github.com/kubewarden/deprecated-api-versions-policy.git",
            "gitignore_template": null,
            "has_discussions": false,
            "has_downloads": true,
            "has_issues": true,
            "has_projects": false,
            "has_wiki": true,
            "homepage_url": "https://kubewarden.io",
            "html_url": "https://github.com/kubewarden/deprecated-api-versions-policy",
            "http_clone_url": "https://github.com/kubewarden/deprecated-api-versions-policy.git",
            "id": "deprecated-api-versions-policy",
            "ignore_vulnerability_alerts_during_read": null,
            "is_template": false,
            "license_template": null,
            "merge_commit_message": "PR_TITLE",
            "merge_commit_title": "MERGE_MESSAGE",
            "name": "deprecated-api-versions-policy",
            "node_id": "R_kgDOITixjg",
            "pages": [],
            "primary_language": "Rust",
            "private": false,
            "repo_id": 557363598,
            "security_and_analysis": [
              {
                "advanced_security": [],
                "secret_scanning": [
                  {
                    "status": "enabled"
                  }
                ],
                "secret_scanning_push_protection": [
                  {
                    "status": "disabled"
                  }
                ]
              }
            ],
            "squash_merge_commit_message": "COMMIT_MESSAGES",
            "squash_merge_commit_title": "COMMIT_OR_PR_TITLE",
            "ssh_clone_url": "git@github.com:kubewarden/deprecated-api-versions-policy.git",
            "svn_url": "https://github.com/kubewarden/deprecated-api-versions-policy",
            "template": [],
            "topics": [
              "hacktoberfest",
              "kubernetes",
              "kubernetes-security",
              "kubewarden-policy",
              "policy-as-code",
              "webassembly"
            ],
            "visibility": "public",
            "vulnerability_alerts": true,
            "web_commit_signoff_required": true
          },
          "sensitive_attributes": [],
          "private": "eyJzY2hlbWFfdmVyc2lvbiI6IjEifQ=="
        }
      ]
    },
    {
      "module": "module.policy_repository_deprecated_api_versions_policy",
      "mode": "managed",
      "type": "github_team_repository",
      "name": "gh_team_push_rights",
      "provider": "provider[\"registry.terraform.io/integrations/github\"].kubewarden",
      "instances": [
        {
          "index_key": 0,
          "schema_version": 0,
          "attributes": {
            "etag": "W/\"b36c78c6fa37e925258226405ae385432260752712ddaf8382ed6de675275d2c\"",
            "id": "4972867:deprecated-api-versions-policy",
            "permission": "push",
            "repository": "deprecated-api-versions-policy",
            "team_id": "4972867"
          },
          "sensitive_attributes": [],
          "private": "bnVsbA==",
          "dependencies": [
            "data.github_team.kubewarden_developers",
            "module.policy_repository_deprecated_api_versions_policy.github_repository.main"
          ]
        }
      ]
    },
    {
      "module": "module.policy_repository_disallow_service_loadbalancer_policy",
      "mode": "managed",
      "type": "github_repository",
      "name": "main",
      "provider": "provider[\"registry.terraform.io/integrations/github\"].kubewarden",
      "instances": [
        {
          "schema_version": 1,
          "attributes": {
            "allow_auto_merge": false,
            "allow_merge_commit": true,
            "allow_rebase_merge": true,
            "allow_squash_merge": true,
            "allow_update_branch": false,
            "archive_on_destroy": null,
            "archived": false,
            "auto_init": false,
            "default_branch": "main",
            "delete_branch_on_merge": false,
            "description": "A policy that prevents the creation of Service resources with type LoadBalancer",
            "etag": "W/\"b96773e002e703bee4ddc86eafbd1246dcf951e8f91a6e4b87effcd9d88f8af4\"",
            "full_name": "kubewarden/disallow-service-loadbalancer-policy",
            "git_clone_url": "git://github.com/kubewarden/disallow-service-loadbalancer-policy.git",
            "gitignore_template": null,
            "has_discussions": false,
            "has_downloads": true,
            "has_issues": true,
            "has_projects": false,
            "has_wiki": true,
            "homepage_url": "https://kubewarden.io",
            "html_url": "https://github.com/kubewarden/disallow-service-loadbalancer-policy",
            "http_clone_url": "https://github.com/kubewarden/disallow-service-loadbalancer-policy.git",
            "id": "disallow-service-loadbalancer-policy",
            "ignore_vulnerability_alerts_during_read": null,
            "is_template": false,
            "license_template": null,
            "merge_commit_message": "PR_TITLE",
            "merge_commit_title": "MERGE_MESSAGE",
            "name": "disallow-service-loadbalancer-policy",
            "node_id": "R_kgDOGGQvPQ",
            "pages": [],
            "primary_language": "Makefile",
            "private": false,
            "repo_id": 409218877,
            "security_and_analysis": [
              {
                "advanced_security": [],
                "secret_scanning": [
                  {
                    "status": "enabled"
                  }
                ],
                "secret_scanning_push_protection": [
                  {
                    "status": "disabled"
                  }
                ]
              }
            ],
            "squash_merge_commit_message": "COMMIT_MESSAGES",
            "squash_merge_commit_title": "COMMIT_OR_PR_TITLE",
            "ssh_clone_url": "git@github.com:kubewarden/disallow-service-loadbalancer-policy.git",
            "svn_url": "https://github.com/kubewarden/disallow-service-loadbalancer-policy",
            "template": [],
            "topics": [
              "gatekeeper",
              "hacktoberfest",
              "kubernetes",
              "kubernetes-security",
              "kubewarden-policy",
              "open-policy-agent",
              "policy-as-code",
              "webassembly"
            ],
            "visibility": "public",
            "vulnerability_alerts": true,
            "web_commit_signoff_required": true
          },
          "sensitive_attributes": [],
          "private": "eyJzY2hlbWFfdmVyc2lvbiI6IjEifQ=="
        }
      ]
    },
    {
      "module": "module.policy_repository_disallow_service_loadbalancer_policy",
      "mode": "managed",
      "type": "github_team_repository",
      "name": "gh_team_push_rights",
      "provider": "provider[\"registry.terraform.io/integrations/github\"].kubewarden",
      "instances": [
        {
          "index_key": 0,
          "schema_version": 0,
          "attributes": {
            "etag": "W/\"bdf192591b462289ae3f0732d81131351ba55f79a92267328d22acf167b753bc\"",
            "id": "4972867:disallow-service-loadbalancer-policy",
            "permission": "push",
            "repository": "disallow-service-loadbalancer-policy",
            "team_id": "4972867"
          },
          "sensitive_attributes": [],
          "private": "bnVsbA==",
          "dependencies": [
            "data.github_team.kubewarden_developers",
            "module.policy_repository_disallow_service_loadbalancer_policy.github_repository.main"
          ]
        }
      ]
    },
    {
      "module": "module.policy_repository_disallow_service_nodeport_policy",
      "mode": "managed",
      "type": "github_repository",
      "name": "main",
      "provider": "provider[\"registry.terraform.io/integrations/github\"].kubewarden",
      "instances": [
        {
          "schema_version": 1,
          "attributes": {
            "allow_auto_merge": false,
            "allow_merge_commit": true,
            "allow_rebase_merge": true,
            "allow_squash_merge": true,
            "allow_update_branch": false,
            "archive_on_destroy": null,
            "archived": false,
            "auto_init": false,
            "default_branch": "main",
            "delete_branch_on_merge": false,
            "description": "A policy that prevents the creation of Service resources with type NodePort",
            "etag": "W/\"d36a1904a23d26308f8f3077b8b7d5142b0d11b2bc3f8e8a176e997f24f41b88\"",
            "full_name": "kubewarden/disallow-service-nodeport-policy",
            "git_clone_url": "git://github.com/kubewarden/disallow-service-nodeport-policy.git",
            "gitignore_template": null,
            "has_discussions": false,
            "has_downloads": true,
            "has_issues": true,
            "has_projects": false,
            "has_wiki": true,
            "homepage_url": "https://kubewarden.io",
            "html_url": "https://github.com/kubewarden/disallow-service-nodeport-policy",
            "http_clone_url": "https://github.com/kubewarden/disallow-service-nodeport-policy.git",
            "id": "disallow-service-nodeport-policy",
            "ignore_vulnerability_alerts_during_read": null,
            "is_template": false,
            "license_template": null,
            "merge_commit_message": "PR_TITLE",
            "merge_commit_title": "MERGE_MESSAGE",
            "name": "disallow-service-nodeport-policy",
            "node_id": "MDEwOlJlcG9zaXRvcnk0MDc0ODUxNDk=",
            "pages": [],
            "primary_language": "Makefile",
            "private": false,
            "repo_id": 407485149,
            "security_and_analysis": [
              {
                "advanced_security": [],
                "secret_scanning": [
                  {
                    "status": "enabled"
                  }
                ],
                "secret_scanning_push_protection": [
                  {
                    "status": "disabled"
                  }
                ]
              }
            ],
            "squash_merge_commit_message": "COMMIT_MESSAGES",
            "squash_merge_commit_title": "COMMIT_OR_PR_TITLE",
            "ssh_clone_url": "git@github.com:kubewarden/disallow-service-nodeport-policy.git",
            "svn_url": "https://github.com/kubewarden/disallow-service-nodeport-policy",
            "template": [],
            "topics": [
              "gatekeeper",
              "hacktoberfest",
              "kubernetes",
              "kubernetes-security",
              "kubewarden-policy",
              "open-policy-agent",
              "policy-as-code",
              "webassembly"
            ],
            "visibility": "public",
            "vulnerability_alerts": true,
            "web_commit_signoff_required": true
          },
          "sensitive_attributes": [],
          "private": "eyJzY2hlbWFfdmVyc2lvbiI6IjEifQ=="
        }
      ]
    },
    {
      "module": "module.policy_repository_disallow_service_nodeport_policy",
      "mode": "managed",
      "type": "github_team_repository",
      "name": "gh_team_push_rights",
      "provider": "provider[\"registry.terraform.io/integrations/github\"].kubewarden",
      "instances": [
        {
          "index_key": 0,
          "schema_version": 0,
          "attributes": {
            "etag": "W/\"5ae8def5c5955d2c2f0bd25d2b84867a12374b921f7b307aabed907c42694293\"",
            "id": "4972867:disallow-service-nodeport-policy",
            "permission": "push",
            "repository": "disallow-service-nodeport-policy",
            "team_id": "4972867"
          },
          "sensitive_attributes": [],
          "private": "bnVsbA==",
          "dependencies": [
            "data.github_team.kubewarden_developers",
            "module.policy_repository_disallow_service_nodeport_policy.github_repository.main"
          ]
        }
      ]
    },
    {
      "module": "module.policy_repository_echo_policy",
      "mode": "managed",
      "type": "github_repository",
      "name": "main",
      "provider": "provider[\"registry.terraform.io/integrations/github\"].kubewarden",
      "instances": [
        {
          "schema_version": 1,
          "attributes": {
            "allow_auto_merge": false,
            "allow_merge_commit": true,
            "allow_rebase_merge": true,
            "allow_squash_merge": true,
            "allow_update_branch": false,
            "archive_on_destroy": null,
            "archived": false,
            "auto_init": null,
            "default_branch": "main",
            "delete_branch_on_merge": false,
            "description": "A Kubewarden Policy that echoes Kubernetes' AdmissionReview objects",
            "etag": "W/\"cc3681b8b35c5035f4fef215f29e045669bcb883b46eb0a2511b0fefafadf2cd\"",
            "full_name": "kubewarden/echo",
            "git_clone_url": "git://github.com/kubewarden/echo.git",
            "gitignore_template": null,
            "has_discussions": false,
            "has_downloads": true,
            "has_issues": true,
            "has_projects": false,
            "has_wiki": true,
            "homepage_url": "https://kubewarden.io",
            "html_url": "https://github.com/kubewarden/echo",
            "http_clone_url": "https://github.com/kubewarden/echo.git",
            "id": "echo",
            "ignore_vulnerability_alerts_during_read": null,
            "is_template": false,
            "license_template": null,
            "merge_commit_message": "PR_TITLE",
            "merge_commit_title": "MERGE_MESSAGE",
            "name": "echo",
            "node_id": "R_kgDOHieMqg",
            "pages": [],
            "primary_language": "Rust",
            "private": false,
            "repo_id": 505908394,
            "security_and_analysis": [
              {
                "advanced_security": [],
                "secret_scanning": [
                  {
                    "status": "enabled"
                  }
                ],
                "secret_scanning_push_protection": [
                  {
                    "status": "disabled"
                  }
                ]
              }
            ],
            "squash_merge_commit_message": "COMMIT_MESSAGES",
            "squash_merge_commit_title": "COMMIT_OR_PR_TITLE",
            "ssh_clone_url": "git@github.com:kubewarden/echo.git",
            "svn_url": "https://github.com/kubewarden/echo",
            "template": [],
            "topics": [
              "hacktoberfest",
              "kubernetes",
              "kubernetes-security",
              "kubewarden-policy",
              "policy-as-code",
              "webassembly"
            ],
            "visibility": "public",
            "vulnerability_alerts": true,
            "web_commit_signoff_required": true
          },
          "sensitive_attributes": [],
          "private": "eyJzY2hlbWFfdmVyc2lvbiI6IjEifQ=="
        }
      ]
    },
    {
      "module": "module.policy_repository_echo_policy",
      "mode": "managed",
      "type": "github_team_repository",
      "name": "gh_team_push_rights",
      "provider": "provider[\"registry.terraform.io/integrations/github\"].kubewarden",
      "instances": [
        {
          "index_key": 0,
          "schema_version": 0,
          "attributes": {
            "etag": "W/\"18334c64d9328ac4506f4bc83e5d8e4dc6ed7def5e031292bc094de95e747369\"",
            "id": "4972867:echo",
            "permission": "push",
            "repository": "echo",
            "team_id": "4972867"
          },
          "sensitive_attributes": [],
          "private": "bnVsbA==",
          "dependencies": [
            "data.github_team.kubewarden_developers",
            "module.policy_repository_echo_policy.github_repository.main"
          ]
        }
      ]
    },
    {
      "module": "module.policy_repository_env_variable_secrets_scanner_policy",
      "mode": "managed",
      "type": "github_repository",
      "name": "main",
      "provider": "provider[\"registry.terraform.io/integrations/github\"].kubewarden",
      "instances": [
        {
          "schema_version": 1,
          "attributes": {
            "allow_auto_merge": false,
            "allow_merge_commit": true,
            "allow_rebase_merge": true,
            "allow_squash_merge": true,
            "allow_update_branch": false,
            "archive_on_destroy": null,
            "archived": false,
            "auto_init": null,
            "default_branch": "main",
            "delete_branch_on_merge": false,
            "description": "A Kubewarden Policy that detects secrets (ssh private keys, API tokens, etc) leaked via environment variables",
            "etag": "W/\"e1d952baf544de7a7130382a65bd0275025be8bc843b273c81c5a3d7e0227c53\"",
            "full_name": "kubewarden/env-variable-secrets-scanner-policy",
            "git_clone_url": "git://github.com/kubewarden/env-variable-secrets-scanner-policy.git",
            "gitignore_template": null,
            "has_discussions": false,
            "has_downloads": true,
            "has_issues": true,
            "has_projects": false,
            "has_wiki": true,
            "homepage_url": "https://kubewarden.io",
            "html_url": "https://github.com/kubewarden/env-variable-secrets-scanner-policy",
            "http_clone_url": "https://github.com/kubewarden/env-variable-secrets-scanner-policy.git",
            "id": "env-variable-secrets-scanner-policy",
            "ignore_vulnerability_alerts_during_read": null,
            "is_template": false,
            "license_template": null,
            "merge_commit_message": "PR_TITLE",
            "merge_commit_title": "MERGE_MESSAGE",
            "name": "env-variable-secrets-scanner-policy",
            "node_id": "R_kgDOILh7ow",
            "pages": [],
            "primary_language": "Rust",
            "private": false,
            "repo_id": 548961187,
            "security_and_analysis": [
              {
                "advanced_security": [],
                "secret_scanning": [
                  {
                    "status": "enabled"
                  }
                ],
                "secret_scanning_push_protection": [
                  {
                    "status": "disabled"
                  }
                ]
              }
            ],
            "squash_merge_commit_message": "COMMIT_MESSAGES",
            "squash_merge_commit_title": "COMMIT_OR_PR_TITLE",
            "ssh_clone_url": "git@github.com:kubewarden/env-variable-secrets-scanner-policy.git",
            "svn_url": "https://github.com/kubewarden/env-variable-secrets-scanner-policy",
            "template": [],
            "topics": [
              "hacktoberfest",
              "kubernetes",
              "kubernetes-security",
              "kubewarden-policy",
              "policy-as-code",
              "webassembly"
            ],
            "visibility": "public",
            "vulnerability_alerts": true,
            "web_commit_signoff_required": true
          },
          "sensitive_attributes": [],
          "private": "eyJzY2hlbWFfdmVyc2lvbiI6IjEifQ=="
        }
      ]
    },
    {
      "module": "module.policy_repository_env_variable_secrets_scanner_policy",
      "mode": "managed",
      "type": "github_team_repository",
      "name": "gh_team_push_rights",
      "provider": "provider[\"registry.terraform.io/integrations/github\"].kubewarden",
      "instances": [
        {
          "index_key": 0,
          "schema_version": 0,
          "attributes": {
            "etag": "W/\"c04452369880e08ab12791422e8547ef1865f6dac0f49f2f9dd9e2cf040d7f63\"",
            "id": "4972867:env-variable-secrets-scanner-policy",
            "permission": "push",
            "repository": "env-variable-secrets-scanner-policy",
            "team_id": "4972867"
          },
          "sensitive_attributes": [],
          "private": "bnVsbA==",
          "dependencies": [
            "data.github_team.kubewarden_developers",
            "module.policy_repository_env_variable_secrets_scanner_policy.github_repository.main"
          ]
        }
      ]
    },
    {
      "module": "module.policy_repository_environment_variable_policy",
      "mode": "managed",
      "type": "github_repository",
      "name": "main",
      "provider": "provider[\"registry.terraform.io/integrations/github\"].kubewarden",
      "instances": [
        {
          "schema_version": 1,
          "attributes": {
            "allow_auto_merge": false,
            "allow_merge_commit": true,
            "allow_rebase_merge": true,
            "allow_squash_merge": true,
            "allow_update_branch": false,
            "archive_on_destroy": null,
            "archived": false,
            "auto_init": null,
            "default_branch": "main",
            "delete_branch_on_merge": false,
            "description": "A Kubewarden Policy that controls the usage of environment variables",
            "etag": "W/\"0d6e4c3b2afbca70f395c1dc49e1e961aed85ef7d1007f543a776112252b1a24\"",
            "full_name": "kubewarden/environment-variable-policy",
            "git_clone_url": "git://github.com/kubewarden/environment-variable-policy.git",
            "gitignore_template": null,
            "has_discussions": false,
            "has_downloads": true,
            "has_issues": true,
            "has_projects": false,
            "has_wiki": true,
            "homepage_url": "https://kubewarden.io",
            "html_url": "https://github.com/kubewarden/environment-variable-policy",
            "http_clone_url": "https://github.com/kubewarden/environment-variable-policy.git",
            "id": "environment-variable-policy",
            "ignore_vulnerability_alerts_during_read": null,
            "is_template": false,
            "license_template": null,
            "merge_commit_message": "PR_TITLE",
            "merge_commit_title": "MERGE_MESSAGE",
            "name": "environment-variable-policy",
            "node_id": "R_kgDOIN7khA",
            "pages": [],
            "primary_language": "Rust",
            "private": false,
            "repo_id": 551478404,
            "security_and_analysis": [
              {
                "advanced_security": [],
                "secret_scanning": [
                  {
                    "status": "enabled"
                  }
                ],
                "secret_scanning_push_protection": [
                  {
                    "status": "disabled"
                  }
                ]
              }
            ],
            "squash_merge_commit_message": "COMMIT_MESSAGES",
            "squash_merge_commit_title": "COMMIT_OR_PR_TITLE",
            "ssh_clone_url": "git@github.com:kubewarden/environment-variable-policy.git",
            "svn_url": "https://github.com/kubewarden/environment-variable-policy",
            "template": [],
            "topics": [
              "hacktoberfest",
              "kubernetes",
              "kubernetes-security",
              "kubewarden-policy",
              "policy-as-code",
              "webassembly"
            ],
            "visibility": "public",
            "vulnerability_alerts": true,
            "web_commit_signoff_required": true
          },
          "sensitive_attributes": [],
          "private": "eyJzY2hlbWFfdmVyc2lvbiI6IjEifQ=="
        }
      ]
    },
    {
      "module": "module.policy_repository_environment_variable_policy",
      "mode": "managed",
      "type": "github_team_repository",
      "name": "gh_team_push_rights",
      "provider": "provider[\"registry.terraform.io/integrations/github\"].kubewarden",
      "instances": [
        {
          "index_key": 0,
          "schema_version": 0,
          "attributes": {
            "etag": "W/\"3cb136938e1a8abd77d891605813fd497c8b82e2d1200498902e8556412ea0fa\"",
            "id": "4972867:environment-variable-policy",
            "permission": "push",
            "repository": "environment-variable-policy",
            "team_id": "4972867"
          },
          "sensitive_attributes": [],
          "private": "bnVsbA==",
          "dependencies": [
            "data.github_team.kubewarden_developers",
            "module.policy_repository_environment_variable_policy.github_repository.main"
          ]
        }
      ]
    },
    {
      "module": "module.policy_repository_flexvolume_drivers_psp_policy",
      "mode": "managed",
      "type": "github_repository",
      "name": "main",
      "provider": "provider[\"registry.terraform.io/integrations/github\"].kubewarden",
      "instances": [
        {
          "schema_version": 1,
          "attributes": {
            "allow_auto_merge": false,
            "allow_merge_commit": true,
            "allow_rebase_merge": true,
            "allow_squash_merge": true,
            "allow_update_branch": false,
            "archive_on_destroy": null,
            "archived": false,
            "auto_init": false,
            "default_branch": "main",
            "delete_branch_on_merge": false,
            "description": "Replacement for the Kubernetes Pod Security Policy that controls the allowed `flexVolume` drivers",
            "etag": "W/\"e777160a8bc4651eb3b8120054e099ce2a497fdb89583fe0896b197b20bc3f63\"",
            "full_name": "kubewarden/flexvolume-drivers-psp-policy",
            "git_clone_url": "git://github.com/kubewarden/flexvolume-drivers-psp-policy.git",
            "gitignore_template": null,
            "has_discussions": false,
            "has_downloads": true,
            "has_issues": true,
            "has_projects": false,
            "has_wiki": true,
            "homepage_url": "https://kubewarden.io",
            "html_url": "https://github.com/kubewarden/flexvolume-drivers-psp-policy",
            "http_clone_url": "https://github.com/kubewarden/flexvolume-drivers-psp-policy.git",
            "id": "flexvolume-drivers-psp-policy",
            "ignore_vulnerability_alerts_during_read": null,
            "is_template": false,
            "license_template": null,
            "merge_commit_message": "PR_TITLE",
            "merge_commit_title": "MERGE_MESSAGE",
            "name": "flexvolume-drivers-psp-policy",
            "node_id": "R_kgDOGZ3jLw",
            "pages": [],
            "primary_language": "Rust",
            "private": false,
            "repo_id": 429777711,
            "security_and_analysis": [
              {
                "advanced_security": [],
                "secret_scanning": [
                  {
                    "status": "enabled"
                  }
                ],
                "secret_scanning_push_protection": [
                  {
                    "status": "disabled"
                  }
                ]
              }
            ],
            "squash_merge_commit_message": "COMMIT_MESSAGES",
            "squash_merge_commit_title": "COMMIT_OR_PR_TITLE",
            "ssh_clone_url": "git@github.com:kubewarden/flexvolume-drivers-psp-policy.git",
            "svn_url": "https://github.com/kubewarden/flexvolume-drivers-psp-policy",
            "template": [],
            "topics": [
              "hacktoberfest",
              "kubernetes",
              "kubernetes-security",
              "kubewarden-policy",
              "pod-security-policy",
              "policy-as-code",
              "webassembly"
            ],
            "visibility": "public",
            "vulnerability_alerts": true,
            "web_commit_signoff_required": true
          },
          "sensitive_attributes": [],
          "private": "eyJzY2hlbWFfdmVyc2lvbiI6IjEifQ=="
        }
      ]
    },
    {
      "module": "module.policy_repository_flexvolume_drivers_psp_policy",
      "mode": "managed",
      "type": "github_team_repository",
      "name": "gh_team_push_rights",
      "provider": "provider[\"registry.terraform.io/integrations/github\"].kubewarden",
      "instances": [
        {
          "index_key": 0,
          "schema_version": 0,
          "attributes": {
            "etag": "W/\"c324749466f1a5980ec160e72ae11eba6ec4628555e457685421efc4616959c0\"",
            "id": "4972867:flexvolume-drivers-psp-policy",
            "permission": "push",
            "repository": "flexvolume-drivers-psp-policy",
            "team_id": "4972867"
          },
          "sensitive_attributes": [],
          "private": "bnVsbA==",
          "dependencies": [
            "data.github_team.kubewarden_developers",
            "module.policy_repository_flexvolume_drivers_psp_policy.github_repository.main"
          ]
        }
      ]
    },
    {
      "module": "module.policy_repository_go_wasi_context_aware_test_policy",
      "mode": "managed",
      "type": "github_repository",
      "name": "main",
      "provider": "provider[\"registry.terraform.io/integrations/github\"].kubewarden",
      "instances": [
        {
          "schema_version": 1,
          "attributes": {
            "allow_auto_merge": false,
            "allow_merge_commit": true,
            "allow_rebase_merge": true,
            "allow_squash_merge": true,
            "allow_update_branch": false,
            "archive_on_destroy": null,
            "archived": false,
            "auto_init": false,
            "default_branch": "main",
            "delete_branch_on_merge": false,
            "description": "A test context-aware policy written using Go Wasi",
            "etag": "W/\"798acbaf6acfb8711ace4c76ee5fe1fcec65e414c588001f0779b0dda68a20da\"",
            "full_name": "kubewarden/go-wasi-context-aware-test-policy",
            "git_clone_url": "git://github.com/kubewarden/go-wasi-context-aware-test-policy.git",
            "gitignore_template": null,
            "has_discussions": false,
            "has_downloads": true,
            "has_issues": true,
            "has_projects": false,
            "has_wiki": true,
            "homepage_url": "https://kubewarden.io",
            "html_url": "https://github.com/kubewarden/go-wasi-context-aware-test-policy",
            "http_clone_url": "https://github.com/kubewarden/go-wasi-context-aware-test-policy.git",
            "id": "go-wasi-context-aware-test-policy",
            "ignore_vulnerability_alerts_during_read": null,
            "is_template": false,
            "license_template": null,
            "merge_commit_message": "PR_TITLE",
            "merge_commit_title": "MERGE_MESSAGE",
            "name": "go-wasi-context-aware-test-policy",
            "node_id": "R_kgDOLEAAOQ",
            "pages": [],
            "primary_language": "Go",
            "private": false,
            "repo_id": 742391865,
            "security_and_analysis": [
              {
                "advanced_security": [],
                "secret_scanning": [
                  {
                    "status": "enabled"
                  }
                ],
                "secret_scanning_push_protection": [
                  {
                    "status": "disabled"
                  }
                ]
              }
            ],
            "squash_merge_commit_message": "COMMIT_MESSAGES",
            "squash_merge_commit_title": "COMMIT_OR_PR_TITLE",
            "ssh_clone_url": "git@github.com:kubewarden/go-wasi-context-aware-test-policy.git",
            "svn_url": "https://github.com/kubewarden/go-wasi-context-aware-test-policy",
            "template": [],
            "topics": [
              "hacktoberfest",
              "kubernetes",
              "kubernetes-security",
              "kubewarden-policy",
              "policy-as-code",
              "webassembly"
            ],
            "visibility": "public",
            "vulnerability_alerts": true,
            "web_commit_signoff_required": true
          },
          "sensitive_attributes": [],
          "private": "eyJzY2hlbWFfdmVyc2lvbiI6IjEifQ=="
        }
      ]
    },
    {
      "module": "module.policy_repository_go_wasi_context_aware_test_policy",
      "mode": "managed",
      "type": "github_team_repository",
      "name": "gh_team_push_rights",
      "provider": "provider[\"registry.terraform.io/integrations/github\"].kubewarden",
      "instances": [
        {
          "index_key": 0,
          "schema_version": 0,
          "attributes": {
            "etag": "W/\"9e3f2a31cac136d0c86b0c8d16f419b247cb7aedc364b707de1e9478ba450f5e\"",
            "id": "4972867:go-wasi-context-aware-test-policy",
            "permission": "push",
            "repository": "go-wasi-context-aware-test-policy",
            "team_id": "4972867"
          },
          "sensitive_attributes": [],
          "private": "bnVsbA==",
          "dependencies": [
            "data.github_team.kubewarden_developers",
            "module.policy_repository_go_wasi_context_aware_test_policy.github_repository.main"
          ]
        }
      ]
    },
    {
      "module": "module.policy_repository_host_namespaces_psp_policy",
      "mode": "managed",
      "type": "github_repository",
      "name": "main",
      "provider": "provider[\"registry.terraform.io/integrations/github\"].kubewarden",
      "instances": [
        {
          "schema_version": 1,
          "attributes": {
            "allow_auto_merge": false,
            "allow_merge_commit": true,
            "allow_rebase_merge": true,
            "allow_squash_merge": true,
            "allow_update_branch": false,
            "archive_on_destroy": null,
            "archived": false,
            "auto_init": false,
            "default_branch": "main",
            "delete_branch_on_merge": false,
            "description": "Replacement for the Kubernetes Pod Security Policy that controls the usage of host namespaces",
            "etag": "W/\"ee4c756d29cde119526ec165f890817c2f2d8105a65cc15f39fa28b50441cf1f\"",
            "full_name": "kubewarden/host-namespaces-psp-policy",
            "git_clone_url": "git://github.com/kubewarden/host-namespaces-psp-policy.git",
            "gitignore_template": null,
            "has_discussions": false,
            "has_downloads": true,
            "has_issues": true,
            "has_projects": false,
            "has_wiki": true,
            "homepage_url": "https://kubewarden.io",
            "html_url": "https://github.com/kubewarden/host-namespaces-psp-policy",
            "http_clone_url": "https://github.com/kubewarden/host-namespaces-psp-policy.git",
            "id": "host-namespaces-psp-policy",
            "ignore_vulnerability_alerts_during_read": null,
            "is_template": false,
            "license_template": null,
            "merge_commit_message": "PR_TITLE",
            "merge_commit_title": "MERGE_MESSAGE",
            "name": "host-namespaces-psp-policy",
            "node_id": "MDEwOlJlcG9zaXRvcnkzNzQ2MzEyNDM=",
            "pages": [],
            "primary_language": "Rust",
            "private": false,
            "repo_id": 374631243,
            "security_and_analysis": [
              {
                "advanced_security": [],
                "secret_scanning": [
                  {
                    "status": "enabled"
                  }
                ],
                "secret_scanning_push_protection": [
                  {
                    "status": "disabled"
                  }
                ]
              }
            ],
            "squash_merge_commit_message": "COMMIT_MESSAGES",
            "squash_merge_commit_title": "COMMIT_OR_PR_TITLE",
            "ssh_clone_url": "git@github.com:kubewarden/host-namespaces-psp-policy.git",
            "svn_url": "https://github.com/kubewarden/host-namespaces-psp-policy",
            "template": [],
            "topics": [
              "hacktoberfest",
              "kubernetes",
              "kubernetes-security",
              "kubewarden-policy",
              "pod-security-policy",
              "policy-as-code",
              "webassembly"
            ],
            "visibility": "public",
            "vulnerability_alerts": true,
            "web_commit_signoff_required": true
          },
          "sensitive_attributes": [],
          "private": "eyJzY2hlbWFfdmVyc2lvbiI6IjEifQ=="
        }
      ]
    },
    {
      "module": "module.policy_repository_host_namespaces_psp_policy",
      "mode": "managed",
      "type": "github_team_repository",
      "name": "gh_team_push_rights",
      "provider": "provider[\"registry.terraform.io/integrations/github\"].kubewarden",
      "instances": [
        {
          "index_key": 0,
          "schema_version": 0,
          "attributes": {
            "etag": "W/\"aa823b472a0cceb1572e423c35effedf480ccf435cc82b295574ddce94a5a18f\"",
            "id": "4972867:host-namespaces-psp-policy",
            "permission": "push",
            "repository": "host-namespaces-psp-policy",
            "team_id": "4972867"
          },
          "sensitive_attributes": [],
          "private": "bnVsbA==",
          "dependencies": [
            "data.github_team.kubewarden_developers",
            "module.policy_repository_host_namespaces_psp_policy.github_repository.main"
          ]
        }
      ]
    },
    {
      "module": "module.policy_repository_hostpaths_psp_policy",
      "mode": "managed",
      "type": "github_repository",
      "name": "main",
      "provider": "provider[\"registry.terraform.io/integrations/github\"].kubewarden",
      "instances": [
        {
          "schema_version": 1,
          "attributes": {
            "allow_auto_merge": false,
            "allow_merge_commit": true,
            "allow_rebase_merge": true,
            "allow_squash_merge": true,
            "allow_update_branch": false,
            "archive_on_destroy": null,
            "archived": false,
            "auto_init": false,
            "default_branch": "main",
            "delete_branch_on_merge": false,
            "description": "Replacement for the Kubernetes Pod Security Policy that controls the usage of hostpaths",
            "etag": "W/\"4f6608a45bee56d8d3ea6d0e68d3e9999c852a59e24e70926378a7e050dfe3a0\"",
            "full_name": "kubewarden/hostpaths-psp-policy",
            "git_clone_url": "git://github.com/kubewarden/hostpaths-psp-policy.git",
            "gitignore_template": null,
            "has_discussions": false,
            "has_downloads": true,
            "has_issues": true,
            "has_projects": false,
            "has_wiki": true,
            "homepage_url": "https://kubewarden.io",
            "html_url": "https://github.com/kubewarden/hostpaths-psp-policy",
            "http_clone_url": "https://github.com/kubewarden/hostpaths-psp-policy.git",
            "id": "hostpaths-psp-policy",
            "ignore_vulnerability_alerts_during_read": null,
            "is_template": false,
            "license_template": null,
            "merge_commit_message": "PR_TITLE",
            "merge_commit_title": "MERGE_MESSAGE",
            "name": "hostpaths-psp-policy",
            "node_id": "MDEwOlJlcG9zaXRvcnkzOTI3MzA4MzM=",
            "pages": [],
            "primary_language": "Go",
            "private": false,
            "repo_id": 392730833,
            "security_and_analysis": [
              {
                "advanced_security": [],
                "secret_scanning": [
                  {
                    "status": "enabled"
                  }
                ],
                "secret_scanning_push_protection": [
                  {
                    "status": "disabled"
                  }
                ]
              }
            ],
            "squash_merge_commit_message": "COMMIT_MESSAGES",
            "squash_merge_commit_title": "COMMIT_OR_PR_TITLE",
            "ssh_clone_url": "git@github.com:kubewarden/hostpaths-psp-policy.git",
            "svn_url": "https://github.com/kubewarden/hostpaths-psp-policy",
            "template": [
              {
                "include_all_branches": false,
                "owner": "kubewarden",
                "repository": "go-policy-template"
              }
            ],
            "topics": [
              "hacktoberfest",
              "kubernetes",
              "kubernetes-security",
              "kubewarden-policy",
              "pod-security-policy",
              "policy-as-code",
              "webassembly"
            ],
            "visibility": "public",
            "vulnerability_alerts": true,
            "web_commit_signoff_required": true
          },
          "sensitive_attributes": [],
          "private": "eyJzY2hlbWFfdmVyc2lvbiI6IjEifQ=="
        }
      ]
    },
    {
      "module": "module.policy_repository_hostpaths_psp_policy",
      "mode": "managed",
      "type": "github_team_repository",
      "name": "gh_team_push_rights",
      "provider": "provider[\"registry.terraform.io/integrations/github\"].kubewarden",
      "instances": [
        {
          "index_key": 0,
          "schema_version": 0,
          "attributes": {
            "etag": "W/\"7770b0719865519f0edb7e6e62e3de926fa02d50a25b95d56222765b38bb762c\"",
            "id": "4972867:hostpaths-psp-policy",
            "permission": "push",
            "repository": "hostpaths-psp-policy",
            "team_id": "4972867"
          },
          "sensitive_attributes": [],
          "private": "bnVsbA==",
          "dependencies": [
            "data.github_team.kubewarden_developers",
            "module.policy_repository_hostpaths_psp_policy.github_repository.main"
          ]
        }
      ]
    },
    {
      "module": "module.policy_repository_ingress_policy",
      "mode": "managed",
      "type": "github_repository",
      "name": "main",
      "provider": "provider[\"registry.terraform.io/integrations/github\"].kubewarden",
      "instances": [
        {
          "schema_version": 1,
          "attributes": {
            "allow_auto_merge": false,
            "allow_merge_commit": true,
            "allow_rebase_merge": true,
            "allow_squash_merge": true,
            "allow_update_branch": false,
            "archive_on_destroy": null,
            "archived": false,
            "auto_init": false,
            "default_branch": "main",
            "delete_branch_on_merge": false,
            "description": "Policy to enforce requirements on Kubernetes Ingress resources.",
            "etag": "W/\"65cd94381538e01fe69678feaf98884d676c3c56f39692d89ca360b6d094799c\"",
            "full_name": "kubewarden/ingress-policy",
            "git_clone_url": "git://github.com/kubewarden/ingress-policy.git",
            "gitignore_template": null,
            "has_discussions": false,
            "has_downloads": true,
            "has_issues": true,
            "has_projects": false,
            "has_wiki": true,
            "homepage_url": "https://kubewarden.io",
            "html_url": "https://github.com/kubewarden/ingress-policy",
            "http_clone_url": "https://github.com/kubewarden/ingress-policy.git",
            "id": "ingress-policy",
            "ignore_vulnerability_alerts_during_read": null,
            "is_template": false,
            "license_template": null,
            "merge_commit_message": "PR_TITLE",
            "merge_commit_title": "MERGE_MESSAGE",
            "name": "ingress-policy",
            "node_id": "MDEwOlJlcG9zaXRvcnkzNDkwNDg5NjU=",
            "pages": [],
            "primary_language": "Go",
            "private": false,
            "repo_id": 349048965,
            "security_and_analysis": [
              {
                "advanced_security": [],
                "secret_scanning": [
                  {
                    "status": "enabled"
                  }
                ],
                "secret_scanning_push_protection": [
                  {
                    "status": "disabled"
                  }
                ]
              }
            ],
            "squash_merge_commit_message": "COMMIT_MESSAGES",
            "squash_merge_commit_title": "COMMIT_OR_PR_TITLE",
            "ssh_clone_url": "git@github.com:kubewarden/ingress-policy.git",
            "svn_url": "https://github.com/kubewarden/ingress-policy",
            "template": [],
            "topics": [
              "hacktoberfest",
              "ingress",
              "ingresses-resources",
              "kubernetes",
              "kubernetes-security",
              "kubewarden-policy",
              "policy-as-code",
              "webassembly"
            ],
            "visibility": "public",
            "vulnerability_alerts": true,
            "web_commit_signoff_required": true
          },
          "sensitive_attributes": [],
          "private": "eyJzY2hlbWFfdmVyc2lvbiI6IjEifQ=="
        }
      ]
    },
    {
      "module": "module.policy_repository_ingress_policy",
      "mode": "managed",
      "type": "github_team_repository",
      "name": "gh_team_push_rights",
      "provider": "provider[\"registry.terraform.io/integrations/github\"].kubewarden",
      "instances": [
        {
          "index_key": 0,
          "schema_version": 0,
          "attributes": {
            "etag": "W/\"d01718d1d3ebfc5c3546eab197376109eacec5921733f78382de9a4ae85df7ce\"",
            "id": "4972867:ingress-policy",
            "permission": "push",
            "repository": "ingress-policy",
            "team_id": "4972867"
          },
          "sensitive_attributes": [],
          "private": "bnVsbA==",
          "dependencies": [
            "data.github_team.kubewarden_developers",
            "module.policy_repository_ingress_policy.github_repository.main"
          ]
        }
      ]
    },
    {
      "module": "module.policy_repository_namespace_label_propagator_policy",
      "mode": "managed",
      "type": "github_repository",
      "name": "main",
      "provider": "provider[\"registry.terraform.io/integrations/github\"].kubewarden",
      "instances": [
        {
          "schema_version": 1,
          "attributes": {
            "allow_auto_merge": false,
            "allow_merge_commit": true,
            "allow_rebase_merge": true,
            "allow_squash_merge": true,
            "allow_update_branch": false,
            "archive_on_destroy": null,
            "archived": false,
            "auto_init": null,
            "default_branch": "main",
            "delete_branch_on_merge": false,
            "description": "Kubewarden policy designed to automatically propagate labels defined in a Kubernetes namespace to the associated resources within that namespace",
            "etag": "W/\"26efd77db7c5fe7b692b845d2f30f160911cadb3d0aab73af3ee57767c6c101d\"",
            "full_name": "kubewarden/namespace-label-propagator-policy",
            "git_clone_url": "git://github.com/kubewarden/namespace-label-propagator-policy.git",
            "gitignore_template": null,
            "has_discussions": false,
            "has_downloads": true,
            "has_issues": true,
            "has_projects": false,
            "has_wiki": true,
            "homepage_url": "https://kubewarden.io",
            "html_url": "https://github.com/kubewarden/namespace-label-propagator-policy",
            "http_clone_url": "https://github.com/kubewarden/namespace-label-propagator-policy.git",
            "id": "namespace-label-propagator-policy",
            "ignore_vulnerability_alerts_during_read": null,
            "is_template": false,
            "license_template": null,
            "merge_commit_message": "PR_TITLE",
            "merge_commit_title": "MERGE_MESSAGE",
            "name": "namespace-label-propagator-policy",
            "node_id": "R_kgDOJnx8hQ",
            "pages": [],
            "primary_language": "Go",
            "private": false,
            "repo_id": 645692549,
            "security_and_analysis": [
              {
                "advanced_security": [],
                "secret_scanning": [
                  {
                    "status": "enabled"
                  }
                ],
                "secret_scanning_push_protection": [
                  {
                    "status": "disabled"
                  }
                ]
              }
            ],
            "squash_merge_commit_message": "COMMIT_MESSAGES",
            "squash_merge_commit_title": "COMMIT_OR_PR_TITLE",
            "ssh_clone_url": "git@github.com:kubewarden/namespace-label-propagator-policy.git",
            "svn_url": "https://github.com/kubewarden/namespace-label-propagator-policy",
            "template": [
              {
                "include_all_branches": false,
                "owner": "kubewarden",
                "repository": "go-policy-template"
              }
            ],
            "topics": [
              "hacktoberfest",
              "kubernetes",
              "kubernetes-security",
              "kubewarden-policy",
              "policy-as-code",
              "webassembly"
            ],
            "visibility": "public",
            "vulnerability_alerts": true,
            "web_commit_signoff_required": true
          },
          "sensitive_attributes": [],
          "private": "eyJzY2hlbWFfdmVyc2lvbiI6IjEifQ=="
        }
      ]
    },
    {
      "module": "module.policy_repository_namespace_label_propagator_policy",
      "mode": "managed",
      "type": "github_team_repository",
      "name": "gh_team_push_rights",
      "provider": "provider[\"registry.terraform.io/integrations/github\"].kubewarden",
      "instances": [
        {
          "index_key": 0,
          "schema_version": 0,
          "attributes": {
            "etag": "W/\"77d3da7deeb35419e9f545a217365e710d91d5bd638d5929bd14ddc8e7b53fb9\"",
            "id": "4972867:namespace-label-propagator-policy",
            "permission": "push",
            "repository": "namespace-label-propagator-policy",
            "team_id": "4972867"
          },
          "sensitive_attributes": [],
          "private": "bnVsbA==",
          "dependencies": [
            "data.github_team.kubewarden_developers",
            "module.policy_repository_namespace_label_propagator_policy.github_repository.main"
          ]
        }
      ]
    },
    {
      "module": "module.policy_repository_persistentvolumeclaim-storageclass",
      "mode": "managed",
      "type": "github_repository",
      "name": "main",
      "provider": "provider[\"registry.terraform.io/integrations/github\"].kubewarden",
      "instances": [
        {
          "schema_version": 1,
          "attributes": {
            "allow_auto_merge": false,
            "allow_merge_commit": true,
            "allow_rebase_merge": true,
            "allow_squash_merge": true,
            "allow_update_branch": false,
            "archive_on_destroy": null,
            "archived": false,
            "auto_init": false,
            "default_branch": "main",
            "delete_branch_on_merge": false,
            "description": "Policy that validates and adjusts the usage of StorageClasses in PersistentVolumeClaims",
            "etag": "W/\"9a22b4ad60d5a786c291a759600f3c5f4dbcfbde80d73feb145ce84642d80af8\"",
            "full_name": "kubewarden/persistentvolumeclaim-storageclass-policy",
            "git_clone_url": "git://github.com/kubewarden/persistentvolumeclaim-storageclass-policy.git",
            "gitignore_template": null,
            "has_discussions": false,
            "has_downloads": true,
            "has_issues": true,
            "has_projects": false,
            "has_wiki": true,
            "homepage_url": "https://kubewarden.io",
            "html_url": "https://github.com/kubewarden/persistentvolumeclaim-storageclass-policy",
            "http_clone_url": "https://github.com/kubewarden/persistentvolumeclaim-storageclass-policy.git",
            "id": "persistentvolumeclaim-storageclass-policy",
            "ignore_vulnerability_alerts_during_read": null,
            "is_template": false,
            "license_template": null,
            "merge_commit_message": "PR_TITLE",
            "merge_commit_title": "MERGE_MESSAGE",
            "name": "persistentvolumeclaim-storageclass-policy",
            "node_id": "R_kgDOLjjoGA",
            "pages": [],
            "primary_language": "Rust",
            "private": false,
            "repo_id": 775481368,
            "security_and_analysis": [
              {
                "advanced_security": [],
                "secret_scanning": [
                  {
                    "status": "enabled"
                  }
                ],
                "secret_scanning_push_protection": [
                  {
                    "status": "disabled"
                  }
                ]
              }
            ],
            "squash_merge_commit_message": "COMMIT_MESSAGES",
            "squash_merge_commit_title": "COMMIT_OR_PR_TITLE",
            "ssh_clone_url": "git@github.com:kubewarden/persistentvolumeclaim-storageclass-policy.git",
            "svn_url": "https://github.com/kubewarden/persistentvolumeclaim-storageclass-policy",
            "template": [],
            "topics": [
              "hacktoberfest",
              "kubernetes",
              "kubernetes-security",
              "kubewarden-policy",
              "policy-as-code",
              "webassembly"
            ],
            "visibility": "public",
            "vulnerability_alerts": true,
            "web_commit_signoff_required": true
          },
          "sensitive_attributes": [],
          "private": "eyJzY2hlbWFfdmVyc2lvbiI6IjEifQ=="
        }
      ]
    },
    {
      "module": "module.policy_repository_persistentvolumeclaim-storageclass",
      "mode": "managed",
      "type": "github_team_repository",
      "name": "gh_team_push_rights",
      "provider": "provider[\"registry.terraform.io/integrations/github\"].kubewarden",
      "instances": [
        {
          "index_key": 0,
          "schema_version": 0,
          "attributes": {
            "etag": "W/\"0720746fe37aa05e9d01648a989f9ba1ef7313e65459fa45bad3d121c759115d\"",
            "id": "4972867:persistentvolumeclaim-storageclass-policy",
            "permission": "push",
            "repository": "persistentvolumeclaim-storageclass-policy",
            "team_id": "4972867"
          },
          "sensitive_attributes": [],
          "private": "bnVsbA==",
          "dependencies": [
            "data.github_team.kubewarden_developers",
            "module.policy_repository_persistentvolumeclaim-storageclass.github_repository.main"
          ]
        }
      ]
    },
    {
      "module": "module.policy_repository_pod_ndots",
      "mode": "managed",
      "type": "github_repository",
      "name": "main",
      "provider": "provider[\"registry.terraform.io/integrations/github\"].kubewarden",
      "instances": [
        {
          "status": "tainted",
          "schema_version": 1,
          "attributes": {
            "allow_auto_merge": false,
            "allow_merge_commit": true,
            "allow_rebase_merge": true,
            "allow_squash_merge": true,
            "allow_update_branch": null,
            "archive_on_destroy": null,
            "archived": false,
            "auto_init": null,
            "default_branch": null,
            "delete_branch_on_merge": false,
            "description": "Policy that enforces the usage of ndots in the pod's DNS configuration",
            "etag": null,
            "full_name": null,
            "git_clone_url": null,
            "gitignore_template": null,
            "has_discussions": null,
            "has_downloads": true,
            "has_issues": true,
            "has_projects": false,
            "has_wiki": true,
            "homepage_url": "https://kubewarden.io",
            "html_url": null,
            "http_clone_url": null,
            "id": "pod-ndots-policy",
            "ignore_vulnerability_alerts_during_read": null,
            "is_template": null,
            "license_template": null,
            "merge_commit_message": "PR_TITLE",
            "merge_commit_title": "MERGE_MESSAGE",
            "name": "pod-ndots-policy",
            "node_id": null,
            "pages": [],
            "primary_language": null,
            "private": null,
            "repo_id": null,
            "security_and_analysis": [
              {
                "advanced_security": [],
                "secret_scanning": [
                  {
                    "status": "enabled"
                  }
                ],
                "secret_scanning_push_protection": [
                  {
                    "status": "disabled"
                  }
                ]
              }
            ],
            "squash_merge_commit_message": "COMMIT_MESSAGES",
            "squash_merge_commit_title": "COMMIT_OR_PR_TITLE",
            "ssh_clone_url": null,
            "svn_url": null,
            "template": [],
            "topics": [
              "hacktoberfest",
              "kubernetes",
              "kubernetes-security",
              "kubewarden-policy",
              "policy-as-code",
              "webassembly"
            ],
            "visibility": null,
            "vulnerability_alerts": true,
            "web_commit_signoff_required": true
          },
          "sensitive_attributes": [],
          "private": "eyJzY2hlbWFfdmVyc2lvbiI6IjEifQ=="
        }
      ]
    },
    {
      "module": "module.policy_repository_pod_ndots",
      "mode": "managed",
      "type": "github_team_repository",
      "name": "gh_team_push_rights",
      "provider": "provider[\"registry.terraform.io/integrations/github\"].kubewarden",
      "instances": []
    },
    {
      "module": "module.policy_repository_pod_privileged_policy",
      "mode": "managed",
      "type": "github_repository",
      "name": "main",
      "provider": "provider[\"registry.terraform.io/integrations/github\"].kubewarden",
      "instances": [
        {
          "schema_version": 1,
          "attributes": {
            "allow_auto_merge": false,
            "allow_merge_commit": true,
            "allow_rebase_merge": true,
            "allow_squash_merge": true,
            "allow_update_branch": false,
            "archive_on_destroy": null,
            "archived": false,
            "auto_init": false,
            "default_branch": "main",
            "delete_branch_on_merge": false,
            "description": "A Kubewarden Policy that limits the ability to create privileged containers",
            "etag": "W/\"b6b4a593764d04e5bcb435d7b94d530337cbdd21660690d020e34a3d52efea5b\"",
            "full_name": "kubewarden/pod-privileged-policy",
            "git_clone_url": "git://github.com/kubewarden/pod-privileged-policy.git",
            "gitignore_template": null,
            "has_discussions": false,
            "has_downloads": true,
            "has_issues": true,
            "has_projects": false,
            "has_wiki": true,
            "homepage_url": "https://kubewarden.io",
            "html_url": "https://github.com/kubewarden/pod-privileged-policy",
            "http_clone_url": "https://github.com/kubewarden/pod-privileged-policy.git",
            "id": "pod-privileged-policy",
            "ignore_vulnerability_alerts_during_read": null,
            "is_template": false,
            "license_template": null,
            "merge_commit_message": "PR_TITLE",
            "merge_commit_title": "MERGE_MESSAGE",
            "name": "pod-privileged-policy",
            "node_id": "MDEwOlJlcG9zaXRvcnkzMTc2Njk3NjI=",
            "pages": [],
            "primary_language": "Rust",
            "private": false,
            "repo_id": 317669762,
            "security_and_analysis": [
              {
                "advanced_security": [],
                "secret_scanning": [
                  {
                    "status": "enabled"
                  }
                ],
                "secret_scanning_push_protection": [
                  {
                    "status": "disabled"
                  }
                ]
              }
            ],
            "squash_merge_commit_message": "COMMIT_MESSAGES",
            "squash_merge_commit_title": "COMMIT_OR_PR_TITLE",
            "ssh_clone_url": "git@github.com:kubewarden/pod-privileged-policy.git",
            "svn_url": "https://github.com/kubewarden/pod-privileged-policy",
            "template": [],
            "topics": [
              "hacktoberfest",
              "kubernetes",
              "kubernetes-security",
              "kubewarden-policy",
              "pod-security-policy",
              "policy-as-code",
              "webassembly"
            ],
            "visibility": "public",
            "vulnerability_alerts": true,
            "web_commit_signoff_required": true
          },
          "sensitive_attributes": [],
          "private": "eyJzY2hlbWFfdmVyc2lvbiI6IjEifQ=="
        }
      ]
    },
    {
      "module": "module.policy_repository_pod_privileged_policy",
      "mode": "managed",
      "type": "github_team_repository",
      "name": "gh_team_push_rights",
      "provider": "provider[\"registry.terraform.io/integrations/github\"].kubewarden",
      "instances": [
        {
          "index_key": 0,
          "schema_version": 0,
          "attributes": {
            "etag": "W/\"5d07f85ee3ccdb86128f60d36f78a51d06d4d7f417b8f1bec1cb5bedb5d720cb\"",
            "id": "4972867:pod-privileged-policy",
            "permission": "push",
            "repository": "pod-privileged-policy",
            "team_id": "4972867"
          },
          "sensitive_attributes": [],
          "private": "bnVsbA==",
          "dependencies": [
            "data.github_team.kubewarden_developers",
            "module.policy_repository_pod_privileged_policy.github_repository.main"
          ]
        }
      ]
    },
    {
      "module": "module.policy_repository_pod_runtime_class_policy",
      "mode": "managed",
      "type": "github_repository",
      "name": "main",
      "provider": "provider[\"registry.terraform.io/integrations/github\"].kubewarden",
      "instances": [
        {
          "schema_version": 1,
          "attributes": {
            "allow_auto_merge": false,
            "allow_merge_commit": true,
            "allow_rebase_merge": true,
            "allow_squash_merge": true,
            "allow_update_branch": false,
            "archive_on_destroy": null,
            "archived": false,
            "auto_init": false,
            "default_branch": "main",
            "delete_branch_on_merge": false,
            "description": "A Kubewarden Policy that controls the usage of Pod runtimeClass",
            "etag": "W/\"a1c799bfec1a4ce0bce321f6403d3a8147ac0351ff1c00badb399cac12d8cf8c\"",
            "full_name": "kubewarden/pod-runtime-class-policy",
            "git_clone_url": "git://github.com/kubewarden/pod-runtime-class-policy.git",
            "gitignore_template": null,
            "has_discussions": false,
            "has_downloads": true,
            "has_issues": true,
            "has_projects": false,
            "has_wiki": true,
            "homepage_url": "https://kubewarden.io",
            "html_url": "https://github.com/kubewarden/pod-runtime-class-policy",
            "http_clone_url": "https://github.com/kubewarden/pod-runtime-class-policy.git",
            "id": "pod-runtime-class-policy",
            "ignore_vulnerability_alerts_during_read": null,
            "is_template": false,
            "license_template": null,
            "merge_commit_message": "PR_TITLE",
            "merge_commit_title": "MERGE_MESSAGE",
            "name": "pod-runtime-class-policy",
            "node_id": "MDEwOlJlcG9zaXRvcnkzMTM5NzQ4MzY=",
            "pages": [],
            "primary_language": "Rust",
            "private": false,
            "repo_id": 313974836,
            "security_and_analysis": [
              {
                "advanced_security": [],
                "secret_scanning": [
                  {
                    "status": "enabled"
                  }
                ],
                "secret_scanning_push_protection": [
                  {
                    "status": "disabled"
                  }
                ]
              }
            ],
            "squash_merge_commit_message": "COMMIT_MESSAGES",
            "squash_merge_commit_title": "COMMIT_OR_PR_TITLE",
            "ssh_clone_url": "git@github.com:kubewarden/pod-runtime-class-policy.git",
            "svn_url": "https://github.com/kubewarden/pod-runtime-class-policy",
            "template": [],
            "topics": [
              "hacktoberfest",
              "kubernetes",
              "kubernetes-security",
              "kubewarden-policy",
              "policy-as-code",
              "webassembly"
            ],
            "visibility": "public",
            "vulnerability_alerts": true,
            "web_commit_signoff_required": true
          },
          "sensitive_attributes": [],
          "private": "eyJzY2hlbWFfdmVyc2lvbiI6IjEifQ=="
        }
      ]
    },
    {
      "module": "module.policy_repository_pod_runtime_class_policy",
      "mode": "managed",
      "type": "github_team_repository",
      "name": "gh_team_push_rights",
      "provider": "provider[\"registry.terraform.io/integrations/github\"].kubewarden",
      "instances": [
        {
          "index_key": 0,
          "schema_version": 0,
          "attributes": {
            "etag": "W/\"f0bf379be378cd3e91632ae7eb70a647b0e61019bf976f42b3977cd06818d1bf\"",
            "id": "4972867:pod-runtime-class-policy",
            "permission": "push",
            "repository": "pod-runtime-class-policy",
            "team_id": "4972867"
          },
          "sensitive_attributes": [],
          "private": "bnVsbA==",
          "dependencies": [
            "data.github_team.kubewarden_developers",
            "module.policy_repository_pod_runtime_class_policy.github_repository.main"
          ]
        }
      ]
    },
    {
      "module": "module.policy_repository_psa_label_enforcer",
      "mode": "managed",
      "type": "github_repository",
      "name": "main",
      "provider": "provider[\"registry.terraform.io/integrations/github\"].kubewarden",
      "instances": [
        {
          "schema_version": 1,
          "attributes": {
            "allow_auto_merge": false,
            "allow_merge_commit": true,
            "allow_rebase_merge": true,
            "allow_squash_merge": true,
            "allow_update_branch": false,
            "archive_on_destroy": null,
            "archived": false,
            "auto_init": false,
            "default_branch": "main",
            "delete_branch_on_merge": false,
            "description": "Kubewarden policy that ensures that namespaces have the required PSA labels",
            "etag": "W/\"b5c4a3e3c03f9bebccfb353a61fdb4f8ff1e5c4a24bd97c7170a12aa0c648894\"",
            "full_name": "kubewarden/psa-label-enforcer-policy",
            "git_clone_url": "git://github.com/kubewarden/psa-label-enforcer-policy.git",
            "gitignore_template": null,
            "has_discussions": false,
            "has_downloads": true,
            "has_issues": true,
            "has_projects": false,
            "has_wiki": true,
            "homepage_url": "https://kubewarden.io",
            "html_url": "https://github.com/kubewarden/psa-label-enforcer-policy",
            "http_clone_url": "https://github.com/kubewarden/psa-label-enforcer-policy.git",
            "id": "psa-label-enforcer-policy",
            "ignore_vulnerability_alerts_during_read": null,
            "is_template": false,
            "license_template": null,
            "merge_commit_message": "PR_TITLE",
            "merge_commit_title": "MERGE_MESSAGE",
            "name": "psa-label-enforcer-policy",
            "node_id": "R_kgDOJkOffw",
            "pages": [],
            "primary_language": "Rust",
            "private": false,
            "repo_id": 641965951,
            "security_and_analysis": [
              {
                "advanced_security": [],
                "secret_scanning": [
                  {
                    "status": "enabled"
                  }
                ],
                "secret_scanning_push_protection": [
                  {
                    "status": "disabled"
                  }
                ]
              }
            ],
            "squash_merge_commit_message": "COMMIT_MESSAGES",
            "squash_merge_commit_title": "COMMIT_OR_PR_TITLE",
            "ssh_clone_url": "git@github.com:kubewarden/psa-label-enforcer-policy.git",
            "svn_url": "https://github.com/kubewarden/psa-label-enforcer-policy",
            "template": [],
            "topics": [
              "hacktoberfest",
              "kubernetes",
              "kubernetes-security",
              "kubewarden-policy",
              "policy-as-code",
              "webassembly"
            ],
            "visibility": "public",
            "vulnerability_alerts": true,
            "web_commit_signoff_required": true
          },
          "sensitive_attributes": [],
          "private": "eyJzY2hlbWFfdmVyc2lvbiI6IjEifQ=="
        }
      ]
    },
    {
      "module": "module.policy_repository_psa_label_enforcer",
      "mode": "managed",
      "type": "github_team_repository",
      "name": "gh_team_push_rights",
      "provider": "provider[\"registry.terraform.io/integrations/github\"].kubewarden",
      "instances": [
        {
          "index_key": 0,
          "schema_version": 0,
          "attributes": {
            "etag": "W/\"7a8d66f10c3be5be0e5f03abe6eae379577612392faf83f87739056121a37674\"",
            "id": "4972867:psa-label-enforcer-policy",
            "permission": "push",
            "repository": "psa-label-enforcer-policy",
            "team_id": "4972867"
          },
          "sensitive_attributes": [],
          "private": "bnVsbA==",
          "dependencies": [
            "data.github_team.kubewarden_developers",
            "module.policy_repository_psa_label_enforcer.github_repository.main"
          ]
        }
      ]
    },
    {
      "module": "module.policy_repository_rancher_project_quotas_namespace_validator",
      "mode": "managed",
      "type": "github_repository",
      "name": "main",
      "provider": "provider[\"registry.terraform.io/integrations/github\"].kubewarden",
      "instances": [
        {
          "schema_version": 1,
          "attributes": {
            "allow_auto_merge": false,
            "allow_merge_commit": true,
            "allow_rebase_merge": true,
            "allow_squash_merge": true,
            "allow_update_branch": false,
            "archive_on_destroy": null,
            "archived": false,
            "auto_init": false,
            "default_branch": "main",
            "delete_branch_on_merge": false,
            "description": "Prevent the creation of Namespace under a Rancher Project that doesn't have any resource quota left",
            "etag": "W/\"6b14a8b0f42c3ec56866f41d82e3c776e57031fd83028a8d55a5ddbfd5724e0a\"",
            "full_name": "kubewarden/rancher-project-quotas-namespace-validator",
            "git_clone_url": "git://github.com/kubewarden/rancher-project-quotas-namespace-validator.git",
            "gitignore_template": null,
            "has_discussions": false,
            "has_downloads": true,
            "has_issues": true,
            "has_projects": false,
            "has_wiki": true,
            "homepage_url": "https://kubewarden.io",
            "html_url": "https://github.com/kubewarden/rancher-project-quotas-namespace-validator",
            "http_clone_url": "https://github.com/kubewarden/rancher-project-quotas-namespace-validator.git",
            "id": "rancher-project-quotas-namespace-validator",
            "ignore_vulnerability_alerts_during_read": null,
            "is_template": false,
            "license_template": null,
            "merge_commit_message": "PR_TITLE",
            "merge_commit_title": "MERGE_MESSAGE",
            "name": "rancher-project-quotas-namespace-validator",
            "node_id": "R_kgDOJEGlhg",
            "pages": [],
            "primary_language": "Go",
            "private": false,
            "repo_id": 608281990,
            "security_and_analysis": [
              {
                "advanced_security": [],
                "secret_scanning": [
                  {
                    "status": "enabled"
                  }
                ],
                "secret_scanning_push_protection": [
                  {
                    "status": "disabled"
                  }
                ]
              }
            ],
            "squash_merge_commit_message": "COMMIT_MESSAGES",
            "squash_merge_commit_title": "COMMIT_OR_PR_TITLE",
            "ssh_clone_url": "git@github.com:kubewarden/rancher-project-quotas-namespace-validator.git",
            "svn_url": "https://github.com/kubewarden/rancher-project-quotas-namespace-validator",
            "template": [
              {
                "include_all_branches": false,
                "owner": "kubewarden",
                "repository": "go-policy-template"
              }
            ],
            "topics": [
              "hacktoberfest",
              "kubernetes",
              "kubernetes-security",
              "kubewarden-policy",
              "policy-as-code",
              "webassembly"
            ],
            "visibility": "public",
            "vulnerability_alerts": true,
            "web_commit_signoff_required": true
          },
          "sensitive_attributes": [],
          "private": "eyJzY2hlbWFfdmVyc2lvbiI6IjEifQ=="
        }
      ]
    },
    {
      "module": "module.policy_repository_rancher_project_quotas_namespace_validator",
      "mode": "managed",
      "type": "github_team_repository",
      "name": "gh_team_push_rights",
      "provider": "provider[\"registry.terraform.io/integrations/github\"].kubewarden",
      "instances": [
        {
          "index_key": 0,
          "schema_version": 0,
          "attributes": {
            "etag": "W/\"a5e14e510be4da1e1b4dde82b6317457802e8de154875859b02dae85d0b24607\"",
            "id": "4972867:rancher-project-quotas-namespace-validator",
            "permission": "push",
            "repository": "rancher-project-quotas-namespace-validator",
            "team_id": "4972867"
          },
          "sensitive_attributes": [],
          "private": "bnVsbA==",
          "dependencies": [
            "data.github_team.kubewarden_developers",
            "module.policy_repository_rancher_project_quotas_namespace_validator.github_repository.main"
          ]
        }
      ]
    },
    {
      "module": "module.policy_repository_raw_mutation_policy",
      "mode": "managed",
      "type": "github_repository",
      "name": "main",
      "provider": "provider[\"registry.terraform.io/integrations/github\"].kubewarden",
      "instances": [
        {
          "schema_version": 1,
          "attributes": {
            "allow_auto_merge": false,
            "allow_merge_commit": true,
            "allow_rebase_merge": true,
            "allow_squash_merge": true,
            "allow_update_branch": false,
            "archive_on_destroy": null,
            "archived": false,
            "auto_init": null,
            "default_branch": "main",
            "delete_branch_on_merge": false,
            "description": "Demo policy showing how to write a raw mutating policy",
            "etag": "W/\"447396742713c9010686462548d69253159d594317b16b24be9e968dd3c607ee\"",
            "full_name": "kubewarden/raw-mutation-policy",
            "git_clone_url": "git://github.com/kubewarden/raw-mutation-policy.git",
            "gitignore_template": null,
            "has_discussions": false,
            "has_downloads": true,
            "has_issues": true,
            "has_projects": false,
            "has_wiki": true,
            "homepage_url": "https://kubewarden.io",
            "html_url": "https://github.com/kubewarden/raw-mutation-policy",
            "http_clone_url": "https://github.com/kubewarden/raw-mutation-policy.git",
            "id": "raw-mutation-policy",
            "ignore_vulnerability_alerts_during_read": null,
            "is_template": false,
            "license_template": null,
            "merge_commit_message": "PR_TITLE",
            "merge_commit_title": "MERGE_MESSAGE",
            "name": "raw-mutation-policy",
            "node_id": "R_kgDOKkhwcQ",
            "pages": [],
            "primary_language": "Go",
            "private": false,
            "repo_id": 709390449,
            "security_and_analysis": [
              {
                "advanced_security": [],
                "secret_scanning": [
                  {
                    "status": "enabled"
                  }
                ],
                "secret_scanning_push_protection": [
                  {
                    "status": "disabled"
                  }
                ]
              }
            ],
            "squash_merge_commit_message": "COMMIT_MESSAGES",
            "squash_merge_commit_title": "COMMIT_OR_PR_TITLE",
            "ssh_clone_url": "git@github.com:kubewarden/raw-mutation-policy.git",
            "svn_url": "https://github.com/kubewarden/raw-mutation-policy",
            "template": [],
            "topics": [
              "hacktoberfest",
              "kubernetes",
              "kubernetes-security",
              "kubewarden-policy",
              "policy-as-code",
              "webassembly"
            ],
            "visibility": "public",
            "vulnerability_alerts": true,
            "web_commit_signoff_required": true
          },
          "sensitive_attributes": [],
          "private": "eyJzY2hlbWFfdmVyc2lvbiI6IjEifQ=="
        }
      ]
    },
    {
      "module": "module.policy_repository_raw_mutation_policy",
      "mode": "managed",
      "type": "github_team_repository",
      "name": "gh_team_push_rights",
      "provider": "provider[\"registry.terraform.io/integrations/github\"].kubewarden",
      "instances": [
        {
          "index_key": 0,
          "schema_version": 0,
          "attributes": {
            "etag": "W/\"d2fd8bd7363ac65d6c878302a14dc620c1ce5f283fa20bce870d29113fc56a1e\"",
            "id": "4972867:raw-mutation-policy",
            "permission": "push",
            "repository": "raw-mutation-policy",
            "team_id": "4972867"
          },
          "sensitive_attributes": [],
          "private": "bnVsbA==",
          "dependencies": [
            "data.github_team.kubewarden_developers",
            "module.policy_repository_raw_mutation_policy.github_repository.main"
          ]
        }
      ]
    },
    {
      "module": "module.policy_repository_raw_mutation_wasi_policy",
      "mode": "managed",
      "type": "github_repository",
      "name": "main",
      "provider": "provider[\"registry.terraform.io/integrations/github\"].kubewarden",
      "instances": [
        {
          "schema_version": 1,
          "attributes": {
            "allow_auto_merge": false,
            "allow_merge_commit": true,
            "allow_rebase_merge": true,
            "allow_squash_merge": true,
            "allow_update_branch": false,
            "archive_on_destroy": null,
            "archived": false,
            "auto_init": null,
            "default_branch": "main",
            "delete_branch_on_merge": false,
            "description": "Demo policy showing how to write a raw WASI mutation policy",
            "etag": "W/\"2c1653ac05597ba0d86f1f685499ec083703b0db1e2dc0d0edd3d2e99659eec8\"",
            "full_name": "kubewarden/raw-mutation-wasi-policy",
            "git_clone_url": "git://github.com/kubewarden/raw-mutation-wasi-policy.git",
            "gitignore_template": null,
            "has_discussions": false,
            "has_downloads": true,
            "has_issues": true,
            "has_projects": false,
            "has_wiki": true,
            "homepage_url": "https://kubewarden.io",
            "html_url": "https://github.com/kubewarden/raw-mutation-wasi-policy",
            "http_clone_url": "https://github.com/kubewarden/raw-mutation-wasi-policy.git",
            "id": "raw-mutation-wasi-policy",
            "ignore_vulnerability_alerts_during_read": null,
            "is_template": false,
            "license_template": null,
            "merge_commit_message": "PR_TITLE",
            "merge_commit_title": "MERGE_MESSAGE",
            "name": "raw-mutation-wasi-policy",
            "node_id": "R_kgDOKkhwrA",
            "pages": [],
            "primary_language": "Go",
            "private": false,
            "repo_id": 709390508,
            "security_and_analysis": [
              {
                "advanced_security": [],
                "secret_scanning": [
                  {
                    "status": "enabled"
                  }
                ],
                "secret_scanning_push_protection": [
                  {
                    "status": "disabled"
                  }
                ]
              }
            ],
            "squash_merge_commit_message": "COMMIT_MESSAGES",
            "squash_merge_commit_title": "COMMIT_OR_PR_TITLE",
            "ssh_clone_url": "git@github.com:kubewarden/raw-mutation-wasi-policy.git",
            "svn_url": "https://github.com/kubewarden/raw-mutation-wasi-policy",
            "template": [],
            "topics": [
              "hacktoberfest",
              "kubernetes",
              "kubernetes-security",
              "kubewarden-policy",
              "policy-as-code",
              "webassembly"
            ],
            "visibility": "public",
            "vulnerability_alerts": true,
            "web_commit_signoff_required": true
          },
          "sensitive_attributes": [],
          "private": "eyJzY2hlbWFfdmVyc2lvbiI6IjEifQ=="
        }
      ]
    },
    {
      "module": "module.policy_repository_raw_mutation_wasi_policy",
      "mode": "managed",
      "type": "github_team_repository",
      "name": "gh_team_push_rights",
      "provider": "provider[\"registry.terraform.io/integrations/github\"].kubewarden",
      "instances": [
        {
          "index_key": 0,
          "schema_version": 0,
          "attributes": {
            "etag": "W/\"bf874a6654dd44c3040013f2b7d8ac01c0f2bfd57bc3adadba6f21d4ba0cf342\"",
            "id": "4972867:raw-mutation-wasi-policy",
            "permission": "push",
            "repository": "raw-mutation-wasi-policy",
            "team_id": "4972867"
          },
          "sensitive_attributes": [],
          "private": "bnVsbA==",
          "dependencies": [
            "data.github_team.kubewarden_developers",
            "module.policy_repository_raw_mutation_wasi_policy.github_repository.main"
          ]
        }
      ]
    },
    {
      "module": "module.policy_repository_raw_validation_opa_policy",
      "mode": "managed",
      "type": "github_repository",
      "name": "main",
      "provider": "provider[\"registry.terraform.io/integrations/github\"].kubewarden",
      "instances": [
        {
          "schema_version": 1,
          "attributes": {
            "allow_auto_merge": false,
            "allow_merge_commit": true,
            "allow_rebase_merge": true,
            "allow_squash_merge": true,
            "allow_update_branch": false,
            "archive_on_destroy": null,
            "archived": false,
            "auto_init": null,
            "default_branch": "main",
            "delete_branch_on_merge": false,
            "description": "Demo policy showing how to write a raw OPA validating policy",
            "etag": "W/\"d5a898871abd8227564295738b2ddae9d97dc01a41ec90a67bf09b4342c3b37d\"",
            "full_name": "kubewarden/raw-validation-opa-policy",
            "git_clone_url": "git://github.com/kubewarden/raw-validation-opa-policy.git",
            "gitignore_template": null,
            "has_discussions": false,
            "has_downloads": true,
            "has_issues": true,
            "has_projects": false,
            "has_wiki": true,
            "homepage_url": "https://kubewarden.io",
            "html_url": "https://github.com/kubewarden/raw-validation-opa-policy",
            "http_clone_url": "https://github.com/kubewarden/raw-validation-opa-policy.git",
            "id": "raw-validation-opa-policy",
            "ignore_vulnerability_alerts_during_read": null,
            "is_template": false,
            "license_template": null,
            "merge_commit_message": "PR_TITLE",
            "merge_commit_title": "MERGE_MESSAGE",
            "name": "raw-validation-opa-policy",
            "node_id": "R_kgDOKkhwhA",
            "pages": [],
            "primary_language": "Shell",
            "private": false,
            "repo_id": 709390468,
            "security_and_analysis": [
              {
                "advanced_security": [],
                "secret_scanning": [
                  {
                    "status": "enabled"
                  }
                ],
                "secret_scanning_push_protection": [
                  {
                    "status": "disabled"
                  }
                ]
              }
            ],
            "squash_merge_commit_message": "COMMIT_MESSAGES",
            "squash_merge_commit_title": "COMMIT_OR_PR_TITLE",
            "ssh_clone_url": "git@github.com:kubewarden/raw-validation-opa-policy.git",
            "svn_url": "https://github.com/kubewarden/raw-validation-opa-policy",
            "template": [],
            "topics": [
              "hacktoberfest",
              "kubernetes",
              "kubernetes-security",
              "kubewarden-policy",
              "policy-as-code",
              "webassembly"
            ],
            "visibility": "public",
            "vulnerability_alerts": true,
            "web_commit_signoff_required": true
          },
          "sensitive_attributes": [],
          "private": "eyJzY2hlbWFfdmVyc2lvbiI6IjEifQ=="
        }
      ]
    },
    {
      "module": "module.policy_repository_raw_validation_opa_policy",
      "mode": "managed",
      "type": "github_team_repository",
      "name": "gh_team_push_rights",
      "provider": "provider[\"registry.terraform.io/integrations/github\"].kubewarden",
      "instances": [
        {
          "index_key": 0,
          "schema_version": 0,
          "attributes": {
            "etag": "W/\"4c6b17444fa19d18d85f6fbf7da5c34dc23b42f7357a6fa42ae196e8730f765f\"",
            "id": "4972867:raw-validation-opa-policy",
            "permission": "push",
            "repository": "raw-validation-opa-policy",
            "team_id": "4972867"
          },
          "sensitive_attributes": [],
          "private": "bnVsbA==",
          "dependencies": [
            "data.github_team.kubewarden_developers",
            "module.policy_repository_raw_validation_opa_policy.github_repository.main"
          ]
        }
      ]
    },
    {
      "module": "module.policy_repository_raw_validation_policy",
      "mode": "managed",
      "type": "github_repository",
      "name": "main",
      "provider": "provider[\"registry.terraform.io/integrations/github\"].kubewarden",
      "instances": [
        {
          "schema_version": 1,
          "attributes": {
            "allow_auto_merge": false,
            "allow_merge_commit": true,
            "allow_rebase_merge": true,
            "allow_squash_merge": true,
            "allow_update_branch": false,
            "archive_on_destroy": null,
            "archived": false,
            "auto_init": null,
            "default_branch": "main",
            "delete_branch_on_merge": false,
            "description": "Demo policy showing how to write a raw validating policy",
            "etag": "W/\"2d8f341329f0a0965cce68a304fe331e0dee37e99c439489371836e1251abc6e\"",
            "full_name": "kubewarden/raw-validation-policy",
            "git_clone_url": "git://github.com/kubewarden/raw-validation-policy.git",
            "gitignore_template": null,
            "has_discussions": false,
            "has_downloads": true,
            "has_issues": true,
            "has_projects": false,
            "has_wiki": true,
            "homepage_url": "https://kubewarden.io",
            "html_url": "https://github.com/kubewarden/raw-validation-policy",
            "http_clone_url": "https://github.com/kubewarden/raw-validation-policy.git",
            "id": "raw-validation-policy",
            "ignore_vulnerability_alerts_during_read": null,
            "is_template": false,
            "license_template": null,
            "merge_commit_message": "PR_TITLE",
            "merge_commit_title": "MERGE_MESSAGE",
            "name": "raw-validation-policy",
            "node_id": "R_kgDOKkhwmA",
            "pages": [],
            "primary_language": "Rust",
            "private": false,
            "repo_id": 709390488,
            "security_and_analysis": [
              {
                "advanced_security": [],
                "secret_scanning": [
                  {
                    "status": "enabled"
                  }
                ],
                "secret_scanning_push_protection": [
                  {
                    "status": "disabled"
                  }
                ]
              }
            ],
            "squash_merge_commit_message": "COMMIT_MESSAGES",
            "squash_merge_commit_title": "COMMIT_OR_PR_TITLE",
            "ssh_clone_url": "git@github.com:kubewarden/raw-validation-policy.git",
            "svn_url": "https://github.com/kubewarden/raw-validation-policy",
            "template": [],
            "topics": [
              "hacktoberfest",
              "kubernetes",
              "kubernetes-security",
              "kubewarden-policy",
              "policy-as-code",
              "webassembly"
            ],
            "visibility": "public",
            "vulnerability_alerts": true,
            "web_commit_signoff_required": true
          },
          "sensitive_attributes": [],
          "private": "eyJzY2hlbWFfdmVyc2lvbiI6IjEifQ=="
        }
      ]
    },
    {
      "module": "module.policy_repository_raw_validation_policy",
      "mode": "managed",
      "type": "github_team_repository",
      "name": "gh_team_push_rights",
      "provider": "provider[\"registry.terraform.io/integrations/github\"].kubewarden",
      "instances": [
        {
          "index_key": 0,
          "schema_version": 0,
          "attributes": {
            "etag": "W/\"a9cfa758d9c917d37987bea6a97ee6804cf96e2d194a94bad212b4dfa7d9c88c\"",
            "id": "4972867:raw-validation-policy",
            "permission": "push",
            "repository": "raw-validation-policy",
            "team_id": "4972867"
          },
          "sensitive_attributes": [],
          "private": "bnVsbA==",
          "dependencies": [
            "data.github_team.kubewarden_developers",
            "module.policy_repository_raw_validation_policy.github_repository.main"
          ]
        }
      ]
    },
    {
      "module": "module.policy_repository_raw_validation_wasi_policy",
      "mode": "managed",
      "type": "github_repository",
      "name": "main",
      "provider": "provider[\"registry.terraform.io/integrations/github\"].kubewarden",
      "instances": [
        {
          "schema_version": 1,
          "attributes": {
            "allow_auto_merge": false,
            "allow_merge_commit": true,
            "allow_rebase_merge": true,
            "allow_squash_merge": true,
            "allow_update_branch": false,
            "archive_on_destroy": null,
            "archived": false,
            "auto_init": null,
            "default_branch": "main",
            "delete_branch_on_merge": false,
            "description": "Demo policy showing how to write a raw WASI validating policy",
            "etag": "W/\"c1d014d1015c83343605822473d3f5b6e2d7263facf0ee2724734f535f4450c5\"",
            "full_name": "kubewarden/raw-validation-wasi-policy",
            "git_clone_url": "git://github.com/kubewarden/raw-validation-wasi-policy.git",
            "gitignore_template": null,
            "has_discussions": false,
            "has_downloads": true,
            "has_issues": true,
            "has_projects": false,
            "has_wiki": true,
            "homepage_url": "https://kubewarden.io",
            "html_url": "https://github.com/kubewarden/raw-validation-wasi-policy",
            "http_clone_url": "https://github.com/kubewarden/raw-validation-wasi-policy.git",
            "id": "raw-validation-wasi-policy",
            "ignore_vulnerability_alerts_during_read": null,
            "is_template": false,
            "license_template": null,
            "merge_commit_message": "PR_TITLE",
            "merge_commit_title": "MERGE_MESSAGE",
            "name": "raw-validation-wasi-policy",
            "node_id": "R_kgDOKkhwzQ",
            "pages": [],
            "primary_language": "Go",
            "private": false,
            "repo_id": 709390541,
            "security_and_analysis": [
              {
                "advanced_security": [],
                "secret_scanning": [
                  {
                    "status": "enabled"
                  }
                ],
                "secret_scanning_push_protection": [
                  {
                    "status": "disabled"
                  }
                ]
              }
            ],
            "squash_merge_commit_message": "COMMIT_MESSAGES",
            "squash_merge_commit_title": "COMMIT_OR_PR_TITLE",
            "ssh_clone_url": "git@github.com:kubewarden/raw-validation-wasi-policy.git",
            "svn_url": "https://github.com/kubewarden/raw-validation-wasi-policy",
            "template": [],
            "topics": [
              "hacktoberfest",
              "kubernetes",
              "kubernetes-security",
              "kubewarden-policy",
              "policy-as-code",
              "webassembly"
            ],
            "visibility": "public",
            "vulnerability_alerts": true,
            "web_commit_signoff_required": true
          },
          "sensitive_attributes": [],
          "private": "eyJzY2hlbWFfdmVyc2lvbiI6IjEifQ=="
        }
      ]
    },
    {
      "module": "module.policy_repository_raw_validation_wasi_policy",
      "mode": "managed",
      "type": "github_team_repository",
      "name": "gh_team_push_rights",
      "provider": "provider[\"registry.terraform.io/integrations/github\"].kubewarden",
      "instances": [
        {
          "index_key": 0,
          "schema_version": 0,
          "attributes": {
            "etag": "W/\"c1c2eac02887b4d320ec0c9e4b36c08a2ed61ebebc9c2cf0f0518dd0eb82490f\"",
            "id": "4972867:raw-validation-wasi-policy",
            "permission": "push",
            "repository": "raw-validation-wasi-policy",
            "team_id": "4972867"
          },
          "sensitive_attributes": [],
          "private": "bnVsbA==",
          "dependencies": [
            "data.github_team.kubewarden_developers",
            "module.policy_repository_raw_validation_wasi_policy.github_repository.main"
          ]
        }
      ]
    },
    {
      "module": "module.policy_repository_readonly_root_filesystem_psp_policy",
      "mode": "managed",
      "type": "github_repository",
      "name": "main",
      "provider": "provider[\"registry.terraform.io/integrations/github\"].kubewarden",
      "instances": [
        {
          "schema_version": 1,
          "attributes": {
            "allow_auto_merge": false,
            "allow_merge_commit": true,
            "allow_rebase_merge": true,
            "allow_squash_merge": true,
            "allow_update_branch": false,
            "archive_on_destroy": null,
            "archived": false,
            "auto_init": null,
            "default_branch": "main",
            "delete_branch_on_merge": false,
            "description": "A Kubewarden policy that enforces root filesystem to be readonly",
            "etag": "W/\"f33c91ede02099698b39644efcdb94a76f12a222dbb6d7e59e4567a830b24216\"",
            "full_name": "kubewarden/readonly-root-filesystem-psp-policy",
            "git_clone_url": "git://github.com/kubewarden/readonly-root-filesystem-psp-policy.git",
            "gitignore_template": null,
            "has_discussions": false,
            "has_downloads": true,
            "has_issues": true,
            "has_projects": false,
            "has_wiki": true,
            "homepage_url": "https://kubewarden.io",
            "html_url": "https://github.com/kubewarden/readonly-root-filesystem-psp-policy",
            "http_clone_url": "https://github.com/kubewarden/readonly-root-filesystem-psp-policy.git",
            "id": "readonly-root-filesystem-psp-policy",
            "ignore_vulnerability_alerts_during_read": null,
            "is_template": false,
            "license_template": null,
            "merge_commit_message": "PR_TITLE",
            "merge_commit_title": "MERGE_MESSAGE",
            "name": "readonly-root-filesystem-psp-policy",
            "node_id": "R_kgDOGdS_cw",
            "pages": [],
            "primary_language": "Rust",
            "private": false,
            "repo_id": 433373043,
            "security_and_analysis": [
              {
                "advanced_security": [],
                "secret_scanning": [
                  {
                    "status": "enabled"
                  }
                ],
                "secret_scanning_push_protection": [
                  {
                    "status": "disabled"
                  }
                ]
              }
            ],
            "squash_merge_commit_message": "COMMIT_MESSAGES",
            "squash_merge_commit_title": "COMMIT_OR_PR_TITLE",
            "ssh_clone_url": "git@github.com:kubewarden/readonly-root-filesystem-psp-policy.git",
            "svn_url": "https://github.com/kubewarden/readonly-root-filesystem-psp-policy",
            "template": [],
            "topics": [
              "hacktoberfest",
              "kubernetes",
              "kubernetes-security",
              "kubewarden-policy",
              "pod-security-policy",
              "policy-as-code",
              "webassembly"
            ],
            "visibility": "public",
            "vulnerability_alerts": true,
            "web_commit_signoff_required": true
          },
          "sensitive_attributes": [],
          "private": "eyJzY2hlbWFfdmVyc2lvbiI6IjEifQ=="
        }
      ]
    },
    {
      "module": "module.policy_repository_readonly_root_filesystem_psp_policy",
      "mode": "managed",
      "type": "github_team_repository",
      "name": "gh_team_push_rights",
      "provider": "provider[\"registry.terraform.io/integrations/github\"].kubewarden",
      "instances": [
        {
          "index_key": 0,
          "schema_version": 0,
          "attributes": {
            "etag": "W/\"70dda00e130129e9895709b30e7ab632ccc21926f9078a62ac8aff595c70c483\"",
            "id": "4972867:readonly-root-filesystem-psp-policy",
            "permission": "push",
            "repository": "readonly-root-filesystem-psp-policy",
            "team_id": "4972867"
          },
          "sensitive_attributes": [],
          "private": "bnVsbA==",
          "dependencies": [
            "data.github_team.kubewarden_developers",
            "module.policy_repository_readonly_root_filesystem_psp_policy.github_repository.main"
          ]
        }
      ]
    },
    {
      "module": "module.policy_repository_safe_annotations_policy",
      "mode": "managed",
      "type": "github_repository",
      "name": "main",
      "provider": "provider[\"registry.terraform.io/integrations/github\"].kubewarden",
      "instances": [
        {
          "schema_version": 1,
          "attributes": {
            "allow_auto_merge": false,
            "allow_merge_commit": true,
            "allow_rebase_merge": true,
            "allow_squash_merge": true,
            "allow_update_branch": false,
            "archive_on_destroy": null,
            "archived": false,
            "auto_init": false,
            "default_branch": "main",
            "delete_branch_on_merge": false,
            "description": "Kubewarden policy that validates Kubernetes' resource annotations",
            "etag": "W/\"0fbf4f48a047d371b1662711f23341034b84b02661d381524dd25b952dbb5ac1\"",
            "full_name": "kubewarden/safe-annotations-policy",
            "git_clone_url": "git://github.com/kubewarden/safe-annotations-policy.git",
            "gitignore_template": null,
            "has_discussions": false,
            "has_downloads": true,
            "has_issues": true,
            "has_projects": false,
            "has_wiki": true,
            "homepage_url": "https://kubewarden.io",
            "html_url": "https://github.com/kubewarden/safe-annotations-policy",
            "http_clone_url": "https://github.com/kubewarden/safe-annotations-policy.git",
            "id": "safe-annotations-policy",
            "ignore_vulnerability_alerts_during_read": null,
            "is_template": false,
            "license_template": null,
            "merge_commit_message": "PR_TITLE",
            "merge_commit_title": "MERGE_MESSAGE",
            "name": "safe-annotations-policy",
            "node_id": "MDEwOlJlcG9zaXRvcnkzOTQxOTcwNzE=",
            "pages": [],
            "primary_language": "Go",
            "private": false,
            "repo_id": 394197071,
            "security_and_analysis": [
              {
                "advanced_security": [],
                "secret_scanning": [
                  {
                    "status": "enabled"
                  }
                ],
                "secret_scanning_push_protection": [
                  {
                    "status": "disabled"
                  }
                ]
              }
            ],
            "squash_merge_commit_message": "COMMIT_MESSAGES",
            "squash_merge_commit_title": "COMMIT_OR_PR_TITLE",
            "ssh_clone_url": "git@github.com:kubewarden/safe-annotations-policy.git",
            "svn_url": "https://github.com/kubewarden/safe-annotations-policy",
            "template": [
              {
                "include_all_branches": false,
                "owner": "kubewarden",
                "repository": "go-policy-template"
              }
            ],
            "topics": [
              "hacktoberfest",
              "kubernetes",
              "kubernetes-compliance",
              "kubernetes-security",
              "kubewarden-policy",
              "policy-as-code",
              "webassembly"
            ],
            "visibility": "public",
            "vulnerability_alerts": true,
            "web_commit_signoff_required": true
          },
          "sensitive_attributes": [],
          "private": "eyJzY2hlbWFfdmVyc2lvbiI6IjEifQ=="
        }
      ]
    },
    {
      "module": "module.policy_repository_safe_annotations_policy",
      "mode": "managed",
      "type": "github_team_repository",
      "name": "gh_team_push_rights",
      "provider": "provider[\"registry.terraform.io/integrations/github\"].kubewarden",
      "instances": [
        {
          "index_key": 0,
          "schema_version": 0,
          "attributes": {
            "etag": "W/\"546e6de7e5f07c8a73cdd7dac6c3925d8ff20c8d1cd152e5c3554bcfb44d9151\"",
            "id": "4972867:safe-annotations-policy",
            "permission": "push",
            "repository": "safe-annotations-policy",
            "team_id": "4972867"
          },
          "sensitive_attributes": [],
          "private": "bnVsbA==",
          "dependencies": [
            "data.github_team.kubewarden_developers",
            "module.policy_repository_safe_annotations_policy.github_repository.main"
          ]
        }
      ]
    },
    {
      "module": "module.policy_repository_safe_labels_policy",
      "mode": "managed",
      "type": "github_repository",
      "name": "main",
      "provider": "provider[\"registry.terraform.io/integrations/github\"].kubewarden",
      "instances": [
        {
          "schema_version": 1,
          "attributes": {
            "allow_auto_merge": false,
            "allow_merge_commit": true,
            "allow_rebase_merge": true,
            "allow_squash_merge": true,
            "allow_update_branch": false,
            "archive_on_destroy": null,
            "archived": false,
            "auto_init": false,
            "default_branch": "main",
            "delete_branch_on_merge": false,
            "description": "Kubewarden policy that validates Kubernetes' resource labels",
            "etag": "W/\"5a94eddf8d8c8a26ef95371477d473db4c77de45d68b37bcaf6c718e21b350c9\"",
            "full_name": "kubewarden/safe-labels-policy",
            "git_clone_url": "git://github.com/kubewarden/safe-labels-policy.git",
            "gitignore_template": null,
            "has_discussions": false,
            "has_downloads": true,
            "has_issues": true,
            "has_projects": false,
            "has_wiki": true,
            "homepage_url": "https://kubewarden.io",
            "html_url": "https://github.com/kubewarden/safe-labels-policy",
            "http_clone_url": "https://github.com/kubewarden/safe-labels-policy.git",
            "id": "safe-labels-policy",
            "ignore_vulnerability_alerts_during_read": null,
            "is_template": false,
            "license_template": null,
            "merge_commit_message": "PR_TITLE",
            "merge_commit_title": "MERGE_MESSAGE",
            "name": "safe-labels-policy",
            "node_id": "MDEwOlJlcG9zaXRvcnkzNTczMzk1Mzg=",
            "pages": [],
            "primary_language": "Go",
            "private": false,
            "repo_id": 357339538,
            "security_and_analysis": [
              {
                "advanced_security": [],
                "secret_scanning": [
                  {
                    "status": "enabled"
                  }
                ],
                "secret_scanning_push_protection": [
                  {
                    "status": "disabled"
                  }
                ]
              }
            ],
            "squash_merge_commit_message": "COMMIT_MESSAGES",
            "squash_merge_commit_title": "COMMIT_OR_PR_TITLE",
            "ssh_clone_url": "git@github.com:kubewarden/safe-labels-policy.git",
            "svn_url": "https://github.com/kubewarden/safe-labels-policy",
            "template": [
              {
                "include_all_branches": false,
                "owner": "kubewarden",
                "repository": "go-policy-template"
              }
            ],
            "topics": [
              "hacktoberfest",
              "kubernetes",
              "kubernetes-compliance",
              "kubernetes-security",
              "kubewarden-policy",
              "policy-as-code",
              "webassembly"
            ],
            "visibility": "public",
            "vulnerability_alerts": true,
            "web_commit_signoff_required": true
          },
          "sensitive_attributes": [],
          "private": "eyJzY2hlbWFfdmVyc2lvbiI6IjEifQ=="
        }
      ]
    },
    {
      "module": "module.policy_repository_safe_labels_policy",
      "mode": "managed",
      "type": "github_team_repository",
      "name": "gh_team_push_rights",
      "provider": "provider[\"registry.terraform.io/integrations/github\"].kubewarden",
      "instances": [
        {
          "index_key": 0,
          "schema_version": 0,
          "attributes": {
            "etag": "W/\"8a40014312fab4c4c5dae8dcf2cb5c07e8dc9d5157d9762195080a0bea821469\"",
            "id": "4972867:safe-labels-policy",
            "permission": "push",
            "repository": "safe-labels-policy",
            "team_id": "4972867"
          },
          "sensitive_attributes": [],
          "private": "bnVsbA==",
          "dependencies": [
            "data.github_team.kubewarden_developers",
            "module.policy_repository_safe_labels_policy.github_repository.main"
          ]
        }
      ]
    },
    {
      "module": "module.policy_repository_seccomp_psp_policy",
      "mode": "managed",
      "type": "github_repository",
      "name": "main",
      "provider": "provider[\"registry.terraform.io/integrations/github\"].kubewarden",
      "instances": [
        {
          "schema_version": 1,
          "attributes": {
            "allow_auto_merge": false,
            "allow_merge_commit": true,
            "allow_rebase_merge": true,
            "allow_squash_merge": true,
            "allow_update_branch": false,
            "archive_on_destroy": null,
            "archived": false,
            "auto_init": null,
            "default_branch": "main",
            "delete_branch_on_merge": false,
            "description": "A Kubewarden Pod Security Policy that controls usage of Seccomp profiles",
            "etag": "W/\"585bc92a3e3db4883ef05c8a54bb53ec55de5aa0c79a01ddd84063e2a30a58f6\"",
            "full_name": "kubewarden/seccomp-psp-policy",
            "git_clone_url": "git://github.com/kubewarden/seccomp-psp-policy.git",
            "gitignore_template": null,
            "has_discussions": false,
            "has_downloads": true,
            "has_issues": true,
            "has_projects": false,
            "has_wiki": true,
            "homepage_url": "https://kubewarden.io",
            "html_url": "https://github.com/kubewarden/seccomp-psp-policy",
            "http_clone_url": "https://github.com/kubewarden/seccomp-psp-policy.git",
            "id": "seccomp-psp-policy",
            "ignore_vulnerability_alerts_during_read": null,
            "is_template": false,
            "license_template": null,
            "merge_commit_message": "PR_TITLE",
            "merge_commit_title": "MERGE_MESSAGE",
            "name": "seccomp-psp-policy",
            "node_id": "R_kgDOGgF_OQ",
            "pages": [],
            "primary_language": "Rust",
            "private": false,
            "repo_id": 436305721,
            "security_and_analysis": [
              {
                "advanced_security": [],
                "secret_scanning": [
                  {
                    "status": "enabled"
                  }
                ],
                "secret_scanning_push_protection": [
                  {
                    "status": "disabled"
                  }
                ]
              }
            ],
            "squash_merge_commit_message": "COMMIT_MESSAGES",
            "squash_merge_commit_title": "COMMIT_OR_PR_TITLE",
            "ssh_clone_url": "git@github.com:kubewarden/seccomp-psp-policy.git",
            "svn_url": "https://github.com/kubewarden/seccomp-psp-policy",
            "template": [],
            "topics": [
              "hacktoberfest",
              "kubernetes",
              "kubernetes-security",
              "kubewarden-policy",
              "pod-security-policy",
              "policy-as-code",
              "webassembly"
            ],
            "visibility": "public",
            "vulnerability_alerts": true,
            "web_commit_signoff_required": true
          },
          "sensitive_attributes": [],
          "private": "eyJzY2hlbWFfdmVyc2lvbiI6IjEifQ=="
        }
      ]
    },
    {
      "module": "module.policy_repository_seccomp_psp_policy",
      "mode": "managed",
      "type": "github_team_repository",
      "name": "gh_team_push_rights",
      "provider": "provider[\"registry.terraform.io/integrations/github\"].kubewarden",
      "instances": [
        {
          "index_key": 0,
          "schema_version": 0,
          "attributes": {
            "etag": "W/\"e67aa7869f0f44d9090cc11a9e18b662073a1def0c5e022c39e7c010452f9e7f\"",
            "id": "4972867:seccomp-psp-policy",
            "permission": "push",
            "repository": "seccomp-psp-policy",
            "team_id": "4972867"
          },
          "sensitive_attributes": [],
          "private": "bnVsbA==",
          "dependencies": [
            "data.github_team.kubewarden_developers",
            "module.policy_repository_seccomp_psp_policy.github_repository.main"
          ]
        }
      ]
    },
    {
      "module": "module.policy_repository_selinux_psp_policy",
      "mode": "managed",
      "type": "github_repository",
      "name": "main",
      "provider": "provider[\"registry.terraform.io/integrations/github\"].kubewarden",
      "instances": [
        {
          "schema_version": 1,
          "attributes": {
            "allow_auto_merge": false,
            "allow_merge_commit": true,
            "allow_rebase_merge": true,
            "allow_squash_merge": true,
            "allow_update_branch": false,
            "archive_on_destroy": null,
            "archived": false,
            "auto_init": false,
            "default_branch": "main",
            "delete_branch_on_merge": false,
            "description": "Replacement for the Kubernetes Pod Security Policy that controls the usage of SELinux",
            "etag": "W/\"091b5e48807fca875a44116bbdae8e347993269c7cc2b6b3a3ee24ef20a7251a\"",
            "full_name": "kubewarden/selinux-psp-policy",
            "git_clone_url": "git://github.com/kubewarden/selinux-psp-policy.git",
            "gitignore_template": null,
            "has_discussions": false,
            "has_downloads": true,
            "has_issues": true,
            "has_projects": false,
            "has_wiki": true,
            "homepage_url": "https://kubewarden.io",
            "html_url": "https://github.com/kubewarden/selinux-psp-policy",
            "http_clone_url": "https://github.com/kubewarden/selinux-psp-policy.git",
            "id": "selinux-psp-policy",
            "ignore_vulnerability_alerts_during_read": null,
            "is_template": false,
            "license_template": null,
            "merge_commit_message": "PR_TITLE",
            "merge_commit_title": "MERGE_MESSAGE",
            "name": "selinux-psp-policy",
            "node_id": "R_kgDOGZga1w",
            "pages": [],
            "primary_language": "Rust",
            "private": false,
            "repo_id": 429398743,
            "security_and_analysis": [
              {
                "advanced_security": [],
                "secret_scanning": [
                  {
                    "status": "enabled"
                  }
                ],
                "secret_scanning_push_protection": [
                  {
                    "status": "disabled"
                  }
                ]
              }
            ],
            "squash_merge_commit_message": "COMMIT_MESSAGES",
            "squash_merge_commit_title": "COMMIT_OR_PR_TITLE",
            "ssh_clone_url": "git@github.com:kubewarden/selinux-psp-policy.git",
            "svn_url": "https://github.com/kubewarden/selinux-psp-policy",
            "template": [],
            "topics": [
              "hacktoberfest",
              "kubernetes",
              "kubernetes-security",
              "kubewarden-policy",
              "pod-security-policy",
              "policy-as-code",
              "webassembly"
            ],
            "visibility": "public",
            "vulnerability_alerts": true,
            "web_commit_signoff_required": true
          },
          "sensitive_attributes": [],
          "private": "eyJzY2hlbWFfdmVyc2lvbiI6IjEifQ=="
        }
      ]
    },
    {
      "module": "module.policy_repository_selinux_psp_policy",
      "mode": "managed",
      "type": "github_team_repository",
      "name": "gh_team_push_rights",
      "provider": "provider[\"registry.terraform.io/integrations/github\"].kubewarden",
      "instances": [
        {
          "index_key": 0,
          "schema_version": 0,
          "attributes": {
            "etag": "W/\"0d0789656cf9534a2b28ae57129c84f510bc7892c7057179a6efb40217913574\"",
            "id": "4972867:selinux-psp-policy",
            "permission": "push",
            "repository": "selinux-psp-policy",
            "team_id": "4972867"
          },
          "sensitive_attributes": [],
          "private": "bnVsbA==",
          "dependencies": [
            "data.github_team.kubewarden_developers",
            "module.policy_repository_selinux_psp_policy.github_repository.main"
          ]
        }
      ]
    },
    {
      "module": "module.policy_repository_share_pid_namespace_policy",
      "mode": "managed",
      "type": "github_repository",
      "name": "main",
      "provider": "provider[\"registry.terraform.io/integrations/github\"].kubewarden",
      "instances": [
        {
          "schema_version": 1,
          "attributes": {
            "allow_auto_merge": false,
            "allow_merge_commit": true,
            "allow_rebase_merge": true,
            "allow_squash_merge": true,
            "allow_update_branch": false,
            "archive_on_destroy": null,
            "archived": false,
            "auto_init": false,
            "default_branch": "main",
            "delete_branch_on_merge": false,
            "description": "Policy validates pods sharing processes PID namespace",
            "etag": "W/\"98ac762e11e99d7419bef994c43210b3369b7362aab2c287c1c07b13fdb95dd6\"",
            "full_name": "kubewarden/share-pid-namespace-policy",
            "git_clone_url": "git://github.com/kubewarden/share-pid-namespace-policy.git",
            "gitignore_template": null,
            "has_discussions": false,
            "has_downloads": true,
            "has_issues": true,
            "has_projects": false,
            "has_wiki": true,
            "homepage_url": "https://kubewarden.io",
            "html_url": "https://github.com/kubewarden/share-pid-namespace-policy",
            "http_clone_url": "https://github.com/kubewarden/share-pid-namespace-policy.git",
            "id": "share-pid-namespace-policy",
            "ignore_vulnerability_alerts_during_read": null,
            "is_template": false,
            "license_template": null,
            "merge_commit_message": "PR_TITLE",
            "merge_commit_title": "MERGE_MESSAGE",
            "name": "share-pid-namespace-policy",
            "node_id": "R_kgDOLIG0Xg",
            "pages": [],
            "primary_language": "Rust",
            "private": false,
            "repo_id": 746697822,
            "security_and_analysis": [
              {
                "advanced_security": [],
                "secret_scanning": [
                  {
                    "status": "enabled"
                  }
                ],
                "secret_scanning_push_protection": [
                  {
                    "status": "disabled"
                  }
                ]
              }
            ],
            "squash_merge_commit_message": "COMMIT_MESSAGES",
            "squash_merge_commit_title": "COMMIT_OR_PR_TITLE",
            "ssh_clone_url": "git@github.com:kubewarden/share-pid-namespace-policy.git",
            "svn_url": "https://github.com/kubewarden/share-pid-namespace-policy",
            "template": [],
            "topics": [
              "hacktoberfest",
              "kubernetes",
              "kubernetes-security",
              "kubewarden-policy",
              "policy-as-code",
              "webassembly"
            ],
            "visibility": "public",
            "vulnerability_alerts": true,
            "web_commit_signoff_required": true
          },
          "sensitive_attributes": [],
          "private": "eyJzY2hlbWFfdmVyc2lvbiI6IjEifQ=="
        }
      ]
    },
    {
      "module": "module.policy_repository_share_pid_namespace_policy",
      "mode": "managed",
      "type": "github_team_repository",
      "name": "gh_team_push_rights",
      "provider": "provider[\"registry.terraform.io/integrations/github\"].kubewarden",
      "instances": [
        {
          "index_key": 0,
          "schema_version": 0,
          "attributes": {
            "etag": "W/\"05eb93e0df2d499388dd0f64451c4fb315d48b2ff3d464ecd970829086150e01\"",
            "id": "4972867:share-pid-namespace-policy",
            "permission": "push",
            "repository": "share-pid-namespace-policy",
            "team_id": "4972867"
          },
          "sensitive_attributes": [],
          "private": "bnVsbA==",
          "dependencies": [
            "data.github_team.kubewarden_developers",
            "module.policy_repository_share_pid_namespace_policy.github_repository.main"
          ]
        }
      ]
    },
    {
      "module": "module.policy_repository_sleeping_policy",
      "mode": "managed",
      "type": "github_repository",
      "name": "main",
      "provider": "provider[\"registry.terraform.io/integrations/github\"].kubewarden",
      "instances": [
        {
          "schema_version": 1,
          "attributes": {
            "allow_auto_merge": false,
            "allow_merge_commit": true,
            "allow_rebase_merge": true,
            "allow_squash_merge": true,
            "allow_update_branch": false,
            "archive_on_destroy": null,
            "archived": false,
            "auto_init": null,
            "default_branch": "main",
            "delete_branch_on_merge": false,
            "description": "A test policy that simulates long running policy evaluations",
            "etag": "W/\"d5c61ec516fad4c0043ddec82cf4486560cfd87fb638bf41b9df52f970d8034a\"",
            "full_name": "kubewarden/sleeping-policy",
            "git_clone_url": "git://github.com/kubewarden/sleeping-policy.git",
            "gitignore_template": null,
            "has_discussions": false,
            "has_downloads": true,
            "has_issues": true,
            "has_projects": false,
            "has_wiki": true,
            "homepage_url": "https://kubewarden.io",
            "html_url": "https://github.com/kubewarden/sleeping-policy",
            "http_clone_url": "https://github.com/kubewarden/sleeping-policy.git",
            "id": "sleeping-policy",
            "ignore_vulnerability_alerts_during_read": null,
            "is_template": false,
            "license_template": null,
            "merge_commit_message": "PR_TITLE",
            "merge_commit_title": "MERGE_MESSAGE",
            "name": "sleeping-policy",
            "node_id": "R_kgDOIqOLBA",
            "pages": [],
            "primary_language": "Rust",
            "private": false,
            "repo_id": 581143300,
            "security_and_analysis": [
              {
                "advanced_security": [],
                "secret_scanning": [
                  {
                    "status": "enabled"
                  }
                ],
                "secret_scanning_push_protection": [
                  {
                    "status": "disabled"
                  }
                ]
              }
            ],
            "squash_merge_commit_message": "COMMIT_MESSAGES",
            "squash_merge_commit_title": "COMMIT_OR_PR_TITLE",
            "ssh_clone_url": "git@github.com:kubewarden/sleeping-policy.git",
            "svn_url": "https://github.com/kubewarden/sleeping-policy",
            "template": [],
            "topics": [
              "hacktoberfest",
              "kubernetes",
              "kubernetes-security",
              "kubewarden-policy",
              "policy-as-code",
              "webassembly"
            ],
            "visibility": "public",
            "vulnerability_alerts": true,
            "web_commit_signoff_required": true
          },
          "sensitive_attributes": [],
          "private": "eyJzY2hlbWFfdmVyc2lvbiI6IjEifQ=="
        }
      ]
    },
    {
      "module": "module.policy_repository_sleeping_policy",
      "mode": "managed",
      "type": "github_team_repository",
      "name": "gh_team_push_rights",
      "provider": "provider[\"registry.terraform.io/integrations/github\"].kubewarden",
      "instances": [
        {
          "index_key": 0,
          "schema_version": 0,
          "attributes": {
            "etag": "W/\"9ba81a191066de5039d9c04c6ea4566048e4177ce8b7c80a45f95f5222432ae9\"",
            "id": "4972867:sleeping-policy",
            "permission": "push",
            "repository": "sleeping-policy",
            "team_id": "4972867"
          },
          "sensitive_attributes": [],
          "private": "bnVsbA==",
          "dependencies": [
            "data.github_team.kubewarden_developers",
            "module.policy_repository_sleeping_policy.github_repository.main"
          ]
        }
      ]
    },
    {
      "module": "module.policy_repository_sysctl_psp_policy",
      "mode": "managed",
      "type": "github_repository",
      "name": "main",
      "provider": "provider[\"registry.terraform.io/integrations/github\"].kubewarden",
      "instances": [
        {
          "schema_version": 1,
          "attributes": {
            "allow_auto_merge": false,
            "allow_merge_commit": true,
            "allow_rebase_merge": true,
            "allow_squash_merge": true,
            "allow_update_branch": false,
            "archive_on_destroy": null,
            "archived": false,
            "auto_init": false,
            "default_branch": "main",
            "delete_branch_on_merge": false,
            "description": "A Kubewarden policy that controls usage of sysctls",
            "etag": "W/\"b8eabfbd1c9c1cbf667a17dba046508ea64cacbc6094ceeceb249dce9f99ebe7\"",
            "full_name": "kubewarden/sysctl-psp-policy",
            "git_clone_url": "git://github.com/kubewarden/sysctl-psp-policy.git",
            "gitignore_template": null,
            "has_discussions": false,
            "has_downloads": true,
            "has_issues": true,
            "has_projects": false,
            "has_wiki": true,
            "homepage_url": "https://kubewarden.io",
            "html_url": "https://github.com/kubewarden/sysctl-psp-policy",
            "http_clone_url": "https://github.com/kubewarden/sysctl-psp-policy.git",
            "id": "sysctl-psp-policy",
            "ignore_vulnerability_alerts_during_read": null,
            "is_template": false,
            "license_template": null,
            "merge_commit_message": "PR_TITLE",
            "merge_commit_title": "MERGE_MESSAGE",
            "name": "sysctl-psp-policy",
            "node_id": "MDEwOlJlcG9zaXRvcnkzOTEwNzM5ODM=",
            "pages": [],
            "primary_language": "Go",
            "private": false,
            "repo_id": 391073983,
            "security_and_analysis": [
              {
                "advanced_security": [],
                "secret_scanning": [
                  {
                    "status": "enabled"
                  }
                ],
                "secret_scanning_push_protection": [
                  {
                    "status": "disabled"
                  }
                ]
              }
            ],
            "squash_merge_commit_message": "COMMIT_MESSAGES",
            "squash_merge_commit_title": "COMMIT_OR_PR_TITLE",
            "ssh_clone_url": "git@github.com:kubewarden/sysctl-psp-policy.git",
            "svn_url": "https://github.com/kubewarden/sysctl-psp-policy",
            "template": [
              {
                "include_all_branches": false,
                "owner": "kubewarden",
                "repository": "go-policy-template"
              }
            ],
            "topics": [
              "hacktoberfest",
              "kubernetes",
              "kubernetes-security",
              "kubewarden-policy",
              "pod-security-policy",
              "policy-as-code",
              "webassembly"
            ],
            "visibility": "public",
            "vulnerability_alerts": true,
            "web_commit_signoff_required": true
          },
          "sensitive_attributes": [],
          "private": "eyJzY2hlbWFfdmVyc2lvbiI6IjEifQ=="
        }
      ]
    },
    {
      "module": "module.policy_repository_sysctl_psp_policy",
      "mode": "managed",
      "type": "github_team_repository",
      "name": "gh_team_push_rights",
      "provider": "provider[\"registry.terraform.io/integrations/github\"].kubewarden",
      "instances": [
        {
          "index_key": 0,
          "schema_version": 0,
          "attributes": {
            "etag": "W/\"3a8638b4e9701029c06727bc0fc0cb01cfc995908299d5c74b54a470ffdc9fce\"",
            "id": "4972867:sysctl-psp-policy",
            "permission": "push",
            "repository": "sysctl-psp-policy",
            "team_id": "4972867"
          },
          "sensitive_attributes": [],
          "private": "bnVsbA==",
          "dependencies": [
            "data.github_team.kubewarden_developers",
            "module.policy_repository_sysctl_psp_policy.github_repository.main"
          ]
        }
      ]
    },
    {
      "module": "module.policy_repository_trusted_repos_policy",
      "mode": "managed",
      "type": "github_repository",
      "name": "main",
      "provider": "provider[\"registry.terraform.io/integrations/github\"].kubewarden",
      "instances": [
        {
          "schema_version": 1,
          "attributes": {
            "allow_auto_merge": false,
            "allow_merge_commit": true,
            "allow_rebase_merge": true,
            "allow_squash_merge": true,
            "allow_update_branch": false,
            "archive_on_destroy": null,
            "archived": false,
            "auto_init": false,
            "default_branch": "main",
            "delete_branch_on_merge": false,
            "description": "A Kubewarden policy that restricts what registries, tags and images can pods on your cluster refer to",
            "etag": "W/\"b1ca61673e64efbe3f8f0fbad34dc3bc14a7dfb227816b5af455d670a3ef3cf4\"",
            "full_name": "kubewarden/trusted-repos-policy",
            "git_clone_url": "git://github.com/kubewarden/trusted-repos-policy.git",
            "gitignore_template": null,
            "has_discussions": false,
            "has_downloads": true,
            "has_issues": true,
            "has_projects": false,
            "has_wiki": true,
            "homepage_url": "https://kubewarden.io",
            "html_url": "https://github.com/kubewarden/trusted-repos-policy",
            "http_clone_url": "https://github.com/kubewarden/trusted-repos-policy.git",
            "id": "trusted-repos-policy",
            "ignore_vulnerability_alerts_during_read": null,
            "is_template": false,
            "license_template": null,
            "merge_commit_message": "PR_TITLE",
            "merge_commit_title": "MERGE_MESSAGE",
            "name": "trusted-repos-policy",
            "node_id": "MDEwOlJlcG9zaXRvcnkzNDY3NDIyOTk=",
            "pages": [],
            "primary_language": "Rust",
            "private": false,
            "repo_id": 346742299,
            "security_and_analysis": [
              {
                "advanced_security": [],
                "secret_scanning": [
                  {
                    "status": "enabled"
                  }
                ],
                "secret_scanning_push_protection": [
                  {
                    "status": "disabled"
                  }
                ]
              }
            ],
            "squash_merge_commit_message": "COMMIT_MESSAGES",
            "squash_merge_commit_title": "COMMIT_OR_PR_TITLE",
            "ssh_clone_url": "git@github.com:kubewarden/trusted-repos-policy.git",
            "svn_url": "https://github.com/kubewarden/trusted-repos-policy",
            "template": [],
            "topics": [
              "hacktoberfest",
              "kubernetes",
              "kubernetes-compliance",
              "kubernetes-security",
              "kubewarden-policy",
              "policy-as-code",
              "webassembly"
            ],
            "visibility": "public",
            "vulnerability_alerts": true,
            "web_commit_signoff_required": true
          },
          "sensitive_attributes": [],
          "private": "eyJzY2hlbWFfdmVyc2lvbiI6IjEifQ=="
        }
      ]
    },
    {
      "module": "module.policy_repository_trusted_repos_policy",
      "mode": "managed",
      "type": "github_team_repository",
      "name": "gh_team_push_rights",
      "provider": "provider[\"registry.terraform.io/integrations/github\"].kubewarden",
      "instances": [
        {
          "index_key": 0,
          "schema_version": 0,
          "attributes": {
            "etag": "W/\"e0ff064368ef58ceffa80e987a903263678780b02259596cd0ae6400d9905641\"",
            "id": "4972867:trusted-repos-policy",
            "permission": "push",
            "repository": "trusted-repos-policy",
            "team_id": "4972867"
          },
          "sensitive_attributes": [],
          "private": "bnVsbA==",
          "dependencies": [
            "data.github_team.kubewarden_developers",
            "module.policy_repository_trusted_repos_policy.github_repository.main"
          ]
        }
      ]
    },
    {
      "module": "module.policy_repository_unique_ingress_policy",
      "mode": "managed",
      "type": "github_repository",
      "name": "main",
      "provider": "provider[\"registry.terraform.io/integrations/github\"].kubewarden",
      "instances": [
        {
          "schema_version": 1,
          "attributes": {
            "allow_auto_merge": false,
            "allow_merge_commit": true,
            "allow_rebase_merge": true,
            "allow_squash_merge": true,
            "allow_update_branch": false,
            "archive_on_destroy": null,
            "archived": false,
            "auto_init": null,
            "default_branch": "main",
            "delete_branch_on_merge": false,
            "description": "Prevent the creation of Ingress resources with duplicated hosts",
            "etag": "W/\"317663c9f623f6d40e396e33f1c9837475787c3725a7a5316c5f32cbe6dd39c5\"",
            "full_name": "kubewarden/unique-ingress-policy",
            "git_clone_url": "git://github.com/kubewarden/unique-ingress-policy.git",
            "gitignore_template": null,
            "has_discussions": false,
            "has_downloads": true,
            "has_issues": true,
            "has_projects": false,
            "has_wiki": true,
            "homepage_url": "https://kubewarden.io",
            "html_url": "https://github.com/kubewarden/unique-ingress-policy",
            "http_clone_url": "https://github.com/kubewarden/unique-ingress-policy.git",
            "id": "unique-ingress-policy",
            "ignore_vulnerability_alerts_during_read": null,
            "is_template": false,
            "license_template": null,
            "merge_commit_message": "PR_TITLE",
            "merge_commit_title": "MERGE_MESSAGE",
            "name": "unique-ingress-policy",
            "node_id": "R_kgDOKoRBCw",
            "pages": [],
            "primary_language": "Open Policy Agent",
            "private": false,
            "repo_id": 713310475,
            "security_and_analysis": [
              {
                "advanced_security": [],
                "secret_scanning": [
                  {
                    "status": "enabled"
                  }
                ],
                "secret_scanning_push_protection": [
                  {
                    "status": "disabled"
                  }
                ]
              }
            ],
            "squash_merge_commit_message": "COMMIT_MESSAGES",
            "squash_merge_commit_title": "COMMIT_OR_PR_TITLE",
            "ssh_clone_url": "git@github.com:kubewarden/unique-ingress-policy.git",
            "svn_url": "https://github.com/kubewarden/unique-ingress-policy",
            "template": [],
            "topics": [
              "hacktoberfest",
              "kubernetes",
              "kubernetes-security",
              "kubewarden-policy",
              "policy-as-code",
              "webassembly"
            ],
            "visibility": "public",
            "vulnerability_alerts": true,
            "web_commit_signoff_required": true
          },
          "sensitive_attributes": [],
          "private": "eyJzY2hlbWFfdmVyc2lvbiI6IjEifQ=="
        }
      ]
    },
    {
      "module": "module.policy_repository_unique_ingress_policy",
      "mode": "managed",
      "type": "github_team_repository",
      "name": "gh_team_push_rights",
      "provider": "provider[\"registry.terraform.io/integrations/github\"].kubewarden",
      "instances": [
        {
          "index_key": 0,
          "schema_version": 0,
          "attributes": {
            "etag": "W/\"f26e1ba309a3ca0f3e8d79545daf41c2174f883ed7407b702f72504f835d75e7\"",
            "id": "4972867:unique-ingress-policy",
            "permission": "push",
            "repository": "unique-ingress-policy",
            "team_id": "4972867"
          },
          "sensitive_attributes": [],
          "private": "bnVsbA==",
          "dependencies": [
            "data.github_team.kubewarden_developers",
            "module.policy_repository_unique_ingress_policy.github_repository.main"
          ]
        }
      ]
    },
    {
      "module": "module.policy_repository_unique_service_selector",
      "mode": "managed",
      "type": "github_repository",
      "name": "main",
      "provider": "provider[\"registry.terraform.io/integrations/github\"].kubewarden",
      "instances": [
        {
          "schema_version": 1,
          "attributes": {
            "allow_auto_merge": false,
            "allow_merge_commit": true,
            "allow_rebase_merge": true,
            "allow_squash_merge": true,
            "allow_update_branch": false,
            "archive_on_destroy": null,
            "archived": false,
            "auto_init": false,
            "default_branch": "main",
            "delete_branch_on_merge": false,
            "description": "Policy validates that there are no services with the same set of selectors",
            "etag": "W/\"2727c8913c5e16b9783a40ce056cc5bcae0aad9839add18297eb10715d495440\"",
            "full_name": "kubewarden/unique-service-selector-policy",
            "git_clone_url": "git://github.com/kubewarden/unique-service-selector-policy.git",
            "gitignore_template": null,
            "has_discussions": false,
            "has_downloads": true,
            "has_issues": true,
            "has_projects": false,
            "has_wiki": true,
            "homepage_url": "https://kubewarden.io",
            "html_url": "https://github.com/kubewarden/unique-service-selector-policy",
            "http_clone_url": "https://github.com/kubewarden/unique-service-selector-policy.git",
            "id": "unique-service-selector-policy",
            "ignore_vulnerability_alerts_during_read": null,
            "is_template": false,
            "license_template": null,
            "merge_commit_message": "PR_TITLE",
            "merge_commit_title": "MERGE_MESSAGE",
            "name": "unique-service-selector-policy",
            "node_id": "R_kgDOLJMA4g",
            "pages": [],
            "primary_language": "Rust",
            "private": false,
            "repo_id": 747831522,
            "security_and_analysis": [
              {
                "advanced_security": [],
                "secret_scanning": [
                  {
                    "status": "enabled"
                  }
                ],
                "secret_scanning_push_protection": [
                  {
                    "status": "disabled"
                  }
                ]
              }
            ],
            "squash_merge_commit_message": "COMMIT_MESSAGES",
            "squash_merge_commit_title": "COMMIT_OR_PR_TITLE",
            "ssh_clone_url": "git@github.com:kubewarden/unique-service-selector-policy.git",
            "svn_url": "https://github.com/kubewarden/unique-service-selector-policy",
            "template": [],
            "topics": [
              "hacktoberfest",
              "kubernetes",
              "kubernetes-security",
              "kubewarden-policy",
              "policy-as-code",
              "webassembly"
            ],
            "visibility": "public",
            "vulnerability_alerts": true,
            "web_commit_signoff_required": true
          },
          "sensitive_attributes": [],
          "private": "eyJzY2hlbWFfdmVyc2lvbiI6IjEifQ=="
        }
      ]
    },
    {
      "module": "module.policy_repository_unique_service_selector",
      "mode": "managed",
      "type": "github_team_repository",
      "name": "gh_team_push_rights",
      "provider": "provider[\"registry.terraform.io/integrations/github\"].kubewarden",
      "instances": [
        {
          "index_key": 0,
          "schema_version": 0,
          "attributes": {
            "etag": "W/\"0e11d64a304a536c28471d6b297b53a646e025610da0ad2fb5dd8f993588d2c9\"",
            "id": "4972867:unique-service-selector-policy",
            "permission": "push",
            "repository": "unique-service-selector-policy",
            "team_id": "4972867"
          },
          "sensitive_attributes": [],
          "private": "bnVsbA==",
          "dependencies": [
            "data.github_team.kubewarden_developers",
            "module.policy_repository_unique_service_selector.github_repository.main"
          ]
        }
      ]
    },
    {
      "module": "module.policy_repository_user_group_psp_policy",
      "mode": "managed",
      "type": "github_repository",
      "name": "main",
      "provider": "provider[\"registry.terraform.io/integrations/github\"].kubewarden",
      "instances": [
        {
          "schema_version": 1,
          "attributes": {
            "allow_auto_merge": false,
            "allow_merge_commit": true,
            "allow_rebase_merge": true,
            "allow_squash_merge": true,
            "allow_update_branch": false,
            "archive_on_destroy": null,
            "archived": false,
            "auto_init": false,
            "default_branch": "main",
            "delete_branch_on_merge": false,
            "description": "This Kubewarden Policy is a replacement for the Kubernetes Pod Security Policy that controls containers user and groups",
            "etag": "W/\"554d6a42666814283dbdb769924279ca5184e04918a369ce403377266265c871\"",
            "full_name": "kubewarden/user-group-psp-policy",
            "git_clone_url": "git://github.com/kubewarden/user-group-psp-policy.git",
            "gitignore_template": null,
            "has_discussions": false,
            "has_downloads": true,
            "has_issues": true,
            "has_projects": false,
            "has_wiki": true,
            "homepage_url": "https://kubewarden.io",
            "html_url": "https://github.com/kubewarden/user-group-psp-policy",
            "http_clone_url": "https://github.com/kubewarden/user-group-psp-policy.git",
            "id": "user-group-psp-policy",
            "ignore_vulnerability_alerts_during_read": null,
            "is_template": false,
            "license_template": null,
            "merge_commit_message": "PR_TITLE",
            "merge_commit_title": "MERGE_MESSAGE",
            "name": "user-group-psp-policy",
            "node_id": "MDEwOlJlcG9zaXRvcnk0MDcyMDkwNjQ=",
            "pages": [],
            "primary_language": "Rust",
            "private": false,
            "repo_id": 407209064,
            "security_and_analysis": [
              {
                "advanced_security": [],
                "secret_scanning": [
                  {
                    "status": "enabled"
                  }
                ],
                "secret_scanning_push_protection": [
                  {
                    "status": "disabled"
                  }
                ]
              }
            ],
            "squash_merge_commit_message": "COMMIT_MESSAGES",
            "squash_merge_commit_title": "COMMIT_OR_PR_TITLE",
            "ssh_clone_url": "git@github.com:kubewarden/user-group-psp-policy.git",
            "svn_url": "https://github.com/kubewarden/user-group-psp-policy",
            "template": [],
            "topics": [
              "hacktoberfest",
              "kubernetes",
              "kubernetes-security",
              "kubewarden-policy",
              "pod-security-policy",
              "policy-as-code",
              "webassembly"
            ],
            "visibility": "public",
            "vulnerability_alerts": true,
            "web_commit_signoff_required": true
          },
          "sensitive_attributes": [],
          "private": "eyJzY2hlbWFfdmVyc2lvbiI6IjEifQ=="
        }
      ]
    },
    {
      "module": "module.policy_repository_user_group_psp_policy",
      "mode": "managed",
      "type": "github_team_repository",
      "name": "gh_team_push_rights",
      "provider": "provider[\"registry.terraform.io/integrations/github\"].kubewarden",
      "instances": [
        {
          "index_key": 0,
          "schema_version": 0,
          "attributes": {
            "etag": "W/\"85967a1f388d5261d339d0fdcd543069e8f976df0a0fef80b86c176c11c20079\"",
            "id": "4972867:user-group-psp-policy",
            "permission": "push",
            "repository": "user-group-psp-policy",
            "team_id": "4972867"
          },
          "sensitive_attributes": [],
          "private": "bnVsbA==",
          "dependencies": [
            "data.github_team.kubewarden_developers",
            "module.policy_repository_user_group_psp_policy.github_repository.main"
          ]
        }
      ]
    },
    {
      "module": "module.policy_repository_verify_image_signatures_policy",
      "mode": "managed",
      "type": "github_repository",
      "name": "main",
      "provider": "provider[\"registry.terraform.io/integrations/github\"].kubewarden",
      "instances": [
        {
          "schema_version": 1,
          "attributes": {
            "allow_auto_merge": false,
            "allow_merge_commit": true,
            "allow_rebase_merge": true,
            "allow_squash_merge": true,
            "allow_update_branch": false,
            "archive_on_destroy": null,
            "archived": false,
            "auto_init": null,
            "default_branch": "main",
            "delete_branch_on_merge": false,
            "description": "A Kubewarden Policy that verifies all the signatures of the container images referenced by a Pod",
            "etag": "W/\"5911489a43b3801394c8bd0bdada7be2b4358cb8a7312e8a81fcd434c58d3603\"",
            "full_name": "kubewarden/verify-image-signatures",
            "git_clone_url": "git://github.com/kubewarden/verify-image-signatures.git",
            "gitignore_template": null,
            "has_discussions": false,
            "has_downloads": true,
            "has_issues": true,
            "has_projects": false,
            "has_wiki": true,
            "homepage_url": "https://kubewarden.io",
            "html_url": "https://github.com/kubewarden/verify-image-signatures",
            "http_clone_url": "https://github.com/kubewarden/verify-image-signatures.git",
            "id": "verify-image-signatures",
            "ignore_vulnerability_alerts_during_read": null,
            "is_template": false,
            "license_template": null,
            "merge_commit_message": "PR_TITLE",
            "merge_commit_title": "MERGE_MESSAGE",
            "name": "verify-image-signatures",
            "node_id": "R_kgDOHIZStg",
            "pages": [],
            "primary_language": "Rust",
            "private": false,
            "repo_id": 478565046,
            "security_and_analysis": [
              {
                "advanced_security": [],
                "secret_scanning": [
                  {
                    "status": "enabled"
                  }
                ],
                "secret_scanning_push_protection": [
                  {
                    "status": "disabled"
                  }
                ]
              }
            ],
            "squash_merge_commit_message": "COMMIT_MESSAGES",
            "squash_merge_commit_title": "COMMIT_OR_PR_TITLE",
            "ssh_clone_url": "git@github.com:kubewarden/verify-image-signatures.git",
            "svn_url": "https://github.com/kubewarden/verify-image-signatures",
            "template": [],
            "topics": [
              "hacktoberfest",
              "kubernetes",
              "kubernetes-security",
              "kubewarden-policy",
              "pod-security-policy",
              "policy-as-code",
              "webassembly"
            ],
            "visibility": "public",
            "vulnerability_alerts": true,
            "web_commit_signoff_required": true
          },
          "sensitive_attributes": [],
          "private": "eyJzY2hlbWFfdmVyc2lvbiI6IjEifQ=="
        }
      ]
    },
    {
      "module": "module.policy_repository_verify_image_signatures_policy",
      "mode": "managed",
      "type": "github_team_repository",
      "name": "gh_team_push_rights",
      "provider": "provider[\"registry.terraform.io/integrations/github\"].kubewarden",
      "instances": [
        {
          "index_key": 0,
          "schema_version": 0,
          "attributes": {
            "etag": "W/\"3b8aa64cfd35cf0c067af52e8fb60bc4804415d4c56cdb7485b8ac9c55407d68\"",
            "id": "4972867:verify-image-signatures",
            "permission": "push",
            "repository": "verify-image-signatures",
            "team_id": "4972867"
          },
          "sensitive_attributes": [],
          "private": "bnVsbA==",
          "dependencies": [
            "data.github_team.kubewarden_developers",
            "module.policy_repository_verify_image_signatures_policy.github_repository.main"
          ]
        }
      ]
    },
    {
      "module": "module.policy_repository_volumeMounts_policy",
      "mode": "managed",
      "type": "github_repository",
      "name": "main",
      "provider": "provider[\"registry.terraform.io/integrations/github\"].kubewarden",
      "instances": [
        {
          "schema_version": 1,
          "attributes": {
            "allow_auto_merge": false,
            "allow_merge_commit": true,
            "allow_rebase_merge": true,
            "allow_squash_merge": true,
            "allow_update_branch": false,
            "archive_on_destroy": null,
            "archived": false,
            "auto_init": null,
            "default_branch": "main",
            "delete_branch_on_merge": false,
            "description": "A Kubewarden Policy that controls the usage of `volumeMounts`",
            "etag": "W/\"3d223bb616168c0f34a26652a5992a010e9b96d4102a9fc9253480c4d850297e\"",
            "full_name": "kubewarden/volumeMounts-policy",
            "git_clone_url": "git://github.com/kubewarden/volumeMounts-policy.git",
            "gitignore_template": null,
            "has_discussions": false,
            "has_downloads": true,
            "has_issues": true,
            "has_projects": false,
            "has_wiki": true,
            "homepage_url": "https://kubewarden.io",
            "html_url": "https://github.com/kubewarden/volumeMounts-policy",
            "http_clone_url": "https://github.com/kubewarden/volumeMounts-policy.git",
            "id": "volumeMounts-policy",
            "ignore_vulnerability_alerts_during_read": null,
            "is_template": false,
            "license_template": null,
            "merge_commit_message": "PR_TITLE",
            "merge_commit_title": "MERGE_MESSAGE",
            "name": "volumeMounts-policy",
            "node_id": "R_kgDOIKAmbA",
            "pages": [],
            "primary_language": "Rust",
            "private": false,
            "repo_id": 547366508,
            "security_and_analysis": [
              {
                "advanced_security": [],
                "secret_scanning": [
                  {
                    "status": "enabled"
                  }
                ],
                "secret_scanning_push_protection": [
                  {
                    "status": "disabled"
                  }
                ]
              }
            ],
            "squash_merge_commit_message": "COMMIT_MESSAGES",
            "squash_merge_commit_title": "COMMIT_OR_PR_TITLE",
            "ssh_clone_url": "git@github.com:kubewarden/volumeMounts-policy.git",
            "svn_url": "https://github.com/kubewarden/volumeMounts-policy",
            "template": [],
            "topics": [
              "hacktoberfest",
              "kubernetes",
              "kubernetes-security",
              "kubewarden-policy",
              "policy-as-code",
              "webassembly"
            ],
            "visibility": "public",
            "vulnerability_alerts": true,
            "web_commit_signoff_required": true
          },
          "sensitive_attributes": [],
          "private": "eyJzY2hlbWFfdmVyc2lvbiI6IjEifQ=="
        }
      ]
    },
    {
      "module": "module.policy_repository_volumeMounts_policy",
      "mode": "managed",
      "type": "github_team_repository",
      "name": "gh_team_push_rights",
      "provider": "provider[\"registry.terraform.io/integrations/github\"].kubewarden",
      "instances": [
        {
          "index_key": 0,
          "schema_version": 0,
          "attributes": {
            "etag": "W/\"df71c01ed0af31d64281007ba01418c5cd7bc067444c201c9e10e1dd08c16948\"",
            "id": "4972867:volumeMounts-policy",
            "permission": "push",
            "repository": "volumeMounts-policy",
            "team_id": "4972867"
          },
          "sensitive_attributes": [],
          "private": "bnVsbA==",
          "dependencies": [
            "data.github_team.kubewarden_developers",
            "module.policy_repository_volumeMounts_policy.github_repository.main"
          ]
        }
      ]
    },
    {
      "module": "module.policy_repository_volumes_psp_policy",
      "mode": "managed",
      "type": "github_repository",
      "name": "main",
      "provider": "provider[\"registry.terraform.io/integrations/github\"].kubewarden",
      "instances": [
        {
          "schema_version": 1,
          "attributes": {
            "allow_auto_merge": false,
            "allow_merge_commit": true,
            "allow_rebase_merge": true,
            "allow_squash_merge": true,
            "allow_update_branch": false,
            "archive_on_destroy": null,
            "archived": false,
            "auto_init": false,
            "default_branch": "main",
            "delete_branch_on_merge": false,
            "description": "Replacement for the Kubernetes Pod Security Policy that controls the usage of volumes",
            "etag": "W/\"7950bbf66ede808b91fa1be6e23a6090f67ccadc406a97a3611477a75fb710b4\"",
            "full_name": "kubewarden/volumes-psp-policy",
            "git_clone_url": "git://github.com/kubewarden/volumes-psp-policy.git",
            "gitignore_template": null,
            "has_discussions": false,
            "has_downloads": true,
            "has_issues": true,
            "has_projects": false,
            "has_wiki": true,
            "homepage_url": "https://kubewarden.io",
            "html_url": "https://github.com/kubewarden/volumes-psp-policy",
            "http_clone_url": "https://github.com/kubewarden/volumes-psp-policy.git",
            "id": "volumes-psp-policy",
            "ignore_vulnerability_alerts_during_read": null,
            "is_template": false,
            "license_template": null,
            "merge_commit_message": "PR_TITLE",
            "merge_commit_title": "MERGE_MESSAGE",
            "name": "volumes-psp-policy",
            "node_id": "MDEwOlJlcG9zaXRvcnkzOTQ5NDQwODQ=",
            "pages": [],
            "primary_language": "Go",
            "private": false,
            "repo_id": 394944084,
            "security_and_analysis": [
              {
                "advanced_security": [],
                "secret_scanning": [
                  {
                    "status": "enabled"
                  }
                ],
                "secret_scanning_push_protection": [
                  {
                    "status": "disabled"
                  }
                ]
              }
            ],
            "squash_merge_commit_message": "COMMIT_MESSAGES",
            "squash_merge_commit_title": "COMMIT_OR_PR_TITLE",
            "ssh_clone_url": "git@github.com:kubewarden/volumes-psp-policy.git",
            "svn_url": "https://github.com/kubewarden/volumes-psp-policy",
            "template": [
              {
                "include_all_branches": false,
                "owner": "kubewarden",
                "repository": "go-policy-template"
              }
            ],
            "topics": [
              "hacktoberfest",
              "kubernetes",
              "kubernetes-security",
              "kubewarden-policy",
              "pod-security-policy",
              "policy-as-code",
              "webassembly"
            ],
            "visibility": "public",
            "vulnerability_alerts": true,
            "web_commit_signoff_required": true
          },
          "sensitive_attributes": [],
          "private": "eyJzY2hlbWFfdmVyc2lvbiI6IjEifQ=="
        }
      ]
    },
    {
      "module": "module.policy_repository_volumes_psp_policy",
      "mode": "managed",
      "type": "github_team_repository",
      "name": "gh_team_push_rights",
      "provider": "provider[\"registry.terraform.io/integrations/github\"].kubewarden",
      "instances": [
        {
          "index_key": 0,
          "schema_version": 0,
          "attributes": {
            "etag": "W/\"d018c4a5e995e33ab9688fc24c0f302d2141ffe7496c6847f1179de7d9ee66f8\"",
            "id": "4972867:volumes-psp-policy",
            "permission": "push",
            "repository": "volumes-psp-policy",
            "team_id": "4972867"
          },
          "sensitive_attributes": [],
          "private": "bnVsbA==",
          "dependencies": [
            "data.github_team.kubewarden_developers",
            "module.policy_repository_volumes_psp_policy.github_repository.main"
          ]
        }
      ]
    },
    {
      "module": "module.policy_sdk_repository_dotnet",
      "mode": "managed",
      "type": "github_app_installation_repository",
      "name": "app_dco",
      "provider": "provider[\"registry.terraform.io/integrations/github\"].kubewarden",
      "instances": [
        {
          "schema_version": 0,
          "attributes": {
            "id": "29141080:policy-sdk-dotnet",
            "installation_id": "29141080",
            "repo_id": 510336802,
            "repository": "policy-sdk-dotnet"
          },
          "sensitive_attributes": [],
          "private": "bnVsbA==",
          "dependencies": [
            "module.policy_sdk_repository_dotnet.github_repository.main"
          ]
        }
      ]
    },
    {
      "module": "module.policy_sdk_repository_dotnet",
      "mode": "managed",
      "type": "github_issue_label",
      "name": "label",
      "provider": "provider[\"registry.terraform.io/integrations/github\"].kubewarden",
      "instances": [
        {
          "index_key": 0,
          "schema_version": 0,
          "attributes": {
            "color": "D3D7CF",
            "description": "",
            "etag": "W/\"87112da8b870dd396180743e3beb7ad835ff2cf7170baeba5d0e67d5c52e843b\"",
            "id": "policy-sdk-dotnet:area/dependencies",
            "name": "area/dependencies",
            "repository": "policy-sdk-dotnet",
            "url": "https://api.github.com/repos/kubewarden/policy-sdk-dotnet/labels/area/dependencies"
          },
          "sensitive_attributes": [],
          "private": "bnVsbA==",
          "dependencies": [
            "module.policy_sdk_repository_dotnet.github_repository.main"
          ]
        },
        {
          "index_key": 1,
          "schema_version": 0,
          "attributes": {
            "color": "7057ff",
            "description": "",
            "etag": "W/\"44f9e08ef5bc68af4ad59bc16373d9a2366ebc4e6c2fe010c6c0b4da11bec471\"",
            "id": "policy-sdk-dotnet:kind/automation",
            "name": "good first issue",
            "repository": "policy-sdk-dotnet",
            "url": "https://api.github.com/repos/kubewarden/policy-sdk-dotnet/labels/kind/automation"
          },
          "sensitive_attributes": [],
          "private": "bnVsbA==",
          "dependencies": [
            "module.policy_sdk_repository_dotnet.github_repository.main"
          ]
        },
        {
          "index_key": 2,
          "schema_version": 0,
          "attributes": {
            "color": "3465A4",
            "description": "",
            "etag": "W/\"9610464914766c9017d31367854a7a6dfd5d59c2ddbf6f72b683c27ae3e7d254\"",
            "id": "policy-sdk-dotnet:kind/breaking-change",
            "name": "kind/automation",
            "repository": "policy-sdk-dotnet",
            "url": "https://api.github.com/repos/kubewarden/policy-sdk-dotnet/labels/kind/breaking-change"
          },
          "sensitive_attributes": [],
          "private": "bnVsbA==",
          "dependencies": [
            "module.policy_sdk_repository_dotnet.github_repository.main"
          ]
        },
        {
          "index_key": 3,
          "schema_version": 0,
          "attributes": {
            "color": "FCE94F",
            "description": "",
            "etag": "W/\"c47714e826810167fe8ce481d02efeeece065d950a74e3ae420d5260b1ba4aba\"",
            "id": "policy-sdk-dotnet:kind/bug",
            "name": "kind/breaking-change",
            "repository": "policy-sdk-dotnet",
            "url": "https://api.github.com/repos/kubewarden/policy-sdk-dotnet/labels/kind/bug"
          },
          "sensitive_attributes": [],
          "private": "bnVsbA==",
          "dependencies": [
            "module.policy_sdk_repository_dotnet.github_repository.main"
          ]
        },
        {
          "index_key": 4,
          "schema_version": 0,
          "attributes": {
            "color": "EF2929",
            "description": "",
            "etag": "W/\"4a8dfa48a10de1923ced02b9b3c2171bc734b64530568cbd753db18e30bea680\"",
            "id": "policy-sdk-dotnet:kind/chore",
            "name": "kind/bug",
            "repository": "policy-sdk-dotnet",
            "url": "https://api.github.com/repos/kubewarden/policy-sdk-dotnet/labels/kind/chore"
          },
          "sensitive_attributes": [],
          "private": "bnVsbA==",
          "dependencies": [
            "module.policy_sdk_repository_dotnet.github_repository.main"
          ]
        },
        {
          "index_key": 5,
          "schema_version": 0,
          "attributes": {
            "color": "555753",
            "description": "",
            "etag": "W/\"3c642b6b431ca2f69b0dd6d56bd7c69fad0a589ffa55a2a62279d9721a54f308\"",
            "id": "policy-sdk-dotnet:kind/enhancement",
            "name": "kind/chore",
            "repository": "policy-sdk-dotnet",
            "url": "https://api.github.com/repos/kubewarden/policy-sdk-dotnet/labels/kind/enhancement"
          },
          "sensitive_attributes": [],
          "private": "bnVsbA==",
          "dependencies": [
            "module.policy_sdk_repository_dotnet.github_repository.main"
          ]
        },
        {
          "index_key": 6,
          "schema_version": 0,
          "attributes": {
            "color": "06989A",
            "description": "",
            "etag": "W/\"d3c9c92698ed4c5e989f5f5f6db29aa51a4e9df8628467c4516495e956102a11\"",
            "id": "policy-sdk-dotnet:kind/feature",
            "name": "kind/enhancement",
            "repository": "policy-sdk-dotnet",
            "url": "https://api.github.com/repos/kubewarden/policy-sdk-dotnet/labels/kind/feature"
          },
          "sensitive_attributes": [],
          "private": "bnVsbA==",
          "dependencies": [
            "module.policy_sdk_repository_dotnet.github_repository.main"
          ]
        },
        {
          "index_key": 7,
          "schema_version": 0,
          "attributes": {
            "color": "34E2E2",
            "description": "",
            "etag": "W/\"f46d14a1be742b7c67466d9e272b515ddf6c5c711baaadf626f0a5537d081033\"",
            "id": "policy-sdk-dotnet:kind/question",
            "name": "kind/feature",
            "repository": "policy-sdk-dotnet",
            "url": "https://api.github.com/repos/kubewarden/policy-sdk-dotnet/labels/kind/question"
          },
          "sensitive_attributes": [],
          "private": "bnVsbA==",
          "dependencies": [
            "module.policy_sdk_repository_dotnet.github_repository.main"
          ]
        },
        {
          "index_key": 8,
          "schema_version": 0,
          "attributes": {
            "color": "ad7fa8",
            "description": "",
            "etag": "W/\"635d01f44d6d73546c9ef63e57b9b95b3dff1d89edf1706828c33111e907d116\"",
            "id": "policy-sdk-dotnet:kind/tech-debt",
            "name": "kind/question",
            "repository": "policy-sdk-dotnet",
            "url": "https://api.github.com/repos/kubewarden/policy-sdk-dotnet/labels/kind/tech-debt"
          },
          "sensitive_attributes": [],
          "private": "bnVsbA==",
          "dependencies": [
            "module.policy_sdk_repository_dotnet.github_repository.main"
          ]
        },
        {
          "index_key": 9,
          "schema_version": 0,
          "attributes": {
            "color": "729FCF",
            "description": "",
            "etag": "W/\"771e2be79bc952d1289f4615561c6a0a7e7ad5ec1ff10f1e89d242d8cec46be6\"",
            "id": "policy-sdk-dotnet:kind/to-be-refined",
            "name": "kind/tech-debt",
            "repository": "policy-sdk-dotnet",
            "url": "https://api.github.com/repos/kubewarden/policy-sdk-dotnet/labels/kind/to-be-refined"
          },
          "sensitive_attributes": [],
          "private": "bnVsbA==",
          "dependencies": [
            "module.policy_sdk_repository_dotnet.github_repository.main"
          ]
        },
        {
          "index_key": 10,
          "schema_version": 0,
          "attributes": {
            "color": "B14FCF",
            "description": "",
            "etag": "W/\"2c06e2509a26ba63b87336d8f247fb8761dad59c7251d9af1131aeee2b51139f\"",
            "id": "policy-sdk-dotnet:release/minor",
            "name": "kind/to-be-refined",
            "repository": "policy-sdk-dotnet",
            "url": "https://api.github.com/repos/kubewarden/policy-sdk-dotnet/labels/release/minor"
          },
          "sensitive_attributes": [],
          "private": "bnVsbA==",
          "dependencies": [
            "module.policy_sdk_repository_dotnet.github_repository.main"
          ]
        },
        {
          "index_key": 11,
          "schema_version": 0,
          "attributes": {
            "color": "8AE234",
            "description": "",
            "etag": "W/\"02e547261dd21c9913c55f3327a63c20cda681690b73e5c1b86a59e50f24dc6c\"",
            "id": "policy-sdk-dotnet:release/major",
            "name": "release/major",
            "repository": "policy-sdk-dotnet",
            "url": "https://api.github.com/repos/kubewarden/policy-sdk-dotnet/labels/release/major"
          },
          "sensitive_attributes": [],
          "private": "bnVsbA==",
          "dependencies": [
            "module.policy_sdk_repository_dotnet.github_repository.main"
          ]
        },
        {
          "index_key": 12,
          "schema_version": 0,
          "attributes": {
            "color": "4E9A06",
            "description": "",
            "etag": "W/\"17d91652c0869a13b616a1c6257db018b581a524f0476d881fb0744f97c10ce4\"",
            "id": "policy-sdk-dotnet:release/skip-changelog",
            "name": "release/minor",
            "repository": "policy-sdk-dotnet",
            "url": "https://api.github.com/repos/kubewarden/policy-sdk-dotnet/labels/release/skip-changelog"
          },
          "sensitive_attributes": [],
          "private": "bnVsbA==",
          "dependencies": [
            "module.policy_sdk_repository_dotnet.github_repository.main"
          ]
        },
        {
          "index_key": 13,
          "schema_version": 0,
          "attributes": {
            "color": "aa6600",
            "description": "",
            "etag": "W/\"24296a84188dfb04d45e7947fa382e57136e98cd0287aee19f03782af64208d1\"",
            "id": "policy-sdk-dotnet:release/patch",
            "name": "release/patch",
            "repository": "policy-sdk-dotnet",
            "url": "https://api.github.com/repos/kubewarden/policy-sdk-dotnet/labels/release/patch"
          },
          "sensitive_attributes": [],
          "private": "bnVsbA==",
          "dependencies": [
            "module.policy_sdk_repository_dotnet.github_repository.main"
          ]
        },
        {
          "index_key": 14,
          "schema_version": 0,
          "attributes": {
            "color": "77cc00",
            "description": "",
            "etag": "W/\"38eeaf13a94d0e5a2c368eb21d1b3e3654f1b03a330b0cbd523b4503622c8238\"",
            "id": "policy-sdk-dotnet:release/skip-changelog",
            "name": "release/skip-changelog",
            "repository": "policy-sdk-dotnet",
            "url": "https://api.github.com/repos/kubewarden/policy-sdk-dotnet/labels/release/skip-changelog"
          },
          "sensitive_attributes": [],
          "private": "bnVsbA==",
          "dependencies": [
            "module.policy_sdk_repository_dotnet.github_repository.main"
          ]
        }
      ]
    },
    {
      "module": "module.policy_sdk_repository_dotnet",
      "mode": "managed",
      "type": "github_repository",
      "name": "main",
      "provider": "provider[\"registry.terraform.io/integrations/github\"].kubewarden",
      "instances": [
        {
          "schema_version": 1,
          "attributes": {
            "allow_auto_merge": false,
            "allow_merge_commit": true,
            "allow_rebase_merge": true,
            "allow_squash_merge": true,
            "allow_update_branch": false,
            "archive_on_destroy": null,
            "archived": false,
            "auto_init": null,
            "default_branch": "main",
            "delete_branch_on_merge": false,
            "description": "Kubewarden Policy SDK for the .NET platform",
            "etag": "W/\"07de771818e3f9a4a8a382a79cfce6781bc6eb8829e6781ed1b61f00b7424e25\"",
            "full_name": "kubewarden/policy-sdk-dotnet",
            "git_clone_url": "git://github.com/kubewarden/policy-sdk-dotnet.git",
            "gitignore_template": null,
            "has_discussions": false,
            "has_downloads": true,
            "has_issues": true,
            "has_projects": false,
            "has_wiki": true,
            "homepage_url": "https://kubewarden.io",
            "html_url": "https://github.com/kubewarden/policy-sdk-dotnet",
            "http_clone_url": "https://github.com/kubewarden/policy-sdk-dotnet.git",
            "id": "policy-sdk-dotnet",
            "ignore_vulnerability_alerts_during_read": null,
            "is_template": false,
            "license_template": null,
            "merge_commit_message": "PR_TITLE",
            "merge_commit_title": "MERGE_MESSAGE",
            "name": "policy-sdk-dotnet",
            "node_id": "R_kgDOHmsfIg",
            "pages": [],
            "primary_language": "C#",
            "private": false,
            "repo_id": 510336802,
            "security_and_analysis": [
              {
                "advanced_security": [],
                "secret_scanning": [
                  {
                    "status": "enabled"
                  }
                ],
                "secret_scanning_push_protection": [
                  {
                    "status": "disabled"
                  }
                ]
              }
            ],
            "squash_merge_commit_message": "COMMIT_MESSAGES",
            "squash_merge_commit_title": "COMMIT_OR_PR_TITLE",
            "ssh_clone_url": "git@github.com:kubewarden/policy-sdk-dotnet.git",
            "svn_url": "https://github.com/kubewarden/policy-sdk-dotnet",
            "template": [],
            "topics": [
              "csharp",
              "dotnet",
              "hacktoberfest",
              "kubernetes",
              "kubernetes-security",
              "kubewarden-policy-sdk",
              "policy-as-code",
              "webassembly"
            ],
            "visibility": "public",
            "vulnerability_alerts": true,
            "web_commit_signoff_required": true
          },
          "sensitive_attributes": [],
          "private": "eyJzY2hlbWFfdmVyc2lvbiI6IjEifQ=="
        }
      ]
    },
    {
      "module": "module.policy_sdk_repository_dotnet",
      "mode": "managed",
      "type": "github_team_repository",
      "name": "gh_team_push_rights",
      "provider": "provider[\"registry.terraform.io/integrations/github\"].kubewarden",
      "instances": [
        {
          "index_key": 0,
          "schema_version": 0,
          "attributes": {
            "etag": "W/\"317e7f622a7a5e132af6384de81739cae03da073b85f1147d8d3111aa9144cf1\"",
            "id": "4972867:policy-sdk-dotnet",
            "permission": "push",
            "repository": "policy-sdk-dotnet",
            "team_id": "4972867"
          },
          "sensitive_attributes": [],
          "private": "bnVsbA==",
          "dependencies": [
            "data.github_team.kubewarden_developers",
            "module.policy_sdk_repository_dotnet.github_repository.main"
          ]
        }
      ]
    },
    {
      "module": "module.policy_sdk_repository_go",
      "mode": "managed",
      "type": "github_app_installation_repository",
      "name": "app_dco",
      "provider": "provider[\"registry.terraform.io/integrations/github\"].kubewarden",
      "instances": [
        {
          "schema_version": 0,
          "attributes": {
            "id": "29141080:policy-sdk-go",
            "installation_id": "29141080",
            "repo_id": 349421874,
            "repository": "policy-sdk-go"
          },
          "sensitive_attributes": [],
          "private": "bnVsbA==",
          "dependencies": [
            "module.policy_sdk_repository_go.github_repository.main"
          ]
        }
      ]
    },
    {
      "module": "module.policy_sdk_repository_go",
      "mode": "managed",
      "type": "github_issue_label",
      "name": "label",
      "provider": "provider[\"registry.terraform.io/integrations/github\"].kubewarden",
      "instances": [
        {
          "index_key": 0,
          "schema_version": 0,
          "attributes": {
            "color": "D3D7CF",
            "description": "",
            "etag": "W/\"61c32d2632a97ee86ecaa11256fc777a666f2852bcea91d33f15256b73b66508\"",
            "id": "policy-sdk-go:area/dependencies",
            "name": "area/dependencies",
            "repository": "policy-sdk-go",
            "url": "https://api.github.com/repos/kubewarden/policy-sdk-go/labels/area/dependencies"
          },
          "sensitive_attributes": [],
          "private": "bnVsbA==",
          "dependencies": [
            "module.policy_sdk_repository_go.github_repository.main"
          ]
        },
        {
          "index_key": 1,
          "schema_version": 0,
          "attributes": {
            "color": "7057ff",
            "description": "",
            "etag": "W/\"1a1263f7f55adc0988e35481d13d5c5092f239f43ad6150dcd0ea2b52fae26cb\"",
            "id": "policy-sdk-go:kind/automation",
            "name": "good first issue",
            "repository": "policy-sdk-go",
            "url": "https://api.github.com/repos/kubewarden/policy-sdk-go/labels/kind/automation"
          },
          "sensitive_attributes": [],
          "private": "bnVsbA==",
          "dependencies": [
            "module.policy_sdk_repository_go.github_repository.main"
          ]
        },
        {
          "index_key": 2,
          "schema_version": 0,
          "attributes": {
            "color": "3465A4",
            "description": "",
            "etag": "W/\"2dbd508a3a2af96b5def1b99445ca2975270ba141a0bf1ba0abe685a0359dc51\"",
            "id": "policy-sdk-go:kind/breaking-change",
            "name": "kind/automation",
            "repository": "policy-sdk-go",
            "url": "https://api.github.com/repos/kubewarden/policy-sdk-go/labels/kind/breaking-change"
          },
          "sensitive_attributes": [],
          "private": "bnVsbA==",
          "dependencies": [
            "module.policy_sdk_repository_go.github_repository.main"
          ]
        },
        {
          "index_key": 3,
          "schema_version": 0,
          "attributes": {
            "color": "FCE94F",
            "description": "",
            "etag": "W/\"50c7d7482b26a91835c5c246e33d280a50814a615afdadc4bf48d4ea6e704d60\"",
            "id": "policy-sdk-go:kind/bug",
            "name": "kind/breaking-change",
            "repository": "policy-sdk-go",
            "url": "https://api.github.com/repos/kubewarden/policy-sdk-go/labels/kind/bug"
          },
          "sensitive_attributes": [],
          "private": "bnVsbA==",
          "dependencies": [
            "module.policy_sdk_repository_go.github_repository.main"
          ]
        },
        {
          "index_key": 4,
          "schema_version": 0,
          "attributes": {
            "color": "EF2929",
            "description": "",
            "etag": "W/\"dc642385054f2c598f318fd7d3324ee92e4f3986d9de35221535614b423914ca\"",
            "id": "policy-sdk-go:kind/chore",
            "name": "kind/bug",
            "repository": "policy-sdk-go",
            "url": "https://api.github.com/repos/kubewarden/policy-sdk-go/labels/kind/chore"
          },
          "sensitive_attributes": [],
          "private": "bnVsbA==",
          "dependencies": [
            "module.policy_sdk_repository_go.github_repository.main"
          ]
        },
        {
          "index_key": 5,
          "schema_version": 0,
          "attributes": {
            "color": "555753",
            "description": "",
            "etag": "W/\"56700e64bf0a5b6b22f6ec656e0e19a2dbd45ba24b85e266350f7aa0dd0f7e76\"",
            "id": "policy-sdk-go:kind/enhancement",
            "name": "kind/chore",
            "repository": "policy-sdk-go",
            "url": "https://api.github.com/repos/kubewarden/policy-sdk-go/labels/kind/enhancement"
          },
          "sensitive_attributes": [],
          "private": "bnVsbA==",
          "dependencies": [
            "module.policy_sdk_repository_go.github_repository.main"
          ]
        },
        {
          "index_key": 6,
          "schema_version": 0,
          "attributes": {
            "color": "06989A",
            "description": "",
            "etag": "W/\"286d154953872485424769d59660d86127cf2037613f647173d9469c28d784d7\"",
            "id": "policy-sdk-go:kind/feature",
            "name": "kind/enhancement",
            "repository": "policy-sdk-go",
            "url": "https://api.github.com/repos/kubewarden/policy-sdk-go/labels/kind/feature"
          },
          "sensitive_attributes": [],
          "private": "bnVsbA==",
          "dependencies": [
            "module.policy_sdk_repository_go.github_repository.main"
          ]
        },
        {
          "index_key": 7,
          "schema_version": 0,
          "attributes": {
            "color": "34E2E2",
            "description": "",
            "etag": "W/\"59fecad3075e7bd8d1db87b1b44d5dfa0657d49b4b75ed62e96d70e713d02a58\"",
            "id": "policy-sdk-go:kind/question",
            "name": "kind/feature",
            "repository": "policy-sdk-go",
            "url": "https://api.github.com/repos/kubewarden/policy-sdk-go/labels/kind/question"
          },
          "sensitive_attributes": [],
          "private": "bnVsbA==",
          "dependencies": [
            "module.policy_sdk_repository_go.github_repository.main"
          ]
        },
        {
          "index_key": 8,
          "schema_version": 0,
          "attributes": {
            "color": "ad7fa8",
            "description": "",
            "etag": "W/\"0a150bfb3191806b0c2c868d48a222d67de377fe10c7ac249ec89ca74ecbbe3f\"",
            "id": "policy-sdk-go:kind/tech-debt",
            "name": "kind/question",
            "repository": "policy-sdk-go",
            "url": "https://api.github.com/repos/kubewarden/policy-sdk-go/labels/kind/tech-debt"
          },
          "sensitive_attributes": [],
          "private": "bnVsbA==",
          "dependencies": [
            "module.policy_sdk_repository_go.github_repository.main"
          ]
        },
        {
          "index_key": 9,
          "schema_version": 0,
          "attributes": {
            "color": "729FCF",
            "description": "",
            "etag": "W/\"e61e8e26dc4fa0515e669ed153658bd0a7d786a063733a88be876ac1d006d716\"",
            "id": "policy-sdk-go:kind/to-be-refined",
            "name": "kind/tech-debt",
            "repository": "policy-sdk-go",
            "url": "https://api.github.com/repos/kubewarden/policy-sdk-go/labels/kind/to-be-refined"
          },
          "sensitive_attributes": [],
          "private": "bnVsbA==",
          "dependencies": [
            "module.policy_sdk_repository_go.github_repository.main"
          ]
        },
        {
          "index_key": 10,
          "schema_version": 0,
          "attributes": {
            "color": "B14FCF",
            "description": "",
            "etag": "W/\"be070b6a630f2dead26185a4dc3f482133dada31aaf88f60f759daeaf9eed803\"",
            "id": "policy-sdk-go:release/minor",
            "name": "kind/to-be-refined",
            "repository": "policy-sdk-go",
            "url": "https://api.github.com/repos/kubewarden/policy-sdk-go/labels/release/minor"
          },
          "sensitive_attributes": [],
          "private": "bnVsbA==",
          "dependencies": [
            "module.policy_sdk_repository_go.github_repository.main"
          ]
        },
        {
          "index_key": 11,
          "schema_version": 0,
          "attributes": {
            "color": "8AE234",
            "description": "",
            "etag": "W/\"8c994c3f9c9365a6918145175990023a31ba2a7e9cd38d01cd90aa40ce50587f\"",
            "id": "policy-sdk-go:release/major",
            "name": "release/major",
            "repository": "policy-sdk-go",
            "url": "https://api.github.com/repos/kubewarden/policy-sdk-go/labels/release/major"
          },
          "sensitive_attributes": [],
          "private": "bnVsbA==",
          "dependencies": [
            "module.policy_sdk_repository_go.github_repository.main"
          ]
        },
        {
          "index_key": 12,
          "schema_version": 0,
          "attributes": {
            "color": "4E9A06",
            "description": "",
            "etag": "W/\"9ed69e84b30260673a8a445d5a62e1426bccd3cbfabfa9838058387f0d15f8fb\"",
            "id": "policy-sdk-go:release/skip-changelog",
            "name": "release/minor",
            "repository": "policy-sdk-go",
            "url": "https://api.github.com/repos/kubewarden/policy-sdk-go/labels/release/skip-changelog"
          },
          "sensitive_attributes": [],
          "private": "bnVsbA==",
          "dependencies": [
            "module.policy_sdk_repository_go.github_repository.main"
          ]
        },
        {
          "index_key": 13,
          "schema_version": 0,
          "attributes": {
            "color": "aa6600",
            "description": "",
            "etag": "W/\"9ed69e84b30260673a8a445d5a62e1426bccd3cbfabfa9838058387f0d15f8fb\"",
            "id": "policy-sdk-go:release/skip-changelog",
            "name": "release/patch",
            "repository": "policy-sdk-go",
            "url": "https://api.github.com/repos/kubewarden/policy-sdk-go/labels/release/skip-changelog"
          },
          "sensitive_attributes": [],
          "private": "bnVsbA==",
          "dependencies": [
            "module.policy_sdk_repository_go.github_repository.main"
          ]
        },
        {
          "index_key": 14,
          "schema_version": 0,
          "attributes": {
            "color": "77cc00",
            "description": "",
            "etag": "W/\"9ed69e84b30260673a8a445d5a62e1426bccd3cbfabfa9838058387f0d15f8fb\"",
            "id": "policy-sdk-go:release/skip-changelog",
            "name": "release/skip-changelog",
            "repository": "policy-sdk-go",
            "url": "https://api.github.com/repos/kubewarden/policy-sdk-go/labels/release/skip-changelog"
          },
          "sensitive_attributes": [],
          "private": "bnVsbA==",
          "dependencies": [
            "module.policy_sdk_repository_go.github_repository.main"
          ]
        }
      ]
    },
    {
      "module": "module.policy_sdk_repository_go",
      "mode": "managed",
      "type": "github_repository",
      "name": "main",
      "provider": "provider[\"registry.terraform.io/integrations/github\"].kubewarden",
      "instances": [
        {
          "schema_version": 1,
          "attributes": {
            "allow_auto_merge": false,
            "allow_merge_commit": true,
            "allow_rebase_merge": true,
            "allow_squash_merge": true,
            "allow_update_branch": false,
            "archive_on_destroy": null,
            "archived": false,
            "auto_init": false,
            "default_branch": "main",
            "delete_branch_on_merge": false,
            "description": "Kubewarden Policy SDK for the Go programming language",
            "etag": "W/\"9ce19b098c6aa9277a12098d20998d1c05ab4673d93f5b55ee8a41f82a89b351\"",
            "full_name": "kubewarden/policy-sdk-go",
            "git_clone_url": "git://github.com/kubewarden/policy-sdk-go.git",
            "gitignore_template": null,
            "has_discussions": false,
            "has_downloads": true,
            "has_issues": true,
            "has_projects": false,
            "has_wiki": true,
            "homepage_url": "https://kubewarden.io",
            "html_url": "https://github.com/kubewarden/policy-sdk-go",
            "http_clone_url": "https://github.com/kubewarden/policy-sdk-go.git",
            "id": "policy-sdk-go",
            "ignore_vulnerability_alerts_during_read": null,
            "is_template": false,
            "license_template": null,
            "merge_commit_message": "PR_TITLE",
            "merge_commit_title": "MERGE_MESSAGE",
            "name": "policy-sdk-go",
            "node_id": "MDEwOlJlcG9zaXRvcnkzNDk0MjE4NzQ=",
            "pages": [],
            "primary_language": "Go",
            "private": false,
            "repo_id": 349421874,
            "security_and_analysis": [
              {
                "advanced_security": [],
                "secret_scanning": [
                  {
                    "status": "enabled"
                  }
                ],
                "secret_scanning_push_protection": [
                  {
                    "status": "disabled"
                  }
                ]
              }
            ],
            "squash_merge_commit_message": "COMMIT_MESSAGES",
            "squash_merge_commit_title": "COMMIT_OR_PR_TITLE",
            "ssh_clone_url": "git@github.com:kubewarden/policy-sdk-go.git",
            "svn_url": "https://github.com/kubewarden/policy-sdk-go",
            "template": [],
            "topics": [
              "go",
              "hacktoberfest",
              "kubernetes",
              "kubernetes-security",
              "kubewarden-policy-sdk",
              "policy-as-code",
              "tinygo",
              "webassembly"
            ],
            "visibility": "public",
            "vulnerability_alerts": true,
            "web_commit_signoff_required": true
          },
          "sensitive_attributes": [],
          "private": "eyJzY2hlbWFfdmVyc2lvbiI6IjEifQ=="
        }
      ]
    },
    {
      "module": "module.policy_sdk_repository_go",
      "mode": "managed",
      "type": "github_team_repository",
      "name": "gh_team_push_rights",
      "provider": "provider[\"registry.terraform.io/integrations/github\"].kubewarden",
      "instances": [
        {
          "index_key": 0,
          "schema_version": 0,
          "attributes": {
            "etag": "W/\"465d42dbf6a6bfbb18aff0e48e49539f26ce41b69bcc8a90f68b0b1a48a3872b\"",
            "id": "4972867:policy-sdk-go",
            "permission": "push",
            "repository": "policy-sdk-go",
            "team_id": "4972867"
          },
          "sensitive_attributes": [],
          "private": "bnVsbA==",
          "dependencies": [
            "data.github_team.kubewarden_developers",
            "module.policy_sdk_repository_go.github_repository.main"
          ]
        }
      ]
    },
    {
      "module": "module.policy_sdk_repository_rust",
      "mode": "managed",
      "type": "github_app_installation_repository",
      "name": "app_dco",
      "provider": "provider[\"registry.terraform.io/integrations/github\"].kubewarden",
      "instances": [
        {
          "schema_version": 0,
          "attributes": {
            "id": "29141080:policy-sdk-rust",
            "installation_id": "29141080",
            "repo_id": 346721596,
            "repository": "policy-sdk-rust"
          },
          "sensitive_attributes": [],
          "private": "bnVsbA==",
          "dependencies": [
            "module.policy_sdk_repository_rust.github_repository.main"
          ]
        }
      ]
    },
    {
      "module": "module.policy_sdk_repository_rust",
      "mode": "managed",
      "type": "github_issue_label",
      "name": "label",
      "provider": "provider[\"registry.terraform.io/integrations/github\"].kubewarden",
      "instances": [
        {
          "index_key": 0,
          "schema_version": 0,
          "attributes": {
            "color": "D3D7CF",
            "description": "",
            "etag": "W/\"43a43e2929675aa95ff342a8c40929ccf87cdf165a292ac41e5e32911106f9d9\"",
            "id": "policy-sdk-rust:area/dependencies",
            "name": "area/dependencies",
            "repository": "policy-sdk-rust",
            "url": "https://api.github.com/repos/kubewarden/policy-sdk-rust/labels/area/dependencies"
          },
          "sensitive_attributes": [],
          "private": "bnVsbA==",
          "dependencies": [
            "module.policy_sdk_repository_rust.github_repository.main"
          ]
        },
        {
          "index_key": 1,
          "schema_version": 0,
          "attributes": {
            "color": "7057ff",
            "description": "",
            "etag": "W/\"e4acc54d984c6c1119818429e7ec18eb4b6a76ae45b8b9f18d75aa4fa18f0b0a\"",
            "id": "policy-sdk-rust:kind/automation",
            "name": "good first issue",
            "repository": "policy-sdk-rust",
            "url": "https://api.github.com/repos/kubewarden/policy-sdk-rust/labels/kind/automation"
          },
          "sensitive_attributes": [],
          "private": "bnVsbA==",
          "dependencies": [
            "module.policy_sdk_repository_rust.github_repository.main"
          ]
        },
        {
          "index_key": 2,
          "schema_version": 0,
          "attributes": {
            "color": "3465A4",
            "description": "",
            "etag": "W/\"ec34115731916f4c6a34b9e8904ba7c75e75e4442e8222d07214fadcb6ec72b0\"",
            "id": "policy-sdk-rust:kind/breaking-change",
            "name": "kind/automation",
            "repository": "policy-sdk-rust",
            "url": "https://api.github.com/repos/kubewarden/policy-sdk-rust/labels/kind/breaking-change"
          },
          "sensitive_attributes": [],
          "private": "bnVsbA==",
          "dependencies": [
            "module.policy_sdk_repository_rust.github_repository.main"
          ]
        },
        {
          "index_key": 3,
          "schema_version": 0,
          "attributes": {
            "color": "FCE94F",
            "description": "",
            "etag": "W/\"9c9f543528fd95b9bdddf981bf0f6b4343da75d21ebe26a02c9a9924df8d93be\"",
            "id": "policy-sdk-rust:kind/bug",
            "name": "kind/breaking-change",
            "repository": "policy-sdk-rust",
            "url": "https://api.github.com/repos/kubewarden/policy-sdk-rust/labels/kind/bug"
          },
          "sensitive_attributes": [],
          "private": "bnVsbA==",
          "dependencies": [
            "module.policy_sdk_repository_rust.github_repository.main"
          ]
        },
        {
          "index_key": 4,
          "schema_version": 0,
          "attributes": {
            "color": "EF2929",
            "description": "",
            "etag": "W/\"620c5df1fe45f59dbb7b82e39270775c572e5929b7453653abba1b221b69f9ea\"",
            "id": "policy-sdk-rust:kind/chore",
            "name": "kind/bug",
            "repository": "policy-sdk-rust",
            "url": "https://api.github.com/repos/kubewarden/policy-sdk-rust/labels/kind/chore"
          },
          "sensitive_attributes": [],
          "private": "bnVsbA==",
          "dependencies": [
            "module.policy_sdk_repository_rust.github_repository.main"
          ]
        },
        {
          "index_key": 5,
          "schema_version": 0,
          "attributes": {
            "color": "555753",
            "description": "",
            "etag": "W/\"2d98a609b229354ff520f08612e1b4270b54c9866587cb752769305802b4e135\"",
            "id": "policy-sdk-rust:kind/enhancement",
            "name": "kind/chore",
            "repository": "policy-sdk-rust",
            "url": "https://api.github.com/repos/kubewarden/policy-sdk-rust/labels/kind/enhancement"
          },
          "sensitive_attributes": [],
          "private": "bnVsbA==",
          "dependencies": [
            "module.policy_sdk_repository_rust.github_repository.main"
          ]
        },
        {
          "index_key": 6,
          "schema_version": 0,
          "attributes": {
            "color": "06989A",
            "description": "",
            "etag": "W/\"5641b338145765ef15b683a65d4c898a1d22c6e6a49de1339dc5cc0b37c3b851\"",
            "id": "policy-sdk-rust:kind/feature",
            "name": "kind/enhancement",
            "repository": "policy-sdk-rust",
            "url": "https://api.github.com/repos/kubewarden/policy-sdk-rust/labels/kind/feature"
          },
          "sensitive_attributes": [],
          "private": "bnVsbA==",
          "dependencies": [
            "module.policy_sdk_repository_rust.github_repository.main"
          ]
        },
        {
          "index_key": 7,
          "schema_version": 0,
          "attributes": {
            "color": "34E2E2",
            "description": "",
            "etag": "W/\"dc66fb9534614c8132c9451a96c237950d0c60af7474d2f204a325090a375787\"",
            "id": "policy-sdk-rust:kind/question",
            "name": "kind/feature",
            "repository": "policy-sdk-rust",
            "url": "https://api.github.com/repos/kubewarden/policy-sdk-rust/labels/kind/question"
          },
          "sensitive_attributes": [],
          "private": "bnVsbA==",
          "dependencies": [
            "module.policy_sdk_repository_rust.github_repository.main"
          ]
        },
        {
          "index_key": 8,
          "schema_version": 0,
          "attributes": {
            "color": "ad7fa8",
            "description": "",
            "etag": "W/\"b03b94a8ce9da0a6a1a339d3cb9efbcd222a34381ee6745d2d147a20b653d80f\"",
            "id": "policy-sdk-rust:kind/tech-debt",
            "name": "kind/question",
            "repository": "policy-sdk-rust",
            "url": "https://api.github.com/repos/kubewarden/policy-sdk-rust/labels/kind/tech-debt"
          },
          "sensitive_attributes": [],
          "private": "bnVsbA==",
          "dependencies": [
            "module.policy_sdk_repository_rust.github_repository.main"
          ]
        },
        {
          "index_key": 9,
          "schema_version": 0,
          "attributes": {
            "color": "729FCF",
            "description": "",
            "etag": "W/\"0f0171858258ca609f7a172542d56616e776ce321c62d71cc70bd1067f6d73be\"",
            "id": "policy-sdk-rust:kind/to-be-refined",
            "name": "kind/tech-debt",
            "repository": "policy-sdk-rust",
            "url": "https://api.github.com/repos/kubewarden/policy-sdk-rust/labels/kind/to-be-refined"
          },
          "sensitive_attributes": [],
          "private": "bnVsbA==",
          "dependencies": [
            "module.policy_sdk_repository_rust.github_repository.main"
          ]
        },
        {
          "index_key": 10,
          "schema_version": 0,
          "attributes": {
            "color": "B14FCF",
            "description": "",
            "etag": "W/\"7d35e76657d1825759b31a163b5169dfd75a731cea689073e5c2696c5603286c\"",
            "id": "policy-sdk-rust:release/minor",
            "name": "kind/to-be-refined",
            "repository": "policy-sdk-rust",
            "url": "https://api.github.com/repos/kubewarden/policy-sdk-rust/labels/release/minor"
          },
          "sensitive_attributes": [],
          "private": "bnVsbA==",
          "dependencies": [
            "module.policy_sdk_repository_rust.github_repository.main"
          ]
        },
        {
          "index_key": 11,
          "schema_version": 0,
          "attributes": {
            "color": "8AE234",
            "description": "",
            "etag": "W/\"607b40c133d272ebf2a75b90ed5f1a58edcc6d27a7ab39db46723e467c2fc7f3\"",
            "id": "policy-sdk-rust:release/major",
            "name": "release/major",
            "repository": "policy-sdk-rust",
            "url": "https://api.github.com/repos/kubewarden/policy-sdk-rust/labels/release/major"
          },
          "sensitive_attributes": [],
          "private": "bnVsbA==",
          "dependencies": [
            "module.policy_sdk_repository_rust.github_repository.main"
          ]
        },
        {
          "index_key": 12,
          "schema_version": 0,
          "attributes": {
            "color": "4E9A06",
            "description": "",
            "etag": "W/\"5cd9dd497915b6245e9510b87a13ac59f0fc8af649862072b4738c80550f8793\"",
            "id": "policy-sdk-rust:release/skip-changelog",
            "name": "release/minor",
            "repository": "policy-sdk-rust",
            "url": "https://api.github.com/repos/kubewarden/policy-sdk-rust/labels/release/skip-changelog"
          },
          "sensitive_attributes": [],
          "private": "bnVsbA==",
          "dependencies": [
            "module.policy_sdk_repository_rust.github_repository.main"
          ]
        },
        {
          "index_key": 13,
          "schema_version": 0,
          "attributes": {
            "color": "aa6600",
            "description": "",
            "etag": "W/\"5d0626dfe5d914efb69fd4edc88989d9752a20ef735280bdcb68d77cf31dd476\"",
            "id": "policy-sdk-rust:release/patch",
            "name": "release/patch",
            "repository": "policy-sdk-rust",
            "url": "https://api.github.com/repos/kubewarden/policy-sdk-rust/labels/release/patch"
          },
          "sensitive_attributes": [],
          "private": "bnVsbA==",
          "dependencies": [
            "module.policy_sdk_repository_rust.github_repository.main"
          ]
        },
        {
          "index_key": 14,
          "schema_version": 0,
          "attributes": {
            "color": "77cc00",
            "description": "",
            "etag": "W/\"5cd9dd497915b6245e9510b87a13ac59f0fc8af649862072b4738c80550f8793\"",
            "id": "policy-sdk-rust:release/skip-changelog",
            "name": "release/skip-changelog",
            "repository": "policy-sdk-rust",
            "url": "https://api.github.com/repos/kubewarden/policy-sdk-rust/labels/release/skip-changelog"
          },
          "sensitive_attributes": [],
          "private": "bnVsbA==",
          "dependencies": [
            "module.policy_sdk_repository_rust.github_repository.main"
          ]
        }
      ]
    },
    {
      "module": "module.policy_sdk_repository_rust",
      "mode": "managed",
      "type": "github_repository",
      "name": "main",
      "provider": "provider[\"registry.terraform.io/integrations/github\"].kubewarden",
      "instances": [
        {
          "schema_version": 1,
          "attributes": {
            "allow_auto_merge": false,
            "allow_merge_commit": true,
            "allow_rebase_merge": true,
            "allow_squash_merge": true,
            "allow_update_branch": false,
            "archive_on_destroy": null,
            "archived": false,
            "auto_init": false,
            "default_branch": "main",
            "delete_branch_on_merge": false,
            "description": "Kubewarden Policy SDK for the Rust programming language",
            "etag": "W/\"1b1f2e7bbde7644ab9fe5264d6c81c5d5f8227f1801ee6b44fe221dd40e0dd81\"",
            "full_name": "kubewarden/policy-sdk-rust",
            "git_clone_url": "git://github.com/kubewarden/policy-sdk-rust.git",
            "gitignore_template": null,
            "has_discussions": false,
            "has_downloads": true,
            "has_issues": true,
            "has_projects": false,
            "has_wiki": true,
            "homepage_url": "https://kubewarden.io",
            "html_url": "https://github.com/kubewarden/policy-sdk-rust",
            "http_clone_url": "https://github.com/kubewarden/policy-sdk-rust.git",
            "id": "policy-sdk-rust",
            "ignore_vulnerability_alerts_during_read": null,
            "is_template": false,
            "license_template": null,
            "merge_commit_message": "PR_TITLE",
            "merge_commit_title": "MERGE_MESSAGE",
            "name": "policy-sdk-rust",
            "node_id": "MDEwOlJlcG9zaXRvcnkzNDY3MjE1OTY=",
            "pages": [],
            "primary_language": "Rust",
            "private": false,
            "repo_id": 346721596,
            "security_and_analysis": [
              {
                "advanced_security": [],
                "secret_scanning": [
                  {
                    "status": "enabled"
                  }
                ],
                "secret_scanning_push_protection": [
                  {
                    "status": "disabled"
                  }
                ]
              }
            ],
            "squash_merge_commit_message": "COMMIT_MESSAGES",
            "squash_merge_commit_title": "COMMIT_OR_PR_TITLE",
            "ssh_clone_url": "git@github.com:kubewarden/policy-sdk-rust.git",
            "svn_url": "https://github.com/kubewarden/policy-sdk-rust",
            "template": [],
            "topics": [
              "hacktoberfest",
              "kubernetes",
              "kubernetes-security",
              "kubewarden-policy-sdk",
              "policy-as-code",
              "rust",
              "rust-language",
              "webassembly"
            ],
            "visibility": "public",
            "vulnerability_alerts": true,
            "web_commit_signoff_required": true
          },
          "sensitive_attributes": [],
          "private": "eyJzY2hlbWFfdmVyc2lvbiI6IjEifQ=="
        }
      ]
    },
    {
      "module": "module.policy_sdk_repository_rust",
      "mode": "managed",
      "type": "github_team_repository",
      "name": "gh_team_push_rights",
      "provider": "provider[\"registry.terraform.io/integrations/github\"].kubewarden",
      "instances": [
        {
          "index_key": 0,
          "schema_version": 0,
          "attributes": {
            "etag": "W/\"4dd1c3f89e30da188a197e28d4c4bc2c29835981ec1d6b3fb4b25352a83a2d0c\"",
            "id": "4972867:policy-sdk-rust",
            "permission": "push",
            "repository": "policy-sdk-rust",
            "team_id": "4972867"
          },
          "sensitive_attributes": [],
          "private": "bnVsbA==",
          "dependencies": [
            "data.github_team.kubewarden_developers",
            "module.policy_sdk_repository_rust.github_repository.main"
          ]
        }
      ]
    },
    {
      "module": "module.policy_sdk_repository_swift",
      "mode": "managed",
      "type": "github_app_installation_repository",
      "name": "app_dco",
      "provider": "provider[\"registry.terraform.io/integrations/github\"].kubewarden",
      "instances": [
        {
          "schema_version": 0,
          "attributes": {
            "id": "29141080:policy-sdk-swift",
            "installation_id": "29141080",
            "repo_id": 362066512,
            "repository": "policy-sdk-swift"
          },
          "sensitive_attributes": [],
          "private": "bnVsbA==",
          "dependencies": [
            "module.policy_sdk_repository_swift.github_repository.main"
          ]
        }
      ]
    },
    {
      "module": "module.policy_sdk_repository_swift",
      "mode": "managed",
      "type": "github_issue_label",
      "name": "label",
      "provider": "provider[\"registry.terraform.io/integrations/github\"].kubewarden",
      "instances": [
        {
          "index_key": 0,
          "schema_version": 0,
          "attributes": {
            "color": "D3D7CF",
            "description": "",
            "etag": "W/\"5036b55f68ae3acee0b5471824576034c3de557e14e02a9c411ba756ce723687\"",
            "id": "policy-sdk-swift:area/dependencies",
            "name": "area/dependencies",
            "repository": "policy-sdk-swift",
            "url": "https://api.github.com/repos/kubewarden/policy-sdk-swift/labels/area/dependencies"
          },
          "sensitive_attributes": [],
          "private": "bnVsbA==",
          "dependencies": [
            "module.policy_sdk_repository_swift.github_repository.main"
          ]
        },
        {
          "index_key": 1,
          "schema_version": 0,
          "attributes": {
            "color": "7057ff",
            "description": "",
            "etag": "W/\"aeb20dba5bb792ea23d55af18f0f02752aac3b60b5ab079c33428ac7779f7567\"",
            "id": "policy-sdk-swift:kind/automation",
            "name": "good first issue",
            "repository": "policy-sdk-swift",
            "url": "https://api.github.com/repos/kubewarden/policy-sdk-swift/labels/kind/automation"
          },
          "sensitive_attributes": [],
          "private": "bnVsbA==",
          "dependencies": [
            "module.policy_sdk_repository_swift.github_repository.main"
          ]
        },
        {
          "index_key": 2,
          "schema_version": 0,
          "attributes": {
            "color": "3465A4",
            "description": "",
            "etag": "W/\"19e938a493913744d659b278123c93506eceeaf196f172e96a3a9bdbed285e5d\"",
            "id": "policy-sdk-swift:kind/breaking-change",
            "name": "kind/automation",
            "repository": "policy-sdk-swift",
            "url": "https://api.github.com/repos/kubewarden/policy-sdk-swift/labels/kind/breaking-change"
          },
          "sensitive_attributes": [],
          "private": "bnVsbA==",
          "dependencies": [
            "module.policy_sdk_repository_swift.github_repository.main"
          ]
        },
        {
          "index_key": 3,
          "schema_version": 0,
          "attributes": {
            "color": "FCE94F",
            "description": "",
            "etag": "W/\"df587cb8650a8762ec5e709e5d3b13bf4421eb03d21801bac6a21e1887d63bbe\"",
            "id": "policy-sdk-swift:kind/bug",
            "name": "kind/breaking-change",
            "repository": "policy-sdk-swift",
            "url": "https://api.github.com/repos/kubewarden/policy-sdk-swift/labels/kind/bug"
          },
          "sensitive_attributes": [],
          "private": "bnVsbA==",
          "dependencies": [
            "module.policy_sdk_repository_swift.github_repository.main"
          ]
        },
        {
          "index_key": 4,
          "schema_version": 0,
          "attributes": {
            "color": "EF2929",
            "description": "",
            "etag": "W/\"6020e9c847897af08624846750f05632197448dab22e19d4a4fefc99ba8cbbf0\"",
            "id": "policy-sdk-swift:kind/chore",
            "name": "kind/bug",
            "repository": "policy-sdk-swift",
            "url": "https://api.github.com/repos/kubewarden/policy-sdk-swift/labels/kind/chore"
          },
          "sensitive_attributes": [],
          "private": "bnVsbA==",
          "dependencies": [
            "module.policy_sdk_repository_swift.github_repository.main"
          ]
        },
        {
          "index_key": 5,
          "schema_version": 0,
          "attributes": {
            "color": "555753",
            "description": "",
            "etag": "W/\"2ec3d02cdbe4081f8cbe3a87f5f44c60306050fa3fd33c72a90df8ecc7a027b6\"",
            "id": "policy-sdk-swift:kind/enhancement",
            "name": "kind/chore",
            "repository": "policy-sdk-swift",
            "url": "https://api.github.com/repos/kubewarden/policy-sdk-swift/labels/kind/enhancement"
          },
          "sensitive_attributes": [],
          "private": "bnVsbA==",
          "dependencies": [
            "module.policy_sdk_repository_swift.github_repository.main"
          ]
        },
        {
          "index_key": 6,
          "schema_version": 0,
          "attributes": {
            "color": "06989A",
            "description": "",
            "etag": "W/\"50b03bcdf6ac8faa79793b7c800732d9cd2d311e63dbf8fff672e2b8ce7c4d38\"",
            "id": "policy-sdk-swift:kind/feature",
            "name": "kind/enhancement",
            "repository": "policy-sdk-swift",
            "url": "https://api.github.com/repos/kubewarden/policy-sdk-swift/labels/kind/feature"
          },
          "sensitive_attributes": [],
          "private": "bnVsbA==",
          "dependencies": [
            "module.policy_sdk_repository_swift.github_repository.main"
          ]
        },
        {
          "index_key": 7,
          "schema_version": 0,
          "attributes": {
            "color": "34E2E2",
            "description": "",
            "etag": "W/\"799977caec5f43abe40687d9a17748a4e57c942670eb3153c828dfa3e19234c4\"",
            "id": "policy-sdk-swift:kind/question",
            "name": "kind/feature",
            "repository": "policy-sdk-swift",
            "url": "https://api.github.com/repos/kubewarden/policy-sdk-swift/labels/kind/question"
          },
          "sensitive_attributes": [],
          "private": "bnVsbA==",
          "dependencies": [
            "module.policy_sdk_repository_swift.github_repository.main"
          ]
        },
        {
          "index_key": 8,
          "schema_version": 0,
          "attributes": {
            "color": "ad7fa8",
            "description": "",
            "etag": "W/\"a836f1932479b30f5996eed46d7d97247487bf0a702168bdc7a3ba8e24445066\"",
            "id": "policy-sdk-swift:kind/tech-debt",
            "name": "kind/question",
            "repository": "policy-sdk-swift",
            "url": "https://api.github.com/repos/kubewarden/policy-sdk-swift/labels/kind/tech-debt"
          },
          "sensitive_attributes": [],
          "private": "bnVsbA==",
          "dependencies": [
            "module.policy_sdk_repository_swift.github_repository.main"
          ]
        },
        {
          "index_key": 9,
          "schema_version": 0,
          "attributes": {
            "color": "729FCF",
            "description": "",
            "etag": "W/\"95dcafc3ce17e23a3dd0df4d0e19945b53ac275c94445f59e01582e309a70757\"",
            "id": "policy-sdk-swift:kind/to-be-refined",
            "name": "kind/tech-debt",
            "repository": "policy-sdk-swift",
            "url": "https://api.github.com/repos/kubewarden/policy-sdk-swift/labels/kind/to-be-refined"
          },
          "sensitive_attributes": [],
          "private": "bnVsbA==",
          "dependencies": [
            "module.policy_sdk_repository_swift.github_repository.main"
          ]
        },
        {
          "index_key": 10,
          "schema_version": 0,
          "attributes": {
            "color": "B14FCF",
            "description": "",
            "etag": "W/\"d44eb9bafe5514f36dee5a6de4f7304fa6449f91e7ba529431c25f51926fa0d6\"",
            "id": "policy-sdk-swift:release/major",
            "name": "kind/to-be-refined",
            "repository": "policy-sdk-swift",
            "url": "https://api.github.com/repos/kubewarden/policy-sdk-swift/labels/release/major"
          },
          "sensitive_attributes": [],
          "private": "bnVsbA==",
          "dependencies": [
            "module.policy_sdk_repository_swift.github_repository.main"
          ]
        },
        {
          "index_key": 11,
          "schema_version": 0,
          "attributes": {
            "color": "8AE234",
            "description": "",
            "etag": "W/\"0b3203839e8439b15d05bd182ac9ad6ea2f4b5895994913e8581decaea085729\"",
            "id": "policy-sdk-swift:release/minor",
            "name": "release/major",
            "repository": "policy-sdk-swift",
            "url": "https://api.github.com/repos/kubewarden/policy-sdk-swift/labels/release/minor"
          },
          "sensitive_attributes": [],
          "private": "bnVsbA==",
          "dependencies": [
            "module.policy_sdk_repository_swift.github_repository.main"
          ]
        },
        {
          "index_key": 12,
          "schema_version": 0,
          "attributes": {
            "color": "4E9A06",
            "description": "",
            "etag": "W/\"e974668453426f728bab221cd1b041625917f5bb787a6a1657252846e5f8fb5a\"",
            "id": "policy-sdk-swift:release/patch",
            "name": "release/minor",
            "repository": "policy-sdk-swift",
            "url": "https://api.github.com/repos/kubewarden/policy-sdk-swift/labels/release/patch"
          },
          "sensitive_attributes": [],
          "private": "bnVsbA==",
          "dependencies": [
            "module.policy_sdk_repository_swift.github_repository.main"
          ]
        },
        {
          "index_key": 13,
          "schema_version": 0,
          "attributes": {
            "color": "aa6600",
            "description": "",
            "etag": "W/\"52e5d40c7c46d186e43e1ee5b0ab2d7cdbb3d665e14f7da70b9511b010c10f9c\"",
            "id": "policy-sdk-swift:release/skip-changelog",
            "name": "release/patch",
            "repository": "policy-sdk-swift",
            "url": "https://api.github.com/repos/kubewarden/policy-sdk-swift/labels/release/skip-changelog"
          },
          "sensitive_attributes": [],
          "private": "bnVsbA==",
          "dependencies": [
            "module.policy_sdk_repository_swift.github_repository.main"
          ]
        },
        {
          "index_key": 14,
          "schema_version": 0,
          "attributes": {
            "color": "77cc00",
            "description": "",
            "etag": "W/\"ad340a338d4a3a1c80010da6f866e20edc64993d36e5bd9b48683c10f774f81e\"",
            "id": "policy-sdk-swift:release/skip-changelog",
            "name": "release/skip-changelog",
            "repository": "policy-sdk-swift",
            "url": "https://api.github.com/repos/kubewarden/policy-sdk-swift/labels/release/skip-changelog"
          },
          "sensitive_attributes": [],
          "private": "bnVsbA==",
          "dependencies": [
            "module.policy_sdk_repository_swift.github_repository.main"
          ]
        }
      ]
    },
    {
      "module": "module.policy_sdk_repository_swift",
      "mode": "managed",
      "type": "github_repository",
      "name": "main",
      "provider": "provider[\"registry.terraform.io/integrations/github\"].kubewarden",
      "instances": [
        {
          "schema_version": 1,
          "attributes": {
            "allow_auto_merge": false,
            "allow_merge_commit": true,
            "allow_rebase_merge": true,
            "allow_squash_merge": true,
            "allow_update_branch": false,
            "archive_on_destroy": null,
            "archived": false,
            "auto_init": false,
            "default_branch": "main",
            "delete_branch_on_merge": false,
            "description": "Kubewarden Policy SDK for the Swift programming language",
            "etag": "W/\"e65b06d9b2eb9e3c61d026ead24a340cc2fdece7630086d81ff01bb5f2a9940f\"",
            "full_name": "kubewarden/policy-sdk-swift",
            "git_clone_url": "git://github.com/kubewarden/policy-sdk-swift.git",
            "gitignore_template": null,
            "has_discussions": false,
            "has_downloads": true,
            "has_issues": true,
            "has_projects": false,
            "has_wiki": true,
            "homepage_url": "https://kubewarden.github.io/policy-sdk-swift/",
            "html_url": "https://github.com/kubewarden/policy-sdk-swift",
            "http_clone_url": "https://github.com/kubewarden/policy-sdk-swift.git",
            "id": "policy-sdk-swift",
            "ignore_vulnerability_alerts_during_read": null,
            "is_template": false,
            "license_template": null,
            "merge_commit_message": "PR_TITLE",
            "merge_commit_title": "MERGE_MESSAGE",
            "name": "policy-sdk-swift",
            "node_id": "MDEwOlJlcG9zaXRvcnkzNjIwNjY1MTI=",
            "pages": [
              {
                "build_type": "legacy",
                "cname": "",
                "custom_404": false,
                "html_url": "https://kubewarden.github.io/policy-sdk-swift/",
                "source": [
                  {
                    "branch": "gh-pages",
                    "path": "/"
                  }
                ],
                "status": "built",
                "url": "https://api.github.com/repos/kubewarden/policy-sdk-swift/pages"
              }
            ],
            "primary_language": "Swift",
            "private": false,
            "repo_id": 362066512,
            "security_and_analysis": [
              {
                "advanced_security": [],
                "secret_scanning": [
                  {
                    "status": "enabled"
                  }
                ],
                "secret_scanning_push_protection": [
                  {
                    "status": "disabled"
                  }
                ]
              }
            ],
            "squash_merge_commit_message": "COMMIT_MESSAGES",
            "squash_merge_commit_title": "COMMIT_OR_PR_TITLE",
            "ssh_clone_url": "git@github.com:kubewarden/policy-sdk-swift.git",
            "svn_url": "https://github.com/kubewarden/policy-sdk-swift",
            "template": [],
            "topics": [
              "hacktoberfest",
              "kubernetes",
              "kubernetes-security",
              "kubewarden-policy-sdk",
              "policy-as-code",
              "swift",
              "webassembly"
            ],
            "visibility": "public",
            "vulnerability_alerts": true,
            "web_commit_signoff_required": true
          },
          "sensitive_attributes": [],
          "private": "eyJzY2hlbWFfdmVyc2lvbiI6IjEifQ=="
        }
      ]
    },
    {
      "module": "module.policy_sdk_repository_swift",
      "mode": "managed",
      "type": "github_team_repository",
      "name": "gh_team_push_rights",
      "provider": "provider[\"registry.terraform.io/integrations/github\"].kubewarden",
      "instances": [
        {
          "index_key": 0,
          "schema_version": 0,
          "attributes": {
            "etag": "W/\"dcf45ea1978e9ffbc484df790f821f9b2a49d9172fa55289c5bc1840afce5d9e\"",
            "id": "4972867:policy-sdk-swift",
            "permission": "push",
            "repository": "policy-sdk-swift",
            "team_id": "4972867"
          },
          "sensitive_attributes": [],
          "private": "bnVsbA==",
          "dependencies": [
            "data.github_team.kubewarden_developers",
            "module.policy_sdk_repository_swift.github_repository.main"
          ]
        }
      ]
    },
    {
      "module": "module.policy_template_repository_dotnet",
      "mode": "managed",
      "type": "github_repository",
      "name": "main",
      "provider": "provider[\"registry.terraform.io/integrations/github\"].kubewarden",
      "instances": [
        {
          "schema_version": 1,
          "attributes": {
            "allow_auto_merge": false,
            "allow_merge_commit": true,
            "allow_rebase_merge": true,
            "allow_squash_merge": true,
            "allow_update_branch": false,
            "archive_on_destroy": null,
            "archived": false,
            "auto_init": null,
            "default_branch": "main",
            "delete_branch_on_merge": false,
            "description": "A template repository to quickly scaffold a Kubewarden policy written with C#",
            "etag": "W/\"633c0b46446ce9fdad1f2cb20ae86ed70f0aa0667b8faa3ea19291ba81ec9b9a\"",
            "full_name": "kubewarden/dotnet-policy-template",
            "git_clone_url": "git://github.com/kubewarden/dotnet-policy-template.git",
            "gitignore_template": null,
            "has_discussions": false,
            "has_downloads": false,
            "has_issues": true,
            "has_projects": false,
            "has_wiki": true,
            "homepage_url": "https://kubewarden.io",
            "html_url": "https://github.com/kubewarden/dotnet-policy-template",
            "http_clone_url": "https://github.com/kubewarden/dotnet-policy-template.git",
            "id": "dotnet-policy-template",
            "ignore_vulnerability_alerts_during_read": null,
            "is_template": true,
            "license_template": null,
            "merge_commit_message": "PR_TITLE",
            "merge_commit_title": "MERGE_MESSAGE",
            "name": "dotnet-policy-template",
            "node_id": "R_kgDOKwL5og",
            "pages": [],
            "primary_language": "",
            "private": false,
            "repo_id": 721615266,
            "security_and_analysis": [
              {
                "advanced_security": [],
                "secret_scanning": [
                  {
                    "status": "enabled"
                  }
                ],
                "secret_scanning_push_protection": [
                  {
                    "status": "disabled"
                  }
                ]
              }
            ],
            "squash_merge_commit_message": "COMMIT_MESSAGES",
            "squash_merge_commit_title": "COMMIT_OR_PR_TITLE",
            "ssh_clone_url": "git@github.com:kubewarden/dotnet-policy-template.git",
            "svn_url": "https://github.com/kubewarden/dotnet-policy-template",
            "template": [],
            "topics": [
              "dotnet",
              "hacktoberfest",
              "kubernetes",
              "kubernetes-security",
              "kubewarden-policy-template",
              "policy-as-code",
              "webassembly"
            ],
            "visibility": "public",
            "vulnerability_alerts": true,
            "web_commit_signoff_required": true
          },
          "sensitive_attributes": [],
          "private": "eyJzY2hlbWFfdmVyc2lvbiI6IjEifQ=="
        }
      ]
    },
    {
      "module": "module.policy_template_repository_dotnet",
      "mode": "managed",
      "type": "github_team_repository",
      "name": "gh_team_push_rights",
      "provider": "provider[\"registry.terraform.io/integrations/github\"].kubewarden",
      "instances": [
        {
          "index_key": 0,
          "schema_version": 0,
          "attributes": {
            "etag": "W/\"2c876c0ce4356dbbf2afdd9e83fbc24e5dba67959407dc8aba01e9360ad668ea\"",
            "id": "4972867:dotnet-policy-template",
            "permission": "push",
            "repository": "dotnet-policy-template",
            "team_id": "4972867"
          },
          "sensitive_attributes": [],
          "private": "bnVsbA==",
          "dependencies": [
            "data.github_team.kubewarden_developers",
            "module.policy_template_repository_dotnet.github_repository.main"
          ]
        }
      ]
    },
    {
      "module": "module.policy_template_repository_gatekeeper",
      "mode": "managed",
      "type": "github_repository",
      "name": "main",
      "provider": "provider[\"registry.terraform.io/integrations/github\"].kubewarden",
      "instances": [
        {
          "schema_version": 1,
          "attributes": {
            "allow_auto_merge": false,
            "allow_merge_commit": true,
            "allow_rebase_merge": true,
            "allow_squash_merge": true,
            "allow_update_branch": false,
            "archive_on_destroy": null,
            "archived": false,
            "auto_init": false,
            "default_branch": "main",
            "delete_branch_on_merge": false,
            "description": "A template repository to quickly port a Gatekeeper policy to Kubewarden",
            "etag": "W/\"f59235d4a42572cfba9d7e1540cd1f982382432578162b090f52aa823dc3b70a\"",
            "full_name": "kubewarden/gatekeeper-policy-template",
            "git_clone_url": "git://github.com/kubewarden/gatekeeper-policy-template.git",
            "gitignore_template": null,
            "has_discussions": false,
            "has_downloads": false,
            "has_issues": true,
            "has_projects": false,
            "has_wiki": true,
            "homepage_url": "https://kubewarden.io",
            "html_url": "https://github.com/kubewarden/gatekeeper-policy-template",
            "http_clone_url": "https://github.com/kubewarden/gatekeeper-policy-template.git",
            "id": "gatekeeper-policy-template",
            "ignore_vulnerability_alerts_during_read": null,
            "is_template": true,
            "license_template": null,
            "merge_commit_message": "PR_TITLE",
            "merge_commit_title": "MERGE_MESSAGE",
            "name": "gatekeeper-policy-template",
            "node_id": "R_kgDOGGRO1w",
            "pages": [],
            "primary_language": "Makefile",
            "private": false,
            "repo_id": 409226967,
            "security_and_analysis": [
              {
                "advanced_security": [],
                "secret_scanning": [
                  {
                    "status": "enabled"
                  }
                ],
                "secret_scanning_push_protection": [
                  {
                    "status": "disabled"
                  }
                ]
              }
            ],
            "squash_merge_commit_message": "COMMIT_MESSAGES",
            "squash_merge_commit_title": "COMMIT_OR_PR_TITLE",
            "ssh_clone_url": "git@github.com:kubewarden/gatekeeper-policy-template.git",
            "svn_url": "https://github.com/kubewarden/gatekeeper-policy-template",
            "template": [],
            "topics": [
              "gatekeeper",
              "gatekeeper-policies",
              "gatekeeper-v2",
              "hacktoberfest",
              "kubernetes",
              "kubernetes-security",
              "kubewarden-policy-template",
              "policy-as-code",
              "rego",
              "webassembly"
            ],
            "visibility": "public",
            "vulnerability_alerts": true,
            "web_commit_signoff_required": true
          },
          "sensitive_attributes": [],
          "private": "eyJzY2hlbWFfdmVyc2lvbiI6IjEifQ=="
        }
      ]
    },
    {
      "module": "module.policy_template_repository_gatekeeper",
      "mode": "managed",
      "type": "github_team_repository",
      "name": "gh_team_push_rights",
      "provider": "provider[\"registry.terraform.io/integrations/github\"].kubewarden",
      "instances": [
        {
          "index_key": 0,
          "schema_version": 0,
          "attributes": {
            "etag": "W/\"ab9e6fb6fc0bf1bdfac219289a31dd05c6a0516fbe7f899185acfdf2b8fa8863\"",
            "id": "4972867:gatekeeper-policy-template",
            "permission": "push",
            "repository": "gatekeeper-policy-template",
            "team_id": "4972867"
          },
          "sensitive_attributes": [],
          "private": "bnVsbA==",
          "dependencies": [
            "data.github_team.kubewarden_developers",
            "module.policy_template_repository_gatekeeper.github_repository.main"
          ]
        }
      ]
    },
    {
      "module": "module.policy_template_repository_go",
      "mode": "managed",
      "type": "github_repository",
      "name": "main",
      "provider": "provider[\"registry.terraform.io/integrations/github\"].kubewarden",
      "instances": [
        {
          "schema_version": 1,
          "attributes": {
            "allow_auto_merge": false,
            "allow_merge_commit": true,
            "allow_rebase_merge": true,
            "allow_squash_merge": true,
            "allow_update_branch": false,
            "archive_on_destroy": null,
            "archived": false,
            "auto_init": false,
            "default_branch": "main",
            "delete_branch_on_merge": false,
            "description": "A template repository to quickly scaffold a Kubewarden policy written with Go language",
            "etag": "W/\"071e812e79367005c1cd9027dde2309d10678aaa129cacb82584e6770288027d\"",
            "full_name": "kubewarden/go-policy-template",
            "git_clone_url": "git://github.com/kubewarden/go-policy-template.git",
            "gitignore_template": null,
            "has_discussions": false,
            "has_downloads": false,
            "has_issues": true,
            "has_projects": false,
            "has_wiki": true,
            "homepage_url": "https://kubewarden.io",
            "html_url": "https://github.com/kubewarden/go-policy-template",
            "http_clone_url": "https://github.com/kubewarden/go-policy-template.git",
            "id": "go-policy-template",
            "ignore_vulnerability_alerts_during_read": null,
            "is_template": true,
            "license_template": null,
            "merge_commit_message": "PR_TITLE",
            "merge_commit_title": "MERGE_MESSAGE",
            "name": "go-policy-template",
            "node_id": "MDEwOlJlcG9zaXRvcnkzNTcxMjI2NzU=",
            "pages": [],
            "primary_language": "Go",
            "private": false,
            "repo_id": 357122675,
            "security_and_analysis": [
              {
                "advanced_security": [],
                "secret_scanning": [
                  {
                    "status": "enabled"
                  }
                ],
                "secret_scanning_push_protection": [
                  {
                    "status": "disabled"
                  }
                ]
              }
            ],
            "squash_merge_commit_message": "COMMIT_MESSAGES",
            "squash_merge_commit_title": "COMMIT_OR_PR_TITLE",
            "ssh_clone_url": "git@github.com:kubewarden/go-policy-template.git",
            "svn_url": "https://github.com/kubewarden/go-policy-template",
            "template": [],
            "topics": [
              "go",
              "golang",
              "hacktoberfest",
              "kubernetes",
              "kubernetes-security",
              "kubewarden-policy-template",
              "policy-as-code",
              "webassembly"
            ],
            "visibility": "public",
            "vulnerability_alerts": true,
            "web_commit_signoff_required": true
          },
          "sensitive_attributes": [],
          "private": "eyJzY2hlbWFfdmVyc2lvbiI6IjEifQ=="
        }
      ]
    },
    {
      "module": "module.policy_template_repository_go",
      "mode": "managed",
      "type": "github_team_repository",
      "name": "gh_team_push_rights",
      "provider": "provider[\"registry.terraform.io/integrations/github\"].kubewarden",
      "instances": [
        {
          "index_key": 0,
          "schema_version": 0,
          "attributes": {
            "etag": "W/\"499d3adf9caa5d2c811bdeebf0544707f4ac22e69612f32e008b91b9b5f41f90\"",
            "id": "4972867:go-policy-template",
            "permission": "push",
            "repository": "go-policy-template",
            "team_id": "4972867"
          },
          "sensitive_attributes": [],
          "private": "bnVsbA==",
          "dependencies": [
            "data.github_team.kubewarden_developers",
            "module.policy_template_repository_go.github_repository.main"
          ]
        }
      ]
    },
    {
      "module": "module.policy_template_repository_opa",
      "mode": "managed",
      "type": "github_repository",
      "name": "main",
      "provider": "provider[\"registry.terraform.io/integrations/github\"].kubewarden",
      "instances": [
        {
          "schema_version": 1,
          "attributes": {
            "allow_auto_merge": false,
            "allow_merge_commit": true,
            "allow_rebase_merge": true,
            "allow_squash_merge": true,
            "allow_update_branch": false,
            "archive_on_destroy": null,
            "archived": false,
            "auto_init": false,
            "default_branch": "main",
            "delete_branch_on_merge": false,
            "description": "A template repository to quickly port a Open Policy Agent policy to Kubewarden",
            "etag": "W/\"ccd8740ff5b20bcc1feda6b2dc15f6e5fc18020fcbbbabe5eb923f23c1768a5f\"",
            "full_name": "kubewarden/opa-policy-template",
            "git_clone_url": "git://github.com/kubewarden/opa-policy-template.git",
            "gitignore_template": null,
            "has_discussions": false,
            "has_downloads": false,
            "has_issues": true,
            "has_projects": false,
            "has_wiki": true,
            "homepage_url": "https://kubewarden.io",
            "html_url": "https://github.com/kubewarden/opa-policy-template",
            "http_clone_url": "https://github.com/kubewarden/opa-policy-template.git",
            "id": "opa-policy-template",
            "ignore_vulnerability_alerts_during_read": null,
            "is_template": true,
            "license_template": null,
            "merge_commit_message": "PR_TITLE",
            "merge_commit_title": "MERGE_MESSAGE",
            "name": "opa-policy-template",
            "node_id": "R_kgDOGF4h6g",
            "pages": [],
            "primary_language": "Makefile",
            "private": false,
            "repo_id": 408822250,
            "security_and_analysis": [
              {
                "advanced_security": [],
                "secret_scanning": [
                  {
                    "status": "enabled"
                  }
                ],
                "secret_scanning_push_protection": [
                  {
                    "status": "disabled"
                  }
                ]
              }
            ],
            "squash_merge_commit_message": "COMMIT_MESSAGES",
            "squash_merge_commit_title": "COMMIT_OR_PR_TITLE",
            "ssh_clone_url": "git@github.com:kubewarden/opa-policy-template.git",
            "svn_url": "https://github.com/kubewarden/opa-policy-template",
            "template": [],
            "topics": [
              "hacktoberfest",
              "kubernetes",
              "kubernetes-security",
              "kubewarden-policy-template",
              "opa",
              "open-policy-agent",
              "openpolicyagent",
              "policy-as-code",
              "webassembly"
            ],
            "visibility": "public",
            "vulnerability_alerts": true,
            "web_commit_signoff_required": true
          },
          "sensitive_attributes": [],
          "private": "eyJzY2hlbWFfdmVyc2lvbiI6IjEifQ=="
        }
      ]
    },
    {
      "module": "module.policy_template_repository_opa",
      "mode": "managed",
      "type": "github_team_repository",
      "name": "gh_team_push_rights",
      "provider": "provider[\"registry.terraform.io/integrations/github\"].kubewarden",
      "instances": [
        {
          "index_key": 0,
          "schema_version": 0,
          "attributes": {
            "etag": "W/\"afccce2f53da93a483d739fc1a1bfb3d4debad719926248182c9db52f5f71875\"",
            "id": "4972867:opa-policy-template",
            "permission": "push",
            "repository": "opa-policy-template",
            "team_id": "4972867"
          },
          "sensitive_attributes": [],
          "private": "bnVsbA==",
          "dependencies": [
            "data.github_team.kubewarden_developers",
            "module.policy_template_repository_opa.github_repository.main"
          ]
        }
      ]
    },
    {
      "module": "module.policy_template_repository_rust",
      "mode": "managed",
      "type": "github_repository",
      "name": "main",
      "provider": "provider[\"registry.terraform.io/integrations/github\"].kubewarden",
      "instances": [
        {
          "schema_version": 1,
          "attributes": {
            "allow_auto_merge": false,
            "allow_merge_commit": true,
            "allow_rebase_merge": true,
            "allow_squash_merge": true,
            "allow_update_branch": false,
            "archive_on_destroy": null,
            "archived": false,
            "auto_init": false,
            "default_branch": "main",
            "delete_branch_on_merge": false,
            "description": "A Kubewarden rust policy template to be used with cargo-generate",
            "etag": "W/\"610814a91088cb860a13493c00637e7450df922dfd2a55d3112af25f2e206c7b\"",
            "full_name": "kubewarden/rust-policy-template",
            "git_clone_url": "git://github.com/kubewarden/rust-policy-template.git",
            "gitignore_template": null,
            "has_discussions": false,
            "has_downloads": false,
            "has_issues": true,
            "has_projects": false,
            "has_wiki": true,
            "homepage_url": "https://kubewarden.io",
            "html_url": "https://github.com/kubewarden/rust-policy-template",
            "http_clone_url": "https://github.com/kubewarden/rust-policy-template.git",
            "id": "rust-policy-template",
            "ignore_vulnerability_alerts_during_read": null,
            "is_template": false,
            "license_template": null,
            "merge_commit_message": "PR_TITLE",
            "merge_commit_title": "MERGE_MESSAGE",
            "name": "rust-policy-template",
            "node_id": "MDEwOlJlcG9zaXRvcnkzNTUxNjYyMDg=",
            "pages": [],
            "primary_language": "Rust",
            "private": false,
            "repo_id": 355166208,
            "security_and_analysis": [
              {
                "advanced_security": [],
                "secret_scanning": [
                  {
                    "status": "enabled"
                  }
                ],
                "secret_scanning_push_protection": [
                  {
                    "status": "disabled"
                  }
                ]
              }
            ],
            "squash_merge_commit_message": "COMMIT_MESSAGES",
            "squash_merge_commit_title": "COMMIT_OR_PR_TITLE",
            "ssh_clone_url": "git@github.com:kubewarden/rust-policy-template.git",
            "svn_url": "https://github.com/kubewarden/rust-policy-template",
            "template": [],
            "topics": [
              "hacktoberfest",
              "kubernetes",
              "kubernetes-security",
              "kubewarden-policy-template",
              "policy-as-code",
              "rust",
              "webassembly"
            ],
            "visibility": "public",
            "vulnerability_alerts": true,
            "web_commit_signoff_required": true
          },
          "sensitive_attributes": [],
          "private": "eyJzY2hlbWFfdmVyc2lvbiI6IjEifQ=="
        }
      ]
    },
    {
      "module": "module.policy_template_repository_rust",
      "mode": "managed",
      "type": "github_team_repository",
      "name": "gh_team_push_rights",
      "provider": "provider[\"registry.terraform.io/integrations/github\"].kubewarden",
      "instances": [
        {
          "index_key": 0,
          "schema_version": 0,
          "attributes": {
            "etag": "W/\"66c00bf820d30be1e60e86273db444c5af42b379c4c894e04a204fa79e263e8a\"",
            "id": "4972867:rust-policy-template",
            "permission": "push",
            "repository": "rust-policy-template",
            "team_id": "4972867"
          },
          "sensitive_attributes": [],
          "private": "bnVsbA==",
          "dependencies": [
            "data.github_team.kubewarden_developers",
            "module.policy_template_repository_rust.github_repository.main"
          ]
        }
      ]
    },
    {
      "module": "module.policy_template_repository_swift",
      "mode": "managed",
      "type": "github_repository",
      "name": "main",
      "provider": "provider[\"registry.terraform.io/integrations/github\"].kubewarden",
      "instances": [
        {
          "schema_version": 1,
          "attributes": {
            "allow_auto_merge": false,
            "allow_merge_commit": true,
            "allow_rebase_merge": true,
            "allow_squash_merge": true,
            "allow_update_branch": false,
            "archive_on_destroy": null,
            "archived": false,
            "auto_init": false,
            "default_branch": "main",
            "delete_branch_on_merge": false,
            "description": "A template repository to quickly scaffold a Kubewarden policy written with Swift language",
            "etag": "W/\"a411bdb48f3ab779910aa64bbf36fe181014ba93fcf3cb537de29d96271ea47c\"",
            "full_name": "kubewarden/swift-policy-template",
            "git_clone_url": "git://github.com/kubewarden/swift-policy-template.git",
            "gitignore_template": null,
            "has_discussions": false,
            "has_downloads": false,
            "has_issues": true,
            "has_projects": false,
            "has_wiki": true,
            "homepage_url": "https://kubewarden.io",
            "html_url": "https://github.com/kubewarden/swift-policy-template",
            "http_clone_url": "https://github.com/kubewarden/swift-policy-template.git",
            "id": "swift-policy-template",
            "ignore_vulnerability_alerts_during_read": null,
            "is_template": true,
            "license_template": null,
            "merge_commit_message": "PR_TITLE",
            "merge_commit_title": "MERGE_MESSAGE",
            "name": "swift-policy-template",
            "node_id": "MDEwOlJlcG9zaXRvcnkzOTQyNTEzMjI=",
            "pages": [],
            "primary_language": "Swift",
            "private": false,
            "repo_id": 394251322,
            "security_and_analysis": [
              {
                "advanced_security": [],
                "secret_scanning": [
                  {
                    "status": "enabled"
                  }
                ],
                "secret_scanning_push_protection": [
                  {
                    "status": "disabled"
                  }
                ]
              }
            ],
            "squash_merge_commit_message": "COMMIT_MESSAGES",
            "squash_merge_commit_title": "COMMIT_OR_PR_TITLE",
            "ssh_clone_url": "git@github.com:kubewarden/swift-policy-template.git",
            "svn_url": "https://github.com/kubewarden/swift-policy-template",
            "template": [],
            "topics": [
              "hacktoberfest",
              "kubernetes",
              "kubernetes-security",
              "kubewarden-policy-template",
              "policy-as-code",
              "swift",
              "webassembly"
            ],
            "visibility": "public",
            "vulnerability_alerts": true,
            "web_commit_signoff_required": true
          },
          "sensitive_attributes": [],
          "private": "eyJzY2hlbWFfdmVyc2lvbiI6IjEifQ=="
        }
      ]
    },
    {
      "module": "module.policy_template_repository_swift",
      "mode": "managed",
      "type": "github_team_repository",
      "name": "gh_team_push_rights",
      "provider": "provider[\"registry.terraform.io/integrations/github\"].kubewarden",
      "instances": [
        {
          "index_key": 0,
          "schema_version": 0,
          "attributes": {
            "etag": "W/\"bdb7ed3bb6b1a59857fd8d3480c1b49c3f5400edbf961789e0135d361f2eb9e0\"",
            "id": "4972867:swift-policy-template",
            "permission": "push",
            "repository": "swift-policy-template",
            "team_id": "4972867"
          },
          "sensitive_attributes": [],
          "private": "bnVsbA==",
          "dependencies": [
            "data.github_team.kubewarden_developers",
            "module.policy_template_repository_swift.github_repository.main"
          ]
        }
      ]
    }
  ],
  "check_results": null
}
