{
  "version": 4,
  "terraform_version": "1.3.7",
  "serial": 1213,
  "lineage": "9361268e-ae5d-4e6a-09c7-3a886aaffce2",
  "outputs": {},
  "resources": [
    {
      "mode": "data",
      "type": "github_repositories",
      "name": "repos",
      "provider": "provider[\"registry.terraform.io/integrations/github\"]",
      "instances": [
        {
          "schema_version": 0,
          "attributes": {
            "full_names": [
              "kubewarden/policy-evaluator",
              "kubewarden/kubewarden.io",
              "kubewarden/docs",
              "kubewarden/kwctl",
              "kubewarden/audit-scanner",
              "kubewarden/policy-server",
              "kubewarden/policy-sdk-go",
              "kubewarden/policy-fetcher",
              "kubewarden/rancher-kubectl-builder",
              "kubewarden/helm-charts",
              "kubewarden/ingress-policy",
              "kubewarden/go-wasi-policy-template",
              "kubewarden/gostubpkg",
              "kubewarden/trusted-repos-policy",
              "kubewarden/go-policy-template",
              "kubewarden/namespace-label-propagator-policy",
              "kubewarden/rancher-project-quotas-namespace-validator",
              "kubewarden/policy-sdk-rust",
              "kubewarden/kubewarden-controller",
              "kubewarden/k8s-objects-generator",
              "kubewarden/volumes-psp-policy",
              "kubewarden/opa-policy-template",
              "kubewarden/github-actions",
              "kubewarden/deprecated-api-versions-policy",
              "kubewarden/psa-label-enforcer-policy",
              "kubewarden/allow-privilege-escalation-psp-policy",
              "kubewarden/apparmor-psp-policy",
              "kubewarden/environment-variable-policy",
              "kubewarden/readonly-root-filesystem-psp-policy",
              "kubewarden/gatekeeper-policy-template",
              "kubewarden/hostpaths-psp-policy",
              "kubewarden/seccomp-psp-policy",
              "kubewarden/disallow-service-nodeport-policy",
              "kubewarden/safe-labels-policy",
              "kubewarden/disallow-service-loadbalancer-policy",
              "kubewarden/allowed-fsgroups-psp-policy",
              "kubewarden/allowed-proc-mount-types-psp-policy",
              "kubewarden/flexvolume-drivers-psp-policy",
              "kubewarden/host-namespaces-psp-policy",
              "kubewarden/verify-image-signatures",
              "kubewarden/context-aware-demo",
              "kubewarden/echo",
              "kubewarden/automation",
              "kubewarden/env-variable-secrets-scanner-policy",
              "kubewarden/capabilities-psp-policy",
              "kubewarden/rancher-project-propagate-labels",
              "kubewarden/safe-annotations-policy",
              "kubewarden/sysctl-psp-policy",
              "kubewarden/user-group-psp-policy",
              "kubewarden/selinux-psp-policy",
              "kubewarden/volumeMounts-policy",
              "kubewarden/sleeping-policy",
              "kubewarden/pod-privileged-policy",
              "kubewarden/kyverno-dsl-policy",
              "kubewarden/kubewarden-end-to-end-tests",
              "kubewarden/load-testing",
              "kubewarden/rfc",
              "kubewarden/policy-sdk-dotnet",
              "kubewarden/pod-runtime-class-policy",
              "kubewarden/rust-policy-template",
              "kubewarden/swift-wasm-runner",
              "kubewarden/policy-sdk-swift",
              "kubewarden/swift-policy-template",
              "kubewarden/k8s-objects",
              "kubewarden/strfmt",
              "kubewarden/.github",
              "kubewarden/kubewarden-stats",
              "kubewarden/fleet-example",
              "kubewarden/utils",
              "kubewarden/policy-hub",
              "kubewarden/infra",
              "kubewarden/setup-kubewarden-cluster-action",
              "kubewarden/notify-policy-hub",
              "kubewarden/repo",
              "kubewarden/burrego"
            ],
            "id": "org:kubewarden",
            "include_repo_id": false,
            "names": [
              "policy-evaluator",
              "kubewarden.io",
              "docs",
              "kwctl",
              "audit-scanner",
              "policy-server",
              "policy-sdk-go",
              "policy-fetcher",
              "rancher-kubectl-builder",
              "helm-charts",
              "ingress-policy",
              "go-wasi-policy-template",
              "gostubpkg",
              "trusted-repos-policy",
              "go-policy-template",
              "namespace-label-propagator-policy",
              "rancher-project-quotas-namespace-validator",
              "policy-sdk-rust",
              "kubewarden-controller",
              "k8s-objects-generator",
              "volumes-psp-policy",
              "opa-policy-template",
              "github-actions",
              "deprecated-api-versions-policy",
              "psa-label-enforcer-policy",
              "allow-privilege-escalation-psp-policy",
              "apparmor-psp-policy",
              "environment-variable-policy",
              "readonly-root-filesystem-psp-policy",
              "gatekeeper-policy-template",
              "hostpaths-psp-policy",
              "seccomp-psp-policy",
              "disallow-service-nodeport-policy",
              "safe-labels-policy",
              "disallow-service-loadbalancer-policy",
              "allowed-fsgroups-psp-policy",
              "allowed-proc-mount-types-psp-policy",
              "flexvolume-drivers-psp-policy",
              "host-namespaces-psp-policy",
              "verify-image-signatures",
              "context-aware-demo",
              "echo",
              "automation",
              "env-variable-secrets-scanner-policy",
              "capabilities-psp-policy",
              "rancher-project-propagate-labels",
              "safe-annotations-policy",
              "sysctl-psp-policy",
              "user-group-psp-policy",
              "selinux-psp-policy",
              "volumeMounts-policy",
              "sleeping-policy",
              "pod-privileged-policy",
              "kyverno-dsl-policy",
              "kubewarden-end-to-end-tests",
              "load-testing",
              "rfc",
              "policy-sdk-dotnet",
              "pod-runtime-class-policy",
              "rust-policy-template",
              "swift-wasm-runner",
              "policy-sdk-swift",
              "swift-policy-template",
              "k8s-objects",
              "strfmt",
              ".github",
              "kubewarden-stats",
              "fleet-example",
              "utils",
              "policy-hub",
              "infra",
              "setup-kubewarden-cluster-action",
              "notify-policy-hub",
              "repo",
              "burrego"
            ],
            "query": "org:kubewarden",
            "repo_ids": null,
            "results_per_page": 100,
            "sort": "updated"
          },
          "sensitive_attributes": []
        }
      ]
    },
    {
      "mode": "data",
      "type": "github_team",
      "name": "kubewarden_developers",
      "provider": "provider[\"registry.terraform.io/integrations/github\"].kubewarden",
      "instances": [
        {
          "schema_version": 0,
          "attributes": {
            "description": "Kubewarden developers",
            "id": "4972867",
            "members": [
              "ereslibre",
              "flavio",
              "kravciak",
              "fabriziosestito",
              "jvanz",
              "viccuad",
              "jhmarina",
              "olblak",
              "prabalsharma",
              "raulcabello",
              "ncounter",
              "jordojordo"
            ],
            "membership_type": "all",
            "name": "kubewarden-developers",
            "node_id": "T_kwDOBNKsKc4AS-FD",
            "permission": "pull",
            "privacy": "closed",
            "repositories": [
              ".github",
              "allow-privilege-escalation-psp-policy",
              "allowed-fsgroups-psp-policy",
              "allowed-proc-mount-types-psp-policy",
              "apparmor-psp-policy",
              "audit-scanner",
              "automation",
              "burrego",
              "capabilities-psp-policy",
              "context-aware-demo",
              "deprecated-api-versions-policy",
              "disallow-service-loadbalancer-policy",
              "disallow-service-nodeport-policy",
              "docs",
              "echo",
              "env-variable-secrets-scanner-policy",
              "environment-variable-policy",
              "fleet-example",
              "flexvolume-drivers-psp-policy",
              "gatekeeper-policy-template",
              "github-actions",
              "gjson",
              "go-policy-template",
              "go-wasi-policy-template",
              "gostubpkg",
              "gtmpl-rust",
              "helm-charts",
              "host-namespaces-psp-policy",
              "hostpaths-psp-policy",
              "hugo-gh-pages",
              "infra",
              "ingress-policy",
              "k8s-objects",
              "k8s-objects-generator",
              "kube-webhook-wrapper",
              "kubewarden-controller",
              "kubewarden-end-to-end-tests",
              "kubewarden-stats",
              "kubewarden-ui",
              "kubewarden.io",
              "kwctl",
              "kyverno-dsl-policy",
              "load-testing",
              "mdBook",
              "namespace-label-propagator-policy",
              "notify-policy-hub",
              "oci-distribution",
              "opa-policy-template",
              "pod-privileged-policy",
              "pod-runtime-class-policy",
              "policy-evaluator",
              "policy-fetcher",
              "policy-hub",
              "policy-sdk-dotnet",
              "policy-sdk-go",
              "policy-sdk-rust",
              "policy-sdk-swift",
              "policy-server",
              "psa-label-enforcer-policy",
              "rancher-kubectl-builder",
              "rancher-project-propagate-labels",
              "rancher-project-quotas-namespace-validator",
              "readonly-root-filesystem-psp-policy",
              "repo",
              "rfc",
              "rust-policy-template",
              "safe-annotations-policy",
              "safe-labels-policy",
              "seccomp-psp-policy",
              "selinux-psp-policy",
              "setup-kubewarden-cluster-action",
              "sigstore-rs",
              "sleeping-policy",
              "strfmt",
              "swift-policy-template",
              "swift-wasm-runner",
              "sysctl-psp-policy",
              "trusted-repos-policy",
              "user-group-psp-policy",
              "utils",
              "verify-image-signatures",
              "volumeMounts-policy",
              "volumes-psp-policy"
            ],
            "repositories_detailed": [
              {
                "repo_id": 432951117,
                "role_name": "write"
              },
              {
                "repo_id": 346726529,
                "role_name": "write"
              },
              {
                "repo_id": 429035213,
                "role_name": "write"
              },
              {
                "repo_id": 428639739,
                "role_name": "write"
              },
              {
                "repo_id": 347146276,
                "role_name": "write"
              },
              {
                "repo_id": 554050550,
                "role_name": "write"
              },
              {
                "repo_id": 388122009,
                "role_name": "maintain"
              },
              {
                "repo_id": 376107875,
                "role_name": "read"
              },
              {
                "repo_id": 349805058,
                "role_name": "write"
              },
              {
                "repo_id": 615255040,
                "role_name": "write"
              },
              {
                "repo_id": 557363598,
                "role_name": "write"
              },
              {
                "repo_id": 409218877,
                "role_name": "write"
              },
              {
                "repo_id": 407485149,
                "role_name": "write"
              },
              {
                "repo_id": 314266235,
                "role_name": "write"
              },
              {
                "repo_id": 505908394,
                "role_name": "write"
              },
              {
                "repo_id": 548961187,
                "role_name": "write"
              },
              {
                "repo_id": 551478404,
                "role_name": "write"
              },
              {
                "repo_id": 587342877,
                "role_name": "write"
              },
              {
                "repo_id": 429777711,
                "role_name": "write"
              },
              {
                "repo_id": 409226967,
                "role_name": "write"
              },
              {
                "repo_id": 450109365,
                "role_name": "write"
              },
              {
                "repo_id": 350388295,
                "role_name": "read"
              },
              {
                "repo_id": 357122675,
                "role_name": "write"
              },
              {
                "repo_id": 656271150,
                "role_name": "write"
              },
              {
                "repo_id": 700901744,
                "role_name": "write"
              },
              {
                "repo_id": 379001247,
                "role_name": "read"
              },
              {
                "repo_id": 344100819,
                "role_name": "write"
              },
              {
                "repo_id": 374631243,
                "role_name": "write"
              },
              {
                "repo_id": 392730833,
                "role_name": "write"
              },
              {
                "repo_id": 483159365,
                "role_name": "read"
              },
              {
                "repo_id": 538496768,
                "role_name": "write"
              },
              {
                "repo_id": 349048965,
                "role_name": "write"
              },
              {
                "repo_id": 492171063,
                "role_name": "write"
              },
              {
                "repo_id": 493337799,
                "role_name": "write"
              },
              {
                "repo_id": 678374408,
                "role_name": "write"
              },
              {
                "repo_id": 318490971,
                "role_name": "write"
              },
              {
                "repo_id": 433841310,
                "role_name": "write"
              },
              {
                "repo_id": 501989458,
                "role_name": "read"
              },
              {
                "repo_id": 671204207,
                "role_name": "read"
              },
              {
                "repo_id": 314186121,
                "role_name": "write"
              },
              {
                "repo_id": 360471642,
                "role_name": "write"
              },
              {
                "repo_id": 653744462,
                "role_name": "write"
              },
              {
                "repo_id": 387539493,
                "role_name": "write"
              },
              {
                "repo_id": 417044555,
                "role_name": "admin"
              },
              {
                "repo_id": 645692549,
                "role_name": "write"
              },
              {
                "repo_id": 358807820,
                "role_name": "read"
              },
              {
                "repo_id": 431513280,
                "role_name": "read"
              },
              {
                "repo_id": 408822250,
                "role_name": "write"
              },
              {
                "repo_id": 317669762,
                "role_name": "write"
              },
              {
                "repo_id": 313974836,
                "role_name": "write"
              },
              {
                "repo_id": 360458724,
                "role_name": "write"
              },
              {
                "repo_id": 360458827,
                "role_name": "write"
              },
              {
                "repo_id": 350240296,
                "role_name": "write"
              },
              {
                "repo_id": 510336802,
                "role_name": "write"
              },
              {
                "repo_id": 349421874,
                "role_name": "write"
              },
              {
                "repo_id": 346721596,
                "role_name": "write"
              },
              {
                "repo_id": 362066512,
                "role_name": "write"
              },
              {
                "repo_id": 321691643,
                "role_name": "write"
              },
              {
                "repo_id": 641965951,
                "role_name": "write"
              },
              {
                "repo_id": 498340468,
                "role_name": "write"
              },
              {
                "repo_id": 624532830,
                "role_name": "write"
              },
              {
                "repo_id": 608281990,
                "role_name": "write"
              },
              {
                "repo_id": 433373043,
                "role_name": "write"
              },
              {
                "repo_id": 368302552,
                "role_name": "read"
              },
              {
                "repo_id": 467968538,
                "role_name": "write"
              },
              {
                "repo_id": 355166208,
                "role_name": "write"
              },
              {
                "repo_id": 394197071,
                "role_name": "write"
              },
              {
                "repo_id": 357339538,
                "role_name": "write"
              },
              {
                "repo_id": 436305721,
                "role_name": "write"
              },
              {
                "repo_id": 429398743,
                "role_name": "write"
              },
              {
                "repo_id": 433841327,
                "role_name": "write"
              },
              {
                "repo_id": 438920177,
                "role_name": "write"
              },
              {
                "repo_id": 581143300,
                "role_name": "write"
              },
              {
                "repo_id": 491126441,
                "role_name": "write"
              },
              {
                "repo_id": 394251322,
                "role_name": "write"
              },
              {
                "repo_id": 394216381,
                "role_name": "read"
              },
              {
                "repo_id": 391073983,
                "role_name": "write"
              },
              {
                "repo_id": 346742299,
                "role_name": "write"
              },
              {
                "repo_id": 407209064,
                "role_name": "write"
              },
              {
                "repo_id": 511553735,
                "role_name": "write"
              },
              {
                "repo_id": 478565046,
                "role_name": "write"
              },
              {
                "repo_id": 547366508,
                "role_name": "write"
              },
              {
                "repo_id": 394944084,
                "role_name": "write"
              }
            ],
            "results_per_page": 100,
            "slug": "kubewarden-developers",
            "summary_only": false
          },
          "sensitive_attributes": []
        }
      ]
    },
    {
      "mode": "data",
      "type": "github_team",
      "name": "kubewarden_documentation",
      "provider": "provider[\"registry.terraform.io/integrations/github\"].kubewarden",
      "instances": [
        {
          "schema_version": 0,
          "attributes": {
            "description": "Kubewarden documentation team",
            "id": "5417591",
            "members": [
              "ereslibre",
              "nunix",
              "btat",
              "jhkrug",
              "divya-mohan0209",
              "jtravee"
            ],
            "membership_type": "all",
            "name": "kubewarden-documentation",
            "node_id": "T_kwDOBNKsKc4AUqp3",
            "permission": "pull",
            "privacy": "closed",
            "repositories": [
              "docs",
              "kubewarden-controller",
              "kubewarden.io",
              "rfc"
            ],
            "repositories_detailed": [
              {
                "repo_id": 314266235,
                "role_name": "write"
              },
              {
                "repo_id": 318490971,
                "role_name": "read"
              },
              {
                "repo_id": 314186121,
                "role_name": "write"
              },
              {
                "repo_id": 467968538,
                "role_name": "write"
              }
            ],
            "results_per_page": 100,
            "slug": "kubewarden-documentation",
            "summary_only": false
          },
          "sensitive_attributes": []
        }
      ]
    },
    {
      "module": "module.kubewarden_audit_scanner_repository",
      "mode": "managed",
      "type": "github_app_installation_repository",
      "name": "app_dco",
      "provider": "provider[\"registry.terraform.io/integrations/github\"].kubewarden",
      "instances": [
        {
          "schema_version": 0,
          "attributes": {
            "id": "29141080:audit-scanner",
            "installation_id": "29141080",
            "repo_id": 554050550,
            "repository": "audit-scanner"
          },
          "sensitive_attributes": [],
          "private": "bnVsbA==",
          "dependencies": [
            "module.kubewarden_audit_scanner_repository.github_repository.main"
          ]
        }
      ]
    },
    {
      "module": "module.kubewarden_audit_scanner_repository",
      "mode": "managed",
      "type": "github_issue_label",
      "name": "label",
      "provider": "provider[\"registry.terraform.io/integrations/github\"].kubewarden",
      "instances": [
        {
          "index_key": 0,
          "schema_version": 0,
          "attributes": {
            "color": "D3D7CF",
            "description": "",
            "etag": "W/\"b08c33a232b5e8b8a1e64ee5fa28df428b74586cb1fca204ba98f68183b837ea\"",
            "id": "audit-scanner:area/dependencies",
            "name": "area/dependencies",
            "repository": "audit-scanner",
            "url": "https://api.github.com/repos/kubewarden/audit-scanner/labels/area/dependencies"
          },
          "sensitive_attributes": [],
          "private": "bnVsbA==",
          "dependencies": [
            "module.kubewarden_audit_scanner_repository.github_repository.main"
          ]
        },
        {
          "index_key": 1,
          "schema_version": 0,
          "attributes": {
            "color": "3465A4",
            "description": "",
            "etag": "W/\"2adaa032ec3582011ee09ce65fff1e112ef1c62ac617135c98187053b8bd9946\"",
            "id": "audit-scanner:kind/automation",
            "name": "kind/automation",
            "repository": "audit-scanner",
            "url": "https://api.github.com/repos/kubewarden/audit-scanner/labels/kind/automation"
          },
          "sensitive_attributes": [],
          "private": "bnVsbA==",
          "dependencies": [
            "module.kubewarden_audit_scanner_repository.github_repository.main"
          ]
        },
        {
          "index_key": 2,
          "schema_version": 0,
          "attributes": {
            "color": "FCE94F",
            "description": "",
            "etag": "W/\"09d3a34ade176abe5aa6fe4c75356a7516036fd1e41bde4ba9e661e39560ca48\"",
            "id": "audit-scanner:kind/breaking-change",
            "name": "kind/breaking-change",
            "repository": "audit-scanner",
            "url": "https://api.github.com/repos/kubewarden/audit-scanner/labels/kind/breaking-change"
          },
          "sensitive_attributes": [],
          "private": "bnVsbA==",
          "dependencies": [
            "module.kubewarden_audit_scanner_repository.github_repository.main"
          ]
        },
        {
          "index_key": 3,
          "schema_version": 0,
          "attributes": {
            "color": "EF2929",
            "description": "",
            "etag": "W/\"613452a3222ecc3092f1bb7814e459191d9b57178950097ab57a122bb0a005e6\"",
            "id": "audit-scanner:kind/bug",
            "name": "kind/bug",
            "repository": "audit-scanner",
            "url": "https://api.github.com/repos/kubewarden/audit-scanner/labels/kind/bug"
          },
          "sensitive_attributes": [],
          "private": "bnVsbA==",
          "dependencies": [
            "module.kubewarden_audit_scanner_repository.github_repository.main"
          ]
        },
        {
          "index_key": 4,
          "schema_version": 0,
          "attributes": {
            "color": "555753",
            "description": "",
            "etag": "W/\"3c40612bbb06d4b5f5fa38456019503b1a49846fe0f76a85200dbf9a659b938c\"",
            "id": "audit-scanner:kind/chore",
            "name": "kind/chore",
            "repository": "audit-scanner",
            "url": "https://api.github.com/repos/kubewarden/audit-scanner/labels/kind/chore"
          },
          "sensitive_attributes": [],
          "private": "bnVsbA==",
          "dependencies": [
            "module.kubewarden_audit_scanner_repository.github_repository.main"
          ]
        },
        {
          "index_key": 5,
          "schema_version": 0,
          "attributes": {
            "color": "06989A",
            "description": "",
            "etag": "W/\"2805b085eaf2196d0141352292a74f4131b1b23d4f18a372d512b000d51aa7b8\"",
            "id": "audit-scanner:kind/enhancement",
            "name": "kind/enhancement",
            "repository": "audit-scanner",
            "url": "https://api.github.com/repos/kubewarden/audit-scanner/labels/kind/enhancement"
          },
          "sensitive_attributes": [],
          "private": "bnVsbA==",
          "dependencies": [
            "module.kubewarden_audit_scanner_repository.github_repository.main"
          ]
        },
        {
          "index_key": 6,
          "schema_version": 0,
          "attributes": {
            "color": "34E2E2",
            "description": "",
            "etag": "W/\"9c0fb166e8d2f93cc7199c1be964573d8491ae17a565c50c3ffa0a0df94c2590\"",
            "id": "audit-scanner:kind/feature",
            "name": "kind/feature",
            "repository": "audit-scanner",
            "url": "https://api.github.com/repos/kubewarden/audit-scanner/labels/kind/feature"
          },
          "sensitive_attributes": [],
          "private": "bnVsbA==",
          "dependencies": [
            "module.kubewarden_audit_scanner_repository.github_repository.main"
          ]
        },
        {
          "index_key": 7,
          "schema_version": 0,
          "attributes": {
            "color": "ad7fa8",
            "description": "",
            "etag": "W/\"9a9b78ebcc6e6ec179da193c24aafc02f24aea5e5efd13cf9851089208cbe9c0\"",
            "id": "audit-scanner:kind/question",
            "name": "kind/question",
            "repository": "audit-scanner",
            "url": "https://api.github.com/repos/kubewarden/audit-scanner/labels/kind/question"
          },
          "sensitive_attributes": [],
          "private": "bnVsbA==",
          "dependencies": [
            "module.kubewarden_audit_scanner_repository.github_repository.main"
          ]
        },
        {
          "index_key": 8,
          "schema_version": 0,
          "attributes": {
            "color": "729FCF",
            "description": "",
            "etag": "W/\"4ac2a4e3e84b2f73736a4da9e2391023605d5da70abbbfad40660e3e8288780a\"",
            "id": "audit-scanner:kind/tech-debt",
            "name": "kind/tech-debt",
            "repository": "audit-scanner",
            "url": "https://api.github.com/repos/kubewarden/audit-scanner/labels/kind/tech-debt"
          },
          "sensitive_attributes": [],
          "private": "bnVsbA==",
          "dependencies": [
            "module.kubewarden_audit_scanner_repository.github_repository.main"
          ]
        },
        {
          "index_key": 9,
          "schema_version": 0,
          "attributes": {
            "color": "8AE234",
            "description": "",
            "etag": "W/\"af9c139c3c46a8490bca72b3cf16bbe920d06375487f4ddcb288e2738d746fbe\"",
            "id": "audit-scanner:release/major",
            "name": "release/major",
            "repository": "audit-scanner",
            "url": "https://api.github.com/repos/kubewarden/audit-scanner/labels/release/major"
          },
          "sensitive_attributes": [],
          "private": "bnVsbA==",
          "dependencies": [
            "module.kubewarden_audit_scanner_repository.github_repository.main"
          ]
        },
        {
          "index_key": 10,
          "schema_version": 0,
          "attributes": {
            "color": "4E9A06",
            "description": "",
            "etag": "W/\"589fe4defec2eb8ab666a96a04cdd6826556607965d1debab67104ccb009a0fa\"",
            "id": "audit-scanner:release/minor",
            "name": "release/minor",
            "repository": "audit-scanner",
            "url": "https://api.github.com/repos/kubewarden/audit-scanner/labels/release/minor"
          },
          "sensitive_attributes": [],
          "private": "bnVsbA==",
          "dependencies": [
            "module.kubewarden_audit_scanner_repository.github_repository.main"
          ]
        },
        {
          "index_key": 11,
          "schema_version": 0,
          "attributes": {
            "color": "aa6600",
            "description": "",
            "etag": "W/\"40493f2327774dccc3e5b30f08c29db63f2779b36f2935b74c75495946746e1e\"",
            "id": "audit-scanner:release/patch",
            "name": "release/patch",
            "repository": "audit-scanner",
            "url": "https://api.github.com/repos/kubewarden/audit-scanner/labels/release/patch"
          },
          "sensitive_attributes": [],
          "private": "bnVsbA==",
          "dependencies": [
            "module.kubewarden_audit_scanner_repository.github_repository.main"
          ]
        },
        {
          "index_key": 12,
          "schema_version": 0,
          "attributes": {
            "color": "77cc00",
            "description": "",
            "etag": "W/\"0bd80bc916c32ebcbdedcc62cda663dda18c9baefca9856e9bc318c3609103f9\"",
            "id": "audit-scanner:release/skip-changelog",
            "name": "release/skip-changelog",
            "repository": "audit-scanner",
            "url": "https://api.github.com/repos/kubewarden/audit-scanner/labels/release/skip-changelog"
          },
          "sensitive_attributes": [],
          "private": "bnVsbA==",
          "dependencies": [
            "module.kubewarden_audit_scanner_repository.github_repository.main"
          ]
        }
      ]
    },
    {
      "module": "module.kubewarden_audit_scanner_repository",
      "mode": "managed",
      "type": "github_repository",
      "name": "main",
      "provider": "provider[\"registry.terraform.io/integrations/github\"].kubewarden",
      "instances": [
        {
          "schema_version": 1,
          "attributes": {
            "allow_auto_merge": false,
            "allow_merge_commit": true,
            "allow_rebase_merge": true,
            "allow_squash_merge": true,
            "allow_update_branch": false,
            "archive_on_destroy": null,
            "archived": false,
            "auto_init": null,
            "default_branch": "main",
            "delete_branch_on_merge": false,
            "description": "Reports evaluation of existing Kubernetes resources with your already deployed Kubewarden policies.",
            "etag": "W/\"ecb1e5362cfe4a6e4ac9a6daa64667aba0ebfb0f2e77aadbbd09c532cbe36252\"",
            "full_name": "kubewarden/audit-scanner",
            "git_clone_url": "git://github.com/kubewarden/audit-scanner.git",
            "gitignore_template": null,
            "has_discussions": false,
            "has_downloads": true,
            "has_issues": true,
            "has_projects": false,
            "has_wiki": true,
            "homepage_url": "https://kubewarden.io",
            "html_url": "https://github.com/kubewarden/audit-scanner",
            "http_clone_url": "https://github.com/kubewarden/audit-scanner.git",
            "id": "audit-scanner",
            "ignore_vulnerability_alerts_during_read": null,
            "is_template": false,
            "license_template": null,
            "merge_commit_message": "PR_TITLE",
            "merge_commit_title": "MERGE_MESSAGE",
            "name": "audit-scanner",
            "node_id": "R_kgDOIQYj9g",
            "pages": [],
            "primary_language": "Go",
            "private": false,
            "repo_id": 554050550,
            "security_and_analysis": [
              {
                "advanced_security": [],
                "secret_scanning": [
                  {
                    "status": "enabled"
                  }
                ],
                "secret_scanning_push_protection": [
                  {
                    "status": "disabled"
                  }
                ]
              }
            ],
            "squash_merge_commit_message": "COMMIT_MESSAGES",
            "squash_merge_commit_title": "COMMIT_OR_PR_TITLE",
            "ssh_clone_url": "git@github.com:kubewarden/audit-scanner.git",
            "svn_url": "https://github.com/kubewarden/audit-scanner",
            "template": [],
            "topics": [
              "hacktoberfest",
              "kubernetes",
              "kubernetes-security",
              "policy-as-code",
              "webassembly"
            ],
            "visibility": "public",
            "vulnerability_alerts": true
          },
          "sensitive_attributes": [],
          "private": "eyJzY2hlbWFfdmVyc2lvbiI6IjEifQ=="
        }
      ]
    },
    {
      "module": "module.kubewarden_audit_scanner_repository",
      "mode": "managed",
      "type": "github_team_repository",
      "name": "gh_team_push_rights",
      "provider": "provider[\"registry.terraform.io/integrations/github\"].kubewarden",
      "instances": [
        {
          "index_key": 0,
          "schema_version": 0,
          "attributes": {
            "etag": "W/\"b95fac813b322a355391dd5ac8782c15c7574c06ebf07175a9770748333d406e\"",
            "id": "4972867:audit-scanner",
            "permission": "push",
            "repository": "audit-scanner",
            "team_id": "4972867"
          },
          "sensitive_attributes": [],
          "private": "bnVsbA==",
          "dependencies": [
            "data.github_team.kubewarden_developers",
            "module.kubewarden_audit_scanner_repository.github_repository.main"
          ]
        }
      ]
    },
    {
      "module": "module.kubewarden_docs_repository",
      "mode": "managed",
      "type": "github_app_installation_repository",
      "name": "app_dco",
      "provider": "provider[\"registry.terraform.io/integrations/github\"].kubewarden",
      "instances": [
        {
          "schema_version": 0,
          "attributes": {
            "id": "29141080:docs",
            "installation_id": "29141080",
            "repo_id": 314266235,
            "repository": "docs"
          },
          "sensitive_attributes": [],
          "private": "bnVsbA==",
          "dependencies": [
            "module.kubewarden_docs_repository.github_repository.main"
          ]
        }
      ]
    },
    {
      "module": "module.kubewarden_docs_repository",
      "mode": "managed",
      "type": "github_issue_label",
      "name": "label",
      "provider": "provider[\"registry.terraform.io/integrations/github\"].kubewarden",
      "instances": [
        {
          "index_key": 0,
          "schema_version": 0,
          "attributes": {
            "color": "D3D7CF",
            "description": "",
            "etag": "W/\"b36c25aa652ae582c82949d0eb516daa1161cf84128e97eddecccd5c91a4da30\"",
            "id": "docs:area/dependencies",
            "name": "area/dependencies",
            "repository": "docs",
            "url": "https://api.github.com/repos/kubewarden/docs/labels/area/dependencies"
          },
          "sensitive_attributes": [],
          "private": "bnVsbA==",
          "dependencies": [
            "module.kubewarden_docs_repository.github_repository.main"
          ]
        },
        {
          "index_key": 1,
          "schema_version": 0,
          "attributes": {
            "color": "3465A4",
            "description": "",
            "etag": "W/\"1c3e3035232295149f4f6b29f2973dc14f82a709baf4a65f5c2dd178e7f0a974\"",
            "id": "docs:kind/automation",
            "name": "kind/automation",
            "repository": "docs",
            "url": "https://api.github.com/repos/kubewarden/docs/labels/kind/automation"
          },
          "sensitive_attributes": [],
          "private": "bnVsbA==",
          "dependencies": [
            "module.kubewarden_docs_repository.github_repository.main"
          ]
        },
        {
          "index_key": 2,
          "schema_version": 0,
          "attributes": {
            "color": "FCE94F",
            "description": "",
            "etag": "W/\"a18bdb98c930450b4df41bc474604bdbb03b0799f4c65cf116a2e9e335fee32e\"",
            "id": "docs:kind/breaking-change",
            "name": "kind/breaking-change",
            "repository": "docs",
            "url": "https://api.github.com/repos/kubewarden/docs/labels/kind/breaking-change"
          },
          "sensitive_attributes": [],
          "private": "bnVsbA==",
          "dependencies": [
            "module.kubewarden_docs_repository.github_repository.main"
          ]
        },
        {
          "index_key": 3,
          "schema_version": 0,
          "attributes": {
            "color": "EF2929",
            "description": "",
            "etag": "W/\"47fd1c903320f3bffdaca20a12ba7d197dfe0827ffae27e3aca354e7c4e3d5f4\"",
            "id": "docs:kind/bug",
            "name": "kind/bug",
            "repository": "docs",
            "url": "https://api.github.com/repos/kubewarden/docs/labels/kind/bug"
          },
          "sensitive_attributes": [],
          "private": "bnVsbA==",
          "dependencies": [
            "module.kubewarden_docs_repository.github_repository.main"
          ]
        },
        {
          "index_key": 4,
          "schema_version": 0,
          "attributes": {
            "color": "555753",
            "description": "",
            "etag": "W/\"708eca6ad47b1b5542300e200710d4dac12b0bbbd416a7ad9462611ed8ca0c9b\"",
            "id": "docs:kind/chore",
            "name": "kind/chore",
            "repository": "docs",
            "url": "https://api.github.com/repos/kubewarden/docs/labels/kind/chore"
          },
          "sensitive_attributes": [],
          "private": "bnVsbA==",
          "dependencies": [
            "module.kubewarden_docs_repository.github_repository.main"
          ]
        },
        {
          "index_key": 5,
          "schema_version": 0,
          "attributes": {
            "color": "06989A",
            "description": "",
            "etag": "W/\"b9bcffdcf0a6c14a4e006e47b2a19c148f2831ddb225c0e3708ea5dedd155db1\"",
            "id": "docs:kind/enhancement",
            "name": "kind/enhancement",
            "repository": "docs",
            "url": "https://api.github.com/repos/kubewarden/docs/labels/kind/enhancement"
          },
          "sensitive_attributes": [],
          "private": "bnVsbA==",
          "dependencies": [
            "module.kubewarden_docs_repository.github_repository.main"
          ]
        },
        {
          "index_key": 6,
          "schema_version": 0,
          "attributes": {
            "color": "34E2E2",
            "description": "",
            "etag": "W/\"4cf24cf362aaf30d706c1d92c4f7b25595b9065e32aa4742e7bbb2c06e5be598\"",
            "id": "docs:kind/feature",
            "name": "kind/feature",
            "repository": "docs",
            "url": "https://api.github.com/repos/kubewarden/docs/labels/kind/feature"
          },
          "sensitive_attributes": [],
          "private": "bnVsbA==",
          "dependencies": [
            "module.kubewarden_docs_repository.github_repository.main"
          ]
        },
        {
          "index_key": 7,
          "schema_version": 0,
          "attributes": {
            "color": "ad7fa8",
            "description": "",
            "etag": "W/\"6e8809575fe79d48ad02bd9da7cda0145b962c6651d150b70fd69acab3b7caf5\"",
            "id": "docs:kind/question",
            "name": "kind/question",
            "repository": "docs",
            "url": "https://api.github.com/repos/kubewarden/docs/labels/kind/question"
          },
          "sensitive_attributes": [],
          "private": "bnVsbA==",
          "dependencies": [
            "module.kubewarden_docs_repository.github_repository.main"
          ]
        },
        {
          "index_key": 8,
          "schema_version": 0,
          "attributes": {
            "color": "729FCF",
            "description": "",
            "etag": "W/\"83445270a49194c4353072d5d9cca4150a4f7f91c9c0f750c090c884adf86c21\"",
            "id": "docs:kind/tech-debt",
            "name": "kind/tech-debt",
            "repository": "docs",
            "url": "https://api.github.com/repos/kubewarden/docs/labels/kind/tech-debt"
          },
          "sensitive_attributes": [],
          "private": "bnVsbA==",
          "dependencies": [
            "module.kubewarden_docs_repository.github_repository.main"
          ]
        },
        {
          "index_key": 9,
          "schema_version": 0,
          "attributes": {
            "color": "8AE234",
            "description": "",
            "etag": "W/\"3b8587eee86c56e918f2d1b1a4df824ad081ce21af8e8d41793aebe5f55756f4\"",
            "id": "docs:release/major",
            "name": "release/major",
            "repository": "docs",
            "url": "https://api.github.com/repos/kubewarden/docs/labels/release/major"
          },
          "sensitive_attributes": [],
          "private": "bnVsbA==",
          "dependencies": [
            "module.kubewarden_docs_repository.github_repository.main"
          ]
        },
        {
          "index_key": 10,
          "schema_version": 0,
          "attributes": {
            "color": "4E9A06",
            "description": "",
            "etag": "W/\"98f6fa455bf10810470685a5c4d01b6e6fac40898013da0503e29732994fe335\"",
            "id": "docs:release/minor",
            "name": "release/minor",
            "repository": "docs",
            "url": "https://api.github.com/repos/kubewarden/docs/labels/release/minor"
          },
          "sensitive_attributes": [],
          "private": "bnVsbA==",
          "dependencies": [
            "module.kubewarden_docs_repository.github_repository.main"
          ]
        },
        {
          "index_key": 11,
          "schema_version": 0,
          "attributes": {
            "color": "aa6600",
            "description": "",
            "etag": "W/\"d03f6f20c88882888cc696b38be7cc50bfd928448fe92c31c320885abd5ec092\"",
            "id": "docs:release/patch",
            "name": "release/patch",
            "repository": "docs",
            "url": "https://api.github.com/repos/kubewarden/docs/labels/release/patch"
          },
          "sensitive_attributes": [],
          "private": "bnVsbA==",
          "dependencies": [
            "module.kubewarden_docs_repository.github_repository.main"
          ]
        },
        {
          "index_key": 12,
          "schema_version": 0,
          "attributes": {
            "color": "77cc00",
            "description": "",
            "etag": "W/\"dedda1ce6d36735fefa91c88574be4e115f1936bd305e893a06cbe594b7d1d39\"",
            "id": "docs:release/skip-changelog",
            "name": "release/skip-changelog",
            "repository": "docs",
            "url": "https://api.github.com/repos/kubewarden/docs/labels/release/skip-changelog"
          },
          "sensitive_attributes": [],
          "private": "bnVsbA==",
          "dependencies": [
            "module.kubewarden_docs_repository.github_repository.main"
          ]
        }
      ]
    },
    {
      "module": "module.kubewarden_docs_repository",
      "mode": "managed",
      "type": "github_repository",
      "name": "main",
      "provider": "provider[\"registry.terraform.io/integrations/github\"].kubewarden",
      "instances": [
        {
          "schema_version": 1,
          "attributes": {
            "allow_auto_merge": false,
            "allow_merge_commit": true,
            "allow_rebase_merge": true,
            "allow_squash_merge": true,
            "allow_update_branch": false,
            "archive_on_destroy": null,
            "archived": false,
            "auto_init": false,
            "default_branch": "main",
            "delete_branch_on_merge": false,
            "description": "Kubewarden's documentation",
            "etag": "W/\"110ad14a604e3cb14f4d641cb04fb1ea361c745af3adc102edff4efe41c8db5c\"",
            "full_name": "kubewarden/docs",
            "git_clone_url": "git://github.com/kubewarden/docs.git",
            "gitignore_template": null,
            "has_discussions": false,
            "has_downloads": true,
            "has_issues": true,
            "has_projects": false,
            "has_wiki": true,
            "homepage_url": "https://docs.kubewarden.io",
            "html_url": "https://github.com/kubewarden/docs",
            "http_clone_url": "https://github.com/kubewarden/docs.git",
            "id": "docs",
            "ignore_vulnerability_alerts_during_read": null,
            "is_template": false,
            "license_template": null,
            "merge_commit_message": "PR_TITLE",
            "merge_commit_title": "MERGE_MESSAGE",
            "name": "docs",
            "node_id": "MDEwOlJlcG9zaXRvcnkzMTQyNjYyMzU=",
            "pages": [
              {
                "build_type": "legacy",
                "cname": "docs.kubewarden.io",
                "custom_404": true,
                "html_url": "https://docs.kubewarden.io/",
                "source": [
                  {
                    "branch": "gh-pages",
                    "path": "/"
                  }
                ],
                "status": "built",
                "url": "https://api.github.com/repos/kubewarden/docs/pages"
              }
            ],
            "primary_language": "JavaScript",
            "private": false,
            "repo_id": 314266235,
            "security_and_analysis": [
              {
                "advanced_security": [],
                "secret_scanning": [
                  {
                    "status": "enabled"
                  }
                ],
                "secret_scanning_push_protection": [
                  {
                    "status": "disabled"
                  }
                ]
              }
            ],
            "squash_merge_commit_message": "COMMIT_MESSAGES",
            "squash_merge_commit_title": "COMMIT_OR_PR_TITLE",
            "ssh_clone_url": "git@github.com:kubewarden/docs.git",
            "svn_url": "https://github.com/kubewarden/docs",
            "template": [],
            "topics": [
              "hacktoberfest",
              "kubernetes",
              "kubernetes-security",
              "policy-as-code",
              "webassembly"
            ],
            "visibility": "public",
            "vulnerability_alerts": true
          },
          "sensitive_attributes": [],
          "private": "eyJzY2hlbWFfdmVyc2lvbiI6IjEifQ=="
        }
      ]
    },
    {
      "module": "module.kubewarden_docs_repository",
      "mode": "managed",
      "type": "github_team_repository",
      "name": "gh_team_push_rights",
      "provider": "provider[\"registry.terraform.io/integrations/github\"].kubewarden",
      "instances": [
        {
          "index_key": 0,
          "schema_version": 0,
          "attributes": {
            "etag": "W/\"c67f807eeb21fb6b413ae492a33d11f1b2c86b3638126f7670964e30529db265\"",
            "id": "4972867:docs",
            "permission": "push",
            "repository": "docs",
            "team_id": "4972867"
          },
          "sensitive_attributes": [],
          "private": "bnVsbA==",
          "dependencies": [
            "data.github_team.kubewarden_developers",
            "data.github_team.kubewarden_documentation",
            "module.kubewarden_docs_repository.github_repository.main"
          ]
        },
        {
          "index_key": 1,
          "schema_version": 0,
          "attributes": {
            "etag": "W/\"c67f807eeb21fb6b413ae492a33d11f1b2c86b3638126f7670964e30529db265\"",
            "id": "5417591:docs",
            "permission": "push",
            "repository": "docs",
            "team_id": "5417591"
          },
          "sensitive_attributes": [],
          "private": "bnVsbA==",
          "dependencies": [
            "data.github_team.kubewarden_developers",
            "data.github_team.kubewarden_documentation",
            "module.kubewarden_docs_repository.github_repository.main"
          ]
        }
      ]
    },
    {
      "module": "module.kubewarden_end_to_end_tests_repository",
      "mode": "managed",
      "type": "github_app_installation_repository",
      "name": "app_dco",
      "provider": "provider[\"registry.terraform.io/integrations/github\"].kubewarden",
      "instances": [
        {
          "schema_version": 0,
          "attributes": {
            "id": "29141080:kubewarden-end-to-end-tests",
            "installation_id": "29141080",
            "repo_id": 433841310,
            "repository": "kubewarden-end-to-end-tests"
          },
          "sensitive_attributes": [],
          "private": "bnVsbA==",
          "dependencies": [
            "module.kubewarden_end_to_end_tests_repository.github_repository.main"
          ]
        }
      ]
    },
    {
      "module": "module.kubewarden_end_to_end_tests_repository",
      "mode": "managed",
      "type": "github_issue_label",
      "name": "label",
      "provider": "provider[\"registry.terraform.io/integrations/github\"].kubewarden",
      "instances": [
        {
          "index_key": 0,
          "schema_version": 0,
          "attributes": {
            "color": "D3D7CF",
            "description": "",
            "etag": "W/\"57b4c03135a3a8a906273b03bf5518df4f6746d9f9d9829d5c26074efc1cb56f\"",
            "id": "kubewarden-end-to-end-tests:area/dependencies",
            "name": "area/dependencies",
            "repository": "kubewarden-end-to-end-tests",
            "url": "https://api.github.com/repos/kubewarden/kubewarden-end-to-end-tests/labels/area/dependencies"
          },
          "sensitive_attributes": [],
          "private": "bnVsbA==",
          "dependencies": [
            "module.kubewarden_end_to_end_tests_repository.github_repository.main"
          ]
        },
        {
          "index_key": 1,
          "schema_version": 0,
          "attributes": {
            "color": "3465A4",
            "description": "",
            "etag": "W/\"9e1d2868422cc088cfb91888e456f875b5f14ebd125cd5a62e9f384388972b35\"",
            "id": "kubewarden-end-to-end-tests:kind/automation",
            "name": "kind/automation",
            "repository": "kubewarden-end-to-end-tests",
            "url": "https://api.github.com/repos/kubewarden/kubewarden-end-to-end-tests/labels/kind/automation"
          },
          "sensitive_attributes": [],
          "private": "bnVsbA==",
          "dependencies": [
            "module.kubewarden_end_to_end_tests_repository.github_repository.main"
          ]
        },
        {
          "index_key": 2,
          "schema_version": 0,
          "attributes": {
            "color": "FCE94F",
            "description": "",
            "etag": "W/\"b24078da9c4e19508b35a1fb0037d0c41820fd32cc35bd2d9896ab4897ca0583\"",
            "id": "kubewarden-end-to-end-tests:kind/breaking-change",
            "name": "kind/breaking-change",
            "repository": "kubewarden-end-to-end-tests",
            "url": "https://api.github.com/repos/kubewarden/kubewarden-end-to-end-tests/labels/kind/breaking-change"
          },
          "sensitive_attributes": [],
          "private": "bnVsbA==",
          "dependencies": [
            "module.kubewarden_end_to_end_tests_repository.github_repository.main"
          ]
        },
        {
          "index_key": 3,
          "schema_version": 0,
          "attributes": {
            "color": "EF2929",
            "description": "",
            "etag": "W/\"3a1d2d5cc3a446e9f6be7870915aed4dc8d162c2980f948bea9abb09320f7d97\"",
            "id": "kubewarden-end-to-end-tests:kind/bug",
            "name": "kind/bug",
            "repository": "kubewarden-end-to-end-tests",
            "url": "https://api.github.com/repos/kubewarden/kubewarden-end-to-end-tests/labels/kind/bug"
          },
          "sensitive_attributes": [],
          "private": "bnVsbA==",
          "dependencies": [
            "module.kubewarden_end_to_end_tests_repository.github_repository.main"
          ]
        },
        {
          "index_key": 4,
          "schema_version": 0,
          "attributes": {
            "color": "555753",
            "description": "",
            "etag": "W/\"9c628133c17832f26e0e59e8ad7201b1daf0e74b860d05dba12c383826d4a4b4\"",
            "id": "kubewarden-end-to-end-tests:kind/chore",
            "name": "kind/chore",
            "repository": "kubewarden-end-to-end-tests",
            "url": "https://api.github.com/repos/kubewarden/kubewarden-end-to-end-tests/labels/kind/chore"
          },
          "sensitive_attributes": [],
          "private": "bnVsbA==",
          "dependencies": [
            "module.kubewarden_end_to_end_tests_repository.github_repository.main"
          ]
        },
        {
          "index_key": 5,
          "schema_version": 0,
          "attributes": {
            "color": "06989A",
            "description": "",
            "etag": "W/\"6b827bd79955b0aaa96c1aa19e0a37cd3790ce52fa6e4a875e2c536da72cf764\"",
            "id": "kubewarden-end-to-end-tests:kind/enhancement",
            "name": "kind/enhancement",
            "repository": "kubewarden-end-to-end-tests",
            "url": "https://api.github.com/repos/kubewarden/kubewarden-end-to-end-tests/labels/kind/enhancement"
          },
          "sensitive_attributes": [],
          "private": "bnVsbA==",
          "dependencies": [
            "module.kubewarden_end_to_end_tests_repository.github_repository.main"
          ]
        },
        {
          "index_key": 6,
          "schema_version": 0,
          "attributes": {
            "color": "34E2E2",
            "description": "",
            "etag": "W/\"0892d5ddfcdd2d229bd498d4e5898c949c12d95ab130019a35a2bfef01b7978c\"",
            "id": "kubewarden-end-to-end-tests:kind/feature",
            "name": "kind/feature",
            "repository": "kubewarden-end-to-end-tests",
            "url": "https://api.github.com/repos/kubewarden/kubewarden-end-to-end-tests/labels/kind/feature"
          },
          "sensitive_attributes": [],
          "private": "bnVsbA==",
          "dependencies": [
            "module.kubewarden_end_to_end_tests_repository.github_repository.main"
          ]
        },
        {
          "index_key": 7,
          "schema_version": 0,
          "attributes": {
            "color": "ad7fa8",
            "description": "",
            "etag": "W/\"68b9d6cc90a8d7d7df9cd05f35525c7447ce4cd348caa2254c5324827911a3a8\"",
            "id": "kubewarden-end-to-end-tests:kind/question",
            "name": "kind/question",
            "repository": "kubewarden-end-to-end-tests",
            "url": "https://api.github.com/repos/kubewarden/kubewarden-end-to-end-tests/labels/kind/question"
          },
          "sensitive_attributes": [],
          "private": "bnVsbA==",
          "dependencies": [
            "module.kubewarden_end_to_end_tests_repository.github_repository.main"
          ]
        },
        {
          "index_key": 8,
          "schema_version": 0,
          "attributes": {
            "color": "729FCF",
            "description": "",
            "etag": "W/\"d517da6ecb5cdb65b6a878ebe1757caa4bc905dc596603b58b626006b46a30cb\"",
            "id": "kubewarden-end-to-end-tests:kind/tech-debt",
            "name": "kind/tech-debt",
            "repository": "kubewarden-end-to-end-tests",
            "url": "https://api.github.com/repos/kubewarden/kubewarden-end-to-end-tests/labels/kind/tech-debt"
          },
          "sensitive_attributes": [],
          "private": "bnVsbA==",
          "dependencies": [
            "module.kubewarden_end_to_end_tests_repository.github_repository.main"
          ]
        },
        {
          "index_key": 9,
          "schema_version": 0,
          "attributes": {
            "color": "8AE234",
            "description": "",
            "etag": "W/\"23f12118c4a39d85b693c4a2dc0c23b33d15a57f06b26d7df1fd4218f195364a\"",
            "id": "kubewarden-end-to-end-tests:release/major",
            "name": "release/major",
            "repository": "kubewarden-end-to-end-tests",
            "url": "https://api.github.com/repos/kubewarden/kubewarden-end-to-end-tests/labels/release/major"
          },
          "sensitive_attributes": [],
          "private": "bnVsbA==",
          "dependencies": [
            "module.kubewarden_end_to_end_tests_repository.github_repository.main"
          ]
        },
        {
          "index_key": 10,
          "schema_version": 0,
          "attributes": {
            "color": "4E9A06",
            "description": "",
            "etag": "W/\"2796be2bb067e7c5989d03f05b967589d75a1e10cf909deea49b127150927c32\"",
            "id": "kubewarden-end-to-end-tests:release/minor",
            "name": "release/minor",
            "repository": "kubewarden-end-to-end-tests",
            "url": "https://api.github.com/repos/kubewarden/kubewarden-end-to-end-tests/labels/release/minor"
          },
          "sensitive_attributes": [],
          "private": "bnVsbA==",
          "dependencies": [
            "module.kubewarden_end_to_end_tests_repository.github_repository.main"
          ]
        },
        {
          "index_key": 11,
          "schema_version": 0,
          "attributes": {
            "color": "aa6600",
            "description": "",
            "etag": "W/\"6fe44704b16da84be777d53005892d4d2093b6613333781906d293c0151a54e2\"",
            "id": "kubewarden-end-to-end-tests:release/patch",
            "name": "release/patch",
            "repository": "kubewarden-end-to-end-tests",
            "url": "https://api.github.com/repos/kubewarden/kubewarden-end-to-end-tests/labels/release/patch"
          },
          "sensitive_attributes": [],
          "private": "bnVsbA==",
          "dependencies": [
            "module.kubewarden_end_to_end_tests_repository.github_repository.main"
          ]
        },
        {
          "index_key": 12,
          "schema_version": 0,
          "attributes": {
            "color": "77cc00",
            "description": "",
            "etag": "W/\"71ab424a8b9468b8e79bcca397ff034620c7d1b5a208e877b361d7ad9ced81e4\"",
            "id": "kubewarden-end-to-end-tests:release/skip-changelog",
            "name": "release/skip-changelog",
            "repository": "kubewarden-end-to-end-tests",
            "url": "https://api.github.com/repos/kubewarden/kubewarden-end-to-end-tests/labels/release/skip-changelog"
          },
          "sensitive_attributes": [],
          "private": "bnVsbA==",
          "dependencies": [
            "module.kubewarden_end_to_end_tests_repository.github_repository.main"
          ]
        }
      ]
    },
    {
      "module": "module.kubewarden_end_to_end_tests_repository",
      "mode": "managed",
      "type": "github_repository",
      "name": "main",
      "provider": "provider[\"registry.terraform.io/integrations/github\"].kubewarden",
      "instances": [
        {
          "schema_version": 1,
          "attributes": {
            "allow_auto_merge": false,
            "allow_merge_commit": true,
            "allow_rebase_merge": true,
            "allow_squash_merge": true,
            "allow_update_branch": false,
            "archive_on_destroy": null,
            "archived": false,
            "auto_init": null,
            "default_branch": "main",
            "delete_branch_on_merge": false,
            "description": "Files used to run Kubewarden end-to-end tests",
            "etag": "W/\"6d7f17d02314bbb43f0155b4ddec12205f0b541909aee83a11b37fb46aafffbb\"",
            "full_name": "kubewarden/kubewarden-end-to-end-tests",
            "git_clone_url": "git://github.com/kubewarden/kubewarden-end-to-end-tests.git",
            "gitignore_template": null,
            "has_discussions": false,
            "has_downloads": true,
            "has_issues": true,
            "has_projects": false,
            "has_wiki": true,
            "homepage_url": "https://kubewarden.io",
            "html_url": "https://github.com/kubewarden/kubewarden-end-to-end-tests",
            "http_clone_url": "https://github.com/kubewarden/kubewarden-end-to-end-tests.git",
            "id": "kubewarden-end-to-end-tests",
            "ignore_vulnerability_alerts_during_read": null,
            "is_template": false,
            "license_template": null,
            "merge_commit_message": "PR_TITLE",
            "merge_commit_title": "MERGE_MESSAGE",
            "name": "kubewarden-end-to-end-tests",
            "node_id": "R_kgDOGdvkng",
            "pages": [],
            "primary_language": "Shell",
            "private": false,
            "repo_id": 433841310,
            "security_and_analysis": [
              {
                "advanced_security": [],
                "secret_scanning": [
                  {
                    "status": "enabled"
                  }
                ],
                "secret_scanning_push_protection": [
                  {
                    "status": "disabled"
                  }
                ]
              }
            ],
            "squash_merge_commit_message": "COMMIT_MESSAGES",
            "squash_merge_commit_title": "COMMIT_OR_PR_TITLE",
            "ssh_clone_url": "git@github.com:kubewarden/kubewarden-end-to-end-tests.git",
            "svn_url": "https://github.com/kubewarden/kubewarden-end-to-end-tests",
            "template": [],
            "topics": [
              "hacktoberfest",
              "kubernetes",
              "kubernetes-security",
              "policy-as-code",
              "webassembly"
            ],
            "visibility": "public",
            "vulnerability_alerts": true
          },
          "sensitive_attributes": [],
          "private": "eyJzY2hlbWFfdmVyc2lvbiI6IjEifQ=="
        }
      ]
    },
    {
      "module": "module.kubewarden_end_to_end_tests_repository",
      "mode": "managed",
      "type": "github_team_repository",
      "name": "gh_team_push_rights",
      "provider": "provider[\"registry.terraform.io/integrations/github\"].kubewarden",
      "instances": [
        {
          "index_key": 0,
          "schema_version": 0,
          "attributes": {
            "etag": "W/\"7863bf6bdb7cd10335ce2cb5abe213067610476dc725ce8f7a879582cf1577ee\"",
            "id": "4972867:kubewarden-end-to-end-tests",
            "permission": "push",
            "repository": "kubewarden-end-to-end-tests",
            "team_id": "4972867"
          },
          "sensitive_attributes": [],
          "private": "bnVsbA==",
          "dependencies": [
            "data.github_team.kubewarden_developers",
            "module.kubewarden_end_to_end_tests_repository.github_repository.main"
          ]
        }
      ]
    },
    {
      "module": "module.kubewarden_fleet_example_repository",
      "mode": "managed",
      "type": "github_app_installation_repository",
      "name": "app_dco",
      "provider": "provider[\"registry.terraform.io/integrations/github\"].kubewarden",
      "instances": [
        {
          "schema_version": 0,
          "attributes": {
            "id": "29141080:fleet-example",
            "installation_id": "29141080",
            "repo_id": 587342877,
            "repository": "fleet-example"
          },
          "sensitive_attributes": [],
          "private": "bnVsbA==",
          "dependencies": [
            "module.kubewarden_fleet_example_repository.github_repository.main"
          ]
        }
      ]
    },
    {
      "module": "module.kubewarden_fleet_example_repository",
      "mode": "managed",
      "type": "github_issue_label",
      "name": "label",
      "provider": "provider[\"registry.terraform.io/integrations/github\"].kubewarden",
      "instances": [
        {
          "index_key": 0,
          "schema_version": 0,
          "attributes": {
            "color": "D3D7CF",
            "description": "",
            "etag": "W/\"d1f7dbf3491bf297b1fdb7369b1172e719098148ee8ebad24bb938f7f27220ec\"",
            "id": "fleet-example:area/dependencies",
            "name": "area/dependencies",
            "repository": "fleet-example",
            "url": "https://api.github.com/repos/kubewarden/fleet-example/labels/area/dependencies"
          },
          "sensitive_attributes": [],
          "private": "bnVsbA==",
          "dependencies": [
            "module.kubewarden_fleet_example_repository.github_repository.main"
          ]
        },
        {
          "index_key": 1,
          "schema_version": 0,
          "attributes": {
            "color": "3465A4",
            "description": "",
            "etag": "W/\"924480b0e8cb002d169cfba24805aadde7dc51b8d6d5dba1a8ad35ed9880ca9c\"",
            "id": "fleet-example:kind/automation",
            "name": "kind/automation",
            "repository": "fleet-example",
            "url": "https://api.github.com/repos/kubewarden/fleet-example/labels/kind/automation"
          },
          "sensitive_attributes": [],
          "private": "bnVsbA==",
          "dependencies": [
            "module.kubewarden_fleet_example_repository.github_repository.main"
          ]
        },
        {
          "index_key": 2,
          "schema_version": 0,
          "attributes": {
            "color": "FCE94F",
            "description": "",
            "etag": "W/\"240e0a7f5b337e7e4365b1b873003fb3fb3b8716ad69167cd44a4d2244d86a9f\"",
            "id": "fleet-example:kind/breaking-change",
            "name": "kind/breaking-change",
            "repository": "fleet-example",
            "url": "https://api.github.com/repos/kubewarden/fleet-example/labels/kind/breaking-change"
          },
          "sensitive_attributes": [],
          "private": "bnVsbA==",
          "dependencies": [
            "module.kubewarden_fleet_example_repository.github_repository.main"
          ]
        },
        {
          "index_key": 3,
          "schema_version": 0,
          "attributes": {
            "color": "EF2929",
            "description": "",
            "etag": "W/\"7aa12ad711e19c60abbc8d36c18ca0a59f7089eaabb2152354f13be8d89619ad\"",
            "id": "fleet-example:kind/bug",
            "name": "kind/bug",
            "repository": "fleet-example",
            "url": "https://api.github.com/repos/kubewarden/fleet-example/labels/kind/bug"
          },
          "sensitive_attributes": [],
          "private": "bnVsbA==",
          "dependencies": [
            "module.kubewarden_fleet_example_repository.github_repository.main"
          ]
        },
        {
          "index_key": 4,
          "schema_version": 0,
          "attributes": {
            "color": "555753",
            "description": "",
            "etag": "W/\"e57174d966b56b27e00b7837818263d6ebdc7ffa326663b1749e22acd08aae0f\"",
            "id": "fleet-example:kind/chore",
            "name": "kind/chore",
            "repository": "fleet-example",
            "url": "https://api.github.com/repos/kubewarden/fleet-example/labels/kind/chore"
          },
          "sensitive_attributes": [],
          "private": "bnVsbA==",
          "dependencies": [
            "module.kubewarden_fleet_example_repository.github_repository.main"
          ]
        },
        {
          "index_key": 5,
          "schema_version": 0,
          "attributes": {
            "color": "06989A",
            "description": "",
            "etag": "W/\"165d6ee4b16fee2ecc4c4ecf0157a2c7cda4482261b1114bae643e14dd302964\"",
            "id": "fleet-example:kind/enhancement",
            "name": "kind/enhancement",
            "repository": "fleet-example",
            "url": "https://api.github.com/repos/kubewarden/fleet-example/labels/kind/enhancement"
          },
          "sensitive_attributes": [],
          "private": "bnVsbA==",
          "dependencies": [
            "module.kubewarden_fleet_example_repository.github_repository.main"
          ]
        },
        {
          "index_key": 6,
          "schema_version": 0,
          "attributes": {
            "color": "34E2E2",
            "description": "",
            "etag": "W/\"62802a5ce61e9a93de4c841003d886ee32cd2591dd71846a3be926d974ee2bf5\"",
            "id": "fleet-example:kind/feature",
            "name": "kind/feature",
            "repository": "fleet-example",
            "url": "https://api.github.com/repos/kubewarden/fleet-example/labels/kind/feature"
          },
          "sensitive_attributes": [],
          "private": "bnVsbA==",
          "dependencies": [
            "module.kubewarden_fleet_example_repository.github_repository.main"
          ]
        },
        {
          "index_key": 7,
          "schema_version": 0,
          "attributes": {
            "color": "ad7fa8",
            "description": "",
            "etag": "W/\"ee4d9b84973eaba667356cbb29904e4249d4c49b511d4f2b41a7212d9f02d2bc\"",
            "id": "fleet-example:kind/question",
            "name": "kind/question",
            "repository": "fleet-example",
            "url": "https://api.github.com/repos/kubewarden/fleet-example/labels/kind/question"
          },
          "sensitive_attributes": [],
          "private": "bnVsbA==",
          "dependencies": [
            "module.kubewarden_fleet_example_repository.github_repository.main"
          ]
        },
        {
          "index_key": 8,
          "schema_version": 0,
          "attributes": {
            "color": "729FCF",
            "description": "",
            "etag": "W/\"52a52dfeb5639255210aa2a9342037cca3e78e604ba4d2998b1adab1130b8892\"",
            "id": "fleet-example:kind/tech-debt",
            "name": "kind/tech-debt",
            "repository": "fleet-example",
            "url": "https://api.github.com/repos/kubewarden/fleet-example/labels/kind/tech-debt"
          },
          "sensitive_attributes": [],
          "private": "bnVsbA==",
          "dependencies": [
            "module.kubewarden_fleet_example_repository.github_repository.main"
          ]
        },
        {
          "index_key": 9,
          "schema_version": 0,
          "attributes": {
            "color": "8AE234",
            "description": "",
            "etag": "W/\"36caf1a20e770acc9c287be4ff1683ca8a55fdfe445c15e7f6f289773915dac8\"",
            "id": "fleet-example:release/major",
            "name": "release/major",
            "repository": "fleet-example",
            "url": "https://api.github.com/repos/kubewarden/fleet-example/labels/release/major"
          },
          "sensitive_attributes": [],
          "private": "bnVsbA==",
          "dependencies": [
            "module.kubewarden_fleet_example_repository.github_repository.main"
          ]
        },
        {
          "index_key": 10,
          "schema_version": 0,
          "attributes": {
            "color": "4E9A06",
            "description": "",
            "etag": "W/\"4e4ff6189b7359f9aab48b7cbb0455a426a69b09e22e11acaa8332bba8742d3c\"",
            "id": "fleet-example:release/minor",
            "name": "release/minor",
            "repository": "fleet-example",
            "url": "https://api.github.com/repos/kubewarden/fleet-example/labels/release/minor"
          },
          "sensitive_attributes": [],
          "private": "bnVsbA==",
          "dependencies": [
            "module.kubewarden_fleet_example_repository.github_repository.main"
          ]
        },
        {
          "index_key": 11,
          "schema_version": 0,
          "attributes": {
            "color": "aa6600",
            "description": "",
            "etag": "W/\"f8c761d7aab3df10eb91a07c44dcb408588c4e7efd1099dab081f5ac4a07b7dd\"",
            "id": "fleet-example:release/patch",
            "name": "release/patch",
            "repository": "fleet-example",
            "url": "https://api.github.com/repos/kubewarden/fleet-example/labels/release/patch"
          },
          "sensitive_attributes": [],
          "private": "bnVsbA==",
          "dependencies": [
            "module.kubewarden_fleet_example_repository.github_repository.main"
          ]
        },
        {
          "index_key": 12,
          "schema_version": 0,
          "attributes": {
            "color": "77cc00",
            "description": "",
            "etag": "W/\"624fec73ec6f0c0f5db03e66f51cd67beaddba5fd1f3b3bb8f8fd3124e4c176d\"",
            "id": "fleet-example:release/skip-changelog",
            "name": "release/skip-changelog",
            "repository": "fleet-example",
            "url": "https://api.github.com/repos/kubewarden/fleet-example/labels/release/skip-changelog"
          },
          "sensitive_attributes": [],
          "private": "bnVsbA==",
          "dependencies": [
            "module.kubewarden_fleet_example_repository.github_repository.main"
          ]
        }
      ]
    },
    {
      "module": "module.kubewarden_fleet_example_repository",
      "mode": "managed",
      "type": "github_repository",
      "name": "main",
      "provider": "provider[\"registry.terraform.io/integrations/github\"].kubewarden",
      "instances": [
        {
          "schema_version": 1,
          "attributes": {
            "allow_auto_merge": false,
            "allow_merge_commit": true,
            "allow_rebase_merge": true,
            "allow_squash_merge": true,
            "allow_update_branch": false,
            "archive_on_destroy": null,
            "archived": false,
            "auto_init": false,
            "default_branch": "main",
            "delete_branch_on_merge": false,
            "description": "Example of Rancher Fleet bundle for Kubewarden",
            "etag": "W/\"61ef29b1cb56aa66d72ed2a64d32d0e58d0e4e46829ad8ba9a2ccffeae062de4\"",
            "full_name": "kubewarden/fleet-example",
            "git_clone_url": "git://github.com/kubewarden/fleet-example.git",
            "gitignore_template": null,
            "has_discussions": false,
            "has_downloads": true,
            "has_issues": true,
            "has_projects": false,
            "has_wiki": true,
            "homepage_url": "https://github.com/kubewarden/",
            "html_url": "https://github.com/kubewarden/fleet-example",
            "http_clone_url": "https://github.com/kubewarden/fleet-example.git",
            "id": "fleet-example",
            "ignore_vulnerability_alerts_during_read": null,
            "is_template": false,
            "license_template": null,
            "merge_commit_message": "PR_TITLE",
            "merge_commit_title": "MERGE_MESSAGE",
            "name": "fleet-example",
            "node_id": "R_kgDOIwIkHQ",
            "pages": [],
            "primary_language": "",
            "private": false,
            "repo_id": 587342877,
            "security_and_analysis": [
              {
                "advanced_security": [],
                "secret_scanning": [
                  {
                    "status": "enabled"
                  }
                ],
                "secret_scanning_push_protection": [
                  {
                    "status": "disabled"
                  }
                ]
              }
            ],
            "squash_merge_commit_message": "COMMIT_MESSAGES",
            "squash_merge_commit_title": "COMMIT_OR_PR_TITLE",
            "ssh_clone_url": "git@github.com:kubewarden/fleet-example.git",
            "svn_url": "https://github.com/kubewarden/fleet-example",
            "template": [],
            "topics": [
              "hacktoberfest",
              "kubernetes",
              "kubernetes-security",
              "policy-as-code",
              "webassembly"
            ],
            "visibility": "public",
            "vulnerability_alerts": true
          },
          "sensitive_attributes": [],
          "private": "eyJzY2hlbWFfdmVyc2lvbiI6IjEifQ=="
        }
      ]
    },
    {
      "module": "module.kubewarden_fleet_example_repository",
      "mode": "managed",
      "type": "github_team_repository",
      "name": "gh_team_push_rights",
      "provider": "provider[\"registry.terraform.io/integrations/github\"].kubewarden",
      "instances": [
        {
          "index_key": 0,
          "schema_version": 0,
          "attributes": {
            "etag": "W/\"bdb66b0bc7fb6f1af227d15a3da4958a3d5f11da754e6ab43906c2bf23aab9fc\"",
            "id": "4972867:fleet-example",
            "permission": "push",
            "repository": "fleet-example",
            "team_id": "4972867"
          },
          "sensitive_attributes": [],
          "private": "bnVsbA==",
          "dependencies": [
            "data.github_team.kubewarden_developers",
            "module.kubewarden_fleet_example_repository.github_repository.main"
          ]
        }
      ]
    },
    {
      "module": "module.kubewarden_github_actions_repository",
      "mode": "managed",
      "type": "github_app_installation_repository",
      "name": "app_dco",
      "provider": "provider[\"registry.terraform.io/integrations/github\"].kubewarden",
      "instances": [
        {
          "schema_version": 0,
          "attributes": {
            "id": "29141080:github-actions",
            "installation_id": "29141080",
            "repo_id": 450109365,
            "repository": "github-actions"
          },
          "sensitive_attributes": [],
          "private": "bnVsbA==",
          "dependencies": [
            "module.kubewarden_github_actions_repository.github_repository.main"
          ]
        }
      ]
    },
    {
      "module": "module.kubewarden_github_actions_repository",
      "mode": "managed",
      "type": "github_issue_label",
      "name": "label",
      "provider": "provider[\"registry.terraform.io/integrations/github\"].kubewarden",
      "instances": [
        {
          "index_key": 0,
          "schema_version": 0,
          "attributes": {
            "color": "D3D7CF",
            "description": "",
            "etag": "W/\"d83acf87a17e5e601b70d4d466f969c4a16eee1e102a14ea5d0095cce9fe149f\"",
            "id": "github-actions:area/dependencies",
            "name": "area/dependencies",
            "repository": "github-actions",
            "url": "https://api.github.com/repos/kubewarden/github-actions/labels/area/dependencies"
          },
          "sensitive_attributes": [],
          "private": "bnVsbA==",
          "dependencies": [
            "module.kubewarden_github_actions_repository.github_repository.main"
          ]
        },
        {
          "index_key": 1,
          "schema_version": 0,
          "attributes": {
            "color": "3465A4",
            "description": "",
            "etag": "W/\"972f4f768caab77e1e06fb54676575a546a45b687c2a80ef42dbc77ad7efa8f4\"",
            "id": "github-actions:kind/automation",
            "name": "kind/automation",
            "repository": "github-actions",
            "url": "https://api.github.com/repos/kubewarden/github-actions/labels/kind/automation"
          },
          "sensitive_attributes": [],
          "private": "bnVsbA==",
          "dependencies": [
            "module.kubewarden_github_actions_repository.github_repository.main"
          ]
        },
        {
          "index_key": 2,
          "schema_version": 0,
          "attributes": {
            "color": "FCE94F",
            "description": "",
            "etag": "W/\"bcd0c83ed172413094c368269638c8aaeba589775dda704137a1028083bf569e\"",
            "id": "github-actions:kind/breaking-change",
            "name": "kind/breaking-change",
            "repository": "github-actions",
            "url": "https://api.github.com/repos/kubewarden/github-actions/labels/kind/breaking-change"
          },
          "sensitive_attributes": [],
          "private": "bnVsbA==",
          "dependencies": [
            "module.kubewarden_github_actions_repository.github_repository.main"
          ]
        },
        {
          "index_key": 3,
          "schema_version": 0,
          "attributes": {
            "color": "EF2929",
            "description": "",
            "etag": "W/\"6ce8bcad33a7d84103e69c55209e787126279b60c3900b07603e076e2b4ce33b\"",
            "id": "github-actions:kind/bug",
            "name": "kind/bug",
            "repository": "github-actions",
            "url": "https://api.github.com/repos/kubewarden/github-actions/labels/kind/bug"
          },
          "sensitive_attributes": [],
          "private": "bnVsbA==",
          "dependencies": [
            "module.kubewarden_github_actions_repository.github_repository.main"
          ]
        },
        {
          "index_key": 4,
          "schema_version": 0,
          "attributes": {
            "color": "555753",
            "description": "",
            "etag": "W/\"229d8adbca0ec8d6a13da6d92a3808b5ee27f31db35849815f357801a10a8ce9\"",
            "id": "github-actions:kind/chore",
            "name": "kind/chore",
            "repository": "github-actions",
            "url": "https://api.github.com/repos/kubewarden/github-actions/labels/kind/chore"
          },
          "sensitive_attributes": [],
          "private": "bnVsbA==",
          "dependencies": [
            "module.kubewarden_github_actions_repository.github_repository.main"
          ]
        },
        {
          "index_key": 5,
          "schema_version": 0,
          "attributes": {
            "color": "06989A",
            "description": "",
            "etag": "W/\"0842fd826ecaa196d9380fd533a948c616f00fc2abac80487097d1ed58262e7c\"",
            "id": "github-actions:kind/enhancement",
            "name": "kind/enhancement",
            "repository": "github-actions",
            "url": "https://api.github.com/repos/kubewarden/github-actions/labels/kind/enhancement"
          },
          "sensitive_attributes": [],
          "private": "bnVsbA==",
          "dependencies": [
            "module.kubewarden_github_actions_repository.github_repository.main"
          ]
        },
        {
          "index_key": 6,
          "schema_version": 0,
          "attributes": {
            "color": "34E2E2",
            "description": "",
            "etag": "W/\"b9c9fb153b858f75f5195c2b2fd6ac9728555a67ed25c2a93ed3c2b48d622cfa\"",
            "id": "github-actions:kind/feature",
            "name": "kind/feature",
            "repository": "github-actions",
            "url": "https://api.github.com/repos/kubewarden/github-actions/labels/kind/feature"
          },
          "sensitive_attributes": [],
          "private": "bnVsbA==",
          "dependencies": [
            "module.kubewarden_github_actions_repository.github_repository.main"
          ]
        },
        {
          "index_key": 7,
          "schema_version": 0,
          "attributes": {
            "color": "ad7fa8",
            "description": "",
            "etag": "W/\"57f8441b61e01d519f4b724ade68b830c0477d1538fb7c855c395aaa5fe8b83c\"",
            "id": "github-actions:kind/question",
            "name": "kind/question",
            "repository": "github-actions",
            "url": "https://api.github.com/repos/kubewarden/github-actions/labels/kind/question"
          },
          "sensitive_attributes": [],
          "private": "bnVsbA==",
          "dependencies": [
            "module.kubewarden_github_actions_repository.github_repository.main"
          ]
        },
        {
          "index_key": 8,
          "schema_version": 0,
          "attributes": {
            "color": "729FCF",
            "description": "",
            "etag": "W/\"700eee6b591c71ac2e41a9601965421aa5093a51f7a14b97a6896815156770b6\"",
            "id": "github-actions:kind/tech-debt",
            "name": "kind/tech-debt",
            "repository": "github-actions",
            "url": "https://api.github.com/repos/kubewarden/github-actions/labels/kind/tech-debt"
          },
          "sensitive_attributes": [],
          "private": "bnVsbA==",
          "dependencies": [
            "module.kubewarden_github_actions_repository.github_repository.main"
          ]
        },
        {
          "index_key": 9,
          "schema_version": 0,
          "attributes": {
            "color": "8AE234",
            "description": "",
            "etag": "W/\"581ab9a851e5edd9091dd1aa0d5285abc85ea8f3a1888b299af1c84f594c6f6c\"",
            "id": "github-actions:release/major",
            "name": "release/major",
            "repository": "github-actions",
            "url": "https://api.github.com/repos/kubewarden/github-actions/labels/release/major"
          },
          "sensitive_attributes": [],
          "private": "bnVsbA==",
          "dependencies": [
            "module.kubewarden_github_actions_repository.github_repository.main"
          ]
        },
        {
          "index_key": 10,
          "schema_version": 0,
          "attributes": {
            "color": "4E9A06",
            "description": "",
            "etag": "W/\"8132dee8e2a9aea9222057210f466fde06af95dc5b7470a07967ea7b847c9edf\"",
            "id": "github-actions:release/minor",
            "name": "release/minor",
            "repository": "github-actions",
            "url": "https://api.github.com/repos/kubewarden/github-actions/labels/release/minor"
          },
          "sensitive_attributes": [],
          "private": "bnVsbA==",
          "dependencies": [
            "module.kubewarden_github_actions_repository.github_repository.main"
          ]
        },
        {
          "index_key": 11,
          "schema_version": 0,
          "attributes": {
            "color": "aa6600",
            "description": "",
            "etag": "W/\"eca90ab88e6473b4647e4e5fdde4c354e98262c2d7966f73e061eeb63f4d0cc3\"",
            "id": "github-actions:release/patch",
            "name": "release/patch",
            "repository": "github-actions",
            "url": "https://api.github.com/repos/kubewarden/github-actions/labels/release/patch"
          },
          "sensitive_attributes": [],
          "private": "bnVsbA==",
          "dependencies": [
            "module.kubewarden_github_actions_repository.github_repository.main"
          ]
        },
        {
          "index_key": 12,
          "schema_version": 0,
          "attributes": {
            "color": "77cc00",
            "description": "",
            "etag": "W/\"17fcd941145250d997c749d387fa7d53f6ad7b9300eb1d02cccee8857b29f99f\"",
            "id": "github-actions:release/skip-changelog",
            "name": "release/skip-changelog",
            "repository": "github-actions",
            "url": "https://api.github.com/repos/kubewarden/github-actions/labels/release/skip-changelog"
          },
          "sensitive_attributes": [],
          "private": "bnVsbA==",
          "dependencies": [
            "module.kubewarden_github_actions_repository.github_repository.main"
          ]
        }
      ]
    },
    {
      "module": "module.kubewarden_github_actions_repository",
      "mode": "managed",
      "type": "github_repository",
      "name": "main",
      "provider": "provider[\"registry.terraform.io/integrations/github\"].kubewarden",
      "instances": [
        {
          "schema_version": 1,
          "attributes": {
            "allow_auto_merge": false,
            "allow_merge_commit": true,
            "allow_rebase_merge": true,
            "allow_squash_merge": true,
            "allow_update_branch": false,
            "archive_on_destroy": null,
            "archived": false,
            "auto_init": false,
            "default_branch": "main",
            "delete_branch_on_merge": false,
            "description": "GitHub actions used by the Kubewarden project",
            "etag": "W/\"f9784229a8c046ba8ff78b84e31c3af0ad488b18379951bffac0e8284fe19abf\"",
            "full_name": "kubewarden/github-actions",
            "git_clone_url": "git://github.com/kubewarden/github-actions.git",
            "gitignore_template": null,
            "has_discussions": false,
            "has_downloads": true,
            "has_issues": true,
            "has_projects": false,
            "has_wiki": true,
            "homepage_url": "https://kubewarden.io",
            "html_url": "https://github.com/kubewarden/github-actions",
            "http_clone_url": "https://github.com/kubewarden/github-actions.git",
            "id": "github-actions",
            "ignore_vulnerability_alerts_during_read": null,
            "is_template": false,
            "license_template": null,
            "merge_commit_message": "PR_TITLE",
            "merge_commit_title": "MERGE_MESSAGE",
            "name": "github-actions",
            "node_id": "R_kgDOGtQftQ",
            "pages": [],
            "primary_language": "",
            "private": false,
            "repo_id": 450109365,
            "security_and_analysis": [
              {
                "advanced_security": [],
                "secret_scanning": [
                  {
                    "status": "enabled"
                  }
                ],
                "secret_scanning_push_protection": [
                  {
                    "status": "disabled"
                  }
                ]
              }
            ],
            "squash_merge_commit_message": "COMMIT_MESSAGES",
            "squash_merge_commit_title": "COMMIT_OR_PR_TITLE",
            "ssh_clone_url": "git@github.com:kubewarden/github-actions.git",
            "svn_url": "https://github.com/kubewarden/github-actions",
            "template": [],
            "topics": [
              "hacktoberfest",
              "kubernetes",
              "kubernetes-security",
              "policy-as-code",
              "webassembly"
            ],
            "visibility": "public",
            "vulnerability_alerts": true
          },
          "sensitive_attributes": [],
          "private": "eyJzY2hlbWFfdmVyc2lvbiI6IjEifQ=="
        }
      ]
    },
    {
      "module": "module.kubewarden_github_actions_repository",
      "mode": "managed",
      "type": "github_team_repository",
      "name": "gh_team_push_rights",
      "provider": "provider[\"registry.terraform.io/integrations/github\"].kubewarden",
      "instances": [
        {
          "index_key": 0,
          "schema_version": 0,
          "attributes": {
            "etag": "W/\"2b96f5a8bfd2b388364046dacf703d04d851a836e7f51914949f557788bdd40f\"",
            "id": "4972867:github-actions",
            "permission": "push",
            "repository": "github-actions",
            "team_id": "4972867"
          },
          "sensitive_attributes": [],
          "private": "bnVsbA==",
          "dependencies": [
            "data.github_team.kubewarden_developers",
            "module.kubewarden_github_actions_repository.github_repository.main"
          ]
        }
      ]
    },
    {
      "module": "module.kubewarden_io_repository",
      "mode": "managed",
      "type": "github_app_installation_repository",
      "name": "app_dco",
      "provider": "provider[\"registry.terraform.io/integrations/github\"].kubewarden",
      "instances": [
        {
          "schema_version": 0,
          "attributes": {
            "id": "29141080:kubewarden.io",
            "installation_id": "29141080",
            "repo_id": 314186121,
            "repository": "kubewarden.io"
          },
          "sensitive_attributes": [],
          "private": "bnVsbA==",
          "dependencies": [
            "module.kubewarden_io_repository.github_repository.main"
          ]
        }
      ]
    },
    {
      "module": "module.kubewarden_io_repository",
      "mode": "managed",
      "type": "github_issue_label",
      "name": "label",
      "provider": "provider[\"registry.terraform.io/integrations/github\"].kubewarden",
      "instances": [
        {
          "index_key": 0,
          "schema_version": 0,
          "attributes": {
            "color": "D3D7CF",
            "description": "",
            "etag": "W/\"dd69f8e0da1bb048239fb77b334b1f7683309382fc61b4fcd108ebcc33f8e3b1\"",
            "id": "kubewarden.io:area/dependencies",
            "name": "area/dependencies",
            "repository": "kubewarden.io",
            "url": "https://api.github.com/repos/kubewarden/kubewarden.io/labels/area/dependencies"
          },
          "sensitive_attributes": [],
          "private": "bnVsbA==",
          "dependencies": [
            "module.kubewarden_io_repository.github_repository.main"
          ]
        },
        {
          "index_key": 1,
          "schema_version": 0,
          "attributes": {
            "color": "3465A4",
            "description": "",
            "etag": "W/\"114fe1dafcaf754a62f5b0ba1ab099470e70017cfc90bf3e7c7e4f481d2ed270\"",
            "id": "kubewarden.io:kind/automation",
            "name": "kind/automation",
            "repository": "kubewarden.io",
            "url": "https://api.github.com/repos/kubewarden/kubewarden.io/labels/kind/automation"
          },
          "sensitive_attributes": [],
          "private": "bnVsbA==",
          "dependencies": [
            "module.kubewarden_io_repository.github_repository.main"
          ]
        },
        {
          "index_key": 2,
          "schema_version": 0,
          "attributes": {
            "color": "FCE94F",
            "description": "",
            "etag": "W/\"0918ce6838cc8e0f73f4672c402bd0df4d37907b40c33aea75073c81e783d5d6\"",
            "id": "kubewarden.io:kind/breaking-change",
            "name": "kind/breaking-change",
            "repository": "kubewarden.io",
            "url": "https://api.github.com/repos/kubewarden/kubewarden.io/labels/kind/breaking-change"
          },
          "sensitive_attributes": [],
          "private": "bnVsbA==",
          "dependencies": [
            "module.kubewarden_io_repository.github_repository.main"
          ]
        },
        {
          "index_key": 3,
          "schema_version": 0,
          "attributes": {
            "color": "EF2929",
            "description": "",
            "etag": "W/\"fbc53cc6966eb9ba9de92ef16060b37f9e67f795b88b9379a5f4cd9229a16a4e\"",
            "id": "kubewarden.io:kind/bug",
            "name": "kind/bug",
            "repository": "kubewarden.io",
            "url": "https://api.github.com/repos/kubewarden/kubewarden.io/labels/kind/bug"
          },
          "sensitive_attributes": [],
          "private": "bnVsbA==",
          "dependencies": [
            "module.kubewarden_io_repository.github_repository.main"
          ]
        },
        {
          "index_key": 4,
          "schema_version": 0,
          "attributes": {
            "color": "555753",
            "description": "",
            "etag": "W/\"c78c808f9cf74a67c053d23e08ac6f98a7df14ffb6873a8f69b380c534892839\"",
            "id": "kubewarden.io:kind/chore",
            "name": "kind/chore",
            "repository": "kubewarden.io",
            "url": "https://api.github.com/repos/kubewarden/kubewarden.io/labels/kind/chore"
          },
          "sensitive_attributes": [],
          "private": "bnVsbA==",
          "dependencies": [
            "module.kubewarden_io_repository.github_repository.main"
          ]
        },
        {
          "index_key": 5,
          "schema_version": 0,
          "attributes": {
            "color": "06989A",
            "description": "",
            "etag": "W/\"fb6f19d87a3fa2e4abf91383756a8d42cfbb4fc0b074c94d32753d2638153faa\"",
            "id": "kubewarden.io:kind/enhancement",
            "name": "kind/enhancement",
            "repository": "kubewarden.io",
            "url": "https://api.github.com/repos/kubewarden/kubewarden.io/labels/kind/enhancement"
          },
          "sensitive_attributes": [],
          "private": "bnVsbA==",
          "dependencies": [
            "module.kubewarden_io_repository.github_repository.main"
          ]
        },
        {
          "index_key": 6,
          "schema_version": 0,
          "attributes": {
            "color": "34E2E2",
            "description": "",
            "etag": "W/\"57fa39a27574e61fbd8a92f0e42992bc2c4285ba16bd4eb8bc15a966accf2192\"",
            "id": "kubewarden.io:kind/feature",
            "name": "kind/feature",
            "repository": "kubewarden.io",
            "url": "https://api.github.com/repos/kubewarden/kubewarden.io/labels/kind/feature"
          },
          "sensitive_attributes": [],
          "private": "bnVsbA==",
          "dependencies": [
            "module.kubewarden_io_repository.github_repository.main"
          ]
        },
        {
          "index_key": 7,
          "schema_version": 0,
          "attributes": {
            "color": "ad7fa8",
            "description": "",
            "etag": "W/\"47bb6ea2a663fbbe1a0ffccab45be1c933178e0b3cc8d5ce37a4f519654db107\"",
            "id": "kubewarden.io:kind/question",
            "name": "kind/question",
            "repository": "kubewarden.io",
            "url": "https://api.github.com/repos/kubewarden/kubewarden.io/labels/kind/question"
          },
          "sensitive_attributes": [],
          "private": "bnVsbA==",
          "dependencies": [
            "module.kubewarden_io_repository.github_repository.main"
          ]
        },
        {
          "index_key": 8,
          "schema_version": 0,
          "attributes": {
            "color": "729FCF",
            "description": "",
            "etag": "W/\"301ff8dbdb4287796985e4644b91713776dd56a4b41478aa50f758d6e7ee55b7\"",
            "id": "kubewarden.io:kind/tech-debt",
            "name": "kind/tech-debt",
            "repository": "kubewarden.io",
            "url": "https://api.github.com/repos/kubewarden/kubewarden.io/labels/kind/tech-debt"
          },
          "sensitive_attributes": [],
          "private": "bnVsbA==",
          "dependencies": [
            "module.kubewarden_io_repository.github_repository.main"
          ]
        },
        {
          "index_key": 9,
          "schema_version": 0,
          "attributes": {
            "color": "8AE234",
            "description": "",
            "etag": "W/\"0698d10ea0c8a913a331772707b15bebe37642d3ac54907a36af648f053c047c\"",
            "id": "kubewarden.io:release/major",
            "name": "release/major",
            "repository": "kubewarden.io",
            "url": "https://api.github.com/repos/kubewarden/kubewarden.io/labels/release/major"
          },
          "sensitive_attributes": [],
          "private": "bnVsbA==",
          "dependencies": [
            "module.kubewarden_io_repository.github_repository.main"
          ]
        },
        {
          "index_key": 10,
          "schema_version": 0,
          "attributes": {
            "color": "4E9A06",
            "description": "",
            "etag": "W/\"f58a411cfe5515887b4898e835e80c7938637cc753429f49f64b06c805970292\"",
            "id": "kubewarden.io:release/minor",
            "name": "release/minor",
            "repository": "kubewarden.io",
            "url": "https://api.github.com/repos/kubewarden/kubewarden.io/labels/release/minor"
          },
          "sensitive_attributes": [],
          "private": "bnVsbA==",
          "dependencies": [
            "module.kubewarden_io_repository.github_repository.main"
          ]
        },
        {
          "index_key": 11,
          "schema_version": 0,
          "attributes": {
            "color": "aa6600",
            "description": "",
            "etag": "W/\"5c283184c16cee96cde44aae3d7ad5b04f2c24f085be61af09d33127f6889bf4\"",
            "id": "kubewarden.io:release/patch",
            "name": "release/patch",
            "repository": "kubewarden.io",
            "url": "https://api.github.com/repos/kubewarden/kubewarden.io/labels/release/patch"
          },
          "sensitive_attributes": [],
          "private": "bnVsbA==",
          "dependencies": [
            "module.kubewarden_io_repository.github_repository.main"
          ]
        },
        {
          "index_key": 12,
          "schema_version": 0,
          "attributes": {
            "color": "77cc00",
            "description": "",
            "etag": "W/\"7a035a02fd5dc5178e40729aefdaa871c332237f94b4adafa4e3048104750b8f\"",
            "id": "kubewarden.io:release/skip-changelog",
            "name": "release/skip-changelog",
            "repository": "kubewarden.io",
            "url": "https://api.github.com/repos/kubewarden/kubewarden.io/labels/release/skip-changelog"
          },
          "sensitive_attributes": [],
          "private": "bnVsbA==",
          "dependencies": [
            "module.kubewarden_io_repository.github_repository.main"
          ]
        }
      ]
    },
    {
      "module": "module.kubewarden_io_repository",
      "mode": "managed",
      "type": "github_repository",
      "name": "main",
      "provider": "provider[\"registry.terraform.io/integrations/github\"].kubewarden",
      "instances": [
        {
          "schema_version": 1,
          "attributes": {
            "allow_auto_merge": false,
            "allow_merge_commit": true,
            "allow_rebase_merge": true,
            "allow_squash_merge": true,
            "allow_update_branch": false,
            "archive_on_destroy": null,
            "archived": false,
            "auto_init": false,
            "default_branch": "main",
            "delete_branch_on_merge": false,
            "description": "Kubewarden website",
            "etag": "W/\"073d7fe12165674327a1dc6979515fe8c72e252611468da195ca6399dc5698ad\"",
            "full_name": "kubewarden/kubewarden.io",
            "git_clone_url": "git://github.com/kubewarden/kubewarden.io.git",
            "gitignore_template": null,
            "has_discussions": false,
            "has_downloads": true,
            "has_issues": true,
            "has_projects": false,
            "has_wiki": true,
            "homepage_url": "https://kubewarden.io",
            "html_url": "https://github.com/kubewarden/kubewarden.io",
            "http_clone_url": "https://github.com/kubewarden/kubewarden.io.git",
            "id": "kubewarden.io",
            "ignore_vulnerability_alerts_during_read": null,
            "is_template": false,
            "license_template": null,
            "merge_commit_message": "PR_TITLE",
            "merge_commit_title": "MERGE_MESSAGE",
            "name": "kubewarden.io",
            "node_id": "MDEwOlJlcG9zaXRvcnkzMTQxODYxMjE=",
            "pages": [
              {
                "build_type": "legacy",
                "cname": "kubewarden.io",
                "custom_404": false,
                "html_url": "http://kubewarden.io/",
                "source": [
                  {
                    "branch": "gh-pages",
                    "path": "/"
                  }
                ],
                "status": "building",
                "url": "https://api.github.com/repos/kubewarden/kubewarden.io/pages"
              }
            ],
            "primary_language": "SCSS",
            "private": false,
            "repo_id": 314186121,
            "security_and_analysis": [
              {
                "advanced_security": [],
                "secret_scanning": [
                  {
                    "status": "enabled"
                  }
                ],
                "secret_scanning_push_protection": [
                  {
                    "status": "disabled"
                  }
                ]
              }
            ],
            "squash_merge_commit_message": "COMMIT_MESSAGES",
            "squash_merge_commit_title": "COMMIT_OR_PR_TITLE",
            "ssh_clone_url": "git@github.com:kubewarden/kubewarden.io.git",
            "svn_url": "https://github.com/kubewarden/kubewarden.io",
            "template": [],
            "topics": [
              "hacktoberfest",
              "kubernetes",
              "kubernetes-security",
              "policy-as-code",
              "webassembly"
            ],
            "visibility": "public",
            "vulnerability_alerts": true
          },
          "sensitive_attributes": [],
          "private": "eyJzY2hlbWFfdmVyc2lvbiI6IjEifQ=="
        }
      ]
    },
    {
      "module": "module.kubewarden_io_repository",
      "mode": "managed",
      "type": "github_team_repository",
      "name": "gh_team_push_rights",
      "provider": "provider[\"registry.terraform.io/integrations/github\"].kubewarden",
      "instances": [
        {
          "index_key": 0,
          "schema_version": 0,
          "attributes": {
            "etag": "W/\"9064887bf73bfea36446568e6249fc926fa68054e13c769be65e78e830b29da0\"",
            "id": "4972867:kubewarden.io",
            "permission": "push",
            "repository": "kubewarden.io",
            "team_id": "4972867"
          },
          "sensitive_attributes": [],
          "private": "bnVsbA==",
          "dependencies": [
            "data.github_team.kubewarden_developers",
            "data.github_team.kubewarden_documentation",
            "module.kubewarden_io_repository.github_repository.main"
          ]
        },
        {
          "index_key": 1,
          "schema_version": 0,
          "attributes": {
            "etag": "W/\"9064887bf73bfea36446568e6249fc926fa68054e13c769be65e78e830b29da0\"",
            "id": "5417591:kubewarden.io",
            "permission": "push",
            "repository": "kubewarden.io",
            "team_id": "5417591"
          },
          "sensitive_attributes": [],
          "private": "bnVsbA==",
          "dependencies": [
            "data.github_team.kubewarden_developers",
            "data.github_team.kubewarden_documentation",
            "module.kubewarden_io_repository.github_repository.main"
          ]
        }
      ]
    },
    {
      "module": "module.kubewarden_k8s_objects_generator_repository",
      "mode": "managed",
      "type": "github_app_installation_repository",
      "name": "app_dco",
      "provider": "provider[\"registry.terraform.io/integrations/github\"].kubewarden",
      "instances": [
        {
          "schema_version": 0,
          "attributes": {
            "id": "29141080:k8s-objects-generator",
            "installation_id": "29141080",
            "repo_id": 493337799,
            "repository": "k8s-objects-generator"
          },
          "sensitive_attributes": [],
          "private": "bnVsbA==",
          "dependencies": [
            "module.kubewarden_k8s_objects_generator_repository.github_repository.main"
          ]
        }
      ]
    },
    {
      "module": "module.kubewarden_k8s_objects_generator_repository",
      "mode": "managed",
      "type": "github_issue_label",
      "name": "label",
      "provider": "provider[\"registry.terraform.io/integrations/github\"].kubewarden",
      "instances": [
        {
          "index_key": 0,
          "schema_version": 0,
          "attributes": {
            "color": "D3D7CF",
            "description": "",
            "etag": "W/\"8292fbe117e90eacfd437a0569837cd24d1fa2dd5093464a979fc09f4a4b31c1\"",
            "id": "k8s-objects-generator:area/dependencies",
            "name": "area/dependencies",
            "repository": "k8s-objects-generator",
            "url": "https://api.github.com/repos/kubewarden/k8s-objects-generator/labels/area/dependencies"
          },
          "sensitive_attributes": [],
          "private": "bnVsbA==",
          "dependencies": [
            "module.kubewarden_k8s_objects_generator_repository.github_repository.main"
          ]
        },
        {
          "index_key": 1,
          "schema_version": 0,
          "attributes": {
            "color": "3465A4",
            "description": "",
            "etag": "W/\"839f7f8241af65a2e6e2b245b4d4c936dd3a14e5fefe48fa00532fe958a24a9b\"",
            "id": "k8s-objects-generator:kind/automation",
            "name": "kind/automation",
            "repository": "k8s-objects-generator",
            "url": "https://api.github.com/repos/kubewarden/k8s-objects-generator/labels/kind/automation"
          },
          "sensitive_attributes": [],
          "private": "bnVsbA==",
          "dependencies": [
            "module.kubewarden_k8s_objects_generator_repository.github_repository.main"
          ]
        },
        {
          "index_key": 2,
          "schema_version": 0,
          "attributes": {
            "color": "FCE94F",
            "description": "",
            "etag": "W/\"c1f90b0d54739f76f940d7be1d25a36a104f55900c22fa13c815c7b5e926258a\"",
            "id": "k8s-objects-generator:kind/breaking-change",
            "name": "kind/breaking-change",
            "repository": "k8s-objects-generator",
            "url": "https://api.github.com/repos/kubewarden/k8s-objects-generator/labels/kind/breaking-change"
          },
          "sensitive_attributes": [],
          "private": "bnVsbA==",
          "dependencies": [
            "module.kubewarden_k8s_objects_generator_repository.github_repository.main"
          ]
        },
        {
          "index_key": 3,
          "schema_version": 0,
          "attributes": {
            "color": "EF2929",
            "description": "",
            "etag": "W/\"b50e204a765d246ea0cffd20a3cfb841ad4b8515e2f0346adcdaf021322f2d67\"",
            "id": "k8s-objects-generator:kind/bug",
            "name": "kind/bug",
            "repository": "k8s-objects-generator",
            "url": "https://api.github.com/repos/kubewarden/k8s-objects-generator/labels/kind/bug"
          },
          "sensitive_attributes": [],
          "private": "bnVsbA==",
          "dependencies": [
            "module.kubewarden_k8s_objects_generator_repository.github_repository.main"
          ]
        },
        {
          "index_key": 4,
          "schema_version": 0,
          "attributes": {
            "color": "555753",
            "description": "",
            "etag": "W/\"20ae3a4df7ee891d1b9eb02aac2d38f282fba9649297a9fbd66e41bf0cf0f080\"",
            "id": "k8s-objects-generator:kind/chore",
            "name": "kind/chore",
            "repository": "k8s-objects-generator",
            "url": "https://api.github.com/repos/kubewarden/k8s-objects-generator/labels/kind/chore"
          },
          "sensitive_attributes": [],
          "private": "bnVsbA==",
          "dependencies": [
            "module.kubewarden_k8s_objects_generator_repository.github_repository.main"
          ]
        },
        {
          "index_key": 5,
          "schema_version": 0,
          "attributes": {
            "color": "06989A",
            "description": "",
            "etag": "W/\"2288f1a251425073c619d22765d04d01c810f13d4a71d74b417b3e6bc8c5b5d0\"",
            "id": "k8s-objects-generator:kind/enhancement",
            "name": "kind/enhancement",
            "repository": "k8s-objects-generator",
            "url": "https://api.github.com/repos/kubewarden/k8s-objects-generator/labels/kind/enhancement"
          },
          "sensitive_attributes": [],
          "private": "bnVsbA==",
          "dependencies": [
            "module.kubewarden_k8s_objects_generator_repository.github_repository.main"
          ]
        },
        {
          "index_key": 6,
          "schema_version": 0,
          "attributes": {
            "color": "34E2E2",
            "description": "",
            "etag": "W/\"e6e831e3bef8b5fcf62900947953d4ee662042837692fd70c07938d1367d24eb\"",
            "id": "k8s-objects-generator:kind/feature",
            "name": "kind/feature",
            "repository": "k8s-objects-generator",
            "url": "https://api.github.com/repos/kubewarden/k8s-objects-generator/labels/kind/feature"
          },
          "sensitive_attributes": [],
          "private": "bnVsbA==",
          "dependencies": [
            "module.kubewarden_k8s_objects_generator_repository.github_repository.main"
          ]
        },
        {
          "index_key": 7,
          "schema_version": 0,
          "attributes": {
            "color": "ad7fa8",
            "description": "",
            "etag": "W/\"ae7103f1891c37e6f1f2a77f7ebab93db5f149929c52ec3d1f221299a46beb44\"",
            "id": "k8s-objects-generator:kind/question",
            "name": "kind/question",
            "repository": "k8s-objects-generator",
            "url": "https://api.github.com/repos/kubewarden/k8s-objects-generator/labels/kind/question"
          },
          "sensitive_attributes": [],
          "private": "bnVsbA==",
          "dependencies": [
            "module.kubewarden_k8s_objects_generator_repository.github_repository.main"
          ]
        },
        {
          "index_key": 8,
          "schema_version": 0,
          "attributes": {
            "color": "729FCF",
            "description": "",
            "etag": "W/\"c5210a2cd0c305bbd0098a8985e0d9f816c07cb326ff2dfa1cba1c6f515bb544\"",
            "id": "k8s-objects-generator:kind/tech-debt",
            "name": "kind/tech-debt",
            "repository": "k8s-objects-generator",
            "url": "https://api.github.com/repos/kubewarden/k8s-objects-generator/labels/kind/tech-debt"
          },
          "sensitive_attributes": [],
          "private": "bnVsbA==",
          "dependencies": [
            "module.kubewarden_k8s_objects_generator_repository.github_repository.main"
          ]
        },
        {
          "index_key": 9,
          "schema_version": 0,
          "attributes": {
            "color": "8AE234",
            "description": "",
            "etag": "W/\"fcca5434083c9195b536ac6e9bbf0c6aab9fcf2a67776a07f7c8214dada6a7ab\"",
            "id": "k8s-objects-generator:release/major",
            "name": "release/major",
            "repository": "k8s-objects-generator",
            "url": "https://api.github.com/repos/kubewarden/k8s-objects-generator/labels/release/major"
          },
          "sensitive_attributes": [],
          "private": "bnVsbA==",
          "dependencies": [
            "module.kubewarden_k8s_objects_generator_repository.github_repository.main"
          ]
        },
        {
          "index_key": 10,
          "schema_version": 0,
          "attributes": {
            "color": "4E9A06",
            "description": "",
            "etag": "W/\"07930e3fd7596584020fe414a3d238c373282306c62aa6ff51b9729417bfc8d8\"",
            "id": "k8s-objects-generator:release/minor",
            "name": "release/minor",
            "repository": "k8s-objects-generator",
            "url": "https://api.github.com/repos/kubewarden/k8s-objects-generator/labels/release/minor"
          },
          "sensitive_attributes": [],
          "private": "bnVsbA==",
          "dependencies": [
            "module.kubewarden_k8s_objects_generator_repository.github_repository.main"
          ]
        },
        {
          "index_key": 11,
          "schema_version": 0,
          "attributes": {
            "color": "aa6600",
            "description": "",
            "etag": "W/\"04548c6437bb2fc1a6c1b77176ac5c783e06472df3e5b0dcea46eb8ae63a4d4f\"",
            "id": "k8s-objects-generator:release/patch",
            "name": "release/patch",
            "repository": "k8s-objects-generator",
            "url": "https://api.github.com/repos/kubewarden/k8s-objects-generator/labels/release/patch"
          },
          "sensitive_attributes": [],
          "private": "bnVsbA==",
          "dependencies": [
            "module.kubewarden_k8s_objects_generator_repository.github_repository.main"
          ]
        },
        {
          "index_key": 12,
          "schema_version": 0,
          "attributes": {
            "color": "77cc00",
            "description": "",
            "etag": "W/\"65a15f5fca1ea61ab2ddcc4b1b9fd50f57df1a8a3342e206349e598177831356\"",
            "id": "k8s-objects-generator:release/skip-changelog",
            "name": "release/skip-changelog",
            "repository": "k8s-objects-generator",
            "url": "https://api.github.com/repos/kubewarden/k8s-objects-generator/labels/release/skip-changelog"
          },
          "sensitive_attributes": [],
          "private": "bnVsbA==",
          "dependencies": [
            "module.kubewarden_k8s_objects_generator_repository.github_repository.main"
          ]
        }
      ]
    },
    {
      "module": "module.kubewarden_k8s_objects_generator_repository",
      "mode": "managed",
      "type": "github_repository",
      "name": "main",
      "provider": "provider[\"registry.terraform.io/integrations/github\"].kubewarden",
      "instances": [
        {
          "schema_version": 1,
          "attributes": {
            "allow_auto_merge": false,
            "allow_merge_commit": true,
            "allow_rebase_merge": true,
            "allow_squash_merge": true,
            "allow_update_branch": false,
            "archive_on_destroy": null,
            "archived": false,
            "auto_init": false,
            "default_branch": "main",
            "delete_branch_on_merge": false,
            "description": "CLI tool that generates Kubernetes Go types that can be used with TinyGo starting from the official OpenAPI spec",
            "etag": "W/\"d51acc648483da4ecda165a0410040901546393cfa5cfc4e7438f88b44bf9511\"",
            "full_name": "kubewarden/k8s-objects-generator",
            "git_clone_url": "git://github.com/kubewarden/k8s-objects-generator.git",
            "gitignore_template": null,
            "has_discussions": false,
            "has_downloads": true,
            "has_issues": true,
            "has_projects": false,
            "has_wiki": true,
            "homepage_url": "https://github.com/kubewarden/",
            "html_url": "https://github.com/kubewarden/k8s-objects-generator",
            "http_clone_url": "https://github.com/kubewarden/k8s-objects-generator.git",
            "id": "k8s-objects-generator",
            "ignore_vulnerability_alerts_during_read": null,
            "is_template": false,
            "license_template": null,
            "merge_commit_message": "PR_TITLE",
            "merge_commit_title": "MERGE_MESSAGE",
            "name": "k8s-objects-generator",
            "node_id": "R_kgDOHWe8xw",
            "pages": [],
            "primary_language": "Go",
            "private": false,
            "repo_id": 493337799,
            "security_and_analysis": [
              {
                "advanced_security": [],
                "secret_scanning": [
                  {
                    "status": "enabled"
                  }
                ],
                "secret_scanning_push_protection": [
                  {
                    "status": "disabled"
                  }
                ]
              }
            ],
            "squash_merge_commit_message": "COMMIT_MESSAGES",
            "squash_merge_commit_title": "COMMIT_OR_PR_TITLE",
            "ssh_clone_url": "git@github.com:kubewarden/k8s-objects-generator.git",
            "svn_url": "https://github.com/kubewarden/k8s-objects-generator",
            "template": [],
            "topics": [
              "hacktoberfest",
              "kubernetes",
              "kubernetes-security",
              "policy-as-code",
              "webassembly"
            ],
            "visibility": "public",
            "vulnerability_alerts": true
          },
          "sensitive_attributes": [],
          "private": "eyJzY2hlbWFfdmVyc2lvbiI6IjEifQ=="
        }
      ]
    },
    {
      "module": "module.kubewarden_k8s_objects_generator_repository",
      "mode": "managed",
      "type": "github_team_repository",
      "name": "gh_team_push_rights",
      "provider": "provider[\"registry.terraform.io/integrations/github\"].kubewarden",
      "instances": [
        {
          "index_key": 0,
          "schema_version": 0,
          "attributes": {
            "etag": "W/\"7d746eef5953de29d1291868c739c9b973e9e1fbe50a415c42718a51f6e022f2\"",
            "id": "4972867:k8s-objects-generator",
            "permission": "push",
            "repository": "k8s-objects-generator",
            "team_id": "4972867"
          },
          "sensitive_attributes": [],
          "private": "bnVsbA==",
          "dependencies": [
            "data.github_team.kubewarden_developers",
            "module.kubewarden_k8s_objects_generator_repository.github_repository.main"
          ]
        }
      ]
    },
    {
      "module": "module.kubewarden_k8s_objects_repository",
      "mode": "managed",
      "type": "github_app_installation_repository",
      "name": "app_dco",
      "provider": "provider[\"registry.terraform.io/integrations/github\"].kubewarden",
      "instances": [
        {
          "schema_version": 0,
          "attributes": {
            "id": "29141080:k8s-objects",
            "installation_id": "29141080",
            "repo_id": 492171063,
            "repository": "k8s-objects"
          },
          "sensitive_attributes": [],
          "private": "bnVsbA==",
          "dependencies": [
            "module.kubewarden_k8s_objects_repository.github_repository.main"
          ]
        }
      ]
    },
    {
      "module": "module.kubewarden_k8s_objects_repository",
      "mode": "managed",
      "type": "github_issue_label",
      "name": "label",
      "provider": "provider[\"registry.terraform.io/integrations/github\"].kubewarden",
      "instances": [
        {
          "index_key": 0,
          "schema_version": 0,
          "attributes": {
            "color": "D3D7CF",
            "description": "",
            "etag": "W/\"3b05efbfe9c2d86d35dd05430e0978c94357903653401f91c74e679f0899d824\"",
            "id": "k8s-objects:area/dependencies",
            "name": "area/dependencies",
            "repository": "k8s-objects",
            "url": "https://api.github.com/repos/kubewarden/k8s-objects/labels/area/dependencies"
          },
          "sensitive_attributes": [],
          "private": "bnVsbA==",
          "dependencies": [
            "module.kubewarden_k8s_objects_repository.github_repository.main"
          ]
        },
        {
          "index_key": 1,
          "schema_version": 0,
          "attributes": {
            "color": "3465A4",
            "description": "",
            "etag": "W/\"5c1a077d648870460f15782c279afcff95ee36a3915e78751b1f76d28c910ae3\"",
            "id": "k8s-objects:kind/automation",
            "name": "kind/automation",
            "repository": "k8s-objects",
            "url": "https://api.github.com/repos/kubewarden/k8s-objects/labels/kind/automation"
          },
          "sensitive_attributes": [],
          "private": "bnVsbA==",
          "dependencies": [
            "module.kubewarden_k8s_objects_repository.github_repository.main"
          ]
        },
        {
          "index_key": 2,
          "schema_version": 0,
          "attributes": {
            "color": "FCE94F",
            "description": "",
            "etag": "W/\"2f2fbfe948eb970a30d3f13e58c22af7b6d1e327b0cf45613c87ac07f6fd41f8\"",
            "id": "k8s-objects:kind/breaking-change",
            "name": "kind/breaking-change",
            "repository": "k8s-objects",
            "url": "https://api.github.com/repos/kubewarden/k8s-objects/labels/kind/breaking-change"
          },
          "sensitive_attributes": [],
          "private": "bnVsbA==",
          "dependencies": [
            "module.kubewarden_k8s_objects_repository.github_repository.main"
          ]
        },
        {
          "index_key": 3,
          "schema_version": 0,
          "attributes": {
            "color": "EF2929",
            "description": "",
            "etag": "W/\"e03b2983c6372132099d89d9ed3b9979f42b1171f91a0e6f1201f78a8bef0021\"",
            "id": "k8s-objects:kind/bug",
            "name": "kind/bug",
            "repository": "k8s-objects",
            "url": "https://api.github.com/repos/kubewarden/k8s-objects/labels/kind/bug"
          },
          "sensitive_attributes": [],
          "private": "bnVsbA==",
          "dependencies": [
            "module.kubewarden_k8s_objects_repository.github_repository.main"
          ]
        },
        {
          "index_key": 4,
          "schema_version": 0,
          "attributes": {
            "color": "555753",
            "description": "",
            "etag": "W/\"abb93d9f774b00aa75922702ebe2396f1f307a8b6b73d81a2f64b8650dfd2311\"",
            "id": "k8s-objects:kind/chore",
            "name": "kind/chore",
            "repository": "k8s-objects",
            "url": "https://api.github.com/repos/kubewarden/k8s-objects/labels/kind/chore"
          },
          "sensitive_attributes": [],
          "private": "bnVsbA==",
          "dependencies": [
            "module.kubewarden_k8s_objects_repository.github_repository.main"
          ]
        },
        {
          "index_key": 5,
          "schema_version": 0,
          "attributes": {
            "color": "06989A",
            "description": "",
            "etag": "W/\"fcf5f78f876c2525e30b03588039ecdfa2613169719b22814ccaf3fd93129560\"",
            "id": "k8s-objects:kind/enhancement",
            "name": "kind/enhancement",
            "repository": "k8s-objects",
            "url": "https://api.github.com/repos/kubewarden/k8s-objects/labels/kind/enhancement"
          },
          "sensitive_attributes": [],
          "private": "bnVsbA==",
          "dependencies": [
            "module.kubewarden_k8s_objects_repository.github_repository.main"
          ]
        },
        {
          "index_key": 6,
          "schema_version": 0,
          "attributes": {
            "color": "34E2E2",
            "description": "",
            "etag": "W/\"243a7f7ff0806189d2f2642a423c13790ecc977b00c4bc6faccecafc42b17d87\"",
            "id": "k8s-objects:kind/feature",
            "name": "kind/feature",
            "repository": "k8s-objects",
            "url": "https://api.github.com/repos/kubewarden/k8s-objects/labels/kind/feature"
          },
          "sensitive_attributes": [],
          "private": "bnVsbA==",
          "dependencies": [
            "module.kubewarden_k8s_objects_repository.github_repository.main"
          ]
        },
        {
          "index_key": 7,
          "schema_version": 0,
          "attributes": {
            "color": "ad7fa8",
            "description": "",
            "etag": "W/\"680c8ae0ff0f1361732ba4834f1b002c3fa21000eeac5b186228dec2c04013c9\"",
            "id": "k8s-objects:kind/question",
            "name": "kind/question",
            "repository": "k8s-objects",
            "url": "https://api.github.com/repos/kubewarden/k8s-objects/labels/kind/question"
          },
          "sensitive_attributes": [],
          "private": "bnVsbA==",
          "dependencies": [
            "module.kubewarden_k8s_objects_repository.github_repository.main"
          ]
        },
        {
          "index_key": 8,
          "schema_version": 0,
          "attributes": {
            "color": "729FCF",
            "description": "",
            "etag": "W/\"dec3cc682ce1e3bfe4f6b99d98bc6b820e6f243dbea3c49b5efbfad3b4e357d1\"",
            "id": "k8s-objects:kind/tech-debt",
            "name": "kind/tech-debt",
            "repository": "k8s-objects",
            "url": "https://api.github.com/repos/kubewarden/k8s-objects/labels/kind/tech-debt"
          },
          "sensitive_attributes": [],
          "private": "bnVsbA==",
          "dependencies": [
            "module.kubewarden_k8s_objects_repository.github_repository.main"
          ]
        },
        {
          "index_key": 9,
          "schema_version": 0,
          "attributes": {
            "color": "8AE234",
            "description": "",
            "etag": "W/\"f4a00ac56b6dd7826bea9738cbb1f0dbb2712893a61575b07026fa68c8675eb3\"",
            "id": "k8s-objects:release/major",
            "name": "release/major",
            "repository": "k8s-objects",
            "url": "https://api.github.com/repos/kubewarden/k8s-objects/labels/release/major"
          },
          "sensitive_attributes": [],
          "private": "bnVsbA==",
          "dependencies": [
            "module.kubewarden_k8s_objects_repository.github_repository.main"
          ]
        },
        {
          "index_key": 10,
          "schema_version": 0,
          "attributes": {
            "color": "4E9A06",
            "description": "",
            "etag": "W/\"d418c4ed7bcf6c0072e8a1fa4fbf655af4bed341a58fb9e6608f0e24c5e1ca50\"",
            "id": "k8s-objects:release/minor",
            "name": "release/minor",
            "repository": "k8s-objects",
            "url": "https://api.github.com/repos/kubewarden/k8s-objects/labels/release/minor"
          },
          "sensitive_attributes": [],
          "private": "bnVsbA==",
          "dependencies": [
            "module.kubewarden_k8s_objects_repository.github_repository.main"
          ]
        },
        {
          "index_key": 11,
          "schema_version": 0,
          "attributes": {
            "color": "aa6600",
            "description": "",
            "etag": "W/\"4b42a2b1a60b3149109854a874fff2b4ed40ff62f51917109a0c6f03bb066113\"",
            "id": "k8s-objects:release/patch",
            "name": "release/patch",
            "repository": "k8s-objects",
            "url": "https://api.github.com/repos/kubewarden/k8s-objects/labels/release/patch"
          },
          "sensitive_attributes": [],
          "private": "bnVsbA==",
          "dependencies": [
            "module.kubewarden_k8s_objects_repository.github_repository.main"
          ]
        },
        {
          "index_key": 12,
          "schema_version": 0,
          "attributes": {
            "color": "77cc00",
            "description": "",
            "etag": "W/\"65c48aa5d1b9bca116673f49102b7a10ff40093757bcc49b895255937f5e8b0d\"",
            "id": "k8s-objects:release/skip-changelog",
            "name": "release/skip-changelog",
            "repository": "k8s-objects",
            "url": "https://api.github.com/repos/kubewarden/k8s-objects/labels/release/skip-changelog"
          },
          "sensitive_attributes": [],
          "private": "bnVsbA==",
          "dependencies": [
            "module.kubewarden_k8s_objects_repository.github_repository.main"
          ]
        }
      ]
    },
    {
      "module": "module.kubewarden_k8s_objects_repository",
      "mode": "managed",
      "type": "github_repository",
      "name": "main",
      "provider": "provider[\"registry.terraform.io/integrations/github\"].kubewarden",
      "instances": [
        {
          "schema_version": 1,
          "attributes": {
            "allow_auto_merge": false,
            "allow_merge_commit": true,
            "allow_rebase_merge": true,
            "allow_squash_merge": true,
            "allow_update_branch": false,
            "archive_on_destroy": null,
            "archived": false,
            "auto_init": false,
            "default_branch": "main",
            "delete_branch_on_merge": false,
            "description": "Experimental: Kubernetes Go types that can be used with TinyGo",
            "etag": "W/\"5968752a363a00d9947ed3a214a901fe455983f13f213ea40542a3550be045a6\"",
            "full_name": "kubewarden/k8s-objects",
            "git_clone_url": "git://github.com/kubewarden/k8s-objects.git",
            "gitignore_template": null,
            "has_discussions": false,
            "has_downloads": true,
            "has_issues": true,
            "has_projects": false,
            "has_wiki": true,
            "homepage_url": "https://github.com/kubewarden/",
            "html_url": "https://github.com/kubewarden/k8s-objects",
            "http_clone_url": "https://github.com/kubewarden/k8s-objects.git",
            "id": "k8s-objects",
            "ignore_vulnerability_alerts_during_read": null,
            "is_template": false,
            "license_template": null,
            "merge_commit_message": "PR_TITLE",
            "merge_commit_title": "MERGE_MESSAGE",
            "name": "k8s-objects",
            "node_id": "R_kgDOHVXvNw",
            "pages": [],
            "primary_language": "",
            "private": false,
            "repo_id": 492171063,
            "security_and_analysis": [
              {
                "advanced_security": [],
                "secret_scanning": [
                  {
                    "status": "enabled"
                  }
                ],
                "secret_scanning_push_protection": [
                  {
                    "status": "disabled"
                  }
                ]
              }
            ],
            "squash_merge_commit_message": "COMMIT_MESSAGES",
            "squash_merge_commit_title": "COMMIT_OR_PR_TITLE",
            "ssh_clone_url": "git@github.com:kubewarden/k8s-objects.git",
            "svn_url": "https://github.com/kubewarden/k8s-objects",
            "template": [],
            "topics": [
              "hacktoberfest",
              "kubernetes",
              "kubernetes-security",
              "policy-as-code",
              "webassembly"
            ],
            "visibility": "public",
            "vulnerability_alerts": true
          },
          "sensitive_attributes": [],
          "private": "eyJzY2hlbWFfdmVyc2lvbiI6IjEifQ=="
        }
      ]
    },
    {
      "module": "module.kubewarden_k8s_objects_repository",
      "mode": "managed",
      "type": "github_team_repository",
      "name": "gh_team_push_rights",
      "provider": "provider[\"registry.terraform.io/integrations/github\"].kubewarden",
      "instances": [
        {
          "index_key": 0,
          "schema_version": 0,
          "attributes": {
            "etag": "W/\"afa64868675f9c514874bb6fbdd1b5fd162bebd8388ff7d602afe83a54158ca8\"",
            "id": "4972867:k8s-objects",
            "permission": "push",
            "repository": "k8s-objects",
            "team_id": "4972867"
          },
          "sensitive_attributes": [],
          "private": "bnVsbA==",
          "dependencies": [
            "data.github_team.kubewarden_developers",
            "module.kubewarden_k8s_objects_repository.github_repository.main"
          ]
        }
      ]
    },
    {
      "module": "module.kubewarden_kubewarden_controller_repository",
      "mode": "managed",
      "type": "github_app_installation_repository",
      "name": "app_dco",
      "provider": "provider[\"registry.terraform.io/integrations/github\"].kubewarden",
      "instances": [
        {
          "schema_version": 0,
          "attributes": {
            "id": "29141080:kubewarden-controller",
            "installation_id": "29141080",
            "repo_id": 318490971,
            "repository": "kubewarden-controller"
          },
          "sensitive_attributes": [],
          "private": "bnVsbA==",
          "dependencies": [
            "module.kubewarden_kubewarden_controller_repository.github_repository.main"
          ]
        }
      ]
    },
    {
      "module": "module.kubewarden_kubewarden_controller_repository",
      "mode": "managed",
      "type": "github_issue_label",
      "name": "label",
      "provider": "provider[\"registry.terraform.io/integrations/github\"].kubewarden",
      "instances": [
        {
          "index_key": 0,
          "schema_version": 0,
          "attributes": {
            "color": "D3D7CF",
            "description": "",
            "etag": "W/\"facd62256368452a2dcaaa7e094839d53a352bea23339c727d320107b0fb30ff\"",
            "id": "kubewarden-controller:area/dependencies",
            "name": "area/dependencies",
            "repository": "kubewarden-controller",
            "url": "https://api.github.com/repos/kubewarden/kubewarden-controller/labels/area/dependencies"
          },
          "sensitive_attributes": [],
          "private": "bnVsbA==",
          "dependencies": [
            "module.kubewarden_kubewarden_controller_repository.github_repository.main"
          ]
        },
        {
          "index_key": 1,
          "schema_version": 0,
          "attributes": {
            "color": "3465A4",
            "description": "",
            "etag": "W/\"3110c0923972c631ebd04b4d23f6685999bbc4fa804fda407cb3e9011a3e3b73\"",
            "id": "kubewarden-controller:kind/automation",
            "name": "kind/automation",
            "repository": "kubewarden-controller",
            "url": "https://api.github.com/repos/kubewarden/kubewarden-controller/labels/kind/automation"
          },
          "sensitive_attributes": [],
          "private": "bnVsbA==",
          "dependencies": [
            "module.kubewarden_kubewarden_controller_repository.github_repository.main"
          ]
        },
        {
          "index_key": 2,
          "schema_version": 0,
          "attributes": {
            "color": "FCE94F",
            "description": "",
            "etag": "W/\"9054099352897ce79ff02940fb966a167b520ae5e57c7f73e35ff207f7eee4a8\"",
            "id": "kubewarden-controller:kind/breaking-change",
            "name": "kind/breaking-change",
            "repository": "kubewarden-controller",
            "url": "https://api.github.com/repos/kubewarden/kubewarden-controller/labels/kind/breaking-change"
          },
          "sensitive_attributes": [],
          "private": "bnVsbA==",
          "dependencies": [
            "module.kubewarden_kubewarden_controller_repository.github_repository.main"
          ]
        },
        {
          "index_key": 3,
          "schema_version": 0,
          "attributes": {
            "color": "EF2929",
            "description": "",
            "etag": "W/\"bd144d8f8c4b2893d0beeabeaf4e42a8963ccbae9d31a4eeb9cbcb41944af3fc\"",
            "id": "kubewarden-controller:kind/bug",
            "name": "kind/bug",
            "repository": "kubewarden-controller",
            "url": "https://api.github.com/repos/kubewarden/kubewarden-controller/labels/kind/bug"
          },
          "sensitive_attributes": [],
          "private": "bnVsbA==",
          "dependencies": [
            "module.kubewarden_kubewarden_controller_repository.github_repository.main"
          ]
        },
        {
          "index_key": 4,
          "schema_version": 0,
          "attributes": {
            "color": "555753",
            "description": "",
            "etag": "W/\"96ba117397830b62e2e9f75b2e66f6169833a5ac7862fa4ae99d30a4bc2b6269\"",
            "id": "kubewarden-controller:kind/chore",
            "name": "kind/chore",
            "repository": "kubewarden-controller",
            "url": "https://api.github.com/repos/kubewarden/kubewarden-controller/labels/kind/chore"
          },
          "sensitive_attributes": [],
          "private": "bnVsbA==",
          "dependencies": [
            "module.kubewarden_kubewarden_controller_repository.github_repository.main"
          ]
        },
        {
          "index_key": 5,
          "schema_version": 0,
          "attributes": {
            "color": "06989A",
            "description": "",
            "etag": "W/\"3af49d6431fd8587b043c10e1c2f4c14125a2c9010e7c4722303947f94b2144e\"",
            "id": "kubewarden-controller:kind/enhancement",
            "name": "kind/enhancement",
            "repository": "kubewarden-controller",
            "url": "https://api.github.com/repos/kubewarden/kubewarden-controller/labels/kind/enhancement"
          },
          "sensitive_attributes": [],
          "private": "bnVsbA==",
          "dependencies": [
            "module.kubewarden_kubewarden_controller_repository.github_repository.main"
          ]
        },
        {
          "index_key": 6,
          "schema_version": 0,
          "attributes": {
            "color": "34E2E2",
            "description": "",
            "etag": "W/\"ceb2c51be38790774a3e49592ee86ba651a7b0c29418b7c678798f3b6b0d21c2\"",
            "id": "kubewarden-controller:kind/feature",
            "name": "kind/feature",
            "repository": "kubewarden-controller",
            "url": "https://api.github.com/repos/kubewarden/kubewarden-controller/labels/kind/feature"
          },
          "sensitive_attributes": [],
          "private": "bnVsbA==",
          "dependencies": [
            "module.kubewarden_kubewarden_controller_repository.github_repository.main"
          ]
        },
        {
          "index_key": 7,
          "schema_version": 0,
          "attributes": {
            "color": "ad7fa8",
            "description": "",
            "etag": "W/\"eca13dfd26f18d74f28b1611428e42757a62e3eda2f0ca1ee315ba923e727bf4\"",
            "id": "kubewarden-controller:kind/question",
            "name": "kind/question",
            "repository": "kubewarden-controller",
            "url": "https://api.github.com/repos/kubewarden/kubewarden-controller/labels/kind/question"
          },
          "sensitive_attributes": [],
          "private": "bnVsbA==",
          "dependencies": [
            "module.kubewarden_kubewarden_controller_repository.github_repository.main"
          ]
        },
        {
          "index_key": 8,
          "schema_version": 0,
          "attributes": {
            "color": "729FCF",
            "description": "",
            "etag": "W/\"a95f7b9c2c662e82f3f770ace49d550f4d9262643162bb495ec2ecdcc7fd6b93\"",
            "id": "kubewarden-controller:kind/tech-debt",
            "name": "kind/tech-debt",
            "repository": "kubewarden-controller",
            "url": "https://api.github.com/repos/kubewarden/kubewarden-controller/labels/kind/tech-debt"
          },
          "sensitive_attributes": [],
          "private": "bnVsbA==",
          "dependencies": [
            "module.kubewarden_kubewarden_controller_repository.github_repository.main"
          ]
        },
        {
          "index_key": 9,
          "schema_version": 0,
          "attributes": {
            "color": "8AE234",
            "description": "",
            "etag": "W/\"4d824cff5df5763715e2841c53f9b94ffe4320d22b6f7bc879d1eede98a97313\"",
            "id": "kubewarden-controller:release/major",
            "name": "release/major",
            "repository": "kubewarden-controller",
            "url": "https://api.github.com/repos/kubewarden/kubewarden-controller/labels/release/major"
          },
          "sensitive_attributes": [],
          "private": "bnVsbA==",
          "dependencies": [
            "module.kubewarden_kubewarden_controller_repository.github_repository.main"
          ]
        },
        {
          "index_key": 10,
          "schema_version": 0,
          "attributes": {
            "color": "4E9A06",
            "description": "",
            "etag": "W/\"d176a9101bc342206ca00cf0e060a9ccd35b26b99fdb32a51f41749f20ad861e\"",
            "id": "kubewarden-controller:release/minor",
            "name": "release/minor",
            "repository": "kubewarden-controller",
            "url": "https://api.github.com/repos/kubewarden/kubewarden-controller/labels/release/minor"
          },
          "sensitive_attributes": [],
          "private": "bnVsbA==",
          "dependencies": [
            "module.kubewarden_kubewarden_controller_repository.github_repository.main"
          ]
        },
        {
          "index_key": 11,
          "schema_version": 0,
          "attributes": {
            "color": "aa6600",
            "description": "",
            "etag": "W/\"eac089dfa2c9d9f39932964b8cfa2380bcd3f1283ce8b056fc7fb95eeee157d4\"",
            "id": "kubewarden-controller:release/patch",
            "name": "release/patch",
            "repository": "kubewarden-controller",
            "url": "https://api.github.com/repos/kubewarden/kubewarden-controller/labels/release/patch"
          },
          "sensitive_attributes": [],
          "private": "bnVsbA==",
          "dependencies": [
            "module.kubewarden_kubewarden_controller_repository.github_repository.main"
          ]
        },
        {
          "index_key": 12,
          "schema_version": 0,
          "attributes": {
            "color": "77cc00",
            "description": "",
            "etag": "W/\"5e04415540617df7dbafd789d238d3e690a550488e168e0e876595e76c803a6d\"",
            "id": "kubewarden-controller:release/skip-changelog",
            "name": "release/skip-changelog",
            "repository": "kubewarden-controller",
            "url": "https://api.github.com/repos/kubewarden/kubewarden-controller/labels/release/skip-changelog"
          },
          "sensitive_attributes": [],
          "private": "bnVsbA==",
          "dependencies": [
            "module.kubewarden_kubewarden_controller_repository.github_repository.main"
          ]
        }
      ]
    },
    {
      "module": "module.kubewarden_kubewarden_controller_repository",
      "mode": "managed",
      "type": "github_repository",
      "name": "main",
      "provider": "provider[\"registry.terraform.io/integrations/github\"].kubewarden",
      "instances": [
        {
          "schema_version": 1,
          "attributes": {
            "allow_auto_merge": false,
            "allow_merge_commit": true,
            "allow_rebase_merge": true,
            "allow_squash_merge": true,
            "allow_update_branch": false,
            "archive_on_destroy": null,
            "archived": false,
            "auto_init": false,
            "default_branch": "main",
            "delete_branch_on_merge": false,
            "description": "Manage admission policies in your Kubernetes cluster with ease",
            "etag": "W/\"77fc183c5e464258efc61e3d44ccb44391fda79031805907de12839e3ec713f3\"",
            "full_name": "kubewarden/kubewarden-controller",
            "git_clone_url": "git://github.com/kubewarden/kubewarden-controller.git",
            "gitignore_template": null,
            "has_discussions": false,
            "has_downloads": true,
            "has_issues": true,
            "has_projects": false,
            "has_wiki": true,
            "homepage_url": "https://kubewarden.io",
            "html_url": "https://github.com/kubewarden/kubewarden-controller",
            "http_clone_url": "https://github.com/kubewarden/kubewarden-controller.git",
            "id": "kubewarden-controller",
            "ignore_vulnerability_alerts_during_read": null,
            "is_template": false,
            "license_template": null,
            "merge_commit_message": "PR_TITLE",
            "merge_commit_title": "MERGE_MESSAGE",
            "name": "kubewarden-controller",
            "node_id": "MDEwOlJlcG9zaXRvcnkzMTg0OTA5NzE=",
            "pages": [],
            "primary_language": "Go",
            "private": false,
            "repo_id": 318490971,
            "security_and_analysis": [
              {
                "advanced_security": [],
                "secret_scanning": [
                  {
                    "status": "enabled"
                  }
                ],
                "secret_scanning_push_protection": [
                  {
                    "status": "disabled"
                  }
                ]
              }
            ],
            "squash_merge_commit_message": "COMMIT_MESSAGES",
            "squash_merge_commit_title": "COMMIT_OR_PR_TITLE",
            "ssh_clone_url": "git@github.com:kubewarden/kubewarden-controller.git",
            "svn_url": "https://github.com/kubewarden/kubewarden-controller",
            "template": [],
            "topics": [
              "hacktoberfest",
              "kubernetes",
              "kubernetes-security",
              "policy-as-code",
              "webassembly"
            ],
            "visibility": "public",
            "vulnerability_alerts": true
          },
          "sensitive_attributes": [],
          "private": "eyJzY2hlbWFfdmVyc2lvbiI6IjEifQ=="
        }
      ]
    },
    {
      "module": "module.kubewarden_kubewarden_controller_repository",
      "mode": "managed",
      "type": "github_team_repository",
      "name": "gh_team_push_rights",
      "provider": "provider[\"registry.terraform.io/integrations/github\"].kubewarden",
      "instances": [
        {
          "index_key": 0,
          "schema_version": 0,
          "attributes": {
            "etag": "W/\"79dd360600c3a4e4f6e5f20f3ea28aac85c7d7a1e8be1ad77c8368a322c68b6d\"",
            "id": "4972867:kubewarden-controller",
            "permission": "push",
            "repository": "kubewarden-controller",
            "team_id": "4972867"
          },
          "sensitive_attributes": [],
          "private": "bnVsbA==",
          "dependencies": [
            "data.github_team.kubewarden_developers",
            "module.kubewarden_kubewarden_controller_repository.github_repository.main"
          ]
        }
      ]
    },
    {
      "module": "module.kubewarden_kwctl_repository",
      "mode": "managed",
      "type": "github_app_installation_repository",
      "name": "app_dco",
      "provider": "provider[\"registry.terraform.io/integrations/github\"].kubewarden",
      "instances": [
        {
          "schema_version": 0,
          "attributes": {
            "id": "29141080:kwctl",
            "installation_id": "29141080",
            "repo_id": 360471642,
            "repository": "kwctl"
          },
          "sensitive_attributes": [],
          "private": "bnVsbA==",
          "dependencies": [
            "module.kubewarden_kwctl_repository.github_repository.main"
          ]
        }
      ]
    },
    {
      "module": "module.kubewarden_kwctl_repository",
      "mode": "managed",
      "type": "github_issue_label",
      "name": "label",
      "provider": "provider[\"registry.terraform.io/integrations/github\"].kubewarden",
      "instances": [
        {
          "index_key": 0,
          "schema_version": 0,
          "attributes": {
            "color": "D3D7CF",
            "description": "",
            "etag": "W/\"4eab662e83b4c11009225dac7faa5ddb4aaaf60756ce47ab2c4706cf7338a365\"",
            "id": "kwctl:area/dependencies",
            "name": "area/dependencies",
            "repository": "kwctl",
            "url": "https://api.github.com/repos/kubewarden/kwctl/labels/area/dependencies"
          },
          "sensitive_attributes": [],
          "private": "bnVsbA==",
          "dependencies": [
            "module.kubewarden_kwctl_repository.github_repository.main"
          ]
        },
        {
          "index_key": 1,
          "schema_version": 0,
          "attributes": {
            "color": "3465A4",
            "description": "",
            "etag": "W/\"208f993c5585aa17b4e90196031673ca7f5135a83302c4477fc792191648279f\"",
            "id": "kwctl:kind/automation",
            "name": "kind/automation",
            "repository": "kwctl",
            "url": "https://api.github.com/repos/kubewarden/kwctl/labels/kind/automation"
          },
          "sensitive_attributes": [],
          "private": "bnVsbA==",
          "dependencies": [
            "module.kubewarden_kwctl_repository.github_repository.main"
          ]
        },
        {
          "index_key": 2,
          "schema_version": 0,
          "attributes": {
            "color": "FCE94F",
            "description": "",
            "etag": "W/\"fcdc8f4267e362b71c29d57ec5eeea75883228b650636495b8a718795aebaa2a\"",
            "id": "kwctl:kind/breaking-change",
            "name": "kind/breaking-change",
            "repository": "kwctl",
            "url": "https://api.github.com/repos/kubewarden/kwctl/labels/kind/breaking-change"
          },
          "sensitive_attributes": [],
          "private": "bnVsbA==",
          "dependencies": [
            "module.kubewarden_kwctl_repository.github_repository.main"
          ]
        },
        {
          "index_key": 3,
          "schema_version": 0,
          "attributes": {
            "color": "EF2929",
            "description": "",
            "etag": "W/\"c0ce7956c6eac9874f2874ccc125742cff230c8cf96b0a13029d41243ad91908\"",
            "id": "kwctl:kind/bug",
            "name": "kind/bug",
            "repository": "kwctl",
            "url": "https://api.github.com/repos/kubewarden/kwctl/labels/kind/bug"
          },
          "sensitive_attributes": [],
          "private": "bnVsbA==",
          "dependencies": [
            "module.kubewarden_kwctl_repository.github_repository.main"
          ]
        },
        {
          "index_key": 4,
          "schema_version": 0,
          "attributes": {
            "color": "555753",
            "description": "",
            "etag": "W/\"05b3f248c7eedbfd743f186ef34931cd8a902426a4cdbcf6e2e9721bd43ac0fa\"",
            "id": "kwctl:kind/chore",
            "name": "kind/chore",
            "repository": "kwctl",
            "url": "https://api.github.com/repos/kubewarden/kwctl/labels/kind/chore"
          },
          "sensitive_attributes": [],
          "private": "bnVsbA==",
          "dependencies": [
            "module.kubewarden_kwctl_repository.github_repository.main"
          ]
        },
        {
          "index_key": 5,
          "schema_version": 0,
          "attributes": {
            "color": "06989A",
            "description": "",
            "etag": "W/\"a0a89eb83861b62973be1d90268ff50c82c4fad26ff67adf4cebdd07c5013e4e\"",
            "id": "kwctl:kind/enhancement",
            "name": "kind/enhancement",
            "repository": "kwctl",
            "url": "https://api.github.com/repos/kubewarden/kwctl/labels/kind/enhancement"
          },
          "sensitive_attributes": [],
          "private": "bnVsbA==",
          "dependencies": [
            "module.kubewarden_kwctl_repository.github_repository.main"
          ]
        },
        {
          "index_key": 6,
          "schema_version": 0,
          "attributes": {
            "color": "34E2E2",
            "description": "",
            "etag": "W/\"7cdbff4e4d4927d3edaa72f4edc39b24441dd6809cb60e37369a45de82fbce14\"",
            "id": "kwctl:kind/feature",
            "name": "kind/feature",
            "repository": "kwctl",
            "url": "https://api.github.com/repos/kubewarden/kwctl/labels/kind/feature"
          },
          "sensitive_attributes": [],
          "private": "bnVsbA==",
          "dependencies": [
            "module.kubewarden_kwctl_repository.github_repository.main"
          ]
        },
        {
          "index_key": 7,
          "schema_version": 0,
          "attributes": {
            "color": "ad7fa8",
            "description": "",
            "etag": "W/\"6d86021185c14538d5de28ed273cbee505d9f01e61fe9a76cfe36952101991b0\"",
            "id": "kwctl:kind/question",
            "name": "kind/question",
            "repository": "kwctl",
            "url": "https://api.github.com/repos/kubewarden/kwctl/labels/kind/question"
          },
          "sensitive_attributes": [],
          "private": "bnVsbA==",
          "dependencies": [
            "module.kubewarden_kwctl_repository.github_repository.main"
          ]
        },
        {
          "index_key": 8,
          "schema_version": 0,
          "attributes": {
            "color": "729FCF",
            "description": "",
            "etag": "W/\"ba56ef373fd0aca72d5e7dd6e5e1b9ae6baaeabd9abc9b3d7215b1a0b72c5eef\"",
            "id": "kwctl:kind/tech-debt",
            "name": "kind/tech-debt",
            "repository": "kwctl",
            "url": "https://api.github.com/repos/kubewarden/kwctl/labels/kind/tech-debt"
          },
          "sensitive_attributes": [],
          "private": "bnVsbA==",
          "dependencies": [
            "module.kubewarden_kwctl_repository.github_repository.main"
          ]
        },
        {
          "index_key": 9,
          "schema_version": 0,
          "attributes": {
            "color": "8AE234",
            "description": "",
            "etag": "W/\"3e636bae3eca71af7338d431960248fe6a8e0d815329122cff0e2fe38146985f\"",
            "id": "kwctl:release/major",
            "name": "release/major",
            "repository": "kwctl",
            "url": "https://api.github.com/repos/kubewarden/kwctl/labels/release/major"
          },
          "sensitive_attributes": [],
          "private": "bnVsbA==",
          "dependencies": [
            "module.kubewarden_kwctl_repository.github_repository.main"
          ]
        },
        {
          "index_key": 10,
          "schema_version": 0,
          "attributes": {
            "color": "4E9A06",
            "description": "",
            "etag": "W/\"7c23b3c9e725af10fd96e14677ddae786742a9b8d314ae4be6a41edc2086a0cf\"",
            "id": "kwctl:release/minor",
            "name": "release/minor",
            "repository": "kwctl",
            "url": "https://api.github.com/repos/kubewarden/kwctl/labels/release/minor"
          },
          "sensitive_attributes": [],
          "private": "bnVsbA==",
          "dependencies": [
            "module.kubewarden_kwctl_repository.github_repository.main"
          ]
        },
        {
          "index_key": 11,
          "schema_version": 0,
          "attributes": {
            "color": "aa6600",
            "description": "",
            "etag": "W/\"56450086b00eb7a6bf252bc9f96b21d6dd67e4952ccbec75dc664c08bc8f0b0c\"",
            "id": "kwctl:release/patch",
            "name": "release/patch",
            "repository": "kwctl",
            "url": "https://api.github.com/repos/kubewarden/kwctl/labels/release/patch"
          },
          "sensitive_attributes": [],
          "private": "bnVsbA==",
          "dependencies": [
            "module.kubewarden_kwctl_repository.github_repository.main"
          ]
        },
        {
          "index_key": 12,
          "schema_version": 0,
          "attributes": {
            "color": "77cc00",
            "description": "",
            "etag": "W/\"822eb085a1274df6a99ef4593beb6f1d8111710b26871c7062ca0f9faa90dd06\"",
            "id": "kwctl:release/skip-changelog",
            "name": "release/skip-changelog",
            "repository": "kwctl",
            "url": "https://api.github.com/repos/kubewarden/kwctl/labels/release/skip-changelog"
          },
          "sensitive_attributes": [],
          "private": "bnVsbA==",
          "dependencies": [
            "module.kubewarden_kwctl_repository.github_repository.main"
          ]
        }
      ]
    },
    {
      "module": "module.kubewarden_kwctl_repository",
      "mode": "managed",
      "type": "github_repository",
      "name": "main",
      "provider": "provider[\"registry.terraform.io/integrations/github\"].kubewarden",
      "instances": [
        {
          "schema_version": 1,
          "attributes": {
            "allow_auto_merge": false,
            "allow_merge_commit": true,
            "allow_rebase_merge": true,
            "allow_squash_merge": true,
            "allow_update_branch": false,
            "archive_on_destroy": null,
            "archived": false,
            "auto_init": false,
            "default_branch": "main",
            "delete_branch_on_merge": false,
            "description": "Go-to CLI tool for Kubewarden users",
            "etag": "W/\"0b51496758245495d0f1c7a17ef9d70ebc42fa27e2e253ec55accb51e49fbf43\"",
            "full_name": "kubewarden/kwctl",
            "git_clone_url": "git://github.com/kubewarden/kwctl.git",
            "gitignore_template": null,
            "has_discussions": false,
            "has_downloads": true,
            "has_issues": true,
            "has_projects": false,
            "has_wiki": true,
            "homepage_url": "https://kubewarden.io",
            "html_url": "https://github.com/kubewarden/kwctl",
            "http_clone_url": "https://github.com/kubewarden/kwctl.git",
            "id": "kwctl",
            "ignore_vulnerability_alerts_during_read": null,
            "is_template": false,
            "license_template": null,
            "merge_commit_message": "PR_TITLE",
            "merge_commit_title": "MERGE_MESSAGE",
            "name": "kwctl",
            "node_id": "MDEwOlJlcG9zaXRvcnkzNjA0NzE2NDI=",
            "pages": [],
            "primary_language": "Rust",
            "private": false,
            "repo_id": 360471642,
            "security_and_analysis": [
              {
                "advanced_security": [],
                "secret_scanning": [
                  {
                    "status": "enabled"
                  }
                ],
                "secret_scanning_push_protection": [
                  {
                    "status": "disabled"
                  }
                ]
              }
            ],
            "squash_merge_commit_message": "COMMIT_MESSAGES",
            "squash_merge_commit_title": "COMMIT_OR_PR_TITLE",
            "ssh_clone_url": "git@github.com:kubewarden/kwctl.git",
            "svn_url": "https://github.com/kubewarden/kwctl",
            "template": [],
            "topics": [
              "hacktoberfest",
              "kubernetes",
              "kubernetes-security",
              "policy-as-code",
              "webassembly"
            ],
            "visibility": "public",
            "vulnerability_alerts": true
          },
          "sensitive_attributes": [],
          "private": "eyJzY2hlbWFfdmVyc2lvbiI6IjEifQ=="
        }
      ]
    },
    {
      "module": "module.kubewarden_kwctl_repository",
      "mode": "managed",
      "type": "github_team_repository",
      "name": "gh_team_push_rights",
      "provider": "provider[\"registry.terraform.io/integrations/github\"].kubewarden",
      "instances": [
        {
          "index_key": 0,
          "schema_version": 0,
          "attributes": {
            "etag": "W/\"6eb08d48119494388d2cf02b309aeb0c36f02b9776bbffe9801c2283a555ab3e\"",
            "id": "4972867:kwctl",
            "permission": "push",
            "repository": "kwctl",
            "team_id": "4972867"
          },
          "sensitive_attributes": [],
          "private": "bnVsbA==",
          "dependencies": [
            "data.github_team.kubewarden_developers",
            "module.kubewarden_kwctl_repository.github_repository.main"
          ]
        }
      ]
    },
    {
      "module": "module.kubewarden_load_testing_repository",
      "mode": "managed",
      "type": "github_app_installation_repository",
      "name": "app_dco",
      "provider": "provider[\"registry.terraform.io/integrations/github\"].kubewarden",
      "instances": [
        {
          "schema_version": 0,
          "attributes": {
            "id": "29141080:load-testing",
            "installation_id": "29141080",
            "repo_id": 387539493,
            "repository": "load-testing"
          },
          "sensitive_attributes": [],
          "private": "bnVsbA==",
          "dependencies": [
            "module.kubewarden_load_testing_repository.github_repository.main"
          ]
        }
      ]
    },
    {
      "module": "module.kubewarden_load_testing_repository",
      "mode": "managed",
      "type": "github_issue_label",
      "name": "label",
      "provider": "provider[\"registry.terraform.io/integrations/github\"].kubewarden",
      "instances": [
        {
          "index_key": 0,
          "schema_version": 0,
          "attributes": {
            "color": "D3D7CF",
            "description": "",
            "etag": "W/\"17c7b5aec464672858c6a1d4eb95d805d38e18f9d461c0882a8de6b2b9773fbe\"",
            "id": "load-testing:area/dependencies",
            "name": "area/dependencies",
            "repository": "load-testing",
            "url": "https://api.github.com/repos/kubewarden/load-testing/labels/area/dependencies"
          },
          "sensitive_attributes": [],
          "private": "bnVsbA==",
          "dependencies": [
            "module.kubewarden_load_testing_repository.github_repository.main"
          ]
        },
        {
          "index_key": 1,
          "schema_version": 0,
          "attributes": {
            "color": "3465A4",
            "description": "",
            "etag": "W/\"686cbb204c9a5b77298554a67759eecad3f8236be45a8dbe868f431ff2c00f60\"",
            "id": "load-testing:kind/automation",
            "name": "kind/automation",
            "repository": "load-testing",
            "url": "https://api.github.com/repos/kubewarden/load-testing/labels/kind/automation"
          },
          "sensitive_attributes": [],
          "private": "bnVsbA==",
          "dependencies": [
            "module.kubewarden_load_testing_repository.github_repository.main"
          ]
        },
        {
          "index_key": 2,
          "schema_version": 0,
          "attributes": {
            "color": "FCE94F",
            "description": "",
            "etag": "W/\"fea82dddb5cfa5f67f7bcc51521235ed04696cd9ad7ab8c3599e451dde35e000\"",
            "id": "load-testing:kind/breaking-change",
            "name": "kind/breaking-change",
            "repository": "load-testing",
            "url": "https://api.github.com/repos/kubewarden/load-testing/labels/kind/breaking-change"
          },
          "sensitive_attributes": [],
          "private": "bnVsbA==",
          "dependencies": [
            "module.kubewarden_load_testing_repository.github_repository.main"
          ]
        },
        {
          "index_key": 3,
          "schema_version": 0,
          "attributes": {
            "color": "EF2929",
            "description": "",
            "etag": "W/\"8d6cf47393926b94e4fab5ae0857853d53a3495cb357ec2d12b3faf30f3097f7\"",
            "id": "load-testing:kind/bug",
            "name": "kind/bug",
            "repository": "load-testing",
            "url": "https://api.github.com/repos/kubewarden/load-testing/labels/kind/bug"
          },
          "sensitive_attributes": [],
          "private": "bnVsbA==",
          "dependencies": [
            "module.kubewarden_load_testing_repository.github_repository.main"
          ]
        },
        {
          "index_key": 4,
          "schema_version": 0,
          "attributes": {
            "color": "555753",
            "description": "",
            "etag": "W/\"58c590c82c8b35cc2825c72f2a8a910c1bdb23b5141a5fc29da682d338cb52f1\"",
            "id": "load-testing:kind/chore",
            "name": "kind/chore",
            "repository": "load-testing",
            "url": "https://api.github.com/repos/kubewarden/load-testing/labels/kind/chore"
          },
          "sensitive_attributes": [],
          "private": "bnVsbA==",
          "dependencies": [
            "module.kubewarden_load_testing_repository.github_repository.main"
          ]
        },
        {
          "index_key": 5,
          "schema_version": 0,
          "attributes": {
            "color": "06989A",
            "description": "",
            "etag": "W/\"481aa1479f4224fd60ae5e4177e346a737578ba4af27a03d23910f9e71edfb74\"",
            "id": "load-testing:kind/enhancement",
            "name": "kind/enhancement",
            "repository": "load-testing",
            "url": "https://api.github.com/repos/kubewarden/load-testing/labels/kind/enhancement"
          },
          "sensitive_attributes": [],
          "private": "bnVsbA==",
          "dependencies": [
            "module.kubewarden_load_testing_repository.github_repository.main"
          ]
        },
        {
          "index_key": 6,
          "schema_version": 0,
          "attributes": {
            "color": "34E2E2",
            "description": "",
            "etag": "W/\"8b9bb0ccc44291bf9ef5625c03376a21c87648d1e73ccec6e324e1aeced81734\"",
            "id": "load-testing:kind/feature",
            "name": "kind/feature",
            "repository": "load-testing",
            "url": "https://api.github.com/repos/kubewarden/load-testing/labels/kind/feature"
          },
          "sensitive_attributes": [],
          "private": "bnVsbA==",
          "dependencies": [
            "module.kubewarden_load_testing_repository.github_repository.main"
          ]
        },
        {
          "index_key": 7,
          "schema_version": 0,
          "attributes": {
            "color": "ad7fa8",
            "description": "",
            "etag": "W/\"bb911cb837daa26f27c27b30ed4a3e336631141358ea0db1d5490c0e24417492\"",
            "id": "load-testing:kind/question",
            "name": "kind/question",
            "repository": "load-testing",
            "url": "https://api.github.com/repos/kubewarden/load-testing/labels/kind/question"
          },
          "sensitive_attributes": [],
          "private": "bnVsbA==",
          "dependencies": [
            "module.kubewarden_load_testing_repository.github_repository.main"
          ]
        },
        {
          "index_key": 8,
          "schema_version": 0,
          "attributes": {
            "color": "729FCF",
            "description": "",
            "etag": "W/\"0879aef3979bfc24062329d9a1e07e80558ff54a4e27bdca86f65c15fb3f612c\"",
            "id": "load-testing:kind/tech-debt",
            "name": "kind/tech-debt",
            "repository": "load-testing",
            "url": "https://api.github.com/repos/kubewarden/load-testing/labels/kind/tech-debt"
          },
          "sensitive_attributes": [],
          "private": "bnVsbA==",
          "dependencies": [
            "module.kubewarden_load_testing_repository.github_repository.main"
          ]
        },
        {
          "index_key": 9,
          "schema_version": 0,
          "attributes": {
            "color": "8AE234",
            "description": "",
            "etag": "W/\"e3696d16137f60f6ac074a3c4558b23524684ebebb6f1220fe3067aab980d4ab\"",
            "id": "load-testing:release/major",
            "name": "release/major",
            "repository": "load-testing",
            "url": "https://api.github.com/repos/kubewarden/load-testing/labels/release/major"
          },
          "sensitive_attributes": [],
          "private": "bnVsbA==",
          "dependencies": [
            "module.kubewarden_load_testing_repository.github_repository.main"
          ]
        },
        {
          "index_key": 10,
          "schema_version": 0,
          "attributes": {
            "color": "4E9A06",
            "description": "",
            "etag": "W/\"3d7246519466efb4e17dd25353afc322cf39f5e90a68f297ce6788a4d259a399\"",
            "id": "load-testing:release/minor",
            "name": "release/minor",
            "repository": "load-testing",
            "url": "https://api.github.com/repos/kubewarden/load-testing/labels/release/minor"
          },
          "sensitive_attributes": [],
          "private": "bnVsbA==",
          "dependencies": [
            "module.kubewarden_load_testing_repository.github_repository.main"
          ]
        },
        {
          "index_key": 11,
          "schema_version": 0,
          "attributes": {
            "color": "aa6600",
            "description": "",
            "etag": "W/\"025a994c39040dce1e6ab100f55839997d9dc476cbea850bab2e7eb6736286f1\"",
            "id": "load-testing:release/patch",
            "name": "release/patch",
            "repository": "load-testing",
            "url": "https://api.github.com/repos/kubewarden/load-testing/labels/release/patch"
          },
          "sensitive_attributes": [],
          "private": "bnVsbA==",
          "dependencies": [
            "module.kubewarden_load_testing_repository.github_repository.main"
          ]
        },
        {
          "index_key": 12,
          "schema_version": 0,
          "attributes": {
            "color": "77cc00",
            "description": "",
            "etag": "W/\"768bac5c0ae4eed7ff9895acf63391cad18f44e0dc6d368223d25dfb359244b2\"",
            "id": "load-testing:release/skip-changelog",
            "name": "release/skip-changelog",
            "repository": "load-testing",
            "url": "https://api.github.com/repos/kubewarden/load-testing/labels/release/skip-changelog"
          },
          "sensitive_attributes": [],
          "private": "bnVsbA==",
          "dependencies": [
            "module.kubewarden_load_testing_repository.github_repository.main"
          ]
        }
      ]
    },
    {
      "module": "module.kubewarden_load_testing_repository",
      "mode": "managed",
      "type": "github_repository",
      "name": "main",
      "provider": "provider[\"registry.terraform.io/integrations/github\"].kubewarden",
      "instances": [
        {
          "schema_version": 1,
          "attributes": {
            "allow_auto_merge": false,
            "allow_merge_commit": true,
            "allow_rebase_merge": true,
            "allow_squash_merge": true,
            "allow_update_branch": false,
            "archive_on_destroy": null,
            "archived": false,
            "auto_init": false,
            "default_branch": "main",
            "delete_branch_on_merge": false,
            "description": "HTTP load to stress policy-server",
            "etag": "W/\"562c5e9003336bda274fabcfe53deb1d4bb75c5702de2771766482c360a5805d\"",
            "full_name": "kubewarden/load-testing",
            "git_clone_url": "git://github.com/kubewarden/load-testing.git",
            "gitignore_template": null,
            "has_discussions": false,
            "has_downloads": true,
            "has_issues": true,
            "has_projects": false,
            "has_wiki": true,
            "homepage_url": "https://github.com/kubewarden/",
            "html_url": "https://github.com/kubewarden/load-testing",
            "http_clone_url": "https://github.com/kubewarden/load-testing.git",
            "id": "load-testing",
            "ignore_vulnerability_alerts_during_read": null,
            "is_template": false,
            "license_template": null,
            "merge_commit_message": "PR_TITLE",
            "merge_commit_title": "MERGE_MESSAGE",
            "name": "load-testing",
            "node_id": "MDEwOlJlcG9zaXRvcnkzODc1Mzk0OTM=",
            "pages": [],
            "primary_language": "Python",
            "private": false,
            "repo_id": 387539493,
            "security_and_analysis": [
              {
                "advanced_security": [],
                "secret_scanning": [
                  {
                    "status": "enabled"
                  }
                ],
                "secret_scanning_push_protection": [
                  {
                    "status": "disabled"
                  }
                ]
              }
            ],
            "squash_merge_commit_message": "COMMIT_MESSAGES",
            "squash_merge_commit_title": "COMMIT_OR_PR_TITLE",
            "ssh_clone_url": "git@github.com:kubewarden/load-testing.git",
            "svn_url": "https://github.com/kubewarden/load-testing",
            "template": [],
            "topics": [
              "hacktoberfest",
              "kubernetes",
              "kubernetes-security",
              "policy-as-code",
              "webassembly"
            ],
            "visibility": "public",
            "vulnerability_alerts": true
          },
          "sensitive_attributes": [],
          "private": "eyJzY2hlbWFfdmVyc2lvbiI6IjEifQ=="
        }
      ]
    },
    {
      "module": "module.kubewarden_load_testing_repository",
      "mode": "managed",
      "type": "github_team_repository",
      "name": "gh_team_push_rights",
      "provider": "provider[\"registry.terraform.io/integrations/github\"].kubewarden",
      "instances": [
        {
          "index_key": 0,
          "schema_version": 0,
          "attributes": {
            "etag": "W/\"5dd59e6c1ef47dd8f44bc68729c7d7c9d3d76386ec88d85372ca3d83341fd69f\"",
            "id": "4972867:load-testing",
            "permission": "push",
            "repository": "load-testing",
            "team_id": "4972867"
          },
          "sensitive_attributes": [],
          "private": "bnVsbA==",
          "dependencies": [
            "data.github_team.kubewarden_developers",
            "module.kubewarden_load_testing_repository.github_repository.main"
          ]
        }
      ]
    },
    {
      "module": "module.kubewarden_policy_fetcher_repository",
      "mode": "managed",
      "type": "github_app_installation_repository",
      "name": "app_dco",
      "provider": "provider[\"registry.terraform.io/integrations/github\"].kubewarden",
      "instances": [
        {
          "schema_version": 0,
          "attributes": {
            "id": "29141080:policy-fetcher",
            "installation_id": "29141080",
            "repo_id": 360458827,
            "repository": "policy-fetcher"
          },
          "sensitive_attributes": [],
          "private": "bnVsbA==",
          "dependencies": [
            "module.kubewarden_policy_fetcher_repository.github_repository.main"
          ]
        }
      ]
    },
    {
      "module": "module.kubewarden_policy_fetcher_repository",
      "mode": "managed",
      "type": "github_issue_label",
      "name": "label",
      "provider": "provider[\"registry.terraform.io/integrations/github\"].kubewarden",
      "instances": [
        {
          "index_key": 0,
          "schema_version": 0,
          "attributes": {
            "color": "D3D7CF",
            "description": "",
            "etag": "W/\"856d08c96c0a0743ef7d285a04dbe70eea810a49812236fcdee8576b56e81526\"",
            "id": "policy-fetcher:area/dependencies",
            "name": "area/dependencies",
            "repository": "policy-fetcher",
            "url": "https://api.github.com/repos/kubewarden/policy-fetcher/labels/area/dependencies"
          },
          "sensitive_attributes": [],
          "private": "bnVsbA==",
          "dependencies": [
            "module.kubewarden_policy_fetcher_repository.github_repository.main"
          ]
        },
        {
          "index_key": 1,
          "schema_version": 0,
          "attributes": {
            "color": "3465A4",
            "description": "",
            "etag": "W/\"8110c794dc74e411a9bd1316ee30f5fcfe3cbd5efe7e72008b769caa61bb4b1d\"",
            "id": "policy-fetcher:kind/automation",
            "name": "kind/automation",
            "repository": "policy-fetcher",
            "url": "https://api.github.com/repos/kubewarden/policy-fetcher/labels/kind/automation"
          },
          "sensitive_attributes": [],
          "private": "bnVsbA==",
          "dependencies": [
            "module.kubewarden_policy_fetcher_repository.github_repository.main"
          ]
        },
        {
          "index_key": 2,
          "schema_version": 0,
          "attributes": {
            "color": "FCE94F",
            "description": "",
            "etag": "W/\"4cb8c611fcac786b64e0e81c61f170c7dc2e8005f3940209398d9bf131bdb764\"",
            "id": "policy-fetcher:kind/breaking-change",
            "name": "kind/breaking-change",
            "repository": "policy-fetcher",
            "url": "https://api.github.com/repos/kubewarden/policy-fetcher/labels/kind/breaking-change"
          },
          "sensitive_attributes": [],
          "private": "bnVsbA==",
          "dependencies": [
            "module.kubewarden_policy_fetcher_repository.github_repository.main"
          ]
        },
        {
          "index_key": 3,
          "schema_version": 0,
          "attributes": {
            "color": "EF2929",
            "description": "",
            "etag": "W/\"a01f9436ad19116f3c12f17850debeb6b8d26356deacc54002681f3bf3f6f6ad\"",
            "id": "policy-fetcher:kind/bug",
            "name": "kind/bug",
            "repository": "policy-fetcher",
            "url": "https://api.github.com/repos/kubewarden/policy-fetcher/labels/kind/bug"
          },
          "sensitive_attributes": [],
          "private": "bnVsbA==",
          "dependencies": [
            "module.kubewarden_policy_fetcher_repository.github_repository.main"
          ]
        },
        {
          "index_key": 4,
          "schema_version": 0,
          "attributes": {
            "color": "555753",
            "description": "",
            "etag": "W/\"790f23814f78b9f4c58173d0d7a14f54e9bccf63ad457bd05830e4afe5eb1f99\"",
            "id": "policy-fetcher:kind/chore",
            "name": "kind/chore",
            "repository": "policy-fetcher",
            "url": "https://api.github.com/repos/kubewarden/policy-fetcher/labels/kind/chore"
          },
          "sensitive_attributes": [],
          "private": "bnVsbA==",
          "dependencies": [
            "module.kubewarden_policy_fetcher_repository.github_repository.main"
          ]
        },
        {
          "index_key": 5,
          "schema_version": 0,
          "attributes": {
            "color": "06989A",
            "description": "",
            "etag": "W/\"54c9015737ab4acd46ad40400d2e69c1aea0019ee8eebd11282c4c808ce38e04\"",
            "id": "policy-fetcher:kind/enhancement",
            "name": "kind/enhancement",
            "repository": "policy-fetcher",
            "url": "https://api.github.com/repos/kubewarden/policy-fetcher/labels/kind/enhancement"
          },
          "sensitive_attributes": [],
          "private": "bnVsbA==",
          "dependencies": [
            "module.kubewarden_policy_fetcher_repository.github_repository.main"
          ]
        },
        {
          "index_key": 6,
          "schema_version": 0,
          "attributes": {
            "color": "34E2E2",
            "description": "",
            "etag": "W/\"11a5ce95887f72458942c3f89663e950414491131209c0d1833a4b3f950a23c3\"",
            "id": "policy-fetcher:kind/feature",
            "name": "kind/feature",
            "repository": "policy-fetcher",
            "url": "https://api.github.com/repos/kubewarden/policy-fetcher/labels/kind/feature"
          },
          "sensitive_attributes": [],
          "private": "bnVsbA==",
          "dependencies": [
            "module.kubewarden_policy_fetcher_repository.github_repository.main"
          ]
        },
        {
          "index_key": 7,
          "schema_version": 0,
          "attributes": {
            "color": "ad7fa8",
            "description": "",
            "etag": "W/\"d12806c8dcda7227d47f20e0373e3fa86125792f71c4ced97ef19858110bde25\"",
            "id": "policy-fetcher:kind/question",
            "name": "kind/question",
            "repository": "policy-fetcher",
            "url": "https://api.github.com/repos/kubewarden/policy-fetcher/labels/kind/question"
          },
          "sensitive_attributes": [],
          "private": "bnVsbA==",
          "dependencies": [
            "module.kubewarden_policy_fetcher_repository.github_repository.main"
          ]
        },
        {
          "index_key": 8,
          "schema_version": 0,
          "attributes": {
            "color": "729FCF",
            "description": "",
            "etag": "W/\"240f8eba3d550f3894929bbfaa51e486a2caee45cbc3b6e43f47a82f4bf92fdf\"",
            "id": "policy-fetcher:kind/tech-debt",
            "name": "kind/tech-debt",
            "repository": "policy-fetcher",
            "url": "https://api.github.com/repos/kubewarden/policy-fetcher/labels/kind/tech-debt"
          },
          "sensitive_attributes": [],
          "private": "bnVsbA==",
          "dependencies": [
            "module.kubewarden_policy_fetcher_repository.github_repository.main"
          ]
        },
        {
          "index_key": 9,
          "schema_version": 0,
          "attributes": {
            "color": "8AE234",
            "description": "",
            "etag": "W/\"f6d4745df4ca81a42b8e7ad3a6f638437821c5a42b09a86d3484773268a1e27c\"",
            "id": "policy-fetcher:release/major",
            "name": "release/major",
            "repository": "policy-fetcher",
            "url": "https://api.github.com/repos/kubewarden/policy-fetcher/labels/release/major"
          },
          "sensitive_attributes": [],
          "private": "bnVsbA==",
          "dependencies": [
            "module.kubewarden_policy_fetcher_repository.github_repository.main"
          ]
        },
        {
          "index_key": 10,
          "schema_version": 0,
          "attributes": {
            "color": "4E9A06",
            "description": "",
            "etag": "W/\"e6ef567d7648e63d0c55b13ce57bd0278ea3be15021a6a63e6db459625c90061\"",
            "id": "policy-fetcher:release/minor",
            "name": "release/minor",
            "repository": "policy-fetcher",
            "url": "https://api.github.com/repos/kubewarden/policy-fetcher/labels/release/minor"
          },
          "sensitive_attributes": [],
          "private": "bnVsbA==",
          "dependencies": [
            "module.kubewarden_policy_fetcher_repository.github_repository.main"
          ]
        },
        {
          "index_key": 11,
          "schema_version": 0,
          "attributes": {
            "color": "aa6600",
            "description": "",
            "etag": "W/\"1522d16de227305c6fcf56475fb645b8a15e3c3b8a1b48a0790d400c540523f0\"",
            "id": "policy-fetcher:release/patch",
            "name": "release/patch",
            "repository": "policy-fetcher",
            "url": "https://api.github.com/repos/kubewarden/policy-fetcher/labels/release/patch"
          },
          "sensitive_attributes": [],
          "private": "bnVsbA==",
          "dependencies": [
            "module.kubewarden_policy_fetcher_repository.github_repository.main"
          ]
        },
        {
          "index_key": 12,
          "schema_version": 0,
          "attributes": {
            "color": "77cc00",
            "description": "",
            "etag": "W/\"f13aa97220466a27a66eee9f5b677c2eadd0a7595150bbeb7f407590a5a5adce\"",
            "id": "policy-fetcher:release/skip-changelog",
            "name": "release/skip-changelog",
            "repository": "policy-fetcher",
            "url": "https://api.github.com/repos/kubewarden/policy-fetcher/labels/release/skip-changelog"
          },
          "sensitive_attributes": [],
          "private": "bnVsbA==",
          "dependencies": [
            "module.kubewarden_policy_fetcher_repository.github_repository.main"
          ]
        }
      ]
    },
    {
      "module": "module.kubewarden_policy_fetcher_repository",
      "mode": "managed",
      "type": "github_repository",
      "name": "main",
      "provider": "provider[\"registry.terraform.io/integrations/github\"].kubewarden",
      "instances": [
        {
          "schema_version": 1,
          "attributes": {
            "allow_auto_merge": false,
            "allow_merge_commit": true,
            "allow_rebase_merge": true,
            "allow_squash_merge": true,
            "allow_update_branch": false,
            "archive_on_destroy": null,
            "archived": false,
            "auto_init": false,
            "default_branch": "main",
            "delete_branch_on_merge": false,
            "description": "Crate used by Kubewarden that is able to pull policies from OCI registries and HTTP servers.",
            "etag": "W/\"5f3e3dc0240874c2ec21f6961ee080fa022e36b19687b219462bd782a9f0a146\"",
            "full_name": "kubewarden/policy-fetcher",
            "git_clone_url": "git://github.com/kubewarden/policy-fetcher.git",
            "gitignore_template": null,
            "has_discussions": false,
            "has_downloads": true,
            "has_issues": true,
            "has_projects": false,
            "has_wiki": true,
            "homepage_url": "https://kubewarden.io",
            "html_url": "https://github.com/kubewarden/policy-fetcher",
            "http_clone_url": "https://github.com/kubewarden/policy-fetcher.git",
            "id": "policy-fetcher",
            "ignore_vulnerability_alerts_during_read": null,
            "is_template": false,
            "license_template": null,
            "merge_commit_message": "PR_TITLE",
            "merge_commit_title": "MERGE_MESSAGE",
            "name": "policy-fetcher",
            "node_id": "MDEwOlJlcG9zaXRvcnkzNjA0NTg4Mjc=",
            "pages": [],
            "primary_language": "Rust",
            "private": false,
            "repo_id": 360458827,
            "security_and_analysis": [
              {
                "advanced_security": [],
                "secret_scanning": [
                  {
                    "status": "enabled"
                  }
                ],
                "secret_scanning_push_protection": [
                  {
                    "status": "disabled"
                  }
                ]
              }
            ],
            "squash_merge_commit_message": "COMMIT_MESSAGES",
            "squash_merge_commit_title": "COMMIT_OR_PR_TITLE",
            "ssh_clone_url": "git@github.com:kubewarden/policy-fetcher.git",
            "svn_url": "https://github.com/kubewarden/policy-fetcher",
            "template": [],
            "topics": [
              "hacktoberfest",
              "kubernetes",
              "kubernetes-security",
              "policy-as-code",
              "webassembly"
            ],
            "visibility": "public",
            "vulnerability_alerts": true
          },
          "sensitive_attributes": [],
          "private": "eyJzY2hlbWFfdmVyc2lvbiI6IjEifQ=="
        }
      ]
    },
    {
      "module": "module.kubewarden_policy_fetcher_repository",
      "mode": "managed",
      "type": "github_team_repository",
      "name": "gh_team_push_rights",
      "provider": "provider[\"registry.terraform.io/integrations/github\"].kubewarden",
      "instances": [
        {
          "index_key": 0,
          "schema_version": 0,
          "attributes": {
            "etag": "W/\"37e1cf1526c68e7f9c11a9ba7959c4355c44a5648644d69e6e13eec814933ec7\"",
            "id": "4972867:policy-fetcher",
            "permission": "push",
            "repository": "policy-fetcher",
            "team_id": "4972867"
          },
          "sensitive_attributes": [],
          "private": "bnVsbA==",
          "dependencies": [
            "data.github_team.kubewarden_developers",
            "module.kubewarden_policy_fetcher_repository.github_repository.main"
          ]
        }
      ]
    },
    {
      "module": "module.kubewarden_policy_hub_repository",
      "mode": "managed",
      "type": "github_app_installation_repository",
      "name": "app_dco",
      "provider": "provider[\"registry.terraform.io/integrations/github\"].kubewarden",
      "instances": [
        {
          "schema_version": 0,
          "attributes": {
            "id": "29141080:policy-hub",
            "installation_id": "29141080",
            "repo_id": 350240296,
            "repository": "policy-hub"
          },
          "sensitive_attributes": [],
          "private": "bnVsbA==",
          "dependencies": [
            "module.kubewarden_policy_hub_repository.github_repository.main"
          ]
        }
      ]
    },
    {
      "module": "module.kubewarden_policy_hub_repository",
      "mode": "managed",
      "type": "github_issue_label",
      "name": "label",
      "provider": "provider[\"registry.terraform.io/integrations/github\"].kubewarden",
      "instances": [
        {
          "index_key": 0,
          "schema_version": 0,
          "attributes": {
            "color": "D3D7CF",
            "description": "",
            "etag": "W/\"90a0c6096bf2f15b3acead120e342a1b1629e68068ce07d161d14b8eba9ca309\"",
            "id": "policy-hub:area/dependencies",
            "name": "area/dependencies",
            "repository": "policy-hub",
            "url": "https://api.github.com/repos/kubewarden/policy-hub/labels/area/dependencies"
          },
          "sensitive_attributes": [],
          "private": "bnVsbA==",
          "dependencies": [
            "module.kubewarden_policy_hub_repository.github_repository.main"
          ]
        },
        {
          "index_key": 1,
          "schema_version": 0,
          "attributes": {
            "color": "3465A4",
            "description": "",
            "etag": "W/\"05f74aab01f854ef9fd572c3e0f064f11927b0ffbbe601b3f40523367f37b0f2\"",
            "id": "policy-hub:kind/automation",
            "name": "kind/automation",
            "repository": "policy-hub",
            "url": "https://api.github.com/repos/kubewarden/policy-hub/labels/kind/automation"
          },
          "sensitive_attributes": [],
          "private": "bnVsbA==",
          "dependencies": [
            "module.kubewarden_policy_hub_repository.github_repository.main"
          ]
        },
        {
          "index_key": 2,
          "schema_version": 0,
          "attributes": {
            "color": "FCE94F",
            "description": "",
            "etag": "W/\"2f0ba423217958cf9e2ca26365cd4712f31957fa25f9a1745703a3238fb2c4d1\"",
            "id": "policy-hub:kind/breaking-change",
            "name": "kind/breaking-change",
            "repository": "policy-hub",
            "url": "https://api.github.com/repos/kubewarden/policy-hub/labels/kind/breaking-change"
          },
          "sensitive_attributes": [],
          "private": "bnVsbA==",
          "dependencies": [
            "module.kubewarden_policy_hub_repository.github_repository.main"
          ]
        },
        {
          "index_key": 3,
          "schema_version": 0,
          "attributes": {
            "color": "EF2929",
            "description": "",
            "etag": "W/\"431d97f4bdb1679d5292f867d6e42f9a84618e249abdaecbe145c5378592543a\"",
            "id": "policy-hub:kind/bug",
            "name": "kind/bug",
            "repository": "policy-hub",
            "url": "https://api.github.com/repos/kubewarden/policy-hub/labels/kind/bug"
          },
          "sensitive_attributes": [],
          "private": "bnVsbA==",
          "dependencies": [
            "module.kubewarden_policy_hub_repository.github_repository.main"
          ]
        },
        {
          "index_key": 4,
          "schema_version": 0,
          "attributes": {
            "color": "555753",
            "description": "",
            "etag": "W/\"e72d9aeb810ca1bc5ea50615d40a7eaf05caf5b6aa8e5485140ce1066738fcc6\"",
            "id": "policy-hub:kind/chore",
            "name": "kind/chore",
            "repository": "policy-hub",
            "url": "https://api.github.com/repos/kubewarden/policy-hub/labels/kind/chore"
          },
          "sensitive_attributes": [],
          "private": "bnVsbA==",
          "dependencies": [
            "module.kubewarden_policy_hub_repository.github_repository.main"
          ]
        },
        {
          "index_key": 5,
          "schema_version": 0,
          "attributes": {
            "color": "06989A",
            "description": "",
            "etag": "W/\"b3109c3945a5543de8f12ddd098c0fdf2cb4a1a7d1a12625b5424d4a092852ef\"",
            "id": "policy-hub:kind/enhancement",
            "name": "kind/enhancement",
            "repository": "policy-hub",
            "url": "https://api.github.com/repos/kubewarden/policy-hub/labels/kind/enhancement"
          },
          "sensitive_attributes": [],
          "private": "bnVsbA==",
          "dependencies": [
            "module.kubewarden_policy_hub_repository.github_repository.main"
          ]
        },
        {
          "index_key": 6,
          "schema_version": 0,
          "attributes": {
            "color": "34E2E2",
            "description": "",
            "etag": "W/\"5f5c8467bce0debf349949a2b6ee0f7efc8b83bb73cd5219c90220ee15583d2e\"",
            "id": "policy-hub:kind/feature",
            "name": "kind/feature",
            "repository": "policy-hub",
            "url": "https://api.github.com/repos/kubewarden/policy-hub/labels/kind/feature"
          },
          "sensitive_attributes": [],
          "private": "bnVsbA==",
          "dependencies": [
            "module.kubewarden_policy_hub_repository.github_repository.main"
          ]
        },
        {
          "index_key": 7,
          "schema_version": 0,
          "attributes": {
            "color": "ad7fa8",
            "description": "",
            "etag": "W/\"49a3d52a48e699cd1227d4a7a05ae8ead9cb594ae4249af478c1742225f50fbb\"",
            "id": "policy-hub:kind/question",
            "name": "kind/question",
            "repository": "policy-hub",
            "url": "https://api.github.com/repos/kubewarden/policy-hub/labels/kind/question"
          },
          "sensitive_attributes": [],
          "private": "bnVsbA==",
          "dependencies": [
            "module.kubewarden_policy_hub_repository.github_repository.main"
          ]
        },
        {
          "index_key": 8,
          "schema_version": 0,
          "attributes": {
            "color": "729FCF",
            "description": "",
            "etag": "W/\"2c64e11748ad28522408efe4f00e3176519efc08489eb40626be61db0f13ed69\"",
            "id": "policy-hub:kind/tech-debt",
            "name": "kind/tech-debt",
            "repository": "policy-hub",
            "url": "https://api.github.com/repos/kubewarden/policy-hub/labels/kind/tech-debt"
          },
          "sensitive_attributes": [],
          "private": "bnVsbA==",
          "dependencies": [
            "module.kubewarden_policy_hub_repository.github_repository.main"
          ]
        },
        {
          "index_key": 9,
          "schema_version": 0,
          "attributes": {
            "color": "8AE234",
            "description": "",
            "etag": "W/\"7f70d6a9398a8b57f56f495f1ea7acf434ee424f770081f70ac05c2bdba46e99\"",
            "id": "policy-hub:release/major",
            "name": "release/major",
            "repository": "policy-hub",
            "url": "https://api.github.com/repos/kubewarden/policy-hub/labels/release/major"
          },
          "sensitive_attributes": [],
          "private": "bnVsbA==",
          "dependencies": [
            "module.kubewarden_policy_hub_repository.github_repository.main"
          ]
        },
        {
          "index_key": 10,
          "schema_version": 0,
          "attributes": {
            "color": "4E9A06",
            "description": "",
            "etag": "W/\"8f4b8078e569e5920624caabe43005d20d81fac0f7d7fbda9de269d3fa8b17f7\"",
            "id": "policy-hub:release/minor",
            "name": "release/minor",
            "repository": "policy-hub",
            "url": "https://api.github.com/repos/kubewarden/policy-hub/labels/release/minor"
          },
          "sensitive_attributes": [],
          "private": "bnVsbA==",
          "dependencies": [
            "module.kubewarden_policy_hub_repository.github_repository.main"
          ]
        },
        {
          "index_key": 11,
          "schema_version": 0,
          "attributes": {
            "color": "aa6600",
            "description": "",
            "etag": "W/\"1628e70f8ab003c357f2c65dadcc181c8794e3e1d24762c55a7c428fb20e47d8\"",
            "id": "policy-hub:release/patch",
            "name": "release/patch",
            "repository": "policy-hub",
            "url": "https://api.github.com/repos/kubewarden/policy-hub/labels/release/patch"
          },
          "sensitive_attributes": [],
          "private": "bnVsbA==",
          "dependencies": [
            "module.kubewarden_policy_hub_repository.github_repository.main"
          ]
        },
        {
          "index_key": 12,
          "schema_version": 0,
          "attributes": {
            "color": "77cc00",
            "description": "",
            "etag": "W/\"1441c30ff116b4ec04da85dbf8b95b1bded9d763e21b65e181749ea043fc1350\"",
            "id": "policy-hub:release/skip-changelog",
            "name": "release/skip-changelog",
            "repository": "policy-hub",
            "url": "https://api.github.com/repos/kubewarden/policy-hub/labels/release/skip-changelog"
          },
          "sensitive_attributes": [],
          "private": "bnVsbA==",
          "dependencies": [
            "module.kubewarden_policy_hub_repository.github_repository.main"
          ]
        }
      ]
    },
    {
      "module": "module.kubewarden_policy_hub_repository",
      "mode": "managed",
      "type": "github_repository",
      "name": "main",
      "provider": "provider[\"registry.terraform.io/integrations/github\"].kubewarden",
      "instances": [
        {
          "schema_version": 1,
          "attributes": {
            "allow_auto_merge": false,
            "allow_merge_commit": true,
            "allow_rebase_merge": true,
            "allow_squash_merge": true,
            "allow_update_branch": false,
            "archive_on_destroy": null,
            "archived": false,
            "auto_init": false,
            "default_branch": "main",
            "delete_branch_on_merge": false,
            "description": "A place where to find and discover policies",
            "etag": "W/\"9d9ad0a0d5d73ce59927cb4d927a8e7cc6c314550edf3c9e1f8fdf3ce8e55943\"",
            "full_name": "kubewarden/policy-hub",
            "git_clone_url": "git://github.com/kubewarden/policy-hub.git",
            "gitignore_template": null,
            "has_discussions": false,
            "has_downloads": true,
            "has_issues": true,
            "has_projects": false,
            "has_wiki": true,
            "homepage_url": "https://hub.kubewarden.io",
            "html_url": "https://github.com/kubewarden/policy-hub",
            "http_clone_url": "https://github.com/kubewarden/policy-hub.git",
            "id": "policy-hub",
            "ignore_vulnerability_alerts_during_read": null,
            "is_template": false,
            "license_template": null,
            "merge_commit_message": "PR_TITLE",
            "merge_commit_title": "MERGE_MESSAGE",
            "name": "policy-hub",
            "node_id": "MDEwOlJlcG9zaXRvcnkzNTAyNDAyOTY=",
            "pages": [
              {
                "build_type": "legacy",
                "cname": "hub.kubewarden.io",
                "custom_404": false,
                "html_url": "https://hub.kubewarden.io/",
                "source": [
                  {
                    "branch": "gh-pages",
                    "path": "/"
                  }
                ],
                "status": "built",
                "url": "https://api.github.com/repos/kubewarden/policy-hub/pages"
              }
            ],
            "primary_language": "",
            "private": false,
            "repo_id": 350240296,
            "security_and_analysis": [
              {
                "advanced_security": [],
                "secret_scanning": [
                  {
                    "status": "enabled"
                  }
                ],
                "secret_scanning_push_protection": [
                  {
                    "status": "disabled"
                  }
                ]
              }
            ],
            "squash_merge_commit_message": "COMMIT_MESSAGES",
            "squash_merge_commit_title": "COMMIT_OR_PR_TITLE",
            "ssh_clone_url": "git@github.com:kubewarden/policy-hub.git",
            "svn_url": "https://github.com/kubewarden/policy-hub",
            "template": [],
            "topics": [
              "hacktoberfest",
              "kubernetes",
              "kubernetes-security",
              "policy-as-code",
              "webassembly"
            ],
            "visibility": "public",
            "vulnerability_alerts": true
          },
          "sensitive_attributes": [],
          "private": "eyJzY2hlbWFfdmVyc2lvbiI6IjEifQ=="
        }
      ]
    },
    {
      "module": "module.kubewarden_policy_hub_repository",
      "mode": "managed",
      "type": "github_team_repository",
      "name": "gh_team_push_rights",
      "provider": "provider[\"registry.terraform.io/integrations/github\"].kubewarden",
      "instances": [
        {
          "index_key": 0,
          "schema_version": 0,
          "attributes": {
            "etag": "W/\"616d84eadf1d0f7073f172d56f3ab9f26146d0e14d2245c4a9129e10b9231e47\"",
            "id": "4972867:policy-hub",
            "permission": "push",
            "repository": "policy-hub",
            "team_id": "4972867"
          },
          "sensitive_attributes": [],
          "private": "bnVsbA==",
          "dependencies": [
            "data.github_team.kubewarden_developers",
            "module.kubewarden_policy_hub_repository.github_repository.main"
          ]
        }
      ]
    },
    {
      "module": "module.kubewarden_policy_server_repository",
      "mode": "managed",
      "type": "github_app_installation_repository",
      "name": "app_dco",
      "provider": "provider[\"registry.terraform.io/integrations/github\"].kubewarden",
      "instances": [
        {
          "schema_version": 0,
          "attributes": {
            "id": "29141080:policy-server",
            "installation_id": "29141080",
            "repo_id": 321691643,
            "repository": "policy-server"
          },
          "sensitive_attributes": [],
          "private": "bnVsbA==",
          "dependencies": [
            "module.kubewarden_policy_server_repository.github_repository.main"
          ]
        }
      ]
    },
    {
      "module": "module.kubewarden_policy_server_repository",
      "mode": "managed",
      "type": "github_issue_label",
      "name": "label",
      "provider": "provider[\"registry.terraform.io/integrations/github\"].kubewarden",
      "instances": [
        {
          "index_key": 0,
          "schema_version": 0,
          "attributes": {
            "color": "D3D7CF",
            "description": "",
            "etag": "W/\"ba201aabb15da064d071f2b08a5b8d7ccb4ac1d7eb2ae77cfa940723749f5796\"",
            "id": "policy-server:area/dependencies",
            "name": "area/dependencies",
            "repository": "policy-server",
            "url": "https://api.github.com/repos/kubewarden/policy-server/labels/area/dependencies"
          },
          "sensitive_attributes": [],
          "private": "bnVsbA==",
          "dependencies": [
            "module.kubewarden_policy_server_repository.github_repository.main"
          ]
        },
        {
          "index_key": 1,
          "schema_version": 0,
          "attributes": {
            "color": "3465A4",
            "description": "",
            "etag": "W/\"2adfdbcb329badbf72ba46b98c7b5c7a864a880a9d4921f1791369bdbc77f484\"",
            "id": "policy-server:kind/automation",
            "name": "kind/automation",
            "repository": "policy-server",
            "url": "https://api.github.com/repos/kubewarden/policy-server/labels/kind/automation"
          },
          "sensitive_attributes": [],
          "private": "bnVsbA==",
          "dependencies": [
            "module.kubewarden_policy_server_repository.github_repository.main"
          ]
        },
        {
          "index_key": 2,
          "schema_version": 0,
          "attributes": {
            "color": "FCE94F",
            "description": "",
            "etag": "W/\"9819ac0af6b72485b9fb68a4f2731b0eb082ccf2c4f583de842de6082eed6b2f\"",
            "id": "policy-server:kind/breaking-change",
            "name": "kind/breaking-change",
            "repository": "policy-server",
            "url": "https://api.github.com/repos/kubewarden/policy-server/labels/kind/breaking-change"
          },
          "sensitive_attributes": [],
          "private": "bnVsbA==",
          "dependencies": [
            "module.kubewarden_policy_server_repository.github_repository.main"
          ]
        },
        {
          "index_key": 3,
          "schema_version": 0,
          "attributes": {
            "color": "EF2929",
            "description": "",
            "etag": "W/\"9b184547ae1e98780103b50c8e04a9115c79351280b2d6c09edf6bade9602ec8\"",
            "id": "policy-server:kind/bug",
            "name": "kind/bug",
            "repository": "policy-server",
            "url": "https://api.github.com/repos/kubewarden/policy-server/labels/kind/bug"
          },
          "sensitive_attributes": [],
          "private": "bnVsbA==",
          "dependencies": [
            "module.kubewarden_policy_server_repository.github_repository.main"
          ]
        },
        {
          "index_key": 4,
          "schema_version": 0,
          "attributes": {
            "color": "555753",
            "description": "",
            "etag": "W/\"dd2f35a8e85fc97479c871c669a49dc0c045e949c36f6b066d4d516a0537c130\"",
            "id": "policy-server:kind/chore",
            "name": "kind/chore",
            "repository": "policy-server",
            "url": "https://api.github.com/repos/kubewarden/policy-server/labels/kind/chore"
          },
          "sensitive_attributes": [],
          "private": "bnVsbA==",
          "dependencies": [
            "module.kubewarden_policy_server_repository.github_repository.main"
          ]
        },
        {
          "index_key": 5,
          "schema_version": 0,
          "attributes": {
            "color": "06989A",
            "description": "",
            "etag": "W/\"6ee61ca567178ca2099e29164921c3a723ae57dcda2755b277624ed91a8cf0c4\"",
            "id": "policy-server:kind/enhancement",
            "name": "kind/enhancement",
            "repository": "policy-server",
            "url": "https://api.github.com/repos/kubewarden/policy-server/labels/kind/enhancement"
          },
          "sensitive_attributes": [],
          "private": "bnVsbA==",
          "dependencies": [
            "module.kubewarden_policy_server_repository.github_repository.main"
          ]
        },
        {
          "index_key": 6,
          "schema_version": 0,
          "attributes": {
            "color": "34E2E2",
            "description": "",
            "etag": "W/\"1d104658dac6d7210637dca8b9bf257da342bb823cd53405a7d7163256ee6048\"",
            "id": "policy-server:kind/feature",
            "name": "kind/feature",
            "repository": "policy-server",
            "url": "https://api.github.com/repos/kubewarden/policy-server/labels/kind/feature"
          },
          "sensitive_attributes": [],
          "private": "bnVsbA==",
          "dependencies": [
            "module.kubewarden_policy_server_repository.github_repository.main"
          ]
        },
        {
          "index_key": 7,
          "schema_version": 0,
          "attributes": {
            "color": "ad7fa8",
            "description": "",
            "etag": "W/\"5fe96dcc912845e15d12b01d8cfe573a4c3afaab346df0f88802a9b1af3dfef8\"",
            "id": "policy-server:kind/question",
            "name": "kind/question",
            "repository": "policy-server",
            "url": "https://api.github.com/repos/kubewarden/policy-server/labels/kind/question"
          },
          "sensitive_attributes": [],
          "private": "bnVsbA==",
          "dependencies": [
            "module.kubewarden_policy_server_repository.github_repository.main"
          ]
        },
        {
          "index_key": 8,
          "schema_version": 0,
          "attributes": {
            "color": "729FCF",
            "description": "",
            "etag": "W/\"b3509b17fc08dbb8368ecb564a4582b02e901895062daf4ffbf3d78e8e58b1c1\"",
            "id": "policy-server:kind/tech-debt",
            "name": "kind/tech-debt",
            "repository": "policy-server",
            "url": "https://api.github.com/repos/kubewarden/policy-server/labels/kind/tech-debt"
          },
          "sensitive_attributes": [],
          "private": "bnVsbA==",
          "dependencies": [
            "module.kubewarden_policy_server_repository.github_repository.main"
          ]
        },
        {
          "index_key": 9,
          "schema_version": 0,
          "attributes": {
            "color": "8AE234",
            "description": "",
            "etag": "W/\"6a06868959bc97842efd7adb880187462298f4aae853f82b75d971c0338090a0\"",
            "id": "policy-server:release/major",
            "name": "release/major",
            "repository": "policy-server",
            "url": "https://api.github.com/repos/kubewarden/policy-server/labels/release/major"
          },
          "sensitive_attributes": [],
          "private": "bnVsbA==",
          "dependencies": [
            "module.kubewarden_policy_server_repository.github_repository.main"
          ]
        },
        {
          "index_key": 10,
          "schema_version": 0,
          "attributes": {
            "color": "4E9A06",
            "description": "",
            "etag": "W/\"af393a847fffccdedad6c9aae68bbf3aa8fd7cf4c649b3a8ed54b63e17ccb38e\"",
            "id": "policy-server:release/minor",
            "name": "release/minor",
            "repository": "policy-server",
            "url": "https://api.github.com/repos/kubewarden/policy-server/labels/release/minor"
          },
          "sensitive_attributes": [],
          "private": "bnVsbA==",
          "dependencies": [
            "module.kubewarden_policy_server_repository.github_repository.main"
          ]
        },
        {
          "index_key": 11,
          "schema_version": 0,
          "attributes": {
            "color": "aa6600",
            "description": "",
            "etag": "W/\"11dde4903e09a5a05aef9d5f917bc17a533cff054116f6895ce1733d1da0ee4d\"",
            "id": "policy-server:release/patch",
            "name": "release/patch",
            "repository": "policy-server",
            "url": "https://api.github.com/repos/kubewarden/policy-server/labels/release/patch"
          },
          "sensitive_attributes": [],
          "private": "bnVsbA==",
          "dependencies": [
            "module.kubewarden_policy_server_repository.github_repository.main"
          ]
        },
        {
          "index_key": 12,
          "schema_version": 0,
          "attributes": {
            "color": "77cc00",
            "description": "",
            "etag": "W/\"33bfced19e87322c414a3d21f822ed263240545757e6b2cbe4b5c60e93ad6213\"",
            "id": "policy-server:release/skip-changelog",
            "name": "release/skip-changelog",
            "repository": "policy-server",
            "url": "https://api.github.com/repos/kubewarden/policy-server/labels/release/skip-changelog"
          },
          "sensitive_attributes": [],
          "private": "bnVsbA==",
          "dependencies": [
            "module.kubewarden_policy_server_repository.github_repository.main"
          ]
        }
      ]
    },
    {
      "module": "module.kubewarden_policy_server_repository",
      "mode": "managed",
      "type": "github_repository",
      "name": "main",
      "provider": "provider[\"registry.terraform.io/integrations/github\"].kubewarden",
      "instances": [
        {
          "schema_version": 1,
          "attributes": {
            "allow_auto_merge": false,
            "allow_merge_commit": true,
            "allow_rebase_merge": true,
            "allow_squash_merge": true,
            "allow_update_branch": false,
            "archive_on_destroy": null,
            "archived": false,
            "auto_init": false,
            "default_branch": "main",
            "delete_branch_on_merge": false,
            "description": "Webhook server that evaluates WebAssembly policies to validate Kubernetes requests",
            "etag": "W/\"f32f35507bffb00facc27906df152a30e10cddcf329b91273f88a7ccba5eed96\"",
            "full_name": "kubewarden/policy-server",
            "git_clone_url": "git://github.com/kubewarden/policy-server.git",
            "gitignore_template": null,
            "has_discussions": false,
            "has_downloads": true,
            "has_issues": true,
            "has_projects": false,
            "has_wiki": true,
            "homepage_url": "https://kubewarden.io",
            "html_url": "https://github.com/kubewarden/policy-server",
            "http_clone_url": "https://github.com/kubewarden/policy-server.git",
            "id": "policy-server",
            "ignore_vulnerability_alerts_during_read": null,
            "is_template": false,
            "license_template": null,
            "merge_commit_message": "PR_TITLE",
            "merge_commit_title": "MERGE_MESSAGE",
            "name": "policy-server",
            "node_id": "MDEwOlJlcG9zaXRvcnkzMjE2OTE2NDM=",
            "pages": [],
            "primary_language": "Rust",
            "private": false,
            "repo_id": 321691643,
            "security_and_analysis": [
              {
                "advanced_security": [],
                "secret_scanning": [
                  {
                    "status": "enabled"
                  }
                ],
                "secret_scanning_push_protection": [
                  {
                    "status": "disabled"
                  }
                ]
              }
            ],
            "squash_merge_commit_message": "COMMIT_MESSAGES",
            "squash_merge_commit_title": "COMMIT_OR_PR_TITLE",
            "ssh_clone_url": "git@github.com:kubewarden/policy-server.git",
            "svn_url": "https://github.com/kubewarden/policy-server",
            "template": [],
            "topics": [
              "hacktoberfest",
              "kubernetes",
              "kubernetes-security",
              "kubernetes-webhook",
              "policy",
              "policy-as-code",
              "rust",
              "webassembly"
            ],
            "visibility": "public",
            "vulnerability_alerts": true
          },
          "sensitive_attributes": [],
          "private": "eyJzY2hlbWFfdmVyc2lvbiI6IjEifQ=="
        }
      ]
    },
    {
      "module": "module.kubewarden_policy_server_repository",
      "mode": "managed",
      "type": "github_team_repository",
      "name": "gh_team_push_rights",
      "provider": "provider[\"registry.terraform.io/integrations/github\"].kubewarden",
      "instances": [
        {
          "index_key": 0,
          "schema_version": 0,
          "attributes": {
            "etag": "W/\"1a94a6a37184ed6e96bdfe10669a59a32fd3644a59b1c40ef9dd5d4c761419ca\"",
            "id": "4972867:policy-server",
            "permission": "push",
            "repository": "policy-server",
            "team_id": "4972867"
          },
          "sensitive_attributes": [],
          "private": "bnVsbA==",
          "dependencies": [
            "data.github_team.kubewarden_developers",
            "module.kubewarden_policy_server_repository.github_repository.main"
          ]
        }
      ]
    },
    {
      "module": "module.kubewarden_rancher_kubectl_builder_repository",
      "mode": "managed",
      "type": "github_app_installation_repository",
      "name": "app_dco",
      "provider": "provider[\"registry.terraform.io/integrations/github\"].kubewarden",
      "instances": [
        {
          "schema_version": 0,
          "attributes": {
            "id": "29141080:rancher-kubectl-builder",
            "installation_id": "29141080",
            "repo_id": 498340468,
            "repository": "rancher-kubectl-builder"
          },
          "sensitive_attributes": [],
          "private": "bnVsbA==",
          "dependencies": [
            "module.kubewarden_rancher_kubectl_builder_repository.github_repository.main"
          ]
        }
      ]
    },
    {
      "module": "module.kubewarden_rancher_kubectl_builder_repository",
      "mode": "managed",
      "type": "github_issue_label",
      "name": "label",
      "provider": "provider[\"registry.terraform.io/integrations/github\"].kubewarden",
      "instances": [
        {
          "index_key": 0,
          "schema_version": 0,
          "attributes": {
            "color": "D3D7CF",
            "description": "",
            "etag": "W/\"4baf6d4997bd5bbe66b1f5cf1fb184d241ac3d69c3fb0622ea411a4037161046\"",
            "id": "rancher-kubectl-builder:area/dependencies",
            "name": "area/dependencies",
            "repository": "rancher-kubectl-builder",
            "url": "https://api.github.com/repos/kubewarden/rancher-kubectl-builder/labels/area/dependencies"
          },
          "sensitive_attributes": [],
          "private": "bnVsbA==",
          "dependencies": [
            "module.kubewarden_rancher_kubectl_builder_repository.github_repository.main"
          ]
        },
        {
          "index_key": 1,
          "schema_version": 0,
          "attributes": {
            "color": "3465A4",
            "description": "",
            "etag": "W/\"884c3dbf1f429f846f1ddd63f91b53f96639084cd916e9f17b8a9fe99bda4dc3\"",
            "id": "rancher-kubectl-builder:kind/automation",
            "name": "kind/automation",
            "repository": "rancher-kubectl-builder",
            "url": "https://api.github.com/repos/kubewarden/rancher-kubectl-builder/labels/kind/automation"
          },
          "sensitive_attributes": [],
          "private": "bnVsbA==",
          "dependencies": [
            "module.kubewarden_rancher_kubectl_builder_repository.github_repository.main"
          ]
        },
        {
          "index_key": 2,
          "schema_version": 0,
          "attributes": {
            "color": "FCE94F",
            "description": "",
            "etag": "W/\"f2a2aec2b613e91c2a9648b41b85230e2030d4947e85d959bd3886cd89b56d56\"",
            "id": "rancher-kubectl-builder:kind/breaking-change",
            "name": "kind/breaking-change",
            "repository": "rancher-kubectl-builder",
            "url": "https://api.github.com/repos/kubewarden/rancher-kubectl-builder/labels/kind/breaking-change"
          },
          "sensitive_attributes": [],
          "private": "bnVsbA==",
          "dependencies": [
            "module.kubewarden_rancher_kubectl_builder_repository.github_repository.main"
          ]
        },
        {
          "index_key": 3,
          "schema_version": 0,
          "attributes": {
            "color": "EF2929",
            "description": "",
            "etag": "W/\"9e14cb37a6f528f8d28c5a2c355ef6638bd7ffb8ce0fdeae1fb7a4b69102639d\"",
            "id": "rancher-kubectl-builder:kind/bug",
            "name": "kind/bug",
            "repository": "rancher-kubectl-builder",
            "url": "https://api.github.com/repos/kubewarden/rancher-kubectl-builder/labels/kind/bug"
          },
          "sensitive_attributes": [],
          "private": "bnVsbA==",
          "dependencies": [
            "module.kubewarden_rancher_kubectl_builder_repository.github_repository.main"
          ]
        },
        {
          "index_key": 4,
          "schema_version": 0,
          "attributes": {
            "color": "555753",
            "description": "",
            "etag": "W/\"6bab099f3b99345ebaee4867eb9599765de26b821791ae5f34b85d751e28f7e0\"",
            "id": "rancher-kubectl-builder:kind/chore",
            "name": "kind/chore",
            "repository": "rancher-kubectl-builder",
            "url": "https://api.github.com/repos/kubewarden/rancher-kubectl-builder/labels/kind/chore"
          },
          "sensitive_attributes": [],
          "private": "bnVsbA==",
          "dependencies": [
            "module.kubewarden_rancher_kubectl_builder_repository.github_repository.main"
          ]
        },
        {
          "index_key": 5,
          "schema_version": 0,
          "attributes": {
            "color": "06989A",
            "description": "",
            "etag": "W/\"4c98074491915104232d0722f39907a1053925f13054eb663031bd5b37157c6f\"",
            "id": "rancher-kubectl-builder:kind/enhancement",
            "name": "kind/enhancement",
            "repository": "rancher-kubectl-builder",
            "url": "https://api.github.com/repos/kubewarden/rancher-kubectl-builder/labels/kind/enhancement"
          },
          "sensitive_attributes": [],
          "private": "bnVsbA==",
          "dependencies": [
            "module.kubewarden_rancher_kubectl_builder_repository.github_repository.main"
          ]
        },
        {
          "index_key": 6,
          "schema_version": 0,
          "attributes": {
            "color": "34E2E2",
            "description": "",
            "etag": "W/\"28553c3fc2da29fd947c49e359c41f5005fa1eeaad07b4b6ee22c51e6e34ecdb\"",
            "id": "rancher-kubectl-builder:kind/feature",
            "name": "kind/feature",
            "repository": "rancher-kubectl-builder",
            "url": "https://api.github.com/repos/kubewarden/rancher-kubectl-builder/labels/kind/feature"
          },
          "sensitive_attributes": [],
          "private": "bnVsbA==",
          "dependencies": [
            "module.kubewarden_rancher_kubectl_builder_repository.github_repository.main"
          ]
        },
        {
          "index_key": 7,
          "schema_version": 0,
          "attributes": {
            "color": "ad7fa8",
            "description": "",
            "etag": "W/\"a6948bedbd04986637cb59cdcd0947892f4463711eab524bf46c0306c46712b5\"",
            "id": "rancher-kubectl-builder:kind/question",
            "name": "kind/question",
            "repository": "rancher-kubectl-builder",
            "url": "https://api.github.com/repos/kubewarden/rancher-kubectl-builder/labels/kind/question"
          },
          "sensitive_attributes": [],
          "private": "bnVsbA==",
          "dependencies": [
            "module.kubewarden_rancher_kubectl_builder_repository.github_repository.main"
          ]
        },
        {
          "index_key": 8,
          "schema_version": 0,
          "attributes": {
            "color": "729FCF",
            "description": "",
            "etag": "W/\"445edfea5068e470661413326d0ca4f2bba45e2e2a8d6c258ba59356566f526c\"",
            "id": "rancher-kubectl-builder:kind/tech-debt",
            "name": "kind/tech-debt",
            "repository": "rancher-kubectl-builder",
            "url": "https://api.github.com/repos/kubewarden/rancher-kubectl-builder/labels/kind/tech-debt"
          },
          "sensitive_attributes": [],
          "private": "bnVsbA==",
          "dependencies": [
            "module.kubewarden_rancher_kubectl_builder_repository.github_repository.main"
          ]
        },
        {
          "index_key": 9,
          "schema_version": 0,
          "attributes": {
            "color": "8AE234",
            "description": "",
            "etag": "W/\"6218a8aac54ef91c48bae7a009d857f2f539eb2cedb6da120bf686c8d6cdb57e\"",
            "id": "rancher-kubectl-builder:release/major",
            "name": "release/major",
            "repository": "rancher-kubectl-builder",
            "url": "https://api.github.com/repos/kubewarden/rancher-kubectl-builder/labels/release/major"
          },
          "sensitive_attributes": [],
          "private": "bnVsbA==",
          "dependencies": [
            "module.kubewarden_rancher_kubectl_builder_repository.github_repository.main"
          ]
        },
        {
          "index_key": 10,
          "schema_version": 0,
          "attributes": {
            "color": "4E9A06",
            "description": "",
            "etag": "W/\"7717288fa63338b41d7b33ab4fa28df3ed87cc91f745ab5f65cfdbaaa1adeb25\"",
            "id": "rancher-kubectl-builder:release/minor",
            "name": "release/minor",
            "repository": "rancher-kubectl-builder",
            "url": "https://api.github.com/repos/kubewarden/rancher-kubectl-builder/labels/release/minor"
          },
          "sensitive_attributes": [],
          "private": "bnVsbA==",
          "dependencies": [
            "module.kubewarden_rancher_kubectl_builder_repository.github_repository.main"
          ]
        },
        {
          "index_key": 11,
          "schema_version": 0,
          "attributes": {
            "color": "aa6600",
            "description": "",
            "etag": "W/\"6b7df31b0d9feebac5899b8f5653acb5fcf521d0b1d1c049008152ddbbb4efce\"",
            "id": "rancher-kubectl-builder:release/patch",
            "name": "release/patch",
            "repository": "rancher-kubectl-builder",
            "url": "https://api.github.com/repos/kubewarden/rancher-kubectl-builder/labels/release/patch"
          },
          "sensitive_attributes": [],
          "private": "bnVsbA==",
          "dependencies": [
            "module.kubewarden_rancher_kubectl_builder_repository.github_repository.main"
          ]
        },
        {
          "index_key": 12,
          "schema_version": 0,
          "attributes": {
            "color": "77cc00",
            "description": "",
            "etag": "W/\"b84caa3e7a0367884acd2ba6cedf62f49cc37bb02bf2a64b9f7c03e493618fec\"",
            "id": "rancher-kubectl-builder:release/skip-changelog",
            "name": "release/skip-changelog",
            "repository": "rancher-kubectl-builder",
            "url": "https://api.github.com/repos/kubewarden/rancher-kubectl-builder/labels/release/skip-changelog"
          },
          "sensitive_attributes": [],
          "private": "bnVsbA==",
          "dependencies": [
            "module.kubewarden_rancher_kubectl_builder_repository.github_repository.main"
          ]
        }
      ]
    },
    {
      "module": "module.kubewarden_rancher_kubectl_builder_repository",
      "mode": "managed",
      "type": "github_repository",
      "name": "main",
      "provider": "provider[\"registry.terraform.io/integrations/github\"].kubewarden",
      "instances": [
        {
          "schema_version": 1,
          "attributes": {
            "allow_auto_merge": false,
            "allow_merge_commit": true,
            "allow_rebase_merge": true,
            "allow_squash_merge": true,
            "allow_update_branch": false,
            "archive_on_destroy": null,
            "archived": false,
            "auto_init": null,
            "default_branch": "main",
            "delete_branch_on_merge": false,
            "description": "Workflow to rebuild and sign rancher/kubectl image",
            "etag": "W/\"723b0e050c807ae0fb57c2bf9eb3288e1eda4c212a60a07d81acad43afb8da5c\"",
            "full_name": "kubewarden/rancher-kubectl-builder",
            "git_clone_url": "git://github.com/kubewarden/rancher-kubectl-builder.git",
            "gitignore_template": null,
            "has_discussions": false,
            "has_downloads": true,
            "has_issues": true,
            "has_projects": false,
            "has_wiki": true,
            "homepage_url": "https://github.com/kubewarden/",
            "html_url": "https://github.com/kubewarden/rancher-kubectl-builder",
            "http_clone_url": "https://github.com/kubewarden/rancher-kubectl-builder.git",
            "id": "rancher-kubectl-builder",
            "ignore_vulnerability_alerts_during_read": null,
            "is_template": false,
            "license_template": null,
            "merge_commit_message": "PR_TITLE",
            "merge_commit_title": "MERGE_MESSAGE",
            "name": "rancher-kubectl-builder",
            "node_id": "R_kgDOHbQSdA",
            "pages": [],
            "primary_language": "Shell",
            "private": false,
            "repo_id": 498340468,
            "security_and_analysis": [
              {
                "advanced_security": [],
                "secret_scanning": [
                  {
                    "status": "enabled"
                  }
                ],
                "secret_scanning_push_protection": [
                  {
                    "status": "disabled"
                  }
                ]
              }
            ],
            "squash_merge_commit_message": "COMMIT_MESSAGES",
            "squash_merge_commit_title": "COMMIT_OR_PR_TITLE",
            "ssh_clone_url": "git@github.com:kubewarden/rancher-kubectl-builder.git",
            "svn_url": "https://github.com/kubewarden/rancher-kubectl-builder",
            "template": [],
            "topics": [
              "hacktoberfest",
              "kubernetes",
              "kubernetes-security",
              "policy-as-code",
              "webassembly"
            ],
            "visibility": "public",
            "vulnerability_alerts": true
          },
          "sensitive_attributes": [],
          "private": "eyJzY2hlbWFfdmVyc2lvbiI6IjEifQ=="
        }
      ]
    },
    {
      "module": "module.kubewarden_rancher_kubectl_builder_repository",
      "mode": "managed",
      "type": "github_team_repository",
      "name": "gh_team_push_rights",
      "provider": "provider[\"registry.terraform.io/integrations/github\"].kubewarden",
      "instances": [
        {
          "index_key": 0,
          "schema_version": 0,
          "attributes": {
            "etag": "W/\"efdbd6e44f8c5d9f6b48539c472eca80a482e1fe93ef27bdee696f23086527e6\"",
            "id": "4972867:rancher-kubectl-builder",
            "permission": "push",
            "repository": "rancher-kubectl-builder",
            "team_id": "4972867"
          },
          "sensitive_attributes": [],
          "private": "bnVsbA==",
          "dependencies": [
            "data.github_team.kubewarden_developers",
            "module.kubewarden_rancher_kubectl_builder_repository.github_repository.main"
          ]
        }
      ]
    },
    {
      "module": "module.kubewarden_rfc_repository",
      "mode": "managed",
      "type": "github_app_installation_repository",
      "name": "app_dco",
      "provider": "provider[\"registry.terraform.io/integrations/github\"].kubewarden",
      "instances": [
        {
          "schema_version": 0,
          "attributes": {
            "id": "29141080:rfc",
            "installation_id": "29141080",
            "repo_id": 467968538,
            "repository": "rfc"
          },
          "sensitive_attributes": [],
          "private": "bnVsbA==",
          "dependencies": [
            "module.kubewarden_rfc_repository.github_repository.main"
          ]
        }
      ]
    },
    {
      "module": "module.kubewarden_rfc_repository",
      "mode": "managed",
      "type": "github_issue_label",
      "name": "label",
      "provider": "provider[\"registry.terraform.io/integrations/github\"].kubewarden",
      "instances": [
        {
          "index_key": 0,
          "schema_version": 0,
          "attributes": {
            "color": "D3D7CF",
            "description": "",
            "etag": "W/\"4b3ba3beff433ad0ce98addcae7241aa362253d679a5b6269f0bde5ab042d169\"",
            "id": "rfc:area/dependencies",
            "name": "area/dependencies",
            "repository": "rfc",
            "url": "https://api.github.com/repos/kubewarden/rfc/labels/area/dependencies"
          },
          "sensitive_attributes": [],
          "private": "bnVsbA==",
          "dependencies": [
            "module.kubewarden_rfc_repository.github_repository.main"
          ]
        },
        {
          "index_key": 1,
          "schema_version": 0,
          "attributes": {
            "color": "3465A4",
            "description": "",
            "etag": "W/\"f25a112a1520febedadb14bd6c0dd43f0df366c4dac6ef05f2c91401ab17d158\"",
            "id": "rfc:kind/automation",
            "name": "kind/automation",
            "repository": "rfc",
            "url": "https://api.github.com/repos/kubewarden/rfc/labels/kind/automation"
          },
          "sensitive_attributes": [],
          "private": "bnVsbA==",
          "dependencies": [
            "module.kubewarden_rfc_repository.github_repository.main"
          ]
        },
        {
          "index_key": 2,
          "schema_version": 0,
          "attributes": {
            "color": "FCE94F",
            "description": "",
            "etag": "W/\"cb6cb23d9fc1f00857b0373551aca55331771d2420b0f3a79a0e8b7eaaed4d2b\"",
            "id": "rfc:kind/breaking-change",
            "name": "kind/breaking-change",
            "repository": "rfc",
            "url": "https://api.github.com/repos/kubewarden/rfc/labels/kind/breaking-change"
          },
          "sensitive_attributes": [],
          "private": "bnVsbA==",
          "dependencies": [
            "module.kubewarden_rfc_repository.github_repository.main"
          ]
        },
        {
          "index_key": 3,
          "schema_version": 0,
          "attributes": {
            "color": "EF2929",
            "description": "",
            "etag": "W/\"f47f736ff798eafa00cf87b8dc8e60800d979850e6226781cb726c66d5dc7a14\"",
            "id": "rfc:kind/bug",
            "name": "kind/bug",
            "repository": "rfc",
            "url": "https://api.github.com/repos/kubewarden/rfc/labels/kind/bug"
          },
          "sensitive_attributes": [],
          "private": "bnVsbA==",
          "dependencies": [
            "module.kubewarden_rfc_repository.github_repository.main"
          ]
        },
        {
          "index_key": 4,
          "schema_version": 0,
          "attributes": {
            "color": "555753",
            "description": "",
            "etag": "W/\"c47af97ceaa8a5ecae91d06a81d4b7fef5f7c3bb33ab2c4d1eee4772db259eaf\"",
            "id": "rfc:kind/chore",
            "name": "kind/chore",
            "repository": "rfc",
            "url": "https://api.github.com/repos/kubewarden/rfc/labels/kind/chore"
          },
          "sensitive_attributes": [],
          "private": "bnVsbA==",
          "dependencies": [
            "module.kubewarden_rfc_repository.github_repository.main"
          ]
        },
        {
          "index_key": 5,
          "schema_version": 0,
          "attributes": {
            "color": "06989A",
            "description": "",
            "etag": "W/\"8e6598593211d0c24670797359c729f2314c18095fbcb713c8e0fe70f2b51773\"",
            "id": "rfc:kind/enhancement",
            "name": "kind/enhancement",
            "repository": "rfc",
            "url": "https://api.github.com/repos/kubewarden/rfc/labels/kind/enhancement"
          },
          "sensitive_attributes": [],
          "private": "bnVsbA==",
          "dependencies": [
            "module.kubewarden_rfc_repository.github_repository.main"
          ]
        },
        {
          "index_key": 6,
          "schema_version": 0,
          "attributes": {
            "color": "34E2E2",
            "description": "",
            "etag": "W/\"919849b8b36f9d86602ea6606ea3c61697e53754ec70b97c82ed7426b3f5b161\"",
            "id": "rfc:kind/feature",
            "name": "kind/feature",
            "repository": "rfc",
            "url": "https://api.github.com/repos/kubewarden/rfc/labels/kind/feature"
          },
          "sensitive_attributes": [],
          "private": "bnVsbA==",
          "dependencies": [
            "module.kubewarden_rfc_repository.github_repository.main"
          ]
        },
        {
          "index_key": 7,
          "schema_version": 0,
          "attributes": {
            "color": "ad7fa8",
            "description": "",
            "etag": "W/\"46629f8f6b29e88a1419946fc8ea606a14faf2050901951c867c76a9fd79d374\"",
            "id": "rfc:kind/question",
            "name": "kind/question",
            "repository": "rfc",
            "url": "https://api.github.com/repos/kubewarden/rfc/labels/kind/question"
          },
          "sensitive_attributes": [],
          "private": "bnVsbA==",
          "dependencies": [
            "module.kubewarden_rfc_repository.github_repository.main"
          ]
        },
        {
          "index_key": 8,
          "schema_version": 0,
          "attributes": {
            "color": "729FCF",
            "description": "",
            "etag": "W/\"2c5f20cde03ec52bc12e5ebcd5c653588eb9738dc91dc493c8ac2975d82c18ec\"",
            "id": "rfc:kind/tech-debt",
            "name": "kind/tech-debt",
            "repository": "rfc",
            "url": "https://api.github.com/repos/kubewarden/rfc/labels/kind/tech-debt"
          },
          "sensitive_attributes": [],
          "private": "bnVsbA==",
          "dependencies": [
            "module.kubewarden_rfc_repository.github_repository.main"
          ]
        },
        {
          "index_key": 9,
          "schema_version": 0,
          "attributes": {
            "color": "8AE234",
            "description": "",
            "etag": "W/\"2db6f592bb76f814725e21a6dde56897680fa752bbbad9f04b3c574cd03255e8\"",
            "id": "rfc:release/major",
            "name": "release/major",
            "repository": "rfc",
            "url": "https://api.github.com/repos/kubewarden/rfc/labels/release/major"
          },
          "sensitive_attributes": [],
          "private": "bnVsbA==",
          "dependencies": [
            "module.kubewarden_rfc_repository.github_repository.main"
          ]
        },
        {
          "index_key": 10,
          "schema_version": 0,
          "attributes": {
            "color": "4E9A06",
            "description": "",
            "etag": "W/\"2ad32303104301ad29bfa9459b12f534f2baa182677785d3f171e8c0a7620676\"",
            "id": "rfc:release/minor",
            "name": "release/minor",
            "repository": "rfc",
            "url": "https://api.github.com/repos/kubewarden/rfc/labels/release/minor"
          },
          "sensitive_attributes": [],
          "private": "bnVsbA==",
          "dependencies": [
            "module.kubewarden_rfc_repository.github_repository.main"
          ]
        },
        {
          "index_key": 11,
          "schema_version": 0,
          "attributes": {
            "color": "aa6600",
            "description": "",
            "etag": "W/\"ebbf1f03fc9e3316b1f284ada2eeec18395aca2d7f425b0000e06dbdb174e2bb\"",
            "id": "rfc:release/patch",
            "name": "release/patch",
            "repository": "rfc",
            "url": "https://api.github.com/repos/kubewarden/rfc/labels/release/patch"
          },
          "sensitive_attributes": [],
          "private": "bnVsbA==",
          "dependencies": [
            "module.kubewarden_rfc_repository.github_repository.main"
          ]
        },
        {
          "index_key": 12,
          "schema_version": 0,
          "attributes": {
            "color": "77cc00",
            "description": "",
            "etag": "W/\"0463aa2c0747fea365d0a14196a9b2ab86af99da40a9a2ef5ba94ab5b8df47f2\"",
            "id": "rfc:release/skip-changelog",
            "name": "release/skip-changelog",
            "repository": "rfc",
            "url": "https://api.github.com/repos/kubewarden/rfc/labels/release/skip-changelog"
          },
          "sensitive_attributes": [],
          "private": "bnVsbA==",
          "dependencies": [
            "module.kubewarden_rfc_repository.github_repository.main"
          ]
        }
      ]
    },
    {
      "module": "module.kubewarden_rfc_repository",
      "mode": "managed",
      "type": "github_repository",
      "name": "main",
      "provider": "provider[\"registry.terraform.io/integrations/github\"].kubewarden",
      "instances": [
        {
          "schema_version": 1,
          "attributes": {
            "allow_auto_merge": false,
            "allow_merge_commit": true,
            "allow_rebase_merge": true,
            "allow_squash_merge": true,
            "allow_update_branch": false,
            "archive_on_destroy": null,
            "archived": false,
            "auto_init": null,
            "default_branch": "main",
            "delete_branch_on_merge": false,
            "description": "Kubewarden's RFCs",
            "etag": "W/\"53611252d2fe4cb4352016604949d055c6bea6fea00f7bd0703d65db551ec7b0\"",
            "full_name": "kubewarden/rfc",
            "git_clone_url": "git://github.com/kubewarden/rfc.git",
            "gitignore_template": null,
            "has_discussions": false,
            "has_downloads": true,
            "has_issues": true,
            "has_projects": false,
            "has_wiki": true,
            "homepage_url": "https://github.com/kubewarden/",
            "html_url": "https://github.com/kubewarden/rfc",
            "http_clone_url": "https://github.com/kubewarden/rfc.git",
            "id": "rfc",
            "ignore_vulnerability_alerts_during_read": null,
            "is_template": false,
            "license_template": null,
            "merge_commit_message": "PR_TITLE",
            "merge_commit_title": "MERGE_MESSAGE",
            "name": "rfc",
            "node_id": "R_kgDOG-SiGg",
            "pages": [],
            "primary_language": "",
            "private": false,
            "repo_id": 467968538,
            "security_and_analysis": [
              {
                "advanced_security": [],
                "secret_scanning": [
                  {
                    "status": "enabled"
                  }
                ],
                "secret_scanning_push_protection": [
                  {
                    "status": "disabled"
                  }
                ]
              }
            ],
            "squash_merge_commit_message": "COMMIT_MESSAGES",
            "squash_merge_commit_title": "COMMIT_OR_PR_TITLE",
            "ssh_clone_url": "git@github.com:kubewarden/rfc.git",
            "svn_url": "https://github.com/kubewarden/rfc",
            "template": [],
            "topics": [
              "hacktoberfest",
              "kubernetes",
              "kubernetes-security",
              "policy-as-code",
              "webassembly"
            ],
            "visibility": "public",
            "vulnerability_alerts": true
          },
          "sensitive_attributes": [],
          "private": "eyJzY2hlbWFfdmVyc2lvbiI6IjEifQ=="
        }
      ]
    },
    {
      "module": "module.kubewarden_rfc_repository",
      "mode": "managed",
      "type": "github_team_repository",
      "name": "gh_team_push_rights",
      "provider": "provider[\"registry.terraform.io/integrations/github\"].kubewarden",
      "instances": [
        {
          "index_key": 0,
          "schema_version": 0,
          "attributes": {
            "etag": "W/\"3d9fc1a438d0440d5218d98d4d77fc68c72be821f83c2ee71235e48e76d7f8ef\"",
            "id": "4972867:rfc",
            "permission": "push",
            "repository": "rfc",
            "team_id": "4972867"
          },
          "sensitive_attributes": [],
          "private": "bnVsbA==",
          "dependencies": [
            "data.github_team.kubewarden_developers",
            "data.github_team.kubewarden_documentation",
            "module.kubewarden_rfc_repository.github_repository.main"
          ]
        },
        {
          "index_key": 1,
          "schema_version": 0,
          "attributes": {
            "etag": "W/\"3d9fc1a438d0440d5218d98d4d77fc68c72be821f83c2ee71235e48e76d7f8ef\"",
            "id": "5417591:rfc",
            "permission": "push",
            "repository": "rfc",
            "team_id": "5417591"
          },
          "sensitive_attributes": [],
          "private": "bnVsbA==",
          "dependencies": [
            "data.github_team.kubewarden_developers",
            "data.github_team.kubewarden_documentation",
            "module.kubewarden_rfc_repository.github_repository.main"
          ]
        }
      ]
    },
    {
      "module": "module.kubewarden_strfmt_repository",
      "mode": "managed",
      "type": "github_app_installation_repository",
      "name": "app_dco",
      "provider": "provider[\"registry.terraform.io/integrations/github\"].kubewarden",
      "instances": [
        {
          "schema_version": 0,
          "attributes": {
            "id": "29141080:strfmt",
            "installation_id": "29141080",
            "repo_id": 491126441,
            "repository": "strfmt"
          },
          "sensitive_attributes": [],
          "private": "bnVsbA==",
          "dependencies": [
            "module.kubewarden_strfmt_repository.github_repository.main"
          ]
        }
      ]
    },
    {
      "module": "module.kubewarden_strfmt_repository",
      "mode": "managed",
      "type": "github_issue_label",
      "name": "label",
      "provider": "provider[\"registry.terraform.io/integrations/github\"].kubewarden",
      "instances": [
        {
          "index_key": 0,
          "schema_version": 0,
          "attributes": {
            "color": "D3D7CF",
            "description": "",
            "etag": "W/\"c579b005bab58d7ddc3efce48c92e8a80af41004ab8a34b58f04a4430ea52100\"",
            "id": "strfmt:area/dependencies",
            "name": "area/dependencies",
            "repository": "strfmt",
            "url": "https://api.github.com/repos/kubewarden/strfmt/labels/area/dependencies"
          },
          "sensitive_attributes": [],
          "private": "bnVsbA==",
          "dependencies": [
            "module.kubewarden_strfmt_repository.github_repository.main"
          ]
        },
        {
          "index_key": 1,
          "schema_version": 0,
          "attributes": {
            "color": "3465A4",
            "description": "",
            "etag": "W/\"6b878f80fa60e1791da3b6053c9d6a965af5f5b7573652b218d2ca03178206e2\"",
            "id": "strfmt:kind/automation",
            "name": "kind/automation",
            "repository": "strfmt",
            "url": "https://api.github.com/repos/kubewarden/strfmt/labels/kind/automation"
          },
          "sensitive_attributes": [],
          "private": "bnVsbA==",
          "dependencies": [
            "module.kubewarden_strfmt_repository.github_repository.main"
          ]
        },
        {
          "index_key": 2,
          "schema_version": 0,
          "attributes": {
            "color": "FCE94F",
            "description": "",
            "etag": "W/\"1e164cfd03ffd138afccbbd9d179472dca3a19ee26ebdf3b0d193f3f907191a0\"",
            "id": "strfmt:kind/breaking-change",
            "name": "kind/breaking-change",
            "repository": "strfmt",
            "url": "https://api.github.com/repos/kubewarden/strfmt/labels/kind/breaking-change"
          },
          "sensitive_attributes": [],
          "private": "bnVsbA==",
          "dependencies": [
            "module.kubewarden_strfmt_repository.github_repository.main"
          ]
        },
        {
          "index_key": 3,
          "schema_version": 0,
          "attributes": {
            "color": "EF2929",
            "description": "",
            "etag": "W/\"8d82db7f115f527495446e26854322108cf05dbb543638dec7fd2505a7c41376\"",
            "id": "strfmt:kind/bug",
            "name": "kind/bug",
            "repository": "strfmt",
            "url": "https://api.github.com/repos/kubewarden/strfmt/labels/kind/bug"
          },
          "sensitive_attributes": [],
          "private": "bnVsbA==",
          "dependencies": [
            "module.kubewarden_strfmt_repository.github_repository.main"
          ]
        },
        {
          "index_key": 4,
          "schema_version": 0,
          "attributes": {
            "color": "555753",
            "description": "",
            "etag": "W/\"1e85c331d9026b19437386840e7d4ccaf0475021e6730151973c174dc0bf71a7\"",
            "id": "strfmt:kind/chore",
            "name": "kind/chore",
            "repository": "strfmt",
            "url": "https://api.github.com/repos/kubewarden/strfmt/labels/kind/chore"
          },
          "sensitive_attributes": [],
          "private": "bnVsbA==",
          "dependencies": [
            "module.kubewarden_strfmt_repository.github_repository.main"
          ]
        },
        {
          "index_key": 5,
          "schema_version": 0,
          "attributes": {
            "color": "06989A",
            "description": "",
            "etag": "W/\"04c270149583dcc84e7ded5c8231aa76611af9ab5c3790d3faf2d82c2304a0af\"",
            "id": "strfmt:kind/enhancement",
            "name": "kind/enhancement",
            "repository": "strfmt",
            "url": "https://api.github.com/repos/kubewarden/strfmt/labels/kind/enhancement"
          },
          "sensitive_attributes": [],
          "private": "bnVsbA==",
          "dependencies": [
            "module.kubewarden_strfmt_repository.github_repository.main"
          ]
        },
        {
          "index_key": 6,
          "schema_version": 0,
          "attributes": {
            "color": "34E2E2",
            "description": "",
            "etag": "W/\"66774ec2468cb06662b8c54ef9a3728ea93346dd69609f582beef1b905ad5058\"",
            "id": "strfmt:kind/feature",
            "name": "kind/feature",
            "repository": "strfmt",
            "url": "https://api.github.com/repos/kubewarden/strfmt/labels/kind/feature"
          },
          "sensitive_attributes": [],
          "private": "bnVsbA==",
          "dependencies": [
            "module.kubewarden_strfmt_repository.github_repository.main"
          ]
        },
        {
          "index_key": 7,
          "schema_version": 0,
          "attributes": {
            "color": "ad7fa8",
            "description": "",
            "etag": "W/\"388a6fd87bdf881b193881d6d3d6cbaa7c9d2a8f7f51bc5268f479ac190bfc1c\"",
            "id": "strfmt:kind/question",
            "name": "kind/question",
            "repository": "strfmt",
            "url": "https://api.github.com/repos/kubewarden/strfmt/labels/kind/question"
          },
          "sensitive_attributes": [],
          "private": "bnVsbA==",
          "dependencies": [
            "module.kubewarden_strfmt_repository.github_repository.main"
          ]
        },
        {
          "index_key": 8,
          "schema_version": 0,
          "attributes": {
            "color": "729FCF",
            "description": "",
            "etag": "W/\"4052703e1beabcb67d32cdfb88d4412d1d4c92c7b106497dc6257e7abedc37f3\"",
            "id": "strfmt:kind/tech-debt",
            "name": "kind/tech-debt",
            "repository": "strfmt",
            "url": "https://api.github.com/repos/kubewarden/strfmt/labels/kind/tech-debt"
          },
          "sensitive_attributes": [],
          "private": "bnVsbA==",
          "dependencies": [
            "module.kubewarden_strfmt_repository.github_repository.main"
          ]
        },
        {
          "index_key": 9,
          "schema_version": 0,
          "attributes": {
            "color": "8AE234",
            "description": "",
            "etag": "W/\"0fcd61231496bc393467825014e66bc5907c101565efd3e8a1a8c8a9ab18d8a7\"",
            "id": "strfmt:release/major",
            "name": "release/major",
            "repository": "strfmt",
            "url": "https://api.github.com/repos/kubewarden/strfmt/labels/release/major"
          },
          "sensitive_attributes": [],
          "private": "bnVsbA==",
          "dependencies": [
            "module.kubewarden_strfmt_repository.github_repository.main"
          ]
        },
        {
          "index_key": 10,
          "schema_version": 0,
          "attributes": {
            "color": "4E9A06",
            "description": "",
            "etag": "W/\"ea0b3d6cdc7f904ab20ffed63c0108254e3684dba62adf3e60ec306a66a5966b\"",
            "id": "strfmt:release/minor",
            "name": "release/minor",
            "repository": "strfmt",
            "url": "https://api.github.com/repos/kubewarden/strfmt/labels/release/minor"
          },
          "sensitive_attributes": [],
          "private": "bnVsbA==",
          "dependencies": [
            "module.kubewarden_strfmt_repository.github_repository.main"
          ]
        },
        {
          "index_key": 11,
          "schema_version": 0,
          "attributes": {
            "color": "aa6600",
            "description": "",
            "etag": "W/\"3f274e07417fe8f364585e087a3171618adc7c6ab3b7b12d5ed99f881a668600\"",
            "id": "strfmt:release/patch",
            "name": "release/patch",
            "repository": "strfmt",
            "url": "https://api.github.com/repos/kubewarden/strfmt/labels/release/patch"
          },
          "sensitive_attributes": [],
          "private": "bnVsbA==",
          "dependencies": [
            "module.kubewarden_strfmt_repository.github_repository.main"
          ]
        },
        {
          "index_key": 12,
          "schema_version": 0,
          "attributes": {
            "color": "77cc00",
            "description": "",
            "etag": "W/\"8854dc38bcc8145943ea39188345c0d10212b1087687f14b53ecf43e6e5c4f96\"",
            "id": "strfmt:release/skip-changelog",
            "name": "release/skip-changelog",
            "repository": "strfmt",
            "url": "https://api.github.com/repos/kubewarden/strfmt/labels/release/skip-changelog"
          },
          "sensitive_attributes": [],
          "private": "bnVsbA==",
          "dependencies": [
            "module.kubewarden_strfmt_repository.github_repository.main"
          ]
        }
      ]
    },
    {
      "module": "module.kubewarden_strfmt_repository",
      "mode": "managed",
      "type": "github_repository",
      "name": "main",
      "provider": "provider[\"registry.terraform.io/integrations/github\"].kubewarden",
      "instances": [
        {
          "schema_version": 1,
          "attributes": {
            "allow_auto_merge": false,
            "allow_merge_commit": true,
            "allow_rebase_merge": true,
            "allow_squash_merge": true,
            "allow_update_branch": false,
            "archive_on_destroy": null,
            "archived": false,
            "auto_init": null,
            "default_branch": "main",
            "delete_branch_on_merge": false,
            "description": "A stripped down version of go-openapi/strfrm that works with TinyGo",
            "etag": "W/\"e13c205e4f054dfe88fe58761269b6671cf3b0238b1b7c1f9bb9ee9c426b9f5d\"",
            "full_name": "kubewarden/strfmt",
            "git_clone_url": "git://github.com/kubewarden/strfmt.git",
            "gitignore_template": null,
            "has_discussions": false,
            "has_downloads": true,
            "has_issues": true,
            "has_projects": false,
            "has_wiki": true,
            "homepage_url": "https://github.com/kubewarden/",
            "html_url": "https://github.com/kubewarden/strfmt",
            "http_clone_url": "https://github.com/kubewarden/strfmt.git",
            "id": "strfmt",
            "ignore_vulnerability_alerts_during_read": null,
            "is_template": false,
            "license_template": null,
            "merge_commit_message": "PR_TITLE",
            "merge_commit_title": "MERGE_MESSAGE",
            "name": "strfmt",
            "node_id": "R_kgDOHUX-qQ",
            "pages": [],
            "primary_language": "Go",
            "private": false,
            "repo_id": 491126441,
            "security_and_analysis": [
              {
                "advanced_security": [],
                "secret_scanning": [
                  {
                    "status": "enabled"
                  }
                ],
                "secret_scanning_push_protection": [
                  {
                    "status": "disabled"
                  }
                ]
              }
            ],
            "squash_merge_commit_message": "COMMIT_MESSAGES",
            "squash_merge_commit_title": "COMMIT_OR_PR_TITLE",
            "ssh_clone_url": "git@github.com:kubewarden/strfmt.git",
            "svn_url": "https://github.com/kubewarden/strfmt",
            "template": [],
            "topics": [
              "hacktoberfest",
              "kubernetes",
              "kubernetes-security",
              "policy-as-code",
              "webassembly"
            ],
            "visibility": "public",
            "vulnerability_alerts": true
          },
          "sensitive_attributes": [],
          "private": "eyJzY2hlbWFfdmVyc2lvbiI6IjEifQ=="
        }
      ]
    },
    {
      "module": "module.kubewarden_strfmt_repository",
      "mode": "managed",
      "type": "github_team_repository",
      "name": "gh_team_push_rights",
      "provider": "provider[\"registry.terraform.io/integrations/github\"].kubewarden",
      "instances": [
        {
          "index_key": 0,
          "schema_version": 0,
          "attributes": {
            "etag": "W/\"1a2a8dcf78d108439b7db1d5ae7479d3e92e70ea6b0cc5efa8f4e130345499e0\"",
            "id": "4972867:strfmt",
            "permission": "push",
            "repository": "strfmt",
            "team_id": "4972867"
          },
          "sensitive_attributes": [],
          "private": "bnVsbA==",
          "dependencies": [
            "data.github_team.kubewarden_developers",
            "module.kubewarden_strfmt_repository.github_repository.main"
          ]
        }
      ]
    },
    {
      "module": "module.kubewarden_utils_repository",
      "mode": "managed",
      "type": "github_app_installation_repository",
      "name": "app_dco",
      "provider": "provider[\"registry.terraform.io/integrations/github\"].kubewarden",
      "instances": [
        {
          "schema_version": 0,
          "attributes": {
            "id": "29141080:utils",
            "installation_id": "29141080",
            "repo_id": 511553735,
            "repository": "utils"
          },
          "sensitive_attributes": [],
          "private": "bnVsbA==",
          "dependencies": [
            "module.kubewarden_utils_repository.github_repository.main"
          ]
        }
      ]
    },
    {
      "module": "module.kubewarden_utils_repository",
      "mode": "managed",
      "type": "github_issue_label",
      "name": "label",
      "provider": "provider[\"registry.terraform.io/integrations/github\"].kubewarden",
      "instances": [
        {
          "index_key": 0,
          "schema_version": 0,
          "attributes": {
            "color": "D3D7CF",
            "description": "",
            "etag": "W/\"8fb0678ade6b373b61ede5221e1487e730db5945b5bccea2aacb92029c00204a\"",
            "id": "utils:area/dependencies",
            "name": "area/dependencies",
            "repository": "utils",
            "url": "https://api.github.com/repos/kubewarden/utils/labels/area/dependencies"
          },
          "sensitive_attributes": [],
          "private": "bnVsbA==",
          "dependencies": [
            "module.kubewarden_utils_repository.github_repository.main"
          ]
        },
        {
          "index_key": 1,
          "schema_version": 0,
          "attributes": {
            "color": "3465A4",
            "description": "",
            "etag": "W/\"1ad022e22a6f7e22c9fdc96f1b1e8b530d5fb7e2e85bc8fda59974260b495896\"",
            "id": "utils:kind/automation",
            "name": "kind/automation",
            "repository": "utils",
            "url": "https://api.github.com/repos/kubewarden/utils/labels/kind/automation"
          },
          "sensitive_attributes": [],
          "private": "bnVsbA==",
          "dependencies": [
            "module.kubewarden_utils_repository.github_repository.main"
          ]
        },
        {
          "index_key": 2,
          "schema_version": 0,
          "attributes": {
            "color": "FCE94F",
            "description": "",
            "etag": "W/\"aae6b00a7db332fc4522fe4fa8f020d93803df817b5fd080c478be5b4f7ac6ad\"",
            "id": "utils:kind/breaking-change",
            "name": "kind/breaking-change",
            "repository": "utils",
            "url": "https://api.github.com/repos/kubewarden/utils/labels/kind/breaking-change"
          },
          "sensitive_attributes": [],
          "private": "bnVsbA==",
          "dependencies": [
            "module.kubewarden_utils_repository.github_repository.main"
          ]
        },
        {
          "index_key": 3,
          "schema_version": 0,
          "attributes": {
            "color": "EF2929",
            "description": "",
            "etag": "W/\"b89d26acfd03adf6542021e6f7bfcc1c25ae1696bc6708ba4e68174821337c6a\"",
            "id": "utils:kind/bug",
            "name": "kind/bug",
            "repository": "utils",
            "url": "https://api.github.com/repos/kubewarden/utils/labels/kind/bug"
          },
          "sensitive_attributes": [],
          "private": "bnVsbA==",
          "dependencies": [
            "module.kubewarden_utils_repository.github_repository.main"
          ]
        },
        {
          "index_key": 4,
          "schema_version": 0,
          "attributes": {
            "color": "555753",
            "description": "",
            "etag": "W/\"1babb448cf21f4d150593c1a9e1022fcb6f1189d4a957b5807331b04e60dd954\"",
            "id": "utils:kind/chore",
            "name": "kind/chore",
            "repository": "utils",
            "url": "https://api.github.com/repos/kubewarden/utils/labels/kind/chore"
          },
          "sensitive_attributes": [],
          "private": "bnVsbA==",
          "dependencies": [
            "module.kubewarden_utils_repository.github_repository.main"
          ]
        },
        {
          "index_key": 5,
          "schema_version": 0,
          "attributes": {
            "color": "06989A",
            "description": "",
            "etag": "W/\"16b47407e42b93f8c1c34a5365f25f7d157dfb37031fb4937889de65f6d619fe\"",
            "id": "utils:kind/enhancement",
            "name": "kind/enhancement",
            "repository": "utils",
            "url": "https://api.github.com/repos/kubewarden/utils/labels/kind/enhancement"
          },
          "sensitive_attributes": [],
          "private": "bnVsbA==",
          "dependencies": [
            "module.kubewarden_utils_repository.github_repository.main"
          ]
        },
        {
          "index_key": 6,
          "schema_version": 0,
          "attributes": {
            "color": "34E2E2",
            "description": "",
            "etag": "W/\"e099cc2d9db7ed70a69390670c0e16429e127f524152c2c0da39097c9817b928\"",
            "id": "utils:kind/feature",
            "name": "kind/feature",
            "repository": "utils",
            "url": "https://api.github.com/repos/kubewarden/utils/labels/kind/feature"
          },
          "sensitive_attributes": [],
          "private": "bnVsbA==",
          "dependencies": [
            "module.kubewarden_utils_repository.github_repository.main"
          ]
        },
        {
          "index_key": 7,
          "schema_version": 0,
          "attributes": {
            "color": "ad7fa8",
            "description": "",
            "etag": "W/\"2d9ac4112cb95c8de69f6f9854c72dd3d8e4a9bdf0a459628a54cc43ea82363f\"",
            "id": "utils:kind/question",
            "name": "kind/question",
            "repository": "utils",
            "url": "https://api.github.com/repos/kubewarden/utils/labels/kind/question"
          },
          "sensitive_attributes": [],
          "private": "bnVsbA==",
          "dependencies": [
            "module.kubewarden_utils_repository.github_repository.main"
          ]
        },
        {
          "index_key": 8,
          "schema_version": 0,
          "attributes": {
            "color": "729FCF",
            "description": "",
            "etag": "W/\"1977296835d096fdf3168192adaff69331fd2e96dd12e1f62bdb7af7328253f0\"",
            "id": "utils:kind/tech-debt",
            "name": "kind/tech-debt",
            "repository": "utils",
            "url": "https://api.github.com/repos/kubewarden/utils/labels/kind/tech-debt"
          },
          "sensitive_attributes": [],
          "private": "bnVsbA==",
          "dependencies": [
            "module.kubewarden_utils_repository.github_repository.main"
          ]
        },
        {
          "index_key": 9,
          "schema_version": 0,
          "attributes": {
            "color": "8AE234",
            "description": "",
            "etag": "W/\"a7c3490bfe05f33c6bb7e83881a8ccaba2e51b7f09d92f1e584909a33b060d5b\"",
            "id": "utils:release/major",
            "name": "release/major",
            "repository": "utils",
            "url": "https://api.github.com/repos/kubewarden/utils/labels/release/major"
          },
          "sensitive_attributes": [],
          "private": "bnVsbA==",
          "dependencies": [
            "module.kubewarden_utils_repository.github_repository.main"
          ]
        },
        {
          "index_key": 10,
          "schema_version": 0,
          "attributes": {
            "color": "4E9A06",
            "description": "",
            "etag": "W/\"4bac3c808d66b83313edf095825f689f9a33032459d3d22884c63c19b33f624d\"",
            "id": "utils:release/minor",
            "name": "release/minor",
            "repository": "utils",
            "url": "https://api.github.com/repos/kubewarden/utils/labels/release/minor"
          },
          "sensitive_attributes": [],
          "private": "bnVsbA==",
          "dependencies": [
            "module.kubewarden_utils_repository.github_repository.main"
          ]
        },
        {
          "index_key": 11,
          "schema_version": 0,
          "attributes": {
            "color": "aa6600",
            "description": "",
            "etag": "W/\"3a28a79b4e085fa66192f41b4cece6f91fbb4c8fb3413b1774ec3d67eb8af593\"",
            "id": "utils:release/patch",
            "name": "release/patch",
            "repository": "utils",
            "url": "https://api.github.com/repos/kubewarden/utils/labels/release/patch"
          },
          "sensitive_attributes": [],
          "private": "bnVsbA==",
          "dependencies": [
            "module.kubewarden_utils_repository.github_repository.main"
          ]
        },
        {
          "index_key": 12,
          "schema_version": 0,
          "attributes": {
            "color": "77cc00",
            "description": "",
            "etag": "W/\"5551a7e5168f29ffc2f263a00fcdfebdddf3be238936c0a062f5b17cdbdaf496\"",
            "id": "utils:release/skip-changelog",
            "name": "release/skip-changelog",
            "repository": "utils",
            "url": "https://api.github.com/repos/kubewarden/utils/labels/release/skip-changelog"
          },
          "sensitive_attributes": [],
          "private": "bnVsbA==",
          "dependencies": [
            "module.kubewarden_utils_repository.github_repository.main"
          ]
        }
      ]
    },
    {
      "module": "module.kubewarden_utils_repository",
      "mode": "managed",
      "type": "github_repository",
      "name": "main",
      "provider": "provider[\"registry.terraform.io/integrations/github\"].kubewarden",
      "instances": [
        {
          "schema_version": 1,
          "attributes": {
            "allow_auto_merge": false,
            "allow_merge_commit": true,
            "allow_rebase_merge": true,
            "allow_squash_merge": true,
            "allow_update_branch": false,
            "archive_on_destroy": null,
            "archived": false,
            "auto_init": null,
            "default_branch": "main",
            "delete_branch_on_merge": false,
            "description": "Utils scripts used by the Kubewarden team and users.",
            "etag": "W/\"c26342b17b42e78f22c95a2938487de7a1f2ee0611eef1b7501e3cb10d7ade04\"",
            "full_name": "kubewarden/utils",
            "git_clone_url": "git://github.com/kubewarden/utils.git",
            "gitignore_template": null,
            "has_discussions": false,
            "has_downloads": true,
            "has_issues": true,
            "has_projects": false,
            "has_wiki": true,
            "homepage_url": "https://github.com/kubewarden/",
            "html_url": "https://github.com/kubewarden/utils",
            "http_clone_url": "https://github.com/kubewarden/utils.git",
            "id": "utils",
            "ignore_vulnerability_alerts_during_read": null,
            "is_template": false,
            "license_template": null,
            "merge_commit_message": "PR_TITLE",
            "merge_commit_title": "MERGE_MESSAGE",
            "name": "utils",
            "node_id": "R_kgDOHn2wxw",
            "pages": [],
            "primary_language": "Shell",
            "private": false,
            "repo_id": 511553735,
            "security_and_analysis": [
              {
                "advanced_security": [],
                "secret_scanning": [
                  {
                    "status": "enabled"
                  }
                ],
                "secret_scanning_push_protection": [
                  {
                    "status": "disabled"
                  }
                ]
              }
            ],
            "squash_merge_commit_message": "COMMIT_MESSAGES",
            "squash_merge_commit_title": "COMMIT_OR_PR_TITLE",
            "ssh_clone_url": "git@github.com:kubewarden/utils.git",
            "svn_url": "https://github.com/kubewarden/utils",
            "template": [],
            "topics": [
              "hacktoberfest",
              "kubernetes",
              "kubernetes-security",
              "policy-as-code",
              "webassembly"
            ],
            "visibility": "public",
            "vulnerability_alerts": true
          },
          "sensitive_attributes": [],
          "private": "eyJzY2hlbWFfdmVyc2lvbiI6IjEifQ=="
        }
      ]
    },
    {
      "module": "module.kubewarden_utils_repository",
      "mode": "managed",
      "type": "github_team_repository",
      "name": "gh_team_push_rights",
      "provider": "provider[\"registry.terraform.io/integrations/github\"].kubewarden",
      "instances": [
        {
          "index_key": 0,
          "schema_version": 0,
          "attributes": {
            "etag": "W/\"0e2c768b80b42c590b0c4cca8eb0d179755eb724814b5fe2f7968656a8cddca0\"",
            "id": "4972867:utils",
            "permission": "push",
            "repository": "utils",
            "team_id": "4972867"
          },
          "sensitive_attributes": [],
          "private": "bnVsbA==",
          "dependencies": [
            "data.github_team.kubewarden_developers",
            "module.kubewarden_utils_repository.github_repository.main"
          ]
        }
      ]
    },
    {
      "module": "module.policy_repository_allow_privilege_escalation_psp_policy",
      "mode": "managed",
      "type": "github_repository",
      "name": "main",
      "provider": "provider[\"registry.terraform.io/integrations/github\"].kubewarden",
      "instances": [
        {
          "schema_version": 1,
          "attributes": {
            "allow_auto_merge": false,
            "allow_merge_commit": true,
            "allow_rebase_merge": true,
            "allow_squash_merge": true,
            "allow_update_branch": false,
            "archive_on_destroy": null,
            "archived": false,
            "auto_init": false,
            "default_branch": "main",
            "delete_branch_on_merge": false,
            "description": "A Kubewarden Pod Security Policy that controls usage of allowPrivilegeEscalation",
            "etag": "W/\"cb55c0f596bf485f4e00f7abd1812e4346fce58c4b29df1cea9506c54712a2ea\"",
            "full_name": "kubewarden/allow-privilege-escalation-psp-policy",
            "git_clone_url": "git://github.com/kubewarden/allow-privilege-escalation-psp-policy.git",
            "gitignore_template": null,
            "has_discussions": false,
            "has_downloads": true,
            "has_issues": true,
            "has_projects": false,
            "has_wiki": true,
            "homepage_url": "https://kubewarden.io",
            "html_url": "https://github.com/kubewarden/allow-privilege-escalation-psp-policy",
            "http_clone_url": "https://github.com/kubewarden/allow-privilege-escalation-psp-policy.git",
            "id": "allow-privilege-escalation-psp-policy",
            "ignore_vulnerability_alerts_during_read": null,
            "is_template": false,
            "license_template": null,
            "merge_commit_message": "PR_TITLE",
            "merge_commit_title": "MERGE_MESSAGE",
            "name": "allow-privilege-escalation-psp-policy",
            "node_id": "MDEwOlJlcG9zaXRvcnkzNDY3MjY1Mjk=",
            "pages": [],
            "primary_language": "Rust",
            "private": false,
            "repo_id": 346726529,
            "security_and_analysis": [
              {
                "advanced_security": [],
                "secret_scanning": [
                  {
                    "status": "enabled"
                  }
                ],
                "secret_scanning_push_protection": [
                  {
                    "status": "disabled"
                  }
                ]
              }
            ],
            "squash_merge_commit_message": "COMMIT_MESSAGES",
            "squash_merge_commit_title": "COMMIT_OR_PR_TITLE",
            "ssh_clone_url": "git@github.com:kubewarden/allow-privilege-escalation-psp-policy.git",
            "svn_url": "https://github.com/kubewarden/allow-privilege-escalation-psp-policy",
            "template": [],
            "topics": [
              "hacktoberfest",
              "kubernetes",
              "kubernetes-security",
              "kubewarden-policy",
              "pod-security-policy",
              "policy-as-code",
              "webassembly"
            ],
            "visibility": "public",
            "vulnerability_alerts": true
          },
          "sensitive_attributes": [],
          "private": "eyJzY2hlbWFfdmVyc2lvbiI6IjEifQ=="
        }
      ]
    },
    {
      "module": "module.policy_repository_allow_privilege_escalation_psp_policy",
      "mode": "managed",
      "type": "github_team_repository",
      "name": "gh_team_push_rights",
      "provider": "provider[\"registry.terraform.io/integrations/github\"].kubewarden",
      "instances": [
        {
          "index_key": 0,
          "schema_version": 0,
          "attributes": {
            "etag": "W/\"5ddca597f09953c16b00824bc647e7573eebcd7d159850fb6f0df6847ac393f3\"",
            "id": "4972867:allow-privilege-escalation-psp-policy",
            "permission": "push",
            "repository": "allow-privilege-escalation-psp-policy",
            "team_id": "4972867"
          },
          "sensitive_attributes": [],
          "private": "bnVsbA==",
          "dependencies": [
            "data.github_team.kubewarden_developers",
            "module.policy_repository_allow_privilege_escalation_psp_policy.github_repository.main"
          ]
        }
      ]
    },
    {
      "module": "module.policy_repository_allowed_fsgroups_psp_policy",
      "mode": "managed",
      "type": "github_repository",
      "name": "main",
      "provider": "provider[\"registry.terraform.io/integrations/github\"].kubewarden",
      "instances": [
        {
          "schema_version": 1,
          "attributes": {
            "allow_auto_merge": false,
            "allow_merge_commit": true,
            "allow_rebase_merge": true,
            "allow_squash_merge": true,
            "allow_update_branch": false,
            "archive_on_destroy": null,
            "archived": false,
            "auto_init": false,
            "default_branch": "main",
            "delete_branch_on_merge": false,
            "description": "Replacement for the Kubernetes Pod Security Policy that controls the usage of fsGroup in the pod security context",
            "etag": "W/\"6cd91a383f2da59c386081988810618f25b7b50617ebf22890746cdb6d52731c\"",
            "full_name": "kubewarden/allowed-fsgroups-psp-policy",
            "git_clone_url": "git://github.com/kubewarden/allowed-fsgroups-psp-policy.git",
            "gitignore_template": null,
            "has_discussions": false,
            "has_downloads": true,
            "has_issues": true,
            "has_projects": false,
            "has_wiki": true,
            "homepage_url": "https://kubewarden.io",
            "html_url": "https://github.com/kubewarden/allowed-fsgroups-psp-policy",
            "http_clone_url": "https://github.com/kubewarden/allowed-fsgroups-psp-policy.git",
            "id": "allowed-fsgroups-psp-policy",
            "ignore_vulnerability_alerts_during_read": null,
            "is_template": false,
            "license_template": null,
            "merge_commit_message": "PR_TITLE",
            "merge_commit_title": "MERGE_MESSAGE",
            "name": "allowed-fsgroups-psp-policy",
            "node_id": "R_kgDOGZKOzQ",
            "pages": [],
            "primary_language": "Rust",
            "private": false,
            "repo_id": 429035213,
            "security_and_analysis": [
              {
                "advanced_security": [],
                "secret_scanning": [
                  {
                    "status": "enabled"
                  }
                ],
                "secret_scanning_push_protection": [
                  {
                    "status": "disabled"
                  }
                ]
              }
            ],
            "squash_merge_commit_message": "COMMIT_MESSAGES",
            "squash_merge_commit_title": "COMMIT_OR_PR_TITLE",
            "ssh_clone_url": "git@github.com:kubewarden/allowed-fsgroups-psp-policy.git",
            "svn_url": "https://github.com/kubewarden/allowed-fsgroups-psp-policy",
            "template": [],
            "topics": [
              "hacktoberfest",
              "kubernetes",
              "kubernetes-security",
              "kubewarden-policy",
              "pod-security-policy",
              "policy-as-code",
              "webassembly"
            ],
            "visibility": "public",
            "vulnerability_alerts": true
          },
          "sensitive_attributes": [],
          "private": "eyJzY2hlbWFfdmVyc2lvbiI6IjEifQ=="
        }
      ]
    },
    {
      "module": "module.policy_repository_allowed_fsgroups_psp_policy",
      "mode": "managed",
      "type": "github_team_repository",
      "name": "gh_team_push_rights",
      "provider": "provider[\"registry.terraform.io/integrations/github\"].kubewarden",
      "instances": [
        {
          "index_key": 0,
          "schema_version": 0,
          "attributes": {
            "etag": "W/\"6d50182c00c0f711e3dde706bd22f1d0de6eca39f1da5168bcbd80b07d66bfc6\"",
            "id": "4972867:allowed-fsgroups-psp-policy",
            "permission": "push",
            "repository": "allowed-fsgroups-psp-policy",
            "team_id": "4972867"
          },
          "sensitive_attributes": [],
          "private": "bnVsbA==",
          "dependencies": [
            "data.github_team.kubewarden_developers",
            "module.policy_repository_allowed_fsgroups_psp_policy.github_repository.main"
          ]
        }
      ]
    },
    {
      "module": "module.policy_repository_allowed_proc_mount_types_psp_policy",
      "mode": "managed",
      "type": "github_repository",
      "name": "main",
      "provider": "provider[\"registry.terraform.io/integrations/github\"].kubewarden",
      "instances": [
        {
          "schema_version": 1,
          "attributes": {
            "allow_auto_merge": false,
            "allow_merge_commit": true,
            "allow_rebase_merge": true,
            "allow_squash_merge": true,
            "allow_update_branch": false,
            "archive_on_destroy": null,
            "archived": false,
            "auto_init": false,
            "default_branch": "main",
            "delete_branch_on_merge": false,
            "description": "Replacement for the Kubernetes Pod Security Policy that controls the usage of /proc mount types",
            "etag": "W/\"3c8b9d11828e2365f31c772aa69c2e846c8798de9c771329abc2dd41f18c953d\"",
            "full_name": "kubewarden/allowed-proc-mount-types-psp-policy",
            "git_clone_url": "git://github.com/kubewarden/allowed-proc-mount-types-psp-policy.git",
            "gitignore_template": null,
            "has_discussions": false,
            "has_downloads": true,
            "has_issues": true,
            "has_projects": false,
            "has_wiki": true,
            "homepage_url": "https://kubewarden.io",
            "html_url": "https://github.com/kubewarden/allowed-proc-mount-types-psp-policy",
            "http_clone_url": "https://github.com/kubewarden/allowed-proc-mount-types-psp-policy.git",
            "id": "allowed-proc-mount-types-psp-policy",
            "ignore_vulnerability_alerts_during_read": null,
            "is_template": false,
            "license_template": null,
            "merge_commit_message": "PR_TITLE",
            "merge_commit_title": "MERGE_MESSAGE",
            "name": "allowed-proc-mount-types-psp-policy",
            "node_id": "R_kgDOGYyF-w",
            "pages": [],
            "primary_language": "Rust",
            "private": false,
            "repo_id": 428639739,
            "security_and_analysis": [
              {
                "advanced_security": [],
                "secret_scanning": [
                  {
                    "status": "enabled"
                  }
                ],
                "secret_scanning_push_protection": [
                  {
                    "status": "disabled"
                  }
                ]
              }
            ],
            "squash_merge_commit_message": "COMMIT_MESSAGES",
            "squash_merge_commit_title": "COMMIT_OR_PR_TITLE",
            "ssh_clone_url": "git@github.com:kubewarden/allowed-proc-mount-types-psp-policy.git",
            "svn_url": "https://github.com/kubewarden/allowed-proc-mount-types-psp-policy",
            "template": [],
            "topics": [
              "hacktoberfest",
              "kubernetes",
              "kubernetes-security",
              "kubewarden-policy",
              "pod-security-policy",
              "policy-as-code",
              "webassembly"
            ],
            "visibility": "public",
            "vulnerability_alerts": true
          },
          "sensitive_attributes": [],
          "private": "eyJzY2hlbWFfdmVyc2lvbiI6IjEifQ=="
        }
      ]
    },
    {
      "module": "module.policy_repository_allowed_proc_mount_types_psp_policy",
      "mode": "managed",
      "type": "github_team_repository",
      "name": "gh_team_push_rights",
      "provider": "provider[\"registry.terraform.io/integrations/github\"].kubewarden",
      "instances": [
        {
          "index_key": 0,
          "schema_version": 0,
          "attributes": {
            "etag": "W/\"a94657f2ab54873824c8453822c27913b11c909eefa969d3b0875020ea148898\"",
            "id": "4972867:allowed-proc-mount-types-psp-policy",
            "permission": "push",
            "repository": "allowed-proc-mount-types-psp-policy",
            "team_id": "4972867"
          },
          "sensitive_attributes": [],
          "private": "bnVsbA==",
          "dependencies": [
            "data.github_team.kubewarden_developers",
            "module.policy_repository_allowed_proc_mount_types_psp_policy.github_repository.main"
          ]
        }
      ]
    },
    {
      "module": "module.policy_repository_apparmor_psp_policy",
      "mode": "managed",
      "type": "github_repository",
      "name": "main",
      "provider": "provider[\"registry.terraform.io/integrations/github\"].kubewarden",
      "instances": [
        {
          "schema_version": 1,
          "attributes": {
            "allow_auto_merge": false,
            "allow_merge_commit": true,
            "allow_rebase_merge": true,
            "allow_squash_merge": true,
            "allow_update_branch": false,
            "archive_on_destroy": null,
            "archived": false,
            "auto_init": false,
            "default_branch": "main",
            "delete_branch_on_merge": false,
            "description": "A Kubewarden Pod Security Policy that controls usage of AppArmor profiles",
            "etag": "W/\"19d7aaea765a37ae97c34cc3ba2756dad95406c46459dc257f07f9323b0b7657\"",
            "full_name": "kubewarden/apparmor-psp-policy",
            "git_clone_url": "git://github.com/kubewarden/apparmor-psp-policy.git",
            "gitignore_template": null,
            "has_discussions": false,
            "has_downloads": true,
            "has_issues": true,
            "has_projects": false,
            "has_wiki": true,
            "homepage_url": "https://kubewarden.io",
            "html_url": "https://github.com/kubewarden/apparmor-psp-policy",
            "http_clone_url": "https://github.com/kubewarden/apparmor-psp-policy.git",
            "id": "apparmor-psp-policy",
            "ignore_vulnerability_alerts_during_read": null,
            "is_template": false,
            "license_template": null,
            "merge_commit_message": "PR_TITLE",
            "merge_commit_title": "MERGE_MESSAGE",
            "name": "apparmor-psp-policy",
            "node_id": "MDEwOlJlcG9zaXRvcnkzNDcxNDYyNzY=",
            "pages": [],
            "primary_language": "Rust",
            "private": false,
            "repo_id": 347146276,
            "security_and_analysis": [
              {
                "advanced_security": [],
                "secret_scanning": [
                  {
                    "status": "enabled"
                  }
                ],
                "secret_scanning_push_protection": [
                  {
                    "status": "disabled"
                  }
                ]
              }
            ],
            "squash_merge_commit_message": "COMMIT_MESSAGES",
            "squash_merge_commit_title": "COMMIT_OR_PR_TITLE",
            "ssh_clone_url": "git@github.com:kubewarden/apparmor-psp-policy.git",
            "svn_url": "https://github.com/kubewarden/apparmor-psp-policy",
            "template": [],
            "topics": [
              "hacktoberfest",
              "kubernetes",
              "kubernetes-security",
              "kubewarden-policy",
              "pod-security-policy",
              "policy-as-code",
              "webassembly"
            ],
            "visibility": "public",
            "vulnerability_alerts": true
          },
          "sensitive_attributes": [],
          "private": "eyJzY2hlbWFfdmVyc2lvbiI6IjEifQ=="
        }
      ]
    },
    {
      "module": "module.policy_repository_apparmor_psp_policy",
      "mode": "managed",
      "type": "github_team_repository",
      "name": "gh_team_push_rights",
      "provider": "provider[\"registry.terraform.io/integrations/github\"].kubewarden",
      "instances": [
        {
          "index_key": 0,
          "schema_version": 0,
          "attributes": {
            "etag": "W/\"6c9ed2c3687f684e99aa31b87f7e13083ef7b9123859d1fb59cc464bd46922ee\"",
            "id": "4972867:apparmor-psp-policy",
            "permission": "push",
            "repository": "apparmor-psp-policy",
            "team_id": "4972867"
          },
          "sensitive_attributes": [],
          "private": "bnVsbA==",
          "dependencies": [
            "data.github_team.kubewarden_developers",
            "module.policy_repository_apparmor_psp_policy.github_repository.main"
          ]
        }
      ]
    },
    {
      "module": "module.policy_repository_capabilities_psp_policy",
      "mode": "managed",
      "type": "github_repository",
      "name": "main",
      "provider": "provider[\"registry.terraform.io/integrations/github\"].kubewarden",
      "instances": [
        {
          "schema_version": 1,
          "attributes": {
            "allow_auto_merge": false,
            "allow_merge_commit": true,
            "allow_rebase_merge": true,
            "allow_squash_merge": true,
            "allow_update_branch": false,
            "archive_on_destroy": null,
            "archived": false,
            "auto_init": false,
            "default_branch": "main",
            "delete_branch_on_merge": false,
            "description": "A Pod Security Policy that controls Container Capabilities",
            "etag": "W/\"05bba975292e2cc182485eee8870538cd98dc7ccfed804a6ebbea9dc1005ba48\"",
            "full_name": "kubewarden/capabilities-psp-policy",
            "git_clone_url": "git://github.com/kubewarden/capabilities-psp-policy.git",
            "gitignore_template": null,
            "has_discussions": false,
            "has_downloads": true,
            "has_issues": true,
            "has_projects": false,
            "has_wiki": true,
            "homepage_url": "https://kubewarden.io",
            "html_url": "https://github.com/kubewarden/capabilities-psp-policy",
            "http_clone_url": "https://github.com/kubewarden/capabilities-psp-policy.git",
            "id": "capabilities-psp-policy",
            "ignore_vulnerability_alerts_during_read": null,
            "is_template": false,
            "license_template": null,
            "merge_commit_message": "PR_TITLE",
            "merge_commit_title": "MERGE_MESSAGE",
            "name": "capabilities-psp-policy",
            "node_id": "MDEwOlJlcG9zaXRvcnkzNDk4MDUwNTg=",
            "pages": [],
            "primary_language": "Rust",
            "private": false,
            "repo_id": 349805058,
            "security_and_analysis": [
              {
                "advanced_security": [],
                "secret_scanning": [
                  {
                    "status": "enabled"
                  }
                ],
                "secret_scanning_push_protection": [
                  {
                    "status": "disabled"
                  }
                ]
              }
            ],
            "squash_merge_commit_message": "COMMIT_MESSAGES",
            "squash_merge_commit_title": "COMMIT_OR_PR_TITLE",
            "ssh_clone_url": "git@github.com:kubewarden/capabilities-psp-policy.git",
            "svn_url": "https://github.com/kubewarden/capabilities-psp-policy",
            "template": [],
            "topics": [
              "hacktoberfest",
              "kubernetes",
              "kubernetes-security",
              "kubewarden-policy",
              "pod-security-policy",
              "policy-as-code",
              "webassembly"
            ],
            "visibility": "public",
            "vulnerability_alerts": true
          },
          "sensitive_attributes": [],
          "private": "eyJzY2hlbWFfdmVyc2lvbiI6IjEifQ=="
        }
      ]
    },
    {
      "module": "module.policy_repository_capabilities_psp_policy",
      "mode": "managed",
      "type": "github_team_repository",
      "name": "gh_team_push_rights",
      "provider": "provider[\"registry.terraform.io/integrations/github\"].kubewarden",
      "instances": [
        {
          "index_key": 0,
          "schema_version": 0,
          "attributes": {
            "etag": "W/\"166be5b079e285412afc0d10d7f5bd1eb8030cfc89364a0902a52a1cdce5be8a\"",
            "id": "4972867:capabilities-psp-policy",
            "permission": "push",
            "repository": "capabilities-psp-policy",
            "team_id": "4972867"
          },
          "sensitive_attributes": [],
          "private": "bnVsbA==",
          "dependencies": [
            "data.github_team.kubewarden_developers",
            "module.policy_repository_capabilities_psp_policy.github_repository.main"
          ]
        }
      ]
    },
    {
      "module": "module.policy_repository_context_aware_demo_policy",
      "mode": "managed",
      "type": "github_repository",
      "name": "main",
      "provider": "provider[\"registry.terraform.io/integrations/github\"].kubewarden",
      "instances": [
        {
          "schema_version": 1,
          "attributes": {
            "allow_auto_merge": false,
            "allow_merge_commit": true,
            "allow_rebase_merge": true,
            "allow_squash_merge": true,
            "allow_update_branch": false,
            "archive_on_destroy": null,
            "archived": false,
            "auto_init": false,
            "default_branch": "main",
            "delete_branch_on_merge": false,
            "description": "A demo policy showing how to access Kubernetes resources at policy evaluation time",
            "etag": "W/\"edf49f298be2e78b10697153269dfb1a530427d61f8b9275188efaec45f33fec\"",
            "full_name": "kubewarden/context-aware-demo",
            "git_clone_url": "git://github.com/kubewarden/context-aware-demo.git",
            "gitignore_template": null,
            "has_discussions": false,
            "has_downloads": true,
            "has_issues": true,
            "has_projects": false,
            "has_wiki": true,
            "homepage_url": "https://kubewarden.io",
            "html_url": "https://github.com/kubewarden/context-aware-demo",
            "http_clone_url": "https://github.com/kubewarden/context-aware-demo.git",
            "id": "context-aware-demo",
            "ignore_vulnerability_alerts_during_read": null,
            "is_template": false,
            "license_template": null,
            "merge_commit_message": "PR_TITLE",
            "merge_commit_title": "MERGE_MESSAGE",
            "name": "context-aware-demo",
            "node_id": "R_kgDOJKwMAA",
            "pages": [],
            "primary_language": "Rust",
            "private": false,
            "repo_id": 615255040,
            "security_and_analysis": [
              {
                "advanced_security": [],
                "secret_scanning": [
                  {
                    "status": "enabled"
                  }
                ],
                "secret_scanning_push_protection": [
                  {
                    "status": "disabled"
                  }
                ]
              }
            ],
            "squash_merge_commit_message": "COMMIT_MESSAGES",
            "squash_merge_commit_title": "COMMIT_OR_PR_TITLE",
            "ssh_clone_url": "git@github.com:kubewarden/context-aware-demo.git",
            "svn_url": "https://github.com/kubewarden/context-aware-demo",
            "template": [],
            "topics": [
              "hacktoberfest",
              "kubernetes",
              "kubernetes-security",
              "kubewarden-policy",
              "policy-as-code",
              "webassembly"
            ],
            "visibility": "public",
            "vulnerability_alerts": true
          },
          "sensitive_attributes": [],
          "private": "eyJzY2hlbWFfdmVyc2lvbiI6IjEifQ=="
        }
      ]
    },
    {
      "module": "module.policy_repository_context_aware_demo_policy",
      "mode": "managed",
      "type": "github_team_repository",
      "name": "gh_team_push_rights",
      "provider": "provider[\"registry.terraform.io/integrations/github\"].kubewarden",
      "instances": [
        {
          "index_key": 0,
          "schema_version": 0,
          "attributes": {
            "etag": "W/\"e843e8067a5eb3b41066bc586336273e97611b9032f117b1f26d23c8a7ae0f67\"",
            "id": "4972867:context-aware-demo",
            "permission": "push",
            "repository": "context-aware-demo",
            "team_id": "4972867"
          },
          "sensitive_attributes": [],
          "private": "bnVsbA==",
          "dependencies": [
            "data.github_team.kubewarden_developers",
            "module.policy_repository_context_aware_demo_policy.github_repository.main"
          ]
        }
      ]
    },
    {
      "module": "module.policy_repository_deprecated_api_versions_policy",
      "mode": "managed",
      "type": "github_repository",
      "name": "main",
      "provider": "provider[\"registry.terraform.io/integrations/github\"].kubewarden",
      "instances": [
        {
          "schema_version": 1,
          "attributes": {
            "allow_auto_merge": false,
            "allow_merge_commit": true,
            "allow_rebase_merge": true,
            "allow_squash_merge": true,
            "allow_update_branch": false,
            "archive_on_destroy": null,
            "archived": false,
            "auto_init": null,
            "default_branch": "main",
            "delete_branch_on_merge": false,
            "description": "A Kubewarden Policy that detects usage of deprecated and dropped Kubernetes resources",
            "etag": "W/\"52c36e82f9d758590243b02f57109ee5e6ca3e068374a775ee8e6456200196e9\"",
            "full_name": "kubewarden/deprecated-api-versions-policy",
            "git_clone_url": "git://github.com/kubewarden/deprecated-api-versions-policy.git",
            "gitignore_template": null,
            "has_discussions": false,
            "has_downloads": true,
            "has_issues": true,
            "has_projects": false,
            "has_wiki": true,
            "homepage_url": "https://kubewarden.io",
            "html_url": "https://github.com/kubewarden/deprecated-api-versions-policy",
            "http_clone_url": "https://github.com/kubewarden/deprecated-api-versions-policy.git",
            "id": "deprecated-api-versions-policy",
            "ignore_vulnerability_alerts_during_read": null,
            "is_template": false,
            "license_template": null,
            "merge_commit_message": "PR_TITLE",
            "merge_commit_title": "MERGE_MESSAGE",
            "name": "deprecated-api-versions-policy",
            "node_id": "R_kgDOITixjg",
            "pages": [],
            "primary_language": "Rust",
            "private": false,
            "repo_id": 557363598,
            "security_and_analysis": [
              {
                "advanced_security": [],
                "secret_scanning": [
                  {
                    "status": "enabled"
                  }
                ],
                "secret_scanning_push_protection": [
                  {
                    "status": "disabled"
                  }
                ]
              }
            ],
            "squash_merge_commit_message": "COMMIT_MESSAGES",
            "squash_merge_commit_title": "COMMIT_OR_PR_TITLE",
            "ssh_clone_url": "git@github.com:kubewarden/deprecated-api-versions-policy.git",
            "svn_url": "https://github.com/kubewarden/deprecated-api-versions-policy",
            "template": [],
            "topics": [
              "hacktoberfest",
              "kubernetes",
              "kubernetes-security",
              "kubewarden-policy",
              "policy-as-code",
              "webassembly"
            ],
            "visibility": "public",
            "vulnerability_alerts": true
          },
          "sensitive_attributes": [],
          "private": "eyJzY2hlbWFfdmVyc2lvbiI6IjEifQ=="
        }
      ]
    },
    {
      "module": "module.policy_repository_deprecated_api_versions_policy",
      "mode": "managed",
      "type": "github_team_repository",
      "name": "gh_team_push_rights",
      "provider": "provider[\"registry.terraform.io/integrations/github\"].kubewarden",
      "instances": [
        {
          "index_key": 0,
          "schema_version": 0,
          "attributes": {
            "etag": "W/\"ff9b5540a35536bff78413609c93bcc7ed6a226097c7bf3af2038a493e00f888\"",
            "id": "4972867:deprecated-api-versions-policy",
            "permission": "push",
            "repository": "deprecated-api-versions-policy",
            "team_id": "4972867"
          },
          "sensitive_attributes": [],
          "private": "bnVsbA==",
          "dependencies": [
            "data.github_team.kubewarden_developers",
            "module.policy_repository_deprecated_api_versions_policy.github_repository.main"
          ]
        }
      ]
    },
    {
      "module": "module.policy_repository_disallow_service_loadbalancer_policy",
      "mode": "managed",
      "type": "github_repository",
      "name": "main",
      "provider": "provider[\"registry.terraform.io/integrations/github\"].kubewarden",
      "instances": [
        {
          "schema_version": 1,
          "attributes": {
            "allow_auto_merge": false,
            "allow_merge_commit": true,
            "allow_rebase_merge": true,
            "allow_squash_merge": true,
            "allow_update_branch": false,
            "archive_on_destroy": null,
            "archived": false,
            "auto_init": false,
            "default_branch": "main",
            "delete_branch_on_merge": false,
            "description": "A policy that prevents the creation of Service resources with type LoadBalancer",
            "etag": "W/\"13ca4006fc54bd7724bbfba798ef3535e9aa37c1579d51c298682dd37e479f3c\"",
            "full_name": "kubewarden/disallow-service-loadbalancer-policy",
            "git_clone_url": "git://github.com/kubewarden/disallow-service-loadbalancer-policy.git",
            "gitignore_template": null,
            "has_discussions": false,
            "has_downloads": true,
            "has_issues": true,
            "has_projects": false,
            "has_wiki": true,
            "homepage_url": "https://kubewarden.io",
            "html_url": "https://github.com/kubewarden/disallow-service-loadbalancer-policy",
            "http_clone_url": "https://github.com/kubewarden/disallow-service-loadbalancer-policy.git",
            "id": "disallow-service-loadbalancer-policy",
            "ignore_vulnerability_alerts_during_read": null,
            "is_template": false,
            "license_template": null,
            "merge_commit_message": "PR_TITLE",
            "merge_commit_title": "MERGE_MESSAGE",
            "name": "disallow-service-loadbalancer-policy",
            "node_id": "R_kgDOGGQvPQ",
            "pages": [],
            "primary_language": "Makefile",
            "private": false,
            "repo_id": 409218877,
            "security_and_analysis": [
              {
                "advanced_security": [],
                "secret_scanning": [
                  {
                    "status": "enabled"
                  }
                ],
                "secret_scanning_push_protection": [
                  {
                    "status": "disabled"
                  }
                ]
              }
            ],
            "squash_merge_commit_message": "COMMIT_MESSAGES",
            "squash_merge_commit_title": "COMMIT_OR_PR_TITLE",
            "ssh_clone_url": "git@github.com:kubewarden/disallow-service-loadbalancer-policy.git",
            "svn_url": "https://github.com/kubewarden/disallow-service-loadbalancer-policy",
            "template": [],
            "topics": [
              "gatekeeper",
              "hacktoberfest",
              "kubernetes",
              "kubernetes-security",
              "kubewarden-policy",
              "open-policy-agent",
              "policy-as-code",
              "webassembly"
            ],
            "visibility": "public",
            "vulnerability_alerts": true
          },
          "sensitive_attributes": [],
          "private": "eyJzY2hlbWFfdmVyc2lvbiI6IjEifQ=="
        }
      ]
    },
    {
      "module": "module.policy_repository_disallow_service_loadbalancer_policy",
      "mode": "managed",
      "type": "github_team_repository",
      "name": "gh_team_push_rights",
      "provider": "provider[\"registry.terraform.io/integrations/github\"].kubewarden",
      "instances": [
        {
          "index_key": 0,
          "schema_version": 0,
          "attributes": {
            "etag": "W/\"b617370533985ba18f1ad7e5fe895ab8970c17266f4969244fc0a9d4eb8e1d11\"",
            "id": "4972867:disallow-service-loadbalancer-policy",
            "permission": "push",
            "repository": "disallow-service-loadbalancer-policy",
            "team_id": "4972867"
          },
          "sensitive_attributes": [],
          "private": "bnVsbA==",
          "dependencies": [
            "data.github_team.kubewarden_developers",
            "module.policy_repository_disallow_service_loadbalancer_policy.github_repository.main"
          ]
        }
      ]
    },
    {
      "module": "module.policy_repository_disallow_service_nodeport_policy",
      "mode": "managed",
      "type": "github_repository",
      "name": "main",
      "provider": "provider[\"registry.terraform.io/integrations/github\"].kubewarden",
      "instances": [
        {
          "schema_version": 1,
          "attributes": {
            "allow_auto_merge": false,
            "allow_merge_commit": true,
            "allow_rebase_merge": true,
            "allow_squash_merge": true,
            "allow_update_branch": false,
            "archive_on_destroy": null,
            "archived": false,
            "auto_init": false,
            "default_branch": "main",
            "delete_branch_on_merge": false,
            "description": "A policy that prevents the creation of Service resources with type NodePort",
            "etag": "W/\"58aecb15be65107c16aa39c2925c13a8c2771a70bae3484e254cd42881262ab6\"",
            "full_name": "kubewarden/disallow-service-nodeport-policy",
            "git_clone_url": "git://github.com/kubewarden/disallow-service-nodeport-policy.git",
            "gitignore_template": null,
            "has_discussions": false,
            "has_downloads": true,
            "has_issues": true,
            "has_projects": false,
            "has_wiki": true,
            "homepage_url": "https://kubewarden.io",
            "html_url": "https://github.com/kubewarden/disallow-service-nodeport-policy",
            "http_clone_url": "https://github.com/kubewarden/disallow-service-nodeport-policy.git",
            "id": "disallow-service-nodeport-policy",
            "ignore_vulnerability_alerts_during_read": null,
            "is_template": false,
            "license_template": null,
            "merge_commit_message": "PR_TITLE",
            "merge_commit_title": "MERGE_MESSAGE",
            "name": "disallow-service-nodeport-policy",
            "node_id": "MDEwOlJlcG9zaXRvcnk0MDc0ODUxNDk=",
            "pages": [],
            "primary_language": "Makefile",
            "private": false,
            "repo_id": 407485149,
            "security_and_analysis": [
              {
                "advanced_security": [],
                "secret_scanning": [
                  {
                    "status": "enabled"
                  }
                ],
                "secret_scanning_push_protection": [
                  {
                    "status": "disabled"
                  }
                ]
              }
            ],
            "squash_merge_commit_message": "COMMIT_MESSAGES",
            "squash_merge_commit_title": "COMMIT_OR_PR_TITLE",
            "ssh_clone_url": "git@github.com:kubewarden/disallow-service-nodeport-policy.git",
            "svn_url": "https://github.com/kubewarden/disallow-service-nodeport-policy",
            "template": [],
            "topics": [
              "gatekeeper",
              "hacktoberfest",
              "kubernetes",
              "kubernetes-security",
              "kubewarden-policy",
              "open-policy-agent",
              "policy-as-code",
              "webassembly"
            ],
            "visibility": "public",
            "vulnerability_alerts": true
          },
          "sensitive_attributes": [],
          "private": "eyJzY2hlbWFfdmVyc2lvbiI6IjEifQ=="
        }
      ]
    },
    {
      "module": "module.policy_repository_disallow_service_nodeport_policy",
      "mode": "managed",
      "type": "github_team_repository",
      "name": "gh_team_push_rights",
      "provider": "provider[\"registry.terraform.io/integrations/github\"].kubewarden",
      "instances": [
        {
          "index_key": 0,
          "schema_version": 0,
          "attributes": {
            "etag": "W/\"70bd883b8e8b44c702f910aed915a5dc7bda0f4fbbe42c79ed63ce3d00249f0f\"",
            "id": "4972867:disallow-service-nodeport-policy",
            "permission": "push",
            "repository": "disallow-service-nodeport-policy",
            "team_id": "4972867"
          },
          "sensitive_attributes": [],
          "private": "bnVsbA==",
          "dependencies": [
            "data.github_team.kubewarden_developers",
            "module.policy_repository_disallow_service_nodeport_policy.github_repository.main"
          ]
        }
      ]
    },
    {
      "module": "module.policy_repository_echo_policy",
      "mode": "managed",
      "type": "github_repository",
      "name": "main",
      "provider": "provider[\"registry.terraform.io/integrations/github\"].kubewarden",
      "instances": [
        {
          "schema_version": 1,
          "attributes": {
            "allow_auto_merge": false,
            "allow_merge_commit": true,
            "allow_rebase_merge": true,
            "allow_squash_merge": true,
            "allow_update_branch": false,
            "archive_on_destroy": null,
            "archived": false,
            "auto_init": null,
            "default_branch": "main",
            "delete_branch_on_merge": false,
            "description": "A Kubewarden Policy that echoes Kubernetes' AdmissionReview objects",
            "etag": "W/\"d370401eb7b051b3925e4cca4f3ebae7826ee59ed41e3b5275e24d4482469312\"",
            "full_name": "kubewarden/echo",
            "git_clone_url": "git://github.com/kubewarden/echo.git",
            "gitignore_template": null,
            "has_discussions": false,
            "has_downloads": true,
            "has_issues": true,
            "has_projects": false,
            "has_wiki": true,
            "homepage_url": "https://kubewarden.io",
            "html_url": "https://github.com/kubewarden/echo",
            "http_clone_url": "https://github.com/kubewarden/echo.git",
            "id": "echo",
            "ignore_vulnerability_alerts_during_read": null,
            "is_template": false,
            "license_template": null,
            "merge_commit_message": "PR_TITLE",
            "merge_commit_title": "MERGE_MESSAGE",
            "name": "echo",
            "node_id": "R_kgDOHieMqg",
            "pages": [],
            "primary_language": "Rust",
            "private": false,
            "repo_id": 505908394,
            "security_and_analysis": [
              {
                "advanced_security": [],
                "secret_scanning": [
                  {
                    "status": "enabled"
                  }
                ],
                "secret_scanning_push_protection": [
                  {
                    "status": "disabled"
                  }
                ]
              }
            ],
            "squash_merge_commit_message": "COMMIT_MESSAGES",
            "squash_merge_commit_title": "COMMIT_OR_PR_TITLE",
            "ssh_clone_url": "git@github.com:kubewarden/echo.git",
            "svn_url": "https://github.com/kubewarden/echo",
            "template": [],
            "topics": [
              "hacktoberfest",
              "kubernetes",
              "kubernetes-security",
              "kubewarden-policy",
              "policy-as-code",
              "webassembly"
            ],
            "visibility": "public",
            "vulnerability_alerts": true
          },
          "sensitive_attributes": [],
          "private": "eyJzY2hlbWFfdmVyc2lvbiI6IjEifQ=="
        }
      ]
    },
    {
      "module": "module.policy_repository_echo_policy",
      "mode": "managed",
      "type": "github_team_repository",
      "name": "gh_team_push_rights",
      "provider": "provider[\"registry.terraform.io/integrations/github\"].kubewarden",
      "instances": [
        {
          "index_key": 0,
          "schema_version": 0,
          "attributes": {
            "etag": "W/\"6bc8c51b9245330fe3686833ba06ab8cfb60e3518d2c417765a1c1a379feb70f\"",
            "id": "4972867:echo",
            "permission": "push",
            "repository": "echo",
            "team_id": "4972867"
          },
          "sensitive_attributes": [],
          "private": "bnVsbA==",
          "dependencies": [
            "data.github_team.kubewarden_developers",
            "module.policy_repository_echo_policy.github_repository.main"
          ]
        }
      ]
    },
    {
      "module": "module.policy_repository_env_variable_secrets_scanner_policy",
      "mode": "managed",
      "type": "github_repository",
      "name": "main",
      "provider": "provider[\"registry.terraform.io/integrations/github\"].kubewarden",
      "instances": [
        {
          "schema_version": 1,
          "attributes": {
            "allow_auto_merge": false,
            "allow_merge_commit": true,
            "allow_rebase_merge": true,
            "allow_squash_merge": true,
            "allow_update_branch": false,
            "archive_on_destroy": null,
            "archived": false,
            "auto_init": null,
            "default_branch": "main",
            "delete_branch_on_merge": false,
            "description": "A Kubewarden Policy that detects secrets (ssh private keys, API tokens, etc) leaked via environment variables",
            "etag": "W/\"c7f08033f524f27f4adb6a51fea55dce4b446cb13b6b080ab84b0376908116ed\"",
            "full_name": "kubewarden/env-variable-secrets-scanner-policy",
            "git_clone_url": "git://github.com/kubewarden/env-variable-secrets-scanner-policy.git",
            "gitignore_template": null,
            "has_discussions": false,
            "has_downloads": true,
            "has_issues": true,
            "has_projects": false,
            "has_wiki": true,
            "homepage_url": "https://kubewarden.io",
            "html_url": "https://github.com/kubewarden/env-variable-secrets-scanner-policy",
            "http_clone_url": "https://github.com/kubewarden/env-variable-secrets-scanner-policy.git",
            "id": "env-variable-secrets-scanner-policy",
            "ignore_vulnerability_alerts_during_read": null,
            "is_template": false,
            "license_template": null,
            "merge_commit_message": "PR_TITLE",
            "merge_commit_title": "MERGE_MESSAGE",
            "name": "env-variable-secrets-scanner-policy",
            "node_id": "R_kgDOILh7ow",
            "pages": [],
            "primary_language": "Rust",
            "private": false,
            "repo_id": 548961187,
            "security_and_analysis": [
              {
                "advanced_security": [],
                "secret_scanning": [
                  {
                    "status": "enabled"
                  }
                ],
                "secret_scanning_push_protection": [
                  {
                    "status": "disabled"
                  }
                ]
              }
            ],
            "squash_merge_commit_message": "COMMIT_MESSAGES",
            "squash_merge_commit_title": "COMMIT_OR_PR_TITLE",
            "ssh_clone_url": "git@github.com:kubewarden/env-variable-secrets-scanner-policy.git",
            "svn_url": "https://github.com/kubewarden/env-variable-secrets-scanner-policy",
            "template": [],
            "topics": [
              "hacktoberfest",
              "kubernetes",
              "kubernetes-security",
              "kubewarden-policy",
              "policy-as-code",
              "webassembly"
            ],
            "visibility": "public",
            "vulnerability_alerts": true
          },
          "sensitive_attributes": [],
          "private": "eyJzY2hlbWFfdmVyc2lvbiI6IjEifQ=="
        }
      ]
    },
    {
      "module": "module.policy_repository_env_variable_secrets_scanner_policy",
      "mode": "managed",
      "type": "github_team_repository",
      "name": "gh_team_push_rights",
      "provider": "provider[\"registry.terraform.io/integrations/github\"].kubewarden",
      "instances": [
        {
          "index_key": 0,
          "schema_version": 0,
          "attributes": {
            "etag": "W/\"edf4304fb515687cb7c655831b0a6d3ed06768efbdadadae58bf0c52ad4636a0\"",
            "id": "4972867:env-variable-secrets-scanner-policy",
            "permission": "push",
            "repository": "env-variable-secrets-scanner-policy",
            "team_id": "4972867"
          },
          "sensitive_attributes": [],
          "private": "bnVsbA==",
          "dependencies": [
            "data.github_team.kubewarden_developers",
            "module.policy_repository_env_variable_secrets_scanner_policy.github_repository.main"
          ]
        }
      ]
    },
    {
      "module": "module.policy_repository_environment_variable_policy",
      "mode": "managed",
      "type": "github_repository",
      "name": "main",
      "provider": "provider[\"registry.terraform.io/integrations/github\"].kubewarden",
      "instances": [
        {
          "schema_version": 1,
          "attributes": {
            "allow_auto_merge": false,
            "allow_merge_commit": true,
            "allow_rebase_merge": true,
            "allow_squash_merge": true,
            "allow_update_branch": false,
            "archive_on_destroy": null,
            "archived": false,
            "auto_init": null,
            "default_branch": "main",
            "delete_branch_on_merge": false,
            "description": "A Kubewarden Policy that controls the usage of environment variables",
            "etag": "W/\"33b51ad4a5e663105dbdca9cd5028cda8f9fea60515048cfbb1531fe687d705a\"",
            "full_name": "kubewarden/environment-variable-policy",
            "git_clone_url": "git://github.com/kubewarden/environment-variable-policy.git",
            "gitignore_template": null,
            "has_discussions": false,
            "has_downloads": true,
            "has_issues": true,
            "has_projects": false,
            "has_wiki": true,
            "homepage_url": "https://kubewarden.io",
            "html_url": "https://github.com/kubewarden/environment-variable-policy",
            "http_clone_url": "https://github.com/kubewarden/environment-variable-policy.git",
            "id": "environment-variable-policy",
            "ignore_vulnerability_alerts_during_read": null,
            "is_template": false,
            "license_template": null,
            "merge_commit_message": "PR_TITLE",
            "merge_commit_title": "MERGE_MESSAGE",
            "name": "environment-variable-policy",
            "node_id": "R_kgDOIN7khA",
            "pages": [],
            "primary_language": "Rust",
            "private": false,
            "repo_id": 551478404,
            "security_and_analysis": [
              {
                "advanced_security": [],
                "secret_scanning": [
                  {
                    "status": "enabled"
                  }
                ],
                "secret_scanning_push_protection": [
                  {
                    "status": "disabled"
                  }
                ]
              }
            ],
            "squash_merge_commit_message": "COMMIT_MESSAGES",
            "squash_merge_commit_title": "COMMIT_OR_PR_TITLE",
            "ssh_clone_url": "git@github.com:kubewarden/environment-variable-policy.git",
            "svn_url": "https://github.com/kubewarden/environment-variable-policy",
            "template": [],
            "topics": [
              "hacktoberfest",
              "kubernetes",
              "kubernetes-security",
              "kubewarden-policy",
              "policy-as-code",
              "webassembly"
            ],
            "visibility": "public",
            "vulnerability_alerts": true
          },
          "sensitive_attributes": [],
          "private": "eyJzY2hlbWFfdmVyc2lvbiI6IjEifQ=="
        }
      ]
    },
    {
      "module": "module.policy_repository_environment_variable_policy",
      "mode": "managed",
      "type": "github_team_repository",
      "name": "gh_team_push_rights",
      "provider": "provider[\"registry.terraform.io/integrations/github\"].kubewarden",
      "instances": [
        {
          "index_key": 0,
          "schema_version": 0,
          "attributes": {
            "etag": "W/\"adf276c31b71155137955454bf0cc2b85876f38e4f968754c7f991ae55c08ee3\"",
            "id": "4972867:environment-variable-policy",
            "permission": "push",
            "repository": "environment-variable-policy",
            "team_id": "4972867"
          },
          "sensitive_attributes": [],
          "private": "bnVsbA==",
          "dependencies": [
            "data.github_team.kubewarden_developers",
            "module.policy_repository_environment_variable_policy.github_repository.main"
          ]
        }
      ]
    },
    {
      "module": "module.policy_repository_flexvolume_drivers_psp_policy",
      "mode": "managed",
      "type": "github_repository",
      "name": "main",
      "provider": "provider[\"registry.terraform.io/integrations/github\"].kubewarden",
      "instances": [
        {
          "schema_version": 1,
          "attributes": {
            "allow_auto_merge": false,
            "allow_merge_commit": true,
            "allow_rebase_merge": true,
            "allow_squash_merge": true,
            "allow_update_branch": false,
            "archive_on_destroy": null,
            "archived": false,
            "auto_init": false,
            "default_branch": "main",
            "delete_branch_on_merge": false,
            "description": "Replacement for the Kubernetes Pod Security Policy that controls the allowed `flexVolume` drivers",
            "etag": "W/\"5d5db216065851ba08d4e4c6015e49ac918ab3bccfa6da04694cd5644ad2355a\"",
            "full_name": "kubewarden/flexvolume-drivers-psp-policy",
            "git_clone_url": "git://github.com/kubewarden/flexvolume-drivers-psp-policy.git",
            "gitignore_template": null,
            "has_discussions": false,
            "has_downloads": true,
            "has_issues": true,
            "has_projects": false,
            "has_wiki": true,
            "homepage_url": "https://kubewarden.io",
            "html_url": "https://github.com/kubewarden/flexvolume-drivers-psp-policy",
            "http_clone_url": "https://github.com/kubewarden/flexvolume-drivers-psp-policy.git",
            "id": "flexvolume-drivers-psp-policy",
            "ignore_vulnerability_alerts_during_read": null,
            "is_template": false,
            "license_template": null,
            "merge_commit_message": "PR_TITLE",
            "merge_commit_title": "MERGE_MESSAGE",
            "name": "flexvolume-drivers-psp-policy",
            "node_id": "R_kgDOGZ3jLw",
            "pages": [],
            "primary_language": "Rust",
            "private": false,
            "repo_id": 429777711,
            "security_and_analysis": [
              {
                "advanced_security": [],
                "secret_scanning": [
                  {
                    "status": "enabled"
                  }
                ],
                "secret_scanning_push_protection": [
                  {
                    "status": "disabled"
                  }
                ]
              }
            ],
            "squash_merge_commit_message": "COMMIT_MESSAGES",
            "squash_merge_commit_title": "COMMIT_OR_PR_TITLE",
            "ssh_clone_url": "git@github.com:kubewarden/flexvolume-drivers-psp-policy.git",
            "svn_url": "https://github.com/kubewarden/flexvolume-drivers-psp-policy",
            "template": [],
            "topics": [
              "hacktoberfest",
              "kubernetes",
              "kubernetes-security",
              "kubewarden-policy",
              "pod-security-policy",
              "policy-as-code",
              "webassembly"
            ],
            "visibility": "public",
            "vulnerability_alerts": true
          },
          "sensitive_attributes": [],
          "private": "eyJzY2hlbWFfdmVyc2lvbiI6IjEifQ=="
        }
      ]
    },
    {
      "module": "module.policy_repository_flexvolume_drivers_psp_policy",
      "mode": "managed",
      "type": "github_team_repository",
      "name": "gh_team_push_rights",
      "provider": "provider[\"registry.terraform.io/integrations/github\"].kubewarden",
      "instances": [
        {
          "index_key": 0,
          "schema_version": 0,
          "attributes": {
            "etag": "W/\"13742aea5eecbc150c34743d1ee279fe0b29048b2123be7ddb809d060ceb9e76\"",
            "id": "4972867:flexvolume-drivers-psp-policy",
            "permission": "push",
            "repository": "flexvolume-drivers-psp-policy",
            "team_id": "4972867"
          },
          "sensitive_attributes": [],
          "private": "bnVsbA==",
          "dependencies": [
            "data.github_team.kubewarden_developers",
            "module.policy_repository_flexvolume_drivers_psp_policy.github_repository.main"
          ]
        }
      ]
    },
    {
      "module": "module.policy_repository_host_namespaces_psp_policy",
      "mode": "managed",
      "type": "github_repository",
      "name": "main",
      "provider": "provider[\"registry.terraform.io/integrations/github\"].kubewarden",
      "instances": [
        {
          "schema_version": 1,
          "attributes": {
            "allow_auto_merge": false,
            "allow_merge_commit": true,
            "allow_rebase_merge": true,
            "allow_squash_merge": true,
            "allow_update_branch": false,
            "archive_on_destroy": null,
            "archived": false,
            "auto_init": false,
            "default_branch": "main",
            "delete_branch_on_merge": false,
            "description": "Replacement for the Kubernetes Pod Security Policy that controls the usage of host namespaces",
            "etag": "W/\"944b6ad22ef434419256dca99cdb331f923425b9872a1d41ddafb927dd7534b3\"",
            "full_name": "kubewarden/host-namespaces-psp-policy",
            "git_clone_url": "git://github.com/kubewarden/host-namespaces-psp-policy.git",
            "gitignore_template": null,
            "has_discussions": false,
            "has_downloads": true,
            "has_issues": true,
            "has_projects": false,
            "has_wiki": true,
            "homepage_url": "https://kubewarden.io",
            "html_url": "https://github.com/kubewarden/host-namespaces-psp-policy",
            "http_clone_url": "https://github.com/kubewarden/host-namespaces-psp-policy.git",
            "id": "host-namespaces-psp-policy",
            "ignore_vulnerability_alerts_during_read": null,
            "is_template": false,
            "license_template": null,
            "merge_commit_message": "PR_TITLE",
            "merge_commit_title": "MERGE_MESSAGE",
            "name": "host-namespaces-psp-policy",
            "node_id": "MDEwOlJlcG9zaXRvcnkzNzQ2MzEyNDM=",
            "pages": [],
            "primary_language": "Rust",
            "private": false,
            "repo_id": 374631243,
            "security_and_analysis": [
              {
                "advanced_security": [],
                "secret_scanning": [
                  {
                    "status": "enabled"
                  }
                ],
                "secret_scanning_push_protection": [
                  {
                    "status": "disabled"
                  }
                ]
              }
            ],
            "squash_merge_commit_message": "COMMIT_MESSAGES",
            "squash_merge_commit_title": "COMMIT_OR_PR_TITLE",
            "ssh_clone_url": "git@github.com:kubewarden/host-namespaces-psp-policy.git",
            "svn_url": "https://github.com/kubewarden/host-namespaces-psp-policy",
            "template": [],
            "topics": [
              "hacktoberfest",
              "kubernetes",
              "kubernetes-security",
              "kubewarden-policy",
              "pod-security-policy",
              "policy-as-code",
              "webassembly"
            ],
            "visibility": "public",
            "vulnerability_alerts": true
          },
          "sensitive_attributes": [],
          "private": "eyJzY2hlbWFfdmVyc2lvbiI6IjEifQ=="
        }
      ]
    },
    {
      "module": "module.policy_repository_host_namespaces_psp_policy",
      "mode": "managed",
      "type": "github_team_repository",
      "name": "gh_team_push_rights",
      "provider": "provider[\"registry.terraform.io/integrations/github\"].kubewarden",
      "instances": [
        {
          "index_key": 0,
          "schema_version": 0,
          "attributes": {
            "etag": "W/\"890be03b08c43698a69bf75904b046ed160becab269536cee3d08d33a552cc7e\"",
            "id": "4972867:host-namespaces-psp-policy",
            "permission": "push",
            "repository": "host-namespaces-psp-policy",
            "team_id": "4972867"
          },
          "sensitive_attributes": [],
          "private": "bnVsbA==",
          "dependencies": [
            "data.github_team.kubewarden_developers",
            "module.policy_repository_host_namespaces_psp_policy.github_repository.main"
          ]
        }
      ]
    },
    {
      "module": "module.policy_repository_hostpaths_psp_policy",
      "mode": "managed",
      "type": "github_repository",
      "name": "main",
      "provider": "provider[\"registry.terraform.io/integrations/github\"].kubewarden",
      "instances": [
        {
          "schema_version": 1,
          "attributes": {
            "allow_auto_merge": false,
            "allow_merge_commit": true,
            "allow_rebase_merge": true,
            "allow_squash_merge": true,
            "allow_update_branch": false,
            "archive_on_destroy": null,
            "archived": false,
            "auto_init": false,
            "default_branch": "main",
            "delete_branch_on_merge": false,
            "description": "Replacement for the Kubernetes Pod Security Policy that controls the usage of hostpaths",
            "etag": "W/\"7606040d087e867e29f2772b5c8719e288de925b5fc309dcf01572d0b17d9ad0\"",
            "full_name": "kubewarden/hostpaths-psp-policy",
            "git_clone_url": "git://github.com/kubewarden/hostpaths-psp-policy.git",
            "gitignore_template": null,
            "has_discussions": false,
            "has_downloads": true,
            "has_issues": true,
            "has_projects": false,
            "has_wiki": true,
            "homepage_url": "https://kubewarden.io",
            "html_url": "https://github.com/kubewarden/hostpaths-psp-policy",
            "http_clone_url": "https://github.com/kubewarden/hostpaths-psp-policy.git",
            "id": "hostpaths-psp-policy",
            "ignore_vulnerability_alerts_during_read": null,
            "is_template": false,
            "license_template": null,
            "merge_commit_message": "PR_TITLE",
            "merge_commit_title": "MERGE_MESSAGE",
            "name": "hostpaths-psp-policy",
            "node_id": "MDEwOlJlcG9zaXRvcnkzOTI3MzA4MzM=",
            "pages": [],
            "primary_language": "Go",
            "private": false,
            "repo_id": 392730833,
            "security_and_analysis": [
              {
                "advanced_security": [],
                "secret_scanning": [
                  {
                    "status": "enabled"
                  }
                ],
                "secret_scanning_push_protection": [
                  {
                    "status": "disabled"
                  }
                ]
              }
            ],
            "squash_merge_commit_message": "COMMIT_MESSAGES",
            "squash_merge_commit_title": "COMMIT_OR_PR_TITLE",
            "ssh_clone_url": "git@github.com:kubewarden/hostpaths-psp-policy.git",
            "svn_url": "https://github.com/kubewarden/hostpaths-psp-policy",
            "template": [
              {
                "include_all_branches": false,
                "owner": "kubewarden",
                "repository": "go-policy-template"
              }
            ],
            "topics": [
              "hacktoberfest",
              "kubernetes",
              "kubernetes-security",
              "kubewarden-policy",
              "pod-security-policy",
              "policy-as-code",
              "webassembly"
            ],
            "visibility": "public",
            "vulnerability_alerts": true
          },
          "sensitive_attributes": [],
          "private": "eyJzY2hlbWFfdmVyc2lvbiI6IjEifQ=="
        }
      ]
    },
    {
      "module": "module.policy_repository_hostpaths_psp_policy",
      "mode": "managed",
      "type": "github_team_repository",
      "name": "gh_team_push_rights",
      "provider": "provider[\"registry.terraform.io/integrations/github\"].kubewarden",
      "instances": [
        {
          "index_key": 0,
          "schema_version": 0,
          "attributes": {
            "etag": "W/\"d8a189e82182107b34c0c881771b61cd1f3783420eb8f9ce5e4f2b4f291a25b9\"",
            "id": "4972867:hostpaths-psp-policy",
            "permission": "push",
            "repository": "hostpaths-psp-policy",
            "team_id": "4972867"
          },
          "sensitive_attributes": [],
          "private": "bnVsbA==",
          "dependencies": [
            "data.github_team.kubewarden_developers",
            "module.policy_repository_hostpaths_psp_policy.github_repository.main"
          ]
        }
      ]
    },
    {
      "module": "module.policy_repository_ingress_policy",
      "mode": "managed",
      "type": "github_repository",
      "name": "main",
      "provider": "provider[\"registry.terraform.io/integrations/github\"].kubewarden",
      "instances": [
        {
          "schema_version": 1,
          "attributes": {
            "allow_auto_merge": false,
            "allow_merge_commit": true,
            "allow_rebase_merge": true,
            "allow_squash_merge": true,
            "allow_update_branch": false,
            "archive_on_destroy": null,
            "archived": false,
            "auto_init": false,
            "default_branch": "main",
            "delete_branch_on_merge": false,
            "description": "Policy to enforce requirements on Kubernetes Ingress resources.",
            "etag": "W/\"bf5ab01ed1e06586c7f5610acdbc0d3b557b21082e511ac23aa64eb2d20e3903\"",
            "full_name": "kubewarden/ingress-policy",
            "git_clone_url": "git://github.com/kubewarden/ingress-policy.git",
            "gitignore_template": null,
            "has_discussions": false,
            "has_downloads": true,
            "has_issues": true,
            "has_projects": false,
            "has_wiki": true,
            "homepage_url": "https://kubewarden.io",
            "html_url": "https://github.com/kubewarden/ingress-policy",
            "http_clone_url": "https://github.com/kubewarden/ingress-policy.git",
            "id": "ingress-policy",
            "ignore_vulnerability_alerts_during_read": null,
            "is_template": false,
            "license_template": null,
            "merge_commit_message": "PR_TITLE",
            "merge_commit_title": "MERGE_MESSAGE",
            "name": "ingress-policy",
            "node_id": "MDEwOlJlcG9zaXRvcnkzNDkwNDg5NjU=",
            "pages": [],
            "primary_language": "Go",
            "private": false,
            "repo_id": 349048965,
            "security_and_analysis": [
              {
                "advanced_security": [],
                "secret_scanning": [
                  {
                    "status": "enabled"
                  }
                ],
                "secret_scanning_push_protection": [
                  {
                    "status": "disabled"
                  }
                ]
              }
            ],
            "squash_merge_commit_message": "COMMIT_MESSAGES",
            "squash_merge_commit_title": "COMMIT_OR_PR_TITLE",
            "ssh_clone_url": "git@github.com:kubewarden/ingress-policy.git",
            "svn_url": "https://github.com/kubewarden/ingress-policy",
            "template": [],
            "topics": [
              "hacktoberfest",
              "ingress",
              "ingresses-resources",
              "kubernetes",
              "kubernetes-security",
              "kubewarden-policy",
              "policy-as-code",
              "webassembly"
            ],
            "visibility": "public",
            "vulnerability_alerts": true
          },
          "sensitive_attributes": [],
          "private": "eyJzY2hlbWFfdmVyc2lvbiI6IjEifQ=="
        }
      ]
    },
    {
      "module": "module.policy_repository_ingress_policy",
      "mode": "managed",
      "type": "github_team_repository",
      "name": "gh_team_push_rights",
      "provider": "provider[\"registry.terraform.io/integrations/github\"].kubewarden",
      "instances": [
        {
          "index_key": 0,
          "schema_version": 0,
          "attributes": {
            "etag": "W/\"d4e2562912e269da08b6596b1c6ae7a01287943b9fb556574bf50c3c68d7d941\"",
            "id": "4972867:ingress-policy",
            "permission": "push",
            "repository": "ingress-policy",
            "team_id": "4972867"
          },
          "sensitive_attributes": [],
          "private": "bnVsbA==",
          "dependencies": [
            "data.github_team.kubewarden_developers",
            "module.policy_repository_ingress_policy.github_repository.main"
          ]
        }
      ]
    },
    {
      "module": "module.policy_repository_namespace_label_propagator_policy",
      "mode": "managed",
      "type": "github_repository",
      "name": "main",
      "provider": "provider[\"registry.terraform.io/integrations/github\"].kubewarden",
      "instances": [
        {
          "schema_version": 1,
          "attributes": {
            "allow_auto_merge": false,
            "allow_merge_commit": true,
            "allow_rebase_merge": true,
            "allow_squash_merge": true,
            "allow_update_branch": false,
            "archive_on_destroy": null,
            "archived": false,
            "auto_init": null,
            "default_branch": "main",
            "delete_branch_on_merge": false,
            "description": "Kubewarden policy designed to automatically propagate labels defined in a Kubernetes namespace to the associated resources within that namespace",
            "etag": "W/\"e6fc049efa16212c3891ae1752973d3344bdd44ee81b828300b7f1b2e9b13074\"",
            "full_name": "kubewarden/namespace-label-propagator-policy",
            "git_clone_url": "git://github.com/kubewarden/namespace-label-propagator-policy.git",
            "gitignore_template": null,
            "has_discussions": false,
            "has_downloads": true,
            "has_issues": true,
            "has_projects": false,
            "has_wiki": true,
            "homepage_url": "https://kubewarden.io",
            "html_url": "https://github.com/kubewarden/namespace-label-propagator-policy",
            "http_clone_url": "https://github.com/kubewarden/namespace-label-propagator-policy.git",
            "id": "namespace-label-propagator-policy",
            "ignore_vulnerability_alerts_during_read": null,
            "is_template": false,
            "license_template": null,
            "merge_commit_message": "PR_TITLE",
            "merge_commit_title": "MERGE_MESSAGE",
            "name": "namespace-label-propagator-policy",
            "node_id": "R_kgDOJnx8hQ",
            "pages": [],
            "primary_language": "Go",
            "private": false,
            "repo_id": 645692549,
            "security_and_analysis": [
              {
                "advanced_security": [],
                "secret_scanning": [
                  {
                    "status": "enabled"
                  }
                ],
                "secret_scanning_push_protection": [
                  {
                    "status": "disabled"
                  }
                ]
              }
            ],
            "squash_merge_commit_message": "COMMIT_MESSAGES",
            "squash_merge_commit_title": "COMMIT_OR_PR_TITLE",
            "ssh_clone_url": "git@github.com:kubewarden/namespace-label-propagator-policy.git",
            "svn_url": "https://github.com/kubewarden/namespace-label-propagator-policy",
            "template": [
              {
                "include_all_branches": false,
                "owner": "kubewarden",
                "repository": "go-policy-template"
              }
            ],
            "topics": [
              "hacktoberfest",
              "kubernetes",
              "kubernetes-security",
              "kubewarden-policy",
              "policy-as-code",
              "webassembly"
            ],
            "visibility": "public",
            "vulnerability_alerts": true
          },
          "sensitive_attributes": [],
          "private": "eyJzY2hlbWFfdmVyc2lvbiI6IjEifQ=="
        }
      ]
    },
    {
      "module": "module.policy_repository_namespace_label_propagator_policy",
      "mode": "managed",
      "type": "github_team_repository",
      "name": "gh_team_push_rights",
      "provider": "provider[\"registry.terraform.io/integrations/github\"].kubewarden",
      "instances": [
        {
          "index_key": 0,
          "schema_version": 0,
          "attributes": {
            "etag": "W/\"60663e8bfed8dddde6896cdac8d2595cdff5a36b3f315db715dee1b9aa2b39c0\"",
            "id": "4972867:namespace-label-propagator-policy",
            "permission": "push",
            "repository": "namespace-label-propagator-policy",
            "team_id": "4972867"
          },
          "sensitive_attributes": [],
          "private": "bnVsbA==",
          "dependencies": [
            "data.github_team.kubewarden_developers",
            "module.policy_repository_namespace_label_propagator_policy.github_repository.main"
          ]
        }
      ]
    },
    {
      "module": "module.policy_repository_pod_privileged_policy",
      "mode": "managed",
      "type": "github_repository",
      "name": "main",
      "provider": "provider[\"registry.terraform.io/integrations/github\"].kubewarden",
      "instances": [
        {
          "schema_version": 1,
          "attributes": {
            "allow_auto_merge": false,
            "allow_merge_commit": true,
            "allow_rebase_merge": true,
            "allow_squash_merge": true,
            "allow_update_branch": false,
            "archive_on_destroy": null,
            "archived": false,
            "auto_init": false,
            "default_branch": "main",
            "delete_branch_on_merge": false,
            "description": "A Kubewarden Policy that limits the ability to create privileged containers",
            "etag": "W/\"9de1094393341723205f46be219c8d7d2592ac3f99e9761a04c731834e79183a\"",
            "full_name": "kubewarden/pod-privileged-policy",
            "git_clone_url": "git://github.com/kubewarden/pod-privileged-policy.git",
            "gitignore_template": null,
            "has_discussions": false,
            "has_downloads": true,
            "has_issues": true,
            "has_projects": false,
            "has_wiki": true,
            "homepage_url": "https://kubewarden.io",
            "html_url": "https://github.com/kubewarden/pod-privileged-policy",
            "http_clone_url": "https://github.com/kubewarden/pod-privileged-policy.git",
            "id": "pod-privileged-policy",
            "ignore_vulnerability_alerts_during_read": null,
            "is_template": false,
            "license_template": null,
            "merge_commit_message": "PR_TITLE",
            "merge_commit_title": "MERGE_MESSAGE",
            "name": "pod-privileged-policy",
            "node_id": "MDEwOlJlcG9zaXRvcnkzMTc2Njk3NjI=",
            "pages": [],
            "primary_language": "Rust",
            "private": false,
            "repo_id": 317669762,
            "security_and_analysis": [
              {
                "advanced_security": [],
                "secret_scanning": [
                  {
                    "status": "enabled"
                  }
                ],
                "secret_scanning_push_protection": [
                  {
                    "status": "disabled"
                  }
                ]
              }
            ],
            "squash_merge_commit_message": "COMMIT_MESSAGES",
            "squash_merge_commit_title": "COMMIT_OR_PR_TITLE",
            "ssh_clone_url": "git@github.com:kubewarden/pod-privileged-policy.git",
            "svn_url": "https://github.com/kubewarden/pod-privileged-policy",
            "template": [],
            "topics": [
              "hacktoberfest",
              "kubernetes",
              "kubernetes-security",
              "kubewarden-policy",
              "pod-security-policy",
              "policy-as-code",
              "webassembly"
            ],
            "visibility": "public",
            "vulnerability_alerts": true
          },
          "sensitive_attributes": [],
          "private": "eyJzY2hlbWFfdmVyc2lvbiI6IjEifQ=="
        }
      ]
    },
    {
      "module": "module.policy_repository_pod_privileged_policy",
      "mode": "managed",
      "type": "github_team_repository",
      "name": "gh_team_push_rights",
      "provider": "provider[\"registry.terraform.io/integrations/github\"].kubewarden",
      "instances": [
        {
          "index_key": 0,
          "schema_version": 0,
          "attributes": {
            "etag": "W/\"39e9875ca5d56a7f773ce64679398f8d9b641c194f1694d3169a2276f0497c8e\"",
            "id": "4972867:pod-privileged-policy",
            "permission": "push",
            "repository": "pod-privileged-policy",
            "team_id": "4972867"
          },
          "sensitive_attributes": [],
          "private": "bnVsbA==",
          "dependencies": [
            "data.github_team.kubewarden_developers",
            "module.policy_repository_pod_privileged_policy.github_repository.main"
          ]
        }
      ]
    },
    {
      "module": "module.policy_repository_pod_runtime_class_policy",
      "mode": "managed",
      "type": "github_repository",
      "name": "main",
      "provider": "provider[\"registry.terraform.io/integrations/github\"].kubewarden",
      "instances": [
        {
          "schema_version": 1,
          "attributes": {
            "allow_auto_merge": false,
            "allow_merge_commit": true,
            "allow_rebase_merge": true,
            "allow_squash_merge": true,
            "allow_update_branch": false,
            "archive_on_destroy": null,
            "archived": false,
            "auto_init": false,
            "default_branch": "main",
            "delete_branch_on_merge": false,
            "description": "A Kubewarden Policy that controls the usage of Pod runtimeClass",
            "etag": "W/\"4085ca556e6bb16b29fa68e61af5d62da3e8b7418952194455427242c8c7fd59\"",
            "full_name": "kubewarden/pod-runtime-class-policy",
            "git_clone_url": "git://github.com/kubewarden/pod-runtime-class-policy.git",
            "gitignore_template": null,
            "has_discussions": false,
            "has_downloads": true,
            "has_issues": true,
            "has_projects": false,
            "has_wiki": true,
            "homepage_url": "https://kubewarden.io",
            "html_url": "https://github.com/kubewarden/pod-runtime-class-policy",
            "http_clone_url": "https://github.com/kubewarden/pod-runtime-class-policy.git",
            "id": "pod-runtime-class-policy",
            "ignore_vulnerability_alerts_during_read": null,
            "is_template": false,
            "license_template": null,
            "merge_commit_message": "PR_TITLE",
            "merge_commit_title": "MERGE_MESSAGE",
            "name": "pod-runtime-class-policy",
            "node_id": "MDEwOlJlcG9zaXRvcnkzMTM5NzQ4MzY=",
            "pages": [],
            "primary_language": "Rust",
            "private": false,
            "repo_id": 313974836,
            "security_and_analysis": [
              {
                "advanced_security": [],
                "secret_scanning": [
                  {
                    "status": "enabled"
                  }
                ],
                "secret_scanning_push_protection": [
                  {
                    "status": "disabled"
                  }
                ]
              }
            ],
            "squash_merge_commit_message": "COMMIT_MESSAGES",
            "squash_merge_commit_title": "COMMIT_OR_PR_TITLE",
            "ssh_clone_url": "git@github.com:kubewarden/pod-runtime-class-policy.git",
            "svn_url": "https://github.com/kubewarden/pod-runtime-class-policy",
            "template": [],
            "topics": [
              "hacktoberfest",
              "kubernetes",
              "kubernetes-security",
              "kubewarden-policy",
              "policy-as-code",
              "webassembly"
            ],
            "visibility": "public",
            "vulnerability_alerts": true
          },
          "sensitive_attributes": [],
          "private": "eyJzY2hlbWFfdmVyc2lvbiI6IjEifQ=="
        }
      ]
    },
    {
      "module": "module.policy_repository_pod_runtime_class_policy",
      "mode": "managed",
      "type": "github_team_repository",
      "name": "gh_team_push_rights",
      "provider": "provider[\"registry.terraform.io/integrations/github\"].kubewarden",
      "instances": [
        {
          "index_key": 0,
          "schema_version": 0,
          "attributes": {
            "etag": "W/\"e943b1437b36475a580d36c16e8b0516e7ca221fb42fae12bcce3d6b411e8f42\"",
            "id": "4972867:pod-runtime-class-policy",
            "permission": "push",
            "repository": "pod-runtime-class-policy",
            "team_id": "4972867"
          },
          "sensitive_attributes": [],
          "private": "bnVsbA==",
          "dependencies": [
            "data.github_team.kubewarden_developers",
            "module.policy_repository_pod_runtime_class_policy.github_repository.main"
          ]
        }
      ]
    },
    {
      "module": "module.policy_repository_psa_label_enforcer",
      "mode": "managed",
      "type": "github_repository",
      "name": "main",
      "provider": "provider[\"registry.terraform.io/integrations/github\"].kubewarden",
      "instances": [
        {
          "schema_version": 1,
          "attributes": {
            "allow_auto_merge": false,
            "allow_merge_commit": true,
            "allow_rebase_merge": true,
            "allow_squash_merge": true,
            "allow_update_branch": false,
            "archive_on_destroy": null,
            "archived": false,
            "auto_init": false,
            "default_branch": "main",
            "delete_branch_on_merge": false,
            "description": "Kubewarden policy that ensures that namespaces have the required PSA labels",
            "etag": "W/\"ab5c08b4cdd280b1ad606c28a1497e228bb861850102d34a2544f9f447b7aac3\"",
            "full_name": "kubewarden/psa-label-enforcer-policy",
            "git_clone_url": "git://github.com/kubewarden/psa-label-enforcer-policy.git",
            "gitignore_template": null,
            "has_discussions": false,
            "has_downloads": true,
            "has_issues": true,
            "has_projects": false,
            "has_wiki": true,
            "homepage_url": "https://kubewarden.io",
            "html_url": "https://github.com/kubewarden/psa-label-enforcer-policy",
            "http_clone_url": "https://github.com/kubewarden/psa-label-enforcer-policy.git",
            "id": "psa-label-enforcer-policy",
            "ignore_vulnerability_alerts_during_read": null,
            "is_template": false,
            "license_template": null,
            "merge_commit_message": "PR_TITLE",
            "merge_commit_title": "MERGE_MESSAGE",
            "name": "psa-label-enforcer-policy",
            "node_id": "R_kgDOJkOffw",
            "pages": [],
            "primary_language": "Rust",
            "private": false,
            "repo_id": 641965951,
            "security_and_analysis": [
              {
                "advanced_security": [],
                "secret_scanning": [
                  {
                    "status": "enabled"
                  }
                ],
                "secret_scanning_push_protection": [
                  {
                    "status": "disabled"
                  }
                ]
              }
            ],
            "squash_merge_commit_message": "COMMIT_MESSAGES",
            "squash_merge_commit_title": "COMMIT_OR_PR_TITLE",
            "ssh_clone_url": "git@github.com:kubewarden/psa-label-enforcer-policy.git",
            "svn_url": "https://github.com/kubewarden/psa-label-enforcer-policy",
            "template": [],
            "topics": [
              "hacktoberfest",
              "kubernetes",
              "kubernetes-security",
              "kubewarden-policy",
              "policy-as-code",
              "webassembly"
            ],
            "visibility": "public",
            "vulnerability_alerts": true
          },
          "sensitive_attributes": [],
          "private": "eyJzY2hlbWFfdmVyc2lvbiI6IjEifQ=="
        }
      ]
    },
    {
      "module": "module.policy_repository_psa_label_enforcer",
      "mode": "managed",
      "type": "github_team_repository",
      "name": "gh_team_push_rights",
      "provider": "provider[\"registry.terraform.io/integrations/github\"].kubewarden",
      "instances": [
        {
          "index_key": 0,
          "schema_version": 0,
          "attributes": {
            "etag": "W/\"e339eee974960e1ac358a3ecb782eaf90b404b8c2c8f8539730c9fe733ce41bc\"",
            "id": "4972867:psa-label-enforcer-policy",
            "permission": "push",
            "repository": "psa-label-enforcer-policy",
            "team_id": "4972867"
          },
          "sensitive_attributes": [],
          "private": "bnVsbA==",
          "dependencies": [
            "data.github_team.kubewarden_developers",
            "module.policy_repository_psa_label_enforcer.github_repository.main"
          ]
        }
      ]
    },
    {
      "module": "module.policy_repository_rancher_project_quotas_namespace_validator",
      "mode": "managed",
      "type": "github_repository",
      "name": "main",
      "provider": "provider[\"registry.terraform.io/integrations/github\"].kubewarden",
      "instances": [
        {
          "schema_version": 1,
          "attributes": {
            "allow_auto_merge": false,
            "allow_merge_commit": true,
            "allow_rebase_merge": true,
            "allow_squash_merge": true,
            "allow_update_branch": false,
            "archive_on_destroy": null,
            "archived": false,
            "auto_init": false,
            "default_branch": "main",
            "delete_branch_on_merge": false,
            "description": "Prevent the creation of Namespace under a Rancher Project that doesn't have any resource quota left",
            "etag": "W/\"bf968a60549dcf757921ac92ff43f81315178068a84605bac796e7da6d6c3f57\"",
            "full_name": "kubewarden/rancher-project-quotas-namespace-validator",
            "git_clone_url": "git://github.com/kubewarden/rancher-project-quotas-namespace-validator.git",
            "gitignore_template": null,
            "has_discussions": false,
            "has_downloads": true,
            "has_issues": true,
            "has_projects": false,
            "has_wiki": true,
            "homepage_url": "https://kubewarden.io",
            "html_url": "https://github.com/kubewarden/rancher-project-quotas-namespace-validator",
            "http_clone_url": "https://github.com/kubewarden/rancher-project-quotas-namespace-validator.git",
            "id": "rancher-project-quotas-namespace-validator",
            "ignore_vulnerability_alerts_during_read": null,
            "is_template": false,
            "license_template": null,
            "merge_commit_message": "PR_TITLE",
            "merge_commit_title": "MERGE_MESSAGE",
            "name": "rancher-project-quotas-namespace-validator",
            "node_id": "R_kgDOJEGlhg",
            "pages": [],
            "primary_language": "Go",
            "private": false,
            "repo_id": 608281990,
            "security_and_analysis": [
              {
                "advanced_security": [],
                "secret_scanning": [
                  {
                    "status": "enabled"
                  }
                ],
                "secret_scanning_push_protection": [
                  {
                    "status": "disabled"
                  }
                ]
              }
            ],
            "squash_merge_commit_message": "COMMIT_MESSAGES",
            "squash_merge_commit_title": "COMMIT_OR_PR_TITLE",
            "ssh_clone_url": "git@github.com:kubewarden/rancher-project-quotas-namespace-validator.git",
            "svn_url": "https://github.com/kubewarden/rancher-project-quotas-namespace-validator",
            "template": [
              {
                "include_all_branches": false,
                "owner": "kubewarden",
                "repository": "go-policy-template"
              }
            ],
            "topics": [
              "hacktoberfest",
              "kubernetes",
              "kubernetes-security",
              "kubewarden-policy",
              "policy-as-code",
              "webassembly"
            ],
            "visibility": "public",
            "vulnerability_alerts": true
          },
          "sensitive_attributes": [],
          "private": "eyJzY2hlbWFfdmVyc2lvbiI6IjEifQ=="
        }
      ]
    },
    {
      "module": "module.policy_repository_rancher_project_quotas_namespace_validator",
      "mode": "managed",
      "type": "github_team_repository",
      "name": "gh_team_push_rights",
      "provider": "provider[\"registry.terraform.io/integrations/github\"].kubewarden",
      "instances": [
        {
          "index_key": 0,
          "schema_version": 0,
          "attributes": {
            "etag": "W/\"48d3655d653d5eab4afc54240a578686aab87a56a12d85564634abfcf022e518\"",
            "id": "4972867:rancher-project-quotas-namespace-validator",
            "permission": "push",
            "repository": "rancher-project-quotas-namespace-validator",
            "team_id": "4972867"
          },
          "sensitive_attributes": [],
          "private": "bnVsbA==",
          "dependencies": [
            "data.github_team.kubewarden_developers",
            "module.policy_repository_rancher_project_quotas_namespace_validator.github_repository.main"
          ]
        }
      ]
    },
    {
      "module": "module.policy_repository_raw_mutation_policy",
      "mode": "managed",
      "type": "github_repository",
      "name": "main",
      "provider": "provider[\"registry.terraform.io/integrations/github\"].kubewarden",
      "instances": [
        {
          "schema_version": 1,
          "attributes": {
            "allow_auto_merge": false,
            "allow_merge_commit": true,
            "allow_rebase_merge": true,
            "allow_squash_merge": true,
            "allow_update_branch": false,
            "archive_on_destroy": null,
            "archived": false,
            "auto_init": null,
            "default_branch": "main",
            "delete_branch_on_merge": false,
            "description": "Demo policy showing how to write a raw mutating policy",
            "etag": "W/\"8ede5a92d8a133a09969b8d8e7783872514700e9dc8a1ce8aebb7b84e9721b16\"",
            "full_name": "kubewarden/raw-mutation-policy",
            "git_clone_url": "git://github.com/kubewarden/raw-mutation-policy.git",
            "gitignore_template": null,
            "has_discussions": false,
            "has_downloads": true,
            "has_issues": true,
            "has_projects": false,
            "has_wiki": true,
            "homepage_url": "https://kubewarden.io",
            "html_url": "https://github.com/kubewarden/raw-mutation-policy",
            "http_clone_url": "https://github.com/kubewarden/raw-mutation-policy.git",
            "id": "raw-mutation-policy",
            "ignore_vulnerability_alerts_during_read": null,
            "is_template": false,
            "license_template": null,
            "merge_commit_message": "PR_TITLE",
            "merge_commit_title": "MERGE_MESSAGE",
            "name": "raw-mutation-policy",
            "node_id": "R_kgDOKkhwcQ",
            "pages": [],
            "primary_language": "",
            "private": false,
            "repo_id": 709390449,
            "security_and_analysis": [
              {
                "advanced_security": [],
                "secret_scanning": [
                  {
                    "status": "enabled"
                  }
                ],
                "secret_scanning_push_protection": [
                  {
                    "status": "disabled"
                  }
                ]
              }
            ],
            "squash_merge_commit_message": "COMMIT_MESSAGES",
            "squash_merge_commit_title": "COMMIT_OR_PR_TITLE",
            "ssh_clone_url": "git@github.com:kubewarden/raw-mutation-policy.git",
            "svn_url": "https://github.com/kubewarden/raw-mutation-policy",
            "template": [],
            "topics": [
              "hacktoberfest",
              "kubernetes",
              "kubernetes-security",
              "kubewarden-policy",
              "policy-as-code",
              "webassembly"
            ],
            "visibility": "public",
            "vulnerability_alerts": true
          },
          "sensitive_attributes": [],
          "private": "eyJzY2hlbWFfdmVyc2lvbiI6IjEifQ=="
        }
      ]
    },
    {
      "module": "module.policy_repository_raw_mutation_policy",
      "mode": "managed",
      "type": "github_team_repository",
      "name": "gh_team_push_rights",
      "provider": "provider[\"registry.terraform.io/integrations/github\"].kubewarden",
      "instances": [
        {
          "index_key": 0,
          "schema_version": 0,
          "attributes": {
            "etag": "W/\"5c243e026c5cc4781dd297efb90b6fdad6a73ae31ea3d618a090ef3ee8e0ce55\"",
            "id": "4972867:raw-mutation-policy",
            "permission": "push",
            "repository": "raw-mutation-policy",
            "team_id": "4972867"
          },
          "sensitive_attributes": [],
          "private": "bnVsbA==",
          "dependencies": [
            "data.github_team.kubewarden_developers",
            "module.policy_repository_raw_mutation_policy.github_repository.main"
          ]
        }
      ]
    },
    {
      "module": "module.policy_repository_raw_mutation_wasi_policy",
      "mode": "managed",
      "type": "github_repository",
      "name": "main",
      "provider": "provider[\"registry.terraform.io/integrations/github\"].kubewarden",
      "instances": [
        {
          "schema_version": 1,
          "attributes": {
            "allow_auto_merge": false,
            "allow_merge_commit": true,
            "allow_rebase_merge": true,
            "allow_squash_merge": true,
            "allow_update_branch": false,
            "archive_on_destroy": null,
            "archived": false,
            "auto_init": null,
            "default_branch": "main",
            "delete_branch_on_merge": false,
            "description": "Demo policy showing how to write a raw WASI mutation policy",
            "etag": "W/\"7802aa4493089b4c367ebbdef2cff2860e21f0ef1b261bb1b9e33a400e06127f\"",
            "full_name": "kubewarden/raw-mutation-wasi-policy",
            "git_clone_url": "git://github.com/kubewarden/raw-mutation-wasi-policy.git",
            "gitignore_template": null,
            "has_discussions": false,
            "has_downloads": true,
            "has_issues": true,
            "has_projects": false,
            "has_wiki": true,
            "homepage_url": "https://kubewarden.io",
            "html_url": "https://github.com/kubewarden/raw-mutation-wasi-policy",
            "http_clone_url": "https://github.com/kubewarden/raw-mutation-wasi-policy.git",
            "id": "raw-mutation-wasi-policy",
            "ignore_vulnerability_alerts_during_read": null,
            "is_template": false,
            "license_template": null,
            "merge_commit_message": "PR_TITLE",
            "merge_commit_title": "MERGE_MESSAGE",
            "name": "raw-mutation-wasi-policy",
            "node_id": "R_kgDOKkhwrA",
            "pages": [],
            "primary_language": "",
            "private": false,
            "repo_id": 709390508,
            "security_and_analysis": [
              {
                "advanced_security": [],
                "secret_scanning": [
                  {
                    "status": "enabled"
                  }
                ],
                "secret_scanning_push_protection": [
                  {
                    "status": "disabled"
                  }
                ]
              }
            ],
            "squash_merge_commit_message": "COMMIT_MESSAGES",
            "squash_merge_commit_title": "COMMIT_OR_PR_TITLE",
            "ssh_clone_url": "git@github.com:kubewarden/raw-mutation-wasi-policy.git",
            "svn_url": "https://github.com/kubewarden/raw-mutation-wasi-policy",
            "template": [],
            "topics": [
              "hacktoberfest",
              "kubernetes",
              "kubernetes-security",
              "kubewarden-policy",
              "policy-as-code",
              "webassembly"
            ],
            "visibility": "public",
            "vulnerability_alerts": true
          },
          "sensitive_attributes": [],
          "private": "eyJzY2hlbWFfdmVyc2lvbiI6IjEifQ=="
        }
      ]
    },
    {
      "module": "module.policy_repository_raw_mutation_wasi_policy",
      "mode": "managed",
      "type": "github_team_repository",
      "name": "gh_team_push_rights",
      "provider": "provider[\"registry.terraform.io/integrations/github\"].kubewarden",
      "instances": [
        {
          "index_key": 0,
          "schema_version": 0,
          "attributes": {
            "etag": "W/\"c87c92f80f3ea5f327a733577a3b86b39bfda0e3ca8c03cb7d863c82a5856df8\"",
            "id": "4972867:raw-mutation-wasi-policy",
            "permission": "push",
            "repository": "raw-mutation-wasi-policy",
            "team_id": "4972867"
          },
          "sensitive_attributes": [],
          "private": "bnVsbA==",
          "dependencies": [
            "data.github_team.kubewarden_developers",
            "module.policy_repository_raw_mutation_wasi_policy.github_repository.main"
          ]
        }
      ]
    },
    {
      "module": "module.policy_repository_raw_validation_opa_policy",
      "mode": "managed",
      "type": "github_repository",
      "name": "main",
      "provider": "provider[\"registry.terraform.io/integrations/github\"].kubewarden",
      "instances": [
        {
          "schema_version": 1,
          "attributes": {
            "allow_auto_merge": false,
            "allow_merge_commit": true,
            "allow_rebase_merge": true,
            "allow_squash_merge": true,
            "allow_update_branch": false,
            "archive_on_destroy": null,
            "archived": false,
            "auto_init": null,
            "default_branch": "main",
            "delete_branch_on_merge": false,
            "description": "Demo policy showing how to write a raw OPA validating policy",
            "etag": "W/\"4eef423fef0e49e08d737a934689082428c82a7088f34475b1eef07db988ba39\"",
            "full_name": "kubewarden/raw-validation-opa-policy",
            "git_clone_url": "git://github.com/kubewarden/raw-validation-opa-policy.git",
            "gitignore_template": null,
            "has_discussions": false,
            "has_downloads": true,
            "has_issues": true,
            "has_projects": false,
            "has_wiki": true,
            "homepage_url": "https://kubewarden.io",
            "html_url": "https://github.com/kubewarden/raw-validation-opa-policy",
            "http_clone_url": "https://github.com/kubewarden/raw-validation-opa-policy.git",
            "id": "raw-validation-opa-policy",
            "ignore_vulnerability_alerts_during_read": null,
            "is_template": false,
            "license_template": null,
            "merge_commit_message": "PR_TITLE",
            "merge_commit_title": "MERGE_MESSAGE",
            "name": "raw-validation-opa-policy",
            "node_id": "R_kgDOKkhwhA",
            "pages": [],
            "primary_language": "",
            "private": false,
            "repo_id": 709390468,
            "security_and_analysis": [
              {
                "advanced_security": [],
                "secret_scanning": [
                  {
                    "status": "enabled"
                  }
                ],
                "secret_scanning_push_protection": [
                  {
                    "status": "disabled"
                  }
                ]
              }
            ],
            "squash_merge_commit_message": "COMMIT_MESSAGES",
            "squash_merge_commit_title": "COMMIT_OR_PR_TITLE",
            "ssh_clone_url": "git@github.com:kubewarden/raw-validation-opa-policy.git",
            "svn_url": "https://github.com/kubewarden/raw-validation-opa-policy",
            "template": [],
            "topics": [
              "hacktoberfest",
              "kubernetes",
              "kubernetes-security",
              "kubewarden-policy",
              "policy-as-code",
              "webassembly"
            ],
            "visibility": "public",
            "vulnerability_alerts": true
          },
          "sensitive_attributes": [],
          "private": "eyJzY2hlbWFfdmVyc2lvbiI6IjEifQ=="
        }
      ]
    },
    {
      "module": "module.policy_repository_raw_validation_opa_policy",
      "mode": "managed",
      "type": "github_team_repository",
      "name": "gh_team_push_rights",
      "provider": "provider[\"registry.terraform.io/integrations/github\"].kubewarden",
      "instances": [
        {
          "index_key": 0,
          "schema_version": 0,
          "attributes": {
            "etag": "W/\"14c3e6c3dc02ea7961de396c67d1d7109ac6c1d4a679cfdd5f9408a2226992c4\"",
            "id": "4972867:raw-validation-opa-policy",
            "permission": "push",
            "repository": "raw-validation-opa-policy",
            "team_id": "4972867"
          },
          "sensitive_attributes": [],
          "private": "bnVsbA==",
          "dependencies": [
            "data.github_team.kubewarden_developers",
            "module.policy_repository_raw_validation_opa_policy.github_repository.main"
          ]
        }
      ]
    },
    {
      "module": "module.policy_repository_raw_validation_policy",
      "mode": "managed",
      "type": "github_repository",
      "name": "main",
      "provider": "provider[\"registry.terraform.io/integrations/github\"].kubewarden",
      "instances": [
        {
          "schema_version": 1,
          "attributes": {
            "allow_auto_merge": false,
            "allow_merge_commit": true,
            "allow_rebase_merge": true,
            "allow_squash_merge": true,
            "allow_update_branch": false,
            "archive_on_destroy": null,
            "archived": false,
            "auto_init": null,
            "default_branch": "main",
            "delete_branch_on_merge": false,
            "description": "Demo policy showing how to write a raw validating policy",
            "etag": "W/\"81cd38bbd84390c471ea2a2aa4f160da44b087279f7af2a4b107571f336a4c2e\"",
            "full_name": "kubewarden/raw-validation-policy",
            "git_clone_url": "git://github.com/kubewarden/raw-validation-policy.git",
            "gitignore_template": null,
            "has_discussions": false,
            "has_downloads": true,
            "has_issues": true,
            "has_projects": false,
            "has_wiki": true,
            "homepage_url": "https://kubewarden.io",
            "html_url": "https://github.com/kubewarden/raw-validation-policy",
            "http_clone_url": "https://github.com/kubewarden/raw-validation-policy.git",
            "id": "raw-validation-policy",
            "ignore_vulnerability_alerts_during_read": null,
            "is_template": false,
            "license_template": null,
            "merge_commit_message": "PR_TITLE",
            "merge_commit_title": "MERGE_MESSAGE",
            "name": "raw-validation-policy",
            "node_id": "R_kgDOKkhwmA",
            "pages": [],
            "primary_language": "",
            "private": false,
            "repo_id": 709390488,
            "security_and_analysis": [
              {
                "advanced_security": [],
                "secret_scanning": [
                  {
                    "status": "enabled"
                  }
                ],
                "secret_scanning_push_protection": [
                  {
                    "status": "disabled"
                  }
                ]
              }
            ],
            "squash_merge_commit_message": "COMMIT_MESSAGES",
            "squash_merge_commit_title": "COMMIT_OR_PR_TITLE",
            "ssh_clone_url": "git@github.com:kubewarden/raw-validation-policy.git",
            "svn_url": "https://github.com/kubewarden/raw-validation-policy",
            "template": [],
            "topics": [
              "hacktoberfest",
              "kubernetes",
              "kubernetes-security",
              "kubewarden-policy",
              "policy-as-code",
              "webassembly"
            ],
            "visibility": "public",
            "vulnerability_alerts": true
          },
          "sensitive_attributes": [],
          "private": "eyJzY2hlbWFfdmVyc2lvbiI6IjEifQ=="
        }
      ]
    },
    {
      "module": "module.policy_repository_raw_validation_policy",
      "mode": "managed",
      "type": "github_team_repository",
      "name": "gh_team_push_rights",
      "provider": "provider[\"registry.terraform.io/integrations/github\"].kubewarden",
      "instances": [
        {
          "index_key": 0,
          "schema_version": 0,
          "attributes": {
            "etag": "W/\"682087142dd1480f7bb59b381b20b3da011df612b05e67edf695cc1a50cce13b\"",
            "id": "4972867:raw-validation-policy",
            "permission": "push",
            "repository": "raw-validation-policy",
            "team_id": "4972867"
          },
          "sensitive_attributes": [],
          "private": "bnVsbA==",
          "dependencies": [
            "data.github_team.kubewarden_developers",
            "module.policy_repository_raw_validation_policy.github_repository.main"
          ]
        }
      ]
    },
    {
      "module": "module.policy_repository_raw_validation_wasi_policy",
      "mode": "managed",
      "type": "github_repository",
      "name": "main",
      "provider": "provider[\"registry.terraform.io/integrations/github\"].kubewarden",
      "instances": [
        {
          "schema_version": 1,
          "attributes": {
            "allow_auto_merge": false,
            "allow_merge_commit": true,
            "allow_rebase_merge": true,
            "allow_squash_merge": true,
            "allow_update_branch": false,
            "archive_on_destroy": null,
            "archived": false,
            "auto_init": null,
            "default_branch": "main",
            "delete_branch_on_merge": false,
            "description": "Demo policy showing how to write a raw WASI validating policy",
            "etag": "W/\"87d7fbafe5203fe39ee5ea524d0b62ba0201a432213f9931e46010bc7668c625\"",
            "full_name": "kubewarden/raw-validation-wasi-policy",
            "git_clone_url": "git://github.com/kubewarden/raw-validation-wasi-policy.git",
            "gitignore_template": null,
            "has_discussions": false,
            "has_downloads": true,
            "has_issues": true,
            "has_projects": false,
            "has_wiki": true,
            "homepage_url": "https://kubewarden.io",
            "html_url": "https://github.com/kubewarden/raw-validation-wasi-policy",
            "http_clone_url": "https://github.com/kubewarden/raw-validation-wasi-policy.git",
            "id": "raw-validation-wasi-policy",
            "ignore_vulnerability_alerts_during_read": null,
            "is_template": false,
            "license_template": null,
            "merge_commit_message": "PR_TITLE",
            "merge_commit_title": "MERGE_MESSAGE",
            "name": "raw-validation-wasi-policy",
            "node_id": "R_kgDOKkhwzQ",
            "pages": [],
            "primary_language": "",
            "private": false,
            "repo_id": 709390541,
            "security_and_analysis": [
              {
                "advanced_security": [],
                "secret_scanning": [
                  {
                    "status": "enabled"
                  }
                ],
                "secret_scanning_push_protection": [
                  {
                    "status": "disabled"
                  }
                ]
              }
            ],
            "squash_merge_commit_message": "COMMIT_MESSAGES",
            "squash_merge_commit_title": "COMMIT_OR_PR_TITLE",
            "ssh_clone_url": "git@github.com:kubewarden/raw-validation-wasi-policy.git",
            "svn_url": "https://github.com/kubewarden/raw-validation-wasi-policy",
            "template": [],
            "topics": [
              "hacktoberfest",
              "kubernetes",
              "kubernetes-security",
              "kubewarden-policy",
              "policy-as-code",
              "webassembly"
            ],
            "visibility": "public",
            "vulnerability_alerts": true
          },
          "sensitive_attributes": [],
          "private": "eyJzY2hlbWFfdmVyc2lvbiI6IjEifQ=="
        }
      ]
    },
    {
      "module": "module.policy_repository_raw_validation_wasi_policy",
      "mode": "managed",
      "type": "github_team_repository",
      "name": "gh_team_push_rights",
      "provider": "provider[\"registry.terraform.io/integrations/github\"].kubewarden",
      "instances": [
        {
          "index_key": 0,
          "schema_version": 0,
          "attributes": {
            "etag": "W/\"4b302119b327b6622050325afccfe41070034642a4b1dc4c7d41a1dacdddb993\"",
            "id": "4972867:raw-validation-wasi-policy",
            "permission": "push",
            "repository": "raw-validation-wasi-policy",
            "team_id": "4972867"
          },
          "sensitive_attributes": [],
          "private": "bnVsbA==",
          "dependencies": [
            "data.github_team.kubewarden_developers",
            "module.policy_repository_raw_validation_wasi_policy.github_repository.main"
          ]
        }
      ]
    },
    {
      "module": "module.policy_repository_readonly_root_filesystem_psp_policy",
      "mode": "managed",
      "type": "github_repository",
      "name": "main",
      "provider": "provider[\"registry.terraform.io/integrations/github\"].kubewarden",
      "instances": [
        {
          "schema_version": 1,
          "attributes": {
            "allow_auto_merge": false,
            "allow_merge_commit": true,
            "allow_rebase_merge": true,
            "allow_squash_merge": true,
            "allow_update_branch": false,
            "archive_on_destroy": null,
            "archived": false,
            "auto_init": null,
            "default_branch": "main",
            "delete_branch_on_merge": false,
            "description": "A Kubewarden policy that enforces root filesystem to be readonly",
            "etag": "W/\"27ddf514111dd458aa81089d250eeffc574645954098ed13f410424a0a0fa73c\"",
            "full_name": "kubewarden/readonly-root-filesystem-psp-policy",
            "git_clone_url": "git://github.com/kubewarden/readonly-root-filesystem-psp-policy.git",
            "gitignore_template": null,
            "has_discussions": false,
            "has_downloads": true,
            "has_issues": true,
            "has_projects": false,
            "has_wiki": true,
            "homepage_url": "https://kubewarden.io",
            "html_url": "https://github.com/kubewarden/readonly-root-filesystem-psp-policy",
            "http_clone_url": "https://github.com/kubewarden/readonly-root-filesystem-psp-policy.git",
            "id": "readonly-root-filesystem-psp-policy",
            "ignore_vulnerability_alerts_during_read": null,
            "is_template": false,
            "license_template": null,
            "merge_commit_message": "PR_TITLE",
            "merge_commit_title": "MERGE_MESSAGE",
            "name": "readonly-root-filesystem-psp-policy",
            "node_id": "R_kgDOGdS_cw",
            "pages": [],
            "primary_language": "Rust",
            "private": false,
            "repo_id": 433373043,
            "security_and_analysis": [
              {
                "advanced_security": [],
                "secret_scanning": [
                  {
                    "status": "enabled"
                  }
                ],
                "secret_scanning_push_protection": [
                  {
                    "status": "disabled"
                  }
                ]
              }
            ],
            "squash_merge_commit_message": "COMMIT_MESSAGES",
            "squash_merge_commit_title": "COMMIT_OR_PR_TITLE",
            "ssh_clone_url": "git@github.com:kubewarden/readonly-root-filesystem-psp-policy.git",
            "svn_url": "https://github.com/kubewarden/readonly-root-filesystem-psp-policy",
            "template": [],
            "topics": [
              "hacktoberfest",
              "kubernetes",
              "kubernetes-security",
              "kubewarden-policy",
              "pod-security-policy",
              "policy-as-code",
              "webassembly"
            ],
            "visibility": "public",
            "vulnerability_alerts": true
          },
          "sensitive_attributes": [],
          "private": "eyJzY2hlbWFfdmVyc2lvbiI6IjEifQ=="
        }
      ]
    },
    {
      "module": "module.policy_repository_readonly_root_filesystem_psp_policy",
      "mode": "managed",
      "type": "github_team_repository",
      "name": "gh_team_push_rights",
      "provider": "provider[\"registry.terraform.io/integrations/github\"].kubewarden",
      "instances": [
        {
          "index_key": 0,
          "schema_version": 0,
          "attributes": {
            "etag": "W/\"ac3e7e12131890aba8775f9ab6b62950dfd2a4322dd9f50afc2232e87ea6e280\"",
            "id": "4972867:readonly-root-filesystem-psp-policy",
            "permission": "push",
            "repository": "readonly-root-filesystem-psp-policy",
            "team_id": "4972867"
          },
          "sensitive_attributes": [],
          "private": "bnVsbA==",
          "dependencies": [
            "data.github_team.kubewarden_developers",
            "module.policy_repository_readonly_root_filesystem_psp_policy.github_repository.main"
          ]
        }
      ]
    },
    {
      "module": "module.policy_repository_safe_annotations_policy",
      "mode": "managed",
      "type": "github_repository",
      "name": "main",
      "provider": "provider[\"registry.terraform.io/integrations/github\"].kubewarden",
      "instances": [
        {
          "schema_version": 1,
          "attributes": {
            "allow_auto_merge": false,
            "allow_merge_commit": true,
            "allow_rebase_merge": true,
            "allow_squash_merge": true,
            "allow_update_branch": false,
            "archive_on_destroy": null,
            "archived": false,
            "auto_init": false,
            "default_branch": "main",
            "delete_branch_on_merge": false,
            "description": "Kubewarden policy that validates Kubernetes' resource annotations",
            "etag": "W/\"befd05e177e69a94da722a104927744a8820be4c07941d97ed569d26666a3060\"",
            "full_name": "kubewarden/safe-annotations-policy",
            "git_clone_url": "git://github.com/kubewarden/safe-annotations-policy.git",
            "gitignore_template": null,
            "has_discussions": false,
            "has_downloads": true,
            "has_issues": true,
            "has_projects": false,
            "has_wiki": true,
            "homepage_url": "https://kubewarden.io",
            "html_url": "https://github.com/kubewarden/safe-annotations-policy",
            "http_clone_url": "https://github.com/kubewarden/safe-annotations-policy.git",
            "id": "safe-annotations-policy",
            "ignore_vulnerability_alerts_during_read": null,
            "is_template": false,
            "license_template": null,
            "merge_commit_message": "PR_TITLE",
            "merge_commit_title": "MERGE_MESSAGE",
            "name": "safe-annotations-policy",
            "node_id": "MDEwOlJlcG9zaXRvcnkzOTQxOTcwNzE=",
            "pages": [],
            "primary_language": "Go",
            "private": false,
            "repo_id": 394197071,
            "security_and_analysis": [
              {
                "advanced_security": [],
                "secret_scanning": [
                  {
                    "status": "enabled"
                  }
                ],
                "secret_scanning_push_protection": [
                  {
                    "status": "disabled"
                  }
                ]
              }
            ],
            "squash_merge_commit_message": "COMMIT_MESSAGES",
            "squash_merge_commit_title": "COMMIT_OR_PR_TITLE",
            "ssh_clone_url": "git@github.com:kubewarden/safe-annotations-policy.git",
            "svn_url": "https://github.com/kubewarden/safe-annotations-policy",
            "template": [
              {
                "include_all_branches": false,
                "owner": "kubewarden",
                "repository": "go-policy-template"
              }
            ],
            "topics": [
              "hacktoberfest",
              "kubernetes",
              "kubernetes-compliance",
              "kubernetes-security",
              "kubewarden-policy",
              "policy-as-code",
              "webassembly"
            ],
            "visibility": "public",
            "vulnerability_alerts": true
          },
          "sensitive_attributes": [],
          "private": "eyJzY2hlbWFfdmVyc2lvbiI6IjEifQ=="
        }
      ]
    },
    {
      "module": "module.policy_repository_safe_annotations_policy",
      "mode": "managed",
      "type": "github_team_repository",
      "name": "gh_team_push_rights",
      "provider": "provider[\"registry.terraform.io/integrations/github\"].kubewarden",
      "instances": [
        {
          "index_key": 0,
          "schema_version": 0,
          "attributes": {
            "etag": "W/\"0a5a47a3ed1d852bd8548c195f6ee6b36b48c2424978eb491843bb48edff3721\"",
            "id": "4972867:safe-annotations-policy",
            "permission": "push",
            "repository": "safe-annotations-policy",
            "team_id": "4972867"
          },
          "sensitive_attributes": [],
          "private": "bnVsbA==",
          "dependencies": [
            "data.github_team.kubewarden_developers",
            "module.policy_repository_safe_annotations_policy.github_repository.main"
          ]
        }
      ]
    },
    {
      "module": "module.policy_repository_safe_labels_policy",
      "mode": "managed",
      "type": "github_repository",
      "name": "main",
      "provider": "provider[\"registry.terraform.io/integrations/github\"].kubewarden",
      "instances": [
        {
          "schema_version": 1,
          "attributes": {
            "allow_auto_merge": false,
            "allow_merge_commit": true,
            "allow_rebase_merge": true,
            "allow_squash_merge": true,
            "allow_update_branch": false,
            "archive_on_destroy": null,
            "archived": false,
            "auto_init": false,
            "default_branch": "main",
            "delete_branch_on_merge": false,
            "description": "Kubewarden policy that validates Kubernetes' resource labels",
            "etag": "W/\"ee087e63df140f9fdb69cb013523ba42473cf52fe9b0f64c35e762b2a966b1b5\"",
            "full_name": "kubewarden/safe-labels-policy",
            "git_clone_url": "git://github.com/kubewarden/safe-labels-policy.git",
            "gitignore_template": null,
            "has_discussions": false,
            "has_downloads": true,
            "has_issues": true,
            "has_projects": false,
            "has_wiki": true,
            "homepage_url": "https://kubewarden.io",
            "html_url": "https://github.com/kubewarden/safe-labels-policy",
            "http_clone_url": "https://github.com/kubewarden/safe-labels-policy.git",
            "id": "safe-labels-policy",
            "ignore_vulnerability_alerts_during_read": null,
            "is_template": false,
            "license_template": null,
            "merge_commit_message": "PR_TITLE",
            "merge_commit_title": "MERGE_MESSAGE",
            "name": "safe-labels-policy",
            "node_id": "MDEwOlJlcG9zaXRvcnkzNTczMzk1Mzg=",
            "pages": [],
            "primary_language": "Go",
            "private": false,
            "repo_id": 357339538,
            "security_and_analysis": [
              {
                "advanced_security": [],
                "secret_scanning": [
                  {
                    "status": "enabled"
                  }
                ],
                "secret_scanning_push_protection": [
                  {
                    "status": "disabled"
                  }
                ]
              }
            ],
            "squash_merge_commit_message": "COMMIT_MESSAGES",
            "squash_merge_commit_title": "COMMIT_OR_PR_TITLE",
            "ssh_clone_url": "git@github.com:kubewarden/safe-labels-policy.git",
            "svn_url": "https://github.com/kubewarden/safe-labels-policy",
            "template": [
              {
                "include_all_branches": false,
                "owner": "kubewarden",
                "repository": "go-policy-template"
              }
            ],
            "topics": [
              "hacktoberfest",
              "kubernetes",
              "kubernetes-compliance",
              "kubernetes-security",
              "kubewarden-policy",
              "policy-as-code",
              "webassembly"
            ],
            "visibility": "public",
            "vulnerability_alerts": true
          },
          "sensitive_attributes": [],
          "private": "eyJzY2hlbWFfdmVyc2lvbiI6IjEifQ=="
        }
      ]
    },
    {
      "module": "module.policy_repository_safe_labels_policy",
      "mode": "managed",
      "type": "github_team_repository",
      "name": "gh_team_push_rights",
      "provider": "provider[\"registry.terraform.io/integrations/github\"].kubewarden",
      "instances": [
        {
          "index_key": 0,
          "schema_version": 0,
          "attributes": {
            "etag": "W/\"47fca49ec257430362b05823a1c3b53e23c35a62bd90bc81c38c0bc60875c47c\"",
            "id": "4972867:safe-labels-policy",
            "permission": "push",
            "repository": "safe-labels-policy",
            "team_id": "4972867"
          },
          "sensitive_attributes": [],
          "private": "bnVsbA==",
          "dependencies": [
            "data.github_team.kubewarden_developers",
            "module.policy_repository_safe_labels_policy.github_repository.main"
          ]
        }
      ]
    },
    {
      "module": "module.policy_repository_seccomp_psp_policy",
      "mode": "managed",
      "type": "github_repository",
      "name": "main",
      "provider": "provider[\"registry.terraform.io/integrations/github\"].kubewarden",
      "instances": [
        {
          "schema_version": 1,
          "attributes": {
            "allow_auto_merge": false,
            "allow_merge_commit": true,
            "allow_rebase_merge": true,
            "allow_squash_merge": true,
            "allow_update_branch": false,
            "archive_on_destroy": null,
            "archived": false,
            "auto_init": null,
            "default_branch": "main",
            "delete_branch_on_merge": false,
            "description": "A Kubewarden Pod Security Policy that controls usage of Seccomp profiles",
            "etag": "W/\"bd03c06e6b254ff1ab90e41cb09f431ae43e343be38ba7c8051d9bddf067dc7b\"",
            "full_name": "kubewarden/seccomp-psp-policy",
            "git_clone_url": "git://github.com/kubewarden/seccomp-psp-policy.git",
            "gitignore_template": null,
            "has_discussions": false,
            "has_downloads": true,
            "has_issues": true,
            "has_projects": false,
            "has_wiki": true,
            "homepage_url": "https://kubewarden.io",
            "html_url": "https://github.com/kubewarden/seccomp-psp-policy",
            "http_clone_url": "https://github.com/kubewarden/seccomp-psp-policy.git",
            "id": "seccomp-psp-policy",
            "ignore_vulnerability_alerts_during_read": null,
            "is_template": false,
            "license_template": null,
            "merge_commit_message": "PR_TITLE",
            "merge_commit_title": "MERGE_MESSAGE",
            "name": "seccomp-psp-policy",
            "node_id": "R_kgDOGgF_OQ",
            "pages": [],
            "primary_language": "Rust",
            "private": false,
            "repo_id": 436305721,
            "security_and_analysis": [
              {
                "advanced_security": [],
                "secret_scanning": [
                  {
                    "status": "enabled"
                  }
                ],
                "secret_scanning_push_protection": [
                  {
                    "status": "disabled"
                  }
                ]
              }
            ],
            "squash_merge_commit_message": "COMMIT_MESSAGES",
            "squash_merge_commit_title": "COMMIT_OR_PR_TITLE",
            "ssh_clone_url": "git@github.com:kubewarden/seccomp-psp-policy.git",
            "svn_url": "https://github.com/kubewarden/seccomp-psp-policy",
            "template": [],
            "topics": [
              "hacktoberfest",
              "kubernetes",
              "kubernetes-security",
              "kubewarden-policy",
              "pod-security-policy",
              "policy-as-code",
              "webassembly"
            ],
            "visibility": "public",
            "vulnerability_alerts": true
          },
          "sensitive_attributes": [],
          "private": "eyJzY2hlbWFfdmVyc2lvbiI6IjEifQ=="
        }
      ]
    },
    {
      "module": "module.policy_repository_seccomp_psp_policy",
      "mode": "managed",
      "type": "github_team_repository",
      "name": "gh_team_push_rights",
      "provider": "provider[\"registry.terraform.io/integrations/github\"].kubewarden",
      "instances": [
        {
          "index_key": 0,
          "schema_version": 0,
          "attributes": {
            "etag": "W/\"977f02b204e59c70004e2e7af2a083a10174e635aad96d4719e8d2ef44d8ae95\"",
            "id": "4972867:seccomp-psp-policy",
            "permission": "push",
            "repository": "seccomp-psp-policy",
            "team_id": "4972867"
          },
          "sensitive_attributes": [],
          "private": "bnVsbA==",
          "dependencies": [
            "data.github_team.kubewarden_developers",
            "module.policy_repository_seccomp_psp_policy.github_repository.main"
          ]
        }
      ]
    },
    {
      "module": "module.policy_repository_selinux_psp_policy",
      "mode": "managed",
      "type": "github_repository",
      "name": "main",
      "provider": "provider[\"registry.terraform.io/integrations/github\"].kubewarden",
      "instances": [
        {
          "schema_version": 1,
          "attributes": {
            "allow_auto_merge": false,
            "allow_merge_commit": true,
            "allow_rebase_merge": true,
            "allow_squash_merge": true,
            "allow_update_branch": false,
            "archive_on_destroy": null,
            "archived": false,
            "auto_init": false,
            "default_branch": "main",
            "delete_branch_on_merge": false,
            "description": "Replacement for the Kubernetes Pod Security Policy that controls the usage of SELinux",
            "etag": "W/\"ff0a335a2194c3adc3c39f5ad0292d08930a0a516f147c36af1f2122d8c873a1\"",
            "full_name": "kubewarden/selinux-psp-policy",
            "git_clone_url": "git://github.com/kubewarden/selinux-psp-policy.git",
            "gitignore_template": null,
            "has_discussions": false,
            "has_downloads": true,
            "has_issues": true,
            "has_projects": false,
            "has_wiki": true,
            "homepage_url": "https://kubewarden.io",
            "html_url": "https://github.com/kubewarden/selinux-psp-policy",
            "http_clone_url": "https://github.com/kubewarden/selinux-psp-policy.git",
            "id": "selinux-psp-policy",
            "ignore_vulnerability_alerts_during_read": null,
            "is_template": false,
            "license_template": null,
            "merge_commit_message": "PR_TITLE",
            "merge_commit_title": "MERGE_MESSAGE",
            "name": "selinux-psp-policy",
            "node_id": "R_kgDOGZga1w",
            "pages": [],
            "primary_language": "Rust",
            "private": false,
            "repo_id": 429398743,
            "security_and_analysis": [
              {
                "advanced_security": [],
                "secret_scanning": [
                  {
                    "status": "enabled"
                  }
                ],
                "secret_scanning_push_protection": [
                  {
                    "status": "disabled"
                  }
                ]
              }
            ],
            "squash_merge_commit_message": "COMMIT_MESSAGES",
            "squash_merge_commit_title": "COMMIT_OR_PR_TITLE",
            "ssh_clone_url": "git@github.com:kubewarden/selinux-psp-policy.git",
            "svn_url": "https://github.com/kubewarden/selinux-psp-policy",
            "template": [],
            "topics": [
              "hacktoberfest",
              "kubernetes",
              "kubernetes-security",
              "kubewarden-policy",
              "pod-security-policy",
              "policy-as-code",
              "webassembly"
            ],
            "visibility": "public",
            "vulnerability_alerts": true
          },
          "sensitive_attributes": [],
          "private": "eyJzY2hlbWFfdmVyc2lvbiI6IjEifQ=="
        }
      ]
    },
    {
      "module": "module.policy_repository_selinux_psp_policy",
      "mode": "managed",
      "type": "github_team_repository",
      "name": "gh_team_push_rights",
      "provider": "provider[\"registry.terraform.io/integrations/github\"].kubewarden",
      "instances": [
        {
          "index_key": 0,
          "schema_version": 0,
          "attributes": {
            "etag": "W/\"ba054207feca35f6db0434501d5cbd59affcd65c693295cf3e7673347fefa809\"",
            "id": "4972867:selinux-psp-policy",
            "permission": "push",
            "repository": "selinux-psp-policy",
            "team_id": "4972867"
          },
          "sensitive_attributes": [],
          "private": "bnVsbA==",
          "dependencies": [
            "data.github_team.kubewarden_developers",
            "module.policy_repository_selinux_psp_policy.github_repository.main"
          ]
        }
      ]
    },
    {
      "module": "module.policy_repository_sleeping_policy",
      "mode": "managed",
      "type": "github_repository",
      "name": "main",
      "provider": "provider[\"registry.terraform.io/integrations/github\"].kubewarden",
      "instances": [
        {
          "schema_version": 1,
          "attributes": {
            "allow_auto_merge": false,
            "allow_merge_commit": true,
            "allow_rebase_merge": true,
            "allow_squash_merge": true,
            "allow_update_branch": false,
            "archive_on_destroy": null,
            "archived": false,
            "auto_init": null,
            "default_branch": "main",
            "delete_branch_on_merge": false,
            "description": "A test policy that simulates long running policy evaluations",
            "etag": "W/\"0c9274fea5fba7ccef835f622d23040557c2b8bb958999b5ea4b0f9709c8671c\"",
            "full_name": "kubewarden/sleeping-policy",
            "git_clone_url": "git://github.com/kubewarden/sleeping-policy.git",
            "gitignore_template": null,
            "has_discussions": false,
            "has_downloads": true,
            "has_issues": true,
            "has_projects": false,
            "has_wiki": true,
            "homepage_url": "https://kubewarden.io",
            "html_url": "https://github.com/kubewarden/sleeping-policy",
            "http_clone_url": "https://github.com/kubewarden/sleeping-policy.git",
            "id": "sleeping-policy",
            "ignore_vulnerability_alerts_during_read": null,
            "is_template": false,
            "license_template": null,
            "merge_commit_message": "PR_TITLE",
            "merge_commit_title": "MERGE_MESSAGE",
            "name": "sleeping-policy",
            "node_id": "R_kgDOIqOLBA",
            "pages": [],
            "primary_language": "Rust",
            "private": false,
            "repo_id": 581143300,
            "security_and_analysis": [
              {
                "advanced_security": [],
                "secret_scanning": [
                  {
                    "status": "enabled"
                  }
                ],
                "secret_scanning_push_protection": [
                  {
                    "status": "disabled"
                  }
                ]
              }
            ],
            "squash_merge_commit_message": "COMMIT_MESSAGES",
            "squash_merge_commit_title": "COMMIT_OR_PR_TITLE",
            "ssh_clone_url": "git@github.com:kubewarden/sleeping-policy.git",
            "svn_url": "https://github.com/kubewarden/sleeping-policy",
            "template": [],
            "topics": [
              "hacktoberfest",
              "kubernetes",
              "kubernetes-security",
              "kubewarden-policy",
              "policy-as-code",
              "webassembly"
            ],
            "visibility": "public",
            "vulnerability_alerts": true
          },
          "sensitive_attributes": [],
          "private": "eyJzY2hlbWFfdmVyc2lvbiI6IjEifQ=="
        }
      ]
    },
    {
      "module": "module.policy_repository_sleeping_policy",
      "mode": "managed",
      "type": "github_team_repository",
      "name": "gh_team_push_rights",
      "provider": "provider[\"registry.terraform.io/integrations/github\"].kubewarden",
      "instances": [
        {
          "index_key": 0,
          "schema_version": 0,
          "attributes": {
            "etag": "W/\"75f8863a7e1c345b82fef342eff8d4101123a15f247a85d74e584c7cf0c27ae4\"",
            "id": "4972867:sleeping-policy",
            "permission": "push",
            "repository": "sleeping-policy",
            "team_id": "4972867"
          },
          "sensitive_attributes": [],
          "private": "bnVsbA==",
          "dependencies": [
            "data.github_team.kubewarden_developers",
            "module.policy_repository_sleeping_policy.github_repository.main"
          ]
        }
      ]
    },
    {
      "module": "module.policy_repository_sysctl_psp_policy",
      "mode": "managed",
      "type": "github_repository",
      "name": "main",
      "provider": "provider[\"registry.terraform.io/integrations/github\"].kubewarden",
      "instances": [
        {
          "schema_version": 1,
          "attributes": {
            "allow_auto_merge": false,
            "allow_merge_commit": true,
            "allow_rebase_merge": true,
            "allow_squash_merge": true,
            "allow_update_branch": false,
            "archive_on_destroy": null,
            "archived": false,
            "auto_init": false,
            "default_branch": "main",
            "delete_branch_on_merge": false,
            "description": "A Kubewarden policy that controls usage of sysctls",
            "etag": "W/\"c33a9dd8f8f935728fdc8d78daed67c21c9b75f71f147c1da2b857b2a7e2b8c9\"",
            "full_name": "kubewarden/sysctl-psp-policy",
            "git_clone_url": "git://github.com/kubewarden/sysctl-psp-policy.git",
            "gitignore_template": null,
            "has_discussions": false,
            "has_downloads": true,
            "has_issues": true,
            "has_projects": false,
            "has_wiki": true,
            "homepage_url": "https://kubewarden.io",
            "html_url": "https://github.com/kubewarden/sysctl-psp-policy",
            "http_clone_url": "https://github.com/kubewarden/sysctl-psp-policy.git",
            "id": "sysctl-psp-policy",
            "ignore_vulnerability_alerts_during_read": null,
            "is_template": false,
            "license_template": null,
            "merge_commit_message": "PR_TITLE",
            "merge_commit_title": "MERGE_MESSAGE",
            "name": "sysctl-psp-policy",
            "node_id": "MDEwOlJlcG9zaXRvcnkzOTEwNzM5ODM=",
            "pages": [],
            "primary_language": "Go",
            "private": false,
            "repo_id": 391073983,
            "security_and_analysis": [
              {
                "advanced_security": [],
                "secret_scanning": [
                  {
                    "status": "enabled"
                  }
                ],
                "secret_scanning_push_protection": [
                  {
                    "status": "disabled"
                  }
                ]
              }
            ],
            "squash_merge_commit_message": "COMMIT_MESSAGES",
            "squash_merge_commit_title": "COMMIT_OR_PR_TITLE",
            "ssh_clone_url": "git@github.com:kubewarden/sysctl-psp-policy.git",
            "svn_url": "https://github.com/kubewarden/sysctl-psp-policy",
            "template": [
              {
                "include_all_branches": false,
                "owner": "kubewarden",
                "repository": "go-policy-template"
              }
            ],
            "topics": [
              "hacktoberfest",
              "kubernetes",
              "kubernetes-security",
              "kubewarden-policy",
              "pod-security-policy",
              "policy-as-code",
              "webassembly"
            ],
            "visibility": "public",
            "vulnerability_alerts": true
          },
          "sensitive_attributes": [],
          "private": "eyJzY2hlbWFfdmVyc2lvbiI6IjEifQ=="
        }
      ]
    },
    {
      "module": "module.policy_repository_sysctl_psp_policy",
      "mode": "managed",
      "type": "github_team_repository",
      "name": "gh_team_push_rights",
      "provider": "provider[\"registry.terraform.io/integrations/github\"].kubewarden",
      "instances": [
        {
          "index_key": 0,
          "schema_version": 0,
          "attributes": {
            "etag": "W/\"f4e6a41e446183686dd2be98ea2d865a8fd8ab706acf44ec51c09886f2f282b3\"",
            "id": "4972867:sysctl-psp-policy",
            "permission": "push",
            "repository": "sysctl-psp-policy",
            "team_id": "4972867"
          },
          "sensitive_attributes": [],
          "private": "bnVsbA==",
          "dependencies": [
            "data.github_team.kubewarden_developers",
            "module.policy_repository_sysctl_psp_policy.github_repository.main"
          ]
        }
      ]
    },
    {
      "module": "module.policy_repository_trusted_repos_policy",
      "mode": "managed",
      "type": "github_repository",
      "name": "main",
      "provider": "provider[\"registry.terraform.io/integrations/github\"].kubewarden",
      "instances": [
        {
          "schema_version": 1,
          "attributes": {
            "allow_auto_merge": false,
            "allow_merge_commit": true,
            "allow_rebase_merge": true,
            "allow_squash_merge": true,
            "allow_update_branch": false,
            "archive_on_destroy": null,
            "archived": false,
            "auto_init": false,
            "default_branch": "main",
            "delete_branch_on_merge": false,
            "description": "A Kubewarden policy that restricts what registries, tags and images can pods on your cluster refer to",
            "etag": "W/\"0a647bb9c0f43875e5bdf4d8cc5ea048856d50336445d2c9f65f8167353d5908\"",
            "full_name": "kubewarden/trusted-repos-policy",
            "git_clone_url": "git://github.com/kubewarden/trusted-repos-policy.git",
            "gitignore_template": null,
            "has_discussions": false,
            "has_downloads": true,
            "has_issues": true,
            "has_projects": false,
            "has_wiki": true,
            "homepage_url": "https://kubewarden.io",
            "html_url": "https://github.com/kubewarden/trusted-repos-policy",
            "http_clone_url": "https://github.com/kubewarden/trusted-repos-policy.git",
            "id": "trusted-repos-policy",
            "ignore_vulnerability_alerts_during_read": null,
            "is_template": false,
            "license_template": null,
            "merge_commit_message": "PR_TITLE",
            "merge_commit_title": "MERGE_MESSAGE",
            "name": "trusted-repos-policy",
            "node_id": "MDEwOlJlcG9zaXRvcnkzNDY3NDIyOTk=",
            "pages": [],
            "primary_language": "Rust",
            "private": false,
            "repo_id": 346742299,
            "security_and_analysis": [
              {
                "advanced_security": [],
                "secret_scanning": [
                  {
                    "status": "enabled"
                  }
                ],
                "secret_scanning_push_protection": [
                  {
                    "status": "disabled"
                  }
                ]
              }
            ],
            "squash_merge_commit_message": "COMMIT_MESSAGES",
            "squash_merge_commit_title": "COMMIT_OR_PR_TITLE",
            "ssh_clone_url": "git@github.com:kubewarden/trusted-repos-policy.git",
            "svn_url": "https://github.com/kubewarden/trusted-repos-policy",
            "template": [],
            "topics": [
              "hacktoberfest",
              "kubernetes",
              "kubernetes-compliance",
              "kubernetes-security",
              "kubewarden-policy",
              "policy-as-code",
              "webassembly"
            ],
            "visibility": "public",
            "vulnerability_alerts": true
          },
          "sensitive_attributes": [],
          "private": "eyJzY2hlbWFfdmVyc2lvbiI6IjEifQ=="
        }
      ]
    },
    {
      "module": "module.policy_repository_trusted_repos_policy",
      "mode": "managed",
      "type": "github_team_repository",
      "name": "gh_team_push_rights",
      "provider": "provider[\"registry.terraform.io/integrations/github\"].kubewarden",
      "instances": [
        {
          "index_key": 0,
          "schema_version": 0,
          "attributes": {
            "etag": "W/\"9f5d39e8b1232f5280bdc36c20320d3af57ef50c2f1e409b8ff7bba34c501d6e\"",
            "id": "4972867:trusted-repos-policy",
            "permission": "push",
            "repository": "trusted-repos-policy",
            "team_id": "4972867"
          },
          "sensitive_attributes": [],
          "private": "bnVsbA==",
          "dependencies": [
            "data.github_team.kubewarden_developers",
            "module.policy_repository_trusted_repos_policy.github_repository.main"
          ]
        }
      ]
    },
    {
      "module": "module.policy_repository_user_group_psp_policy",
      "mode": "managed",
      "type": "github_repository",
      "name": "main",
      "provider": "provider[\"registry.terraform.io/integrations/github\"].kubewarden",
      "instances": [
        {
          "schema_version": 1,
          "attributes": {
            "allow_auto_merge": false,
            "allow_merge_commit": true,
            "allow_rebase_merge": true,
            "allow_squash_merge": true,
            "allow_update_branch": false,
            "archive_on_destroy": null,
            "archived": false,
            "auto_init": false,
            "default_branch": "main",
            "delete_branch_on_merge": false,
            "description": "This Kubewarden Policy is a replacement for the Kubernetes Pod Security Policy that controls containers user and groups",
            "etag": "W/\"2fe15819a57c33a47ed9e9719c4db585b6414831d9e3fe2ab253323ef74044ce\"",
            "full_name": "kubewarden/user-group-psp-policy",
            "git_clone_url": "git://github.com/kubewarden/user-group-psp-policy.git",
            "gitignore_template": null,
            "has_discussions": false,
            "has_downloads": true,
            "has_issues": true,
            "has_projects": false,
            "has_wiki": true,
            "homepage_url": "https://kubewarden.io",
            "html_url": "https://github.com/kubewarden/user-group-psp-policy",
            "http_clone_url": "https://github.com/kubewarden/user-group-psp-policy.git",
            "id": "user-group-psp-policy",
            "ignore_vulnerability_alerts_during_read": null,
            "is_template": false,
            "license_template": null,
            "merge_commit_message": "PR_TITLE",
            "merge_commit_title": "MERGE_MESSAGE",
            "name": "user-group-psp-policy",
            "node_id": "MDEwOlJlcG9zaXRvcnk0MDcyMDkwNjQ=",
            "pages": [],
            "primary_language": "Rust",
            "private": false,
            "repo_id": 407209064,
            "security_and_analysis": [
              {
                "advanced_security": [],
                "secret_scanning": [
                  {
                    "status": "enabled"
                  }
                ],
                "secret_scanning_push_protection": [
                  {
                    "status": "disabled"
                  }
                ]
              }
            ],
            "squash_merge_commit_message": "COMMIT_MESSAGES",
            "squash_merge_commit_title": "COMMIT_OR_PR_TITLE",
            "ssh_clone_url": "git@github.com:kubewarden/user-group-psp-policy.git",
            "svn_url": "https://github.com/kubewarden/user-group-psp-policy",
            "template": [],
            "topics": [
              "hacktoberfest",
              "kubernetes",
              "kubernetes-security",
              "kubewarden-policy",
              "pod-security-policy",
              "policy-as-code",
              "webassembly"
            ],
            "visibility": "public",
            "vulnerability_alerts": true
          },
          "sensitive_attributes": [],
          "private": "eyJzY2hlbWFfdmVyc2lvbiI6IjEifQ=="
        }
      ]
    },
    {
      "module": "module.policy_repository_user_group_psp_policy",
      "mode": "managed",
      "type": "github_team_repository",
      "name": "gh_team_push_rights",
      "provider": "provider[\"registry.terraform.io/integrations/github\"].kubewarden",
      "instances": [
        {
          "index_key": 0,
          "schema_version": 0,
          "attributes": {
            "etag": "W/\"59e0c1e8bad927e8f6f6d4ffe96dc151952c93e459a858cf78235cf01ca6acaf\"",
            "id": "4972867:user-group-psp-policy",
            "permission": "push",
            "repository": "user-group-psp-policy",
            "team_id": "4972867"
          },
          "sensitive_attributes": [],
          "private": "bnVsbA==",
          "dependencies": [
            "data.github_team.kubewarden_developers",
            "module.policy_repository_user_group_psp_policy.github_repository.main"
          ]
        }
      ]
    },
    {
      "module": "module.policy_repository_verify_image_signatures_policy",
      "mode": "managed",
      "type": "github_repository",
      "name": "main",
      "provider": "provider[\"registry.terraform.io/integrations/github\"].kubewarden",
      "instances": [
        {
          "schema_version": 1,
          "attributes": {
            "allow_auto_merge": false,
            "allow_merge_commit": true,
            "allow_rebase_merge": true,
            "allow_squash_merge": true,
            "allow_update_branch": false,
            "archive_on_destroy": null,
            "archived": false,
            "auto_init": null,
            "default_branch": "main",
            "delete_branch_on_merge": false,
            "description": "A Kubewarden Policy that verifies all the signatures of the container images referenced by a Pod",
            "etag": "W/\"2f95c3df127643f5d1d79aaf26cf65b5fae110fe98e76a747362918017e139ac\"",
            "full_name": "kubewarden/verify-image-signatures",
            "git_clone_url": "git://github.com/kubewarden/verify-image-signatures.git",
            "gitignore_template": null,
            "has_discussions": false,
            "has_downloads": true,
            "has_issues": true,
            "has_projects": false,
            "has_wiki": true,
            "homepage_url": "https://kubewarden.io",
            "html_url": "https://github.com/kubewarden/verify-image-signatures",
            "http_clone_url": "https://github.com/kubewarden/verify-image-signatures.git",
            "id": "verify-image-signatures",
            "ignore_vulnerability_alerts_during_read": null,
            "is_template": false,
            "license_template": null,
            "merge_commit_message": "PR_TITLE",
            "merge_commit_title": "MERGE_MESSAGE",
            "name": "verify-image-signatures",
            "node_id": "R_kgDOHIZStg",
            "pages": [],
            "primary_language": "Rust",
            "private": false,
            "repo_id": 478565046,
            "security_and_analysis": [
              {
                "advanced_security": [],
                "secret_scanning": [
                  {
                    "status": "enabled"
                  }
                ],
                "secret_scanning_push_protection": [
                  {
                    "status": "disabled"
                  }
                ]
              }
            ],
            "squash_merge_commit_message": "COMMIT_MESSAGES",
            "squash_merge_commit_title": "COMMIT_OR_PR_TITLE",
            "ssh_clone_url": "git@github.com:kubewarden/verify-image-signatures.git",
            "svn_url": "https://github.com/kubewarden/verify-image-signatures",
            "template": [],
            "topics": [
              "hacktoberfest",
              "kubernetes",
              "kubernetes-security",
              "kubewarden-policy",
              "pod-security-policy",
              "policy-as-code",
              "webassembly"
            ],
            "visibility": "public",
            "vulnerability_alerts": true
          },
          "sensitive_attributes": [],
          "private": "eyJzY2hlbWFfdmVyc2lvbiI6IjEifQ=="
        }
      ]
    },
    {
      "module": "module.policy_repository_verify_image_signatures_policy",
      "mode": "managed",
      "type": "github_team_repository",
      "name": "gh_team_push_rights",
      "provider": "provider[\"registry.terraform.io/integrations/github\"].kubewarden",
      "instances": [
        {
          "index_key": 0,
          "schema_version": 0,
          "attributes": {
            "etag": "W/\"5b5b08b6749700045a03d12922ca0339b259920db8577b29e613acd202224c74\"",
            "id": "4972867:verify-image-signatures",
            "permission": "push",
            "repository": "verify-image-signatures",
            "team_id": "4972867"
          },
          "sensitive_attributes": [],
          "private": "bnVsbA==",
          "dependencies": [
            "data.github_team.kubewarden_developers",
            "module.policy_repository_verify_image_signatures_policy.github_repository.main"
          ]
        }
      ]
    },
    {
      "module": "module.policy_repository_volumeMounts_policy",
      "mode": "managed",
      "type": "github_repository",
      "name": "main",
      "provider": "provider[\"registry.terraform.io/integrations/github\"].kubewarden",
      "instances": [
        {
          "schema_version": 1,
          "attributes": {
            "allow_auto_merge": false,
            "allow_merge_commit": true,
            "allow_rebase_merge": true,
            "allow_squash_merge": true,
            "allow_update_branch": false,
            "archive_on_destroy": null,
            "archived": false,
            "auto_init": null,
            "default_branch": "main",
            "delete_branch_on_merge": false,
            "description": "A Kubewarden Policy that controls the usage of `volumeMounts`",
            "etag": "W/\"2bdc1fdccc114d704d4dc87d715d74e3938c4a8a7785f39c35721ca3957e5194\"",
            "full_name": "kubewarden/volumeMounts-policy",
            "git_clone_url": "git://github.com/kubewarden/volumeMounts-policy.git",
            "gitignore_template": null,
            "has_discussions": false,
            "has_downloads": true,
            "has_issues": true,
            "has_projects": false,
            "has_wiki": true,
            "homepage_url": "https://kubewarden.io",
            "html_url": "https://github.com/kubewarden/volumeMounts-policy",
            "http_clone_url": "https://github.com/kubewarden/volumeMounts-policy.git",
            "id": "volumeMounts-policy",
            "ignore_vulnerability_alerts_during_read": null,
            "is_template": false,
            "license_template": null,
            "merge_commit_message": "PR_TITLE",
            "merge_commit_title": "MERGE_MESSAGE",
            "name": "volumeMounts-policy",
            "node_id": "R_kgDOIKAmbA",
            "pages": [],
            "primary_language": "Rust",
            "private": false,
            "repo_id": 547366508,
            "security_and_analysis": [
              {
                "advanced_security": [],
                "secret_scanning": [
                  {
                    "status": "enabled"
                  }
                ],
                "secret_scanning_push_protection": [
                  {
                    "status": "disabled"
                  }
                ]
              }
            ],
            "squash_merge_commit_message": "COMMIT_MESSAGES",
            "squash_merge_commit_title": "COMMIT_OR_PR_TITLE",
            "ssh_clone_url": "git@github.com:kubewarden/volumeMounts-policy.git",
            "svn_url": "https://github.com/kubewarden/volumeMounts-policy",
            "template": [],
            "topics": [
              "hacktoberfest",
              "kubernetes",
              "kubernetes-security",
              "kubewarden-policy",
              "policy-as-code",
              "webassembly"
            ],
            "visibility": "public",
            "vulnerability_alerts": true
          },
          "sensitive_attributes": [],
          "private": "eyJzY2hlbWFfdmVyc2lvbiI6IjEifQ=="
        }
      ]
    },
    {
      "module": "module.policy_repository_volumeMounts_policy",
      "mode": "managed",
      "type": "github_team_repository",
      "name": "gh_team_push_rights",
      "provider": "provider[\"registry.terraform.io/integrations/github\"].kubewarden",
      "instances": [
        {
          "index_key": 0,
          "schema_version": 0,
          "attributes": {
            "etag": "W/\"e3c650e4c7b9d619af66544ffe61b512d1e8894536b80bde47145e8e461f886c\"",
            "id": "4972867:volumeMounts-policy",
            "permission": "push",
            "repository": "volumeMounts-policy",
            "team_id": "4972867"
          },
          "sensitive_attributes": [],
          "private": "bnVsbA==",
          "dependencies": [
            "data.github_team.kubewarden_developers",
            "module.policy_repository_volumeMounts_policy.github_repository.main"
          ]
        }
      ]
    },
    {
      "module": "module.policy_repository_volumes_psp_policy",
      "mode": "managed",
      "type": "github_repository",
      "name": "main",
      "provider": "provider[\"registry.terraform.io/integrations/github\"].kubewarden",
      "instances": [
        {
          "schema_version": 1,
          "attributes": {
            "allow_auto_merge": false,
            "allow_merge_commit": true,
            "allow_rebase_merge": true,
            "allow_squash_merge": true,
            "allow_update_branch": false,
            "archive_on_destroy": null,
            "archived": false,
            "auto_init": false,
            "default_branch": "main",
            "delete_branch_on_merge": false,
            "description": "Replacement for the Kubernetes Pod Security Policy that controls the usage of volumes",
            "etag": "W/\"01466e7bda497b2256e436888e5b91592bcf98222189c1a72f454a19db2ef200\"",
            "full_name": "kubewarden/volumes-psp-policy",
            "git_clone_url": "git://github.com/kubewarden/volumes-psp-policy.git",
            "gitignore_template": null,
            "has_discussions": false,
            "has_downloads": true,
            "has_issues": true,
            "has_projects": false,
            "has_wiki": true,
            "homepage_url": "https://kubewarden.io",
            "html_url": "https://github.com/kubewarden/volumes-psp-policy",
            "http_clone_url": "https://github.com/kubewarden/volumes-psp-policy.git",
            "id": "volumes-psp-policy",
            "ignore_vulnerability_alerts_during_read": null,
            "is_template": false,
            "license_template": null,
            "merge_commit_message": "PR_TITLE",
            "merge_commit_title": "MERGE_MESSAGE",
            "name": "volumes-psp-policy",
            "node_id": "MDEwOlJlcG9zaXRvcnkzOTQ5NDQwODQ=",
            "pages": [],
            "primary_language": "Go",
            "private": false,
            "repo_id": 394944084,
            "security_and_analysis": [
              {
                "advanced_security": [],
                "secret_scanning": [
                  {
                    "status": "enabled"
                  }
                ],
                "secret_scanning_push_protection": [
                  {
                    "status": "disabled"
                  }
                ]
              }
            ],
            "squash_merge_commit_message": "COMMIT_MESSAGES",
            "squash_merge_commit_title": "COMMIT_OR_PR_TITLE",
            "ssh_clone_url": "git@github.com:kubewarden/volumes-psp-policy.git",
            "svn_url": "https://github.com/kubewarden/volumes-psp-policy",
            "template": [
              {
                "include_all_branches": false,
                "owner": "kubewarden",
                "repository": "go-policy-template"
              }
            ],
            "topics": [
              "hacktoberfest",
              "kubernetes",
              "kubernetes-security",
              "kubewarden-policy",
              "pod-security-policy",
              "policy-as-code",
              "webassembly"
            ],
            "visibility": "public",
            "vulnerability_alerts": true
          },
          "sensitive_attributes": [],
          "private": "eyJzY2hlbWFfdmVyc2lvbiI6IjEifQ=="
        }
      ]
    },
    {
      "module": "module.policy_repository_volumes_psp_policy",
      "mode": "managed",
      "type": "github_team_repository",
      "name": "gh_team_push_rights",
      "provider": "provider[\"registry.terraform.io/integrations/github\"].kubewarden",
      "instances": [
        {
          "index_key": 0,
          "schema_version": 0,
          "attributes": {
            "etag": "W/\"b4a29e30af1fcdac488dc2dc70ffbeb9809c3751e6117912773ef57191319823\"",
            "id": "4972867:volumes-psp-policy",
            "permission": "push",
            "repository": "volumes-psp-policy",
            "team_id": "4972867"
          },
          "sensitive_attributes": [],
          "private": "bnVsbA==",
          "dependencies": [
            "data.github_team.kubewarden_developers",
            "module.policy_repository_volumes_psp_policy.github_repository.main"
          ]
        }
      ]
    },
    {
      "module": "module.policy_sdk_repository_dotnet",
      "mode": "managed",
      "type": "github_app_installation_repository",
      "name": "app_dco",
      "provider": "provider[\"registry.terraform.io/integrations/github\"].kubewarden",
      "instances": [
        {
          "schema_version": 0,
          "attributes": {
            "id": "29141080:policy-sdk-dotnet",
            "installation_id": "29141080",
            "repo_id": 510336802,
            "repository": "policy-sdk-dotnet"
          },
          "sensitive_attributes": [],
          "private": "bnVsbA==",
          "dependencies": [
            "module.policy_sdk_repository_dotnet.github_repository.main"
          ]
        }
      ]
    },
    {
      "module": "module.policy_sdk_repository_dotnet",
      "mode": "managed",
      "type": "github_issue_label",
      "name": "label",
      "provider": "provider[\"registry.terraform.io/integrations/github\"].kubewarden",
      "instances": [
        {
          "index_key": 0,
          "schema_version": 0,
          "attributes": {
            "color": "D3D7CF",
            "description": "",
            "etag": "W/\"87112da8b870dd396180743e3beb7ad835ff2cf7170baeba5d0e67d5c52e843b\"",
            "id": "policy-sdk-dotnet:area/dependencies",
            "name": "area/dependencies",
            "repository": "policy-sdk-dotnet",
            "url": "https://api.github.com/repos/kubewarden/policy-sdk-dotnet/labels/area/dependencies"
          },
          "sensitive_attributes": [],
          "private": "bnVsbA==",
          "dependencies": [
            "module.policy_sdk_repository_dotnet.github_repository.main"
          ]
        },
        {
          "index_key": 1,
          "schema_version": 0,
          "attributes": {
            "color": "3465A4",
            "description": "",
            "etag": "W/\"44f9e08ef5bc68af4ad59bc16373d9a2366ebc4e6c2fe010c6c0b4da11bec471\"",
            "id": "policy-sdk-dotnet:kind/automation",
            "name": "kind/automation",
            "repository": "policy-sdk-dotnet",
            "url": "https://api.github.com/repos/kubewarden/policy-sdk-dotnet/labels/kind/automation"
          },
          "sensitive_attributes": [],
          "private": "bnVsbA==",
          "dependencies": [
            "module.policy_sdk_repository_dotnet.github_repository.main"
          ]
        },
        {
          "index_key": 2,
          "schema_version": 0,
          "attributes": {
            "color": "FCE94F",
            "description": "",
            "etag": "W/\"9610464914766c9017d31367854a7a6dfd5d59c2ddbf6f72b683c27ae3e7d254\"",
            "id": "policy-sdk-dotnet:kind/breaking-change",
            "name": "kind/breaking-change",
            "repository": "policy-sdk-dotnet",
            "url": "https://api.github.com/repos/kubewarden/policy-sdk-dotnet/labels/kind/breaking-change"
          },
          "sensitive_attributes": [],
          "private": "bnVsbA==",
          "dependencies": [
            "module.policy_sdk_repository_dotnet.github_repository.main"
          ]
        },
        {
          "index_key": 3,
          "schema_version": 0,
          "attributes": {
            "color": "EF2929",
            "description": "",
            "etag": "W/\"c47714e826810167fe8ce481d02efeeece065d950a74e3ae420d5260b1ba4aba\"",
            "id": "policy-sdk-dotnet:kind/bug",
            "name": "kind/bug",
            "repository": "policy-sdk-dotnet",
            "url": "https://api.github.com/repos/kubewarden/policy-sdk-dotnet/labels/kind/bug"
          },
          "sensitive_attributes": [],
          "private": "bnVsbA==",
          "dependencies": [
            "module.policy_sdk_repository_dotnet.github_repository.main"
          ]
        },
        {
          "index_key": 4,
          "schema_version": 0,
          "attributes": {
            "color": "555753",
            "description": "",
            "etag": "W/\"4a8dfa48a10de1923ced02b9b3c2171bc734b64530568cbd753db18e30bea680\"",
            "id": "policy-sdk-dotnet:kind/chore",
            "name": "kind/chore",
            "repository": "policy-sdk-dotnet",
            "url": "https://api.github.com/repos/kubewarden/policy-sdk-dotnet/labels/kind/chore"
          },
          "sensitive_attributes": [],
          "private": "bnVsbA==",
          "dependencies": [
            "module.policy_sdk_repository_dotnet.github_repository.main"
          ]
        },
        {
          "index_key": 5,
          "schema_version": 0,
          "attributes": {
            "color": "06989A",
            "description": "",
            "etag": "W/\"3c642b6b431ca2f69b0dd6d56bd7c69fad0a589ffa55a2a62279d9721a54f308\"",
            "id": "policy-sdk-dotnet:kind/enhancement",
            "name": "kind/enhancement",
            "repository": "policy-sdk-dotnet",
            "url": "https://api.github.com/repos/kubewarden/policy-sdk-dotnet/labels/kind/enhancement"
          },
          "sensitive_attributes": [],
          "private": "bnVsbA==",
          "dependencies": [
            "module.policy_sdk_repository_dotnet.github_repository.main"
          ]
        },
        {
          "index_key": 6,
          "schema_version": 0,
          "attributes": {
            "color": "34E2E2",
            "description": "",
            "etag": "W/\"d3c9c92698ed4c5e989f5f5f6db29aa51a4e9df8628467c4516495e956102a11\"",
            "id": "policy-sdk-dotnet:kind/feature",
            "name": "kind/feature",
            "repository": "policy-sdk-dotnet",
            "url": "https://api.github.com/repos/kubewarden/policy-sdk-dotnet/labels/kind/feature"
          },
          "sensitive_attributes": [],
          "private": "bnVsbA==",
          "dependencies": [
            "module.policy_sdk_repository_dotnet.github_repository.main"
          ]
        },
        {
          "index_key": 7,
          "schema_version": 0,
          "attributes": {
            "color": "ad7fa8",
            "description": "",
            "etag": "W/\"f46d14a1be742b7c67466d9e272b515ddf6c5c711baaadf626f0a5537d081033\"",
            "id": "policy-sdk-dotnet:kind/question",
            "name": "kind/question",
            "repository": "policy-sdk-dotnet",
            "url": "https://api.github.com/repos/kubewarden/policy-sdk-dotnet/labels/kind/question"
          },
          "sensitive_attributes": [],
          "private": "bnVsbA==",
          "dependencies": [
            "module.policy_sdk_repository_dotnet.github_repository.main"
          ]
        },
        {
          "index_key": 8,
          "schema_version": 0,
          "attributes": {
            "color": "729FCF",
            "description": "",
            "etag": "W/\"635d01f44d6d73546c9ef63e57b9b95b3dff1d89edf1706828c33111e907d116\"",
            "id": "policy-sdk-dotnet:kind/tech-debt",
            "name": "kind/tech-debt",
            "repository": "policy-sdk-dotnet",
            "url": "https://api.github.com/repos/kubewarden/policy-sdk-dotnet/labels/kind/tech-debt"
          },
          "sensitive_attributes": [],
          "private": "bnVsbA==",
          "dependencies": [
            "module.policy_sdk_repository_dotnet.github_repository.main"
          ]
        },
        {
          "index_key": 9,
          "schema_version": 0,
          "attributes": {
            "color": "8AE234",
            "description": "",
            "etag": "W/\"dc3f2c910da40bd9836d6f8c2d94df60e8c26258e5a30e6d8eeaa7b82a56280f\"",
            "id": "policy-sdk-dotnet:release/major",
            "name": "release/major",
            "repository": "policy-sdk-dotnet",
            "url": "https://api.github.com/repos/kubewarden/policy-sdk-dotnet/labels/release/major"
          },
          "sensitive_attributes": [],
          "private": "bnVsbA==",
          "dependencies": [
            "module.policy_sdk_repository_dotnet.github_repository.main"
          ]
        },
        {
          "index_key": 10,
          "schema_version": 0,
          "attributes": {
            "color": "4E9A06",
            "description": "",
            "etag": "W/\"2c06e2509a26ba63b87336d8f247fb8761dad59c7251d9af1131aeee2b51139f\"",
            "id": "policy-sdk-dotnet:release/minor",
            "name": "release/minor",
            "repository": "policy-sdk-dotnet",
            "url": "https://api.github.com/repos/kubewarden/policy-sdk-dotnet/labels/release/minor"
          },
          "sensitive_attributes": [],
          "private": "bnVsbA==",
          "dependencies": [
            "module.policy_sdk_repository_dotnet.github_repository.main"
          ]
        },
        {
          "index_key": 11,
          "schema_version": 0,
          "attributes": {
            "color": "aa6600",
            "description": "",
            "etag": "W/\"21031dd6e15d2d527c46ca35b2c422a4088104eff2d9cb8fccc3699d7c4eb9ce\"",
            "id": "policy-sdk-dotnet:release/patch",
            "name": "release/patch",
            "repository": "policy-sdk-dotnet",
            "url": "https://api.github.com/repos/kubewarden/policy-sdk-dotnet/labels/release/patch"
          },
          "sensitive_attributes": [],
          "private": "bnVsbA==",
          "dependencies": [
            "module.policy_sdk_repository_dotnet.github_repository.main"
          ]
        },
        {
          "index_key": 12,
          "schema_version": 0,
          "attributes": {
            "color": "77cc00",
            "description": "",
            "etag": "W/\"d66a6e349131f36eb840ec5426f90f8290797ba7e80fa23ea26806d606d8232f\"",
            "id": "policy-sdk-dotnet:release/skip-changelog",
            "name": "release/skip-changelog",
            "repository": "policy-sdk-dotnet",
            "url": "https://api.github.com/repos/kubewarden/policy-sdk-dotnet/labels/release/skip-changelog"
          },
          "sensitive_attributes": [],
          "private": "bnVsbA==",
          "dependencies": [
            "module.policy_sdk_repository_dotnet.github_repository.main"
          ]
        }
      ]
    },
    {
      "module": "module.policy_sdk_repository_dotnet",
      "mode": "managed",
      "type": "github_repository",
      "name": "main",
      "provider": "provider[\"registry.terraform.io/integrations/github\"].kubewarden",
      "instances": [
        {
          "schema_version": 1,
          "attributes": {
            "allow_auto_merge": false,
            "allow_merge_commit": true,
            "allow_rebase_merge": true,
            "allow_squash_merge": true,
            "allow_update_branch": false,
            "archive_on_destroy": null,
            "archived": false,
            "auto_init": null,
            "default_branch": "main",
            "delete_branch_on_merge": false,
            "description": "Kubewarden Policy SDK for the .NET platform",
            "etag": "W/\"8683f1d98c6d82694106189b1b013eeedef2dc11de352e0ef4a4e8e6d1552da6\"",
            "full_name": "kubewarden/policy-sdk-dotnet",
            "git_clone_url": "git://github.com/kubewarden/policy-sdk-dotnet.git",
            "gitignore_template": null,
            "has_discussions": false,
            "has_downloads": true,
            "has_issues": true,
            "has_projects": false,
            "has_wiki": true,
            "homepage_url": "https://kubewarden.io",
            "html_url": "https://github.com/kubewarden/policy-sdk-dotnet",
            "http_clone_url": "https://github.com/kubewarden/policy-sdk-dotnet.git",
            "id": "policy-sdk-dotnet",
            "ignore_vulnerability_alerts_during_read": null,
            "is_template": false,
            "license_template": null,
            "merge_commit_message": "PR_TITLE",
            "merge_commit_title": "MERGE_MESSAGE",
            "name": "policy-sdk-dotnet",
            "node_id": "R_kgDOHmsfIg",
            "pages": [],
            "primary_language": "C#",
            "private": false,
            "repo_id": 510336802,
            "security_and_analysis": [
              {
                "advanced_security": [],
                "secret_scanning": [
                  {
                    "status": "enabled"
                  }
                ],
                "secret_scanning_push_protection": [
                  {
                    "status": "disabled"
                  }
                ]
              }
            ],
            "squash_merge_commit_message": "COMMIT_MESSAGES",
            "squash_merge_commit_title": "COMMIT_OR_PR_TITLE",
            "ssh_clone_url": "git@github.com:kubewarden/policy-sdk-dotnet.git",
            "svn_url": "https://github.com/kubewarden/policy-sdk-dotnet",
            "template": [],
            "topics": [
              "csharp",
              "dotnet",
              "hacktoberfest",
              "kubernetes",
              "kubernetes-security",
              "kubewarden-policy-sdk",
              "policy-as-code",
              "webassembly"
            ],
            "visibility": "public",
            "vulnerability_alerts": true
          },
          "sensitive_attributes": [],
          "private": "eyJzY2hlbWFfdmVyc2lvbiI6IjEifQ=="
        }
      ]
    },
    {
      "module": "module.policy_sdk_repository_dotnet",
      "mode": "managed",
      "type": "github_team_repository",
      "name": "gh_team_push_rights",
      "provider": "provider[\"registry.terraform.io/integrations/github\"].kubewarden",
      "instances": [
        {
          "index_key": 0,
          "schema_version": 0,
          "attributes": {
            "etag": "W/\"3eea72add37c637c258d71627c9fda89ce2a47843fb1e2f578437e6b911c7e55\"",
            "id": "4972867:policy-sdk-dotnet",
            "permission": "push",
            "repository": "policy-sdk-dotnet",
            "team_id": "4972867"
          },
          "sensitive_attributes": [],
          "private": "bnVsbA==",
          "dependencies": [
            "data.github_team.kubewarden_developers",
            "module.policy_sdk_repository_dotnet.github_repository.main"
          ]
        }
      ]
    },
    {
      "module": "module.policy_sdk_repository_go",
      "mode": "managed",
      "type": "github_app_installation_repository",
      "name": "app_dco",
      "provider": "provider[\"registry.terraform.io/integrations/github\"].kubewarden",
      "instances": [
        {
          "schema_version": 0,
          "attributes": {
            "id": "29141080:policy-sdk-go",
            "installation_id": "29141080",
            "repo_id": 349421874,
            "repository": "policy-sdk-go"
          },
          "sensitive_attributes": [],
          "private": "bnVsbA==",
          "dependencies": [
            "module.policy_sdk_repository_go.github_repository.main"
          ]
        }
      ]
    },
    {
      "module": "module.policy_sdk_repository_go",
      "mode": "managed",
      "type": "github_issue_label",
      "name": "label",
      "provider": "provider[\"registry.terraform.io/integrations/github\"].kubewarden",
      "instances": [
        {
          "index_key": 0,
          "schema_version": 0,
          "attributes": {
            "color": "D3D7CF",
            "description": "",
            "etag": "W/\"61c32d2632a97ee86ecaa11256fc777a666f2852bcea91d33f15256b73b66508\"",
            "id": "policy-sdk-go:area/dependencies",
            "name": "area/dependencies",
            "repository": "policy-sdk-go",
            "url": "https://api.github.com/repos/kubewarden/policy-sdk-go/labels/area/dependencies"
          },
          "sensitive_attributes": [],
          "private": "bnVsbA==",
          "dependencies": [
            "module.policy_sdk_repository_go.github_repository.main"
          ]
        },
        {
          "index_key": 1,
          "schema_version": 0,
          "attributes": {
            "color": "3465A4",
            "description": "",
            "etag": "W/\"1a1263f7f55adc0988e35481d13d5c5092f239f43ad6150dcd0ea2b52fae26cb\"",
            "id": "policy-sdk-go:kind/automation",
            "name": "kind/automation",
            "repository": "policy-sdk-go",
            "url": "https://api.github.com/repos/kubewarden/policy-sdk-go/labels/kind/automation"
          },
          "sensitive_attributes": [],
          "private": "bnVsbA==",
          "dependencies": [
            "module.policy_sdk_repository_go.github_repository.main"
          ]
        },
        {
          "index_key": 2,
          "schema_version": 0,
          "attributes": {
            "color": "FCE94F",
            "description": "",
            "etag": "W/\"2dbd508a3a2af96b5def1b99445ca2975270ba141a0bf1ba0abe685a0359dc51\"",
            "id": "policy-sdk-go:kind/breaking-change",
            "name": "kind/breaking-change",
            "repository": "policy-sdk-go",
            "url": "https://api.github.com/repos/kubewarden/policy-sdk-go/labels/kind/breaking-change"
          },
          "sensitive_attributes": [],
          "private": "bnVsbA==",
          "dependencies": [
            "module.policy_sdk_repository_go.github_repository.main"
          ]
        },
        {
          "index_key": 3,
          "schema_version": 0,
          "attributes": {
            "color": "EF2929",
            "description": "",
            "etag": "W/\"50c7d7482b26a91835c5c246e33d280a50814a615afdadc4bf48d4ea6e704d60\"",
            "id": "policy-sdk-go:kind/bug",
            "name": "kind/bug",
            "repository": "policy-sdk-go",
            "url": "https://api.github.com/repos/kubewarden/policy-sdk-go/labels/kind/bug"
          },
          "sensitive_attributes": [],
          "private": "bnVsbA==",
          "dependencies": [
            "module.policy_sdk_repository_go.github_repository.main"
          ]
        },
        {
          "index_key": 4,
          "schema_version": 0,
          "attributes": {
            "color": "555753",
            "description": "",
            "etag": "W/\"dc642385054f2c598f318fd7d3324ee92e4f3986d9de35221535614b423914ca\"",
            "id": "policy-sdk-go:kind/chore",
            "name": "kind/chore",
            "repository": "policy-sdk-go",
            "url": "https://api.github.com/repos/kubewarden/policy-sdk-go/labels/kind/chore"
          },
          "sensitive_attributes": [],
          "private": "bnVsbA==",
          "dependencies": [
            "module.policy_sdk_repository_go.github_repository.main"
          ]
        },
        {
          "index_key": 5,
          "schema_version": 0,
          "attributes": {
            "color": "06989A",
            "description": "",
            "etag": "W/\"56700e64bf0a5b6b22f6ec656e0e19a2dbd45ba24b85e266350f7aa0dd0f7e76\"",
            "id": "policy-sdk-go:kind/enhancement",
            "name": "kind/enhancement",
            "repository": "policy-sdk-go",
            "url": "https://api.github.com/repos/kubewarden/policy-sdk-go/labels/kind/enhancement"
          },
          "sensitive_attributes": [],
          "private": "bnVsbA==",
          "dependencies": [
            "module.policy_sdk_repository_go.github_repository.main"
          ]
        },
        {
          "index_key": 6,
          "schema_version": 0,
          "attributes": {
            "color": "34E2E2",
            "description": "",
            "etag": "W/\"286d154953872485424769d59660d86127cf2037613f647173d9469c28d784d7\"",
            "id": "policy-sdk-go:kind/feature",
            "name": "kind/feature",
            "repository": "policy-sdk-go",
            "url": "https://api.github.com/repos/kubewarden/policy-sdk-go/labels/kind/feature"
          },
          "sensitive_attributes": [],
          "private": "bnVsbA==",
          "dependencies": [
            "module.policy_sdk_repository_go.github_repository.main"
          ]
        },
        {
          "index_key": 7,
          "schema_version": 0,
          "attributes": {
            "color": "ad7fa8",
            "description": "",
            "etag": "W/\"59fecad3075e7bd8d1db87b1b44d5dfa0657d49b4b75ed62e96d70e713d02a58\"",
            "id": "policy-sdk-go:kind/question",
            "name": "kind/question",
            "repository": "policy-sdk-go",
            "url": "https://api.github.com/repos/kubewarden/policy-sdk-go/labels/kind/question"
          },
          "sensitive_attributes": [],
          "private": "bnVsbA==",
          "dependencies": [
            "module.policy_sdk_repository_go.github_repository.main"
          ]
        },
        {
          "index_key": 8,
          "schema_version": 0,
          "attributes": {
            "color": "729FCF",
            "description": "",
            "etag": "W/\"0a150bfb3191806b0c2c868d48a222d67de377fe10c7ac249ec89ca74ecbbe3f\"",
            "id": "policy-sdk-go:kind/tech-debt",
            "name": "kind/tech-debt",
            "repository": "policy-sdk-go",
            "url": "https://api.github.com/repos/kubewarden/policy-sdk-go/labels/kind/tech-debt"
          },
          "sensitive_attributes": [],
          "private": "bnVsbA==",
          "dependencies": [
            "module.policy_sdk_repository_go.github_repository.main"
          ]
        },
        {
          "index_key": 9,
          "schema_version": 0,
          "attributes": {
            "color": "8AE234",
            "description": "",
            "etag": "W/\"803387527c8d61c488ee86dc0feb0be5bece09cfd74ced11a5b7199f18f6a628\"",
            "id": "policy-sdk-go:release/major",
            "name": "release/major",
            "repository": "policy-sdk-go",
            "url": "https://api.github.com/repos/kubewarden/policy-sdk-go/labels/release/major"
          },
          "sensitive_attributes": [],
          "private": "bnVsbA==",
          "dependencies": [
            "module.policy_sdk_repository_go.github_repository.main"
          ]
        },
        {
          "index_key": 10,
          "schema_version": 0,
          "attributes": {
            "color": "4E9A06",
            "description": "",
            "etag": "W/\"be070b6a630f2dead26185a4dc3f482133dada31aaf88f60f759daeaf9eed803\"",
            "id": "policy-sdk-go:release/minor",
            "name": "release/minor",
            "repository": "policy-sdk-go",
            "url": "https://api.github.com/repos/kubewarden/policy-sdk-go/labels/release/minor"
          },
          "sensitive_attributes": [],
          "private": "bnVsbA==",
          "dependencies": [
            "module.policy_sdk_repository_go.github_repository.main"
          ]
        },
        {
          "index_key": 11,
          "schema_version": 0,
          "attributes": {
            "color": "aa6600",
            "description": "",
            "etag": "W/\"e26bddbc47fb14efbbd94a40c03e576ec3a7e8056d126692865aa88bdde6392f\"",
            "id": "policy-sdk-go:release/patch",
            "name": "release/patch",
            "repository": "policy-sdk-go",
            "url": "https://api.github.com/repos/kubewarden/policy-sdk-go/labels/release/patch"
          },
          "sensitive_attributes": [],
          "private": "bnVsbA==",
          "dependencies": [
            "module.policy_sdk_repository_go.github_repository.main"
          ]
        },
        {
          "index_key": 12,
          "schema_version": 0,
          "attributes": {
            "color": "77cc00",
            "description": "",
            "etag": "W/\"230b400eee9d727eb3e18dcc46f6f14fe848a86251491e3e489cb888630600dd\"",
            "id": "policy-sdk-go:release/skip-changelog",
            "name": "release/skip-changelog",
            "repository": "policy-sdk-go",
            "url": "https://api.github.com/repos/kubewarden/policy-sdk-go/labels/release/skip-changelog"
          },
          "sensitive_attributes": [],
          "private": "bnVsbA==",
          "dependencies": [
            "module.policy_sdk_repository_go.github_repository.main"
          ]
        }
      ]
    },
    {
      "module": "module.policy_sdk_repository_go",
      "mode": "managed",
      "type": "github_repository",
      "name": "main",
      "provider": "provider[\"registry.terraform.io/integrations/github\"].kubewarden",
      "instances": [
        {
          "schema_version": 1,
          "attributes": {
            "allow_auto_merge": false,
            "allow_merge_commit": true,
            "allow_rebase_merge": true,
            "allow_squash_merge": true,
            "allow_update_branch": false,
            "archive_on_destroy": null,
            "archived": false,
            "auto_init": false,
            "default_branch": "main",
            "delete_branch_on_merge": false,
            "description": "Kubewarden Policy SDK for the Go programming language",
            "etag": "W/\"886dcd65f65c8be2b0ea38e767a89595d64c72a4917ba0e9e6c5d8a896acb515\"",
            "full_name": "kubewarden/policy-sdk-go",
            "git_clone_url": "git://github.com/kubewarden/policy-sdk-go.git",
            "gitignore_template": null,
            "has_discussions": false,
            "has_downloads": true,
            "has_issues": true,
            "has_projects": false,
            "has_wiki": true,
            "homepage_url": "https://kubewarden.io",
            "html_url": "https://github.com/kubewarden/policy-sdk-go",
            "http_clone_url": "https://github.com/kubewarden/policy-sdk-go.git",
            "id": "policy-sdk-go",
            "ignore_vulnerability_alerts_during_read": null,
            "is_template": false,
            "license_template": null,
            "merge_commit_message": "PR_TITLE",
            "merge_commit_title": "MERGE_MESSAGE",
            "name": "policy-sdk-go",
            "node_id": "MDEwOlJlcG9zaXRvcnkzNDk0MjE4NzQ=",
            "pages": [],
            "primary_language": "Go",
            "private": false,
            "repo_id": 349421874,
            "security_and_analysis": [
              {
                "advanced_security": [],
                "secret_scanning": [
                  {
                    "status": "enabled"
                  }
                ],
                "secret_scanning_push_protection": [
                  {
                    "status": "disabled"
                  }
                ]
              }
            ],
            "squash_merge_commit_message": "COMMIT_MESSAGES",
            "squash_merge_commit_title": "COMMIT_OR_PR_TITLE",
            "ssh_clone_url": "git@github.com:kubewarden/policy-sdk-go.git",
            "svn_url": "https://github.com/kubewarden/policy-sdk-go",
            "template": [],
            "topics": [
              "go",
              "hacktoberfest",
              "kubernetes",
              "kubernetes-security",
              "kubewarden-policy-sdk",
              "policy-as-code",
              "tinygo",
              "webassembly"
            ],
            "visibility": "public",
            "vulnerability_alerts": true
          },
          "sensitive_attributes": [],
          "private": "eyJzY2hlbWFfdmVyc2lvbiI6IjEifQ=="
        }
      ]
    },
    {
      "module": "module.policy_sdk_repository_go",
      "mode": "managed",
      "type": "github_team_repository",
      "name": "gh_team_push_rights",
      "provider": "provider[\"registry.terraform.io/integrations/github\"].kubewarden",
      "instances": [
        {
          "index_key": 0,
          "schema_version": 0,
          "attributes": {
            "etag": "W/\"2e2d31e6031a5f9a27c57add1796616781e72beb88f75c79dbc8cdfab3617621\"",
            "id": "4972867:policy-sdk-go",
            "permission": "push",
            "repository": "policy-sdk-go",
            "team_id": "4972867"
          },
          "sensitive_attributes": [],
          "private": "bnVsbA==",
          "dependencies": [
            "data.github_team.kubewarden_developers",
            "module.policy_sdk_repository_go.github_repository.main"
          ]
        }
      ]
    },
    {
      "module": "module.policy_sdk_repository_rust",
      "mode": "managed",
      "type": "github_app_installation_repository",
      "name": "app_dco",
      "provider": "provider[\"registry.terraform.io/integrations/github\"].kubewarden",
      "instances": [
        {
          "schema_version": 0,
          "attributes": {
            "id": "29141080:policy-sdk-rust",
            "installation_id": "29141080",
            "repo_id": 346721596,
            "repository": "policy-sdk-rust"
          },
          "sensitive_attributes": [],
          "private": "bnVsbA==",
          "dependencies": [
            "module.policy_sdk_repository_rust.github_repository.main"
          ]
        }
      ]
    },
    {
      "module": "module.policy_sdk_repository_rust",
      "mode": "managed",
      "type": "github_issue_label",
      "name": "label",
      "provider": "provider[\"registry.terraform.io/integrations/github\"].kubewarden",
      "instances": [
        {
          "index_key": 0,
          "schema_version": 0,
          "attributes": {
            "color": "D3D7CF",
            "description": "",
            "etag": "W/\"43a43e2929675aa95ff342a8c40929ccf87cdf165a292ac41e5e32911106f9d9\"",
            "id": "policy-sdk-rust:area/dependencies",
            "name": "area/dependencies",
            "repository": "policy-sdk-rust",
            "url": "https://api.github.com/repos/kubewarden/policy-sdk-rust/labels/area/dependencies"
          },
          "sensitive_attributes": [],
          "private": "bnVsbA==",
          "dependencies": [
            "module.policy_sdk_repository_rust.github_repository.main"
          ]
        },
        {
          "index_key": 1,
          "schema_version": 0,
          "attributes": {
            "color": "3465A4",
            "description": "",
            "etag": "W/\"e4acc54d984c6c1119818429e7ec18eb4b6a76ae45b8b9f18d75aa4fa18f0b0a\"",
            "id": "policy-sdk-rust:kind/automation",
            "name": "kind/automation",
            "repository": "policy-sdk-rust",
            "url": "https://api.github.com/repos/kubewarden/policy-sdk-rust/labels/kind/automation"
          },
          "sensitive_attributes": [],
          "private": "bnVsbA==",
          "dependencies": [
            "module.policy_sdk_repository_rust.github_repository.main"
          ]
        },
        {
          "index_key": 2,
          "schema_version": 0,
          "attributes": {
            "color": "FCE94F",
            "description": "",
            "etag": "W/\"ec34115731916f4c6a34b9e8904ba7c75e75e4442e8222d07214fadcb6ec72b0\"",
            "id": "policy-sdk-rust:kind/breaking-change",
            "name": "kind/breaking-change",
            "repository": "policy-sdk-rust",
            "url": "https://api.github.com/repos/kubewarden/policy-sdk-rust/labels/kind/breaking-change"
          },
          "sensitive_attributes": [],
          "private": "bnVsbA==",
          "dependencies": [
            "module.policy_sdk_repository_rust.github_repository.main"
          ]
        },
        {
          "index_key": 3,
          "schema_version": 0,
          "attributes": {
            "color": "EF2929",
            "description": "",
            "etag": "W/\"9c9f543528fd95b9bdddf981bf0f6b4343da75d21ebe26a02c9a9924df8d93be\"",
            "id": "policy-sdk-rust:kind/bug",
            "name": "kind/bug",
            "repository": "policy-sdk-rust",
            "url": "https://api.github.com/repos/kubewarden/policy-sdk-rust/labels/kind/bug"
          },
          "sensitive_attributes": [],
          "private": "bnVsbA==",
          "dependencies": [
            "module.policy_sdk_repository_rust.github_repository.main"
          ]
        },
        {
          "index_key": 4,
          "schema_version": 0,
          "attributes": {
            "color": "555753",
            "description": "",
            "etag": "W/\"620c5df1fe45f59dbb7b82e39270775c572e5929b7453653abba1b221b69f9ea\"",
            "id": "policy-sdk-rust:kind/chore",
            "name": "kind/chore",
            "repository": "policy-sdk-rust",
            "url": "https://api.github.com/repos/kubewarden/policy-sdk-rust/labels/kind/chore"
          },
          "sensitive_attributes": [],
          "private": "bnVsbA==",
          "dependencies": [
            "module.policy_sdk_repository_rust.github_repository.main"
          ]
        },
        {
          "index_key": 5,
          "schema_version": 0,
          "attributes": {
            "color": "06989A",
            "description": "",
            "etag": "W/\"2d98a609b229354ff520f08612e1b4270b54c9866587cb752769305802b4e135\"",
            "id": "policy-sdk-rust:kind/enhancement",
            "name": "kind/enhancement",
            "repository": "policy-sdk-rust",
            "url": "https://api.github.com/repos/kubewarden/policy-sdk-rust/labels/kind/enhancement"
          },
          "sensitive_attributes": [],
          "private": "bnVsbA==",
          "dependencies": [
            "module.policy_sdk_repository_rust.github_repository.main"
          ]
        },
        {
          "index_key": 6,
          "schema_version": 0,
          "attributes": {
            "color": "34E2E2",
            "description": "",
            "etag": "W/\"5641b338145765ef15b683a65d4c898a1d22c6e6a49de1339dc5cc0b37c3b851\"",
            "id": "policy-sdk-rust:kind/feature",
            "name": "kind/feature",
            "repository": "policy-sdk-rust",
            "url": "https://api.github.com/repos/kubewarden/policy-sdk-rust/labels/kind/feature"
          },
          "sensitive_attributes": [],
          "private": "bnVsbA==",
          "dependencies": [
            "module.policy_sdk_repository_rust.github_repository.main"
          ]
        },
        {
          "index_key": 7,
          "schema_version": 0,
          "attributes": {
            "color": "ad7fa8",
            "description": "",
            "etag": "W/\"dc66fb9534614c8132c9451a96c237950d0c60af7474d2f204a325090a375787\"",
            "id": "policy-sdk-rust:kind/question",
            "name": "kind/question",
            "repository": "policy-sdk-rust",
            "url": "https://api.github.com/repos/kubewarden/policy-sdk-rust/labels/kind/question"
          },
          "sensitive_attributes": [],
          "private": "bnVsbA==",
          "dependencies": [
            "module.policy_sdk_repository_rust.github_repository.main"
          ]
        },
        {
          "index_key": 8,
          "schema_version": 0,
          "attributes": {
            "color": "729FCF",
            "description": "",
            "etag": "W/\"b03b94a8ce9da0a6a1a339d3cb9efbcd222a34381ee6745d2d147a20b653d80f\"",
            "id": "policy-sdk-rust:kind/tech-debt",
            "name": "kind/tech-debt",
            "repository": "policy-sdk-rust",
            "url": "https://api.github.com/repos/kubewarden/policy-sdk-rust/labels/kind/tech-debt"
          },
          "sensitive_attributes": [],
          "private": "bnVsbA==",
          "dependencies": [
            "module.policy_sdk_repository_rust.github_repository.main"
          ]
        },
        {
          "index_key": 9,
          "schema_version": 0,
          "attributes": {
            "color": "8AE234",
            "description": "",
            "etag": "W/\"0a535f327076802321aad6c389a00fa1739a8ca68a62ebb0539d55f3610300d7\"",
            "id": "policy-sdk-rust:release/major",
            "name": "release/major",
            "repository": "policy-sdk-rust",
            "url": "https://api.github.com/repos/kubewarden/policy-sdk-rust/labels/release/major"
          },
          "sensitive_attributes": [],
          "private": "bnVsbA==",
          "dependencies": [
            "module.policy_sdk_repository_rust.github_repository.main"
          ]
        },
        {
          "index_key": 10,
          "schema_version": 0,
          "attributes": {
            "color": "4E9A06",
            "description": "",
            "etag": "W/\"7d35e76657d1825759b31a163b5169dfd75a731cea689073e5c2696c5603286c\"",
            "id": "policy-sdk-rust:release/minor",
            "name": "release/minor",
            "repository": "policy-sdk-rust",
            "url": "https://api.github.com/repos/kubewarden/policy-sdk-rust/labels/release/minor"
          },
          "sensitive_attributes": [],
          "private": "bnVsbA==",
          "dependencies": [
            "module.policy_sdk_repository_rust.github_repository.main"
          ]
        },
        {
          "index_key": 11,
          "schema_version": 0,
          "attributes": {
            "color": "aa6600",
            "description": "",
            "etag": "W/\"3e6ac2c968b9d10d4b7c66f1d729967b674ff5623e37c174571bdefaec484e25\"",
            "id": "policy-sdk-rust:release/patch",
            "name": "release/patch",
            "repository": "policy-sdk-rust",
            "url": "https://api.github.com/repos/kubewarden/policy-sdk-rust/labels/release/patch"
          },
          "sensitive_attributes": [],
          "private": "bnVsbA==",
          "dependencies": [
            "module.policy_sdk_repository_rust.github_repository.main"
          ]
        },
        {
          "index_key": 12,
          "schema_version": 0,
          "attributes": {
            "color": "77cc00",
            "description": "",
            "etag": "W/\"89add2d4a94fd4db4e9bd870459c807c3b6eb2b08b55e2aa64d9967aa5b4b27b\"",
            "id": "policy-sdk-rust:release/skip-changelog",
            "name": "release/skip-changelog",
            "repository": "policy-sdk-rust",
            "url": "https://api.github.com/repos/kubewarden/policy-sdk-rust/labels/release/skip-changelog"
          },
          "sensitive_attributes": [],
          "private": "bnVsbA==",
          "dependencies": [
            "module.policy_sdk_repository_rust.github_repository.main"
          ]
        }
      ]
    },
    {
      "module": "module.policy_sdk_repository_rust",
      "mode": "managed",
      "type": "github_repository",
      "name": "main",
      "provider": "provider[\"registry.terraform.io/integrations/github\"].kubewarden",
      "instances": [
        {
          "schema_version": 1,
          "attributes": {
            "allow_auto_merge": false,
            "allow_merge_commit": true,
            "allow_rebase_merge": true,
            "allow_squash_merge": true,
            "allow_update_branch": false,
            "archive_on_destroy": null,
            "archived": false,
            "auto_init": false,
            "default_branch": "main",
            "delete_branch_on_merge": false,
            "description": "Kubewarden Policy SDK for the Rust programming language",
            "etag": "W/\"cafbfacb831dc4560e5313ad7d681a8d7028aa72d4e741370e25f5afde965034\"",
            "full_name": "kubewarden/policy-sdk-rust",
            "git_clone_url": "git://github.com/kubewarden/policy-sdk-rust.git",
            "gitignore_template": null,
            "has_discussions": false,
            "has_downloads": true,
            "has_issues": true,
            "has_projects": false,
            "has_wiki": true,
            "homepage_url": "https://kubewarden.io",
            "html_url": "https://github.com/kubewarden/policy-sdk-rust",
            "http_clone_url": "https://github.com/kubewarden/policy-sdk-rust.git",
            "id": "policy-sdk-rust",
            "ignore_vulnerability_alerts_during_read": null,
            "is_template": false,
            "license_template": null,
            "merge_commit_message": "PR_TITLE",
            "merge_commit_title": "MERGE_MESSAGE",
            "name": "policy-sdk-rust",
            "node_id": "MDEwOlJlcG9zaXRvcnkzNDY3MjE1OTY=",
            "pages": [],
            "primary_language": "Rust",
            "private": false,
            "repo_id": 346721596,
            "security_and_analysis": [
              {
                "advanced_security": [],
                "secret_scanning": [
                  {
                    "status": "enabled"
                  }
                ],
                "secret_scanning_push_protection": [
                  {
                    "status": "disabled"
                  }
                ]
              }
            ],
            "squash_merge_commit_message": "COMMIT_MESSAGES",
            "squash_merge_commit_title": "COMMIT_OR_PR_TITLE",
            "ssh_clone_url": "git@github.com:kubewarden/policy-sdk-rust.git",
            "svn_url": "https://github.com/kubewarden/policy-sdk-rust",
            "template": [],
            "topics": [
              "hacktoberfest",
              "kubernetes",
              "kubernetes-security",
              "kubewarden-policy-sdk",
              "policy-as-code",
              "rust",
              "rust-language",
              "webassembly"
            ],
            "visibility": "public",
            "vulnerability_alerts": true
          },
          "sensitive_attributes": [],
          "private": "eyJzY2hlbWFfdmVyc2lvbiI6IjEifQ=="
        }
      ]
    },
    {
      "module": "module.policy_sdk_repository_rust",
      "mode": "managed",
      "type": "github_team_repository",
      "name": "gh_team_push_rights",
      "provider": "provider[\"registry.terraform.io/integrations/github\"].kubewarden",
      "instances": [
        {
          "index_key": 0,
          "schema_version": 0,
          "attributes": {
            "etag": "W/\"f4960a6bdf8319df3688f1a7cacbac49213880b97e204deb3040b9d3e48d1c02\"",
            "id": "4972867:policy-sdk-rust",
            "permission": "push",
            "repository": "policy-sdk-rust",
            "team_id": "4972867"
          },
          "sensitive_attributes": [],
          "private": "bnVsbA==",
          "dependencies": [
            "data.github_team.kubewarden_developers",
            "module.policy_sdk_repository_rust.github_repository.main"
          ]
        }
      ]
    },
    {
      "module": "module.policy_sdk_repository_swift",
      "mode": "managed",
      "type": "github_app_installation_repository",
      "name": "app_dco",
      "provider": "provider[\"registry.terraform.io/integrations/github\"].kubewarden",
      "instances": [
        {
          "schema_version": 0,
          "attributes": {
            "id": "29141080:policy-sdk-swift",
            "installation_id": "29141080",
            "repo_id": 362066512,
            "repository": "policy-sdk-swift"
          },
          "sensitive_attributes": [],
          "private": "bnVsbA==",
          "dependencies": [
            "module.policy_sdk_repository_swift.github_repository.main"
          ]
        }
      ]
    },
    {
      "module": "module.policy_sdk_repository_swift",
      "mode": "managed",
      "type": "github_issue_label",
      "name": "label",
      "provider": "provider[\"registry.terraform.io/integrations/github\"].kubewarden",
      "instances": [
        {
          "index_key": 0,
          "schema_version": 0,
          "attributes": {
            "color": "D3D7CF",
            "description": "",
            "etag": "W/\"5036b55f68ae3acee0b5471824576034c3de557e14e02a9c411ba756ce723687\"",
            "id": "policy-sdk-swift:area/dependencies",
            "name": "area/dependencies",
            "repository": "policy-sdk-swift",
            "url": "https://api.github.com/repos/kubewarden/policy-sdk-swift/labels/area/dependencies"
          },
          "sensitive_attributes": [],
          "private": "bnVsbA==",
          "dependencies": [
            "module.policy_sdk_repository_swift.github_repository.main"
          ]
        },
        {
          "index_key": 1,
          "schema_version": 0,
          "attributes": {
            "color": "3465A4",
            "description": "",
            "etag": "W/\"aeb20dba5bb792ea23d55af18f0f02752aac3b60b5ab079c33428ac7779f7567\"",
            "id": "policy-sdk-swift:kind/automation",
            "name": "kind/automation",
            "repository": "policy-sdk-swift",
            "url": "https://api.github.com/repos/kubewarden/policy-sdk-swift/labels/kind/automation"
          },
          "sensitive_attributes": [],
          "private": "bnVsbA==",
          "dependencies": [
            "module.policy_sdk_repository_swift.github_repository.main"
          ]
        },
        {
          "index_key": 2,
          "schema_version": 0,
          "attributes": {
            "color": "FCE94F",
            "description": "",
            "etag": "W/\"19e938a493913744d659b278123c93506eceeaf196f172e96a3a9bdbed285e5d\"",
            "id": "policy-sdk-swift:kind/breaking-change",
            "name": "kind/breaking-change",
            "repository": "policy-sdk-swift",
            "url": "https://api.github.com/repos/kubewarden/policy-sdk-swift/labels/kind/breaking-change"
          },
          "sensitive_attributes": [],
          "private": "bnVsbA==",
          "dependencies": [
            "module.policy_sdk_repository_swift.github_repository.main"
          ]
        },
        {
          "index_key": 3,
          "schema_version": 0,
          "attributes": {
            "color": "EF2929",
            "description": "",
            "etag": "W/\"df587cb8650a8762ec5e709e5d3b13bf4421eb03d21801bac6a21e1887d63bbe\"",
            "id": "policy-sdk-swift:kind/bug",
            "name": "kind/bug",
            "repository": "policy-sdk-swift",
            "url": "https://api.github.com/repos/kubewarden/policy-sdk-swift/labels/kind/bug"
          },
          "sensitive_attributes": [],
          "private": "bnVsbA==",
          "dependencies": [
            "module.policy_sdk_repository_swift.github_repository.main"
          ]
        },
        {
          "index_key": 4,
          "schema_version": 0,
          "attributes": {
            "color": "555753",
            "description": "",
            "etag": "W/\"6020e9c847897af08624846750f05632197448dab22e19d4a4fefc99ba8cbbf0\"",
            "id": "policy-sdk-swift:kind/chore",
            "name": "kind/chore",
            "repository": "policy-sdk-swift",
            "url": "https://api.github.com/repos/kubewarden/policy-sdk-swift/labels/kind/chore"
          },
          "sensitive_attributes": [],
          "private": "bnVsbA==",
          "dependencies": [
            "module.policy_sdk_repository_swift.github_repository.main"
          ]
        },
        {
          "index_key": 5,
          "schema_version": 0,
          "attributes": {
            "color": "06989A",
            "description": "",
            "etag": "W/\"2ec3d02cdbe4081f8cbe3a87f5f44c60306050fa3fd33c72a90df8ecc7a027b6\"",
            "id": "policy-sdk-swift:kind/enhancement",
            "name": "kind/enhancement",
            "repository": "policy-sdk-swift",
            "url": "https://api.github.com/repos/kubewarden/policy-sdk-swift/labels/kind/enhancement"
          },
          "sensitive_attributes": [],
          "private": "bnVsbA==",
          "dependencies": [
            "module.policy_sdk_repository_swift.github_repository.main"
          ]
        },
        {
          "index_key": 6,
          "schema_version": 0,
          "attributes": {
            "color": "34E2E2",
            "description": "",
            "etag": "W/\"50b03bcdf6ac8faa79793b7c800732d9cd2d311e63dbf8fff672e2b8ce7c4d38\"",
            "id": "policy-sdk-swift:kind/feature",
            "name": "kind/feature",
            "repository": "policy-sdk-swift",
            "url": "https://api.github.com/repos/kubewarden/policy-sdk-swift/labels/kind/feature"
          },
          "sensitive_attributes": [],
          "private": "bnVsbA==",
          "dependencies": [
            "module.policy_sdk_repository_swift.github_repository.main"
          ]
        },
        {
          "index_key": 7,
          "schema_version": 0,
          "attributes": {
            "color": "ad7fa8",
            "description": "",
            "etag": "W/\"799977caec5f43abe40687d9a17748a4e57c942670eb3153c828dfa3e19234c4\"",
            "id": "policy-sdk-swift:kind/question",
            "name": "kind/question",
            "repository": "policy-sdk-swift",
            "url": "https://api.github.com/repos/kubewarden/policy-sdk-swift/labels/kind/question"
          },
          "sensitive_attributes": [],
          "private": "bnVsbA==",
          "dependencies": [
            "module.policy_sdk_repository_swift.github_repository.main"
          ]
        },
        {
          "index_key": 8,
          "schema_version": 0,
          "attributes": {
            "color": "729FCF",
            "description": "",
            "etag": "W/\"a836f1932479b30f5996eed46d7d97247487bf0a702168bdc7a3ba8e24445066\"",
            "id": "policy-sdk-swift:kind/tech-debt",
            "name": "kind/tech-debt",
            "repository": "policy-sdk-swift",
            "url": "https://api.github.com/repos/kubewarden/policy-sdk-swift/labels/kind/tech-debt"
          },
          "sensitive_attributes": [],
          "private": "bnVsbA==",
          "dependencies": [
            "module.policy_sdk_repository_swift.github_repository.main"
          ]
        },
        {
          "index_key": 9,
          "schema_version": 0,
          "attributes": {
            "color": "8AE234",
            "description": "",
            "etag": "W/\"3ec741d2ac6affa549fa0eda5e1007e85623282b0d9548a7b9ac87e77c1606d1\"",
            "id": "policy-sdk-swift:release/major",
            "name": "release/major",
            "repository": "policy-sdk-swift",
            "url": "https://api.github.com/repos/kubewarden/policy-sdk-swift/labels/release/major"
          },
          "sensitive_attributes": [],
          "private": "bnVsbA==",
          "dependencies": [
            "module.policy_sdk_repository_swift.github_repository.main"
          ]
        },
        {
          "index_key": 10,
          "schema_version": 0,
          "attributes": {
            "color": "4E9A06",
            "description": "",
            "etag": "W/\"9a067c23f84ddcd5303a17bcf19624412cabbf671596103ed8cec15d85bddb42\"",
            "id": "policy-sdk-swift:release/minor",
            "name": "release/minor",
            "repository": "policy-sdk-swift",
            "url": "https://api.github.com/repos/kubewarden/policy-sdk-swift/labels/release/minor"
          },
          "sensitive_attributes": [],
          "private": "bnVsbA==",
          "dependencies": [
            "module.policy_sdk_repository_swift.github_repository.main"
          ]
        },
        {
          "index_key": 11,
          "schema_version": 0,
          "attributes": {
            "color": "aa6600",
            "description": "",
            "etag": "W/\"0a8830d8693e16215ca04ec5d731ee26eafbbbf07a56b85d047413e607ed62e3\"",
            "id": "policy-sdk-swift:release/patch",
            "name": "release/patch",
            "repository": "policy-sdk-swift",
            "url": "https://api.github.com/repos/kubewarden/policy-sdk-swift/labels/release/patch"
          },
          "sensitive_attributes": [],
          "private": "bnVsbA==",
          "dependencies": [
            "module.policy_sdk_repository_swift.github_repository.main"
          ]
        },
        {
          "index_key": 12,
          "schema_version": 0,
          "attributes": {
            "color": "77cc00",
            "description": "",
            "etag": "W/\"a3863c9a7a441d6d6280fca80af91767ea8f2fc1bbb22698022340fca6f01c1e\"",
            "id": "policy-sdk-swift:release/skip-changelog",
            "name": "release/skip-changelog",
            "repository": "policy-sdk-swift",
            "url": "https://api.github.com/repos/kubewarden/policy-sdk-swift/labels/release/skip-changelog"
          },
          "sensitive_attributes": [],
          "private": "bnVsbA==",
          "dependencies": [
            "module.policy_sdk_repository_swift.github_repository.main"
          ]
        }
      ]
    },
    {
      "module": "module.policy_sdk_repository_swift",
      "mode": "managed",
      "type": "github_repository",
      "name": "main",
      "provider": "provider[\"registry.terraform.io/integrations/github\"].kubewarden",
      "instances": [
        {
          "schema_version": 1,
          "attributes": {
            "allow_auto_merge": false,
            "allow_merge_commit": true,
            "allow_rebase_merge": true,
            "allow_squash_merge": true,
            "allow_update_branch": false,
            "archive_on_destroy": null,
            "archived": false,
            "auto_init": false,
            "default_branch": "main",
            "delete_branch_on_merge": false,
            "description": "Kubewarden Policy SDK for the Swift programming language",
            "etag": "W/\"85d778761eb895d1da37f935bae8fcf4f2b352d75834099fffee99eb4c968a92\"",
            "full_name": "kubewarden/policy-sdk-swift",
            "git_clone_url": "git://github.com/kubewarden/policy-sdk-swift.git",
            "gitignore_template": null,
            "has_discussions": false,
            "has_downloads": true,
            "has_issues": true,
            "has_projects": false,
            "has_wiki": true,
            "homepage_url": "https://kubewarden.github.io/policy-sdk-swift/",
            "html_url": "https://github.com/kubewarden/policy-sdk-swift",
            "http_clone_url": "https://github.com/kubewarden/policy-sdk-swift.git",
            "id": "policy-sdk-swift",
            "ignore_vulnerability_alerts_during_read": null,
            "is_template": false,
            "license_template": null,
            "merge_commit_message": "PR_TITLE",
            "merge_commit_title": "MERGE_MESSAGE",
            "name": "policy-sdk-swift",
            "node_id": "MDEwOlJlcG9zaXRvcnkzNjIwNjY1MTI=",
            "pages": [
              {
                "build_type": "legacy",
                "cname": "",
                "custom_404": false,
                "html_url": "https://kubewarden.github.io/policy-sdk-swift/",
                "source": [
                  {
                    "branch": "gh-pages",
                    "path": "/"
                  }
                ],
                "status": "built",
                "url": "https://api.github.com/repos/kubewarden/policy-sdk-swift/pages"
              }
            ],
            "primary_language": "Swift",
            "private": false,
            "repo_id": 362066512,
            "security_and_analysis": [
              {
                "advanced_security": [],
                "secret_scanning": [
                  {
                    "status": "enabled"
                  }
                ],
                "secret_scanning_push_protection": [
                  {
                    "status": "disabled"
                  }
                ]
              }
            ],
            "squash_merge_commit_message": "COMMIT_MESSAGES",
            "squash_merge_commit_title": "COMMIT_OR_PR_TITLE",
            "ssh_clone_url": "git@github.com:kubewarden/policy-sdk-swift.git",
            "svn_url": "https://github.com/kubewarden/policy-sdk-swift",
            "template": [],
            "topics": [
              "hacktoberfest",
              "kubernetes",
              "kubernetes-security",
              "kubewarden-policy-sdk",
              "policy-as-code",
              "swift",
              "webassembly"
            ],
            "visibility": "public",
            "vulnerability_alerts": true
          },
          "sensitive_attributes": [],
          "private": "eyJzY2hlbWFfdmVyc2lvbiI6IjEifQ=="
        }
      ]
    },
    {
      "module": "module.policy_sdk_repository_swift",
      "mode": "managed",
      "type": "github_team_repository",
      "name": "gh_team_push_rights",
      "provider": "provider[\"registry.terraform.io/integrations/github\"].kubewarden",
      "instances": [
        {
          "index_key": 0,
          "schema_version": 0,
          "attributes": {
            "etag": "W/\"9d1aabd6add2779b4f90658f10b0e35b101e4f95ecc11ecc4b35a90574be8f8b\"",
            "id": "4972867:policy-sdk-swift",
            "permission": "push",
            "repository": "policy-sdk-swift",
            "team_id": "4972867"
          },
          "sensitive_attributes": [],
          "private": "bnVsbA==",
          "dependencies": [
            "data.github_team.kubewarden_developers",
            "module.policy_sdk_repository_swift.github_repository.main"
          ]
        }
      ]
    },
    {
      "module": "module.policy_template_repository_gatekeeper",
      "mode": "managed",
      "type": "github_repository",
      "name": "main",
      "provider": "provider[\"registry.terraform.io/integrations/github\"].kubewarden",
      "instances": [
        {
          "schema_version": 1,
          "attributes": {
            "allow_auto_merge": false,
            "allow_merge_commit": true,
            "allow_rebase_merge": true,
            "allow_squash_merge": true,
            "allow_update_branch": false,
            "archive_on_destroy": null,
            "archived": false,
            "auto_init": false,
            "default_branch": "main",
            "delete_branch_on_merge": false,
            "description": "A template repository to quickly port a Gatekeeper policy to Kubewarden",
            "etag": "W/\"366b53682242ff2432dcfdaae45be4d5dbaa47aa1c4ae4b1be9a6976c7780f9e\"",
            "full_name": "kubewarden/gatekeeper-policy-template",
            "git_clone_url": "git://github.com/kubewarden/gatekeeper-policy-template.git",
            "gitignore_template": null,
            "has_discussions": false,
            "has_downloads": false,
            "has_issues": true,
            "has_projects": false,
            "has_wiki": true,
            "homepage_url": "https://kubewarden.io",
            "html_url": "https://github.com/kubewarden/gatekeeper-policy-template",
            "http_clone_url": "https://github.com/kubewarden/gatekeeper-policy-template.git",
            "id": "gatekeeper-policy-template",
            "ignore_vulnerability_alerts_during_read": null,
            "is_template": true,
            "license_template": null,
            "merge_commit_message": "PR_TITLE",
            "merge_commit_title": "MERGE_MESSAGE",
            "name": "gatekeeper-policy-template",
            "node_id": "R_kgDOGGRO1w",
            "pages": [],
            "primary_language": "Makefile",
            "private": false,
            "repo_id": 409226967,
            "security_and_analysis": [
              {
                "advanced_security": [],
                "secret_scanning": [
                  {
                    "status": "enabled"
                  }
                ],
                "secret_scanning_push_protection": [
                  {
                    "status": "disabled"
                  }
                ]
              }
            ],
            "squash_merge_commit_message": "COMMIT_MESSAGES",
            "squash_merge_commit_title": "COMMIT_OR_PR_TITLE",
            "ssh_clone_url": "git@github.com:kubewarden/gatekeeper-policy-template.git",
            "svn_url": "https://github.com/kubewarden/gatekeeper-policy-template",
            "template": [],
            "topics": [
              "gatekeeper",
              "gatekeeper-policies",
              "gatekeeper-v2",
              "hacktoberfest",
              "kubernetes",
              "kubernetes-security",
              "kubewarden-policy-template",
              "policy-as-code",
              "rego",
              "webassembly"
            ],
            "visibility": "public",
            "vulnerability_alerts": true
          },
          "sensitive_attributes": [],
          "private": "eyJzY2hlbWFfdmVyc2lvbiI6IjEifQ=="
        }
      ]
    },
    {
      "module": "module.policy_template_repository_gatekeeper",
      "mode": "managed",
      "type": "github_team_repository",
      "name": "gh_team_push_rights",
      "provider": "provider[\"registry.terraform.io/integrations/github\"].kubewarden",
      "instances": [
        {
          "index_key": 0,
          "schema_version": 0,
          "attributes": {
            "etag": "W/\"37f16d3a00426246439be092e6944dd5393458cb3bcdaad51062029f2664e21e\"",
            "id": "4972867:gatekeeper-policy-template",
            "permission": "push",
            "repository": "gatekeeper-policy-template",
            "team_id": "4972867"
          },
          "sensitive_attributes": [],
          "private": "bnVsbA==",
          "dependencies": [
            "data.github_team.kubewarden_developers",
            "module.policy_template_repository_gatekeeper.github_repository.main"
          ]
        }
      ]
    },
    {
      "module": "module.policy_template_repository_go",
      "mode": "managed",
      "type": "github_repository",
      "name": "main",
      "provider": "provider[\"registry.terraform.io/integrations/github\"].kubewarden",
      "instances": [
        {
          "schema_version": 1,
          "attributes": {
            "allow_auto_merge": false,
            "allow_merge_commit": true,
            "allow_rebase_merge": true,
            "allow_squash_merge": true,
            "allow_update_branch": false,
            "archive_on_destroy": null,
            "archived": false,
            "auto_init": false,
            "default_branch": "main",
            "delete_branch_on_merge": false,
            "description": "A template repository to quickly scaffold a Kubewarden policy written with Go language",
            "etag": "W/\"b9809f4f0b8012cd1224011f165a533133d7cf42d045d416631a9a0f72fe341a\"",
            "full_name": "kubewarden/go-policy-template",
            "git_clone_url": "git://github.com/kubewarden/go-policy-template.git",
            "gitignore_template": null,
            "has_discussions": false,
            "has_downloads": false,
            "has_issues": true,
            "has_projects": false,
            "has_wiki": true,
            "homepage_url": "https://kubewarden.io",
            "html_url": "https://github.com/kubewarden/go-policy-template",
            "http_clone_url": "https://github.com/kubewarden/go-policy-template.git",
            "id": "go-policy-template",
            "ignore_vulnerability_alerts_during_read": null,
            "is_template": true,
            "license_template": null,
            "merge_commit_message": "PR_TITLE",
            "merge_commit_title": "MERGE_MESSAGE",
            "name": "go-policy-template",
            "node_id": "MDEwOlJlcG9zaXRvcnkzNTcxMjI2NzU=",
            "pages": [],
            "primary_language": "Go",
            "private": false,
            "repo_id": 357122675,
            "security_and_analysis": [
              {
                "advanced_security": [],
                "secret_scanning": [
                  {
                    "status": "enabled"
                  }
                ],
                "secret_scanning_push_protection": [
                  {
                    "status": "disabled"
                  }
                ]
              }
            ],
            "squash_merge_commit_message": "COMMIT_MESSAGES",
            "squash_merge_commit_title": "COMMIT_OR_PR_TITLE",
            "ssh_clone_url": "git@github.com:kubewarden/go-policy-template.git",
            "svn_url": "https://github.com/kubewarden/go-policy-template",
            "template": [],
            "topics": [
              "go",
              "golang",
              "hacktoberfest",
              "kubernetes",
              "kubernetes-security",
              "kubewarden-policy-template",
              "policy-as-code",
              "webassembly"
            ],
            "visibility": "public",
            "vulnerability_alerts": true
          },
          "sensitive_attributes": [],
          "private": "eyJzY2hlbWFfdmVyc2lvbiI6IjEifQ=="
        }
      ]
    },
    {
      "module": "module.policy_template_repository_go",
      "mode": "managed",
      "type": "github_team_repository",
      "name": "gh_team_push_rights",
      "provider": "provider[\"registry.terraform.io/integrations/github\"].kubewarden",
      "instances": [
        {
          "index_key": 0,
          "schema_version": 0,
          "attributes": {
            "etag": "W/\"ee4a12ed5f5f17d7fc5e7fdab0133a3a487db6f4514c67648a0cc59bc0a0ca21\"",
            "id": "4972867:go-policy-template",
            "permission": "push",
            "repository": "go-policy-template",
            "team_id": "4972867"
          },
          "sensitive_attributes": [],
          "private": "bnVsbA==",
          "dependencies": [
            "data.github_team.kubewarden_developers",
            "module.policy_template_repository_go.github_repository.main"
          ]
        }
      ]
    },
    {
      "module": "module.policy_template_repository_opa",
      "mode": "managed",
      "type": "github_repository",
      "name": "main",
      "provider": "provider[\"registry.terraform.io/integrations/github\"].kubewarden",
      "instances": [
        {
          "schema_version": 1,
          "attributes": {
            "allow_auto_merge": false,
            "allow_merge_commit": true,
            "allow_rebase_merge": true,
            "allow_squash_merge": true,
            "allow_update_branch": false,
            "archive_on_destroy": null,
            "archived": false,
            "auto_init": false,
            "default_branch": "main",
            "delete_branch_on_merge": false,
            "description": "A template repository to quickly port a Open Policy Agent policy to Kubewarden",
            "etag": "W/\"06279d0e042c1c5997df4007d124d68f658910f24f8995ce8c97819c35fda2e2\"",
            "full_name": "kubewarden/opa-policy-template",
            "git_clone_url": "git://github.com/kubewarden/opa-policy-template.git",
            "gitignore_template": null,
            "has_discussions": false,
            "has_downloads": false,
            "has_issues": true,
            "has_projects": false,
            "has_wiki": true,
            "homepage_url": "https://kubewarden.io",
            "html_url": "https://github.com/kubewarden/opa-policy-template",
            "http_clone_url": "https://github.com/kubewarden/opa-policy-template.git",
            "id": "opa-policy-template",
            "ignore_vulnerability_alerts_during_read": null,
            "is_template": true,
            "license_template": null,
            "merge_commit_message": "PR_TITLE",
            "merge_commit_title": "MERGE_MESSAGE",
            "name": "opa-policy-template",
            "node_id": "R_kgDOGF4h6g",
            "pages": [],
            "primary_language": "Makefile",
            "private": false,
            "repo_id": 408822250,
            "security_and_analysis": [
              {
                "advanced_security": [],
                "secret_scanning": [
                  {
                    "status": "enabled"
                  }
                ],
                "secret_scanning_push_protection": [
                  {
                    "status": "disabled"
                  }
                ]
              }
            ],
            "squash_merge_commit_message": "COMMIT_MESSAGES",
            "squash_merge_commit_title": "COMMIT_OR_PR_TITLE",
            "ssh_clone_url": "git@github.com:kubewarden/opa-policy-template.git",
            "svn_url": "https://github.com/kubewarden/opa-policy-template",
            "template": [],
            "topics": [
              "hacktoberfest",
              "kubernetes",
              "kubernetes-security",
              "kubewarden-policy-template",
              "opa",
              "open-policy-agent",
              "openpolicyagent",
              "policy-as-code",
              "webassembly"
            ],
            "visibility": "public",
            "vulnerability_alerts": true
          },
          "sensitive_attributes": [],
          "private": "eyJzY2hlbWFfdmVyc2lvbiI6IjEifQ=="
        }
      ]
    },
    {
      "module": "module.policy_template_repository_opa",
      "mode": "managed",
      "type": "github_team_repository",
      "name": "gh_team_push_rights",
      "provider": "provider[\"registry.terraform.io/integrations/github\"].kubewarden",
      "instances": [
        {
          "index_key": 0,
          "schema_version": 0,
          "attributes": {
            "etag": "W/\"1b8638c48c9b81223c3b74e62a92e99023b5ca0d59d0dce33035b9fa665af344\"",
            "id": "4972867:opa-policy-template",
            "permission": "push",
            "repository": "opa-policy-template",
            "team_id": "4972867"
          },
          "sensitive_attributes": [],
          "private": "bnVsbA==",
          "dependencies": [
            "data.github_team.kubewarden_developers",
            "module.policy_template_repository_opa.github_repository.main"
          ]
        }
      ]
    },
    {
      "module": "module.policy_template_repository_rust",
      "mode": "managed",
      "type": "github_repository",
      "name": "main",
      "provider": "provider[\"registry.terraform.io/integrations/github\"].kubewarden",
      "instances": [
        {
          "schema_version": 1,
          "attributes": {
            "allow_auto_merge": false,
            "allow_merge_commit": true,
            "allow_rebase_merge": true,
            "allow_squash_merge": true,
            "allow_update_branch": false,
            "archive_on_destroy": null,
            "archived": false,
            "auto_init": false,
            "default_branch": "main",
            "delete_branch_on_merge": false,
            "description": "A Kubewarden rust policy template to be used with cargo-generate",
            "etag": "W/\"79bdaa3aea58d3773d37387edfd79ab210393a800603cf08af484d663027e0da\"",
            "full_name": "kubewarden/rust-policy-template",
            "git_clone_url": "git://github.com/kubewarden/rust-policy-template.git",
            "gitignore_template": null,
            "has_discussions": false,
            "has_downloads": false,
            "has_issues": true,
            "has_projects": false,
            "has_wiki": true,
            "homepage_url": "https://kubewarden.io",
            "html_url": "https://github.com/kubewarden/rust-policy-template",
            "http_clone_url": "https://github.com/kubewarden/rust-policy-template.git",
            "id": "rust-policy-template",
            "ignore_vulnerability_alerts_during_read": null,
            "is_template": false,
            "license_template": null,
            "merge_commit_message": "PR_TITLE",
            "merge_commit_title": "MERGE_MESSAGE",
            "name": "rust-policy-template",
            "node_id": "MDEwOlJlcG9zaXRvcnkzNTUxNjYyMDg=",
            "pages": [],
            "primary_language": "Rust",
            "private": false,
            "repo_id": 355166208,
            "security_and_analysis": [
              {
                "advanced_security": [],
                "secret_scanning": [
                  {
                    "status": "enabled"
                  }
                ],
                "secret_scanning_push_protection": [
                  {
                    "status": "disabled"
                  }
                ]
              }
            ],
            "squash_merge_commit_message": "COMMIT_MESSAGES",
            "squash_merge_commit_title": "COMMIT_OR_PR_TITLE",
            "ssh_clone_url": "git@github.com:kubewarden/rust-policy-template.git",
            "svn_url": "https://github.com/kubewarden/rust-policy-template",
            "template": [],
            "topics": [
              "hacktoberfest",
              "kubernetes",
              "kubernetes-security",
              "kubewarden-policy-template",
              "policy-as-code",
              "rust",
              "webassembly"
            ],
            "visibility": "public",
            "vulnerability_alerts": true
          },
          "sensitive_attributes": [],
          "private": "eyJzY2hlbWFfdmVyc2lvbiI6IjEifQ=="
        }
      ]
    },
    {
      "module": "module.policy_template_repository_rust",
      "mode": "managed",
      "type": "github_team_repository",
      "name": "gh_team_push_rights",
      "provider": "provider[\"registry.terraform.io/integrations/github\"].kubewarden",
      "instances": [
        {
          "index_key": 0,
          "schema_version": 0,
          "attributes": {
            "etag": "W/\"eaf770158a9c7979bdb3046374cc1a2e9df4bf4560b4333fe43ddf1ab2761d1b\"",
            "id": "4972867:rust-policy-template",
            "permission": "push",
            "repository": "rust-policy-template",
            "team_id": "4972867"
          },
          "sensitive_attributes": [],
          "private": "bnVsbA==",
          "dependencies": [
            "data.github_team.kubewarden_developers",
            "module.policy_template_repository_rust.github_repository.main"
          ]
        }
      ]
    },
    {
      "module": "module.policy_template_repository_swift",
      "mode": "managed",
      "type": "github_repository",
      "name": "main",
      "provider": "provider[\"registry.terraform.io/integrations/github\"].kubewarden",
      "instances": [
        {
          "schema_version": 1,
          "attributes": {
            "allow_auto_merge": false,
            "allow_merge_commit": true,
            "allow_rebase_merge": true,
            "allow_squash_merge": true,
            "allow_update_branch": false,
            "archive_on_destroy": null,
            "archived": false,
            "auto_init": false,
            "default_branch": "main",
            "delete_branch_on_merge": false,
            "description": "A template repository to quickly scaffold a Kubewarden policy written with Swift language",
            "etag": "W/\"ec7156c74b28464a557fae0f481c0ab61d9eba9896b512bd40caf60f9705fd2a\"",
            "full_name": "kubewarden/swift-policy-template",
            "git_clone_url": "git://github.com/kubewarden/swift-policy-template.git",
            "gitignore_template": null,
            "has_discussions": false,
            "has_downloads": false,
            "has_issues": true,
            "has_projects": false,
            "has_wiki": true,
            "homepage_url": "https://kubewarden.io",
            "html_url": "https://github.com/kubewarden/swift-policy-template",
            "http_clone_url": "https://github.com/kubewarden/swift-policy-template.git",
            "id": "swift-policy-template",
            "ignore_vulnerability_alerts_during_read": null,
            "is_template": true,
            "license_template": null,
            "merge_commit_message": "PR_TITLE",
            "merge_commit_title": "MERGE_MESSAGE",
            "name": "swift-policy-template",
            "node_id": "MDEwOlJlcG9zaXRvcnkzOTQyNTEzMjI=",
            "pages": [],
            "primary_language": "Swift",
            "private": false,
            "repo_id": 394251322,
            "security_and_analysis": [
              {
                "advanced_security": [],
                "secret_scanning": [
                  {
                    "status": "enabled"
                  }
                ],
                "secret_scanning_push_protection": [
                  {
                    "status": "disabled"
                  }
                ]
              }
            ],
            "squash_merge_commit_message": "COMMIT_MESSAGES",
            "squash_merge_commit_title": "COMMIT_OR_PR_TITLE",
            "ssh_clone_url": "git@github.com:kubewarden/swift-policy-template.git",
            "svn_url": "https://github.com/kubewarden/swift-policy-template",
            "template": [],
            "topics": [
              "hacktoberfest",
              "kubernetes",
              "kubernetes-security",
              "kubewarden-policy-template",
              "policy-as-code",
              "swift",
              "webassembly"
            ],
            "visibility": "public",
            "vulnerability_alerts": true
          },
          "sensitive_attributes": [],
          "private": "eyJzY2hlbWFfdmVyc2lvbiI6IjEifQ=="
        }
      ]
    },
    {
      "module": "module.policy_template_repository_swift",
      "mode": "managed",
      "type": "github_team_repository",
      "name": "gh_team_push_rights",
      "provider": "provider[\"registry.terraform.io/integrations/github\"].kubewarden",
      "instances": [
        {
          "index_key": 0,
          "schema_version": 0,
          "attributes": {
            "etag": "W/\"b8109044950015faa9c503925fc0f8d11863fbca895c54c169c9a7a2bef316f8\"",
            "id": "4972867:swift-policy-template",
            "permission": "push",
            "repository": "swift-policy-template",
            "team_id": "4972867"
          },
          "sensitive_attributes": [],
          "private": "bnVsbA==",
          "dependencies": [
            "data.github_team.kubewarden_developers",
            "module.policy_template_repository_swift.github_repository.main"
          ]
        }
      ]
    }
  ],
  "check_results": null
}
