{
  "version": 4,
  "terraform_version": "1.0.11",
  "serial": 377,
  "lineage": "9361268e-ae5d-4e6a-09c7-3a886aaffce2",
  "outputs": {},
  "resources": [
    {
      "mode": "data",
      "type": "github_repositories",
      "name": "repos",
      "provider": "provider[\"registry.terraform.io/integrations/github\"]",
      "instances": [
        {
          "schema_version": 0,
          "attributes": {
            "full_names": [
              "kubewarden/rfc",
              "kubewarden/kubewarden.io",
              "kubewarden/docs",
              "kubewarden/kubewarden-end-to-end-tests",
              "kubewarden/policy-fetcher",
              "kubewarden/kwctl",
              "kubewarden/policy-server",
              "kubewarden/ui",
              "kubewarden/kubewarden-controller",
              "kubewarden/github-actions",
              "kubewarden/apparmor-psp-policy",
              "kubewarden/helm-charts",
              "kubewarden/user-group-psp-policy",
              "kubewarden/flexvolume-drivers-psp-policy",
              "kubewarden/readonly-root-filesystem-psp-policy",
              "kubewarden/seccomp-psp-policy",
              "kubewarden/automation",
              "kubewarden/setup-kubewarden-cluster-action",
              "kubewarden/host-namespaces-psp-policy",
              "kubewarden/policy-sdk-go",
              "kubewarden/policy-sdk-rust",
              "kubewarden/capabilities-psp-policy",
              "kubewarden/trusted-repos-policy",
              "kubewarden/policy-sdk-swift",
              "kubewarden/policy-hub",
              "kubewarden/selinux-psp-policy",
              "kubewarden/allowed-proc-mount-types-psp-policy",
              "kubewarden/allow-privilege-escalation-psp-policy",
              "kubewarden/swift-wasm-runner",
              "kubewarden/policy-evaluator",
              "kubewarden/safe-annotations-policy",
              "kubewarden/hostpaths-psp-policy",
              "kubewarden/go-policy-template",
              "kubewarden/allowed-fsgroups-psp-policy",
              "kubewarden/sysctl-psp-policy",
              "kubewarden/ingress-policy",
              "kubewarden/safe-labels-policy",
              "kubewarden/pod-runtime-class-policy",
              "kubewarden/pod-privileged-policy",
              "kubewarden/volumes-psp-policy",
              "kubewarden/opa-policy-template",
              "kubewarden/gatekeeper-policy-template",
              "kubewarden/disallow-service-loadbalancer-policy",
              "kubewarden/disallow-service-nodeport-policy",
              "kubewarden/rust-policy-template",
              "kubewarden/swift-policy-template",
              "kubewarden/repo",
              "kubewarden/.github",
              "kubewarden/notify-policy-hub",
              "kubewarden/load-testing",
              "kubewarden/burrego"
            ],
            "id": "org:kubewarden",
            "names": [
              "rfc",
              "kubewarden.io",
              "docs",
              "kubewarden-end-to-end-tests",
              "policy-fetcher",
              "kwctl",
              "policy-server",
              "ui",
              "kubewarden-controller",
              "github-actions",
              "apparmor-psp-policy",
              "helm-charts",
              "user-group-psp-policy",
              "flexvolume-drivers-psp-policy",
              "readonly-root-filesystem-psp-policy",
              "seccomp-psp-policy",
              "automation",
              "setup-kubewarden-cluster-action",
              "host-namespaces-psp-policy",
              "policy-sdk-go",
              "policy-sdk-rust",
              "capabilities-psp-policy",
              "trusted-repos-policy",
              "policy-sdk-swift",
              "policy-hub",
              "selinux-psp-policy",
              "allowed-proc-mount-types-psp-policy",
              "allow-privilege-escalation-psp-policy",
              "swift-wasm-runner",
              "policy-evaluator",
              "safe-annotations-policy",
              "hostpaths-psp-policy",
              "go-policy-template",
              "allowed-fsgroups-psp-policy",
              "sysctl-psp-policy",
              "ingress-policy",
              "safe-labels-policy",
              "pod-runtime-class-policy",
              "pod-privileged-policy",
              "volumes-psp-policy",
              "opa-policy-template",
              "gatekeeper-policy-template",
              "disallow-service-loadbalancer-policy",
              "disallow-service-nodeport-policy",
              "rust-policy-template",
              "swift-policy-template",
              "repo",
              ".github",
              "notify-policy-hub",
              "load-testing",
              "burrego"
            ],
            "query": "org:kubewarden",
            "sort": "updated"
          },
          "sensitive_attributes": []
        }
      ]
    },
    {
      "mode": "data",
      "type": "github_team",
      "name": "kubewarden_developers",
      "provider": "provider[\"registry.terraform.io/integrations/github\"].kubewarden",
      "instances": [
        {
          "schema_version": 0,
          "attributes": {
            "description": "Kubewarden developers",
            "id": "4972867",
            "members": [
              "ereslibre",
              "flavio",
              "kkaempf",
              "jvanz",
              "viccuad",
              "olblak",
              "prabalsharma",
              "raulcabello",
              "ncounter"
            ],
            "name": "kubewarden-developers",
            "node_id": "T_kwDOBNKsKc4AS-FD",
            "permission": "pull",
            "privacy": "closed",
            "repositories": [
              "pod-runtime-class-policy",
              "kubewarden.io",
              "docs",
              "pod-privileged-policy",
              "kubewarden-controller",
              "policy-server",
              "helm-charts",
              "policy-sdk-rust",
              "allow-privilege-escalation-psp-policy",
              "trusted-repos-policy",
              "apparmor-psp-policy",
              "ingress-policy",
              "policy-sdk-go",
              "capabilities-psp-policy",
              "policy-hub",
              "rust-policy-template",
              "go-policy-template",
              "safe-labels-policy",
              "policy-fetcher",
              "kwctl",
              "policy-sdk-swift",
              "host-namespaces-psp-policy",
              "automation",
              "sysctl-psp-policy",
              "hostpaths-psp-policy",
              "safe-annotations-policy",
              "swift-policy-template",
              "volumes-psp-policy",
              "user-group-psp-policy",
              "disallow-service-nodeport-policy",
              "opa-policy-template",
              "disallow-service-loadbalancer-policy",
              "gatekeeper-policy-template",
              "mdBook",
              "ui",
              "allowed-proc-mount-types-psp-policy",
              "allowed-fsgroups-psp-policy",
              "selinux-psp-policy",
              "flexvolume-drivers-psp-policy",
              ".github",
              "readonly-root-filesystem-psp-policy",
              "kubewarden-end-to-end-tests",
              "setup-kubewarden-cluster-action",
              "seccomp-psp-policy",
              "sigstore-rs",
              "github-actions",
              "rfc"
            ],
            "slug": "kubewarden-developers"
          },
          "sensitive_attributes": []
        }
      ]
    },
    {
      "mode": "data",
      "type": "github_team",
      "name": "kubewarden_documentation",
      "provider": "provider[\"registry.terraform.io/integrations/github\"].kubewarden",
      "instances": [
        {
          "schema_version": 0,
          "attributes": {
            "description": "Kubewarden documentation team",
            "id": "5417591",
            "members": [
              "ereslibre",
              "nunix",
              "btat",
              "divya-mohan0209",
              "jtravee"
            ],
            "name": "kubewarden-documentation",
            "node_id": "T_kwDOBNKsKc4AUqp3",
            "permission": "pull",
            "privacy": "closed",
            "repositories": [
              "docs",
              "kubewarden-controller",
              "policy-hub",
              "rfc"
            ],
            "slug": "kubewarden-documentation"
          },
          "sensitive_attributes": []
        }
      ]
    },
    {
      "module": "module.kubewarden_docs_repository",
      "mode": "managed",
      "type": "github_repository",
      "name": "main",
      "provider": "provider[\"registry.terraform.io/integrations/github\"].kubewarden",
      "instances": [
        {
          "schema_version": 0,
          "attributes": {
            "allow_auto_merge": false,
            "allow_merge_commit": true,
            "allow_rebase_merge": true,
            "allow_squash_merge": true,
            "archive_on_destroy": null,
            "archived": false,
            "auto_init": false,
            "branches": null,
            "default_branch": "main",
            "delete_branch_on_merge": false,
            "description": "Kubewarden's documentation",
            "etag": "W/\"39b7f9b38b618ae63a763a6306c3ed6409eb43cfffc6d448d47db0233a11e75b\"",
            "full_name": "kubewarden/docs",
            "git_clone_url": "git://github.com/kubewarden/docs.git",
            "gitignore_template": null,
            "has_downloads": true,
            "has_issues": true,
            "has_projects": false,
            "has_wiki": true,
            "homepage_url": "https://docs.kubewarden.io",
            "html_url": "https://github.com/kubewarden/docs",
            "http_clone_url": "https://github.com/kubewarden/docs.git",
            "id": "docs",
            "is_template": false,
            "license_template": null,
            "name": "docs",
            "node_id": "MDEwOlJlcG9zaXRvcnkzMTQyNjYyMzU=",
            "pages": [
              {
                "cname": "docs.kubewarden.io",
                "custom_404": true,
                "html_url": "https://docs.kubewarden.io/",
                "source": [
                  {
                    "branch": "gh-pages",
                    "path": "/"
                  }
                ],
                "status": "built",
                "url": "https://api.github.com/repos/kubewarden/docs/pages"
              }
            ],
            "private": false,
            "repo_id": 314266235,
            "ssh_clone_url": "git@github.com:kubewarden/docs.git",
            "svn_url": "https://github.com/kubewarden/docs",
            "template": [],
            "topics": [
              "hacktoberfest",
              "kubernetes",
              "kubernetes-security",
              "policy-as-code",
              "webassembly"
            ],
            "visibility": "public",
            "vulnerability_alerts": true
          },
          "sensitive_attributes": [],
          "private": "bnVsbA=="
        }
      ]
    },
    {
      "module": "module.kubewarden_docs_repository",
      "mode": "managed",
      "type": "github_team_repository",
      "name": "gh_team_push_rights",
      "provider": "provider[\"registry.terraform.io/integrations/github\"].kubewarden",
      "instances": [
        {
          "index_key": 0,
          "schema_version": 0,
          "attributes": {
            "etag": "W/\"10dac751f7e5ac1080ef329415cdfcade3e74c2c0f77362e6fbb5c054ce0e833\"",
            "id": "4972867:docs",
            "permission": "push",
            "repository": "docs",
            "team_id": "4972867"
          },
          "sensitive_attributes": [],
          "private": "bnVsbA==",
          "dependencies": [
            "data.github_team.kubewarden_developers",
            "data.github_team.kubewarden_documentation",
            "module.kubewarden_docs_repository.github_repository.main"
          ]
        },
        {
          "index_key": 1,
          "schema_version": 0,
          "attributes": {
            "etag": "W/\"10dac751f7e5ac1080ef329415cdfcade3e74c2c0f77362e6fbb5c054ce0e833\"",
            "id": "5417591:docs",
            "permission": "push",
            "repository": "docs",
            "team_id": "5417591"
          },
          "sensitive_attributes": [],
          "private": "bnVsbA==",
          "dependencies": [
            "data.github_team.kubewarden_developers",
            "data.github_team.kubewarden_documentation",
            "module.kubewarden_docs_repository.github_repository.main"
          ]
        }
      ]
    },
    {
      "module": "module.kubewarden_end_to_end_tests_repository",
      "mode": "managed",
      "type": "github_repository",
      "name": "main",
      "provider": "provider[\"registry.terraform.io/integrations/github\"].kubewarden",
      "instances": [
        {
          "schema_version": 0,
          "attributes": {
            "allow_auto_merge": false,
            "allow_merge_commit": true,
            "allow_rebase_merge": true,
            "allow_squash_merge": true,
            "archive_on_destroy": null,
            "archived": false,
            "auto_init": null,
            "branches": null,
            "default_branch": "main",
            "delete_branch_on_merge": false,
            "description": "Files used to run Kubewarden end-to-end tests",
            "etag": "W/\"ca16ccfdcc5f61503e5b48632fab93145a55ebc1b1ece9d3df467650be0cf1b6\"",
            "full_name": "kubewarden/kubewarden-end-to-end-tests",
            "git_clone_url": "git://github.com/kubewarden/kubewarden-end-to-end-tests.git",
            "gitignore_template": null,
            "has_downloads": true,
            "has_issues": true,
            "has_projects": false,
            "has_wiki": true,
            "homepage_url": "",
            "html_url": "https://github.com/kubewarden/kubewarden-end-to-end-tests",
            "http_clone_url": "https://github.com/kubewarden/kubewarden-end-to-end-tests.git",
            "id": "kubewarden-end-to-end-tests",
            "is_template": false,
            "license_template": null,
            "name": "kubewarden-end-to-end-tests",
            "node_id": "R_kgDOGdvkng",
            "pages": [],
            "private": false,
            "repo_id": 433841310,
            "ssh_clone_url": "git@github.com:kubewarden/kubewarden-end-to-end-tests.git",
            "svn_url": "https://github.com/kubewarden/kubewarden-end-to-end-tests",
            "template": [],
            "topics": [
              "hacktoberfest",
              "kubernetes",
              "kubernetes-security",
              "policy-as-code",
              "webassembly"
            ],
            "visibility": "public",
            "vulnerability_alerts": true
          },
          "sensitive_attributes": [],
          "private": "bnVsbA=="
        }
      ]
    },
    {
      "module": "module.kubewarden_end_to_end_tests_repository",
      "mode": "managed",
      "type": "github_team_repository",
      "name": "gh_team_push_rights",
      "provider": "provider[\"registry.terraform.io/integrations/github\"].kubewarden",
      "instances": [
        {
          "index_key": 0,
          "schema_version": 0,
          "attributes": {
            "etag": "W/\"f7e36fef0353d8560b4d9ebb00b7d3e80009c3b70dc6121f3c0b8dd0db43f521\"",
            "id": "4972867:kubewarden-end-to-end-tests",
            "permission": "push",
            "repository": "kubewarden-end-to-end-tests",
            "team_id": "4972867"
          },
          "sensitive_attributes": [],
          "private": "bnVsbA==",
          "dependencies": [
            "data.github_team.kubewarden_developers",
            "module.kubewarden_end_to_end_tests_repository.github_repository.main"
          ]
        }
      ]
    },
    {
      "module": "module.kubewarden_github_actions_repository",
      "mode": "managed",
      "type": "github_repository",
      "name": "main",
      "provider": "provider[\"registry.terraform.io/integrations/github\"].kubewarden",
      "instances": [
        {
          "schema_version": 0,
          "attributes": {
            "allow_auto_merge": false,
            "allow_merge_commit": true,
            "allow_rebase_merge": true,
            "allow_squash_merge": true,
            "archive_on_destroy": null,
            "archived": false,
            "auto_init": false,
            "branches": [
              {
                "name": "renovate/actions-setup-node-3.x",
                "protected": false
              },
              {
                "name": "v1",
                "protected": false
              }
            ],
            "default_branch": "v1",
            "delete_branch_on_merge": false,
            "description": "GitHub actions used by the Kubewarden project",
            "etag": "W/\"7e03833478b5f6652faee819639b1f69d88dbf241f3608f8ee79ffb1a2357a4d\"",
            "full_name": "kubewarden/github-actions",
            "git_clone_url": "git://github.com/kubewarden/github-actions.git",
            "gitignore_template": null,
            "has_downloads": true,
            "has_issues": true,
            "has_projects": false,
            "has_wiki": true,
            "homepage_url": "",
            "html_url": "https://github.com/kubewarden/github-actions",
            "http_clone_url": "https://github.com/kubewarden/github-actions.git",
            "id": "github-actions",
            "is_template": false,
            "license_template": null,
            "name": "github-actions",
            "node_id": "R_kgDOGtQftQ",
            "pages": [],
            "private": false,
            "repo_id": 450109365,
            "ssh_clone_url": "git@github.com:kubewarden/github-actions.git",
            "svn_url": "https://github.com/kubewarden/github-actions",
            "template": [],
            "topics": [
              "hacktoberfest",
              "kubernetes",
              "kubernetes-security",
              "policy-as-code",
              "webassembly"
            ],
            "visibility": "public",
            "vulnerability_alerts": true
          },
          "sensitive_attributes": [],
          "private": "bnVsbA=="
        }
      ]
    },
    {
      "module": "module.kubewarden_github_actions_repository",
      "mode": "managed",
      "type": "github_team_repository",
      "name": "gh_team_push_rights",
      "provider": "provider[\"registry.terraform.io/integrations/github\"].kubewarden",
      "instances": [
        {
          "index_key": 0,
          "schema_version": 0,
          "attributes": {
            "etag": "W/\"aae6dc65d99cd93cc7c3c5d0a82aee023ea58e07a43a504672d86f2bc271a9e6\"",
            "id": "4972867:github-actions",
            "permission": "push",
            "repository": "github-actions",
            "team_id": "4972867"
          },
          "sensitive_attributes": [],
          "private": "bnVsbA==",
          "dependencies": [
            "module.kubewarden_github_actions_repository.github_repository.main",
            "data.github_team.kubewarden_developers"
          ]
        }
      ]
    },
    {
      "module": "module.kubewarden_io_repository",
      "mode": "managed",
      "type": "github_repository",
      "name": "main",
      "provider": "provider[\"registry.terraform.io/integrations/github\"].kubewarden",
      "instances": [
        {
          "schema_version": 0,
          "attributes": {
            "allow_auto_merge": false,
            "allow_merge_commit": true,
            "allow_rebase_merge": true,
            "allow_squash_merge": true,
            "archive_on_destroy": null,
            "archived": false,
            "auto_init": false,
            "branches": [
              {
                "name": "gh-pages",
                "protected": false
              },
              {
                "name": "main",
                "protected": false
              },
              {
                "name": "new-architecture",
                "protected": false
              },
              {
                "name": "revert-36-issue-35-separate-here-documents",
                "protected": false
              },
              {
                "name": "viccuad-wait-cert-manager",
                "protected": false
              }
            ],
            "default_branch": "main",
            "delete_branch_on_merge": false,
            "description": "Kubewarden website",
            "etag": "W/\"4e89b2f78824de8c95c9db27fe9795d548fd2a230b0238370f4bd6a81e3ea3f5\"",
            "full_name": "kubewarden/kubewarden.io",
            "git_clone_url": "git://github.com/kubewarden/kubewarden.io.git",
            "gitignore_template": null,
            "has_downloads": true,
            "has_issues": true,
            "has_projects": false,
            "has_wiki": true,
            "homepage_url": "https://kubewarden.io",
            "html_url": "https://github.com/kubewarden/kubewarden.io",
            "http_clone_url": "https://github.com/kubewarden/kubewarden.io.git",
            "id": "kubewarden.io",
            "is_template": false,
            "license_template": null,
            "name": "kubewarden.io",
            "node_id": "MDEwOlJlcG9zaXRvcnkzMTQxODYxMjE=",
            "pages": [
              {
                "cname": "kubewarden.io",
                "custom_404": false,
                "html_url": "http://kubewarden.io/",
                "source": [
                  {
                    "branch": "gh-pages",
                    "path": "/"
                  }
                ],
                "status": "building",
                "url": "https://api.github.com/repos/kubewarden/kubewarden.io/pages"
              }
            ],
            "private": false,
            "repo_id": 314186121,
            "ssh_clone_url": "git@github.com:kubewarden/kubewarden.io.git",
            "svn_url": "https://github.com/kubewarden/kubewarden.io",
            "template": [],
            "topics": [
              "hacktoberfest",
              "kubernetes",
              "kubernetes-security",
              "policy-as-code",
              "webassembly"
            ],
            "visibility": "public",
            "vulnerability_alerts": true
          },
          "sensitive_attributes": [],
          "private": "bnVsbA=="
        }
      ]
    },
    {
      "module": "module.kubewarden_io_repository",
      "mode": "managed",
      "type": "github_team_repository",
      "name": "gh_team_push_rights",
      "provider": "provider[\"registry.terraform.io/integrations/github\"].kubewarden",
      "instances": [
        {
          "index_key": 0,
          "schema_version": 0,
          "attributes": {
            "etag": "W/\"f31dc833e19937e649bf885192dd4f575c2d2794a9756e3578e55c14051dddbf\"",
            "id": "4972867:kubewarden.io",
            "permission": "push",
            "repository": "kubewarden.io",
            "team_id": "4972867"
          },
          "sensitive_attributes": [],
          "private": "bnVsbA==",
          "dependencies": [
            "data.github_team.kubewarden_developers",
            "data.github_team.kubewarden_documentation",
            "module.kubewarden_io_repository.github_repository.main"
          ]
        },
        {
          "index_key": 1,
          "schema_version": 0,
          "attributes": {
            "etag": "W/\"f31dc833e19937e649bf885192dd4f575c2d2794a9756e3578e55c14051dddbf\"",
            "id": "5417591:kubewarden.io",
            "permission": "push",
            "repository": "kubewarden.io",
            "team_id": "5417591"
          },
          "sensitive_attributes": [],
          "private": "bnVsbA==",
          "dependencies": [
            "data.github_team.kubewarden_developers",
            "data.github_team.kubewarden_documentation",
            "module.kubewarden_io_repository.github_repository.main"
          ]
        }
      ]
    },
    {
      "module": "module.kubewarden_policy_fetcher_repository",
      "mode": "managed",
      "type": "github_repository",
      "name": "main",
      "provider": "provider[\"registry.terraform.io/integrations/github\"].kubewarden",
      "instances": [
        {
          "schema_version": 0,
          "attributes": {
            "allow_auto_merge": false,
            "allow_merge_commit": true,
            "allow_rebase_merge": true,
            "allow_squash_merge": true,
            "archive_on_destroy": null,
            "archived": false,
            "auto_init": false,
            "branches": [
              {
                "name": "dependabot/cargo/wasmtime-0.35.0",
                "protected": false
              },
              {
                "name": "feat-sigstore-0.2",
                "protected": false
              },
              {
                "name": "main",
                "protected": true
              },
              {
                "name": "olblak-patch-1",
                "protected": false
              }
            ],
            "default_branch": "main",
            "delete_branch_on_merge": false,
            "description": "Crate used by Kubewarden that is able to pull policies from OCI registries and HTTP servers.",
            "etag": "W/\"05988f70a72e7dce5ee6ddcf8fed7106792b24ca1e64d8a9595b9a67a96d5f5c\"",
            "full_name": "kubewarden/policy-fetcher",
            "git_clone_url": "git://github.com/kubewarden/policy-fetcher.git",
            "gitignore_template": null,
            "has_downloads": true,
            "has_issues": true,
            "has_projects": false,
            "has_wiki": true,
            "homepage_url": "",
            "html_url": "https://github.com/kubewarden/policy-fetcher",
            "http_clone_url": "https://github.com/kubewarden/policy-fetcher.git",
            "id": "policy-fetcher",
            "is_template": false,
            "license_template": null,
            "name": "policy-fetcher",
            "node_id": "MDEwOlJlcG9zaXRvcnkzNjA0NTg4Mjc=",
            "pages": [],
            "private": false,
            "repo_id": 360458827,
            "ssh_clone_url": "git@github.com:kubewarden/policy-fetcher.git",
            "svn_url": "https://github.com/kubewarden/policy-fetcher",
            "template": [],
            "topics": [
              "hacktoberfest",
              "kubernetes",
              "kubernetes-security",
              "policy-as-code",
              "webassembly"
            ],
            "visibility": "public",
            "vulnerability_alerts": true
          },
          "sensitive_attributes": [],
          "private": "bnVsbA=="
        }
      ]
    },
    {
      "module": "module.kubewarden_policy_fetcher_repository",
      "mode": "managed",
      "type": "github_team_repository",
      "name": "gh_team_push_rights",
      "provider": "provider[\"registry.terraform.io/integrations/github\"].kubewarden",
      "instances": [
        {
          "index_key": 0,
          "schema_version": 0,
          "attributes": {
            "etag": "W/\"45dec44073f57ccf78150afed1ac769fa9c5919792959ea61efb291ca01c102f\"",
            "id": "4972867:policy-fetcher",
            "permission": "push",
            "repository": "policy-fetcher",
            "team_id": "4972867"
          },
          "sensitive_attributes": [],
          "private": "bnVsbA==",
          "dependencies": [
            "data.github_team.kubewarden_developers",
            "module.kubewarden_policy_fetcher_repository.github_repository.main"
          ]
        }
      ]
    },
    {
      "module": "module.kubewarden_policy_hub_repository",
      "mode": "managed",
      "type": "github_repository",
      "name": "main",
      "provider": "provider[\"registry.terraform.io/integrations/github\"].kubewarden",
      "instances": [
        {
          "schema_version": 0,
          "attributes": {
            "allow_auto_merge": false,
            "allow_merge_commit": true,
            "allow_rebase_merge": true,
            "allow_squash_merge": true,
            "archive_on_destroy": null,
            "archived": false,
            "auto_init": false,
            "branches": [
              {
                "name": "gh-pages",
                "protected": false
              },
              {
                "name": "main",
                "protected": false
              },
              {
                "name": "renovate/actions-setup-node-3.x",
                "protected": false
              },
              {
                "name": "renovate/all-minor-patch",
                "protected": false
              },
              {
                "name": "renovate/major-material-components-web-monorepo",
                "protected": false
              },
              {
                "name": "renovate/pin-dependencies",
                "protected": false
              },
              {
                "name": "renovate/react-scripts-5.x",
                "protected": false
              },
              {
                "name": "renovate/react-select-5.x",
                "protected": false
              },
              {
                "name": "renovate/testing-library-react-12.x",
                "protected": false
              },
              {
                "name": "renovate/testing-library-user-event-13.x",
                "protected": false
              },
              {
                "name": "renovate/web-vitals-2.x",
                "protected": false
              },
              {
                "name": "update-kubewarden/allowed-fsgroups-psp-policy",
                "protected": false
              },
              {
                "name": "update-kubewarden/apparmor-psp-policy",
                "protected": false
              },
              {
                "name": "update-kubewarden/capabilities-psp-policy",
                "protected": false
              },
              {
                "name": "update-kubewarden/disallow-service-nodeport-policy",
                "protected": false
              },
              {
                "name": "update-kubewarden/flexvolume-drivers-psp-policy",
                "protected": false
              },
              {
                "name": "update-kubewarden/host-namespaces-psp-policy",
                "protected": false
              },
              {
                "name": "update-kubewarden/hostpaths-psp-policy",
                "protected": false
              },
              {
                "name": "update-kubewarden/ingress-policy",
                "protected": false
              },
              {
                "name": "update-kubewarden/pod-privileged-policy",
                "protected": false
              },
              {
                "name": "update-kubewarden/pod-runtime-class-policy",
                "protected": false
              },
              {
                "name": "update-kubewarden/readonly-root-filesystem-psp-policy",
                "protected": false
              },
              {
                "name": "update-kubewarden/safe-annotations-policy",
                "protected": false
              },
              {
                "name": "update-kubewarden/safe-labels-policy",
                "protected": false
              },
              {
                "name": "update-kubewarden/seccomp-psp-policy",
                "protected": false
              },
              {
                "name": "update-kubewarden/sysctl-psp-policy",
                "protected": false
              },
              {
                "name": "update-kubewarden/trusted-repos-policy",
                "protected": false
              },
              {
                "name": "update-kubewarden/volumes-psp-policy",
                "protected": false
              }
            ],
            "default_branch": "main",
            "delete_branch_on_merge": false,
            "description": "A place where to find and discover policies",
            "etag": "W/\"de91f46457e2d977ef54270400c12792ab40371272cce4799e2310b71f943965\"",
            "full_name": "kubewarden/policy-hub",
            "git_clone_url": "git://github.com/kubewarden/policy-hub.git",
            "gitignore_template": null,
            "has_downloads": true,
            "has_issues": true,
            "has_projects": false,
            "has_wiki": true,
            "homepage_url": "https://hub.kubewarden.io",
            "html_url": "https://github.com/kubewarden/policy-hub",
            "http_clone_url": "https://github.com/kubewarden/policy-hub.git",
            "id": "policy-hub",
            "is_template": false,
            "license_template": null,
            "name": "policy-hub",
            "node_id": "MDEwOlJlcG9zaXRvcnkzNTAyNDAyOTY=",
            "pages": [
              {
                "cname": "hub.kubewarden.io",
                "custom_404": false,
                "html_url": "https://hub.kubewarden.io/",
                "source": [
                  {
                    "branch": "gh-pages",
                    "path": "/"
                  }
                ],
                "status": "built",
                "url": "https://api.github.com/repos/kubewarden/policy-hub/pages"
              }
            ],
            "private": false,
            "repo_id": 350240296,
            "ssh_clone_url": "git@github.com:kubewarden/policy-hub.git",
            "svn_url": "https://github.com/kubewarden/policy-hub",
            "template": [],
            "topics": [
              "hacktoberfest",
              "kubernetes",
              "kubernetes-security",
              "policy-as-code",
              "webassembly"
            ],
            "visibility": "public",
            "vulnerability_alerts": true
          },
          "sensitive_attributes": [],
          "private": "bnVsbA=="
        }
      ]
    },
    {
      "module": "module.kubewarden_policy_hub_repository",
      "mode": "managed",
      "type": "github_team_repository",
      "name": "gh_team_push_rights",
      "provider": "provider[\"registry.terraform.io/integrations/github\"].kubewarden",
      "instances": [
        {
          "index_key": 0,
          "schema_version": 0,
          "attributes": {
            "etag": "W/\"cf0a7f96b00f9d28ea1a2d64389092878f531e75584daf759cecb863dae15b50\"",
            "id": "4972867:policy-hub",
            "permission": "push",
            "repository": "policy-hub",
            "team_id": "4972867"
          },
          "sensitive_attributes": [],
          "private": "bnVsbA==",
          "dependencies": [
            "data.github_team.kubewarden_developers",
            "data.github_team.kubewarden_documentation",
            "module.kubewarden_policy_hub_repository.github_repository.main"
          ]
        },
        {
          "index_key": 1,
          "schema_version": 0,
          "attributes": {
            "etag": "W/\"cf0a7f96b00f9d28ea1a2d64389092878f531e75584daf759cecb863dae15b50\"",
            "id": "5417591:policy-hub",
            "permission": "push",
            "repository": "policy-hub",
            "team_id": "5417591"
          },
          "sensitive_attributes": [],
          "private": "bnVsbA==",
          "dependencies": [
            "data.github_team.kubewarden_developers",
            "data.github_team.kubewarden_documentation",
            "module.kubewarden_policy_hub_repository.github_repository.main"
          ]
        }
      ]
    },
    {
      "module": "module.kubewarden_rfc_repository",
      "mode": "managed",
      "type": "github_repository",
      "name": "main",
      "provider": "provider[\"registry.terraform.io/integrations/github\"].kubewarden",
      "instances": [
        {
          "schema_version": 0,
          "attributes": {
            "allow_auto_merge": false,
            "allow_merge_commit": true,
            "allow_rebase_merge": true,
            "allow_squash_merge": true,
            "archive_on_destroy": null,
            "archived": false,
            "auto_init": null,
            "branches": [],
            "default_branch": "main",
            "delete_branch_on_merge": false,
            "description": "Kubewarden's RFCs",
            "etag": "W/\"6e797e3d62d82ac6808ea88f672f2e110fb1fe1ab29de2aec050a29c67bc6606\"",
            "full_name": "kubewarden/rfc",
            "git_clone_url": "git://github.com/kubewarden/rfc.git",
            "gitignore_template": null,
            "has_downloads": true,
            "has_issues": true,
            "has_projects": false,
            "has_wiki": true,
            "homepage_url": "https://github.com/kubewarden/",
            "html_url": "https://github.com/kubewarden/rfc",
            "http_clone_url": "https://github.com/kubewarden/rfc.git",
            "id": "rfc",
            "is_template": false,
            "license_template": null,
            "name": "rfc",
            "node_id": "R_kgDOG-SiGg",
            "pages": [],
            "private": false,
            "repo_id": 467968538,
            "ssh_clone_url": "git@github.com:kubewarden/rfc.git",
            "svn_url": "https://github.com/kubewarden/rfc",
            "template": [],
            "topics": [
              "hacktoberfest",
              "kubernetes",
              "kubernetes-security",
              "policy-as-code",
              "webassembly"
            ],
            "visibility": "public",
            "vulnerability_alerts": true
          },
          "sensitive_attributes": [],
          "private": "bnVsbA=="
        }
      ]
    },
    {
      "module": "module.kubewarden_rfc_repository",
      "mode": "managed",
      "type": "github_team_repository",
      "name": "gh_team_push_rights",
      "provider": "provider[\"registry.terraform.io/integrations/github\"].kubewarden",
      "instances": [
        {
          "index_key": 0,
          "schema_version": 0,
          "attributes": {
            "etag": "W/\"a7f1c3e8d3d5824e2e2e8770fc89483e372029e903d781da2cdd5113233a72e7\"",
            "id": "4972867:rfc",
            "permission": "push",
            "repository": "rfc",
            "team_id": "4972867"
          },
          "sensitive_attributes": [],
          "private": "bnVsbA==",
          "dependencies": [
            "data.github_team.kubewarden_developers",
            "data.github_team.kubewarden_documentation",
            "module.kubewarden_rfc_repository.github_repository.main"
          ]
        },
        {
          "index_key": 1,
          "schema_version": 0,
          "attributes": {
            "etag": "W/\"a7f1c3e8d3d5824e2e2e8770fc89483e372029e903d781da2cdd5113233a72e7\"",
            "id": "5417591:rfc",
            "permission": "push",
            "repository": "rfc",
            "team_id": "5417591"
          },
          "sensitive_attributes": [],
          "private": "bnVsbA==",
          "dependencies": [
            "data.github_team.kubewarden_developers",
            "data.github_team.kubewarden_documentation",
            "module.kubewarden_rfc_repository.github_repository.main"
          ]
        }
      ]
    },
    {
      "module": "module.policy_repository_allow_privilege_escalation_psp_policy",
      "mode": "managed",
      "type": "github_repository",
      "name": "main",
      "provider": "provider[\"registry.terraform.io/integrations/github\"].kubewarden",
      "instances": [
        {
          "schema_version": 0,
          "attributes": {
            "allow_auto_merge": false,
            "allow_merge_commit": true,
            "allow_rebase_merge": true,
            "allow_squash_merge": true,
            "archive_on_destroy": null,
            "archived": false,
            "auto_init": false,
            "branches": [
              {
                "name": "main",
                "protected": false
              },
              {
                "name": "renovate/all-minor-patch",
                "protected": false
              },
              {
                "name": "renovate/wapc-guest-1.x",
                "protected": false
              }
            ],
            "default_branch": "main",
            "delete_branch_on_merge": false,
            "description": "A Kubewarden Pod Security Policy that controls usage of allowPrivilegeEscalation",
            "etag": "W/\"ea1122167bb4b6ec909bbf61cf3c43244333f99d48606f3984973c810fcafb9f\"",
            "full_name": "kubewarden/allow-privilege-escalation-psp-policy",
            "git_clone_url": "git://github.com/kubewarden/allow-privilege-escalation-psp-policy.git",
            "gitignore_template": null,
            "has_downloads": true,
            "has_issues": true,
            "has_projects": false,
            "has_wiki": true,
            "homepage_url": "",
            "html_url": "https://github.com/kubewarden/allow-privilege-escalation-psp-policy",
            "http_clone_url": "https://github.com/kubewarden/allow-privilege-escalation-psp-policy.git",
            "id": "allow-privilege-escalation-psp-policy",
            "is_template": false,
            "license_template": null,
            "name": "allow-privilege-escalation-psp-policy",
            "node_id": "MDEwOlJlcG9zaXRvcnkzNDY3MjY1Mjk=",
            "pages": [],
            "private": false,
            "repo_id": 346726529,
            "ssh_clone_url": "git@github.com:kubewarden/allow-privilege-escalation-psp-policy.git",
            "svn_url": "https://github.com/kubewarden/allow-privilege-escalation-psp-policy",
            "template": [],
            "topics": [
              "hacktoberfest",
              "kubernetes",
              "kubernetes-security",
              "kubewarden-policy",
              "pod-security-policy",
              "policy-as-code",
              "webassembly"
            ],
            "visibility": "public",
            "vulnerability_alerts": true
          },
          "sensitive_attributes": [],
          "private": "bnVsbA=="
        }
      ]
    },
    {
      "module": "module.policy_repository_allow_privilege_escalation_psp_policy",
      "mode": "managed",
      "type": "github_team_repository",
      "name": "gh_team_push_rights",
      "provider": "provider[\"registry.terraform.io/integrations/github\"].kubewarden",
      "instances": [
        {
          "index_key": 0,
          "schema_version": 0,
          "attributes": {
            "etag": "W/\"ce886cdd9c02cd4a8e9416cb0c807a39cffead256fcadc1789665cd871c74b7a\"",
            "id": "4972867:allow-privilege-escalation-psp-policy",
            "permission": "push",
            "repository": "allow-privilege-escalation-psp-policy",
            "team_id": "4972867"
          },
          "sensitive_attributes": [],
          "private": "bnVsbA==",
          "dependencies": [
            "data.github_team.kubewarden_developers",
            "module.policy_repository_allow_privilege_escalation_psp_policy.github_repository.main"
          ]
        }
      ]
    },
    {
      "module": "module.policy_repository_allowed_fsgroups_psp_policy",
      "mode": "managed",
      "type": "github_repository",
      "name": "main",
      "provider": "provider[\"registry.terraform.io/integrations/github\"].kubewarden",
      "instances": [
        {
          "schema_version": 0,
          "attributes": {
            "allow_auto_merge": false,
            "allow_merge_commit": true,
            "allow_rebase_merge": true,
            "allow_squash_merge": true,
            "archive_on_destroy": null,
            "archived": false,
            "auto_init": false,
            "branches": null,
            "default_branch": "main",
            "delete_branch_on_merge": false,
            "description": "Replacement for the Kubernetes Pod Security Policy that controls the usage of fsGroup in the pod security context",
            "etag": "W/\"a61a73125ef66a432136ee0a52aecd3ea654b5da373641a395f4d7f8a9de915b\"",
            "full_name": "kubewarden/allowed-fsgroups-psp-policy",
            "git_clone_url": "git://github.com/kubewarden/allowed-fsgroups-psp-policy.git",
            "gitignore_template": null,
            "has_downloads": true,
            "has_issues": true,
            "has_projects": false,
            "has_wiki": true,
            "homepage_url": "",
            "html_url": "https://github.com/kubewarden/allowed-fsgroups-psp-policy",
            "http_clone_url": "https://github.com/kubewarden/allowed-fsgroups-psp-policy.git",
            "id": "allowed-fsgroups-psp-policy",
            "is_template": false,
            "license_template": null,
            "name": "allowed-fsgroups-psp-policy",
            "node_id": "R_kgDOGZKOzQ",
            "pages": [],
            "private": false,
            "repo_id": 429035213,
            "ssh_clone_url": "git@github.com:kubewarden/allowed-fsgroups-psp-policy.git",
            "svn_url": "https://github.com/kubewarden/allowed-fsgroups-psp-policy",
            "template": [],
            "topics": [
              "hacktoberfest",
              "kubernetes",
              "kubernetes-security",
              "kubewarden-policy",
              "pod-security-policy",
              "policy-as-code",
              "webassembly"
            ],
            "visibility": "public",
            "vulnerability_alerts": true
          },
          "sensitive_attributes": [],
          "private": "bnVsbA=="
        }
      ]
    },
    {
      "module": "module.policy_repository_allowed_fsgroups_psp_policy",
      "mode": "managed",
      "type": "github_team_repository",
      "name": "gh_team_push_rights",
      "provider": "provider[\"registry.terraform.io/integrations/github\"].kubewarden",
      "instances": [
        {
          "index_key": 0,
          "schema_version": 0,
          "attributes": {
            "etag": "W/\"9343b07df7648d3c9a7f35af81a6d379baf1e6febb351fa60cf4882d060ce120\"",
            "id": "4972867:allowed-fsgroups-psp-policy",
            "permission": "push",
            "repository": "allowed-fsgroups-psp-policy",
            "team_id": "4972867"
          },
          "sensitive_attributes": [],
          "private": "bnVsbA==",
          "dependencies": [
            "module.policy_repository_allowed_fsgroups_psp_policy.github_repository.main",
            "data.github_team.kubewarden_developers"
          ]
        }
      ]
    },
    {
      "module": "module.policy_repository_allowed_proc_mount_types_psp_policy",
      "mode": "managed",
      "type": "github_repository",
      "name": "main",
      "provider": "provider[\"registry.terraform.io/integrations/github\"].kubewarden",
      "instances": [
        {
          "schema_version": 0,
          "attributes": {
            "allow_auto_merge": false,
            "allow_merge_commit": true,
            "allow_rebase_merge": true,
            "allow_squash_merge": true,
            "archive_on_destroy": null,
            "archived": false,
            "auto_init": false,
            "branches": [
              {
                "name": "main",
                "protected": false
              },
              {
                "name": "renovate/wapc-guest-1.x",
                "protected": false
              }
            ],
            "default_branch": "main",
            "delete_branch_on_merge": false,
            "description": "Replacement for the Kubernetes Pod Security Policy that controls the usage of /proc mount types",
            "etag": "W/\"4ed74136c39678231b0d08e3de0151b8bcbb6ce9850c53b8fc6d980b3417ed1c\"",
            "full_name": "kubewarden/allowed-proc-mount-types-psp-policy",
            "git_clone_url": "git://github.com/kubewarden/allowed-proc-mount-types-psp-policy.git",
            "gitignore_template": null,
            "has_downloads": true,
            "has_issues": true,
            "has_projects": false,
            "has_wiki": true,
            "homepage_url": "",
            "html_url": "https://github.com/kubewarden/allowed-proc-mount-types-psp-policy",
            "http_clone_url": "https://github.com/kubewarden/allowed-proc-mount-types-psp-policy.git",
            "id": "allowed-proc-mount-types-psp-policy",
            "is_template": false,
            "license_template": null,
            "name": "allowed-proc-mount-types-psp-policy",
            "node_id": "R_kgDOGYyF-w",
            "pages": [],
            "private": false,
            "repo_id": 428639739,
            "ssh_clone_url": "git@github.com:kubewarden/allowed-proc-mount-types-psp-policy.git",
            "svn_url": "https://github.com/kubewarden/allowed-proc-mount-types-psp-policy",
            "template": [],
            "topics": [
              "hacktoberfest",
              "kubernetes",
              "kubernetes-security",
              "kubewarden-policy",
              "pod-security-policy",
              "policy-as-code",
              "webassembly"
            ],
            "visibility": "public",
            "vulnerability_alerts": true
          },
          "sensitive_attributes": [],
          "private": "bnVsbA=="
        }
      ]
    },
    {
      "module": "module.policy_repository_allowed_proc_mount_types_psp_policy",
      "mode": "managed",
      "type": "github_team_repository",
      "name": "gh_team_push_rights",
      "provider": "provider[\"registry.terraform.io/integrations/github\"].kubewarden",
      "instances": [
        {
          "index_key": 0,
          "schema_version": 0,
          "attributes": {
            "etag": "W/\"f7111600ecbb79c8164d4f6a2e15c2c42493afe9f483f514e774cefab2e12eb5\"",
            "id": "4972867:allowed-proc-mount-types-psp-policy",
            "permission": "push",
            "repository": "allowed-proc-mount-types-psp-policy",
            "team_id": "4972867"
          },
          "sensitive_attributes": [],
          "private": "bnVsbA==",
          "dependencies": [
            "data.github_team.kubewarden_developers",
            "module.policy_repository_allowed_proc_mount_types_psp_policy.github_repository.main"
          ]
        }
      ]
    },
    {
      "module": "module.policy_repository_apparmor_psp_policy",
      "mode": "managed",
      "type": "github_repository",
      "name": "main",
      "provider": "provider[\"registry.terraform.io/integrations/github\"].kubewarden",
      "instances": [
        {
          "schema_version": 0,
          "attributes": {
            "allow_auto_merge": false,
            "allow_merge_commit": true,
            "allow_rebase_merge": true,
            "allow_squash_merge": true,
            "archive_on_destroy": null,
            "archived": false,
            "auto_init": false,
            "branches": [
              {
                "name": "main",
                "protected": false
              },
              {
                "name": "renovate/all-minor-patch",
                "protected": false
              },
              {
                "name": "renovate/wapc-guest-1.x",
                "protected": false
              }
            ],
            "default_branch": "main",
            "delete_branch_on_merge": false,
            "description": "A Kubewarden Pod Security Policy that controls usage of AppArmor profiles",
            "etag": "W/\"e37ea3ce63404f6870f594a4c35873117f45cbc005d8078bcb303da3bcd07a86\"",
            "full_name": "kubewarden/apparmor-psp-policy",
            "git_clone_url": "git://github.com/kubewarden/apparmor-psp-policy.git",
            "gitignore_template": null,
            "has_downloads": true,
            "has_issues": true,
            "has_projects": false,
            "has_wiki": true,
            "homepage_url": "",
            "html_url": "https://github.com/kubewarden/apparmor-psp-policy",
            "http_clone_url": "https://github.com/kubewarden/apparmor-psp-policy.git",
            "id": "apparmor-psp-policy",
            "is_template": false,
            "license_template": null,
            "name": "apparmor-psp-policy",
            "node_id": "MDEwOlJlcG9zaXRvcnkzNDcxNDYyNzY=",
            "pages": [],
            "private": false,
            "repo_id": 347146276,
            "ssh_clone_url": "git@github.com:kubewarden/apparmor-psp-policy.git",
            "svn_url": "https://github.com/kubewarden/apparmor-psp-policy",
            "template": [],
            "topics": [
              "hacktoberfest",
              "kubernetes",
              "kubernetes-security",
              "kubewarden-policy",
              "pod-security-policy",
              "policy-as-code",
              "webassembly"
            ],
            "visibility": "public",
            "vulnerability_alerts": true
          },
          "sensitive_attributes": [],
          "private": "bnVsbA=="
        }
      ]
    },
    {
      "module": "module.policy_repository_apparmor_psp_policy",
      "mode": "managed",
      "type": "github_team_repository",
      "name": "gh_team_push_rights",
      "provider": "provider[\"registry.terraform.io/integrations/github\"].kubewarden",
      "instances": [
        {
          "index_key": 0,
          "schema_version": 0,
          "attributes": {
            "etag": "W/\"8514a9b30c57663f643bba56195f0c8f8723d65d25880e00899a80a6f9eb624f\"",
            "id": "4972867:apparmor-psp-policy",
            "permission": "push",
            "repository": "apparmor-psp-policy",
            "team_id": "4972867"
          },
          "sensitive_attributes": [],
          "private": "bnVsbA==",
          "dependencies": [
            "data.github_team.kubewarden_developers",
            "module.policy_repository_apparmor_psp_policy.github_repository.main"
          ]
        }
      ]
    },
    {
      "module": "module.policy_repository_capabilities_psp_policy",
      "mode": "managed",
      "type": "github_repository",
      "name": "main",
      "provider": "provider[\"registry.terraform.io/integrations/github\"].kubewarden",
      "instances": [
        {
          "schema_version": 0,
          "attributes": {
            "allow_auto_merge": false,
            "allow_merge_commit": true,
            "allow_rebase_merge": true,
            "allow_squash_merge": true,
            "archive_on_destroy": null,
            "archived": false,
            "auto_init": false,
            "branches": [
              {
                "name": "logging",
                "protected": false
              },
              {
                "name": "main",
                "protected": false
              },
              {
                "name": "renovate/wapc-guest-1.x",
                "protected": false
              }
            ],
            "default_branch": "main",
            "delete_branch_on_merge": false,
            "description": "A Pod Security Policy that controls Container Capabilities",
            "etag": "W/\"08b6b6fb2d463e0e5bab4fff9b55fc009bd95967fe52ab863a9c04d867ce745e\"",
            "full_name": "kubewarden/capabilities-psp-policy",
            "git_clone_url": "git://github.com/kubewarden/capabilities-psp-policy.git",
            "gitignore_template": null,
            "has_downloads": true,
            "has_issues": true,
            "has_projects": false,
            "has_wiki": true,
            "homepage_url": "",
            "html_url": "https://github.com/kubewarden/capabilities-psp-policy",
            "http_clone_url": "https://github.com/kubewarden/capabilities-psp-policy.git",
            "id": "capabilities-psp-policy",
            "is_template": false,
            "license_template": null,
            "name": "capabilities-psp-policy",
            "node_id": "MDEwOlJlcG9zaXRvcnkzNDk4MDUwNTg=",
            "pages": [],
            "private": false,
            "repo_id": 349805058,
            "ssh_clone_url": "git@github.com:kubewarden/capabilities-psp-policy.git",
            "svn_url": "https://github.com/kubewarden/capabilities-psp-policy",
            "template": [],
            "topics": [
              "hacktoberfest",
              "kubernetes",
              "kubernetes-security",
              "kubewarden-policy",
              "pod-security-policy",
              "policy-as-code",
              "webassembly"
            ],
            "visibility": "public",
            "vulnerability_alerts": true
          },
          "sensitive_attributes": [],
          "private": "bnVsbA=="
        }
      ]
    },
    {
      "module": "module.policy_repository_capabilities_psp_policy",
      "mode": "managed",
      "type": "github_team_repository",
      "name": "gh_team_push_rights",
      "provider": "provider[\"registry.terraform.io/integrations/github\"].kubewarden",
      "instances": [
        {
          "index_key": 0,
          "schema_version": 0,
          "attributes": {
            "etag": "W/\"a1a1958a50cc12ee2cbf3f5721bbb0a9ca5879aa05e6bcb8598361b871848b90\"",
            "id": "4972867:capabilities-psp-policy",
            "permission": "push",
            "repository": "capabilities-psp-policy",
            "team_id": "4972867"
          },
          "sensitive_attributes": [],
          "private": "bnVsbA==",
          "dependencies": [
            "data.github_team.kubewarden_developers",
            "module.policy_repository_capabilities_psp_policy.github_repository.main"
          ]
        }
      ]
    },
    {
      "module": "module.policy_repository_disallow_service_loadbalancer_policy",
      "mode": "managed",
      "type": "github_repository",
      "name": "main",
      "provider": "provider[\"registry.terraform.io/integrations/github\"].kubewarden",
      "instances": [
        {
          "schema_version": 0,
          "attributes": {
            "allow_auto_merge": false,
            "allow_merge_commit": true,
            "allow_rebase_merge": true,
            "allow_squash_merge": true,
            "archive_on_destroy": null,
            "archived": false,
            "auto_init": false,
            "branches": [
              {
                "name": "main",
                "protected": false
              }
            ],
            "default_branch": "main",
            "delete_branch_on_merge": false,
            "description": "A policy that prevents the creation of Service resources with type LoadBalancer",
            "etag": "W/\"c8dcdad06cd7cf714c0e19d83b61b61e09d3b72aa133b9c500cef2af43ef3588\"",
            "full_name": "kubewarden/disallow-service-loadbalancer-policy",
            "git_clone_url": "git://github.com/kubewarden/disallow-service-loadbalancer-policy.git",
            "gitignore_template": null,
            "has_downloads": true,
            "has_issues": true,
            "has_projects": false,
            "has_wiki": true,
            "homepage_url": "",
            "html_url": "https://github.com/kubewarden/disallow-service-loadbalancer-policy",
            "http_clone_url": "https://github.com/kubewarden/disallow-service-loadbalancer-policy.git",
            "id": "disallow-service-loadbalancer-policy",
            "is_template": false,
            "license_template": null,
            "name": "disallow-service-loadbalancer-policy",
            "node_id": "R_kgDOGGQvPQ",
            "pages": [],
            "private": false,
            "repo_id": 409218877,
            "ssh_clone_url": "git@github.com:kubewarden/disallow-service-loadbalancer-policy.git",
            "svn_url": "https://github.com/kubewarden/disallow-service-loadbalancer-policy",
            "template": [],
            "topics": [
              "gatekeeper",
              "hacktoberfest",
              "kubernetes",
              "kubernetes-security",
              "kubewarden-policy",
              "open-policy-agent",
              "policy-as-code",
              "webassembly"
            ],
            "visibility": "public",
            "vulnerability_alerts": true
          },
          "sensitive_attributes": [],
          "private": "bnVsbA=="
        }
      ]
    },
    {
      "module": "module.policy_repository_disallow_service_loadbalancer_policy",
      "mode": "managed",
      "type": "github_team_repository",
      "name": "gh_team_push_rights",
      "provider": "provider[\"registry.terraform.io/integrations/github\"].kubewarden",
      "instances": [
        {
          "index_key": 0,
          "schema_version": 0,
          "attributes": {
            "etag": "W/\"8f413a41fa4baa2ea9a80a9706db92b60cb0f1ef167e43bc71d88370e655e209\"",
            "id": "4972867:disallow-service-loadbalancer-policy",
            "permission": "push",
            "repository": "disallow-service-loadbalancer-policy",
            "team_id": "4972867"
          },
          "sensitive_attributes": [],
          "private": "bnVsbA==",
          "dependencies": [
            "data.github_team.kubewarden_developers",
            "module.policy_repository_disallow_service_loadbalancer_policy.github_repository.main"
          ]
        }
      ]
    },
    {
      "module": "module.policy_repository_disallow_service_nodeport_policy",
      "mode": "managed",
      "type": "github_repository",
      "name": "main",
      "provider": "provider[\"registry.terraform.io/integrations/github\"].kubewarden",
      "instances": [
        {
          "schema_version": 0,
          "attributes": {
            "allow_auto_merge": false,
            "allow_merge_commit": true,
            "allow_rebase_merge": true,
            "allow_squash_merge": true,
            "archive_on_destroy": null,
            "archived": false,
            "auto_init": false,
            "branches": null,
            "default_branch": "main",
            "delete_branch_on_merge": false,
            "description": "A policy that prevents the creation of Service resources with type NodePort",
            "etag": "W/\"b35cfc035180e11b11de2fdf224a328e8c849afe10366b8091af970471d02d7d\"",
            "full_name": "kubewarden/disallow-service-nodeport-policy",
            "git_clone_url": "git://github.com/kubewarden/disallow-service-nodeport-policy.git",
            "gitignore_template": null,
            "has_downloads": true,
            "has_issues": true,
            "has_projects": false,
            "has_wiki": true,
            "homepage_url": "",
            "html_url": "https://github.com/kubewarden/disallow-service-nodeport-policy",
            "http_clone_url": "https://github.com/kubewarden/disallow-service-nodeport-policy.git",
            "id": "disallow-service-nodeport-policy",
            "is_template": false,
            "license_template": null,
            "name": "disallow-service-nodeport-policy",
            "node_id": "MDEwOlJlcG9zaXRvcnk0MDc0ODUxNDk=",
            "pages": [],
            "private": false,
            "repo_id": 407485149,
            "ssh_clone_url": "git@github.com:kubewarden/disallow-service-nodeport-policy.git",
            "svn_url": "https://github.com/kubewarden/disallow-service-nodeport-policy",
            "template": [],
            "topics": [
              "gatekeeper",
              "hacktoberfest",
              "kubernetes",
              "kubernetes-security",
              "kubewarden-policy",
              "open-policy-agent",
              "policy-as-code",
              "webassembly"
            ],
            "visibility": "public",
            "vulnerability_alerts": true
          },
          "sensitive_attributes": [],
          "private": "bnVsbA=="
        }
      ]
    },
    {
      "module": "module.policy_repository_disallow_service_nodeport_policy",
      "mode": "managed",
      "type": "github_team_repository",
      "name": "gh_team_push_rights",
      "provider": "provider[\"registry.terraform.io/integrations/github\"].kubewarden",
      "instances": [
        {
          "index_key": 0,
          "schema_version": 0,
          "attributes": {
            "etag": "W/\"01f49de734495cf216c279df6e78ca616eb1dc35e9ce758e95e415e0538cae25\"",
            "id": "4972867:disallow-service-nodeport-policy",
            "permission": "push",
            "repository": "disallow-service-nodeport-policy",
            "team_id": "4972867"
          },
          "sensitive_attributes": [],
          "private": "bnVsbA==",
          "dependencies": [
            "data.github_team.kubewarden_developers",
            "module.policy_repository_disallow_service_nodeport_policy.github_repository.main"
          ]
        }
      ]
    },
    {
      "module": "module.policy_repository_flexvolume_drivers_psp_policy",
      "mode": "managed",
      "type": "github_repository",
      "name": "main",
      "provider": "provider[\"registry.terraform.io/integrations/github\"].kubewarden",
      "instances": [
        {
          "schema_version": 0,
          "attributes": {
            "allow_auto_merge": false,
            "allow_merge_commit": true,
            "allow_rebase_merge": true,
            "allow_squash_merge": true,
            "archive_on_destroy": null,
            "archived": false,
            "auto_init": false,
            "branches": [
              {
                "name": "main",
                "protected": false
              },
              {
                "name": "renovate/wapc-guest-1.x",
                "protected": false
              }
            ],
            "default_branch": "main",
            "delete_branch_on_merge": false,
            "description": "Replacement for the Kubernetes Pod Security Policy that controls the allowed `flexVolume` drivers",
            "etag": "W/\"079d4a7d5c6abcf79ea237b67dd2baa1caf106a48f8d5b2570d3ea029e981ff9\"",
            "full_name": "kubewarden/flexvolume-drivers-psp-policy",
            "git_clone_url": "git://github.com/kubewarden/flexvolume-drivers-psp-policy.git",
            "gitignore_template": null,
            "has_downloads": true,
            "has_issues": true,
            "has_projects": false,
            "has_wiki": true,
            "homepage_url": "",
            "html_url": "https://github.com/kubewarden/flexvolume-drivers-psp-policy",
            "http_clone_url": "https://github.com/kubewarden/flexvolume-drivers-psp-policy.git",
            "id": "flexvolume-drivers-psp-policy",
            "is_template": false,
            "license_template": null,
            "name": "flexvolume-drivers-psp-policy",
            "node_id": "R_kgDOGZ3jLw",
            "pages": [],
            "private": false,
            "repo_id": 429777711,
            "ssh_clone_url": "git@github.com:kubewarden/flexvolume-drivers-psp-policy.git",
            "svn_url": "https://github.com/kubewarden/flexvolume-drivers-psp-policy",
            "template": [],
            "topics": [
              "hacktoberfest",
              "kubernetes",
              "kubernetes-security",
              "kubewarden-policy",
              "pod-security-policy",
              "policy-as-code",
              "webassembly"
            ],
            "visibility": "public",
            "vulnerability_alerts": true
          },
          "sensitive_attributes": [],
          "private": "bnVsbA=="
        }
      ]
    },
    {
      "module": "module.policy_repository_flexvolume_drivers_psp_policy",
      "mode": "managed",
      "type": "github_team_repository",
      "name": "gh_team_push_rights",
      "provider": "provider[\"registry.terraform.io/integrations/github\"].kubewarden",
      "instances": [
        {
          "index_key": 0,
          "schema_version": 0,
          "attributes": {
            "etag": "W/\"443fa71df8ee6c9a31a72fdf67be8a36d108ff4966cdf0ad2d8f68dc3e9413f8\"",
            "id": "4972867:flexvolume-drivers-psp-policy",
            "permission": "push",
            "repository": "flexvolume-drivers-psp-policy",
            "team_id": "4972867"
          },
          "sensitive_attributes": [],
          "private": "bnVsbA==",
          "dependencies": [
            "data.github_team.kubewarden_developers",
            "module.policy_repository_flexvolume_drivers_psp_policy.github_repository.main"
          ]
        }
      ]
    },
    {
      "module": "module.policy_repository_host_namespaces_psp_policy",
      "mode": "managed",
      "type": "github_repository",
      "name": "main",
      "provider": "provider[\"registry.terraform.io/integrations/github\"].kubewarden",
      "instances": [
        {
          "schema_version": 0,
          "attributes": {
            "allow_auto_merge": false,
            "allow_merge_commit": true,
            "allow_rebase_merge": true,
            "allow_squash_merge": true,
            "archive_on_destroy": null,
            "archived": false,
            "auto_init": false,
            "branches": [
              {
                "name": "main",
                "protected": false
              },
              {
                "name": "renovate/wapc-guest-1.x",
                "protected": false
              }
            ],
            "default_branch": "main",
            "delete_branch_on_merge": false,
            "description": "Replacement for the Kubernetes Pod Security Policy that controls the usage of host namespaces",
            "etag": "W/\"544f7cfb71054d5d10959f6db5b2687381de922d5f674762048412cd324680d9\"",
            "full_name": "kubewarden/host-namespaces-psp-policy",
            "git_clone_url": "git://github.com/kubewarden/host-namespaces-psp-policy.git",
            "gitignore_template": null,
            "has_downloads": true,
            "has_issues": true,
            "has_projects": false,
            "has_wiki": true,
            "homepage_url": "",
            "html_url": "https://github.com/kubewarden/host-namespaces-psp-policy",
            "http_clone_url": "https://github.com/kubewarden/host-namespaces-psp-policy.git",
            "id": "host-namespaces-psp-policy",
            "is_template": false,
            "license_template": null,
            "name": "host-namespaces-psp-policy",
            "node_id": "MDEwOlJlcG9zaXRvcnkzNzQ2MzEyNDM=",
            "pages": [],
            "private": false,
            "repo_id": 374631243,
            "ssh_clone_url": "git@github.com:kubewarden/host-namespaces-psp-policy.git",
            "svn_url": "https://github.com/kubewarden/host-namespaces-psp-policy",
            "template": [],
            "topics": [
              "hacktoberfest",
              "kubernetes",
              "kubernetes-security",
              "kubewarden-policy",
              "pod-security-policy",
              "policy-as-code",
              "webassembly"
            ],
            "visibility": "public",
            "vulnerability_alerts": true
          },
          "sensitive_attributes": [],
          "private": "bnVsbA=="
        }
      ]
    },
    {
      "module": "module.policy_repository_host_namespaces_psp_policy",
      "mode": "managed",
      "type": "github_team_repository",
      "name": "gh_team_push_rights",
      "provider": "provider[\"registry.terraform.io/integrations/github\"].kubewarden",
      "instances": [
        {
          "index_key": 0,
          "schema_version": 0,
          "attributes": {
            "etag": "W/\"3076f39d4de772464b9807424e8448af8f94192121f28c6a71293c015cbe0aef\"",
            "id": "4972867:host-namespaces-psp-policy",
            "permission": "push",
            "repository": "host-namespaces-psp-policy",
            "team_id": "4972867"
          },
          "sensitive_attributes": [],
          "private": "bnVsbA==",
          "dependencies": [
            "data.github_team.kubewarden_developers",
            "module.policy_repository_host_namespaces_psp_policy.github_repository.main"
          ]
        }
      ]
    },
    {
      "module": "module.policy_repository_hostpaths_psp_policy",
      "mode": "managed",
      "type": "github_repository",
      "name": "main",
      "provider": "provider[\"registry.terraform.io/integrations/github\"].kubewarden",
      "instances": [
        {
          "schema_version": 0,
          "attributes": {
            "allow_auto_merge": false,
            "allow_merge_commit": true,
            "allow_rebase_merge": true,
            "allow_squash_merge": true,
            "archive_on_destroy": null,
            "archived": false,
            "auto_init": false,
            "branches": null,
            "default_branch": "main",
            "delete_branch_on_merge": false,
            "description": "Replacement for the Kubernetes Pod Security Policy that controls the usage of hostpaths",
            "etag": "W/\"8061d7f7720a8f458b8cfbe0a562ff76cc5613eaac36439244fe3c48b97e5029\"",
            "full_name": "kubewarden/hostpaths-psp-policy",
            "git_clone_url": "git://github.com/kubewarden/hostpaths-psp-policy.git",
            "gitignore_template": null,
            "has_downloads": true,
            "has_issues": true,
            "has_projects": false,
            "has_wiki": true,
            "homepage_url": "",
            "html_url": "https://github.com/kubewarden/hostpaths-psp-policy",
            "http_clone_url": "https://github.com/kubewarden/hostpaths-psp-policy.git",
            "id": "hostpaths-psp-policy",
            "is_template": false,
            "license_template": null,
            "name": "hostpaths-psp-policy",
            "node_id": "MDEwOlJlcG9zaXRvcnkzOTI3MzA4MzM=",
            "pages": [],
            "private": false,
            "repo_id": 392730833,
            "ssh_clone_url": "git@github.com:kubewarden/hostpaths-psp-policy.git",
            "svn_url": "https://github.com/kubewarden/hostpaths-psp-policy",
            "template": [
              {
                "owner": "kubewarden",
                "repository": "go-policy-template"
              }
            ],
            "topics": [
              "hacktoberfest",
              "kubernetes",
              "kubernetes-security",
              "kubewarden-policy",
              "pod-security-policy",
              "policy-as-code",
              "webassembly"
            ],
            "visibility": "public",
            "vulnerability_alerts": true
          },
          "sensitive_attributes": [],
          "private": "bnVsbA=="
        }
      ]
    },
    {
      "module": "module.policy_repository_hostpaths_psp_policy",
      "mode": "managed",
      "type": "github_team_repository",
      "name": "gh_team_push_rights",
      "provider": "provider[\"registry.terraform.io/integrations/github\"].kubewarden",
      "instances": [
        {
          "index_key": 0,
          "schema_version": 0,
          "attributes": {
            "etag": "W/\"f9f911edbc49f46a1ffae5674fe4ee1d8cb845fe2b768cda0cac8576e13e9a39\"",
            "id": "4972867:hostpaths-psp-policy",
            "permission": "push",
            "repository": "hostpaths-psp-policy",
            "team_id": "4972867"
          },
          "sensitive_attributes": [],
          "private": "bnVsbA==",
          "dependencies": [
            "data.github_team.kubewarden_developers",
            "module.policy_repository_hostpaths_psp_policy.github_repository.main"
          ]
        }
      ]
    },
    {
      "module": "module.policy_repository_ingress_policy",
      "mode": "managed",
      "type": "github_repository",
      "name": "main",
      "provider": "provider[\"registry.terraform.io/integrations/github\"].kubewarden",
      "instances": [
        {
          "schema_version": 0,
          "attributes": {
            "allow_auto_merge": false,
            "allow_merge_commit": true,
            "allow_rebase_merge": true,
            "allow_squash_merge": true,
            "archive_on_destroy": null,
            "archived": false,
            "auto_init": false,
            "branches": [
              {
                "name": "main",
                "protected": false
              },
              {
                "name": "reusable-workflows",
                "protected": false
              }
            ],
            "default_branch": "main",
            "delete_branch_on_merge": false,
            "description": "Policy to enforce requirements on Kubernetes Ingress resources.",
            "etag": "W/\"b35132f44a3ea25095d0f31e0e8a0bb038b4cc0508b46e5105ed6a221b068eb2\"",
            "full_name": "kubewarden/ingress-policy",
            "git_clone_url": "git://github.com/kubewarden/ingress-policy.git",
            "gitignore_template": null,
            "has_downloads": true,
            "has_issues": true,
            "has_projects": false,
            "has_wiki": true,
            "homepage_url": "",
            "html_url": "https://github.com/kubewarden/ingress-policy",
            "http_clone_url": "https://github.com/kubewarden/ingress-policy.git",
            "id": "ingress-policy",
            "is_template": false,
            "license_template": null,
            "name": "ingress-policy",
            "node_id": "MDEwOlJlcG9zaXRvcnkzNDkwNDg5NjU=",
            "pages": [],
            "private": false,
            "repo_id": 349048965,
            "ssh_clone_url": "git@github.com:kubewarden/ingress-policy.git",
            "svn_url": "https://github.com/kubewarden/ingress-policy",
            "template": [],
            "topics": [
              "hacktoberfest",
              "ingress",
              "ingresses-resources",
              "kubernetes",
              "kubernetes-security",
              "kubewarden-policy",
              "policy-as-code",
              "webassembly"
            ],
            "visibility": "public",
            "vulnerability_alerts": true
          },
          "sensitive_attributes": [],
          "private": "bnVsbA=="
        }
      ]
    },
    {
      "module": "module.policy_repository_ingress_policy",
      "mode": "managed",
      "type": "github_team_repository",
      "name": "gh_team_push_rights",
      "provider": "provider[\"registry.terraform.io/integrations/github\"].kubewarden",
      "instances": [
        {
          "index_key": 0,
          "schema_version": 0,
          "attributes": {
            "etag": "W/\"9d8ce5479185922a03b4bb9907079575906da8435e76c4006068c0b525667655\"",
            "id": "4972867:ingress-policy",
            "permission": "push",
            "repository": "ingress-policy",
            "team_id": "4972867"
          },
          "sensitive_attributes": [],
          "private": "bnVsbA==",
          "dependencies": [
            "data.github_team.kubewarden_developers",
            "module.policy_repository_ingress_policy.github_repository.main"
          ]
        }
      ]
    },
    {
      "module": "module.policy_repository_pod_privileged_policy",
      "mode": "managed",
      "type": "github_repository",
      "name": "main",
      "provider": "provider[\"registry.terraform.io/integrations/github\"].kubewarden",
      "instances": [
        {
          "schema_version": 0,
          "attributes": {
            "allow_auto_merge": false,
            "allow_merge_commit": true,
            "allow_rebase_merge": true,
            "allow_squash_merge": true,
            "archive_on_destroy": null,
            "archived": false,
            "auto_init": false,
            "branches": [
              {
                "name": "main",
                "protected": false
              },
              {
                "name": "renovate/all-minor-patch",
                "protected": false
              },
              {
                "name": "renovate/as-pect-cli-6.x",
                "protected": false
              },
              {
                "name": "renovate/assemblyscript-json-1.x",
                "protected": false
              },
              {
                "name": "renovate/pin-dependencies",
                "protected": false
              }
            ],
            "default_branch": "main",
            "delete_branch_on_merge": false,
            "description": "A Kubewarden Policy written in AssemblyScript that limits the ability to create privileged containers",
            "etag": "W/\"011d22323894190505ad8ba440f8ef8d08f01dc880cdc59fe658509146423d0b\"",
            "full_name": "kubewarden/pod-privileged-policy",
            "git_clone_url": "git://github.com/kubewarden/pod-privileged-policy.git",
            "gitignore_template": null,
            "has_downloads": true,
            "has_issues": true,
            "has_projects": false,
            "has_wiki": true,
            "homepage_url": "",
            "html_url": "https://github.com/kubewarden/pod-privileged-policy",
            "http_clone_url": "https://github.com/kubewarden/pod-privileged-policy.git",
            "id": "pod-privileged-policy",
            "is_template": false,
            "license_template": null,
            "name": "pod-privileged-policy",
            "node_id": "MDEwOlJlcG9zaXRvcnkzMTc2Njk3NjI=",
            "pages": [],
            "private": false,
            "repo_id": 317669762,
            "ssh_clone_url": "git@github.com:kubewarden/pod-privileged-policy.git",
            "svn_url": "https://github.com/kubewarden/pod-privileged-policy",
            "template": [],
            "topics": [
              "hacktoberfest",
              "kubernetes",
              "kubernetes-security",
              "kubewarden-policy",
              "pod-security-policy",
              "policy-as-code",
              "webassembly"
            ],
            "visibility": "public",
            "vulnerability_alerts": true
          },
          "sensitive_attributes": [],
          "private": "bnVsbA=="
        }
      ]
    },
    {
      "module": "module.policy_repository_pod_privileged_policy",
      "mode": "managed",
      "type": "github_team_repository",
      "name": "gh_team_push_rights",
      "provider": "provider[\"registry.terraform.io/integrations/github\"].kubewarden",
      "instances": [
        {
          "index_key": 0,
          "schema_version": 0,
          "attributes": {
            "etag": "W/\"0d914ba8483d47bb0c7f8f6e3e65d01fd1fb9c2c628717d09748c0d2491efbf5\"",
            "id": "4972867:pod-privileged-policy",
            "permission": "push",
            "repository": "pod-privileged-policy",
            "team_id": "4972867"
          },
          "sensitive_attributes": [],
          "private": "bnVsbA==",
          "dependencies": [
            "module.policy_repository_pod_privileged_policy.github_repository.main",
            "data.github_team.kubewarden_developers"
          ]
        }
      ]
    },
    {
      "module": "module.policy_repository_pod_runtime_class_policy",
      "mode": "managed",
      "type": "github_repository",
      "name": "main",
      "provider": "provider[\"registry.terraform.io/integrations/github\"].kubewarden",
      "instances": [
        {
          "schema_version": 0,
          "attributes": {
            "allow_auto_merge": false,
            "allow_merge_commit": true,
            "allow_rebase_merge": true,
            "allow_squash_merge": true,
            "archive_on_destroy": null,
            "archived": false,
            "auto_init": false,
            "branches": [
              {
                "name": "main",
                "protected": false
              },
              {
                "name": "renovate/all-minor-patch",
                "protected": false
              }
            ],
            "default_branch": "main",
            "delete_branch_on_merge": false,
            "description": "A Kubewarden Policy that controls the usage of Pod runtimeClass",
            "etag": "W/\"6b931831a2d5b7f7ee6f60496a4b6a2185c19ff8ed09cca563a34f1aaf1d610a\"",
            "full_name": "kubewarden/pod-runtime-class-policy",
            "git_clone_url": "git://github.com/kubewarden/pod-runtime-class-policy.git",
            "gitignore_template": null,
            "has_downloads": true,
            "has_issues": true,
            "has_projects": false,
            "has_wiki": true,
            "homepage_url": "",
            "html_url": "https://github.com/kubewarden/pod-runtime-class-policy",
            "http_clone_url": "https://github.com/kubewarden/pod-runtime-class-policy.git",
            "id": "pod-runtime-class-policy",
            "is_template": false,
            "license_template": null,
            "name": "pod-runtime-class-policy",
            "node_id": "MDEwOlJlcG9zaXRvcnkzMTM5NzQ4MzY=",
            "pages": [],
            "private": false,
            "repo_id": 313974836,
            "ssh_clone_url": "git@github.com:kubewarden/pod-runtime-class-policy.git",
            "svn_url": "https://github.com/kubewarden/pod-runtime-class-policy",
            "template": [],
            "topics": [
              "hacktoberfest",
              "kubernetes",
              "kubernetes-security",
              "kubewarden-policy",
              "policy-as-code",
              "webassembly"
            ],
            "visibility": "public",
            "vulnerability_alerts": true
          },
          "sensitive_attributes": [],
          "private": "bnVsbA=="
        }
      ]
    },
    {
      "module": "module.policy_repository_pod_runtime_class_policy",
      "mode": "managed",
      "type": "github_team_repository",
      "name": "gh_team_push_rights",
      "provider": "provider[\"registry.terraform.io/integrations/github\"].kubewarden",
      "instances": [
        {
          "index_key": 0,
          "schema_version": 0,
          "attributes": {
            "etag": "W/\"597f1e1c2332fecb0ff5b2da4fe0e84d34cae6c9a77f960038543615e76024a2\"",
            "id": "4972867:pod-runtime-class-policy",
            "permission": "push",
            "repository": "pod-runtime-class-policy",
            "team_id": "4972867"
          },
          "sensitive_attributes": [],
          "private": "bnVsbA==",
          "dependencies": [
            "data.github_team.kubewarden_developers",
            "module.policy_repository_pod_runtime_class_policy.github_repository.main"
          ]
        }
      ]
    },
    {
      "module": "module.policy_repository_readonly_root_filesystem_psp_policy",
      "mode": "managed",
      "type": "github_repository",
      "name": "main",
      "provider": "provider[\"registry.terraform.io/integrations/github\"].kubewarden",
      "instances": [
        {
          "schema_version": 0,
          "attributes": {
            "allow_auto_merge": false,
            "allow_merge_commit": true,
            "allow_rebase_merge": true,
            "allow_squash_merge": true,
            "archive_on_destroy": null,
            "archived": false,
            "auto_init": null,
            "branches": [
              {
                "name": "main",
                "protected": false
              },
              {
                "name": "renovate/wapc-guest-1.x",
                "protected": false
              }
            ],
            "default_branch": "main",
            "delete_branch_on_merge": false,
            "description": "A Kubewarden policy that enforces root filesystem to be readonly",
            "etag": "W/\"6cbec927a053291bb46e55dde70cc0f8eea65f95e4f40d8f589a01819f7a4de4\"",
            "full_name": "kubewarden/readonly-root-filesystem-psp-policy",
            "git_clone_url": "git://github.com/kubewarden/readonly-root-filesystem-psp-policy.git",
            "gitignore_template": null,
            "has_downloads": true,
            "has_issues": true,
            "has_projects": false,
            "has_wiki": true,
            "homepage_url": "",
            "html_url": "https://github.com/kubewarden/readonly-root-filesystem-psp-policy",
            "http_clone_url": "https://github.com/kubewarden/readonly-root-filesystem-psp-policy.git",
            "id": "readonly-root-filesystem-psp-policy",
            "is_template": false,
            "license_template": null,
            "name": "readonly-root-filesystem-psp-policy",
            "node_id": "R_kgDOGdS_cw",
            "pages": [],
            "private": false,
            "repo_id": 433373043,
            "ssh_clone_url": "git@github.com:kubewarden/readonly-root-filesystem-psp-policy.git",
            "svn_url": "https://github.com/kubewarden/readonly-root-filesystem-psp-policy",
            "template": [],
            "topics": [
              "hacktoberfest",
              "kubernetes",
              "kubernetes-security",
              "kubewarden-policy",
              "pod-security-policy",
              "policy-as-code",
              "webassembly"
            ],
            "visibility": "public",
            "vulnerability_alerts": true
          },
          "sensitive_attributes": [],
          "private": "bnVsbA=="
        }
      ]
    },
    {
      "module": "module.policy_repository_readonly_root_filesystem_psp_policy",
      "mode": "managed",
      "type": "github_team_repository",
      "name": "gh_team_push_rights",
      "provider": "provider[\"registry.terraform.io/integrations/github\"].kubewarden",
      "instances": [
        {
          "index_key": 0,
          "schema_version": 0,
          "attributes": {
            "etag": "W/\"e3d3335a1b089ce69eba9168b0ba620ede3e9e740f5136a3f290fe90be86c8a2\"",
            "id": "4972867:readonly-root-filesystem-psp-policy",
            "permission": "push",
            "repository": "readonly-root-filesystem-psp-policy",
            "team_id": "4972867"
          },
          "sensitive_attributes": [],
          "private": "bnVsbA==",
          "dependencies": [
            "data.github_team.kubewarden_developers",
            "module.policy_repository_readonly_root_filesystem_psp_policy.github_repository.main"
          ]
        }
      ]
    },
    {
      "module": "module.policy_repository_safe_annotations_policy",
      "mode": "managed",
      "type": "github_repository",
      "name": "main",
      "provider": "provider[\"registry.terraform.io/integrations/github\"].kubewarden",
      "instances": [
        {
          "schema_version": 0,
          "attributes": {
            "allow_auto_merge": false,
            "allow_merge_commit": true,
            "allow_rebase_merge": true,
            "allow_squash_merge": true,
            "archive_on_destroy": null,
            "archived": false,
            "auto_init": false,
            "branches": [
              {
                "name": "main",
                "protected": false
              },
              {
                "name": "reusable-workflows",
                "protected": false
              }
            ],
            "default_branch": "main",
            "delete_branch_on_merge": false,
            "description": "Kubewarden policy that validates Kubernetes' resource annotations",
            "etag": "W/\"85ca34aaa383a1f053fc080b82df35b5542e67552d20cdfaf24b510e32917ad0\"",
            "full_name": "kubewarden/safe-annotations-policy",
            "git_clone_url": "git://github.com/kubewarden/safe-annotations-policy.git",
            "gitignore_template": null,
            "has_downloads": true,
            "has_issues": true,
            "has_projects": false,
            "has_wiki": true,
            "homepage_url": "",
            "html_url": "https://github.com/kubewarden/safe-annotations-policy",
            "http_clone_url": "https://github.com/kubewarden/safe-annotations-policy.git",
            "id": "safe-annotations-policy",
            "is_template": false,
            "license_template": null,
            "name": "safe-annotations-policy",
            "node_id": "MDEwOlJlcG9zaXRvcnkzOTQxOTcwNzE=",
            "pages": [],
            "private": false,
            "repo_id": 394197071,
            "ssh_clone_url": "git@github.com:kubewarden/safe-annotations-policy.git",
            "svn_url": "https://github.com/kubewarden/safe-annotations-policy",
            "template": [],
            "topics": [
              "hacktoberfest",
              "kubernetes",
              "kubernetes-compliance",
              "kubernetes-security",
              "kubewarden-policy",
              "policy-as-code",
              "webassembly"
            ],
            "visibility": "public",
            "vulnerability_alerts": true
          },
          "sensitive_attributes": [],
          "private": "bnVsbA=="
        }
      ]
    },
    {
      "module": "module.policy_repository_safe_annotations_policy",
      "mode": "managed",
      "type": "github_team_repository",
      "name": "gh_team_push_rights",
      "provider": "provider[\"registry.terraform.io/integrations/github\"].kubewarden",
      "instances": [
        {
          "index_key": 0,
          "schema_version": 0,
          "attributes": {
            "etag": "W/\"2855d32811b2b5847bb333e9d9e8f128bc0c2c32ad62f097bdb92cc21086afd2\"",
            "id": "4972867:safe-annotations-policy",
            "permission": "push",
            "repository": "safe-annotations-policy",
            "team_id": "4972867"
          },
          "sensitive_attributes": [],
          "private": "bnVsbA==",
          "dependencies": [
            "data.github_team.kubewarden_developers",
            "module.policy_repository_safe_annotations_policy.github_repository.main"
          ]
        }
      ]
    },
    {
      "module": "module.policy_repository_safe_labels_policy",
      "mode": "managed",
      "type": "github_repository",
      "name": "main",
      "provider": "provider[\"registry.terraform.io/integrations/github\"].kubewarden",
      "instances": [
        {
          "schema_version": 0,
          "attributes": {
            "allow_auto_merge": false,
            "allow_merge_commit": true,
            "allow_rebase_merge": true,
            "allow_squash_merge": true,
            "archive_on_destroy": null,
            "archived": false,
            "auto_init": false,
            "branches": [
              {
                "name": "logging",
                "protected": false
              },
              {
                "name": "main",
                "protected": false
              }
            ],
            "default_branch": "main",
            "delete_branch_on_merge": false,
            "description": "Kubewarden policy that validates Kubernetes' resource labels",
            "etag": "W/\"31b4e08f25d2fe645bf28519140f31188ab1862739d89b1571e237b054cda026\"",
            "full_name": "kubewarden/safe-labels-policy",
            "git_clone_url": "git://github.com/kubewarden/safe-labels-policy.git",
            "gitignore_template": null,
            "has_downloads": true,
            "has_issues": true,
            "has_projects": false,
            "has_wiki": true,
            "homepage_url": "",
            "html_url": "https://github.com/kubewarden/safe-labels-policy",
            "http_clone_url": "https://github.com/kubewarden/safe-labels-policy.git",
            "id": "safe-labels-policy",
            "is_template": false,
            "license_template": null,
            "name": "safe-labels-policy",
            "node_id": "MDEwOlJlcG9zaXRvcnkzNTczMzk1Mzg=",
            "pages": [],
            "private": false,
            "repo_id": 357339538,
            "ssh_clone_url": "git@github.com:kubewarden/safe-labels-policy.git",
            "svn_url": "https://github.com/kubewarden/safe-labels-policy",
            "template": [
              {
                "owner": "kubewarden",
                "repository": "go-policy-template"
              }
            ],
            "topics": [
              "hacktoberfest",
              "kubernetes",
              "kubernetes-compliance",
              "kubernetes-security",
              "kubewarden-policy",
              "policy-as-code",
              "webassembly"
            ],
            "visibility": "public",
            "vulnerability_alerts": true
          },
          "sensitive_attributes": [],
          "private": "bnVsbA=="
        }
      ]
    },
    {
      "module": "module.policy_repository_safe_labels_policy",
      "mode": "managed",
      "type": "github_team_repository",
      "name": "gh_team_push_rights",
      "provider": "provider[\"registry.terraform.io/integrations/github\"].kubewarden",
      "instances": [
        {
          "index_key": 0,
          "schema_version": 0,
          "attributes": {
            "etag": "W/\"d7cfabdcc227828e8ee853e5afb9c7f17d32c63c11d06c7066171ba9974685b4\"",
            "id": "4972867:safe-labels-policy",
            "permission": "push",
            "repository": "safe-labels-policy",
            "team_id": "4972867"
          },
          "sensitive_attributes": [],
          "private": "bnVsbA==",
          "dependencies": [
            "data.github_team.kubewarden_developers",
            "module.policy_repository_safe_labels_policy.github_repository.main"
          ]
        }
      ]
    },
    {
      "module": "module.policy_repository_seccomp_psp_policy",
      "mode": "managed",
      "type": "github_repository",
      "name": "main",
      "provider": "provider[\"registry.terraform.io/integrations/github\"].kubewarden",
      "instances": [
        {
          "schema_version": 0,
          "attributes": {
            "allow_auto_merge": false,
            "allow_merge_commit": true,
            "allow_rebase_merge": true,
            "allow_squash_merge": true,
            "archive_on_destroy": null,
            "archived": false,
            "auto_init": null,
            "branches": [
              {
                "name": "main",
                "protected": false
              },
              {
                "name": "renovate/wapc-guest-1.x",
                "protected": false
              }
            ],
            "default_branch": "main",
            "delete_branch_on_merge": false,
            "description": "A Kubewarden Pod Security Policy that controls usage of Seccomp profiles",
            "etag": "W/\"a05c28e60349dc1c6be992e961058724b17b4add590e958878ad0d7a318ac970\"",
            "full_name": "kubewarden/seccomp-psp-policy",
            "git_clone_url": "git://github.com/kubewarden/seccomp-psp-policy.git",
            "gitignore_template": null,
            "has_downloads": true,
            "has_issues": true,
            "has_projects": false,
            "has_wiki": true,
            "homepage_url": "",
            "html_url": "https://github.com/kubewarden/seccomp-psp-policy",
            "http_clone_url": "https://github.com/kubewarden/seccomp-psp-policy.git",
            "id": "seccomp-psp-policy",
            "is_template": false,
            "license_template": null,
            "name": "seccomp-psp-policy",
            "node_id": "R_kgDOGgF_OQ",
            "pages": [],
            "private": false,
            "repo_id": 436305721,
            "ssh_clone_url": "git@github.com:kubewarden/seccomp-psp-policy.git",
            "svn_url": "https://github.com/kubewarden/seccomp-psp-policy",
            "template": [],
            "topics": [
              "hacktoberfest",
              "kubernetes",
              "kubernetes-security",
              "kubewarden-policy",
              "pod-security-policy",
              "policy-as-code",
              "webassembly"
            ],
            "visibility": "public",
            "vulnerability_alerts": true
          },
          "sensitive_attributes": [],
          "private": "bnVsbA=="
        }
      ]
    },
    {
      "module": "module.policy_repository_seccomp_psp_policy",
      "mode": "managed",
      "type": "github_team_repository",
      "name": "gh_team_push_rights",
      "provider": "provider[\"registry.terraform.io/integrations/github\"].kubewarden",
      "instances": [
        {
          "index_key": 0,
          "schema_version": 0,
          "attributes": {
            "etag": "W/\"d6df4a7f052497830a6bc946fbfe0714ccfbeff48c015fed11f6b65e1fb0c35c\"",
            "id": "4972867:seccomp-psp-policy",
            "permission": "push",
            "repository": "seccomp-psp-policy",
            "team_id": "4972867"
          },
          "sensitive_attributes": [],
          "private": "bnVsbA==",
          "dependencies": [
            "data.github_team.kubewarden_developers",
            "module.policy_repository_seccomp_psp_policy.github_repository.main"
          ]
        }
      ]
    },
    {
      "module": "module.policy_repository_selinux_psp_policy",
      "mode": "managed",
      "type": "github_repository",
      "name": "main",
      "provider": "provider[\"registry.terraform.io/integrations/github\"].kubewarden",
      "instances": [
        {
          "schema_version": 0,
          "attributes": {
            "allow_auto_merge": false,
            "allow_merge_commit": true,
            "allow_rebase_merge": true,
            "allow_squash_merge": true,
            "archive_on_destroy": null,
            "archived": false,
            "auto_init": false,
            "branches": [
              {
                "name": "main",
                "protected": false
              },
              {
                "name": "renovate/wapc-guest-1.x",
                "protected": false
              }
            ],
            "default_branch": "main",
            "delete_branch_on_merge": false,
            "description": "Replacement for the Kubernetes Pod Security Policy that controls the usage of SELinux",
            "etag": "W/\"c9a95e9f4640b72c3cebb68b31ab567d1640e9a1fbbee11e4a73d7a10f8f84b1\"",
            "full_name": "kubewarden/selinux-psp-policy",
            "git_clone_url": "git://github.com/kubewarden/selinux-psp-policy.git",
            "gitignore_template": null,
            "has_downloads": true,
            "has_issues": true,
            "has_projects": false,
            "has_wiki": true,
            "homepage_url": "",
            "html_url": "https://github.com/kubewarden/selinux-psp-policy",
            "http_clone_url": "https://github.com/kubewarden/selinux-psp-policy.git",
            "id": "selinux-psp-policy",
            "is_template": false,
            "license_template": null,
            "name": "selinux-psp-policy",
            "node_id": "R_kgDOGZga1w",
            "pages": [],
            "private": false,
            "repo_id": 429398743,
            "ssh_clone_url": "git@github.com:kubewarden/selinux-psp-policy.git",
            "svn_url": "https://github.com/kubewarden/selinux-psp-policy",
            "template": [],
            "topics": [
              "hacktoberfest",
              "kubernetes",
              "kubernetes-security",
              "kubewarden-policy",
              "pod-security-policy",
              "policy-as-code",
              "webassembly"
            ],
            "visibility": "public",
            "vulnerability_alerts": true
          },
          "sensitive_attributes": [],
          "private": "bnVsbA=="
        }
      ]
    },
    {
      "module": "module.policy_repository_selinux_psp_policy",
      "mode": "managed",
      "type": "github_team_repository",
      "name": "gh_team_push_rights",
      "provider": "provider[\"registry.terraform.io/integrations/github\"].kubewarden",
      "instances": [
        {
          "index_key": 0,
          "schema_version": 0,
          "attributes": {
            "etag": "W/\"49cbd646c70d67243a148a5ec984a34c369e425944b51dc97d05dac68be866a6\"",
            "id": "4972867:selinux-psp-policy",
            "permission": "push",
            "repository": "selinux-psp-policy",
            "team_id": "4972867"
          },
          "sensitive_attributes": [],
          "private": "bnVsbA==",
          "dependencies": [
            "data.github_team.kubewarden_developers",
            "module.policy_repository_selinux_psp_policy.github_repository.main"
          ]
        }
      ]
    },
    {
      "module": "module.policy_repository_sysctl_psp_policy",
      "mode": "managed",
      "type": "github_repository",
      "name": "main",
      "provider": "provider[\"registry.terraform.io/integrations/github\"].kubewarden",
      "instances": [
        {
          "schema_version": 0,
          "attributes": {
            "allow_auto_merge": false,
            "allow_merge_commit": true,
            "allow_rebase_merge": true,
            "allow_squash_merge": true,
            "archive_on_destroy": null,
            "archived": false,
            "auto_init": false,
            "branches": null,
            "default_branch": "main",
            "delete_branch_on_merge": false,
            "description": "A Kubewarden policy that controls usage of sysctls",
            "etag": "W/\"acacfa5761d4e948c36b33e9bc431af5538b65e838db1668272161278a716fce\"",
            "full_name": "kubewarden/sysctl-psp-policy",
            "git_clone_url": "git://github.com/kubewarden/sysctl-psp-policy.git",
            "gitignore_template": null,
            "has_downloads": true,
            "has_issues": true,
            "has_projects": false,
            "has_wiki": true,
            "homepage_url": "",
            "html_url": "https://github.com/kubewarden/sysctl-psp-policy",
            "http_clone_url": "https://github.com/kubewarden/sysctl-psp-policy.git",
            "id": "sysctl-psp-policy",
            "is_template": false,
            "license_template": null,
            "name": "sysctl-psp-policy",
            "node_id": "MDEwOlJlcG9zaXRvcnkzOTEwNzM5ODM=",
            "pages": [],
            "private": false,
            "repo_id": 391073983,
            "ssh_clone_url": "git@github.com:kubewarden/sysctl-psp-policy.git",
            "svn_url": "https://github.com/kubewarden/sysctl-psp-policy",
            "template": [
              {
                "owner": "kubewarden",
                "repository": "go-policy-template"
              }
            ],
            "topics": [
              "hacktoberfest",
              "kubernetes",
              "kubernetes-security",
              "kubewarden-policy",
              "pod-security-policy",
              "policy-as-code",
              "webassembly"
            ],
            "visibility": "public",
            "vulnerability_alerts": true
          },
          "sensitive_attributes": [],
          "private": "bnVsbA=="
        }
      ]
    },
    {
      "module": "module.policy_repository_sysctl_psp_policy",
      "mode": "managed",
      "type": "github_team_repository",
      "name": "gh_team_push_rights",
      "provider": "provider[\"registry.terraform.io/integrations/github\"].kubewarden",
      "instances": [
        {
          "index_key": 0,
          "schema_version": 0,
          "attributes": {
            "etag": "W/\"efe1e82e76832a9ac6201133f2b032d79330f59e873ac145951804b8f8707955\"",
            "id": "4972867:sysctl-psp-policy",
            "permission": "push",
            "repository": "sysctl-psp-policy",
            "team_id": "4972867"
          },
          "sensitive_attributes": [],
          "private": "bnVsbA==",
          "dependencies": [
            "data.github_team.kubewarden_developers",
            "module.policy_repository_sysctl_psp_policy.github_repository.main"
          ]
        }
      ]
    },
    {
      "module": "module.policy_repository_trusted_repos_policy",
      "mode": "managed",
      "type": "github_repository",
      "name": "main",
      "provider": "provider[\"registry.terraform.io/integrations/github\"].kubewarden",
      "instances": [
        {
          "schema_version": 0,
          "attributes": {
            "allow_auto_merge": false,
            "allow_merge_commit": true,
            "allow_rebase_merge": true,
            "allow_squash_merge": true,
            "archive_on_destroy": null,
            "archived": false,
            "auto_init": false,
            "branches": [
              {
                "name": "main",
                "protected": false
              },
              {
                "name": "renovate/wapc-guest-1.x",
                "protected": false
              },
              {
                "name": "wip",
                "protected": false
              }
            ],
            "default_branch": "main",
            "delete_branch_on_merge": false,
            "description": "A Kubewarden policy that restricts what registries, tags and images can pods on your cluster refer to",
            "etag": "W/\"c4e3cdf65784541d72578d32b8af7e84e556957f9ecc349653e36263fcc4f3b1\"",
            "full_name": "kubewarden/trusted-repos-policy",
            "git_clone_url": "git://github.com/kubewarden/trusted-repos-policy.git",
            "gitignore_template": null,
            "has_downloads": true,
            "has_issues": true,
            "has_projects": false,
            "has_wiki": true,
            "homepage_url": "",
            "html_url": "https://github.com/kubewarden/trusted-repos-policy",
            "http_clone_url": "https://github.com/kubewarden/trusted-repos-policy.git",
            "id": "trusted-repos-policy",
            "is_template": false,
            "license_template": null,
            "name": "trusted-repos-policy",
            "node_id": "MDEwOlJlcG9zaXRvcnkzNDY3NDIyOTk=",
            "pages": [],
            "private": false,
            "repo_id": 346742299,
            "ssh_clone_url": "git@github.com:kubewarden/trusted-repos-policy.git",
            "svn_url": "https://github.com/kubewarden/trusted-repos-policy",
            "template": [],
            "topics": [
              "hacktoberfest",
              "kubernetes",
              "kubernetes-compliance",
              "kubernetes-security",
              "kubewarden-policy",
              "policy-as-code",
              "webassembly"
            ],
            "visibility": "public",
            "vulnerability_alerts": true
          },
          "sensitive_attributes": [],
          "private": "bnVsbA=="
        }
      ]
    },
    {
      "module": "module.policy_repository_trusted_repos_policy",
      "mode": "managed",
      "type": "github_team_repository",
      "name": "gh_team_push_rights",
      "provider": "provider[\"registry.terraform.io/integrations/github\"].kubewarden",
      "instances": [
        {
          "index_key": 0,
          "schema_version": 0,
          "attributes": {
            "etag": "W/\"0cb1652e7dfd254e53a9d84de4e3f5ec84ffb4b77b5aa55186c6134cac2a347b\"",
            "id": "4972867:trusted-repos-policy",
            "permission": "push",
            "repository": "trusted-repos-policy",
            "team_id": "4972867"
          },
          "sensitive_attributes": [],
          "private": "bnVsbA==",
          "dependencies": [
            "data.github_team.kubewarden_developers",
            "module.policy_repository_trusted_repos_policy.github_repository.main"
          ]
        }
      ]
    },
    {
      "module": "module.policy_repository_user_group_psp_policy",
      "mode": "managed",
      "type": "github_repository",
      "name": "main",
      "provider": "provider[\"registry.terraform.io/integrations/github\"].kubewarden",
      "instances": [
        {
          "schema_version": 0,
          "attributes": {
            "allow_auto_merge": false,
            "allow_merge_commit": true,
            "allow_rebase_merge": true,
            "allow_squash_merge": true,
            "archive_on_destroy": null,
            "archived": false,
            "auto_init": false,
            "branches": [
              {
                "name": "main",
                "protected": false
              },
              {
                "name": "renovate/wapc-guest-1.x",
                "protected": false
              }
            ],
            "default_branch": "main",
            "delete_branch_on_merge": false,
            "description": "This Kubewarden Policy is a replacement for the Kubernetes Pod Security Policy that controls containers user and groups",
            "etag": "W/\"d7530e6ee2d349d741a189f9df614759b203aef16dc96cb7928cf5c889ce1104\"",
            "full_name": "kubewarden/user-group-psp-policy",
            "git_clone_url": "git://github.com/kubewarden/user-group-psp-policy.git",
            "gitignore_template": null,
            "has_downloads": true,
            "has_issues": true,
            "has_projects": false,
            "has_wiki": true,
            "homepage_url": "",
            "html_url": "https://github.com/kubewarden/user-group-psp-policy",
            "http_clone_url": "https://github.com/kubewarden/user-group-psp-policy.git",
            "id": "user-group-psp-policy",
            "is_template": false,
            "license_template": null,
            "name": "user-group-psp-policy",
            "node_id": "MDEwOlJlcG9zaXRvcnk0MDcyMDkwNjQ=",
            "pages": [],
            "private": false,
            "repo_id": 407209064,
            "ssh_clone_url": "git@github.com:kubewarden/user-group-psp-policy.git",
            "svn_url": "https://github.com/kubewarden/user-group-psp-policy",
            "template": [],
            "topics": [
              "hacktoberfest",
              "kubernetes",
              "kubernetes-security",
              "kubewarden-policy",
              "pod-security-policy",
              "policy-as-code",
              "webassembly"
            ],
            "visibility": "public",
            "vulnerability_alerts": true
          },
          "sensitive_attributes": [],
          "private": "bnVsbA=="
        }
      ]
    },
    {
      "module": "module.policy_repository_user_group_psp_policy",
      "mode": "managed",
      "type": "github_team_repository",
      "name": "gh_team_push_rights",
      "provider": "provider[\"registry.terraform.io/integrations/github\"].kubewarden",
      "instances": [
        {
          "index_key": 0,
          "schema_version": 0,
          "attributes": {
            "etag": "W/\"e9df7fd38d21646cce4f2caab87ed3d2fd59865787fd69647cc47e04ae53f3d8\"",
            "id": "4972867:user-group-psp-policy",
            "permission": "push",
            "repository": "user-group-psp-policy",
            "team_id": "4972867"
          },
          "sensitive_attributes": [],
          "private": "bnVsbA==",
          "dependencies": [
            "data.github_team.kubewarden_developers",
            "module.policy_repository_user_group_psp_policy.github_repository.main"
          ]
        }
      ]
    },
    {
      "module": "module.policy_repository_volumes_psp_policy",
      "mode": "managed",
      "type": "github_repository",
      "name": "main",
      "provider": "provider[\"registry.terraform.io/integrations/github\"].kubewarden",
      "instances": [
        {
          "schema_version": 0,
          "attributes": {
            "allow_auto_merge": false,
            "allow_merge_commit": true,
            "allow_rebase_merge": true,
            "allow_squash_merge": true,
            "archive_on_destroy": null,
            "archived": false,
            "auto_init": false,
            "branches": null,
            "default_branch": "main",
            "delete_branch_on_merge": false,
            "description": "Replacement for the Kubernetes Pod Security Policy that controls the usage of volumes",
            "etag": "W/\"354c8bacf588e147294522efd379073aa28c348eaa5ec681622abd5f87f18c26\"",
            "full_name": "kubewarden/volumes-psp-policy",
            "git_clone_url": "git://github.com/kubewarden/volumes-psp-policy.git",
            "gitignore_template": null,
            "has_downloads": true,
            "has_issues": true,
            "has_projects": false,
            "has_wiki": true,
            "homepage_url": "",
            "html_url": "https://github.com/kubewarden/volumes-psp-policy",
            "http_clone_url": "https://github.com/kubewarden/volumes-psp-policy.git",
            "id": "volumes-psp-policy",
            "is_template": false,
            "license_template": null,
            "name": "volumes-psp-policy",
            "node_id": "MDEwOlJlcG9zaXRvcnkzOTQ5NDQwODQ=",
            "pages": [],
            "private": false,
            "repo_id": 394944084,
            "ssh_clone_url": "git@github.com:kubewarden/volumes-psp-policy.git",
            "svn_url": "https://github.com/kubewarden/volumes-psp-policy",
            "template": [
              {
                "owner": "kubewarden",
                "repository": "go-policy-template"
              }
            ],
            "topics": [
              "hacktoberfest",
              "kubernetes",
              "kubernetes-security",
              "kubewarden-policy",
              "pod-security-policy",
              "policy-as-code",
              "webassembly"
            ],
            "visibility": "public",
            "vulnerability_alerts": true
          },
          "sensitive_attributes": [],
          "private": "bnVsbA=="
        }
      ]
    },
    {
      "module": "module.policy_repository_volumes_psp_policy",
      "mode": "managed",
      "type": "github_team_repository",
      "name": "gh_team_push_rights",
      "provider": "provider[\"registry.terraform.io/integrations/github\"].kubewarden",
      "instances": [
        {
          "index_key": 0,
          "schema_version": 0,
          "attributes": {
            "etag": "W/\"875f3150cb355151b4254440f49020fdb647adf773dcd2a4672f627fa869a3cb\"",
            "id": "4972867:volumes-psp-policy",
            "permission": "push",
            "repository": "volumes-psp-policy",
            "team_id": "4972867"
          },
          "sensitive_attributes": [],
          "private": "bnVsbA==",
          "dependencies": [
            "data.github_team.kubewarden_developers",
            "module.policy_repository_volumes_psp_policy.github_repository.main"
          ]
        }
      ]
    },
    {
      "module": "module.policy_sdk_repository_go",
      "mode": "managed",
      "type": "github_repository",
      "name": "main",
      "provider": "provider[\"registry.terraform.io/integrations/github\"].kubewarden",
      "instances": [
        {
          "schema_version": 0,
          "attributes": {
            "allow_auto_merge": false,
            "allow_merge_commit": true,
            "allow_rebase_merge": true,
            "allow_squash_merge": true,
            "archive_on_destroy": null,
            "archived": false,
            "auto_init": false,
            "branches": [
              {
                "name": "main",
                "protected": false
              },
              {
                "name": "renovate/golangci-golangci-lint-action-3.x",
                "protected": false
              }
            ],
            "default_branch": "main",
            "delete_branch_on_merge": false,
            "description": "Kubewarden Policy SDK for the Go programming language",
            "etag": "W/\"0b05a3e20b9f6981671afb72760561b6314dee689b2c77a8f125906a653f1fe8\"",
            "full_name": "kubewarden/policy-sdk-go",
            "git_clone_url": "git://github.com/kubewarden/policy-sdk-go.git",
            "gitignore_template": null,
            "has_downloads": true,
            "has_issues": true,
            "has_projects": false,
            "has_wiki": true,
            "homepage_url": "",
            "html_url": "https://github.com/kubewarden/policy-sdk-go",
            "http_clone_url": "https://github.com/kubewarden/policy-sdk-go.git",
            "id": "policy-sdk-go",
            "is_template": false,
            "license_template": null,
            "name": "policy-sdk-go",
            "node_id": "MDEwOlJlcG9zaXRvcnkzNDk0MjE4NzQ=",
            "pages": [],
            "private": false,
            "repo_id": 349421874,
            "ssh_clone_url": "git@github.com:kubewarden/policy-sdk-go.git",
            "svn_url": "https://github.com/kubewarden/policy-sdk-go",
            "template": [],
            "topics": [
              "go",
              "hacktoberfest",
              "kubernetes",
              "kubernetes-security",
              "kubewarden-policy-sdk",
              "policy-as-code",
              "tinygo",
              "webassembly"
            ],
            "visibility": "public",
            "vulnerability_alerts": true
          },
          "sensitive_attributes": [],
          "private": "bnVsbA=="
        }
      ]
    },
    {
      "module": "module.policy_sdk_repository_go",
      "mode": "managed",
      "type": "github_team_repository",
      "name": "gh_team_push_rights",
      "provider": "provider[\"registry.terraform.io/integrations/github\"].kubewarden",
      "instances": [
        {
          "index_key": 0,
          "schema_version": 0,
          "attributes": {
            "etag": "W/\"3a3290de77f199b1ee11b0cf61f9871bd96d56045c5f5b1867b112486106285d\"",
            "id": "4972867:policy-sdk-go",
            "permission": "push",
            "repository": "policy-sdk-go",
            "team_id": "4972867"
          },
          "sensitive_attributes": [],
          "private": "bnVsbA==",
          "dependencies": [
            "data.github_team.kubewarden_developers",
            "module.policy_sdk_repository_go.github_repository.main"
          ]
        }
      ]
    },
    {
      "module": "module.policy_sdk_repository_rust",
      "mode": "managed",
      "type": "github_repository",
      "name": "main",
      "provider": "provider[\"registry.terraform.io/integrations/github\"].kubewarden",
      "instances": [
        {
          "schema_version": 0,
          "attributes": {
            "allow_auto_merge": false,
            "allow_merge_commit": true,
            "allow_rebase_merge": true,
            "allow_squash_merge": true,
            "archive_on_destroy": null,
            "archived": false,
            "auto_init": false,
            "branches": null,
            "default_branch": "main",
            "delete_branch_on_merge": false,
            "description": "Kubewarden Policy SDK for the Rust programming language",
            "etag": "W/\"bf93746d603789cfeeee2beb5a805d18e14cb1bb90fb54ab909af6e3ef81d796\"",
            "full_name": "kubewarden/policy-sdk-rust",
            "git_clone_url": "git://github.com/kubewarden/policy-sdk-rust.git",
            "gitignore_template": null,
            "has_downloads": true,
            "has_issues": true,
            "has_projects": false,
            "has_wiki": true,
            "homepage_url": "",
            "html_url": "https://github.com/kubewarden/policy-sdk-rust",
            "http_clone_url": "https://github.com/kubewarden/policy-sdk-rust.git",
            "id": "policy-sdk-rust",
            "is_template": false,
            "license_template": null,
            "name": "policy-sdk-rust",
            "node_id": "MDEwOlJlcG9zaXRvcnkzNDY3MjE1OTY=",
            "pages": [],
            "private": false,
            "repo_id": 346721596,
            "ssh_clone_url": "git@github.com:kubewarden/policy-sdk-rust.git",
            "svn_url": "https://github.com/kubewarden/policy-sdk-rust",
            "template": [],
            "topics": [
              "hacktoberfest",
              "kubernetes",
              "kubernetes-security",
              "kubewarden-policy-sdk",
              "policy-as-code",
              "rust",
              "rust-language",
              "webassembly"
            ],
            "visibility": "public",
            "vulnerability_alerts": true
          },
          "sensitive_attributes": [],
          "private": "bnVsbA=="
        }
      ]
    },
    {
      "module": "module.policy_sdk_repository_rust",
      "mode": "managed",
      "type": "github_team_repository",
      "name": "gh_team_push_rights",
      "provider": "provider[\"registry.terraform.io/integrations/github\"].kubewarden",
      "instances": [
        {
          "index_key": 0,
          "schema_version": 0,
          "attributes": {
            "etag": "W/\"332b9d986620eec1ffb08e8b0b1d8ee95779dcbca41e35a3baec9f46ff578cdc\"",
            "id": "4972867:policy-sdk-rust",
            "permission": "push",
            "repository": "policy-sdk-rust",
            "team_id": "4972867"
          },
          "sensitive_attributes": [],
          "private": "bnVsbA==",
          "dependencies": [
            "data.github_team.kubewarden_developers",
            "module.policy_sdk_repository_rust.github_repository.main"
          ]
        }
      ]
    },
    {
      "module": "module.policy_sdk_repository_swift",
      "mode": "managed",
      "type": "github_repository",
      "name": "main",
      "provider": "provider[\"registry.terraform.io/integrations/github\"].kubewarden",
      "instances": [
        {
          "schema_version": 0,
          "attributes": {
            "allow_auto_merge": false,
            "allow_merge_commit": true,
            "allow_rebase_merge": true,
            "allow_squash_merge": true,
            "archive_on_destroy": null,
            "archived": false,
            "auto_init": false,
            "branches": [
              {
                "name": "gh-pages",
                "protected": false
              },
              {
                "name": "main",
                "protected": false
              }
            ],
            "default_branch": "main",
            "delete_branch_on_merge": false,
            "description": "Kubewarden Policy SDK for the Swift programming language",
            "etag": "W/\"ccaab167b263b849456671e062a2aae9bb4ffaf464ce6fa58536d23da00faab8\"",
            "full_name": "kubewarden/policy-sdk-swift",
            "git_clone_url": "git://github.com/kubewarden/policy-sdk-swift.git",
            "gitignore_template": null,
            "has_downloads": true,
            "has_issues": true,
            "has_projects": false,
            "has_wiki": true,
            "homepage_url": "https://kubewarden.github.io/policy-sdk-swift/",
            "html_url": "https://github.com/kubewarden/policy-sdk-swift",
            "http_clone_url": "https://github.com/kubewarden/policy-sdk-swift.git",
            "id": "policy-sdk-swift",
            "is_template": false,
            "license_template": null,
            "name": "policy-sdk-swift",
            "node_id": "MDEwOlJlcG9zaXRvcnkzNjIwNjY1MTI=",
            "pages": [
              {
                "cname": "",
                "custom_404": false,
                "html_url": "https://kubewarden.github.io/policy-sdk-swift/",
                "source": [
                  {
                    "branch": "gh-pages",
                    "path": "/"
                  }
                ],
                "status": "built",
                "url": "https://api.github.com/repos/kubewarden/policy-sdk-swift/pages"
              }
            ],
            "private": false,
            "repo_id": 362066512,
            "ssh_clone_url": "git@github.com:kubewarden/policy-sdk-swift.git",
            "svn_url": "https://github.com/kubewarden/policy-sdk-swift",
            "template": [],
            "topics": [
              "hacktoberfest",
              "kubernetes",
              "kubernetes-security",
              "kubewarden-policy-sdk",
              "policy-as-code",
              "swift",
              "webassembly"
            ],
            "visibility": "public",
            "vulnerability_alerts": true
          },
          "sensitive_attributes": [],
          "private": "bnVsbA=="
        }
      ]
    },
    {
      "module": "module.policy_sdk_repository_swift",
      "mode": "managed",
      "type": "github_team_repository",
      "name": "gh_team_push_rights",
      "provider": "provider[\"registry.terraform.io/integrations/github\"].kubewarden",
      "instances": [
        {
          "index_key": 0,
          "schema_version": 0,
          "attributes": {
            "etag": "W/\"8c0a4b219d7c00e5b429a629ef418583e06391aa44099c19049e818709bf6eb5\"",
            "id": "4972867:policy-sdk-swift",
            "permission": "push",
            "repository": "policy-sdk-swift",
            "team_id": "4972867"
          },
          "sensitive_attributes": [],
          "private": "bnVsbA==",
          "dependencies": [
            "data.github_team.kubewarden_developers",
            "module.policy_sdk_repository_swift.github_repository.main"
          ]
        }
      ]
    },
    {
      "module": "module.policy_template_repository_gatekeeper",
      "mode": "managed",
      "type": "github_repository",
      "name": "main",
      "provider": "provider[\"registry.terraform.io/integrations/github\"].kubewarden",
      "instances": [
        {
          "schema_version": 0,
          "attributes": {
            "allow_auto_merge": false,
            "allow_merge_commit": true,
            "allow_rebase_merge": true,
            "allow_squash_merge": true,
            "archive_on_destroy": null,
            "archived": false,
            "auto_init": false,
            "branches": [
              {
                "name": "main",
                "protected": false
              }
            ],
            "default_branch": "main",
            "delete_branch_on_merge": false,
            "description": "A template repository to quickly port a Gatekeeper policy to Kubewarden",
            "etag": "W/\"cbd9a0a6495f89179c6a44419a4989929d82d230fdb0c8aeb4f00fa02ae3caed\"",
            "full_name": "kubewarden/gatekeeper-policy-template",
            "git_clone_url": "git://github.com/kubewarden/gatekeeper-policy-template.git",
            "gitignore_template": null,
            "has_downloads": false,
            "has_issues": true,
            "has_projects": false,
            "has_wiki": true,
            "homepage_url": "",
            "html_url": "https://github.com/kubewarden/gatekeeper-policy-template",
            "http_clone_url": "https://github.com/kubewarden/gatekeeper-policy-template.git",
            "id": "gatekeeper-policy-template",
            "is_template": true,
            "license_template": null,
            "name": "gatekeeper-policy-template",
            "node_id": "R_kgDOGGRO1w",
            "pages": [],
            "private": false,
            "repo_id": 409226967,
            "ssh_clone_url": "git@github.com:kubewarden/gatekeeper-policy-template.git",
            "svn_url": "https://github.com/kubewarden/gatekeeper-policy-template",
            "template": [],
            "topics": [
              "gatekeeper",
              "gatekeeper-policies",
              "gatekeeper-v2",
              "hacktoberfest",
              "kubernetes",
              "kubernetes-security",
              "kubewarden-policy-template",
              "policy-as-code",
              "rego",
              "webassembly"
            ],
            "visibility": "public",
            "vulnerability_alerts": true
          },
          "sensitive_attributes": [],
          "private": "bnVsbA=="
        }
      ]
    },
    {
      "module": "module.policy_template_repository_gatekeeper",
      "mode": "managed",
      "type": "github_team_repository",
      "name": "gh_team_push_rights",
      "provider": "provider[\"registry.terraform.io/integrations/github\"].kubewarden",
      "instances": [
        {
          "index_key": 0,
          "schema_version": 0,
          "attributes": {
            "etag": "W/\"ee9dafa4870d020ff6fd86e478a7cf17cf8b0b6d8512860354ed31714dc5aa52\"",
            "id": "4972867:gatekeeper-policy-template",
            "permission": "push",
            "repository": "gatekeeper-policy-template",
            "team_id": "4972867"
          },
          "sensitive_attributes": [],
          "private": "bnVsbA==",
          "dependencies": [
            "data.github_team.kubewarden_developers",
            "module.policy_template_repository_gatekeeper.github_repository.main"
          ]
        }
      ]
    },
    {
      "module": "module.policy_template_repository_go",
      "mode": "managed",
      "type": "github_repository",
      "name": "main",
      "provider": "provider[\"registry.terraform.io/integrations/github\"].kubewarden",
      "instances": [
        {
          "schema_version": 0,
          "attributes": {
            "allow_auto_merge": false,
            "allow_merge_commit": true,
            "allow_rebase_merge": true,
            "allow_squash_merge": true,
            "archive_on_destroy": null,
            "archived": false,
            "auto_init": false,
            "branches": [
              {
                "name": "main",
                "protected": false
              },
              {
                "name": "reusable-workflows",
                "protected": false
              }
            ],
            "default_branch": "main",
            "delete_branch_on_merge": false,
            "description": "A template repository to quickly scaffold a Kubewarden policy written with Go language",
            "etag": "W/\"641b56573869a59a19efc144501436e4dbb1e5573cb68dea43c77dd9644ea807\"",
            "full_name": "kubewarden/go-policy-template",
            "git_clone_url": "git://github.com/kubewarden/go-policy-template.git",
            "gitignore_template": null,
            "has_downloads": false,
            "has_issues": true,
            "has_projects": false,
            "has_wiki": true,
            "homepage_url": "",
            "html_url": "https://github.com/kubewarden/go-policy-template",
            "http_clone_url": "https://github.com/kubewarden/go-policy-template.git",
            "id": "go-policy-template",
            "is_template": true,
            "license_template": null,
            "name": "go-policy-template",
            "node_id": "MDEwOlJlcG9zaXRvcnkzNTcxMjI2NzU=",
            "pages": [],
            "private": false,
            "repo_id": 357122675,
            "ssh_clone_url": "git@github.com:kubewarden/go-policy-template.git",
            "svn_url": "https://github.com/kubewarden/go-policy-template",
            "template": [],
            "topics": [
              "go",
              "golang",
              "hacktoberfest",
              "kubernetes",
              "kubernetes-security",
              "kubewarden-policy-template",
              "policy-as-code",
              "webassembly"
            ],
            "visibility": "public",
            "vulnerability_alerts": true
          },
          "sensitive_attributes": [],
          "private": "bnVsbA=="
        }
      ]
    },
    {
      "module": "module.policy_template_repository_go",
      "mode": "managed",
      "type": "github_team_repository",
      "name": "gh_team_push_rights",
      "provider": "provider[\"registry.terraform.io/integrations/github\"].kubewarden",
      "instances": [
        {
          "index_key": 0,
          "schema_version": 0,
          "attributes": {
            "etag": "W/\"a2f0ea6b082be7ffc936dfdc4078d68449d28939f9454c24e619e1237593cd92\"",
            "id": "4972867:go-policy-template",
            "permission": "push",
            "repository": "go-policy-template",
            "team_id": "4972867"
          },
          "sensitive_attributes": [],
          "private": "bnVsbA==",
          "dependencies": [
            "data.github_team.kubewarden_developers",
            "module.policy_template_repository_go.github_repository.main"
          ]
        }
      ]
    },
    {
      "module": "module.policy_template_repository_opa",
      "mode": "managed",
      "type": "github_repository",
      "name": "main",
      "provider": "provider[\"registry.terraform.io/integrations/github\"].kubewarden",
      "instances": [
        {
          "schema_version": 0,
          "attributes": {
            "allow_auto_merge": false,
            "allow_merge_commit": true,
            "allow_rebase_merge": true,
            "allow_squash_merge": true,
            "archive_on_destroy": null,
            "archived": false,
            "auto_init": false,
            "branches": [
              {
                "name": "main",
                "protected": false
              }
            ],
            "default_branch": "main",
            "delete_branch_on_merge": false,
            "description": "A template repository to quickly port a Open Policy Agent policy to Kubewarden",
            "etag": "W/\"a5db7afdbd5bab0f407ef22491c0adc90313f915a8111f12d29c47fbd3f2a968\"",
            "full_name": "kubewarden/opa-policy-template",
            "git_clone_url": "git://github.com/kubewarden/opa-policy-template.git",
            "gitignore_template": null,
            "has_downloads": false,
            "has_issues": true,
            "has_projects": false,
            "has_wiki": true,
            "homepage_url": "",
            "html_url": "https://github.com/kubewarden/opa-policy-template",
            "http_clone_url": "https://github.com/kubewarden/opa-policy-template.git",
            "id": "opa-policy-template",
            "is_template": true,
            "license_template": null,
            "name": "opa-policy-template",
            "node_id": "R_kgDOGF4h6g",
            "pages": [],
            "private": false,
            "repo_id": 408822250,
            "ssh_clone_url": "git@github.com:kubewarden/opa-policy-template.git",
            "svn_url": "https://github.com/kubewarden/opa-policy-template",
            "template": [],
            "topics": [
              "hacktoberfest",
              "kubernetes",
              "kubernetes-security",
              "kubewarden-policy-template",
              "opa",
              "open-policy-agent",
              "openpolicyagent",
              "policy-as-code",
              "webassembly"
            ],
            "visibility": "public",
            "vulnerability_alerts": true
          },
          "sensitive_attributes": [],
          "private": "bnVsbA=="
        }
      ]
    },
    {
      "module": "module.policy_template_repository_opa",
      "mode": "managed",
      "type": "github_team_repository",
      "name": "gh_team_push_rights",
      "provider": "provider[\"registry.terraform.io/integrations/github\"].kubewarden",
      "instances": [
        {
          "index_key": 0,
          "schema_version": 0,
          "attributes": {
            "etag": "W/\"0a4dc279ff2caf456942a211a01928812178af72dfe87d3e136ac7c7f2c2868c\"",
            "id": "4972867:opa-policy-template",
            "permission": "push",
            "repository": "opa-policy-template",
            "team_id": "4972867"
          },
          "sensitive_attributes": [],
          "private": "bnVsbA==",
          "dependencies": [
            "data.github_team.kubewarden_developers",
            "module.policy_template_repository_opa.github_repository.main"
          ]
        }
      ]
    },
    {
      "module": "module.policy_template_repository_rust",
      "mode": "managed",
      "type": "github_repository",
      "name": "main",
      "provider": "provider[\"registry.terraform.io/integrations/github\"].kubewarden",
      "instances": [
        {
          "schema_version": 0,
          "attributes": {
            "allow_auto_merge": false,
            "allow_merge_commit": true,
            "allow_rebase_merge": true,
            "allow_squash_merge": true,
            "archive_on_destroy": null,
            "archived": false,
            "auto_init": false,
            "branches": null,
            "default_branch": "main",
            "delete_branch_on_merge": false,
            "description": "A Kubewarden rust policy template to be used with cargo-generate",
            "etag": "W/\"b5f584c29b85e8b61ffe89eeef9707ba4997bbe46cf4245cf24d320506ad78b8\"",
            "full_name": "kubewarden/rust-policy-template",
            "git_clone_url": "git://github.com/kubewarden/rust-policy-template.git",
            "gitignore_template": null,
            "has_downloads": false,
            "has_issues": true,
            "has_projects": false,
            "has_wiki": true,
            "homepage_url": "",
            "html_url": "https://github.com/kubewarden/rust-policy-template",
            "http_clone_url": "https://github.com/kubewarden/rust-policy-template.git",
            "id": "rust-policy-template",
            "is_template": false,
            "license_template": null,
            "name": "rust-policy-template",
            "node_id": "MDEwOlJlcG9zaXRvcnkzNTUxNjYyMDg=",
            "pages": [],
            "private": false,
            "repo_id": 355166208,
            "ssh_clone_url": "git@github.com:kubewarden/rust-policy-template.git",
            "svn_url": "https://github.com/kubewarden/rust-policy-template",
            "template": [],
            "topics": [
              "hacktoberfest",
              "kubernetes",
              "kubernetes-security",
              "kubewarden-policy-template",
              "policy-as-code",
              "rust",
              "webassembly"
            ],
            "visibility": "public",
            "vulnerability_alerts": true
          },
          "sensitive_attributes": [],
          "private": "bnVsbA=="
        }
      ]
    },
    {
      "module": "module.policy_template_repository_rust",
      "mode": "managed",
      "type": "github_team_repository",
      "name": "gh_team_push_rights",
      "provider": "provider[\"registry.terraform.io/integrations/github\"].kubewarden",
      "instances": [
        {
          "index_key": 0,
          "schema_version": 0,
          "attributes": {
            "etag": "W/\"bb52444a80f5c73d7dbd7d732750f616321e8fe2887dfc187c1304a01cda433c\"",
            "id": "4972867:rust-policy-template",
            "permission": "push",
            "repository": "rust-policy-template",
            "team_id": "4972867"
          },
          "sensitive_attributes": [],
          "private": "bnVsbA==",
          "dependencies": [
            "data.github_team.kubewarden_developers",
            "module.policy_template_repository_rust.github_repository.main"
          ]
        }
      ]
    },
    {
      "module": "module.policy_template_repository_swift",
      "mode": "managed",
      "type": "github_repository",
      "name": "main",
      "provider": "provider[\"registry.terraform.io/integrations/github\"].kubewarden",
      "instances": [
        {
          "schema_version": 0,
          "attributes": {
            "allow_auto_merge": false,
            "allow_merge_commit": true,
            "allow_rebase_merge": true,
            "allow_squash_merge": true,
            "archive_on_destroy": null,
            "archived": false,
            "auto_init": false,
            "branches": [
              {
                "name": "main",
                "protected": false
              }
            ],
            "default_branch": "main",
            "delete_branch_on_merge": false,
            "description": "A template repository to quickly scaffold a Kubewarden policy written with Swift language",
            "etag": "W/\"3807055d3dc400bae9e90df7dbc22fdbae96c9de4a97f682c5b349d83dd5faf6\"",
            "full_name": "kubewarden/swift-policy-template",
            "git_clone_url": "git://github.com/kubewarden/swift-policy-template.git",
            "gitignore_template": null,
            "has_downloads": false,
            "has_issues": true,
            "has_projects": false,
            "has_wiki": true,
            "homepage_url": "",
            "html_url": "https://github.com/kubewarden/swift-policy-template",
            "http_clone_url": "https://github.com/kubewarden/swift-policy-template.git",
            "id": "swift-policy-template",
            "is_template": true,
            "license_template": null,
            "name": "swift-policy-template",
            "node_id": "MDEwOlJlcG9zaXRvcnkzOTQyNTEzMjI=",
            "pages": [],
            "private": false,
            "repo_id": 394251322,
            "ssh_clone_url": "git@github.com:kubewarden/swift-policy-template.git",
            "svn_url": "https://github.com/kubewarden/swift-policy-template",
            "template": [],
            "topics": [
              "hacktoberfest",
              "kubernetes",
              "kubernetes-security",
              "kubewarden-policy-template",
              "policy-as-code",
              "swift",
              "webassembly"
            ],
            "visibility": "public",
            "vulnerability_alerts": true
          },
          "sensitive_attributes": [],
          "private": "bnVsbA=="
        }
      ]
    },
    {
      "module": "module.policy_template_repository_swift",
      "mode": "managed",
      "type": "github_team_repository",
      "name": "gh_team_push_rights",
      "provider": "provider[\"registry.terraform.io/integrations/github\"].kubewarden",
      "instances": [
        {
          "index_key": 0,
          "schema_version": 0,
          "attributes": {
            "etag": "W/\"eaaded53c5052ccbd390783b57d5e8fa3bd4f0fc86392169f1ab98a40b618fb7\"",
            "id": "4972867:swift-policy-template",
            "permission": "push",
            "repository": "swift-policy-template",
            "team_id": "4972867"
          },
          "sensitive_attributes": [],
          "private": "bnVsbA==",
          "dependencies": [
            "module.policy_template_repository_swift.github_repository.main",
            "data.github_team.kubewarden_developers"
          ]
        }
      ]
    },
    {
      "module": "module.setup_kubewarden_cluster_action_repository",
      "mode": "managed",
      "type": "github_repository",
      "name": "main",
      "provider": "provider[\"registry.terraform.io/integrations/github\"].kubewarden",
      "instances": [
        {
          "schema_version": 0,
          "attributes": {
            "allow_auto_merge": false,
            "allow_merge_commit": true,
            "allow_rebase_merge": true,
            "allow_squash_merge": true,
            "archive_on_destroy": null,
            "archived": false,
            "auto_init": null,
            "branches": [
              {
                "name": "main",
                "protected": false
              },
              {
                "name": "renovate/absaoss-k3d-action-2.x",
                "protected": false
              },
              {
                "name": "renovate/all-minor-patch",
                "protected": false
              }
            ],
            "default_branch": "main",
            "delete_branch_on_merge": false,
            "description": "Github action used to setup a K3D cluster and install Kubewarden stack on it",
            "etag": "W/\"0c80cbe8bed9f6b8707bd82b3805cbe28cfcabd1f3a487f1ee8023c588bdc82f\"",
            "full_name": "kubewarden/setup-kubewarden-cluster-action",
            "git_clone_url": "git://github.com/kubewarden/setup-kubewarden-cluster-action.git",
            "gitignore_template": null,
            "has_downloads": true,
            "has_issues": true,
            "has_projects": false,
            "has_wiki": true,
            "homepage_url": "",
            "html_url": "https://github.com/kubewarden/setup-kubewarden-cluster-action",
            "http_clone_url": "https://github.com/kubewarden/setup-kubewarden-cluster-action.git",
            "id": "setup-kubewarden-cluster-action",
            "is_template": false,
            "license_template": null,
            "name": "setup-kubewarden-cluster-action",
            "node_id": "R_kgDOGdvkrw",
            "pages": [],
            "private": false,
            "repo_id": 433841327,
            "ssh_clone_url": "git@github.com:kubewarden/setup-kubewarden-cluster-action.git",
            "svn_url": "https://github.com/kubewarden/setup-kubewarden-cluster-action",
            "template": [],
            "topics": [
              "github-actions",
              "hacktoberfest",
              "kubernetes",
              "kubernetes-security",
              "policy-as-code",
              "webassembly"
            ],
            "visibility": "public",
            "vulnerability_alerts": true
          },
          "sensitive_attributes": [],
          "private": "bnVsbA=="
        }
      ]
    },
    {
      "module": "module.setup_kubewarden_cluster_action_repository",
      "mode": "managed",
      "type": "github_team_repository",
      "name": "gh_team_push_rights",
      "provider": "provider[\"registry.terraform.io/integrations/github\"].kubewarden",
      "instances": [
        {
          "index_key": 0,
          "schema_version": 0,
          "attributes": {
            "etag": "W/\"9e62900d853ca017db6430c432c0d4beb653652837d0aaa44de3fa27270f2a44\"",
            "id": "4972867:setup-kubewarden-cluster-action",
            "permission": "push",
            "repository": "setup-kubewarden-cluster-action",
            "team_id": "4972867"
          },
          "sensitive_attributes": [],
          "private": "bnVsbA==",
          "dependencies": [
            "module.setup_kubewarden_cluster_action_repository.github_repository.main",
            "data.github_team.kubewarden_developers"
          ]
        }
      ]
    }
  ]
}
