{
  "version": 4,
  "terraform_version": "1.0.11",
  "serial": 325,
  "lineage": "9361268e-ae5d-4e6a-09c7-3a886aaffce2",
  "outputs": {},
  "resources": [
    {
      "mode": "data",
      "type": "github_repositories",
      "name": "repos",
      "provider": "provider[\"registry.terraform.io/integrations/github\"]",
      "instances": [
        {
          "schema_version": 0,
          "attributes": {
            "full_names": [
              "kubewarden/automation",
              "kubewarden/policy-hub",
              "kubewarden/allow-privilege-escalation-psp-policy",
              "kubewarden/user-group-psp-policy",
              "kubewarden/volumes-psp-policy",
              "kubewarden/selinux-psp-policy",
              "kubewarden/sysctl-psp-policy",
              "kubewarden/readonly-root-filesystem-psp-policy",
              "kubewarden/host-namespaces-psp-policy",
              "kubewarden/hostpaths-psp-policy",
              "kubewarden/capabilities-psp-policy",
              "kubewarden/flexvolume-drivers-psp-policy",
              "kubewarden/apparmor-psp-policy",
              "kubewarden/allowed-proc-mount-types-psp-policy",
              "kubewarden/allowed-fsgroups-psp-policy",
              "kubewarden/kubewarden-controller",
              "kubewarden/kubewarden-end-to-end-tests",
              "kubewarden/setup-kubewarden-cluster-action",
              "kubewarden/policy-fetcher",
              "kubewarden/docs",
              "kubewarden/policy-server",
              "kubewarden/.github",
              "kubewarden/disallow-service-loadbalancer-policy",
              "kubewarden/disallow-service-nodeport-policy",
              "kubewarden/kwctl",
              "kubewarden/repo",
              "kubewarden/helm-charts",
              "kubewarden/kubewarden.io",
              "kubewarden/policy-evaluator",
              "kubewarden/policy-sdk-rust",
              "kubewarden/UI",
              "kubewarden/rust-policy-template",
              "kubewarden/opa-policy-template",
              "kubewarden/load-testing",
              "kubewarden/safe-labels-policy",
              "kubewarden/safe-annotations-policy",
              "kubewarden/gatekeeper-policy-template",
              "kubewarden/go-policy-template",
              "kubewarden/swift-policy-template",
              "kubewarden/ingress-policy",
              "kubewarden/policy-sdk-swift",
              "kubewarden/swift-wasm-runner",
              "kubewarden/policy-sdk-go",
              "kubewarden/burrego",
              "kubewarden/trusted-repos-policy",
              "kubewarden/pod-privileged-policy",
              "kubewarden/pod-runtime-class-policy",
              "kubewarden/notify-policy-hub"
            ],
            "id": "org:kubewarden",
            "names": [
              "automation",
              "policy-hub",
              "allow-privilege-escalation-psp-policy",
              "user-group-psp-policy",
              "volumes-psp-policy",
              "selinux-psp-policy",
              "sysctl-psp-policy",
              "readonly-root-filesystem-psp-policy",
              "host-namespaces-psp-policy",
              "hostpaths-psp-policy",
              "capabilities-psp-policy",
              "flexvolume-drivers-psp-policy",
              "apparmor-psp-policy",
              "allowed-proc-mount-types-psp-policy",
              "allowed-fsgroups-psp-policy",
              "kubewarden-controller",
              "kubewarden-end-to-end-tests",
              "setup-kubewarden-cluster-action",
              "policy-fetcher",
              "docs",
              "policy-server",
              ".github",
              "disallow-service-loadbalancer-policy",
              "disallow-service-nodeport-policy",
              "kwctl",
              "repo",
              "helm-charts",
              "kubewarden.io",
              "policy-evaluator",
              "policy-sdk-rust",
              "UI",
              "rust-policy-template",
              "opa-policy-template",
              "load-testing",
              "safe-labels-policy",
              "safe-annotations-policy",
              "gatekeeper-policy-template",
              "go-policy-template",
              "swift-policy-template",
              "ingress-policy",
              "policy-sdk-swift",
              "swift-wasm-runner",
              "policy-sdk-go",
              "burrego",
              "trusted-repos-policy",
              "pod-privileged-policy",
              "pod-runtime-class-policy",
              "notify-policy-hub"
            ],
            "query": "org:kubewarden",
            "sort": "updated"
          },
          "sensitive_attributes": []
        }
      ]
    },
    {
      "mode": "data",
      "type": "github_team",
      "name": "kubewarden_developers",
      "provider": "provider[\"registry.terraform.io/integrations/github\"].kubewarden",
      "instances": [
        {
          "schema_version": 0,
          "attributes": {
            "description": "Kubewarden developers",
            "id": "4972867",
            "members": [
              "ereslibre",
              "flavio",
              "kkaempf",
              "jvanz",
              "viccuad",
              "olblak",
              "prabalsharma",
              "raulcabello",
              "ncounter"
            ],
            "name": "kubewarden-developers",
            "node_id": "T_kwDOBNKsKc4AS-FD",
            "permission": "pull",
            "privacy": "closed",
            "repositories": [
              "pod-runtime-class-policy",
              "docs",
              "pod-privileged-policy",
              "kubewarden-controller",
              "policy-server",
              "policy-sdk-rust",
              "allow-privilege-escalation-psp-policy",
              "trusted-repos-policy",
              "apparmor-psp-policy",
              "ingress-policy",
              "policy-sdk-go",
              "capabilities-psp-policy",
              "policy-hub",
              "rust-policy-template",
              "go-policy-template",
              "safe-labels-policy",
              "policy-sdk-swift",
              "host-namespaces-psp-policy",
              "automation",
              "sysctl-psp-policy",
              "hostpaths-psp-policy",
              "safe-annotations-policy",
              "swift-policy-template",
              "volumes-psp-policy",
              "user-group-psp-policy",
              "disallow-service-nodeport-policy",
              "opa-policy-template",
              "disallow-service-loadbalancer-policy",
              "gatekeeper-policy-template",
              "mdBook",
              "allowed-proc-mount-types-psp-policy",
              "allowed-fsgroups-psp-policy",
              "selinux-psp-policy",
              "flexvolume-drivers-psp-policy",
              "readonly-root-filesystem-psp-policy",
              "kubewarden-end-to-end-tests",
              "setup-kubewarden-cluster-action"
            ],
            "slug": "kubewarden-developers"
          },
          "sensitive_attributes": []
        }
      ]
    },
    {
      "module": "module.kubewarden_docs_repository",
      "mode": "managed",
      "type": "github_repository",
      "name": "main",
      "provider": "provider[\"registry.terraform.io/integrations/github\"].kubewarden",
      "instances": [
        {
          "schema_version": 0,
          "attributes": {
            "allow_auto_merge": false,
            "allow_merge_commit": true,
            "allow_rebase_merge": true,
            "allow_squash_merge": true,
            "archive_on_destroy": null,
            "archived": false,
            "auto_init": false,
            "default_branch": "main",
            "delete_branch_on_merge": false,
            "description": "Kubewarden's documentation",
            "etag": "W/\"83e00eafed88c6c4a93b142e32e37ed1f62f7056e352574510f0ed5f77141e0f\"",
            "full_name": "kubewarden/docs",
            "git_clone_url": "git://github.com/kubewarden/docs.git",
            "gitignore_template": null,
            "has_downloads": true,
            "has_issues": true,
            "has_projects": true,
            "has_wiki": true,
            "homepage_url": "https://docs.kubewarden.io",
            "html_url": "https://github.com/kubewarden/docs",
            "http_clone_url": "https://github.com/kubewarden/docs.git",
            "id": "docs",
            "is_template": false,
            "license_template": null,
            "name": "docs",
            "node_id": "MDEwOlJlcG9zaXRvcnkzMTQyNjYyMzU=",
            "pages": [
              {
                "cname": "docs.kubewarden.io",
                "custom_404": true,
                "html_url": "https://docs.kubewarden.io/",
                "source": [
                  {
                    "branch": "gh-pages",
                    "path": "/"
                  }
                ],
                "status": "built",
                "url": "https://api.github.com/repos/kubewarden/docs/pages"
              }
            ],
            "private": false,
            "repo_id": 314266235,
            "ssh_clone_url": "git@github.com:kubewarden/docs.git",
            "svn_url": "https://github.com/kubewarden/docs",
            "template": [],
            "topics": [
              "admission-controller",
              "admission-webhook",
              "hacktoberfest",
              "kubernetes",
              "policy",
              "policy-as-code",
              "wasi",
              "wasm",
              "webassembly"
            ],
            "visibility": "public",
            "vulnerability_alerts": true
          },
          "sensitive_attributes": [],
          "private": "eyJzY2hlbWFfdmVyc2lvbiI6IjAifQ=="
        }
      ]
    },
    {
      "module": "module.kubewarden_end_to_end_tests_repository",
      "mode": "managed",
      "type": "github_repository",
      "name": "main",
      "provider": "provider[\"registry.terraform.io/integrations/github\"].kubewarden",
      "instances": [
        {
          "schema_version": 0,
          "attributes": {
            "allow_auto_merge": false,
            "allow_merge_commit": true,
            "allow_rebase_merge": true,
            "allow_squash_merge": true,
            "archive_on_destroy": null,
            "archived": false,
            "auto_init": null,
            "default_branch": "main",
            "delete_branch_on_merge": false,
            "description": "Files used to run Kubewarden end-to-end tests",
            "etag": "W/\"8e4bd717ffc5b53fc7f427997c42968b92cf8766939d126efb1bd3f4d95a6dfb\"",
            "full_name": "kubewarden/kubewarden-end-to-end-tests",
            "git_clone_url": "git://github.com/kubewarden/kubewarden-end-to-end-tests.git",
            "gitignore_template": null,
            "has_downloads": true,
            "has_issues": true,
            "has_projects": false,
            "has_wiki": true,
            "homepage_url": "",
            "html_url": "https://github.com/kubewarden/kubewarden-end-to-end-tests",
            "http_clone_url": "https://github.com/kubewarden/kubewarden-end-to-end-tests.git",
            "id": "kubewarden-end-to-end-tests",
            "is_template": false,
            "license_template": null,
            "name": "kubewarden-end-to-end-tests",
            "node_id": "R_kgDOGdvkng",
            "pages": [],
            "private": false,
            "repo_id": 433841310,
            "ssh_clone_url": "git@github.com:kubewarden/kubewarden-end-to-end-tests.git",
            "svn_url": "https://github.com/kubewarden/kubewarden-end-to-end-tests",
            "template": [],
            "topics": [
              "hacktoberfest",
              "kubernetes",
              "kubernetes-security",
              "policy-as-code",
              "webassembly"
            ],
            "visibility": "public",
            "vulnerability_alerts": true
          },
          "sensitive_attributes": [],
          "private": "bnVsbA=="
        }
      ]
    },
    {
      "module": "module.kubewarden_end_to_end_tests_repository",
      "mode": "managed",
      "type": "github_team_repository",
      "name": "gh_team_push_rights",
      "provider": "provider[\"registry.terraform.io/integrations/github\"].kubewarden",
      "instances": [
        {
          "index_key": 0,
          "schema_version": 0,
          "attributes": {
            "etag": "W/\"1ca5860934bd7c5cff8587d5191f109636297081f88cb6fa8f0acd3d80b0bc3f\"",
            "id": "4972867:kubewarden-end-to-end-tests",
            "permission": "push",
            "repository": "kubewarden-end-to-end-tests",
            "team_id": "4972867"
          },
          "sensitive_attributes": [],
          "private": "bnVsbA==",
          "dependencies": [
            "data.github_team.kubewarden_developers",
            "module.kubewarden_end_to_end_tests_repository.github_repository.main"
          ]
        }
      ]
    },
    {
      "module": "module.kubewarden_policy_hub_repository",
      "mode": "managed",
      "type": "github_repository",
      "name": "main",
      "provider": "provider[\"registry.terraform.io/integrations/github\"].kubewarden",
      "instances": [
        {
          "schema_version": 0,
          "attributes": {
            "allow_auto_merge": false,
            "allow_merge_commit": true,
            "allow_rebase_merge": true,
            "allow_squash_merge": true,
            "archive_on_destroy": null,
            "archived": false,
            "auto_init": false,
            "default_branch": "main",
            "delete_branch_on_merge": false,
            "description": "A place where to find and discover policies",
            "etag": "W/\"73c4b29f3cd19c256491388ee3cc0bcc6f062bddbef8c70e033c21fde7d938e7\"",
            "full_name": "kubewarden/policy-hub",
            "git_clone_url": "git://github.com/kubewarden/policy-hub.git",
            "gitignore_template": null,
            "has_downloads": true,
            "has_issues": true,
            "has_projects": false,
            "has_wiki": true,
            "homepage_url": "https://hub.kubewarden.io",
            "html_url": "https://github.com/kubewarden/policy-hub",
            "http_clone_url": "https://github.com/kubewarden/policy-hub.git",
            "id": "policy-hub",
            "is_template": false,
            "license_template": null,
            "name": "policy-hub",
            "node_id": "MDEwOlJlcG9zaXRvcnkzNTAyNDAyOTY=",
            "pages": [
              {
                "cname": "hub.kubewarden.io",
                "custom_404": false,
                "html_url": "https://hub.kubewarden.io/",
                "source": [
                  {
                    "branch": "gh-pages",
                    "path": "/"
                  }
                ],
                "status": "built",
                "url": "https://api.github.com/repos/kubewarden/policy-hub/pages"
              }
            ],
            "private": false,
            "repo_id": 350240296,
            "ssh_clone_url": "git@github.com:kubewarden/policy-hub.git",
            "svn_url": "https://github.com/kubewarden/policy-hub",
            "template": [],
            "topics": [
              "hacktoberfest",
              "kubernetes",
              "kubernetes-security",
              "policy-as-code",
              "webassembly"
            ],
            "visibility": "public",
            "vulnerability_alerts": true
          },
          "sensitive_attributes": [],
          "private": "bnVsbA=="
        }
      ]
    },
    {
      "module": "module.kubewarden_policy_hub_repository",
      "mode": "managed",
      "type": "github_team_repository",
      "name": "gh_team_push_rights",
      "provider": "provider[\"registry.terraform.io/integrations/github\"].kubewarden",
      "instances": [
        {
          "index_key": 0,
          "schema_version": 0,
          "attributes": {
            "etag": "W/\"57d8ece8b6b0cdbd4f4d3fb421273e803c30cee50618de2fdc8551589e4bc27e\"",
            "id": "4972867:policy-hub",
            "permission": "push",
            "repository": "policy-hub",
            "team_id": "4972867"
          },
          "sensitive_attributes": [],
          "private": "bnVsbA==",
          "dependencies": [
            "data.github_team.kubewarden_developers",
            "module.kubewarden_policy_hub_repository.github_repository.main"
          ]
        }
      ]
    },
    {
      "module": "module.policy_repository_allow_privilege_escalation_psp_policy",
      "mode": "managed",
      "type": "github_repository",
      "name": "main",
      "provider": "provider[\"registry.terraform.io/integrations/github\"].kubewarden",
      "instances": [
        {
          "schema_version": 0,
          "attributes": {
            "allow_auto_merge": false,
            "allow_merge_commit": true,
            "allow_rebase_merge": true,
            "allow_squash_merge": true,
            "archive_on_destroy": null,
            "archived": false,
            "auto_init": false,
            "default_branch": "main",
            "delete_branch_on_merge": false,
            "description": "A Kubewarden Pod Security Policy that controls usage of allowPrivilegeEscalation",
            "etag": "W/\"13f28d663da79292c77d5d8f6717fe8a24aaefc007147df354ef1545a7ed418d\"",
            "full_name": "kubewarden/allow-privilege-escalation-psp-policy",
            "git_clone_url": "git://github.com/kubewarden/allow-privilege-escalation-psp-policy.git",
            "gitignore_template": null,
            "has_downloads": true,
            "has_issues": true,
            "has_projects": false,
            "has_wiki": true,
            "homepage_url": "",
            "html_url": "https://github.com/kubewarden/allow-privilege-escalation-psp-policy",
            "http_clone_url": "https://github.com/kubewarden/allow-privilege-escalation-psp-policy.git",
            "id": "allow-privilege-escalation-psp-policy",
            "is_template": false,
            "license_template": null,
            "name": "allow-privilege-escalation-psp-policy",
            "node_id": "MDEwOlJlcG9zaXRvcnkzNDY3MjY1Mjk=",
            "pages": [],
            "private": false,
            "repo_id": 346726529,
            "ssh_clone_url": "git@github.com:kubewarden/allow-privilege-escalation-psp-policy.git",
            "svn_url": "https://github.com/kubewarden/allow-privilege-escalation-psp-policy",
            "template": [],
            "topics": [
              "hacktoberfest",
              "kubernetes",
              "kubernetes-security",
              "kubewarden-policy",
              "pod-security-policy",
              "policy-as-code",
              "webassembly"
            ],
            "visibility": "public",
            "vulnerability_alerts": true
          },
          "sensitive_attributes": [],
          "private": "bnVsbA=="
        }
      ]
    },
    {
      "module": "module.policy_repository_allow_privilege_escalation_psp_policy",
      "mode": "managed",
      "type": "github_team_repository",
      "name": "gh_team_push_rights",
      "provider": "provider[\"registry.terraform.io/integrations/github\"].kubewarden",
      "instances": [
        {
          "index_key": 0,
          "schema_version": 0,
          "attributes": {
            "etag": "W/\"39e5a570385eaecef35e7d7777edb5dde5f15a46a9423910b1735f954f3b50a5\"",
            "id": "4972867:allow-privilege-escalation-psp-policy",
            "permission": "push",
            "repository": "allow-privilege-escalation-psp-policy",
            "team_id": "4972867"
          },
          "sensitive_attributes": [],
          "private": "bnVsbA==",
          "dependencies": [
            "data.github_team.kubewarden_developers",
            "module.policy_repository_allow_privilege_escalation_psp_policy.github_repository.main"
          ]
        }
      ]
    },
    {
      "module": "module.policy_repository_allowed_fsgroups_psp_policy",
      "mode": "managed",
      "type": "github_repository",
      "name": "main",
      "provider": "provider[\"registry.terraform.io/integrations/github\"].kubewarden",
      "instances": [
        {
          "schema_version": 0,
          "attributes": {
            "allow_auto_merge": false,
            "allow_merge_commit": true,
            "allow_rebase_merge": true,
            "allow_squash_merge": true,
            "archive_on_destroy": null,
            "archived": false,
            "auto_init": false,
            "default_branch": "main",
            "delete_branch_on_merge": false,
            "description": "Replacement for the Kubernetes Pod Security Policy that controls the usage of fsGroup in the pod security context",
            "etag": "W/\"22cce0096ff87bf23a9abbd46d9511ccf41b3c7a248f5e717a4261bd4d7bc2fe\"",
            "full_name": "kubewarden/allowed-fsgroups-psp-policy",
            "git_clone_url": "git://github.com/kubewarden/allowed-fsgroups-psp-policy.git",
            "gitignore_template": null,
            "has_downloads": true,
            "has_issues": true,
            "has_projects": false,
            "has_wiki": true,
            "homepage_url": "",
            "html_url": "https://github.com/kubewarden/allowed-fsgroups-psp-policy",
            "http_clone_url": "https://github.com/kubewarden/allowed-fsgroups-psp-policy.git",
            "id": "allowed-fsgroups-psp-policy",
            "is_template": false,
            "license_template": null,
            "name": "allowed-fsgroups-psp-policy",
            "node_id": "R_kgDOGZKOzQ",
            "pages": [],
            "private": false,
            "repo_id": 429035213,
            "ssh_clone_url": "git@github.com:kubewarden/allowed-fsgroups-psp-policy.git",
            "svn_url": "https://github.com/kubewarden/allowed-fsgroups-psp-policy",
            "template": [],
            "topics": [
              "hacktoberfest",
              "kubernetes",
              "kubernetes-security",
              "kubewarden-policy",
              "pod-security-policy",
              "policy-as-code",
              "webassembly"
            ],
            "visibility": "public",
            "vulnerability_alerts": true
          },
          "sensitive_attributes": [],
          "private": "bnVsbA=="
        }
      ]
    },
    {
      "module": "module.policy_repository_allowed_fsgroups_psp_policy",
      "mode": "managed",
      "type": "github_team_repository",
      "name": "gh_team_push_rights",
      "provider": "provider[\"registry.terraform.io/integrations/github\"].kubewarden",
      "instances": [
        {
          "index_key": 0,
          "schema_version": 0,
          "attributes": {
            "etag": "W/\"4e9f44177db1785f1c3dc9320767e3d831b09f01b8c692e4e8442104a0c8e117\"",
            "id": "4972867:allowed-fsgroups-psp-policy",
            "permission": "push",
            "repository": "allowed-fsgroups-psp-policy",
            "team_id": "4972867"
          },
          "sensitive_attributes": [],
          "private": "bnVsbA==",
          "dependencies": [
            "data.github_team.kubewarden_developers",
            "module.policy_repository_allowed_fsgroups_psp_policy.github_repository.main"
          ]
        }
      ]
    },
    {
      "module": "module.policy_repository_allowed_proc_mount_types_psp_policy",
      "mode": "managed",
      "type": "github_repository",
      "name": "main",
      "provider": "provider[\"registry.terraform.io/integrations/github\"].kubewarden",
      "instances": [
        {
          "schema_version": 0,
          "attributes": {
            "allow_auto_merge": false,
            "allow_merge_commit": true,
            "allow_rebase_merge": true,
            "allow_squash_merge": true,
            "archive_on_destroy": null,
            "archived": false,
            "auto_init": false,
            "default_branch": "main",
            "delete_branch_on_merge": false,
            "description": "Replacement for the Kubernetes Pod Security Policy that controls the usage of /proc mount types",
            "etag": "W/\"5c61821fa96339d31e60f2a01d1ce3417b17927a674908e8760502754b3da2c5\"",
            "full_name": "kubewarden/allowed-proc-mount-types-psp-policy",
            "git_clone_url": "git://github.com/kubewarden/allowed-proc-mount-types-psp-policy.git",
            "gitignore_template": null,
            "has_downloads": true,
            "has_issues": true,
            "has_projects": false,
            "has_wiki": true,
            "homepage_url": "",
            "html_url": "https://github.com/kubewarden/allowed-proc-mount-types-psp-policy",
            "http_clone_url": "https://github.com/kubewarden/allowed-proc-mount-types-psp-policy.git",
            "id": "allowed-proc-mount-types-psp-policy",
            "is_template": false,
            "license_template": null,
            "name": "allowed-proc-mount-types-psp-policy",
            "node_id": "R_kgDOGYyF-w",
            "pages": [],
            "private": false,
            "repo_id": 428639739,
            "ssh_clone_url": "git@github.com:kubewarden/allowed-proc-mount-types-psp-policy.git",
            "svn_url": "https://github.com/kubewarden/allowed-proc-mount-types-psp-policy",
            "template": [],
            "topics": [
              "hacktoberfest",
              "kubernetes",
              "kubernetes-security",
              "kubewarden-policy",
              "pod-security-policy",
              "policy-as-code",
              "webassembly"
            ],
            "visibility": "public",
            "vulnerability_alerts": true
          },
          "sensitive_attributes": [],
          "private": "bnVsbA=="
        }
      ]
    },
    {
      "module": "module.policy_repository_allowed_proc_mount_types_psp_policy",
      "mode": "managed",
      "type": "github_team_repository",
      "name": "gh_team_push_rights",
      "provider": "provider[\"registry.terraform.io/integrations/github\"].kubewarden",
      "instances": [
        {
          "index_key": 0,
          "schema_version": 0,
          "attributes": {
            "etag": "W/\"8ea27ac6ed12068385a5ec1d9c3d246d597eca2bb5c458cc6a67ffbacee30945\"",
            "id": "4972867:allowed-proc-mount-types-psp-policy",
            "permission": "push",
            "repository": "allowed-proc-mount-types-psp-policy",
            "team_id": "4972867"
          },
          "sensitive_attributes": [],
          "private": "bnVsbA==",
          "dependencies": [
            "data.github_team.kubewarden_developers",
            "module.policy_repository_allowed_proc_mount_types_psp_policy.github_repository.main"
          ]
        }
      ]
    },
    {
      "module": "module.policy_repository_apparmor_psp_policy",
      "mode": "managed",
      "type": "github_repository",
      "name": "main",
      "provider": "provider[\"registry.terraform.io/integrations/github\"].kubewarden",
      "instances": [
        {
          "schema_version": 0,
          "attributes": {
            "allow_auto_merge": false,
            "allow_merge_commit": true,
            "allow_rebase_merge": true,
            "allow_squash_merge": true,
            "archive_on_destroy": null,
            "archived": false,
            "auto_init": false,
            "default_branch": "main",
            "delete_branch_on_merge": false,
            "description": "A Kubewarden Pod Security Policy that controls usage of AppArmor profiles",
            "etag": "W/\"69e163551db6780b183da1775a865a8c71905ac2fdd8981b27f9d9d557a0c8c8\"",
            "full_name": "kubewarden/apparmor-psp-policy",
            "git_clone_url": "git://github.com/kubewarden/apparmor-psp-policy.git",
            "gitignore_template": null,
            "has_downloads": true,
            "has_issues": true,
            "has_projects": false,
            "has_wiki": true,
            "homepage_url": "",
            "html_url": "https://github.com/kubewarden/apparmor-psp-policy",
            "http_clone_url": "https://github.com/kubewarden/apparmor-psp-policy.git",
            "id": "apparmor-psp-policy",
            "is_template": false,
            "license_template": null,
            "name": "apparmor-psp-policy",
            "node_id": "MDEwOlJlcG9zaXRvcnkzNDcxNDYyNzY=",
            "pages": [],
            "private": false,
            "repo_id": 347146276,
            "ssh_clone_url": "git@github.com:kubewarden/apparmor-psp-policy.git",
            "svn_url": "https://github.com/kubewarden/apparmor-psp-policy",
            "template": [],
            "topics": [
              "hacktoberfest",
              "kubernetes",
              "kubernetes-security",
              "kubewarden-policy",
              "pod-security-policy",
              "policy-as-code",
              "webassembly"
            ],
            "visibility": "public",
            "vulnerability_alerts": true
          },
          "sensitive_attributes": [],
          "private": "bnVsbA=="
        }
      ]
    },
    {
      "module": "module.policy_repository_apparmor_psp_policy",
      "mode": "managed",
      "type": "github_team_repository",
      "name": "gh_team_push_rights",
      "provider": "provider[\"registry.terraform.io/integrations/github\"].kubewarden",
      "instances": [
        {
          "index_key": 0,
          "schema_version": 0,
          "attributes": {
            "etag": "W/\"f3a63365de8a71e768a2fad8ef78d552ae182210038bab16148fc6b38d00007d\"",
            "id": "4972867:apparmor-psp-policy",
            "permission": "push",
            "repository": "apparmor-psp-policy",
            "team_id": "4972867"
          },
          "sensitive_attributes": [],
          "private": "bnVsbA==",
          "dependencies": [
            "module.policy_repository_apparmor_psp_policy.github_repository.main",
            "data.github_team.kubewarden_developers"
          ]
        }
      ]
    },
    {
      "module": "module.policy_repository_capabilities_psp_policy",
      "mode": "managed",
      "type": "github_repository",
      "name": "main",
      "provider": "provider[\"registry.terraform.io/integrations/github\"].kubewarden",
      "instances": [
        {
          "schema_version": 0,
          "attributes": {
            "allow_auto_merge": false,
            "allow_merge_commit": true,
            "allow_rebase_merge": true,
            "allow_squash_merge": true,
            "archive_on_destroy": null,
            "archived": false,
            "auto_init": false,
            "default_branch": "main",
            "delete_branch_on_merge": false,
            "description": "A Pod Security Policy that controls Container Capabilities",
            "etag": "W/\"45227f225b61a69ae856b9f122b898166f3ec39e9d1279d5ac3185fcd4972cb5\"",
            "full_name": "kubewarden/capabilities-psp-policy",
            "git_clone_url": "git://github.com/kubewarden/capabilities-psp-policy.git",
            "gitignore_template": null,
            "has_downloads": true,
            "has_issues": true,
            "has_projects": false,
            "has_wiki": true,
            "homepage_url": "",
            "html_url": "https://github.com/kubewarden/capabilities-psp-policy",
            "http_clone_url": "https://github.com/kubewarden/capabilities-psp-policy.git",
            "id": "capabilities-psp-policy",
            "is_template": false,
            "license_template": null,
            "name": "capabilities-psp-policy",
            "node_id": "MDEwOlJlcG9zaXRvcnkzNDk4MDUwNTg=",
            "pages": [],
            "private": false,
            "repo_id": 349805058,
            "ssh_clone_url": "git@github.com:kubewarden/capabilities-psp-policy.git",
            "svn_url": "https://github.com/kubewarden/capabilities-psp-policy",
            "template": [],
            "topics": [
              "hacktoberfest",
              "kubernetes",
              "kubernetes-security",
              "kubewarden-policy",
              "pod-security-policy",
              "policy-as-code",
              "webassembly"
            ],
            "visibility": "public",
            "vulnerability_alerts": true
          },
          "sensitive_attributes": [],
          "private": "bnVsbA=="
        }
      ]
    },
    {
      "module": "module.policy_repository_capabilities_psp_policy",
      "mode": "managed",
      "type": "github_team_repository",
      "name": "gh_team_push_rights",
      "provider": "provider[\"registry.terraform.io/integrations/github\"].kubewarden",
      "instances": [
        {
          "index_key": 0,
          "schema_version": 0,
          "attributes": {
            "etag": "W/\"e41cd0ceb28c5909c1bb279a33c681f13d829b63e34c440afb7f0d4720049d0f\"",
            "id": "4972867:capabilities-psp-policy",
            "permission": "push",
            "repository": "capabilities-psp-policy",
            "team_id": "4972867"
          },
          "sensitive_attributes": [],
          "private": "bnVsbA==",
          "dependencies": [
            "data.github_team.kubewarden_developers",
            "module.policy_repository_capabilities_psp_policy.github_repository.main"
          ]
        }
      ]
    },
    {
      "module": "module.policy_repository_disallow_service_loadbalancer_policy",
      "mode": "managed",
      "type": "github_repository",
      "name": "main",
      "provider": "provider[\"registry.terraform.io/integrations/github\"].kubewarden",
      "instances": [
        {
          "schema_version": 0,
          "attributes": {
            "allow_auto_merge": false,
            "allow_merge_commit": true,
            "allow_rebase_merge": true,
            "allow_squash_merge": true,
            "archive_on_destroy": null,
            "archived": false,
            "auto_init": false,
            "default_branch": "main",
            "delete_branch_on_merge": false,
            "description": "A policy that prevents the creation of Service resources with type LoadBalancer",
            "etag": "W/\"d373cafbd0e2cc8755331a9ba9e041820769c752a2a1554f8504276c2cc6a991\"",
            "full_name": "kubewarden/disallow-service-loadbalancer-policy",
            "git_clone_url": "git://github.com/kubewarden/disallow-service-loadbalancer-policy.git",
            "gitignore_template": null,
            "has_downloads": true,
            "has_issues": true,
            "has_projects": false,
            "has_wiki": true,
            "homepage_url": "",
            "html_url": "https://github.com/kubewarden/disallow-service-loadbalancer-policy",
            "http_clone_url": "https://github.com/kubewarden/disallow-service-loadbalancer-policy.git",
            "id": "disallow-service-loadbalancer-policy",
            "is_template": false,
            "license_template": null,
            "name": "disallow-service-loadbalancer-policy",
            "node_id": "R_kgDOGGQvPQ",
            "pages": [],
            "private": false,
            "repo_id": 409218877,
            "ssh_clone_url": "git@github.com:kubewarden/disallow-service-loadbalancer-policy.git",
            "svn_url": "https://github.com/kubewarden/disallow-service-loadbalancer-policy",
            "template": [],
            "topics": [
              "gatekeeper",
              "hacktoberfest",
              "kubernetes",
              "kubernetes-security",
              "kubewarden-policy",
              "open-policy-agent",
              "policy-as-code",
              "webassembly"
            ],
            "visibility": "public",
            "vulnerability_alerts": true
          },
          "sensitive_attributes": [],
          "private": "bnVsbA=="
        }
      ]
    },
    {
      "module": "module.policy_repository_disallow_service_loadbalancer_policy",
      "mode": "managed",
      "type": "github_team_repository",
      "name": "gh_team_push_rights",
      "provider": "provider[\"registry.terraform.io/integrations/github\"].kubewarden",
      "instances": [
        {
          "index_key": 0,
          "schema_version": 0,
          "attributes": {
            "etag": "W/\"5461424e4869e6305adc4be438ab7c657d7a68dfac41fdbfbfc9656a6b2ac56c\"",
            "id": "4972867:disallow-service-loadbalancer-policy",
            "permission": "push",
            "repository": "disallow-service-loadbalancer-policy",
            "team_id": "4972867"
          },
          "sensitive_attributes": [],
          "private": "bnVsbA==",
          "dependencies": [
            "data.github_team.kubewarden_developers",
            "module.policy_repository_disallow_service_loadbalancer_policy.github_repository.main"
          ]
        }
      ]
    },
    {
      "module": "module.policy_repository_disallow_service_nodeport_policy",
      "mode": "managed",
      "type": "github_repository",
      "name": "main",
      "provider": "provider[\"registry.terraform.io/integrations/github\"].kubewarden",
      "instances": [
        {
          "schema_version": 0,
          "attributes": {
            "allow_auto_merge": false,
            "allow_merge_commit": true,
            "allow_rebase_merge": true,
            "allow_squash_merge": true,
            "archive_on_destroy": null,
            "archived": false,
            "auto_init": false,
            "default_branch": "main",
            "delete_branch_on_merge": false,
            "description": "A policy that prevents the creation of Service resources with type NodePort",
            "etag": "W/\"cd9774a3df595b566511f37fc10d96450491b4fc2d6ba8da81c2d8eea55008f8\"",
            "full_name": "kubewarden/disallow-service-nodeport-policy",
            "git_clone_url": "git://github.com/kubewarden/disallow-service-nodeport-policy.git",
            "gitignore_template": null,
            "has_downloads": true,
            "has_issues": true,
            "has_projects": false,
            "has_wiki": true,
            "homepage_url": "",
            "html_url": "https://github.com/kubewarden/disallow-service-nodeport-policy",
            "http_clone_url": "https://github.com/kubewarden/disallow-service-nodeport-policy.git",
            "id": "disallow-service-nodeport-policy",
            "is_template": false,
            "license_template": null,
            "name": "disallow-service-nodeport-policy",
            "node_id": "MDEwOlJlcG9zaXRvcnk0MDc0ODUxNDk=",
            "pages": [],
            "private": false,
            "repo_id": 407485149,
            "ssh_clone_url": "git@github.com:kubewarden/disallow-service-nodeport-policy.git",
            "svn_url": "https://github.com/kubewarden/disallow-service-nodeport-policy",
            "template": [],
            "topics": [
              "gatekeeper",
              "hacktoberfest",
              "kubernetes",
              "kubernetes-security",
              "kubewarden-policy",
              "open-policy-agent",
              "policy-as-code",
              "webassembly"
            ],
            "visibility": "public",
            "vulnerability_alerts": true
          },
          "sensitive_attributes": [],
          "private": "bnVsbA=="
        }
      ]
    },
    {
      "module": "module.policy_repository_disallow_service_nodeport_policy",
      "mode": "managed",
      "type": "github_team_repository",
      "name": "gh_team_push_rights",
      "provider": "provider[\"registry.terraform.io/integrations/github\"].kubewarden",
      "instances": [
        {
          "index_key": 0,
          "schema_version": 0,
          "attributes": {
            "etag": "W/\"bccc0819650c043f2a558f2e159de01a970c25d85f433a458e8410f988fff017\"",
            "id": "4972867:disallow-service-nodeport-policy",
            "permission": "push",
            "repository": "disallow-service-nodeport-policy",
            "team_id": "4972867"
          },
          "sensitive_attributes": [],
          "private": "bnVsbA==",
          "dependencies": [
            "data.github_team.kubewarden_developers",
            "module.policy_repository_disallow_service_nodeport_policy.github_repository.main"
          ]
        }
      ]
    },
    {
      "module": "module.policy_repository_flexvolume_drivers_psp_policy",
      "mode": "managed",
      "type": "github_repository",
      "name": "main",
      "provider": "provider[\"registry.terraform.io/integrations/github\"].kubewarden",
      "instances": [
        {
          "schema_version": 0,
          "attributes": {
            "allow_auto_merge": false,
            "allow_merge_commit": true,
            "allow_rebase_merge": true,
            "allow_squash_merge": true,
            "archive_on_destroy": null,
            "archived": false,
            "auto_init": false,
            "default_branch": "main",
            "delete_branch_on_merge": false,
            "description": "Replacement for the Kubernetes Pod Security Policy that controls the allowed `flexVolume` drivers",
            "etag": "W/\"0617ff2294b9f03b4bae0502f4a8c12c0bbe0d4feee9c49fc8c8a5c07a05b423\"",
            "full_name": "kubewarden/flexvolume-drivers-psp-policy",
            "git_clone_url": "git://github.com/kubewarden/flexvolume-drivers-psp-policy.git",
            "gitignore_template": null,
            "has_downloads": true,
            "has_issues": true,
            "has_projects": false,
            "has_wiki": true,
            "homepage_url": "",
            "html_url": "https://github.com/kubewarden/flexvolume-drivers-psp-policy",
            "http_clone_url": "https://github.com/kubewarden/flexvolume-drivers-psp-policy.git",
            "id": "flexvolume-drivers-psp-policy",
            "is_template": false,
            "license_template": null,
            "name": "flexvolume-drivers-psp-policy",
            "node_id": "R_kgDOGZ3jLw",
            "pages": [],
            "private": false,
            "repo_id": 429777711,
            "ssh_clone_url": "git@github.com:kubewarden/flexvolume-drivers-psp-policy.git",
            "svn_url": "https://github.com/kubewarden/flexvolume-drivers-psp-policy",
            "template": [],
            "topics": [
              "hacktoberfest",
              "kubernetes",
              "kubernetes-security",
              "kubewarden-policy",
              "pod-security-policy",
              "policy-as-code",
              "webassembly"
            ],
            "visibility": "public",
            "vulnerability_alerts": true
          },
          "sensitive_attributes": [],
          "private": "bnVsbA=="
        }
      ]
    },
    {
      "module": "module.policy_repository_flexvolume_drivers_psp_policy",
      "mode": "managed",
      "type": "github_team_repository",
      "name": "gh_team_push_rights",
      "provider": "provider[\"registry.terraform.io/integrations/github\"].kubewarden",
      "instances": [
        {
          "index_key": 0,
          "schema_version": 0,
          "attributes": {
            "etag": "W/\"7891e6b8ab0dafa0e383875133f6b21f0553d72569fe9b40f361df7fe9c4455f\"",
            "id": "4972867:flexvolume-drivers-psp-policy",
            "permission": "push",
            "repository": "flexvolume-drivers-psp-policy",
            "team_id": "4972867"
          },
          "sensitive_attributes": [],
          "private": "bnVsbA==",
          "dependencies": [
            "data.github_team.kubewarden_developers",
            "module.policy_repository_flexvolume_drivers_psp_policy.github_repository.main"
          ]
        }
      ]
    },
    {
      "module": "module.policy_repository_host_namespaces_psp_policy",
      "mode": "managed",
      "type": "github_repository",
      "name": "main",
      "provider": "provider[\"registry.terraform.io/integrations/github\"].kubewarden",
      "instances": [
        {
          "schema_version": 0,
          "attributes": {
            "allow_auto_merge": false,
            "allow_merge_commit": true,
            "allow_rebase_merge": true,
            "allow_squash_merge": true,
            "archive_on_destroy": null,
            "archived": false,
            "auto_init": false,
            "default_branch": "main",
            "delete_branch_on_merge": false,
            "description": "Replacement for the Kubernetes Pod Security Policy that controls the usage of host namespaces",
            "etag": "W/\"156f6f153b6f99062ec7cb098a350c87cfbf7eaeb006785f6410010920fbb7da\"",
            "full_name": "kubewarden/host-namespaces-psp-policy",
            "git_clone_url": "git://github.com/kubewarden/host-namespaces-psp-policy.git",
            "gitignore_template": null,
            "has_downloads": true,
            "has_issues": true,
            "has_projects": false,
            "has_wiki": true,
            "homepage_url": "",
            "html_url": "https://github.com/kubewarden/host-namespaces-psp-policy",
            "http_clone_url": "https://github.com/kubewarden/host-namespaces-psp-policy.git",
            "id": "host-namespaces-psp-policy",
            "is_template": false,
            "license_template": null,
            "name": "host-namespaces-psp-policy",
            "node_id": "MDEwOlJlcG9zaXRvcnkzNzQ2MzEyNDM=",
            "pages": [],
            "private": false,
            "repo_id": 374631243,
            "ssh_clone_url": "git@github.com:kubewarden/host-namespaces-psp-policy.git",
            "svn_url": "https://github.com/kubewarden/host-namespaces-psp-policy",
            "template": [],
            "topics": [
              "hacktoberfest",
              "kubernetes",
              "kubernetes-security",
              "kubewarden-policy",
              "pod-security-policy",
              "policy-as-code",
              "webassembly"
            ],
            "visibility": "public",
            "vulnerability_alerts": true
          },
          "sensitive_attributes": [],
          "private": "bnVsbA=="
        }
      ]
    },
    {
      "module": "module.policy_repository_host_namespaces_psp_policy",
      "mode": "managed",
      "type": "github_team_repository",
      "name": "gh_team_push_rights",
      "provider": "provider[\"registry.terraform.io/integrations/github\"].kubewarden",
      "instances": [
        {
          "index_key": 0,
          "schema_version": 0,
          "attributes": {
            "etag": "W/\"effcc720818d10a74d7442290efec31802ba7cc78ff778058b9399c197a2d6df\"",
            "id": "4972867:host-namespaces-psp-policy",
            "permission": "push",
            "repository": "host-namespaces-psp-policy",
            "team_id": "4972867"
          },
          "sensitive_attributes": [],
          "private": "bnVsbA==",
          "dependencies": [
            "data.github_team.kubewarden_developers",
            "module.policy_repository_host_namespaces_psp_policy.github_repository.main"
          ]
        }
      ]
    },
    {
      "module": "module.policy_repository_hostpaths_psp_policy",
      "mode": "managed",
      "type": "github_repository",
      "name": "main",
      "provider": "provider[\"registry.terraform.io/integrations/github\"].kubewarden",
      "instances": [
        {
          "schema_version": 0,
          "attributes": {
            "allow_auto_merge": false,
            "allow_merge_commit": true,
            "allow_rebase_merge": true,
            "allow_squash_merge": true,
            "archive_on_destroy": null,
            "archived": false,
            "auto_init": false,
            "default_branch": "main",
            "delete_branch_on_merge": false,
            "description": "Replacement for the Kubernetes Pod Security Policy that controls the usage of hostpaths",
            "etag": "W/\"8989eb273d209e4444e42d57a25f4227b1d5b2760c6abd638e48a5d78966bce4\"",
            "full_name": "kubewarden/hostpaths-psp-policy",
            "git_clone_url": "git://github.com/kubewarden/hostpaths-psp-policy.git",
            "gitignore_template": null,
            "has_downloads": true,
            "has_issues": true,
            "has_projects": false,
            "has_wiki": true,
            "homepage_url": "",
            "html_url": "https://github.com/kubewarden/hostpaths-psp-policy",
            "http_clone_url": "https://github.com/kubewarden/hostpaths-psp-policy.git",
            "id": "hostpaths-psp-policy",
            "is_template": false,
            "license_template": null,
            "name": "hostpaths-psp-policy",
            "node_id": "MDEwOlJlcG9zaXRvcnkzOTI3MzA4MzM=",
            "pages": [],
            "private": false,
            "repo_id": 392730833,
            "ssh_clone_url": "git@github.com:kubewarden/hostpaths-psp-policy.git",
            "svn_url": "https://github.com/kubewarden/hostpaths-psp-policy",
            "template": [
              {
                "owner": "kubewarden",
                "repository": "go-policy-template"
              }
            ],
            "topics": [
              "hacktoberfest",
              "kubernetes",
              "kubernetes-security",
              "kubewarden-policy",
              "pod-security-policy",
              "policy-as-code",
              "webassembly"
            ],
            "visibility": "public",
            "vulnerability_alerts": true
          },
          "sensitive_attributes": [],
          "private": "bnVsbA=="
        }
      ]
    },
    {
      "module": "module.policy_repository_hostpaths_psp_policy",
      "mode": "managed",
      "type": "github_team_repository",
      "name": "gh_team_push_rights",
      "provider": "provider[\"registry.terraform.io/integrations/github\"].kubewarden",
      "instances": [
        {
          "index_key": 0,
          "schema_version": 0,
          "attributes": {
            "etag": "W/\"ab65a99d0a327c12b5bf4a622cf5639891f8d5925536309e9b2ab5f895ed4093\"",
            "id": "4972867:hostpaths-psp-policy",
            "permission": "push",
            "repository": "hostpaths-psp-policy",
            "team_id": "4972867"
          },
          "sensitive_attributes": [],
          "private": "bnVsbA==",
          "dependencies": [
            "data.github_team.kubewarden_developers",
            "module.policy_repository_hostpaths_psp_policy.github_repository.main"
          ]
        }
      ]
    },
    {
      "module": "module.policy_repository_ingress_policy",
      "mode": "managed",
      "type": "github_repository",
      "name": "main",
      "provider": "provider[\"registry.terraform.io/integrations/github\"].kubewarden",
      "instances": [
        {
          "schema_version": 0,
          "attributes": {
            "allow_auto_merge": false,
            "allow_merge_commit": true,
            "allow_rebase_merge": true,
            "allow_squash_merge": true,
            "archive_on_destroy": null,
            "archived": false,
            "auto_init": false,
            "default_branch": "main",
            "delete_branch_on_merge": false,
            "description": "Policy to enforce requirements on Kubernetes Ingress resources.",
            "etag": "W/\"237c8b2a93cf91dd7285fc3adc8522cea902ade88075ab55c154c32f1c6065cb\"",
            "full_name": "kubewarden/ingress-policy",
            "git_clone_url": "git://github.com/kubewarden/ingress-policy.git",
            "gitignore_template": null,
            "has_downloads": true,
            "has_issues": true,
            "has_projects": false,
            "has_wiki": true,
            "homepage_url": "",
            "html_url": "https://github.com/kubewarden/ingress-policy",
            "http_clone_url": "https://github.com/kubewarden/ingress-policy.git",
            "id": "ingress-policy",
            "is_template": false,
            "license_template": null,
            "name": "ingress-policy",
            "node_id": "MDEwOlJlcG9zaXRvcnkzNDkwNDg5NjU=",
            "pages": [],
            "private": false,
            "repo_id": 349048965,
            "ssh_clone_url": "git@github.com:kubewarden/ingress-policy.git",
            "svn_url": "https://github.com/kubewarden/ingress-policy",
            "template": [],
            "topics": [
              "hacktoberfest",
              "ingress",
              "ingresses-resources",
              "kubernetes",
              "kubernetes-security",
              "kubewarden-policy",
              "policy-as-code",
              "webassembly"
            ],
            "visibility": "public",
            "vulnerability_alerts": true
          },
          "sensitive_attributes": [],
          "private": "bnVsbA=="
        }
      ]
    },
    {
      "module": "module.policy_repository_ingress_policy",
      "mode": "managed",
      "type": "github_team_repository",
      "name": "gh_team_push_rights",
      "provider": "provider[\"registry.terraform.io/integrations/github\"].kubewarden",
      "instances": [
        {
          "index_key": 0,
          "schema_version": 0,
          "attributes": {
            "etag": "W/\"dbfa6506e2e42dcfc504b69ba3cc83e80c3066ae1a2c9bb2a10bc6728de24f1c\"",
            "id": "4972867:ingress-policy",
            "permission": "push",
            "repository": "ingress-policy",
            "team_id": "4972867"
          },
          "sensitive_attributes": [],
          "private": "bnVsbA==",
          "dependencies": [
            "data.github_team.kubewarden_developers",
            "module.policy_repository_ingress_policy.github_repository.main"
          ]
        }
      ]
    },
    {
      "module": "module.policy_repository_pod_privileged_policy",
      "mode": "managed",
      "type": "github_repository",
      "name": "main",
      "provider": "provider[\"registry.terraform.io/integrations/github\"].kubewarden",
      "instances": [
        {
          "schema_version": 0,
          "attributes": {
            "allow_auto_merge": false,
            "allow_merge_commit": true,
            "allow_rebase_merge": true,
            "allow_squash_merge": true,
            "archive_on_destroy": null,
            "archived": false,
            "auto_init": false,
            "default_branch": "main",
            "delete_branch_on_merge": false,
            "description": "A Kubewarden Policy written in AssemblyScript that limits the ability to create privileged containers",
            "etag": "W/\"60f48bcf649900548f5d51a3cee8bd21340910ac32c58670de0be68183022d2a\"",
            "full_name": "kubewarden/pod-privileged-policy",
            "git_clone_url": "git://github.com/kubewarden/pod-privileged-policy.git",
            "gitignore_template": null,
            "has_downloads": true,
            "has_issues": true,
            "has_projects": false,
            "has_wiki": true,
            "homepage_url": "",
            "html_url": "https://github.com/kubewarden/pod-privileged-policy",
            "http_clone_url": "https://github.com/kubewarden/pod-privileged-policy.git",
            "id": "pod-privileged-policy",
            "is_template": false,
            "license_template": null,
            "name": "pod-privileged-policy",
            "node_id": "MDEwOlJlcG9zaXRvcnkzMTc2Njk3NjI=",
            "pages": [],
            "private": false,
            "repo_id": 317669762,
            "ssh_clone_url": "git@github.com:kubewarden/pod-privileged-policy.git",
            "svn_url": "https://github.com/kubewarden/pod-privileged-policy",
            "template": [],
            "topics": [
              "hacktoberfest",
              "kubernetes",
              "kubernetes-security",
              "kubewarden-policy",
              "pod-security-policy",
              "policy-as-code",
              "webassembly"
            ],
            "visibility": "public",
            "vulnerability_alerts": true
          },
          "sensitive_attributes": [],
          "private": "bnVsbA=="
        }
      ]
    },
    {
      "module": "module.policy_repository_pod_privileged_policy",
      "mode": "managed",
      "type": "github_team_repository",
      "name": "gh_team_push_rights",
      "provider": "provider[\"registry.terraform.io/integrations/github\"].kubewarden",
      "instances": [
        {
          "index_key": 0,
          "schema_version": 0,
          "attributes": {
            "etag": "W/\"0cf926827bce8810601707ee7ce9c9cec9b121af96e8d8e36e33404a098426c7\"",
            "id": "4972867:pod-privileged-policy",
            "permission": "push",
            "repository": "pod-privileged-policy",
            "team_id": "4972867"
          },
          "sensitive_attributes": [],
          "private": "bnVsbA==",
          "dependencies": [
            "data.github_team.kubewarden_developers",
            "module.policy_repository_pod_privileged_policy.github_repository.main"
          ]
        }
      ]
    },
    {
      "module": "module.policy_repository_pod_runtime_class_policy",
      "mode": "managed",
      "type": "github_repository",
      "name": "main",
      "provider": "provider[\"registry.terraform.io/integrations/github\"].kubewarden",
      "instances": [
        {
          "schema_version": 0,
          "attributes": {
            "allow_auto_merge": false,
            "allow_merge_commit": true,
            "allow_rebase_merge": true,
            "allow_squash_merge": true,
            "archive_on_destroy": null,
            "archived": false,
            "auto_init": false,
            "default_branch": "main",
            "delete_branch_on_merge": false,
            "description": "A Kubewarden Policy that controls the usage of Pod runtimeClass",
            "etag": "W/\"47f71a2dd41155edaf419a050b61468639514d21553005733ed131922b177b1a\"",
            "full_name": "kubewarden/pod-runtime-class-policy",
            "git_clone_url": "git://github.com/kubewarden/pod-runtime-class-policy.git",
            "gitignore_template": null,
            "has_downloads": true,
            "has_issues": true,
            "has_projects": false,
            "has_wiki": true,
            "homepage_url": "",
            "html_url": "https://github.com/kubewarden/pod-runtime-class-policy",
            "http_clone_url": "https://github.com/kubewarden/pod-runtime-class-policy.git",
            "id": "pod-runtime-class-policy",
            "is_template": false,
            "license_template": null,
            "name": "pod-runtime-class-policy",
            "node_id": "MDEwOlJlcG9zaXRvcnkzMTM5NzQ4MzY=",
            "pages": [],
            "private": false,
            "repo_id": 313974836,
            "ssh_clone_url": "git@github.com:kubewarden/pod-runtime-class-policy.git",
            "svn_url": "https://github.com/kubewarden/pod-runtime-class-policy",
            "template": [],
            "topics": [
              "hacktoberfest",
              "kubernetes",
              "kubernetes-security",
              "kubewarden-policy",
              "policy-as-code",
              "webassembly"
            ],
            "visibility": "public",
            "vulnerability_alerts": true
          },
          "sensitive_attributes": [],
          "private": "bnVsbA=="
        }
      ]
    },
    {
      "module": "module.policy_repository_pod_runtime_class_policy",
      "mode": "managed",
      "type": "github_team_repository",
      "name": "gh_team_push_rights",
      "provider": "provider[\"registry.terraform.io/integrations/github\"].kubewarden",
      "instances": [
        {
          "index_key": 0,
          "schema_version": 0,
          "attributes": {
            "etag": "W/\"becaa0785ca9856a41be482a0f60ea473e9c9b58c6c0cb8e534637074a5aa9d2\"",
            "id": "4972867:pod-runtime-class-policy",
            "permission": "push",
            "repository": "pod-runtime-class-policy",
            "team_id": "4972867"
          },
          "sensitive_attributes": [],
          "private": "bnVsbA==",
          "dependencies": [
            "data.github_team.kubewarden_developers",
            "module.policy_repository_pod_runtime_class_policy.github_repository.main"
          ]
        }
      ]
    },
    {
      "module": "module.policy_repository_readonly_root_filesystem_psp_policy",
      "mode": "managed",
      "type": "github_repository",
      "name": "main",
      "provider": "provider[\"registry.terraform.io/integrations/github\"].kubewarden",
      "instances": [
        {
          "schema_version": 0,
          "attributes": {
            "allow_auto_merge": false,
            "allow_merge_commit": true,
            "allow_rebase_merge": true,
            "allow_squash_merge": true,
            "archive_on_destroy": null,
            "archived": false,
            "auto_init": null,
            "default_branch": "main",
            "delete_branch_on_merge": false,
            "description": "A Kubewarden policy that enforces root filesystem to be readonly",
            "etag": "W/\"5a0a63185323c1285a62193c924760a5c1e311a978a8a15d91bf944b638c94ff\"",
            "full_name": "kubewarden/readonly-root-filesystem-psp-policy",
            "git_clone_url": "git://github.com/kubewarden/readonly-root-filesystem-psp-policy.git",
            "gitignore_template": null,
            "has_downloads": true,
            "has_issues": true,
            "has_projects": false,
            "has_wiki": true,
            "homepage_url": "",
            "html_url": "https://github.com/kubewarden/readonly-root-filesystem-psp-policy",
            "http_clone_url": "https://github.com/kubewarden/readonly-root-filesystem-psp-policy.git",
            "id": "readonly-root-filesystem-psp-policy",
            "is_template": false,
            "license_template": null,
            "name": "readonly-root-filesystem-psp-policy",
            "node_id": "R_kgDOGdS_cw",
            "pages": [],
            "private": false,
            "repo_id": 433373043,
            "ssh_clone_url": "git@github.com:kubewarden/readonly-root-filesystem-psp-policy.git",
            "svn_url": "https://github.com/kubewarden/readonly-root-filesystem-psp-policy",
            "template": [],
            "topics": [
              "hacktoberfest",
              "kubernetes",
              "kubernetes-security",
              "kubewarden-policy",
              "pod-security-policy",
              "policy-as-code",
              "webassembly"
            ],
            "visibility": "public",
            "vulnerability_alerts": true
          },
          "sensitive_attributes": [],
          "private": "bnVsbA=="
        }
      ]
    },
    {
      "module": "module.policy_repository_readonly_root_filesystem_psp_policy",
      "mode": "managed",
      "type": "github_team_repository",
      "name": "gh_team_push_rights",
      "provider": "provider[\"registry.terraform.io/integrations/github\"].kubewarden",
      "instances": [
        {
          "index_key": 0,
          "schema_version": 0,
          "attributes": {
            "etag": "W/\"e5c233553e4218e73b0e8bfc404880f3eff0d42d95ada9a7787c3575563ef5fb\"",
            "id": "4972867:readonly-root-filesystem-psp-policy",
            "permission": "push",
            "repository": "readonly-root-filesystem-psp-policy",
            "team_id": "4972867"
          },
          "sensitive_attributes": [],
          "private": "bnVsbA==",
          "dependencies": [
            "data.github_team.kubewarden_developers",
            "module.policy_repository_readonly_root_filesystem_psp_policy.github_repository.main"
          ]
        }
      ]
    },
    {
      "module": "module.policy_repository_safe_annotations_policy",
      "mode": "managed",
      "type": "github_repository",
      "name": "main",
      "provider": "provider[\"registry.terraform.io/integrations/github\"].kubewarden",
      "instances": [
        {
          "schema_version": 0,
          "attributes": {
            "allow_auto_merge": false,
            "allow_merge_commit": true,
            "allow_rebase_merge": true,
            "allow_squash_merge": true,
            "archive_on_destroy": null,
            "archived": false,
            "auto_init": false,
            "default_branch": "main",
            "delete_branch_on_merge": false,
            "description": "Kubewarden policy that validates Kubernetes' resource annotations",
            "etag": "W/\"1f397fd171be707f6df46db17fe16c6a24a6cf5c88af6f08fa53318e53fc0ac1\"",
            "full_name": "kubewarden/safe-annotations-policy",
            "git_clone_url": "git://github.com/kubewarden/safe-annotations-policy.git",
            "gitignore_template": null,
            "has_downloads": true,
            "has_issues": true,
            "has_projects": false,
            "has_wiki": true,
            "homepage_url": "",
            "html_url": "https://github.com/kubewarden/safe-annotations-policy",
            "http_clone_url": "https://github.com/kubewarden/safe-annotations-policy.git",
            "id": "safe-annotations-policy",
            "is_template": false,
            "license_template": null,
            "name": "safe-annotations-policy",
            "node_id": "MDEwOlJlcG9zaXRvcnkzOTQxOTcwNzE=",
            "pages": [],
            "private": false,
            "repo_id": 394197071,
            "ssh_clone_url": "git@github.com:kubewarden/safe-annotations-policy.git",
            "svn_url": "https://github.com/kubewarden/safe-annotations-policy",
            "template": [],
            "topics": [
              "hacktoberfest",
              "kubernetes",
              "kubernetes-compliance",
              "kubernetes-security",
              "kubewarden-policy",
              "policy-as-code",
              "webassembly"
            ],
            "visibility": "public",
            "vulnerability_alerts": true
          },
          "sensitive_attributes": [],
          "private": "bnVsbA=="
        }
      ]
    },
    {
      "module": "module.policy_repository_safe_annotations_policy",
      "mode": "managed",
      "type": "github_team_repository",
      "name": "gh_team_push_rights",
      "provider": "provider[\"registry.terraform.io/integrations/github\"].kubewarden",
      "instances": [
        {
          "index_key": 0,
          "schema_version": 0,
          "attributes": {
            "etag": "W/\"ce6c937442af51fac5e3bd4c2507bce922e676d8addc1af0546be69db14112dc\"",
            "id": "4972867:safe-annotations-policy",
            "permission": "push",
            "repository": "safe-annotations-policy",
            "team_id": "4972867"
          },
          "sensitive_attributes": [],
          "private": "bnVsbA==",
          "dependencies": [
            "data.github_team.kubewarden_developers",
            "module.policy_repository_safe_annotations_policy.github_repository.main"
          ]
        }
      ]
    },
    {
      "module": "module.policy_repository_safe_labels_policy",
      "mode": "managed",
      "type": "github_repository",
      "name": "main",
      "provider": "provider[\"registry.terraform.io/integrations/github\"].kubewarden",
      "instances": [
        {
          "schema_version": 0,
          "attributes": {
            "allow_auto_merge": false,
            "allow_merge_commit": true,
            "allow_rebase_merge": true,
            "allow_squash_merge": true,
            "archive_on_destroy": null,
            "archived": false,
            "auto_init": false,
            "default_branch": "main",
            "delete_branch_on_merge": false,
            "description": "Kubewarden policy that validates Kubernetes' resource labels",
            "etag": "W/\"625283866c956a617395ec5dbff6fd75b038fae7b13eb19967bc815f3b328ca7\"",
            "full_name": "kubewarden/safe-labels-policy",
            "git_clone_url": "git://github.com/kubewarden/safe-labels-policy.git",
            "gitignore_template": null,
            "has_downloads": true,
            "has_issues": true,
            "has_projects": false,
            "has_wiki": true,
            "homepage_url": "",
            "html_url": "https://github.com/kubewarden/safe-labels-policy",
            "http_clone_url": "https://github.com/kubewarden/safe-labels-policy.git",
            "id": "safe-labels-policy",
            "is_template": false,
            "license_template": null,
            "name": "safe-labels-policy",
            "node_id": "MDEwOlJlcG9zaXRvcnkzNTczMzk1Mzg=",
            "pages": [],
            "private": false,
            "repo_id": 357339538,
            "ssh_clone_url": "git@github.com:kubewarden/safe-labels-policy.git",
            "svn_url": "https://github.com/kubewarden/safe-labels-policy",
            "template": [
              {
                "owner": "kubewarden",
                "repository": "go-policy-template"
              }
            ],
            "topics": [
              "hacktoberfest",
              "kubernetes",
              "kubernetes-compliance",
              "kubernetes-security",
              "kubewarden-policy",
              "policy-as-code",
              "webassembly"
            ],
            "visibility": "public",
            "vulnerability_alerts": true
          },
          "sensitive_attributes": [],
          "private": "bnVsbA=="
        }
      ]
    },
    {
      "module": "module.policy_repository_safe_labels_policy",
      "mode": "managed",
      "type": "github_team_repository",
      "name": "gh_team_push_rights",
      "provider": "provider[\"registry.terraform.io/integrations/github\"].kubewarden",
      "instances": [
        {
          "index_key": 0,
          "schema_version": 0,
          "attributes": {
            "etag": "W/\"654303713dc1a9fffa9cd34edf879d4dc018cb579bd34f095d52f3f9cd1793de\"",
            "id": "4972867:safe-labels-policy",
            "permission": "push",
            "repository": "safe-labels-policy",
            "team_id": "4972867"
          },
          "sensitive_attributes": [],
          "private": "bnVsbA==",
          "dependencies": [
            "data.github_team.kubewarden_developers",
            "module.policy_repository_safe_labels_policy.github_repository.main"
          ]
        }
      ]
    },
    {
      "module": "module.policy_repository_seccomp_psp_policy",
      "mode": "managed",
      "type": "github_repository",
      "name": "main",
      "provider": "provider[\"registry.terraform.io/integrations/github\"].kubewarden",
      "instances": [
        {
          "schema_version": 0,
          "attributes": {
            "allow_auto_merge": false,
            "allow_merge_commit": true,
            "allow_rebase_merge": true,
            "allow_squash_merge": true,
            "archive_on_destroy": null,
            "archived": false,
            "auto_init": null,
            "default_branch": "main",
            "delete_branch_on_merge": false,
            "description": "A Kubewarden Pod Security Policy that controls usage of Seccomp profiles",
            "etag": "W/\"ce5654d099f8c77c61de2cc43e82ac6a7bcc1e4b77b184f992483ead4fe4c036\"",
            "full_name": "kubewarden/seccomp-psp-policy",
            "git_clone_url": "git://github.com/kubewarden/seccomp-psp-policy.git",
            "gitignore_template": null,
            "has_downloads": true,
            "has_issues": true,
            "has_projects": false,
            "has_wiki": true,
            "homepage_url": "",
            "html_url": "https://github.com/kubewarden/seccomp-psp-policy",
            "http_clone_url": "https://github.com/kubewarden/seccomp-psp-policy.git",
            "id": "seccomp-psp-policy",
            "is_template": false,
            "license_template": null,
            "name": "seccomp-psp-policy",
            "node_id": "R_kgDOGgF_OQ",
            "pages": [],
            "private": false,
            "repo_id": 436305721,
            "ssh_clone_url": "git@github.com:kubewarden/seccomp-psp-policy.git",
            "svn_url": "https://github.com/kubewarden/seccomp-psp-policy",
            "template": [],
            "topics": [
              "hacktoberfest",
              "kubernetes",
              "kubernetes-security",
              "kubewarden-policy",
              "pod-security-policy",
              "policy-as-code",
              "webassembly"
            ],
            "visibility": "public",
            "vulnerability_alerts": true
          },
          "sensitive_attributes": [],
          "private": "bnVsbA=="
        }
      ]
    },
    {
      "module": "module.policy_repository_seccomp_psp_policy",
      "mode": "managed",
      "type": "github_team_repository",
      "name": "gh_team_push_rights",
      "provider": "provider[\"registry.terraform.io/integrations/github\"].kubewarden",
      "instances": [
        {
          "index_key": 0,
          "schema_version": 0,
          "attributes": {
            "etag": "W/\"28885ee71c98b2e74d15bededeae12cb8cc1d5501a36c170f6c5c81fb880fa60\"",
            "id": "4972867:seccomp-psp-policy",
            "permission": "push",
            "repository": "seccomp-psp-policy",
            "team_id": "4972867"
          },
          "sensitive_attributes": [],
          "private": "bnVsbA==",
          "dependencies": [
            "data.github_team.kubewarden_developers",
            "module.policy_repository_seccomp_psp_policy.github_repository.main"
          ]
        }
      ]
    },
    {
      "module": "module.policy_repository_selinux_psp_policy",
      "mode": "managed",
      "type": "github_repository",
      "name": "main",
      "provider": "provider[\"registry.terraform.io/integrations/github\"].kubewarden",
      "instances": [
        {
          "schema_version": 0,
          "attributes": {
            "allow_auto_merge": false,
            "allow_merge_commit": true,
            "allow_rebase_merge": true,
            "allow_squash_merge": true,
            "archive_on_destroy": null,
            "archived": false,
            "auto_init": false,
            "default_branch": "main",
            "delete_branch_on_merge": false,
            "description": "Replacement for the Kubernetes Pod Security Policy that controls the usage of SELinux",
            "etag": "W/\"031965ddfe2ac866acab289c52509494efcf1c161110c520f36b8cfa49609f33\"",
            "full_name": "kubewarden/selinux-psp-policy",
            "git_clone_url": "git://github.com/kubewarden/selinux-psp-policy.git",
            "gitignore_template": null,
            "has_downloads": true,
            "has_issues": true,
            "has_projects": false,
            "has_wiki": true,
            "homepage_url": "",
            "html_url": "https://github.com/kubewarden/selinux-psp-policy",
            "http_clone_url": "https://github.com/kubewarden/selinux-psp-policy.git",
            "id": "selinux-psp-policy",
            "is_template": false,
            "license_template": null,
            "name": "selinux-psp-policy",
            "node_id": "R_kgDOGZga1w",
            "pages": [],
            "private": false,
            "repo_id": 429398743,
            "ssh_clone_url": "git@github.com:kubewarden/selinux-psp-policy.git",
            "svn_url": "https://github.com/kubewarden/selinux-psp-policy",
            "template": [],
            "topics": [
              "hacktoberfest",
              "kubernetes",
              "kubernetes-security",
              "kubewarden-policy",
              "pod-security-policy",
              "policy-as-code",
              "webassembly"
            ],
            "visibility": "public",
            "vulnerability_alerts": true
          },
          "sensitive_attributes": [],
          "private": "bnVsbA=="
        }
      ]
    },
    {
      "module": "module.policy_repository_selinux_psp_policy",
      "mode": "managed",
      "type": "github_team_repository",
      "name": "gh_team_push_rights",
      "provider": "provider[\"registry.terraform.io/integrations/github\"].kubewarden",
      "instances": [
        {
          "index_key": 0,
          "schema_version": 0,
          "attributes": {
            "etag": "W/\"a51e7ce74d464269bc294440a78b888667ead7817c8f9c9c8abfe4055da2827a\"",
            "id": "4972867:selinux-psp-policy",
            "permission": "push",
            "repository": "selinux-psp-policy",
            "team_id": "4972867"
          },
          "sensitive_attributes": [],
          "private": "bnVsbA==",
          "dependencies": [
            "data.github_team.kubewarden_developers",
            "module.policy_repository_selinux_psp_policy.github_repository.main"
          ]
        }
      ]
    },
    {
      "module": "module.policy_repository_sysctl_psp_policy",
      "mode": "managed",
      "type": "github_repository",
      "name": "main",
      "provider": "provider[\"registry.terraform.io/integrations/github\"].kubewarden",
      "instances": [
        {
          "schema_version": 0,
          "attributes": {
            "allow_auto_merge": false,
            "allow_merge_commit": true,
            "allow_rebase_merge": true,
            "allow_squash_merge": true,
            "archive_on_destroy": null,
            "archived": false,
            "auto_init": false,
            "default_branch": "main",
            "delete_branch_on_merge": false,
            "description": "A Kubewarden policy that controls usage of sysctls",
            "etag": "W/\"cbc542e7e63cdfac35b051210204cd5f3e3ff8cff0bdcf6c732f7fd3289b0264\"",
            "full_name": "kubewarden/sysctl-psp-policy",
            "git_clone_url": "git://github.com/kubewarden/sysctl-psp-policy.git",
            "gitignore_template": null,
            "has_downloads": true,
            "has_issues": true,
            "has_projects": false,
            "has_wiki": true,
            "homepage_url": "",
            "html_url": "https://github.com/kubewarden/sysctl-psp-policy",
            "http_clone_url": "https://github.com/kubewarden/sysctl-psp-policy.git",
            "id": "sysctl-psp-policy",
            "is_template": false,
            "license_template": null,
            "name": "sysctl-psp-policy",
            "node_id": "MDEwOlJlcG9zaXRvcnkzOTEwNzM5ODM=",
            "pages": [],
            "private": false,
            "repo_id": 391073983,
            "ssh_clone_url": "git@github.com:kubewarden/sysctl-psp-policy.git",
            "svn_url": "https://github.com/kubewarden/sysctl-psp-policy",
            "template": [
              {
                "owner": "kubewarden",
                "repository": "go-policy-template"
              }
            ],
            "topics": [
              "hacktoberfest",
              "kubernetes",
              "kubernetes-security",
              "kubewarden-policy",
              "pod-security-policy",
              "policy-as-code",
              "webassembly"
            ],
            "visibility": "public",
            "vulnerability_alerts": true
          },
          "sensitive_attributes": [],
          "private": "bnVsbA=="
        }
      ]
    },
    {
      "module": "module.policy_repository_sysctl_psp_policy",
      "mode": "managed",
      "type": "github_team_repository",
      "name": "gh_team_push_rights",
      "provider": "provider[\"registry.terraform.io/integrations/github\"].kubewarden",
      "instances": [
        {
          "index_key": 0,
          "schema_version": 0,
          "attributes": {
            "etag": "W/\"88706e13b07d553b2cb15f5f6dd7c9a3bfcafbf7741946061c11e7f873011e47\"",
            "id": "4972867:sysctl-psp-policy",
            "permission": "push",
            "repository": "sysctl-psp-policy",
            "team_id": "4972867"
          },
          "sensitive_attributes": [],
          "private": "bnVsbA==",
          "dependencies": [
            "data.github_team.kubewarden_developers",
            "module.policy_repository_sysctl_psp_policy.github_repository.main"
          ]
        }
      ]
    },
    {
      "module": "module.policy_repository_trusted_repos_policy",
      "mode": "managed",
      "type": "github_repository",
      "name": "main",
      "provider": "provider[\"registry.terraform.io/integrations/github\"].kubewarden",
      "instances": [
        {
          "schema_version": 0,
          "attributes": {
            "allow_auto_merge": false,
            "allow_merge_commit": true,
            "allow_rebase_merge": true,
            "allow_squash_merge": true,
            "archive_on_destroy": null,
            "archived": false,
            "auto_init": false,
            "default_branch": "main",
            "delete_branch_on_merge": false,
            "description": "A Kubewarden policy that restricts what registries, tags and images can pods on your cluster refer to",
            "etag": "W/\"8895b4e0f0bdf958dae5a772423b1c8084b417fe68444aeee501d59924444b31\"",
            "full_name": "kubewarden/trusted-repos-policy",
            "git_clone_url": "git://github.com/kubewarden/trusted-repos-policy.git",
            "gitignore_template": null,
            "has_downloads": true,
            "has_issues": true,
            "has_projects": false,
            "has_wiki": true,
            "homepage_url": "",
            "html_url": "https://github.com/kubewarden/trusted-repos-policy",
            "http_clone_url": "https://github.com/kubewarden/trusted-repos-policy.git",
            "id": "trusted-repos-policy",
            "is_template": false,
            "license_template": null,
            "name": "trusted-repos-policy",
            "node_id": "MDEwOlJlcG9zaXRvcnkzNDY3NDIyOTk=",
            "pages": [],
            "private": false,
            "repo_id": 346742299,
            "ssh_clone_url": "git@github.com:kubewarden/trusted-repos-policy.git",
            "svn_url": "https://github.com/kubewarden/trusted-repos-policy",
            "template": [],
            "topics": [
              "hacktoberfest",
              "kubernetes",
              "kubernetes-compliance",
              "kubernetes-security",
              "kubewarden-policy",
              "policy-as-code",
              "webassembly"
            ],
            "visibility": "public",
            "vulnerability_alerts": true
          },
          "sensitive_attributes": [],
          "private": "bnVsbA=="
        }
      ]
    },
    {
      "module": "module.policy_repository_trusted_repos_policy",
      "mode": "managed",
      "type": "github_team_repository",
      "name": "gh_team_push_rights",
      "provider": "provider[\"registry.terraform.io/integrations/github\"].kubewarden",
      "instances": [
        {
          "index_key": 0,
          "schema_version": 0,
          "attributes": {
            "etag": "W/\"331bd1b2ab92c6bc9bd23c967d9bc0f86873b9c1dcb53ceca85400933d15e8de\"",
            "id": "4972867:trusted-repos-policy",
            "permission": "push",
            "repository": "trusted-repos-policy",
            "team_id": "4972867"
          },
          "sensitive_attributes": [],
          "private": "bnVsbA==",
          "dependencies": [
            "data.github_team.kubewarden_developers",
            "module.policy_repository_trusted_repos_policy.github_repository.main"
          ]
        }
      ]
    },
    {
      "module": "module.policy_repository_user_group_psp_policy",
      "mode": "managed",
      "type": "github_repository",
      "name": "main",
      "provider": "provider[\"registry.terraform.io/integrations/github\"].kubewarden",
      "instances": [
        {
          "schema_version": 0,
          "attributes": {
            "allow_auto_merge": false,
            "allow_merge_commit": true,
            "allow_rebase_merge": true,
            "allow_squash_merge": true,
            "archive_on_destroy": null,
            "archived": false,
            "auto_init": false,
            "default_branch": "main",
            "delete_branch_on_merge": false,
            "description": "This Kubewarden Policy is a replacement for the Kubernetes Pod Security Policy that controls containers user and groups",
            "etag": "W/\"045aa8db63ac129515d7420646593b4170c2f4c1fb11c60fbdae131a0836c112\"",
            "full_name": "kubewarden/user-group-psp-policy",
            "git_clone_url": "git://github.com/kubewarden/user-group-psp-policy.git",
            "gitignore_template": null,
            "has_downloads": true,
            "has_issues": true,
            "has_projects": false,
            "has_wiki": true,
            "homepage_url": "",
            "html_url": "https://github.com/kubewarden/user-group-psp-policy",
            "http_clone_url": "https://github.com/kubewarden/user-group-psp-policy.git",
            "id": "user-group-psp-policy",
            "is_template": false,
            "license_template": null,
            "name": "user-group-psp-policy",
            "node_id": "MDEwOlJlcG9zaXRvcnk0MDcyMDkwNjQ=",
            "pages": [],
            "private": false,
            "repo_id": 407209064,
            "ssh_clone_url": "git@github.com:kubewarden/user-group-psp-policy.git",
            "svn_url": "https://github.com/kubewarden/user-group-psp-policy",
            "template": [],
            "topics": [
              "hacktoberfest",
              "kubernetes",
              "kubernetes-security",
              "kubewarden-policy",
              "pod-security-policy",
              "policy-as-code",
              "webassembly"
            ],
            "visibility": "public",
            "vulnerability_alerts": true
          },
          "sensitive_attributes": [],
          "private": "bnVsbA=="
        }
      ]
    },
    {
      "module": "module.policy_repository_user_group_psp_policy",
      "mode": "managed",
      "type": "github_team_repository",
      "name": "gh_team_push_rights",
      "provider": "provider[\"registry.terraform.io/integrations/github\"].kubewarden",
      "instances": [
        {
          "index_key": 0,
          "schema_version": 0,
          "attributes": {
            "etag": "W/\"60af45f621a73cc28eca46f53b166a7b8e842bf2811ecb3f9c842de1daf00bb7\"",
            "id": "4972867:user-group-psp-policy",
            "permission": "push",
            "repository": "user-group-psp-policy",
            "team_id": "4972867"
          },
          "sensitive_attributes": [],
          "private": "bnVsbA==",
          "dependencies": [
            "data.github_team.kubewarden_developers",
            "module.policy_repository_user_group_psp_policy.github_repository.main"
          ]
        }
      ]
    },
    {
      "module": "module.policy_repository_volumes_psp_policy",
      "mode": "managed",
      "type": "github_repository",
      "name": "main",
      "provider": "provider[\"registry.terraform.io/integrations/github\"].kubewarden",
      "instances": [
        {
          "schema_version": 0,
          "attributes": {
            "allow_auto_merge": false,
            "allow_merge_commit": true,
            "allow_rebase_merge": true,
            "allow_squash_merge": true,
            "archive_on_destroy": null,
            "archived": false,
            "auto_init": false,
            "default_branch": "main",
            "delete_branch_on_merge": false,
            "description": "Replacement for the Kubernetes Pod Security Policy that controls the usage of volumes",
            "etag": "W/\"1ce9427c861cd07dc29284c42013f6d7b371dd0b454978177f966c5b2e7b37bf\"",
            "full_name": "kubewarden/volumes-psp-policy",
            "git_clone_url": "git://github.com/kubewarden/volumes-psp-policy.git",
            "gitignore_template": null,
            "has_downloads": true,
            "has_issues": true,
            "has_projects": false,
            "has_wiki": true,
            "homepage_url": "",
            "html_url": "https://github.com/kubewarden/volumes-psp-policy",
            "http_clone_url": "https://github.com/kubewarden/volumes-psp-policy.git",
            "id": "volumes-psp-policy",
            "is_template": false,
            "license_template": null,
            "name": "volumes-psp-policy",
            "node_id": "MDEwOlJlcG9zaXRvcnkzOTQ5NDQwODQ=",
            "pages": [],
            "private": false,
            "repo_id": 394944084,
            "ssh_clone_url": "git@github.com:kubewarden/volumes-psp-policy.git",
            "svn_url": "https://github.com/kubewarden/volumes-psp-policy",
            "template": [
              {
                "owner": "kubewarden",
                "repository": "go-policy-template"
              }
            ],
            "topics": [
              "hacktoberfest",
              "kubernetes",
              "kubernetes-security",
              "kubewarden-policy",
              "pod-security-policy",
              "policy-as-code",
              "webassembly"
            ],
            "visibility": "public",
            "vulnerability_alerts": true
          },
          "sensitive_attributes": [],
          "private": "bnVsbA=="
        }
      ]
    },
    {
      "module": "module.policy_repository_volumes_psp_policy",
      "mode": "managed",
      "type": "github_team_repository",
      "name": "gh_team_push_rights",
      "provider": "provider[\"registry.terraform.io/integrations/github\"].kubewarden",
      "instances": [
        {
          "index_key": 0,
          "schema_version": 0,
          "attributes": {
            "etag": "W/\"30a2c72d46bb0e7e8e67c8a355a172d74d5d8f498ac9c051deb48d369ba94fd6\"",
            "id": "4972867:volumes-psp-policy",
            "permission": "push",
            "repository": "volumes-psp-policy",
            "team_id": "4972867"
          },
          "sensitive_attributes": [],
          "private": "bnVsbA==",
          "dependencies": [
            "data.github_team.kubewarden_developers",
            "module.policy_repository_volumes_psp_policy.github_repository.main"
          ]
        }
      ]
    },
    {
      "module": "module.policy_sdk_repository_go",
      "mode": "managed",
      "type": "github_repository",
      "name": "main",
      "provider": "provider[\"registry.terraform.io/integrations/github\"].kubewarden",
      "instances": [
        {
          "schema_version": 0,
          "attributes": {
            "allow_auto_merge": false,
            "allow_merge_commit": true,
            "allow_rebase_merge": true,
            "allow_squash_merge": true,
            "archive_on_destroy": null,
            "archived": false,
            "auto_init": false,
            "default_branch": "main",
            "delete_branch_on_merge": false,
            "description": "Kubewarden Policy SDK for the Go programming language",
            "etag": "W/\"6dabfc028770b6d74920c183338e2de68f6c02c658024809a2b4dc2b993adf10\"",
            "full_name": "kubewarden/policy-sdk-go",
            "git_clone_url": "git://github.com/kubewarden/policy-sdk-go.git",
            "gitignore_template": null,
            "has_downloads": true,
            "has_issues": true,
            "has_projects": false,
            "has_wiki": true,
            "homepage_url": "",
            "html_url": "https://github.com/kubewarden/policy-sdk-go",
            "http_clone_url": "https://github.com/kubewarden/policy-sdk-go.git",
            "id": "policy-sdk-go",
            "is_template": false,
            "license_template": null,
            "name": "policy-sdk-go",
            "node_id": "MDEwOlJlcG9zaXRvcnkzNDk0MjE4NzQ=",
            "pages": [],
            "private": false,
            "repo_id": 349421874,
            "ssh_clone_url": "git@github.com:kubewarden/policy-sdk-go.git",
            "svn_url": "https://github.com/kubewarden/policy-sdk-go",
            "template": [],
            "topics": [
              "go",
              "hacktoberfest",
              "kubernetes",
              "kubernetes-security",
              "kubewarden-policy-sdk",
              "policy-as-code",
              "tinygo",
              "webassembly"
            ],
            "visibility": "public",
            "vulnerability_alerts": true
          },
          "sensitive_attributes": [],
          "private": "bnVsbA=="
        }
      ]
    },
    {
      "module": "module.policy_sdk_repository_go",
      "mode": "managed",
      "type": "github_team_repository",
      "name": "gh_team_push_rights",
      "provider": "provider[\"registry.terraform.io/integrations/github\"].kubewarden",
      "instances": [
        {
          "index_key": 0,
          "schema_version": 0,
          "attributes": {
            "etag": "W/\"94533ed4ada90d3726d1c1ac9a63e7733b4e13763c7b54c97b4290f3711fd4a7\"",
            "id": "4972867:policy-sdk-go",
            "permission": "push",
            "repository": "policy-sdk-go",
            "team_id": "4972867"
          },
          "sensitive_attributes": [],
          "private": "bnVsbA==",
          "dependencies": [
            "data.github_team.kubewarden_developers",
            "module.policy_sdk_repository_go.github_repository.main"
          ]
        }
      ]
    },
    {
      "module": "module.policy_sdk_repository_rust",
      "mode": "managed",
      "type": "github_repository",
      "name": "main",
      "provider": "provider[\"registry.terraform.io/integrations/github\"].kubewarden",
      "instances": [
        {
          "schema_version": 0,
          "attributes": {
            "allow_auto_merge": false,
            "allow_merge_commit": true,
            "allow_rebase_merge": true,
            "allow_squash_merge": true,
            "archive_on_destroy": null,
            "archived": false,
            "auto_init": false,
            "default_branch": "main",
            "delete_branch_on_merge": false,
            "description": "Kubewarden Policy SDK for the Rust programming language",
            "etag": "W/\"07743833dd9d71f57e3f26190733e48d2ea21fbf8669187d30fd2c3a60e8f8bf\"",
            "full_name": "kubewarden/policy-sdk-rust",
            "git_clone_url": "git://github.com/kubewarden/policy-sdk-rust.git",
            "gitignore_template": null,
            "has_downloads": true,
            "has_issues": true,
            "has_projects": false,
            "has_wiki": true,
            "homepage_url": "",
            "html_url": "https://github.com/kubewarden/policy-sdk-rust",
            "http_clone_url": "https://github.com/kubewarden/policy-sdk-rust.git",
            "id": "policy-sdk-rust",
            "is_template": false,
            "license_template": null,
            "name": "policy-sdk-rust",
            "node_id": "MDEwOlJlcG9zaXRvcnkzNDY3MjE1OTY=",
            "pages": [],
            "private": false,
            "repo_id": 346721596,
            "ssh_clone_url": "git@github.com:kubewarden/policy-sdk-rust.git",
            "svn_url": "https://github.com/kubewarden/policy-sdk-rust",
            "template": [],
            "topics": [
              "hacktoberfest",
              "kubernetes",
              "kubernetes-security",
              "kubewarden-policy-sdk",
              "policy-as-code",
              "rust",
              "rust-language",
              "webassembly"
            ],
            "visibility": "public",
            "vulnerability_alerts": true
          },
          "sensitive_attributes": [],
          "private": "bnVsbA=="
        }
      ]
    },
    {
      "module": "module.policy_sdk_repository_rust",
      "mode": "managed",
      "type": "github_team_repository",
      "name": "gh_team_push_rights",
      "provider": "provider[\"registry.terraform.io/integrations/github\"].kubewarden",
      "instances": [
        {
          "index_key": 0,
          "schema_version": 0,
          "attributes": {
            "etag": "W/\"9b1dc22fa7ba1d3b42f6166614663613c40a89d75873da4960330cc9ecca1aee\"",
            "id": "4972867:policy-sdk-rust",
            "permission": "push",
            "repository": "policy-sdk-rust",
            "team_id": "4972867"
          },
          "sensitive_attributes": [],
          "private": "bnVsbA==",
          "dependencies": [
            "data.github_team.kubewarden_developers",
            "module.policy_sdk_repository_rust.github_repository.main"
          ]
        }
      ]
    },
    {
      "module": "module.policy_sdk_repository_swift",
      "mode": "managed",
      "type": "github_repository",
      "name": "main",
      "provider": "provider[\"registry.terraform.io/integrations/github\"].kubewarden",
      "instances": [
        {
          "schema_version": 0,
          "attributes": {
            "allow_auto_merge": false,
            "allow_merge_commit": true,
            "allow_rebase_merge": true,
            "allow_squash_merge": true,
            "archive_on_destroy": null,
            "archived": false,
            "auto_init": false,
            "default_branch": "main",
            "delete_branch_on_merge": false,
            "description": "Kubewarden Policy SDK for the Swift programming language",
            "etag": "W/\"d9c33b9847564933c1f2135393155d0504f39824ebfcf38a652b7a6eae4ccdf0\"",
            "full_name": "kubewarden/policy-sdk-swift",
            "git_clone_url": "git://github.com/kubewarden/policy-sdk-swift.git",
            "gitignore_template": null,
            "has_downloads": true,
            "has_issues": true,
            "has_projects": false,
            "has_wiki": true,
            "homepage_url": "https://kubewarden.github.io/policy-sdk-swift/",
            "html_url": "https://github.com/kubewarden/policy-sdk-swift",
            "http_clone_url": "https://github.com/kubewarden/policy-sdk-swift.git",
            "id": "policy-sdk-swift",
            "is_template": false,
            "license_template": null,
            "name": "policy-sdk-swift",
            "node_id": "MDEwOlJlcG9zaXRvcnkzNjIwNjY1MTI=",
            "pages": [
              {
                "cname": "",
                "custom_404": false,
                "html_url": "https://kubewarden.github.io/policy-sdk-swift/",
                "source": [
                  {
                    "branch": "gh-pages",
                    "path": "/"
                  }
                ],
                "status": "built",
                "url": "https://api.github.com/repos/kubewarden/policy-sdk-swift/pages"
              }
            ],
            "private": false,
            "repo_id": 362066512,
            "ssh_clone_url": "git@github.com:kubewarden/policy-sdk-swift.git",
            "svn_url": "https://github.com/kubewarden/policy-sdk-swift",
            "template": [],
            "topics": [
              "hacktoberfest",
              "kubernetes",
              "kubernetes-security",
              "kubewarden-policy-sdk",
              "policy-as-code",
              "swift",
              "webassembly"
            ],
            "visibility": "public",
            "vulnerability_alerts": true
          },
          "sensitive_attributes": [],
          "private": "bnVsbA=="
        }
      ]
    },
    {
      "module": "module.policy_sdk_repository_swift",
      "mode": "managed",
      "type": "github_team_repository",
      "name": "gh_team_push_rights",
      "provider": "provider[\"registry.terraform.io/integrations/github\"].kubewarden",
      "instances": [
        {
          "index_key": 0,
          "schema_version": 0,
          "attributes": {
            "etag": "W/\"48ba4305bdbd599058feecb11ce3f6afaa9527cfd0d39e864ecb884d7e270d96\"",
            "id": "4972867:policy-sdk-swift",
            "permission": "push",
            "repository": "policy-sdk-swift",
            "team_id": "4972867"
          },
          "sensitive_attributes": [],
          "private": "bnVsbA==",
          "dependencies": [
            "data.github_team.kubewarden_developers",
            "module.policy_sdk_repository_swift.github_repository.main"
          ]
        }
      ]
    },
    {
      "module": "module.policy_template_repository_gatekeeper",
      "mode": "managed",
      "type": "github_repository",
      "name": "main",
      "provider": "provider[\"registry.terraform.io/integrations/github\"].kubewarden",
      "instances": [
        {
          "schema_version": 0,
          "attributes": {
            "allow_auto_merge": false,
            "allow_merge_commit": true,
            "allow_rebase_merge": true,
            "allow_squash_merge": true,
            "archive_on_destroy": null,
            "archived": false,
            "auto_init": false,
            "default_branch": "main",
            "delete_branch_on_merge": false,
            "description": "A template repository to quickly port a Gatekeeper policy to Kubewarden",
            "etag": "W/\"c7a972ec1a5f4ce6cbf6c2ba7fc98bb9d5793e59b0af80a182b738a149b70634\"",
            "full_name": "kubewarden/gatekeeper-policy-template",
            "git_clone_url": "git://github.com/kubewarden/gatekeeper-policy-template.git",
            "gitignore_template": null,
            "has_downloads": false,
            "has_issues": true,
            "has_projects": false,
            "has_wiki": true,
            "homepage_url": "",
            "html_url": "https://github.com/kubewarden/gatekeeper-policy-template",
            "http_clone_url": "https://github.com/kubewarden/gatekeeper-policy-template.git",
            "id": "gatekeeper-policy-template",
            "is_template": true,
            "license_template": null,
            "name": "gatekeeper-policy-template",
            "node_id": "R_kgDOGGRO1w",
            "pages": [],
            "private": false,
            "repo_id": 409226967,
            "ssh_clone_url": "git@github.com:kubewarden/gatekeeper-policy-template.git",
            "svn_url": "https://github.com/kubewarden/gatekeeper-policy-template",
            "template": [],
            "topics": [
              "gatekeeper",
              "gatekeeper-policies",
              "gatekeeper-v2",
              "hacktoberfest",
              "kubernetes",
              "kubernetes-security",
              "kubewarden-policy-template",
              "policy-as-code",
              "rego",
              "webassembly"
            ],
            "visibility": "public",
            "vulnerability_alerts": true
          },
          "sensitive_attributes": [],
          "private": "bnVsbA=="
        }
      ]
    },
    {
      "module": "module.policy_template_repository_gatekeeper",
      "mode": "managed",
      "type": "github_team_repository",
      "name": "gh_team_push_rights",
      "provider": "provider[\"registry.terraform.io/integrations/github\"].kubewarden",
      "instances": [
        {
          "index_key": 0,
          "schema_version": 0,
          "attributes": {
            "etag": "W/\"38b29b477457c06fd60ad511f2603c679ee8b0d171d9572c87833d9cefa2d169\"",
            "id": "4972867:gatekeeper-policy-template",
            "permission": "push",
            "repository": "gatekeeper-policy-template",
            "team_id": "4972867"
          },
          "sensitive_attributes": [],
          "private": "bnVsbA==",
          "dependencies": [
            "data.github_team.kubewarden_developers",
            "module.policy_template_repository_gatekeeper.github_repository.main"
          ]
        }
      ]
    },
    {
      "module": "module.policy_template_repository_go",
      "mode": "managed",
      "type": "github_repository",
      "name": "main",
      "provider": "provider[\"registry.terraform.io/integrations/github\"].kubewarden",
      "instances": [
        {
          "schema_version": 0,
          "attributes": {
            "allow_auto_merge": false,
            "allow_merge_commit": true,
            "allow_rebase_merge": true,
            "allow_squash_merge": true,
            "archive_on_destroy": null,
            "archived": false,
            "auto_init": false,
            "default_branch": "main",
            "delete_branch_on_merge": false,
            "description": "A template repository to quickly scaffold a Kubewarden policy written with Go language",
            "etag": "W/\"7be51422a8e8043d111d18ef3d9fe8e819b11146e6eb383c1824d2cc48ff6122\"",
            "full_name": "kubewarden/go-policy-template",
            "git_clone_url": "git://github.com/kubewarden/go-policy-template.git",
            "gitignore_template": null,
            "has_downloads": false,
            "has_issues": true,
            "has_projects": false,
            "has_wiki": true,
            "homepage_url": "",
            "html_url": "https://github.com/kubewarden/go-policy-template",
            "http_clone_url": "https://github.com/kubewarden/go-policy-template.git",
            "id": "go-policy-template",
            "is_template": true,
            "license_template": null,
            "name": "go-policy-template",
            "node_id": "MDEwOlJlcG9zaXRvcnkzNTcxMjI2NzU=",
            "pages": [],
            "private": false,
            "repo_id": 357122675,
            "ssh_clone_url": "git@github.com:kubewarden/go-policy-template.git",
            "svn_url": "https://github.com/kubewarden/go-policy-template",
            "template": [],
            "topics": [
              "go",
              "golang",
              "hacktoberfest",
              "kubernetes",
              "kubernetes-security",
              "kubewarden-policy-template",
              "policy-as-code",
              "webassembly"
            ],
            "visibility": "public",
            "vulnerability_alerts": true
          },
          "sensitive_attributes": [],
          "private": "bnVsbA=="
        }
      ]
    },
    {
      "module": "module.policy_template_repository_go",
      "mode": "managed",
      "type": "github_team_repository",
      "name": "gh_team_push_rights",
      "provider": "provider[\"registry.terraform.io/integrations/github\"].kubewarden",
      "instances": [
        {
          "index_key": 0,
          "schema_version": 0,
          "attributes": {
            "etag": "W/\"6ced5c9361277238bb815b88f3307e55dfb354ae414a3d0813987dc70f9aef33\"",
            "id": "4972867:go-policy-template",
            "permission": "push",
            "repository": "go-policy-template",
            "team_id": "4972867"
          },
          "sensitive_attributes": [],
          "private": "bnVsbA==",
          "dependencies": [
            "data.github_team.kubewarden_developers",
            "module.policy_template_repository_go.github_repository.main"
          ]
        }
      ]
    },
    {
      "module": "module.policy_template_repository_opa",
      "mode": "managed",
      "type": "github_repository",
      "name": "main",
      "provider": "provider[\"registry.terraform.io/integrations/github\"].kubewarden",
      "instances": [
        {
          "schema_version": 0,
          "attributes": {
            "allow_auto_merge": false,
            "allow_merge_commit": true,
            "allow_rebase_merge": true,
            "allow_squash_merge": true,
            "archive_on_destroy": null,
            "archived": false,
            "auto_init": false,
            "default_branch": "main",
            "delete_branch_on_merge": false,
            "description": "A template repository to quickly port a Open Policy Agent policy to Kubewarden",
            "etag": "W/\"b35a31da1f617ac9ed8cab7bdb433c4d3f0c2b763672cb01a71f66ae811e1169\"",
            "full_name": "kubewarden/opa-policy-template",
            "git_clone_url": "git://github.com/kubewarden/opa-policy-template.git",
            "gitignore_template": null,
            "has_downloads": false,
            "has_issues": true,
            "has_projects": false,
            "has_wiki": true,
            "homepage_url": "",
            "html_url": "https://github.com/kubewarden/opa-policy-template",
            "http_clone_url": "https://github.com/kubewarden/opa-policy-template.git",
            "id": "opa-policy-template",
            "is_template": true,
            "license_template": null,
            "name": "opa-policy-template",
            "node_id": "R_kgDOGF4h6g",
            "pages": [],
            "private": false,
            "repo_id": 408822250,
            "ssh_clone_url": "git@github.com:kubewarden/opa-policy-template.git",
            "svn_url": "https://github.com/kubewarden/opa-policy-template",
            "template": [],
            "topics": [
              "hacktoberfest",
              "kubernetes",
              "kubernetes-security",
              "kubewarden-policy-template",
              "opa",
              "open-policy-agent",
              "openpolicyagent",
              "policy-as-code",
              "webassembly"
            ],
            "visibility": "public",
            "vulnerability_alerts": true
          },
          "sensitive_attributes": [],
          "private": "bnVsbA=="
        }
      ]
    },
    {
      "module": "module.policy_template_repository_opa",
      "mode": "managed",
      "type": "github_team_repository",
      "name": "gh_team_push_rights",
      "provider": "provider[\"registry.terraform.io/integrations/github\"].kubewarden",
      "instances": [
        {
          "index_key": 0,
          "schema_version": 0,
          "attributes": {
            "etag": "W/\"33b43adc9a4f26a199044e5c01ba4153288c684a1c69eff81d4da657167413ac\"",
            "id": "4972867:opa-policy-template",
            "permission": "push",
            "repository": "opa-policy-template",
            "team_id": "4972867"
          },
          "sensitive_attributes": [],
          "private": "bnVsbA==",
          "dependencies": [
            "module.policy_template_repository_opa.github_repository.main",
            "data.github_team.kubewarden_developers"
          ]
        }
      ]
    },
    {
      "module": "module.policy_template_repository_rust",
      "mode": "managed",
      "type": "github_repository",
      "name": "main",
      "provider": "provider[\"registry.terraform.io/integrations/github\"].kubewarden",
      "instances": [
        {
          "schema_version": 0,
          "attributes": {
            "allow_auto_merge": false,
            "allow_merge_commit": true,
            "allow_rebase_merge": true,
            "allow_squash_merge": true,
            "archive_on_destroy": null,
            "archived": false,
            "auto_init": false,
            "default_branch": "main",
            "delete_branch_on_merge": false,
            "description": "A Kubewarden rust policy template to be used with cargo-generate",
            "etag": "W/\"9dc64f74da373d68d12c4907c5b2952a2007e7ddbf8c2d25896570829e524634\"",
            "full_name": "kubewarden/rust-policy-template",
            "git_clone_url": "git://github.com/kubewarden/rust-policy-template.git",
            "gitignore_template": null,
            "has_downloads": false,
            "has_issues": true,
            "has_projects": false,
            "has_wiki": true,
            "homepage_url": "",
            "html_url": "https://github.com/kubewarden/rust-policy-template",
            "http_clone_url": "https://github.com/kubewarden/rust-policy-template.git",
            "id": "rust-policy-template",
            "is_template": false,
            "license_template": null,
            "name": "rust-policy-template",
            "node_id": "MDEwOlJlcG9zaXRvcnkzNTUxNjYyMDg=",
            "pages": [],
            "private": false,
            "repo_id": 355166208,
            "ssh_clone_url": "git@github.com:kubewarden/rust-policy-template.git",
            "svn_url": "https://github.com/kubewarden/rust-policy-template",
            "template": [],
            "topics": [
              "hacktoberfest",
              "kubernetes",
              "kubernetes-security",
              "kubewarden-policy-template",
              "policy-as-code",
              "rust",
              "webassembly"
            ],
            "visibility": "public",
            "vulnerability_alerts": true
          },
          "sensitive_attributes": [],
          "private": "bnVsbA=="
        }
      ]
    },
    {
      "module": "module.policy_template_repository_rust",
      "mode": "managed",
      "type": "github_team_repository",
      "name": "gh_team_push_rights",
      "provider": "provider[\"registry.terraform.io/integrations/github\"].kubewarden",
      "instances": [
        {
          "index_key": 0,
          "schema_version": 0,
          "attributes": {
            "etag": "W/\"084f0968aa55c49264bf14da5012c3e70043ad4b005a25b258d849f15216b182\"",
            "id": "4972867:rust-policy-template",
            "permission": "push",
            "repository": "rust-policy-template",
            "team_id": "4972867"
          },
          "sensitive_attributes": [],
          "private": "bnVsbA==",
          "dependencies": [
            "data.github_team.kubewarden_developers",
            "module.policy_template_repository_rust.github_repository.main"
          ]
        }
      ]
    },
    {
      "module": "module.policy_template_repository_swift",
      "mode": "managed",
      "type": "github_repository",
      "name": "main",
      "provider": "provider[\"registry.terraform.io/integrations/github\"].kubewarden",
      "instances": [
        {
          "schema_version": 0,
          "attributes": {
            "allow_auto_merge": false,
            "allow_merge_commit": true,
            "allow_rebase_merge": true,
            "allow_squash_merge": true,
            "archive_on_destroy": null,
            "archived": false,
            "auto_init": false,
            "default_branch": "main",
            "delete_branch_on_merge": false,
            "description": "A template repository to quickly scaffold a Kubewarden policy written with Swift language",
            "etag": "W/\"7f9f8b101239030a72cc73784ae428561927914e30c2d471850adfe2a4d6f49e\"",
            "full_name": "kubewarden/swift-policy-template",
            "git_clone_url": "git://github.com/kubewarden/swift-policy-template.git",
            "gitignore_template": null,
            "has_downloads": false,
            "has_issues": true,
            "has_projects": false,
            "has_wiki": true,
            "homepage_url": "",
            "html_url": "https://github.com/kubewarden/swift-policy-template",
            "http_clone_url": "https://github.com/kubewarden/swift-policy-template.git",
            "id": "swift-policy-template",
            "is_template": true,
            "license_template": null,
            "name": "swift-policy-template",
            "node_id": "MDEwOlJlcG9zaXRvcnkzOTQyNTEzMjI=",
            "pages": [],
            "private": false,
            "repo_id": 394251322,
            "ssh_clone_url": "git@github.com:kubewarden/swift-policy-template.git",
            "svn_url": "https://github.com/kubewarden/swift-policy-template",
            "template": [],
            "topics": [
              "hacktoberfest",
              "kubernetes",
              "kubernetes-security",
              "kubewarden-policy-template",
              "policy-as-code",
              "swift",
              "webassembly"
            ],
            "visibility": "public",
            "vulnerability_alerts": true
          },
          "sensitive_attributes": [],
          "private": "bnVsbA=="
        }
      ]
    },
    {
      "module": "module.policy_template_repository_swift",
      "mode": "managed",
      "type": "github_team_repository",
      "name": "gh_team_push_rights",
      "provider": "provider[\"registry.terraform.io/integrations/github\"].kubewarden",
      "instances": [
        {
          "index_key": 0,
          "schema_version": 0,
          "attributes": {
            "etag": "W/\"f224cab9f11c15c4620bc4e3e13e8432055d6d13122a5e3d4da3e8f528c93aa5\"",
            "id": "4972867:swift-policy-template",
            "permission": "push",
            "repository": "swift-policy-template",
            "team_id": "4972867"
          },
          "sensitive_attributes": [],
          "private": "bnVsbA==",
          "dependencies": [
            "data.github_team.kubewarden_developers",
            "module.policy_template_repository_swift.github_repository.main"
          ]
        }
      ]
    },
    {
      "module": "module.setup_kubewarden_cluster_action_repository",
      "mode": "managed",
      "type": "github_repository",
      "name": "main",
      "provider": "provider[\"registry.terraform.io/integrations/github\"].kubewarden",
      "instances": [
        {
          "schema_version": 0,
          "attributes": {
            "allow_auto_merge": false,
            "allow_merge_commit": true,
            "allow_rebase_merge": true,
            "allow_squash_merge": true,
            "archive_on_destroy": null,
            "archived": false,
            "auto_init": null,
            "default_branch": "main",
            "delete_branch_on_merge": false,
            "description": "Github action used to setup a K3D cluster and install Kubewarden stack on it",
            "etag": "W/\"9ac47671045961d8d94af098488d485087a788881deecc3bffb3d2365ddbd5f2\"",
            "full_name": "kubewarden/setup-kubewarden-cluster-action",
            "git_clone_url": "git://github.com/kubewarden/setup-kubewarden-cluster-action.git",
            "gitignore_template": null,
            "has_downloads": true,
            "has_issues": true,
            "has_projects": false,
            "has_wiki": true,
            "homepage_url": "",
            "html_url": "https://github.com/kubewarden/setup-kubewarden-cluster-action",
            "http_clone_url": "https://github.com/kubewarden/setup-kubewarden-cluster-action.git",
            "id": "setup-kubewarden-cluster-action",
            "is_template": false,
            "license_template": null,
            "name": "setup-kubewarden-cluster-action",
            "node_id": "R_kgDOGdvkrw",
            "pages": [],
            "private": false,
            "repo_id": 433841327,
            "ssh_clone_url": "git@github.com:kubewarden/setup-kubewarden-cluster-action.git",
            "svn_url": "https://github.com/kubewarden/setup-kubewarden-cluster-action",
            "template": [],
            "topics": [
              "github-actions",
              "hacktoberfest",
              "kubernetes",
              "kubernetes-security",
              "policy-as-code",
              "webassembly"
            ],
            "visibility": "public",
            "vulnerability_alerts": true
          },
          "sensitive_attributes": [],
          "private": "bnVsbA=="
        }
      ]
    },
    {
      "module": "module.setup_kubewarden_cluster_action_repository",
      "mode": "managed",
      "type": "github_team_repository",
      "name": "gh_team_push_rights",
      "provider": "provider[\"registry.terraform.io/integrations/github\"].kubewarden",
      "instances": [
        {
          "index_key": 0,
          "schema_version": 0,
          "attributes": {
            "etag": "W/\"f4f1b2096792c91dc84a869cf05d288110e7c89dbf6455be1e766065839032d4\"",
            "id": "4972867:setup-kubewarden-cluster-action",
            "permission": "push",
            "repository": "setup-kubewarden-cluster-action",
            "team_id": "4972867"
          },
          "sensitive_attributes": [],
          "private": "bnVsbA==",
          "dependencies": [
            "data.github_team.kubewarden_developers",
            "module.setup_kubewarden_cluster_action_repository.github_repository.main"
          ]
        }
      ]
    }
  ]
}
