{
  "version": 4,
  "terraform_version": "1.0.11",
  "serial": 589,
  "lineage": "9361268e-ae5d-4e6a-09c7-3a886aaffce2",
  "outputs": {},
  "resources": [
    {
      "mode": "data",
      "type": "github_repositories",
      "name": "repos",
      "provider": "provider[\"registry.terraform.io/integrations/github\"]",
      "instances": [
        {
          "schema_version": 0,
          "attributes": {
            "full_names": [
              "kubewarden/rfc",
              "kubewarden/trusted-repos-policy",
              "kubewarden/kwctl",
              "kubewarden/kubewarden-end-to-end-tests",
              "kubewarden/policy-hub",
              "kubewarden/pod-privileged-policy",
              "kubewarden/verify-image-signatures",
              "kubewarden/selinux-psp-policy",
              "kubewarden/github-actions",
              "kubewarden/safe-annotations-policy",
              "kubewarden/automation",
              "kubewarden/policy-sdk-go",
              "kubewarden/policy-server",
              "kubewarden/policy-evaluator",
              "kubewarden/policy-sdk-rust",
              "kubewarden/allow-privilege-escalation-psp-policy",
              "kubewarden/kubewarden-controller",
              "kubewarden/policy-fetcher",
              "kubewarden/load-testing",
              "kubewarden/helm-charts",
              "kubewarden/go-policy-template",
              "kubewarden/docs",
              "kubewarden/kubewarden.io",
              "kubewarden/rust-policy-template",
              "kubewarden/user-group-psp-policy",
              "kubewarden/seccomp-psp-policy",
              "kubewarden/readonly-root-filesystem-psp-policy",
              "kubewarden/host-namespaces-psp-policy",
              "kubewarden/flexvolume-drivers-psp-policy",
              "kubewarden/echo",
              "kubewarden/capabilities-psp-policy",
              "kubewarden/apparmor-psp-policy",
              "kubewarden/allowed-proc-mount-types-psp-policy",
              "kubewarden/allowed-fsgroups-psp-policy",
              "kubewarden/policy-sdk-dotnet",
              "kubewarden/swift-policy-template",
              "kubewarden/opa-policy-template",
              "kubewarden/gatekeeper-policy-template",
              "kubewarden/pod-runtime-class-policy",
              "kubewarden/hostpaths-psp-policy",
              "kubewarden/volumes-psp-policy",
              "kubewarden/sysctl-psp-policy",
              "kubewarden/safe-labels-policy",
              "kubewarden/ingress-policy",
              "kubewarden/disallow-service-nodeport-policy",
              "kubewarden/disallow-service-loadbalancer-policy",
              "kubewarden/utils",
              "kubewarden/k8s-objects-generator",
              "kubewarden/k8s-objects",
              "kubewarden/strfmt",
              "kubewarden/setup-kubewarden-cluster-action",
              "kubewarden/ui",
              "kubewarden/rancher-kubectl-builder",
              "kubewarden/policy-sdk-swift",
              "kubewarden/swift-wasm-runner",
              "kubewarden/repo",
              "kubewarden/.github",
              "kubewarden/notify-policy-hub",
              "kubewarden/burrego"
            ],
            "id": "org:kubewarden",
            "names": [
              "rfc",
              "trusted-repos-policy",
              "kwctl",
              "kubewarden-end-to-end-tests",
              "policy-hub",
              "pod-privileged-policy",
              "verify-image-signatures",
              "selinux-psp-policy",
              "github-actions",
              "safe-annotations-policy",
              "automation",
              "policy-sdk-go",
              "policy-server",
              "policy-evaluator",
              "policy-sdk-rust",
              "allow-privilege-escalation-psp-policy",
              "kubewarden-controller",
              "policy-fetcher",
              "load-testing",
              "helm-charts",
              "go-policy-template",
              "docs",
              "kubewarden.io",
              "rust-policy-template",
              "user-group-psp-policy",
              "seccomp-psp-policy",
              "readonly-root-filesystem-psp-policy",
              "host-namespaces-psp-policy",
              "flexvolume-drivers-psp-policy",
              "echo",
              "capabilities-psp-policy",
              "apparmor-psp-policy",
              "allowed-proc-mount-types-psp-policy",
              "allowed-fsgroups-psp-policy",
              "policy-sdk-dotnet",
              "swift-policy-template",
              "opa-policy-template",
              "gatekeeper-policy-template",
              "pod-runtime-class-policy",
              "hostpaths-psp-policy",
              "volumes-psp-policy",
              "sysctl-psp-policy",
              "safe-labels-policy",
              "ingress-policy",
              "disallow-service-nodeport-policy",
              "disallow-service-loadbalancer-policy",
              "utils",
              "k8s-objects-generator",
              "k8s-objects",
              "strfmt",
              "setup-kubewarden-cluster-action",
              "ui",
              "rancher-kubectl-builder",
              "policy-sdk-swift",
              "swift-wasm-runner",
              "repo",
              ".github",
              "notify-policy-hub",
              "burrego"
            ],
            "query": "org:kubewarden",
            "sort": "updated"
          },
          "sensitive_attributes": []
        }
      ]
    },
    {
      "mode": "data",
      "type": "github_team",
      "name": "kubewarden_developers",
      "provider": "provider[\"registry.terraform.io/integrations/github\"].kubewarden",
      "instances": [
        {
          "schema_version": 0,
          "attributes": {
            "description": "Kubewarden developers",
            "id": "4972867",
            "members": [
              "ereslibre",
              "flavio",
              "kkaempf",
              "kravciak",
              "jvanz",
              "viccuad",
              "olblak",
              "prabalsharma",
              "raulcabello",
              "ncounter"
            ],
            "membership_type": "all",
            "name": "kubewarden-developers",
            "node_id": "T_kwDOBNKsKc4AS-FD",
            "permission": "pull",
            "privacy": "closed",
            "repositories": [
              ".github",
              "allow-privilege-escalation-psp-policy",
              "allowed-fsgroups-psp-policy",
              "allowed-proc-mount-types-psp-policy",
              "apparmor-psp-policy",
              "automation",
              "burrego",
              "capabilities-psp-policy",
              "disallow-service-loadbalancer-policy",
              "disallow-service-nodeport-policy",
              "docs",
              "echo",
              "flexvolume-drivers-psp-policy",
              "gatekeeper-policy-template",
              "github-actions",
              "gjson",
              "go-policy-template",
              "gtmpl-rust",
              "helm-charts",
              "host-namespaces-psp-policy",
              "hostpaths-psp-policy",
              "hugo-gh-pages",
              "ingress-policy",
              "k8s-objects",
              "k8s-objects-generator",
              "krustlet",
              "kubewarden-controller",
              "kubewarden-end-to-end-tests",
              "kubewarden-stats",
              "kubewarden.io",
              "kwctl",
              "load-testing",
              "mdBook",
              "notify-policy-hub",
              "oci-distribution",
              "opa-policy-template",
              "pod-privileged-policy",
              "pod-runtime-class-policy",
              "policy-evaluator",
              "policy-fetcher",
              "policy-hub",
              "policy-sdk-dotnet",
              "policy-sdk-go",
              "policy-sdk-rust",
              "policy-sdk-swift",
              "policy-server",
              "rancher-kubectl-builder",
              "readonly-root-filesystem-psp-policy",
              "repo",
              "rfc",
              "rust-policy-template",
              "safe-annotations-policy",
              "safe-labels-policy",
              "seccomp-psp-policy",
              "selinux-psp-policy",
              "setup-kubewarden-cluster-action",
              "sigstore-rs",
              "strfmt",
              "swift-policy-template",
              "swift-wasm-runner",
              "sysctl-psp-policy",
              "trusted-repos-policy",
              "ui",
              "user-group-psp-policy",
              "utils",
              "verify-image-signatures",
              "volumes-psp-policy"
            ],
            "slug": "kubewarden-developers"
          },
          "sensitive_attributes": []
        }
      ]
    },
    {
      "mode": "data",
      "type": "github_team",
      "name": "kubewarden_documentation",
      "provider": "provider[\"registry.terraform.io/integrations/github\"].kubewarden",
      "instances": [
        {
          "schema_version": 0,
          "attributes": {
            "description": "Kubewarden documentation team",
            "id": "5417591",
            "members": [
              "ereslibre",
              "nunix",
              "btat",
              "divya-mohan0209",
              "jtravee"
            ],
            "membership_type": "all",
            "name": "kubewarden-documentation",
            "node_id": "T_kwDOBNKsKc4AUqp3",
            "permission": "pull",
            "privacy": "closed",
            "repositories": [
              "docs",
              "kubewarden-controller",
              "kubewarden.io",
              "rfc"
            ],
            "slug": "kubewarden-documentation"
          },
          "sensitive_attributes": []
        }
      ]
    },
    {
      "module": "module.kubewarden_docs_repository",
      "mode": "managed",
      "type": "github_repository",
      "name": "main",
      "provider": "provider[\"registry.terraform.io/integrations/github\"].kubewarden",
      "instances": [
        {
          "schema_version": 0,
          "attributes": {
            "allow_auto_merge": false,
            "allow_merge_commit": true,
            "allow_rebase_merge": true,
            "allow_squash_merge": true,
            "archive_on_destroy": null,
            "archived": false,
            "auto_init": false,
            "branches": [
              {
                "name": "add-analytics-to-docs",
                "protected": false
              },
              {
                "name": "current-main-archive",
                "protected": false
              },
              {
                "name": "gh-pages",
                "protected": false
              },
              {
                "name": "main",
                "protected": false
              },
              {
                "name": "monitor-mode-policies",
                "protected": false
              },
              {
                "name": "new-architecture",
                "protected": false
              },
              {
                "name": "soften-warning",
                "protected": false
              },
              {
                "name": "staging-docusaurus",
                "protected": false
              },
              {
                "name": "tracing-kubewarden-defaults",
                "protected": false
              },
              {
                "name": "viccuad-quickstart-hub",
                "protected": false
              }
            ],
            "default_branch": "main",
            "delete_branch_on_merge": false,
            "description": "Kubewarden's documentation",
            "etag": "W/\"87fd6ac3fe34661e48512a5a53a4bd6bccb4e43e0ead67c16a489d23a5da4ce9\"",
            "full_name": "kubewarden/docs",
            "git_clone_url": "git://github.com/kubewarden/docs.git",
            "gitignore_template": null,
            "has_downloads": true,
            "has_issues": true,
            "has_projects": false,
            "has_wiki": true,
            "homepage_url": "https://docs.kubewarden.io",
            "html_url": "https://github.com/kubewarden/docs",
            "http_clone_url": "https://github.com/kubewarden/docs.git",
            "id": "docs",
            "ignore_vulnerability_alerts_during_read": null,
            "is_template": false,
            "license_template": null,
            "merge_commit_message": "PR_TITLE",
            "merge_commit_title": "MERGE_MESSAGE",
            "name": "docs",
            "node_id": "MDEwOlJlcG9zaXRvcnkzMTQyNjYyMzU=",
            "pages": [
              {
                "cname": "docs.kubewarden.io",
                "custom_404": true,
                "html_url": "https://docs.kubewarden.io/",
                "source": [
                  {
                    "branch": "gh-pages",
                    "path": "/"
                  }
                ],
                "status": "built",
                "url": "https://api.github.com/repos/kubewarden/docs/pages"
              }
            ],
            "private": false,
            "repo_id": 314266235,
            "squash_merge_commit_message": "COMMIT_MESSAGES",
            "squash_merge_commit_title": "COMMIT_OR_PR_TITLE",
            "ssh_clone_url": "git@github.com:kubewarden/docs.git",
            "svn_url": "https://github.com/kubewarden/docs",
            "template": [],
            "topics": [
              "hacktoberfest",
              "kubernetes",
              "kubernetes-security",
              "policy-as-code",
              "webassembly"
            ],
            "visibility": "public",
            "vulnerability_alerts": true
          },
          "sensitive_attributes": [],
          "private": "bnVsbA=="
        }
      ]
    },
    {
      "module": "module.kubewarden_docs_repository",
      "mode": "managed",
      "type": "github_team_repository",
      "name": "gh_team_push_rights",
      "provider": "provider[\"registry.terraform.io/integrations/github\"].kubewarden",
      "instances": [
        {
          "index_key": 0,
          "schema_version": 0,
          "attributes": {
            "etag": "W/\"0d58e8b3f65f776fc77125945f276951fdbdcc038e5cbc9a894e06d1f8fa43e6\"",
            "id": "4972867:docs",
            "permission": "push",
            "repository": "docs",
            "team_id": "4972867"
          },
          "sensitive_attributes": [],
          "private": "bnVsbA==",
          "dependencies": [
            "data.github_team.kubewarden_developers",
            "data.github_team.kubewarden_documentation",
            "module.kubewarden_docs_repository.github_repository.main"
          ]
        },
        {
          "index_key": 1,
          "schema_version": 0,
          "attributes": {
            "etag": "W/\"0d58e8b3f65f776fc77125945f276951fdbdcc038e5cbc9a894e06d1f8fa43e6\"",
            "id": "5417591:docs",
            "permission": "push",
            "repository": "docs",
            "team_id": "5417591"
          },
          "sensitive_attributes": [],
          "private": "bnVsbA==",
          "dependencies": [
            "module.kubewarden_docs_repository.github_repository.main",
            "data.github_team.kubewarden_developers",
            "data.github_team.kubewarden_documentation"
          ]
        }
      ]
    },
    {
      "module": "module.kubewarden_end_to_end_tests_repository",
      "mode": "managed",
      "type": "github_repository",
      "name": "main",
      "provider": "provider[\"registry.terraform.io/integrations/github\"].kubewarden",
      "instances": [
        {
          "schema_version": 0,
          "attributes": {
            "allow_auto_merge": false,
            "allow_merge_commit": true,
            "allow_rebase_merge": true,
            "allow_squash_merge": true,
            "archive_on_destroy": null,
            "archived": false,
            "auto_init": null,
            "branches": [
              {
                "name": "main",
                "protected": false
              }
            ],
            "default_branch": "main",
            "delete_branch_on_merge": false,
            "description": "Files used to run Kubewarden end-to-end tests",
            "etag": "W/\"c1abb3cc47e6766ef92ce715b556ebc8a9cd3e5b7e41bdd28c849fa9218b7a6f\"",
            "full_name": "kubewarden/kubewarden-end-to-end-tests",
            "git_clone_url": "git://github.com/kubewarden/kubewarden-end-to-end-tests.git",
            "gitignore_template": null,
            "has_downloads": true,
            "has_issues": true,
            "has_projects": false,
            "has_wiki": true,
            "homepage_url": "https://kubewarden.io",
            "html_url": "https://github.com/kubewarden/kubewarden-end-to-end-tests",
            "http_clone_url": "https://github.com/kubewarden/kubewarden-end-to-end-tests.git",
            "id": "kubewarden-end-to-end-tests",
            "ignore_vulnerability_alerts_during_read": null,
            "is_template": false,
            "license_template": null,
            "merge_commit_message": "PR_TITLE",
            "merge_commit_title": "MERGE_MESSAGE",
            "name": "kubewarden-end-to-end-tests",
            "node_id": "R_kgDOGdvkng",
            "pages": [],
            "private": false,
            "repo_id": 433841310,
            "squash_merge_commit_message": "COMMIT_MESSAGES",
            "squash_merge_commit_title": "COMMIT_OR_PR_TITLE",
            "ssh_clone_url": "git@github.com:kubewarden/kubewarden-end-to-end-tests.git",
            "svn_url": "https://github.com/kubewarden/kubewarden-end-to-end-tests",
            "template": [],
            "topics": [
              "hacktoberfest",
              "kubernetes",
              "kubernetes-security",
              "policy-as-code",
              "webassembly"
            ],
            "visibility": "public",
            "vulnerability_alerts": true
          },
          "sensitive_attributes": [],
          "private": "bnVsbA=="
        }
      ]
    },
    {
      "module": "module.kubewarden_end_to_end_tests_repository",
      "mode": "managed",
      "type": "github_team_repository",
      "name": "gh_team_push_rights",
      "provider": "provider[\"registry.terraform.io/integrations/github\"].kubewarden",
      "instances": [
        {
          "index_key": 0,
          "schema_version": 0,
          "attributes": {
            "etag": "W/\"2801281db87bf23c6445102783569351bdd916cc8fdbd0e7acd5b54df47367d3\"",
            "id": "4972867:kubewarden-end-to-end-tests",
            "permission": "push",
            "repository": "kubewarden-end-to-end-tests",
            "team_id": "4972867"
          },
          "sensitive_attributes": [],
          "private": "bnVsbA==",
          "dependencies": [
            "data.github_team.kubewarden_developers",
            "module.kubewarden_end_to_end_tests_repository.github_repository.main"
          ]
        }
      ]
    },
    {
      "module": "module.kubewarden_github_actions_repository",
      "mode": "managed",
      "type": "github_repository",
      "name": "main",
      "provider": "provider[\"registry.terraform.io/integrations/github\"].kubewarden",
      "instances": [
        {
          "schema_version": 0,
          "attributes": {
            "allow_auto_merge": false,
            "allow_merge_commit": true,
            "allow_rebase_merge": true,
            "allow_squash_merge": true,
            "archive_on_destroy": null,
            "archived": false,
            "auto_init": false,
            "branches": [
              {
                "name": "v1",
                "protected": false
              }
            ],
            "default_branch": "v1",
            "delete_branch_on_merge": false,
            "description": "GitHub actions used by the Kubewarden project",
            "etag": "W/\"4d6db4ef8b9ce1c888b052f277087c081df32db828ba1812e728f4aa72fde3a6\"",
            "full_name": "kubewarden/github-actions",
            "git_clone_url": "git://github.com/kubewarden/github-actions.git",
            "gitignore_template": null,
            "has_downloads": true,
            "has_issues": true,
            "has_projects": false,
            "has_wiki": true,
            "homepage_url": "https://kubewarden.io",
            "html_url": "https://github.com/kubewarden/github-actions",
            "http_clone_url": "https://github.com/kubewarden/github-actions.git",
            "id": "github-actions",
            "ignore_vulnerability_alerts_during_read": null,
            "is_template": false,
            "license_template": null,
            "merge_commit_message": "PR_TITLE",
            "merge_commit_title": "MERGE_MESSAGE",
            "name": "github-actions",
            "node_id": "R_kgDOGtQftQ",
            "pages": [],
            "private": false,
            "repo_id": 450109365,
            "squash_merge_commit_message": "COMMIT_MESSAGES",
            "squash_merge_commit_title": "COMMIT_OR_PR_TITLE",
            "ssh_clone_url": "git@github.com:kubewarden/github-actions.git",
            "svn_url": "https://github.com/kubewarden/github-actions",
            "template": [],
            "topics": [
              "hacktoberfest",
              "kubernetes",
              "kubernetes-security",
              "policy-as-code",
              "webassembly"
            ],
            "visibility": "public",
            "vulnerability_alerts": true
          },
          "sensitive_attributes": [],
          "private": "bnVsbA=="
        }
      ]
    },
    {
      "module": "module.kubewarden_github_actions_repository",
      "mode": "managed",
      "type": "github_team_repository",
      "name": "gh_team_push_rights",
      "provider": "provider[\"registry.terraform.io/integrations/github\"].kubewarden",
      "instances": [
        {
          "index_key": 0,
          "schema_version": 0,
          "attributes": {
            "etag": "W/\"9e4f98fd8efaca657811e9024ad6cfc9f153ba9972bb0f653b69d2c34413fcd5\"",
            "id": "4972867:github-actions",
            "permission": "push",
            "repository": "github-actions",
            "team_id": "4972867"
          },
          "sensitive_attributes": [],
          "private": "bnVsbA==",
          "dependencies": [
            "module.kubewarden_github_actions_repository.github_repository.main",
            "data.github_team.kubewarden_developers"
          ]
        }
      ]
    },
    {
      "module": "module.kubewarden_io_repository",
      "mode": "managed",
      "type": "github_repository",
      "name": "main",
      "provider": "provider[\"registry.terraform.io/integrations/github\"].kubewarden",
      "instances": [
        {
          "schema_version": 0,
          "attributes": {
            "allow_auto_merge": false,
            "allow_merge_commit": true,
            "allow_rebase_merge": true,
            "allow_squash_merge": true,
            "archive_on_destroy": null,
            "archived": false,
            "auto_init": false,
            "branches": [
              {
                "name": "gh-pages",
                "protected": false
              },
              {
                "name": "main",
                "protected": false
              },
              {
                "name": "new-architecture",
                "protected": false
              },
              {
                "name": "revert-36-issue-35-separate-here-documents",
                "protected": false
              },
              {
                "name": "viccuad-patch-1",
                "protected": false
              },
              {
                "name": "viccuad-wait-cert-manager",
                "protected": false
              }
            ],
            "default_branch": "main",
            "delete_branch_on_merge": false,
            "description": "Kubewarden website",
            "etag": "W/\"2a8b39b0edba63e0ca557fb0b1fa30c02228de2c4046497c29bc82718cf0facc\"",
            "full_name": "kubewarden/kubewarden.io",
            "git_clone_url": "git://github.com/kubewarden/kubewarden.io.git",
            "gitignore_template": null,
            "has_downloads": true,
            "has_issues": true,
            "has_projects": false,
            "has_wiki": true,
            "homepage_url": "https://kubewarden.io",
            "html_url": "https://github.com/kubewarden/kubewarden.io",
            "http_clone_url": "https://github.com/kubewarden/kubewarden.io.git",
            "id": "kubewarden.io",
            "ignore_vulnerability_alerts_during_read": null,
            "is_template": false,
            "license_template": null,
            "merge_commit_message": "PR_TITLE",
            "merge_commit_title": "MERGE_MESSAGE",
            "name": "kubewarden.io",
            "node_id": "MDEwOlJlcG9zaXRvcnkzMTQxODYxMjE=",
            "pages": [
              {
                "cname": "kubewarden.io",
                "custom_404": false,
                "html_url": "http://www.kubewarden.io/",
                "source": [
                  {
                    "branch": "gh-pages",
                    "path": "/"
                  }
                ],
                "status": "built",
                "url": "https://api.github.com/repos/kubewarden/kubewarden.io/pages"
              }
            ],
            "private": false,
            "repo_id": 314186121,
            "squash_merge_commit_message": "COMMIT_MESSAGES",
            "squash_merge_commit_title": "COMMIT_OR_PR_TITLE",
            "ssh_clone_url": "git@github.com:kubewarden/kubewarden.io.git",
            "svn_url": "https://github.com/kubewarden/kubewarden.io",
            "template": [],
            "topics": [
              "hacktoberfest",
              "kubernetes",
              "kubernetes-security",
              "policy-as-code",
              "webassembly"
            ],
            "visibility": "public",
            "vulnerability_alerts": true
          },
          "sensitive_attributes": [],
          "private": "bnVsbA=="
        }
      ]
    },
    {
      "module": "module.kubewarden_io_repository",
      "mode": "managed",
      "type": "github_team_repository",
      "name": "gh_team_push_rights",
      "provider": "provider[\"registry.terraform.io/integrations/github\"].kubewarden",
      "instances": [
        {
          "index_key": 0,
          "schema_version": 0,
          "attributes": {
            "etag": "W/\"edcd51660985d38c7ca5e700636e5730d02f178419ee487688eda448a850168e\"",
            "id": "4972867:kubewarden.io",
            "permission": "push",
            "repository": "kubewarden.io",
            "team_id": "4972867"
          },
          "sensitive_attributes": [],
          "private": "bnVsbA==",
          "dependencies": [
            "data.github_team.kubewarden_developers",
            "data.github_team.kubewarden_documentation",
            "module.kubewarden_io_repository.github_repository.main"
          ]
        },
        {
          "index_key": 1,
          "schema_version": 0,
          "attributes": {
            "etag": "W/\"edcd51660985d38c7ca5e700636e5730d02f178419ee487688eda448a850168e\"",
            "id": "5417591:kubewarden.io",
            "permission": "push",
            "repository": "kubewarden.io",
            "team_id": "5417591"
          },
          "sensitive_attributes": [],
          "private": "bnVsbA==",
          "dependencies": [
            "data.github_team.kubewarden_developers",
            "data.github_team.kubewarden_documentation",
            "module.kubewarden_io_repository.github_repository.main"
          ]
        }
      ]
    },
    {
      "module": "module.kubewarden_k8s_objects_generator_repository",
      "mode": "managed",
      "type": "github_repository",
      "name": "main",
      "provider": "provider[\"registry.terraform.io/integrations/github\"].kubewarden",
      "instances": [
        {
          "schema_version": 0,
          "attributes": {
            "allow_auto_merge": false,
            "allow_merge_commit": true,
            "allow_rebase_merge": true,
            "allow_squash_merge": true,
            "archive_on_destroy": null,
            "archived": false,
            "auto_init": false,
            "branches": [
              {
                "name": "main",
                "protected": false
              },
              {
                "name": "renovate/configure",
                "protected": false
              }
            ],
            "default_branch": "main",
            "delete_branch_on_merge": false,
            "description": "CLI tool that generates Kubernetes Go types that can be used with TinyGo starting from the official OpenAPI spec",
            "etag": "W/\"a2de5a7b2657d41b6cd1cb1c3ed413ef469c08a6733a45211e12da633683f35e\"",
            "full_name": "kubewarden/k8s-objects-generator",
            "git_clone_url": "git://github.com/kubewarden/k8s-objects-generator.git",
            "gitignore_template": null,
            "has_downloads": true,
            "has_issues": true,
            "has_projects": false,
            "has_wiki": true,
            "homepage_url": "https://github.com/kubewarden/",
            "html_url": "https://github.com/kubewarden/k8s-objects-generator",
            "http_clone_url": "https://github.com/kubewarden/k8s-objects-generator.git",
            "id": "k8s-objects-generator",
            "ignore_vulnerability_alerts_during_read": null,
            "is_template": false,
            "license_template": null,
            "merge_commit_message": "PR_TITLE",
            "merge_commit_title": "MERGE_MESSAGE",
            "name": "k8s-objects-generator",
            "node_id": "R_kgDOHWe8xw",
            "pages": [],
            "private": false,
            "repo_id": 493337799,
            "squash_merge_commit_message": "COMMIT_MESSAGES",
            "squash_merge_commit_title": "COMMIT_OR_PR_TITLE",
            "ssh_clone_url": "git@github.com:kubewarden/k8s-objects-generator.git",
            "svn_url": "https://github.com/kubewarden/k8s-objects-generator",
            "template": [],
            "topics": [
              "hacktoberfest",
              "kubernetes",
              "kubernetes-security",
              "policy-as-code",
              "webassembly"
            ],
            "visibility": "public",
            "vulnerability_alerts": true
          },
          "sensitive_attributes": [],
          "private": "bnVsbA=="
        }
      ]
    },
    {
      "module": "module.kubewarden_k8s_objects_generator_repository",
      "mode": "managed",
      "type": "github_team_repository",
      "name": "gh_team_push_rights",
      "provider": "provider[\"registry.terraform.io/integrations/github\"].kubewarden",
      "instances": [
        {
          "index_key": 0,
          "schema_version": 0,
          "attributes": {
            "etag": "W/\"6891f82d82da9d392b4851c3ad3324d681fd441dcdb399bf5d3401793a00b811\"",
            "id": "4972867:k8s-objects-generator",
            "permission": "push",
            "repository": "k8s-objects-generator",
            "team_id": "4972867"
          },
          "sensitive_attributes": [],
          "private": "bnVsbA==",
          "dependencies": [
            "data.github_team.kubewarden_developers",
            "module.kubewarden_k8s_objects_generator_repository.github_repository.main"
          ]
        }
      ]
    },
    {
      "module": "module.kubewarden_k8s_objects_repository",
      "mode": "managed",
      "type": "github_repository",
      "name": "main",
      "provider": "provider[\"registry.terraform.io/integrations/github\"].kubewarden",
      "instances": [
        {
          "schema_version": 0,
          "attributes": {
            "allow_auto_merge": false,
            "allow_merge_commit": true,
            "allow_rebase_merge": true,
            "allow_squash_merge": true,
            "archive_on_destroy": null,
            "archived": false,
            "auto_init": false,
            "branches": [
              {
                "name": "main",
                "protected": false
              },
              {
                "name": "renovate/configure",
                "protected": false
              }
            ],
            "default_branch": "main",
            "delete_branch_on_merge": false,
            "description": "Experimental: Kubernetes Go types that can be used with TinyGo",
            "etag": "W/\"979caba4c43c753c9c06c1f5257cb4fbe86cfcd61e909f21e3dfd1bab7637c1a\"",
            "full_name": "kubewarden/k8s-objects",
            "git_clone_url": "git://github.com/kubewarden/k8s-objects.git",
            "gitignore_template": null,
            "has_downloads": true,
            "has_issues": true,
            "has_projects": false,
            "has_wiki": true,
            "homepage_url": "https://github.com/kubewarden/",
            "html_url": "https://github.com/kubewarden/k8s-objects",
            "http_clone_url": "https://github.com/kubewarden/k8s-objects.git",
            "id": "k8s-objects",
            "ignore_vulnerability_alerts_during_read": null,
            "is_template": false,
            "license_template": null,
            "merge_commit_message": "PR_TITLE",
            "merge_commit_title": "MERGE_MESSAGE",
            "name": "k8s-objects",
            "node_id": "R_kgDOHVXvNw",
            "pages": [],
            "private": false,
            "repo_id": 492171063,
            "squash_merge_commit_message": "COMMIT_MESSAGES",
            "squash_merge_commit_title": "COMMIT_OR_PR_TITLE",
            "ssh_clone_url": "git@github.com:kubewarden/k8s-objects.git",
            "svn_url": "https://github.com/kubewarden/k8s-objects",
            "template": [],
            "topics": [
              "hacktoberfest",
              "kubernetes",
              "kubernetes-security",
              "policy-as-code",
              "webassembly"
            ],
            "visibility": "public",
            "vulnerability_alerts": true
          },
          "sensitive_attributes": [],
          "private": "bnVsbA=="
        }
      ]
    },
    {
      "module": "module.kubewarden_k8s_objects_repository",
      "mode": "managed",
      "type": "github_team_repository",
      "name": "gh_team_push_rights",
      "provider": "provider[\"registry.terraform.io/integrations/github\"].kubewarden",
      "instances": [
        {
          "index_key": 0,
          "schema_version": 0,
          "attributes": {
            "etag": "W/\"af333590110a8eea6220d29aeffd5f4717baedfa629d6664126d6d4918eb2e81\"",
            "id": "4972867:k8s-objects",
            "permission": "push",
            "repository": "k8s-objects",
            "team_id": "4972867"
          },
          "sensitive_attributes": [],
          "private": "bnVsbA==",
          "dependencies": [
            "data.github_team.kubewarden_developers",
            "module.kubewarden_k8s_objects_repository.github_repository.main"
          ]
        }
      ]
    },
    {
      "module": "module.kubewarden_kubewarden_controller_repository",
      "mode": "managed",
      "type": "github_repository",
      "name": "main",
      "provider": "provider[\"registry.terraform.io/integrations/github\"].kubewarden",
      "instances": [
        {
          "schema_version": 0,
          "attributes": {
            "allow_auto_merge": false,
            "allow_merge_commit": true,
            "allow_rebase_merge": true,
            "allow_squash_merge": true,
            "archive_on_destroy": null,
            "archived": false,
            "auto_init": false,
            "branches": [
              {
                "name": "main",
                "protected": true
              },
              {
                "name": "renovate/all-minor-patch",
                "protected": false
              }
            ],
            "default_branch": "main",
            "delete_branch_on_merge": false,
            "description": "Manage admission policies in your Kubernetes cluster with ease",
            "etag": "W/\"16588459f6b594100c2b654fe3f163d891712883c393105162363851ddaec90e\"",
            "full_name": "kubewarden/kubewarden-controller",
            "git_clone_url": "git://github.com/kubewarden/kubewarden-controller.git",
            "gitignore_template": null,
            "has_downloads": true,
            "has_issues": true,
            "has_projects": false,
            "has_wiki": true,
            "homepage_url": "https://kubewarden.io",
            "html_url": "https://github.com/kubewarden/kubewarden-controller",
            "http_clone_url": "https://github.com/kubewarden/kubewarden-controller.git",
            "id": "kubewarden-controller",
            "ignore_vulnerability_alerts_during_read": null,
            "is_template": false,
            "license_template": null,
            "merge_commit_message": "PR_TITLE",
            "merge_commit_title": "MERGE_MESSAGE",
            "name": "kubewarden-controller",
            "node_id": "MDEwOlJlcG9zaXRvcnkzMTg0OTA5NzE=",
            "pages": [],
            "private": false,
            "repo_id": 318490971,
            "squash_merge_commit_message": "COMMIT_MESSAGES",
            "squash_merge_commit_title": "COMMIT_OR_PR_TITLE",
            "ssh_clone_url": "git@github.com:kubewarden/kubewarden-controller.git",
            "svn_url": "https://github.com/kubewarden/kubewarden-controller",
            "template": [],
            "topics": [
              "hacktoberfest",
              "kubernetes",
              "kubernetes-security",
              "policy-as-code",
              "webassembly"
            ],
            "visibility": "public",
            "vulnerability_alerts": true
          },
          "sensitive_attributes": [],
          "private": "bnVsbA=="
        }
      ]
    },
    {
      "module": "module.kubewarden_kubewarden_controller_repository",
      "mode": "managed",
      "type": "github_team_repository",
      "name": "gh_team_push_rights",
      "provider": "provider[\"registry.terraform.io/integrations/github\"].kubewarden",
      "instances": [
        {
          "index_key": 0,
          "schema_version": 0,
          "attributes": {
            "etag": "W/\"c38126871c27eed0935f9666117c6dc195be1c7d3399bd40f5342fff3e80efb0\"",
            "id": "4972867:kubewarden-controller",
            "permission": "push",
            "repository": "kubewarden-controller",
            "team_id": "4972867"
          },
          "sensitive_attributes": [],
          "private": "bnVsbA==",
          "dependencies": [
            "data.github_team.kubewarden_developers",
            "module.kubewarden_kubewarden_controller_repository.github_repository.main"
          ]
        }
      ]
    },
    {
      "module": "module.kubewarden_kwctl_repository",
      "mode": "managed",
      "type": "github_repository",
      "name": "main",
      "provider": "provider[\"registry.terraform.io/integrations/github\"].kubewarden",
      "instances": [
        {
          "schema_version": 0,
          "attributes": {
            "allow_auto_merge": false,
            "allow_merge_commit": true,
            "allow_rebase_merge": true,
            "allow_squash_merge": true,
            "archive_on_destroy": null,
            "archived": false,
            "auto_init": false,
            "branches": [
              {
                "name": "main",
                "protected": true
              },
              {
                "name": "road-to-1.1.0",
                "protected": false
              }
            ],
            "default_branch": "main",
            "delete_branch_on_merge": false,
            "description": "Go-to CLI tool for Kubewarden users",
            "etag": "W/\"f5ec4568453963f13a86a04ed8568b6689d75149aeebb2b04e14ca7042fd718a\"",
            "full_name": "kubewarden/kwctl",
            "git_clone_url": "git://github.com/kubewarden/kwctl.git",
            "gitignore_template": null,
            "has_downloads": true,
            "has_issues": true,
            "has_projects": false,
            "has_wiki": true,
            "homepage_url": "https://kubewarden.io",
            "html_url": "https://github.com/kubewarden/kwctl",
            "http_clone_url": "https://github.com/kubewarden/kwctl.git",
            "id": "kwctl",
            "ignore_vulnerability_alerts_during_read": null,
            "is_template": false,
            "license_template": null,
            "merge_commit_message": "PR_TITLE",
            "merge_commit_title": "MERGE_MESSAGE",
            "name": "kwctl",
            "node_id": "MDEwOlJlcG9zaXRvcnkzNjA0NzE2NDI=",
            "pages": [],
            "private": false,
            "repo_id": 360471642,
            "squash_merge_commit_message": "COMMIT_MESSAGES",
            "squash_merge_commit_title": "COMMIT_OR_PR_TITLE",
            "ssh_clone_url": "git@github.com:kubewarden/kwctl.git",
            "svn_url": "https://github.com/kubewarden/kwctl",
            "template": [],
            "topics": [
              "hacktoberfest",
              "kubernetes",
              "kubernetes-security",
              "policy-as-code",
              "webassembly"
            ],
            "visibility": "public",
            "vulnerability_alerts": true
          },
          "sensitive_attributes": [],
          "private": "bnVsbA=="
        }
      ]
    },
    {
      "module": "module.kubewarden_kwctl_repository",
      "mode": "managed",
      "type": "github_team_repository",
      "name": "gh_team_push_rights",
      "provider": "provider[\"registry.terraform.io/integrations/github\"].kubewarden",
      "instances": [
        {
          "index_key": 0,
          "schema_version": 0,
          "attributes": {
            "etag": "W/\"443c5f4fcff45c629279fefb0f94df1cb087edfe2dac1ade7c3fc6c674ac63c6\"",
            "id": "4972867:kwctl",
            "permission": "push",
            "repository": "kwctl",
            "team_id": "4972867"
          },
          "sensitive_attributes": [],
          "private": "bnVsbA==",
          "dependencies": [
            "data.github_team.kubewarden_developers",
            "module.kubewarden_kwctl_repository.github_repository.main"
          ]
        }
      ]
    },
    {
      "module": "module.kubewarden_load_testing_repository",
      "mode": "managed",
      "type": "github_repository",
      "name": "main",
      "provider": "provider[\"registry.terraform.io/integrations/github\"].kubewarden",
      "instances": [
        {
          "schema_version": 0,
          "attributes": {
            "allow_auto_merge": false,
            "allow_merge_commit": true,
            "allow_rebase_merge": true,
            "allow_squash_merge": true,
            "archive_on_destroy": null,
            "archived": false,
            "auto_init": false,
            "branches": [
              {
                "name": "improvements",
                "protected": false
              },
              {
                "name": "main",
                "protected": false
              }
            ],
            "default_branch": "main",
            "delete_branch_on_merge": false,
            "description": "HTTP load to stress policy-server",
            "etag": "W/\"02bf1a71f2cb56269aabc547555b7ce16251d08636812cd69f85c18fdbcfb147\"",
            "full_name": "kubewarden/load-testing",
            "git_clone_url": "git://github.com/kubewarden/load-testing.git",
            "gitignore_template": null,
            "has_downloads": true,
            "has_issues": true,
            "has_projects": false,
            "has_wiki": true,
            "homepage_url": "https://github.com/kubewarden/",
            "html_url": "https://github.com/kubewarden/load-testing",
            "http_clone_url": "https://github.com/kubewarden/load-testing.git",
            "id": "load-testing",
            "ignore_vulnerability_alerts_during_read": null,
            "is_template": false,
            "license_template": null,
            "merge_commit_message": "PR_TITLE",
            "merge_commit_title": "MERGE_MESSAGE",
            "name": "load-testing",
            "node_id": "MDEwOlJlcG9zaXRvcnkzODc1Mzk0OTM=",
            "pages": [],
            "private": false,
            "repo_id": 387539493,
            "squash_merge_commit_message": "COMMIT_MESSAGES",
            "squash_merge_commit_title": "COMMIT_OR_PR_TITLE",
            "ssh_clone_url": "git@github.com:kubewarden/load-testing.git",
            "svn_url": "https://github.com/kubewarden/load-testing",
            "template": [],
            "topics": [
              "hacktoberfest",
              "kubernetes",
              "kubernetes-security",
              "policy-as-code",
              "webassembly"
            ],
            "visibility": "public",
            "vulnerability_alerts": true
          },
          "sensitive_attributes": [],
          "private": "bnVsbA=="
        }
      ]
    },
    {
      "module": "module.kubewarden_load_testing_repository",
      "mode": "managed",
      "type": "github_team_repository",
      "name": "gh_team_push_rights",
      "provider": "provider[\"registry.terraform.io/integrations/github\"].kubewarden",
      "instances": [
        {
          "index_key": 0,
          "schema_version": 0,
          "attributes": {
            "etag": "W/\"145bd87d60b9dc52ac404d07504f1a9d41e02e9cc488fba8f534096b90c7f5d9\"",
            "id": "4972867:load-testing",
            "permission": "push",
            "repository": "load-testing",
            "team_id": "4972867"
          },
          "sensitive_attributes": [],
          "private": "bnVsbA==",
          "dependencies": [
            "data.github_team.kubewarden_developers",
            "module.kubewarden_load_testing_repository.github_repository.main"
          ]
        }
      ]
    },
    {
      "module": "module.kubewarden_policy_fetcher_repository",
      "mode": "managed",
      "type": "github_repository",
      "name": "main",
      "provider": "provider[\"registry.terraform.io/integrations/github\"].kubewarden",
      "instances": [
        {
          "schema_version": 0,
          "attributes": {
            "allow_auto_merge": false,
            "allow_merge_commit": true,
            "allow_rebase_merge": true,
            "allow_squash_merge": true,
            "archive_on_destroy": null,
            "archived": false,
            "auto_init": false,
            "branches": [
              {
                "name": "feat-sigstore-0.2",
                "protected": false
              },
              {
                "name": "main",
                "protected": true
              },
              {
                "name": "olblak-patch-1",
                "protected": false
              },
              {
                "name": "sigstore_container_verification",
                "protected": false
              },
              {
                "name": "sigstore_wasm_guest",
                "protected": false
              }
            ],
            "default_branch": "main",
            "delete_branch_on_merge": false,
            "description": "Crate used by Kubewarden that is able to pull policies from OCI registries and HTTP servers.",
            "etag": "W/\"6eefe63d90bd992dda7ddd5fe9ba5ed5dd191ba846b439f7ac9935378a8bdff2\"",
            "full_name": "kubewarden/policy-fetcher",
            "git_clone_url": "git://github.com/kubewarden/policy-fetcher.git",
            "gitignore_template": null,
            "has_downloads": true,
            "has_issues": true,
            "has_projects": false,
            "has_wiki": true,
            "homepage_url": "https://kubewarden.io",
            "html_url": "https://github.com/kubewarden/policy-fetcher",
            "http_clone_url": "https://github.com/kubewarden/policy-fetcher.git",
            "id": "policy-fetcher",
            "ignore_vulnerability_alerts_during_read": null,
            "is_template": false,
            "license_template": null,
            "merge_commit_message": "PR_TITLE",
            "merge_commit_title": "MERGE_MESSAGE",
            "name": "policy-fetcher",
            "node_id": "MDEwOlJlcG9zaXRvcnkzNjA0NTg4Mjc=",
            "pages": [],
            "private": false,
            "repo_id": 360458827,
            "squash_merge_commit_message": "COMMIT_MESSAGES",
            "squash_merge_commit_title": "COMMIT_OR_PR_TITLE",
            "ssh_clone_url": "git@github.com:kubewarden/policy-fetcher.git",
            "svn_url": "https://github.com/kubewarden/policy-fetcher",
            "template": [],
            "topics": [
              "hacktoberfest",
              "kubernetes",
              "kubernetes-security",
              "policy-as-code",
              "webassembly"
            ],
            "visibility": "public",
            "vulnerability_alerts": true
          },
          "sensitive_attributes": [],
          "private": "bnVsbA=="
        }
      ]
    },
    {
      "module": "module.kubewarden_policy_fetcher_repository",
      "mode": "managed",
      "type": "github_team_repository",
      "name": "gh_team_push_rights",
      "provider": "provider[\"registry.terraform.io/integrations/github\"].kubewarden",
      "instances": [
        {
          "index_key": 0,
          "schema_version": 0,
          "attributes": {
            "etag": "W/\"1bb91bc8c4bd6a8d07bb577eb1f84dde4035a2c9d09a95a06d71787fd799a241\"",
            "id": "4972867:policy-fetcher",
            "permission": "push",
            "repository": "policy-fetcher",
            "team_id": "4972867"
          },
          "sensitive_attributes": [],
          "private": "bnVsbA==",
          "dependencies": [
            "data.github_team.kubewarden_developers",
            "module.kubewarden_policy_fetcher_repository.github_repository.main"
          ]
        }
      ]
    },
    {
      "module": "module.kubewarden_policy_hub_repository",
      "mode": "managed",
      "type": "github_repository",
      "name": "main",
      "provider": "provider[\"registry.terraform.io/integrations/github\"].kubewarden",
      "instances": [
        {
          "schema_version": 0,
          "attributes": {
            "allow_auto_merge": false,
            "allow_merge_commit": true,
            "allow_rebase_merge": true,
            "allow_squash_merge": true,
            "archive_on_destroy": null,
            "archived": false,
            "auto_init": false,
            "branches": [
              {
                "name": "gh-pages",
                "protected": false
              },
              {
                "name": "main",
                "protected": false
              },
              {
                "name": "renovate/actions-setup-node-3.x",
                "protected": false
              },
              {
                "name": "renovate/all-minor-patch",
                "protected": false
              },
              {
                "name": "renovate/major-material-components-web-monorepo",
                "protected": false
              },
              {
                "name": "renovate/pin-dependencies",
                "protected": false
              },
              {
                "name": "renovate/react-scripts-5.x",
                "protected": false
              },
              {
                "name": "renovate/react-select-5.x",
                "protected": false
              },
              {
                "name": "renovate/testing-library-react-12.x",
                "protected": false
              },
              {
                "name": "renovate/testing-library-user-event-13.x",
                "protected": false
              },
              {
                "name": "renovate/web-vitals-2.x",
                "protected": false
              },
              {
                "name": "update-kubewarden/allowed-fsgroups-psp-policy",
                "protected": false
              },
              {
                "name": "update-kubewarden/apparmor-psp-policy",
                "protected": false
              },
              {
                "name": "update-kubewarden/capabilities-psp-policy",
                "protected": false
              },
              {
                "name": "update-kubewarden/disallow-service-nodeport-policy",
                "protected": false
              },
              {
                "name": "update-kubewarden/flexvolume-drivers-psp-policy",
                "protected": false
              },
              {
                "name": "update-kubewarden/host-namespaces-psp-policy",
                "protected": false
              },
              {
                "name": "update-kubewarden/hostpaths-psp-policy",
                "protected": false
              },
              {
                "name": "update-kubewarden/ingress-policy",
                "protected": false
              },
              {
                "name": "update-kubewarden/pod-privileged-policy",
                "protected": false
              },
              {
                "name": "update-kubewarden/pod-runtime-class-policy",
                "protected": false
              },
              {
                "name": "update-kubewarden/readonly-root-filesystem-psp-policy",
                "protected": false
              },
              {
                "name": "update-kubewarden/safe-annotations-policy",
                "protected": false
              },
              {
                "name": "update-kubewarden/safe-labels-policy",
                "protected": false
              },
              {
                "name": "update-kubewarden/seccomp-psp-policy",
                "protected": false
              },
              {
                "name": "update-kubewarden/sysctl-psp-policy",
                "protected": false
              },
              {
                "name": "update-kubewarden/trusted-repos-policy",
                "protected": false
              },
              {
                "name": "update-kubewarden/volumes-psp-policy",
                "protected": false
              }
            ],
            "default_branch": "main",
            "delete_branch_on_merge": false,
            "description": "A place where to find and discover policies",
            "etag": "W/\"de91f46457e2d977ef54270400c12792ab40371272cce4799e2310b71f943965\"",
            "full_name": "kubewarden/policy-hub",
            "git_clone_url": "git://github.com/kubewarden/policy-hub.git",
            "gitignore_template": null,
            "has_downloads": true,
            "has_issues": true,
            "has_projects": false,
            "has_wiki": true,
            "homepage_url": "https://hub.kubewarden.io",
            "html_url": "https://github.com/kubewarden/policy-hub",
            "http_clone_url": "https://github.com/kubewarden/policy-hub.git",
            "id": "policy-hub",
            "ignore_vulnerability_alerts_during_read": null,
            "is_template": false,
            "license_template": null,
            "merge_commit_message": "PR_TITLE",
            "merge_commit_title": "MERGE_MESSAGE",
            "name": "policy-hub",
            "node_id": "MDEwOlJlcG9zaXRvcnkzNTAyNDAyOTY=",
            "pages": [
              {
                "cname": "hub.kubewarden.io",
                "custom_404": false,
                "html_url": "https://hub.kubewarden.io/",
                "source": [
                  {
                    "branch": "gh-pages",
                    "path": "/"
                  }
                ],
                "status": "built",
                "url": "https://api.github.com/repos/kubewarden/policy-hub/pages"
              }
            ],
            "private": false,
            "repo_id": 350240296,
            "squash_merge_commit_message": "COMMIT_MESSAGES",
            "squash_merge_commit_title": "COMMIT_OR_PR_TITLE",
            "ssh_clone_url": "git@github.com:kubewarden/policy-hub.git",
            "svn_url": "https://github.com/kubewarden/policy-hub",
            "template": [],
            "topics": [
              "hacktoberfest",
              "kubernetes",
              "kubernetes-security",
              "policy-as-code",
              "webassembly"
            ],
            "visibility": "public",
            "vulnerability_alerts": true
          },
          "sensitive_attributes": [],
          "private": "bnVsbA=="
        }
      ]
    },
    {
      "module": "module.kubewarden_policy_hub_repository",
      "mode": "managed",
      "type": "github_team_repository",
      "name": "gh_team_push_rights",
      "provider": "provider[\"registry.terraform.io/integrations/github\"].kubewarden",
      "instances": [
        {
          "index_key": 0,
          "schema_version": 0,
          "attributes": {
            "etag": "W/\"4d36081e928599c57510a36e36dec7ac905ce2684489f6094804d5e2bc9ea402\"",
            "id": "4972867:policy-hub",
            "permission": "push",
            "repository": "policy-hub",
            "team_id": "4972867"
          },
          "sensitive_attributes": [],
          "private": "bnVsbA==",
          "dependencies": [
            "data.github_team.kubewarden_developers",
            "module.kubewarden_policy_hub_repository.github_repository.main"
          ]
        }
      ]
    },
    {
      "module": "module.kubewarden_policy_server_repository",
      "mode": "managed",
      "type": "github_repository",
      "name": "main",
      "provider": "provider[\"registry.terraform.io/integrations/github\"].kubewarden",
      "instances": [
        {
          "schema_version": 0,
          "attributes": {
            "allow_auto_merge": false,
            "allow_merge_commit": true,
            "allow_rebase_merge": true,
            "allow_squash_merge": true,
            "archive_on_destroy": null,
            "archived": false,
            "auto_init": false,
            "branches": [
              {
                "name": "main",
                "protected": false
              },
              {
                "name": "renovate/all-patch",
                "protected": false
              },
              {
                "name": "road-to-1.1.0",
                "protected": false
              }
            ],
            "default_branch": "main",
            "delete_branch_on_merge": false,
            "description": "Webhook server that evaluates WebAssembly policies to validate Kubernetes requests",
            "etag": "W/\"a906137ea6e78cbe73127822694bc2785f7f3bcd553a60a8e638564e561a5b2a\"",
            "full_name": "kubewarden/policy-server",
            "git_clone_url": "git://github.com/kubewarden/policy-server.git",
            "gitignore_template": null,
            "has_downloads": true,
            "has_issues": true,
            "has_projects": false,
            "has_wiki": true,
            "homepage_url": "https://kubewarden.io",
            "html_url": "https://github.com/kubewarden/policy-server",
            "http_clone_url": "https://github.com/kubewarden/policy-server.git",
            "id": "policy-server",
            "ignore_vulnerability_alerts_during_read": null,
            "is_template": false,
            "license_template": null,
            "merge_commit_message": "PR_TITLE",
            "merge_commit_title": "MERGE_MESSAGE",
            "name": "policy-server",
            "node_id": "MDEwOlJlcG9zaXRvcnkzMjE2OTE2NDM=",
            "pages": [],
            "private": false,
            "repo_id": 321691643,
            "squash_merge_commit_message": "COMMIT_MESSAGES",
            "squash_merge_commit_title": "COMMIT_OR_PR_TITLE",
            "ssh_clone_url": "git@github.com:kubewarden/policy-server.git",
            "svn_url": "https://github.com/kubewarden/policy-server",
            "template": [],
            "topics": [
              "hacktoberfest",
              "kubernetes",
              "kubernetes-security",
              "kubernetes-webhook",
              "policy",
              "policy-as-code",
              "rust",
              "webassembly"
            ],
            "visibility": "public",
            "vulnerability_alerts": true
          },
          "sensitive_attributes": [],
          "private": "bnVsbA=="
        }
      ]
    },
    {
      "module": "module.kubewarden_policy_server_repository",
      "mode": "managed",
      "type": "github_team_repository",
      "name": "gh_team_push_rights",
      "provider": "provider[\"registry.terraform.io/integrations/github\"].kubewarden",
      "instances": [
        {
          "index_key": 0,
          "schema_version": 0,
          "attributes": {
            "etag": "W/\"f7605f1cfa63e7c13657d40334a20f324c4cc4077fbb532b0a11ce1eae7f8d62\"",
            "id": "4972867:policy-server",
            "permission": "push",
            "repository": "policy-server",
            "team_id": "4972867"
          },
          "sensitive_attributes": [],
          "private": "bnVsbA==",
          "dependencies": [
            "data.github_team.kubewarden_developers",
            "module.kubewarden_policy_server_repository.github_repository.main"
          ]
        }
      ]
    },
    {
      "module": "module.kubewarden_rancher_kubectl_builder_repository",
      "mode": "managed",
      "type": "github_repository",
      "name": "main",
      "provider": "provider[\"registry.terraform.io/integrations/github\"].kubewarden",
      "instances": [
        {
          "schema_version": 0,
          "attributes": {
            "allow_auto_merge": false,
            "allow_merge_commit": true,
            "allow_rebase_merge": true,
            "allow_squash_merge": true,
            "archive_on_destroy": null,
            "archived": false,
            "auto_init": null,
            "branches": [],
            "default_branch": "main",
            "delete_branch_on_merge": false,
            "description": "Workflow to rebuild and sign rancher/kubectl image",
            "etag": "W/\"a6e81675af53e25c0f7ddf542fcaf573125c5916da8c7ea64c7626fbda037cba\"",
            "full_name": "kubewarden/rancher-kubectl-builder",
            "git_clone_url": "git://github.com/kubewarden/rancher-kubectl-builder.git",
            "gitignore_template": null,
            "has_downloads": true,
            "has_issues": true,
            "has_projects": false,
            "has_wiki": true,
            "homepage_url": "https://github.com/kubewarden/",
            "html_url": "https://github.com/kubewarden/rancher-kubectl-builder",
            "http_clone_url": "https://github.com/kubewarden/rancher-kubectl-builder.git",
            "id": "rancher-kubectl-builder",
            "ignore_vulnerability_alerts_during_read": null,
            "is_template": false,
            "license_template": null,
            "merge_commit_message": "PR_TITLE",
            "merge_commit_title": "MERGE_MESSAGE",
            "name": "rancher-kubectl-builder",
            "node_id": "R_kgDOHbQSdA",
            "pages": [],
            "private": false,
            "repo_id": 498340468,
            "squash_merge_commit_message": "COMMIT_MESSAGES",
            "squash_merge_commit_title": "COMMIT_OR_PR_TITLE",
            "ssh_clone_url": "git@github.com:kubewarden/rancher-kubectl-builder.git",
            "svn_url": "https://github.com/kubewarden/rancher-kubectl-builder",
            "template": [],
            "topics": [
              "hacktoberfest",
              "kubernetes",
              "kubernetes-security",
              "policy-as-code",
              "webassembly"
            ],
            "visibility": "public",
            "vulnerability_alerts": true
          },
          "sensitive_attributes": [],
          "private": "bnVsbA=="
        }
      ]
    },
    {
      "module": "module.kubewarden_rancher_kubectl_builder_repository",
      "mode": "managed",
      "type": "github_team_repository",
      "name": "gh_team_push_rights",
      "provider": "provider[\"registry.terraform.io/integrations/github\"].kubewarden",
      "instances": [
        {
          "index_key": 0,
          "schema_version": 0,
          "attributes": {
            "etag": "W/\"531cf7abd7c5bf286d279f989d4fe6af290c28f29d5d4e6cfe8cbf5d9196393e\"",
            "id": "4972867:rancher-kubectl-builder",
            "permission": "push",
            "repository": "rancher-kubectl-builder",
            "team_id": "4972867"
          },
          "sensitive_attributes": [],
          "private": "bnVsbA==",
          "dependencies": [
            "data.github_team.kubewarden_developers",
            "module.kubewarden_rancher_kubectl_builder_repository.github_repository.main"
          ]
        }
      ]
    },
    {
      "module": "module.kubewarden_rfc_repository",
      "mode": "managed",
      "type": "github_repository",
      "name": "main",
      "provider": "provider[\"registry.terraform.io/integrations/github\"].kubewarden",
      "instances": [
        {
          "schema_version": 0,
          "attributes": {
            "allow_auto_merge": false,
            "allow_merge_commit": true,
            "allow_rebase_merge": true,
            "allow_squash_merge": true,
            "archive_on_destroy": null,
            "archived": false,
            "auto_init": null,
            "branches": [
              {
                "name": "main",
                "protected": false
              }
            ],
            "default_branch": "main",
            "delete_branch_on_merge": false,
            "description": "Kubewarden's RFCs",
            "etag": "W/\"568a28b714513c4fa1109da024fe6235d91db9dd123ca47ddb11d2aaeefa61bd\"",
            "full_name": "kubewarden/rfc",
            "git_clone_url": "git://github.com/kubewarden/rfc.git",
            "gitignore_template": null,
            "has_downloads": true,
            "has_issues": true,
            "has_projects": false,
            "has_wiki": true,
            "homepage_url": "https://github.com/kubewarden/",
            "html_url": "https://github.com/kubewarden/rfc",
            "http_clone_url": "https://github.com/kubewarden/rfc.git",
            "id": "rfc",
            "ignore_vulnerability_alerts_during_read": null,
            "is_template": false,
            "license_template": null,
            "merge_commit_message": "PR_TITLE",
            "merge_commit_title": "MERGE_MESSAGE",
            "name": "rfc",
            "node_id": "R_kgDOG-SiGg",
            "pages": [],
            "private": false,
            "repo_id": 467968538,
            "squash_merge_commit_message": "COMMIT_MESSAGES",
            "squash_merge_commit_title": "COMMIT_OR_PR_TITLE",
            "ssh_clone_url": "git@github.com:kubewarden/rfc.git",
            "svn_url": "https://github.com/kubewarden/rfc",
            "template": [],
            "topics": [
              "hacktoberfest",
              "kubernetes",
              "kubernetes-security",
              "policy-as-code",
              "webassembly"
            ],
            "visibility": "public",
            "vulnerability_alerts": true
          },
          "sensitive_attributes": [],
          "private": "bnVsbA=="
        }
      ]
    },
    {
      "module": "module.kubewarden_rfc_repository",
      "mode": "managed",
      "type": "github_team_repository",
      "name": "gh_team_push_rights",
      "provider": "provider[\"registry.terraform.io/integrations/github\"].kubewarden",
      "instances": [
        {
          "index_key": 0,
          "schema_version": 0,
          "attributes": {
            "etag": "W/\"8c6211943fd528d638f720cc468057f767d09d65dfece3e188e01e57cae2ed6b\"",
            "id": "4972867:rfc",
            "permission": "push",
            "repository": "rfc",
            "team_id": "4972867"
          },
          "sensitive_attributes": [],
          "private": "bnVsbA==",
          "dependencies": [
            "data.github_team.kubewarden_developers",
            "data.github_team.kubewarden_documentation",
            "module.kubewarden_rfc_repository.github_repository.main"
          ]
        },
        {
          "index_key": 1,
          "schema_version": 0,
          "attributes": {
            "etag": "W/\"8c6211943fd528d638f720cc468057f767d09d65dfece3e188e01e57cae2ed6b\"",
            "id": "5417591:rfc",
            "permission": "push",
            "repository": "rfc",
            "team_id": "5417591"
          },
          "sensitive_attributes": [],
          "private": "bnVsbA==",
          "dependencies": [
            "data.github_team.kubewarden_developers",
            "data.github_team.kubewarden_documentation",
            "module.kubewarden_rfc_repository.github_repository.main"
          ]
        }
      ]
    },
    {
      "module": "module.kubewarden_strfmt_repository",
      "mode": "managed",
      "type": "github_repository",
      "name": "main",
      "provider": "provider[\"registry.terraform.io/integrations/github\"].kubewarden",
      "instances": [
        {
          "schema_version": 0,
          "attributes": {
            "allow_auto_merge": false,
            "allow_merge_commit": true,
            "allow_rebase_merge": true,
            "allow_squash_merge": true,
            "archive_on_destroy": null,
            "archived": false,
            "auto_init": null,
            "branches": [
              {
                "name": "main",
                "protected": false
              }
            ],
            "default_branch": "main",
            "delete_branch_on_merge": false,
            "description": "A stripped down version of go-openapi/strfrm that works with TinyGo",
            "etag": "W/\"beaf8798ca9d16973a4a533a4dbee31e7771521644fe8bfecb004e0f145f27a1\"",
            "full_name": "kubewarden/strfmt",
            "git_clone_url": "git://github.com/kubewarden/strfmt.git",
            "gitignore_template": null,
            "has_downloads": true,
            "has_issues": true,
            "has_projects": false,
            "has_wiki": true,
            "homepage_url": "https://github.com/kubewarden/",
            "html_url": "https://github.com/kubewarden/strfmt",
            "http_clone_url": "https://github.com/kubewarden/strfmt.git",
            "id": "strfmt",
            "ignore_vulnerability_alerts_during_read": null,
            "is_template": false,
            "license_template": null,
            "merge_commit_message": "PR_TITLE",
            "merge_commit_title": "MERGE_MESSAGE",
            "name": "strfmt",
            "node_id": "R_kgDOHUX-qQ",
            "pages": [],
            "private": false,
            "repo_id": 491126441,
            "squash_merge_commit_message": "COMMIT_MESSAGES",
            "squash_merge_commit_title": "COMMIT_OR_PR_TITLE",
            "ssh_clone_url": "git@github.com:kubewarden/strfmt.git",
            "svn_url": "https://github.com/kubewarden/strfmt",
            "template": [],
            "topics": [
              "hacktoberfest",
              "kubernetes",
              "kubernetes-security",
              "policy-as-code",
              "webassembly"
            ],
            "visibility": "public",
            "vulnerability_alerts": true
          },
          "sensitive_attributes": [],
          "private": "bnVsbA=="
        }
      ]
    },
    {
      "module": "module.kubewarden_strfmt_repository",
      "mode": "managed",
      "type": "github_team_repository",
      "name": "gh_team_push_rights",
      "provider": "provider[\"registry.terraform.io/integrations/github\"].kubewarden",
      "instances": [
        {
          "index_key": 0,
          "schema_version": 0,
          "attributes": {
            "etag": "W/\"fb1c512c89b952e5069f09e3498fa206e2d0ce2de1c1e5c4c8ee5d21465bbc39\"",
            "id": "4972867:strfmt",
            "permission": "push",
            "repository": "strfmt",
            "team_id": "4972867"
          },
          "sensitive_attributes": [],
          "private": "bnVsbA==",
          "dependencies": [
            "data.github_team.kubewarden_developers",
            "module.kubewarden_strfmt_repository.github_repository.main"
          ]
        }
      ]
    },
    {
      "module": "module.kubewarden_utils_repository",
      "mode": "managed",
      "type": "github_repository",
      "name": "main",
      "provider": "provider[\"registry.terraform.io/integrations/github\"].kubewarden",
      "instances": [
        {
          "schema_version": 0,
          "attributes": {
            "allow_auto_merge": false,
            "allow_merge_commit": true,
            "allow_rebase_merge": true,
            "allow_squash_merge": true,
            "archive_on_destroy": null,
            "archived": false,
            "auto_init": null,
            "branches": [
              {
                "name": "main",
                "protected": false
              }
            ],
            "default_branch": "main",
            "delete_branch_on_merge": false,
            "description": "Utils scripts used by the Kubewarden team and users.",
            "etag": "W/\"9362c842c8a3a82caaf127d2c2336fd15eecac7238614c5bfe8ec056e881cc98\"",
            "full_name": "kubewarden/utils",
            "git_clone_url": "git://github.com/kubewarden/utils.git",
            "gitignore_template": null,
            "has_downloads": true,
            "has_issues": true,
            "has_projects": false,
            "has_wiki": true,
            "homepage_url": "https://github.com/kubewarden/",
            "html_url": "https://github.com/kubewarden/utils",
            "http_clone_url": "https://github.com/kubewarden/utils.git",
            "id": "utils",
            "ignore_vulnerability_alerts_during_read": null,
            "is_template": false,
            "license_template": null,
            "merge_commit_message": "PR_TITLE",
            "merge_commit_title": "MERGE_MESSAGE",
            "name": "utils",
            "node_id": "R_kgDOHn2wxw",
            "pages": [],
            "private": false,
            "repo_id": 511553735,
            "squash_merge_commit_message": "COMMIT_MESSAGES",
            "squash_merge_commit_title": "COMMIT_OR_PR_TITLE",
            "ssh_clone_url": "git@github.com:kubewarden/utils.git",
            "svn_url": "https://github.com/kubewarden/utils",
            "template": [],
            "topics": [
              "hacktoberfest",
              "kubernetes",
              "kubernetes-security",
              "policy-as-code",
              "webassembly"
            ],
            "visibility": "public",
            "vulnerability_alerts": true
          },
          "sensitive_attributes": [],
          "private": "bnVsbA=="
        }
      ]
    },
    {
      "module": "module.kubewarden_utils_repository",
      "mode": "managed",
      "type": "github_team_repository",
      "name": "gh_team_push_rights",
      "provider": "provider[\"registry.terraform.io/integrations/github\"].kubewarden",
      "instances": [
        {
          "index_key": 0,
          "schema_version": 0,
          "attributes": {
            "etag": "W/\"9c423d5c6a6d5826e9e12e0a3ed02b032387f54e3641f663094c20430f271180\"",
            "id": "4972867:utils",
            "permission": "push",
            "repository": "utils",
            "team_id": "4972867"
          },
          "sensitive_attributes": [],
          "private": "bnVsbA==",
          "dependencies": [
            "data.github_team.kubewarden_developers",
            "module.kubewarden_utils_repository.github_repository.main"
          ]
        }
      ]
    },
    {
      "module": "module.policy_repository_allow_privilege_escalation_psp_policy",
      "mode": "managed",
      "type": "github_repository",
      "name": "main",
      "provider": "provider[\"registry.terraform.io/integrations/github\"].kubewarden",
      "instances": [
        {
          "schema_version": 0,
          "attributes": {
            "allow_auto_merge": false,
            "allow_merge_commit": true,
            "allow_rebase_merge": true,
            "allow_squash_merge": true,
            "archive_on_destroy": null,
            "archived": false,
            "auto_init": false,
            "branches": [
              {
                "name": "main",
                "protected": false
              }
            ],
            "default_branch": "main",
            "delete_branch_on_merge": false,
            "description": "A Kubewarden Pod Security Policy that controls usage of allowPrivilegeEscalation",
            "etag": "W/\"88e2c337ab74a645d088bee98ed7403f3e95d2e23fa051924cc8de1b6595f939\"",
            "full_name": "kubewarden/allow-privilege-escalation-psp-policy",
            "git_clone_url": "git://github.com/kubewarden/allow-privilege-escalation-psp-policy.git",
            "gitignore_template": null,
            "has_downloads": true,
            "has_issues": true,
            "has_projects": false,
            "has_wiki": true,
            "homepage_url": "https://kubewarden.io",
            "html_url": "https://github.com/kubewarden/allow-privilege-escalation-psp-policy",
            "http_clone_url": "https://github.com/kubewarden/allow-privilege-escalation-psp-policy.git",
            "id": "allow-privilege-escalation-psp-policy",
            "ignore_vulnerability_alerts_during_read": null,
            "is_template": false,
            "license_template": null,
            "merge_commit_message": "PR_TITLE",
            "merge_commit_title": "MERGE_MESSAGE",
            "name": "allow-privilege-escalation-psp-policy",
            "node_id": "MDEwOlJlcG9zaXRvcnkzNDY3MjY1Mjk=",
            "pages": [],
            "private": false,
            "repo_id": 346726529,
            "squash_merge_commit_message": "COMMIT_MESSAGES",
            "squash_merge_commit_title": "COMMIT_OR_PR_TITLE",
            "ssh_clone_url": "git@github.com:kubewarden/allow-privilege-escalation-psp-policy.git",
            "svn_url": "https://github.com/kubewarden/allow-privilege-escalation-psp-policy",
            "template": [],
            "topics": [
              "hacktoberfest",
              "kubernetes",
              "kubernetes-security",
              "kubewarden-policy",
              "pod-security-policy",
              "policy-as-code",
              "webassembly"
            ],
            "visibility": "public",
            "vulnerability_alerts": true
          },
          "sensitive_attributes": [],
          "private": "bnVsbA=="
        }
      ]
    },
    {
      "module": "module.policy_repository_allow_privilege_escalation_psp_policy",
      "mode": "managed",
      "type": "github_team_repository",
      "name": "gh_team_push_rights",
      "provider": "provider[\"registry.terraform.io/integrations/github\"].kubewarden",
      "instances": [
        {
          "index_key": 0,
          "schema_version": 0,
          "attributes": {
            "etag": "W/\"4f3c72bd68d29a86883a1f91b2813789be2e9bfdcc88363de09254f6a45e4315\"",
            "id": "4972867:allow-privilege-escalation-psp-policy",
            "permission": "push",
            "repository": "allow-privilege-escalation-psp-policy",
            "team_id": "4972867"
          },
          "sensitive_attributes": [],
          "private": "bnVsbA==",
          "dependencies": [
            "data.github_team.kubewarden_developers",
            "module.policy_repository_allow_privilege_escalation_psp_policy.github_repository.main"
          ]
        }
      ]
    },
    {
      "module": "module.policy_repository_allowed_fsgroups_psp_policy",
      "mode": "managed",
      "type": "github_repository",
      "name": "main",
      "provider": "provider[\"registry.terraform.io/integrations/github\"].kubewarden",
      "instances": [
        {
          "schema_version": 0,
          "attributes": {
            "allow_auto_merge": false,
            "allow_merge_commit": true,
            "allow_rebase_merge": true,
            "allow_squash_merge": true,
            "archive_on_destroy": null,
            "archived": false,
            "auto_init": false,
            "branches": [
              {
                "name": "main",
                "protected": false
              },
              {
                "name": "policy-signing",
                "protected": false
              },
              {
                "name": "reusable-workflows",
                "protected": false
              }
            ],
            "default_branch": "main",
            "delete_branch_on_merge": false,
            "description": "Replacement for the Kubernetes Pod Security Policy that controls the usage of fsGroup in the pod security context",
            "etag": "W/\"8878330f54745d5e336d45c2cd017ad122339eacf81605bde21d78c21eee4003\"",
            "full_name": "kubewarden/allowed-fsgroups-psp-policy",
            "git_clone_url": "git://github.com/kubewarden/allowed-fsgroups-psp-policy.git",
            "gitignore_template": null,
            "has_downloads": true,
            "has_issues": true,
            "has_projects": false,
            "has_wiki": true,
            "homepage_url": "https://kubewarden.io",
            "html_url": "https://github.com/kubewarden/allowed-fsgroups-psp-policy",
            "http_clone_url": "https://github.com/kubewarden/allowed-fsgroups-psp-policy.git",
            "id": "allowed-fsgroups-psp-policy",
            "ignore_vulnerability_alerts_during_read": null,
            "is_template": false,
            "license_template": null,
            "merge_commit_message": "PR_TITLE",
            "merge_commit_title": "MERGE_MESSAGE",
            "name": "allowed-fsgroups-psp-policy",
            "node_id": "R_kgDOGZKOzQ",
            "pages": [],
            "private": false,
            "repo_id": 429035213,
            "squash_merge_commit_message": "COMMIT_MESSAGES",
            "squash_merge_commit_title": "COMMIT_OR_PR_TITLE",
            "ssh_clone_url": "git@github.com:kubewarden/allowed-fsgroups-psp-policy.git",
            "svn_url": "https://github.com/kubewarden/allowed-fsgroups-psp-policy",
            "template": [],
            "topics": [
              "hacktoberfest",
              "kubernetes",
              "kubernetes-security",
              "kubewarden-policy",
              "pod-security-policy",
              "policy-as-code",
              "webassembly"
            ],
            "visibility": "public",
            "vulnerability_alerts": true
          },
          "sensitive_attributes": [],
          "private": "bnVsbA=="
        }
      ]
    },
    {
      "module": "module.policy_repository_allowed_fsgroups_psp_policy",
      "mode": "managed",
      "type": "github_team_repository",
      "name": "gh_team_push_rights",
      "provider": "provider[\"registry.terraform.io/integrations/github\"].kubewarden",
      "instances": [
        {
          "index_key": 0,
          "schema_version": 0,
          "attributes": {
            "etag": "W/\"85a20ad1fa5461de480b99c25d1b8ad4ead171eced398726f1a7a67821817df1\"",
            "id": "4972867:allowed-fsgroups-psp-policy",
            "permission": "push",
            "repository": "allowed-fsgroups-psp-policy",
            "team_id": "4972867"
          },
          "sensitive_attributes": [],
          "private": "bnVsbA==",
          "dependencies": [
            "data.github_team.kubewarden_developers",
            "module.policy_repository_allowed_fsgroups_psp_policy.github_repository.main"
          ]
        }
      ]
    },
    {
      "module": "module.policy_repository_allowed_proc_mount_types_psp_policy",
      "mode": "managed",
      "type": "github_repository",
      "name": "main",
      "provider": "provider[\"registry.terraform.io/integrations/github\"].kubewarden",
      "instances": [
        {
          "schema_version": 0,
          "attributes": {
            "allow_auto_merge": false,
            "allow_merge_commit": true,
            "allow_rebase_merge": true,
            "allow_squash_merge": true,
            "archive_on_destroy": null,
            "archived": false,
            "auto_init": false,
            "branches": [
              {
                "name": "main",
                "protected": false
              }
            ],
            "default_branch": "main",
            "delete_branch_on_merge": false,
            "description": "Replacement for the Kubernetes Pod Security Policy that controls the usage of /proc mount types",
            "etag": "W/\"bc379fb35938462190da6e16a7a99717ff0bc5746978830a934bacad77fe760c\"",
            "full_name": "kubewarden/allowed-proc-mount-types-psp-policy",
            "git_clone_url": "git://github.com/kubewarden/allowed-proc-mount-types-psp-policy.git",
            "gitignore_template": null,
            "has_downloads": true,
            "has_issues": true,
            "has_projects": false,
            "has_wiki": true,
            "homepage_url": "https://kubewarden.io",
            "html_url": "https://github.com/kubewarden/allowed-proc-mount-types-psp-policy",
            "http_clone_url": "https://github.com/kubewarden/allowed-proc-mount-types-psp-policy.git",
            "id": "allowed-proc-mount-types-psp-policy",
            "ignore_vulnerability_alerts_during_read": null,
            "is_template": false,
            "license_template": null,
            "merge_commit_message": "PR_TITLE",
            "merge_commit_title": "MERGE_MESSAGE",
            "name": "allowed-proc-mount-types-psp-policy",
            "node_id": "R_kgDOGYyF-w",
            "pages": [],
            "private": false,
            "repo_id": 428639739,
            "squash_merge_commit_message": "COMMIT_MESSAGES",
            "squash_merge_commit_title": "COMMIT_OR_PR_TITLE",
            "ssh_clone_url": "git@github.com:kubewarden/allowed-proc-mount-types-psp-policy.git",
            "svn_url": "https://github.com/kubewarden/allowed-proc-mount-types-psp-policy",
            "template": [],
            "topics": [
              "hacktoberfest",
              "kubernetes",
              "kubernetes-security",
              "kubewarden-policy",
              "pod-security-policy",
              "policy-as-code",
              "webassembly"
            ],
            "visibility": "public",
            "vulnerability_alerts": true
          },
          "sensitive_attributes": [],
          "private": "bnVsbA=="
        }
      ]
    },
    {
      "module": "module.policy_repository_allowed_proc_mount_types_psp_policy",
      "mode": "managed",
      "type": "github_team_repository",
      "name": "gh_team_push_rights",
      "provider": "provider[\"registry.terraform.io/integrations/github\"].kubewarden",
      "instances": [
        {
          "index_key": 0,
          "schema_version": 0,
          "attributes": {
            "etag": "W/\"962573efdab48e675d53ac767f945667a4df2e3d2668812591e8329ee5a4baa2\"",
            "id": "4972867:allowed-proc-mount-types-psp-policy",
            "permission": "push",
            "repository": "allowed-proc-mount-types-psp-policy",
            "team_id": "4972867"
          },
          "sensitive_attributes": [],
          "private": "bnVsbA==",
          "dependencies": [
            "module.policy_repository_allowed_proc_mount_types_psp_policy.github_repository.main",
            "data.github_team.kubewarden_developers"
          ]
        }
      ]
    },
    {
      "module": "module.policy_repository_apparmor_psp_policy",
      "mode": "managed",
      "type": "github_repository",
      "name": "main",
      "provider": "provider[\"registry.terraform.io/integrations/github\"].kubewarden",
      "instances": [
        {
          "schema_version": 0,
          "attributes": {
            "allow_auto_merge": false,
            "allow_merge_commit": true,
            "allow_rebase_merge": true,
            "allow_squash_merge": true,
            "archive_on_destroy": null,
            "archived": false,
            "auto_init": false,
            "branches": [
              {
                "name": "main",
                "protected": false
              }
            ],
            "default_branch": "main",
            "delete_branch_on_merge": false,
            "description": "A Kubewarden Pod Security Policy that controls usage of AppArmor profiles",
            "etag": "W/\"4f56a84d81fe8c8fecb30d63b9d3c2052e3d4f6d15cbaac74a6c89b1a4f7b4dd\"",
            "full_name": "kubewarden/apparmor-psp-policy",
            "git_clone_url": "git://github.com/kubewarden/apparmor-psp-policy.git",
            "gitignore_template": null,
            "has_downloads": true,
            "has_issues": true,
            "has_projects": false,
            "has_wiki": true,
            "homepage_url": "https://kubewarden.io",
            "html_url": "https://github.com/kubewarden/apparmor-psp-policy",
            "http_clone_url": "https://github.com/kubewarden/apparmor-psp-policy.git",
            "id": "apparmor-psp-policy",
            "ignore_vulnerability_alerts_during_read": null,
            "is_template": false,
            "license_template": null,
            "merge_commit_message": "PR_TITLE",
            "merge_commit_title": "MERGE_MESSAGE",
            "name": "apparmor-psp-policy",
            "node_id": "MDEwOlJlcG9zaXRvcnkzNDcxNDYyNzY=",
            "pages": [],
            "private": false,
            "repo_id": 347146276,
            "squash_merge_commit_message": "COMMIT_MESSAGES",
            "squash_merge_commit_title": "COMMIT_OR_PR_TITLE",
            "ssh_clone_url": "git@github.com:kubewarden/apparmor-psp-policy.git",
            "svn_url": "https://github.com/kubewarden/apparmor-psp-policy",
            "template": [],
            "topics": [
              "hacktoberfest",
              "kubernetes",
              "kubernetes-security",
              "kubewarden-policy",
              "pod-security-policy",
              "policy-as-code",
              "webassembly"
            ],
            "visibility": "public",
            "vulnerability_alerts": true
          },
          "sensitive_attributes": [],
          "private": "bnVsbA=="
        }
      ]
    },
    {
      "module": "module.policy_repository_apparmor_psp_policy",
      "mode": "managed",
      "type": "github_team_repository",
      "name": "gh_team_push_rights",
      "provider": "provider[\"registry.terraform.io/integrations/github\"].kubewarden",
      "instances": [
        {
          "index_key": 0,
          "schema_version": 0,
          "attributes": {
            "etag": "W/\"33da19a71bee2b70cfc938d43281cbd0f2df1699335256012ac39e71592c0bec\"",
            "id": "4972867:apparmor-psp-policy",
            "permission": "push",
            "repository": "apparmor-psp-policy",
            "team_id": "4972867"
          },
          "sensitive_attributes": [],
          "private": "bnVsbA==",
          "dependencies": [
            "data.github_team.kubewarden_developers",
            "module.policy_repository_apparmor_psp_policy.github_repository.main"
          ]
        }
      ]
    },
    {
      "module": "module.policy_repository_capabilities_psp_policy",
      "mode": "managed",
      "type": "github_repository",
      "name": "main",
      "provider": "provider[\"registry.terraform.io/integrations/github\"].kubewarden",
      "instances": [
        {
          "schema_version": 0,
          "attributes": {
            "allow_auto_merge": false,
            "allow_merge_commit": true,
            "allow_rebase_merge": true,
            "allow_squash_merge": true,
            "archive_on_destroy": null,
            "archived": false,
            "auto_init": false,
            "branches": [
              {
                "name": "logging",
                "protected": false
              },
              {
                "name": "main",
                "protected": false
              }
            ],
            "default_branch": "main",
            "delete_branch_on_merge": false,
            "description": "A Pod Security Policy that controls Container Capabilities",
            "etag": "W/\"584b94389f434da022f10e7b43676945c324032d9b5c4bc6ccebbe6db13ac780\"",
            "full_name": "kubewarden/capabilities-psp-policy",
            "git_clone_url": "git://github.com/kubewarden/capabilities-psp-policy.git",
            "gitignore_template": null,
            "has_downloads": true,
            "has_issues": true,
            "has_projects": false,
            "has_wiki": true,
            "homepage_url": "https://kubewarden.io",
            "html_url": "https://github.com/kubewarden/capabilities-psp-policy",
            "http_clone_url": "https://github.com/kubewarden/capabilities-psp-policy.git",
            "id": "capabilities-psp-policy",
            "ignore_vulnerability_alerts_during_read": null,
            "is_template": false,
            "license_template": null,
            "merge_commit_message": "PR_TITLE",
            "merge_commit_title": "MERGE_MESSAGE",
            "name": "capabilities-psp-policy",
            "node_id": "MDEwOlJlcG9zaXRvcnkzNDk4MDUwNTg=",
            "pages": [],
            "private": false,
            "repo_id": 349805058,
            "squash_merge_commit_message": "COMMIT_MESSAGES",
            "squash_merge_commit_title": "COMMIT_OR_PR_TITLE",
            "ssh_clone_url": "git@github.com:kubewarden/capabilities-psp-policy.git",
            "svn_url": "https://github.com/kubewarden/capabilities-psp-policy",
            "template": [],
            "topics": [
              "hacktoberfest",
              "kubernetes",
              "kubernetes-security",
              "kubewarden-policy",
              "pod-security-policy",
              "policy-as-code",
              "webassembly"
            ],
            "visibility": "public",
            "vulnerability_alerts": true
          },
          "sensitive_attributes": [],
          "private": "bnVsbA=="
        }
      ]
    },
    {
      "module": "module.policy_repository_capabilities_psp_policy",
      "mode": "managed",
      "type": "github_team_repository",
      "name": "gh_team_push_rights",
      "provider": "provider[\"registry.terraform.io/integrations/github\"].kubewarden",
      "instances": [
        {
          "index_key": 0,
          "schema_version": 0,
          "attributes": {
            "etag": "W/\"23ff46fa446efd405403b034af1aa2e77aece1a442204bfcd7e13683991683c4\"",
            "id": "4972867:capabilities-psp-policy",
            "permission": "push",
            "repository": "capabilities-psp-policy",
            "team_id": "4972867"
          },
          "sensitive_attributes": [],
          "private": "bnVsbA==",
          "dependencies": [
            "data.github_team.kubewarden_developers",
            "module.policy_repository_capabilities_psp_policy.github_repository.main"
          ]
        }
      ]
    },
    {
      "module": "module.policy_repository_disallow_service_loadbalancer_policy",
      "mode": "managed",
      "type": "github_repository",
      "name": "main",
      "provider": "provider[\"registry.terraform.io/integrations/github\"].kubewarden",
      "instances": [
        {
          "schema_version": 0,
          "attributes": {
            "allow_auto_merge": false,
            "allow_merge_commit": true,
            "allow_rebase_merge": true,
            "allow_squash_merge": true,
            "archive_on_destroy": null,
            "archived": false,
            "auto_init": false,
            "branches": [
              {
                "name": "main",
                "protected": false
              }
            ],
            "default_branch": "main",
            "delete_branch_on_merge": false,
            "description": "A policy that prevents the creation of Service resources with type LoadBalancer",
            "etag": "W/\"af6cef8b8deb98081c4ad4b56c40314454c3fd9e07faa66d2b0bf87ecde908a7\"",
            "full_name": "kubewarden/disallow-service-loadbalancer-policy",
            "git_clone_url": "git://github.com/kubewarden/disallow-service-loadbalancer-policy.git",
            "gitignore_template": null,
            "has_downloads": true,
            "has_issues": true,
            "has_projects": false,
            "has_wiki": true,
            "homepage_url": "https://kubewarden.io",
            "html_url": "https://github.com/kubewarden/disallow-service-loadbalancer-policy",
            "http_clone_url": "https://github.com/kubewarden/disallow-service-loadbalancer-policy.git",
            "id": "disallow-service-loadbalancer-policy",
            "ignore_vulnerability_alerts_during_read": null,
            "is_template": false,
            "license_template": null,
            "merge_commit_message": "PR_TITLE",
            "merge_commit_title": "MERGE_MESSAGE",
            "name": "disallow-service-loadbalancer-policy",
            "node_id": "R_kgDOGGQvPQ",
            "pages": [],
            "private": false,
            "repo_id": 409218877,
            "squash_merge_commit_message": "COMMIT_MESSAGES",
            "squash_merge_commit_title": "COMMIT_OR_PR_TITLE",
            "ssh_clone_url": "git@github.com:kubewarden/disallow-service-loadbalancer-policy.git",
            "svn_url": "https://github.com/kubewarden/disallow-service-loadbalancer-policy",
            "template": [],
            "topics": [
              "gatekeeper",
              "hacktoberfest",
              "kubernetes",
              "kubernetes-security",
              "kubewarden-policy",
              "open-policy-agent",
              "policy-as-code",
              "webassembly"
            ],
            "visibility": "public",
            "vulnerability_alerts": true
          },
          "sensitive_attributes": [],
          "private": "bnVsbA=="
        }
      ]
    },
    {
      "module": "module.policy_repository_disallow_service_loadbalancer_policy",
      "mode": "managed",
      "type": "github_team_repository",
      "name": "gh_team_push_rights",
      "provider": "provider[\"registry.terraform.io/integrations/github\"].kubewarden",
      "instances": [
        {
          "index_key": 0,
          "schema_version": 0,
          "attributes": {
            "etag": "W/\"d25885fb86bc793507d5ee364b8f895690a7364c2f576df7198d685c4d7f21d8\"",
            "id": "4972867:disallow-service-loadbalancer-policy",
            "permission": "push",
            "repository": "disallow-service-loadbalancer-policy",
            "team_id": "4972867"
          },
          "sensitive_attributes": [],
          "private": "bnVsbA==",
          "dependencies": [
            "data.github_team.kubewarden_developers",
            "module.policy_repository_disallow_service_loadbalancer_policy.github_repository.main"
          ]
        }
      ]
    },
    {
      "module": "module.policy_repository_disallow_service_nodeport_policy",
      "mode": "managed",
      "type": "github_repository",
      "name": "main",
      "provider": "provider[\"registry.terraform.io/integrations/github\"].kubewarden",
      "instances": [
        {
          "schema_version": 0,
          "attributes": {
            "allow_auto_merge": false,
            "allow_merge_commit": true,
            "allow_rebase_merge": true,
            "allow_squash_merge": true,
            "archive_on_destroy": null,
            "archived": false,
            "auto_init": false,
            "branches": [
              {
                "name": "main",
                "protected": false
              }
            ],
            "default_branch": "main",
            "delete_branch_on_merge": false,
            "description": "A policy that prevents the creation of Service resources with type NodePort",
            "etag": "W/\"d48d2799b639a8f435fafa2d616c6cde902a32f0dfc495ef0433dfbeee64afb4\"",
            "full_name": "kubewarden/disallow-service-nodeport-policy",
            "git_clone_url": "git://github.com/kubewarden/disallow-service-nodeport-policy.git",
            "gitignore_template": null,
            "has_downloads": true,
            "has_issues": true,
            "has_projects": false,
            "has_wiki": true,
            "homepage_url": "https://kubewarden.io",
            "html_url": "https://github.com/kubewarden/disallow-service-nodeport-policy",
            "http_clone_url": "https://github.com/kubewarden/disallow-service-nodeport-policy.git",
            "id": "disallow-service-nodeport-policy",
            "ignore_vulnerability_alerts_during_read": null,
            "is_template": false,
            "license_template": null,
            "merge_commit_message": "PR_TITLE",
            "merge_commit_title": "MERGE_MESSAGE",
            "name": "disallow-service-nodeport-policy",
            "node_id": "MDEwOlJlcG9zaXRvcnk0MDc0ODUxNDk=",
            "pages": [],
            "private": false,
            "repo_id": 407485149,
            "squash_merge_commit_message": "COMMIT_MESSAGES",
            "squash_merge_commit_title": "COMMIT_OR_PR_TITLE",
            "ssh_clone_url": "git@github.com:kubewarden/disallow-service-nodeport-policy.git",
            "svn_url": "https://github.com/kubewarden/disallow-service-nodeport-policy",
            "template": [],
            "topics": [
              "gatekeeper",
              "hacktoberfest",
              "kubernetes",
              "kubernetes-security",
              "kubewarden-policy",
              "open-policy-agent",
              "policy-as-code",
              "webassembly"
            ],
            "visibility": "public",
            "vulnerability_alerts": true
          },
          "sensitive_attributes": [],
          "private": "bnVsbA=="
        }
      ]
    },
    {
      "module": "module.policy_repository_disallow_service_nodeport_policy",
      "mode": "managed",
      "type": "github_team_repository",
      "name": "gh_team_push_rights",
      "provider": "provider[\"registry.terraform.io/integrations/github\"].kubewarden",
      "instances": [
        {
          "index_key": 0,
          "schema_version": 0,
          "attributes": {
            "etag": "W/\"b559e1d295e94203f18556c09a893c4b5faaf7010d5b3f86c68b1fe3af2a5082\"",
            "id": "4972867:disallow-service-nodeport-policy",
            "permission": "push",
            "repository": "disallow-service-nodeport-policy",
            "team_id": "4972867"
          },
          "sensitive_attributes": [],
          "private": "bnVsbA==",
          "dependencies": [
            "data.github_team.kubewarden_developers",
            "module.policy_repository_disallow_service_nodeport_policy.github_repository.main"
          ]
        }
      ]
    },
    {
      "module": "module.policy_repository_echo_policy",
      "mode": "managed",
      "type": "github_repository",
      "name": "main",
      "provider": "provider[\"registry.terraform.io/integrations/github\"].kubewarden",
      "instances": [
        {
          "schema_version": 0,
          "attributes": {
            "allow_auto_merge": false,
            "allow_merge_commit": true,
            "allow_rebase_merge": true,
            "allow_squash_merge": true,
            "archive_on_destroy": null,
            "archived": false,
            "auto_init": null,
            "branches": [
              {
                "name": "main",
                "protected": false
              }
            ],
            "default_branch": "main",
            "delete_branch_on_merge": false,
            "description": "A Kubewarden Policy that echoes Kubernetes' AdmissionReview objects",
            "etag": "W/\"aa1cd5afce70c5465826ce18e088a69d9886b754bf18d83d8b177fc5cddb936d\"",
            "full_name": "kubewarden/echo",
            "git_clone_url": "git://github.com/kubewarden/echo.git",
            "gitignore_template": null,
            "has_downloads": true,
            "has_issues": true,
            "has_projects": false,
            "has_wiki": true,
            "homepage_url": "https://kubewarden.io",
            "html_url": "https://github.com/kubewarden/echo",
            "http_clone_url": "https://github.com/kubewarden/echo.git",
            "id": "echo",
            "ignore_vulnerability_alerts_during_read": null,
            "is_template": false,
            "license_template": null,
            "merge_commit_message": "PR_TITLE",
            "merge_commit_title": "MERGE_MESSAGE",
            "name": "echo",
            "node_id": "R_kgDOHieMqg",
            "pages": [],
            "private": false,
            "repo_id": 505908394,
            "squash_merge_commit_message": "COMMIT_MESSAGES",
            "squash_merge_commit_title": "COMMIT_OR_PR_TITLE",
            "ssh_clone_url": "git@github.com:kubewarden/echo.git",
            "svn_url": "https://github.com/kubewarden/echo",
            "template": [],
            "topics": [
              "hacktoberfest",
              "kubernetes",
              "kubernetes-security",
              "kubewarden-policy",
              "policy-as-code",
              "webassembly"
            ],
            "visibility": "public",
            "vulnerability_alerts": true
          },
          "sensitive_attributes": [],
          "private": "bnVsbA=="
        }
      ]
    },
    {
      "module": "module.policy_repository_echo_policy",
      "mode": "managed",
      "type": "github_team_repository",
      "name": "gh_team_push_rights",
      "provider": "provider[\"registry.terraform.io/integrations/github\"].kubewarden",
      "instances": [
        {
          "index_key": 0,
          "schema_version": 0,
          "attributes": {
            "etag": "W/\"4c79604c62b3567a9842203bf9f4c92a40f19e73d64e29c249c6d57f1ba9dc79\"",
            "id": "4972867:echo",
            "permission": "push",
            "repository": "echo",
            "team_id": "4972867"
          },
          "sensitive_attributes": [],
          "private": "bnVsbA==",
          "dependencies": [
            "data.github_team.kubewarden_developers",
            "module.policy_repository_echo_policy.github_repository.main"
          ]
        }
      ]
    },
    {
      "module": "module.policy_repository_flexvolume_drivers_psp_policy",
      "mode": "managed",
      "type": "github_repository",
      "name": "main",
      "provider": "provider[\"registry.terraform.io/integrations/github\"].kubewarden",
      "instances": [
        {
          "schema_version": 0,
          "attributes": {
            "allow_auto_merge": false,
            "allow_merge_commit": true,
            "allow_rebase_merge": true,
            "allow_squash_merge": true,
            "archive_on_destroy": null,
            "archived": false,
            "auto_init": false,
            "branches": [
              {
                "name": "main",
                "protected": false
              }
            ],
            "default_branch": "main",
            "delete_branch_on_merge": false,
            "description": "Replacement for the Kubernetes Pod Security Policy that controls the allowed `flexVolume` drivers",
            "etag": "W/\"353c19d3b2e7fd5283964dd8682852cb472de318c696c2b487f27ddcd07a7b9d\"",
            "full_name": "kubewarden/flexvolume-drivers-psp-policy",
            "git_clone_url": "git://github.com/kubewarden/flexvolume-drivers-psp-policy.git",
            "gitignore_template": null,
            "has_downloads": true,
            "has_issues": true,
            "has_projects": false,
            "has_wiki": true,
            "homepage_url": "https://kubewarden.io",
            "html_url": "https://github.com/kubewarden/flexvolume-drivers-psp-policy",
            "http_clone_url": "https://github.com/kubewarden/flexvolume-drivers-psp-policy.git",
            "id": "flexvolume-drivers-psp-policy",
            "ignore_vulnerability_alerts_during_read": null,
            "is_template": false,
            "license_template": null,
            "merge_commit_message": "PR_TITLE",
            "merge_commit_title": "MERGE_MESSAGE",
            "name": "flexvolume-drivers-psp-policy",
            "node_id": "R_kgDOGZ3jLw",
            "pages": [],
            "private": false,
            "repo_id": 429777711,
            "squash_merge_commit_message": "COMMIT_MESSAGES",
            "squash_merge_commit_title": "COMMIT_OR_PR_TITLE",
            "ssh_clone_url": "git@github.com:kubewarden/flexvolume-drivers-psp-policy.git",
            "svn_url": "https://github.com/kubewarden/flexvolume-drivers-psp-policy",
            "template": [],
            "topics": [
              "hacktoberfest",
              "kubernetes",
              "kubernetes-security",
              "kubewarden-policy",
              "pod-security-policy",
              "policy-as-code",
              "webassembly"
            ],
            "visibility": "public",
            "vulnerability_alerts": true
          },
          "sensitive_attributes": [],
          "private": "bnVsbA=="
        }
      ]
    },
    {
      "module": "module.policy_repository_flexvolume_drivers_psp_policy",
      "mode": "managed",
      "type": "github_team_repository",
      "name": "gh_team_push_rights",
      "provider": "provider[\"registry.terraform.io/integrations/github\"].kubewarden",
      "instances": [
        {
          "index_key": 0,
          "schema_version": 0,
          "attributes": {
            "etag": "W/\"c57360eefa7ce46712551eb564ffc16f90f39915f8dcf28ef9f852ee1b5d4f84\"",
            "id": "4972867:flexvolume-drivers-psp-policy",
            "permission": "push",
            "repository": "flexvolume-drivers-psp-policy",
            "team_id": "4972867"
          },
          "sensitive_attributes": [],
          "private": "bnVsbA==",
          "dependencies": [
            "module.policy_repository_flexvolume_drivers_psp_policy.github_repository.main",
            "data.github_team.kubewarden_developers"
          ]
        }
      ]
    },
    {
      "module": "module.policy_repository_host_namespaces_psp_policy",
      "mode": "managed",
      "type": "github_repository",
      "name": "main",
      "provider": "provider[\"registry.terraform.io/integrations/github\"].kubewarden",
      "instances": [
        {
          "schema_version": 0,
          "attributes": {
            "allow_auto_merge": false,
            "allow_merge_commit": true,
            "allow_rebase_merge": true,
            "allow_squash_merge": true,
            "archive_on_destroy": null,
            "archived": false,
            "auto_init": false,
            "branches": [
              {
                "name": "main",
                "protected": false
              },
              {
                "name": "renovate/wapc-guest-1.x",
                "protected": false
              }
            ],
            "default_branch": "main",
            "delete_branch_on_merge": false,
            "description": "Replacement for the Kubernetes Pod Security Policy that controls the usage of host namespaces",
            "etag": "W/\"71b75e9cd09b4283a5d5dfdf97453dc4366e8aa385ecb9d0a74395d164df658a\"",
            "full_name": "kubewarden/host-namespaces-psp-policy",
            "git_clone_url": "git://github.com/kubewarden/host-namespaces-psp-policy.git",
            "gitignore_template": null,
            "has_downloads": true,
            "has_issues": true,
            "has_projects": false,
            "has_wiki": true,
            "homepage_url": "https://kubewarden.io",
            "html_url": "https://github.com/kubewarden/host-namespaces-psp-policy",
            "http_clone_url": "https://github.com/kubewarden/host-namespaces-psp-policy.git",
            "id": "host-namespaces-psp-policy",
            "ignore_vulnerability_alerts_during_read": null,
            "is_template": false,
            "license_template": null,
            "merge_commit_message": "PR_TITLE",
            "merge_commit_title": "MERGE_MESSAGE",
            "name": "host-namespaces-psp-policy",
            "node_id": "MDEwOlJlcG9zaXRvcnkzNzQ2MzEyNDM=",
            "pages": [],
            "private": false,
            "repo_id": 374631243,
            "squash_merge_commit_message": "COMMIT_MESSAGES",
            "squash_merge_commit_title": "COMMIT_OR_PR_TITLE",
            "ssh_clone_url": "git@github.com:kubewarden/host-namespaces-psp-policy.git",
            "svn_url": "https://github.com/kubewarden/host-namespaces-psp-policy",
            "template": [],
            "topics": [
              "hacktoberfest",
              "kubernetes",
              "kubernetes-security",
              "kubewarden-policy",
              "pod-security-policy",
              "policy-as-code",
              "webassembly"
            ],
            "visibility": "public",
            "vulnerability_alerts": true
          },
          "sensitive_attributes": [],
          "private": "bnVsbA=="
        }
      ]
    },
    {
      "module": "module.policy_repository_host_namespaces_psp_policy",
      "mode": "managed",
      "type": "github_team_repository",
      "name": "gh_team_push_rights",
      "provider": "provider[\"registry.terraform.io/integrations/github\"].kubewarden",
      "instances": [
        {
          "index_key": 0,
          "schema_version": 0,
          "attributes": {
            "etag": "W/\"7400a227e07ad32e76dba4939adae660c61ff3457551abc35e35185810e720f0\"",
            "id": "4972867:host-namespaces-psp-policy",
            "permission": "push",
            "repository": "host-namespaces-psp-policy",
            "team_id": "4972867"
          },
          "sensitive_attributes": [],
          "private": "bnVsbA==",
          "dependencies": [
            "data.github_team.kubewarden_developers",
            "module.policy_repository_host_namespaces_psp_policy.github_repository.main"
          ]
        }
      ]
    },
    {
      "module": "module.policy_repository_hostpaths_psp_policy",
      "mode": "managed",
      "type": "github_repository",
      "name": "main",
      "provider": "provider[\"registry.terraform.io/integrations/github\"].kubewarden",
      "instances": [
        {
          "schema_version": 0,
          "attributes": {
            "allow_auto_merge": false,
            "allow_merge_commit": true,
            "allow_rebase_merge": true,
            "allow_squash_merge": true,
            "archive_on_destroy": null,
            "archived": false,
            "auto_init": false,
            "branches": [
              {
                "name": "main",
                "protected": false
              },
              {
                "name": "renovate/github.com-francoispqt-onelog-digest",
                "protected": false
              }
            ],
            "default_branch": "main",
            "delete_branch_on_merge": false,
            "description": "Replacement for the Kubernetes Pod Security Policy that controls the usage of hostpaths",
            "etag": "W/\"53d2e2eec0a995a1c73ae675a221f9b689d62a1a4b67913b52ade4a92a17676f\"",
            "full_name": "kubewarden/hostpaths-psp-policy",
            "git_clone_url": "git://github.com/kubewarden/hostpaths-psp-policy.git",
            "gitignore_template": null,
            "has_downloads": true,
            "has_issues": true,
            "has_projects": false,
            "has_wiki": true,
            "homepage_url": "https://kubewarden.io",
            "html_url": "https://github.com/kubewarden/hostpaths-psp-policy",
            "http_clone_url": "https://github.com/kubewarden/hostpaths-psp-policy.git",
            "id": "hostpaths-psp-policy",
            "ignore_vulnerability_alerts_during_read": null,
            "is_template": false,
            "license_template": null,
            "merge_commit_message": "PR_TITLE",
            "merge_commit_title": "MERGE_MESSAGE",
            "name": "hostpaths-psp-policy",
            "node_id": "MDEwOlJlcG9zaXRvcnkzOTI3MzA4MzM=",
            "pages": [],
            "private": false,
            "repo_id": 392730833,
            "squash_merge_commit_message": "COMMIT_MESSAGES",
            "squash_merge_commit_title": "COMMIT_OR_PR_TITLE",
            "ssh_clone_url": "git@github.com:kubewarden/hostpaths-psp-policy.git",
            "svn_url": "https://github.com/kubewarden/hostpaths-psp-policy",
            "template": [
              {
                "owner": "kubewarden",
                "repository": "go-policy-template"
              }
            ],
            "topics": [
              "hacktoberfest",
              "kubernetes",
              "kubernetes-security",
              "kubewarden-policy",
              "pod-security-policy",
              "policy-as-code",
              "webassembly"
            ],
            "visibility": "public",
            "vulnerability_alerts": true
          },
          "sensitive_attributes": [],
          "private": "bnVsbA=="
        }
      ]
    },
    {
      "module": "module.policy_repository_hostpaths_psp_policy",
      "mode": "managed",
      "type": "github_team_repository",
      "name": "gh_team_push_rights",
      "provider": "provider[\"registry.terraform.io/integrations/github\"].kubewarden",
      "instances": [
        {
          "index_key": 0,
          "schema_version": 0,
          "attributes": {
            "etag": "W/\"d4020d1ce769cceaeae2ac9eb279e68d5d179e4c9071d75a05da15c15bc9a65e\"",
            "id": "4972867:hostpaths-psp-policy",
            "permission": "push",
            "repository": "hostpaths-psp-policy",
            "team_id": "4972867"
          },
          "sensitive_attributes": [],
          "private": "bnVsbA==",
          "dependencies": [
            "data.github_team.kubewarden_developers",
            "module.policy_repository_hostpaths_psp_policy.github_repository.main"
          ]
        }
      ]
    },
    {
      "module": "module.policy_repository_ingress_policy",
      "mode": "managed",
      "type": "github_repository",
      "name": "main",
      "provider": "provider[\"registry.terraform.io/integrations/github\"].kubewarden",
      "instances": [
        {
          "schema_version": 0,
          "attributes": {
            "allow_auto_merge": false,
            "allow_merge_commit": true,
            "allow_rebase_merge": true,
            "allow_squash_merge": true,
            "archive_on_destroy": null,
            "archived": false,
            "auto_init": false,
            "branches": [
              {
                "name": "main",
                "protected": false
              },
              {
                "name": "reusable-workflows",
                "protected": false
              }
            ],
            "default_branch": "main",
            "delete_branch_on_merge": false,
            "description": "Policy to enforce requirements on Kubernetes Ingress resources.",
            "etag": "W/\"c3f65aa61818be1885d4eedef882b2b9893ad1d42d961e571ffbb640c63276dc\"",
            "full_name": "kubewarden/ingress-policy",
            "git_clone_url": "git://github.com/kubewarden/ingress-policy.git",
            "gitignore_template": null,
            "has_downloads": true,
            "has_issues": true,
            "has_projects": false,
            "has_wiki": true,
            "homepage_url": "https://kubewarden.io",
            "html_url": "https://github.com/kubewarden/ingress-policy",
            "http_clone_url": "https://github.com/kubewarden/ingress-policy.git",
            "id": "ingress-policy",
            "ignore_vulnerability_alerts_during_read": null,
            "is_template": false,
            "license_template": null,
            "merge_commit_message": "PR_TITLE",
            "merge_commit_title": "MERGE_MESSAGE",
            "name": "ingress-policy",
            "node_id": "MDEwOlJlcG9zaXRvcnkzNDkwNDg5NjU=",
            "pages": [],
            "private": false,
            "repo_id": 349048965,
            "squash_merge_commit_message": "COMMIT_MESSAGES",
            "squash_merge_commit_title": "COMMIT_OR_PR_TITLE",
            "ssh_clone_url": "git@github.com:kubewarden/ingress-policy.git",
            "svn_url": "https://github.com/kubewarden/ingress-policy",
            "template": [],
            "topics": [
              "hacktoberfest",
              "ingress",
              "ingresses-resources",
              "kubernetes",
              "kubernetes-security",
              "kubewarden-policy",
              "policy-as-code",
              "webassembly"
            ],
            "visibility": "public",
            "vulnerability_alerts": true
          },
          "sensitive_attributes": [],
          "private": "bnVsbA=="
        }
      ]
    },
    {
      "module": "module.policy_repository_ingress_policy",
      "mode": "managed",
      "type": "github_team_repository",
      "name": "gh_team_push_rights",
      "provider": "provider[\"registry.terraform.io/integrations/github\"].kubewarden",
      "instances": [
        {
          "index_key": 0,
          "schema_version": 0,
          "attributes": {
            "etag": "W/\"57587fc203e19ba21c86ceaa3d4b0d4526287c85acc9a4c78d00196f02eb43e7\"",
            "id": "4972867:ingress-policy",
            "permission": "push",
            "repository": "ingress-policy",
            "team_id": "4972867"
          },
          "sensitive_attributes": [],
          "private": "bnVsbA==",
          "dependencies": [
            "module.policy_repository_ingress_policy.github_repository.main",
            "data.github_team.kubewarden_developers"
          ]
        }
      ]
    },
    {
      "module": "module.policy_repository_pod_privileged_policy",
      "mode": "managed",
      "type": "github_repository",
      "name": "main",
      "provider": "provider[\"registry.terraform.io/integrations/github\"].kubewarden",
      "instances": [
        {
          "schema_version": 0,
          "attributes": {
            "allow_auto_merge": false,
            "allow_merge_commit": true,
            "allow_rebase_merge": true,
            "allow_squash_merge": true,
            "archive_on_destroy": null,
            "archived": false,
            "auto_init": false,
            "branches": [
              {
                "name": "assemblyscript-implementation",
                "protected": false
              },
              {
                "name": "main",
                "protected": false
              }
            ],
            "default_branch": "main",
            "delete_branch_on_merge": false,
            "description": "A Kubewarden Policy that limits the ability to create privileged containers",
            "etag": "W/\"d4f94371fa4473a3bb437ff47f9d5a144da021143652ce50736f7e68f6889d6a\"",
            "full_name": "kubewarden/pod-privileged-policy",
            "git_clone_url": "git://github.com/kubewarden/pod-privileged-policy.git",
            "gitignore_template": null,
            "has_downloads": true,
            "has_issues": true,
            "has_projects": false,
            "has_wiki": true,
            "homepage_url": "https://kubewarden.io",
            "html_url": "https://github.com/kubewarden/pod-privileged-policy",
            "http_clone_url": "https://github.com/kubewarden/pod-privileged-policy.git",
            "id": "pod-privileged-policy",
            "ignore_vulnerability_alerts_during_read": null,
            "is_template": false,
            "license_template": null,
            "merge_commit_message": "PR_TITLE",
            "merge_commit_title": "MERGE_MESSAGE",
            "name": "pod-privileged-policy",
            "node_id": "MDEwOlJlcG9zaXRvcnkzMTc2Njk3NjI=",
            "pages": [],
            "private": false,
            "repo_id": 317669762,
            "squash_merge_commit_message": "COMMIT_MESSAGES",
            "squash_merge_commit_title": "COMMIT_OR_PR_TITLE",
            "ssh_clone_url": "git@github.com:kubewarden/pod-privileged-policy.git",
            "svn_url": "https://github.com/kubewarden/pod-privileged-policy",
            "template": [],
            "topics": [
              "hacktoberfest",
              "kubernetes",
              "kubernetes-security",
              "kubewarden-policy",
              "pod-security-policy",
              "policy-as-code",
              "webassembly"
            ],
            "visibility": "public",
            "vulnerability_alerts": true
          },
          "sensitive_attributes": [],
          "private": "bnVsbA=="
        }
      ]
    },
    {
      "module": "module.policy_repository_pod_privileged_policy",
      "mode": "managed",
      "type": "github_team_repository",
      "name": "gh_team_push_rights",
      "provider": "provider[\"registry.terraform.io/integrations/github\"].kubewarden",
      "instances": [
        {
          "index_key": 0,
          "schema_version": 0,
          "attributes": {
            "etag": "W/\"075021f45c931c4666f9824e2fe00039add1123d86113ef9e916d42c81c056b2\"",
            "id": "4972867:pod-privileged-policy",
            "permission": "push",
            "repository": "pod-privileged-policy",
            "team_id": "4972867"
          },
          "sensitive_attributes": [],
          "private": "bnVsbA==",
          "dependencies": [
            "data.github_team.kubewarden_developers",
            "module.policy_repository_pod_privileged_policy.github_repository.main"
          ]
        }
      ]
    },
    {
      "module": "module.policy_repository_pod_runtime_class_policy",
      "mode": "managed",
      "type": "github_repository",
      "name": "main",
      "provider": "provider[\"registry.terraform.io/integrations/github\"].kubewarden",
      "instances": [
        {
          "schema_version": 0,
          "attributes": {
            "allow_auto_merge": false,
            "allow_merge_commit": true,
            "allow_rebase_merge": true,
            "allow_squash_merge": true,
            "archive_on_destroy": null,
            "archived": false,
            "auto_init": false,
            "branches": [
              {
                "name": "main",
                "protected": false
              },
              {
                "name": "renovate/all-minor-patch",
                "protected": false
              }
            ],
            "default_branch": "main",
            "delete_branch_on_merge": false,
            "description": "A Kubewarden Policy that controls the usage of Pod runtimeClass",
            "etag": "W/\"bb76e008c7e6548ad54d458a23c9037f57744e4ffeca9dd80ecdf73e55ce1c29\"",
            "full_name": "kubewarden/pod-runtime-class-policy",
            "git_clone_url": "git://github.com/kubewarden/pod-runtime-class-policy.git",
            "gitignore_template": null,
            "has_downloads": true,
            "has_issues": true,
            "has_projects": false,
            "has_wiki": true,
            "homepage_url": "https://kubewarden.io",
            "html_url": "https://github.com/kubewarden/pod-runtime-class-policy",
            "http_clone_url": "https://github.com/kubewarden/pod-runtime-class-policy.git",
            "id": "pod-runtime-class-policy",
            "ignore_vulnerability_alerts_during_read": null,
            "is_template": false,
            "license_template": null,
            "merge_commit_message": "PR_TITLE",
            "merge_commit_title": "MERGE_MESSAGE",
            "name": "pod-runtime-class-policy",
            "node_id": "MDEwOlJlcG9zaXRvcnkzMTM5NzQ4MzY=",
            "pages": [],
            "private": false,
            "repo_id": 313974836,
            "squash_merge_commit_message": "COMMIT_MESSAGES",
            "squash_merge_commit_title": "COMMIT_OR_PR_TITLE",
            "ssh_clone_url": "git@github.com:kubewarden/pod-runtime-class-policy.git",
            "svn_url": "https://github.com/kubewarden/pod-runtime-class-policy",
            "template": [],
            "topics": [
              "hacktoberfest",
              "kubernetes",
              "kubernetes-security",
              "kubewarden-policy",
              "policy-as-code",
              "webassembly"
            ],
            "visibility": "public",
            "vulnerability_alerts": true
          },
          "sensitive_attributes": [],
          "private": "bnVsbA=="
        }
      ]
    },
    {
      "module": "module.policy_repository_pod_runtime_class_policy",
      "mode": "managed",
      "type": "github_team_repository",
      "name": "gh_team_push_rights",
      "provider": "provider[\"registry.terraform.io/integrations/github\"].kubewarden",
      "instances": [
        {
          "index_key": 0,
          "schema_version": 0,
          "attributes": {
            "etag": "W/\"ea8c95d60048d31d48b697a01b5156dd22528f8005e7b90e12943600e7d3ca56\"",
            "id": "4972867:pod-runtime-class-policy",
            "permission": "push",
            "repository": "pod-runtime-class-policy",
            "team_id": "4972867"
          },
          "sensitive_attributes": [],
          "private": "bnVsbA==",
          "dependencies": [
            "data.github_team.kubewarden_developers",
            "module.policy_repository_pod_runtime_class_policy.github_repository.main"
          ]
        }
      ]
    },
    {
      "module": "module.policy_repository_readonly_root_filesystem_psp_policy",
      "mode": "managed",
      "type": "github_repository",
      "name": "main",
      "provider": "provider[\"registry.terraform.io/integrations/github\"].kubewarden",
      "instances": [
        {
          "schema_version": 0,
          "attributes": {
            "allow_auto_merge": false,
            "allow_merge_commit": true,
            "allow_rebase_merge": true,
            "allow_squash_merge": true,
            "archive_on_destroy": null,
            "archived": false,
            "auto_init": null,
            "branches": [
              {
                "name": "main",
                "protected": false
              }
            ],
            "default_branch": "main",
            "delete_branch_on_merge": false,
            "description": "A Kubewarden policy that enforces root filesystem to be readonly",
            "etag": "W/\"41cbed9374bb70c8d81d9ab5aa2866d308dee0b42f1b784a7736c6dc27bc81ff\"",
            "full_name": "kubewarden/readonly-root-filesystem-psp-policy",
            "git_clone_url": "git://github.com/kubewarden/readonly-root-filesystem-psp-policy.git",
            "gitignore_template": null,
            "has_downloads": true,
            "has_issues": true,
            "has_projects": false,
            "has_wiki": true,
            "homepage_url": "https://kubewarden.io",
            "html_url": "https://github.com/kubewarden/readonly-root-filesystem-psp-policy",
            "http_clone_url": "https://github.com/kubewarden/readonly-root-filesystem-psp-policy.git",
            "id": "readonly-root-filesystem-psp-policy",
            "ignore_vulnerability_alerts_during_read": null,
            "is_template": false,
            "license_template": null,
            "merge_commit_message": "PR_TITLE",
            "merge_commit_title": "MERGE_MESSAGE",
            "name": "readonly-root-filesystem-psp-policy",
            "node_id": "R_kgDOGdS_cw",
            "pages": [],
            "private": false,
            "repo_id": 433373043,
            "squash_merge_commit_message": "COMMIT_MESSAGES",
            "squash_merge_commit_title": "COMMIT_OR_PR_TITLE",
            "ssh_clone_url": "git@github.com:kubewarden/readonly-root-filesystem-psp-policy.git",
            "svn_url": "https://github.com/kubewarden/readonly-root-filesystem-psp-policy",
            "template": [],
            "topics": [
              "hacktoberfest",
              "kubernetes",
              "kubernetes-security",
              "kubewarden-policy",
              "pod-security-policy",
              "policy-as-code",
              "webassembly"
            ],
            "visibility": "public",
            "vulnerability_alerts": true
          },
          "sensitive_attributes": [],
          "private": "bnVsbA=="
        }
      ]
    },
    {
      "module": "module.policy_repository_readonly_root_filesystem_psp_policy",
      "mode": "managed",
      "type": "github_team_repository",
      "name": "gh_team_push_rights",
      "provider": "provider[\"registry.terraform.io/integrations/github\"].kubewarden",
      "instances": [
        {
          "index_key": 0,
          "schema_version": 0,
          "attributes": {
            "etag": "W/\"c408815ba1e49aa2aef39506b170e7093b09b54a7650d3cd3446b1dd30121e27\"",
            "id": "4972867:readonly-root-filesystem-psp-policy",
            "permission": "push",
            "repository": "readonly-root-filesystem-psp-policy",
            "team_id": "4972867"
          },
          "sensitive_attributes": [],
          "private": "bnVsbA==",
          "dependencies": [
            "data.github_team.kubewarden_developers",
            "module.policy_repository_readonly_root_filesystem_psp_policy.github_repository.main"
          ]
        }
      ]
    },
    {
      "module": "module.policy_repository_safe_annotations_policy",
      "mode": "managed",
      "type": "github_repository",
      "name": "main",
      "provider": "provider[\"registry.terraform.io/integrations/github\"].kubewarden",
      "instances": [
        {
          "schema_version": 0,
          "attributes": {
            "allow_auto_merge": false,
            "allow_merge_commit": true,
            "allow_rebase_merge": true,
            "allow_squash_merge": true,
            "archive_on_destroy": null,
            "archived": false,
            "auto_init": false,
            "branches": [
              {
                "name": "main",
                "protected": false
              },
              {
                "name": "reusable-workflows",
                "protected": false
              }
            ],
            "default_branch": "main",
            "delete_branch_on_merge": false,
            "description": "Kubewarden policy that validates Kubernetes' resource annotations",
            "etag": "W/\"fdc33c18103fbf1a4f0d5dd45cf05be1378778927713997fd8d51bf70f842c21\"",
            "full_name": "kubewarden/safe-annotations-policy",
            "git_clone_url": "git://github.com/kubewarden/safe-annotations-policy.git",
            "gitignore_template": null,
            "has_downloads": true,
            "has_issues": true,
            "has_projects": false,
            "has_wiki": true,
            "homepage_url": "https://kubewarden.io",
            "html_url": "https://github.com/kubewarden/safe-annotations-policy",
            "http_clone_url": "https://github.com/kubewarden/safe-annotations-policy.git",
            "id": "safe-annotations-policy",
            "ignore_vulnerability_alerts_during_read": null,
            "is_template": false,
            "license_template": null,
            "merge_commit_message": "PR_TITLE",
            "merge_commit_title": "MERGE_MESSAGE",
            "name": "safe-annotations-policy",
            "node_id": "MDEwOlJlcG9zaXRvcnkzOTQxOTcwNzE=",
            "pages": [],
            "private": false,
            "repo_id": 394197071,
            "squash_merge_commit_message": "COMMIT_MESSAGES",
            "squash_merge_commit_title": "COMMIT_OR_PR_TITLE",
            "ssh_clone_url": "git@github.com:kubewarden/safe-annotations-policy.git",
            "svn_url": "https://github.com/kubewarden/safe-annotations-policy",
            "template": [],
            "topics": [
              "hacktoberfest",
              "kubernetes",
              "kubernetes-compliance",
              "kubernetes-security",
              "kubewarden-policy",
              "policy-as-code",
              "webassembly"
            ],
            "visibility": "public",
            "vulnerability_alerts": true
          },
          "sensitive_attributes": [],
          "private": "bnVsbA=="
        }
      ]
    },
    {
      "module": "module.policy_repository_safe_annotations_policy",
      "mode": "managed",
      "type": "github_team_repository",
      "name": "gh_team_push_rights",
      "provider": "provider[\"registry.terraform.io/integrations/github\"].kubewarden",
      "instances": [
        {
          "index_key": 0,
          "schema_version": 0,
          "attributes": {
            "etag": "W/\"74137ac74b46a7ec4b34dde50e67a4e0e7f5bf1360001f67135ec8dd9385deab\"",
            "id": "4972867:safe-annotations-policy",
            "permission": "push",
            "repository": "safe-annotations-policy",
            "team_id": "4972867"
          },
          "sensitive_attributes": [],
          "private": "bnVsbA==",
          "dependencies": [
            "data.github_team.kubewarden_developers",
            "module.policy_repository_safe_annotations_policy.github_repository.main"
          ]
        }
      ]
    },
    {
      "module": "module.policy_repository_safe_labels_policy",
      "mode": "managed",
      "type": "github_repository",
      "name": "main",
      "provider": "provider[\"registry.terraform.io/integrations/github\"].kubewarden",
      "instances": [
        {
          "schema_version": 0,
          "attributes": {
            "allow_auto_merge": false,
            "allow_merge_commit": true,
            "allow_rebase_merge": true,
            "allow_squash_merge": true,
            "archive_on_destroy": null,
            "archived": false,
            "auto_init": false,
            "branches": [
              {
                "name": "logging",
                "protected": false
              },
              {
                "name": "main",
                "protected": false
              }
            ],
            "default_branch": "main",
            "delete_branch_on_merge": false,
            "description": "Kubewarden policy that validates Kubernetes' resource labels",
            "etag": "W/\"2cf4d62815550eec03d08cddef5c986f73bb6d3e01d77abc477df45d123b01ab\"",
            "full_name": "kubewarden/safe-labels-policy",
            "git_clone_url": "git://github.com/kubewarden/safe-labels-policy.git",
            "gitignore_template": null,
            "has_downloads": true,
            "has_issues": true,
            "has_projects": false,
            "has_wiki": true,
            "homepage_url": "https://kubewarden.io",
            "html_url": "https://github.com/kubewarden/safe-labels-policy",
            "http_clone_url": "https://github.com/kubewarden/safe-labels-policy.git",
            "id": "safe-labels-policy",
            "ignore_vulnerability_alerts_during_read": null,
            "is_template": false,
            "license_template": null,
            "merge_commit_message": "PR_TITLE",
            "merge_commit_title": "MERGE_MESSAGE",
            "name": "safe-labels-policy",
            "node_id": "MDEwOlJlcG9zaXRvcnkzNTczMzk1Mzg=",
            "pages": [],
            "private": false,
            "repo_id": 357339538,
            "squash_merge_commit_message": "COMMIT_MESSAGES",
            "squash_merge_commit_title": "COMMIT_OR_PR_TITLE",
            "ssh_clone_url": "git@github.com:kubewarden/safe-labels-policy.git",
            "svn_url": "https://github.com/kubewarden/safe-labels-policy",
            "template": [
              {
                "owner": "kubewarden",
                "repository": "go-policy-template"
              }
            ],
            "topics": [
              "hacktoberfest",
              "kubernetes",
              "kubernetes-compliance",
              "kubernetes-security",
              "kubewarden-policy",
              "policy-as-code",
              "webassembly"
            ],
            "visibility": "public",
            "vulnerability_alerts": true
          },
          "sensitive_attributes": [],
          "private": "bnVsbA=="
        }
      ]
    },
    {
      "module": "module.policy_repository_safe_labels_policy",
      "mode": "managed",
      "type": "github_team_repository",
      "name": "gh_team_push_rights",
      "provider": "provider[\"registry.terraform.io/integrations/github\"].kubewarden",
      "instances": [
        {
          "index_key": 0,
          "schema_version": 0,
          "attributes": {
            "etag": "W/\"aeb7ae1c341fe96afabc38be650798da6c8dc5da96b1899321385a93e4417066\"",
            "id": "4972867:safe-labels-policy",
            "permission": "push",
            "repository": "safe-labels-policy",
            "team_id": "4972867"
          },
          "sensitive_attributes": [],
          "private": "bnVsbA==",
          "dependencies": [
            "data.github_team.kubewarden_developers",
            "module.policy_repository_safe_labels_policy.github_repository.main"
          ]
        }
      ]
    },
    {
      "module": "module.policy_repository_seccomp_psp_policy",
      "mode": "managed",
      "type": "github_repository",
      "name": "main",
      "provider": "provider[\"registry.terraform.io/integrations/github\"].kubewarden",
      "instances": [
        {
          "schema_version": 0,
          "attributes": {
            "allow_auto_merge": false,
            "allow_merge_commit": true,
            "allow_rebase_merge": true,
            "allow_squash_merge": true,
            "archive_on_destroy": null,
            "archived": false,
            "auto_init": null,
            "branches": [
              {
                "name": "main",
                "protected": false
              }
            ],
            "default_branch": "main",
            "delete_branch_on_merge": false,
            "description": "A Kubewarden Pod Security Policy that controls usage of Seccomp profiles",
            "etag": "W/\"af2e3eb648c353583247f6103b6212a0782482bfee1370adfd4be79ee61dc470\"",
            "full_name": "kubewarden/seccomp-psp-policy",
            "git_clone_url": "git://github.com/kubewarden/seccomp-psp-policy.git",
            "gitignore_template": null,
            "has_downloads": true,
            "has_issues": true,
            "has_projects": false,
            "has_wiki": true,
            "homepage_url": "https://kubewarden.io",
            "html_url": "https://github.com/kubewarden/seccomp-psp-policy",
            "http_clone_url": "https://github.com/kubewarden/seccomp-psp-policy.git",
            "id": "seccomp-psp-policy",
            "ignore_vulnerability_alerts_during_read": null,
            "is_template": false,
            "license_template": null,
            "merge_commit_message": "PR_TITLE",
            "merge_commit_title": "MERGE_MESSAGE",
            "name": "seccomp-psp-policy",
            "node_id": "R_kgDOGgF_OQ",
            "pages": [],
            "private": false,
            "repo_id": 436305721,
            "squash_merge_commit_message": "COMMIT_MESSAGES",
            "squash_merge_commit_title": "COMMIT_OR_PR_TITLE",
            "ssh_clone_url": "git@github.com:kubewarden/seccomp-psp-policy.git",
            "svn_url": "https://github.com/kubewarden/seccomp-psp-policy",
            "template": [],
            "topics": [
              "hacktoberfest",
              "kubernetes",
              "kubernetes-security",
              "kubewarden-policy",
              "pod-security-policy",
              "policy-as-code",
              "webassembly"
            ],
            "visibility": "public",
            "vulnerability_alerts": true
          },
          "sensitive_attributes": [],
          "private": "bnVsbA=="
        }
      ]
    },
    {
      "module": "module.policy_repository_seccomp_psp_policy",
      "mode": "managed",
      "type": "github_team_repository",
      "name": "gh_team_push_rights",
      "provider": "provider[\"registry.terraform.io/integrations/github\"].kubewarden",
      "instances": [
        {
          "index_key": 0,
          "schema_version": 0,
          "attributes": {
            "etag": "W/\"3d0e60d2a558d4b56b6bb9bf3ea314949b7bad6b34bd8e3f77734feacb0e2fe6\"",
            "id": "4972867:seccomp-psp-policy",
            "permission": "push",
            "repository": "seccomp-psp-policy",
            "team_id": "4972867"
          },
          "sensitive_attributes": [],
          "private": "bnVsbA==",
          "dependencies": [
            "data.github_team.kubewarden_developers",
            "module.policy_repository_seccomp_psp_policy.github_repository.main"
          ]
        }
      ]
    },
    {
      "module": "module.policy_repository_selinux_psp_policy",
      "mode": "managed",
      "type": "github_repository",
      "name": "main",
      "provider": "provider[\"registry.terraform.io/integrations/github\"].kubewarden",
      "instances": [
        {
          "schema_version": 0,
          "attributes": {
            "allow_auto_merge": false,
            "allow_merge_commit": true,
            "allow_rebase_merge": true,
            "allow_squash_merge": true,
            "archive_on_destroy": null,
            "archived": false,
            "auto_init": false,
            "branches": [
              {
                "name": "main",
                "protected": false
              }
            ],
            "default_branch": "main",
            "delete_branch_on_merge": false,
            "description": "Replacement for the Kubernetes Pod Security Policy that controls the usage of SELinux",
            "etag": "W/\"2cf14b80c13222f8de3c6af61957421c192c7cc23d3b58d1221823306fb70655\"",
            "full_name": "kubewarden/selinux-psp-policy",
            "git_clone_url": "git://github.com/kubewarden/selinux-psp-policy.git",
            "gitignore_template": null,
            "has_downloads": true,
            "has_issues": true,
            "has_projects": false,
            "has_wiki": true,
            "homepage_url": "https://kubewarden.io",
            "html_url": "https://github.com/kubewarden/selinux-psp-policy",
            "http_clone_url": "https://github.com/kubewarden/selinux-psp-policy.git",
            "id": "selinux-psp-policy",
            "ignore_vulnerability_alerts_during_read": null,
            "is_template": false,
            "license_template": null,
            "merge_commit_message": "PR_TITLE",
            "merge_commit_title": "MERGE_MESSAGE",
            "name": "selinux-psp-policy",
            "node_id": "R_kgDOGZga1w",
            "pages": [],
            "private": false,
            "repo_id": 429398743,
            "squash_merge_commit_message": "COMMIT_MESSAGES",
            "squash_merge_commit_title": "COMMIT_OR_PR_TITLE",
            "ssh_clone_url": "git@github.com:kubewarden/selinux-psp-policy.git",
            "svn_url": "https://github.com/kubewarden/selinux-psp-policy",
            "template": [],
            "topics": [
              "hacktoberfest",
              "kubernetes",
              "kubernetes-security",
              "kubewarden-policy",
              "pod-security-policy",
              "policy-as-code",
              "webassembly"
            ],
            "visibility": "public",
            "vulnerability_alerts": true
          },
          "sensitive_attributes": [],
          "private": "bnVsbA=="
        }
      ]
    },
    {
      "module": "module.policy_repository_selinux_psp_policy",
      "mode": "managed",
      "type": "github_team_repository",
      "name": "gh_team_push_rights",
      "provider": "provider[\"registry.terraform.io/integrations/github\"].kubewarden",
      "instances": [
        {
          "index_key": 0,
          "schema_version": 0,
          "attributes": {
            "etag": "W/\"1a45ccda6b6bcda0028ab7a72753fdb52f5234183f7d41cb56e6e421ae637aec\"",
            "id": "4972867:selinux-psp-policy",
            "permission": "push",
            "repository": "selinux-psp-policy",
            "team_id": "4972867"
          },
          "sensitive_attributes": [],
          "private": "bnVsbA==",
          "dependencies": [
            "module.policy_repository_selinux_psp_policy.github_repository.main",
            "data.github_team.kubewarden_developers"
          ]
        }
      ]
    },
    {
      "module": "module.policy_repository_sysctl_psp_policy",
      "mode": "managed",
      "type": "github_repository",
      "name": "main",
      "provider": "provider[\"registry.terraform.io/integrations/github\"].kubewarden",
      "instances": [
        {
          "schema_version": 0,
          "attributes": {
            "allow_auto_merge": false,
            "allow_merge_commit": true,
            "allow_rebase_merge": true,
            "allow_squash_merge": true,
            "archive_on_destroy": null,
            "archived": false,
            "auto_init": false,
            "branches": [
              {
                "name": "main",
                "protected": false
              },
              {
                "name": "reusable-workflow",
                "protected": false
              }
            ],
            "default_branch": "main",
            "delete_branch_on_merge": false,
            "description": "A Kubewarden policy that controls usage of sysctls",
            "etag": "W/\"5320a6cf29c9cf53ed6c418c0b61d6e7fef8e8175b5fb27ec5881e8f5ce53bd9\"",
            "full_name": "kubewarden/sysctl-psp-policy",
            "git_clone_url": "git://github.com/kubewarden/sysctl-psp-policy.git",
            "gitignore_template": null,
            "has_downloads": true,
            "has_issues": true,
            "has_projects": false,
            "has_wiki": true,
            "homepage_url": "https://kubewarden.io",
            "html_url": "https://github.com/kubewarden/sysctl-psp-policy",
            "http_clone_url": "https://github.com/kubewarden/sysctl-psp-policy.git",
            "id": "sysctl-psp-policy",
            "ignore_vulnerability_alerts_during_read": null,
            "is_template": false,
            "license_template": null,
            "merge_commit_message": "PR_TITLE",
            "merge_commit_title": "MERGE_MESSAGE",
            "name": "sysctl-psp-policy",
            "node_id": "MDEwOlJlcG9zaXRvcnkzOTEwNzM5ODM=",
            "pages": [],
            "private": false,
            "repo_id": 391073983,
            "squash_merge_commit_message": "COMMIT_MESSAGES",
            "squash_merge_commit_title": "COMMIT_OR_PR_TITLE",
            "ssh_clone_url": "git@github.com:kubewarden/sysctl-psp-policy.git",
            "svn_url": "https://github.com/kubewarden/sysctl-psp-policy",
            "template": [
              {
                "owner": "kubewarden",
                "repository": "go-policy-template"
              }
            ],
            "topics": [
              "hacktoberfest",
              "kubernetes",
              "kubernetes-security",
              "kubewarden-policy",
              "pod-security-policy",
              "policy-as-code",
              "webassembly"
            ],
            "visibility": "public",
            "vulnerability_alerts": true
          },
          "sensitive_attributes": [],
          "private": "bnVsbA=="
        }
      ]
    },
    {
      "module": "module.policy_repository_sysctl_psp_policy",
      "mode": "managed",
      "type": "github_team_repository",
      "name": "gh_team_push_rights",
      "provider": "provider[\"registry.terraform.io/integrations/github\"].kubewarden",
      "instances": [
        {
          "index_key": 0,
          "schema_version": 0,
          "attributes": {
            "etag": "W/\"651365f00aa2b8f3990f915ef0df0493da0a5d74653ed90a8e9127acd040fa00\"",
            "id": "4972867:sysctl-psp-policy",
            "permission": "push",
            "repository": "sysctl-psp-policy",
            "team_id": "4972867"
          },
          "sensitive_attributes": [],
          "private": "bnVsbA==",
          "dependencies": [
            "data.github_team.kubewarden_developers",
            "module.policy_repository_sysctl_psp_policy.github_repository.main"
          ]
        }
      ]
    },
    {
      "module": "module.policy_repository_trusted_repos_policy",
      "mode": "managed",
      "type": "github_repository",
      "name": "main",
      "provider": "provider[\"registry.terraform.io/integrations/github\"].kubewarden",
      "instances": [
        {
          "schema_version": 0,
          "attributes": {
            "allow_auto_merge": false,
            "allow_merge_commit": true,
            "allow_rebase_merge": true,
            "allow_squash_merge": true,
            "archive_on_destroy": null,
            "archived": false,
            "auto_init": false,
            "branches": [
              {
                "name": "main",
                "protected": false
              },
              {
                "name": "wip",
                "protected": false
              }
            ],
            "default_branch": "main",
            "delete_branch_on_merge": false,
            "description": "A Kubewarden policy that restricts what registries, tags and images can pods on your cluster refer to",
            "etag": "W/\"b42389c77ffc351f4c78b1271e5f85e329340b4b00bc582fd7d9c1366a8f89c4\"",
            "full_name": "kubewarden/trusted-repos-policy",
            "git_clone_url": "git://github.com/kubewarden/trusted-repos-policy.git",
            "gitignore_template": null,
            "has_downloads": true,
            "has_issues": true,
            "has_projects": false,
            "has_wiki": true,
            "homepage_url": "https://kubewarden.io",
            "html_url": "https://github.com/kubewarden/trusted-repos-policy",
            "http_clone_url": "https://github.com/kubewarden/trusted-repos-policy.git",
            "id": "trusted-repos-policy",
            "ignore_vulnerability_alerts_during_read": null,
            "is_template": false,
            "license_template": null,
            "merge_commit_message": "PR_TITLE",
            "merge_commit_title": "MERGE_MESSAGE",
            "name": "trusted-repos-policy",
            "node_id": "MDEwOlJlcG9zaXRvcnkzNDY3NDIyOTk=",
            "pages": [],
            "private": false,
            "repo_id": 346742299,
            "squash_merge_commit_message": "COMMIT_MESSAGES",
            "squash_merge_commit_title": "COMMIT_OR_PR_TITLE",
            "ssh_clone_url": "git@github.com:kubewarden/trusted-repos-policy.git",
            "svn_url": "https://github.com/kubewarden/trusted-repos-policy",
            "template": [],
            "topics": [
              "hacktoberfest",
              "kubernetes",
              "kubernetes-compliance",
              "kubernetes-security",
              "kubewarden-policy",
              "policy-as-code",
              "webassembly"
            ],
            "visibility": "public",
            "vulnerability_alerts": true
          },
          "sensitive_attributes": [],
          "private": "bnVsbA=="
        }
      ]
    },
    {
      "module": "module.policy_repository_trusted_repos_policy",
      "mode": "managed",
      "type": "github_team_repository",
      "name": "gh_team_push_rights",
      "provider": "provider[\"registry.terraform.io/integrations/github\"].kubewarden",
      "instances": [
        {
          "index_key": 0,
          "schema_version": 0,
          "attributes": {
            "etag": "W/\"aa8edc91f03515ae27a7fa29e3c095737f84336dd7ab334c2bcc696928c1ff32\"",
            "id": "4972867:trusted-repos-policy",
            "permission": "push",
            "repository": "trusted-repos-policy",
            "team_id": "4972867"
          },
          "sensitive_attributes": [],
          "private": "bnVsbA==",
          "dependencies": [
            "data.github_team.kubewarden_developers",
            "module.policy_repository_trusted_repos_policy.github_repository.main"
          ]
        }
      ]
    },
    {
      "module": "module.policy_repository_user_group_psp_policy",
      "mode": "managed",
      "type": "github_repository",
      "name": "main",
      "provider": "provider[\"registry.terraform.io/integrations/github\"].kubewarden",
      "instances": [
        {
          "schema_version": 0,
          "attributes": {
            "allow_auto_merge": false,
            "allow_merge_commit": true,
            "allow_rebase_merge": true,
            "allow_squash_merge": true,
            "archive_on_destroy": null,
            "archived": false,
            "auto_init": false,
            "branches": [
              {
                "name": "main",
                "protected": false
              }
            ],
            "default_branch": "main",
            "delete_branch_on_merge": false,
            "description": "This Kubewarden Policy is a replacement for the Kubernetes Pod Security Policy that controls containers user and groups",
            "etag": "W/\"f2a06bbefc132e5928dca72856622759f2123c9e999b904ffe9e242833846b92\"",
            "full_name": "kubewarden/user-group-psp-policy",
            "git_clone_url": "git://github.com/kubewarden/user-group-psp-policy.git",
            "gitignore_template": null,
            "has_downloads": true,
            "has_issues": true,
            "has_projects": false,
            "has_wiki": true,
            "homepage_url": "https://kubewarden.io",
            "html_url": "https://github.com/kubewarden/user-group-psp-policy",
            "http_clone_url": "https://github.com/kubewarden/user-group-psp-policy.git",
            "id": "user-group-psp-policy",
            "ignore_vulnerability_alerts_during_read": null,
            "is_template": false,
            "license_template": null,
            "merge_commit_message": "PR_TITLE",
            "merge_commit_title": "MERGE_MESSAGE",
            "name": "user-group-psp-policy",
            "node_id": "MDEwOlJlcG9zaXRvcnk0MDcyMDkwNjQ=",
            "pages": [],
            "private": false,
            "repo_id": 407209064,
            "squash_merge_commit_message": "COMMIT_MESSAGES",
            "squash_merge_commit_title": "COMMIT_OR_PR_TITLE",
            "ssh_clone_url": "git@github.com:kubewarden/user-group-psp-policy.git",
            "svn_url": "https://github.com/kubewarden/user-group-psp-policy",
            "template": [],
            "topics": [
              "hacktoberfest",
              "kubernetes",
              "kubernetes-security",
              "kubewarden-policy",
              "pod-security-policy",
              "policy-as-code",
              "webassembly"
            ],
            "visibility": "public",
            "vulnerability_alerts": true
          },
          "sensitive_attributes": [],
          "private": "bnVsbA=="
        }
      ]
    },
    {
      "module": "module.policy_repository_user_group_psp_policy",
      "mode": "managed",
      "type": "github_team_repository",
      "name": "gh_team_push_rights",
      "provider": "provider[\"registry.terraform.io/integrations/github\"].kubewarden",
      "instances": [
        {
          "index_key": 0,
          "schema_version": 0,
          "attributes": {
            "etag": "W/\"ce4c3ecb72829c0f0c98efe7b6b212de8f3708962e79476af23f06ac324b428a\"",
            "id": "4972867:user-group-psp-policy",
            "permission": "push",
            "repository": "user-group-psp-policy",
            "team_id": "4972867"
          },
          "sensitive_attributes": [],
          "private": "bnVsbA==",
          "dependencies": [
            "data.github_team.kubewarden_developers",
            "module.policy_repository_user_group_psp_policy.github_repository.main"
          ]
        }
      ]
    },
    {
      "module": "module.policy_repository_verify_image_signatures_policy",
      "mode": "managed",
      "type": "github_repository",
      "name": "main",
      "provider": "provider[\"registry.terraform.io/integrations/github\"].kubewarden",
      "instances": [
        {
          "schema_version": 0,
          "attributes": {
            "allow_auto_merge": false,
            "allow_merge_commit": true,
            "allow_rebase_merge": true,
            "allow_squash_merge": true,
            "archive_on_destroy": null,
            "archived": false,
            "auto_init": null,
            "branches": [
              {
                "name": "fix-workflow-pat",
                "protected": false
              },
              {
                "name": "main",
                "protected": false
              }
            ],
            "default_branch": "main",
            "delete_branch_on_merge": false,
            "description": "A Kubewarden Policy that verifies all the signatures of the container images referenced by a Pod",
            "etag": "W/\"9b1d0e8d049bcbcca2c081b90b320c15d4d6af6e34b02cc3f04e327b1d6c2ed8\"",
            "full_name": "kubewarden/verify-image-signatures",
            "git_clone_url": "git://github.com/kubewarden/verify-image-signatures.git",
            "gitignore_template": null,
            "has_downloads": true,
            "has_issues": true,
            "has_projects": false,
            "has_wiki": true,
            "homepage_url": "https://kubewarden.io",
            "html_url": "https://github.com/kubewarden/verify-image-signatures",
            "http_clone_url": "https://github.com/kubewarden/verify-image-signatures.git",
            "id": "verify-image-signatures",
            "ignore_vulnerability_alerts_during_read": null,
            "is_template": false,
            "license_template": null,
            "merge_commit_message": "PR_TITLE",
            "merge_commit_title": "MERGE_MESSAGE",
            "name": "verify-image-signatures",
            "node_id": "R_kgDOHIZStg",
            "pages": [],
            "private": false,
            "repo_id": 478565046,
            "squash_merge_commit_message": "COMMIT_MESSAGES",
            "squash_merge_commit_title": "COMMIT_OR_PR_TITLE",
            "ssh_clone_url": "git@github.com:kubewarden/verify-image-signatures.git",
            "svn_url": "https://github.com/kubewarden/verify-image-signatures",
            "template": [],
            "topics": [
              "hacktoberfest",
              "kubernetes",
              "kubernetes-security",
              "kubewarden-policy",
              "pod-security-policy",
              "policy-as-code",
              "webassembly"
            ],
            "visibility": "public",
            "vulnerability_alerts": true
          },
          "sensitive_attributes": [],
          "private": "bnVsbA=="
        }
      ]
    },
    {
      "module": "module.policy_repository_verify_image_signatures_policy",
      "mode": "managed",
      "type": "github_team_repository",
      "name": "gh_team_push_rights",
      "provider": "provider[\"registry.terraform.io/integrations/github\"].kubewarden",
      "instances": [
        {
          "index_key": 0,
          "schema_version": 0,
          "attributes": {
            "etag": "W/\"7940f8111b1591de2a836dc15e20f6b23a94852d6a527a6c85b01469a2e4b408\"",
            "id": "4972867:verify-image-signatures",
            "permission": "push",
            "repository": "verify-image-signatures",
            "team_id": "4972867"
          },
          "sensitive_attributes": [],
          "private": "bnVsbA==",
          "dependencies": [
            "data.github_team.kubewarden_developers",
            "module.policy_repository_verify_image_signatures_policy.github_repository.main"
          ]
        }
      ]
    },
    {
      "module": "module.policy_repository_volumes_psp_policy",
      "mode": "managed",
      "type": "github_repository",
      "name": "main",
      "provider": "provider[\"registry.terraform.io/integrations/github\"].kubewarden",
      "instances": [
        {
          "schema_version": 0,
          "attributes": {
            "allow_auto_merge": false,
            "allow_merge_commit": true,
            "allow_rebase_merge": true,
            "allow_squash_merge": true,
            "archive_on_destroy": null,
            "archived": false,
            "auto_init": false,
            "branches": [
              {
                "name": "main",
                "protected": false
              },
              {
                "name": "reusable-workflows",
                "protected": false
              }
            ],
            "default_branch": "main",
            "delete_branch_on_merge": false,
            "description": "Replacement for the Kubernetes Pod Security Policy that controls the usage of volumes",
            "etag": "W/\"53e9fde22bb0aeca7e46bf2e048cfeba6897968cefcf4b5bb083170c1c763698\"",
            "full_name": "kubewarden/volumes-psp-policy",
            "git_clone_url": "git://github.com/kubewarden/volumes-psp-policy.git",
            "gitignore_template": null,
            "has_downloads": true,
            "has_issues": true,
            "has_projects": false,
            "has_wiki": true,
            "homepage_url": "https://kubewarden.io",
            "html_url": "https://github.com/kubewarden/volumes-psp-policy",
            "http_clone_url": "https://github.com/kubewarden/volumes-psp-policy.git",
            "id": "volumes-psp-policy",
            "ignore_vulnerability_alerts_during_read": null,
            "is_template": false,
            "license_template": null,
            "merge_commit_message": "PR_TITLE",
            "merge_commit_title": "MERGE_MESSAGE",
            "name": "volumes-psp-policy",
            "node_id": "MDEwOlJlcG9zaXRvcnkzOTQ5NDQwODQ=",
            "pages": [],
            "private": false,
            "repo_id": 394944084,
            "squash_merge_commit_message": "COMMIT_MESSAGES",
            "squash_merge_commit_title": "COMMIT_OR_PR_TITLE",
            "ssh_clone_url": "git@github.com:kubewarden/volumes-psp-policy.git",
            "svn_url": "https://github.com/kubewarden/volumes-psp-policy",
            "template": [
              {
                "owner": "kubewarden",
                "repository": "go-policy-template"
              }
            ],
            "topics": [
              "hacktoberfest",
              "kubernetes",
              "kubernetes-security",
              "kubewarden-policy",
              "pod-security-policy",
              "policy-as-code",
              "webassembly"
            ],
            "visibility": "public",
            "vulnerability_alerts": true
          },
          "sensitive_attributes": [],
          "private": "bnVsbA=="
        }
      ]
    },
    {
      "module": "module.policy_repository_volumes_psp_policy",
      "mode": "managed",
      "type": "github_team_repository",
      "name": "gh_team_push_rights",
      "provider": "provider[\"registry.terraform.io/integrations/github\"].kubewarden",
      "instances": [
        {
          "index_key": 0,
          "schema_version": 0,
          "attributes": {
            "etag": "W/\"cb8c8c2c84737ac1d224eb0f865d8846f3f6bf9f69aa4d2c608a7e5a00ae6269\"",
            "id": "4972867:volumes-psp-policy",
            "permission": "push",
            "repository": "volumes-psp-policy",
            "team_id": "4972867"
          },
          "sensitive_attributes": [],
          "private": "bnVsbA==",
          "dependencies": [
            "data.github_team.kubewarden_developers",
            "module.policy_repository_volumes_psp_policy.github_repository.main"
          ]
        }
      ]
    },
    {
      "module": "module.policy_sdk_repository_dotnet",
      "mode": "managed",
      "type": "github_repository",
      "name": "main",
      "provider": "provider[\"registry.terraform.io/integrations/github\"].kubewarden",
      "instances": [
        {
          "schema_version": 0,
          "attributes": {
            "allow_auto_merge": false,
            "allow_merge_commit": true,
            "allow_rebase_merge": true,
            "allow_squash_merge": true,
            "archive_on_destroy": null,
            "archived": false,
            "auto_init": null,
            "branches": [
              {
                "name": "main",
                "protected": false
              }
            ],
            "default_branch": "main",
            "delete_branch_on_merge": false,
            "description": "Kubewarden Policy SDK for the .NET platform",
            "etag": "W/\"04c25608e64bae0af379ae5fd10222a50c1be452fa334bca210257d510ee6ce8\"",
            "full_name": "kubewarden/policy-sdk-dotnet",
            "git_clone_url": "git://github.com/kubewarden/policy-sdk-dotnet.git",
            "gitignore_template": null,
            "has_downloads": true,
            "has_issues": true,
            "has_projects": false,
            "has_wiki": true,
            "homepage_url": "https://kubewarden.io",
            "html_url": "https://github.com/kubewarden/policy-sdk-dotnet",
            "http_clone_url": "https://github.com/kubewarden/policy-sdk-dotnet.git",
            "id": "policy-sdk-dotnet",
            "ignore_vulnerability_alerts_during_read": null,
            "is_template": false,
            "license_template": null,
            "merge_commit_message": "PR_TITLE",
            "merge_commit_title": "MERGE_MESSAGE",
            "name": "policy-sdk-dotnet",
            "node_id": "R_kgDOHmsfIg",
            "pages": [],
            "private": false,
            "repo_id": 510336802,
            "squash_merge_commit_message": "COMMIT_MESSAGES",
            "squash_merge_commit_title": "COMMIT_OR_PR_TITLE",
            "ssh_clone_url": "git@github.com:kubewarden/policy-sdk-dotnet.git",
            "svn_url": "https://github.com/kubewarden/policy-sdk-dotnet",
            "template": [],
            "topics": [
              "csharp",
              "dotnet",
              "hacktoberfest",
              "kubernetes",
              "kubernetes-security",
              "kubewarden-policy-sdk",
              "policy-as-code",
              "webassembly"
            ],
            "visibility": "public",
            "vulnerability_alerts": true
          },
          "sensitive_attributes": [],
          "private": "bnVsbA=="
        }
      ]
    },
    {
      "module": "module.policy_sdk_repository_dotnet",
      "mode": "managed",
      "type": "github_team_repository",
      "name": "gh_team_push_rights",
      "provider": "provider[\"registry.terraform.io/integrations/github\"].kubewarden",
      "instances": [
        {
          "index_key": 0,
          "schema_version": 0,
          "attributes": {
            "etag": "W/\"7549c794a66c2859b4b7cf3e3881ba64e4549ada25a6a075f22cf9934acea2ea\"",
            "id": "4972867:policy-sdk-dotnet",
            "permission": "push",
            "repository": "policy-sdk-dotnet",
            "team_id": "4972867"
          },
          "sensitive_attributes": [],
          "private": "bnVsbA==",
          "dependencies": [
            "data.github_team.kubewarden_developers",
            "module.policy_sdk_repository_dotnet.github_repository.main"
          ]
        }
      ]
    },
    {
      "module": "module.policy_sdk_repository_go",
      "mode": "managed",
      "type": "github_repository",
      "name": "main",
      "provider": "provider[\"registry.terraform.io/integrations/github\"].kubewarden",
      "instances": [
        {
          "schema_version": 0,
          "attributes": {
            "allow_auto_merge": false,
            "allow_merge_commit": true,
            "allow_rebase_merge": true,
            "allow_squash_merge": true,
            "archive_on_destroy": null,
            "archived": false,
            "auto_init": false,
            "branches": [
              {
                "name": "main",
                "protected": false
              }
            ],
            "default_branch": "main",
            "delete_branch_on_merge": false,
            "description": "Kubewarden Policy SDK for the Go programming language",
            "etag": "W/\"5e6ccad8a139f82603ee4ea9935fd7731f57b95f5f3354eb1b2483478f352738\"",
            "full_name": "kubewarden/policy-sdk-go",
            "git_clone_url": "git://github.com/kubewarden/policy-sdk-go.git",
            "gitignore_template": null,
            "has_downloads": true,
            "has_issues": true,
            "has_projects": false,
            "has_wiki": true,
            "homepage_url": "https://kubewarden.io",
            "html_url": "https://github.com/kubewarden/policy-sdk-go",
            "http_clone_url": "https://github.com/kubewarden/policy-sdk-go.git",
            "id": "policy-sdk-go",
            "ignore_vulnerability_alerts_during_read": null,
            "is_template": false,
            "license_template": null,
            "merge_commit_message": "PR_TITLE",
            "merge_commit_title": "MERGE_MESSAGE",
            "name": "policy-sdk-go",
            "node_id": "MDEwOlJlcG9zaXRvcnkzNDk0MjE4NzQ=",
            "pages": [],
            "private": false,
            "repo_id": 349421874,
            "squash_merge_commit_message": "COMMIT_MESSAGES",
            "squash_merge_commit_title": "COMMIT_OR_PR_TITLE",
            "ssh_clone_url": "git@github.com:kubewarden/policy-sdk-go.git",
            "svn_url": "https://github.com/kubewarden/policy-sdk-go",
            "template": [],
            "topics": [
              "go",
              "hacktoberfest",
              "kubernetes",
              "kubernetes-security",
              "kubewarden-policy-sdk",
              "policy-as-code",
              "tinygo",
              "webassembly"
            ],
            "visibility": "public",
            "vulnerability_alerts": true
          },
          "sensitive_attributes": [],
          "private": "bnVsbA=="
        }
      ]
    },
    {
      "module": "module.policy_sdk_repository_go",
      "mode": "managed",
      "type": "github_team_repository",
      "name": "gh_team_push_rights",
      "provider": "provider[\"registry.terraform.io/integrations/github\"].kubewarden",
      "instances": [
        {
          "index_key": 0,
          "schema_version": 0,
          "attributes": {
            "etag": "W/\"557361e0824e508023e12ea23840c7237f6fa0030401bb8804b81df1482ed129\"",
            "id": "4972867:policy-sdk-go",
            "permission": "push",
            "repository": "policy-sdk-go",
            "team_id": "4972867"
          },
          "sensitive_attributes": [],
          "private": "bnVsbA==",
          "dependencies": [
            "data.github_team.kubewarden_developers",
            "module.policy_sdk_repository_go.github_repository.main"
          ]
        }
      ]
    },
    {
      "module": "module.policy_sdk_repository_rust",
      "mode": "managed",
      "type": "github_repository",
      "name": "main",
      "provider": "provider[\"registry.terraform.io/integrations/github\"].kubewarden",
      "instances": [
        {
          "schema_version": 0,
          "attributes": {
            "allow_auto_merge": false,
            "allow_merge_commit": true,
            "allow_rebase_merge": true,
            "allow_squash_merge": true,
            "archive_on_destroy": null,
            "archived": false,
            "auto_init": false,
            "branches": [
              {
                "name": "main",
                "protected": false
              },
              {
                "name": "sigstore_container_verification",
                "protected": false
              },
              {
                "name": "sigstore_wasm_guest",
                "protected": false
              }
            ],
            "default_branch": "main",
            "delete_branch_on_merge": false,
            "description": "Kubewarden Policy SDK for the Rust programming language",
            "etag": "W/\"16308d75d2a46217e2526d89f6d1eee25d41d9ec719f85a81fceff70855109ec\"",
            "full_name": "kubewarden/policy-sdk-rust",
            "git_clone_url": "git://github.com/kubewarden/policy-sdk-rust.git",
            "gitignore_template": null,
            "has_downloads": true,
            "has_issues": true,
            "has_projects": false,
            "has_wiki": true,
            "homepage_url": "https://kubewarden.io",
            "html_url": "https://github.com/kubewarden/policy-sdk-rust",
            "http_clone_url": "https://github.com/kubewarden/policy-sdk-rust.git",
            "id": "policy-sdk-rust",
            "ignore_vulnerability_alerts_during_read": null,
            "is_template": false,
            "license_template": null,
            "merge_commit_message": "PR_TITLE",
            "merge_commit_title": "MERGE_MESSAGE",
            "name": "policy-sdk-rust",
            "node_id": "MDEwOlJlcG9zaXRvcnkzNDY3MjE1OTY=",
            "pages": [],
            "private": false,
            "repo_id": 346721596,
            "squash_merge_commit_message": "COMMIT_MESSAGES",
            "squash_merge_commit_title": "COMMIT_OR_PR_TITLE",
            "ssh_clone_url": "git@github.com:kubewarden/policy-sdk-rust.git",
            "svn_url": "https://github.com/kubewarden/policy-sdk-rust",
            "template": [],
            "topics": [
              "hacktoberfest",
              "kubernetes",
              "kubernetes-security",
              "kubewarden-policy-sdk",
              "policy-as-code",
              "rust",
              "rust-language",
              "webassembly"
            ],
            "visibility": "public",
            "vulnerability_alerts": true
          },
          "sensitive_attributes": [],
          "private": "bnVsbA=="
        }
      ]
    },
    {
      "module": "module.policy_sdk_repository_rust",
      "mode": "managed",
      "type": "github_team_repository",
      "name": "gh_team_push_rights",
      "provider": "provider[\"registry.terraform.io/integrations/github\"].kubewarden",
      "instances": [
        {
          "index_key": 0,
          "schema_version": 0,
          "attributes": {
            "etag": "W/\"257acc64703e34fb3804907a2c8e6218cb05f4baa4f3073380135b52f13a6a13\"",
            "id": "4972867:policy-sdk-rust",
            "permission": "push",
            "repository": "policy-sdk-rust",
            "team_id": "4972867"
          },
          "sensitive_attributes": [],
          "private": "bnVsbA==",
          "dependencies": [
            "data.github_team.kubewarden_developers",
            "module.policy_sdk_repository_rust.github_repository.main"
          ]
        }
      ]
    },
    {
      "module": "module.policy_sdk_repository_swift",
      "mode": "managed",
      "type": "github_repository",
      "name": "main",
      "provider": "provider[\"registry.terraform.io/integrations/github\"].kubewarden",
      "instances": [
        {
          "schema_version": 0,
          "attributes": {
            "allow_auto_merge": false,
            "allow_merge_commit": true,
            "allow_rebase_merge": true,
            "allow_squash_merge": true,
            "archive_on_destroy": null,
            "archived": false,
            "auto_init": false,
            "branches": [
              {
                "name": "gh-pages",
                "protected": false
              },
              {
                "name": "main",
                "protected": false
              }
            ],
            "default_branch": "main",
            "delete_branch_on_merge": false,
            "description": "Kubewarden Policy SDK for the Swift programming language",
            "etag": "W/\"ccaab167b263b849456671e062a2aae9bb4ffaf464ce6fa58536d23da00faab8\"",
            "full_name": "kubewarden/policy-sdk-swift",
            "git_clone_url": "git://github.com/kubewarden/policy-sdk-swift.git",
            "gitignore_template": null,
            "has_downloads": true,
            "has_issues": true,
            "has_projects": false,
            "has_wiki": true,
            "homepage_url": "https://kubewarden.github.io/policy-sdk-swift/",
            "html_url": "https://github.com/kubewarden/policy-sdk-swift",
            "http_clone_url": "https://github.com/kubewarden/policy-sdk-swift.git",
            "id": "policy-sdk-swift",
            "ignore_vulnerability_alerts_during_read": null,
            "is_template": false,
            "license_template": null,
            "merge_commit_message": "PR_TITLE",
            "merge_commit_title": "MERGE_MESSAGE",
            "name": "policy-sdk-swift",
            "node_id": "MDEwOlJlcG9zaXRvcnkzNjIwNjY1MTI=",
            "pages": [
              {
                "cname": "",
                "custom_404": false,
                "html_url": "https://kubewarden.github.io/policy-sdk-swift/",
                "source": [
                  {
                    "branch": "gh-pages",
                    "path": "/"
                  }
                ],
                "status": "built",
                "url": "https://api.github.com/repos/kubewarden/policy-sdk-swift/pages"
              }
            ],
            "private": false,
            "repo_id": 362066512,
            "squash_merge_commit_message": "COMMIT_MESSAGES",
            "squash_merge_commit_title": "COMMIT_OR_PR_TITLE",
            "ssh_clone_url": "git@github.com:kubewarden/policy-sdk-swift.git",
            "svn_url": "https://github.com/kubewarden/policy-sdk-swift",
            "template": [],
            "topics": [
              "hacktoberfest",
              "kubernetes",
              "kubernetes-security",
              "kubewarden-policy-sdk",
              "policy-as-code",
              "swift",
              "webassembly"
            ],
            "visibility": "public",
            "vulnerability_alerts": true
          },
          "sensitive_attributes": [],
          "private": "bnVsbA=="
        }
      ]
    },
    {
      "module": "module.policy_sdk_repository_swift",
      "mode": "managed",
      "type": "github_team_repository",
      "name": "gh_team_push_rights",
      "provider": "provider[\"registry.terraform.io/integrations/github\"].kubewarden",
      "instances": [
        {
          "index_key": 0,
          "schema_version": 0,
          "attributes": {
            "etag": "W/\"4af0c08cfe8ff832fd7a7c0d1e2b05666ddf93aedaa761db82365cabe4944465\"",
            "id": "4972867:policy-sdk-swift",
            "permission": "push",
            "repository": "policy-sdk-swift",
            "team_id": "4972867"
          },
          "sensitive_attributes": [],
          "private": "bnVsbA==",
          "dependencies": [
            "data.github_team.kubewarden_developers",
            "module.policy_sdk_repository_swift.github_repository.main"
          ]
        }
      ]
    },
    {
      "module": "module.policy_template_repository_gatekeeper",
      "mode": "managed",
      "type": "github_repository",
      "name": "main",
      "provider": "provider[\"registry.terraform.io/integrations/github\"].kubewarden",
      "instances": [
        {
          "schema_version": 0,
          "attributes": {
            "allow_auto_merge": false,
            "allow_merge_commit": true,
            "allow_rebase_merge": true,
            "allow_squash_merge": true,
            "archive_on_destroy": null,
            "archived": false,
            "auto_init": false,
            "branches": [
              {
                "name": "main",
                "protected": false
              }
            ],
            "default_branch": "main",
            "delete_branch_on_merge": false,
            "description": "A template repository to quickly port a Gatekeeper policy to Kubewarden",
            "etag": "W/\"9f63e5bd69a47955026049f12ccf33cf0e8e3c854d5a39d47f2ca3b5749131dc\"",
            "full_name": "kubewarden/gatekeeper-policy-template",
            "git_clone_url": "git://github.com/kubewarden/gatekeeper-policy-template.git",
            "gitignore_template": null,
            "has_downloads": false,
            "has_issues": true,
            "has_projects": false,
            "has_wiki": true,
            "homepage_url": "https://kubewarden.io",
            "html_url": "https://github.com/kubewarden/gatekeeper-policy-template",
            "http_clone_url": "https://github.com/kubewarden/gatekeeper-policy-template.git",
            "id": "gatekeeper-policy-template",
            "ignore_vulnerability_alerts_during_read": null,
            "is_template": true,
            "license_template": null,
            "merge_commit_message": "PR_TITLE",
            "merge_commit_title": "MERGE_MESSAGE",
            "name": "gatekeeper-policy-template",
            "node_id": "R_kgDOGGRO1w",
            "pages": [],
            "private": false,
            "repo_id": 409226967,
            "squash_merge_commit_message": "COMMIT_MESSAGES",
            "squash_merge_commit_title": "COMMIT_OR_PR_TITLE",
            "ssh_clone_url": "git@github.com:kubewarden/gatekeeper-policy-template.git",
            "svn_url": "https://github.com/kubewarden/gatekeeper-policy-template",
            "template": [],
            "topics": [
              "gatekeeper",
              "gatekeeper-policies",
              "gatekeeper-v2",
              "hacktoberfest",
              "kubernetes",
              "kubernetes-security",
              "kubewarden-policy-template",
              "policy-as-code",
              "rego",
              "webassembly"
            ],
            "visibility": "public",
            "vulnerability_alerts": true
          },
          "sensitive_attributes": [],
          "private": "bnVsbA=="
        }
      ]
    },
    {
      "module": "module.policy_template_repository_gatekeeper",
      "mode": "managed",
      "type": "github_team_repository",
      "name": "gh_team_push_rights",
      "provider": "provider[\"registry.terraform.io/integrations/github\"].kubewarden",
      "instances": [
        {
          "index_key": 0,
          "schema_version": 0,
          "attributes": {
            "etag": "W/\"b5521f4d0b3a22243121bc38dcf15beecd9f598cc756c98aca489eb8f9e24aaa\"",
            "id": "4972867:gatekeeper-policy-template",
            "permission": "push",
            "repository": "gatekeeper-policy-template",
            "team_id": "4972867"
          },
          "sensitive_attributes": [],
          "private": "bnVsbA==",
          "dependencies": [
            "data.github_team.kubewarden_developers",
            "module.policy_template_repository_gatekeeper.github_repository.main"
          ]
        }
      ]
    },
    {
      "module": "module.policy_template_repository_go",
      "mode": "managed",
      "type": "github_repository",
      "name": "main",
      "provider": "provider[\"registry.terraform.io/integrations/github\"].kubewarden",
      "instances": [
        {
          "schema_version": 0,
          "attributes": {
            "allow_auto_merge": false,
            "allow_merge_commit": true,
            "allow_rebase_merge": true,
            "allow_squash_merge": true,
            "archive_on_destroy": null,
            "archived": false,
            "auto_init": false,
            "branches": [
              {
                "name": "main",
                "protected": false
              },
              {
                "name": "reusable-workflows",
                "protected": false
              }
            ],
            "default_branch": "main",
            "delete_branch_on_merge": false,
            "description": "A template repository to quickly scaffold a Kubewarden policy written with Go language",
            "etag": "W/\"e2ab6452a55e6c7be7dbb91c23c671fa6dc8a52292f840b4da2bf2e68516ae94\"",
            "full_name": "kubewarden/go-policy-template",
            "git_clone_url": "git://github.com/kubewarden/go-policy-template.git",
            "gitignore_template": null,
            "has_downloads": false,
            "has_issues": true,
            "has_projects": false,
            "has_wiki": true,
            "homepage_url": "https://kubewarden.io",
            "html_url": "https://github.com/kubewarden/go-policy-template",
            "http_clone_url": "https://github.com/kubewarden/go-policy-template.git",
            "id": "go-policy-template",
            "ignore_vulnerability_alerts_during_read": null,
            "is_template": true,
            "license_template": null,
            "merge_commit_message": "PR_TITLE",
            "merge_commit_title": "MERGE_MESSAGE",
            "name": "go-policy-template",
            "node_id": "MDEwOlJlcG9zaXRvcnkzNTcxMjI2NzU=",
            "pages": [],
            "private": false,
            "repo_id": 357122675,
            "squash_merge_commit_message": "COMMIT_MESSAGES",
            "squash_merge_commit_title": "COMMIT_OR_PR_TITLE",
            "ssh_clone_url": "git@github.com:kubewarden/go-policy-template.git",
            "svn_url": "https://github.com/kubewarden/go-policy-template",
            "template": [],
            "topics": [
              "go",
              "golang",
              "hacktoberfest",
              "kubernetes",
              "kubernetes-security",
              "kubewarden-policy-template",
              "policy-as-code",
              "webassembly"
            ],
            "visibility": "public",
            "vulnerability_alerts": true
          },
          "sensitive_attributes": [],
          "private": "bnVsbA=="
        }
      ]
    },
    {
      "module": "module.policy_template_repository_go",
      "mode": "managed",
      "type": "github_team_repository",
      "name": "gh_team_push_rights",
      "provider": "provider[\"registry.terraform.io/integrations/github\"].kubewarden",
      "instances": [
        {
          "index_key": 0,
          "schema_version": 0,
          "attributes": {
            "etag": "W/\"3fe3294ef5fc7ce3192ad5a01305bb12d3e7ad4e7f19f74ec87be7f770f23d0e\"",
            "id": "4972867:go-policy-template",
            "permission": "push",
            "repository": "go-policy-template",
            "team_id": "4972867"
          },
          "sensitive_attributes": [],
          "private": "bnVsbA==",
          "dependencies": [
            "data.github_team.kubewarden_developers",
            "module.policy_template_repository_go.github_repository.main"
          ]
        }
      ]
    },
    {
      "module": "module.policy_template_repository_opa",
      "mode": "managed",
      "type": "github_repository",
      "name": "main",
      "provider": "provider[\"registry.terraform.io/integrations/github\"].kubewarden",
      "instances": [
        {
          "schema_version": 0,
          "attributes": {
            "allow_auto_merge": false,
            "allow_merge_commit": true,
            "allow_rebase_merge": true,
            "allow_squash_merge": true,
            "archive_on_destroy": null,
            "archived": false,
            "auto_init": false,
            "branches": [
              {
                "name": "main",
                "protected": false
              }
            ],
            "default_branch": "main",
            "delete_branch_on_merge": false,
            "description": "A template repository to quickly port a Open Policy Agent policy to Kubewarden",
            "etag": "W/\"baeae393903af461a39a42f2f81a2ec632733e0ec66d51b9fc29425654fd36c2\"",
            "full_name": "kubewarden/opa-policy-template",
            "git_clone_url": "git://github.com/kubewarden/opa-policy-template.git",
            "gitignore_template": null,
            "has_downloads": false,
            "has_issues": true,
            "has_projects": false,
            "has_wiki": true,
            "homepage_url": "https://kubewarden.io",
            "html_url": "https://github.com/kubewarden/opa-policy-template",
            "http_clone_url": "https://github.com/kubewarden/opa-policy-template.git",
            "id": "opa-policy-template",
            "ignore_vulnerability_alerts_during_read": null,
            "is_template": true,
            "license_template": null,
            "merge_commit_message": "PR_TITLE",
            "merge_commit_title": "MERGE_MESSAGE",
            "name": "opa-policy-template",
            "node_id": "R_kgDOGF4h6g",
            "pages": [],
            "private": false,
            "repo_id": 408822250,
            "squash_merge_commit_message": "COMMIT_MESSAGES",
            "squash_merge_commit_title": "COMMIT_OR_PR_TITLE",
            "ssh_clone_url": "git@github.com:kubewarden/opa-policy-template.git",
            "svn_url": "https://github.com/kubewarden/opa-policy-template",
            "template": [],
            "topics": [
              "hacktoberfest",
              "kubernetes",
              "kubernetes-security",
              "kubewarden-policy-template",
              "opa",
              "open-policy-agent",
              "openpolicyagent",
              "policy-as-code",
              "webassembly"
            ],
            "visibility": "public",
            "vulnerability_alerts": true
          },
          "sensitive_attributes": [],
          "private": "bnVsbA=="
        }
      ]
    },
    {
      "module": "module.policy_template_repository_opa",
      "mode": "managed",
      "type": "github_team_repository",
      "name": "gh_team_push_rights",
      "provider": "provider[\"registry.terraform.io/integrations/github\"].kubewarden",
      "instances": [
        {
          "index_key": 0,
          "schema_version": 0,
          "attributes": {
            "etag": "W/\"48aca04075ebd56f0b768f4d462ea53a8aae5e76bb5b30c6f5291c2048f268a6\"",
            "id": "4972867:opa-policy-template",
            "permission": "push",
            "repository": "opa-policy-template",
            "team_id": "4972867"
          },
          "sensitive_attributes": [],
          "private": "bnVsbA==",
          "dependencies": [
            "data.github_team.kubewarden_developers",
            "module.policy_template_repository_opa.github_repository.main"
          ]
        }
      ]
    },
    {
      "module": "module.policy_template_repository_rust",
      "mode": "managed",
      "type": "github_repository",
      "name": "main",
      "provider": "provider[\"registry.terraform.io/integrations/github\"].kubewarden",
      "instances": [
        {
          "schema_version": 0,
          "attributes": {
            "allow_auto_merge": false,
            "allow_merge_commit": true,
            "allow_rebase_merge": true,
            "allow_squash_merge": true,
            "archive_on_destroy": null,
            "archived": false,
            "auto_init": false,
            "branches": [
              {
                "name": "main",
                "protected": false
              }
            ],
            "default_branch": "main",
            "delete_branch_on_merge": false,
            "description": "A Kubewarden rust policy template to be used with cargo-generate",
            "etag": "W/\"abe91b7b1c3a687e03f4cf20de405a5cd1ca12b2313ac57db892bd6fa7a2b2f0\"",
            "full_name": "kubewarden/rust-policy-template",
            "git_clone_url": "git://github.com/kubewarden/rust-policy-template.git",
            "gitignore_template": null,
            "has_downloads": false,
            "has_issues": true,
            "has_projects": false,
            "has_wiki": true,
            "homepage_url": "https://kubewarden.io",
            "html_url": "https://github.com/kubewarden/rust-policy-template",
            "http_clone_url": "https://github.com/kubewarden/rust-policy-template.git",
            "id": "rust-policy-template",
            "ignore_vulnerability_alerts_during_read": null,
            "is_template": false,
            "license_template": null,
            "merge_commit_message": "PR_TITLE",
            "merge_commit_title": "MERGE_MESSAGE",
            "name": "rust-policy-template",
            "node_id": "MDEwOlJlcG9zaXRvcnkzNTUxNjYyMDg=",
            "pages": [],
            "private": false,
            "repo_id": 355166208,
            "squash_merge_commit_message": "COMMIT_MESSAGES",
            "squash_merge_commit_title": "COMMIT_OR_PR_TITLE",
            "ssh_clone_url": "git@github.com:kubewarden/rust-policy-template.git",
            "svn_url": "https://github.com/kubewarden/rust-policy-template",
            "template": [],
            "topics": [
              "hacktoberfest",
              "kubernetes",
              "kubernetes-security",
              "kubewarden-policy-template",
              "policy-as-code",
              "rust",
              "webassembly"
            ],
            "visibility": "public",
            "vulnerability_alerts": true
          },
          "sensitive_attributes": [],
          "private": "bnVsbA=="
        }
      ]
    },
    {
      "module": "module.policy_template_repository_rust",
      "mode": "managed",
      "type": "github_team_repository",
      "name": "gh_team_push_rights",
      "provider": "provider[\"registry.terraform.io/integrations/github\"].kubewarden",
      "instances": [
        {
          "index_key": 0,
          "schema_version": 0,
          "attributes": {
            "etag": "W/\"c2b7a2d4d6e6f11c8db2637ae971b48baaec56f9a66f8e7b2ae346ff90c878b6\"",
            "id": "4972867:rust-policy-template",
            "permission": "push",
            "repository": "rust-policy-template",
            "team_id": "4972867"
          },
          "sensitive_attributes": [],
          "private": "bnVsbA==",
          "dependencies": [
            "data.github_team.kubewarden_developers",
            "module.policy_template_repository_rust.github_repository.main"
          ]
        }
      ]
    },
    {
      "module": "module.policy_template_repository_swift",
      "mode": "managed",
      "type": "github_repository",
      "name": "main",
      "provider": "provider[\"registry.terraform.io/integrations/github\"].kubewarden",
      "instances": [
        {
          "schema_version": 0,
          "attributes": {
            "allow_auto_merge": false,
            "allow_merge_commit": true,
            "allow_rebase_merge": true,
            "allow_squash_merge": true,
            "archive_on_destroy": null,
            "archived": false,
            "auto_init": false,
            "branches": [
              {
                "name": "main",
                "protected": false
              }
            ],
            "default_branch": "main",
            "delete_branch_on_merge": false,
            "description": "A template repository to quickly scaffold a Kubewarden policy written with Swift language",
            "etag": "W/\"e9ec51afcaaef926697d567d936c0a46389a3d926656b88852719bc98f48f5f9\"",
            "full_name": "kubewarden/swift-policy-template",
            "git_clone_url": "git://github.com/kubewarden/swift-policy-template.git",
            "gitignore_template": null,
            "has_downloads": false,
            "has_issues": true,
            "has_projects": false,
            "has_wiki": true,
            "homepage_url": "https://kubewarden.io",
            "html_url": "https://github.com/kubewarden/swift-policy-template",
            "http_clone_url": "https://github.com/kubewarden/swift-policy-template.git",
            "id": "swift-policy-template",
            "ignore_vulnerability_alerts_during_read": null,
            "is_template": true,
            "license_template": null,
            "merge_commit_message": "PR_TITLE",
            "merge_commit_title": "MERGE_MESSAGE",
            "name": "swift-policy-template",
            "node_id": "MDEwOlJlcG9zaXRvcnkzOTQyNTEzMjI=",
            "pages": [],
            "private": false,
            "repo_id": 394251322,
            "squash_merge_commit_message": "COMMIT_MESSAGES",
            "squash_merge_commit_title": "COMMIT_OR_PR_TITLE",
            "ssh_clone_url": "git@github.com:kubewarden/swift-policy-template.git",
            "svn_url": "https://github.com/kubewarden/swift-policy-template",
            "template": [],
            "topics": [
              "hacktoberfest",
              "kubernetes",
              "kubernetes-security",
              "kubewarden-policy-template",
              "policy-as-code",
              "swift",
              "webassembly"
            ],
            "visibility": "public",
            "vulnerability_alerts": true
          },
          "sensitive_attributes": [],
          "private": "bnVsbA=="
        }
      ]
    },
    {
      "module": "module.policy_template_repository_swift",
      "mode": "managed",
      "type": "github_team_repository",
      "name": "gh_team_push_rights",
      "provider": "provider[\"registry.terraform.io/integrations/github\"].kubewarden",
      "instances": [
        {
          "index_key": 0,
          "schema_version": 0,
          "attributes": {
            "etag": "W/\"39724ce474069ad96983e9fe91d2157596bd7f79d79a8c863ce200d4722875d5\"",
            "id": "4972867:swift-policy-template",
            "permission": "push",
            "repository": "swift-policy-template",
            "team_id": "4972867"
          },
          "sensitive_attributes": [],
          "private": "bnVsbA==",
          "dependencies": [
            "module.policy_template_repository_swift.github_repository.main",
            "data.github_team.kubewarden_developers"
          ]
        }
      ]
    }
  ]
}
