{
  "version": 4,
  "terraform_version": "1.5.7",
  "serial": 1818,
  "lineage": "9361268e-ae5d-4e6a-09c7-3a886aaffce2",
  "outputs": {},
  "resources": [
    {
      "mode": "data",
      "type": "github_repositories",
      "name": "repos",
      "provider": "provider[\"registry.terraform.io/integrations/github\"]",
      "instances": [
        {
          "schema_version": 0,
          "attributes": {
            "full_names": [
              "kubewarden/helm-charts",
              "kubewarden/kwctl",
              "kubewarden/rancher-kubectl-builder",
              "kubewarden/policy-server",
              "kubewarden/audit-scanner",
              "kubewarden/rego-policies-library",
              "kubewarden/fleet-example",
              "kubewarden/cel-policy",
              "kubewarden/trusted-repos-policy",
              "kubewarden/namespace-label-propagator-policy",
              "kubewarden/pod-ndots-policy",
              "kubewarden/allowed-fsgroups-psp-policy",
              "kubewarden/kubewarden.io",
              "kubewarden/verify-image-signatures",
              "kubewarden/policy-sdk-go",
              "kubewarden/apparmor-psp-policy",
              "kubewarden/host-namespaces-psp-policy",
              "kubewarden/raw-validation-policy",
              "kubewarden/seccomp-psp-policy",
              "kubewarden/context-aware-test-policy",
              "kubewarden/rancher-project-propagate-labels",
              "kubewarden/pod-runtime-class-policy",
              "kubewarden/allowed-proc-mount-types-psp-policy",
              "kubewarden/image-cve-policy",
              "kubewarden/deprecated-api-versions-policy",
              "kubewarden/unique-service-selector-policy",
              "kubewarden/user-group-psp-policy",
              "kubewarden/persistentvolumeclaim-storageclass-policy",
              "kubewarden/kubewarden-controller",
              "kubewarden/volumeMounts-policy",
              "kubewarden/echo",
              "kubewarden/sleeping-policy",
              "kubewarden/readonly-root-filesystem-psp-policy",
              "kubewarden/selinux-psp-policy",
              "kubewarden/share-pid-namespace-policy",
              "kubewarden/context-aware-demo",
              "kubewarden/env-variable-secrets-scanner-policy",
              "kubewarden/allow-privilege-escalation-psp-policy",
              "kubewarden/flexvolume-drivers-psp-policy",
              "kubewarden/capabilities-psp-policy",
              "kubewarden/kubewarden-end-to-end-tests",
              "kubewarden/policy-evaluator",
              "kubewarden/policy-fetcher",
              "kubewarden/docs",
              "kubewarden/gostubpkg",
              "kubewarden/strfmt",
              "kubewarden/k8s-objects-generator",
              "kubewarden/pod-privileged-policy",
              "kubewarden/go-policy-template",
              "kubewarden/ingress-policy",
              "kubewarden/safe-labels-policy",
              "kubewarden/safe-annotations-policy",
              "kubewarden/raw-mutation-policy",
              "kubewarden/volumes-psp-policy",
              "kubewarden/container-resources-policy",
              "kubewarden/hostpaths-psp-policy",
              "kubewarden/sysctl-psp-policy",
              "kubewarden/rancher-project-quotas-namespace-validator",
              "kubewarden/disallow-service-loadbalancer-policy",
              "kubewarden/go-wasi-context-aware-test-policy",
              "kubewarden/raw-validation-wasi-policy",
              "kubewarden/raw-mutation-wasi-policy",
              "kubewarden/go-wasi-policy-template",
              "kubewarden/load-testing",
              "kubewarden/policy-sdk-swift",
              "kubewarden/community",
              "kubewarden/policy-sdk-dotnet",
              "kubewarden/automation",
              "kubewarden/.github",
              "kubewarden/policy-sdk-rust",
              "kubewarden/github-actions",
              "kubewarden/psa-label-enforcer-policy",
              "kubewarden/raw-validation-opa-policy",
              "kubewarden/opa-policy-template",
              "kubewarden/rust-policy-template",
              "kubewarden/environment-variable-policy",
              "kubewarden/disallow-service-nodeport-policy",
              "kubewarden/gatekeeper-policy-template",
              "kubewarden/unique-ingress-policy",
              "kubewarden/kyverno-dsl-policy",
              "kubewarden/rfc",
              "kubewarden/kubecon-24-eu-kubewarden",
              "kubewarden/swift-policy-template",
              "kubewarden/dotnet-policy-template",
              "kubewarden/utils",
              "kubewarden/k8s-objects",
              "kubewarden/context-aware-test-gatekeeper-policy",
              "kubewarden/context-aware-test-opa-policy",
              "kubewarden/swift-wasm-runner",
              "kubewarden/kubewarden-stats",
              "kubewarden/policy-hub",
              "kubewarden/infra",
              "kubewarden/setup-kubewarden-cluster-action",
              "kubewarden/notify-policy-hub",
              "kubewarden/burrego"
            ],
            "id": "org:kubewarden",
            "include_repo_id": false,
            "names": [
              "helm-charts",
              "kwctl",
              "rancher-kubectl-builder",
              "policy-server",
              "audit-scanner",
              "rego-policies-library",
              "fleet-example",
              "cel-policy",
              "trusted-repos-policy",
              "namespace-label-propagator-policy",
              "pod-ndots-policy",
              "allowed-fsgroups-psp-policy",
              "kubewarden.io",
              "verify-image-signatures",
              "policy-sdk-go",
              "apparmor-psp-policy",
              "host-namespaces-psp-policy",
              "raw-validation-policy",
              "seccomp-psp-policy",
              "context-aware-test-policy",
              "rancher-project-propagate-labels",
              "pod-runtime-class-policy",
              "allowed-proc-mount-types-psp-policy",
              "image-cve-policy",
              "deprecated-api-versions-policy",
              "unique-service-selector-policy",
              "user-group-psp-policy",
              "persistentvolumeclaim-storageclass-policy",
              "kubewarden-controller",
              "volumeMounts-policy",
              "echo",
              "sleeping-policy",
              "readonly-root-filesystem-psp-policy",
              "selinux-psp-policy",
              "share-pid-namespace-policy",
              "context-aware-demo",
              "env-variable-secrets-scanner-policy",
              "allow-privilege-escalation-psp-policy",
              "flexvolume-drivers-psp-policy",
              "capabilities-psp-policy",
              "kubewarden-end-to-end-tests",
              "policy-evaluator",
              "policy-fetcher",
              "docs",
              "gostubpkg",
              "strfmt",
              "k8s-objects-generator",
              "pod-privileged-policy",
              "go-policy-template",
              "ingress-policy",
              "safe-labels-policy",
              "safe-annotations-policy",
              "raw-mutation-policy",
              "volumes-psp-policy",
              "container-resources-policy",
              "hostpaths-psp-policy",
              "sysctl-psp-policy",
              "rancher-project-quotas-namespace-validator",
              "disallow-service-loadbalancer-policy",
              "go-wasi-context-aware-test-policy",
              "raw-validation-wasi-policy",
              "raw-mutation-wasi-policy",
              "go-wasi-policy-template",
              "load-testing",
              "policy-sdk-swift",
              "community",
              "policy-sdk-dotnet",
              "automation",
              ".github",
              "policy-sdk-rust",
              "github-actions",
              "psa-label-enforcer-policy",
              "raw-validation-opa-policy",
              "opa-policy-template",
              "rust-policy-template",
              "environment-variable-policy",
              "disallow-service-nodeport-policy",
              "gatekeeper-policy-template",
              "unique-ingress-policy",
              "kyverno-dsl-policy",
              "rfc",
              "kubecon-24-eu-kubewarden",
              "swift-policy-template",
              "dotnet-policy-template",
              "utils",
              "k8s-objects",
              "context-aware-test-gatekeeper-policy",
              "context-aware-test-opa-policy",
              "swift-wasm-runner",
              "kubewarden-stats",
              "policy-hub",
              "infra",
              "setup-kubewarden-cluster-action",
              "notify-policy-hub",
              "burrego"
            ],
            "query": "org:kubewarden",
            "repo_ids": null,
            "results_per_page": 100,
            "sort": "updated"
          },
          "sensitive_attributes": []
        }
      ]
    },
    {
      "mode": "data",
      "type": "github_team",
      "name": "kubewarden_developers",
      "provider": "provider[\"registry.terraform.io/integrations/github\"].kubewarden",
      "instances": [
        {
          "schema_version": 0,
          "attributes": {
            "description": "Kubewarden developers",
            "id": "4972867",
            "members": [
              "ereslibre",
              "flavio",
              "kravciak",
              "fabriziosestito",
              "jvanz",
              "viccuad",
              "olblak",
              "prabalsharma",
              "raulcabello",
              "ncounter",
              "robertsirc",
              "jordojordo",
              "aalves08"
            ],
            "membership_type": "all",
            "name": "kubewarden-developers",
            "node_id": "T_kwDOBNKsKc4AS-FD",
            "permission": "pull",
            "privacy": "closed",
            "repositories": [
              ".github",
              "allow-privilege-escalation-psp-policy",
              "allowed-fsgroups-psp-policy",
              "allowed-proc-mount-types-psp-policy",
              "apparmor-psp-policy",
              "audit-scanner",
              "automation",
              "burrego",
              "capabilities-psp-policy",
              "cel-policy",
              "community",
              "container-resources-policy",
              "context-aware-demo",
              "context-aware-test-gatekeeper-policy",
              "context-aware-test-opa-policy",
              "context-aware-test-policy",
              "deprecated-api-versions-policy",
              "disallow-service-loadbalancer-policy",
              "disallow-service-nodeport-policy",
              "docs",
              "dotnet-policy-template",
              "echo",
              "env-variable-secrets-scanner-policy",
              "environment-variable-policy",
              "fleet-example",
              "flexvolume-drivers-psp-policy",
              "gatekeeper-policy-template",
              "github-actions",
              "gjson",
              "go-policy-template",
              "go-wasi-context-aware-test-policy",
              "go-wasi-policy-template",
              "gostubpkg",
              "helm-charts",
              "host-namespaces-psp-policy",
              "hostpaths-psp-policy",
              "image-cve-policy",
              "infra",
              "ingress-policy",
              "k8s-objects",
              "k8s-objects-generator",
              "kube-webhook-wrapper",
              "kubecon-24-eu-kubewarden",
              "kubewarden-controller",
              "kubewarden-end-to-end-tests",
              "kubewarden-stats",
              "kubewarden-ui",
              "kubewarden.io",
              "kwctl",
              "kyverno-dsl-policy",
              "load-testing",
              "namespace-label-propagator-policy",
              "notify-policy-hub",
              "opa-policy-template",
              "persistentvolumeclaim-storageclass-policy",
              "pod-ndots-policy",
              "pod-privileged-policy",
              "pod-runtime-class-policy",
              "policy-evaluator",
              "policy-fetcher",
              "policy-hub",
              "policy-sdk-dotnet",
              "policy-sdk-go",
              "policy-sdk-rust",
              "policy-sdk-swift",
              "policy-server",
              "psa-label-enforcer-policy",
              "rancher-kubectl-builder",
              "rancher-project-propagate-labels",
              "rancher-project-quotas-namespace-validator",
              "raw-mutation-policy",
              "raw-mutation-wasi-policy",
              "raw-validation-opa-policy",
              "raw-validation-policy",
              "raw-validation-wasi-policy",
              "readonly-root-filesystem-psp-policy",
              "rego-policies-library",
              "rfc",
              "rust-policy-template",
              "safe-annotations-policy",
              "safe-labels-policy",
              "seccomp-psp-policy",
              "selinux-psp-policy",
              "setup-kubewarden-cluster-action",
              "share-pid-namespace-policy",
              "sleeping-policy",
              "strfmt",
              "swift-policy-template",
              "swift-wasm-runner",
              "sysctl-psp-policy",
              "trusted-repos-policy",
              "unique-ingress-policy",
              "unique-service-selector-policy",
              "user-group-psp-policy",
              "utils",
              "verify-image-signatures",
              "volumeMounts-policy",
              "volumes-psp-policy"
            ],
            "repositories_detailed": [
              {
                "repo_id": 432951117,
                "role_name": "write"
              },
              {
                "repo_id": 346726529,
                "role_name": "write"
              },
              {
                "repo_id": 429035213,
                "role_name": "write"
              },
              {
                "repo_id": 428639739,
                "role_name": "write"
              },
              {
                "repo_id": 347146276,
                "role_name": "write"
              },
              {
                "repo_id": 554050550,
                "role_name": "write"
              },
              {
                "repo_id": 388122009,
                "role_name": "maintain"
              },
              {
                "repo_id": 376107875,
                "role_name": "read"
              },
              {
                "repo_id": 349805058,
                "role_name": "write"
              },
              {
                "repo_id": 750809729,
                "role_name": "write"
              },
              {
                "repo_id": 775481381,
                "role_name": "write"
              },
              {
                "repo_id": 741918196,
                "role_name": "write"
              },
              {
                "repo_id": 615255040,
                "role_name": "write"
              },
              {
                "repo_id": 732640297,
                "role_name": "read"
              },
              {
                "repo_id": 732639934,
                "role_name": "read"
              },
              {
                "repo_id": 732614808,
                "role_name": "write"
              },
              {
                "repo_id": 557363598,
                "role_name": "write"
              },
              {
                "repo_id": 409218877,
                "role_name": "write"
              },
              {
                "repo_id": 407485149,
                "role_name": "write"
              },
              {
                "repo_id": 314266235,
                "role_name": "write"
              },
              {
                "repo_id": 721615266,
                "role_name": "write"
              },
              {
                "repo_id": 505908394,
                "role_name": "write"
              },
              {
                "repo_id": 548961187,
                "role_name": "write"
              },
              {
                "repo_id": 551478404,
                "role_name": "write"
              },
              {
                "repo_id": 587342877,
                "role_name": "write"
              },
              {
                "repo_id": 429777711,
                "role_name": "write"
              },
              {
                "repo_id": 409226967,
                "role_name": "write"
              },
              {
                "repo_id": 450109365,
                "role_name": "write"
              },
              {
                "repo_id": 350388295,
                "role_name": "read"
              },
              {
                "repo_id": 357122675,
                "role_name": "write"
              },
              {
                "repo_id": 742391865,
                "role_name": "write"
              },
              {
                "repo_id": 656271150,
                "role_name": "write"
              },
              {
                "repo_id": 700901744,
                "role_name": "write"
              },
              {
                "repo_id": 344100819,
                "role_name": "write"
              },
              {
                "repo_id": 374631243,
                "role_name": "write"
              },
              {
                "repo_id": 392730833,
                "role_name": "write"
              },
              {
                "repo_id": 890830671,
                "role_name": "write"
              },
              {
                "repo_id": 538496768,
                "role_name": "write"
              },
              {
                "repo_id": 349048965,
                "role_name": "write"
              },
              {
                "repo_id": 492171063,
                "role_name": "write"
              },
              {
                "repo_id": 493337799,
                "role_name": "write"
              },
              {
                "repo_id": 678374408,
                "role_name": "write"
              },
              {
                "repo_id": 769185036,
                "role_name": "read"
              },
              {
                "repo_id": 318490971,
                "role_name": "write"
              },
              {
                "repo_id": 433841310,
                "role_name": "write"
              },
              {
                "repo_id": 501989458,
                "role_name": "read"
              },
              {
                "repo_id": 671204207,
                "role_name": "read"
              },
              {
                "repo_id": 314186121,
                "role_name": "write"
              },
              {
                "repo_id": 360471642,
                "role_name": "write"
              },
              {
                "repo_id": 653744462,
                "role_name": "write"
              },
              {
                "repo_id": 387539493,
                "role_name": "write"
              },
              {
                "repo_id": 645692549,
                "role_name": "write"
              },
              {
                "repo_id": 358807820,
                "role_name": "read"
              },
              {
                "repo_id": 408822250,
                "role_name": "write"
              },
              {
                "repo_id": 775481368,
                "role_name": "write"
              },
              {
                "repo_id": 865808685,
                "role_name": "write"
              },
              {
                "repo_id": 317669762,
                "role_name": "write"
              },
              {
                "repo_id": 313974836,
                "role_name": "write"
              },
              {
                "repo_id": 360458724,
                "role_name": "write"
              },
              {
                "repo_id": 360458827,
                "role_name": "write"
              },
              {
                "repo_id": 350240296,
                "role_name": "write"
              },
              {
                "repo_id": 510336802,
                "role_name": "write"
              },
              {
                "repo_id": 349421874,
                "role_name": "write"
              },
              {
                "repo_id": 346721596,
                "role_name": "write"
              },
              {
                "repo_id": 362066512,
                "role_name": "write"
              },
              {
                "repo_id": 321691643,
                "role_name": "write"
              },
              {
                "repo_id": 641965951,
                "role_name": "write"
              },
              {
                "repo_id": 498340468,
                "role_name": "write"
              },
              {
                "repo_id": 624532830,
                "role_name": "write"
              },
              {
                "repo_id": 608281990,
                "role_name": "write"
              },
              {
                "repo_id": 709390449,
                "role_name": "write"
              },
              {
                "repo_id": 709390508,
                "role_name": "write"
              },
              {
                "repo_id": 709390468,
                "role_name": "write"
              },
              {
                "repo_id": 709390488,
                "role_name": "write"
              },
              {
                "repo_id": 709390541,
                "role_name": "write"
              },
              {
                "repo_id": 433373043,
                "role_name": "write"
              },
              {
                "repo_id": 902887748,
                "role_name": "write"
              },
              {
                "repo_id": 467968538,
                "role_name": "write"
              },
              {
                "repo_id": 355166208,
                "role_name": "write"
              },
              {
                "repo_id": 394197071,
                "role_name": "write"
              },
              {
                "repo_id": 357339538,
                "role_name": "write"
              },
              {
                "repo_id": 436305721,
                "role_name": "write"
              },
              {
                "repo_id": 429398743,
                "role_name": "write"
              },
              {
                "repo_id": 433841327,
                "role_name": "write"
              },
              {
                "repo_id": 746697822,
                "role_name": "write"
              },
              {
                "repo_id": 581143300,
                "role_name": "write"
              },
              {
                "repo_id": 491126441,
                "role_name": "write"
              },
              {
                "repo_id": 394251322,
                "role_name": "write"
              },
              {
                "repo_id": 394216381,
                "role_name": "read"
              },
              {
                "repo_id": 391073983,
                "role_name": "write"
              },
              {
                "repo_id": 346742299,
                "role_name": "write"
              },
              {
                "repo_id": 713310475,
                "role_name": "write"
              },
              {
                "repo_id": 747831522,
                "role_name": "write"
              },
              {
                "repo_id": 407209064,
                "role_name": "write"
              },
              {
                "repo_id": 511553735,
                "role_name": "write"
              },
              {
                "repo_id": 478565046,
                "role_name": "write"
              },
              {
                "repo_id": 547366508,
                "role_name": "write"
              },
              {
                "repo_id": 394944084,
                "role_name": "write"
              }
            ],
            "results_per_page": 100,
            "slug": "kubewarden-developers",
            "summary_only": false
          },
          "sensitive_attributes": []
        }
      ]
    },
    {
      "mode": "data",
      "type": "github_team",
      "name": "kubewarden_documentation",
      "provider": "provider[\"registry.terraform.io/integrations/github\"].kubewarden",
      "instances": [
        {
          "schema_version": 0,
          "attributes": {
            "description": "Kubewarden documentation team",
            "id": "5417591",
            "members": [
              "ereslibre",
              "nunix",
              "btat",
              "jhkrug",
              "divya-mohan0209"
            ],
            "membership_type": "all",
            "name": "kubewarden-documentation",
            "node_id": "T_kwDOBNKsKc4AUqp3",
            "permission": "pull",
            "privacy": "closed",
            "repositories": [
              "community",
              "docs",
              "kubewarden-controller",
              "kubewarden.io",
              "rfc"
            ],
            "repositories_detailed": [
              {
                "repo_id": 775481381,
                "role_name": "write"
              },
              {
                "repo_id": 314266235,
                "role_name": "write"
              },
              {
                "repo_id": 318490971,
                "role_name": "read"
              },
              {
                "repo_id": 314186121,
                "role_name": "write"
              },
              {
                "repo_id": 467968538,
                "role_name": "write"
              }
            ],
            "results_per_page": 100,
            "slug": "kubewarden-documentation",
            "summary_only": false
          },
          "sensitive_attributes": []
        }
      ]
    },
    {
      "module": "module.kubewarden_audit_scanner_repository",
      "mode": "managed",
      "type": "github_app_installation_repository",
      "name": "app_dco",
      "provider": "provider[\"registry.terraform.io/integrations/github\"].kubewarden",
      "instances": [
        {
          "schema_version": 0,
          "attributes": {
            "id": "29141080:audit-scanner",
            "installation_id": "29141080",
            "repo_id": 554050550,
            "repository": "audit-scanner"
          },
          "sensitive_attributes": [],
          "private": "bnVsbA==",
          "dependencies": [
            "module.kubewarden_audit_scanner_repository.github_repository.main"
          ]
        }
      ]
    },
    {
      "module": "module.kubewarden_audit_scanner_repository",
      "mode": "managed",
      "type": "github_issue_label",
      "name": "label",
      "provider": "provider[\"registry.terraform.io/integrations/github\"].kubewarden",
      "instances": [
        {
          "index_key": 0,
          "schema_version": 0,
          "attributes": {
            "color": "D3D7CF",
            "description": "",
            "etag": "W/\"b08c33a232b5e8b8a1e64ee5fa28df428b74586cb1fca204ba98f68183b837ea\"",
            "id": "audit-scanner:area/dependencies",
            "name": "area/dependencies",
            "repository": "audit-scanner",
            "url": "https://api.github.com/repos/kubewarden/audit-scanner/labels/area/dependencies"
          },
          "sensitive_attributes": [],
          "private": "bnVsbA==",
          "dependencies": [
            "module.kubewarden_audit_scanner_repository.github_repository.main"
          ]
        },
        {
          "index_key": 1,
          "schema_version": 0,
          "attributes": {
            "color": "7057ff",
            "description": "",
            "etag": "W/\"2adaa032ec3582011ee09ce65fff1e112ef1c62ac617135c98187053b8bd9946\"",
            "id": "audit-scanner:kind/automation",
            "name": "good first issue",
            "repository": "audit-scanner",
            "url": "https://api.github.com/repos/kubewarden/audit-scanner/labels/kind/automation"
          },
          "sensitive_attributes": [],
          "private": "bnVsbA==",
          "dependencies": [
            "module.kubewarden_audit_scanner_repository.github_repository.main"
          ]
        },
        {
          "index_key": 2,
          "schema_version": 0,
          "attributes": {
            "color": "3465A4",
            "description": "",
            "etag": "W/\"09d3a34ade176abe5aa6fe4c75356a7516036fd1e41bde4ba9e661e39560ca48\"",
            "id": "audit-scanner:kind/breaking-change",
            "name": "kind/automation",
            "repository": "audit-scanner",
            "url": "https://api.github.com/repos/kubewarden/audit-scanner/labels/kind/breaking-change"
          },
          "sensitive_attributes": [],
          "private": "bnVsbA==",
          "dependencies": [
            "module.kubewarden_audit_scanner_repository.github_repository.main"
          ]
        },
        {
          "index_key": 3,
          "schema_version": 0,
          "attributes": {
            "color": "FCE94F",
            "description": "",
            "etag": "W/\"613452a3222ecc3092f1bb7814e459191d9b57178950097ab57a122bb0a005e6\"",
            "id": "audit-scanner:kind/bug",
            "name": "kind/breaking-change",
            "repository": "audit-scanner",
            "url": "https://api.github.com/repos/kubewarden/audit-scanner/labels/kind/bug"
          },
          "sensitive_attributes": [],
          "private": "bnVsbA==",
          "dependencies": [
            "module.kubewarden_audit_scanner_repository.github_repository.main"
          ]
        },
        {
          "index_key": 4,
          "schema_version": 0,
          "attributes": {
            "color": "EF2929",
            "description": "",
            "etag": "W/\"3c40612bbb06d4b5f5fa38456019503b1a49846fe0f76a85200dbf9a659b938c\"",
            "id": "audit-scanner:kind/chore",
            "name": "kind/bug",
            "repository": "audit-scanner",
            "url": "https://api.github.com/repos/kubewarden/audit-scanner/labels/kind/chore"
          },
          "sensitive_attributes": [],
          "private": "bnVsbA==",
          "dependencies": [
            "module.kubewarden_audit_scanner_repository.github_repository.main"
          ]
        },
        {
          "index_key": 5,
          "schema_version": 0,
          "attributes": {
            "color": "555753",
            "description": "",
            "etag": "W/\"2805b085eaf2196d0141352292a74f4131b1b23d4f18a372d512b000d51aa7b8\"",
            "id": "audit-scanner:kind/enhancement",
            "name": "kind/chore",
            "repository": "audit-scanner",
            "url": "https://api.github.com/repos/kubewarden/audit-scanner/labels/kind/enhancement"
          },
          "sensitive_attributes": [],
          "private": "bnVsbA==",
          "dependencies": [
            "module.kubewarden_audit_scanner_repository.github_repository.main"
          ]
        },
        {
          "index_key": 6,
          "schema_version": 0,
          "attributes": {
            "color": "06989A",
            "description": "",
            "etag": "W/\"9c0fb166e8d2f93cc7199c1be964573d8491ae17a565c50c3ffa0a0df94c2590\"",
            "id": "audit-scanner:kind/feature",
            "name": "kind/enhancement",
            "repository": "audit-scanner",
            "url": "https://api.github.com/repos/kubewarden/audit-scanner/labels/kind/feature"
          },
          "sensitive_attributes": [],
          "private": "bnVsbA==",
          "dependencies": [
            "module.kubewarden_audit_scanner_repository.github_repository.main"
          ]
        },
        {
          "index_key": 7,
          "schema_version": 0,
          "attributes": {
            "color": "34E2E2",
            "description": "",
            "etag": "W/\"9a9b78ebcc6e6ec179da193c24aafc02f24aea5e5efd13cf9851089208cbe9c0\"",
            "id": "audit-scanner:kind/question",
            "name": "kind/feature",
            "repository": "audit-scanner",
            "url": "https://api.github.com/repos/kubewarden/audit-scanner/labels/kind/question"
          },
          "sensitive_attributes": [],
          "private": "bnVsbA==",
          "dependencies": [
            "module.kubewarden_audit_scanner_repository.github_repository.main"
          ]
        },
        {
          "index_key": 8,
          "schema_version": 0,
          "attributes": {
            "color": "ad7fa8",
            "description": "",
            "etag": "W/\"4ac2a4e3e84b2f73736a4da9e2391023605d5da70abbbfad40660e3e8288780a\"",
            "id": "audit-scanner:kind/tech-debt",
            "name": "kind/question",
            "repository": "audit-scanner",
            "url": "https://api.github.com/repos/kubewarden/audit-scanner/labels/kind/tech-debt"
          },
          "sensitive_attributes": [],
          "private": "bnVsbA==",
          "dependencies": [
            "module.kubewarden_audit_scanner_repository.github_repository.main"
          ]
        },
        {
          "index_key": 9,
          "schema_version": 0,
          "attributes": {
            "color": "729FCF",
            "description": "",
            "etag": "W/\"f598eff51d31b1a0f3479d4ae53107dcdc8a35aa58b5c06907df792650943ae2\"",
            "id": "audit-scanner:kind/to-be-refined",
            "name": "kind/tech-debt",
            "repository": "audit-scanner",
            "url": "https://api.github.com/repos/kubewarden/audit-scanner/labels/kind/to-be-refined"
          },
          "sensitive_attributes": [],
          "private": "bnVsbA==",
          "dependencies": [
            "module.kubewarden_audit_scanner_repository.github_repository.main"
          ]
        },
        {
          "index_key": 10,
          "schema_version": 0,
          "attributes": {
            "color": "B14FCF",
            "description": "",
            "etag": "W/\"589fe4defec2eb8ab666a96a04cdd6826556607965d1debab67104ccb009a0fa\"",
            "id": "audit-scanner:release/minor",
            "name": "kind/to-be-refined",
            "repository": "audit-scanner",
            "url": "https://api.github.com/repos/kubewarden/audit-scanner/labels/release/minor"
          },
          "sensitive_attributes": [],
          "private": "bnVsbA==",
          "dependencies": [
            "module.kubewarden_audit_scanner_repository.github_repository.main"
          ]
        },
        {
          "index_key": 11,
          "schema_version": 0,
          "attributes": {
            "color": "8AE234",
            "description": "",
            "etag": "W/\"3989297dbde2865a0f910d2865b652b065ce05fbba7a92a71c3f7a19b552ec38\"",
            "id": "audit-scanner:release/major",
            "name": "release/major",
            "repository": "audit-scanner",
            "url": "https://api.github.com/repos/kubewarden/audit-scanner/labels/release/major"
          },
          "sensitive_attributes": [],
          "private": "bnVsbA==",
          "dependencies": [
            "module.kubewarden_audit_scanner_repository.github_repository.main"
          ]
        },
        {
          "index_key": 12,
          "schema_version": 0,
          "attributes": {
            "color": "4E9A06",
            "description": "",
            "etag": "W/\"3e4e785b1eeb9176f016ca9440e970730f23520b3e86cc850711cc05088fad78\"",
            "id": "audit-scanner:release/skip-changelog",
            "name": "release/minor",
            "repository": "audit-scanner",
            "url": "https://api.github.com/repos/kubewarden/audit-scanner/labels/release/skip-changelog"
          },
          "sensitive_attributes": [],
          "private": "bnVsbA==",
          "dependencies": [
            "module.kubewarden_audit_scanner_repository.github_repository.main"
          ]
        },
        {
          "index_key": 13,
          "schema_version": 0,
          "attributes": {
            "color": "aa6600",
            "description": "",
            "etag": "W/\"3e4e785b1eeb9176f016ca9440e970730f23520b3e86cc850711cc05088fad78\"",
            "id": "audit-scanner:release/skip-changelog",
            "name": "release/patch",
            "repository": "audit-scanner",
            "url": "https://api.github.com/repos/kubewarden/audit-scanner/labels/release/skip-changelog"
          },
          "sensitive_attributes": [],
          "private": "bnVsbA==",
          "dependencies": [
            "module.kubewarden_audit_scanner_repository.github_repository.main"
          ]
        },
        {
          "index_key": 14,
          "schema_version": 0,
          "attributes": {
            "color": "77cc00",
            "description": "",
            "etag": "W/\"3e4e785b1eeb9176f016ca9440e970730f23520b3e86cc850711cc05088fad78\"",
            "id": "audit-scanner:release/skip-changelog",
            "name": "release/skip-changelog",
            "repository": "audit-scanner",
            "url": "https://api.github.com/repos/kubewarden/audit-scanner/labels/release/skip-changelog"
          },
          "sensitive_attributes": [],
          "private": "bnVsbA==",
          "dependencies": [
            "module.kubewarden_audit_scanner_repository.github_repository.main"
          ]
        }
      ]
    },
    {
      "module": "module.kubewarden_audit_scanner_repository",
      "mode": "managed",
      "type": "github_repository",
      "name": "main",
      "provider": "provider[\"registry.terraform.io/integrations/github\"].kubewarden",
      "instances": [
        {
          "schema_version": 1,
          "attributes": {
            "allow_auto_merge": false,
            "allow_merge_commit": true,
            "allow_rebase_merge": true,
            "allow_squash_merge": true,
            "allow_update_branch": false,
            "archive_on_destroy": null,
            "archived": false,
            "auto_init": null,
            "default_branch": "main",
            "delete_branch_on_merge": false,
            "description": "Reports evaluation of existing Kubernetes resources with your already deployed Kubewarden policies.",
            "etag": "W/\"d059bc88943caa0695d6ef17d94a2ea2b700aea325687c0de242023744db750b\"",
            "full_name": "kubewarden/audit-scanner",
            "git_clone_url": "git://github.com/kubewarden/audit-scanner.git",
            "gitignore_template": null,
            "has_discussions": false,
            "has_downloads": true,
            "has_issues": true,
            "has_projects": false,
            "has_wiki": true,
            "homepage_url": "https://kubewarden.io",
            "html_url": "https://github.com/kubewarden/audit-scanner",
            "http_clone_url": "https://github.com/kubewarden/audit-scanner.git",
            "id": "audit-scanner",
            "ignore_vulnerability_alerts_during_read": null,
            "is_template": false,
            "license_template": null,
            "merge_commit_message": "PR_TITLE",
            "merge_commit_title": "MERGE_MESSAGE",
            "name": "audit-scanner",
            "node_id": "R_kgDOIQYj9g",
            "pages": [],
            "primary_language": "Go",
            "private": false,
            "repo_id": 554050550,
            "security_and_analysis": [
              {
                "advanced_security": [],
                "secret_scanning": [
                  {
                    "status": "enabled"
                  }
                ],
                "secret_scanning_push_protection": [
                  {
                    "status": "disabled"
                  }
                ]
              }
            ],
            "squash_merge_commit_message": "COMMIT_MESSAGES",
            "squash_merge_commit_title": "COMMIT_OR_PR_TITLE",
            "ssh_clone_url": "git@github.com:kubewarden/audit-scanner.git",
            "svn_url": "https://github.com/kubewarden/audit-scanner",
            "template": [],
            "topics": [
              "hacktoberfest",
              "kubernetes",
              "kubernetes-security",
              "policy-as-code",
              "webassembly"
            ],
            "visibility": "public",
            "vulnerability_alerts": true,
            "web_commit_signoff_required": true
          },
          "sensitive_attributes": [],
          "private": "eyJzY2hlbWFfdmVyc2lvbiI6IjEifQ=="
        }
      ]
    },
    {
      "module": "module.kubewarden_audit_scanner_repository",
      "mode": "managed",
      "type": "github_team_repository",
      "name": "gh_team_push_rights",
      "provider": "provider[\"registry.terraform.io/integrations/github\"].kubewarden",
      "instances": [
        {
          "index_key": 0,
          "schema_version": 0,
          "attributes": {
            "etag": "W/\"7278fe5e7718a5cad8ea99a89c1140f94480c604ef213a4f0ef1fc732dd19a6a\"",
            "id": "4972867:audit-scanner",
            "permission": "push",
            "repository": "audit-scanner",
            "team_id": "4972867"
          },
          "sensitive_attributes": [],
          "private": "bnVsbA==",
          "dependencies": [
            "data.github_team.kubewarden_developers",
            "module.kubewarden_audit_scanner_repository.github_repository.main"
          ]
        }
      ]
    },
    {
      "module": "module.kubewarden_community_repository",
      "mode": "managed",
      "type": "github_app_installation_repository",
      "name": "app_dco",
      "provider": "provider[\"registry.terraform.io/integrations/github\"].kubewarden",
      "instances": [
        {
          "schema_version": 0,
          "attributes": {
            "id": "29141080:community",
            "installation_id": "29141080",
            "repo_id": 775481381,
            "repository": "community"
          },
          "sensitive_attributes": [],
          "private": "bnVsbA==",
          "dependencies": [
            "module.kubewarden_community_repository.github_repository.main"
          ]
        }
      ]
    },
    {
      "module": "module.kubewarden_community_repository",
      "mode": "managed",
      "type": "github_issue_label",
      "name": "label",
      "provider": "provider[\"registry.terraform.io/integrations/github\"].kubewarden",
      "instances": [
        {
          "index_key": 0,
          "schema_version": 0,
          "attributes": {
            "color": "D3D7CF",
            "description": "",
            "etag": "W/\"15a380ad3de4b2b520b271ee3f787f88fe687a316d7051c6b53f71cfb9aafdbb\"",
            "id": "community:area/dependencies",
            "name": "area/dependencies",
            "repository": "community",
            "url": "https://api.github.com/repos/kubewarden/community/labels/area/dependencies"
          },
          "sensitive_attributes": [],
          "private": "bnVsbA==",
          "dependencies": [
            "module.kubewarden_community_repository.github_repository.main"
          ]
        },
        {
          "index_key": 1,
          "schema_version": 0,
          "attributes": {
            "color": "7057ff",
            "description": "",
            "etag": "W/\"38fd8962b792701ebf169e1b4b1f9b73517df404d363a66f5bed66945cafcee9\"",
            "id": "community:good first issue",
            "name": "good first issue",
            "repository": "community",
            "url": "https://api.github.com/repos/kubewarden/community/labels/good%20first%20issue"
          },
          "sensitive_attributes": [],
          "private": "bnVsbA==",
          "dependencies": [
            "module.kubewarden_community_repository.github_repository.main"
          ]
        },
        {
          "index_key": 2,
          "schema_version": 0,
          "attributes": {
            "color": "3465A4",
            "description": "",
            "etag": "W/\"4b37c58ddc5cb69a7bf4f29d901412a6c32768d4b1d176d39d6fceec15ae6222\"",
            "id": "community:kind/breaking-change",
            "name": "kind/automation",
            "repository": "community",
            "url": "https://api.github.com/repos/kubewarden/community/labels/kind/breaking-change"
          },
          "sensitive_attributes": [],
          "private": "bnVsbA==",
          "dependencies": [
            "module.kubewarden_community_repository.github_repository.main"
          ]
        },
        {
          "index_key": 3,
          "schema_version": 0,
          "attributes": {
            "color": "FCE94F",
            "description": "",
            "etag": "W/\"9760e2b90cfc52f355b1f86a622e519f46088174402e97da529189b4e52ee62d\"",
            "id": "community:kind/bug",
            "name": "kind/breaking-change",
            "repository": "community",
            "url": "https://api.github.com/repos/kubewarden/community/labels/kind/bug"
          },
          "sensitive_attributes": [],
          "private": "bnVsbA==",
          "dependencies": [
            "module.kubewarden_community_repository.github_repository.main"
          ]
        },
        {
          "index_key": 4,
          "schema_version": 0,
          "attributes": {
            "color": "EF2929",
            "description": "",
            "etag": "W/\"1cbcdbea6c2adf3110e8f9efd1f5d2deac9781059353facd150d50d2cc870301\"",
            "id": "community:kind/chore",
            "name": "kind/bug",
            "repository": "community",
            "url": "https://api.github.com/repos/kubewarden/community/labels/kind/chore"
          },
          "sensitive_attributes": [],
          "private": "bnVsbA==",
          "dependencies": [
            "module.kubewarden_community_repository.github_repository.main"
          ]
        },
        {
          "index_key": 5,
          "schema_version": 0,
          "attributes": {
            "color": "555753",
            "description": "",
            "etag": "W/\"2d8ad5768b67d5b6993bea61a8c558d296803178e7259b6be23faeb6042c5003\"",
            "id": "community:kind/enhancement",
            "name": "kind/chore",
            "repository": "community",
            "url": "https://api.github.com/repos/kubewarden/community/labels/kind/enhancement"
          },
          "sensitive_attributes": [],
          "private": "bnVsbA==",
          "dependencies": [
            "module.kubewarden_community_repository.github_repository.main"
          ]
        },
        {
          "index_key": 6,
          "schema_version": 0,
          "attributes": {
            "color": "06989A",
            "description": "",
            "etag": "W/\"2ff5f79f7571644691157853d73b37932bdc788c5a58e45b0d83e38040a75989\"",
            "id": "community:kind/feature",
            "name": "kind/enhancement",
            "repository": "community",
            "url": "https://api.github.com/repos/kubewarden/community/labels/kind/feature"
          },
          "sensitive_attributes": [],
          "private": "bnVsbA==",
          "dependencies": [
            "module.kubewarden_community_repository.github_repository.main"
          ]
        },
        {
          "index_key": 7,
          "schema_version": 0,
          "attributes": {
            "color": "34E2E2",
            "description": "",
            "etag": "W/\"53bf3140019273494efd73a60cdb84781952268e25461d508211df71378237a8\"",
            "id": "community:kind/question",
            "name": "kind/feature",
            "repository": "community",
            "url": "https://api.github.com/repos/kubewarden/community/labels/kind/question"
          },
          "sensitive_attributes": [],
          "private": "bnVsbA==",
          "dependencies": [
            "module.kubewarden_community_repository.github_repository.main"
          ]
        },
        {
          "index_key": 8,
          "schema_version": 0,
          "attributes": {
            "color": "ad7fa8",
            "description": "",
            "etag": "W/\"272ff578aecb16b5487add0b4f650d6d2f858fc749a7a6087717e568456b8838\"",
            "id": "community:kind/tech-debt",
            "name": "kind/question",
            "repository": "community",
            "url": "https://api.github.com/repos/kubewarden/community/labels/kind/tech-debt"
          },
          "sensitive_attributes": [],
          "private": "bnVsbA==",
          "dependencies": [
            "module.kubewarden_community_repository.github_repository.main"
          ]
        },
        {
          "index_key": 9,
          "schema_version": 0,
          "attributes": {
            "color": "729FCF",
            "description": "",
            "etag": "W/\"c3fce6b5aac03ed9bd3ab8b5fab616d15068b52e951cd2b20218c611af5c25fb\"",
            "id": "community:kind/to-be-refined",
            "name": "kind/tech-debt",
            "repository": "community",
            "url": "https://api.github.com/repos/kubewarden/community/labels/kind/to-be-refined"
          },
          "sensitive_attributes": [],
          "private": "bnVsbA==",
          "dependencies": [
            "module.kubewarden_community_repository.github_repository.main"
          ]
        },
        {
          "index_key": 10,
          "schema_version": 0,
          "attributes": {
            "color": "B14FCF",
            "description": "",
            "etag": "W/\"1f09f2f0aa3794dad94b3bac13817e10c7487d2abb584fe400940286a1b87a61\"",
            "id": "community:release/major",
            "name": "kind/to-be-refined",
            "repository": "community",
            "url": "https://api.github.com/repos/kubewarden/community/labels/release/major"
          },
          "sensitive_attributes": [],
          "private": "bnVsbA==",
          "dependencies": [
            "module.kubewarden_community_repository.github_repository.main"
          ]
        },
        {
          "index_key": 11,
          "schema_version": 0,
          "attributes": {
            "color": "8AE234",
            "description": "",
            "etag": "W/\"60c763594813829015658b87d3b049d395f26490bff4a4b40b208f68739714ce\"",
            "id": "community:release/minor",
            "name": "release/major",
            "repository": "community",
            "url": "https://api.github.com/repos/kubewarden/community/labels/release/minor"
          },
          "sensitive_attributes": [],
          "private": "bnVsbA==",
          "dependencies": [
            "module.kubewarden_community_repository.github_repository.main"
          ]
        },
        {
          "index_key": 12,
          "schema_version": 0,
          "attributes": {
            "color": "4E9A06",
            "description": "",
            "etag": "W/\"4db59aee74b924b2a180d1d2ecb31cc43eb86f25007ae7aae169cdf679a8b364\"",
            "id": "community:release/patch",
            "name": "release/minor",
            "repository": "community",
            "url": "https://api.github.com/repos/kubewarden/community/labels/release/patch"
          },
          "sensitive_attributes": [],
          "private": "bnVsbA==",
          "dependencies": [
            "module.kubewarden_community_repository.github_repository.main"
          ]
        },
        {
          "index_key": 13,
          "schema_version": 0,
          "attributes": {
            "color": "aa6600",
            "description": "",
            "etag": "W/\"2a395e41be948e0d0e1c2494d02257c026b43d3b68117cf6930ba815da6582d9\"",
            "id": "community:release/skip-changelog",
            "name": "release/patch",
            "repository": "community",
            "url": "https://api.github.com/repos/kubewarden/community/labels/release/skip-changelog"
          },
          "sensitive_attributes": [],
          "private": "bnVsbA==",
          "dependencies": [
            "module.kubewarden_community_repository.github_repository.main"
          ]
        },
        {
          "index_key": 14,
          "schema_version": 0,
          "attributes": {
            "color": "77cc00",
            "description": "",
            "etag": "W/\"2a395e41be948e0d0e1c2494d02257c026b43d3b68117cf6930ba815da6582d9\"",
            "id": "community:release/skip-changelog",
            "name": "release/skip-changelog",
            "repository": "community",
            "url": "https://api.github.com/repos/kubewarden/community/labels/release/skip-changelog"
          },
          "sensitive_attributes": [],
          "private": "bnVsbA==",
          "dependencies": [
            "module.kubewarden_community_repository.github_repository.main"
          ]
        }
      ]
    },
    {
      "module": "module.kubewarden_community_repository",
      "mode": "managed",
      "type": "github_repository",
      "name": "main",
      "provider": "provider[\"registry.terraform.io/integrations/github\"].kubewarden",
      "instances": [
        {
          "schema_version": 1,
          "attributes": {
            "allow_auto_merge": false,
            "allow_merge_commit": true,
            "allow_rebase_merge": true,
            "allow_squash_merge": true,
            "allow_update_branch": false,
            "archive_on_destroy": null,
            "archived": false,
            "auto_init": false,
            "default_branch": "main",
            "delete_branch_on_merge": false,
            "description": "Kubewarden's community repository",
            "etag": "W/\"e3a7a2bfe3ef387e8ff1fa0b967d9a3f4b1b3f0f8a58da20df45f16f13b891bf\"",
            "full_name": "kubewarden/community",
            "git_clone_url": "git://github.com/kubewarden/community.git",
            "gitignore_template": null,
            "has_discussions": false,
            "has_downloads": true,
            "has_issues": true,
            "has_projects": false,
            "has_wiki": true,
            "homepage_url": "https://github.com/kubewarden/",
            "html_url": "https://github.com/kubewarden/community",
            "http_clone_url": "https://github.com/kubewarden/community.git",
            "id": "community",
            "ignore_vulnerability_alerts_during_read": null,
            "is_template": false,
            "license_template": null,
            "merge_commit_message": "PR_TITLE",
            "merge_commit_title": "MERGE_MESSAGE",
            "name": "community",
            "node_id": "R_kgDOLjjoJQ",
            "pages": [],
            "primary_language": "Makefile",
            "private": false,
            "repo_id": 775481381,
            "security_and_analysis": [
              {
                "advanced_security": [],
                "secret_scanning": [
                  {
                    "status": "enabled"
                  }
                ],
                "secret_scanning_push_protection": [
                  {
                    "status": "disabled"
                  }
                ]
              }
            ],
            "squash_merge_commit_message": "COMMIT_MESSAGES",
            "squash_merge_commit_title": "COMMIT_OR_PR_TITLE",
            "ssh_clone_url": "git@github.com:kubewarden/community.git",
            "svn_url": "https://github.com/kubewarden/community",
            "template": [],
            "topics": [
              "hacktoberfest",
              "kubernetes",
              "kubernetes-security",
              "policy-as-code",
              "webassembly"
            ],
            "visibility": "public",
            "vulnerability_alerts": true,
            "web_commit_signoff_required": true
          },
          "sensitive_attributes": [],
          "private": "eyJzY2hlbWFfdmVyc2lvbiI6IjEifQ=="
        }
      ]
    },
    {
      "module": "module.kubewarden_community_repository",
      "mode": "managed",
      "type": "github_team_repository",
      "name": "gh_team_push_rights",
      "provider": "provider[\"registry.terraform.io/integrations/github\"].kubewarden",
      "instances": [
        {
          "index_key": 0,
          "schema_version": 0,
          "attributes": {
            "etag": "W/\"b67af90b31474739f86568c3f6dd48acda64e0a67860b2ed5623cfbbcbeb3612\"",
            "id": "4972867:community",
            "permission": "push",
            "repository": "community",
            "team_id": "4972867"
          },
          "sensitive_attributes": [],
          "private": "bnVsbA==",
          "dependencies": [
            "data.github_team.kubewarden_developers",
            "data.github_team.kubewarden_documentation",
            "module.kubewarden_community_repository.github_repository.main"
          ]
        },
        {
          "index_key": 1,
          "schema_version": 0,
          "attributes": {
            "etag": "W/\"b67af90b31474739f86568c3f6dd48acda64e0a67860b2ed5623cfbbcbeb3612\"",
            "id": "5417591:community",
            "permission": "push",
            "repository": "community",
            "team_id": "5417591"
          },
          "sensitive_attributes": [],
          "private": "bnVsbA==",
          "dependencies": [
            "data.github_team.kubewarden_developers",
            "data.github_team.kubewarden_documentation",
            "module.kubewarden_community_repository.github_repository.main"
          ]
        }
      ]
    },
    {
      "module": "module.kubewarden_docs_repository",
      "mode": "managed",
      "type": "github_app_installation_repository",
      "name": "app_dco",
      "provider": "provider[\"registry.terraform.io/integrations/github\"].kubewarden",
      "instances": [
        {
          "schema_version": 0,
          "attributes": {
            "id": "29141080:docs",
            "installation_id": "29141080",
            "repo_id": 314266235,
            "repository": "docs"
          },
          "sensitive_attributes": [],
          "private": "bnVsbA==",
          "dependencies": [
            "module.kubewarden_docs_repository.github_repository.main"
          ]
        }
      ]
    },
    {
      "module": "module.kubewarden_docs_repository",
      "mode": "managed",
      "type": "github_issue_label",
      "name": "label",
      "provider": "provider[\"registry.terraform.io/integrations/github\"].kubewarden",
      "instances": [
        {
          "index_key": 0,
          "schema_version": 0,
          "attributes": {
            "color": "D3D7CF",
            "description": "",
            "etag": "W/\"b36c25aa652ae582c82949d0eb516daa1161cf84128e97eddecccd5c91a4da30\"",
            "id": "docs:area/dependencies",
            "name": "area/dependencies",
            "repository": "docs",
            "url": "https://api.github.com/repos/kubewarden/docs/labels/area/dependencies"
          },
          "sensitive_attributes": [],
          "private": "bnVsbA==",
          "dependencies": [
            "module.kubewarden_docs_repository.github_repository.main"
          ]
        },
        {
          "index_key": 1,
          "schema_version": 0,
          "attributes": {
            "color": "7057ff",
            "description": "",
            "etag": "W/\"1c3e3035232295149f4f6b29f2973dc14f82a709baf4a65f5c2dd178e7f0a974\"",
            "id": "docs:kind/automation",
            "name": "good first issue",
            "repository": "docs",
            "url": "https://api.github.com/repos/kubewarden/docs/labels/kind/automation"
          },
          "sensitive_attributes": [],
          "private": "bnVsbA==",
          "dependencies": [
            "module.kubewarden_docs_repository.github_repository.main"
          ]
        },
        {
          "index_key": 2,
          "schema_version": 0,
          "attributes": {
            "color": "3465A4",
            "description": "",
            "etag": "W/\"a18bdb98c930450b4df41bc474604bdbb03b0799f4c65cf116a2e9e335fee32e\"",
            "id": "docs:kind/breaking-change",
            "name": "kind/automation",
            "repository": "docs",
            "url": "https://api.github.com/repos/kubewarden/docs/labels/kind/breaking-change"
          },
          "sensitive_attributes": [],
          "private": "bnVsbA==",
          "dependencies": [
            "module.kubewarden_docs_repository.github_repository.main"
          ]
        },
        {
          "index_key": 3,
          "schema_version": 0,
          "attributes": {
            "color": "FCE94F",
            "description": "",
            "etag": "W/\"47fd1c903320f3bffdaca20a12ba7d197dfe0827ffae27e3aca354e7c4e3d5f4\"",
            "id": "docs:kind/bug",
            "name": "kind/breaking-change",
            "repository": "docs",
            "url": "https://api.github.com/repos/kubewarden/docs/labels/kind/bug"
          },
          "sensitive_attributes": [],
          "private": "bnVsbA==",
          "dependencies": [
            "module.kubewarden_docs_repository.github_repository.main"
          ]
        },
        {
          "index_key": 4,
          "schema_version": 0,
          "attributes": {
            "color": "EF2929",
            "description": "",
            "etag": "W/\"708eca6ad47b1b5542300e200710d4dac12b0bbbd416a7ad9462611ed8ca0c9b\"",
            "id": "docs:kind/chore",
            "name": "kind/bug",
            "repository": "docs",
            "url": "https://api.github.com/repos/kubewarden/docs/labels/kind/chore"
          },
          "sensitive_attributes": [],
          "private": "bnVsbA==",
          "dependencies": [
            "module.kubewarden_docs_repository.github_repository.main"
          ]
        },
        {
          "index_key": 5,
          "schema_version": 0,
          "attributes": {
            "color": "555753",
            "description": "",
            "etag": "W/\"b9bcffdcf0a6c14a4e006e47b2a19c148f2831ddb225c0e3708ea5dedd155db1\"",
            "id": "docs:kind/enhancement",
            "name": "kind/chore",
            "repository": "docs",
            "url": "https://api.github.com/repos/kubewarden/docs/labels/kind/enhancement"
          },
          "sensitive_attributes": [],
          "private": "bnVsbA==",
          "dependencies": [
            "module.kubewarden_docs_repository.github_repository.main"
          ]
        },
        {
          "index_key": 6,
          "schema_version": 0,
          "attributes": {
            "color": "06989A",
            "description": "",
            "etag": "W/\"4cf24cf362aaf30d706c1d92c4f7b25595b9065e32aa4742e7bbb2c06e5be598\"",
            "id": "docs:kind/feature",
            "name": "kind/enhancement",
            "repository": "docs",
            "url": "https://api.github.com/repos/kubewarden/docs/labels/kind/feature"
          },
          "sensitive_attributes": [],
          "private": "bnVsbA==",
          "dependencies": [
            "module.kubewarden_docs_repository.github_repository.main"
          ]
        },
        {
          "index_key": 7,
          "schema_version": 0,
          "attributes": {
            "color": "34E2E2",
            "description": "",
            "etag": "W/\"6e8809575fe79d48ad02bd9da7cda0145b962c6651d150b70fd69acab3b7caf5\"",
            "id": "docs:kind/question",
            "name": "kind/feature",
            "repository": "docs",
            "url": "https://api.github.com/repos/kubewarden/docs/labels/kind/question"
          },
          "sensitive_attributes": [],
          "private": "bnVsbA==",
          "dependencies": [
            "module.kubewarden_docs_repository.github_repository.main"
          ]
        },
        {
          "index_key": 8,
          "schema_version": 0,
          "attributes": {
            "color": "ad7fa8",
            "description": "",
            "etag": "W/\"83445270a49194c4353072d5d9cca4150a4f7f91c9c0f750c090c884adf86c21\"",
            "id": "docs:kind/tech-debt",
            "name": "kind/question",
            "repository": "docs",
            "url": "https://api.github.com/repos/kubewarden/docs/labels/kind/tech-debt"
          },
          "sensitive_attributes": [],
          "private": "bnVsbA==",
          "dependencies": [
            "module.kubewarden_docs_repository.github_repository.main"
          ]
        },
        {
          "index_key": 9,
          "schema_version": 0,
          "attributes": {
            "color": "729FCF",
            "description": "",
            "etag": "W/\"1776993fe462a7cc6681fe9d81062bfc365d5fe404af18901546b41efc00811d\"",
            "id": "docs:kind/to-be-refined",
            "name": "kind/tech-debt",
            "repository": "docs",
            "url": "https://api.github.com/repos/kubewarden/docs/labels/kind/to-be-refined"
          },
          "sensitive_attributes": [],
          "private": "bnVsbA==",
          "dependencies": [
            "module.kubewarden_docs_repository.github_repository.main"
          ]
        },
        {
          "index_key": 10,
          "schema_version": 0,
          "attributes": {
            "color": "B14FCF",
            "description": "",
            "etag": "W/\"01413689725ad49aa45d2986a61b1b2ad9acc34e2d82a7985669e0fe46bf567b\"",
            "id": "docs:release/major",
            "name": "kind/to-be-refined",
            "repository": "docs",
            "url": "https://api.github.com/repos/kubewarden/docs/labels/release/major"
          },
          "sensitive_attributes": [],
          "private": "bnVsbA==",
          "dependencies": [
            "module.kubewarden_docs_repository.github_repository.main"
          ]
        },
        {
          "index_key": 11,
          "schema_version": 0,
          "attributes": {
            "color": "8AE234",
            "description": "",
            "etag": "W/\"d03f6f20c88882888cc696b38be7cc50bfd928448fe92c31c320885abd5ec092\"",
            "id": "docs:release/patch",
            "name": "release/major",
            "repository": "docs",
            "url": "https://api.github.com/repos/kubewarden/docs/labels/release/patch"
          },
          "sensitive_attributes": [],
          "private": "bnVsbA==",
          "dependencies": [
            "module.kubewarden_docs_repository.github_repository.main"
          ]
        },
        {
          "index_key": 12,
          "schema_version": 0,
          "attributes": {
            "color": "4E9A06",
            "description": "",
            "etag": "W/\"1d6198e32fd8b4580cf648521b38bd9054abace64db3e1c9e06f9e4990d4401a\"",
            "id": "docs:release/minor",
            "name": "release/minor",
            "repository": "docs",
            "url": "https://api.github.com/repos/kubewarden/docs/labels/release/minor"
          },
          "sensitive_attributes": [],
          "private": "bnVsbA==",
          "dependencies": [
            "module.kubewarden_docs_repository.github_repository.main"
          ]
        },
        {
          "index_key": 13,
          "schema_version": 0,
          "attributes": {
            "color": "aa6600",
            "description": "",
            "etag": "W/\"1a096265d2bf4d05de8592c3eca530aaef1b7d891419e8931281974f9c59c9f0\"",
            "id": "docs:release/skip-changelog",
            "name": "release/patch",
            "repository": "docs",
            "url": "https://api.github.com/repos/kubewarden/docs/labels/release/skip-changelog"
          },
          "sensitive_attributes": [],
          "private": "bnVsbA==",
          "dependencies": [
            "module.kubewarden_docs_repository.github_repository.main"
          ]
        },
        {
          "index_key": 14,
          "schema_version": 0,
          "attributes": {
            "color": "77cc00",
            "description": "",
            "etag": "W/\"1a096265d2bf4d05de8592c3eca530aaef1b7d891419e8931281974f9c59c9f0\"",
            "id": "docs:release/skip-changelog",
            "name": "release/skip-changelog",
            "repository": "docs",
            "url": "https://api.github.com/repos/kubewarden/docs/labels/release/skip-changelog"
          },
          "sensitive_attributes": [],
          "private": "bnVsbA==",
          "dependencies": [
            "module.kubewarden_docs_repository.github_repository.main"
          ]
        }
      ]
    },
    {
      "module": "module.kubewarden_docs_repository",
      "mode": "managed",
      "type": "github_repository",
      "name": "main",
      "provider": "provider[\"registry.terraform.io/integrations/github\"].kubewarden",
      "instances": [
        {
          "schema_version": 1,
          "attributes": {
            "allow_auto_merge": false,
            "allow_merge_commit": true,
            "allow_rebase_merge": true,
            "allow_squash_merge": true,
            "allow_update_branch": false,
            "archive_on_destroy": null,
            "archived": false,
            "auto_init": false,
            "default_branch": "main",
            "delete_branch_on_merge": false,
            "description": "Kubewarden's documentation",
            "etag": "W/\"aa29e65a5aea5d51164db7e22e9b01fb17d0c7d3edd0b685c48786bc30f664c9\"",
            "full_name": "kubewarden/docs",
            "git_clone_url": "git://github.com/kubewarden/docs.git",
            "gitignore_template": null,
            "has_discussions": false,
            "has_downloads": true,
            "has_issues": true,
            "has_projects": false,
            "has_wiki": true,
            "homepage_url": "https://docs.kubewarden.io",
            "html_url": "https://github.com/kubewarden/docs",
            "http_clone_url": "https://github.com/kubewarden/docs.git",
            "id": "docs",
            "ignore_vulnerability_alerts_during_read": null,
            "is_template": false,
            "license_template": null,
            "merge_commit_message": "PR_TITLE",
            "merge_commit_title": "MERGE_MESSAGE",
            "name": "docs",
            "node_id": "MDEwOlJlcG9zaXRvcnkzMTQyNjYyMzU=",
            "pages": [
              {
                "build_type": "legacy",
                "cname": "docs.kubewarden.io",
                "custom_404": true,
                "html_url": "https://docs.kubewarden.io/",
                "source": [
                  {
                    "branch": "gh-pages",
                    "path": "/"
                  }
                ],
                "status": "built",
                "url": "https://api.github.com/repos/kubewarden/docs/pages"
              }
            ],
            "primary_language": "MDX",
            "private": false,
            "repo_id": 314266235,
            "security_and_analysis": [
              {
                "advanced_security": [],
                "secret_scanning": [
                  {
                    "status": "enabled"
                  }
                ],
                "secret_scanning_push_protection": [
                  {
                    "status": "disabled"
                  }
                ]
              }
            ],
            "squash_merge_commit_message": "COMMIT_MESSAGES",
            "squash_merge_commit_title": "COMMIT_OR_PR_TITLE",
            "ssh_clone_url": "git@github.com:kubewarden/docs.git",
            "svn_url": "https://github.com/kubewarden/docs",
            "template": [],
            "topics": [
              "hacktoberfest",
              "kubernetes",
              "kubernetes-security",
              "policy-as-code",
              "webassembly"
            ],
            "visibility": "public",
            "vulnerability_alerts": true,
            "web_commit_signoff_required": true
          },
          "sensitive_attributes": [],
          "private": "eyJzY2hlbWFfdmVyc2lvbiI6IjEifQ=="
        }
      ]
    },
    {
      "module": "module.kubewarden_docs_repository",
      "mode": "managed",
      "type": "github_team_repository",
      "name": "gh_team_push_rights",
      "provider": "provider[\"registry.terraform.io/integrations/github\"].kubewarden",
      "instances": [
        {
          "index_key": 0,
          "schema_version": 0,
          "attributes": {
            "etag": "W/\"9214af5935531640a3ab991721f1f82ad46c063213f6bd516f8ab476c26c42c8\"",
            "id": "4972867:docs",
            "permission": "push",
            "repository": "docs",
            "team_id": "4972867"
          },
          "sensitive_attributes": [],
          "private": "bnVsbA==",
          "dependencies": [
            "data.github_team.kubewarden_developers",
            "data.github_team.kubewarden_documentation",
            "module.kubewarden_docs_repository.github_repository.main"
          ]
        },
        {
          "index_key": 1,
          "schema_version": 0,
          "attributes": {
            "etag": "W/\"9214af5935531640a3ab991721f1f82ad46c063213f6bd516f8ab476c26c42c8\"",
            "id": "5417591:docs",
            "permission": "push",
            "repository": "docs",
            "team_id": "5417591"
          },
          "sensitive_attributes": [],
          "private": "bnVsbA==",
          "dependencies": [
            "data.github_team.kubewarden_developers",
            "data.github_team.kubewarden_documentation",
            "module.kubewarden_docs_repository.github_repository.main"
          ]
        }
      ]
    },
    {
      "module": "module.kubewarden_end_to_end_tests_repository",
      "mode": "managed",
      "type": "github_app_installation_repository",
      "name": "app_dco",
      "provider": "provider[\"registry.terraform.io/integrations/github\"].kubewarden",
      "instances": [
        {
          "schema_version": 0,
          "attributes": {
            "id": "29141080:kubewarden-end-to-end-tests",
            "installation_id": "29141080",
            "repo_id": 433841310,
            "repository": "kubewarden-end-to-end-tests"
          },
          "sensitive_attributes": [],
          "private": "bnVsbA==",
          "dependencies": [
            "module.kubewarden_end_to_end_tests_repository.github_repository.main"
          ]
        }
      ]
    },
    {
      "module": "module.kubewarden_end_to_end_tests_repository",
      "mode": "managed",
      "type": "github_issue_label",
      "name": "label",
      "provider": "provider[\"registry.terraform.io/integrations/github\"].kubewarden",
      "instances": [
        {
          "index_key": 0,
          "schema_version": 0,
          "attributes": {
            "color": "D3D7CF",
            "description": "",
            "etag": "W/\"57b4c03135a3a8a906273b03bf5518df4f6746d9f9d9829d5c26074efc1cb56f\"",
            "id": "kubewarden-end-to-end-tests:area/dependencies",
            "name": "area/dependencies",
            "repository": "kubewarden-end-to-end-tests",
            "url": "https://api.github.com/repos/kubewarden/kubewarden-end-to-end-tests/labels/area/dependencies"
          },
          "sensitive_attributes": [],
          "private": "bnVsbA==",
          "dependencies": [
            "module.kubewarden_end_to_end_tests_repository.github_repository.main"
          ]
        },
        {
          "index_key": 1,
          "schema_version": 0,
          "attributes": {
            "color": "7057ff",
            "description": "",
            "etag": "W/\"9e1d2868422cc088cfb91888e456f875b5f14ebd125cd5a62e9f384388972b35\"",
            "id": "kubewarden-end-to-end-tests:kind/automation",
            "name": "good first issue",
            "repository": "kubewarden-end-to-end-tests",
            "url": "https://api.github.com/repos/kubewarden/kubewarden-end-to-end-tests/labels/kind/automation"
          },
          "sensitive_attributes": [],
          "private": "bnVsbA==",
          "dependencies": [
            "module.kubewarden_end_to_end_tests_repository.github_repository.main"
          ]
        },
        {
          "index_key": 2,
          "schema_version": 0,
          "attributes": {
            "color": "3465A4",
            "description": "",
            "etag": "W/\"b24078da9c4e19508b35a1fb0037d0c41820fd32cc35bd2d9896ab4897ca0583\"",
            "id": "kubewarden-end-to-end-tests:kind/breaking-change",
            "name": "kind/automation",
            "repository": "kubewarden-end-to-end-tests",
            "url": "https://api.github.com/repos/kubewarden/kubewarden-end-to-end-tests/labels/kind/breaking-change"
          },
          "sensitive_attributes": [],
          "private": "bnVsbA==",
          "dependencies": [
            "module.kubewarden_end_to_end_tests_repository.github_repository.main"
          ]
        },
        {
          "index_key": 3,
          "schema_version": 0,
          "attributes": {
            "color": "FCE94F",
            "description": "",
            "etag": "W/\"3a1d2d5cc3a446e9f6be7870915aed4dc8d162c2980f948bea9abb09320f7d97\"",
            "id": "kubewarden-end-to-end-tests:kind/bug",
            "name": "kind/breaking-change",
            "repository": "kubewarden-end-to-end-tests",
            "url": "https://api.github.com/repos/kubewarden/kubewarden-end-to-end-tests/labels/kind/bug"
          },
          "sensitive_attributes": [],
          "private": "bnVsbA==",
          "dependencies": [
            "module.kubewarden_end_to_end_tests_repository.github_repository.main"
          ]
        },
        {
          "index_key": 4,
          "schema_version": 0,
          "attributes": {
            "color": "EF2929",
            "description": "",
            "etag": "W/\"9c628133c17832f26e0e59e8ad7201b1daf0e74b860d05dba12c383826d4a4b4\"",
            "id": "kubewarden-end-to-end-tests:kind/chore",
            "name": "kind/bug",
            "repository": "kubewarden-end-to-end-tests",
            "url": "https://api.github.com/repos/kubewarden/kubewarden-end-to-end-tests/labels/kind/chore"
          },
          "sensitive_attributes": [],
          "private": "bnVsbA==",
          "dependencies": [
            "module.kubewarden_end_to_end_tests_repository.github_repository.main"
          ]
        },
        {
          "index_key": 5,
          "schema_version": 0,
          "attributes": {
            "color": "555753",
            "description": "",
            "etag": "W/\"6b827bd79955b0aaa96c1aa19e0a37cd3790ce52fa6e4a875e2c536da72cf764\"",
            "id": "kubewarden-end-to-end-tests:kind/enhancement",
            "name": "kind/chore",
            "repository": "kubewarden-end-to-end-tests",
            "url": "https://api.github.com/repos/kubewarden/kubewarden-end-to-end-tests/labels/kind/enhancement"
          },
          "sensitive_attributes": [],
          "private": "bnVsbA==",
          "dependencies": [
            "module.kubewarden_end_to_end_tests_repository.github_repository.main"
          ]
        },
        {
          "index_key": 6,
          "schema_version": 0,
          "attributes": {
            "color": "06989A",
            "description": "",
            "etag": "W/\"0892d5ddfcdd2d229bd498d4e5898c949c12d95ab130019a35a2bfef01b7978c\"",
            "id": "kubewarden-end-to-end-tests:kind/feature",
            "name": "kind/enhancement",
            "repository": "kubewarden-end-to-end-tests",
            "url": "https://api.github.com/repos/kubewarden/kubewarden-end-to-end-tests/labels/kind/feature"
          },
          "sensitive_attributes": [],
          "private": "bnVsbA==",
          "dependencies": [
            "module.kubewarden_end_to_end_tests_repository.github_repository.main"
          ]
        },
        {
          "index_key": 7,
          "schema_version": 0,
          "attributes": {
            "color": "34E2E2",
            "description": "",
            "etag": "W/\"68b9d6cc90a8d7d7df9cd05f35525c7447ce4cd348caa2254c5324827911a3a8\"",
            "id": "kubewarden-end-to-end-tests:kind/question",
            "name": "kind/feature",
            "repository": "kubewarden-end-to-end-tests",
            "url": "https://api.github.com/repos/kubewarden/kubewarden-end-to-end-tests/labels/kind/question"
          },
          "sensitive_attributes": [],
          "private": "bnVsbA==",
          "dependencies": [
            "module.kubewarden_end_to_end_tests_repository.github_repository.main"
          ]
        },
        {
          "index_key": 8,
          "schema_version": 0,
          "attributes": {
            "color": "ad7fa8",
            "description": "",
            "etag": "W/\"d517da6ecb5cdb65b6a878ebe1757caa4bc905dc596603b58b626006b46a30cb\"",
            "id": "kubewarden-end-to-end-tests:kind/tech-debt",
            "name": "kind/question",
            "repository": "kubewarden-end-to-end-tests",
            "url": "https://api.github.com/repos/kubewarden/kubewarden-end-to-end-tests/labels/kind/tech-debt"
          },
          "sensitive_attributes": [],
          "private": "bnVsbA==",
          "dependencies": [
            "module.kubewarden_end_to_end_tests_repository.github_repository.main"
          ]
        },
        {
          "index_key": 9,
          "schema_version": 0,
          "attributes": {
            "color": "729FCF",
            "description": "",
            "etag": "W/\"8caed572597a9aaa66d15a617f1ff9d42766f306a053bd21dcaa10a214a70492\"",
            "id": "kubewarden-end-to-end-tests:kind/to-be-refined",
            "name": "kind/tech-debt",
            "repository": "kubewarden-end-to-end-tests",
            "url": "https://api.github.com/repos/kubewarden/kubewarden-end-to-end-tests/labels/kind/to-be-refined"
          },
          "sensitive_attributes": [],
          "private": "bnVsbA==",
          "dependencies": [
            "module.kubewarden_end_to_end_tests_repository.github_repository.main"
          ]
        },
        {
          "index_key": 10,
          "schema_version": 0,
          "attributes": {
            "color": "B14FCF",
            "description": "",
            "etag": "W/\"2796be2bb067e7c5989d03f05b967589d75a1e10cf909deea49b127150927c32\"",
            "id": "kubewarden-end-to-end-tests:release/minor",
            "name": "kind/to-be-refined",
            "repository": "kubewarden-end-to-end-tests",
            "url": "https://api.github.com/repos/kubewarden/kubewarden-end-to-end-tests/labels/release/minor"
          },
          "sensitive_attributes": [],
          "private": "bnVsbA==",
          "dependencies": [
            "module.kubewarden_end_to_end_tests_repository.github_repository.main"
          ]
        },
        {
          "index_key": 11,
          "schema_version": 0,
          "attributes": {
            "color": "8AE234",
            "description": "",
            "etag": "W/\"e2282e8eafa1d6f51f06054b58df30ffe761b15351b83b98d0043e8eb7acf5cc\"",
            "id": "kubewarden-end-to-end-tests:release/major",
            "name": "release/major",
            "repository": "kubewarden-end-to-end-tests",
            "url": "https://api.github.com/repos/kubewarden/kubewarden-end-to-end-tests/labels/release/major"
          },
          "sensitive_attributes": [],
          "private": "bnVsbA==",
          "dependencies": [
            "module.kubewarden_end_to_end_tests_repository.github_repository.main"
          ]
        },
        {
          "index_key": 12,
          "schema_version": 0,
          "attributes": {
            "color": "4E9A06",
            "description": "",
            "etag": "W/\"4f13ef019f923e59d11de718b3298f3b0d2b8257ca55ebbb3fb9cd72210ad6c7\"",
            "id": "kubewarden-end-to-end-tests:release/skip-changelog",
            "name": "release/minor",
            "repository": "kubewarden-end-to-end-tests",
            "url": "https://api.github.com/repos/kubewarden/kubewarden-end-to-end-tests/labels/release/skip-changelog"
          },
          "sensitive_attributes": [],
          "private": "bnVsbA==",
          "dependencies": [
            "module.kubewarden_end_to_end_tests_repository.github_repository.main"
          ]
        },
        {
          "index_key": 13,
          "schema_version": 0,
          "attributes": {
            "color": "aa6600",
            "description": "",
            "etag": "W/\"4f13ef019f923e59d11de718b3298f3b0d2b8257ca55ebbb3fb9cd72210ad6c7\"",
            "id": "kubewarden-end-to-end-tests:release/skip-changelog",
            "name": "release/patch",
            "repository": "kubewarden-end-to-end-tests",
            "url": "https://api.github.com/repos/kubewarden/kubewarden-end-to-end-tests/labels/release/skip-changelog"
          },
          "sensitive_attributes": [],
          "private": "bnVsbA==",
          "dependencies": [
            "module.kubewarden_end_to_end_tests_repository.github_repository.main"
          ]
        },
        {
          "index_key": 14,
          "schema_version": 0,
          "attributes": {
            "color": "77cc00",
            "description": "",
            "etag": "W/\"4f13ef019f923e59d11de718b3298f3b0d2b8257ca55ebbb3fb9cd72210ad6c7\"",
            "id": "kubewarden-end-to-end-tests:release/skip-changelog",
            "name": "release/skip-changelog",
            "repository": "kubewarden-end-to-end-tests",
            "url": "https://api.github.com/repos/kubewarden/kubewarden-end-to-end-tests/labels/release/skip-changelog"
          },
          "sensitive_attributes": [],
          "private": "bnVsbA==",
          "dependencies": [
            "module.kubewarden_end_to_end_tests_repository.github_repository.main"
          ]
        }
      ]
    },
    {
      "module": "module.kubewarden_end_to_end_tests_repository",
      "mode": "managed",
      "type": "github_repository",
      "name": "main",
      "provider": "provider[\"registry.terraform.io/integrations/github\"].kubewarden",
      "instances": [
        {
          "schema_version": 1,
          "attributes": {
            "allow_auto_merge": false,
            "allow_merge_commit": true,
            "allow_rebase_merge": true,
            "allow_squash_merge": true,
            "allow_update_branch": false,
            "archive_on_destroy": null,
            "archived": false,
            "auto_init": null,
            "default_branch": "main",
            "delete_branch_on_merge": false,
            "description": "Files used to run Kubewarden end-to-end tests",
            "etag": "W/\"25cfccc467bc9682ef9c4c3e734c725d477f270ef89d82c1d4885c99f74de97c\"",
            "full_name": "kubewarden/kubewarden-end-to-end-tests",
            "git_clone_url": "git://github.com/kubewarden/kubewarden-end-to-end-tests.git",
            "gitignore_template": null,
            "has_discussions": false,
            "has_downloads": true,
            "has_issues": true,
            "has_projects": false,
            "has_wiki": true,
            "homepage_url": "https://kubewarden.io",
            "html_url": "https://github.com/kubewarden/kubewarden-end-to-end-tests",
            "http_clone_url": "https://github.com/kubewarden/kubewarden-end-to-end-tests.git",
            "id": "kubewarden-end-to-end-tests",
            "ignore_vulnerability_alerts_during_read": null,
            "is_template": false,
            "license_template": null,
            "merge_commit_message": "PR_TITLE",
            "merge_commit_title": "MERGE_MESSAGE",
            "name": "kubewarden-end-to-end-tests",
            "node_id": "R_kgDOGdvkng",
            "pages": [],
            "primary_language": "Shell",
            "private": false,
            "repo_id": 433841310,
            "security_and_analysis": [
              {
                "advanced_security": [],
                "secret_scanning": [
                  {
                    "status": "enabled"
                  }
                ],
                "secret_scanning_push_protection": [
                  {
                    "status": "disabled"
                  }
                ]
              }
            ],
            "squash_merge_commit_message": "COMMIT_MESSAGES",
            "squash_merge_commit_title": "COMMIT_OR_PR_TITLE",
            "ssh_clone_url": "git@github.com:kubewarden/kubewarden-end-to-end-tests.git",
            "svn_url": "https://github.com/kubewarden/kubewarden-end-to-end-tests",
            "template": [],
            "topics": [
              "hacktoberfest",
              "kubernetes",
              "kubernetes-security",
              "policy-as-code",
              "webassembly"
            ],
            "visibility": "public",
            "vulnerability_alerts": true,
            "web_commit_signoff_required": true
          },
          "sensitive_attributes": [],
          "private": "eyJzY2hlbWFfdmVyc2lvbiI6IjEifQ=="
        }
      ]
    },
    {
      "module": "module.kubewarden_end_to_end_tests_repository",
      "mode": "managed",
      "type": "github_team_repository",
      "name": "gh_team_push_rights",
      "provider": "provider[\"registry.terraform.io/integrations/github\"].kubewarden",
      "instances": [
        {
          "index_key": 0,
          "schema_version": 0,
          "attributes": {
            "etag": "W/\"215b7d53201cf377181c242a7720f0bb49a50038b4fe97686ab88153125de8f8\"",
            "id": "4972867:kubewarden-end-to-end-tests",
            "permission": "push",
            "repository": "kubewarden-end-to-end-tests",
            "team_id": "4972867"
          },
          "sensitive_attributes": [],
          "private": "bnVsbA==",
          "dependencies": [
            "data.github_team.kubewarden_developers",
            "module.kubewarden_end_to_end_tests_repository.github_repository.main"
          ]
        }
      ]
    },
    {
      "module": "module.kubewarden_fleet_example_repository",
      "mode": "managed",
      "type": "github_app_installation_repository",
      "name": "app_dco",
      "provider": "provider[\"registry.terraform.io/integrations/github\"].kubewarden",
      "instances": [
        {
          "schema_version": 0,
          "attributes": {
            "id": "29141080:fleet-example",
            "installation_id": "29141080",
            "repo_id": 587342877,
            "repository": "fleet-example"
          },
          "sensitive_attributes": [],
          "private": "bnVsbA==",
          "dependencies": [
            "module.kubewarden_fleet_example_repository.github_repository.main"
          ]
        }
      ]
    },
    {
      "module": "module.kubewarden_fleet_example_repository",
      "mode": "managed",
      "type": "github_issue_label",
      "name": "label",
      "provider": "provider[\"registry.terraform.io/integrations/github\"].kubewarden",
      "instances": [
        {
          "index_key": 0,
          "schema_version": 0,
          "attributes": {
            "color": "D3D7CF",
            "description": "",
            "etag": "W/\"d1f7dbf3491bf297b1fdb7369b1172e719098148ee8ebad24bb938f7f27220ec\"",
            "id": "fleet-example:area/dependencies",
            "name": "area/dependencies",
            "repository": "fleet-example",
            "url": "https://api.github.com/repos/kubewarden/fleet-example/labels/area/dependencies"
          },
          "sensitive_attributes": [],
          "private": "bnVsbA==",
          "dependencies": [
            "module.kubewarden_fleet_example_repository.github_repository.main"
          ]
        },
        {
          "index_key": 1,
          "schema_version": 0,
          "attributes": {
            "color": "7057ff",
            "description": "",
            "etag": "W/\"924480b0e8cb002d169cfba24805aadde7dc51b8d6d5dba1a8ad35ed9880ca9c\"",
            "id": "fleet-example:kind/automation",
            "name": "good first issue",
            "repository": "fleet-example",
            "url": "https://api.github.com/repos/kubewarden/fleet-example/labels/kind/automation"
          },
          "sensitive_attributes": [],
          "private": "bnVsbA==",
          "dependencies": [
            "module.kubewarden_fleet_example_repository.github_repository.main"
          ]
        },
        {
          "index_key": 2,
          "schema_version": 0,
          "attributes": {
            "color": "3465A4",
            "description": "",
            "etag": "W/\"240e0a7f5b337e7e4365b1b873003fb3fb3b8716ad69167cd44a4d2244d86a9f\"",
            "id": "fleet-example:kind/breaking-change",
            "name": "kind/automation",
            "repository": "fleet-example",
            "url": "https://api.github.com/repos/kubewarden/fleet-example/labels/kind/breaking-change"
          },
          "sensitive_attributes": [],
          "private": "bnVsbA==",
          "dependencies": [
            "module.kubewarden_fleet_example_repository.github_repository.main"
          ]
        },
        {
          "index_key": 3,
          "schema_version": 0,
          "attributes": {
            "color": "FCE94F",
            "description": "",
            "etag": "W/\"7aa12ad711e19c60abbc8d36c18ca0a59f7089eaabb2152354f13be8d89619ad\"",
            "id": "fleet-example:kind/bug",
            "name": "kind/breaking-change",
            "repository": "fleet-example",
            "url": "https://api.github.com/repos/kubewarden/fleet-example/labels/kind/bug"
          },
          "sensitive_attributes": [],
          "private": "bnVsbA==",
          "dependencies": [
            "module.kubewarden_fleet_example_repository.github_repository.main"
          ]
        },
        {
          "index_key": 4,
          "schema_version": 0,
          "attributes": {
            "color": "EF2929",
            "description": "",
            "etag": "W/\"e57174d966b56b27e00b7837818263d6ebdc7ffa326663b1749e22acd08aae0f\"",
            "id": "fleet-example:kind/chore",
            "name": "kind/bug",
            "repository": "fleet-example",
            "url": "https://api.github.com/repos/kubewarden/fleet-example/labels/kind/chore"
          },
          "sensitive_attributes": [],
          "private": "bnVsbA==",
          "dependencies": [
            "module.kubewarden_fleet_example_repository.github_repository.main"
          ]
        },
        {
          "index_key": 5,
          "schema_version": 0,
          "attributes": {
            "color": "555753",
            "description": "",
            "etag": "W/\"165d6ee4b16fee2ecc4c4ecf0157a2c7cda4482261b1114bae643e14dd302964\"",
            "id": "fleet-example:kind/enhancement",
            "name": "kind/chore",
            "repository": "fleet-example",
            "url": "https://api.github.com/repos/kubewarden/fleet-example/labels/kind/enhancement"
          },
          "sensitive_attributes": [],
          "private": "bnVsbA==",
          "dependencies": [
            "module.kubewarden_fleet_example_repository.github_repository.main"
          ]
        },
        {
          "index_key": 6,
          "schema_version": 0,
          "attributes": {
            "color": "06989A",
            "description": "",
            "etag": "W/\"62802a5ce61e9a93de4c841003d886ee32cd2591dd71846a3be926d974ee2bf5\"",
            "id": "fleet-example:kind/feature",
            "name": "kind/enhancement",
            "repository": "fleet-example",
            "url": "https://api.github.com/repos/kubewarden/fleet-example/labels/kind/feature"
          },
          "sensitive_attributes": [],
          "private": "bnVsbA==",
          "dependencies": [
            "module.kubewarden_fleet_example_repository.github_repository.main"
          ]
        },
        {
          "index_key": 7,
          "schema_version": 0,
          "attributes": {
            "color": "34E2E2",
            "description": "",
            "etag": "W/\"ee4d9b84973eaba667356cbb29904e4249d4c49b511d4f2b41a7212d9f02d2bc\"",
            "id": "fleet-example:kind/question",
            "name": "kind/feature",
            "repository": "fleet-example",
            "url": "https://api.github.com/repos/kubewarden/fleet-example/labels/kind/question"
          },
          "sensitive_attributes": [],
          "private": "bnVsbA==",
          "dependencies": [
            "module.kubewarden_fleet_example_repository.github_repository.main"
          ]
        },
        {
          "index_key": 8,
          "schema_version": 0,
          "attributes": {
            "color": "ad7fa8",
            "description": "",
            "etag": "W/\"52a52dfeb5639255210aa2a9342037cca3e78e604ba4d2998b1adab1130b8892\"",
            "id": "fleet-example:kind/tech-debt",
            "name": "kind/question",
            "repository": "fleet-example",
            "url": "https://api.github.com/repos/kubewarden/fleet-example/labels/kind/tech-debt"
          },
          "sensitive_attributes": [],
          "private": "bnVsbA==",
          "dependencies": [
            "module.kubewarden_fleet_example_repository.github_repository.main"
          ]
        },
        {
          "index_key": 9,
          "schema_version": 0,
          "attributes": {
            "color": "729FCF",
            "description": "",
            "etag": "W/\"488535b45f9867937121efa908d3d5ce92e5096ebde6a7748a6c321208175a38\"",
            "id": "fleet-example:kind/to-be-refined",
            "name": "kind/tech-debt",
            "repository": "fleet-example",
            "url": "https://api.github.com/repos/kubewarden/fleet-example/labels/kind/to-be-refined"
          },
          "sensitive_attributes": [],
          "private": "bnVsbA==",
          "dependencies": [
            "module.kubewarden_fleet_example_repository.github_repository.main"
          ]
        },
        {
          "index_key": 10,
          "schema_version": 0,
          "attributes": {
            "color": "B14FCF",
            "description": "",
            "etag": "W/\"f70bfb80a076bb8ac271793a6779a46516edb79cb963e90659d9ef87dd2a8908\"",
            "id": "fleet-example:release/major",
            "name": "kind/to-be-refined",
            "repository": "fleet-example",
            "url": "https://api.github.com/repos/kubewarden/fleet-example/labels/release/major"
          },
          "sensitive_attributes": [],
          "private": "bnVsbA==",
          "dependencies": [
            "module.kubewarden_fleet_example_repository.github_repository.main"
          ]
        },
        {
          "index_key": 11,
          "schema_version": 0,
          "attributes": {
            "color": "8AE234",
            "description": "",
            "etag": "W/\"f8c761d7aab3df10eb91a07c44dcb408588c4e7efd1099dab081f5ac4a07b7dd\"",
            "id": "fleet-example:release/patch",
            "name": "release/major",
            "repository": "fleet-example",
            "url": "https://api.github.com/repos/kubewarden/fleet-example/labels/release/patch"
          },
          "sensitive_attributes": [],
          "private": "bnVsbA==",
          "dependencies": [
            "module.kubewarden_fleet_example_repository.github_repository.main"
          ]
        },
        {
          "index_key": 12,
          "schema_version": 0,
          "attributes": {
            "color": "4E9A06",
            "description": "",
            "etag": "W/\"ecd7c10d411973aa88e33ab7a548fe7039ae6373173275fb4056d5832c3bbf6c\"",
            "id": "fleet-example:release/minor",
            "name": "release/minor",
            "repository": "fleet-example",
            "url": "https://api.github.com/repos/kubewarden/fleet-example/labels/release/minor"
          },
          "sensitive_attributes": [],
          "private": "bnVsbA==",
          "dependencies": [
            "module.kubewarden_fleet_example_repository.github_repository.main"
          ]
        },
        {
          "index_key": 13,
          "schema_version": 0,
          "attributes": {
            "color": "aa6600",
            "description": "",
            "etag": "W/\"e96909a882a5de155bd0cd5729bbaadc900d0e368811ff9e6931647ac11b1edf\"",
            "id": "fleet-example:release/skip-changelog",
            "name": "release/patch",
            "repository": "fleet-example",
            "url": "https://api.github.com/repos/kubewarden/fleet-example/labels/release/skip-changelog"
          },
          "sensitive_attributes": [],
          "private": "bnVsbA==",
          "dependencies": [
            "module.kubewarden_fleet_example_repository.github_repository.main"
          ]
        },
        {
          "index_key": 14,
          "schema_version": 0,
          "attributes": {
            "color": "77cc00",
            "description": "",
            "etag": "W/\"e96909a882a5de155bd0cd5729bbaadc900d0e368811ff9e6931647ac11b1edf\"",
            "id": "fleet-example:release/skip-changelog",
            "name": "release/skip-changelog",
            "repository": "fleet-example",
            "url": "https://api.github.com/repos/kubewarden/fleet-example/labels/release/skip-changelog"
          },
          "sensitive_attributes": [],
          "private": "bnVsbA==",
          "dependencies": [
            "module.kubewarden_fleet_example_repository.github_repository.main"
          ]
        }
      ]
    },
    {
      "module": "module.kubewarden_fleet_example_repository",
      "mode": "managed",
      "type": "github_repository",
      "name": "main",
      "provider": "provider[\"registry.terraform.io/integrations/github\"].kubewarden",
      "instances": [
        {
          "schema_version": 1,
          "attributes": {
            "allow_auto_merge": false,
            "allow_merge_commit": true,
            "allow_rebase_merge": true,
            "allow_squash_merge": true,
            "allow_update_branch": false,
            "archive_on_destroy": null,
            "archived": false,
            "auto_init": false,
            "default_branch": "main",
            "delete_branch_on_merge": false,
            "description": "Example of Rancher Fleet bundle for Kubewarden",
            "etag": "W/\"bf148038eceb26bd2826a17a705f7d84c305c65b58b3e402e071ca38d1b99066\"",
            "full_name": "kubewarden/fleet-example",
            "git_clone_url": "git://github.com/kubewarden/fleet-example.git",
            "gitignore_template": null,
            "has_discussions": false,
            "has_downloads": true,
            "has_issues": true,
            "has_projects": false,
            "has_wiki": true,
            "homepage_url": "https://github.com/kubewarden/",
            "html_url": "https://github.com/kubewarden/fleet-example",
            "http_clone_url": "https://github.com/kubewarden/fleet-example.git",
            "id": "fleet-example",
            "ignore_vulnerability_alerts_during_read": null,
            "is_template": false,
            "license_template": null,
            "merge_commit_message": "PR_TITLE",
            "merge_commit_title": "MERGE_MESSAGE",
            "name": "fleet-example",
            "node_id": "R_kgDOIwIkHQ",
            "pages": [],
            "primary_language": "",
            "private": false,
            "repo_id": 587342877,
            "security_and_analysis": [
              {
                "advanced_security": [],
                "secret_scanning": [
                  {
                    "status": "enabled"
                  }
                ],
                "secret_scanning_push_protection": [
                  {
                    "status": "disabled"
                  }
                ]
              }
            ],
            "squash_merge_commit_message": "COMMIT_MESSAGES",
            "squash_merge_commit_title": "COMMIT_OR_PR_TITLE",
            "ssh_clone_url": "git@github.com:kubewarden/fleet-example.git",
            "svn_url": "https://github.com/kubewarden/fleet-example",
            "template": [],
            "topics": [
              "hacktoberfest",
              "kubernetes",
              "kubernetes-security",
              "policy-as-code",
              "webassembly"
            ],
            "visibility": "public",
            "vulnerability_alerts": true,
            "web_commit_signoff_required": true
          },
          "sensitive_attributes": [],
          "private": "eyJzY2hlbWFfdmVyc2lvbiI6IjEifQ=="
        }
      ]
    },
    {
      "module": "module.kubewarden_fleet_example_repository",
      "mode": "managed",
      "type": "github_team_repository",
      "name": "gh_team_push_rights",
      "provider": "provider[\"registry.terraform.io/integrations/github\"].kubewarden",
      "instances": [
        {
          "index_key": 0,
          "schema_version": 0,
          "attributes": {
            "etag": "W/\"9bea8d1affa0c3e975a6074b3fbd9735ba851aa1e572f70d16ee49cf340afe75\"",
            "id": "4972867:fleet-example",
            "permission": "push",
            "repository": "fleet-example",
            "team_id": "4972867"
          },
          "sensitive_attributes": [],
          "private": "bnVsbA==",
          "dependencies": [
            "data.github_team.kubewarden_developers",
            "module.kubewarden_fleet_example_repository.github_repository.main"
          ]
        }
      ]
    },
    {
      "module": "module.kubewarden_github_actions_repository",
      "mode": "managed",
      "type": "github_app_installation_repository",
      "name": "app_dco",
      "provider": "provider[\"registry.terraform.io/integrations/github\"].kubewarden",
      "instances": [
        {
          "schema_version": 0,
          "attributes": {
            "id": "29141080:github-actions",
            "installation_id": "29141080",
            "repo_id": 450109365,
            "repository": "github-actions"
          },
          "sensitive_attributes": [],
          "private": "bnVsbA==",
          "dependencies": [
            "module.kubewarden_github_actions_repository.github_repository.main"
          ]
        }
      ]
    },
    {
      "module": "module.kubewarden_github_actions_repository",
      "mode": "managed",
      "type": "github_issue_label",
      "name": "label",
      "provider": "provider[\"registry.terraform.io/integrations/github\"].kubewarden",
      "instances": [
        {
          "index_key": 0,
          "schema_version": 0,
          "attributes": {
            "color": "D3D7CF",
            "description": "",
            "etag": "W/\"d83acf87a17e5e601b70d4d466f969c4a16eee1e102a14ea5d0095cce9fe149f\"",
            "id": "github-actions:area/dependencies",
            "name": "area/dependencies",
            "repository": "github-actions",
            "url": "https://api.github.com/repos/kubewarden/github-actions/labels/area/dependencies"
          },
          "sensitive_attributes": [],
          "private": "bnVsbA==",
          "dependencies": [
            "module.kubewarden_github_actions_repository.github_repository.main"
          ]
        },
        {
          "index_key": 1,
          "schema_version": 0,
          "attributes": {
            "color": "7057ff",
            "description": "",
            "etag": "W/\"972f4f768caab77e1e06fb54676575a546a45b687c2a80ef42dbc77ad7efa8f4\"",
            "id": "github-actions:kind/automation",
            "name": "good first issue",
            "repository": "github-actions",
            "url": "https://api.github.com/repos/kubewarden/github-actions/labels/kind/automation"
          },
          "sensitive_attributes": [],
          "private": "bnVsbA==",
          "dependencies": [
            "module.kubewarden_github_actions_repository.github_repository.main"
          ]
        },
        {
          "index_key": 2,
          "schema_version": 0,
          "attributes": {
            "color": "3465A4",
            "description": "",
            "etag": "W/\"bcd0c83ed172413094c368269638c8aaeba589775dda704137a1028083bf569e\"",
            "id": "github-actions:kind/breaking-change",
            "name": "kind/automation",
            "repository": "github-actions",
            "url": "https://api.github.com/repos/kubewarden/github-actions/labels/kind/breaking-change"
          },
          "sensitive_attributes": [],
          "private": "bnVsbA==",
          "dependencies": [
            "module.kubewarden_github_actions_repository.github_repository.main"
          ]
        },
        {
          "index_key": 3,
          "schema_version": 0,
          "attributes": {
            "color": "FCE94F",
            "description": "",
            "etag": "W/\"6ce8bcad33a7d84103e69c55209e787126279b60c3900b07603e076e2b4ce33b\"",
            "id": "github-actions:kind/bug",
            "name": "kind/breaking-change",
            "repository": "github-actions",
            "url": "https://api.github.com/repos/kubewarden/github-actions/labels/kind/bug"
          },
          "sensitive_attributes": [],
          "private": "bnVsbA==",
          "dependencies": [
            "module.kubewarden_github_actions_repository.github_repository.main"
          ]
        },
        {
          "index_key": 4,
          "schema_version": 0,
          "attributes": {
            "color": "EF2929",
            "description": "",
            "etag": "W/\"229d8adbca0ec8d6a13da6d92a3808b5ee27f31db35849815f357801a10a8ce9\"",
            "id": "github-actions:kind/chore",
            "name": "kind/bug",
            "repository": "github-actions",
            "url": "https://api.github.com/repos/kubewarden/github-actions/labels/kind/chore"
          },
          "sensitive_attributes": [],
          "private": "bnVsbA==",
          "dependencies": [
            "module.kubewarden_github_actions_repository.github_repository.main"
          ]
        },
        {
          "index_key": 5,
          "schema_version": 0,
          "attributes": {
            "color": "555753",
            "description": "",
            "etag": "W/\"0842fd826ecaa196d9380fd533a948c616f00fc2abac80487097d1ed58262e7c\"",
            "id": "github-actions:kind/enhancement",
            "name": "kind/chore",
            "repository": "github-actions",
            "url": "https://api.github.com/repos/kubewarden/github-actions/labels/kind/enhancement"
          },
          "sensitive_attributes": [],
          "private": "bnVsbA==",
          "dependencies": [
            "module.kubewarden_github_actions_repository.github_repository.main"
          ]
        },
        {
          "index_key": 6,
          "schema_version": 0,
          "attributes": {
            "color": "06989A",
            "description": "",
            "etag": "W/\"b9c9fb153b858f75f5195c2b2fd6ac9728555a67ed25c2a93ed3c2b48d622cfa\"",
            "id": "github-actions:kind/feature",
            "name": "kind/enhancement",
            "repository": "github-actions",
            "url": "https://api.github.com/repos/kubewarden/github-actions/labels/kind/feature"
          },
          "sensitive_attributes": [],
          "private": "bnVsbA==",
          "dependencies": [
            "module.kubewarden_github_actions_repository.github_repository.main"
          ]
        },
        {
          "index_key": 7,
          "schema_version": 0,
          "attributes": {
            "color": "34E2E2",
            "description": "",
            "etag": "W/\"57f8441b61e01d519f4b724ade68b830c0477d1538fb7c855c395aaa5fe8b83c\"",
            "id": "github-actions:kind/question",
            "name": "kind/feature",
            "repository": "github-actions",
            "url": "https://api.github.com/repos/kubewarden/github-actions/labels/kind/question"
          },
          "sensitive_attributes": [],
          "private": "bnVsbA==",
          "dependencies": [
            "module.kubewarden_github_actions_repository.github_repository.main"
          ]
        },
        {
          "index_key": 8,
          "schema_version": 0,
          "attributes": {
            "color": "ad7fa8",
            "description": "",
            "etag": "W/\"700eee6b591c71ac2e41a9601965421aa5093a51f7a14b97a6896815156770b6\"",
            "id": "github-actions:kind/tech-debt",
            "name": "kind/question",
            "repository": "github-actions",
            "url": "https://api.github.com/repos/kubewarden/github-actions/labels/kind/tech-debt"
          },
          "sensitive_attributes": [],
          "private": "bnVsbA==",
          "dependencies": [
            "module.kubewarden_github_actions_repository.github_repository.main"
          ]
        },
        {
          "index_key": 9,
          "schema_version": 0,
          "attributes": {
            "color": "729FCF",
            "description": "",
            "etag": "W/\"1dd7f69db3ac2447b17077d389b89ee827e2785d007f4d1deaa61b3847e157fd\"",
            "id": "github-actions:kind/to-be-refined",
            "name": "kind/tech-debt",
            "repository": "github-actions",
            "url": "https://api.github.com/repos/kubewarden/github-actions/labels/kind/to-be-refined"
          },
          "sensitive_attributes": [],
          "private": "bnVsbA==",
          "dependencies": [
            "module.kubewarden_github_actions_repository.github_repository.main"
          ]
        },
        {
          "index_key": 10,
          "schema_version": 0,
          "attributes": {
            "color": "B14FCF",
            "description": "",
            "etag": "W/\"8132dee8e2a9aea9222057210f466fde06af95dc5b7470a07967ea7b847c9edf\"",
            "id": "github-actions:release/minor",
            "name": "kind/to-be-refined",
            "repository": "github-actions",
            "url": "https://api.github.com/repos/kubewarden/github-actions/labels/release/minor"
          },
          "sensitive_attributes": [],
          "private": "bnVsbA==",
          "dependencies": [
            "module.kubewarden_github_actions_repository.github_repository.main"
          ]
        },
        {
          "index_key": 11,
          "schema_version": 0,
          "attributes": {
            "color": "8AE234",
            "description": "",
            "etag": "W/\"6e2e08285da15166560aeebf103afd5c8d7983c40541c7a5c026e5744fea4d14\"",
            "id": "github-actions:release/major",
            "name": "release/major",
            "repository": "github-actions",
            "url": "https://api.github.com/repos/kubewarden/github-actions/labels/release/major"
          },
          "sensitive_attributes": [],
          "private": "bnVsbA==",
          "dependencies": [
            "module.kubewarden_github_actions_repository.github_repository.main"
          ]
        },
        {
          "index_key": 12,
          "schema_version": 0,
          "attributes": {
            "color": "4E9A06",
            "description": "",
            "etag": "W/\"319ebd570666044d81d7ebb603a05098ac4652212479c1eb8791924e0ff60ca9\"",
            "id": "github-actions:release/skip-changelog",
            "name": "release/minor",
            "repository": "github-actions",
            "url": "https://api.github.com/repos/kubewarden/github-actions/labels/release/skip-changelog"
          },
          "sensitive_attributes": [],
          "private": "bnVsbA==",
          "dependencies": [
            "module.kubewarden_github_actions_repository.github_repository.main"
          ]
        },
        {
          "index_key": 13,
          "schema_version": 0,
          "attributes": {
            "color": "aa6600",
            "description": "",
            "etag": "W/\"319ebd570666044d81d7ebb603a05098ac4652212479c1eb8791924e0ff60ca9\"",
            "id": "github-actions:release/skip-changelog",
            "name": "release/patch",
            "repository": "github-actions",
            "url": "https://api.github.com/repos/kubewarden/github-actions/labels/release/skip-changelog"
          },
          "sensitive_attributes": [],
          "private": "bnVsbA==",
          "dependencies": [
            "module.kubewarden_github_actions_repository.github_repository.main"
          ]
        },
        {
          "index_key": 14,
          "schema_version": 0,
          "attributes": {
            "color": "77cc00",
            "description": "",
            "etag": "W/\"319ebd570666044d81d7ebb603a05098ac4652212479c1eb8791924e0ff60ca9\"",
            "id": "github-actions:release/skip-changelog",
            "name": "release/skip-changelog",
            "repository": "github-actions",
            "url": "https://api.github.com/repos/kubewarden/github-actions/labels/release/skip-changelog"
          },
          "sensitive_attributes": [],
          "private": "bnVsbA==",
          "dependencies": [
            "module.kubewarden_github_actions_repository.github_repository.main"
          ]
        }
      ]
    },
    {
      "module": "module.kubewarden_github_actions_repository",
      "mode": "managed",
      "type": "github_repository",
      "name": "main",
      "provider": "provider[\"registry.terraform.io/integrations/github\"].kubewarden",
      "instances": [
        {
          "schema_version": 1,
          "attributes": {
            "allow_auto_merge": false,
            "allow_merge_commit": true,
            "allow_rebase_merge": true,
            "allow_squash_merge": true,
            "allow_update_branch": false,
            "archive_on_destroy": null,
            "archived": false,
            "auto_init": false,
            "default_branch": "main",
            "delete_branch_on_merge": false,
            "description": "GitHub actions used by the Kubewarden project",
            "etag": "W/\"08fd0a851580a1f39ba2f77ec412a26805a38a0a517c876f2397835c0210a8f6\"",
            "full_name": "kubewarden/github-actions",
            "git_clone_url": "git://github.com/kubewarden/github-actions.git",
            "gitignore_template": null,
            "has_discussions": false,
            "has_downloads": true,
            "has_issues": true,
            "has_projects": false,
            "has_wiki": true,
            "homepage_url": "https://kubewarden.io",
            "html_url": "https://github.com/kubewarden/github-actions",
            "http_clone_url": "https://github.com/kubewarden/github-actions.git",
            "id": "github-actions",
            "ignore_vulnerability_alerts_during_read": null,
            "is_template": false,
            "license_template": null,
            "merge_commit_message": "PR_TITLE",
            "merge_commit_title": "MERGE_MESSAGE",
            "name": "github-actions",
            "node_id": "R_kgDOGtQftQ",
            "pages": [],
            "primary_language": "",
            "private": false,
            "repo_id": 450109365,
            "security_and_analysis": [
              {
                "advanced_security": [],
                "secret_scanning": [
                  {
                    "status": "enabled"
                  }
                ],
                "secret_scanning_push_protection": [
                  {
                    "status": "disabled"
                  }
                ]
              }
            ],
            "squash_merge_commit_message": "COMMIT_MESSAGES",
            "squash_merge_commit_title": "COMMIT_OR_PR_TITLE",
            "ssh_clone_url": "git@github.com:kubewarden/github-actions.git",
            "svn_url": "https://github.com/kubewarden/github-actions",
            "template": [],
            "topics": [
              "hacktoberfest",
              "kubernetes",
              "kubernetes-security",
              "policy-as-code",
              "webassembly"
            ],
            "visibility": "public",
            "vulnerability_alerts": true,
            "web_commit_signoff_required": true
          },
          "sensitive_attributes": [],
          "private": "eyJzY2hlbWFfdmVyc2lvbiI6IjEifQ=="
        }
      ]
    },
    {
      "module": "module.kubewarden_github_actions_repository",
      "mode": "managed",
      "type": "github_team_repository",
      "name": "gh_team_push_rights",
      "provider": "provider[\"registry.terraform.io/integrations/github\"].kubewarden",
      "instances": [
        {
          "index_key": 0,
          "schema_version": 0,
          "attributes": {
            "etag": "W/\"c1c5e4b13e9d56a08cc5b4c1db791295fe29313b77d2c9cfe2f650add0dd9791\"",
            "id": "4972867:github-actions",
            "permission": "push",
            "repository": "github-actions",
            "team_id": "4972867"
          },
          "sensitive_attributes": [],
          "private": "bnVsbA==",
          "dependencies": [
            "data.github_team.kubewarden_developers",
            "module.kubewarden_github_actions_repository.github_repository.main"
          ]
        }
      ]
    },
    {
      "module": "module.kubewarden_io_repository",
      "mode": "managed",
      "type": "github_app_installation_repository",
      "name": "app_dco",
      "provider": "provider[\"registry.terraform.io/integrations/github\"].kubewarden",
      "instances": [
        {
          "schema_version": 0,
          "attributes": {
            "id": "29141080:kubewarden.io",
            "installation_id": "29141080",
            "repo_id": 314186121,
            "repository": "kubewarden.io"
          },
          "sensitive_attributes": [],
          "private": "bnVsbA==",
          "dependencies": [
            "module.kubewarden_io_repository.github_repository.main"
          ]
        }
      ]
    },
    {
      "module": "module.kubewarden_io_repository",
      "mode": "managed",
      "type": "github_issue_label",
      "name": "label",
      "provider": "provider[\"registry.terraform.io/integrations/github\"].kubewarden",
      "instances": [
        {
          "index_key": 0,
          "schema_version": 0,
          "attributes": {
            "color": "D3D7CF",
            "description": "",
            "etag": "W/\"dd69f8e0da1bb048239fb77b334b1f7683309382fc61b4fcd108ebcc33f8e3b1\"",
            "id": "kubewarden.io:area/dependencies",
            "name": "area/dependencies",
            "repository": "kubewarden.io",
            "url": "https://api.github.com/repos/kubewarden/kubewarden.io/labels/area/dependencies"
          },
          "sensitive_attributes": [],
          "private": "bnVsbA==",
          "dependencies": [
            "module.kubewarden_io_repository.github_repository.main"
          ]
        },
        {
          "index_key": 1,
          "schema_version": 0,
          "attributes": {
            "color": "7057ff",
            "description": "",
            "etag": "W/\"114fe1dafcaf754a62f5b0ba1ab099470e70017cfc90bf3e7c7e4f481d2ed270\"",
            "id": "kubewarden.io:kind/automation",
            "name": "good first issue",
            "repository": "kubewarden.io",
            "url": "https://api.github.com/repos/kubewarden/kubewarden.io/labels/kind/automation"
          },
          "sensitive_attributes": [],
          "private": "bnVsbA==",
          "dependencies": [
            "module.kubewarden_io_repository.github_repository.main"
          ]
        },
        {
          "index_key": 2,
          "schema_version": 0,
          "attributes": {
            "color": "3465A4",
            "description": "",
            "etag": "W/\"0918ce6838cc8e0f73f4672c402bd0df4d37907b40c33aea75073c81e783d5d6\"",
            "id": "kubewarden.io:kind/breaking-change",
            "name": "kind/automation",
            "repository": "kubewarden.io",
            "url": "https://api.github.com/repos/kubewarden/kubewarden.io/labels/kind/breaking-change"
          },
          "sensitive_attributes": [],
          "private": "bnVsbA==",
          "dependencies": [
            "module.kubewarden_io_repository.github_repository.main"
          ]
        },
        {
          "index_key": 3,
          "schema_version": 0,
          "attributes": {
            "color": "FCE94F",
            "description": "",
            "etag": "W/\"fbc53cc6966eb9ba9de92ef16060b37f9e67f795b88b9379a5f4cd9229a16a4e\"",
            "id": "kubewarden.io:kind/bug",
            "name": "kind/breaking-change",
            "repository": "kubewarden.io",
            "url": "https://api.github.com/repos/kubewarden/kubewarden.io/labels/kind/bug"
          },
          "sensitive_attributes": [],
          "private": "bnVsbA==",
          "dependencies": [
            "module.kubewarden_io_repository.github_repository.main"
          ]
        },
        {
          "index_key": 4,
          "schema_version": 0,
          "attributes": {
            "color": "EF2929",
            "description": "",
            "etag": "W/\"c78c808f9cf74a67c053d23e08ac6f98a7df14ffb6873a8f69b380c534892839\"",
            "id": "kubewarden.io:kind/chore",
            "name": "kind/bug",
            "repository": "kubewarden.io",
            "url": "https://api.github.com/repos/kubewarden/kubewarden.io/labels/kind/chore"
          },
          "sensitive_attributes": [],
          "private": "bnVsbA==",
          "dependencies": [
            "module.kubewarden_io_repository.github_repository.main"
          ]
        },
        {
          "index_key": 5,
          "schema_version": 0,
          "attributes": {
            "color": "555753",
            "description": "",
            "etag": "W/\"fb6f19d87a3fa2e4abf91383756a8d42cfbb4fc0b074c94d32753d2638153faa\"",
            "id": "kubewarden.io:kind/enhancement",
            "name": "kind/chore",
            "repository": "kubewarden.io",
            "url": "https://api.github.com/repos/kubewarden/kubewarden.io/labels/kind/enhancement"
          },
          "sensitive_attributes": [],
          "private": "bnVsbA==",
          "dependencies": [
            "module.kubewarden_io_repository.github_repository.main"
          ]
        },
        {
          "index_key": 6,
          "schema_version": 0,
          "attributes": {
            "color": "06989A",
            "description": "",
            "etag": "W/\"57fa39a27574e61fbd8a92f0e42992bc2c4285ba16bd4eb8bc15a966accf2192\"",
            "id": "kubewarden.io:kind/feature",
            "name": "kind/enhancement",
            "repository": "kubewarden.io",
            "url": "https://api.github.com/repos/kubewarden/kubewarden.io/labels/kind/feature"
          },
          "sensitive_attributes": [],
          "private": "bnVsbA==",
          "dependencies": [
            "module.kubewarden_io_repository.github_repository.main"
          ]
        },
        {
          "index_key": 7,
          "schema_version": 0,
          "attributes": {
            "color": "34E2E2",
            "description": "",
            "etag": "W/\"47bb6ea2a663fbbe1a0ffccab45be1c933178e0b3cc8d5ce37a4f519654db107\"",
            "id": "kubewarden.io:kind/question",
            "name": "kind/feature",
            "repository": "kubewarden.io",
            "url": "https://api.github.com/repos/kubewarden/kubewarden.io/labels/kind/question"
          },
          "sensitive_attributes": [],
          "private": "bnVsbA==",
          "dependencies": [
            "module.kubewarden_io_repository.github_repository.main"
          ]
        },
        {
          "index_key": 8,
          "schema_version": 0,
          "attributes": {
            "color": "ad7fa8",
            "description": "",
            "etag": "W/\"301ff8dbdb4287796985e4644b91713776dd56a4b41478aa50f758d6e7ee55b7\"",
            "id": "kubewarden.io:kind/tech-debt",
            "name": "kind/question",
            "repository": "kubewarden.io",
            "url": "https://api.github.com/repos/kubewarden/kubewarden.io/labels/kind/tech-debt"
          },
          "sensitive_attributes": [],
          "private": "bnVsbA==",
          "dependencies": [
            "module.kubewarden_io_repository.github_repository.main"
          ]
        },
        {
          "index_key": 9,
          "schema_version": 0,
          "attributes": {
            "color": "729FCF",
            "description": "",
            "etag": "W/\"3e5fbbf8418d41214052f3925be6a17aa3227387cb894d5c4b4f5347a562d774\"",
            "id": "kubewarden.io:kind/to-be-refined",
            "name": "kind/tech-debt",
            "repository": "kubewarden.io",
            "url": "https://api.github.com/repos/kubewarden/kubewarden.io/labels/kind/to-be-refined"
          },
          "sensitive_attributes": [],
          "private": "bnVsbA==",
          "dependencies": [
            "module.kubewarden_io_repository.github_repository.main"
          ]
        },
        {
          "index_key": 10,
          "schema_version": 0,
          "attributes": {
            "color": "B14FCF",
            "description": "",
            "etag": "W/\"f58a411cfe5515887b4898e835e80c7938637cc753429f49f64b06c805970292\"",
            "id": "kubewarden.io:release/minor",
            "name": "kind/to-be-refined",
            "repository": "kubewarden.io",
            "url": "https://api.github.com/repos/kubewarden/kubewarden.io/labels/release/minor"
          },
          "sensitive_attributes": [],
          "private": "bnVsbA==",
          "dependencies": [
            "module.kubewarden_io_repository.github_repository.main"
          ]
        },
        {
          "index_key": 11,
          "schema_version": 0,
          "attributes": {
            "color": "8AE234",
            "description": "",
            "etag": "W/\"a013fd95286cc54fa151718f932f344581a43f407e4631e670cea7943e220cfe\"",
            "id": "kubewarden.io:release/major",
            "name": "release/major",
            "repository": "kubewarden.io",
            "url": "https://api.github.com/repos/kubewarden/kubewarden.io/labels/release/major"
          },
          "sensitive_attributes": [],
          "private": "bnVsbA==",
          "dependencies": [
            "module.kubewarden_io_repository.github_repository.main"
          ]
        },
        {
          "index_key": 12,
          "schema_version": 0,
          "attributes": {
            "color": "4E9A06",
            "description": "",
            "etag": "W/\"edd5b0cf9f1346e4633e4373e3e79518c57c04b87d3b120558999d0edc8b11f6\"",
            "id": "kubewarden.io:release/skip-changelog",
            "name": "release/minor",
            "repository": "kubewarden.io",
            "url": "https://api.github.com/repos/kubewarden/kubewarden.io/labels/release/skip-changelog"
          },
          "sensitive_attributes": [],
          "private": "bnVsbA==",
          "dependencies": [
            "module.kubewarden_io_repository.github_repository.main"
          ]
        },
        {
          "index_key": 13,
          "schema_version": 0,
          "attributes": {
            "color": "aa6600",
            "description": "",
            "etag": "W/\"edd5b0cf9f1346e4633e4373e3e79518c57c04b87d3b120558999d0edc8b11f6\"",
            "id": "kubewarden.io:release/skip-changelog",
            "name": "release/patch",
            "repository": "kubewarden.io",
            "url": "https://api.github.com/repos/kubewarden/kubewarden.io/labels/release/skip-changelog"
          },
          "sensitive_attributes": [],
          "private": "bnVsbA==",
          "dependencies": [
            "module.kubewarden_io_repository.github_repository.main"
          ]
        },
        {
          "index_key": 14,
          "schema_version": 0,
          "attributes": {
            "color": "77cc00",
            "description": "",
            "etag": "W/\"edd5b0cf9f1346e4633e4373e3e79518c57c04b87d3b120558999d0edc8b11f6\"",
            "id": "kubewarden.io:release/skip-changelog",
            "name": "release/skip-changelog",
            "repository": "kubewarden.io",
            "url": "https://api.github.com/repos/kubewarden/kubewarden.io/labels/release/skip-changelog"
          },
          "sensitive_attributes": [],
          "private": "bnVsbA==",
          "dependencies": [
            "module.kubewarden_io_repository.github_repository.main"
          ]
        }
      ]
    },
    {
      "module": "module.kubewarden_io_repository",
      "mode": "managed",
      "type": "github_repository",
      "name": "main",
      "provider": "provider[\"registry.terraform.io/integrations/github\"].kubewarden",
      "instances": [
        {
          "schema_version": 1,
          "attributes": {
            "allow_auto_merge": false,
            "allow_merge_commit": true,
            "allow_rebase_merge": true,
            "allow_squash_merge": true,
            "allow_update_branch": false,
            "archive_on_destroy": null,
            "archived": false,
            "auto_init": false,
            "default_branch": "main",
            "delete_branch_on_merge": false,
            "description": "Kubewarden website",
            "etag": "W/\"feeb8d54bfdc717dcc87e07f2ad4d4c7f084671e6d907685f9fb5642d33e8316\"",
            "full_name": "kubewarden/kubewarden.io",
            "git_clone_url": "git://github.com/kubewarden/kubewarden.io.git",
            "gitignore_template": null,
            "has_discussions": false,
            "has_downloads": true,
            "has_issues": true,
            "has_projects": false,
            "has_wiki": true,
            "homepage_url": "https://kubewarden.io",
            "html_url": "https://github.com/kubewarden/kubewarden.io",
            "http_clone_url": "https://github.com/kubewarden/kubewarden.io.git",
            "id": "kubewarden.io",
            "ignore_vulnerability_alerts_during_read": null,
            "is_template": false,
            "license_template": null,
            "merge_commit_message": "PR_TITLE",
            "merge_commit_title": "MERGE_MESSAGE",
            "name": "kubewarden.io",
            "node_id": "MDEwOlJlcG9zaXRvcnkzMTQxODYxMjE=",
            "pages": [
              {
                "build_type": "legacy",
                "cname": "www.kubewarden.io",
                "custom_404": false,
                "html_url": "http://www.kubewarden.io/",
                "source": [
                  {
                    "branch": "gh-pages",
                    "path": "/"
                  }
                ],
                "status": "built",
                "url": "https://api.github.com/repos/kubewarden/kubewarden.io/pages"
              }
            ],
            "primary_language": "SCSS",
            "private": false,
            "repo_id": 314186121,
            "security_and_analysis": [
              {
                "advanced_security": [],
                "secret_scanning": [
                  {
                    "status": "enabled"
                  }
                ],
                "secret_scanning_push_protection": [
                  {
                    "status": "disabled"
                  }
                ]
              }
            ],
            "squash_merge_commit_message": "COMMIT_MESSAGES",
            "squash_merge_commit_title": "COMMIT_OR_PR_TITLE",
            "ssh_clone_url": "git@github.com:kubewarden/kubewarden.io.git",
            "svn_url": "https://github.com/kubewarden/kubewarden.io",
            "template": [],
            "topics": [
              "hacktoberfest",
              "kubernetes",
              "kubernetes-security",
              "policy-as-code",
              "webassembly"
            ],
            "visibility": "public",
            "vulnerability_alerts": true,
            "web_commit_signoff_required": true
          },
          "sensitive_attributes": [],
          "private": "eyJzY2hlbWFfdmVyc2lvbiI6IjEifQ=="
        }
      ]
    },
    {
      "module": "module.kubewarden_io_repository",
      "mode": "managed",
      "type": "github_team_repository",
      "name": "gh_team_push_rights",
      "provider": "provider[\"registry.terraform.io/integrations/github\"].kubewarden",
      "instances": [
        {
          "index_key": 0,
          "schema_version": 0,
          "attributes": {
            "etag": "W/\"73f9e5a9bd76b1152036470450e5aaf9cc84fe7a75c35c7e6e406167655feb6c\"",
            "id": "4972867:kubewarden.io",
            "permission": "push",
            "repository": "kubewarden.io",
            "team_id": "4972867"
          },
          "sensitive_attributes": [],
          "private": "bnVsbA==",
          "dependencies": [
            "data.github_team.kubewarden_developers",
            "data.github_team.kubewarden_documentation",
            "module.kubewarden_io_repository.github_repository.main"
          ]
        },
        {
          "index_key": 1,
          "schema_version": 0,
          "attributes": {
            "etag": "W/\"73f9e5a9bd76b1152036470450e5aaf9cc84fe7a75c35c7e6e406167655feb6c\"",
            "id": "5417591:kubewarden.io",
            "permission": "push",
            "repository": "kubewarden.io",
            "team_id": "5417591"
          },
          "sensitive_attributes": [],
          "private": "bnVsbA==",
          "dependencies": [
            "data.github_team.kubewarden_developers",
            "data.github_team.kubewarden_documentation",
            "module.kubewarden_io_repository.github_repository.main"
          ]
        }
      ]
    },
    {
      "module": "module.kubewarden_k8s_objects_generator_repository",
      "mode": "managed",
      "type": "github_app_installation_repository",
      "name": "app_dco",
      "provider": "provider[\"registry.terraform.io/integrations/github\"].kubewarden",
      "instances": [
        {
          "schema_version": 0,
          "attributes": {
            "id": "29141080:k8s-objects-generator",
            "installation_id": "29141080",
            "repo_id": 493337799,
            "repository": "k8s-objects-generator"
          },
          "sensitive_attributes": [],
          "private": "bnVsbA==",
          "dependencies": [
            "module.kubewarden_k8s_objects_generator_repository.github_repository.main"
          ]
        }
      ]
    },
    {
      "module": "module.kubewarden_k8s_objects_generator_repository",
      "mode": "managed",
      "type": "github_issue_label",
      "name": "label",
      "provider": "provider[\"registry.terraform.io/integrations/github\"].kubewarden",
      "instances": [
        {
          "index_key": 0,
          "schema_version": 0,
          "attributes": {
            "color": "D3D7CF",
            "description": "",
            "etag": "W/\"8292fbe117e90eacfd437a0569837cd24d1fa2dd5093464a979fc09f4a4b31c1\"",
            "id": "k8s-objects-generator:area/dependencies",
            "name": "area/dependencies",
            "repository": "k8s-objects-generator",
            "url": "https://api.github.com/repos/kubewarden/k8s-objects-generator/labels/area/dependencies"
          },
          "sensitive_attributes": [],
          "private": "bnVsbA==",
          "dependencies": [
            "module.kubewarden_k8s_objects_generator_repository.github_repository.main"
          ]
        },
        {
          "index_key": 1,
          "schema_version": 0,
          "attributes": {
            "color": "7057ff",
            "description": "",
            "etag": "W/\"839f7f8241af65a2e6e2b245b4d4c936dd3a14e5fefe48fa00532fe958a24a9b\"",
            "id": "k8s-objects-generator:kind/automation",
            "name": "good first issue",
            "repository": "k8s-objects-generator",
            "url": "https://api.github.com/repos/kubewarden/k8s-objects-generator/labels/kind/automation"
          },
          "sensitive_attributes": [],
          "private": "bnVsbA==",
          "dependencies": [
            "module.kubewarden_k8s_objects_generator_repository.github_repository.main"
          ]
        },
        {
          "index_key": 2,
          "schema_version": 0,
          "attributes": {
            "color": "3465A4",
            "description": "",
            "etag": "W/\"c1f90b0d54739f76f940d7be1d25a36a104f55900c22fa13c815c7b5e926258a\"",
            "id": "k8s-objects-generator:kind/breaking-change",
            "name": "kind/automation",
            "repository": "k8s-objects-generator",
            "url": "https://api.github.com/repos/kubewarden/k8s-objects-generator/labels/kind/breaking-change"
          },
          "sensitive_attributes": [],
          "private": "bnVsbA==",
          "dependencies": [
            "module.kubewarden_k8s_objects_generator_repository.github_repository.main"
          ]
        },
        {
          "index_key": 3,
          "schema_version": 0,
          "attributes": {
            "color": "FCE94F",
            "description": "",
            "etag": "W/\"b50e204a765d246ea0cffd20a3cfb841ad4b8515e2f0346adcdaf021322f2d67\"",
            "id": "k8s-objects-generator:kind/bug",
            "name": "kind/breaking-change",
            "repository": "k8s-objects-generator",
            "url": "https://api.github.com/repos/kubewarden/k8s-objects-generator/labels/kind/bug"
          },
          "sensitive_attributes": [],
          "private": "bnVsbA==",
          "dependencies": [
            "module.kubewarden_k8s_objects_generator_repository.github_repository.main"
          ]
        },
        {
          "index_key": 4,
          "schema_version": 0,
          "attributes": {
            "color": "EF2929",
            "description": "",
            "etag": "W/\"20ae3a4df7ee891d1b9eb02aac2d38f282fba9649297a9fbd66e41bf0cf0f080\"",
            "id": "k8s-objects-generator:kind/chore",
            "name": "kind/bug",
            "repository": "k8s-objects-generator",
            "url": "https://api.github.com/repos/kubewarden/k8s-objects-generator/labels/kind/chore"
          },
          "sensitive_attributes": [],
          "private": "bnVsbA==",
          "dependencies": [
            "module.kubewarden_k8s_objects_generator_repository.github_repository.main"
          ]
        },
        {
          "index_key": 5,
          "schema_version": 0,
          "attributes": {
            "color": "555753",
            "description": "",
            "etag": "W/\"2288f1a251425073c619d22765d04d01c810f13d4a71d74b417b3e6bc8c5b5d0\"",
            "id": "k8s-objects-generator:kind/enhancement",
            "name": "kind/chore",
            "repository": "k8s-objects-generator",
            "url": "https://api.github.com/repos/kubewarden/k8s-objects-generator/labels/kind/enhancement"
          },
          "sensitive_attributes": [],
          "private": "bnVsbA==",
          "dependencies": [
            "module.kubewarden_k8s_objects_generator_repository.github_repository.main"
          ]
        },
        {
          "index_key": 6,
          "schema_version": 0,
          "attributes": {
            "color": "06989A",
            "description": "",
            "etag": "W/\"e6e831e3bef8b5fcf62900947953d4ee662042837692fd70c07938d1367d24eb\"",
            "id": "k8s-objects-generator:kind/feature",
            "name": "kind/enhancement",
            "repository": "k8s-objects-generator",
            "url": "https://api.github.com/repos/kubewarden/k8s-objects-generator/labels/kind/feature"
          },
          "sensitive_attributes": [],
          "private": "bnVsbA==",
          "dependencies": [
            "module.kubewarden_k8s_objects_generator_repository.github_repository.main"
          ]
        },
        {
          "index_key": 7,
          "schema_version": 0,
          "attributes": {
            "color": "34E2E2",
            "description": "",
            "etag": "W/\"ae7103f1891c37e6f1f2a77f7ebab93db5f149929c52ec3d1f221299a46beb44\"",
            "id": "k8s-objects-generator:kind/question",
            "name": "kind/feature",
            "repository": "k8s-objects-generator",
            "url": "https://api.github.com/repos/kubewarden/k8s-objects-generator/labels/kind/question"
          },
          "sensitive_attributes": [],
          "private": "bnVsbA==",
          "dependencies": [
            "module.kubewarden_k8s_objects_generator_repository.github_repository.main"
          ]
        },
        {
          "index_key": 8,
          "schema_version": 0,
          "attributes": {
            "color": "ad7fa8",
            "description": "",
            "etag": "W/\"c5210a2cd0c305bbd0098a8985e0d9f816c07cb326ff2dfa1cba1c6f515bb544\"",
            "id": "k8s-objects-generator:kind/tech-debt",
            "name": "kind/question",
            "repository": "k8s-objects-generator",
            "url": "https://api.github.com/repos/kubewarden/k8s-objects-generator/labels/kind/tech-debt"
          },
          "sensitive_attributes": [],
          "private": "bnVsbA==",
          "dependencies": [
            "module.kubewarden_k8s_objects_generator_repository.github_repository.main"
          ]
        },
        {
          "index_key": 9,
          "schema_version": 0,
          "attributes": {
            "color": "729FCF",
            "description": "",
            "etag": "W/\"67e2b0768d0be69055c5cc568cf92b6726fbb7902369a5ac8f2c8473ba22b635\"",
            "id": "k8s-objects-generator:kind/to-be-refined",
            "name": "kind/tech-debt",
            "repository": "k8s-objects-generator",
            "url": "https://api.github.com/repos/kubewarden/k8s-objects-generator/labels/kind/to-be-refined"
          },
          "sensitive_attributes": [],
          "private": "bnVsbA==",
          "dependencies": [
            "module.kubewarden_k8s_objects_generator_repository.github_repository.main"
          ]
        },
        {
          "index_key": 10,
          "schema_version": 0,
          "attributes": {
            "color": "B14FCF",
            "description": "",
            "etag": "W/\"157b15480634ca305452e54d356c05eae3aa1150fba6c166c76afc2958481115\"",
            "id": "k8s-objects-generator:release/minor",
            "name": "kind/to-be-refined",
            "repository": "k8s-objects-generator",
            "url": "https://api.github.com/repos/kubewarden/k8s-objects-generator/labels/release/minor"
          },
          "sensitive_attributes": [],
          "private": "bnVsbA==",
          "dependencies": [
            "module.kubewarden_k8s_objects_generator_repository.github_repository.main"
          ]
        },
        {
          "index_key": 11,
          "schema_version": 0,
          "attributes": {
            "color": "8AE234",
            "description": "",
            "etag": "W/\"632be5f79cb7e74e513c0ba5cfd7e6a6ba2214573e517b7cfd15ba0b35784718\"",
            "id": "k8s-objects-generator:release/major",
            "name": "release/major",
            "repository": "k8s-objects-generator",
            "url": "https://api.github.com/repos/kubewarden/k8s-objects-generator/labels/release/major"
          },
          "sensitive_attributes": [],
          "private": "bnVsbA==",
          "dependencies": [
            "module.kubewarden_k8s_objects_generator_repository.github_repository.main"
          ]
        },
        {
          "index_key": 12,
          "schema_version": 0,
          "attributes": {
            "color": "4E9A06",
            "description": "",
            "etag": "W/\"157b15480634ca305452e54d356c05eae3aa1150fba6c166c76afc2958481115\"",
            "id": "k8s-objects-generator:release/minor",
            "name": "release/minor",
            "repository": "k8s-objects-generator",
            "url": "https://api.github.com/repos/kubewarden/k8s-objects-generator/labels/release/minor"
          },
          "sensitive_attributes": [],
          "private": "bnVsbA==",
          "dependencies": [
            "module.kubewarden_k8s_objects_generator_repository.github_repository.main"
          ]
        },
        {
          "index_key": 13,
          "schema_version": 0,
          "attributes": {
            "color": "aa6600",
            "description": "",
            "etag": "W/\"f88c0b0110de874909fb98359ab2b7f141e929f77fffc3cb6d60777fb8c33c4b\"",
            "id": "k8s-objects-generator:release/patch",
            "name": "release/patch",
            "repository": "k8s-objects-generator",
            "url": "https://api.github.com/repos/kubewarden/k8s-objects-generator/labels/release/patch"
          },
          "sensitive_attributes": [],
          "private": "bnVsbA==",
          "dependencies": [
            "module.kubewarden_k8s_objects_generator_repository.github_repository.main"
          ]
        },
        {
          "index_key": 14,
          "schema_version": 0,
          "attributes": {
            "color": "77cc00",
            "description": "",
            "etag": "W/\"b110ec414cda597e7827d268d11ad7b16db066780625344840d2f1131db04d14\"",
            "id": "k8s-objects-generator:release/skip-changelog",
            "name": "release/skip-changelog",
            "repository": "k8s-objects-generator",
            "url": "https://api.github.com/repos/kubewarden/k8s-objects-generator/labels/release/skip-changelog"
          },
          "sensitive_attributes": [],
          "private": "bnVsbA==",
          "dependencies": [
            "module.kubewarden_k8s_objects_generator_repository.github_repository.main"
          ]
        }
      ]
    },
    {
      "module": "module.kubewarden_k8s_objects_generator_repository",
      "mode": "managed",
      "type": "github_repository",
      "name": "main",
      "provider": "provider[\"registry.terraform.io/integrations/github\"].kubewarden",
      "instances": [
        {
          "schema_version": 1,
          "attributes": {
            "allow_auto_merge": false,
            "allow_merge_commit": true,
            "allow_rebase_merge": true,
            "allow_squash_merge": true,
            "allow_update_branch": false,
            "archive_on_destroy": null,
            "archived": false,
            "auto_init": false,
            "default_branch": "main",
            "delete_branch_on_merge": false,
            "description": "CLI tool that generates Kubernetes Go types that can be used with TinyGo starting from the official OpenAPI spec",
            "etag": "W/\"80b9f8cd15e8977fd2edbb009945539465fcb0f52e1333be756a92c52d8d8eea\"",
            "full_name": "kubewarden/k8s-objects-generator",
            "git_clone_url": "git://github.com/kubewarden/k8s-objects-generator.git",
            "gitignore_template": null,
            "has_discussions": false,
            "has_downloads": true,
            "has_issues": true,
            "has_projects": false,
            "has_wiki": true,
            "homepage_url": "https://github.com/kubewarden/",
            "html_url": "https://github.com/kubewarden/k8s-objects-generator",
            "http_clone_url": "https://github.com/kubewarden/k8s-objects-generator.git",
            "id": "k8s-objects-generator",
            "ignore_vulnerability_alerts_during_read": null,
            "is_template": false,
            "license_template": null,
            "merge_commit_message": "PR_TITLE",
            "merge_commit_title": "MERGE_MESSAGE",
            "name": "k8s-objects-generator",
            "node_id": "R_kgDOHWe8xw",
            "pages": [],
            "primary_language": "Go",
            "private": false,
            "repo_id": 493337799,
            "security_and_analysis": [
              {
                "advanced_security": [],
                "secret_scanning": [
                  {
                    "status": "enabled"
                  }
                ],
                "secret_scanning_push_protection": [
                  {
                    "status": "disabled"
                  }
                ]
              }
            ],
            "squash_merge_commit_message": "COMMIT_MESSAGES",
            "squash_merge_commit_title": "COMMIT_OR_PR_TITLE",
            "ssh_clone_url": "git@github.com:kubewarden/k8s-objects-generator.git",
            "svn_url": "https://github.com/kubewarden/k8s-objects-generator",
            "template": [],
            "topics": [
              "hacktoberfest",
              "kubernetes",
              "kubernetes-security",
              "policy-as-code",
              "webassembly"
            ],
            "visibility": "public",
            "vulnerability_alerts": true,
            "web_commit_signoff_required": true
          },
          "sensitive_attributes": [],
          "private": "eyJzY2hlbWFfdmVyc2lvbiI6IjEifQ=="
        }
      ]
    },
    {
      "module": "module.kubewarden_k8s_objects_generator_repository",
      "mode": "managed",
      "type": "github_team_repository",
      "name": "gh_team_push_rights",
      "provider": "provider[\"registry.terraform.io/integrations/github\"].kubewarden",
      "instances": [
        {
          "index_key": 0,
          "schema_version": 0,
          "attributes": {
            "etag": "W/\"aaa1c7d3e985c25ce55f0b5db7ca5a0adbb3a5148b517ae373388aadef0a3615\"",
            "id": "4972867:k8s-objects-generator",
            "permission": "push",
            "repository": "k8s-objects-generator",
            "team_id": "4972867"
          },
          "sensitive_attributes": [],
          "private": "bnVsbA==",
          "dependencies": [
            "data.github_team.kubewarden_developers",
            "module.kubewarden_k8s_objects_generator_repository.github_repository.main"
          ]
        }
      ]
    },
    {
      "module": "module.kubewarden_k8s_objects_repository",
      "mode": "managed",
      "type": "github_app_installation_repository",
      "name": "app_dco",
      "provider": "provider[\"registry.terraform.io/integrations/github\"].kubewarden",
      "instances": [
        {
          "schema_version": 0,
          "attributes": {
            "id": "29141080:k8s-objects",
            "installation_id": "29141080",
            "repo_id": 492171063,
            "repository": "k8s-objects"
          },
          "sensitive_attributes": [],
          "private": "bnVsbA==",
          "dependencies": [
            "module.kubewarden_k8s_objects_repository.github_repository.main"
          ]
        }
      ]
    },
    {
      "module": "module.kubewarden_k8s_objects_repository",
      "mode": "managed",
      "type": "github_issue_label",
      "name": "label",
      "provider": "provider[\"registry.terraform.io/integrations/github\"].kubewarden",
      "instances": [
        {
          "index_key": 0,
          "schema_version": 0,
          "attributes": {
            "color": "D3D7CF",
            "description": "",
            "etag": "W/\"3b05efbfe9c2d86d35dd05430e0978c94357903653401f91c74e679f0899d824\"",
            "id": "k8s-objects:area/dependencies",
            "name": "area/dependencies",
            "repository": "k8s-objects",
            "url": "https://api.github.com/repos/kubewarden/k8s-objects/labels/area/dependencies"
          },
          "sensitive_attributes": [],
          "private": "bnVsbA==",
          "dependencies": [
            "module.kubewarden_k8s_objects_repository.github_repository.main"
          ]
        },
        {
          "index_key": 1,
          "schema_version": 0,
          "attributes": {
            "color": "7057ff",
            "description": "",
            "etag": "W/\"5c1a077d648870460f15782c279afcff95ee36a3915e78751b1f76d28c910ae3\"",
            "id": "k8s-objects:kind/automation",
            "name": "good first issue",
            "repository": "k8s-objects",
            "url": "https://api.github.com/repos/kubewarden/k8s-objects/labels/kind/automation"
          },
          "sensitive_attributes": [],
          "private": "bnVsbA==",
          "dependencies": [
            "module.kubewarden_k8s_objects_repository.github_repository.main"
          ]
        },
        {
          "index_key": 2,
          "schema_version": 0,
          "attributes": {
            "color": "3465A4",
            "description": "",
            "etag": "W/\"2f2fbfe948eb970a30d3f13e58c22af7b6d1e327b0cf45613c87ac07f6fd41f8\"",
            "id": "k8s-objects:kind/breaking-change",
            "name": "kind/automation",
            "repository": "k8s-objects",
            "url": "https://api.github.com/repos/kubewarden/k8s-objects/labels/kind/breaking-change"
          },
          "sensitive_attributes": [],
          "private": "bnVsbA==",
          "dependencies": [
            "module.kubewarden_k8s_objects_repository.github_repository.main"
          ]
        },
        {
          "index_key": 3,
          "schema_version": 0,
          "attributes": {
            "color": "FCE94F",
            "description": "",
            "etag": "W/\"e03b2983c6372132099d89d9ed3b9979f42b1171f91a0e6f1201f78a8bef0021\"",
            "id": "k8s-objects:kind/bug",
            "name": "kind/breaking-change",
            "repository": "k8s-objects",
            "url": "https://api.github.com/repos/kubewarden/k8s-objects/labels/kind/bug"
          },
          "sensitive_attributes": [],
          "private": "bnVsbA==",
          "dependencies": [
            "module.kubewarden_k8s_objects_repository.github_repository.main"
          ]
        },
        {
          "index_key": 4,
          "schema_version": 0,
          "attributes": {
            "color": "EF2929",
            "description": "",
            "etag": "W/\"abb93d9f774b00aa75922702ebe2396f1f307a8b6b73d81a2f64b8650dfd2311\"",
            "id": "k8s-objects:kind/chore",
            "name": "kind/bug",
            "repository": "k8s-objects",
            "url": "https://api.github.com/repos/kubewarden/k8s-objects/labels/kind/chore"
          },
          "sensitive_attributes": [],
          "private": "bnVsbA==",
          "dependencies": [
            "module.kubewarden_k8s_objects_repository.github_repository.main"
          ]
        },
        {
          "index_key": 5,
          "schema_version": 0,
          "attributes": {
            "color": "555753",
            "description": "",
            "etag": "W/\"fcf5f78f876c2525e30b03588039ecdfa2613169719b22814ccaf3fd93129560\"",
            "id": "k8s-objects:kind/enhancement",
            "name": "kind/chore",
            "repository": "k8s-objects",
            "url": "https://api.github.com/repos/kubewarden/k8s-objects/labels/kind/enhancement"
          },
          "sensitive_attributes": [],
          "private": "bnVsbA==",
          "dependencies": [
            "module.kubewarden_k8s_objects_repository.github_repository.main"
          ]
        },
        {
          "index_key": 6,
          "schema_version": 0,
          "attributes": {
            "color": "06989A",
            "description": "",
            "etag": "W/\"243a7f7ff0806189d2f2642a423c13790ecc977b00c4bc6faccecafc42b17d87\"",
            "id": "k8s-objects:kind/feature",
            "name": "kind/enhancement",
            "repository": "k8s-objects",
            "url": "https://api.github.com/repos/kubewarden/k8s-objects/labels/kind/feature"
          },
          "sensitive_attributes": [],
          "private": "bnVsbA==",
          "dependencies": [
            "module.kubewarden_k8s_objects_repository.github_repository.main"
          ]
        },
        {
          "index_key": 7,
          "schema_version": 0,
          "attributes": {
            "color": "34E2E2",
            "description": "",
            "etag": "W/\"680c8ae0ff0f1361732ba4834f1b002c3fa21000eeac5b186228dec2c04013c9\"",
            "id": "k8s-objects:kind/question",
            "name": "kind/feature",
            "repository": "k8s-objects",
            "url": "https://api.github.com/repos/kubewarden/k8s-objects/labels/kind/question"
          },
          "sensitive_attributes": [],
          "private": "bnVsbA==",
          "dependencies": [
            "module.kubewarden_k8s_objects_repository.github_repository.main"
          ]
        },
        {
          "index_key": 8,
          "schema_version": 0,
          "attributes": {
            "color": "ad7fa8",
            "description": "",
            "etag": "W/\"dec3cc682ce1e3bfe4f6b99d98bc6b820e6f243dbea3c49b5efbfad3b4e357d1\"",
            "id": "k8s-objects:kind/tech-debt",
            "name": "kind/question",
            "repository": "k8s-objects",
            "url": "https://api.github.com/repos/kubewarden/k8s-objects/labels/kind/tech-debt"
          },
          "sensitive_attributes": [],
          "private": "bnVsbA==",
          "dependencies": [
            "module.kubewarden_k8s_objects_repository.github_repository.main"
          ]
        },
        {
          "index_key": 9,
          "schema_version": 0,
          "attributes": {
            "color": "729FCF",
            "description": "",
            "etag": "W/\"6e0820e8e81b6e05f53c7cde4819a99252d12714a5db89a9390d352a1ef679e0\"",
            "id": "k8s-objects:kind/to-be-refined",
            "name": "kind/tech-debt",
            "repository": "k8s-objects",
            "url": "https://api.github.com/repos/kubewarden/k8s-objects/labels/kind/to-be-refined"
          },
          "sensitive_attributes": [],
          "private": "bnVsbA==",
          "dependencies": [
            "module.kubewarden_k8s_objects_repository.github_repository.main"
          ]
        },
        {
          "index_key": 10,
          "schema_version": 0,
          "attributes": {
            "color": "B14FCF",
            "description": "",
            "etag": "W/\"49a498c70967af795799838b5d28eec5f7046a8d1ba4fae5b11d424601fcb60f\"",
            "id": "k8s-objects:release/minor",
            "name": "kind/to-be-refined",
            "repository": "k8s-objects",
            "url": "https://api.github.com/repos/kubewarden/k8s-objects/labels/release/minor"
          },
          "sensitive_attributes": [],
          "private": "bnVsbA==",
          "dependencies": [
            "module.kubewarden_k8s_objects_repository.github_repository.main"
          ]
        },
        {
          "index_key": 11,
          "schema_version": 0,
          "attributes": {
            "color": "8AE234",
            "description": "",
            "etag": "W/\"0de35282e71a9b619e67291eb4f824a73ff72f1455447bb7087715d9fdd1a07b\"",
            "id": "k8s-objects:release/major",
            "name": "release/major",
            "repository": "k8s-objects",
            "url": "https://api.github.com/repos/kubewarden/k8s-objects/labels/release/major"
          },
          "sensitive_attributes": [],
          "private": "bnVsbA==",
          "dependencies": [
            "module.kubewarden_k8s_objects_repository.github_repository.main"
          ]
        },
        {
          "index_key": 12,
          "schema_version": 0,
          "attributes": {
            "color": "4E9A06",
            "description": "",
            "etag": "W/\"49a498c70967af795799838b5d28eec5f7046a8d1ba4fae5b11d424601fcb60f\"",
            "id": "k8s-objects:release/minor",
            "name": "release/minor",
            "repository": "k8s-objects",
            "url": "https://api.github.com/repos/kubewarden/k8s-objects/labels/release/minor"
          },
          "sensitive_attributes": [],
          "private": "bnVsbA==",
          "dependencies": [
            "module.kubewarden_k8s_objects_repository.github_repository.main"
          ]
        },
        {
          "index_key": 13,
          "schema_version": 0,
          "attributes": {
            "color": "aa6600",
            "description": "",
            "etag": "W/\"90b99768db1c1084f65da843fcf23c15394f19caca0b2d479aeb73ca3ac5a0dc\"",
            "id": "k8s-objects:release/patch",
            "name": "release/patch",
            "repository": "k8s-objects",
            "url": "https://api.github.com/repos/kubewarden/k8s-objects/labels/release/patch"
          },
          "sensitive_attributes": [],
          "private": "bnVsbA==",
          "dependencies": [
            "module.kubewarden_k8s_objects_repository.github_repository.main"
          ]
        },
        {
          "index_key": 14,
          "schema_version": 0,
          "attributes": {
            "color": "77cc00",
            "description": "",
            "etag": "W/\"11fc8e9cf99fa7b025b2c816e119708e1d86a7df1ce5c2a2f4e0b589430d8852\"",
            "id": "k8s-objects:release/skip-changelog",
            "name": "release/skip-changelog",
            "repository": "k8s-objects",
            "url": "https://api.github.com/repos/kubewarden/k8s-objects/labels/release/skip-changelog"
          },
          "sensitive_attributes": [],
          "private": "bnVsbA==",
          "dependencies": [
            "module.kubewarden_k8s_objects_repository.github_repository.main"
          ]
        }
      ]
    },
    {
      "module": "module.kubewarden_k8s_objects_repository",
      "mode": "managed",
      "type": "github_repository",
      "name": "main",
      "provider": "provider[\"registry.terraform.io/integrations/github\"].kubewarden",
      "instances": [
        {
          "schema_version": 1,
          "attributes": {
            "allow_auto_merge": false,
            "allow_merge_commit": true,
            "allow_rebase_merge": true,
            "allow_squash_merge": true,
            "allow_update_branch": false,
            "archive_on_destroy": null,
            "archived": false,
            "auto_init": false,
            "default_branch": "main",
            "delete_branch_on_merge": false,
            "description": "Experimental: Kubernetes Go types that can be used with TinyGo",
            "etag": "W/\"b9138d5e7855be609d5af1644cb703460fdc067117a3564d3c50cc5678241721\"",
            "full_name": "kubewarden/k8s-objects",
            "git_clone_url": "git://github.com/kubewarden/k8s-objects.git",
            "gitignore_template": null,
            "has_discussions": false,
            "has_downloads": true,
            "has_issues": true,
            "has_projects": false,
            "has_wiki": true,
            "homepage_url": "https://github.com/kubewarden/",
            "html_url": "https://github.com/kubewarden/k8s-objects",
            "http_clone_url": "https://github.com/kubewarden/k8s-objects.git",
            "id": "k8s-objects",
            "ignore_vulnerability_alerts_during_read": null,
            "is_template": false,
            "license_template": null,
            "merge_commit_message": "PR_TITLE",
            "merge_commit_title": "MERGE_MESSAGE",
            "name": "k8s-objects",
            "node_id": "R_kgDOHVXvNw",
            "pages": [],
            "primary_language": "",
            "private": false,
            "repo_id": 492171063,
            "security_and_analysis": [
              {
                "advanced_security": [],
                "secret_scanning": [
                  {
                    "status": "enabled"
                  }
                ],
                "secret_scanning_push_protection": [
                  {
                    "status": "disabled"
                  }
                ]
              }
            ],
            "squash_merge_commit_message": "COMMIT_MESSAGES",
            "squash_merge_commit_title": "COMMIT_OR_PR_TITLE",
            "ssh_clone_url": "git@github.com:kubewarden/k8s-objects.git",
            "svn_url": "https://github.com/kubewarden/k8s-objects",
            "template": [],
            "topics": [
              "hacktoberfest",
              "kubernetes",
              "kubernetes-security",
              "policy-as-code",
              "webassembly"
            ],
            "visibility": "public",
            "vulnerability_alerts": true,
            "web_commit_signoff_required": true
          },
          "sensitive_attributes": [],
          "private": "eyJzY2hlbWFfdmVyc2lvbiI6IjEifQ=="
        }
      ]
    },
    {
      "module": "module.kubewarden_k8s_objects_repository",
      "mode": "managed",
      "type": "github_team_repository",
      "name": "gh_team_push_rights",
      "provider": "provider[\"registry.terraform.io/integrations/github\"].kubewarden",
      "instances": [
        {
          "index_key": 0,
          "schema_version": 0,
          "attributes": {
            "etag": "W/\"0bd3dbe50d1a9bdae1c71417ed5a9f7f174f7dd484d9c1bfd8645ba800169f36\"",
            "id": "4972867:k8s-objects",
            "permission": "push",
            "repository": "k8s-objects",
            "team_id": "4972867"
          },
          "sensitive_attributes": [],
          "private": "bnVsbA==",
          "dependencies": [
            "data.github_team.kubewarden_developers",
            "module.kubewarden_k8s_objects_repository.github_repository.main"
          ]
        }
      ]
    },
    {
      "module": "module.kubewarden_kubewarden_controller_repository",
      "mode": "managed",
      "type": "github_app_installation_repository",
      "name": "app_dco",
      "provider": "provider[\"registry.terraform.io/integrations/github\"].kubewarden",
      "instances": [
        {
          "schema_version": 0,
          "attributes": {
            "id": "29141080:kubewarden-controller",
            "installation_id": "29141080",
            "repo_id": 318490971,
            "repository": "kubewarden-controller"
          },
          "sensitive_attributes": [],
          "private": "bnVsbA==",
          "dependencies": [
            "module.kubewarden_kubewarden_controller_repository.github_repository.main"
          ]
        }
      ]
    },
    {
      "module": "module.kubewarden_kubewarden_controller_repository",
      "mode": "managed",
      "type": "github_issue_label",
      "name": "label",
      "provider": "provider[\"registry.terraform.io/integrations/github\"].kubewarden",
      "instances": [
        {
          "index_key": 0,
          "schema_version": 0,
          "attributes": {
            "color": "D3D7CF",
            "description": "",
            "etag": "W/\"facd62256368452a2dcaaa7e094839d53a352bea23339c727d320107b0fb30ff\"",
            "id": "kubewarden-controller:area/dependencies",
            "name": "area/dependencies",
            "repository": "kubewarden-controller",
            "url": "https://api.github.com/repos/kubewarden/kubewarden-controller/labels/area/dependencies"
          },
          "sensitive_attributes": [],
          "private": "bnVsbA==",
          "dependencies": [
            "module.kubewarden_kubewarden_controller_repository.github_repository.main"
          ]
        },
        {
          "index_key": 1,
          "schema_version": 0,
          "attributes": {
            "color": "7057ff",
            "description": "",
            "etag": "W/\"d302e810b271af2e3486b7911d1ffc6122a355bf6555691e8aa8aca214ae71dc\"",
            "id": "kubewarden-controller:kind/automation",
            "name": "good first issue",
            "repository": "kubewarden-controller",
            "url": "https://api.github.com/repos/kubewarden/kubewarden-controller/labels/kind/automation"
          },
          "sensitive_attributes": [],
          "private": "bnVsbA==",
          "dependencies": [
            "module.kubewarden_kubewarden_controller_repository.github_repository.main"
          ]
        },
        {
          "index_key": 2,
          "schema_version": 0,
          "attributes": {
            "color": "3465A4",
            "description": "",
            "etag": "W/\"9054099352897ce79ff02940fb966a167b520ae5e57c7f73e35ff207f7eee4a8\"",
            "id": "kubewarden-controller:kind/breaking-change",
            "name": "kind/automation",
            "repository": "kubewarden-controller",
            "url": "https://api.github.com/repos/kubewarden/kubewarden-controller/labels/kind/breaking-change"
          },
          "sensitive_attributes": [],
          "private": "bnVsbA==",
          "dependencies": [
            "module.kubewarden_kubewarden_controller_repository.github_repository.main"
          ]
        },
        {
          "index_key": 3,
          "schema_version": 0,
          "attributes": {
            "color": "FCE94F",
            "description": "",
            "etag": "W/\"bd144d8f8c4b2893d0beeabeaf4e42a8963ccbae9d31a4eeb9cbcb41944af3fc\"",
            "id": "kubewarden-controller:kind/bug",
            "name": "kind/breaking-change",
            "repository": "kubewarden-controller",
            "url": "https://api.github.com/repos/kubewarden/kubewarden-controller/labels/kind/bug"
          },
          "sensitive_attributes": [],
          "private": "bnVsbA==",
          "dependencies": [
            "module.kubewarden_kubewarden_controller_repository.github_repository.main"
          ]
        },
        {
          "index_key": 4,
          "schema_version": 0,
          "attributes": {
            "color": "EF2929",
            "description": "",
            "etag": "W/\"96ba117397830b62e2e9f75b2e66f6169833a5ac7862fa4ae99d30a4bc2b6269\"",
            "id": "kubewarden-controller:kind/chore",
            "name": "kind/bug",
            "repository": "kubewarden-controller",
            "url": "https://api.github.com/repos/kubewarden/kubewarden-controller/labels/kind/chore"
          },
          "sensitive_attributes": [],
          "private": "bnVsbA==",
          "dependencies": [
            "module.kubewarden_kubewarden_controller_repository.github_repository.main"
          ]
        },
        {
          "index_key": 5,
          "schema_version": 0,
          "attributes": {
            "color": "555753",
            "description": "",
            "etag": "W/\"3af49d6431fd8587b043c10e1c2f4c14125a2c9010e7c4722303947f94b2144e\"",
            "id": "kubewarden-controller:kind/enhancement",
            "name": "kind/chore",
            "repository": "kubewarden-controller",
            "url": "https://api.github.com/repos/kubewarden/kubewarden-controller/labels/kind/enhancement"
          },
          "sensitive_attributes": [],
          "private": "bnVsbA==",
          "dependencies": [
            "module.kubewarden_kubewarden_controller_repository.github_repository.main"
          ]
        },
        {
          "index_key": 6,
          "schema_version": 0,
          "attributes": {
            "color": "06989A",
            "description": "",
            "etag": "W/\"979f39a6f1ce95e9fdca1d90b6d7d3a80684a599d718f9746d9102fe4ec64c99\"",
            "id": "kubewarden-controller:kind/feature",
            "name": "kind/enhancement",
            "repository": "kubewarden-controller",
            "url": "https://api.github.com/repos/kubewarden/kubewarden-controller/labels/kind/feature"
          },
          "sensitive_attributes": [],
          "private": "bnVsbA==",
          "dependencies": [
            "module.kubewarden_kubewarden_controller_repository.github_repository.main"
          ]
        },
        {
          "index_key": 7,
          "schema_version": 0,
          "attributes": {
            "color": "34E2E2",
            "description": "",
            "etag": "W/\"eca13dfd26f18d74f28b1611428e42757a62e3eda2f0ca1ee315ba923e727bf4\"",
            "id": "kubewarden-controller:kind/question",
            "name": "kind/feature",
            "repository": "kubewarden-controller",
            "url": "https://api.github.com/repos/kubewarden/kubewarden-controller/labels/kind/question"
          },
          "sensitive_attributes": [],
          "private": "bnVsbA==",
          "dependencies": [
            "module.kubewarden_kubewarden_controller_repository.github_repository.main"
          ]
        },
        {
          "index_key": 8,
          "schema_version": 0,
          "attributes": {
            "color": "ad7fa8",
            "description": "",
            "etag": "W/\"a95f7b9c2c662e82f3f770ace49d550f4d9262643162bb495ec2ecdcc7fd6b93\"",
            "id": "kubewarden-controller:kind/tech-debt",
            "name": "kind/question",
            "repository": "kubewarden-controller",
            "url": "https://api.github.com/repos/kubewarden/kubewarden-controller/labels/kind/tech-debt"
          },
          "sensitive_attributes": [],
          "private": "bnVsbA==",
          "dependencies": [
            "module.kubewarden_kubewarden_controller_repository.github_repository.main"
          ]
        },
        {
          "index_key": 9,
          "schema_version": 0,
          "attributes": {
            "color": "729FCF",
            "description": "",
            "etag": "W/\"4e03d69504f9d5db86d096a4d66de90be818281bfb56c58204b12b265a4bc541\"",
            "id": "kubewarden-controller:kind/to-be-refined",
            "name": "kind/tech-debt",
            "repository": "kubewarden-controller",
            "url": "https://api.github.com/repos/kubewarden/kubewarden-controller/labels/kind/to-be-refined"
          },
          "sensitive_attributes": [],
          "private": "bnVsbA==",
          "dependencies": [
            "module.kubewarden_kubewarden_controller_repository.github_repository.main"
          ]
        },
        {
          "index_key": 10,
          "schema_version": 0,
          "attributes": {
            "color": "B14FCF",
            "description": "",
            "etag": "W/\"d176a9101bc342206ca00cf0e060a9ccd35b26b99fdb32a51f41749f20ad861e\"",
            "id": "kubewarden-controller:release/minor",
            "name": "kind/to-be-refined",
            "repository": "kubewarden-controller",
            "url": "https://api.github.com/repos/kubewarden/kubewarden-controller/labels/release/minor"
          },
          "sensitive_attributes": [],
          "private": "bnVsbA==",
          "dependencies": [
            "module.kubewarden_kubewarden_controller_repository.github_repository.main"
          ]
        },
        {
          "index_key": 11,
          "schema_version": 0,
          "attributes": {
            "color": "8AE234",
            "description": "",
            "etag": "W/\"90b82f7c47fc88e203d52793bbcb3d2053dac28040c40b9eb7eb6272987928ed\"",
            "id": "kubewarden-controller:release/major",
            "name": "release/major",
            "repository": "kubewarden-controller",
            "url": "https://api.github.com/repos/kubewarden/kubewarden-controller/labels/release/major"
          },
          "sensitive_attributes": [],
          "private": "bnVsbA==",
          "dependencies": [
            "module.kubewarden_kubewarden_controller_repository.github_repository.main"
          ]
        },
        {
          "index_key": 12,
          "schema_version": 0,
          "attributes": {
            "color": "4E9A06",
            "description": "",
            "etag": "W/\"7cdc04f7b1238f1a945eb417adcaa9247b22a50ba02d3633b6a0a795e012a43c\"",
            "id": "kubewarden-controller:release/skip-changelog",
            "name": "release/minor",
            "repository": "kubewarden-controller",
            "url": "https://api.github.com/repos/kubewarden/kubewarden-controller/labels/release/skip-changelog"
          },
          "sensitive_attributes": [],
          "private": "bnVsbA==",
          "dependencies": [
            "module.kubewarden_kubewarden_controller_repository.github_repository.main"
          ]
        },
        {
          "index_key": 13,
          "schema_version": 0,
          "attributes": {
            "color": "aa6600",
            "description": "",
            "etag": "W/\"7cdc04f7b1238f1a945eb417adcaa9247b22a50ba02d3633b6a0a795e012a43c\"",
            "id": "kubewarden-controller:release/skip-changelog",
            "name": "release/patch",
            "repository": "kubewarden-controller",
            "url": "https://api.github.com/repos/kubewarden/kubewarden-controller/labels/release/skip-changelog"
          },
          "sensitive_attributes": [],
          "private": "bnVsbA==",
          "dependencies": [
            "module.kubewarden_kubewarden_controller_repository.github_repository.main"
          ]
        },
        {
          "index_key": 14,
          "schema_version": 0,
          "attributes": {
            "color": "77cc00",
            "description": "",
            "etag": "W/\"7cdc04f7b1238f1a945eb417adcaa9247b22a50ba02d3633b6a0a795e012a43c\"",
            "id": "kubewarden-controller:release/skip-changelog",
            "name": "release/skip-changelog",
            "repository": "kubewarden-controller",
            "url": "https://api.github.com/repos/kubewarden/kubewarden-controller/labels/release/skip-changelog"
          },
          "sensitive_attributes": [],
          "private": "bnVsbA==",
          "dependencies": [
            "module.kubewarden_kubewarden_controller_repository.github_repository.main"
          ]
        }
      ]
    },
    {
      "module": "module.kubewarden_kubewarden_controller_repository",
      "mode": "managed",
      "type": "github_repository",
      "name": "main",
      "provider": "provider[\"registry.terraform.io/integrations/github\"].kubewarden",
      "instances": [
        {
          "schema_version": 1,
          "attributes": {
            "allow_auto_merge": false,
            "allow_merge_commit": true,
            "allow_rebase_merge": true,
            "allow_squash_merge": true,
            "allow_update_branch": false,
            "archive_on_destroy": null,
            "archived": false,
            "auto_init": false,
            "default_branch": "main",
            "delete_branch_on_merge": false,
            "description": "Manage admission policies in your Kubernetes cluster with ease",
            "etag": "W/\"0f8b2040f58760084b0bcd1f15230ce70b3576c43bbb99bda129c08192bc0bfe\"",
            "full_name": "kubewarden/kubewarden-controller",
            "git_clone_url": "git://github.com/kubewarden/kubewarden-controller.git",
            "gitignore_template": null,
            "has_discussions": false,
            "has_downloads": true,
            "has_issues": true,
            "has_projects": false,
            "has_wiki": true,
            "homepage_url": "https://kubewarden.io",
            "html_url": "https://github.com/kubewarden/kubewarden-controller",
            "http_clone_url": "https://github.com/kubewarden/kubewarden-controller.git",
            "id": "kubewarden-controller",
            "ignore_vulnerability_alerts_during_read": null,
            "is_template": false,
            "license_template": null,
            "merge_commit_message": "PR_TITLE",
            "merge_commit_title": "MERGE_MESSAGE",
            "name": "kubewarden-controller",
            "node_id": "MDEwOlJlcG9zaXRvcnkzMTg0OTA5NzE=",
            "pages": [],
            "primary_language": "Go",
            "private": false,
            "repo_id": 318490971,
            "security_and_analysis": [
              {
                "advanced_security": [],
                "secret_scanning": [
                  {
                    "status": "enabled"
                  }
                ],
                "secret_scanning_push_protection": [
                  {
                    "status": "disabled"
                  }
                ]
              }
            ],
            "squash_merge_commit_message": "COMMIT_MESSAGES",
            "squash_merge_commit_title": "COMMIT_OR_PR_TITLE",
            "ssh_clone_url": "git@github.com:kubewarden/kubewarden-controller.git",
            "svn_url": "https://github.com/kubewarden/kubewarden-controller",
            "template": [],
            "topics": [
              "hacktoberfest",
              "kubernetes",
              "kubernetes-security",
              "policy-as-code",
              "webassembly"
            ],
            "visibility": "public",
            "vulnerability_alerts": true,
            "web_commit_signoff_required": true
          },
          "sensitive_attributes": [],
          "private": "eyJzY2hlbWFfdmVyc2lvbiI6IjEifQ=="
        }
      ]
    },
    {
      "module": "module.kubewarden_kubewarden_controller_repository",
      "mode": "managed",
      "type": "github_team_repository",
      "name": "gh_team_push_rights",
      "provider": "provider[\"registry.terraform.io/integrations/github\"].kubewarden",
      "instances": [
        {
          "index_key": 0,
          "schema_version": 0,
          "attributes": {
            "etag": "W/\"01906f33f5fa6d69656ca7b200493e3e6d39e8777eb087914c6a07848be07bd1\"",
            "id": "4972867:kubewarden-controller",
            "permission": "push",
            "repository": "kubewarden-controller",
            "team_id": "4972867"
          },
          "sensitive_attributes": [],
          "private": "bnVsbA==",
          "dependencies": [
            "data.github_team.kubewarden_developers",
            "module.kubewarden_kubewarden_controller_repository.github_repository.main"
          ]
        }
      ]
    },
    {
      "module": "module.kubewarden_kwctl_repository",
      "mode": "managed",
      "type": "github_app_installation_repository",
      "name": "app_dco",
      "provider": "provider[\"registry.terraform.io/integrations/github\"].kubewarden",
      "instances": [
        {
          "schema_version": 0,
          "attributes": {
            "id": "29141080:kwctl",
            "installation_id": "29141080",
            "repo_id": 360471642,
            "repository": "kwctl"
          },
          "sensitive_attributes": [],
          "private": "bnVsbA==",
          "dependencies": [
            "module.kubewarden_kwctl_repository.github_repository.main"
          ]
        }
      ]
    },
    {
      "module": "module.kubewarden_kwctl_repository",
      "mode": "managed",
      "type": "github_issue_label",
      "name": "label",
      "provider": "provider[\"registry.terraform.io/integrations/github\"].kubewarden",
      "instances": [
        {
          "index_key": 0,
          "schema_version": 0,
          "attributes": {
            "color": "D3D7CF",
            "description": "",
            "etag": "W/\"4eab662e83b4c11009225dac7faa5ddb4aaaf60756ce47ab2c4706cf7338a365\"",
            "id": "kwctl:area/dependencies",
            "name": "area/dependencies",
            "repository": "kwctl",
            "url": "https://api.github.com/repos/kubewarden/kwctl/labels/area/dependencies"
          },
          "sensitive_attributes": [],
          "private": "bnVsbA==",
          "dependencies": [
            "module.kubewarden_kwctl_repository.github_repository.main"
          ]
        },
        {
          "index_key": 1,
          "schema_version": 0,
          "attributes": {
            "color": "7057ff",
            "description": "",
            "etag": "W/\"208f993c5585aa17b4e90196031673ca7f5135a83302c4477fc792191648279f\"",
            "id": "kwctl:kind/automation",
            "name": "good first issue",
            "repository": "kwctl",
            "url": "https://api.github.com/repos/kubewarden/kwctl/labels/kind/automation"
          },
          "sensitive_attributes": [],
          "private": "bnVsbA==",
          "dependencies": [
            "module.kubewarden_kwctl_repository.github_repository.main"
          ]
        },
        {
          "index_key": 2,
          "schema_version": 0,
          "attributes": {
            "color": "3465A4",
            "description": "",
            "etag": "W/\"fcdc8f4267e362b71c29d57ec5eeea75883228b650636495b8a718795aebaa2a\"",
            "id": "kwctl:kind/breaking-change",
            "name": "kind/automation",
            "repository": "kwctl",
            "url": "https://api.github.com/repos/kubewarden/kwctl/labels/kind/breaking-change"
          },
          "sensitive_attributes": [],
          "private": "bnVsbA==",
          "dependencies": [
            "module.kubewarden_kwctl_repository.github_repository.main"
          ]
        },
        {
          "index_key": 3,
          "schema_version": 0,
          "attributes": {
            "color": "FCE94F",
            "description": "",
            "etag": "W/\"c0ce7956c6eac9874f2874ccc125742cff230c8cf96b0a13029d41243ad91908\"",
            "id": "kwctl:kind/bug",
            "name": "kind/breaking-change",
            "repository": "kwctl",
            "url": "https://api.github.com/repos/kubewarden/kwctl/labels/kind/bug"
          },
          "sensitive_attributes": [],
          "private": "bnVsbA==",
          "dependencies": [
            "module.kubewarden_kwctl_repository.github_repository.main"
          ]
        },
        {
          "index_key": 4,
          "schema_version": 0,
          "attributes": {
            "color": "EF2929",
            "description": "",
            "etag": "W/\"05b3f248c7eedbfd743f186ef34931cd8a902426a4cdbcf6e2e9721bd43ac0fa\"",
            "id": "kwctl:kind/chore",
            "name": "kind/bug",
            "repository": "kwctl",
            "url": "https://api.github.com/repos/kubewarden/kwctl/labels/kind/chore"
          },
          "sensitive_attributes": [],
          "private": "bnVsbA==",
          "dependencies": [
            "module.kubewarden_kwctl_repository.github_repository.main"
          ]
        },
        {
          "index_key": 5,
          "schema_version": 0,
          "attributes": {
            "color": "555753",
            "description": "",
            "etag": "W/\"a0a89eb83861b62973be1d90268ff50c82c4fad26ff67adf4cebdd07c5013e4e\"",
            "id": "kwctl:kind/enhancement",
            "name": "kind/chore",
            "repository": "kwctl",
            "url": "https://api.github.com/repos/kubewarden/kwctl/labels/kind/enhancement"
          },
          "sensitive_attributes": [],
          "private": "bnVsbA==",
          "dependencies": [
            "module.kubewarden_kwctl_repository.github_repository.main"
          ]
        },
        {
          "index_key": 6,
          "schema_version": 0,
          "attributes": {
            "color": "06989A",
            "description": "",
            "etag": "W/\"7cdbff4e4d4927d3edaa72f4edc39b24441dd6809cb60e37369a45de82fbce14\"",
            "id": "kwctl:kind/feature",
            "name": "kind/enhancement",
            "repository": "kwctl",
            "url": "https://api.github.com/repos/kubewarden/kwctl/labels/kind/feature"
          },
          "sensitive_attributes": [],
          "private": "bnVsbA==",
          "dependencies": [
            "module.kubewarden_kwctl_repository.github_repository.main"
          ]
        },
        {
          "index_key": 7,
          "schema_version": 0,
          "attributes": {
            "color": "34E2E2",
            "description": "",
            "etag": "W/\"6d86021185c14538d5de28ed273cbee505d9f01e61fe9a76cfe36952101991b0\"",
            "id": "kwctl:kind/question",
            "name": "kind/feature",
            "repository": "kwctl",
            "url": "https://api.github.com/repos/kubewarden/kwctl/labels/kind/question"
          },
          "sensitive_attributes": [],
          "private": "bnVsbA==",
          "dependencies": [
            "module.kubewarden_kwctl_repository.github_repository.main"
          ]
        },
        {
          "index_key": 8,
          "schema_version": 0,
          "attributes": {
            "color": "ad7fa8",
            "description": "",
            "etag": "W/\"ba56ef373fd0aca72d5e7dd6e5e1b9ae6baaeabd9abc9b3d7215b1a0b72c5eef\"",
            "id": "kwctl:kind/tech-debt",
            "name": "kind/question",
            "repository": "kwctl",
            "url": "https://api.github.com/repos/kubewarden/kwctl/labels/kind/tech-debt"
          },
          "sensitive_attributes": [],
          "private": "bnVsbA==",
          "dependencies": [
            "module.kubewarden_kwctl_repository.github_repository.main"
          ]
        },
        {
          "index_key": 9,
          "schema_version": 0,
          "attributes": {
            "color": "729FCF",
            "description": "",
            "etag": "W/\"d1775780a7480a1687385c51c4dc92d32a5163190875874631f1ca0de765fa1f\"",
            "id": "kwctl:kind/to-be-refined",
            "name": "kind/tech-debt",
            "repository": "kwctl",
            "url": "https://api.github.com/repos/kubewarden/kwctl/labels/kind/to-be-refined"
          },
          "sensitive_attributes": [],
          "private": "bnVsbA==",
          "dependencies": [
            "module.kubewarden_kwctl_repository.github_repository.main"
          ]
        },
        {
          "index_key": 10,
          "schema_version": 0,
          "attributes": {
            "color": "B14FCF",
            "description": "",
            "etag": "W/\"979a02ad3646e558ed5f2bbac6e8b361fdf0929626391d8bad616506b5ab2d4d\"",
            "id": "kwctl:release/major",
            "name": "kind/to-be-refined",
            "repository": "kwctl",
            "url": "https://api.github.com/repos/kubewarden/kwctl/labels/release/major"
          },
          "sensitive_attributes": [],
          "private": "bnVsbA==",
          "dependencies": [
            "module.kubewarden_kwctl_repository.github_repository.main"
          ]
        },
        {
          "index_key": 11,
          "schema_version": 0,
          "attributes": {
            "color": "8AE234",
            "description": "",
            "etag": "W/\"3fa2a8ae4e3ea3692a8ffab90586d2644448f0dedb070807a25e095d47ddb3f4\"",
            "id": "kwctl:release/minor",
            "name": "release/major",
            "repository": "kwctl",
            "url": "https://api.github.com/repos/kubewarden/kwctl/labels/release/minor"
          },
          "sensitive_attributes": [],
          "private": "bnVsbA==",
          "dependencies": [
            "module.kubewarden_kwctl_repository.github_repository.main"
          ]
        },
        {
          "index_key": 12,
          "schema_version": 0,
          "attributes": {
            "color": "4E9A06",
            "description": "",
            "etag": "W/\"ff8e50c30191336b8071b093f629cf479b18bdee0a9fce77b7178a402d600e03\"",
            "id": "kwctl:release/patch",
            "name": "release/minor",
            "repository": "kwctl",
            "url": "https://api.github.com/repos/kubewarden/kwctl/labels/release/patch"
          },
          "sensitive_attributes": [],
          "private": "bnVsbA==",
          "dependencies": [
            "module.kubewarden_kwctl_repository.github_repository.main"
          ]
        },
        {
          "index_key": 13,
          "schema_version": 0,
          "attributes": {
            "color": "aa6600",
            "description": "",
            "etag": "W/\"848adbdf9ce5915ecaa1f15fa80862b45be26ed1d98d63ee88897b242a93e7bd\"",
            "id": "kwctl:release/skip-changelog",
            "name": "release/patch",
            "repository": "kwctl",
            "url": "https://api.github.com/repos/kubewarden/kwctl/labels/release/skip-changelog"
          },
          "sensitive_attributes": [],
          "private": "bnVsbA==",
          "dependencies": [
            "module.kubewarden_kwctl_repository.github_repository.main"
          ]
        },
        {
          "index_key": 14,
          "schema_version": 0,
          "attributes": {
            "color": "77cc00",
            "description": "",
            "etag": "W/\"848adbdf9ce5915ecaa1f15fa80862b45be26ed1d98d63ee88897b242a93e7bd\"",
            "id": "kwctl:release/skip-changelog",
            "name": "release/skip-changelog",
            "repository": "kwctl",
            "url": "https://api.github.com/repos/kubewarden/kwctl/labels/release/skip-changelog"
          },
          "sensitive_attributes": [],
          "private": "bnVsbA==",
          "dependencies": [
            "module.kubewarden_kwctl_repository.github_repository.main"
          ]
        }
      ]
    },
    {
      "module": "module.kubewarden_kwctl_repository",
      "mode": "managed",
      "type": "github_repository",
      "name": "main",
      "provider": "provider[\"registry.terraform.io/integrations/github\"].kubewarden",
      "instances": [
        {
          "schema_version": 1,
          "attributes": {
            "allow_auto_merge": false,
            "allow_merge_commit": true,
            "allow_rebase_merge": true,
            "allow_squash_merge": true,
            "allow_update_branch": false,
            "archive_on_destroy": null,
            "archived": false,
            "auto_init": false,
            "default_branch": "main",
            "delete_branch_on_merge": false,
            "description": "Go-to CLI tool for Kubewarden users",
            "etag": "W/\"3d19052889f45a95772a23e02b2be8ac76b40a5679421393434ad66a76a65b99\"",
            "full_name": "kubewarden/kwctl",
            "git_clone_url": "git://github.com/kubewarden/kwctl.git",
            "gitignore_template": null,
            "has_discussions": false,
            "has_downloads": true,
            "has_issues": true,
            "has_projects": false,
            "has_wiki": true,
            "homepage_url": "https://kubewarden.io",
            "html_url": "https://github.com/kubewarden/kwctl",
            "http_clone_url": "https://github.com/kubewarden/kwctl.git",
            "id": "kwctl",
            "ignore_vulnerability_alerts_during_read": null,
            "is_template": false,
            "license_template": null,
            "merge_commit_message": "PR_TITLE",
            "merge_commit_title": "MERGE_MESSAGE",
            "name": "kwctl",
            "node_id": "MDEwOlJlcG9zaXRvcnkzNjA0NzE2NDI=",
            "pages": [],
            "primary_language": "Rust",
            "private": false,
            "repo_id": 360471642,
            "security_and_analysis": [
              {
                "advanced_security": [],
                "secret_scanning": [
                  {
                    "status": "enabled"
                  }
                ],
                "secret_scanning_push_protection": [
                  {
                    "status": "disabled"
                  }
                ]
              }
            ],
            "squash_merge_commit_message": "COMMIT_MESSAGES",
            "squash_merge_commit_title": "COMMIT_OR_PR_TITLE",
            "ssh_clone_url": "git@github.com:kubewarden/kwctl.git",
            "svn_url": "https://github.com/kubewarden/kwctl",
            "template": [],
            "topics": [
              "hacktoberfest",
              "kubernetes",
              "kubernetes-security",
              "policy-as-code",
              "webassembly"
            ],
            "visibility": "public",
            "vulnerability_alerts": true,
            "web_commit_signoff_required": true
          },
          "sensitive_attributes": [],
          "private": "eyJzY2hlbWFfdmVyc2lvbiI6IjEifQ=="
        }
      ]
    },
    {
      "module": "module.kubewarden_kwctl_repository",
      "mode": "managed",
      "type": "github_team_repository",
      "name": "gh_team_push_rights",
      "provider": "provider[\"registry.terraform.io/integrations/github\"].kubewarden",
      "instances": [
        {
          "index_key": 0,
          "schema_version": 0,
          "attributes": {
            "etag": "W/\"bdd5c780754652582b27b3ea7d6a9aea741cfb39e0cf5c67afd13d305c82f6ab\"",
            "id": "4972867:kwctl",
            "permission": "push",
            "repository": "kwctl",
            "team_id": "4972867"
          },
          "sensitive_attributes": [],
          "private": "bnVsbA==",
          "dependencies": [
            "data.github_team.kubewarden_developers",
            "module.kubewarden_kwctl_repository.github_repository.main"
          ]
        }
      ]
    },
    {
      "module": "module.kubewarden_load_testing_repository",
      "mode": "managed",
      "type": "github_app_installation_repository",
      "name": "app_dco",
      "provider": "provider[\"registry.terraform.io/integrations/github\"].kubewarden",
      "instances": [
        {
          "schema_version": 0,
          "attributes": {
            "id": "29141080:load-testing",
            "installation_id": "29141080",
            "repo_id": 387539493,
            "repository": "load-testing"
          },
          "sensitive_attributes": [],
          "private": "bnVsbA==",
          "dependencies": [
            "module.kubewarden_load_testing_repository.github_repository.main"
          ]
        }
      ]
    },
    {
      "module": "module.kubewarden_load_testing_repository",
      "mode": "managed",
      "type": "github_issue_label",
      "name": "label",
      "provider": "provider[\"registry.terraform.io/integrations/github\"].kubewarden",
      "instances": [
        {
          "index_key": 0,
          "schema_version": 0,
          "attributes": {
            "color": "D3D7CF",
            "description": "",
            "etag": "W/\"17c7b5aec464672858c6a1d4eb95d805d38e18f9d461c0882a8de6b2b9773fbe\"",
            "id": "load-testing:area/dependencies",
            "name": "area/dependencies",
            "repository": "load-testing",
            "url": "https://api.github.com/repos/kubewarden/load-testing/labels/area/dependencies"
          },
          "sensitive_attributes": [],
          "private": "bnVsbA==",
          "dependencies": [
            "module.kubewarden_load_testing_repository.github_repository.main"
          ]
        },
        {
          "index_key": 1,
          "schema_version": 0,
          "attributes": {
            "color": "7057ff",
            "description": "",
            "etag": "W/\"686cbb204c9a5b77298554a67759eecad3f8236be45a8dbe868f431ff2c00f60\"",
            "id": "load-testing:kind/automation",
            "name": "good first issue",
            "repository": "load-testing",
            "url": "https://api.github.com/repos/kubewarden/load-testing/labels/kind/automation"
          },
          "sensitive_attributes": [],
          "private": "bnVsbA==",
          "dependencies": [
            "module.kubewarden_load_testing_repository.github_repository.main"
          ]
        },
        {
          "index_key": 2,
          "schema_version": 0,
          "attributes": {
            "color": "3465A4",
            "description": "",
            "etag": "W/\"fea82dddb5cfa5f67f7bcc51521235ed04696cd9ad7ab8c3599e451dde35e000\"",
            "id": "load-testing:kind/breaking-change",
            "name": "kind/automation",
            "repository": "load-testing",
            "url": "https://api.github.com/repos/kubewarden/load-testing/labels/kind/breaking-change"
          },
          "sensitive_attributes": [],
          "private": "bnVsbA==",
          "dependencies": [
            "module.kubewarden_load_testing_repository.github_repository.main"
          ]
        },
        {
          "index_key": 3,
          "schema_version": 0,
          "attributes": {
            "color": "FCE94F",
            "description": "",
            "etag": "W/\"8d6cf47393926b94e4fab5ae0857853d53a3495cb357ec2d12b3faf30f3097f7\"",
            "id": "load-testing:kind/bug",
            "name": "kind/breaking-change",
            "repository": "load-testing",
            "url": "https://api.github.com/repos/kubewarden/load-testing/labels/kind/bug"
          },
          "sensitive_attributes": [],
          "private": "bnVsbA==",
          "dependencies": [
            "module.kubewarden_load_testing_repository.github_repository.main"
          ]
        },
        {
          "index_key": 4,
          "schema_version": 0,
          "attributes": {
            "color": "EF2929",
            "description": "",
            "etag": "W/\"58c590c82c8b35cc2825c72f2a8a910c1bdb23b5141a5fc29da682d338cb52f1\"",
            "id": "load-testing:kind/chore",
            "name": "kind/bug",
            "repository": "load-testing",
            "url": "https://api.github.com/repos/kubewarden/load-testing/labels/kind/chore"
          },
          "sensitive_attributes": [],
          "private": "bnVsbA==",
          "dependencies": [
            "module.kubewarden_load_testing_repository.github_repository.main"
          ]
        },
        {
          "index_key": 5,
          "schema_version": 0,
          "attributes": {
            "color": "555753",
            "description": "",
            "etag": "W/\"481aa1479f4224fd60ae5e4177e346a737578ba4af27a03d23910f9e71edfb74\"",
            "id": "load-testing:kind/enhancement",
            "name": "kind/chore",
            "repository": "load-testing",
            "url": "https://api.github.com/repos/kubewarden/load-testing/labels/kind/enhancement"
          },
          "sensitive_attributes": [],
          "private": "bnVsbA==",
          "dependencies": [
            "module.kubewarden_load_testing_repository.github_repository.main"
          ]
        },
        {
          "index_key": 6,
          "schema_version": 0,
          "attributes": {
            "color": "06989A",
            "description": "",
            "etag": "W/\"8b9bb0ccc44291bf9ef5625c03376a21c87648d1e73ccec6e324e1aeced81734\"",
            "id": "load-testing:kind/feature",
            "name": "kind/enhancement",
            "repository": "load-testing",
            "url": "https://api.github.com/repos/kubewarden/load-testing/labels/kind/feature"
          },
          "sensitive_attributes": [],
          "private": "bnVsbA==",
          "dependencies": [
            "module.kubewarden_load_testing_repository.github_repository.main"
          ]
        },
        {
          "index_key": 7,
          "schema_version": 0,
          "attributes": {
            "color": "34E2E2",
            "description": "",
            "etag": "W/\"bb911cb837daa26f27c27b30ed4a3e336631141358ea0db1d5490c0e24417492\"",
            "id": "load-testing:kind/question",
            "name": "kind/feature",
            "repository": "load-testing",
            "url": "https://api.github.com/repos/kubewarden/load-testing/labels/kind/question"
          },
          "sensitive_attributes": [],
          "private": "bnVsbA==",
          "dependencies": [
            "module.kubewarden_load_testing_repository.github_repository.main"
          ]
        },
        {
          "index_key": 8,
          "schema_version": 0,
          "attributes": {
            "color": "ad7fa8",
            "description": "",
            "etag": "W/\"0879aef3979bfc24062329d9a1e07e80558ff54a4e27bdca86f65c15fb3f612c\"",
            "id": "load-testing:kind/tech-debt",
            "name": "kind/question",
            "repository": "load-testing",
            "url": "https://api.github.com/repos/kubewarden/load-testing/labels/kind/tech-debt"
          },
          "sensitive_attributes": [],
          "private": "bnVsbA==",
          "dependencies": [
            "module.kubewarden_load_testing_repository.github_repository.main"
          ]
        },
        {
          "index_key": 9,
          "schema_version": 0,
          "attributes": {
            "color": "729FCF",
            "description": "",
            "etag": "W/\"2db0e4f2fbb5c781b2bdeb0f8b032f0c7d17c96b061ed6bdfc612d2a393552f9\"",
            "id": "load-testing:kind/to-be-refined",
            "name": "kind/tech-debt",
            "repository": "load-testing",
            "url": "https://api.github.com/repos/kubewarden/load-testing/labels/kind/to-be-refined"
          },
          "sensitive_attributes": [],
          "private": "bnVsbA==",
          "dependencies": [
            "module.kubewarden_load_testing_repository.github_repository.main"
          ]
        },
        {
          "index_key": 10,
          "schema_version": 0,
          "attributes": {
            "color": "B14FCF",
            "description": "",
            "etag": "W/\"9f9dcb2933922dd224aef82e54d27029cda541f9e302a65bec423e15c22b4761\"",
            "id": "load-testing:release/minor",
            "name": "kind/to-be-refined",
            "repository": "load-testing",
            "url": "https://api.github.com/repos/kubewarden/load-testing/labels/release/minor"
          },
          "sensitive_attributes": [],
          "private": "bnVsbA==",
          "dependencies": [
            "module.kubewarden_load_testing_repository.github_repository.main"
          ]
        },
        {
          "index_key": 11,
          "schema_version": 0,
          "attributes": {
            "color": "8AE234",
            "description": "",
            "etag": "W/\"acc3c04188995b1a11aa3b125cd7b757a0fce6d325d13fac03bba1d00653e0e5\"",
            "id": "load-testing:release/major",
            "name": "release/major",
            "repository": "load-testing",
            "url": "https://api.github.com/repos/kubewarden/load-testing/labels/release/major"
          },
          "sensitive_attributes": [],
          "private": "bnVsbA==",
          "dependencies": [
            "module.kubewarden_load_testing_repository.github_repository.main"
          ]
        },
        {
          "index_key": 12,
          "schema_version": 0,
          "attributes": {
            "color": "4E9A06",
            "description": "",
            "etag": "W/\"9f9dcb2933922dd224aef82e54d27029cda541f9e302a65bec423e15c22b4761\"",
            "id": "load-testing:release/minor",
            "name": "release/minor",
            "repository": "load-testing",
            "url": "https://api.github.com/repos/kubewarden/load-testing/labels/release/minor"
          },
          "sensitive_attributes": [],
          "private": "bnVsbA==",
          "dependencies": [
            "module.kubewarden_load_testing_repository.github_repository.main"
          ]
        },
        {
          "index_key": 13,
          "schema_version": 0,
          "attributes": {
            "color": "aa6600",
            "description": "",
            "etag": "W/\"31da04745693c1184feb3318aa990577a6c090b27da1ebd35c28e1d5b34e2393\"",
            "id": "load-testing:release/patch",
            "name": "release/patch",
            "repository": "load-testing",
            "url": "https://api.github.com/repos/kubewarden/load-testing/labels/release/patch"
          },
          "sensitive_attributes": [],
          "private": "bnVsbA==",
          "dependencies": [
            "module.kubewarden_load_testing_repository.github_repository.main"
          ]
        },
        {
          "index_key": 14,
          "schema_version": 0,
          "attributes": {
            "color": "77cc00",
            "description": "",
            "etag": "W/\"1880dcfb0113673cc52e37332e5adb96ad12fb90b112afc854343c845ae55d96\"",
            "id": "load-testing:release/skip-changelog",
            "name": "release/skip-changelog",
            "repository": "load-testing",
            "url": "https://api.github.com/repos/kubewarden/load-testing/labels/release/skip-changelog"
          },
          "sensitive_attributes": [],
          "private": "bnVsbA==",
          "dependencies": [
            "module.kubewarden_load_testing_repository.github_repository.main"
          ]
        }
      ]
    },
    {
      "module": "module.kubewarden_load_testing_repository",
      "mode": "managed",
      "type": "github_repository",
      "name": "main",
      "provider": "provider[\"registry.terraform.io/integrations/github\"].kubewarden",
      "instances": [
        {
          "schema_version": 1,
          "attributes": {
            "allow_auto_merge": false,
            "allow_merge_commit": true,
            "allow_rebase_merge": true,
            "allow_squash_merge": true,
            "allow_update_branch": false,
            "archive_on_destroy": null,
            "archived": false,
            "auto_init": false,
            "default_branch": "main",
            "delete_branch_on_merge": false,
            "description": "HTTP load to stress policy-server",
            "etag": "W/\"7e0b8d855f4daf736cde4d81d308f34fc727f9939deb8f5513909a1f2268e8e8\"",
            "full_name": "kubewarden/load-testing",
            "git_clone_url": "git://github.com/kubewarden/load-testing.git",
            "gitignore_template": null,
            "has_discussions": false,
            "has_downloads": true,
            "has_issues": true,
            "has_projects": false,
            "has_wiki": true,
            "homepage_url": "https://github.com/kubewarden/",
            "html_url": "https://github.com/kubewarden/load-testing",
            "http_clone_url": "https://github.com/kubewarden/load-testing.git",
            "id": "load-testing",
            "ignore_vulnerability_alerts_during_read": null,
            "is_template": false,
            "license_template": null,
            "merge_commit_message": "PR_TITLE",
            "merge_commit_title": "MERGE_MESSAGE",
            "name": "load-testing",
            "node_id": "MDEwOlJlcG9zaXRvcnkzODc1Mzk0OTM=",
            "pages": [],
            "primary_language": "Python",
            "private": false,
            "repo_id": 387539493,
            "security_and_analysis": [
              {
                "advanced_security": [],
                "secret_scanning": [
                  {
                    "status": "enabled"
                  }
                ],
                "secret_scanning_push_protection": [
                  {
                    "status": "disabled"
                  }
                ]
              }
            ],
            "squash_merge_commit_message": "COMMIT_MESSAGES",
            "squash_merge_commit_title": "COMMIT_OR_PR_TITLE",
            "ssh_clone_url": "git@github.com:kubewarden/load-testing.git",
            "svn_url": "https://github.com/kubewarden/load-testing",
            "template": [],
            "topics": [
              "hacktoberfest",
              "kubernetes",
              "kubernetes-security",
              "policy-as-code",
              "webassembly"
            ],
            "visibility": "public",
            "vulnerability_alerts": true,
            "web_commit_signoff_required": true
          },
          "sensitive_attributes": [],
          "private": "eyJzY2hlbWFfdmVyc2lvbiI6IjEifQ=="
        }
      ]
    },
    {
      "module": "module.kubewarden_load_testing_repository",
      "mode": "managed",
      "type": "github_team_repository",
      "name": "gh_team_push_rights",
      "provider": "provider[\"registry.terraform.io/integrations/github\"].kubewarden",
      "instances": [
        {
          "index_key": 0,
          "schema_version": 0,
          "attributes": {
            "etag": "W/\"7b3b2a29a1315774b07f1858c3fae280a2d69bc675c9ceb823694d4df86ff14c\"",
            "id": "4972867:load-testing",
            "permission": "push",
            "repository": "load-testing",
            "team_id": "4972867"
          },
          "sensitive_attributes": [],
          "private": "bnVsbA==",
          "dependencies": [
            "data.github_team.kubewarden_developers",
            "module.kubewarden_load_testing_repository.github_repository.main"
          ]
        }
      ]
    },
    {
      "module": "module.kubewarden_policy_fetcher_repository",
      "mode": "managed",
      "type": "github_app_installation_repository",
      "name": "app_dco",
      "provider": "provider[\"registry.terraform.io/integrations/github\"].kubewarden",
      "instances": [
        {
          "schema_version": 0,
          "attributes": {
            "id": "29141080:policy-fetcher",
            "installation_id": "29141080",
            "repo_id": 360458827,
            "repository": "policy-fetcher"
          },
          "sensitive_attributes": [],
          "private": "bnVsbA==",
          "dependencies": [
            "module.kubewarden_policy_fetcher_repository.github_repository.main"
          ]
        }
      ]
    },
    {
      "module": "module.kubewarden_policy_fetcher_repository",
      "mode": "managed",
      "type": "github_issue_label",
      "name": "label",
      "provider": "provider[\"registry.terraform.io/integrations/github\"].kubewarden",
      "instances": [
        {
          "index_key": 0,
          "schema_version": 0,
          "attributes": {
            "color": "D3D7CF",
            "description": "",
            "etag": "W/\"856d08c96c0a0743ef7d285a04dbe70eea810a49812236fcdee8576b56e81526\"",
            "id": "policy-fetcher:area/dependencies",
            "name": "area/dependencies",
            "repository": "policy-fetcher",
            "url": "https://api.github.com/repos/kubewarden/policy-fetcher/labels/area/dependencies"
          },
          "sensitive_attributes": [],
          "private": "bnVsbA==",
          "dependencies": [
            "module.kubewarden_policy_fetcher_repository.github_repository.main"
          ]
        },
        {
          "index_key": 1,
          "schema_version": 0,
          "attributes": {
            "color": "7057ff",
            "description": "",
            "etag": "W/\"8110c794dc74e411a9bd1316ee30f5fcfe3cbd5efe7e72008b769caa61bb4b1d\"",
            "id": "policy-fetcher:kind/automation",
            "name": "good first issue",
            "repository": "policy-fetcher",
            "url": "https://api.github.com/repos/kubewarden/policy-fetcher/labels/kind/automation"
          },
          "sensitive_attributes": [],
          "private": "bnVsbA==",
          "dependencies": [
            "module.kubewarden_policy_fetcher_repository.github_repository.main"
          ]
        },
        {
          "index_key": 2,
          "schema_version": 0,
          "attributes": {
            "color": "3465A4",
            "description": "",
            "etag": "W/\"4cb8c611fcac786b64e0e81c61f170c7dc2e8005f3940209398d9bf131bdb764\"",
            "id": "policy-fetcher:kind/breaking-change",
            "name": "kind/automation",
            "repository": "policy-fetcher",
            "url": "https://api.github.com/repos/kubewarden/policy-fetcher/labels/kind/breaking-change"
          },
          "sensitive_attributes": [],
          "private": "bnVsbA==",
          "dependencies": [
            "module.kubewarden_policy_fetcher_repository.github_repository.main"
          ]
        },
        {
          "index_key": 3,
          "schema_version": 0,
          "attributes": {
            "color": "FCE94F",
            "description": "",
            "etag": "W/\"a01f9436ad19116f3c12f17850debeb6b8d26356deacc54002681f3bf3f6f6ad\"",
            "id": "policy-fetcher:kind/bug",
            "name": "kind/breaking-change",
            "repository": "policy-fetcher",
            "url": "https://api.github.com/repos/kubewarden/policy-fetcher/labels/kind/bug"
          },
          "sensitive_attributes": [],
          "private": "bnVsbA==",
          "dependencies": [
            "module.kubewarden_policy_fetcher_repository.github_repository.main"
          ]
        },
        {
          "index_key": 4,
          "schema_version": 0,
          "attributes": {
            "color": "EF2929",
            "description": "",
            "etag": "W/\"790f23814f78b9f4c58173d0d7a14f54e9bccf63ad457bd05830e4afe5eb1f99\"",
            "id": "policy-fetcher:kind/chore",
            "name": "kind/bug",
            "repository": "policy-fetcher",
            "url": "https://api.github.com/repos/kubewarden/policy-fetcher/labels/kind/chore"
          },
          "sensitive_attributes": [],
          "private": "bnVsbA==",
          "dependencies": [
            "module.kubewarden_policy_fetcher_repository.github_repository.main"
          ]
        },
        {
          "index_key": 5,
          "schema_version": 0,
          "attributes": {
            "color": "555753",
            "description": "",
            "etag": "W/\"54c9015737ab4acd46ad40400d2e69c1aea0019ee8eebd11282c4c808ce38e04\"",
            "id": "policy-fetcher:kind/enhancement",
            "name": "kind/chore",
            "repository": "policy-fetcher",
            "url": "https://api.github.com/repos/kubewarden/policy-fetcher/labels/kind/enhancement"
          },
          "sensitive_attributes": [],
          "private": "bnVsbA==",
          "dependencies": [
            "module.kubewarden_policy_fetcher_repository.github_repository.main"
          ]
        },
        {
          "index_key": 6,
          "schema_version": 0,
          "attributes": {
            "color": "06989A",
            "description": "",
            "etag": "W/\"11a5ce95887f72458942c3f89663e950414491131209c0d1833a4b3f950a23c3\"",
            "id": "policy-fetcher:kind/feature",
            "name": "kind/enhancement",
            "repository": "policy-fetcher",
            "url": "https://api.github.com/repos/kubewarden/policy-fetcher/labels/kind/feature"
          },
          "sensitive_attributes": [],
          "private": "bnVsbA==",
          "dependencies": [
            "module.kubewarden_policy_fetcher_repository.github_repository.main"
          ]
        },
        {
          "index_key": 7,
          "schema_version": 0,
          "attributes": {
            "color": "34E2E2",
            "description": "",
            "etag": "W/\"d12806c8dcda7227d47f20e0373e3fa86125792f71c4ced97ef19858110bde25\"",
            "id": "policy-fetcher:kind/question",
            "name": "kind/feature",
            "repository": "policy-fetcher",
            "url": "https://api.github.com/repos/kubewarden/policy-fetcher/labels/kind/question"
          },
          "sensitive_attributes": [],
          "private": "bnVsbA==",
          "dependencies": [
            "module.kubewarden_policy_fetcher_repository.github_repository.main"
          ]
        },
        {
          "index_key": 8,
          "schema_version": 0,
          "attributes": {
            "color": "ad7fa8",
            "description": "",
            "etag": "W/\"240f8eba3d550f3894929bbfaa51e486a2caee45cbc3b6e43f47a82f4bf92fdf\"",
            "id": "policy-fetcher:kind/tech-debt",
            "name": "kind/question",
            "repository": "policy-fetcher",
            "url": "https://api.github.com/repos/kubewarden/policy-fetcher/labels/kind/tech-debt"
          },
          "sensitive_attributes": [],
          "private": "bnVsbA==",
          "dependencies": [
            "module.kubewarden_policy_fetcher_repository.github_repository.main"
          ]
        },
        {
          "index_key": 9,
          "schema_version": 0,
          "attributes": {
            "color": "729FCF",
            "description": "",
            "etag": "W/\"d6adf07c392a5d92b53c160dfb756c25d0defd8ead1dbf22fdb8102e58038107\"",
            "id": "policy-fetcher:kind/to-be-refined",
            "name": "kind/tech-debt",
            "repository": "policy-fetcher",
            "url": "https://api.github.com/repos/kubewarden/policy-fetcher/labels/kind/to-be-refined"
          },
          "sensitive_attributes": [],
          "private": "bnVsbA==",
          "dependencies": [
            "module.kubewarden_policy_fetcher_repository.github_repository.main"
          ]
        },
        {
          "index_key": 10,
          "schema_version": 0,
          "attributes": {
            "color": "B14FCF",
            "description": "",
            "etag": "W/\"58bc3934b35337ebd736f9a125aaa523a01e17cf3586d8418259ba85ff54493a\"",
            "id": "policy-fetcher:release/minor",
            "name": "kind/to-be-refined",
            "repository": "policy-fetcher",
            "url": "https://api.github.com/repos/kubewarden/policy-fetcher/labels/release/minor"
          },
          "sensitive_attributes": [],
          "private": "bnVsbA==",
          "dependencies": [
            "module.kubewarden_policy_fetcher_repository.github_repository.main"
          ]
        },
        {
          "index_key": 11,
          "schema_version": 0,
          "attributes": {
            "color": "8AE234",
            "description": "",
            "etag": "W/\"3ab07d0ceb76f38f9b0d933c8b6941f81f25e7a0d2a0db1ef89a356919b7e496\"",
            "id": "policy-fetcher:release/major",
            "name": "release/major",
            "repository": "policy-fetcher",
            "url": "https://api.github.com/repos/kubewarden/policy-fetcher/labels/release/major"
          },
          "sensitive_attributes": [],
          "private": "bnVsbA==",
          "dependencies": [
            "module.kubewarden_policy_fetcher_repository.github_repository.main"
          ]
        },
        {
          "index_key": 12,
          "schema_version": 0,
          "attributes": {
            "color": "4E9A06",
            "description": "",
            "etag": "W/\"58bc3934b35337ebd736f9a125aaa523a01e17cf3586d8418259ba85ff54493a\"",
            "id": "policy-fetcher:release/minor",
            "name": "release/minor",
            "repository": "policy-fetcher",
            "url": "https://api.github.com/repos/kubewarden/policy-fetcher/labels/release/minor"
          },
          "sensitive_attributes": [],
          "private": "bnVsbA==",
          "dependencies": [
            "module.kubewarden_policy_fetcher_repository.github_repository.main"
          ]
        },
        {
          "index_key": 13,
          "schema_version": 0,
          "attributes": {
            "color": "aa6600",
            "description": "",
            "etag": "W/\"7b4ca89252100980595de877db6d8bc2835c4af24a4e2748c6f603e1938cb81a\"",
            "id": "policy-fetcher:release/patch",
            "name": "release/patch",
            "repository": "policy-fetcher",
            "url": "https://api.github.com/repos/kubewarden/policy-fetcher/labels/release/patch"
          },
          "sensitive_attributes": [],
          "private": "bnVsbA==",
          "dependencies": [
            "module.kubewarden_policy_fetcher_repository.github_repository.main"
          ]
        },
        {
          "index_key": 14,
          "schema_version": 0,
          "attributes": {
            "color": "77cc00",
            "description": "",
            "etag": "W/\"f326361f623cf1668e3335db4f79be8dee2b47c5a48e23ee4c840db7ead9baca\"",
            "id": "policy-fetcher:release/skip-changelog",
            "name": "release/skip-changelog",
            "repository": "policy-fetcher",
            "url": "https://api.github.com/repos/kubewarden/policy-fetcher/labels/release/skip-changelog"
          },
          "sensitive_attributes": [],
          "private": "bnVsbA==",
          "dependencies": [
            "module.kubewarden_policy_fetcher_repository.github_repository.main"
          ]
        }
      ]
    },
    {
      "module": "module.kubewarden_policy_fetcher_repository",
      "mode": "managed",
      "type": "github_repository",
      "name": "main",
      "provider": "provider[\"registry.terraform.io/integrations/github\"].kubewarden",
      "instances": [
        {
          "schema_version": 1,
          "attributes": {
            "allow_auto_merge": false,
            "allow_merge_commit": true,
            "allow_rebase_merge": true,
            "allow_squash_merge": true,
            "allow_update_branch": false,
            "archive_on_destroy": null,
            "archived": false,
            "auto_init": false,
            "default_branch": "main",
            "delete_branch_on_merge": false,
            "description": "Crate used by Kubewarden that is able to pull policies from OCI registries and HTTP servers.",
            "etag": "W/\"d051c04fb400c51768fc149189a033e307ea67e6b639da1af747f14f6c560c71\"",
            "full_name": "kubewarden/policy-fetcher",
            "git_clone_url": "git://github.com/kubewarden/policy-fetcher.git",
            "gitignore_template": null,
            "has_discussions": false,
            "has_downloads": true,
            "has_issues": true,
            "has_projects": false,
            "has_wiki": true,
            "homepage_url": "https://kubewarden.io",
            "html_url": "https://github.com/kubewarden/policy-fetcher",
            "http_clone_url": "https://github.com/kubewarden/policy-fetcher.git",
            "id": "policy-fetcher",
            "ignore_vulnerability_alerts_during_read": null,
            "is_template": false,
            "license_template": null,
            "merge_commit_message": "PR_TITLE",
            "merge_commit_title": "MERGE_MESSAGE",
            "name": "policy-fetcher",
            "node_id": "MDEwOlJlcG9zaXRvcnkzNjA0NTg4Mjc=",
            "pages": [],
            "primary_language": "Rust",
            "private": false,
            "repo_id": 360458827,
            "security_and_analysis": [
              {
                "advanced_security": [],
                "secret_scanning": [
                  {
                    "status": "enabled"
                  }
                ],
                "secret_scanning_push_protection": [
                  {
                    "status": "disabled"
                  }
                ]
              }
            ],
            "squash_merge_commit_message": "COMMIT_MESSAGES",
            "squash_merge_commit_title": "COMMIT_OR_PR_TITLE",
            "ssh_clone_url": "git@github.com:kubewarden/policy-fetcher.git",
            "svn_url": "https://github.com/kubewarden/policy-fetcher",
            "template": [],
            "topics": [
              "hacktoberfest",
              "kubernetes",
              "kubernetes-security",
              "policy-as-code",
              "webassembly"
            ],
            "visibility": "public",
            "vulnerability_alerts": true,
            "web_commit_signoff_required": true
          },
          "sensitive_attributes": [],
          "private": "eyJzY2hlbWFfdmVyc2lvbiI6IjEifQ=="
        }
      ]
    },
    {
      "module": "module.kubewarden_policy_fetcher_repository",
      "mode": "managed",
      "type": "github_team_repository",
      "name": "gh_team_push_rights",
      "provider": "provider[\"registry.terraform.io/integrations/github\"].kubewarden",
      "instances": [
        {
          "index_key": 0,
          "schema_version": 0,
          "attributes": {
            "etag": "W/\"076f992e888070547909681af03706b84164772f0ed62fba2b868c2652a7ac8e\"",
            "id": "4972867:policy-fetcher",
            "permission": "push",
            "repository": "policy-fetcher",
            "team_id": "4972867"
          },
          "sensitive_attributes": [],
          "private": "bnVsbA==",
          "dependencies": [
            "data.github_team.kubewarden_developers",
            "module.kubewarden_policy_fetcher_repository.github_repository.main"
          ]
        }
      ]
    },
    {
      "module": "module.kubewarden_policy_hub_repository",
      "mode": "managed",
      "type": "github_app_installation_repository",
      "name": "app_dco",
      "provider": "provider[\"registry.terraform.io/integrations/github\"].kubewarden",
      "instances": [
        {
          "schema_version": 0,
          "attributes": {
            "id": "29141080:policy-hub",
            "installation_id": "29141080",
            "repo_id": 350240296,
            "repository": "policy-hub"
          },
          "sensitive_attributes": [],
          "private": "bnVsbA==",
          "dependencies": [
            "module.kubewarden_policy_hub_repository.github_repository.main"
          ]
        }
      ]
    },
    {
      "module": "module.kubewarden_policy_hub_repository",
      "mode": "managed",
      "type": "github_issue_label",
      "name": "label",
      "provider": "provider[\"registry.terraform.io/integrations/github\"].kubewarden",
      "instances": [
        {
          "index_key": 0,
          "schema_version": 0,
          "attributes": {
            "color": "D3D7CF",
            "description": "",
            "etag": "W/\"90a0c6096bf2f15b3acead120e342a1b1629e68068ce07d161d14b8eba9ca309\"",
            "id": "policy-hub:area/dependencies",
            "name": "area/dependencies",
            "repository": "policy-hub",
            "url": "https://api.github.com/repos/kubewarden/policy-hub/labels/area/dependencies"
          },
          "sensitive_attributes": [],
          "private": "bnVsbA==",
          "dependencies": [
            "module.kubewarden_policy_hub_repository.github_repository.main"
          ]
        },
        {
          "index_key": 1,
          "schema_version": 0,
          "attributes": {
            "color": "7057ff",
            "description": "",
            "etag": "W/\"05f74aab01f854ef9fd572c3e0f064f11927b0ffbbe601b3f40523367f37b0f2\"",
            "id": "policy-hub:kind/automation",
            "name": "good first issue",
            "repository": "policy-hub",
            "url": "https://api.github.com/repos/kubewarden/policy-hub/labels/kind/automation"
          },
          "sensitive_attributes": [],
          "private": "bnVsbA==",
          "dependencies": [
            "module.kubewarden_policy_hub_repository.github_repository.main"
          ]
        },
        {
          "index_key": 2,
          "schema_version": 0,
          "attributes": {
            "color": "3465A4",
            "description": "",
            "etag": "W/\"2f0ba423217958cf9e2ca26365cd4712f31957fa25f9a1745703a3238fb2c4d1\"",
            "id": "policy-hub:kind/breaking-change",
            "name": "kind/automation",
            "repository": "policy-hub",
            "url": "https://api.github.com/repos/kubewarden/policy-hub/labels/kind/breaking-change"
          },
          "sensitive_attributes": [],
          "private": "bnVsbA==",
          "dependencies": [
            "module.kubewarden_policy_hub_repository.github_repository.main"
          ]
        },
        {
          "index_key": 3,
          "schema_version": 0,
          "attributes": {
            "color": "FCE94F",
            "description": "",
            "etag": "W/\"431d97f4bdb1679d5292f867d6e42f9a84618e249abdaecbe145c5378592543a\"",
            "id": "policy-hub:kind/bug",
            "name": "kind/breaking-change",
            "repository": "policy-hub",
            "url": "https://api.github.com/repos/kubewarden/policy-hub/labels/kind/bug"
          },
          "sensitive_attributes": [],
          "private": "bnVsbA==",
          "dependencies": [
            "module.kubewarden_policy_hub_repository.github_repository.main"
          ]
        },
        {
          "index_key": 4,
          "schema_version": 0,
          "attributes": {
            "color": "EF2929",
            "description": "",
            "etag": "W/\"e72d9aeb810ca1bc5ea50615d40a7eaf05caf5b6aa8e5485140ce1066738fcc6\"",
            "id": "policy-hub:kind/chore",
            "name": "kind/bug",
            "repository": "policy-hub",
            "url": "https://api.github.com/repos/kubewarden/policy-hub/labels/kind/chore"
          },
          "sensitive_attributes": [],
          "private": "bnVsbA==",
          "dependencies": [
            "module.kubewarden_policy_hub_repository.github_repository.main"
          ]
        },
        {
          "index_key": 5,
          "schema_version": 0,
          "attributes": {
            "color": "555753",
            "description": "",
            "etag": "W/\"b3109c3945a5543de8f12ddd098c0fdf2cb4a1a7d1a12625b5424d4a092852ef\"",
            "id": "policy-hub:kind/enhancement",
            "name": "kind/chore",
            "repository": "policy-hub",
            "url": "https://api.github.com/repos/kubewarden/policy-hub/labels/kind/enhancement"
          },
          "sensitive_attributes": [],
          "private": "bnVsbA==",
          "dependencies": [
            "module.kubewarden_policy_hub_repository.github_repository.main"
          ]
        },
        {
          "index_key": 6,
          "schema_version": 0,
          "attributes": {
            "color": "06989A",
            "description": "",
            "etag": "W/\"5f5c8467bce0debf349949a2b6ee0f7efc8b83bb73cd5219c90220ee15583d2e\"",
            "id": "policy-hub:kind/feature",
            "name": "kind/enhancement",
            "repository": "policy-hub",
            "url": "https://api.github.com/repos/kubewarden/policy-hub/labels/kind/feature"
          },
          "sensitive_attributes": [],
          "private": "bnVsbA==",
          "dependencies": [
            "module.kubewarden_policy_hub_repository.github_repository.main"
          ]
        },
        {
          "index_key": 7,
          "schema_version": 0,
          "attributes": {
            "color": "34E2E2",
            "description": "",
            "etag": "W/\"49a3d52a48e699cd1227d4a7a05ae8ead9cb594ae4249af478c1742225f50fbb\"",
            "id": "policy-hub:kind/question",
            "name": "kind/feature",
            "repository": "policy-hub",
            "url": "https://api.github.com/repos/kubewarden/policy-hub/labels/kind/question"
          },
          "sensitive_attributes": [],
          "private": "bnVsbA==",
          "dependencies": [
            "module.kubewarden_policy_hub_repository.github_repository.main"
          ]
        },
        {
          "index_key": 8,
          "schema_version": 0,
          "attributes": {
            "color": "ad7fa8",
            "description": "",
            "etag": "W/\"2c64e11748ad28522408efe4f00e3176519efc08489eb40626be61db0f13ed69\"",
            "id": "policy-hub:kind/tech-debt",
            "name": "kind/question",
            "repository": "policy-hub",
            "url": "https://api.github.com/repos/kubewarden/policy-hub/labels/kind/tech-debt"
          },
          "sensitive_attributes": [],
          "private": "bnVsbA==",
          "dependencies": [
            "module.kubewarden_policy_hub_repository.github_repository.main"
          ]
        },
        {
          "index_key": 9,
          "schema_version": 0,
          "attributes": {
            "color": "729FCF",
            "description": "",
            "etag": "W/\"ed73a024b2d99028860c86e3b5fa34394bb200a413e7d0351facfd02cc968188\"",
            "id": "policy-hub:kind/to-be-refined",
            "name": "kind/tech-debt",
            "repository": "policy-hub",
            "url": "https://api.github.com/repos/kubewarden/policy-hub/labels/kind/to-be-refined"
          },
          "sensitive_attributes": [],
          "private": "bnVsbA==",
          "dependencies": [
            "module.kubewarden_policy_hub_repository.github_repository.main"
          ]
        },
        {
          "index_key": 10,
          "schema_version": 0,
          "attributes": {
            "color": "B14FCF",
            "description": "",
            "etag": "W/\"9022ee4a468993ef5ee196c86e948673588fea34043849d9b21e7efbac8ba1dd\"",
            "id": "policy-hub:release/minor",
            "name": "kind/to-be-refined",
            "repository": "policy-hub",
            "url": "https://api.github.com/repos/kubewarden/policy-hub/labels/release/minor"
          },
          "sensitive_attributes": [],
          "private": "bnVsbA==",
          "dependencies": [
            "module.kubewarden_policy_hub_repository.github_repository.main"
          ]
        },
        {
          "index_key": 11,
          "schema_version": 0,
          "attributes": {
            "color": "8AE234",
            "description": "",
            "etag": "W/\"c66852ea4b0927afaa98aed1fc8f25a08780176126df9ea2e24f2f6e9951c5d3\"",
            "id": "policy-hub:release/major",
            "name": "release/major",
            "repository": "policy-hub",
            "url": "https://api.github.com/repos/kubewarden/policy-hub/labels/release/major"
          },
          "sensitive_attributes": [],
          "private": "bnVsbA==",
          "dependencies": [
            "module.kubewarden_policy_hub_repository.github_repository.main"
          ]
        },
        {
          "index_key": 12,
          "schema_version": 0,
          "attributes": {
            "color": "4E9A06",
            "description": "",
            "etag": "W/\"9022ee4a468993ef5ee196c86e948673588fea34043849d9b21e7efbac8ba1dd\"",
            "id": "policy-hub:release/minor",
            "name": "release/minor",
            "repository": "policy-hub",
            "url": "https://api.github.com/repos/kubewarden/policy-hub/labels/release/minor"
          },
          "sensitive_attributes": [],
          "private": "bnVsbA==",
          "dependencies": [
            "module.kubewarden_policy_hub_repository.github_repository.main"
          ]
        },
        {
          "index_key": 13,
          "schema_version": 0,
          "attributes": {
            "color": "aa6600",
            "description": "",
            "etag": "W/\"26b6d7b2c7631453e2f83f7dd89688dcbba3f78d5d7d0ea3df1339e18cccdc9d\"",
            "id": "policy-hub:release/patch",
            "name": "release/patch",
            "repository": "policy-hub",
            "url": "https://api.github.com/repos/kubewarden/policy-hub/labels/release/patch"
          },
          "sensitive_attributes": [],
          "private": "bnVsbA==",
          "dependencies": [
            "module.kubewarden_policy_hub_repository.github_repository.main"
          ]
        },
        {
          "index_key": 14,
          "schema_version": 0,
          "attributes": {
            "color": "77cc00",
            "description": "",
            "etag": "W/\"d13f9e8073b23cd47d4599fc9afbfd28a8bce66fc7251390b52a760430f509e4\"",
            "id": "policy-hub:release/skip-changelog",
            "name": "release/skip-changelog",
            "repository": "policy-hub",
            "url": "https://api.github.com/repos/kubewarden/policy-hub/labels/release/skip-changelog"
          },
          "sensitive_attributes": [],
          "private": "bnVsbA==",
          "dependencies": [
            "module.kubewarden_policy_hub_repository.github_repository.main"
          ]
        }
      ]
    },
    {
      "module": "module.kubewarden_policy_hub_repository",
      "mode": "managed",
      "type": "github_repository",
      "name": "main",
      "provider": "provider[\"registry.terraform.io/integrations/github\"].kubewarden",
      "instances": [
        {
          "schema_version": 1,
          "attributes": {
            "allow_auto_merge": false,
            "allow_merge_commit": true,
            "allow_rebase_merge": true,
            "allow_squash_merge": true,
            "allow_update_branch": false,
            "archive_on_destroy": null,
            "archived": false,
            "auto_init": false,
            "default_branch": "main",
            "delete_branch_on_merge": false,
            "description": "A place where to find and discover policies",
            "etag": "W/\"09b6cc735d5e5400b7c80c59a425ef1cae09769c4d30f6b98a596da2ebfc61ed\"",
            "full_name": "kubewarden/policy-hub",
            "git_clone_url": "git://github.com/kubewarden/policy-hub.git",
            "gitignore_template": null,
            "has_discussions": false,
            "has_downloads": true,
            "has_issues": true,
            "has_projects": false,
            "has_wiki": true,
            "homepage_url": "https://hub.kubewarden.io",
            "html_url": "https://github.com/kubewarden/policy-hub",
            "http_clone_url": "https://github.com/kubewarden/policy-hub.git",
            "id": "policy-hub",
            "ignore_vulnerability_alerts_during_read": null,
            "is_template": false,
            "license_template": null,
            "merge_commit_message": "PR_TITLE",
            "merge_commit_title": "MERGE_MESSAGE",
            "name": "policy-hub",
            "node_id": "MDEwOlJlcG9zaXRvcnkzNTAyNDAyOTY=",
            "pages": [
              {
                "build_type": "legacy",
                "cname": "hub.kubewarden.io",
                "custom_404": false,
                "html_url": "https://hub.kubewarden.io/",
                "source": [
                  {
                    "branch": "gh-pages",
                    "path": "/"
                  }
                ],
                "status": "built",
                "url": "https://api.github.com/repos/kubewarden/policy-hub/pages"
              }
            ],
            "primary_language": "",
            "private": false,
            "repo_id": 350240296,
            "security_and_analysis": [
              {
                "advanced_security": [],
                "secret_scanning": [
                  {
                    "status": "enabled"
                  }
                ],
                "secret_scanning_push_protection": [
                  {
                    "status": "disabled"
                  }
                ]
              }
            ],
            "squash_merge_commit_message": "COMMIT_MESSAGES",
            "squash_merge_commit_title": "COMMIT_OR_PR_TITLE",
            "ssh_clone_url": "git@github.com:kubewarden/policy-hub.git",
            "svn_url": "https://github.com/kubewarden/policy-hub",
            "template": [],
            "topics": [
              "hacktoberfest",
              "kubernetes",
              "kubernetes-security",
              "policy-as-code",
              "webassembly"
            ],
            "visibility": "public",
            "vulnerability_alerts": true,
            "web_commit_signoff_required": true
          },
          "sensitive_attributes": [],
          "private": "eyJzY2hlbWFfdmVyc2lvbiI6IjEifQ=="
        }
      ]
    },
    {
      "module": "module.kubewarden_policy_hub_repository",
      "mode": "managed",
      "type": "github_team_repository",
      "name": "gh_team_push_rights",
      "provider": "provider[\"registry.terraform.io/integrations/github\"].kubewarden",
      "instances": [
        {
          "index_key": 0,
          "schema_version": 0,
          "attributes": {
            "etag": "W/\"ad39d0fec0cca497a86a94a4485790c8ee995481ce514b00a65fce911f2ede33\"",
            "id": "4972867:policy-hub",
            "permission": "push",
            "repository": "policy-hub",
            "team_id": "4972867"
          },
          "sensitive_attributes": [],
          "private": "bnVsbA==",
          "dependencies": [
            "data.github_team.kubewarden_developers",
            "module.kubewarden_policy_hub_repository.github_repository.main"
          ]
        }
      ]
    },
    {
      "module": "module.kubewarden_policy_server_repository",
      "mode": "managed",
      "type": "github_app_installation_repository",
      "name": "app_dco",
      "provider": "provider[\"registry.terraform.io/integrations/github\"].kubewarden",
      "instances": [
        {
          "schema_version": 0,
          "attributes": {
            "id": "29141080:policy-server",
            "installation_id": "29141080",
            "repo_id": 321691643,
            "repository": "policy-server"
          },
          "sensitive_attributes": [],
          "private": "bnVsbA==",
          "dependencies": [
            "module.kubewarden_policy_server_repository.github_repository.main"
          ]
        }
      ]
    },
    {
      "module": "module.kubewarden_policy_server_repository",
      "mode": "managed",
      "type": "github_issue_label",
      "name": "label",
      "provider": "provider[\"registry.terraform.io/integrations/github\"].kubewarden",
      "instances": [
        {
          "index_key": 0,
          "schema_version": 0,
          "attributes": {
            "color": "D3D7CF",
            "description": "",
            "etag": "W/\"ba201aabb15da064d071f2b08a5b8d7ccb4ac1d7eb2ae77cfa940723749f5796\"",
            "id": "policy-server:area/dependencies",
            "name": "area/dependencies",
            "repository": "policy-server",
            "url": "https://api.github.com/repos/kubewarden/policy-server/labels/area/dependencies"
          },
          "sensitive_attributes": [],
          "private": "bnVsbA==",
          "dependencies": [
            "module.kubewarden_policy_server_repository.github_repository.main"
          ]
        },
        {
          "index_key": 1,
          "schema_version": 0,
          "attributes": {
            "color": "7057ff",
            "description": "",
            "etag": "W/\"2adfdbcb329badbf72ba46b98c7b5c7a864a880a9d4921f1791369bdbc77f484\"",
            "id": "policy-server:kind/automation",
            "name": "good first issue",
            "repository": "policy-server",
            "url": "https://api.github.com/repos/kubewarden/policy-server/labels/kind/automation"
          },
          "sensitive_attributes": [],
          "private": "bnVsbA==",
          "dependencies": [
            "module.kubewarden_policy_server_repository.github_repository.main"
          ]
        },
        {
          "index_key": 2,
          "schema_version": 0,
          "attributes": {
            "color": "3465A4",
            "description": "",
            "etag": "W/\"9819ac0af6b72485b9fb68a4f2731b0eb082ccf2c4f583de842de6082eed6b2f\"",
            "id": "policy-server:kind/breaking-change",
            "name": "kind/automation",
            "repository": "policy-server",
            "url": "https://api.github.com/repos/kubewarden/policy-server/labels/kind/breaking-change"
          },
          "sensitive_attributes": [],
          "private": "bnVsbA==",
          "dependencies": [
            "module.kubewarden_policy_server_repository.github_repository.main"
          ]
        },
        {
          "index_key": 3,
          "schema_version": 0,
          "attributes": {
            "color": "FCE94F",
            "description": "",
            "etag": "W/\"9b184547ae1e98780103b50c8e04a9115c79351280b2d6c09edf6bade9602ec8\"",
            "id": "policy-server:kind/bug",
            "name": "kind/breaking-change",
            "repository": "policy-server",
            "url": "https://api.github.com/repos/kubewarden/policy-server/labels/kind/bug"
          },
          "sensitive_attributes": [],
          "private": "bnVsbA==",
          "dependencies": [
            "module.kubewarden_policy_server_repository.github_repository.main"
          ]
        },
        {
          "index_key": 4,
          "schema_version": 0,
          "attributes": {
            "color": "EF2929",
            "description": "",
            "etag": "W/\"dd2f35a8e85fc97479c871c669a49dc0c045e949c36f6b066d4d516a0537c130\"",
            "id": "policy-server:kind/chore",
            "name": "kind/bug",
            "repository": "policy-server",
            "url": "https://api.github.com/repos/kubewarden/policy-server/labels/kind/chore"
          },
          "sensitive_attributes": [],
          "private": "bnVsbA==",
          "dependencies": [
            "module.kubewarden_policy_server_repository.github_repository.main"
          ]
        },
        {
          "index_key": 5,
          "schema_version": 0,
          "attributes": {
            "color": "555753",
            "description": "",
            "etag": "W/\"6ee61ca567178ca2099e29164921c3a723ae57dcda2755b277624ed91a8cf0c4\"",
            "id": "policy-server:kind/enhancement",
            "name": "kind/chore",
            "repository": "policy-server",
            "url": "https://api.github.com/repos/kubewarden/policy-server/labels/kind/enhancement"
          },
          "sensitive_attributes": [],
          "private": "bnVsbA==",
          "dependencies": [
            "module.kubewarden_policy_server_repository.github_repository.main"
          ]
        },
        {
          "index_key": 6,
          "schema_version": 0,
          "attributes": {
            "color": "06989A",
            "description": "",
            "etag": "W/\"606c83b50b480ccdf607ce1fea3bc404e723740ac6bceb73c1c33b345f2c2178\"",
            "id": "policy-server:kind/feature",
            "name": "kind/enhancement",
            "repository": "policy-server",
            "url": "https://api.github.com/repos/kubewarden/policy-server/labels/kind/feature"
          },
          "sensitive_attributes": [],
          "private": "bnVsbA==",
          "dependencies": [
            "module.kubewarden_policy_server_repository.github_repository.main"
          ]
        },
        {
          "index_key": 7,
          "schema_version": 0,
          "attributes": {
            "color": "34E2E2",
            "description": "",
            "etag": "W/\"5fe96dcc912845e15d12b01d8cfe573a4c3afaab346df0f88802a9b1af3dfef8\"",
            "id": "policy-server:kind/question",
            "name": "kind/feature",
            "repository": "policy-server",
            "url": "https://api.github.com/repos/kubewarden/policy-server/labels/kind/question"
          },
          "sensitive_attributes": [],
          "private": "bnVsbA==",
          "dependencies": [
            "module.kubewarden_policy_server_repository.github_repository.main"
          ]
        },
        {
          "index_key": 8,
          "schema_version": 0,
          "attributes": {
            "color": "ad7fa8",
            "description": "",
            "etag": "W/\"b3509b17fc08dbb8368ecb564a4582b02e901895062daf4ffbf3d78e8e58b1c1\"",
            "id": "policy-server:kind/tech-debt",
            "name": "kind/question",
            "repository": "policy-server",
            "url": "https://api.github.com/repos/kubewarden/policy-server/labels/kind/tech-debt"
          },
          "sensitive_attributes": [],
          "private": "bnVsbA==",
          "dependencies": [
            "module.kubewarden_policy_server_repository.github_repository.main"
          ]
        },
        {
          "index_key": 9,
          "schema_version": 0,
          "attributes": {
            "color": "729FCF",
            "description": "",
            "etag": "W/\"872da748c8e23823eaee84ed680e158b3c1adc84e7b2226e8eb7d2e2976fd91a\"",
            "id": "policy-server:kind/to-be-refined",
            "name": "kind/tech-debt",
            "repository": "policy-server",
            "url": "https://api.github.com/repos/kubewarden/policy-server/labels/kind/to-be-refined"
          },
          "sensitive_attributes": [],
          "private": "bnVsbA==",
          "dependencies": [
            "module.kubewarden_policy_server_repository.github_repository.main"
          ]
        },
        {
          "index_key": 10,
          "schema_version": 0,
          "attributes": {
            "color": "B14FCF",
            "description": "",
            "etag": "W/\"bb3b544d735fff898a4ac933216d44fb683aba3b3ad43eda97a2a575835a641a\"",
            "id": "policy-server:release/major",
            "name": "kind/to-be-refined",
            "repository": "policy-server",
            "url": "https://api.github.com/repos/kubewarden/policy-server/labels/release/major"
          },
          "sensitive_attributes": [],
          "private": "bnVsbA==",
          "dependencies": [
            "module.kubewarden_policy_server_repository.github_repository.main"
          ]
        },
        {
          "index_key": 11,
          "schema_version": 0,
          "attributes": {
            "color": "8AE234",
            "description": "",
            "etag": "W/\"afc8f267e103ea2a57a5cd5b5750d804b92175a9792b86c6a52908f315c03762\"",
            "id": "policy-server:release/patch",
            "name": "release/major",
            "repository": "policy-server",
            "url": "https://api.github.com/repos/kubewarden/policy-server/labels/release/patch"
          },
          "sensitive_attributes": [],
          "private": "bnVsbA==",
          "dependencies": [
            "module.kubewarden_policy_server_repository.github_repository.main"
          ]
        },
        {
          "index_key": 12,
          "schema_version": 0,
          "attributes": {
            "color": "4E9A06",
            "description": "",
            "etag": "W/\"e8c126c1393fd005a1f04fe145292b0e27d051ee172cd70c01490bd535ed749b\"",
            "id": "policy-server:release/minor",
            "name": "release/minor",
            "repository": "policy-server",
            "url": "https://api.github.com/repos/kubewarden/policy-server/labels/release/minor"
          },
          "sensitive_attributes": [],
          "private": "bnVsbA==",
          "dependencies": [
            "module.kubewarden_policy_server_repository.github_repository.main"
          ]
        },
        {
          "index_key": 13,
          "schema_version": 0,
          "attributes": {
            "color": "aa6600",
            "description": "",
            "etag": "W/\"afc8f267e103ea2a57a5cd5b5750d804b92175a9792b86c6a52908f315c03762\"",
            "id": "policy-server:release/patch",
            "name": "release/patch",
            "repository": "policy-server",
            "url": "https://api.github.com/repos/kubewarden/policy-server/labels/release/patch"
          },
          "sensitive_attributes": [],
          "private": "bnVsbA==",
          "dependencies": [
            "module.kubewarden_policy_server_repository.github_repository.main"
          ]
        },
        {
          "index_key": 14,
          "schema_version": 0,
          "attributes": {
            "color": "77cc00",
            "description": "",
            "etag": "W/\"0b36c9cce63397784c6cbf6a2c7982c8022993a16e71b6a3aa1dcd6b15020052\"",
            "id": "policy-server:release/skip-changelog",
            "name": "release/skip-changelog",
            "repository": "policy-server",
            "url": "https://api.github.com/repos/kubewarden/policy-server/labels/release/skip-changelog"
          },
          "sensitive_attributes": [],
          "private": "bnVsbA==",
          "dependencies": [
            "module.kubewarden_policy_server_repository.github_repository.main"
          ]
        }
      ]
    },
    {
      "module": "module.kubewarden_policy_server_repository",
      "mode": "managed",
      "type": "github_repository",
      "name": "main",
      "provider": "provider[\"registry.terraform.io/integrations/github\"].kubewarden",
      "instances": [
        {
          "schema_version": 1,
          "attributes": {
            "allow_auto_merge": false,
            "allow_merge_commit": true,
            "allow_rebase_merge": true,
            "allow_squash_merge": true,
            "allow_update_branch": false,
            "archive_on_destroy": null,
            "archived": false,
            "auto_init": false,
            "default_branch": "main",
            "delete_branch_on_merge": false,
            "description": "Webhook server that evaluates WebAssembly policies to validate Kubernetes requests",
            "etag": "W/\"d718014459ed0c283c8d96efc6395de1af0c7c3be673f495dbc61804fc7c5f93\"",
            "full_name": "kubewarden/policy-server",
            "git_clone_url": "git://github.com/kubewarden/policy-server.git",
            "gitignore_template": null,
            "has_discussions": false,
            "has_downloads": true,
            "has_issues": true,
            "has_projects": false,
            "has_wiki": true,
            "homepage_url": "https://kubewarden.io",
            "html_url": "https://github.com/kubewarden/policy-server",
            "http_clone_url": "https://github.com/kubewarden/policy-server.git",
            "id": "policy-server",
            "ignore_vulnerability_alerts_during_read": null,
            "is_template": false,
            "license_template": null,
            "merge_commit_message": "PR_TITLE",
            "merge_commit_title": "MERGE_MESSAGE",
            "name": "policy-server",
            "node_id": "MDEwOlJlcG9zaXRvcnkzMjE2OTE2NDM=",
            "pages": [],
            "primary_language": "Rust",
            "private": false,
            "repo_id": 321691643,
            "security_and_analysis": [
              {
                "advanced_security": [],
                "secret_scanning": [
                  {
                    "status": "enabled"
                  }
                ],
                "secret_scanning_push_protection": [
                  {
                    "status": "disabled"
                  }
                ]
              }
            ],
            "squash_merge_commit_message": "COMMIT_MESSAGES",
            "squash_merge_commit_title": "COMMIT_OR_PR_TITLE",
            "ssh_clone_url": "git@github.com:kubewarden/policy-server.git",
            "svn_url": "https://github.com/kubewarden/policy-server",
            "template": [],
            "topics": [
              "hacktoberfest",
              "kubernetes",
              "kubernetes-security",
              "kubernetes-webhook",
              "policy",
              "policy-as-code",
              "rust",
              "webassembly"
            ],
            "visibility": "public",
            "vulnerability_alerts": true,
            "web_commit_signoff_required": true
          },
          "sensitive_attributes": [],
          "private": "eyJzY2hlbWFfdmVyc2lvbiI6IjEifQ=="
        }
      ]
    },
    {
      "module": "module.kubewarden_policy_server_repository",
      "mode": "managed",
      "type": "github_team_repository",
      "name": "gh_team_push_rights",
      "provider": "provider[\"registry.terraform.io/integrations/github\"].kubewarden",
      "instances": [
        {
          "index_key": 0,
          "schema_version": 0,
          "attributes": {
            "etag": "W/\"2eefc9f10ebe3a4723e07d3453a08fd59c7e6712784605784c74f5bd2cb4f184\"",
            "id": "4972867:policy-server",
            "permission": "push",
            "repository": "policy-server",
            "team_id": "4972867"
          },
          "sensitive_attributes": [],
          "private": "bnVsbA==",
          "dependencies": [
            "data.github_team.kubewarden_developers",
            "module.kubewarden_policy_server_repository.github_repository.main"
          ]
        }
      ]
    },
    {
      "module": "module.kubewarden_rancher_kubectl_builder_repository",
      "mode": "managed",
      "type": "github_app_installation_repository",
      "name": "app_dco",
      "provider": "provider[\"registry.terraform.io/integrations/github\"].kubewarden",
      "instances": [
        {
          "schema_version": 0,
          "attributes": {
            "id": "29141080:rancher-kubectl-builder",
            "installation_id": "29141080",
            "repo_id": 498340468,
            "repository": "rancher-kubectl-builder"
          },
          "sensitive_attributes": [],
          "private": "bnVsbA==",
          "dependencies": [
            "module.kubewarden_rancher_kubectl_builder_repository.github_repository.main"
          ]
        }
      ]
    },
    {
      "module": "module.kubewarden_rancher_kubectl_builder_repository",
      "mode": "managed",
      "type": "github_issue_label",
      "name": "label",
      "provider": "provider[\"registry.terraform.io/integrations/github\"].kubewarden",
      "instances": [
        {
          "index_key": 0,
          "schema_version": 0,
          "attributes": {
            "color": "D3D7CF",
            "description": "",
            "etag": "W/\"4baf6d4997bd5bbe66b1f5cf1fb184d241ac3d69c3fb0622ea411a4037161046\"",
            "id": "rancher-kubectl-builder:area/dependencies",
            "name": "area/dependencies",
            "repository": "rancher-kubectl-builder",
            "url": "https://api.github.com/repos/kubewarden/rancher-kubectl-builder/labels/area/dependencies"
          },
          "sensitive_attributes": [],
          "private": "bnVsbA==",
          "dependencies": [
            "module.kubewarden_rancher_kubectl_builder_repository.github_repository.main"
          ]
        },
        {
          "index_key": 1,
          "schema_version": 0,
          "attributes": {
            "color": "7057ff",
            "description": "",
            "etag": "W/\"884c3dbf1f429f846f1ddd63f91b53f96639084cd916e9f17b8a9fe99bda4dc3\"",
            "id": "rancher-kubectl-builder:kind/automation",
            "name": "good first issue",
            "repository": "rancher-kubectl-builder",
            "url": "https://api.github.com/repos/kubewarden/rancher-kubectl-builder/labels/kind/automation"
          },
          "sensitive_attributes": [],
          "private": "bnVsbA==",
          "dependencies": [
            "module.kubewarden_rancher_kubectl_builder_repository.github_repository.main"
          ]
        },
        {
          "index_key": 2,
          "schema_version": 0,
          "attributes": {
            "color": "3465A4",
            "description": "",
            "etag": "W/\"f2a2aec2b613e91c2a9648b41b85230e2030d4947e85d959bd3886cd89b56d56\"",
            "id": "rancher-kubectl-builder:kind/breaking-change",
            "name": "kind/automation",
            "repository": "rancher-kubectl-builder",
            "url": "https://api.github.com/repos/kubewarden/rancher-kubectl-builder/labels/kind/breaking-change"
          },
          "sensitive_attributes": [],
          "private": "bnVsbA==",
          "dependencies": [
            "module.kubewarden_rancher_kubectl_builder_repository.github_repository.main"
          ]
        },
        {
          "index_key": 3,
          "schema_version": 0,
          "attributes": {
            "color": "FCE94F",
            "description": "",
            "etag": "W/\"9e14cb37a6f528f8d28c5a2c355ef6638bd7ffb8ce0fdeae1fb7a4b69102639d\"",
            "id": "rancher-kubectl-builder:kind/bug",
            "name": "kind/breaking-change",
            "repository": "rancher-kubectl-builder",
            "url": "https://api.github.com/repos/kubewarden/rancher-kubectl-builder/labels/kind/bug"
          },
          "sensitive_attributes": [],
          "private": "bnVsbA==",
          "dependencies": [
            "module.kubewarden_rancher_kubectl_builder_repository.github_repository.main"
          ]
        },
        {
          "index_key": 4,
          "schema_version": 0,
          "attributes": {
            "color": "EF2929",
            "description": "",
            "etag": "W/\"6bab099f3b99345ebaee4867eb9599765de26b821791ae5f34b85d751e28f7e0\"",
            "id": "rancher-kubectl-builder:kind/chore",
            "name": "kind/bug",
            "repository": "rancher-kubectl-builder",
            "url": "https://api.github.com/repos/kubewarden/rancher-kubectl-builder/labels/kind/chore"
          },
          "sensitive_attributes": [],
          "private": "bnVsbA==",
          "dependencies": [
            "module.kubewarden_rancher_kubectl_builder_repository.github_repository.main"
          ]
        },
        {
          "index_key": 5,
          "schema_version": 0,
          "attributes": {
            "color": "555753",
            "description": "",
            "etag": "W/\"4c98074491915104232d0722f39907a1053925f13054eb663031bd5b37157c6f\"",
            "id": "rancher-kubectl-builder:kind/enhancement",
            "name": "kind/chore",
            "repository": "rancher-kubectl-builder",
            "url": "https://api.github.com/repos/kubewarden/rancher-kubectl-builder/labels/kind/enhancement"
          },
          "sensitive_attributes": [],
          "private": "bnVsbA==",
          "dependencies": [
            "module.kubewarden_rancher_kubectl_builder_repository.github_repository.main"
          ]
        },
        {
          "index_key": 6,
          "schema_version": 0,
          "attributes": {
            "color": "06989A",
            "description": "",
            "etag": "W/\"28553c3fc2da29fd947c49e359c41f5005fa1eeaad07b4b6ee22c51e6e34ecdb\"",
            "id": "rancher-kubectl-builder:kind/feature",
            "name": "kind/enhancement",
            "repository": "rancher-kubectl-builder",
            "url": "https://api.github.com/repos/kubewarden/rancher-kubectl-builder/labels/kind/feature"
          },
          "sensitive_attributes": [],
          "private": "bnVsbA==",
          "dependencies": [
            "module.kubewarden_rancher_kubectl_builder_repository.github_repository.main"
          ]
        },
        {
          "index_key": 7,
          "schema_version": 0,
          "attributes": {
            "color": "34E2E2",
            "description": "",
            "etag": "W/\"a6948bedbd04986637cb59cdcd0947892f4463711eab524bf46c0306c46712b5\"",
            "id": "rancher-kubectl-builder:kind/question",
            "name": "kind/feature",
            "repository": "rancher-kubectl-builder",
            "url": "https://api.github.com/repos/kubewarden/rancher-kubectl-builder/labels/kind/question"
          },
          "sensitive_attributes": [],
          "private": "bnVsbA==",
          "dependencies": [
            "module.kubewarden_rancher_kubectl_builder_repository.github_repository.main"
          ]
        },
        {
          "index_key": 8,
          "schema_version": 0,
          "attributes": {
            "color": "ad7fa8",
            "description": "",
            "etag": "W/\"445edfea5068e470661413326d0ca4f2bba45e2e2a8d6c258ba59356566f526c\"",
            "id": "rancher-kubectl-builder:kind/tech-debt",
            "name": "kind/question",
            "repository": "rancher-kubectl-builder",
            "url": "https://api.github.com/repos/kubewarden/rancher-kubectl-builder/labels/kind/tech-debt"
          },
          "sensitive_attributes": [],
          "private": "bnVsbA==",
          "dependencies": [
            "module.kubewarden_rancher_kubectl_builder_repository.github_repository.main"
          ]
        },
        {
          "index_key": 9,
          "schema_version": 0,
          "attributes": {
            "color": "729FCF",
            "description": "",
            "etag": "W/\"c4fad12d43f619fe43450a7a8ebbd700c07a3726364fc611fc8eb0fb232e00ff\"",
            "id": "rancher-kubectl-builder:kind/to-be-refined",
            "name": "kind/tech-debt",
            "repository": "rancher-kubectl-builder",
            "url": "https://api.github.com/repos/kubewarden/rancher-kubectl-builder/labels/kind/to-be-refined"
          },
          "sensitive_attributes": [],
          "private": "bnVsbA==",
          "dependencies": [
            "module.kubewarden_rancher_kubectl_builder_repository.github_repository.main"
          ]
        },
        {
          "index_key": 10,
          "schema_version": 0,
          "attributes": {
            "color": "B14FCF",
            "description": "",
            "etag": "W/\"0d1e7c3281cc34d1bcd5f4f24d8a034ade1a78ecb2d56b2293e92408feb2cdac\"",
            "id": "rancher-kubectl-builder:release/major",
            "name": "kind/to-be-refined",
            "repository": "rancher-kubectl-builder",
            "url": "https://api.github.com/repos/kubewarden/rancher-kubectl-builder/labels/release/major"
          },
          "sensitive_attributes": [],
          "private": "bnVsbA==",
          "dependencies": [
            "module.kubewarden_rancher_kubectl_builder_repository.github_repository.main"
          ]
        },
        {
          "index_key": 11,
          "schema_version": 0,
          "attributes": {
            "color": "8AE234",
            "description": "",
            "etag": "W/\"6fc7f247bcfbb41d7bc38b18ac3c44d26259fba32c600ea7c021f5b6640686a4\"",
            "id": "rancher-kubectl-builder:release/minor",
            "name": "release/major",
            "repository": "rancher-kubectl-builder",
            "url": "https://api.github.com/repos/kubewarden/rancher-kubectl-builder/labels/release/minor"
          },
          "sensitive_attributes": [],
          "private": "bnVsbA==",
          "dependencies": [
            "module.kubewarden_rancher_kubectl_builder_repository.github_repository.main"
          ]
        },
        {
          "index_key": 12,
          "schema_version": 0,
          "attributes": {
            "color": "4E9A06",
            "description": "",
            "etag": "W/\"7b8895863a1eadcd938097fc01fd7b5082b66deaade7f3dcc89d28544706bbcd\"",
            "id": "rancher-kubectl-builder:release/patch",
            "name": "release/minor",
            "repository": "rancher-kubectl-builder",
            "url": "https://api.github.com/repos/kubewarden/rancher-kubectl-builder/labels/release/patch"
          },
          "sensitive_attributes": [],
          "private": "bnVsbA==",
          "dependencies": [
            "module.kubewarden_rancher_kubectl_builder_repository.github_repository.main"
          ]
        },
        {
          "index_key": 13,
          "schema_version": 0,
          "attributes": {
            "color": "aa6600",
            "description": "",
            "etag": "W/\"a62b4765070dd6a2c6867362ca8e6eb60e166c1d38134b956d63b92b14929a1d\"",
            "id": "rancher-kubectl-builder:release/skip-changelog",
            "name": "release/patch",
            "repository": "rancher-kubectl-builder",
            "url": "https://api.github.com/repos/kubewarden/rancher-kubectl-builder/labels/release/skip-changelog"
          },
          "sensitive_attributes": [],
          "private": "bnVsbA==",
          "dependencies": [
            "module.kubewarden_rancher_kubectl_builder_repository.github_repository.main"
          ]
        },
        {
          "index_key": 14,
          "schema_version": 0,
          "attributes": {
            "color": "77cc00",
            "description": "",
            "etag": "W/\"a62b4765070dd6a2c6867362ca8e6eb60e166c1d38134b956d63b92b14929a1d\"",
            "id": "rancher-kubectl-builder:release/skip-changelog",
            "name": "release/skip-changelog",
            "repository": "rancher-kubectl-builder",
            "url": "https://api.github.com/repos/kubewarden/rancher-kubectl-builder/labels/release/skip-changelog"
          },
          "sensitive_attributes": [],
          "private": "bnVsbA==",
          "dependencies": [
            "module.kubewarden_rancher_kubectl_builder_repository.github_repository.main"
          ]
        }
      ]
    },
    {
      "module": "module.kubewarden_rancher_kubectl_builder_repository",
      "mode": "managed",
      "type": "github_repository",
      "name": "main",
      "provider": "provider[\"registry.terraform.io/integrations/github\"].kubewarden",
      "instances": [
        {
          "schema_version": 1,
          "attributes": {
            "allow_auto_merge": false,
            "allow_merge_commit": true,
            "allow_rebase_merge": true,
            "allow_squash_merge": true,
            "allow_update_branch": false,
            "archive_on_destroy": null,
            "archived": false,
            "auto_init": null,
            "default_branch": "main",
            "delete_branch_on_merge": false,
            "description": "Workflow to rebuild and sign rancher/kubectl image",
            "etag": "W/\"2ab1f84639cd5594aaa37350f5fe594dde414df19e34a69727902cc07442cbee\"",
            "full_name": "kubewarden/rancher-kubectl-builder",
            "git_clone_url": "git://github.com/kubewarden/rancher-kubectl-builder.git",
            "gitignore_template": null,
            "has_discussions": false,
            "has_downloads": true,
            "has_issues": true,
            "has_projects": false,
            "has_wiki": true,
            "homepage_url": "https://github.com/kubewarden/",
            "html_url": "https://github.com/kubewarden/rancher-kubectl-builder",
            "http_clone_url": "https://github.com/kubewarden/rancher-kubectl-builder.git",
            "id": "rancher-kubectl-builder",
            "ignore_vulnerability_alerts_during_read": null,
            "is_template": false,
            "license_template": null,
            "merge_commit_message": "PR_TITLE",
            "merge_commit_title": "MERGE_MESSAGE",
            "name": "rancher-kubectl-builder",
            "node_id": "R_kgDOHbQSdA",
            "pages": [],
            "primary_language": "Shell",
            "private": false,
            "repo_id": 498340468,
            "security_and_analysis": [
              {
                "advanced_security": [],
                "secret_scanning": [
                  {
                    "status": "enabled"
                  }
                ],
                "secret_scanning_push_protection": [
                  {
                    "status": "disabled"
                  }
                ]
              }
            ],
            "squash_merge_commit_message": "COMMIT_MESSAGES",
            "squash_merge_commit_title": "COMMIT_OR_PR_TITLE",
            "ssh_clone_url": "git@github.com:kubewarden/rancher-kubectl-builder.git",
            "svn_url": "https://github.com/kubewarden/rancher-kubectl-builder",
            "template": [],
            "topics": [
              "hacktoberfest",
              "kubernetes",
              "kubernetes-security",
              "policy-as-code",
              "webassembly"
            ],
            "visibility": "public",
            "vulnerability_alerts": true,
            "web_commit_signoff_required": true
          },
          "sensitive_attributes": [],
          "private": "eyJzY2hlbWFfdmVyc2lvbiI6IjEifQ=="
        }
      ]
    },
    {
      "module": "module.kubewarden_rancher_kubectl_builder_repository",
      "mode": "managed",
      "type": "github_team_repository",
      "name": "gh_team_push_rights",
      "provider": "provider[\"registry.terraform.io/integrations/github\"].kubewarden",
      "instances": [
        {
          "index_key": 0,
          "schema_version": 0,
          "attributes": {
            "etag": "W/\"aeb19eba986731d994f96b3c44d132738a549f7175cca552960b260f608de728\"",
            "id": "4972867:rancher-kubectl-builder",
            "permission": "push",
            "repository": "rancher-kubectl-builder",
            "team_id": "4972867"
          },
          "sensitive_attributes": [],
          "private": "bnVsbA==",
          "dependencies": [
            "data.github_team.kubewarden_developers",
            "module.kubewarden_rancher_kubectl_builder_repository.github_repository.main"
          ]
        }
      ]
    },
    {
      "module": "module.kubewarden_rfc_repository",
      "mode": "managed",
      "type": "github_app_installation_repository",
      "name": "app_dco",
      "provider": "provider[\"registry.terraform.io/integrations/github\"].kubewarden",
      "instances": [
        {
          "schema_version": 0,
          "attributes": {
            "id": "29141080:rfc",
            "installation_id": "29141080",
            "repo_id": 467968538,
            "repository": "rfc"
          },
          "sensitive_attributes": [],
          "private": "bnVsbA==",
          "dependencies": [
            "module.kubewarden_rfc_repository.github_repository.main"
          ]
        }
      ]
    },
    {
      "module": "module.kubewarden_rfc_repository",
      "mode": "managed",
      "type": "github_issue_label",
      "name": "label",
      "provider": "provider[\"registry.terraform.io/integrations/github\"].kubewarden",
      "instances": [
        {
          "index_key": 0,
          "schema_version": 0,
          "attributes": {
            "color": "D3D7CF",
            "description": "",
            "etag": "W/\"4b3ba3beff433ad0ce98addcae7241aa362253d679a5b6269f0bde5ab042d169\"",
            "id": "rfc:area/dependencies",
            "name": "area/dependencies",
            "repository": "rfc",
            "url": "https://api.github.com/repos/kubewarden/rfc/labels/area/dependencies"
          },
          "sensitive_attributes": [],
          "private": "bnVsbA==",
          "dependencies": [
            "module.kubewarden_rfc_repository.github_repository.main"
          ]
        },
        {
          "index_key": 1,
          "schema_version": 0,
          "attributes": {
            "color": "7057ff",
            "description": "",
            "etag": "W/\"f25a112a1520febedadb14bd6c0dd43f0df366c4dac6ef05f2c91401ab17d158\"",
            "id": "rfc:kind/automation",
            "name": "good first issue",
            "repository": "rfc",
            "url": "https://api.github.com/repos/kubewarden/rfc/labels/kind/automation"
          },
          "sensitive_attributes": [],
          "private": "bnVsbA==",
          "dependencies": [
            "module.kubewarden_rfc_repository.github_repository.main"
          ]
        },
        {
          "index_key": 2,
          "schema_version": 0,
          "attributes": {
            "color": "3465A4",
            "description": "",
            "etag": "W/\"cb6cb23d9fc1f00857b0373551aca55331771d2420b0f3a79a0e8b7eaaed4d2b\"",
            "id": "rfc:kind/breaking-change",
            "name": "kind/automation",
            "repository": "rfc",
            "url": "https://api.github.com/repos/kubewarden/rfc/labels/kind/breaking-change"
          },
          "sensitive_attributes": [],
          "private": "bnVsbA==",
          "dependencies": [
            "module.kubewarden_rfc_repository.github_repository.main"
          ]
        },
        {
          "index_key": 3,
          "schema_version": 0,
          "attributes": {
            "color": "FCE94F",
            "description": "",
            "etag": "W/\"f47f736ff798eafa00cf87b8dc8e60800d979850e6226781cb726c66d5dc7a14\"",
            "id": "rfc:kind/bug",
            "name": "kind/breaking-change",
            "repository": "rfc",
            "url": "https://api.github.com/repos/kubewarden/rfc/labels/kind/bug"
          },
          "sensitive_attributes": [],
          "private": "bnVsbA==",
          "dependencies": [
            "module.kubewarden_rfc_repository.github_repository.main"
          ]
        },
        {
          "index_key": 4,
          "schema_version": 0,
          "attributes": {
            "color": "EF2929",
            "description": "",
            "etag": "W/\"c47af97ceaa8a5ecae91d06a81d4b7fef5f7c3bb33ab2c4d1eee4772db259eaf\"",
            "id": "rfc:kind/chore",
            "name": "kind/bug",
            "repository": "rfc",
            "url": "https://api.github.com/repos/kubewarden/rfc/labels/kind/chore"
          },
          "sensitive_attributes": [],
          "private": "bnVsbA==",
          "dependencies": [
            "module.kubewarden_rfc_repository.github_repository.main"
          ]
        },
        {
          "index_key": 5,
          "schema_version": 0,
          "attributes": {
            "color": "555753",
            "description": "",
            "etag": "W/\"8e6598593211d0c24670797359c729f2314c18095fbcb713c8e0fe70f2b51773\"",
            "id": "rfc:kind/enhancement",
            "name": "kind/chore",
            "repository": "rfc",
            "url": "https://api.github.com/repos/kubewarden/rfc/labels/kind/enhancement"
          },
          "sensitive_attributes": [],
          "private": "bnVsbA==",
          "dependencies": [
            "module.kubewarden_rfc_repository.github_repository.main"
          ]
        },
        {
          "index_key": 6,
          "schema_version": 0,
          "attributes": {
            "color": "06989A",
            "description": "",
            "etag": "W/\"919849b8b36f9d86602ea6606ea3c61697e53754ec70b97c82ed7426b3f5b161\"",
            "id": "rfc:kind/feature",
            "name": "kind/enhancement",
            "repository": "rfc",
            "url": "https://api.github.com/repos/kubewarden/rfc/labels/kind/feature"
          },
          "sensitive_attributes": [],
          "private": "bnVsbA==",
          "dependencies": [
            "module.kubewarden_rfc_repository.github_repository.main"
          ]
        },
        {
          "index_key": 7,
          "schema_version": 0,
          "attributes": {
            "color": "34E2E2",
            "description": "",
            "etag": "W/\"46629f8f6b29e88a1419946fc8ea606a14faf2050901951c867c76a9fd79d374\"",
            "id": "rfc:kind/question",
            "name": "kind/feature",
            "repository": "rfc",
            "url": "https://api.github.com/repos/kubewarden/rfc/labels/kind/question"
          },
          "sensitive_attributes": [],
          "private": "bnVsbA==",
          "dependencies": [
            "module.kubewarden_rfc_repository.github_repository.main"
          ]
        },
        {
          "index_key": 8,
          "schema_version": 0,
          "attributes": {
            "color": "ad7fa8",
            "description": "",
            "etag": "W/\"2c5f20cde03ec52bc12e5ebcd5c653588eb9738dc91dc493c8ac2975d82c18ec\"",
            "id": "rfc:kind/tech-debt",
            "name": "kind/question",
            "repository": "rfc",
            "url": "https://api.github.com/repos/kubewarden/rfc/labels/kind/tech-debt"
          },
          "sensitive_attributes": [],
          "private": "bnVsbA==",
          "dependencies": [
            "module.kubewarden_rfc_repository.github_repository.main"
          ]
        },
        {
          "index_key": 9,
          "schema_version": 0,
          "attributes": {
            "color": "729FCF",
            "description": "",
            "etag": "W/\"34cf6023bb9535c20e437c129da5d2af387fb0ac7b18d393888260cd963c39e4\"",
            "id": "rfc:kind/to-be-refined",
            "name": "kind/tech-debt",
            "repository": "rfc",
            "url": "https://api.github.com/repos/kubewarden/rfc/labels/kind/to-be-refined"
          },
          "sensitive_attributes": [],
          "private": "bnVsbA==",
          "dependencies": [
            "module.kubewarden_rfc_repository.github_repository.main"
          ]
        },
        {
          "index_key": 10,
          "schema_version": 0,
          "attributes": {
            "color": "B14FCF",
            "description": "",
            "etag": "W/\"2ad32303104301ad29bfa9459b12f534f2baa182677785d3f171e8c0a7620676\"",
            "id": "rfc:release/minor",
            "name": "kind/to-be-refined",
            "repository": "rfc",
            "url": "https://api.github.com/repos/kubewarden/rfc/labels/release/minor"
          },
          "sensitive_attributes": [],
          "private": "bnVsbA==",
          "dependencies": [
            "module.kubewarden_rfc_repository.github_repository.main"
          ]
        },
        {
          "index_key": 11,
          "schema_version": 0,
          "attributes": {
            "color": "8AE234",
            "description": "",
            "etag": "W/\"5adf482f13c043f2e66548752b3100e004929b99424c8ebf2b2597917be76000\"",
            "id": "rfc:release/major",
            "name": "release/major",
            "repository": "rfc",
            "url": "https://api.github.com/repos/kubewarden/rfc/labels/release/major"
          },
          "sensitive_attributes": [],
          "private": "bnVsbA==",
          "dependencies": [
            "module.kubewarden_rfc_repository.github_repository.main"
          ]
        },
        {
          "index_key": 12,
          "schema_version": 0,
          "attributes": {
            "color": "4E9A06",
            "description": "",
            "etag": "W/\"60b7d47ea6e7c19a0572adea0aa97df4b8afd20d8ea0cf2ae363edd54216c470\"",
            "id": "rfc:release/skip-changelog",
            "name": "release/minor",
            "repository": "rfc",
            "url": "https://api.github.com/repos/kubewarden/rfc/labels/release/skip-changelog"
          },
          "sensitive_attributes": [],
          "private": "bnVsbA==",
          "dependencies": [
            "module.kubewarden_rfc_repository.github_repository.main"
          ]
        },
        {
          "index_key": 13,
          "schema_version": 0,
          "attributes": {
            "color": "aa6600",
            "description": "",
            "etag": "W/\"f30b81a0a16f76cf06be90def8e2d315032ff949c4a436061fef2c3e79bd8251\"",
            "id": "rfc:release/patch",
            "name": "release/patch",
            "repository": "rfc",
            "url": "https://api.github.com/repos/kubewarden/rfc/labels/release/patch"
          },
          "sensitive_attributes": [],
          "private": "bnVsbA==",
          "dependencies": [
            "module.kubewarden_rfc_repository.github_repository.main"
          ]
        },
        {
          "index_key": 14,
          "schema_version": 0,
          "attributes": {
            "color": "77cc00",
            "description": "",
            "etag": "W/\"60b7d47ea6e7c19a0572adea0aa97df4b8afd20d8ea0cf2ae363edd54216c470\"",
            "id": "rfc:release/skip-changelog",
            "name": "release/skip-changelog",
            "repository": "rfc",
            "url": "https://api.github.com/repos/kubewarden/rfc/labels/release/skip-changelog"
          },
          "sensitive_attributes": [],
          "private": "bnVsbA==",
          "dependencies": [
            "module.kubewarden_rfc_repository.github_repository.main"
          ]
        }
      ]
    },
    {
      "module": "module.kubewarden_rfc_repository",
      "mode": "managed",
      "type": "github_repository",
      "name": "main",
      "provider": "provider[\"registry.terraform.io/integrations/github\"].kubewarden",
      "instances": [
        {
          "schema_version": 1,
          "attributes": {
            "allow_auto_merge": false,
            "allow_merge_commit": true,
            "allow_rebase_merge": true,
            "allow_squash_merge": true,
            "allow_update_branch": false,
            "archive_on_destroy": null,
            "archived": false,
            "auto_init": null,
            "default_branch": "main",
            "delete_branch_on_merge": false,
            "description": "Kubewarden's RFCs",
            "etag": "W/\"8d17b450eea4a82137c79053d41c105e9ff444755d7c2e12627bbbfb77a13e4c\"",
            "full_name": "kubewarden/rfc",
            "git_clone_url": "git://github.com/kubewarden/rfc.git",
            "gitignore_template": null,
            "has_discussions": false,
            "has_downloads": true,
            "has_issues": true,
            "has_projects": false,
            "has_wiki": true,
            "homepage_url": "https://github.com/kubewarden/",
            "html_url": "https://github.com/kubewarden/rfc",
            "http_clone_url": "https://github.com/kubewarden/rfc.git",
            "id": "rfc",
            "ignore_vulnerability_alerts_during_read": null,
            "is_template": false,
            "license_template": null,
            "merge_commit_message": "PR_TITLE",
            "merge_commit_title": "MERGE_MESSAGE",
            "name": "rfc",
            "node_id": "R_kgDOG-SiGg",
            "pages": [],
            "primary_language": "",
            "private": false,
            "repo_id": 467968538,
            "security_and_analysis": [
              {
                "advanced_security": [],
                "secret_scanning": [
                  {
                    "status": "enabled"
                  }
                ],
                "secret_scanning_push_protection": [
                  {
                    "status": "disabled"
                  }
                ]
              }
            ],
            "squash_merge_commit_message": "COMMIT_MESSAGES",
            "squash_merge_commit_title": "COMMIT_OR_PR_TITLE",
            "ssh_clone_url": "git@github.com:kubewarden/rfc.git",
            "svn_url": "https://github.com/kubewarden/rfc",
            "template": [],
            "topics": [
              "hacktoberfest",
              "kubernetes",
              "kubernetes-security",
              "policy-as-code",
              "webassembly"
            ],
            "visibility": "public",
            "vulnerability_alerts": true,
            "web_commit_signoff_required": true
          },
          "sensitive_attributes": [],
          "private": "eyJzY2hlbWFfdmVyc2lvbiI6IjEifQ=="
        }
      ]
    },
    {
      "module": "module.kubewarden_rfc_repository",
      "mode": "managed",
      "type": "github_team_repository",
      "name": "gh_team_push_rights",
      "provider": "provider[\"registry.terraform.io/integrations/github\"].kubewarden",
      "instances": [
        {
          "index_key": 0,
          "schema_version": 0,
          "attributes": {
            "etag": "W/\"61d6d6ab3614dc55959d1feb3ee085b0ff7d6c69681c8f2111f2bf1ccd2dd263\"",
            "id": "4972867:rfc",
            "permission": "push",
            "repository": "rfc",
            "team_id": "4972867"
          },
          "sensitive_attributes": [],
          "private": "bnVsbA==",
          "dependencies": [
            "data.github_team.kubewarden_developers",
            "data.github_team.kubewarden_documentation",
            "module.kubewarden_rfc_repository.github_repository.main"
          ]
        },
        {
          "index_key": 1,
          "schema_version": 0,
          "attributes": {
            "etag": "W/\"61d6d6ab3614dc55959d1feb3ee085b0ff7d6c69681c8f2111f2bf1ccd2dd263\"",
            "id": "5417591:rfc",
            "permission": "push",
            "repository": "rfc",
            "team_id": "5417591"
          },
          "sensitive_attributes": [],
          "private": "bnVsbA==",
          "dependencies": [
            "data.github_team.kubewarden_developers",
            "data.github_team.kubewarden_documentation",
            "module.kubewarden_rfc_repository.github_repository.main"
          ]
        }
      ]
    },
    {
      "module": "module.kubewarden_strfmt_repository",
      "mode": "managed",
      "type": "github_app_installation_repository",
      "name": "app_dco",
      "provider": "provider[\"registry.terraform.io/integrations/github\"].kubewarden",
      "instances": [
        {
          "schema_version": 0,
          "attributes": {
            "id": "29141080:strfmt",
            "installation_id": "29141080",
            "repo_id": 491126441,
            "repository": "strfmt"
          },
          "sensitive_attributes": [],
          "private": "bnVsbA==",
          "dependencies": [
            "module.kubewarden_strfmt_repository.github_repository.main"
          ]
        }
      ]
    },
    {
      "module": "module.kubewarden_strfmt_repository",
      "mode": "managed",
      "type": "github_issue_label",
      "name": "label",
      "provider": "provider[\"registry.terraform.io/integrations/github\"].kubewarden",
      "instances": [
        {
          "index_key": 0,
          "schema_version": 0,
          "attributes": {
            "color": "D3D7CF",
            "description": "",
            "etag": "W/\"c579b005bab58d7ddc3efce48c92e8a80af41004ab8a34b58f04a4430ea52100\"",
            "id": "strfmt:area/dependencies",
            "name": "area/dependencies",
            "repository": "strfmt",
            "url": "https://api.github.com/repos/kubewarden/strfmt/labels/area/dependencies"
          },
          "sensitive_attributes": [],
          "private": "bnVsbA==",
          "dependencies": [
            "module.kubewarden_strfmt_repository.github_repository.main"
          ]
        },
        {
          "index_key": 1,
          "schema_version": 0,
          "attributes": {
            "color": "7057ff",
            "description": "",
            "etag": "W/\"6b878f80fa60e1791da3b6053c9d6a965af5f5b7573652b218d2ca03178206e2\"",
            "id": "strfmt:kind/automation",
            "name": "good first issue",
            "repository": "strfmt",
            "url": "https://api.github.com/repos/kubewarden/strfmt/labels/kind/automation"
          },
          "sensitive_attributes": [],
          "private": "bnVsbA==",
          "dependencies": [
            "module.kubewarden_strfmt_repository.github_repository.main"
          ]
        },
        {
          "index_key": 2,
          "schema_version": 0,
          "attributes": {
            "color": "3465A4",
            "description": "",
            "etag": "W/\"1e164cfd03ffd138afccbbd9d179472dca3a19ee26ebdf3b0d193f3f907191a0\"",
            "id": "strfmt:kind/breaking-change",
            "name": "kind/automation",
            "repository": "strfmt",
            "url": "https://api.github.com/repos/kubewarden/strfmt/labels/kind/breaking-change"
          },
          "sensitive_attributes": [],
          "private": "bnVsbA==",
          "dependencies": [
            "module.kubewarden_strfmt_repository.github_repository.main"
          ]
        },
        {
          "index_key": 3,
          "schema_version": 0,
          "attributes": {
            "color": "FCE94F",
            "description": "",
            "etag": "W/\"8d82db7f115f527495446e26854322108cf05dbb543638dec7fd2505a7c41376\"",
            "id": "strfmt:kind/bug",
            "name": "kind/breaking-change",
            "repository": "strfmt",
            "url": "https://api.github.com/repos/kubewarden/strfmt/labels/kind/bug"
          },
          "sensitive_attributes": [],
          "private": "bnVsbA==",
          "dependencies": [
            "module.kubewarden_strfmt_repository.github_repository.main"
          ]
        },
        {
          "index_key": 4,
          "schema_version": 0,
          "attributes": {
            "color": "EF2929",
            "description": "",
            "etag": "W/\"1e85c331d9026b19437386840e7d4ccaf0475021e6730151973c174dc0bf71a7\"",
            "id": "strfmt:kind/chore",
            "name": "kind/bug",
            "repository": "strfmt",
            "url": "https://api.github.com/repos/kubewarden/strfmt/labels/kind/chore"
          },
          "sensitive_attributes": [],
          "private": "bnVsbA==",
          "dependencies": [
            "module.kubewarden_strfmt_repository.github_repository.main"
          ]
        },
        {
          "index_key": 5,
          "schema_version": 0,
          "attributes": {
            "color": "555753",
            "description": "",
            "etag": "W/\"04c270149583dcc84e7ded5c8231aa76611af9ab5c3790d3faf2d82c2304a0af\"",
            "id": "strfmt:kind/enhancement",
            "name": "kind/chore",
            "repository": "strfmt",
            "url": "https://api.github.com/repos/kubewarden/strfmt/labels/kind/enhancement"
          },
          "sensitive_attributes": [],
          "private": "bnVsbA==",
          "dependencies": [
            "module.kubewarden_strfmt_repository.github_repository.main"
          ]
        },
        {
          "index_key": 6,
          "schema_version": 0,
          "attributes": {
            "color": "06989A",
            "description": "",
            "etag": "W/\"66774ec2468cb06662b8c54ef9a3728ea93346dd69609f582beef1b905ad5058\"",
            "id": "strfmt:kind/feature",
            "name": "kind/enhancement",
            "repository": "strfmt",
            "url": "https://api.github.com/repos/kubewarden/strfmt/labels/kind/feature"
          },
          "sensitive_attributes": [],
          "private": "bnVsbA==",
          "dependencies": [
            "module.kubewarden_strfmt_repository.github_repository.main"
          ]
        },
        {
          "index_key": 7,
          "schema_version": 0,
          "attributes": {
            "color": "34E2E2",
            "description": "",
            "etag": "W/\"388a6fd87bdf881b193881d6d3d6cbaa7c9d2a8f7f51bc5268f479ac190bfc1c\"",
            "id": "strfmt:kind/question",
            "name": "kind/feature",
            "repository": "strfmt",
            "url": "https://api.github.com/repos/kubewarden/strfmt/labels/kind/question"
          },
          "sensitive_attributes": [],
          "private": "bnVsbA==",
          "dependencies": [
            "module.kubewarden_strfmt_repository.github_repository.main"
          ]
        },
        {
          "index_key": 8,
          "schema_version": 0,
          "attributes": {
            "color": "ad7fa8",
            "description": "",
            "etag": "W/\"4052703e1beabcb67d32cdfb88d4412d1d4c92c7b106497dc6257e7abedc37f3\"",
            "id": "strfmt:kind/tech-debt",
            "name": "kind/question",
            "repository": "strfmt",
            "url": "https://api.github.com/repos/kubewarden/strfmt/labels/kind/tech-debt"
          },
          "sensitive_attributes": [],
          "private": "bnVsbA==",
          "dependencies": [
            "module.kubewarden_strfmt_repository.github_repository.main"
          ]
        },
        {
          "index_key": 9,
          "schema_version": 0,
          "attributes": {
            "color": "729FCF",
            "description": "",
            "etag": "W/\"a38ed21fe72da98792ca9cd807f9ac81825106fc315526b286f1a2db6280df99\"",
            "id": "strfmt:kind/to-be-refined",
            "name": "kind/tech-debt",
            "repository": "strfmt",
            "url": "https://api.github.com/repos/kubewarden/strfmt/labels/kind/to-be-refined"
          },
          "sensitive_attributes": [],
          "private": "bnVsbA==",
          "dependencies": [
            "module.kubewarden_strfmt_repository.github_repository.main"
          ]
        },
        {
          "index_key": 10,
          "schema_version": 0,
          "attributes": {
            "color": "B14FCF",
            "description": "",
            "etag": "W/\"49d44cb1c7e96ebaff3aeea712d4c4374ef7dde5ee29146fd319b08cf8b939aa\"",
            "id": "strfmt:release/major",
            "name": "kind/to-be-refined",
            "repository": "strfmt",
            "url": "https://api.github.com/repos/kubewarden/strfmt/labels/release/major"
          },
          "sensitive_attributes": [],
          "private": "bnVsbA==",
          "dependencies": [
            "module.kubewarden_strfmt_repository.github_repository.main"
          ]
        },
        {
          "index_key": 11,
          "schema_version": 0,
          "attributes": {
            "color": "8AE234",
            "description": "",
            "etag": "W/\"3a2e6b67b2efb16ae88f6b8acc428e2be019143f39bc2e6e5f7f9b9bc209fc3f\"",
            "id": "strfmt:release/minor",
            "name": "release/major",
            "repository": "strfmt",
            "url": "https://api.github.com/repos/kubewarden/strfmt/labels/release/minor"
          },
          "sensitive_attributes": [],
          "private": "bnVsbA==",
          "dependencies": [
            "module.kubewarden_strfmt_repository.github_repository.main"
          ]
        },
        {
          "index_key": 12,
          "schema_version": 0,
          "attributes": {
            "color": "4E9A06",
            "description": "",
            "etag": "W/\"344716508a9ce0e0af9fc5aa85ffe1f599e23c3a7fabffc3d5153ded56cff032\"",
            "id": "strfmt:release/patch",
            "name": "release/minor",
            "repository": "strfmt",
            "url": "https://api.github.com/repos/kubewarden/strfmt/labels/release/patch"
          },
          "sensitive_attributes": [],
          "private": "bnVsbA==",
          "dependencies": [
            "module.kubewarden_strfmt_repository.github_repository.main"
          ]
        },
        {
          "index_key": 13,
          "schema_version": 0,
          "attributes": {
            "color": "aa6600",
            "description": "",
            "etag": "W/\"811f600bb4047f13d556d856408ae1c1c86ca503a60a38ccb3cdce24b41cd072\"",
            "id": "strfmt:release/skip-changelog",
            "name": "release/patch",
            "repository": "strfmt",
            "url": "https://api.github.com/repos/kubewarden/strfmt/labels/release/skip-changelog"
          },
          "sensitive_attributes": [],
          "private": "bnVsbA==",
          "dependencies": [
            "module.kubewarden_strfmt_repository.github_repository.main"
          ]
        },
        {
          "index_key": 14,
          "schema_version": 0,
          "attributes": {
            "color": "77cc00",
            "description": "",
            "etag": "W/\"811f600bb4047f13d556d856408ae1c1c86ca503a60a38ccb3cdce24b41cd072\"",
            "id": "strfmt:release/skip-changelog",
            "name": "release/skip-changelog",
            "repository": "strfmt",
            "url": "https://api.github.com/repos/kubewarden/strfmt/labels/release/skip-changelog"
          },
          "sensitive_attributes": [],
          "private": "bnVsbA==",
          "dependencies": [
            "module.kubewarden_strfmt_repository.github_repository.main"
          ]
        }
      ]
    },
    {
      "module": "module.kubewarden_strfmt_repository",
      "mode": "managed",
      "type": "github_repository",
      "name": "main",
      "provider": "provider[\"registry.terraform.io/integrations/github\"].kubewarden",
      "instances": [
        {
          "schema_version": 1,
          "attributes": {
            "allow_auto_merge": false,
            "allow_merge_commit": true,
            "allow_rebase_merge": true,
            "allow_squash_merge": true,
            "allow_update_branch": false,
            "archive_on_destroy": null,
            "archived": false,
            "auto_init": null,
            "default_branch": "main",
            "delete_branch_on_merge": false,
            "description": "A stripped down version of go-openapi/strfrm that works with TinyGo",
            "etag": "W/\"4da39295064db059647ff338fdc8592ec1becda3c45d07930cc27161cc903860\"",
            "full_name": "kubewarden/strfmt",
            "git_clone_url": "git://github.com/kubewarden/strfmt.git",
            "gitignore_template": null,
            "has_discussions": false,
            "has_downloads": true,
            "has_issues": true,
            "has_projects": false,
            "has_wiki": true,
            "homepage_url": "https://github.com/kubewarden/",
            "html_url": "https://github.com/kubewarden/strfmt",
            "http_clone_url": "https://github.com/kubewarden/strfmt.git",
            "id": "strfmt",
            "ignore_vulnerability_alerts_during_read": null,
            "is_template": false,
            "license_template": null,
            "merge_commit_message": "PR_TITLE",
            "merge_commit_title": "MERGE_MESSAGE",
            "name": "strfmt",
            "node_id": "R_kgDOHUX-qQ",
            "pages": [],
            "primary_language": "Go",
            "private": false,
            "repo_id": 491126441,
            "security_and_analysis": [
              {
                "advanced_security": [],
                "secret_scanning": [
                  {
                    "status": "enabled"
                  }
                ],
                "secret_scanning_push_protection": [
                  {
                    "status": "disabled"
                  }
                ]
              }
            ],
            "squash_merge_commit_message": "COMMIT_MESSAGES",
            "squash_merge_commit_title": "COMMIT_OR_PR_TITLE",
            "ssh_clone_url": "git@github.com:kubewarden/strfmt.git",
            "svn_url": "https://github.com/kubewarden/strfmt",
            "template": [],
            "topics": [
              "hacktoberfest",
              "kubernetes",
              "kubernetes-security",
              "policy-as-code",
              "webassembly"
            ],
            "visibility": "public",
            "vulnerability_alerts": true,
            "web_commit_signoff_required": true
          },
          "sensitive_attributes": [],
          "private": "eyJzY2hlbWFfdmVyc2lvbiI6IjEifQ=="
        }
      ]
    },
    {
      "module": "module.kubewarden_strfmt_repository",
      "mode": "managed",
      "type": "github_team_repository",
      "name": "gh_team_push_rights",
      "provider": "provider[\"registry.terraform.io/integrations/github\"].kubewarden",
      "instances": [
        {
          "index_key": 0,
          "schema_version": 0,
          "attributes": {
            "etag": "W/\"123d91d3ee425f2aa3fd1f145a4d23aebaa2e3e7d4703722d9b86d663a449979\"",
            "id": "4972867:strfmt",
            "permission": "push",
            "repository": "strfmt",
            "team_id": "4972867"
          },
          "sensitive_attributes": [],
          "private": "bnVsbA==",
          "dependencies": [
            "data.github_team.kubewarden_developers",
            "module.kubewarden_strfmt_repository.github_repository.main"
          ]
        }
      ]
    },
    {
      "module": "module.kubewarden_utils_repository",
      "mode": "managed",
      "type": "github_app_installation_repository",
      "name": "app_dco",
      "provider": "provider[\"registry.terraform.io/integrations/github\"].kubewarden",
      "instances": [
        {
          "schema_version": 0,
          "attributes": {
            "id": "29141080:utils",
            "installation_id": "29141080",
            "repo_id": 511553735,
            "repository": "utils"
          },
          "sensitive_attributes": [],
          "private": "bnVsbA==",
          "dependencies": [
            "module.kubewarden_utils_repository.github_repository.main"
          ]
        }
      ]
    },
    {
      "module": "module.kubewarden_utils_repository",
      "mode": "managed",
      "type": "github_issue_label",
      "name": "label",
      "provider": "provider[\"registry.terraform.io/integrations/github\"].kubewarden",
      "instances": [
        {
          "index_key": 0,
          "schema_version": 0,
          "attributes": {
            "color": "D3D7CF",
            "description": "",
            "etag": "W/\"8fb0678ade6b373b61ede5221e1487e730db5945b5bccea2aacb92029c00204a\"",
            "id": "utils:area/dependencies",
            "name": "area/dependencies",
            "repository": "utils",
            "url": "https://api.github.com/repos/kubewarden/utils/labels/area/dependencies"
          },
          "sensitive_attributes": [],
          "private": "bnVsbA==",
          "dependencies": [
            "module.kubewarden_utils_repository.github_repository.main"
          ]
        },
        {
          "index_key": 1,
          "schema_version": 0,
          "attributes": {
            "color": "7057ff",
            "description": "",
            "etag": "W/\"1ad022e22a6f7e22c9fdc96f1b1e8b530d5fb7e2e85bc8fda59974260b495896\"",
            "id": "utils:kind/automation",
            "name": "good first issue",
            "repository": "utils",
            "url": "https://api.github.com/repos/kubewarden/utils/labels/kind/automation"
          },
          "sensitive_attributes": [],
          "private": "bnVsbA==",
          "dependencies": [
            "module.kubewarden_utils_repository.github_repository.main"
          ]
        },
        {
          "index_key": 2,
          "schema_version": 0,
          "attributes": {
            "color": "3465A4",
            "description": "",
            "etag": "W/\"aae6b00a7db332fc4522fe4fa8f020d93803df817b5fd080c478be5b4f7ac6ad\"",
            "id": "utils:kind/breaking-change",
            "name": "kind/automation",
            "repository": "utils",
            "url": "https://api.github.com/repos/kubewarden/utils/labels/kind/breaking-change"
          },
          "sensitive_attributes": [],
          "private": "bnVsbA==",
          "dependencies": [
            "module.kubewarden_utils_repository.github_repository.main"
          ]
        },
        {
          "index_key": 3,
          "schema_version": 0,
          "attributes": {
            "color": "FCE94F",
            "description": "",
            "etag": "W/\"b89d26acfd03adf6542021e6f7bfcc1c25ae1696bc6708ba4e68174821337c6a\"",
            "id": "utils:kind/bug",
            "name": "kind/breaking-change",
            "repository": "utils",
            "url": "https://api.github.com/repos/kubewarden/utils/labels/kind/bug"
          },
          "sensitive_attributes": [],
          "private": "bnVsbA==",
          "dependencies": [
            "module.kubewarden_utils_repository.github_repository.main"
          ]
        },
        {
          "index_key": 4,
          "schema_version": 0,
          "attributes": {
            "color": "EF2929",
            "description": "",
            "etag": "W/\"1babb448cf21f4d150593c1a9e1022fcb6f1189d4a957b5807331b04e60dd954\"",
            "id": "utils:kind/chore",
            "name": "kind/bug",
            "repository": "utils",
            "url": "https://api.github.com/repos/kubewarden/utils/labels/kind/chore"
          },
          "sensitive_attributes": [],
          "private": "bnVsbA==",
          "dependencies": [
            "module.kubewarden_utils_repository.github_repository.main"
          ]
        },
        {
          "index_key": 5,
          "schema_version": 0,
          "attributes": {
            "color": "555753",
            "description": "",
            "etag": "W/\"16b47407e42b93f8c1c34a5365f25f7d157dfb37031fb4937889de65f6d619fe\"",
            "id": "utils:kind/enhancement",
            "name": "kind/chore",
            "repository": "utils",
            "url": "https://api.github.com/repos/kubewarden/utils/labels/kind/enhancement"
          },
          "sensitive_attributes": [],
          "private": "bnVsbA==",
          "dependencies": [
            "module.kubewarden_utils_repository.github_repository.main"
          ]
        },
        {
          "index_key": 6,
          "schema_version": 0,
          "attributes": {
            "color": "06989A",
            "description": "",
            "etag": "W/\"e099cc2d9db7ed70a69390670c0e16429e127f524152c2c0da39097c9817b928\"",
            "id": "utils:kind/feature",
            "name": "kind/enhancement",
            "repository": "utils",
            "url": "https://api.github.com/repos/kubewarden/utils/labels/kind/feature"
          },
          "sensitive_attributes": [],
          "private": "bnVsbA==",
          "dependencies": [
            "module.kubewarden_utils_repository.github_repository.main"
          ]
        },
        {
          "index_key": 7,
          "schema_version": 0,
          "attributes": {
            "color": "34E2E2",
            "description": "",
            "etag": "W/\"2d9ac4112cb95c8de69f6f9854c72dd3d8e4a9bdf0a459628a54cc43ea82363f\"",
            "id": "utils:kind/question",
            "name": "kind/feature",
            "repository": "utils",
            "url": "https://api.github.com/repos/kubewarden/utils/labels/kind/question"
          },
          "sensitive_attributes": [],
          "private": "bnVsbA==",
          "dependencies": [
            "module.kubewarden_utils_repository.github_repository.main"
          ]
        },
        {
          "index_key": 8,
          "schema_version": 0,
          "attributes": {
            "color": "ad7fa8",
            "description": "",
            "etag": "W/\"1977296835d096fdf3168192adaff69331fd2e96dd12e1f62bdb7af7328253f0\"",
            "id": "utils:kind/tech-debt",
            "name": "kind/question",
            "repository": "utils",
            "url": "https://api.github.com/repos/kubewarden/utils/labels/kind/tech-debt"
          },
          "sensitive_attributes": [],
          "private": "bnVsbA==",
          "dependencies": [
            "module.kubewarden_utils_repository.github_repository.main"
          ]
        },
        {
          "index_key": 9,
          "schema_version": 0,
          "attributes": {
            "color": "729FCF",
            "description": "",
            "etag": "W/\"9943ce1bbf61adb8660355d1fa98b7bb674739a96d1ef35658c5870b616b3571\"",
            "id": "utils:kind/to-be-refined",
            "name": "kind/tech-debt",
            "repository": "utils",
            "url": "https://api.github.com/repos/kubewarden/utils/labels/kind/to-be-refined"
          },
          "sensitive_attributes": [],
          "private": "bnVsbA==",
          "dependencies": [
            "module.kubewarden_utils_repository.github_repository.main"
          ]
        },
        {
          "index_key": 10,
          "schema_version": 0,
          "attributes": {
            "color": "B14FCF",
            "description": "",
            "etag": "W/\"4bac3c808d66b83313edf095825f689f9a33032459d3d22884c63c19b33f624d\"",
            "id": "utils:release/minor",
            "name": "kind/to-be-refined",
            "repository": "utils",
            "url": "https://api.github.com/repos/kubewarden/utils/labels/release/minor"
          },
          "sensitive_attributes": [],
          "private": "bnVsbA==",
          "dependencies": [
            "module.kubewarden_utils_repository.github_repository.main"
          ]
        },
        {
          "index_key": 11,
          "schema_version": 0,
          "attributes": {
            "color": "8AE234",
            "description": "",
            "etag": "W/\"aad6b65a9c15ed66433b160a5adbf7927dab717aed59f6a38b91d14e4a763a0e\"",
            "id": "utils:release/major",
            "name": "release/major",
            "repository": "utils",
            "url": "https://api.github.com/repos/kubewarden/utils/labels/release/major"
          },
          "sensitive_attributes": [],
          "private": "bnVsbA==",
          "dependencies": [
            "module.kubewarden_utils_repository.github_repository.main"
          ]
        },
        {
          "index_key": 12,
          "schema_version": 0,
          "attributes": {
            "color": "4E9A06",
            "description": "",
            "etag": "W/\"f44af87daf598a6cab698d5bedac95cd53025142cf228680413b3b6c05a21830\"",
            "id": "utils:release/skip-changelog",
            "name": "release/minor",
            "repository": "utils",
            "url": "https://api.github.com/repos/kubewarden/utils/labels/release/skip-changelog"
          },
          "sensitive_attributes": [],
          "private": "bnVsbA==",
          "dependencies": [
            "module.kubewarden_utils_repository.github_repository.main"
          ]
        },
        {
          "index_key": 13,
          "schema_version": 0,
          "attributes": {
            "color": "aa6600",
            "description": "",
            "etag": "W/\"4000939f2532ae7d36df7780c7ecd2ed196c2c54b9dc1742d8ac24ba023bf29e\"",
            "id": "utils:release/patch",
            "name": "release/patch",
            "repository": "utils",
            "url": "https://api.github.com/repos/kubewarden/utils/labels/release/patch"
          },
          "sensitive_attributes": [],
          "private": "bnVsbA==",
          "dependencies": [
            "module.kubewarden_utils_repository.github_repository.main"
          ]
        },
        {
          "index_key": 14,
          "schema_version": 0,
          "attributes": {
            "color": "77cc00",
            "description": "",
            "etag": "W/\"f44af87daf598a6cab698d5bedac95cd53025142cf228680413b3b6c05a21830\"",
            "id": "utils:release/skip-changelog",
            "name": "release/skip-changelog",
            "repository": "utils",
            "url": "https://api.github.com/repos/kubewarden/utils/labels/release/skip-changelog"
          },
          "sensitive_attributes": [],
          "private": "bnVsbA==",
          "dependencies": [
            "module.kubewarden_utils_repository.github_repository.main"
          ]
        }
      ]
    },
    {
      "module": "module.kubewarden_utils_repository",
      "mode": "managed",
      "type": "github_repository",
      "name": "main",
      "provider": "provider[\"registry.terraform.io/integrations/github\"].kubewarden",
      "instances": [
        {
          "schema_version": 1,
          "attributes": {
            "allow_auto_merge": false,
            "allow_merge_commit": true,
            "allow_rebase_merge": true,
            "allow_squash_merge": true,
            "allow_update_branch": false,
            "archive_on_destroy": null,
            "archived": false,
            "auto_init": null,
            "default_branch": "main",
            "delete_branch_on_merge": false,
            "description": "Utils scripts used by the Kubewarden team and users.",
            "etag": "W/\"9e104498168a8b1571a2269c6032ec336e3cb8640f7ad17adfe9d01a8e9e67f0\"",
            "full_name": "kubewarden/utils",
            "git_clone_url": "git://github.com/kubewarden/utils.git",
            "gitignore_template": null,
            "has_discussions": false,
            "has_downloads": true,
            "has_issues": true,
            "has_projects": false,
            "has_wiki": true,
            "homepage_url": "https://github.com/kubewarden/",
            "html_url": "https://github.com/kubewarden/utils",
            "http_clone_url": "https://github.com/kubewarden/utils.git",
            "id": "utils",
            "ignore_vulnerability_alerts_during_read": null,
            "is_template": false,
            "license_template": null,
            "merge_commit_message": "PR_TITLE",
            "merge_commit_title": "MERGE_MESSAGE",
            "name": "utils",
            "node_id": "R_kgDOHn2wxw",
            "pages": [],
            "primary_language": "Shell",
            "private": false,
            "repo_id": 511553735,
            "security_and_analysis": [
              {
                "advanced_security": [],
                "secret_scanning": [
                  {
                    "status": "enabled"
                  }
                ],
                "secret_scanning_push_protection": [
                  {
                    "status": "disabled"
                  }
                ]
              }
            ],
            "squash_merge_commit_message": "COMMIT_MESSAGES",
            "squash_merge_commit_title": "COMMIT_OR_PR_TITLE",
            "ssh_clone_url": "git@github.com:kubewarden/utils.git",
            "svn_url": "https://github.com/kubewarden/utils",
            "template": [],
            "topics": [
              "hacktoberfest",
              "kubernetes",
              "kubernetes-security",
              "policy-as-code",
              "webassembly"
            ],
            "visibility": "public",
            "vulnerability_alerts": true,
            "web_commit_signoff_required": true
          },
          "sensitive_attributes": [],
          "private": "eyJzY2hlbWFfdmVyc2lvbiI6IjEifQ=="
        }
      ]
    },
    {
      "module": "module.kubewarden_utils_repository",
      "mode": "managed",
      "type": "github_team_repository",
      "name": "gh_team_push_rights",
      "provider": "provider[\"registry.terraform.io/integrations/github\"].kubewarden",
      "instances": [
        {
          "index_key": 0,
          "schema_version": 0,
          "attributes": {
            "etag": "W/\"437751cb6795cf8de1932ff70ec742264541b3f51c5fbe1f7eba481d1763bac0\"",
            "id": "4972867:utils",
            "permission": "push",
            "repository": "utils",
            "team_id": "4972867"
          },
          "sensitive_attributes": [],
          "private": "bnVsbA==",
          "dependencies": [
            "data.github_team.kubewarden_developers",
            "module.kubewarden_utils_repository.github_repository.main"
          ]
        }
      ]
    },
    {
      "module": "module.policy_repository_allow_privilege_escalation_psp_policy",
      "mode": "managed",
      "type": "github_repository",
      "name": "main",
      "provider": "provider[\"registry.terraform.io/integrations/github\"].kubewarden",
      "instances": [
        {
          "schema_version": 1,
          "attributes": {
            "allow_auto_merge": false,
            "allow_merge_commit": true,
            "allow_rebase_merge": true,
            "allow_squash_merge": true,
            "allow_update_branch": false,
            "archive_on_destroy": null,
            "archived": false,
            "auto_init": false,
            "default_branch": "main",
            "delete_branch_on_merge": false,
            "description": "A Kubewarden Pod Security Policy that controls usage of allowPrivilegeEscalation",
            "etag": "W/\"c551f2b0169a9db1556689db6ed1450424338375161c14046b61cf85093a7dbe\"",
            "full_name": "kubewarden/allow-privilege-escalation-psp-policy",
            "git_clone_url": "git://github.com/kubewarden/allow-privilege-escalation-psp-policy.git",
            "gitignore_template": null,
            "has_discussions": false,
            "has_downloads": true,
            "has_issues": true,
            "has_projects": false,
            "has_wiki": true,
            "homepage_url": "https://kubewarden.io",
            "html_url": "https://github.com/kubewarden/allow-privilege-escalation-psp-policy",
            "http_clone_url": "https://github.com/kubewarden/allow-privilege-escalation-psp-policy.git",
            "id": "allow-privilege-escalation-psp-policy",
            "ignore_vulnerability_alerts_during_read": null,
            "is_template": false,
            "license_template": null,
            "merge_commit_message": "PR_TITLE",
            "merge_commit_title": "MERGE_MESSAGE",
            "name": "allow-privilege-escalation-psp-policy",
            "node_id": "MDEwOlJlcG9zaXRvcnkzNDY3MjY1Mjk=",
            "pages": [],
            "primary_language": "Rust",
            "private": false,
            "repo_id": 346726529,
            "security_and_analysis": [
              {
                "advanced_security": [],
                "secret_scanning": [
                  {
                    "status": "enabled"
                  }
                ],
                "secret_scanning_push_protection": [
                  {
                    "status": "disabled"
                  }
                ]
              }
            ],
            "squash_merge_commit_message": "COMMIT_MESSAGES",
            "squash_merge_commit_title": "COMMIT_OR_PR_TITLE",
            "ssh_clone_url": "git@github.com:kubewarden/allow-privilege-escalation-psp-policy.git",
            "svn_url": "https://github.com/kubewarden/allow-privilege-escalation-psp-policy",
            "template": [],
            "topics": [
              "hacktoberfest",
              "kubernetes",
              "kubernetes-security",
              "kubewarden-policy",
              "pod-security-policy",
              "policy-as-code",
              "webassembly"
            ],
            "visibility": "public",
            "vulnerability_alerts": true,
            "web_commit_signoff_required": true
          },
          "sensitive_attributes": [],
          "private": "eyJzY2hlbWFfdmVyc2lvbiI6IjEifQ=="
        }
      ]
    },
    {
      "module": "module.policy_repository_allow_privilege_escalation_psp_policy",
      "mode": "managed",
      "type": "github_team_repository",
      "name": "gh_team_push_rights",
      "provider": "provider[\"registry.terraform.io/integrations/github\"].kubewarden",
      "instances": [
        {
          "index_key": 0,
          "schema_version": 0,
          "attributes": {
            "etag": "W/\"a111a645512f2f5a55debafdfe6682938366e3fd958e6a01d9b3748c9490ccf1\"",
            "id": "4972867:allow-privilege-escalation-psp-policy",
            "permission": "push",
            "repository": "allow-privilege-escalation-psp-policy",
            "team_id": "4972867"
          },
          "sensitive_attributes": [],
          "private": "bnVsbA==",
          "dependencies": [
            "data.github_team.kubewarden_developers",
            "module.policy_repository_allow_privilege_escalation_psp_policy.github_repository.main"
          ]
        }
      ]
    },
    {
      "module": "module.policy_repository_allowed_fsgroups_psp_policy",
      "mode": "managed",
      "type": "github_repository",
      "name": "main",
      "provider": "provider[\"registry.terraform.io/integrations/github\"].kubewarden",
      "instances": [
        {
          "schema_version": 1,
          "attributes": {
            "allow_auto_merge": false,
            "allow_merge_commit": true,
            "allow_rebase_merge": true,
            "allow_squash_merge": true,
            "allow_update_branch": false,
            "archive_on_destroy": null,
            "archived": false,
            "auto_init": false,
            "default_branch": "main",
            "delete_branch_on_merge": false,
            "description": "Replacement for the Kubernetes Pod Security Policy that controls the usage of fsGroup in the pod security context",
            "etag": "W/\"70bc4371f112961c5599677eab5d9205f63c6e1760b7d1dbf66e228091ed26ba\"",
            "full_name": "kubewarden/allowed-fsgroups-psp-policy",
            "git_clone_url": "git://github.com/kubewarden/allowed-fsgroups-psp-policy.git",
            "gitignore_template": null,
            "has_discussions": false,
            "has_downloads": true,
            "has_issues": true,
            "has_projects": false,
            "has_wiki": true,
            "homepage_url": "https://kubewarden.io",
            "html_url": "https://github.com/kubewarden/allowed-fsgroups-psp-policy",
            "http_clone_url": "https://github.com/kubewarden/allowed-fsgroups-psp-policy.git",
            "id": "allowed-fsgroups-psp-policy",
            "ignore_vulnerability_alerts_during_read": null,
            "is_template": false,
            "license_template": null,
            "merge_commit_message": "PR_TITLE",
            "merge_commit_title": "MERGE_MESSAGE",
            "name": "allowed-fsgroups-psp-policy",
            "node_id": "R_kgDOGZKOzQ",
            "pages": [],
            "primary_language": "Rust",
            "private": false,
            "repo_id": 429035213,
            "security_and_analysis": [
              {
                "advanced_security": [],
                "secret_scanning": [
                  {
                    "status": "enabled"
                  }
                ],
                "secret_scanning_push_protection": [
                  {
                    "status": "disabled"
                  }
                ]
              }
            ],
            "squash_merge_commit_message": "COMMIT_MESSAGES",
            "squash_merge_commit_title": "COMMIT_OR_PR_TITLE",
            "ssh_clone_url": "git@github.com:kubewarden/allowed-fsgroups-psp-policy.git",
            "svn_url": "https://github.com/kubewarden/allowed-fsgroups-psp-policy",
            "template": [],
            "topics": [
              "hacktoberfest",
              "kubernetes",
              "kubernetes-security",
              "kubewarden-policy",
              "pod-security-policy",
              "policy-as-code",
              "webassembly"
            ],
            "visibility": "public",
            "vulnerability_alerts": true,
            "web_commit_signoff_required": true
          },
          "sensitive_attributes": [],
          "private": "eyJzY2hlbWFfdmVyc2lvbiI6IjEifQ=="
        }
      ]
    },
    {
      "module": "module.policy_repository_allowed_fsgroups_psp_policy",
      "mode": "managed",
      "type": "github_team_repository",
      "name": "gh_team_push_rights",
      "provider": "provider[\"registry.terraform.io/integrations/github\"].kubewarden",
      "instances": [
        {
          "index_key": 0,
          "schema_version": 0,
          "attributes": {
            "etag": "W/\"3acf5624fa59e5aea3e084f94a75b00556adc255679b2033779c423b8f3f8565\"",
            "id": "4972867:allowed-fsgroups-psp-policy",
            "permission": "push",
            "repository": "allowed-fsgroups-psp-policy",
            "team_id": "4972867"
          },
          "sensitive_attributes": [],
          "private": "bnVsbA==",
          "dependencies": [
            "data.github_team.kubewarden_developers",
            "module.policy_repository_allowed_fsgroups_psp_policy.github_repository.main"
          ]
        }
      ]
    },
    {
      "module": "module.policy_repository_allowed_proc_mount_types_psp_policy",
      "mode": "managed",
      "type": "github_repository",
      "name": "main",
      "provider": "provider[\"registry.terraform.io/integrations/github\"].kubewarden",
      "instances": [
        {
          "schema_version": 1,
          "attributes": {
            "allow_auto_merge": false,
            "allow_merge_commit": true,
            "allow_rebase_merge": true,
            "allow_squash_merge": true,
            "allow_update_branch": false,
            "archive_on_destroy": null,
            "archived": false,
            "auto_init": false,
            "default_branch": "main",
            "delete_branch_on_merge": false,
            "description": "Replacement for the Kubernetes Pod Security Policy that controls the usage of /proc mount types",
            "etag": "W/\"c3d218d613f748e4f02558563ca4afbd3fd30b6fb8cbc01182253ba21c09f867\"",
            "full_name": "kubewarden/allowed-proc-mount-types-psp-policy",
            "git_clone_url": "git://github.com/kubewarden/allowed-proc-mount-types-psp-policy.git",
            "gitignore_template": null,
            "has_discussions": false,
            "has_downloads": true,
            "has_issues": true,
            "has_projects": false,
            "has_wiki": true,
            "homepage_url": "https://kubewarden.io",
            "html_url": "https://github.com/kubewarden/allowed-proc-mount-types-psp-policy",
            "http_clone_url": "https://github.com/kubewarden/allowed-proc-mount-types-psp-policy.git",
            "id": "allowed-proc-mount-types-psp-policy",
            "ignore_vulnerability_alerts_during_read": null,
            "is_template": false,
            "license_template": null,
            "merge_commit_message": "PR_TITLE",
            "merge_commit_title": "MERGE_MESSAGE",
            "name": "allowed-proc-mount-types-psp-policy",
            "node_id": "R_kgDOGYyF-w",
            "pages": [],
            "primary_language": "Rust",
            "private": false,
            "repo_id": 428639739,
            "security_and_analysis": [
              {
                "advanced_security": [],
                "secret_scanning": [
                  {
                    "status": "enabled"
                  }
                ],
                "secret_scanning_push_protection": [
                  {
                    "status": "disabled"
                  }
                ]
              }
            ],
            "squash_merge_commit_message": "COMMIT_MESSAGES",
            "squash_merge_commit_title": "COMMIT_OR_PR_TITLE",
            "ssh_clone_url": "git@github.com:kubewarden/allowed-proc-mount-types-psp-policy.git",
            "svn_url": "https://github.com/kubewarden/allowed-proc-mount-types-psp-policy",
            "template": [],
            "topics": [
              "hacktoberfest",
              "kubernetes",
              "kubernetes-security",
              "kubewarden-policy",
              "pod-security-policy",
              "policy-as-code",
              "webassembly"
            ],
            "visibility": "public",
            "vulnerability_alerts": true,
            "web_commit_signoff_required": true
          },
          "sensitive_attributes": [],
          "private": "eyJzY2hlbWFfdmVyc2lvbiI6IjEifQ=="
        }
      ]
    },
    {
      "module": "module.policy_repository_allowed_proc_mount_types_psp_policy",
      "mode": "managed",
      "type": "github_team_repository",
      "name": "gh_team_push_rights",
      "provider": "provider[\"registry.terraform.io/integrations/github\"].kubewarden",
      "instances": [
        {
          "index_key": 0,
          "schema_version": 0,
          "attributes": {
            "etag": "W/\"3fcd60a150851e4a55260fef5783b0cbcd0c166baa69ce21390c2dc82e77d6ce\"",
            "id": "4972867:allowed-proc-mount-types-psp-policy",
            "permission": "push",
            "repository": "allowed-proc-mount-types-psp-policy",
            "team_id": "4972867"
          },
          "sensitive_attributes": [],
          "private": "bnVsbA==",
          "dependencies": [
            "data.github_team.kubewarden_developers",
            "module.policy_repository_allowed_proc_mount_types_psp_policy.github_repository.main"
          ]
        }
      ]
    },
    {
      "module": "module.policy_repository_apparmor_psp_policy",
      "mode": "managed",
      "type": "github_repository",
      "name": "main",
      "provider": "provider[\"registry.terraform.io/integrations/github\"].kubewarden",
      "instances": [
        {
          "schema_version": 1,
          "attributes": {
            "allow_auto_merge": false,
            "allow_merge_commit": true,
            "allow_rebase_merge": true,
            "allow_squash_merge": true,
            "allow_update_branch": false,
            "archive_on_destroy": null,
            "archived": false,
            "auto_init": false,
            "default_branch": "main",
            "delete_branch_on_merge": false,
            "description": "A Kubewarden Pod Security Policy that controls usage of AppArmor profiles",
            "etag": "W/\"91c1206898cb235cf71886736b86c1ba8bf280c1ed997fb9f3619ffa5dbf5344\"",
            "full_name": "kubewarden/apparmor-psp-policy",
            "git_clone_url": "git://github.com/kubewarden/apparmor-psp-policy.git",
            "gitignore_template": null,
            "has_discussions": false,
            "has_downloads": true,
            "has_issues": true,
            "has_projects": false,
            "has_wiki": true,
            "homepage_url": "https://kubewarden.io",
            "html_url": "https://github.com/kubewarden/apparmor-psp-policy",
            "http_clone_url": "https://github.com/kubewarden/apparmor-psp-policy.git",
            "id": "apparmor-psp-policy",
            "ignore_vulnerability_alerts_during_read": null,
            "is_template": false,
            "license_template": null,
            "merge_commit_message": "PR_TITLE",
            "merge_commit_title": "MERGE_MESSAGE",
            "name": "apparmor-psp-policy",
            "node_id": "MDEwOlJlcG9zaXRvcnkzNDcxNDYyNzY=",
            "pages": [],
            "primary_language": "Rust",
            "private": false,
            "repo_id": 347146276,
            "security_and_analysis": [
              {
                "advanced_security": [],
                "secret_scanning": [
                  {
                    "status": "enabled"
                  }
                ],
                "secret_scanning_push_protection": [
                  {
                    "status": "disabled"
                  }
                ]
              }
            ],
            "squash_merge_commit_message": "COMMIT_MESSAGES",
            "squash_merge_commit_title": "COMMIT_OR_PR_TITLE",
            "ssh_clone_url": "git@github.com:kubewarden/apparmor-psp-policy.git",
            "svn_url": "https://github.com/kubewarden/apparmor-psp-policy",
            "template": [],
            "topics": [
              "hacktoberfest",
              "kubernetes",
              "kubernetes-security",
              "kubewarden-policy",
              "pod-security-policy",
              "policy-as-code",
              "webassembly"
            ],
            "visibility": "public",
            "vulnerability_alerts": true,
            "web_commit_signoff_required": true
          },
          "sensitive_attributes": [],
          "private": "eyJzY2hlbWFfdmVyc2lvbiI6IjEifQ=="
        }
      ]
    },
    {
      "module": "module.policy_repository_apparmor_psp_policy",
      "mode": "managed",
      "type": "github_team_repository",
      "name": "gh_team_push_rights",
      "provider": "provider[\"registry.terraform.io/integrations/github\"].kubewarden",
      "instances": [
        {
          "index_key": 0,
          "schema_version": 0,
          "attributes": {
            "etag": "W/\"a525930753019780b4cdd51989a99a436f1bfb23b8cb72cdda4f3eb03126823e\"",
            "id": "4972867:apparmor-psp-policy",
            "permission": "push",
            "repository": "apparmor-psp-policy",
            "team_id": "4972867"
          },
          "sensitive_attributes": [],
          "private": "bnVsbA==",
          "dependencies": [
            "data.github_team.kubewarden_developers",
            "module.policy_repository_apparmor_psp_policy.github_repository.main"
          ]
        }
      ]
    },
    {
      "module": "module.policy_repository_capabilities_psp_policy",
      "mode": "managed",
      "type": "github_repository",
      "name": "main",
      "provider": "provider[\"registry.terraform.io/integrations/github\"].kubewarden",
      "instances": [
        {
          "schema_version": 1,
          "attributes": {
            "allow_auto_merge": false,
            "allow_merge_commit": true,
            "allow_rebase_merge": true,
            "allow_squash_merge": true,
            "allow_update_branch": false,
            "archive_on_destroy": null,
            "archived": false,
            "auto_init": false,
            "default_branch": "main",
            "delete_branch_on_merge": false,
            "description": "A Pod Security Policy that controls Container Capabilities",
            "etag": "W/\"8d267dd536a54f57364cf2b13b9bbe0609ede1bcc5bd7ec06f3112927c2e135e\"",
            "full_name": "kubewarden/capabilities-psp-policy",
            "git_clone_url": "git://github.com/kubewarden/capabilities-psp-policy.git",
            "gitignore_template": null,
            "has_discussions": false,
            "has_downloads": true,
            "has_issues": true,
            "has_projects": false,
            "has_wiki": true,
            "homepage_url": "https://kubewarden.io",
            "html_url": "https://github.com/kubewarden/capabilities-psp-policy",
            "http_clone_url": "https://github.com/kubewarden/capabilities-psp-policy.git",
            "id": "capabilities-psp-policy",
            "ignore_vulnerability_alerts_during_read": null,
            "is_template": false,
            "license_template": null,
            "merge_commit_message": "PR_TITLE",
            "merge_commit_title": "MERGE_MESSAGE",
            "name": "capabilities-psp-policy",
            "node_id": "MDEwOlJlcG9zaXRvcnkzNDk4MDUwNTg=",
            "pages": [],
            "primary_language": "Rust",
            "private": false,
            "repo_id": 349805058,
            "security_and_analysis": [
              {
                "advanced_security": [],
                "secret_scanning": [
                  {
                    "status": "enabled"
                  }
                ],
                "secret_scanning_push_protection": [
                  {
                    "status": "disabled"
                  }
                ]
              }
            ],
            "squash_merge_commit_message": "COMMIT_MESSAGES",
            "squash_merge_commit_title": "COMMIT_OR_PR_TITLE",
            "ssh_clone_url": "git@github.com:kubewarden/capabilities-psp-policy.git",
            "svn_url": "https://github.com/kubewarden/capabilities-psp-policy",
            "template": [],
            "topics": [
              "hacktoberfest",
              "kubernetes",
              "kubernetes-security",
              "kubewarden-policy",
              "pod-security-policy",
              "policy-as-code",
              "webassembly"
            ],
            "visibility": "public",
            "vulnerability_alerts": true,
            "web_commit_signoff_required": true
          },
          "sensitive_attributes": [],
          "private": "eyJzY2hlbWFfdmVyc2lvbiI6IjEifQ=="
        }
      ]
    },
    {
      "module": "module.policy_repository_capabilities_psp_policy",
      "mode": "managed",
      "type": "github_team_repository",
      "name": "gh_team_push_rights",
      "provider": "provider[\"registry.terraform.io/integrations/github\"].kubewarden",
      "instances": [
        {
          "index_key": 0,
          "schema_version": 0,
          "attributes": {
            "etag": "W/\"96ad1cc23db172a39df11bb07c65b206d1a61db288c0a34877f606664fb957bb\"",
            "id": "4972867:capabilities-psp-policy",
            "permission": "push",
            "repository": "capabilities-psp-policy",
            "team_id": "4972867"
          },
          "sensitive_attributes": [],
          "private": "bnVsbA==",
          "dependencies": [
            "data.github_team.kubewarden_developers",
            "module.policy_repository_capabilities_psp_policy.github_repository.main"
          ]
        }
      ]
    },
    {
      "module": "module.policy_repository_container_resources_policy",
      "mode": "managed",
      "type": "github_repository",
      "name": "main",
      "provider": "provider[\"registry.terraform.io/integrations/github\"].kubewarden",
      "instances": [
        {
          "schema_version": 1,
          "attributes": {
            "allow_auto_merge": false,
            "allow_merge_commit": true,
            "allow_rebase_merge": true,
            "allow_squash_merge": true,
            "allow_update_branch": false,
            "archive_on_destroy": null,
            "archived": false,
            "auto_init": false,
            "default_branch": "main",
            "delete_branch_on_merge": false,
            "description": "Policy is designed to enforce constraints on the resource requirements of Kubernetes containers",
            "etag": "W/\"ab92e582eb0aa1c3439e241a9cdcade4e8955155a8869d41e08cad0b38a4af9f\"",
            "full_name": "kubewarden/container-resources-policy",
            "git_clone_url": "git://github.com/kubewarden/container-resources-policy.git",
            "gitignore_template": null,
            "has_discussions": false,
            "has_downloads": true,
            "has_issues": true,
            "has_projects": false,
            "has_wiki": true,
            "homepage_url": "https://kubewarden.io",
            "html_url": "https://github.com/kubewarden/container-resources-policy",
            "http_clone_url": "https://github.com/kubewarden/container-resources-policy.git",
            "id": "container-resources-policy",
            "ignore_vulnerability_alerts_during_read": null,
            "is_template": false,
            "license_template": null,
            "merge_commit_message": "PR_TITLE",
            "merge_commit_title": "MERGE_MESSAGE",
            "name": "container-resources-policy",
            "node_id": "R_kgDOLDjF9A",
            "pages": [],
            "primary_language": "Go",
            "private": false,
            "repo_id": 741918196,
            "security_and_analysis": [
              {
                "advanced_security": [],
                "secret_scanning": [
                  {
                    "status": "enabled"
                  }
                ],
                "secret_scanning_push_protection": [
                  {
                    "status": "disabled"
                  }
                ]
              }
            ],
            "squash_merge_commit_message": "COMMIT_MESSAGES",
            "squash_merge_commit_title": "COMMIT_OR_PR_TITLE",
            "ssh_clone_url": "git@github.com:kubewarden/container-resources-policy.git",
            "svn_url": "https://github.com/kubewarden/container-resources-policy",
            "template": [],
            "topics": [
              "hacktoberfest",
              "kubernetes",
              "kubernetes-security",
              "kubewarden-policy",
              "policy-as-code",
              "webassembly"
            ],
            "visibility": "public",
            "vulnerability_alerts": true,
            "web_commit_signoff_required": true
          },
          "sensitive_attributes": [],
          "private": "eyJzY2hlbWFfdmVyc2lvbiI6IjEifQ=="
        }
      ]
    },
    {
      "module": "module.policy_repository_container_resources_policy",
      "mode": "managed",
      "type": "github_team_repository",
      "name": "gh_team_push_rights",
      "provider": "provider[\"registry.terraform.io/integrations/github\"].kubewarden",
      "instances": [
        {
          "index_key": 0,
          "schema_version": 0,
          "attributes": {
            "etag": "W/\"88304c0de5785a3820cdfe857a58d3869839908e7063678caebf1567e3a727c4\"",
            "id": "4972867:container-resources-policy",
            "permission": "push",
            "repository": "container-resources-policy",
            "team_id": "4972867"
          },
          "sensitive_attributes": [],
          "private": "bnVsbA==",
          "dependencies": [
            "data.github_team.kubewarden_developers",
            "module.policy_repository_container_resources_policy.github_repository.main"
          ]
        }
      ]
    },
    {
      "module": "module.policy_repository_context_aware_demo_policy",
      "mode": "managed",
      "type": "github_repository",
      "name": "main",
      "provider": "provider[\"registry.terraform.io/integrations/github\"].kubewarden",
      "instances": [
        {
          "schema_version": 1,
          "attributes": {
            "allow_auto_merge": false,
            "allow_merge_commit": true,
            "allow_rebase_merge": true,
            "allow_squash_merge": true,
            "allow_update_branch": false,
            "archive_on_destroy": null,
            "archived": false,
            "auto_init": false,
            "default_branch": "main",
            "delete_branch_on_merge": false,
            "description": "A demo policy showing how to access Kubernetes resources at policy evaluation time",
            "etag": "W/\"b1e995a580698a374fa84f2a9169cb204a26538749db96ccad3ca20f1a497c77\"",
            "full_name": "kubewarden/context-aware-demo",
            "git_clone_url": "git://github.com/kubewarden/context-aware-demo.git",
            "gitignore_template": null,
            "has_discussions": false,
            "has_downloads": true,
            "has_issues": true,
            "has_projects": false,
            "has_wiki": true,
            "homepage_url": "https://kubewarden.io",
            "html_url": "https://github.com/kubewarden/context-aware-demo",
            "http_clone_url": "https://github.com/kubewarden/context-aware-demo.git",
            "id": "context-aware-demo",
            "ignore_vulnerability_alerts_during_read": null,
            "is_template": false,
            "license_template": null,
            "merge_commit_message": "PR_TITLE",
            "merge_commit_title": "MERGE_MESSAGE",
            "name": "context-aware-demo",
            "node_id": "R_kgDOJKwMAA",
            "pages": [],
            "primary_language": "Rust",
            "private": false,
            "repo_id": 615255040,
            "security_and_analysis": [
              {
                "advanced_security": [],
                "secret_scanning": [
                  {
                    "status": "enabled"
                  }
                ],
                "secret_scanning_push_protection": [
                  {
                    "status": "disabled"
                  }
                ]
              }
            ],
            "squash_merge_commit_message": "COMMIT_MESSAGES",
            "squash_merge_commit_title": "COMMIT_OR_PR_TITLE",
            "ssh_clone_url": "git@github.com:kubewarden/context-aware-demo.git",
            "svn_url": "https://github.com/kubewarden/context-aware-demo",
            "template": [],
            "topics": [
              "hacktoberfest",
              "kubernetes",
              "kubernetes-security",
              "kubewarden-policy",
              "policy-as-code",
              "webassembly"
            ],
            "visibility": "public",
            "vulnerability_alerts": true,
            "web_commit_signoff_required": true
          },
          "sensitive_attributes": [],
          "private": "eyJzY2hlbWFfdmVyc2lvbiI6IjEifQ=="
        }
      ]
    },
    {
      "module": "module.policy_repository_context_aware_demo_policy",
      "mode": "managed",
      "type": "github_team_repository",
      "name": "gh_team_push_rights",
      "provider": "provider[\"registry.terraform.io/integrations/github\"].kubewarden",
      "instances": [
        {
          "index_key": 0,
          "schema_version": 0,
          "attributes": {
            "etag": "W/\"d9d9e657f291496bdcca4bd2ef7dc1bb4d423ef0d67d22f732abffdb9d2284f4\"",
            "id": "4972867:context-aware-demo",
            "permission": "push",
            "repository": "context-aware-demo",
            "team_id": "4972867"
          },
          "sensitive_attributes": [],
          "private": "bnVsbA==",
          "dependencies": [
            "data.github_team.kubewarden_developers",
            "module.policy_repository_context_aware_demo_policy.github_repository.main"
          ]
        }
      ]
    },
    {
      "module": "module.policy_repository_deprecated_api_versions_policy",
      "mode": "managed",
      "type": "github_repository",
      "name": "main",
      "provider": "provider[\"registry.terraform.io/integrations/github\"].kubewarden",
      "instances": [
        {
          "schema_version": 1,
          "attributes": {
            "allow_auto_merge": false,
            "allow_merge_commit": true,
            "allow_rebase_merge": true,
            "allow_squash_merge": true,
            "allow_update_branch": false,
            "archive_on_destroy": null,
            "archived": false,
            "auto_init": null,
            "default_branch": "main",
            "delete_branch_on_merge": false,
            "description": "A Kubewarden Policy that detects usage of deprecated and dropped Kubernetes resources",
            "etag": "W/\"2bea6470bc26bd115a0612f9d7ce4ff00fd785ecb87b8a590213667eace943e7\"",
            "full_name": "kubewarden/deprecated-api-versions-policy",
            "git_clone_url": "git://github.com/kubewarden/deprecated-api-versions-policy.git",
            "gitignore_template": null,
            "has_discussions": false,
            "has_downloads": true,
            "has_issues": true,
            "has_projects": false,
            "has_wiki": true,
            "homepage_url": "https://kubewarden.io",
            "html_url": "https://github.com/kubewarden/deprecated-api-versions-policy",
            "http_clone_url": "https://github.com/kubewarden/deprecated-api-versions-policy.git",
            "id": "deprecated-api-versions-policy",
            "ignore_vulnerability_alerts_during_read": null,
            "is_template": false,
            "license_template": null,
            "merge_commit_message": "PR_TITLE",
            "merge_commit_title": "MERGE_MESSAGE",
            "name": "deprecated-api-versions-policy",
            "node_id": "R_kgDOITixjg",
            "pages": [],
            "primary_language": "Rust",
            "private": false,
            "repo_id": 557363598,
            "security_and_analysis": [
              {
                "advanced_security": [],
                "secret_scanning": [
                  {
                    "status": "enabled"
                  }
                ],
                "secret_scanning_push_protection": [
                  {
                    "status": "disabled"
                  }
                ]
              }
            ],
            "squash_merge_commit_message": "COMMIT_MESSAGES",
            "squash_merge_commit_title": "COMMIT_OR_PR_TITLE",
            "ssh_clone_url": "git@github.com:kubewarden/deprecated-api-versions-policy.git",
            "svn_url": "https://github.com/kubewarden/deprecated-api-versions-policy",
            "template": [],
            "topics": [
              "hacktoberfest",
              "kubernetes",
              "kubernetes-security",
              "kubewarden-policy",
              "policy-as-code",
              "webassembly"
            ],
            "visibility": "public",
            "vulnerability_alerts": true,
            "web_commit_signoff_required": true
          },
          "sensitive_attributes": [],
          "private": "eyJzY2hlbWFfdmVyc2lvbiI6IjEifQ=="
        }
      ]
    },
    {
      "module": "module.policy_repository_deprecated_api_versions_policy",
      "mode": "managed",
      "type": "github_team_repository",
      "name": "gh_team_push_rights",
      "provider": "provider[\"registry.terraform.io/integrations/github\"].kubewarden",
      "instances": [
        {
          "index_key": 0,
          "schema_version": 0,
          "attributes": {
            "etag": "W/\"d639e60a268c6aab317f38d2e4432a355b9bc9c0d2448b65380afb9932231e8d\"",
            "id": "4972867:deprecated-api-versions-policy",
            "permission": "push",
            "repository": "deprecated-api-versions-policy",
            "team_id": "4972867"
          },
          "sensitive_attributes": [],
          "private": "bnVsbA==",
          "dependencies": [
            "data.github_team.kubewarden_developers",
            "module.policy_repository_deprecated_api_versions_policy.github_repository.main"
          ]
        }
      ]
    },
    {
      "module": "module.policy_repository_disallow_service_loadbalancer_policy",
      "mode": "managed",
      "type": "github_repository",
      "name": "main",
      "provider": "provider[\"registry.terraform.io/integrations/github\"].kubewarden",
      "instances": [
        {
          "schema_version": 1,
          "attributes": {
            "allow_auto_merge": false,
            "allow_merge_commit": true,
            "allow_rebase_merge": true,
            "allow_squash_merge": true,
            "allow_update_branch": false,
            "archive_on_destroy": null,
            "archived": false,
            "auto_init": false,
            "default_branch": "main",
            "delete_branch_on_merge": false,
            "description": "A policy that prevents the creation of Service resources with type LoadBalancer",
            "etag": "W/\"5d01a4d6e7f9c4c3e3f1a12b68e34b6ee8a18c81d23512bcee0cf18a0a1d7c94\"",
            "full_name": "kubewarden/disallow-service-loadbalancer-policy",
            "git_clone_url": "git://github.com/kubewarden/disallow-service-loadbalancer-policy.git",
            "gitignore_template": null,
            "has_discussions": false,
            "has_downloads": true,
            "has_issues": true,
            "has_projects": false,
            "has_wiki": true,
            "homepage_url": "https://kubewarden.io",
            "html_url": "https://github.com/kubewarden/disallow-service-loadbalancer-policy",
            "http_clone_url": "https://github.com/kubewarden/disallow-service-loadbalancer-policy.git",
            "id": "disallow-service-loadbalancer-policy",
            "ignore_vulnerability_alerts_during_read": null,
            "is_template": false,
            "license_template": null,
            "merge_commit_message": "PR_TITLE",
            "merge_commit_title": "MERGE_MESSAGE",
            "name": "disallow-service-loadbalancer-policy",
            "node_id": "R_kgDOGGQvPQ",
            "pages": [],
            "primary_language": "Makefile",
            "private": false,
            "repo_id": 409218877,
            "security_and_analysis": [
              {
                "advanced_security": [],
                "secret_scanning": [
                  {
                    "status": "enabled"
                  }
                ],
                "secret_scanning_push_protection": [
                  {
                    "status": "disabled"
                  }
                ]
              }
            ],
            "squash_merge_commit_message": "COMMIT_MESSAGES",
            "squash_merge_commit_title": "COMMIT_OR_PR_TITLE",
            "ssh_clone_url": "git@github.com:kubewarden/disallow-service-loadbalancer-policy.git",
            "svn_url": "https://github.com/kubewarden/disallow-service-loadbalancer-policy",
            "template": [],
            "topics": [
              "gatekeeper",
              "hacktoberfest",
              "kubernetes",
              "kubernetes-security",
              "kubewarden-policy",
              "open-policy-agent",
              "policy-as-code",
              "webassembly"
            ],
            "visibility": "public",
            "vulnerability_alerts": true,
            "web_commit_signoff_required": true
          },
          "sensitive_attributes": [],
          "private": "eyJzY2hlbWFfdmVyc2lvbiI6IjEifQ=="
        }
      ]
    },
    {
      "module": "module.policy_repository_disallow_service_loadbalancer_policy",
      "mode": "managed",
      "type": "github_team_repository",
      "name": "gh_team_push_rights",
      "provider": "provider[\"registry.terraform.io/integrations/github\"].kubewarden",
      "instances": [
        {
          "index_key": 0,
          "schema_version": 0,
          "attributes": {
            "etag": "W/\"cf71ee47320153ba46361593de56b09cdcf1f22f112cce90248f16c8278cc531\"",
            "id": "4972867:disallow-service-loadbalancer-policy",
            "permission": "push",
            "repository": "disallow-service-loadbalancer-policy",
            "team_id": "4972867"
          },
          "sensitive_attributes": [],
          "private": "bnVsbA==",
          "dependencies": [
            "data.github_team.kubewarden_developers",
            "module.policy_repository_disallow_service_loadbalancer_policy.github_repository.main"
          ]
        }
      ]
    },
    {
      "module": "module.policy_repository_disallow_service_nodeport_policy",
      "mode": "managed",
      "type": "github_repository",
      "name": "main",
      "provider": "provider[\"registry.terraform.io/integrations/github\"].kubewarden",
      "instances": [
        {
          "schema_version": 1,
          "attributes": {
            "allow_auto_merge": false,
            "allow_merge_commit": true,
            "allow_rebase_merge": true,
            "allow_squash_merge": true,
            "allow_update_branch": false,
            "archive_on_destroy": null,
            "archived": false,
            "auto_init": false,
            "default_branch": "main",
            "delete_branch_on_merge": false,
            "description": "A policy that prevents the creation of Service resources with type NodePort",
            "etag": "W/\"577c7863a6b1e52194d2bdb321d5a46d4a8f92c4d207e69cbe8016412678c070\"",
            "full_name": "kubewarden/disallow-service-nodeport-policy",
            "git_clone_url": "git://github.com/kubewarden/disallow-service-nodeport-policy.git",
            "gitignore_template": null,
            "has_discussions": false,
            "has_downloads": true,
            "has_issues": true,
            "has_projects": false,
            "has_wiki": true,
            "homepage_url": "https://kubewarden.io",
            "html_url": "https://github.com/kubewarden/disallow-service-nodeport-policy",
            "http_clone_url": "https://github.com/kubewarden/disallow-service-nodeport-policy.git",
            "id": "disallow-service-nodeport-policy",
            "ignore_vulnerability_alerts_during_read": null,
            "is_template": false,
            "license_template": null,
            "merge_commit_message": "PR_TITLE",
            "merge_commit_title": "MERGE_MESSAGE",
            "name": "disallow-service-nodeport-policy",
            "node_id": "MDEwOlJlcG9zaXRvcnk0MDc0ODUxNDk=",
            "pages": [],
            "primary_language": "Makefile",
            "private": false,
            "repo_id": 407485149,
            "security_and_analysis": [
              {
                "advanced_security": [],
                "secret_scanning": [
                  {
                    "status": "enabled"
                  }
                ],
                "secret_scanning_push_protection": [
                  {
                    "status": "disabled"
                  }
                ]
              }
            ],
            "squash_merge_commit_message": "COMMIT_MESSAGES",
            "squash_merge_commit_title": "COMMIT_OR_PR_TITLE",
            "ssh_clone_url": "git@github.com:kubewarden/disallow-service-nodeport-policy.git",
            "svn_url": "https://github.com/kubewarden/disallow-service-nodeport-policy",
            "template": [],
            "topics": [
              "gatekeeper",
              "hacktoberfest",
              "kubernetes",
              "kubernetes-security",
              "kubewarden-policy",
              "open-policy-agent",
              "policy-as-code",
              "webassembly"
            ],
            "visibility": "public",
            "vulnerability_alerts": true,
            "web_commit_signoff_required": true
          },
          "sensitive_attributes": [],
          "private": "eyJzY2hlbWFfdmVyc2lvbiI6IjEifQ=="
        }
      ]
    },
    {
      "module": "module.policy_repository_disallow_service_nodeport_policy",
      "mode": "managed",
      "type": "github_team_repository",
      "name": "gh_team_push_rights",
      "provider": "provider[\"registry.terraform.io/integrations/github\"].kubewarden",
      "instances": [
        {
          "index_key": 0,
          "schema_version": 0,
          "attributes": {
            "etag": "W/\"e779d9f994759ed07769ecd691680d1f70a75fb5222b15f29b7b61699850ee5a\"",
            "id": "4972867:disallow-service-nodeport-policy",
            "permission": "push",
            "repository": "disallow-service-nodeport-policy",
            "team_id": "4972867"
          },
          "sensitive_attributes": [],
          "private": "bnVsbA==",
          "dependencies": [
            "data.github_team.kubewarden_developers",
            "module.policy_repository_disallow_service_nodeport_policy.github_repository.main"
          ]
        }
      ]
    },
    {
      "module": "module.policy_repository_echo_policy",
      "mode": "managed",
      "type": "github_repository",
      "name": "main",
      "provider": "provider[\"registry.terraform.io/integrations/github\"].kubewarden",
      "instances": [
        {
          "schema_version": 1,
          "attributes": {
            "allow_auto_merge": false,
            "allow_merge_commit": true,
            "allow_rebase_merge": true,
            "allow_squash_merge": true,
            "allow_update_branch": false,
            "archive_on_destroy": null,
            "archived": false,
            "auto_init": null,
            "default_branch": "main",
            "delete_branch_on_merge": false,
            "description": "A Kubewarden Policy that echoes Kubernetes' AdmissionReview objects",
            "etag": "W/\"a7ef473080989c3464ca251b11dbda83cceb2bde737b23a72deab45173fa9d52\"",
            "full_name": "kubewarden/echo",
            "git_clone_url": "git://github.com/kubewarden/echo.git",
            "gitignore_template": null,
            "has_discussions": false,
            "has_downloads": true,
            "has_issues": true,
            "has_projects": false,
            "has_wiki": true,
            "homepage_url": "https://kubewarden.io",
            "html_url": "https://github.com/kubewarden/echo",
            "http_clone_url": "https://github.com/kubewarden/echo.git",
            "id": "echo",
            "ignore_vulnerability_alerts_during_read": null,
            "is_template": false,
            "license_template": null,
            "merge_commit_message": "PR_TITLE",
            "merge_commit_title": "MERGE_MESSAGE",
            "name": "echo",
            "node_id": "R_kgDOHieMqg",
            "pages": [],
            "primary_language": "Rust",
            "private": false,
            "repo_id": 505908394,
            "security_and_analysis": [
              {
                "advanced_security": [],
                "secret_scanning": [
                  {
                    "status": "enabled"
                  }
                ],
                "secret_scanning_push_protection": [
                  {
                    "status": "disabled"
                  }
                ]
              }
            ],
            "squash_merge_commit_message": "COMMIT_MESSAGES",
            "squash_merge_commit_title": "COMMIT_OR_PR_TITLE",
            "ssh_clone_url": "git@github.com:kubewarden/echo.git",
            "svn_url": "https://github.com/kubewarden/echo",
            "template": [],
            "topics": [
              "hacktoberfest",
              "kubernetes",
              "kubernetes-security",
              "kubewarden-policy",
              "policy-as-code",
              "webassembly"
            ],
            "visibility": "public",
            "vulnerability_alerts": true,
            "web_commit_signoff_required": true
          },
          "sensitive_attributes": [],
          "private": "eyJzY2hlbWFfdmVyc2lvbiI6IjEifQ=="
        }
      ]
    },
    {
      "module": "module.policy_repository_echo_policy",
      "mode": "managed",
      "type": "github_team_repository",
      "name": "gh_team_push_rights",
      "provider": "provider[\"registry.terraform.io/integrations/github\"].kubewarden",
      "instances": [
        {
          "index_key": 0,
          "schema_version": 0,
          "attributes": {
            "etag": "W/\"c62653b9b23816cfbd2b6b631a2aa633250573b5ffe95b381c9c4fc43ce5cfe5\"",
            "id": "4972867:echo",
            "permission": "push",
            "repository": "echo",
            "team_id": "4972867"
          },
          "sensitive_attributes": [],
          "private": "bnVsbA==",
          "dependencies": [
            "data.github_team.kubewarden_developers",
            "module.policy_repository_echo_policy.github_repository.main"
          ]
        }
      ]
    },
    {
      "module": "module.policy_repository_env_variable_secrets_scanner_policy",
      "mode": "managed",
      "type": "github_repository",
      "name": "main",
      "provider": "provider[\"registry.terraform.io/integrations/github\"].kubewarden",
      "instances": [
        {
          "schema_version": 1,
          "attributes": {
            "allow_auto_merge": false,
            "allow_merge_commit": true,
            "allow_rebase_merge": true,
            "allow_squash_merge": true,
            "allow_update_branch": false,
            "archive_on_destroy": null,
            "archived": false,
            "auto_init": null,
            "default_branch": "main",
            "delete_branch_on_merge": false,
            "description": "A Kubewarden Policy that detects secrets (ssh private keys, API tokens, etc) leaked via environment variables",
            "etag": "W/\"0b04ab71ae22b1995ddebff6ab0fa813c9e5b7cbf68605bdcd5607b43dcae9d2\"",
            "full_name": "kubewarden/env-variable-secrets-scanner-policy",
            "git_clone_url": "git://github.com/kubewarden/env-variable-secrets-scanner-policy.git",
            "gitignore_template": null,
            "has_discussions": false,
            "has_downloads": true,
            "has_issues": true,
            "has_projects": false,
            "has_wiki": true,
            "homepage_url": "https://kubewarden.io",
            "html_url": "https://github.com/kubewarden/env-variable-secrets-scanner-policy",
            "http_clone_url": "https://github.com/kubewarden/env-variable-secrets-scanner-policy.git",
            "id": "env-variable-secrets-scanner-policy",
            "ignore_vulnerability_alerts_during_read": null,
            "is_template": false,
            "license_template": null,
            "merge_commit_message": "PR_TITLE",
            "merge_commit_title": "MERGE_MESSAGE",
            "name": "env-variable-secrets-scanner-policy",
            "node_id": "R_kgDOILh7ow",
            "pages": [],
            "primary_language": "Rust",
            "private": false,
            "repo_id": 548961187,
            "security_and_analysis": [
              {
                "advanced_security": [],
                "secret_scanning": [
                  {
                    "status": "enabled"
                  }
                ],
                "secret_scanning_push_protection": [
                  {
                    "status": "disabled"
                  }
                ]
              }
            ],
            "squash_merge_commit_message": "COMMIT_MESSAGES",
            "squash_merge_commit_title": "COMMIT_OR_PR_TITLE",
            "ssh_clone_url": "git@github.com:kubewarden/env-variable-secrets-scanner-policy.git",
            "svn_url": "https://github.com/kubewarden/env-variable-secrets-scanner-policy",
            "template": [],
            "topics": [
              "hacktoberfest",
              "kubernetes",
              "kubernetes-security",
              "kubewarden-policy",
              "policy-as-code",
              "webassembly"
            ],
            "visibility": "public",
            "vulnerability_alerts": true,
            "web_commit_signoff_required": true
          },
          "sensitive_attributes": [],
          "private": "eyJzY2hlbWFfdmVyc2lvbiI6IjEifQ=="
        }
      ]
    },
    {
      "module": "module.policy_repository_env_variable_secrets_scanner_policy",
      "mode": "managed",
      "type": "github_team_repository",
      "name": "gh_team_push_rights",
      "provider": "provider[\"registry.terraform.io/integrations/github\"].kubewarden",
      "instances": [
        {
          "index_key": 0,
          "schema_version": 0,
          "attributes": {
            "etag": "W/\"71e8654842102c49236e1a783ec0b1d9a5c8f4535280de756ee345e1a660f29a\"",
            "id": "4972867:env-variable-secrets-scanner-policy",
            "permission": "push",
            "repository": "env-variable-secrets-scanner-policy",
            "team_id": "4972867"
          },
          "sensitive_attributes": [],
          "private": "bnVsbA==",
          "dependencies": [
            "data.github_team.kubewarden_developers",
            "module.policy_repository_env_variable_secrets_scanner_policy.github_repository.main"
          ]
        }
      ]
    },
    {
      "module": "module.policy_repository_environment_variable_policy",
      "mode": "managed",
      "type": "github_repository",
      "name": "main",
      "provider": "provider[\"registry.terraform.io/integrations/github\"].kubewarden",
      "instances": [
        {
          "schema_version": 1,
          "attributes": {
            "allow_auto_merge": false,
            "allow_merge_commit": true,
            "allow_rebase_merge": true,
            "allow_squash_merge": true,
            "allow_update_branch": false,
            "archive_on_destroy": null,
            "archived": false,
            "auto_init": null,
            "default_branch": "main",
            "delete_branch_on_merge": false,
            "description": "A Kubewarden Policy that controls the usage of environment variables",
            "etag": "W/\"ad7b6fc3aa00db322f2e9f08f6a987e22c39f46e0ad20afd2458c74162fb01e5\"",
            "full_name": "kubewarden/environment-variable-policy",
            "git_clone_url": "git://github.com/kubewarden/environment-variable-policy.git",
            "gitignore_template": null,
            "has_discussions": false,
            "has_downloads": true,
            "has_issues": true,
            "has_projects": false,
            "has_wiki": true,
            "homepage_url": "https://kubewarden.io",
            "html_url": "https://github.com/kubewarden/environment-variable-policy",
            "http_clone_url": "https://github.com/kubewarden/environment-variable-policy.git",
            "id": "environment-variable-policy",
            "ignore_vulnerability_alerts_during_read": null,
            "is_template": false,
            "license_template": null,
            "merge_commit_message": "PR_TITLE",
            "merge_commit_title": "MERGE_MESSAGE",
            "name": "environment-variable-policy",
            "node_id": "R_kgDOIN7khA",
            "pages": [],
            "primary_language": "Rust",
            "private": false,
            "repo_id": 551478404,
            "security_and_analysis": [
              {
                "advanced_security": [],
                "secret_scanning": [
                  {
                    "status": "enabled"
                  }
                ],
                "secret_scanning_push_protection": [
                  {
                    "status": "disabled"
                  }
                ]
              }
            ],
            "squash_merge_commit_message": "COMMIT_MESSAGES",
            "squash_merge_commit_title": "COMMIT_OR_PR_TITLE",
            "ssh_clone_url": "git@github.com:kubewarden/environment-variable-policy.git",
            "svn_url": "https://github.com/kubewarden/environment-variable-policy",
            "template": [],
            "topics": [
              "hacktoberfest",
              "kubernetes",
              "kubernetes-security",
              "kubewarden-policy",
              "policy-as-code",
              "webassembly"
            ],
            "visibility": "public",
            "vulnerability_alerts": true,
            "web_commit_signoff_required": true
          },
          "sensitive_attributes": [],
          "private": "eyJzY2hlbWFfdmVyc2lvbiI6IjEifQ=="
        }
      ]
    },
    {
      "module": "module.policy_repository_environment_variable_policy",
      "mode": "managed",
      "type": "github_team_repository",
      "name": "gh_team_push_rights",
      "provider": "provider[\"registry.terraform.io/integrations/github\"].kubewarden",
      "instances": [
        {
          "index_key": 0,
          "schema_version": 0,
          "attributes": {
            "etag": "W/\"48911e73f0d75f784392325e348bea827d919690f6f76ac9b0f01dcc9913a13f\"",
            "id": "4972867:environment-variable-policy",
            "permission": "push",
            "repository": "environment-variable-policy",
            "team_id": "4972867"
          },
          "sensitive_attributes": [],
          "private": "bnVsbA==",
          "dependencies": [
            "data.github_team.kubewarden_developers",
            "module.policy_repository_environment_variable_policy.github_repository.main"
          ]
        }
      ]
    },
    {
      "module": "module.policy_repository_flexvolume_drivers_psp_policy",
      "mode": "managed",
      "type": "github_repository",
      "name": "main",
      "provider": "provider[\"registry.terraform.io/integrations/github\"].kubewarden",
      "instances": [
        {
          "schema_version": 1,
          "attributes": {
            "allow_auto_merge": false,
            "allow_merge_commit": true,
            "allow_rebase_merge": true,
            "allow_squash_merge": true,
            "allow_update_branch": false,
            "archive_on_destroy": null,
            "archived": false,
            "auto_init": false,
            "default_branch": "main",
            "delete_branch_on_merge": false,
            "description": "Replacement for the Kubernetes Pod Security Policy that controls the allowed `flexVolume` drivers",
            "etag": "W/\"9c5048c783ad12d865780b513f1ccd96218b762345920d0d9533eef620414166\"",
            "full_name": "kubewarden/flexvolume-drivers-psp-policy",
            "git_clone_url": "git://github.com/kubewarden/flexvolume-drivers-psp-policy.git",
            "gitignore_template": null,
            "has_discussions": false,
            "has_downloads": true,
            "has_issues": true,
            "has_projects": false,
            "has_wiki": true,
            "homepage_url": "https://kubewarden.io",
            "html_url": "https://github.com/kubewarden/flexvolume-drivers-psp-policy",
            "http_clone_url": "https://github.com/kubewarden/flexvolume-drivers-psp-policy.git",
            "id": "flexvolume-drivers-psp-policy",
            "ignore_vulnerability_alerts_during_read": null,
            "is_template": false,
            "license_template": null,
            "merge_commit_message": "PR_TITLE",
            "merge_commit_title": "MERGE_MESSAGE",
            "name": "flexvolume-drivers-psp-policy",
            "node_id": "R_kgDOGZ3jLw",
            "pages": [],
            "primary_language": "Rust",
            "private": false,
            "repo_id": 429777711,
            "security_and_analysis": [
              {
                "advanced_security": [],
                "secret_scanning": [
                  {
                    "status": "enabled"
                  }
                ],
                "secret_scanning_push_protection": [
                  {
                    "status": "disabled"
                  }
                ]
              }
            ],
            "squash_merge_commit_message": "COMMIT_MESSAGES",
            "squash_merge_commit_title": "COMMIT_OR_PR_TITLE",
            "ssh_clone_url": "git@github.com:kubewarden/flexvolume-drivers-psp-policy.git",
            "svn_url": "https://github.com/kubewarden/flexvolume-drivers-psp-policy",
            "template": [],
            "topics": [
              "hacktoberfest",
              "kubernetes",
              "kubernetes-security",
              "kubewarden-policy",
              "pod-security-policy",
              "policy-as-code",
              "webassembly"
            ],
            "visibility": "public",
            "vulnerability_alerts": true,
            "web_commit_signoff_required": true
          },
          "sensitive_attributes": [],
          "private": "eyJzY2hlbWFfdmVyc2lvbiI6IjEifQ=="
        }
      ]
    },
    {
      "module": "module.policy_repository_flexvolume_drivers_psp_policy",
      "mode": "managed",
      "type": "github_team_repository",
      "name": "gh_team_push_rights",
      "provider": "provider[\"registry.terraform.io/integrations/github\"].kubewarden",
      "instances": [
        {
          "index_key": 0,
          "schema_version": 0,
          "attributes": {
            "etag": "W/\"f22a9f67fc03991306c1813e81ad5ef76cae3d9fe642ba90947a2d2abf083a72\"",
            "id": "4972867:flexvolume-drivers-psp-policy",
            "permission": "push",
            "repository": "flexvolume-drivers-psp-policy",
            "team_id": "4972867"
          },
          "sensitive_attributes": [],
          "private": "bnVsbA==",
          "dependencies": [
            "data.github_team.kubewarden_developers",
            "module.policy_repository_flexvolume_drivers_psp_policy.github_repository.main"
          ]
        }
      ]
    },
    {
      "module": "module.policy_repository_go_wasi_context_aware_test_policy",
      "mode": "managed",
      "type": "github_repository",
      "name": "main",
      "provider": "provider[\"registry.terraform.io/integrations/github\"].kubewarden",
      "instances": [
        {
          "schema_version": 1,
          "attributes": {
            "allow_auto_merge": false,
            "allow_merge_commit": true,
            "allow_rebase_merge": true,
            "allow_squash_merge": true,
            "allow_update_branch": false,
            "archive_on_destroy": null,
            "archived": false,
            "auto_init": false,
            "default_branch": "main",
            "delete_branch_on_merge": false,
            "description": "A test context-aware policy written using Go Wasi",
            "etag": "W/\"78e45d0d2275bec247f035d5baa6089788264417a0a04ac0eaf6926ae180dac0\"",
            "full_name": "kubewarden/go-wasi-context-aware-test-policy",
            "git_clone_url": "git://github.com/kubewarden/go-wasi-context-aware-test-policy.git",
            "gitignore_template": null,
            "has_discussions": false,
            "has_downloads": true,
            "has_issues": true,
            "has_projects": false,
            "has_wiki": true,
            "homepage_url": "https://kubewarden.io",
            "html_url": "https://github.com/kubewarden/go-wasi-context-aware-test-policy",
            "http_clone_url": "https://github.com/kubewarden/go-wasi-context-aware-test-policy.git",
            "id": "go-wasi-context-aware-test-policy",
            "ignore_vulnerability_alerts_during_read": null,
            "is_template": false,
            "license_template": null,
            "merge_commit_message": "PR_TITLE",
            "merge_commit_title": "MERGE_MESSAGE",
            "name": "go-wasi-context-aware-test-policy",
            "node_id": "R_kgDOLEAAOQ",
            "pages": [],
            "primary_language": "Go",
            "private": false,
            "repo_id": 742391865,
            "security_and_analysis": [
              {
                "advanced_security": [],
                "secret_scanning": [
                  {
                    "status": "enabled"
                  }
                ],
                "secret_scanning_push_protection": [
                  {
                    "status": "disabled"
                  }
                ]
              }
            ],
            "squash_merge_commit_message": "COMMIT_MESSAGES",
            "squash_merge_commit_title": "COMMIT_OR_PR_TITLE",
            "ssh_clone_url": "git@github.com:kubewarden/go-wasi-context-aware-test-policy.git",
            "svn_url": "https://github.com/kubewarden/go-wasi-context-aware-test-policy",
            "template": [],
            "topics": [
              "hacktoberfest",
              "kubernetes",
              "kubernetes-security",
              "kubewarden-policy",
              "policy-as-code",
              "webassembly"
            ],
            "visibility": "public",
            "vulnerability_alerts": true,
            "web_commit_signoff_required": true
          },
          "sensitive_attributes": [],
          "private": "eyJzY2hlbWFfdmVyc2lvbiI6IjEifQ=="
        }
      ]
    },
    {
      "module": "module.policy_repository_go_wasi_context_aware_test_policy",
      "mode": "managed",
      "type": "github_team_repository",
      "name": "gh_team_push_rights",
      "provider": "provider[\"registry.terraform.io/integrations/github\"].kubewarden",
      "instances": [
        {
          "index_key": 0,
          "schema_version": 0,
          "attributes": {
            "etag": "W/\"cd69be2e92a107df6dc955caedcfbbdaa598389152bf1d93fd37419ea9529410\"",
            "id": "4972867:go-wasi-context-aware-test-policy",
            "permission": "push",
            "repository": "go-wasi-context-aware-test-policy",
            "team_id": "4972867"
          },
          "sensitive_attributes": [],
          "private": "bnVsbA==",
          "dependencies": [
            "data.github_team.kubewarden_developers",
            "module.policy_repository_go_wasi_context_aware_test_policy.github_repository.main"
          ]
        }
      ]
    },
    {
      "module": "module.policy_repository_host_namespaces_psp_policy",
      "mode": "managed",
      "type": "github_repository",
      "name": "main",
      "provider": "provider[\"registry.terraform.io/integrations/github\"].kubewarden",
      "instances": [
        {
          "schema_version": 1,
          "attributes": {
            "allow_auto_merge": false,
            "allow_merge_commit": true,
            "allow_rebase_merge": true,
            "allow_squash_merge": true,
            "allow_update_branch": false,
            "archive_on_destroy": null,
            "archived": false,
            "auto_init": false,
            "default_branch": "main",
            "delete_branch_on_merge": false,
            "description": "Replacement for the Kubernetes Pod Security Policy that controls the usage of host namespaces",
            "etag": "W/\"d578871bf16e4d0d0c2e996830f5d519ab1a38694a836b499b5f737092ceb829\"",
            "full_name": "kubewarden/host-namespaces-psp-policy",
            "git_clone_url": "git://github.com/kubewarden/host-namespaces-psp-policy.git",
            "gitignore_template": null,
            "has_discussions": false,
            "has_downloads": true,
            "has_issues": true,
            "has_projects": false,
            "has_wiki": true,
            "homepage_url": "https://kubewarden.io",
            "html_url": "https://github.com/kubewarden/host-namespaces-psp-policy",
            "http_clone_url": "https://github.com/kubewarden/host-namespaces-psp-policy.git",
            "id": "host-namespaces-psp-policy",
            "ignore_vulnerability_alerts_during_read": null,
            "is_template": false,
            "license_template": null,
            "merge_commit_message": "PR_TITLE",
            "merge_commit_title": "MERGE_MESSAGE",
            "name": "host-namespaces-psp-policy",
            "node_id": "MDEwOlJlcG9zaXRvcnkzNzQ2MzEyNDM=",
            "pages": [],
            "primary_language": "Rust",
            "private": false,
            "repo_id": 374631243,
            "security_and_analysis": [
              {
                "advanced_security": [],
                "secret_scanning": [
                  {
                    "status": "enabled"
                  }
                ],
                "secret_scanning_push_protection": [
                  {
                    "status": "disabled"
                  }
                ]
              }
            ],
            "squash_merge_commit_message": "COMMIT_MESSAGES",
            "squash_merge_commit_title": "COMMIT_OR_PR_TITLE",
            "ssh_clone_url": "git@github.com:kubewarden/host-namespaces-psp-policy.git",
            "svn_url": "https://github.com/kubewarden/host-namespaces-psp-policy",
            "template": [],
            "topics": [
              "hacktoberfest",
              "kubernetes",
              "kubernetes-security",
              "kubewarden-policy",
              "pod-security-policy",
              "policy-as-code",
              "webassembly"
            ],
            "visibility": "public",
            "vulnerability_alerts": true,
            "web_commit_signoff_required": true
          },
          "sensitive_attributes": [],
          "private": "eyJzY2hlbWFfdmVyc2lvbiI6IjEifQ=="
        }
      ]
    },
    {
      "module": "module.policy_repository_host_namespaces_psp_policy",
      "mode": "managed",
      "type": "github_team_repository",
      "name": "gh_team_push_rights",
      "provider": "provider[\"registry.terraform.io/integrations/github\"].kubewarden",
      "instances": [
        {
          "index_key": 0,
          "schema_version": 0,
          "attributes": {
            "etag": "W/\"a6fdaaa159c0c5739a8c1ecac17837130ce6e62cf2041c64a6efd2e3b75a0e61\"",
            "id": "4972867:host-namespaces-psp-policy",
            "permission": "push",
            "repository": "host-namespaces-psp-policy",
            "team_id": "4972867"
          },
          "sensitive_attributes": [],
          "private": "bnVsbA==",
          "dependencies": [
            "data.github_team.kubewarden_developers",
            "module.policy_repository_host_namespaces_psp_policy.github_repository.main"
          ]
        }
      ]
    },
    {
      "module": "module.policy_repository_hostpaths_psp_policy",
      "mode": "managed",
      "type": "github_repository",
      "name": "main",
      "provider": "provider[\"registry.terraform.io/integrations/github\"].kubewarden",
      "instances": [
        {
          "schema_version": 1,
          "attributes": {
            "allow_auto_merge": false,
            "allow_merge_commit": true,
            "allow_rebase_merge": true,
            "allow_squash_merge": true,
            "allow_update_branch": false,
            "archive_on_destroy": null,
            "archived": false,
            "auto_init": false,
            "default_branch": "main",
            "delete_branch_on_merge": false,
            "description": "Replacement for the Kubernetes Pod Security Policy that controls the usage of hostpaths",
            "etag": "W/\"cdf8a4e5e4f4bf3137a4d47c1b46c325323415da57f3247fc218a17ca7ebc201\"",
            "full_name": "kubewarden/hostpaths-psp-policy",
            "git_clone_url": "git://github.com/kubewarden/hostpaths-psp-policy.git",
            "gitignore_template": null,
            "has_discussions": false,
            "has_downloads": true,
            "has_issues": true,
            "has_projects": false,
            "has_wiki": true,
            "homepage_url": "https://kubewarden.io",
            "html_url": "https://github.com/kubewarden/hostpaths-psp-policy",
            "http_clone_url": "https://github.com/kubewarden/hostpaths-psp-policy.git",
            "id": "hostpaths-psp-policy",
            "ignore_vulnerability_alerts_during_read": null,
            "is_template": false,
            "license_template": null,
            "merge_commit_message": "PR_TITLE",
            "merge_commit_title": "MERGE_MESSAGE",
            "name": "hostpaths-psp-policy",
            "node_id": "MDEwOlJlcG9zaXRvcnkzOTI3MzA4MzM=",
            "pages": [],
            "primary_language": "Go",
            "private": false,
            "repo_id": 392730833,
            "security_and_analysis": [
              {
                "advanced_security": [],
                "secret_scanning": [
                  {
                    "status": "enabled"
                  }
                ],
                "secret_scanning_push_protection": [
                  {
                    "status": "disabled"
                  }
                ]
              }
            ],
            "squash_merge_commit_message": "COMMIT_MESSAGES",
            "squash_merge_commit_title": "COMMIT_OR_PR_TITLE",
            "ssh_clone_url": "git@github.com:kubewarden/hostpaths-psp-policy.git",
            "svn_url": "https://github.com/kubewarden/hostpaths-psp-policy",
            "template": [
              {
                "include_all_branches": false,
                "owner": "kubewarden",
                "repository": "go-policy-template"
              }
            ],
            "topics": [
              "hacktoberfest",
              "kubernetes",
              "kubernetes-security",
              "kubewarden-policy",
              "pod-security-policy",
              "policy-as-code",
              "webassembly"
            ],
            "visibility": "public",
            "vulnerability_alerts": true,
            "web_commit_signoff_required": true
          },
          "sensitive_attributes": [],
          "private": "eyJzY2hlbWFfdmVyc2lvbiI6IjEifQ=="
        }
      ]
    },
    {
      "module": "module.policy_repository_hostpaths_psp_policy",
      "mode": "managed",
      "type": "github_team_repository",
      "name": "gh_team_push_rights",
      "provider": "provider[\"registry.terraform.io/integrations/github\"].kubewarden",
      "instances": [
        {
          "index_key": 0,
          "schema_version": 0,
          "attributes": {
            "etag": "W/\"bbbe348d5f0f478a6ab26cde6a7a4e58b20b1f3d3f0a56e5b2a7a021fe32d5f7\"",
            "id": "4972867:hostpaths-psp-policy",
            "permission": "push",
            "repository": "hostpaths-psp-policy",
            "team_id": "4972867"
          },
          "sensitive_attributes": [],
          "private": "bnVsbA==",
          "dependencies": [
            "data.github_team.kubewarden_developers",
            "module.policy_repository_hostpaths_psp_policy.github_repository.main"
          ]
        }
      ]
    },
    {
      "module": "module.policy_repository_image_cve_policy",
      "mode": "managed",
      "type": "github_repository",
      "name": "main",
      "provider": "provider[\"registry.terraform.io/integrations/github\"].kubewarden",
      "instances": [
        {
          "schema_version": 1,
          "attributes": {
            "allow_auto_merge": false,
            "allow_merge_commit": true,
            "allow_rebase_merge": true,
            "allow_squash_merge": true,
            "allow_update_branch": false,
            "archive_on_destroy": null,
            "archived": false,
            "auto_init": false,
            "default_branch": "main",
            "delete_branch_on_merge": false,
            "description": "Policy that validates workloads based on the vulnerability of the images they make use of",
            "etag": "W/\"6aa3aea709ab8f6c2af9fd8b7460b9fd9fc67b1655b645759aa213b01394f244\"",
            "full_name": "kubewarden/image-cve-policy",
            "git_clone_url": "git://github.com/kubewarden/image-cve-policy.git",
            "gitignore_template": null,
            "has_discussions": false,
            "has_downloads": true,
            "has_issues": true,
            "has_projects": false,
            "has_wiki": true,
            "homepage_url": "https://kubewarden.io",
            "html_url": "https://github.com/kubewarden/image-cve-policy",
            "http_clone_url": "https://github.com/kubewarden/image-cve-policy.git",
            "id": "image-cve-policy",
            "ignore_vulnerability_alerts_during_read": null,
            "is_template": false,
            "license_template": null,
            "merge_commit_message": "PR_TITLE",
            "merge_commit_title": "MERGE_MESSAGE",
            "name": "image-cve-policy",
            "node_id": "R_kgDONRj_Tw",
            "pages": [],
            "primary_language": "Rust",
            "private": false,
            "repo_id": 890830671,
            "security_and_analysis": [
              {
                "advanced_security": [],
                "secret_scanning": [
                  {
                    "status": "enabled"
                  }
                ],
                "secret_scanning_push_protection": [
                  {
                    "status": "disabled"
                  }
                ]
              }
            ],
            "squash_merge_commit_message": "COMMIT_MESSAGES",
            "squash_merge_commit_title": "COMMIT_OR_PR_TITLE",
            "ssh_clone_url": "git@github.com:kubewarden/image-cve-policy.git",
            "svn_url": "https://github.com/kubewarden/image-cve-policy",
            "template": [],
            "topics": [
              "cve",
              "hacktoberfest",
              "kubernetes",
              "kubernetes-security",
              "kubewarden-policy",
              "policy-as-code",
              "sbom",
              "vulnerability-scanner",
              "webassembly"
            ],
            "visibility": "public",
            "vulnerability_alerts": true,
            "web_commit_signoff_required": true
          },
          "sensitive_attributes": [],
          "private": "eyJzY2hlbWFfdmVyc2lvbiI6IjEifQ=="
        }
      ]
    },
    {
      "module": "module.policy_repository_image_cve_policy",
      "mode": "managed",
      "type": "github_team_repository",
      "name": "gh_team_push_rights",
      "provider": "provider[\"registry.terraform.io/integrations/github\"].kubewarden",
      "instances": [
        {
          "index_key": 0,
          "schema_version": 0,
          "attributes": {
            "etag": "W/\"2c9b9567d2b2842932c0c4462d02bdf6c462022045e6cb06cb44d0c1e56fc3d5\"",
            "id": "4972867:image-cve-policy",
            "permission": "push",
            "repository": "image-cve-policy",
            "team_id": "4972867"
          },
          "sensitive_attributes": [],
          "private": "bnVsbA==",
          "dependencies": [
            "data.github_team.kubewarden_developers",
            "module.policy_repository_image_cve_policy.github_repository.main"
          ]
        }
      ]
    },
    {
      "module": "module.policy_repository_ingress_policy",
      "mode": "managed",
      "type": "github_repository",
      "name": "main",
      "provider": "provider[\"registry.terraform.io/integrations/github\"].kubewarden",
      "instances": [
        {
          "schema_version": 1,
          "attributes": {
            "allow_auto_merge": false,
            "allow_merge_commit": true,
            "allow_rebase_merge": true,
            "allow_squash_merge": true,
            "allow_update_branch": false,
            "archive_on_destroy": null,
            "archived": false,
            "auto_init": false,
            "default_branch": "main",
            "delete_branch_on_merge": false,
            "description": "Policy to enforce requirements on Kubernetes Ingress resources.",
            "etag": "W/\"539daf7079f97e41691b42ee71f42fc75c5a8af3d58c7917510df396327ca09d\"",
            "full_name": "kubewarden/ingress-policy",
            "git_clone_url": "git://github.com/kubewarden/ingress-policy.git",
            "gitignore_template": null,
            "has_discussions": false,
            "has_downloads": true,
            "has_issues": true,
            "has_projects": false,
            "has_wiki": true,
            "homepage_url": "https://kubewarden.io",
            "html_url": "https://github.com/kubewarden/ingress-policy",
            "http_clone_url": "https://github.com/kubewarden/ingress-policy.git",
            "id": "ingress-policy",
            "ignore_vulnerability_alerts_during_read": null,
            "is_template": false,
            "license_template": null,
            "merge_commit_message": "PR_TITLE",
            "merge_commit_title": "MERGE_MESSAGE",
            "name": "ingress-policy",
            "node_id": "MDEwOlJlcG9zaXRvcnkzNDkwNDg5NjU=",
            "pages": [],
            "primary_language": "Go",
            "private": false,
            "repo_id": 349048965,
            "security_and_analysis": [
              {
                "advanced_security": [],
                "secret_scanning": [
                  {
                    "status": "enabled"
                  }
                ],
                "secret_scanning_push_protection": [
                  {
                    "status": "disabled"
                  }
                ]
              }
            ],
            "squash_merge_commit_message": "COMMIT_MESSAGES",
            "squash_merge_commit_title": "COMMIT_OR_PR_TITLE",
            "ssh_clone_url": "git@github.com:kubewarden/ingress-policy.git",
            "svn_url": "https://github.com/kubewarden/ingress-policy",
            "template": [],
            "topics": [
              "hacktoberfest",
              "ingress",
              "ingresses-resources",
              "kubernetes",
              "kubernetes-security",
              "kubewarden-policy",
              "policy-as-code",
              "webassembly"
            ],
            "visibility": "public",
            "vulnerability_alerts": true,
            "web_commit_signoff_required": true
          },
          "sensitive_attributes": [],
          "private": "eyJzY2hlbWFfdmVyc2lvbiI6IjEifQ=="
        }
      ]
    },
    {
      "module": "module.policy_repository_ingress_policy",
      "mode": "managed",
      "type": "github_team_repository",
      "name": "gh_team_push_rights",
      "provider": "provider[\"registry.terraform.io/integrations/github\"].kubewarden",
      "instances": [
        {
          "index_key": 0,
          "schema_version": 0,
          "attributes": {
            "etag": "W/\"1a6b2082e517b62defb7a6fafccfa0a6a4ed2fdf945ddfa471e8d7a039b96689\"",
            "id": "4972867:ingress-policy",
            "permission": "push",
            "repository": "ingress-policy",
            "team_id": "4972867"
          },
          "sensitive_attributes": [],
          "private": "bnVsbA==",
          "dependencies": [
            "data.github_team.kubewarden_developers",
            "module.policy_repository_ingress_policy.github_repository.main"
          ]
        }
      ]
    },
    {
      "module": "module.policy_repository_namespace_label_propagator_policy",
      "mode": "managed",
      "type": "github_repository",
      "name": "main",
      "provider": "provider[\"registry.terraform.io/integrations/github\"].kubewarden",
      "instances": [
        {
          "schema_version": 1,
          "attributes": {
            "allow_auto_merge": false,
            "allow_merge_commit": true,
            "allow_rebase_merge": true,
            "allow_squash_merge": true,
            "allow_update_branch": false,
            "archive_on_destroy": null,
            "archived": false,
            "auto_init": null,
            "default_branch": "main",
            "delete_branch_on_merge": false,
            "description": "Kubewarden policy designed to automatically propagate labels defined in a Kubernetes namespace to the associated resources within that namespace",
            "etag": "W/\"d807c4daa0026188212a52125b1f587bd734cec5aed8cbe81685dde572766c46\"",
            "full_name": "kubewarden/namespace-label-propagator-policy",
            "git_clone_url": "git://github.com/kubewarden/namespace-label-propagator-policy.git",
            "gitignore_template": null,
            "has_discussions": false,
            "has_downloads": true,
            "has_issues": true,
            "has_projects": false,
            "has_wiki": true,
            "homepage_url": "https://kubewarden.io",
            "html_url": "https://github.com/kubewarden/namespace-label-propagator-policy",
            "http_clone_url": "https://github.com/kubewarden/namespace-label-propagator-policy.git",
            "id": "namespace-label-propagator-policy",
            "ignore_vulnerability_alerts_during_read": null,
            "is_template": false,
            "license_template": null,
            "merge_commit_message": "PR_TITLE",
            "merge_commit_title": "MERGE_MESSAGE",
            "name": "namespace-label-propagator-policy",
            "node_id": "R_kgDOJnx8hQ",
            "pages": [],
            "primary_language": "Go",
            "private": false,
            "repo_id": 645692549,
            "security_and_analysis": [
              {
                "advanced_security": [],
                "secret_scanning": [
                  {
                    "status": "enabled"
                  }
                ],
                "secret_scanning_push_protection": [
                  {
                    "status": "disabled"
                  }
                ]
              }
            ],
            "squash_merge_commit_message": "COMMIT_MESSAGES",
            "squash_merge_commit_title": "COMMIT_OR_PR_TITLE",
            "ssh_clone_url": "git@github.com:kubewarden/namespace-label-propagator-policy.git",
            "svn_url": "https://github.com/kubewarden/namespace-label-propagator-policy",
            "template": [
              {
                "include_all_branches": false,
                "owner": "kubewarden",
                "repository": "go-policy-template"
              }
            ],
            "topics": [
              "hacktoberfest",
              "kubernetes",
              "kubernetes-security",
              "kubewarden-policy",
              "policy-as-code",
              "webassembly"
            ],
            "visibility": "public",
            "vulnerability_alerts": true,
            "web_commit_signoff_required": true
          },
          "sensitive_attributes": [],
          "private": "eyJzY2hlbWFfdmVyc2lvbiI6IjEifQ=="
        }
      ]
    },
    {
      "module": "module.policy_repository_namespace_label_propagator_policy",
      "mode": "managed",
      "type": "github_team_repository",
      "name": "gh_team_push_rights",
      "provider": "provider[\"registry.terraform.io/integrations/github\"].kubewarden",
      "instances": [
        {
          "index_key": 0,
          "schema_version": 0,
          "attributes": {
            "etag": "W/\"41580d88140023ccb05efc4d4fa09d0628bc758b688ccc8130f460d7fb5a8f28\"",
            "id": "4972867:namespace-label-propagator-policy",
            "permission": "push",
            "repository": "namespace-label-propagator-policy",
            "team_id": "4972867"
          },
          "sensitive_attributes": [],
          "private": "bnVsbA==",
          "dependencies": [
            "data.github_team.kubewarden_developers",
            "module.policy_repository_namespace_label_propagator_policy.github_repository.main"
          ]
        }
      ]
    },
    {
      "module": "module.policy_repository_persistentvolumeclaim-storageclass",
      "mode": "managed",
      "type": "github_repository",
      "name": "main",
      "provider": "provider[\"registry.terraform.io/integrations/github\"].kubewarden",
      "instances": [
        {
          "schema_version": 1,
          "attributes": {
            "allow_auto_merge": false,
            "allow_merge_commit": true,
            "allow_rebase_merge": true,
            "allow_squash_merge": true,
            "allow_update_branch": false,
            "archive_on_destroy": null,
            "archived": false,
            "auto_init": false,
            "default_branch": "main",
            "delete_branch_on_merge": false,
            "description": "Policy that validates and adjusts the usage of StorageClasses in PersistentVolumeClaims",
            "etag": "W/\"20ae7639a22e98a950594e8f9fff079451840a16cc4aedfad9ffb9d76ec8bc84\"",
            "full_name": "kubewarden/persistentvolumeclaim-storageclass-policy",
            "git_clone_url": "git://github.com/kubewarden/persistentvolumeclaim-storageclass-policy.git",
            "gitignore_template": null,
            "has_discussions": false,
            "has_downloads": true,
            "has_issues": true,
            "has_projects": false,
            "has_wiki": true,
            "homepage_url": "https://kubewarden.io",
            "html_url": "https://github.com/kubewarden/persistentvolumeclaim-storageclass-policy",
            "http_clone_url": "https://github.com/kubewarden/persistentvolumeclaim-storageclass-policy.git",
            "id": "persistentvolumeclaim-storageclass-policy",
            "ignore_vulnerability_alerts_during_read": null,
            "is_template": false,
            "license_template": null,
            "merge_commit_message": "PR_TITLE",
            "merge_commit_title": "MERGE_MESSAGE",
            "name": "persistentvolumeclaim-storageclass-policy",
            "node_id": "R_kgDOLjjoGA",
            "pages": [],
            "primary_language": "Rust",
            "private": false,
            "repo_id": 775481368,
            "security_and_analysis": [
              {
                "advanced_security": [],
                "secret_scanning": [
                  {
                    "status": "enabled"
                  }
                ],
                "secret_scanning_push_protection": [
                  {
                    "status": "disabled"
                  }
                ]
              }
            ],
            "squash_merge_commit_message": "COMMIT_MESSAGES",
            "squash_merge_commit_title": "COMMIT_OR_PR_TITLE",
            "ssh_clone_url": "git@github.com:kubewarden/persistentvolumeclaim-storageclass-policy.git",
            "svn_url": "https://github.com/kubewarden/persistentvolumeclaim-storageclass-policy",
            "template": [],
            "topics": [
              "hacktoberfest",
              "kubernetes",
              "kubernetes-security",
              "kubewarden-policy",
              "policy-as-code",
              "webassembly"
            ],
            "visibility": "public",
            "vulnerability_alerts": true,
            "web_commit_signoff_required": true
          },
          "sensitive_attributes": [],
          "private": "eyJzY2hlbWFfdmVyc2lvbiI6IjEifQ=="
        }
      ]
    },
    {
      "module": "module.policy_repository_persistentvolumeclaim-storageclass",
      "mode": "managed",
      "type": "github_team_repository",
      "name": "gh_team_push_rights",
      "provider": "provider[\"registry.terraform.io/integrations/github\"].kubewarden",
      "instances": [
        {
          "index_key": 0,
          "schema_version": 0,
          "attributes": {
            "etag": "W/\"e9b8147fc75ee5a51537d464e87c25d38a82edbd20e84e9f06f08f90be474a49\"",
            "id": "4972867:persistentvolumeclaim-storageclass-policy",
            "permission": "push",
            "repository": "persistentvolumeclaim-storageclass-policy",
            "team_id": "4972867"
          },
          "sensitive_attributes": [],
          "private": "bnVsbA==",
          "dependencies": [
            "data.github_team.kubewarden_developers",
            "module.policy_repository_persistentvolumeclaim-storageclass.github_repository.main"
          ]
        }
      ]
    },
    {
      "module": "module.policy_repository_pod_ndots",
      "mode": "managed",
      "type": "github_repository",
      "name": "main",
      "provider": "provider[\"registry.terraform.io/integrations/github\"].kubewarden",
      "instances": [
        {
          "schema_version": 1,
          "attributes": {
            "allow_auto_merge": false,
            "allow_merge_commit": true,
            "allow_rebase_merge": true,
            "allow_squash_merge": true,
            "allow_update_branch": false,
            "archive_on_destroy": null,
            "archived": false,
            "auto_init": false,
            "default_branch": "main",
            "delete_branch_on_merge": false,
            "description": "Policy that enforces the usage of ndots in the pod's DNS configuration",
            "etag": "W/\"a083b6e9ac3c2412a34bbfef298afcaff71f6e1df455e8b4b557ce14996ed0e2\"",
            "full_name": "kubewarden/pod-ndots-policy",
            "git_clone_url": "git://github.com/kubewarden/pod-ndots-policy.git",
            "gitignore_template": null,
            "has_discussions": false,
            "has_downloads": true,
            "has_issues": true,
            "has_projects": false,
            "has_wiki": true,
            "homepage_url": "https://kubewarden.io",
            "html_url": "https://github.com/kubewarden/pod-ndots-policy",
            "http_clone_url": "https://github.com/kubewarden/pod-ndots-policy.git",
            "id": "pod-ndots-policy",
            "ignore_vulnerability_alerts_during_read": null,
            "is_template": false,
            "license_template": null,
            "merge_commit_message": "PR_TITLE",
            "merge_commit_title": "MERGE_MESSAGE",
            "name": "pod-ndots-policy",
            "node_id": "R_kgDOM5sxLQ",
            "pages": [],
            "primary_language": "Rust",
            "private": false,
            "repo_id": 865808685,
            "security_and_analysis": [
              {
                "advanced_security": [],
                "secret_scanning": [
                  {
                    "status": "enabled"
                  }
                ],
                "secret_scanning_push_protection": [
                  {
                    "status": "disabled"
                  }
                ]
              }
            ],
            "squash_merge_commit_message": "COMMIT_MESSAGES",
            "squash_merge_commit_title": "COMMIT_OR_PR_TITLE",
            "ssh_clone_url": "git@github.com:kubewarden/pod-ndots-policy.git",
            "svn_url": "https://github.com/kubewarden/pod-ndots-policy",
            "template": [],
            "topics": [
              "hacktoberfest",
              "kubernetes",
              "kubernetes-security",
              "kubewarden-policy",
              "policy-as-code",
              "webassembly"
            ],
            "visibility": "public",
            "vulnerability_alerts": true,
            "web_commit_signoff_required": true
          },
          "sensitive_attributes": [],
          "private": "eyJzY2hlbWFfdmVyc2lvbiI6IjEifQ=="
        }
      ]
    },
    {
      "module": "module.policy_repository_pod_ndots",
      "mode": "managed",
      "type": "github_team_repository",
      "name": "gh_team_push_rights",
      "provider": "provider[\"registry.terraform.io/integrations/github\"].kubewarden",
      "instances": [
        {
          "index_key": 0,
          "schema_version": 0,
          "attributes": {
            "etag": "W/\"43340b38e9cf7911e8138944644fa715d19e54e6fa580fc2ed85361288aeeb30\"",
            "id": "4972867:pod-ndots-policy",
            "permission": "push",
            "repository": "pod-ndots-policy",
            "team_id": "4972867"
          },
          "sensitive_attributes": [],
          "private": "bnVsbA==",
          "dependencies": [
            "data.github_team.kubewarden_developers",
            "module.policy_repository_pod_ndots.github_repository.main"
          ]
        }
      ]
    },
    {
      "module": "module.policy_repository_pod_privileged_policy",
      "mode": "managed",
      "type": "github_repository",
      "name": "main",
      "provider": "provider[\"registry.terraform.io/integrations/github\"].kubewarden",
      "instances": [
        {
          "schema_version": 1,
          "attributes": {
            "allow_auto_merge": false,
            "allow_merge_commit": true,
            "allow_rebase_merge": true,
            "allow_squash_merge": true,
            "allow_update_branch": false,
            "archive_on_destroy": null,
            "archived": false,
            "auto_init": false,
            "default_branch": "main",
            "delete_branch_on_merge": false,
            "description": "A Kubewarden Policy that limits the ability to create privileged containers",
            "etag": "W/\"b3de5ecedc408cc28aea683c3d605bbe56791d0b1a14dbe44f65e55ad22c8b11\"",
            "full_name": "kubewarden/pod-privileged-policy",
            "git_clone_url": "git://github.com/kubewarden/pod-privileged-policy.git",
            "gitignore_template": null,
            "has_discussions": false,
            "has_downloads": true,
            "has_issues": true,
            "has_projects": false,
            "has_wiki": true,
            "homepage_url": "https://kubewarden.io",
            "html_url": "https://github.com/kubewarden/pod-privileged-policy",
            "http_clone_url": "https://github.com/kubewarden/pod-privileged-policy.git",
            "id": "pod-privileged-policy",
            "ignore_vulnerability_alerts_during_read": null,
            "is_template": false,
            "license_template": null,
            "merge_commit_message": "PR_TITLE",
            "merge_commit_title": "MERGE_MESSAGE",
            "name": "pod-privileged-policy",
            "node_id": "MDEwOlJlcG9zaXRvcnkzMTc2Njk3NjI=",
            "pages": [],
            "primary_language": "Rust",
            "private": false,
            "repo_id": 317669762,
            "security_and_analysis": [
              {
                "advanced_security": [],
                "secret_scanning": [
                  {
                    "status": "enabled"
                  }
                ],
                "secret_scanning_push_protection": [
                  {
                    "status": "disabled"
                  }
                ]
              }
            ],
            "squash_merge_commit_message": "COMMIT_MESSAGES",
            "squash_merge_commit_title": "COMMIT_OR_PR_TITLE",
            "ssh_clone_url": "git@github.com:kubewarden/pod-privileged-policy.git",
            "svn_url": "https://github.com/kubewarden/pod-privileged-policy",
            "template": [],
            "topics": [
              "hacktoberfest",
              "kubernetes",
              "kubernetes-security",
              "kubewarden-policy",
              "pod-security-policy",
              "policy-as-code",
              "webassembly"
            ],
            "visibility": "public",
            "vulnerability_alerts": true,
            "web_commit_signoff_required": true
          },
          "sensitive_attributes": [],
          "private": "eyJzY2hlbWFfdmVyc2lvbiI6IjEifQ=="
        }
      ]
    },
    {
      "module": "module.policy_repository_pod_privileged_policy",
      "mode": "managed",
      "type": "github_team_repository",
      "name": "gh_team_push_rights",
      "provider": "provider[\"registry.terraform.io/integrations/github\"].kubewarden",
      "instances": [
        {
          "index_key": 0,
          "schema_version": 0,
          "attributes": {
            "etag": "W/\"1fb4a78e5c7cb1280d013bb7932f21c52b52df30742860a640acf4a34d297ede\"",
            "id": "4972867:pod-privileged-policy",
            "permission": "push",
            "repository": "pod-privileged-policy",
            "team_id": "4972867"
          },
          "sensitive_attributes": [],
          "private": "bnVsbA==",
          "dependencies": [
            "data.github_team.kubewarden_developers",
            "module.policy_repository_pod_privileged_policy.github_repository.main"
          ]
        }
      ]
    },
    {
      "module": "module.policy_repository_pod_runtime_class_policy",
      "mode": "managed",
      "type": "github_repository",
      "name": "main",
      "provider": "provider[\"registry.terraform.io/integrations/github\"].kubewarden",
      "instances": [
        {
          "schema_version": 1,
          "attributes": {
            "allow_auto_merge": false,
            "allow_merge_commit": true,
            "allow_rebase_merge": true,
            "allow_squash_merge": true,
            "allow_update_branch": false,
            "archive_on_destroy": null,
            "archived": false,
            "auto_init": false,
            "default_branch": "main",
            "delete_branch_on_merge": false,
            "description": "A Kubewarden Policy that controls the usage of Pod runtimeClass",
            "etag": "W/\"8815df36a7b2e836f5f4fbde7cd99f4aa0308c5e7d900ecb7457b77df19b3905\"",
            "full_name": "kubewarden/pod-runtime-class-policy",
            "git_clone_url": "git://github.com/kubewarden/pod-runtime-class-policy.git",
            "gitignore_template": null,
            "has_discussions": false,
            "has_downloads": true,
            "has_issues": true,
            "has_projects": false,
            "has_wiki": true,
            "homepage_url": "https://kubewarden.io",
            "html_url": "https://github.com/kubewarden/pod-runtime-class-policy",
            "http_clone_url": "https://github.com/kubewarden/pod-runtime-class-policy.git",
            "id": "pod-runtime-class-policy",
            "ignore_vulnerability_alerts_during_read": null,
            "is_template": false,
            "license_template": null,
            "merge_commit_message": "PR_TITLE",
            "merge_commit_title": "MERGE_MESSAGE",
            "name": "pod-runtime-class-policy",
            "node_id": "MDEwOlJlcG9zaXRvcnkzMTM5NzQ4MzY=",
            "pages": [],
            "primary_language": "Rust",
            "private": false,
            "repo_id": 313974836,
            "security_and_analysis": [
              {
                "advanced_security": [],
                "secret_scanning": [
                  {
                    "status": "enabled"
                  }
                ],
                "secret_scanning_push_protection": [
                  {
                    "status": "disabled"
                  }
                ]
              }
            ],
            "squash_merge_commit_message": "COMMIT_MESSAGES",
            "squash_merge_commit_title": "COMMIT_OR_PR_TITLE",
            "ssh_clone_url": "git@github.com:kubewarden/pod-runtime-class-policy.git",
            "svn_url": "https://github.com/kubewarden/pod-runtime-class-policy",
            "template": [],
            "topics": [
              "hacktoberfest",
              "kubernetes",
              "kubernetes-security",
              "kubewarden-policy",
              "policy-as-code",
              "webassembly"
            ],
            "visibility": "public",
            "vulnerability_alerts": true,
            "web_commit_signoff_required": true
          },
          "sensitive_attributes": [],
          "private": "eyJzY2hlbWFfdmVyc2lvbiI6IjEifQ=="
        }
      ]
    },
    {
      "module": "module.policy_repository_pod_runtime_class_policy",
      "mode": "managed",
      "type": "github_team_repository",
      "name": "gh_team_push_rights",
      "provider": "provider[\"registry.terraform.io/integrations/github\"].kubewarden",
      "instances": [
        {
          "index_key": 0,
          "schema_version": 0,
          "attributes": {
            "etag": "W/\"6bd1e941b0e619981e35dd7b4014a245c76b54b8fa2d44241057a159402c925a\"",
            "id": "4972867:pod-runtime-class-policy",
            "permission": "push",
            "repository": "pod-runtime-class-policy",
            "team_id": "4972867"
          },
          "sensitive_attributes": [],
          "private": "bnVsbA==",
          "dependencies": [
            "data.github_team.kubewarden_developers",
            "module.policy_repository_pod_runtime_class_policy.github_repository.main"
          ]
        }
      ]
    },
    {
      "module": "module.policy_repository_psa_label_enforcer",
      "mode": "managed",
      "type": "github_repository",
      "name": "main",
      "provider": "provider[\"registry.terraform.io/integrations/github\"].kubewarden",
      "instances": [
        {
          "schema_version": 1,
          "attributes": {
            "allow_auto_merge": false,
            "allow_merge_commit": true,
            "allow_rebase_merge": true,
            "allow_squash_merge": true,
            "allow_update_branch": false,
            "archive_on_destroy": null,
            "archived": false,
            "auto_init": false,
            "default_branch": "main",
            "delete_branch_on_merge": false,
            "description": "Kubewarden policy that ensures that namespaces have the required PSA labels",
            "etag": "W/\"397d6492c00ad8fea16f1edcbbdf0cadaa06d9f4aedc3da9272d45870d5b9f18\"",
            "full_name": "kubewarden/psa-label-enforcer-policy",
            "git_clone_url": "git://github.com/kubewarden/psa-label-enforcer-policy.git",
            "gitignore_template": null,
            "has_discussions": false,
            "has_downloads": true,
            "has_issues": true,
            "has_projects": false,
            "has_wiki": true,
            "homepage_url": "https://kubewarden.io",
            "html_url": "https://github.com/kubewarden/psa-label-enforcer-policy",
            "http_clone_url": "https://github.com/kubewarden/psa-label-enforcer-policy.git",
            "id": "psa-label-enforcer-policy",
            "ignore_vulnerability_alerts_during_read": null,
            "is_template": false,
            "license_template": null,
            "merge_commit_message": "PR_TITLE",
            "merge_commit_title": "MERGE_MESSAGE",
            "name": "psa-label-enforcer-policy",
            "node_id": "R_kgDOJkOffw",
            "pages": [],
            "primary_language": "Rust",
            "private": false,
            "repo_id": 641965951,
            "security_and_analysis": [
              {
                "advanced_security": [],
                "secret_scanning": [
                  {
                    "status": "enabled"
                  }
                ],
                "secret_scanning_push_protection": [
                  {
                    "status": "disabled"
                  }
                ]
              }
            ],
            "squash_merge_commit_message": "COMMIT_MESSAGES",
            "squash_merge_commit_title": "COMMIT_OR_PR_TITLE",
            "ssh_clone_url": "git@github.com:kubewarden/psa-label-enforcer-policy.git",
            "svn_url": "https://github.com/kubewarden/psa-label-enforcer-policy",
            "template": [],
            "topics": [
              "hacktoberfest",
              "kubernetes",
              "kubernetes-security",
              "kubewarden-policy",
              "policy-as-code",
              "webassembly"
            ],
            "visibility": "public",
            "vulnerability_alerts": true,
            "web_commit_signoff_required": true
          },
          "sensitive_attributes": [],
          "private": "eyJzY2hlbWFfdmVyc2lvbiI6IjEifQ=="
        }
      ]
    },
    {
      "module": "module.policy_repository_psa_label_enforcer",
      "mode": "managed",
      "type": "github_team_repository",
      "name": "gh_team_push_rights",
      "provider": "provider[\"registry.terraform.io/integrations/github\"].kubewarden",
      "instances": [
        {
          "index_key": 0,
          "schema_version": 0,
          "attributes": {
            "etag": "W/\"ff047be483738969de2bceb500a1251a3ac85e95fedc6902d62d6aabad476199\"",
            "id": "4972867:psa-label-enforcer-policy",
            "permission": "push",
            "repository": "psa-label-enforcer-policy",
            "team_id": "4972867"
          },
          "sensitive_attributes": [],
          "private": "bnVsbA==",
          "dependencies": [
            "data.github_team.kubewarden_developers",
            "module.policy_repository_psa_label_enforcer.github_repository.main"
          ]
        }
      ]
    },
    {
      "module": "module.policy_repository_rancher_project_quotas_namespace_validator",
      "mode": "managed",
      "type": "github_repository",
      "name": "main",
      "provider": "provider[\"registry.terraform.io/integrations/github\"].kubewarden",
      "instances": [
        {
          "schema_version": 1,
          "attributes": {
            "allow_auto_merge": false,
            "allow_merge_commit": true,
            "allow_rebase_merge": true,
            "allow_squash_merge": true,
            "allow_update_branch": false,
            "archive_on_destroy": null,
            "archived": false,
            "auto_init": false,
            "default_branch": "main",
            "delete_branch_on_merge": false,
            "description": "Prevent the creation of Namespace under a Rancher Project that doesn't have any resource quota left",
            "etag": "W/\"e3946cf487d211026d7312c71572f2d5f0c6868ac5247dc5571adb98d6819cf8\"",
            "full_name": "kubewarden/rancher-project-quotas-namespace-validator",
            "git_clone_url": "git://github.com/kubewarden/rancher-project-quotas-namespace-validator.git",
            "gitignore_template": null,
            "has_discussions": false,
            "has_downloads": true,
            "has_issues": true,
            "has_projects": false,
            "has_wiki": true,
            "homepage_url": "https://kubewarden.io",
            "html_url": "https://github.com/kubewarden/rancher-project-quotas-namespace-validator",
            "http_clone_url": "https://github.com/kubewarden/rancher-project-quotas-namespace-validator.git",
            "id": "rancher-project-quotas-namespace-validator",
            "ignore_vulnerability_alerts_during_read": null,
            "is_template": false,
            "license_template": null,
            "merge_commit_message": "PR_TITLE",
            "merge_commit_title": "MERGE_MESSAGE",
            "name": "rancher-project-quotas-namespace-validator",
            "node_id": "R_kgDOJEGlhg",
            "pages": [],
            "primary_language": "Go",
            "private": false,
            "repo_id": 608281990,
            "security_and_analysis": [
              {
                "advanced_security": [],
                "secret_scanning": [
                  {
                    "status": "enabled"
                  }
                ],
                "secret_scanning_push_protection": [
                  {
                    "status": "disabled"
                  }
                ]
              }
            ],
            "squash_merge_commit_message": "COMMIT_MESSAGES",
            "squash_merge_commit_title": "COMMIT_OR_PR_TITLE",
            "ssh_clone_url": "git@github.com:kubewarden/rancher-project-quotas-namespace-validator.git",
            "svn_url": "https://github.com/kubewarden/rancher-project-quotas-namespace-validator",
            "template": [
              {
                "include_all_branches": false,
                "owner": "kubewarden",
                "repository": "go-policy-template"
              }
            ],
            "topics": [
              "hacktoberfest",
              "kubernetes",
              "kubernetes-security",
              "kubewarden-policy",
              "policy-as-code",
              "webassembly"
            ],
            "visibility": "public",
            "vulnerability_alerts": true,
            "web_commit_signoff_required": true
          },
          "sensitive_attributes": [],
          "private": "eyJzY2hlbWFfdmVyc2lvbiI6IjEifQ=="
        }
      ]
    },
    {
      "module": "module.policy_repository_rancher_project_quotas_namespace_validator",
      "mode": "managed",
      "type": "github_team_repository",
      "name": "gh_team_push_rights",
      "provider": "provider[\"registry.terraform.io/integrations/github\"].kubewarden",
      "instances": [
        {
          "index_key": 0,
          "schema_version": 0,
          "attributes": {
            "etag": "W/\"3f9326b1449aabfe43bc62417283a371c252bf219b39791627820887aefa0fd6\"",
            "id": "4972867:rancher-project-quotas-namespace-validator",
            "permission": "push",
            "repository": "rancher-project-quotas-namespace-validator",
            "team_id": "4972867"
          },
          "sensitive_attributes": [],
          "private": "bnVsbA==",
          "dependencies": [
            "data.github_team.kubewarden_developers",
            "module.policy_repository_rancher_project_quotas_namespace_validator.github_repository.main"
          ]
        }
      ]
    },
    {
      "module": "module.policy_repository_raw_mutation_policy",
      "mode": "managed",
      "type": "github_repository",
      "name": "main",
      "provider": "provider[\"registry.terraform.io/integrations/github\"].kubewarden",
      "instances": [
        {
          "schema_version": 1,
          "attributes": {
            "allow_auto_merge": false,
            "allow_merge_commit": true,
            "allow_rebase_merge": true,
            "allow_squash_merge": true,
            "allow_update_branch": false,
            "archive_on_destroy": null,
            "archived": false,
            "auto_init": null,
            "default_branch": "main",
            "delete_branch_on_merge": false,
            "description": "Demo policy showing how to write a raw mutating policy",
            "etag": "W/\"bde2f9281e5bffe5421eaae82467dffb9f8b085e4b30ae04c2963977b1d6b842\"",
            "full_name": "kubewarden/raw-mutation-policy",
            "git_clone_url": "git://github.com/kubewarden/raw-mutation-policy.git",
            "gitignore_template": null,
            "has_discussions": false,
            "has_downloads": true,
            "has_issues": true,
            "has_projects": false,
            "has_wiki": true,
            "homepage_url": "https://kubewarden.io",
            "html_url": "https://github.com/kubewarden/raw-mutation-policy",
            "http_clone_url": "https://github.com/kubewarden/raw-mutation-policy.git",
            "id": "raw-mutation-policy",
            "ignore_vulnerability_alerts_during_read": null,
            "is_template": false,
            "license_template": null,
            "merge_commit_message": "PR_TITLE",
            "merge_commit_title": "MERGE_MESSAGE",
            "name": "raw-mutation-policy",
            "node_id": "R_kgDOKkhwcQ",
            "pages": [],
            "primary_language": "Go",
            "private": false,
            "repo_id": 709390449,
            "security_and_analysis": [
              {
                "advanced_security": [],
                "secret_scanning": [
                  {
                    "status": "enabled"
                  }
                ],
                "secret_scanning_push_protection": [
                  {
                    "status": "disabled"
                  }
                ]
              }
            ],
            "squash_merge_commit_message": "COMMIT_MESSAGES",
            "squash_merge_commit_title": "COMMIT_OR_PR_TITLE",
            "ssh_clone_url": "git@github.com:kubewarden/raw-mutation-policy.git",
            "svn_url": "https://github.com/kubewarden/raw-mutation-policy",
            "template": [],
            "topics": [
              "hacktoberfest",
              "kubernetes",
              "kubernetes-security",
              "kubewarden-policy",
              "policy-as-code",
              "webassembly"
            ],
            "visibility": "public",
            "vulnerability_alerts": true,
            "web_commit_signoff_required": true
          },
          "sensitive_attributes": [],
          "private": "eyJzY2hlbWFfdmVyc2lvbiI6IjEifQ=="
        }
      ]
    },
    {
      "module": "module.policy_repository_raw_mutation_policy",
      "mode": "managed",
      "type": "github_team_repository",
      "name": "gh_team_push_rights",
      "provider": "provider[\"registry.terraform.io/integrations/github\"].kubewarden",
      "instances": [
        {
          "index_key": 0,
          "schema_version": 0,
          "attributes": {
            "etag": "W/\"a55f84e57cca3f95ca12877a2a385ca82e4c4b948fe0b289d269e2f60310016e\"",
            "id": "4972867:raw-mutation-policy",
            "permission": "push",
            "repository": "raw-mutation-policy",
            "team_id": "4972867"
          },
          "sensitive_attributes": [],
          "private": "bnVsbA==",
          "dependencies": [
            "data.github_team.kubewarden_developers",
            "module.policy_repository_raw_mutation_policy.github_repository.main"
          ]
        }
      ]
    },
    {
      "module": "module.policy_repository_raw_mutation_wasi_policy",
      "mode": "managed",
      "type": "github_repository",
      "name": "main",
      "provider": "provider[\"registry.terraform.io/integrations/github\"].kubewarden",
      "instances": [
        {
          "schema_version": 1,
          "attributes": {
            "allow_auto_merge": false,
            "allow_merge_commit": true,
            "allow_rebase_merge": true,
            "allow_squash_merge": true,
            "allow_update_branch": false,
            "archive_on_destroy": null,
            "archived": false,
            "auto_init": null,
            "default_branch": "main",
            "delete_branch_on_merge": false,
            "description": "Demo policy showing how to write a raw WASI mutation policy",
            "etag": "W/\"55f89a69a96834fb54bf8508d774c583c66e4662120ae03a104f2d4c9b298c02\"",
            "full_name": "kubewarden/raw-mutation-wasi-policy",
            "git_clone_url": "git://github.com/kubewarden/raw-mutation-wasi-policy.git",
            "gitignore_template": null,
            "has_discussions": false,
            "has_downloads": true,
            "has_issues": true,
            "has_projects": false,
            "has_wiki": true,
            "homepage_url": "https://kubewarden.io",
            "html_url": "https://github.com/kubewarden/raw-mutation-wasi-policy",
            "http_clone_url": "https://github.com/kubewarden/raw-mutation-wasi-policy.git",
            "id": "raw-mutation-wasi-policy",
            "ignore_vulnerability_alerts_during_read": null,
            "is_template": false,
            "license_template": null,
            "merge_commit_message": "PR_TITLE",
            "merge_commit_title": "MERGE_MESSAGE",
            "name": "raw-mutation-wasi-policy",
            "node_id": "R_kgDOKkhwrA",
            "pages": [],
            "primary_language": "Go",
            "private": false,
            "repo_id": 709390508,
            "security_and_analysis": [
              {
                "advanced_security": [],
                "secret_scanning": [
                  {
                    "status": "enabled"
                  }
                ],
                "secret_scanning_push_protection": [
                  {
                    "status": "disabled"
                  }
                ]
              }
            ],
            "squash_merge_commit_message": "COMMIT_MESSAGES",
            "squash_merge_commit_title": "COMMIT_OR_PR_TITLE",
            "ssh_clone_url": "git@github.com:kubewarden/raw-mutation-wasi-policy.git",
            "svn_url": "https://github.com/kubewarden/raw-mutation-wasi-policy",
            "template": [],
            "topics": [
              "hacktoberfest",
              "kubernetes",
              "kubernetes-security",
              "kubewarden-policy",
              "policy-as-code",
              "webassembly"
            ],
            "visibility": "public",
            "vulnerability_alerts": true,
            "web_commit_signoff_required": true
          },
          "sensitive_attributes": [],
          "private": "eyJzY2hlbWFfdmVyc2lvbiI6IjEifQ=="
        }
      ]
    },
    {
      "module": "module.policy_repository_raw_mutation_wasi_policy",
      "mode": "managed",
      "type": "github_team_repository",
      "name": "gh_team_push_rights",
      "provider": "provider[\"registry.terraform.io/integrations/github\"].kubewarden",
      "instances": [
        {
          "index_key": 0,
          "schema_version": 0,
          "attributes": {
            "etag": "W/\"1fae0fe9d668c23526503e2a1f584d38cc55c81cfc8c669cf76a2367c415919f\"",
            "id": "4972867:raw-mutation-wasi-policy",
            "permission": "push",
            "repository": "raw-mutation-wasi-policy",
            "team_id": "4972867"
          },
          "sensitive_attributes": [],
          "private": "bnVsbA==",
          "dependencies": [
            "data.github_team.kubewarden_developers",
            "module.policy_repository_raw_mutation_wasi_policy.github_repository.main"
          ]
        }
      ]
    },
    {
      "module": "module.policy_repository_raw_validation_opa_policy",
      "mode": "managed",
      "type": "github_repository",
      "name": "main",
      "provider": "provider[\"registry.terraform.io/integrations/github\"].kubewarden",
      "instances": [
        {
          "schema_version": 1,
          "attributes": {
            "allow_auto_merge": false,
            "allow_merge_commit": true,
            "allow_rebase_merge": true,
            "allow_squash_merge": true,
            "allow_update_branch": false,
            "archive_on_destroy": null,
            "archived": false,
            "auto_init": null,
            "default_branch": "main",
            "delete_branch_on_merge": false,
            "description": "Demo policy showing how to write a raw OPA validating policy",
            "etag": "W/\"3eb2a40c533094508bd84ace87ca1cdf5a9d32320f714f5bd7cc37d2145ff31a\"",
            "full_name": "kubewarden/raw-validation-opa-policy",
            "git_clone_url": "git://github.com/kubewarden/raw-validation-opa-policy.git",
            "gitignore_template": null,
            "has_discussions": false,
            "has_downloads": true,
            "has_issues": true,
            "has_projects": false,
            "has_wiki": true,
            "homepage_url": "https://kubewarden.io",
            "html_url": "https://github.com/kubewarden/raw-validation-opa-policy",
            "http_clone_url": "https://github.com/kubewarden/raw-validation-opa-policy.git",
            "id": "raw-validation-opa-policy",
            "ignore_vulnerability_alerts_during_read": null,
            "is_template": false,
            "license_template": null,
            "merge_commit_message": "PR_TITLE",
            "merge_commit_title": "MERGE_MESSAGE",
            "name": "raw-validation-opa-policy",
            "node_id": "R_kgDOKkhwhA",
            "pages": [],
            "primary_language": "Shell",
            "private": false,
            "repo_id": 709390468,
            "security_and_analysis": [
              {
                "advanced_security": [],
                "secret_scanning": [
                  {
                    "status": "enabled"
                  }
                ],
                "secret_scanning_push_protection": [
                  {
                    "status": "disabled"
                  }
                ]
              }
            ],
            "squash_merge_commit_message": "COMMIT_MESSAGES",
            "squash_merge_commit_title": "COMMIT_OR_PR_TITLE",
            "ssh_clone_url": "git@github.com:kubewarden/raw-validation-opa-policy.git",
            "svn_url": "https://github.com/kubewarden/raw-validation-opa-policy",
            "template": [],
            "topics": [
              "hacktoberfest",
              "kubernetes",
              "kubernetes-security",
              "kubewarden-policy",
              "policy-as-code",
              "webassembly"
            ],
            "visibility": "public",
            "vulnerability_alerts": true,
            "web_commit_signoff_required": true
          },
          "sensitive_attributes": [],
          "private": "eyJzY2hlbWFfdmVyc2lvbiI6IjEifQ=="
        }
      ]
    },
    {
      "module": "module.policy_repository_raw_validation_opa_policy",
      "mode": "managed",
      "type": "github_team_repository",
      "name": "gh_team_push_rights",
      "provider": "provider[\"registry.terraform.io/integrations/github\"].kubewarden",
      "instances": [
        {
          "index_key": 0,
          "schema_version": 0,
          "attributes": {
            "etag": "W/\"9099a996fc8bcdb384ba9d23a44d845edd5efd74a3307a417f635192fde3bf1c\"",
            "id": "4972867:raw-validation-opa-policy",
            "permission": "push",
            "repository": "raw-validation-opa-policy",
            "team_id": "4972867"
          },
          "sensitive_attributes": [],
          "private": "bnVsbA==",
          "dependencies": [
            "data.github_team.kubewarden_developers",
            "module.policy_repository_raw_validation_opa_policy.github_repository.main"
          ]
        }
      ]
    },
    {
      "module": "module.policy_repository_raw_validation_policy",
      "mode": "managed",
      "type": "github_repository",
      "name": "main",
      "provider": "provider[\"registry.terraform.io/integrations/github\"].kubewarden",
      "instances": [
        {
          "schema_version": 1,
          "attributes": {
            "allow_auto_merge": false,
            "allow_merge_commit": true,
            "allow_rebase_merge": true,
            "allow_squash_merge": true,
            "allow_update_branch": false,
            "archive_on_destroy": null,
            "archived": false,
            "auto_init": null,
            "default_branch": "main",
            "delete_branch_on_merge": false,
            "description": "Demo policy showing how to write a raw validating policy",
            "etag": "W/\"8e053d4ee8fc05c339620d2bf1984a9556a2c5ab8a7b6262069d2dc34a108859\"",
            "full_name": "kubewarden/raw-validation-policy",
            "git_clone_url": "git://github.com/kubewarden/raw-validation-policy.git",
            "gitignore_template": null,
            "has_discussions": false,
            "has_downloads": true,
            "has_issues": true,
            "has_projects": false,
            "has_wiki": true,
            "homepage_url": "https://kubewarden.io",
            "html_url": "https://github.com/kubewarden/raw-validation-policy",
            "http_clone_url": "https://github.com/kubewarden/raw-validation-policy.git",
            "id": "raw-validation-policy",
            "ignore_vulnerability_alerts_during_read": null,
            "is_template": false,
            "license_template": null,
            "merge_commit_message": "PR_TITLE",
            "merge_commit_title": "MERGE_MESSAGE",
            "name": "raw-validation-policy",
            "node_id": "R_kgDOKkhwmA",
            "pages": [],
            "primary_language": "Rust",
            "private": false,
            "repo_id": 709390488,
            "security_and_analysis": [
              {
                "advanced_security": [],
                "secret_scanning": [
                  {
                    "status": "enabled"
                  }
                ],
                "secret_scanning_push_protection": [
                  {
                    "status": "disabled"
                  }
                ]
              }
            ],
            "squash_merge_commit_message": "COMMIT_MESSAGES",
            "squash_merge_commit_title": "COMMIT_OR_PR_TITLE",
            "ssh_clone_url": "git@github.com:kubewarden/raw-validation-policy.git",
            "svn_url": "https://github.com/kubewarden/raw-validation-policy",
            "template": [],
            "topics": [
              "hacktoberfest",
              "kubernetes",
              "kubernetes-security",
              "kubewarden-policy",
              "policy-as-code",
              "webassembly"
            ],
            "visibility": "public",
            "vulnerability_alerts": true,
            "web_commit_signoff_required": true
          },
          "sensitive_attributes": [],
          "private": "eyJzY2hlbWFfdmVyc2lvbiI6IjEifQ=="
        }
      ]
    },
    {
      "module": "module.policy_repository_raw_validation_policy",
      "mode": "managed",
      "type": "github_team_repository",
      "name": "gh_team_push_rights",
      "provider": "provider[\"registry.terraform.io/integrations/github\"].kubewarden",
      "instances": [
        {
          "index_key": 0,
          "schema_version": 0,
          "attributes": {
            "etag": "W/\"25baa389f908f9d02042c8ff0fab8356594bba3ec9bfbd9e280712af665e503d\"",
            "id": "4972867:raw-validation-policy",
            "permission": "push",
            "repository": "raw-validation-policy",
            "team_id": "4972867"
          },
          "sensitive_attributes": [],
          "private": "bnVsbA==",
          "dependencies": [
            "data.github_team.kubewarden_developers",
            "module.policy_repository_raw_validation_policy.github_repository.main"
          ]
        }
      ]
    },
    {
      "module": "module.policy_repository_raw_validation_wasi_policy",
      "mode": "managed",
      "type": "github_repository",
      "name": "main",
      "provider": "provider[\"registry.terraform.io/integrations/github\"].kubewarden",
      "instances": [
        {
          "schema_version": 1,
          "attributes": {
            "allow_auto_merge": false,
            "allow_merge_commit": true,
            "allow_rebase_merge": true,
            "allow_squash_merge": true,
            "allow_update_branch": false,
            "archive_on_destroy": null,
            "archived": false,
            "auto_init": null,
            "default_branch": "main",
            "delete_branch_on_merge": false,
            "description": "Demo policy showing how to write a raw WASI validating policy",
            "etag": "W/\"9d09296526f73fe68867cf4a3cf55a6b1ab6f84d09b900a67fbe6c57ceca1079\"",
            "full_name": "kubewarden/raw-validation-wasi-policy",
            "git_clone_url": "git://github.com/kubewarden/raw-validation-wasi-policy.git",
            "gitignore_template": null,
            "has_discussions": false,
            "has_downloads": true,
            "has_issues": true,
            "has_projects": false,
            "has_wiki": true,
            "homepage_url": "https://kubewarden.io",
            "html_url": "https://github.com/kubewarden/raw-validation-wasi-policy",
            "http_clone_url": "https://github.com/kubewarden/raw-validation-wasi-policy.git",
            "id": "raw-validation-wasi-policy",
            "ignore_vulnerability_alerts_during_read": null,
            "is_template": false,
            "license_template": null,
            "merge_commit_message": "PR_TITLE",
            "merge_commit_title": "MERGE_MESSAGE",
            "name": "raw-validation-wasi-policy",
            "node_id": "R_kgDOKkhwzQ",
            "pages": [],
            "primary_language": "Go",
            "private": false,
            "repo_id": 709390541,
            "security_and_analysis": [
              {
                "advanced_security": [],
                "secret_scanning": [
                  {
                    "status": "enabled"
                  }
                ],
                "secret_scanning_push_protection": [
                  {
                    "status": "disabled"
                  }
                ]
              }
            ],
            "squash_merge_commit_message": "COMMIT_MESSAGES",
            "squash_merge_commit_title": "COMMIT_OR_PR_TITLE",
            "ssh_clone_url": "git@github.com:kubewarden/raw-validation-wasi-policy.git",
            "svn_url": "https://github.com/kubewarden/raw-validation-wasi-policy",
            "template": [],
            "topics": [
              "hacktoberfest",
              "kubernetes",
              "kubernetes-security",
              "kubewarden-policy",
              "policy-as-code",
              "webassembly"
            ],
            "visibility": "public",
            "vulnerability_alerts": true,
            "web_commit_signoff_required": true
          },
          "sensitive_attributes": [],
          "private": "eyJzY2hlbWFfdmVyc2lvbiI6IjEifQ=="
        }
      ]
    },
    {
      "module": "module.policy_repository_raw_validation_wasi_policy",
      "mode": "managed",
      "type": "github_team_repository",
      "name": "gh_team_push_rights",
      "provider": "provider[\"registry.terraform.io/integrations/github\"].kubewarden",
      "instances": [
        {
          "index_key": 0,
          "schema_version": 0,
          "attributes": {
            "etag": "W/\"e54bff93dcb3e27c45337f10b8f9ab62516796ce86bfc6860fe82f49082b0948\"",
            "id": "4972867:raw-validation-wasi-policy",
            "permission": "push",
            "repository": "raw-validation-wasi-policy",
            "team_id": "4972867"
          },
          "sensitive_attributes": [],
          "private": "bnVsbA==",
          "dependencies": [
            "data.github_team.kubewarden_developers",
            "module.policy_repository_raw_validation_wasi_policy.github_repository.main"
          ]
        }
      ]
    },
    {
      "module": "module.policy_repository_readonly_root_filesystem_psp_policy",
      "mode": "managed",
      "type": "github_repository",
      "name": "main",
      "provider": "provider[\"registry.terraform.io/integrations/github\"].kubewarden",
      "instances": [
        {
          "schema_version": 1,
          "attributes": {
            "allow_auto_merge": false,
            "allow_merge_commit": true,
            "allow_rebase_merge": true,
            "allow_squash_merge": true,
            "allow_update_branch": false,
            "archive_on_destroy": null,
            "archived": false,
            "auto_init": null,
            "default_branch": "main",
            "delete_branch_on_merge": false,
            "description": "A Kubewarden policy that enforces root filesystem to be readonly",
            "etag": "W/\"7f833faddcabe6334e437f8de23edc62a7541b0b45dcf20dcf1a5da312f6e674\"",
            "full_name": "kubewarden/readonly-root-filesystem-psp-policy",
            "git_clone_url": "git://github.com/kubewarden/readonly-root-filesystem-psp-policy.git",
            "gitignore_template": null,
            "has_discussions": false,
            "has_downloads": true,
            "has_issues": true,
            "has_projects": false,
            "has_wiki": true,
            "homepage_url": "https://kubewarden.io",
            "html_url": "https://github.com/kubewarden/readonly-root-filesystem-psp-policy",
            "http_clone_url": "https://github.com/kubewarden/readonly-root-filesystem-psp-policy.git",
            "id": "readonly-root-filesystem-psp-policy",
            "ignore_vulnerability_alerts_during_read": null,
            "is_template": false,
            "license_template": null,
            "merge_commit_message": "PR_TITLE",
            "merge_commit_title": "MERGE_MESSAGE",
            "name": "readonly-root-filesystem-psp-policy",
            "node_id": "R_kgDOGdS_cw",
            "pages": [],
            "primary_language": "Rust",
            "private": false,
            "repo_id": 433373043,
            "security_and_analysis": [
              {
                "advanced_security": [],
                "secret_scanning": [
                  {
                    "status": "enabled"
                  }
                ],
                "secret_scanning_push_protection": [
                  {
                    "status": "disabled"
                  }
                ]
              }
            ],
            "squash_merge_commit_message": "COMMIT_MESSAGES",
            "squash_merge_commit_title": "COMMIT_OR_PR_TITLE",
            "ssh_clone_url": "git@github.com:kubewarden/readonly-root-filesystem-psp-policy.git",
            "svn_url": "https://github.com/kubewarden/readonly-root-filesystem-psp-policy",
            "template": [],
            "topics": [
              "hacktoberfest",
              "kubernetes",
              "kubernetes-security",
              "kubewarden-policy",
              "pod-security-policy",
              "policy-as-code",
              "webassembly"
            ],
            "visibility": "public",
            "vulnerability_alerts": true,
            "web_commit_signoff_required": true
          },
          "sensitive_attributes": [],
          "private": "eyJzY2hlbWFfdmVyc2lvbiI6IjEifQ=="
        }
      ]
    },
    {
      "module": "module.policy_repository_readonly_root_filesystem_psp_policy",
      "mode": "managed",
      "type": "github_team_repository",
      "name": "gh_team_push_rights",
      "provider": "provider[\"registry.terraform.io/integrations/github\"].kubewarden",
      "instances": [
        {
          "index_key": 0,
          "schema_version": 0,
          "attributes": {
            "etag": "W/\"8429b87a26672a2e9abcd798b3ef3487157e355815c0534b191b73a3e2176624\"",
            "id": "4972867:readonly-root-filesystem-psp-policy",
            "permission": "push",
            "repository": "readonly-root-filesystem-psp-policy",
            "team_id": "4972867"
          },
          "sensitive_attributes": [],
          "private": "bnVsbA==",
          "dependencies": [
            "data.github_team.kubewarden_developers",
            "module.policy_repository_readonly_root_filesystem_psp_policy.github_repository.main"
          ]
        }
      ]
    },
    {
      "module": "module.policy_repository_rego_policies_library",
      "mode": "managed",
      "type": "github_repository",
      "name": "main",
      "provider": "provider[\"registry.terraform.io/integrations/github\"].kubewarden",
      "instances": [
        {
          "schema_version": 1,
          "attributes": {
            "allow_auto_merge": false,
            "allow_merge_commit": true,
            "allow_rebase_merge": true,
            "allow_squash_merge": true,
            "allow_update_branch": false,
            "archive_on_destroy": null,
            "archived": false,
            "auto_init": false,
            "default_branch": "main",
            "delete_branch_on_merge": false,
            "description": "A collection of Rego policies that can be used to enforce best practices in Kubernetes clusters",
            "etag": "W/\"94113396224c80c657a75e745f61d82e000a7b68d52adba5592d346ea9ccf919\"",
            "full_name": "kubewarden/rego-policies-library",
            "git_clone_url": "git://github.com/kubewarden/rego-policies-library.git",
            "gitignore_template": null,
            "has_discussions": false,
            "has_downloads": true,
            "has_issues": true,
            "has_projects": false,
            "has_wiki": true,
            "homepage_url": "https://kubewarden.io",
            "html_url": "https://github.com/kubewarden/rego-policies-library",
            "http_clone_url": "https://github.com/kubewarden/rego-policies-library.git",
            "id": "rego-policies-library",
            "ignore_vulnerability_alerts_during_read": null,
            "is_template": false,
            "license_template": null,
            "merge_commit_message": "PR_TITLE",
            "merge_commit_title": "MERGE_MESSAGE",
            "name": "rego-policies-library",
            "node_id": "R_kgDONdD5RA",
            "pages": [],
            "primary_language": "",
            "private": false,
            "repo_id": 902887748,
            "security_and_analysis": [
              {
                "advanced_security": [],
                "secret_scanning": [
                  {
                    "status": "enabled"
                  }
                ],
                "secret_scanning_push_protection": [
                  {
                    "status": "disabled"
                  }
                ]
              }
            ],
            "squash_merge_commit_message": "COMMIT_MESSAGES",
            "squash_merge_commit_title": "COMMIT_OR_PR_TITLE",
            "ssh_clone_url": "git@github.com:kubewarden/rego-policies-library.git",
            "svn_url": "https://github.com/kubewarden/rego-policies-library",
            "template": [],
            "topics": [
              "compliance",
              "gatekeeper",
              "hacktoberfest",
              "kubernetes",
              "kubernetes-security",
              "kubewarden-policy",
              "policy-as-code",
              "rego",
              "webassembly"
            ],
            "visibility": "public",
            "vulnerability_alerts": true,
            "web_commit_signoff_required": true
          },
          "sensitive_attributes": [],
          "private": "eyJzY2hlbWFfdmVyc2lvbiI6IjEifQ=="
        }
      ]
    },
    {
      "module": "module.policy_repository_rego_policies_library",
      "mode": "managed",
      "type": "github_team_repository",
      "name": "gh_team_push_rights",
      "provider": "provider[\"registry.terraform.io/integrations/github\"].kubewarden",
      "instances": [
        {
          "index_key": 0,
          "schema_version": 0,
          "attributes": {
            "etag": "W/\"6a114f92d14cbeee530a8dd8d060691caeb23f1c100a85aaf99f8b1464f04a40\"",
            "id": "4972867:rego-policies-library",
            "permission": "push",
            "repository": "rego-policies-library",
            "team_id": "4972867"
          },
          "sensitive_attributes": [],
          "private": "bnVsbA==",
          "dependencies": [
            "data.github_team.kubewarden_developers",
            "module.policy_repository_rego_policies_library.github_repository.main"
          ]
        }
      ]
    },
    {
      "module": "module.policy_repository_safe_annotations_policy",
      "mode": "managed",
      "type": "github_repository",
      "name": "main",
      "provider": "provider[\"registry.terraform.io/integrations/github\"].kubewarden",
      "instances": [
        {
          "schema_version": 1,
          "attributes": {
            "allow_auto_merge": false,
            "allow_merge_commit": true,
            "allow_rebase_merge": true,
            "allow_squash_merge": true,
            "allow_update_branch": false,
            "archive_on_destroy": null,
            "archived": false,
            "auto_init": false,
            "default_branch": "main",
            "delete_branch_on_merge": false,
            "description": "Kubewarden policy that validates Kubernetes' resource annotations",
            "etag": "W/\"0ce202acaabcc4ce7ef1821675fadee4aa0c06e9d7a9ff19a11be889d8b71c2f\"",
            "full_name": "kubewarden/safe-annotations-policy",
            "git_clone_url": "git://github.com/kubewarden/safe-annotations-policy.git",
            "gitignore_template": null,
            "has_discussions": false,
            "has_downloads": true,
            "has_issues": true,
            "has_projects": false,
            "has_wiki": true,
            "homepage_url": "https://kubewarden.io",
            "html_url": "https://github.com/kubewarden/safe-annotations-policy",
            "http_clone_url": "https://github.com/kubewarden/safe-annotations-policy.git",
            "id": "safe-annotations-policy",
            "ignore_vulnerability_alerts_during_read": null,
            "is_template": false,
            "license_template": null,
            "merge_commit_message": "PR_TITLE",
            "merge_commit_title": "MERGE_MESSAGE",
            "name": "safe-annotations-policy",
            "node_id": "MDEwOlJlcG9zaXRvcnkzOTQxOTcwNzE=",
            "pages": [],
            "primary_language": "Go",
            "private": false,
            "repo_id": 394197071,
            "security_and_analysis": [
              {
                "advanced_security": [],
                "secret_scanning": [
                  {
                    "status": "enabled"
                  }
                ],
                "secret_scanning_push_protection": [
                  {
                    "status": "disabled"
                  }
                ]
              }
            ],
            "squash_merge_commit_message": "COMMIT_MESSAGES",
            "squash_merge_commit_title": "COMMIT_OR_PR_TITLE",
            "ssh_clone_url": "git@github.com:kubewarden/safe-annotations-policy.git",
            "svn_url": "https://github.com/kubewarden/safe-annotations-policy",
            "template": [
              {
                "include_all_branches": false,
                "owner": "kubewarden",
                "repository": "go-policy-template"
              }
            ],
            "topics": [
              "hacktoberfest",
              "kubernetes",
              "kubernetes-compliance",
              "kubernetes-security",
              "kubewarden-policy",
              "policy-as-code",
              "webassembly"
            ],
            "visibility": "public",
            "vulnerability_alerts": true,
            "web_commit_signoff_required": true
          },
          "sensitive_attributes": [],
          "private": "eyJzY2hlbWFfdmVyc2lvbiI6IjEifQ=="
        }
      ]
    },
    {
      "module": "module.policy_repository_safe_annotations_policy",
      "mode": "managed",
      "type": "github_team_repository",
      "name": "gh_team_push_rights",
      "provider": "provider[\"registry.terraform.io/integrations/github\"].kubewarden",
      "instances": [
        {
          "index_key": 0,
          "schema_version": 0,
          "attributes": {
            "etag": "W/\"3b134461bea38d4d3a1d948fe023a7c722d8d8ab4804fa88cc9ced1362cf5870\"",
            "id": "4972867:safe-annotations-policy",
            "permission": "push",
            "repository": "safe-annotations-policy",
            "team_id": "4972867"
          },
          "sensitive_attributes": [],
          "private": "bnVsbA==",
          "dependencies": [
            "data.github_team.kubewarden_developers",
            "module.policy_repository_safe_annotations_policy.github_repository.main"
          ]
        }
      ]
    },
    {
      "module": "module.policy_repository_safe_labels_policy",
      "mode": "managed",
      "type": "github_repository",
      "name": "main",
      "provider": "provider[\"registry.terraform.io/integrations/github\"].kubewarden",
      "instances": [
        {
          "schema_version": 1,
          "attributes": {
            "allow_auto_merge": false,
            "allow_merge_commit": true,
            "allow_rebase_merge": true,
            "allow_squash_merge": true,
            "allow_update_branch": false,
            "archive_on_destroy": null,
            "archived": false,
            "auto_init": false,
            "default_branch": "main",
            "delete_branch_on_merge": false,
            "description": "Kubewarden policy that validates Kubernetes' resource labels",
            "etag": "W/\"34f409e1fba0a454db56f227b2c517ddb333f938a6af0fff4b3dcfdc652ce63d\"",
            "full_name": "kubewarden/safe-labels-policy",
            "git_clone_url": "git://github.com/kubewarden/safe-labels-policy.git",
            "gitignore_template": null,
            "has_discussions": false,
            "has_downloads": true,
            "has_issues": true,
            "has_projects": false,
            "has_wiki": true,
            "homepage_url": "https://kubewarden.io",
            "html_url": "https://github.com/kubewarden/safe-labels-policy",
            "http_clone_url": "https://github.com/kubewarden/safe-labels-policy.git",
            "id": "safe-labels-policy",
            "ignore_vulnerability_alerts_during_read": null,
            "is_template": false,
            "license_template": null,
            "merge_commit_message": "PR_TITLE",
            "merge_commit_title": "MERGE_MESSAGE",
            "name": "safe-labels-policy",
            "node_id": "MDEwOlJlcG9zaXRvcnkzNTczMzk1Mzg=",
            "pages": [],
            "primary_language": "Go",
            "private": false,
            "repo_id": 357339538,
            "security_and_analysis": [
              {
                "advanced_security": [],
                "secret_scanning": [
                  {
                    "status": "enabled"
                  }
                ],
                "secret_scanning_push_protection": [
                  {
                    "status": "disabled"
                  }
                ]
              }
            ],
            "squash_merge_commit_message": "COMMIT_MESSAGES",
            "squash_merge_commit_title": "COMMIT_OR_PR_TITLE",
            "ssh_clone_url": "git@github.com:kubewarden/safe-labels-policy.git",
            "svn_url": "https://github.com/kubewarden/safe-labels-policy",
            "template": [
              {
                "include_all_branches": false,
                "owner": "kubewarden",
                "repository": "go-policy-template"
              }
            ],
            "topics": [
              "hacktoberfest",
              "kubernetes",
              "kubernetes-compliance",
              "kubernetes-security",
              "kubewarden-policy",
              "policy-as-code",
              "webassembly"
            ],
            "visibility": "public",
            "vulnerability_alerts": true,
            "web_commit_signoff_required": true
          },
          "sensitive_attributes": [],
          "private": "eyJzY2hlbWFfdmVyc2lvbiI6IjEifQ=="
        }
      ]
    },
    {
      "module": "module.policy_repository_safe_labels_policy",
      "mode": "managed",
      "type": "github_team_repository",
      "name": "gh_team_push_rights",
      "provider": "provider[\"registry.terraform.io/integrations/github\"].kubewarden",
      "instances": [
        {
          "index_key": 0,
          "schema_version": 0,
          "attributes": {
            "etag": "W/\"9952df463bd6ff29ee4125ee0e3cacf1021d9d6f02f410d5c63bffdb5b549dc2\"",
            "id": "4972867:safe-labels-policy",
            "permission": "push",
            "repository": "safe-labels-policy",
            "team_id": "4972867"
          },
          "sensitive_attributes": [],
          "private": "bnVsbA==",
          "dependencies": [
            "data.github_team.kubewarden_developers",
            "module.policy_repository_safe_labels_policy.github_repository.main"
          ]
        }
      ]
    },
    {
      "module": "module.policy_repository_seccomp_psp_policy",
      "mode": "managed",
      "type": "github_repository",
      "name": "main",
      "provider": "provider[\"registry.terraform.io/integrations/github\"].kubewarden",
      "instances": [
        {
          "schema_version": 1,
          "attributes": {
            "allow_auto_merge": false,
            "allow_merge_commit": true,
            "allow_rebase_merge": true,
            "allow_squash_merge": true,
            "allow_update_branch": false,
            "archive_on_destroy": null,
            "archived": false,
            "auto_init": null,
            "default_branch": "main",
            "delete_branch_on_merge": false,
            "description": "A Kubewarden Pod Security Policy that controls usage of Seccomp profiles",
            "etag": "W/\"6bd365856a7b8e6d25ad951fe96f447d7308e55cfacf1fb182690d9058ddfe27\"",
            "full_name": "kubewarden/seccomp-psp-policy",
            "git_clone_url": "git://github.com/kubewarden/seccomp-psp-policy.git",
            "gitignore_template": null,
            "has_discussions": false,
            "has_downloads": true,
            "has_issues": true,
            "has_projects": false,
            "has_wiki": true,
            "homepage_url": "https://kubewarden.io",
            "html_url": "https://github.com/kubewarden/seccomp-psp-policy",
            "http_clone_url": "https://github.com/kubewarden/seccomp-psp-policy.git",
            "id": "seccomp-psp-policy",
            "ignore_vulnerability_alerts_during_read": null,
            "is_template": false,
            "license_template": null,
            "merge_commit_message": "PR_TITLE",
            "merge_commit_title": "MERGE_MESSAGE",
            "name": "seccomp-psp-policy",
            "node_id": "R_kgDOGgF_OQ",
            "pages": [],
            "primary_language": "Rust",
            "private": false,
            "repo_id": 436305721,
            "security_and_analysis": [
              {
                "advanced_security": [],
                "secret_scanning": [
                  {
                    "status": "enabled"
                  }
                ],
                "secret_scanning_push_protection": [
                  {
                    "status": "disabled"
                  }
                ]
              }
            ],
            "squash_merge_commit_message": "COMMIT_MESSAGES",
            "squash_merge_commit_title": "COMMIT_OR_PR_TITLE",
            "ssh_clone_url": "git@github.com:kubewarden/seccomp-psp-policy.git",
            "svn_url": "https://github.com/kubewarden/seccomp-psp-policy",
            "template": [],
            "topics": [
              "hacktoberfest",
              "kubernetes",
              "kubernetes-security",
              "kubewarden-policy",
              "pod-security-policy",
              "policy-as-code",
              "webassembly"
            ],
            "visibility": "public",
            "vulnerability_alerts": true,
            "web_commit_signoff_required": true
          },
          "sensitive_attributes": [],
          "private": "eyJzY2hlbWFfdmVyc2lvbiI6IjEifQ=="
        }
      ]
    },
    {
      "module": "module.policy_repository_seccomp_psp_policy",
      "mode": "managed",
      "type": "github_team_repository",
      "name": "gh_team_push_rights",
      "provider": "provider[\"registry.terraform.io/integrations/github\"].kubewarden",
      "instances": [
        {
          "index_key": 0,
          "schema_version": 0,
          "attributes": {
            "etag": "W/\"83144400036f2a4505c0928f2f0808ad13316c9cf18fa591fd9a559ae68633db\"",
            "id": "4972867:seccomp-psp-policy",
            "permission": "push",
            "repository": "seccomp-psp-policy",
            "team_id": "4972867"
          },
          "sensitive_attributes": [],
          "private": "bnVsbA==",
          "dependencies": [
            "data.github_team.kubewarden_developers",
            "module.policy_repository_seccomp_psp_policy.github_repository.main"
          ]
        }
      ]
    },
    {
      "module": "module.policy_repository_selinux_psp_policy",
      "mode": "managed",
      "type": "github_repository",
      "name": "main",
      "provider": "provider[\"registry.terraform.io/integrations/github\"].kubewarden",
      "instances": [
        {
          "schema_version": 1,
          "attributes": {
            "allow_auto_merge": false,
            "allow_merge_commit": true,
            "allow_rebase_merge": true,
            "allow_squash_merge": true,
            "allow_update_branch": false,
            "archive_on_destroy": null,
            "archived": false,
            "auto_init": false,
            "default_branch": "main",
            "delete_branch_on_merge": false,
            "description": "Replacement for the Kubernetes Pod Security Policy that controls the usage of SELinux",
            "etag": "W/\"882311d42fb17c5b645c8d8fbff3cb404c4bded71f8e754ea0000fa02ce94df4\"",
            "full_name": "kubewarden/selinux-psp-policy",
            "git_clone_url": "git://github.com/kubewarden/selinux-psp-policy.git",
            "gitignore_template": null,
            "has_discussions": false,
            "has_downloads": true,
            "has_issues": true,
            "has_projects": false,
            "has_wiki": true,
            "homepage_url": "https://kubewarden.io",
            "html_url": "https://github.com/kubewarden/selinux-psp-policy",
            "http_clone_url": "https://github.com/kubewarden/selinux-psp-policy.git",
            "id": "selinux-psp-policy",
            "ignore_vulnerability_alerts_during_read": null,
            "is_template": false,
            "license_template": null,
            "merge_commit_message": "PR_TITLE",
            "merge_commit_title": "MERGE_MESSAGE",
            "name": "selinux-psp-policy",
            "node_id": "R_kgDOGZga1w",
            "pages": [],
            "primary_language": "Rust",
            "private": false,
            "repo_id": 429398743,
            "security_and_analysis": [
              {
                "advanced_security": [],
                "secret_scanning": [
                  {
                    "status": "enabled"
                  }
                ],
                "secret_scanning_push_protection": [
                  {
                    "status": "disabled"
                  }
                ]
              }
            ],
            "squash_merge_commit_message": "COMMIT_MESSAGES",
            "squash_merge_commit_title": "COMMIT_OR_PR_TITLE",
            "ssh_clone_url": "git@github.com:kubewarden/selinux-psp-policy.git",
            "svn_url": "https://github.com/kubewarden/selinux-psp-policy",
            "template": [],
            "topics": [
              "hacktoberfest",
              "kubernetes",
              "kubernetes-security",
              "kubewarden-policy",
              "pod-security-policy",
              "policy-as-code",
              "webassembly"
            ],
            "visibility": "public",
            "vulnerability_alerts": true,
            "web_commit_signoff_required": true
          },
          "sensitive_attributes": [],
          "private": "eyJzY2hlbWFfdmVyc2lvbiI6IjEifQ=="
        }
      ]
    },
    {
      "module": "module.policy_repository_selinux_psp_policy",
      "mode": "managed",
      "type": "github_team_repository",
      "name": "gh_team_push_rights",
      "provider": "provider[\"registry.terraform.io/integrations/github\"].kubewarden",
      "instances": [
        {
          "index_key": 0,
          "schema_version": 0,
          "attributes": {
            "etag": "W/\"eb1e2bb107eb2e3d5f95d475f586afb5da2c2f8a3091ef08018105be2f8f5bc8\"",
            "id": "4972867:selinux-psp-policy",
            "permission": "push",
            "repository": "selinux-psp-policy",
            "team_id": "4972867"
          },
          "sensitive_attributes": [],
          "private": "bnVsbA==",
          "dependencies": [
            "data.github_team.kubewarden_developers",
            "module.policy_repository_selinux_psp_policy.github_repository.main"
          ]
        }
      ]
    },
    {
      "module": "module.policy_repository_share_pid_namespace_policy",
      "mode": "managed",
      "type": "github_repository",
      "name": "main",
      "provider": "provider[\"registry.terraform.io/integrations/github\"].kubewarden",
      "instances": [
        {
          "schema_version": 1,
          "attributes": {
            "allow_auto_merge": false,
            "allow_merge_commit": true,
            "allow_rebase_merge": true,
            "allow_squash_merge": true,
            "allow_update_branch": false,
            "archive_on_destroy": null,
            "archived": false,
            "auto_init": false,
            "default_branch": "main",
            "delete_branch_on_merge": false,
            "description": "Policy validates pods sharing processes PID namespace",
            "etag": "W/\"3257af0be08d7364dad333dd25ca9d14208e454a62efe2981d704d36e6b9c456\"",
            "full_name": "kubewarden/share-pid-namespace-policy",
            "git_clone_url": "git://github.com/kubewarden/share-pid-namespace-policy.git",
            "gitignore_template": null,
            "has_discussions": false,
            "has_downloads": true,
            "has_issues": true,
            "has_projects": false,
            "has_wiki": true,
            "homepage_url": "https://kubewarden.io",
            "html_url": "https://github.com/kubewarden/share-pid-namespace-policy",
            "http_clone_url": "https://github.com/kubewarden/share-pid-namespace-policy.git",
            "id": "share-pid-namespace-policy",
            "ignore_vulnerability_alerts_during_read": null,
            "is_template": false,
            "license_template": null,
            "merge_commit_message": "PR_TITLE",
            "merge_commit_title": "MERGE_MESSAGE",
            "name": "share-pid-namespace-policy",
            "node_id": "R_kgDOLIG0Xg",
            "pages": [],
            "primary_language": "Rust",
            "private": false,
            "repo_id": 746697822,
            "security_and_analysis": [
              {
                "advanced_security": [],
                "secret_scanning": [
                  {
                    "status": "enabled"
                  }
                ],
                "secret_scanning_push_protection": [
                  {
                    "status": "disabled"
                  }
                ]
              }
            ],
            "squash_merge_commit_message": "COMMIT_MESSAGES",
            "squash_merge_commit_title": "COMMIT_OR_PR_TITLE",
            "ssh_clone_url": "git@github.com:kubewarden/share-pid-namespace-policy.git",
            "svn_url": "https://github.com/kubewarden/share-pid-namespace-policy",
            "template": [],
            "topics": [
              "hacktoberfest",
              "kubernetes",
              "kubernetes-security",
              "kubewarden-policy",
              "policy-as-code",
              "webassembly"
            ],
            "visibility": "public",
            "vulnerability_alerts": true,
            "web_commit_signoff_required": true
          },
          "sensitive_attributes": [],
          "private": "eyJzY2hlbWFfdmVyc2lvbiI6IjEifQ=="
        }
      ]
    },
    {
      "module": "module.policy_repository_share_pid_namespace_policy",
      "mode": "managed",
      "type": "github_team_repository",
      "name": "gh_team_push_rights",
      "provider": "provider[\"registry.terraform.io/integrations/github\"].kubewarden",
      "instances": [
        {
          "index_key": 0,
          "schema_version": 0,
          "attributes": {
            "etag": "W/\"3ac33d0e37296f25af98e478d2ba8fbb52de21d0c4d6b08394bd4443a81a8e79\"",
            "id": "4972867:share-pid-namespace-policy",
            "permission": "push",
            "repository": "share-pid-namespace-policy",
            "team_id": "4972867"
          },
          "sensitive_attributes": [],
          "private": "bnVsbA==",
          "dependencies": [
            "data.github_team.kubewarden_developers",
            "module.policy_repository_share_pid_namespace_policy.github_repository.main"
          ]
        }
      ]
    },
    {
      "module": "module.policy_repository_sleeping_policy",
      "mode": "managed",
      "type": "github_repository",
      "name": "main",
      "provider": "provider[\"registry.terraform.io/integrations/github\"].kubewarden",
      "instances": [
        {
          "schema_version": 1,
          "attributes": {
            "allow_auto_merge": false,
            "allow_merge_commit": true,
            "allow_rebase_merge": true,
            "allow_squash_merge": true,
            "allow_update_branch": false,
            "archive_on_destroy": null,
            "archived": false,
            "auto_init": null,
            "default_branch": "main",
            "delete_branch_on_merge": false,
            "description": "A test policy that simulates long running policy evaluations",
            "etag": "W/\"56efcd3a0237185db367cd6f84cfdf3f3257a6527cc252b48d5da9691b7ce6cd\"",
            "full_name": "kubewarden/sleeping-policy",
            "git_clone_url": "git://github.com/kubewarden/sleeping-policy.git",
            "gitignore_template": null,
            "has_discussions": false,
            "has_downloads": true,
            "has_issues": true,
            "has_projects": false,
            "has_wiki": true,
            "homepage_url": "https://kubewarden.io",
            "html_url": "https://github.com/kubewarden/sleeping-policy",
            "http_clone_url": "https://github.com/kubewarden/sleeping-policy.git",
            "id": "sleeping-policy",
            "ignore_vulnerability_alerts_during_read": null,
            "is_template": false,
            "license_template": null,
            "merge_commit_message": "PR_TITLE",
            "merge_commit_title": "MERGE_MESSAGE",
            "name": "sleeping-policy",
            "node_id": "R_kgDOIqOLBA",
            "pages": [],
            "primary_language": "Rust",
            "private": false,
            "repo_id": 581143300,
            "security_and_analysis": [
              {
                "advanced_security": [],
                "secret_scanning": [
                  {
                    "status": "enabled"
                  }
                ],
                "secret_scanning_push_protection": [
                  {
                    "status": "disabled"
                  }
                ]
              }
            ],
            "squash_merge_commit_message": "COMMIT_MESSAGES",
            "squash_merge_commit_title": "COMMIT_OR_PR_TITLE",
            "ssh_clone_url": "git@github.com:kubewarden/sleeping-policy.git",
            "svn_url": "https://github.com/kubewarden/sleeping-policy",
            "template": [],
            "topics": [
              "hacktoberfest",
              "kubernetes",
              "kubernetes-security",
              "kubewarden-policy",
              "policy-as-code",
              "webassembly"
            ],
            "visibility": "public",
            "vulnerability_alerts": true,
            "web_commit_signoff_required": true
          },
          "sensitive_attributes": [],
          "private": "eyJzY2hlbWFfdmVyc2lvbiI6IjEifQ=="
        }
      ]
    },
    {
      "module": "module.policy_repository_sleeping_policy",
      "mode": "managed",
      "type": "github_team_repository",
      "name": "gh_team_push_rights",
      "provider": "provider[\"registry.terraform.io/integrations/github\"].kubewarden",
      "instances": [
        {
          "index_key": 0,
          "schema_version": 0,
          "attributes": {
            "etag": "W/\"54dc3e65599505991176c834b7fb6dd6169c24994d5560618feb70f061a6b920\"",
            "id": "4972867:sleeping-policy",
            "permission": "push",
            "repository": "sleeping-policy",
            "team_id": "4972867"
          },
          "sensitive_attributes": [],
          "private": "bnVsbA==",
          "dependencies": [
            "data.github_team.kubewarden_developers",
            "module.policy_repository_sleeping_policy.github_repository.main"
          ]
        }
      ]
    },
    {
      "module": "module.policy_repository_sysctl_psp_policy",
      "mode": "managed",
      "type": "github_repository",
      "name": "main",
      "provider": "provider[\"registry.terraform.io/integrations/github\"].kubewarden",
      "instances": [
        {
          "schema_version": 1,
          "attributes": {
            "allow_auto_merge": false,
            "allow_merge_commit": true,
            "allow_rebase_merge": true,
            "allow_squash_merge": true,
            "allow_update_branch": false,
            "archive_on_destroy": null,
            "archived": false,
            "auto_init": false,
            "default_branch": "main",
            "delete_branch_on_merge": false,
            "description": "A Kubewarden policy that controls usage of sysctls",
            "etag": "W/\"10c6f85d0eec72c329b2ac0fe580b458a58db2a0626b8ea8802b605a5a3377b7\"",
            "full_name": "kubewarden/sysctl-psp-policy",
            "git_clone_url": "git://github.com/kubewarden/sysctl-psp-policy.git",
            "gitignore_template": null,
            "has_discussions": false,
            "has_downloads": true,
            "has_issues": true,
            "has_projects": false,
            "has_wiki": true,
            "homepage_url": "https://kubewarden.io",
            "html_url": "https://github.com/kubewarden/sysctl-psp-policy",
            "http_clone_url": "https://github.com/kubewarden/sysctl-psp-policy.git",
            "id": "sysctl-psp-policy",
            "ignore_vulnerability_alerts_during_read": null,
            "is_template": false,
            "license_template": null,
            "merge_commit_message": "PR_TITLE",
            "merge_commit_title": "MERGE_MESSAGE",
            "name": "sysctl-psp-policy",
            "node_id": "MDEwOlJlcG9zaXRvcnkzOTEwNzM5ODM=",
            "pages": [],
            "primary_language": "Go",
            "private": false,
            "repo_id": 391073983,
            "security_and_analysis": [
              {
                "advanced_security": [],
                "secret_scanning": [
                  {
                    "status": "enabled"
                  }
                ],
                "secret_scanning_push_protection": [
                  {
                    "status": "disabled"
                  }
                ]
              }
            ],
            "squash_merge_commit_message": "COMMIT_MESSAGES",
            "squash_merge_commit_title": "COMMIT_OR_PR_TITLE",
            "ssh_clone_url": "git@github.com:kubewarden/sysctl-psp-policy.git",
            "svn_url": "https://github.com/kubewarden/sysctl-psp-policy",
            "template": [
              {
                "include_all_branches": false,
                "owner": "kubewarden",
                "repository": "go-policy-template"
              }
            ],
            "topics": [
              "hacktoberfest",
              "kubernetes",
              "kubernetes-security",
              "kubewarden-policy",
              "pod-security-policy",
              "policy-as-code",
              "webassembly"
            ],
            "visibility": "public",
            "vulnerability_alerts": true,
            "web_commit_signoff_required": true
          },
          "sensitive_attributes": [],
          "private": "eyJzY2hlbWFfdmVyc2lvbiI6IjEifQ=="
        }
      ]
    },
    {
      "module": "module.policy_repository_sysctl_psp_policy",
      "mode": "managed",
      "type": "github_team_repository",
      "name": "gh_team_push_rights",
      "provider": "provider[\"registry.terraform.io/integrations/github\"].kubewarden",
      "instances": [
        {
          "index_key": 0,
          "schema_version": 0,
          "attributes": {
            "etag": "W/\"ef6ac7070cae459f8ab9a7e1d412bc892d2c2c82fabba3fa01a62320354f6ab2\"",
            "id": "4972867:sysctl-psp-policy",
            "permission": "push",
            "repository": "sysctl-psp-policy",
            "team_id": "4972867"
          },
          "sensitive_attributes": [],
          "private": "bnVsbA==",
          "dependencies": [
            "data.github_team.kubewarden_developers",
            "module.policy_repository_sysctl_psp_policy.github_repository.main"
          ]
        }
      ]
    },
    {
      "module": "module.policy_repository_trusted_repos_policy",
      "mode": "managed",
      "type": "github_repository",
      "name": "main",
      "provider": "provider[\"registry.terraform.io/integrations/github\"].kubewarden",
      "instances": [
        {
          "schema_version": 1,
          "attributes": {
            "allow_auto_merge": false,
            "allow_merge_commit": true,
            "allow_rebase_merge": true,
            "allow_squash_merge": true,
            "allow_update_branch": false,
            "archive_on_destroy": null,
            "archived": false,
            "auto_init": false,
            "default_branch": "main",
            "delete_branch_on_merge": false,
            "description": "A Kubewarden policy that restricts what registries, tags and images can pods on your cluster refer to",
            "etag": "W/\"588880b77095ae23824c4ff20958259ffbeab65bb7977eb941825ada56411629\"",
            "full_name": "kubewarden/trusted-repos-policy",
            "git_clone_url": "git://github.com/kubewarden/trusted-repos-policy.git",
            "gitignore_template": null,
            "has_discussions": false,
            "has_downloads": true,
            "has_issues": true,
            "has_projects": false,
            "has_wiki": true,
            "homepage_url": "https://kubewarden.io",
            "html_url": "https://github.com/kubewarden/trusted-repos-policy",
            "http_clone_url": "https://github.com/kubewarden/trusted-repos-policy.git",
            "id": "trusted-repos-policy",
            "ignore_vulnerability_alerts_during_read": null,
            "is_template": false,
            "license_template": null,
            "merge_commit_message": "PR_TITLE",
            "merge_commit_title": "MERGE_MESSAGE",
            "name": "trusted-repos-policy",
            "node_id": "MDEwOlJlcG9zaXRvcnkzNDY3NDIyOTk=",
            "pages": [],
            "primary_language": "Rust",
            "private": false,
            "repo_id": 346742299,
            "security_and_analysis": [
              {
                "advanced_security": [],
                "secret_scanning": [
                  {
                    "status": "enabled"
                  }
                ],
                "secret_scanning_push_protection": [
                  {
                    "status": "disabled"
                  }
                ]
              }
            ],
            "squash_merge_commit_message": "COMMIT_MESSAGES",
            "squash_merge_commit_title": "COMMIT_OR_PR_TITLE",
            "ssh_clone_url": "git@github.com:kubewarden/trusted-repos-policy.git",
            "svn_url": "https://github.com/kubewarden/trusted-repos-policy",
            "template": [],
            "topics": [
              "hacktoberfest",
              "kubernetes",
              "kubernetes-compliance",
              "kubernetes-security",
              "kubewarden-policy",
              "policy-as-code",
              "webassembly"
            ],
            "visibility": "public",
            "vulnerability_alerts": true,
            "web_commit_signoff_required": true
          },
          "sensitive_attributes": [],
          "private": "eyJzY2hlbWFfdmVyc2lvbiI6IjEifQ=="
        }
      ]
    },
    {
      "module": "module.policy_repository_trusted_repos_policy",
      "mode": "managed",
      "type": "github_team_repository",
      "name": "gh_team_push_rights",
      "provider": "provider[\"registry.terraform.io/integrations/github\"].kubewarden",
      "instances": [
        {
          "index_key": 0,
          "schema_version": 0,
          "attributes": {
            "etag": "W/\"f861df5dc4923a2acd9fcac65c955e8cd102dc72f6904e7d92d2fc8d17334be2\"",
            "id": "4972867:trusted-repos-policy",
            "permission": "push",
            "repository": "trusted-repos-policy",
            "team_id": "4972867"
          },
          "sensitive_attributes": [],
          "private": "bnVsbA==",
          "dependencies": [
            "data.github_team.kubewarden_developers",
            "module.policy_repository_trusted_repos_policy.github_repository.main"
          ]
        }
      ]
    },
    {
      "module": "module.policy_repository_unique_ingress_policy",
      "mode": "managed",
      "type": "github_repository",
      "name": "main",
      "provider": "provider[\"registry.terraform.io/integrations/github\"].kubewarden",
      "instances": [
        {
          "schema_version": 1,
          "attributes": {
            "allow_auto_merge": false,
            "allow_merge_commit": true,
            "allow_rebase_merge": true,
            "allow_squash_merge": true,
            "allow_update_branch": false,
            "archive_on_destroy": null,
            "archived": false,
            "auto_init": null,
            "default_branch": "main",
            "delete_branch_on_merge": false,
            "description": "Prevent the creation of Ingress resources with duplicated hosts",
            "etag": "W/\"a78bbc5eed198a3e1df4710fc906077ba42e5cd2a75652916a373e20ac5456a3\"",
            "full_name": "kubewarden/unique-ingress-policy",
            "git_clone_url": "git://github.com/kubewarden/unique-ingress-policy.git",
            "gitignore_template": null,
            "has_discussions": false,
            "has_downloads": true,
            "has_issues": true,
            "has_projects": false,
            "has_wiki": true,
            "homepage_url": "https://kubewarden.io",
            "html_url": "https://github.com/kubewarden/unique-ingress-policy",
            "http_clone_url": "https://github.com/kubewarden/unique-ingress-policy.git",
            "id": "unique-ingress-policy",
            "ignore_vulnerability_alerts_during_read": null,
            "is_template": false,
            "license_template": null,
            "merge_commit_message": "PR_TITLE",
            "merge_commit_title": "MERGE_MESSAGE",
            "name": "unique-ingress-policy",
            "node_id": "R_kgDOKoRBCw",
            "pages": [],
            "primary_language": "Open Policy Agent",
            "private": false,
            "repo_id": 713310475,
            "security_and_analysis": [
              {
                "advanced_security": [],
                "secret_scanning": [
                  {
                    "status": "enabled"
                  }
                ],
                "secret_scanning_push_protection": [
                  {
                    "status": "disabled"
                  }
                ]
              }
            ],
            "squash_merge_commit_message": "COMMIT_MESSAGES",
            "squash_merge_commit_title": "COMMIT_OR_PR_TITLE",
            "ssh_clone_url": "git@github.com:kubewarden/unique-ingress-policy.git",
            "svn_url": "https://github.com/kubewarden/unique-ingress-policy",
            "template": [],
            "topics": [
              "hacktoberfest",
              "kubernetes",
              "kubernetes-security",
              "kubewarden-policy",
              "policy-as-code",
              "webassembly"
            ],
            "visibility": "public",
            "vulnerability_alerts": true,
            "web_commit_signoff_required": true
          },
          "sensitive_attributes": [],
          "private": "eyJzY2hlbWFfdmVyc2lvbiI6IjEifQ=="
        }
      ]
    },
    {
      "module": "module.policy_repository_unique_ingress_policy",
      "mode": "managed",
      "type": "github_team_repository",
      "name": "gh_team_push_rights",
      "provider": "provider[\"registry.terraform.io/integrations/github\"].kubewarden",
      "instances": [
        {
          "index_key": 0,
          "schema_version": 0,
          "attributes": {
            "etag": "W/\"3d6f76563f5cfb1557a154ee7fe8883f04ed5fa5cbaedf20c20d53239f484a75\"",
            "id": "4972867:unique-ingress-policy",
            "permission": "push",
            "repository": "unique-ingress-policy",
            "team_id": "4972867"
          },
          "sensitive_attributes": [],
          "private": "bnVsbA==",
          "dependencies": [
            "data.github_team.kubewarden_developers",
            "module.policy_repository_unique_ingress_policy.github_repository.main"
          ]
        }
      ]
    },
    {
      "module": "module.policy_repository_unique_service_selector",
      "mode": "managed",
      "type": "github_repository",
      "name": "main",
      "provider": "provider[\"registry.terraform.io/integrations/github\"].kubewarden",
      "instances": [
        {
          "schema_version": 1,
          "attributes": {
            "allow_auto_merge": false,
            "allow_merge_commit": true,
            "allow_rebase_merge": true,
            "allow_squash_merge": true,
            "allow_update_branch": false,
            "archive_on_destroy": null,
            "archived": false,
            "auto_init": false,
            "default_branch": "main",
            "delete_branch_on_merge": false,
            "description": "Policy validates that there are no services with the same set of selectors",
            "etag": "W/\"6eb3480c03f807d9954cf74f5f5c16d3007d40eb85c8f2f87f0ef2fd83be92f9\"",
            "full_name": "kubewarden/unique-service-selector-policy",
            "git_clone_url": "git://github.com/kubewarden/unique-service-selector-policy.git",
            "gitignore_template": null,
            "has_discussions": false,
            "has_downloads": true,
            "has_issues": true,
            "has_projects": false,
            "has_wiki": true,
            "homepage_url": "https://kubewarden.io",
            "html_url": "https://github.com/kubewarden/unique-service-selector-policy",
            "http_clone_url": "https://github.com/kubewarden/unique-service-selector-policy.git",
            "id": "unique-service-selector-policy",
            "ignore_vulnerability_alerts_during_read": null,
            "is_template": false,
            "license_template": null,
            "merge_commit_message": "PR_TITLE",
            "merge_commit_title": "MERGE_MESSAGE",
            "name": "unique-service-selector-policy",
            "node_id": "R_kgDOLJMA4g",
            "pages": [],
            "primary_language": "Rust",
            "private": false,
            "repo_id": 747831522,
            "security_and_analysis": [
              {
                "advanced_security": [],
                "secret_scanning": [
                  {
                    "status": "enabled"
                  }
                ],
                "secret_scanning_push_protection": [
                  {
                    "status": "disabled"
                  }
                ]
              }
            ],
            "squash_merge_commit_message": "COMMIT_MESSAGES",
            "squash_merge_commit_title": "COMMIT_OR_PR_TITLE",
            "ssh_clone_url": "git@github.com:kubewarden/unique-service-selector-policy.git",
            "svn_url": "https://github.com/kubewarden/unique-service-selector-policy",
            "template": [],
            "topics": [
              "hacktoberfest",
              "kubernetes",
              "kubernetes-security",
              "kubewarden-policy",
              "policy-as-code",
              "webassembly"
            ],
            "visibility": "public",
            "vulnerability_alerts": true,
            "web_commit_signoff_required": true
          },
          "sensitive_attributes": [],
          "private": "eyJzY2hlbWFfdmVyc2lvbiI6IjEifQ=="
        }
      ]
    },
    {
      "module": "module.policy_repository_unique_service_selector",
      "mode": "managed",
      "type": "github_team_repository",
      "name": "gh_team_push_rights",
      "provider": "provider[\"registry.terraform.io/integrations/github\"].kubewarden",
      "instances": [
        {
          "index_key": 0,
          "schema_version": 0,
          "attributes": {
            "etag": "W/\"6b9af5c0ab886bb3349f5d4d249b09d05f66623325615eebaa02dc9ee6972b9f\"",
            "id": "4972867:unique-service-selector-policy",
            "permission": "push",
            "repository": "unique-service-selector-policy",
            "team_id": "4972867"
          },
          "sensitive_attributes": [],
          "private": "bnVsbA==",
          "dependencies": [
            "data.github_team.kubewarden_developers",
            "module.policy_repository_unique_service_selector.github_repository.main"
          ]
        }
      ]
    },
    {
      "module": "module.policy_repository_user_group_psp_policy",
      "mode": "managed",
      "type": "github_repository",
      "name": "main",
      "provider": "provider[\"registry.terraform.io/integrations/github\"].kubewarden",
      "instances": [
        {
          "schema_version": 1,
          "attributes": {
            "allow_auto_merge": false,
            "allow_merge_commit": true,
            "allow_rebase_merge": true,
            "allow_squash_merge": true,
            "allow_update_branch": false,
            "archive_on_destroy": null,
            "archived": false,
            "auto_init": false,
            "default_branch": "main",
            "delete_branch_on_merge": false,
            "description": "This Kubewarden Policy is a replacement for the Kubernetes Pod Security Policy that controls containers user and groups",
            "etag": "W/\"574460f4940d070b939495124c0e2069079d12fb20c83e225b5d4adde029955e\"",
            "full_name": "kubewarden/user-group-psp-policy",
            "git_clone_url": "git://github.com/kubewarden/user-group-psp-policy.git",
            "gitignore_template": null,
            "has_discussions": false,
            "has_downloads": true,
            "has_issues": true,
            "has_projects": false,
            "has_wiki": true,
            "homepage_url": "https://kubewarden.io",
            "html_url": "https://github.com/kubewarden/user-group-psp-policy",
            "http_clone_url": "https://github.com/kubewarden/user-group-psp-policy.git",
            "id": "user-group-psp-policy",
            "ignore_vulnerability_alerts_during_read": null,
            "is_template": false,
            "license_template": null,
            "merge_commit_message": "PR_TITLE",
            "merge_commit_title": "MERGE_MESSAGE",
            "name": "user-group-psp-policy",
            "node_id": "MDEwOlJlcG9zaXRvcnk0MDcyMDkwNjQ=",
            "pages": [],
            "primary_language": "Rust",
            "private": false,
            "repo_id": 407209064,
            "security_and_analysis": [
              {
                "advanced_security": [],
                "secret_scanning": [
                  {
                    "status": "enabled"
                  }
                ],
                "secret_scanning_push_protection": [
                  {
                    "status": "disabled"
                  }
                ]
              }
            ],
            "squash_merge_commit_message": "COMMIT_MESSAGES",
            "squash_merge_commit_title": "COMMIT_OR_PR_TITLE",
            "ssh_clone_url": "git@github.com:kubewarden/user-group-psp-policy.git",
            "svn_url": "https://github.com/kubewarden/user-group-psp-policy",
            "template": [],
            "topics": [
              "hacktoberfest",
              "kubernetes",
              "kubernetes-security",
              "kubewarden-policy",
              "pod-security-policy",
              "policy-as-code",
              "webassembly"
            ],
            "visibility": "public",
            "vulnerability_alerts": true,
            "web_commit_signoff_required": true
          },
          "sensitive_attributes": [],
          "private": "eyJzY2hlbWFfdmVyc2lvbiI6IjEifQ=="
        }
      ]
    },
    {
      "module": "module.policy_repository_user_group_psp_policy",
      "mode": "managed",
      "type": "github_team_repository",
      "name": "gh_team_push_rights",
      "provider": "provider[\"registry.terraform.io/integrations/github\"].kubewarden",
      "instances": [
        {
          "index_key": 0,
          "schema_version": 0,
          "attributes": {
            "etag": "W/\"83d623e82f86a8f7d53cedb2c16338522cbf49e0a07c64ba43d7187c8d018ab5\"",
            "id": "4972867:user-group-psp-policy",
            "permission": "push",
            "repository": "user-group-psp-policy",
            "team_id": "4972867"
          },
          "sensitive_attributes": [],
          "private": "bnVsbA==",
          "dependencies": [
            "data.github_team.kubewarden_developers",
            "module.policy_repository_user_group_psp_policy.github_repository.main"
          ]
        }
      ]
    },
    {
      "module": "module.policy_repository_verify_image_signatures_policy",
      "mode": "managed",
      "type": "github_repository",
      "name": "main",
      "provider": "provider[\"registry.terraform.io/integrations/github\"].kubewarden",
      "instances": [
        {
          "schema_version": 1,
          "attributes": {
            "allow_auto_merge": false,
            "allow_merge_commit": true,
            "allow_rebase_merge": true,
            "allow_squash_merge": true,
            "allow_update_branch": false,
            "archive_on_destroy": null,
            "archived": false,
            "auto_init": null,
            "default_branch": "main",
            "delete_branch_on_merge": false,
            "description": "A Kubewarden Policy that verifies all the signatures of the container images referenced by a Pod",
            "etag": "W/\"14494caaaebceb3c3f7280a1e3a7725d347f7b400389f677c46e856f9f79f539\"",
            "full_name": "kubewarden/verify-image-signatures",
            "git_clone_url": "git://github.com/kubewarden/verify-image-signatures.git",
            "gitignore_template": null,
            "has_discussions": false,
            "has_downloads": true,
            "has_issues": true,
            "has_projects": false,
            "has_wiki": true,
            "homepage_url": "https://kubewarden.io",
            "html_url": "https://github.com/kubewarden/verify-image-signatures",
            "http_clone_url": "https://github.com/kubewarden/verify-image-signatures.git",
            "id": "verify-image-signatures",
            "ignore_vulnerability_alerts_during_read": null,
            "is_template": false,
            "license_template": null,
            "merge_commit_message": "PR_TITLE",
            "merge_commit_title": "MERGE_MESSAGE",
            "name": "verify-image-signatures",
            "node_id": "R_kgDOHIZStg",
            "pages": [],
            "primary_language": "Rust",
            "private": false,
            "repo_id": 478565046,
            "security_and_analysis": [
              {
                "advanced_security": [],
                "secret_scanning": [
                  {
                    "status": "enabled"
                  }
                ],
                "secret_scanning_push_protection": [
                  {
                    "status": "disabled"
                  }
                ]
              }
            ],
            "squash_merge_commit_message": "COMMIT_MESSAGES",
            "squash_merge_commit_title": "COMMIT_OR_PR_TITLE",
            "ssh_clone_url": "git@github.com:kubewarden/verify-image-signatures.git",
            "svn_url": "https://github.com/kubewarden/verify-image-signatures",
            "template": [],
            "topics": [
              "hacktoberfest",
              "kubernetes",
              "kubernetes-security",
              "kubewarden-policy",
              "pod-security-policy",
              "policy-as-code",
              "webassembly"
            ],
            "visibility": "public",
            "vulnerability_alerts": true,
            "web_commit_signoff_required": true
          },
          "sensitive_attributes": [],
          "private": "eyJzY2hlbWFfdmVyc2lvbiI6IjEifQ=="
        }
      ]
    },
    {
      "module": "module.policy_repository_verify_image_signatures_policy",
      "mode": "managed",
      "type": "github_team_repository",
      "name": "gh_team_push_rights",
      "provider": "provider[\"registry.terraform.io/integrations/github\"].kubewarden",
      "instances": [
        {
          "index_key": 0,
          "schema_version": 0,
          "attributes": {
            "etag": "W/\"8205372ad24fe652e0fa8800248f06e81f2a7e349283a2c1582521c8eea4ee3e\"",
            "id": "4972867:verify-image-signatures",
            "permission": "push",
            "repository": "verify-image-signatures",
            "team_id": "4972867"
          },
          "sensitive_attributes": [],
          "private": "bnVsbA==",
          "dependencies": [
            "data.github_team.kubewarden_developers",
            "module.policy_repository_verify_image_signatures_policy.github_repository.main"
          ]
        }
      ]
    },
    {
      "module": "module.policy_repository_volumeMounts_policy",
      "mode": "managed",
      "type": "github_repository",
      "name": "main",
      "provider": "provider[\"registry.terraform.io/integrations/github\"].kubewarden",
      "instances": [
        {
          "schema_version": 1,
          "attributes": {
            "allow_auto_merge": false,
            "allow_merge_commit": true,
            "allow_rebase_merge": true,
            "allow_squash_merge": true,
            "allow_update_branch": false,
            "archive_on_destroy": null,
            "archived": false,
            "auto_init": null,
            "default_branch": "main",
            "delete_branch_on_merge": false,
            "description": "A Kubewarden Policy that controls the usage of `volumeMounts`",
            "etag": "W/\"046a825c7cedb6fa6019d25216eefdc5101729ec0d6c7ec9241e2eb03cd40761\"",
            "full_name": "kubewarden/volumeMounts-policy",
            "git_clone_url": "git://github.com/kubewarden/volumeMounts-policy.git",
            "gitignore_template": null,
            "has_discussions": false,
            "has_downloads": true,
            "has_issues": true,
            "has_projects": false,
            "has_wiki": true,
            "homepage_url": "https://kubewarden.io",
            "html_url": "https://github.com/kubewarden/volumeMounts-policy",
            "http_clone_url": "https://github.com/kubewarden/volumeMounts-policy.git",
            "id": "volumeMounts-policy",
            "ignore_vulnerability_alerts_during_read": null,
            "is_template": false,
            "license_template": null,
            "merge_commit_message": "PR_TITLE",
            "merge_commit_title": "MERGE_MESSAGE",
            "name": "volumeMounts-policy",
            "node_id": "R_kgDOIKAmbA",
            "pages": [],
            "primary_language": "Rust",
            "private": false,
            "repo_id": 547366508,
            "security_and_analysis": [
              {
                "advanced_security": [],
                "secret_scanning": [
                  {
                    "status": "enabled"
                  }
                ],
                "secret_scanning_push_protection": [
                  {
                    "status": "disabled"
                  }
                ]
              }
            ],
            "squash_merge_commit_message": "COMMIT_MESSAGES",
            "squash_merge_commit_title": "COMMIT_OR_PR_TITLE",
            "ssh_clone_url": "git@github.com:kubewarden/volumeMounts-policy.git",
            "svn_url": "https://github.com/kubewarden/volumeMounts-policy",
            "template": [],
            "topics": [
              "hacktoberfest",
              "kubernetes",
              "kubernetes-security",
              "kubewarden-policy",
              "policy-as-code",
              "webassembly"
            ],
            "visibility": "public",
            "vulnerability_alerts": true,
            "web_commit_signoff_required": true
          },
          "sensitive_attributes": [],
          "private": "eyJzY2hlbWFfdmVyc2lvbiI6IjEifQ=="
        }
      ]
    },
    {
      "module": "module.policy_repository_volumeMounts_policy",
      "mode": "managed",
      "type": "github_team_repository",
      "name": "gh_team_push_rights",
      "provider": "provider[\"registry.terraform.io/integrations/github\"].kubewarden",
      "instances": [
        {
          "index_key": 0,
          "schema_version": 0,
          "attributes": {
            "etag": "W/\"109fc9818076a401494a197cd503a1f0e9d5b22b23c06ee4c617b6bcfffcdc10\"",
            "id": "4972867:volumeMounts-policy",
            "permission": "push",
            "repository": "volumeMounts-policy",
            "team_id": "4972867"
          },
          "sensitive_attributes": [],
          "private": "bnVsbA==",
          "dependencies": [
            "data.github_team.kubewarden_developers",
            "module.policy_repository_volumeMounts_policy.github_repository.main"
          ]
        }
      ]
    },
    {
      "module": "module.policy_repository_volumes_psp_policy",
      "mode": "managed",
      "type": "github_repository",
      "name": "main",
      "provider": "provider[\"registry.terraform.io/integrations/github\"].kubewarden",
      "instances": [
        {
          "schema_version": 1,
          "attributes": {
            "allow_auto_merge": false,
            "allow_merge_commit": true,
            "allow_rebase_merge": true,
            "allow_squash_merge": true,
            "allow_update_branch": false,
            "archive_on_destroy": null,
            "archived": false,
            "auto_init": false,
            "default_branch": "main",
            "delete_branch_on_merge": false,
            "description": "Replacement for the Kubernetes Pod Security Policy that controls the usage of volumes",
            "etag": "W/\"bacab6df9bd8dec4b65fc23a75fd2cb47bec77944184e8edc7312c676381b62e\"",
            "full_name": "kubewarden/volumes-psp-policy",
            "git_clone_url": "git://github.com/kubewarden/volumes-psp-policy.git",
            "gitignore_template": null,
            "has_discussions": false,
            "has_downloads": true,
            "has_issues": true,
            "has_projects": false,
            "has_wiki": true,
            "homepage_url": "https://kubewarden.io",
            "html_url": "https://github.com/kubewarden/volumes-psp-policy",
            "http_clone_url": "https://github.com/kubewarden/volumes-psp-policy.git",
            "id": "volumes-psp-policy",
            "ignore_vulnerability_alerts_during_read": null,
            "is_template": false,
            "license_template": null,
            "merge_commit_message": "PR_TITLE",
            "merge_commit_title": "MERGE_MESSAGE",
            "name": "volumes-psp-policy",
            "node_id": "MDEwOlJlcG9zaXRvcnkzOTQ5NDQwODQ=",
            "pages": [],
            "primary_language": "Go",
            "private": false,
            "repo_id": 394944084,
            "security_and_analysis": [
              {
                "advanced_security": [],
                "secret_scanning": [
                  {
                    "status": "enabled"
                  }
                ],
                "secret_scanning_push_protection": [
                  {
                    "status": "disabled"
                  }
                ]
              }
            ],
            "squash_merge_commit_message": "COMMIT_MESSAGES",
            "squash_merge_commit_title": "COMMIT_OR_PR_TITLE",
            "ssh_clone_url": "git@github.com:kubewarden/volumes-psp-policy.git",
            "svn_url": "https://github.com/kubewarden/volumes-psp-policy",
            "template": [
              {
                "include_all_branches": false,
                "owner": "kubewarden",
                "repository": "go-policy-template"
              }
            ],
            "topics": [
              "hacktoberfest",
              "kubernetes",
              "kubernetes-security",
              "kubewarden-policy",
              "pod-security-policy",
              "policy-as-code",
              "webassembly"
            ],
            "visibility": "public",
            "vulnerability_alerts": true,
            "web_commit_signoff_required": true
          },
          "sensitive_attributes": [],
          "private": "eyJzY2hlbWFfdmVyc2lvbiI6IjEifQ=="
        }
      ]
    },
    {
      "module": "module.policy_repository_volumes_psp_policy",
      "mode": "managed",
      "type": "github_team_repository",
      "name": "gh_team_push_rights",
      "provider": "provider[\"registry.terraform.io/integrations/github\"].kubewarden",
      "instances": [
        {
          "index_key": 0,
          "schema_version": 0,
          "attributes": {
            "etag": "W/\"df705c60451677314dab8331873378dbcae99e2733c91c7b1eed741dbeffcbb7\"",
            "id": "4972867:volumes-psp-policy",
            "permission": "push",
            "repository": "volumes-psp-policy",
            "team_id": "4972867"
          },
          "sensitive_attributes": [],
          "private": "bnVsbA==",
          "dependencies": [
            "data.github_team.kubewarden_developers",
            "module.policy_repository_volumes_psp_policy.github_repository.main"
          ]
        }
      ]
    },
    {
      "module": "module.policy_sdk_repository_dotnet",
      "mode": "managed",
      "type": "github_app_installation_repository",
      "name": "app_dco",
      "provider": "provider[\"registry.terraform.io/integrations/github\"].kubewarden",
      "instances": [
        {
          "schema_version": 0,
          "attributes": {
            "id": "29141080:policy-sdk-dotnet",
            "installation_id": "29141080",
            "repo_id": 510336802,
            "repository": "policy-sdk-dotnet"
          },
          "sensitive_attributes": [],
          "private": "bnVsbA==",
          "dependencies": [
            "module.policy_sdk_repository_dotnet.github_repository.main"
          ]
        }
      ]
    },
    {
      "module": "module.policy_sdk_repository_dotnet",
      "mode": "managed",
      "type": "github_issue_label",
      "name": "label",
      "provider": "provider[\"registry.terraform.io/integrations/github\"].kubewarden",
      "instances": [
        {
          "index_key": 0,
          "schema_version": 0,
          "attributes": {
            "color": "D3D7CF",
            "description": "",
            "etag": "W/\"87112da8b870dd396180743e3beb7ad835ff2cf7170baeba5d0e67d5c52e843b\"",
            "id": "policy-sdk-dotnet:area/dependencies",
            "name": "area/dependencies",
            "repository": "policy-sdk-dotnet",
            "url": "https://api.github.com/repos/kubewarden/policy-sdk-dotnet/labels/area/dependencies"
          },
          "sensitive_attributes": [],
          "private": "bnVsbA==",
          "dependencies": [
            "module.policy_sdk_repository_dotnet.github_repository.main"
          ]
        },
        {
          "index_key": 1,
          "schema_version": 0,
          "attributes": {
            "color": "7057ff",
            "description": "",
            "etag": "W/\"44f9e08ef5bc68af4ad59bc16373d9a2366ebc4e6c2fe010c6c0b4da11bec471\"",
            "id": "policy-sdk-dotnet:kind/automation",
            "name": "good first issue",
            "repository": "policy-sdk-dotnet",
            "url": "https://api.github.com/repos/kubewarden/policy-sdk-dotnet/labels/kind/automation"
          },
          "sensitive_attributes": [],
          "private": "bnVsbA==",
          "dependencies": [
            "module.policy_sdk_repository_dotnet.github_repository.main"
          ]
        },
        {
          "index_key": 2,
          "schema_version": 0,
          "attributes": {
            "color": "3465A4",
            "description": "",
            "etag": "W/\"9610464914766c9017d31367854a7a6dfd5d59c2ddbf6f72b683c27ae3e7d254\"",
            "id": "policy-sdk-dotnet:kind/breaking-change",
            "name": "kind/automation",
            "repository": "policy-sdk-dotnet",
            "url": "https://api.github.com/repos/kubewarden/policy-sdk-dotnet/labels/kind/breaking-change"
          },
          "sensitive_attributes": [],
          "private": "bnVsbA==",
          "dependencies": [
            "module.policy_sdk_repository_dotnet.github_repository.main"
          ]
        },
        {
          "index_key": 3,
          "schema_version": 0,
          "attributes": {
            "color": "FCE94F",
            "description": "",
            "etag": "W/\"c47714e826810167fe8ce481d02efeeece065d950a74e3ae420d5260b1ba4aba\"",
            "id": "policy-sdk-dotnet:kind/bug",
            "name": "kind/breaking-change",
            "repository": "policy-sdk-dotnet",
            "url": "https://api.github.com/repos/kubewarden/policy-sdk-dotnet/labels/kind/bug"
          },
          "sensitive_attributes": [],
          "private": "bnVsbA==",
          "dependencies": [
            "module.policy_sdk_repository_dotnet.github_repository.main"
          ]
        },
        {
          "index_key": 4,
          "schema_version": 0,
          "attributes": {
            "color": "EF2929",
            "description": "",
            "etag": "W/\"4a8dfa48a10de1923ced02b9b3c2171bc734b64530568cbd753db18e30bea680\"",
            "id": "policy-sdk-dotnet:kind/chore",
            "name": "kind/bug",
            "repository": "policy-sdk-dotnet",
            "url": "https://api.github.com/repos/kubewarden/policy-sdk-dotnet/labels/kind/chore"
          },
          "sensitive_attributes": [],
          "private": "bnVsbA==",
          "dependencies": [
            "module.policy_sdk_repository_dotnet.github_repository.main"
          ]
        },
        {
          "index_key": 5,
          "schema_version": 0,
          "attributes": {
            "color": "555753",
            "description": "",
            "etag": "W/\"3c642b6b431ca2f69b0dd6d56bd7c69fad0a589ffa55a2a62279d9721a54f308\"",
            "id": "policy-sdk-dotnet:kind/enhancement",
            "name": "kind/chore",
            "repository": "policy-sdk-dotnet",
            "url": "https://api.github.com/repos/kubewarden/policy-sdk-dotnet/labels/kind/enhancement"
          },
          "sensitive_attributes": [],
          "private": "bnVsbA==",
          "dependencies": [
            "module.policy_sdk_repository_dotnet.github_repository.main"
          ]
        },
        {
          "index_key": 6,
          "schema_version": 0,
          "attributes": {
            "color": "06989A",
            "description": "",
            "etag": "W/\"d3c9c92698ed4c5e989f5f5f6db29aa51a4e9df8628467c4516495e956102a11\"",
            "id": "policy-sdk-dotnet:kind/feature",
            "name": "kind/enhancement",
            "repository": "policy-sdk-dotnet",
            "url": "https://api.github.com/repos/kubewarden/policy-sdk-dotnet/labels/kind/feature"
          },
          "sensitive_attributes": [],
          "private": "bnVsbA==",
          "dependencies": [
            "module.policy_sdk_repository_dotnet.github_repository.main"
          ]
        },
        {
          "index_key": 7,
          "schema_version": 0,
          "attributes": {
            "color": "34E2E2",
            "description": "",
            "etag": "W/\"f46d14a1be742b7c67466d9e272b515ddf6c5c711baaadf626f0a5537d081033\"",
            "id": "policy-sdk-dotnet:kind/question",
            "name": "kind/feature",
            "repository": "policy-sdk-dotnet",
            "url": "https://api.github.com/repos/kubewarden/policy-sdk-dotnet/labels/kind/question"
          },
          "sensitive_attributes": [],
          "private": "bnVsbA==",
          "dependencies": [
            "module.policy_sdk_repository_dotnet.github_repository.main"
          ]
        },
        {
          "index_key": 8,
          "schema_version": 0,
          "attributes": {
            "color": "ad7fa8",
            "description": "",
            "etag": "W/\"635d01f44d6d73546c9ef63e57b9b95b3dff1d89edf1706828c33111e907d116\"",
            "id": "policy-sdk-dotnet:kind/tech-debt",
            "name": "kind/question",
            "repository": "policy-sdk-dotnet",
            "url": "https://api.github.com/repos/kubewarden/policy-sdk-dotnet/labels/kind/tech-debt"
          },
          "sensitive_attributes": [],
          "private": "bnVsbA==",
          "dependencies": [
            "module.policy_sdk_repository_dotnet.github_repository.main"
          ]
        },
        {
          "index_key": 9,
          "schema_version": 0,
          "attributes": {
            "color": "729FCF",
            "description": "",
            "etag": "W/\"771e2be79bc952d1289f4615561c6a0a7e7ad5ec1ff10f1e89d242d8cec46be6\"",
            "id": "policy-sdk-dotnet:kind/to-be-refined",
            "name": "kind/tech-debt",
            "repository": "policy-sdk-dotnet",
            "url": "https://api.github.com/repos/kubewarden/policy-sdk-dotnet/labels/kind/to-be-refined"
          },
          "sensitive_attributes": [],
          "private": "bnVsbA==",
          "dependencies": [
            "module.policy_sdk_repository_dotnet.github_repository.main"
          ]
        },
        {
          "index_key": 10,
          "schema_version": 0,
          "attributes": {
            "color": "B14FCF",
            "description": "",
            "etag": "W/\"2c06e2509a26ba63b87336d8f247fb8761dad59c7251d9af1131aeee2b51139f\"",
            "id": "policy-sdk-dotnet:release/minor",
            "name": "kind/to-be-refined",
            "repository": "policy-sdk-dotnet",
            "url": "https://api.github.com/repos/kubewarden/policy-sdk-dotnet/labels/release/minor"
          },
          "sensitive_attributes": [],
          "private": "bnVsbA==",
          "dependencies": [
            "module.policy_sdk_repository_dotnet.github_repository.main"
          ]
        },
        {
          "index_key": 11,
          "schema_version": 0,
          "attributes": {
            "color": "8AE234",
            "description": "",
            "etag": "W/\"02e547261dd21c9913c55f3327a63c20cda681690b73e5c1b86a59e50f24dc6c\"",
            "id": "policy-sdk-dotnet:release/major",
            "name": "release/major",
            "repository": "policy-sdk-dotnet",
            "url": "https://api.github.com/repos/kubewarden/policy-sdk-dotnet/labels/release/major"
          },
          "sensitive_attributes": [],
          "private": "bnVsbA==",
          "dependencies": [
            "module.policy_sdk_repository_dotnet.github_repository.main"
          ]
        },
        {
          "index_key": 12,
          "schema_version": 0,
          "attributes": {
            "color": "4E9A06",
            "description": "",
            "etag": "W/\"38eeaf13a94d0e5a2c368eb21d1b3e3654f1b03a330b0cbd523b4503622c8238\"",
            "id": "policy-sdk-dotnet:release/skip-changelog",
            "name": "release/minor",
            "repository": "policy-sdk-dotnet",
            "url": "https://api.github.com/repos/kubewarden/policy-sdk-dotnet/labels/release/skip-changelog"
          },
          "sensitive_attributes": [],
          "private": "bnVsbA==",
          "dependencies": [
            "module.policy_sdk_repository_dotnet.github_repository.main"
          ]
        },
        {
          "index_key": 13,
          "schema_version": 0,
          "attributes": {
            "color": "aa6600",
            "description": "",
            "etag": "W/\"24296a84188dfb04d45e7947fa382e57136e98cd0287aee19f03782af64208d1\"",
            "id": "policy-sdk-dotnet:release/patch",
            "name": "release/patch",
            "repository": "policy-sdk-dotnet",
            "url": "https://api.github.com/repos/kubewarden/policy-sdk-dotnet/labels/release/patch"
          },
          "sensitive_attributes": [],
          "private": "bnVsbA==",
          "dependencies": [
            "module.policy_sdk_repository_dotnet.github_repository.main"
          ]
        },
        {
          "index_key": 14,
          "schema_version": 0,
          "attributes": {
            "color": "77cc00",
            "description": "",
            "etag": "W/\"38eeaf13a94d0e5a2c368eb21d1b3e3654f1b03a330b0cbd523b4503622c8238\"",
            "id": "policy-sdk-dotnet:release/skip-changelog",
            "name": "release/skip-changelog",
            "repository": "policy-sdk-dotnet",
            "url": "https://api.github.com/repos/kubewarden/policy-sdk-dotnet/labels/release/skip-changelog"
          },
          "sensitive_attributes": [],
          "private": "bnVsbA==",
          "dependencies": [
            "module.policy_sdk_repository_dotnet.github_repository.main"
          ]
        }
      ]
    },
    {
      "module": "module.policy_sdk_repository_dotnet",
      "mode": "managed",
      "type": "github_repository",
      "name": "main",
      "provider": "provider[\"registry.terraform.io/integrations/github\"].kubewarden",
      "instances": [
        {
          "schema_version": 1,
          "attributes": {
            "allow_auto_merge": false,
            "allow_merge_commit": true,
            "allow_rebase_merge": true,
            "allow_squash_merge": true,
            "allow_update_branch": false,
            "archive_on_destroy": null,
            "archived": false,
            "auto_init": null,
            "default_branch": "main",
            "delete_branch_on_merge": false,
            "description": "Kubewarden Policy SDK for the .NET platform",
            "etag": "W/\"bf01783f266e00f50ea0bdc41f76c34dd7ff5fac67800f591ab7dd919f7cbfcd\"",
            "full_name": "kubewarden/policy-sdk-dotnet",
            "git_clone_url": "git://github.com/kubewarden/policy-sdk-dotnet.git",
            "gitignore_template": null,
            "has_discussions": false,
            "has_downloads": true,
            "has_issues": true,
            "has_projects": false,
            "has_wiki": true,
            "homepage_url": "https://kubewarden.io",
            "html_url": "https://github.com/kubewarden/policy-sdk-dotnet",
            "http_clone_url": "https://github.com/kubewarden/policy-sdk-dotnet.git",
            "id": "policy-sdk-dotnet",
            "ignore_vulnerability_alerts_during_read": null,
            "is_template": false,
            "license_template": null,
            "merge_commit_message": "PR_TITLE",
            "merge_commit_title": "MERGE_MESSAGE",
            "name": "policy-sdk-dotnet",
            "node_id": "R_kgDOHmsfIg",
            "pages": [],
            "primary_language": "C#",
            "private": false,
            "repo_id": 510336802,
            "security_and_analysis": [
              {
                "advanced_security": [],
                "secret_scanning": [
                  {
                    "status": "enabled"
                  }
                ],
                "secret_scanning_push_protection": [
                  {
                    "status": "disabled"
                  }
                ]
              }
            ],
            "squash_merge_commit_message": "COMMIT_MESSAGES",
            "squash_merge_commit_title": "COMMIT_OR_PR_TITLE",
            "ssh_clone_url": "git@github.com:kubewarden/policy-sdk-dotnet.git",
            "svn_url": "https://github.com/kubewarden/policy-sdk-dotnet",
            "template": [],
            "topics": [
              "csharp",
              "dotnet",
              "hacktoberfest",
              "kubernetes",
              "kubernetes-security",
              "kubewarden-policy-sdk",
              "policy-as-code",
              "webassembly"
            ],
            "visibility": "public",
            "vulnerability_alerts": true,
            "web_commit_signoff_required": true
          },
          "sensitive_attributes": [],
          "private": "eyJzY2hlbWFfdmVyc2lvbiI6IjEifQ=="
        }
      ]
    },
    {
      "module": "module.policy_sdk_repository_dotnet",
      "mode": "managed",
      "type": "github_team_repository",
      "name": "gh_team_push_rights",
      "provider": "provider[\"registry.terraform.io/integrations/github\"].kubewarden",
      "instances": [
        {
          "index_key": 0,
          "schema_version": 0,
          "attributes": {
            "etag": "W/\"01a5886f3fe76b81b504f494b922c359dd2f1576b7920c9096ec7c3e46b8df61\"",
            "id": "4972867:policy-sdk-dotnet",
            "permission": "push",
            "repository": "policy-sdk-dotnet",
            "team_id": "4972867"
          },
          "sensitive_attributes": [],
          "private": "bnVsbA==",
          "dependencies": [
            "data.github_team.kubewarden_developers",
            "module.policy_sdk_repository_dotnet.github_repository.main"
          ]
        }
      ]
    },
    {
      "module": "module.policy_sdk_repository_go",
      "mode": "managed",
      "type": "github_app_installation_repository",
      "name": "app_dco",
      "provider": "provider[\"registry.terraform.io/integrations/github\"].kubewarden",
      "instances": [
        {
          "schema_version": 0,
          "attributes": {
            "id": "29141080:policy-sdk-go",
            "installation_id": "29141080",
            "repo_id": 349421874,
            "repository": "policy-sdk-go"
          },
          "sensitive_attributes": [],
          "private": "bnVsbA==",
          "dependencies": [
            "module.policy_sdk_repository_go.github_repository.main"
          ]
        }
      ]
    },
    {
      "module": "module.policy_sdk_repository_go",
      "mode": "managed",
      "type": "github_issue_label",
      "name": "label",
      "provider": "provider[\"registry.terraform.io/integrations/github\"].kubewarden",
      "instances": [
        {
          "index_key": 0,
          "schema_version": 0,
          "attributes": {
            "color": "D3D7CF",
            "description": "",
            "etag": "W/\"61c32d2632a97ee86ecaa11256fc777a666f2852bcea91d33f15256b73b66508\"",
            "id": "policy-sdk-go:area/dependencies",
            "name": "area/dependencies",
            "repository": "policy-sdk-go",
            "url": "https://api.github.com/repos/kubewarden/policy-sdk-go/labels/area/dependencies"
          },
          "sensitive_attributes": [],
          "private": "bnVsbA==",
          "dependencies": [
            "module.policy_sdk_repository_go.github_repository.main"
          ]
        },
        {
          "index_key": 1,
          "schema_version": 0,
          "attributes": {
            "color": "7057ff",
            "description": "",
            "etag": "W/\"1a1263f7f55adc0988e35481d13d5c5092f239f43ad6150dcd0ea2b52fae26cb\"",
            "id": "policy-sdk-go:kind/automation",
            "name": "good first issue",
            "repository": "policy-sdk-go",
            "url": "https://api.github.com/repos/kubewarden/policy-sdk-go/labels/kind/automation"
          },
          "sensitive_attributes": [],
          "private": "bnVsbA==",
          "dependencies": [
            "module.policy_sdk_repository_go.github_repository.main"
          ]
        },
        {
          "index_key": 2,
          "schema_version": 0,
          "attributes": {
            "color": "3465A4",
            "description": "",
            "etag": "W/\"2dbd508a3a2af96b5def1b99445ca2975270ba141a0bf1ba0abe685a0359dc51\"",
            "id": "policy-sdk-go:kind/breaking-change",
            "name": "kind/automation",
            "repository": "policy-sdk-go",
            "url": "https://api.github.com/repos/kubewarden/policy-sdk-go/labels/kind/breaking-change"
          },
          "sensitive_attributes": [],
          "private": "bnVsbA==",
          "dependencies": [
            "module.policy_sdk_repository_go.github_repository.main"
          ]
        },
        {
          "index_key": 3,
          "schema_version": 0,
          "attributes": {
            "color": "FCE94F",
            "description": "",
            "etag": "W/\"50c7d7482b26a91835c5c246e33d280a50814a615afdadc4bf48d4ea6e704d60\"",
            "id": "policy-sdk-go:kind/bug",
            "name": "kind/breaking-change",
            "repository": "policy-sdk-go",
            "url": "https://api.github.com/repos/kubewarden/policy-sdk-go/labels/kind/bug"
          },
          "sensitive_attributes": [],
          "private": "bnVsbA==",
          "dependencies": [
            "module.policy_sdk_repository_go.github_repository.main"
          ]
        },
        {
          "index_key": 4,
          "schema_version": 0,
          "attributes": {
            "color": "EF2929",
            "description": "",
            "etag": "W/\"dc642385054f2c598f318fd7d3324ee92e4f3986d9de35221535614b423914ca\"",
            "id": "policy-sdk-go:kind/chore",
            "name": "kind/bug",
            "repository": "policy-sdk-go",
            "url": "https://api.github.com/repos/kubewarden/policy-sdk-go/labels/kind/chore"
          },
          "sensitive_attributes": [],
          "private": "bnVsbA==",
          "dependencies": [
            "module.policy_sdk_repository_go.github_repository.main"
          ]
        },
        {
          "index_key": 5,
          "schema_version": 0,
          "attributes": {
            "color": "555753",
            "description": "",
            "etag": "W/\"56700e64bf0a5b6b22f6ec656e0e19a2dbd45ba24b85e266350f7aa0dd0f7e76\"",
            "id": "policy-sdk-go:kind/enhancement",
            "name": "kind/chore",
            "repository": "policy-sdk-go",
            "url": "https://api.github.com/repos/kubewarden/policy-sdk-go/labels/kind/enhancement"
          },
          "sensitive_attributes": [],
          "private": "bnVsbA==",
          "dependencies": [
            "module.policy_sdk_repository_go.github_repository.main"
          ]
        },
        {
          "index_key": 6,
          "schema_version": 0,
          "attributes": {
            "color": "06989A",
            "description": "",
            "etag": "W/\"286d154953872485424769d59660d86127cf2037613f647173d9469c28d784d7\"",
            "id": "policy-sdk-go:kind/feature",
            "name": "kind/enhancement",
            "repository": "policy-sdk-go",
            "url": "https://api.github.com/repos/kubewarden/policy-sdk-go/labels/kind/feature"
          },
          "sensitive_attributes": [],
          "private": "bnVsbA==",
          "dependencies": [
            "module.policy_sdk_repository_go.github_repository.main"
          ]
        },
        {
          "index_key": 7,
          "schema_version": 0,
          "attributes": {
            "color": "34E2E2",
            "description": "",
            "etag": "W/\"59fecad3075e7bd8d1db87b1b44d5dfa0657d49b4b75ed62e96d70e713d02a58\"",
            "id": "policy-sdk-go:kind/question",
            "name": "kind/feature",
            "repository": "policy-sdk-go",
            "url": "https://api.github.com/repos/kubewarden/policy-sdk-go/labels/kind/question"
          },
          "sensitive_attributes": [],
          "private": "bnVsbA==",
          "dependencies": [
            "module.policy_sdk_repository_go.github_repository.main"
          ]
        },
        {
          "index_key": 8,
          "schema_version": 0,
          "attributes": {
            "color": "ad7fa8",
            "description": "",
            "etag": "W/\"0a150bfb3191806b0c2c868d48a222d67de377fe10c7ac249ec89ca74ecbbe3f\"",
            "id": "policy-sdk-go:kind/tech-debt",
            "name": "kind/question",
            "repository": "policy-sdk-go",
            "url": "https://api.github.com/repos/kubewarden/policy-sdk-go/labels/kind/tech-debt"
          },
          "sensitive_attributes": [],
          "private": "bnVsbA==",
          "dependencies": [
            "module.policy_sdk_repository_go.github_repository.main"
          ]
        },
        {
          "index_key": 9,
          "schema_version": 0,
          "attributes": {
            "color": "729FCF",
            "description": "",
            "etag": "W/\"e61e8e26dc4fa0515e669ed153658bd0a7d786a063733a88be876ac1d006d716\"",
            "id": "policy-sdk-go:kind/to-be-refined",
            "name": "kind/tech-debt",
            "repository": "policy-sdk-go",
            "url": "https://api.github.com/repos/kubewarden/policy-sdk-go/labels/kind/to-be-refined"
          },
          "sensitive_attributes": [],
          "private": "bnVsbA==",
          "dependencies": [
            "module.policy_sdk_repository_go.github_repository.main"
          ]
        },
        {
          "index_key": 10,
          "schema_version": 0,
          "attributes": {
            "color": "B14FCF",
            "description": "",
            "etag": "W/\"be070b6a630f2dead26185a4dc3f482133dada31aaf88f60f759daeaf9eed803\"",
            "id": "policy-sdk-go:release/minor",
            "name": "kind/to-be-refined",
            "repository": "policy-sdk-go",
            "url": "https://api.github.com/repos/kubewarden/policy-sdk-go/labels/release/minor"
          },
          "sensitive_attributes": [],
          "private": "bnVsbA==",
          "dependencies": [
            "module.policy_sdk_repository_go.github_repository.main"
          ]
        },
        {
          "index_key": 11,
          "schema_version": 0,
          "attributes": {
            "color": "8AE234",
            "description": "",
            "etag": "W/\"8c994c3f9c9365a6918145175990023a31ba2a7e9cd38d01cd90aa40ce50587f\"",
            "id": "policy-sdk-go:release/major",
            "name": "release/major",
            "repository": "policy-sdk-go",
            "url": "https://api.github.com/repos/kubewarden/policy-sdk-go/labels/release/major"
          },
          "sensitive_attributes": [],
          "private": "bnVsbA==",
          "dependencies": [
            "module.policy_sdk_repository_go.github_repository.main"
          ]
        },
        {
          "index_key": 12,
          "schema_version": 0,
          "attributes": {
            "color": "4E9A06",
            "description": "",
            "etag": "W/\"9ed69e84b30260673a8a445d5a62e1426bccd3cbfabfa9838058387f0d15f8fb\"",
            "id": "policy-sdk-go:release/skip-changelog",
            "name": "release/minor",
            "repository": "policy-sdk-go",
            "url": "https://api.github.com/repos/kubewarden/policy-sdk-go/labels/release/skip-changelog"
          },
          "sensitive_attributes": [],
          "private": "bnVsbA==",
          "dependencies": [
            "module.policy_sdk_repository_go.github_repository.main"
          ]
        },
        {
          "index_key": 13,
          "schema_version": 0,
          "attributes": {
            "color": "aa6600",
            "description": "",
            "etag": "W/\"9ed69e84b30260673a8a445d5a62e1426bccd3cbfabfa9838058387f0d15f8fb\"",
            "id": "policy-sdk-go:release/skip-changelog",
            "name": "release/patch",
            "repository": "policy-sdk-go",
            "url": "https://api.github.com/repos/kubewarden/policy-sdk-go/labels/release/skip-changelog"
          },
          "sensitive_attributes": [],
          "private": "bnVsbA==",
          "dependencies": [
            "module.policy_sdk_repository_go.github_repository.main"
          ]
        },
        {
          "index_key": 14,
          "schema_version": 0,
          "attributes": {
            "color": "77cc00",
            "description": "",
            "etag": "W/\"9ed69e84b30260673a8a445d5a62e1426bccd3cbfabfa9838058387f0d15f8fb\"",
            "id": "policy-sdk-go:release/skip-changelog",
            "name": "release/skip-changelog",
            "repository": "policy-sdk-go",
            "url": "https://api.github.com/repos/kubewarden/policy-sdk-go/labels/release/skip-changelog"
          },
          "sensitive_attributes": [],
          "private": "bnVsbA==",
          "dependencies": [
            "module.policy_sdk_repository_go.github_repository.main"
          ]
        }
      ]
    },
    {
      "module": "module.policy_sdk_repository_go",
      "mode": "managed",
      "type": "github_repository",
      "name": "main",
      "provider": "provider[\"registry.terraform.io/integrations/github\"].kubewarden",
      "instances": [
        {
          "schema_version": 1,
          "attributes": {
            "allow_auto_merge": false,
            "allow_merge_commit": true,
            "allow_rebase_merge": true,
            "allow_squash_merge": true,
            "allow_update_branch": false,
            "archive_on_destroy": null,
            "archived": false,
            "auto_init": false,
            "default_branch": "main",
            "delete_branch_on_merge": false,
            "description": "Kubewarden Policy SDK for the Go programming language",
            "etag": "W/\"c2ef5dadc67e4a0b9c699e31157dfec49ed6e690108c830f833c3427f6a0fd6f\"",
            "full_name": "kubewarden/policy-sdk-go",
            "git_clone_url": "git://github.com/kubewarden/policy-sdk-go.git",
            "gitignore_template": null,
            "has_discussions": false,
            "has_downloads": true,
            "has_issues": true,
            "has_projects": false,
            "has_wiki": true,
            "homepage_url": "https://kubewarden.io",
            "html_url": "https://github.com/kubewarden/policy-sdk-go",
            "http_clone_url": "https://github.com/kubewarden/policy-sdk-go.git",
            "id": "policy-sdk-go",
            "ignore_vulnerability_alerts_during_read": null,
            "is_template": false,
            "license_template": null,
            "merge_commit_message": "PR_TITLE",
            "merge_commit_title": "MERGE_MESSAGE",
            "name": "policy-sdk-go",
            "node_id": "MDEwOlJlcG9zaXRvcnkzNDk0MjE4NzQ=",
            "pages": [],
            "primary_language": "Go",
            "private": false,
            "repo_id": 349421874,
            "security_and_analysis": [
              {
                "advanced_security": [],
                "secret_scanning": [
                  {
                    "status": "enabled"
                  }
                ],
                "secret_scanning_push_protection": [
                  {
                    "status": "disabled"
                  }
                ]
              }
            ],
            "squash_merge_commit_message": "COMMIT_MESSAGES",
            "squash_merge_commit_title": "COMMIT_OR_PR_TITLE",
            "ssh_clone_url": "git@github.com:kubewarden/policy-sdk-go.git",
            "svn_url": "https://github.com/kubewarden/policy-sdk-go",
            "template": [],
            "topics": [
              "go",
              "hacktoberfest",
              "kubernetes",
              "kubernetes-security",
              "kubewarden-policy-sdk",
              "policy-as-code",
              "tinygo",
              "webassembly"
            ],
            "visibility": "public",
            "vulnerability_alerts": true,
            "web_commit_signoff_required": true
          },
          "sensitive_attributes": [],
          "private": "eyJzY2hlbWFfdmVyc2lvbiI6IjEifQ=="
        }
      ]
    },
    {
      "module": "module.policy_sdk_repository_go",
      "mode": "managed",
      "type": "github_team_repository",
      "name": "gh_team_push_rights",
      "provider": "provider[\"registry.terraform.io/integrations/github\"].kubewarden",
      "instances": [
        {
          "index_key": 0,
          "schema_version": 0,
          "attributes": {
            "etag": "W/\"b2758045587981a597a5c310c298ca987d873b8e942197a539b09a3e79519fe3\"",
            "id": "4972867:policy-sdk-go",
            "permission": "push",
            "repository": "policy-sdk-go",
            "team_id": "4972867"
          },
          "sensitive_attributes": [],
          "private": "bnVsbA==",
          "dependencies": [
            "data.github_team.kubewarden_developers",
            "module.policy_sdk_repository_go.github_repository.main"
          ]
        }
      ]
    },
    {
      "module": "module.policy_sdk_repository_rust",
      "mode": "managed",
      "type": "github_app_installation_repository",
      "name": "app_dco",
      "provider": "provider[\"registry.terraform.io/integrations/github\"].kubewarden",
      "instances": [
        {
          "schema_version": 0,
          "attributes": {
            "id": "29141080:policy-sdk-rust",
            "installation_id": "29141080",
            "repo_id": 346721596,
            "repository": "policy-sdk-rust"
          },
          "sensitive_attributes": [],
          "private": "bnVsbA==",
          "dependencies": [
            "module.policy_sdk_repository_rust.github_repository.main"
          ]
        }
      ]
    },
    {
      "module": "module.policy_sdk_repository_rust",
      "mode": "managed",
      "type": "github_issue_label",
      "name": "label",
      "provider": "provider[\"registry.terraform.io/integrations/github\"].kubewarden",
      "instances": [
        {
          "index_key": 0,
          "schema_version": 0,
          "attributes": {
            "color": "D3D7CF",
            "description": "",
            "etag": "W/\"43a43e2929675aa95ff342a8c40929ccf87cdf165a292ac41e5e32911106f9d9\"",
            "id": "policy-sdk-rust:area/dependencies",
            "name": "area/dependencies",
            "repository": "policy-sdk-rust",
            "url": "https://api.github.com/repos/kubewarden/policy-sdk-rust/labels/area/dependencies"
          },
          "sensitive_attributes": [],
          "private": "bnVsbA==",
          "dependencies": [
            "module.policy_sdk_repository_rust.github_repository.main"
          ]
        },
        {
          "index_key": 1,
          "schema_version": 0,
          "attributes": {
            "color": "7057ff",
            "description": "",
            "etag": "W/\"e4acc54d984c6c1119818429e7ec18eb4b6a76ae45b8b9f18d75aa4fa18f0b0a\"",
            "id": "policy-sdk-rust:kind/automation",
            "name": "good first issue",
            "repository": "policy-sdk-rust",
            "url": "https://api.github.com/repos/kubewarden/policy-sdk-rust/labels/kind/automation"
          },
          "sensitive_attributes": [],
          "private": "bnVsbA==",
          "dependencies": [
            "module.policy_sdk_repository_rust.github_repository.main"
          ]
        },
        {
          "index_key": 2,
          "schema_version": 0,
          "attributes": {
            "color": "3465A4",
            "description": "",
            "etag": "W/\"ec34115731916f4c6a34b9e8904ba7c75e75e4442e8222d07214fadcb6ec72b0\"",
            "id": "policy-sdk-rust:kind/breaking-change",
            "name": "kind/automation",
            "repository": "policy-sdk-rust",
            "url": "https://api.github.com/repos/kubewarden/policy-sdk-rust/labels/kind/breaking-change"
          },
          "sensitive_attributes": [],
          "private": "bnVsbA==",
          "dependencies": [
            "module.policy_sdk_repository_rust.github_repository.main"
          ]
        },
        {
          "index_key": 3,
          "schema_version": 0,
          "attributes": {
            "color": "FCE94F",
            "description": "",
            "etag": "W/\"9c9f543528fd95b9bdddf981bf0f6b4343da75d21ebe26a02c9a9924df8d93be\"",
            "id": "policy-sdk-rust:kind/bug",
            "name": "kind/breaking-change",
            "repository": "policy-sdk-rust",
            "url": "https://api.github.com/repos/kubewarden/policy-sdk-rust/labels/kind/bug"
          },
          "sensitive_attributes": [],
          "private": "bnVsbA==",
          "dependencies": [
            "module.policy_sdk_repository_rust.github_repository.main"
          ]
        },
        {
          "index_key": 4,
          "schema_version": 0,
          "attributes": {
            "color": "EF2929",
            "description": "",
            "etag": "W/\"620c5df1fe45f59dbb7b82e39270775c572e5929b7453653abba1b221b69f9ea\"",
            "id": "policy-sdk-rust:kind/chore",
            "name": "kind/bug",
            "repository": "policy-sdk-rust",
            "url": "https://api.github.com/repos/kubewarden/policy-sdk-rust/labels/kind/chore"
          },
          "sensitive_attributes": [],
          "private": "bnVsbA==",
          "dependencies": [
            "module.policy_sdk_repository_rust.github_repository.main"
          ]
        },
        {
          "index_key": 5,
          "schema_version": 0,
          "attributes": {
            "color": "555753",
            "description": "",
            "etag": "W/\"2d98a609b229354ff520f08612e1b4270b54c9866587cb752769305802b4e135\"",
            "id": "policy-sdk-rust:kind/enhancement",
            "name": "kind/chore",
            "repository": "policy-sdk-rust",
            "url": "https://api.github.com/repos/kubewarden/policy-sdk-rust/labels/kind/enhancement"
          },
          "sensitive_attributes": [],
          "private": "bnVsbA==",
          "dependencies": [
            "module.policy_sdk_repository_rust.github_repository.main"
          ]
        },
        {
          "index_key": 6,
          "schema_version": 0,
          "attributes": {
            "color": "06989A",
            "description": "",
            "etag": "W/\"5641b338145765ef15b683a65d4c898a1d22c6e6a49de1339dc5cc0b37c3b851\"",
            "id": "policy-sdk-rust:kind/feature",
            "name": "kind/enhancement",
            "repository": "policy-sdk-rust",
            "url": "https://api.github.com/repos/kubewarden/policy-sdk-rust/labels/kind/feature"
          },
          "sensitive_attributes": [],
          "private": "bnVsbA==",
          "dependencies": [
            "module.policy_sdk_repository_rust.github_repository.main"
          ]
        },
        {
          "index_key": 7,
          "schema_version": 0,
          "attributes": {
            "color": "34E2E2",
            "description": "",
            "etag": "W/\"dc66fb9534614c8132c9451a96c237950d0c60af7474d2f204a325090a375787\"",
            "id": "policy-sdk-rust:kind/question",
            "name": "kind/feature",
            "repository": "policy-sdk-rust",
            "url": "https://api.github.com/repos/kubewarden/policy-sdk-rust/labels/kind/question"
          },
          "sensitive_attributes": [],
          "private": "bnVsbA==",
          "dependencies": [
            "module.policy_sdk_repository_rust.github_repository.main"
          ]
        },
        {
          "index_key": 8,
          "schema_version": 0,
          "attributes": {
            "color": "ad7fa8",
            "description": "",
            "etag": "W/\"b03b94a8ce9da0a6a1a339d3cb9efbcd222a34381ee6745d2d147a20b653d80f\"",
            "id": "policy-sdk-rust:kind/tech-debt",
            "name": "kind/question",
            "repository": "policy-sdk-rust",
            "url": "https://api.github.com/repos/kubewarden/policy-sdk-rust/labels/kind/tech-debt"
          },
          "sensitive_attributes": [],
          "private": "bnVsbA==",
          "dependencies": [
            "module.policy_sdk_repository_rust.github_repository.main"
          ]
        },
        {
          "index_key": 9,
          "schema_version": 0,
          "attributes": {
            "color": "729FCF",
            "description": "",
            "etag": "W/\"0f0171858258ca609f7a172542d56616e776ce321c62d71cc70bd1067f6d73be\"",
            "id": "policy-sdk-rust:kind/to-be-refined",
            "name": "kind/tech-debt",
            "repository": "policy-sdk-rust",
            "url": "https://api.github.com/repos/kubewarden/policy-sdk-rust/labels/kind/to-be-refined"
          },
          "sensitive_attributes": [],
          "private": "bnVsbA==",
          "dependencies": [
            "module.policy_sdk_repository_rust.github_repository.main"
          ]
        },
        {
          "index_key": 10,
          "schema_version": 0,
          "attributes": {
            "color": "B14FCF",
            "description": "",
            "etag": "W/\"40dffedfdc5d2156c6ab0b45d8d8fa3f36e166b935f4e9ea14932be0082804ec\"",
            "id": "policy-sdk-rust:release/minor",
            "name": "kind/to-be-refined",
            "repository": "policy-sdk-rust",
            "url": "https://api.github.com/repos/kubewarden/policy-sdk-rust/labels/release/minor"
          },
          "sensitive_attributes": [],
          "private": "bnVsbA==",
          "dependencies": [
            "module.policy_sdk_repository_rust.github_repository.main"
          ]
        },
        {
          "index_key": 11,
          "schema_version": 0,
          "attributes": {
            "color": "8AE234",
            "description": "",
            "etag": "W/\"607b40c133d272ebf2a75b90ed5f1a58edcc6d27a7ab39db46723e467c2fc7f3\"",
            "id": "policy-sdk-rust:release/major",
            "name": "release/major",
            "repository": "policy-sdk-rust",
            "url": "https://api.github.com/repos/kubewarden/policy-sdk-rust/labels/release/major"
          },
          "sensitive_attributes": [],
          "private": "bnVsbA==",
          "dependencies": [
            "module.policy_sdk_repository_rust.github_repository.main"
          ]
        },
        {
          "index_key": 12,
          "schema_version": 0,
          "attributes": {
            "color": "4E9A06",
            "description": "",
            "etag": "W/\"40dffedfdc5d2156c6ab0b45d8d8fa3f36e166b935f4e9ea14932be0082804ec\"",
            "id": "policy-sdk-rust:release/minor",
            "name": "release/minor",
            "repository": "policy-sdk-rust",
            "url": "https://api.github.com/repos/kubewarden/policy-sdk-rust/labels/release/minor"
          },
          "sensitive_attributes": [],
          "private": "bnVsbA==",
          "dependencies": [
            "module.policy_sdk_repository_rust.github_repository.main"
          ]
        },
        {
          "index_key": 13,
          "schema_version": 0,
          "attributes": {
            "color": "aa6600",
            "description": "",
            "etag": "W/\"5d0626dfe5d914efb69fd4edc88989d9752a20ef735280bdcb68d77cf31dd476\"",
            "id": "policy-sdk-rust:release/patch",
            "name": "release/patch",
            "repository": "policy-sdk-rust",
            "url": "https://api.github.com/repos/kubewarden/policy-sdk-rust/labels/release/patch"
          },
          "sensitive_attributes": [],
          "private": "bnVsbA==",
          "dependencies": [
            "module.policy_sdk_repository_rust.github_repository.main"
          ]
        },
        {
          "index_key": 14,
          "schema_version": 0,
          "attributes": {
            "color": "77cc00",
            "description": "",
            "etag": "W/\"48277b183e579e4fa890afcac88dbf5b730c2cd677f79143af8536d6a2098dc8\"",
            "id": "policy-sdk-rust:release/skip-changelog",
            "name": "release/skip-changelog",
            "repository": "policy-sdk-rust",
            "url": "https://api.github.com/repos/kubewarden/policy-sdk-rust/labels/release/skip-changelog"
          },
          "sensitive_attributes": [],
          "private": "bnVsbA==",
          "dependencies": [
            "module.policy_sdk_repository_rust.github_repository.main"
          ]
        }
      ]
    },
    {
      "module": "module.policy_sdk_repository_rust",
      "mode": "managed",
      "type": "github_repository",
      "name": "main",
      "provider": "provider[\"registry.terraform.io/integrations/github\"].kubewarden",
      "instances": [
        {
          "schema_version": 1,
          "attributes": {
            "allow_auto_merge": false,
            "allow_merge_commit": true,
            "allow_rebase_merge": true,
            "allow_squash_merge": true,
            "allow_update_branch": false,
            "archive_on_destroy": null,
            "archived": false,
            "auto_init": false,
            "default_branch": "main",
            "delete_branch_on_merge": false,
            "description": "Kubewarden Policy SDK for the Rust programming language",
            "etag": "W/\"176c7ae8cf0c7b29f004d5dade237fc527cd4bbf4be1911a620720e8a4f524c3\"",
            "full_name": "kubewarden/policy-sdk-rust",
            "git_clone_url": "git://github.com/kubewarden/policy-sdk-rust.git",
            "gitignore_template": null,
            "has_discussions": false,
            "has_downloads": true,
            "has_issues": true,
            "has_projects": false,
            "has_wiki": true,
            "homepage_url": "https://kubewarden.io",
            "html_url": "https://github.com/kubewarden/policy-sdk-rust",
            "http_clone_url": "https://github.com/kubewarden/policy-sdk-rust.git",
            "id": "policy-sdk-rust",
            "ignore_vulnerability_alerts_during_read": null,
            "is_template": false,
            "license_template": null,
            "merge_commit_message": "PR_TITLE",
            "merge_commit_title": "MERGE_MESSAGE",
            "name": "policy-sdk-rust",
            "node_id": "MDEwOlJlcG9zaXRvcnkzNDY3MjE1OTY=",
            "pages": [],
            "primary_language": "Rust",
            "private": false,
            "repo_id": 346721596,
            "security_and_analysis": [
              {
                "advanced_security": [],
                "secret_scanning": [
                  {
                    "status": "enabled"
                  }
                ],
                "secret_scanning_push_protection": [
                  {
                    "status": "disabled"
                  }
                ]
              }
            ],
            "squash_merge_commit_message": "COMMIT_MESSAGES",
            "squash_merge_commit_title": "COMMIT_OR_PR_TITLE",
            "ssh_clone_url": "git@github.com:kubewarden/policy-sdk-rust.git",
            "svn_url": "https://github.com/kubewarden/policy-sdk-rust",
            "template": [],
            "topics": [
              "hacktoberfest",
              "kubernetes",
              "kubernetes-security",
              "kubewarden-policy-sdk",
              "policy-as-code",
              "rust",
              "rust-language",
              "webassembly"
            ],
            "visibility": "public",
            "vulnerability_alerts": true,
            "web_commit_signoff_required": true
          },
          "sensitive_attributes": [],
          "private": "eyJzY2hlbWFfdmVyc2lvbiI6IjEifQ=="
        }
      ]
    },
    {
      "module": "module.policy_sdk_repository_rust",
      "mode": "managed",
      "type": "github_team_repository",
      "name": "gh_team_push_rights",
      "provider": "provider[\"registry.terraform.io/integrations/github\"].kubewarden",
      "instances": [
        {
          "index_key": 0,
          "schema_version": 0,
          "attributes": {
            "etag": "W/\"36891b8c924664f611bf1f0a70eebf5df3e2b81a4334032788166be4a0c48266\"",
            "id": "4972867:policy-sdk-rust",
            "permission": "push",
            "repository": "policy-sdk-rust",
            "team_id": "4972867"
          },
          "sensitive_attributes": [],
          "private": "bnVsbA==",
          "dependencies": [
            "data.github_team.kubewarden_developers",
            "module.policy_sdk_repository_rust.github_repository.main"
          ]
        }
      ]
    },
    {
      "module": "module.policy_sdk_repository_swift",
      "mode": "managed",
      "type": "github_app_installation_repository",
      "name": "app_dco",
      "provider": "provider[\"registry.terraform.io/integrations/github\"].kubewarden",
      "instances": [
        {
          "schema_version": 0,
          "attributes": {
            "id": "29141080:policy-sdk-swift",
            "installation_id": "29141080",
            "repo_id": 362066512,
            "repository": "policy-sdk-swift"
          },
          "sensitive_attributes": [],
          "private": "bnVsbA==",
          "dependencies": [
            "module.policy_sdk_repository_swift.github_repository.main"
          ]
        }
      ]
    },
    {
      "module": "module.policy_sdk_repository_swift",
      "mode": "managed",
      "type": "github_issue_label",
      "name": "label",
      "provider": "provider[\"registry.terraform.io/integrations/github\"].kubewarden",
      "instances": [
        {
          "index_key": 0,
          "schema_version": 0,
          "attributes": {
            "color": "D3D7CF",
            "description": "",
            "etag": "W/\"5036b55f68ae3acee0b5471824576034c3de557e14e02a9c411ba756ce723687\"",
            "id": "policy-sdk-swift:area/dependencies",
            "name": "area/dependencies",
            "repository": "policy-sdk-swift",
            "url": "https://api.github.com/repos/kubewarden/policy-sdk-swift/labels/area/dependencies"
          },
          "sensitive_attributes": [],
          "private": "bnVsbA==",
          "dependencies": [
            "module.policy_sdk_repository_swift.github_repository.main"
          ]
        },
        {
          "index_key": 1,
          "schema_version": 0,
          "attributes": {
            "color": "7057ff",
            "description": "",
            "etag": "W/\"aeb20dba5bb792ea23d55af18f0f02752aac3b60b5ab079c33428ac7779f7567\"",
            "id": "policy-sdk-swift:kind/automation",
            "name": "good first issue",
            "repository": "policy-sdk-swift",
            "url": "https://api.github.com/repos/kubewarden/policy-sdk-swift/labels/kind/automation"
          },
          "sensitive_attributes": [],
          "private": "bnVsbA==",
          "dependencies": [
            "module.policy_sdk_repository_swift.github_repository.main"
          ]
        },
        {
          "index_key": 2,
          "schema_version": 0,
          "attributes": {
            "color": "3465A4",
            "description": "",
            "etag": "W/\"19e938a493913744d659b278123c93506eceeaf196f172e96a3a9bdbed285e5d\"",
            "id": "policy-sdk-swift:kind/breaking-change",
            "name": "kind/automation",
            "repository": "policy-sdk-swift",
            "url": "https://api.github.com/repos/kubewarden/policy-sdk-swift/labels/kind/breaking-change"
          },
          "sensitive_attributes": [],
          "private": "bnVsbA==",
          "dependencies": [
            "module.policy_sdk_repository_swift.github_repository.main"
          ]
        },
        {
          "index_key": 3,
          "schema_version": 0,
          "attributes": {
            "color": "FCE94F",
            "description": "",
            "etag": "W/\"df587cb8650a8762ec5e709e5d3b13bf4421eb03d21801bac6a21e1887d63bbe\"",
            "id": "policy-sdk-swift:kind/bug",
            "name": "kind/breaking-change",
            "repository": "policy-sdk-swift",
            "url": "https://api.github.com/repos/kubewarden/policy-sdk-swift/labels/kind/bug"
          },
          "sensitive_attributes": [],
          "private": "bnVsbA==",
          "dependencies": [
            "module.policy_sdk_repository_swift.github_repository.main"
          ]
        },
        {
          "index_key": 4,
          "schema_version": 0,
          "attributes": {
            "color": "EF2929",
            "description": "",
            "etag": "W/\"6020e9c847897af08624846750f05632197448dab22e19d4a4fefc99ba8cbbf0\"",
            "id": "policy-sdk-swift:kind/chore",
            "name": "kind/bug",
            "repository": "policy-sdk-swift",
            "url": "https://api.github.com/repos/kubewarden/policy-sdk-swift/labels/kind/chore"
          },
          "sensitive_attributes": [],
          "private": "bnVsbA==",
          "dependencies": [
            "module.policy_sdk_repository_swift.github_repository.main"
          ]
        },
        {
          "index_key": 5,
          "schema_version": 0,
          "attributes": {
            "color": "555753",
            "description": "",
            "etag": "W/\"2ec3d02cdbe4081f8cbe3a87f5f44c60306050fa3fd33c72a90df8ecc7a027b6\"",
            "id": "policy-sdk-swift:kind/enhancement",
            "name": "kind/chore",
            "repository": "policy-sdk-swift",
            "url": "https://api.github.com/repos/kubewarden/policy-sdk-swift/labels/kind/enhancement"
          },
          "sensitive_attributes": [],
          "private": "bnVsbA==",
          "dependencies": [
            "module.policy_sdk_repository_swift.github_repository.main"
          ]
        },
        {
          "index_key": 6,
          "schema_version": 0,
          "attributes": {
            "color": "06989A",
            "description": "",
            "etag": "W/\"50b03bcdf6ac8faa79793b7c800732d9cd2d311e63dbf8fff672e2b8ce7c4d38\"",
            "id": "policy-sdk-swift:kind/feature",
            "name": "kind/enhancement",
            "repository": "policy-sdk-swift",
            "url": "https://api.github.com/repos/kubewarden/policy-sdk-swift/labels/kind/feature"
          },
          "sensitive_attributes": [],
          "private": "bnVsbA==",
          "dependencies": [
            "module.policy_sdk_repository_swift.github_repository.main"
          ]
        },
        {
          "index_key": 7,
          "schema_version": 0,
          "attributes": {
            "color": "34E2E2",
            "description": "",
            "etag": "W/\"799977caec5f43abe40687d9a17748a4e57c942670eb3153c828dfa3e19234c4\"",
            "id": "policy-sdk-swift:kind/question",
            "name": "kind/feature",
            "repository": "policy-sdk-swift",
            "url": "https://api.github.com/repos/kubewarden/policy-sdk-swift/labels/kind/question"
          },
          "sensitive_attributes": [],
          "private": "bnVsbA==",
          "dependencies": [
            "module.policy_sdk_repository_swift.github_repository.main"
          ]
        },
        {
          "index_key": 8,
          "schema_version": 0,
          "attributes": {
            "color": "ad7fa8",
            "description": "",
            "etag": "W/\"a836f1932479b30f5996eed46d7d97247487bf0a702168bdc7a3ba8e24445066\"",
            "id": "policy-sdk-swift:kind/tech-debt",
            "name": "kind/question",
            "repository": "policy-sdk-swift",
            "url": "https://api.github.com/repos/kubewarden/policy-sdk-swift/labels/kind/tech-debt"
          },
          "sensitive_attributes": [],
          "private": "bnVsbA==",
          "dependencies": [
            "module.policy_sdk_repository_swift.github_repository.main"
          ]
        },
        {
          "index_key": 9,
          "schema_version": 0,
          "attributes": {
            "color": "729FCF",
            "description": "",
            "etag": "W/\"95dcafc3ce17e23a3dd0df4d0e19945b53ac275c94445f59e01582e309a70757\"",
            "id": "policy-sdk-swift:kind/to-be-refined",
            "name": "kind/tech-debt",
            "repository": "policy-sdk-swift",
            "url": "https://api.github.com/repos/kubewarden/policy-sdk-swift/labels/kind/to-be-refined"
          },
          "sensitive_attributes": [],
          "private": "bnVsbA==",
          "dependencies": [
            "module.policy_sdk_repository_swift.github_repository.main"
          ]
        },
        {
          "index_key": 10,
          "schema_version": 0,
          "attributes": {
            "color": "B14FCF",
            "description": "",
            "etag": "W/\"d44eb9bafe5514f36dee5a6de4f7304fa6449f91e7ba529431c25f51926fa0d6\"",
            "id": "policy-sdk-swift:release/major",
            "name": "kind/to-be-refined",
            "repository": "policy-sdk-swift",
            "url": "https://api.github.com/repos/kubewarden/policy-sdk-swift/labels/release/major"
          },
          "sensitive_attributes": [],
          "private": "bnVsbA==",
          "dependencies": [
            "module.policy_sdk_repository_swift.github_repository.main"
          ]
        },
        {
          "index_key": 11,
          "schema_version": 0,
          "attributes": {
            "color": "8AE234",
            "description": "",
            "etag": "W/\"0b3203839e8439b15d05bd182ac9ad6ea2f4b5895994913e8581decaea085729\"",
            "id": "policy-sdk-swift:release/minor",
            "name": "release/major",
            "repository": "policy-sdk-swift",
            "url": "https://api.github.com/repos/kubewarden/policy-sdk-swift/labels/release/minor"
          },
          "sensitive_attributes": [],
          "private": "bnVsbA==",
          "dependencies": [
            "module.policy_sdk_repository_swift.github_repository.main"
          ]
        },
        {
          "index_key": 12,
          "schema_version": 0,
          "attributes": {
            "color": "4E9A06",
            "description": "",
            "etag": "W/\"e974668453426f728bab221cd1b041625917f5bb787a6a1657252846e5f8fb5a\"",
            "id": "policy-sdk-swift:release/patch",
            "name": "release/minor",
            "repository": "policy-sdk-swift",
            "url": "https://api.github.com/repos/kubewarden/policy-sdk-swift/labels/release/patch"
          },
          "sensitive_attributes": [],
          "private": "bnVsbA==",
          "dependencies": [
            "module.policy_sdk_repository_swift.github_repository.main"
          ]
        },
        {
          "index_key": 13,
          "schema_version": 0,
          "attributes": {
            "color": "aa6600",
            "description": "",
            "etag": "W/\"ad340a338d4a3a1c80010da6f866e20edc64993d36e5bd9b48683c10f774f81e\"",
            "id": "policy-sdk-swift:release/skip-changelog",
            "name": "release/patch",
            "repository": "policy-sdk-swift",
            "url": "https://api.github.com/repos/kubewarden/policy-sdk-swift/labels/release/skip-changelog"
          },
          "sensitive_attributes": [],
          "private": "bnVsbA==",
          "dependencies": [
            "module.policy_sdk_repository_swift.github_repository.main"
          ]
        },
        {
          "index_key": 14,
          "schema_version": 0,
          "attributes": {
            "color": "77cc00",
            "description": "",
            "etag": "W/\"ad340a338d4a3a1c80010da6f866e20edc64993d36e5bd9b48683c10f774f81e\"",
            "id": "policy-sdk-swift:release/skip-changelog",
            "name": "release/skip-changelog",
            "repository": "policy-sdk-swift",
            "url": "https://api.github.com/repos/kubewarden/policy-sdk-swift/labels/release/skip-changelog"
          },
          "sensitive_attributes": [],
          "private": "bnVsbA==",
          "dependencies": [
            "module.policy_sdk_repository_swift.github_repository.main"
          ]
        }
      ]
    },
    {
      "module": "module.policy_sdk_repository_swift",
      "mode": "managed",
      "type": "github_repository",
      "name": "main",
      "provider": "provider[\"registry.terraform.io/integrations/github\"].kubewarden",
      "instances": [
        {
          "schema_version": 1,
          "attributes": {
            "allow_auto_merge": false,
            "allow_merge_commit": true,
            "allow_rebase_merge": true,
            "allow_squash_merge": true,
            "allow_update_branch": false,
            "archive_on_destroy": null,
            "archived": false,
            "auto_init": false,
            "default_branch": "main",
            "delete_branch_on_merge": false,
            "description": "Kubewarden Policy SDK for the Swift programming language",
            "etag": "W/\"f230cb92a6f78f1f19742914b119ee52133ee54a1e8d66472a67eb702c8a6ff1\"",
            "full_name": "kubewarden/policy-sdk-swift",
            "git_clone_url": "git://github.com/kubewarden/policy-sdk-swift.git",
            "gitignore_template": null,
            "has_discussions": false,
            "has_downloads": true,
            "has_issues": true,
            "has_projects": false,
            "has_wiki": true,
            "homepage_url": "https://kubewarden.github.io/policy-sdk-swift/",
            "html_url": "https://github.com/kubewarden/policy-sdk-swift",
            "http_clone_url": "https://github.com/kubewarden/policy-sdk-swift.git",
            "id": "policy-sdk-swift",
            "ignore_vulnerability_alerts_during_read": null,
            "is_template": false,
            "license_template": null,
            "merge_commit_message": "PR_TITLE",
            "merge_commit_title": "MERGE_MESSAGE",
            "name": "policy-sdk-swift",
            "node_id": "MDEwOlJlcG9zaXRvcnkzNjIwNjY1MTI=",
            "pages": [
              {
                "build_type": "legacy",
                "cname": "",
                "custom_404": false,
                "html_url": "https://kubewarden.github.io/policy-sdk-swift/",
                "source": [
                  {
                    "branch": "gh-pages",
                    "path": "/"
                  }
                ],
                "status": "built",
                "url": "https://api.github.com/repos/kubewarden/policy-sdk-swift/pages"
              }
            ],
            "primary_language": "Swift",
            "private": false,
            "repo_id": 362066512,
            "security_and_analysis": [
              {
                "advanced_security": [],
                "secret_scanning": [
                  {
                    "status": "enabled"
                  }
                ],
                "secret_scanning_push_protection": [
                  {
                    "status": "disabled"
                  }
                ]
              }
            ],
            "squash_merge_commit_message": "COMMIT_MESSAGES",
            "squash_merge_commit_title": "COMMIT_OR_PR_TITLE",
            "ssh_clone_url": "git@github.com:kubewarden/policy-sdk-swift.git",
            "svn_url": "https://github.com/kubewarden/policy-sdk-swift",
            "template": [],
            "topics": [
              "hacktoberfest",
              "kubernetes",
              "kubernetes-security",
              "kubewarden-policy-sdk",
              "policy-as-code",
              "swift",
              "webassembly"
            ],
            "visibility": "public",
            "vulnerability_alerts": true,
            "web_commit_signoff_required": true
          },
          "sensitive_attributes": [],
          "private": "eyJzY2hlbWFfdmVyc2lvbiI6IjEifQ=="
        }
      ]
    },
    {
      "module": "module.policy_sdk_repository_swift",
      "mode": "managed",
      "type": "github_team_repository",
      "name": "gh_team_push_rights",
      "provider": "provider[\"registry.terraform.io/integrations/github\"].kubewarden",
      "instances": [
        {
          "index_key": 0,
          "schema_version": 0,
          "attributes": {
            "etag": "W/\"785c9ccc7502d1466a2b899179bed67aa1ba0883e1c829629294e6592d338f23\"",
            "id": "4972867:policy-sdk-swift",
            "permission": "push",
            "repository": "policy-sdk-swift",
            "team_id": "4972867"
          },
          "sensitive_attributes": [],
          "private": "bnVsbA==",
          "dependencies": [
            "data.github_team.kubewarden_developers",
            "module.policy_sdk_repository_swift.github_repository.main"
          ]
        }
      ]
    },
    {
      "module": "module.policy_template_repository_dotnet",
      "mode": "managed",
      "type": "github_repository",
      "name": "main",
      "provider": "provider[\"registry.terraform.io/integrations/github\"].kubewarden",
      "instances": [
        {
          "schema_version": 1,
          "attributes": {
            "allow_auto_merge": false,
            "allow_merge_commit": true,
            "allow_rebase_merge": true,
            "allow_squash_merge": true,
            "allow_update_branch": false,
            "archive_on_destroy": null,
            "archived": false,
            "auto_init": null,
            "default_branch": "main",
            "delete_branch_on_merge": false,
            "description": "A template repository to quickly scaffold a Kubewarden policy written with C#",
            "etag": "W/\"0518aec8b9680770d2694fb55651965875047d6a5e90f7a1813b24eb480fd335\"",
            "full_name": "kubewarden/dotnet-policy-template",
            "git_clone_url": "git://github.com/kubewarden/dotnet-policy-template.git",
            "gitignore_template": null,
            "has_discussions": false,
            "has_downloads": false,
            "has_issues": true,
            "has_projects": false,
            "has_wiki": true,
            "homepage_url": "https://kubewarden.io",
            "html_url": "https://github.com/kubewarden/dotnet-policy-template",
            "http_clone_url": "https://github.com/kubewarden/dotnet-policy-template.git",
            "id": "dotnet-policy-template",
            "ignore_vulnerability_alerts_during_read": null,
            "is_template": true,
            "license_template": null,
            "merge_commit_message": "PR_TITLE",
            "merge_commit_title": "MERGE_MESSAGE",
            "name": "dotnet-policy-template",
            "node_id": "R_kgDOKwL5og",
            "pages": [],
            "primary_language": "",
            "private": false,
            "repo_id": 721615266,
            "security_and_analysis": [
              {
                "advanced_security": [],
                "secret_scanning": [
                  {
                    "status": "enabled"
                  }
                ],
                "secret_scanning_push_protection": [
                  {
                    "status": "disabled"
                  }
                ]
              }
            ],
            "squash_merge_commit_message": "COMMIT_MESSAGES",
            "squash_merge_commit_title": "COMMIT_OR_PR_TITLE",
            "ssh_clone_url": "git@github.com:kubewarden/dotnet-policy-template.git",
            "svn_url": "https://github.com/kubewarden/dotnet-policy-template",
            "template": [],
            "topics": [
              "dotnet",
              "hacktoberfest",
              "kubernetes",
              "kubernetes-security",
              "kubewarden-policy-template",
              "policy-as-code",
              "webassembly"
            ],
            "visibility": "public",
            "vulnerability_alerts": true,
            "web_commit_signoff_required": true
          },
          "sensitive_attributes": [],
          "private": "eyJzY2hlbWFfdmVyc2lvbiI6IjEifQ=="
        }
      ]
    },
    {
      "module": "module.policy_template_repository_dotnet",
      "mode": "managed",
      "type": "github_team_repository",
      "name": "gh_team_push_rights",
      "provider": "provider[\"registry.terraform.io/integrations/github\"].kubewarden",
      "instances": [
        {
          "index_key": 0,
          "schema_version": 0,
          "attributes": {
            "etag": "W/\"0040e79c5fa52dab233ee988f30c3c752d9d922b4be6f8c7f05f731232c14dc9\"",
            "id": "4972867:dotnet-policy-template",
            "permission": "push",
            "repository": "dotnet-policy-template",
            "team_id": "4972867"
          },
          "sensitive_attributes": [],
          "private": "bnVsbA==",
          "dependencies": [
            "data.github_team.kubewarden_developers",
            "module.policy_template_repository_dotnet.github_repository.main"
          ]
        }
      ]
    },
    {
      "module": "module.policy_template_repository_gatekeeper",
      "mode": "managed",
      "type": "github_repository",
      "name": "main",
      "provider": "provider[\"registry.terraform.io/integrations/github\"].kubewarden",
      "instances": [
        {
          "schema_version": 1,
          "attributes": {
            "allow_auto_merge": false,
            "allow_merge_commit": true,
            "allow_rebase_merge": true,
            "allow_squash_merge": true,
            "allow_update_branch": false,
            "archive_on_destroy": null,
            "archived": false,
            "auto_init": false,
            "default_branch": "main",
            "delete_branch_on_merge": false,
            "description": "A template repository to quickly port a Gatekeeper policy to Kubewarden",
            "etag": "W/\"94a249e4a32b08b6759523f76fa5214705a37216cb2821b5698c4d38dfc281a0\"",
            "full_name": "kubewarden/gatekeeper-policy-template",
            "git_clone_url": "git://github.com/kubewarden/gatekeeper-policy-template.git",
            "gitignore_template": null,
            "has_discussions": false,
            "has_downloads": false,
            "has_issues": true,
            "has_projects": false,
            "has_wiki": true,
            "homepage_url": "https://kubewarden.io",
            "html_url": "https://github.com/kubewarden/gatekeeper-policy-template",
            "http_clone_url": "https://github.com/kubewarden/gatekeeper-policy-template.git",
            "id": "gatekeeper-policy-template",
            "ignore_vulnerability_alerts_during_read": null,
            "is_template": true,
            "license_template": null,
            "merge_commit_message": "PR_TITLE",
            "merge_commit_title": "MERGE_MESSAGE",
            "name": "gatekeeper-policy-template",
            "node_id": "R_kgDOGGRO1w",
            "pages": [],
            "primary_language": "Makefile",
            "private": false,
            "repo_id": 409226967,
            "security_and_analysis": [
              {
                "advanced_security": [],
                "secret_scanning": [
                  {
                    "status": "enabled"
                  }
                ],
                "secret_scanning_push_protection": [
                  {
                    "status": "disabled"
                  }
                ]
              }
            ],
            "squash_merge_commit_message": "COMMIT_MESSAGES",
            "squash_merge_commit_title": "COMMIT_OR_PR_TITLE",
            "ssh_clone_url": "git@github.com:kubewarden/gatekeeper-policy-template.git",
            "svn_url": "https://github.com/kubewarden/gatekeeper-policy-template",
            "template": [],
            "topics": [
              "gatekeeper",
              "gatekeeper-policies",
              "gatekeeper-v2",
              "hacktoberfest",
              "kubernetes",
              "kubernetes-security",
              "kubewarden-policy-template",
              "policy-as-code",
              "rego",
              "webassembly"
            ],
            "visibility": "public",
            "vulnerability_alerts": true,
            "web_commit_signoff_required": true
          },
          "sensitive_attributes": [],
          "private": "eyJzY2hlbWFfdmVyc2lvbiI6IjEifQ=="
        }
      ]
    },
    {
      "module": "module.policy_template_repository_gatekeeper",
      "mode": "managed",
      "type": "github_team_repository",
      "name": "gh_team_push_rights",
      "provider": "provider[\"registry.terraform.io/integrations/github\"].kubewarden",
      "instances": [
        {
          "index_key": 0,
          "schema_version": 0,
          "attributes": {
            "etag": "W/\"0166ffe95084f5a4c8535a1896b3be418135bf0d253ff0903b1ec95d96052c42\"",
            "id": "4972867:gatekeeper-policy-template",
            "permission": "push",
            "repository": "gatekeeper-policy-template",
            "team_id": "4972867"
          },
          "sensitive_attributes": [],
          "private": "bnVsbA==",
          "dependencies": [
            "data.github_team.kubewarden_developers",
            "module.policy_template_repository_gatekeeper.github_repository.main"
          ]
        }
      ]
    },
    {
      "module": "module.policy_template_repository_go",
      "mode": "managed",
      "type": "github_repository",
      "name": "main",
      "provider": "provider[\"registry.terraform.io/integrations/github\"].kubewarden",
      "instances": [
        {
          "schema_version": 1,
          "attributes": {
            "allow_auto_merge": false,
            "allow_merge_commit": true,
            "allow_rebase_merge": true,
            "allow_squash_merge": true,
            "allow_update_branch": false,
            "archive_on_destroy": null,
            "archived": false,
            "auto_init": false,
            "default_branch": "main",
            "delete_branch_on_merge": false,
            "description": "A template repository to quickly scaffold a Kubewarden policy written with Go language",
            "etag": "W/\"1fc992c0027d8119d87cf351c8aa290d4714c7c03cb2cec42c999e65fea15615\"",
            "full_name": "kubewarden/go-policy-template",
            "git_clone_url": "git://github.com/kubewarden/go-policy-template.git",
            "gitignore_template": null,
            "has_discussions": false,
            "has_downloads": false,
            "has_issues": true,
            "has_projects": false,
            "has_wiki": true,
            "homepage_url": "https://kubewarden.io",
            "html_url": "https://github.com/kubewarden/go-policy-template",
            "http_clone_url": "https://github.com/kubewarden/go-policy-template.git",
            "id": "go-policy-template",
            "ignore_vulnerability_alerts_during_read": null,
            "is_template": true,
            "license_template": null,
            "merge_commit_message": "PR_TITLE",
            "merge_commit_title": "MERGE_MESSAGE",
            "name": "go-policy-template",
            "node_id": "MDEwOlJlcG9zaXRvcnkzNTcxMjI2NzU=",
            "pages": [],
            "primary_language": "Go",
            "private": false,
            "repo_id": 357122675,
            "security_and_analysis": [
              {
                "advanced_security": [],
                "secret_scanning": [
                  {
                    "status": "enabled"
                  }
                ],
                "secret_scanning_push_protection": [
                  {
                    "status": "disabled"
                  }
                ]
              }
            ],
            "squash_merge_commit_message": "COMMIT_MESSAGES",
            "squash_merge_commit_title": "COMMIT_OR_PR_TITLE",
            "ssh_clone_url": "git@github.com:kubewarden/go-policy-template.git",
            "svn_url": "https://github.com/kubewarden/go-policy-template",
            "template": [],
            "topics": [
              "go",
              "golang",
              "hacktoberfest",
              "kubernetes",
              "kubernetes-security",
              "kubewarden-policy-template",
              "policy-as-code",
              "webassembly"
            ],
            "visibility": "public",
            "vulnerability_alerts": true,
            "web_commit_signoff_required": true
          },
          "sensitive_attributes": [],
          "private": "eyJzY2hlbWFfdmVyc2lvbiI6IjEifQ=="
        }
      ]
    },
    {
      "module": "module.policy_template_repository_go",
      "mode": "managed",
      "type": "github_team_repository",
      "name": "gh_team_push_rights",
      "provider": "provider[\"registry.terraform.io/integrations/github\"].kubewarden",
      "instances": [
        {
          "index_key": 0,
          "schema_version": 0,
          "attributes": {
            "etag": "W/\"c29fcfc9be109e9707b86acbaef267d53781fba0d2ae86d62c7abb1943d05359\"",
            "id": "4972867:go-policy-template",
            "permission": "push",
            "repository": "go-policy-template",
            "team_id": "4972867"
          },
          "sensitive_attributes": [],
          "private": "bnVsbA==",
          "dependencies": [
            "data.github_team.kubewarden_developers",
            "module.policy_template_repository_go.github_repository.main"
          ]
        }
      ]
    },
    {
      "module": "module.policy_template_repository_go_wasi",
      "mode": "managed",
      "type": "github_repository",
      "name": "main",
      "provider": "provider[\"registry.terraform.io/integrations/github\"].kubewarden",
      "instances": [
        {
          "schema_version": 1,
          "attributes": {
            "allow_auto_merge": false,
            "allow_merge_commit": true,
            "allow_rebase_merge": true,
            "allow_squash_merge": true,
            "allow_update_branch": false,
            "archive_on_destroy": null,
            "archived": false,
            "auto_init": false,
            "default_branch": "main",
            "delete_branch_on_merge": false,
            "description": "Template of a plain WASI policy written using Go ",
            "etag": "W/\"0f07be1a4ce1a2538cf42c7e76883d2763b7757b914a555e41431aa5c54082f7\"",
            "full_name": "kubewarden/go-wasi-policy-template",
            "git_clone_url": "git://github.com/kubewarden/go-wasi-policy-template.git",
            "gitignore_template": null,
            "has_discussions": false,
            "has_downloads": false,
            "has_issues": true,
            "has_projects": false,
            "has_wiki": true,
            "homepage_url": "https://kubewarden.io",
            "html_url": "https://github.com/kubewarden/go-wasi-policy-template",
            "http_clone_url": "https://github.com/kubewarden/go-wasi-policy-template.git",
            "id": "go-wasi-policy-template",
            "ignore_vulnerability_alerts_during_read": null,
            "is_template": true,
            "license_template": null,
            "merge_commit_message": "PR_TITLE",
            "merge_commit_title": "MERGE_MESSAGE",
            "name": "go-wasi-policy-template",
            "node_id": "R_kgDOJx3nLg",
            "pages": [],
            "primary_language": "Go",
            "private": false,
            "repo_id": 656271150,
            "security_and_analysis": [
              {
                "advanced_security": [],
                "secret_scanning": [
                  {
                    "status": "enabled"
                  }
                ],
                "secret_scanning_push_protection": [
                  {
                    "status": "disabled"
                  }
                ]
              }
            ],
            "squash_merge_commit_message": "COMMIT_MESSAGES",
            "squash_merge_commit_title": "COMMIT_OR_PR_TITLE",
            "ssh_clone_url": "git@github.com:kubewarden/go-wasi-policy-template.git",
            "svn_url": "https://github.com/kubewarden/go-wasi-policy-template",
            "template": [],
            "topics": [
              "go",
              "golang",
              "hacktoberfest",
              "kubernetes",
              "kubernetes-security",
              "kubewarden-policy-template",
              "policy-as-code",
              "wasi",
              "webassembly"
            ],
            "visibility": "public",
            "vulnerability_alerts": true,
            "web_commit_signoff_required": true
          },
          "sensitive_attributes": [],
          "private": "eyJzY2hlbWFfdmVyc2lvbiI6IjEifQ=="
        }
      ]
    },
    {
      "module": "module.policy_template_repository_go_wasi",
      "mode": "managed",
      "type": "github_team_repository",
      "name": "gh_team_push_rights",
      "provider": "provider[\"registry.terraform.io/integrations/github\"].kubewarden",
      "instances": [
        {
          "index_key": 0,
          "schema_version": 0,
          "attributes": {
            "etag": "W/\"4b76e694bb55cfd7820756f495252e2004a1c2c33d3447ab8f92cdc8565d9ee4\"",
            "id": "4972867:go-wasi-policy-template",
            "permission": "push",
            "repository": "go-wasi-policy-template",
            "team_id": "4972867"
          },
          "sensitive_attributes": [],
          "private": "bnVsbA==",
          "dependencies": [
            "data.github_team.kubewarden_developers",
            "module.policy_template_repository_go_wasi.github_repository.main"
          ]
        }
      ]
    },
    {
      "module": "module.policy_template_repository_opa",
      "mode": "managed",
      "type": "github_repository",
      "name": "main",
      "provider": "provider[\"registry.terraform.io/integrations/github\"].kubewarden",
      "instances": [
        {
          "schema_version": 1,
          "attributes": {
            "allow_auto_merge": false,
            "allow_merge_commit": true,
            "allow_rebase_merge": true,
            "allow_squash_merge": true,
            "allow_update_branch": false,
            "archive_on_destroy": null,
            "archived": false,
            "auto_init": false,
            "default_branch": "main",
            "delete_branch_on_merge": false,
            "description": "A template repository to quickly port a Open Policy Agent policy to Kubewarden",
            "etag": "W/\"440c9c2fc94d0709ceb1a799332bf291753fe9dba41a24a4e9f1701dd40fd863\"",
            "full_name": "kubewarden/opa-policy-template",
            "git_clone_url": "git://github.com/kubewarden/opa-policy-template.git",
            "gitignore_template": null,
            "has_discussions": false,
            "has_downloads": false,
            "has_issues": true,
            "has_projects": false,
            "has_wiki": true,
            "homepage_url": "https://kubewarden.io",
            "html_url": "https://github.com/kubewarden/opa-policy-template",
            "http_clone_url": "https://github.com/kubewarden/opa-policy-template.git",
            "id": "opa-policy-template",
            "ignore_vulnerability_alerts_during_read": null,
            "is_template": true,
            "license_template": null,
            "merge_commit_message": "PR_TITLE",
            "merge_commit_title": "MERGE_MESSAGE",
            "name": "opa-policy-template",
            "node_id": "R_kgDOGF4h6g",
            "pages": [],
            "primary_language": "Makefile",
            "private": false,
            "repo_id": 408822250,
            "security_and_analysis": [
              {
                "advanced_security": [],
                "secret_scanning": [
                  {
                    "status": "enabled"
                  }
                ],
                "secret_scanning_push_protection": [
                  {
                    "status": "disabled"
                  }
                ]
              }
            ],
            "squash_merge_commit_message": "COMMIT_MESSAGES",
            "squash_merge_commit_title": "COMMIT_OR_PR_TITLE",
            "ssh_clone_url": "git@github.com:kubewarden/opa-policy-template.git",
            "svn_url": "https://github.com/kubewarden/opa-policy-template",
            "template": [],
            "topics": [
              "hacktoberfest",
              "kubernetes",
              "kubernetes-security",
              "kubewarden-policy-template",
              "opa",
              "open-policy-agent",
              "openpolicyagent",
              "policy-as-code",
              "webassembly"
            ],
            "visibility": "public",
            "vulnerability_alerts": true,
            "web_commit_signoff_required": true
          },
          "sensitive_attributes": [],
          "private": "eyJzY2hlbWFfdmVyc2lvbiI6IjEifQ=="
        }
      ]
    },
    {
      "module": "module.policy_template_repository_opa",
      "mode": "managed",
      "type": "github_team_repository",
      "name": "gh_team_push_rights",
      "provider": "provider[\"registry.terraform.io/integrations/github\"].kubewarden",
      "instances": [
        {
          "index_key": 0,
          "schema_version": 0,
          "attributes": {
            "etag": "W/\"db8f1c6bbc166050a85775a61de37d08c9ce0b3b0793afaef68088cdbf3271c8\"",
            "id": "4972867:opa-policy-template",
            "permission": "push",
            "repository": "opa-policy-template",
            "team_id": "4972867"
          },
          "sensitive_attributes": [],
          "private": "bnVsbA==",
          "dependencies": [
            "data.github_team.kubewarden_developers",
            "module.policy_template_repository_opa.github_repository.main"
          ]
        }
      ]
    },
    {
      "module": "module.policy_template_repository_rust",
      "mode": "managed",
      "type": "github_repository",
      "name": "main",
      "provider": "provider[\"registry.terraform.io/integrations/github\"].kubewarden",
      "instances": [
        {
          "schema_version": 1,
          "attributes": {
            "allow_auto_merge": false,
            "allow_merge_commit": true,
            "allow_rebase_merge": true,
            "allow_squash_merge": true,
            "allow_update_branch": false,
            "archive_on_destroy": null,
            "archived": false,
            "auto_init": false,
            "default_branch": "main",
            "delete_branch_on_merge": false,
            "description": "A Kubewarden rust policy template to be used with cargo-generate",
            "etag": "W/\"5f8eae185308d1ef0fff3c85b95e3e8a126532200a1806f8196472b395562af1\"",
            "full_name": "kubewarden/rust-policy-template",
            "git_clone_url": "git://github.com/kubewarden/rust-policy-template.git",
            "gitignore_template": null,
            "has_discussions": false,
            "has_downloads": false,
            "has_issues": true,
            "has_projects": false,
            "has_wiki": true,
            "homepage_url": "https://kubewarden.io",
            "html_url": "https://github.com/kubewarden/rust-policy-template",
            "http_clone_url": "https://github.com/kubewarden/rust-policy-template.git",
            "id": "rust-policy-template",
            "ignore_vulnerability_alerts_during_read": null,
            "is_template": false,
            "license_template": null,
            "merge_commit_message": "PR_TITLE",
            "merge_commit_title": "MERGE_MESSAGE",
            "name": "rust-policy-template",
            "node_id": "MDEwOlJlcG9zaXRvcnkzNTUxNjYyMDg=",
            "pages": [],
            "primary_language": "Rust",
            "private": false,
            "repo_id": 355166208,
            "security_and_analysis": [
              {
                "advanced_security": [],
                "secret_scanning": [
                  {
                    "status": "enabled"
                  }
                ],
                "secret_scanning_push_protection": [
                  {
                    "status": "disabled"
                  }
                ]
              }
            ],
            "squash_merge_commit_message": "COMMIT_MESSAGES",
            "squash_merge_commit_title": "COMMIT_OR_PR_TITLE",
            "ssh_clone_url": "git@github.com:kubewarden/rust-policy-template.git",
            "svn_url": "https://github.com/kubewarden/rust-policy-template",
            "template": [],
            "topics": [
              "hacktoberfest",
              "kubernetes",
              "kubernetes-security",
              "kubewarden-policy-template",
              "policy-as-code",
              "rust",
              "webassembly"
            ],
            "visibility": "public",
            "vulnerability_alerts": true,
            "web_commit_signoff_required": true
          },
          "sensitive_attributes": [],
          "private": "eyJzY2hlbWFfdmVyc2lvbiI6IjEifQ=="
        }
      ]
    },
    {
      "module": "module.policy_template_repository_rust",
      "mode": "managed",
      "type": "github_team_repository",
      "name": "gh_team_push_rights",
      "provider": "provider[\"registry.terraform.io/integrations/github\"].kubewarden",
      "instances": [
        {
          "index_key": 0,
          "schema_version": 0,
          "attributes": {
            "etag": "W/\"aaed80dacf51a7e9cf7b49ecdd53c6ffa4646ec4c0b1a6bfd55d25250716cffc\"",
            "id": "4972867:rust-policy-template",
            "permission": "push",
            "repository": "rust-policy-template",
            "team_id": "4972867"
          },
          "sensitive_attributes": [],
          "private": "bnVsbA==",
          "dependencies": [
            "data.github_team.kubewarden_developers",
            "module.policy_template_repository_rust.github_repository.main"
          ]
        }
      ]
    },
    {
      "module": "module.policy_template_repository_swift",
      "mode": "managed",
      "type": "github_repository",
      "name": "main",
      "provider": "provider[\"registry.terraform.io/integrations/github\"].kubewarden",
      "instances": [
        {
          "schema_version": 1,
          "attributes": {
            "allow_auto_merge": false,
            "allow_merge_commit": true,
            "allow_rebase_merge": true,
            "allow_squash_merge": true,
            "allow_update_branch": false,
            "archive_on_destroy": null,
            "archived": false,
            "auto_init": false,
            "default_branch": "main",
            "delete_branch_on_merge": false,
            "description": "A template repository to quickly scaffold a Kubewarden policy written with Swift language",
            "etag": "W/\"70a3e3bab7c7661fb315dd62279dec25fb7910d5712e5831a8b804f6497698b9\"",
            "full_name": "kubewarden/swift-policy-template",
            "git_clone_url": "git://github.com/kubewarden/swift-policy-template.git",
            "gitignore_template": null,
            "has_discussions": false,
            "has_downloads": false,
            "has_issues": true,
            "has_projects": false,
            "has_wiki": true,
            "homepage_url": "https://kubewarden.io",
            "html_url": "https://github.com/kubewarden/swift-policy-template",
            "http_clone_url": "https://github.com/kubewarden/swift-policy-template.git",
            "id": "swift-policy-template",
            "ignore_vulnerability_alerts_during_read": null,
            "is_template": true,
            "license_template": null,
            "merge_commit_message": "PR_TITLE",
            "merge_commit_title": "MERGE_MESSAGE",
            "name": "swift-policy-template",
            "node_id": "MDEwOlJlcG9zaXRvcnkzOTQyNTEzMjI=",
            "pages": [],
            "primary_language": "Swift",
            "private": false,
            "repo_id": 394251322,
            "security_and_analysis": [
              {
                "advanced_security": [],
                "secret_scanning": [
                  {
                    "status": "enabled"
                  }
                ],
                "secret_scanning_push_protection": [
                  {
                    "status": "disabled"
                  }
                ]
              }
            ],
            "squash_merge_commit_message": "COMMIT_MESSAGES",
            "squash_merge_commit_title": "COMMIT_OR_PR_TITLE",
            "ssh_clone_url": "git@github.com:kubewarden/swift-policy-template.git",
            "svn_url": "https://github.com/kubewarden/swift-policy-template",
            "template": [],
            "topics": [
              "hacktoberfest",
              "kubernetes",
              "kubernetes-security",
              "kubewarden-policy-template",
              "policy-as-code",
              "swift",
              "webassembly"
            ],
            "visibility": "public",
            "vulnerability_alerts": true,
            "web_commit_signoff_required": true
          },
          "sensitive_attributes": [],
          "private": "eyJzY2hlbWFfdmVyc2lvbiI6IjEifQ=="
        }
      ]
    },
    {
      "module": "module.policy_template_repository_swift",
      "mode": "managed",
      "type": "github_team_repository",
      "name": "gh_team_push_rights",
      "provider": "provider[\"registry.terraform.io/integrations/github\"].kubewarden",
      "instances": [
        {
          "index_key": 0,
          "schema_version": 0,
          "attributes": {
            "etag": "W/\"1912bf3ce6735e24bfe9ccaa23ef9883b38e15086f8782e6e21766ab1822e5c9\"",
            "id": "4972867:swift-policy-template",
            "permission": "push",
            "repository": "swift-policy-template",
            "team_id": "4972867"
          },
          "sensitive_attributes": [],
          "private": "bnVsbA==",
          "dependencies": [
            "data.github_team.kubewarden_developers",
            "module.policy_template_repository_swift.github_repository.main"
          ]
        }
      ]
    }
  ],
  "check_results": null
}
