{
  "version": 4,
  "terraform_version": "1.0.11",
  "serial": 6472,
  "lineage": "9361268e-ae5d-4e6a-09c7-3a886aaffce2",
  "outputs": {},
  "resources": [
    {
      "mode": "data",
      "type": "github_repositories",
      "name": "repos",
      "provider": "provider[\"registry.terraform.io/integrations/github\"]",
      "instances": [
        {
          "schema_version": 0,
          "attributes": {
            "full_names": [
              "kubewarden/automation",
              "kubewarden/gostubpkg",
              "kubewarden/fleet-example",
              "kubewarden/kubewarden-end-to-end-tests",
              "kubewarden/persistentvolumeclaim-storageclass-policy",
              "kubewarden/github-actions",
              "kubewarden/labels-policy",
              "kubewarden/helm-charts",
              "kubewarden/unique-service-selector-policy",
              "kubewarden/policy-sdk-swift",
              "kubewarden/apparmor-psp-policy",
              "kubewarden/js-policy-template",
              "kubewarden/policy-sdk-js",
              "kubewarden/k8s-objects-generator",
              "kubewarden/cel-policy",
              "kubewarden/sbomscanner",
              "kubewarden/policy-catalog",
              "kubewarden/policy-server",
              "kubewarden/kubewarden-controller",
              "kubewarden/kwctl",
              "kubewarden/policy-fetcher",
              "kubewarden/policy-evaluator",
              "kubewarden/audit-scanner",
              "kubewarden/environment-variable-policy",
              "kubewarden/readonly-root-filesystem-psp-policy",
              "kubewarden/selinux-psp-policy",
              "kubewarden/image-cve-policy",
              "kubewarden/high-risk-service-account-policy",
              "kubewarden/capabilities-psp-policy",
              "kubewarden/user-group-psp-policy",
              "kubewarden/verify-image-signatures",
              "kubewarden/pod-privileged-policy",
              "kubewarden/share-pid-namespace-policy",
              "kubewarden/context-aware-demo",
              "kubewarden/pod-runtime-class-policy",
              "kubewarden/flexvolume-drivers-psp-policy",
              "kubewarden/allow-privilege-escalation-psp-policy",
              "kubewarden/annotations-policy",
              "kubewarden/allowed-fsgroups-psp-policy",
              "kubewarden/env-variable-secrets-scanner-policy",
              "kubewarden/allowed-proc-mount-types-psp-policy",
              "kubewarden/echo",
              "kubewarden/context-aware-test-policy",
              "kubewarden/trusted-repos-policy",
              "kubewarden/seccomp-psp-policy",
              "kubewarden/pod-ndots-policy",
              "kubewarden/raw-validation-policy",
              "kubewarden/priority-class-policy",
              "kubewarden/do-not-expose-admission-controller-webhook-services-policy",
              "kubewarden/rancher-project-propagate-labels",
              "kubewarden/deprecated-api-versions-policy",
              "kubewarden/host-namespaces-psp-policy",
              "kubewarden/psa-label-enforcer-policy",
              "kubewarden/sleeping-policy",
              "kubewarden/container-resources-policy",
              "kubewarden/volumes-psp-policy",
              "kubewarden/hostpaths-psp-policy",
              "kubewarden/rancher-project-quotas-namespace-validator",
              "kubewarden/safe-annotations-policy",
              "kubewarden/namespace-label-propagator-policy",
              "kubewarden/safe-labels-policy",
              "kubewarden/sysctl-psp-policy",
              "kubewarden/kubewarden.io",
              "kubewarden/load-testing",
              "kubewarden/strfmt",
              "kubewarden/policy-sdk-dotnet",
              "kubewarden/rego-policies-library",
              "kubewarden/ingress-policy",
              "kubewarden/go-wasi-policy-template",
              "kubewarden/go-wasi-context-aware-test-policy",
              "kubewarden/raw-mutation-policy",
              "kubewarden/go-policy-template",
              "kubewarden/docs",
              "kubewarden/policy-sdk-go",
              "kubewarden/policy-sdk-rust",
              "kubewarden/volumeMounts-policy",
              "kubewarden/kyverno-dsl-policy",
              "kubewarden/disallow-service-loadbalancer-policy",
              "kubewarden/opa-policy-template",
              "kubewarden/gatekeeper-policy-template",
              "kubewarden/raw-mutation-wasi-policy",
              "kubewarden/raw-validation-opa-policy",
              "kubewarden/disallow-service-nodeport-policy",
              "kubewarden/context-aware-test-opa-policy",
              "kubewarden/unique-ingress-policy",
              "kubewarden/raw-validation-wasi-policy",
              "kubewarden/context-aware-test-gatekeeper-policy",
              "kubewarden/rfc",
              "kubewarden/swift-policy-template",
              "kubewarden/.github",
              "kubewarden/community",
              "kubewarden/rust-policy-template",
              "kubewarden/infra",
              "kubewarden/k8s-objects",
              "kubewarden/rancher-kubectl-builder",
              "kubewarden/utils",
              "kubewarden/kubecon-24-eu-kubewarden",
              "kubewarden/policy-charts",
              "kubewarden/dotnet-policy-template",
              "kubewarden/kubewarden-stats",
              "kubewarden/swift-wasm-runner",
              "kubewarden/policy-hub",
              "kubewarden/setup-kubewarden-cluster-action",
              "kubewarden/notify-policy-hub",
              "kubewarden/burrego"
            ],
            "id": "org:kubewarden",
            "include_repo_id": false,
            "names": [
              "automation",
              "gostubpkg",
              "fleet-example",
              "kubewarden-end-to-end-tests",
              "persistentvolumeclaim-storageclass-policy",
              "github-actions",
              "labels-policy",
              "helm-charts",
              "unique-service-selector-policy",
              "policy-sdk-swift",
              "apparmor-psp-policy",
              "js-policy-template",
              "policy-sdk-js",
              "k8s-objects-generator",
              "cel-policy",
              "sbomscanner",
              "policy-catalog",
              "policy-server",
              "kubewarden-controller",
              "kwctl",
              "policy-fetcher",
              "policy-evaluator",
              "audit-scanner",
              "environment-variable-policy",
              "readonly-root-filesystem-psp-policy",
              "selinux-psp-policy",
              "image-cve-policy",
              "high-risk-service-account-policy",
              "capabilities-psp-policy",
              "user-group-psp-policy",
              "verify-image-signatures",
              "pod-privileged-policy",
              "share-pid-namespace-policy",
              "context-aware-demo",
              "pod-runtime-class-policy",
              "flexvolume-drivers-psp-policy",
              "allow-privilege-escalation-psp-policy",
              "annotations-policy",
              "allowed-fsgroups-psp-policy",
              "env-variable-secrets-scanner-policy",
              "allowed-proc-mount-types-psp-policy",
              "echo",
              "context-aware-test-policy",
              "trusted-repos-policy",
              "seccomp-psp-policy",
              "pod-ndots-policy",
              "raw-validation-policy",
              "priority-class-policy",
              "do-not-expose-admission-controller-webhook-services-policy",
              "rancher-project-propagate-labels",
              "deprecated-api-versions-policy",
              "host-namespaces-psp-policy",
              "psa-label-enforcer-policy",
              "sleeping-policy",
              "container-resources-policy",
              "volumes-psp-policy",
              "hostpaths-psp-policy",
              "rancher-project-quotas-namespace-validator",
              "safe-annotations-policy",
              "namespace-label-propagator-policy",
              "safe-labels-policy",
              "sysctl-psp-policy",
              "kubewarden.io",
              "load-testing",
              "strfmt",
              "policy-sdk-dotnet",
              "rego-policies-library",
              "ingress-policy",
              "go-wasi-policy-template",
              "go-wasi-context-aware-test-policy",
              "raw-mutation-policy",
              "go-policy-template",
              "docs",
              "policy-sdk-go",
              "policy-sdk-rust",
              "volumeMounts-policy",
              "kyverno-dsl-policy",
              "disallow-service-loadbalancer-policy",
              "opa-policy-template",
              "gatekeeper-policy-template",
              "raw-mutation-wasi-policy",
              "raw-validation-opa-policy",
              "disallow-service-nodeport-policy",
              "context-aware-test-opa-policy",
              "unique-ingress-policy",
              "raw-validation-wasi-policy",
              "context-aware-test-gatekeeper-policy",
              "rfc",
              "swift-policy-template",
              ".github",
              "community",
              "rust-policy-template",
              "infra",
              "k8s-objects",
              "rancher-kubectl-builder",
              "utils",
              "kubecon-24-eu-kubewarden",
              "policy-charts",
              "dotnet-policy-template",
              "kubewarden-stats",
              "swift-wasm-runner",
              "policy-hub",
              "setup-kubewarden-cluster-action",
              "notify-policy-hub",
              "burrego"
            ],
            "query": "org:kubewarden",
            "repo_ids": null,
            "results_per_page": 100,
            "sort": "updated"
          },
          "sensitive_attributes": []
        }
      ]
    },
    {
      "mode": "data",
      "type": "github_team",
      "name": "kubewarden_developers",
      "provider": "provider[\"registry.terraform.io/integrations/github\"].kubewarden",
      "instances": [
        {
          "schema_version": 0,
          "attributes": {
            "description": "Kubewarden developers",
            "id": "4972867",
            "members": [
              "flavio",
              "kravciak",
              "fabriziosestito",
              "jvanz",
              "viccuad",
              "olblak",
              "prabalsharma",
              "pjbgf",
              "juadk",
              "raulcabello",
              "ncounter",
              "robertsirc",
              "alegrey91",
              "Bin0089",
              "aalves08"
            ],
            "membership_type": "all",
            "name": "kubewarden-developers",
            "node_id": "T_kwDOBNKsKc4AS-FD",
            "permission": "pull",
            "privacy": "closed",
            "repositories": [
              ".github",
              "allow-privilege-escalation-psp-policy",
              "allowed-fsgroups-psp-policy",
              "allowed-proc-mount-types-psp-policy",
              "annotations-policy",
              "apparmor-psp-policy",
              "audit-scanner",
              "automation",
              "burrego",
              "capabilities-psp-policy",
              "cel-policy",
              "community",
              "container-resources-policy",
              "context-aware-demo",
              "context-aware-test-gatekeeper-policy",
              "context-aware-test-opa-policy",
              "context-aware-test-policy",
              "deprecated-api-versions-policy",
              "disallow-service-loadbalancer-policy",
              "disallow-service-nodeport-policy",
              "do-not-expose-admission-controller-webhook-services-policy",
              "docs",
              "dotnet-policy-template",
              "echo",
              "env-variable-secrets-scanner-policy",
              "environment-variable-policy",
              "fleet-example",
              "flexvolume-drivers-psp-policy",
              "gatekeeper-policy-template",
              "github-actions",
              "gjson",
              "go-policy-template",
              "go-wasi-context-aware-test-policy",
              "go-wasi-policy-template",
              "gostubpkg",
              "helm-charts",
              "high-risk-service-account-policy",
              "host-namespaces-psp-policy",
              "hostpaths-psp-policy",
              "image-cve-policy",
              "infra",
              "ingress-policy",
              "js-policy-template",
              "k8s-objects",
              "k8s-objects-generator",
              "kube-webhook-wrapper",
              "kubecon-24-eu-kubewarden",
              "kubewarden-controller",
              "kubewarden-end-to-end-tests",
              "kubewarden-stats",
              "kubewarden-ui",
              "kubewarden.io",
              "kwctl",
              "kyverno-dsl-policy",
              "labels-policy",
              "load-testing",
              "namespace-label-propagator-policy",
              "notify-policy-hub",
              "opa-policy-template",
              "persistentvolumeclaim-storageclass-policy",
              "pod-ndots-policy",
              "pod-privileged-policy",
              "pod-runtime-class-policy",
              "policy-catalog",
              "policy-charts",
              "policy-evaluator",
              "policy-fetcher",
              "policy-hub",
              "policy-sdk-dotnet",
              "policy-sdk-go",
              "policy-sdk-js",
              "policy-sdk-rust",
              "policy-sdk-swift",
              "policy-server",
              "priority-class-policy",
              "psa-label-enforcer-policy",
              "rancher-project-propagate-labels",
              "rancher-project-quotas-namespace-validator",
              "raw-mutation-policy",
              "raw-mutation-wasi-policy",
              "raw-validation-opa-policy",
              "raw-validation-policy",
              "raw-validation-wasi-policy",
              "readonly-root-filesystem-psp-policy",
              "rego-policies-library",
              "rfc",
              "rust-policy-template",
              "safe-annotations-policy",
              "safe-labels-policy",
              "sbomscanner",
              "seccomp-psp-policy",
              "selinux-psp-policy",
              "setup-kubewarden-cluster-action",
              "share-pid-namespace-policy",
              "sleeping-policy",
              "strfmt",
              "swift-policy-template",
              "swift-wasm-runner",
              "sysctl-psp-policy",
              "trusted-repos-policy",
              "unique-ingress-policy",
              "unique-service-selector-policy",
              "user-group-psp-policy",
              "utils",
              "verify-image-signatures",
              "volumeMounts-policy",
              "volumes-psp-policy"
            ],
            "repositories_detailed": [
              {
                "repo_id": 713310475,
                "role_name": "write"
              },
              {
                "repo_id": 747831522,
                "role_name": "write"
              },
              {
                "repo_id": 407209064,
                "role_name": "write"
              },
              {
                "repo_id": 511553735,
                "role_name": "write"
              },
              {
                "repo_id": 478565046,
                "role_name": "write"
              },
              {
                "repo_id": 547366508,
                "role_name": "write"
              },
              {
                "repo_id": 394944084,
                "role_name": "write"
              }
            ],
            "results_per_page": 100,
            "slug": "kubewarden-developers",
            "summary_only": false
          },
          "sensitive_attributes": []
        }
      ]
    },
    {
      "mode": "data",
      "type": "github_team",
      "name": "kubewarden_documentation",
      "provider": "provider[\"registry.terraform.io/integrations/github\"].kubewarden",
      "instances": [
        {
          "schema_version": 0,
          "attributes": {
            "description": "Kubewarden documentation team",
            "id": "5417591",
            "members": [
              "ereslibre",
              "nunix",
              "btat",
              "jhkrug",
              "divya-mohan0209",
              "dariavladykina"
            ],
            "membership_type": "all",
            "name": "kubewarden-documentation",
            "node_id": "T_kwDOBNKsKc4AUqp3",
            "permission": "pull",
            "privacy": "closed",
            "repositories": [
              "community",
              "docs",
              "kubewarden-controller",
              "kubewarden.io",
              "policy-charts",
              "rfc",
              "sbomscanner"
            ],
            "repositories_detailed": [
              {
                "repo_id": 775481381,
                "role_name": "write"
              },
              {
                "repo_id": 314266235,
                "role_name": "write"
              },
              {
                "repo_id": 318490971,
                "role_name": "read"
              },
              {
                "repo_id": 314186121,
                "role_name": "write"
              },
              {
                "repo_id": 958105472,
                "role_name": "write"
              },
              {
                "repo_id": 467968538,
                "role_name": "write"
              },
              {
                "repo_id": 867624162,
                "role_name": "read"
              }
            ],
            "results_per_page": 100,
            "slug": "kubewarden-documentation",
            "summary_only": false
          },
          "sensitive_attributes": []
        }
      ]
    },
    {
      "module": "module.kubewarden_community_repository",
      "mode": "managed",
      "type": "github_app_installation_repository",
      "name": "app_dco",
      "provider": "provider[\"registry.terraform.io/integrations/github\"].kubewarden",
      "instances": [
        {
          "schema_version": 0,
          "attributes": {
            "id": "29141080:community",
            "installation_id": "29141080",
            "repo_id": 775481381,
            "repository": "community"
          },
          "sensitive_attributes": [],
          "private": "bnVsbA==",
          "dependencies": [
            "module.kubewarden_community_repository.github_repository.main"
          ]
        }
      ]
    },
    {
      "module": "module.kubewarden_community_repository",
      "mode": "managed",
      "type": "github_issue_label",
      "name": "label",
      "provider": "provider[\"registry.terraform.io/integrations/github\"].kubewarden",
      "instances": [
        {
          "index_key": "area/dependencies",
          "schema_version": 0,
          "attributes": {
            "color": "D3D7CF",
            "description": "",
            "etag": "W/\"a34a7f4be64f64090552f97136f9b286d0e13b3975eb8b7c9002d88accb0db75\"",
            "id": "community:area/dependencies",
            "name": "area/dependencies",
            "repository": "community",
            "url": "https://api.github.com/repos/kubewarden/community/labels/area/dependencies"
          },
          "sensitive_attributes": [],
          "private": "bnVsbA==",
          "dependencies": [
            "module.kubewarden_community_repository.github_repository.main"
          ]
        },
        {
          "index_key": "good first issue",
          "schema_version": 0,
          "attributes": {
            "color": "7057ff",
            "description": "",
            "etag": "W/\"3cfd961aa146c8bf5ce10f9eb443fa78e04001bea8671032c66a6f798b7e06c9\"",
            "id": "community:good first issue",
            "name": "good first issue",
            "repository": "community",
            "url": "https://api.github.com/repos/kubewarden/community/labels/good%20first%20issue"
          },
          "sensitive_attributes": [],
          "private": "bnVsbA==",
          "dependencies": [
            "module.kubewarden_community_repository.github_repository.main"
          ]
        },
        {
          "index_key": "help wanted",
          "schema_version": 0,
          "attributes": {
            "color": "f0ad4e",
            "description": "",
            "etag": "W/\"3e0b6b91b3dfd4cc53c40296aed926c9a927946c04d43b198fe9f6ba968561f9\"",
            "id": "community:help wanted",
            "name": "help wanted",
            "repository": "community",
            "url": "https://api.github.com/repos/kubewarden/community/labels/help%20wanted"
          },
          "sensitive_attributes": [],
          "private": "bnVsbA==",
          "dependencies": [
            "module.kubewarden_community_repository.github_repository.main"
          ]
        },
        {
          "index_key": "kind/automation",
          "schema_version": 0,
          "attributes": {
            "color": "3465A4",
            "description": "",
            "etag": "W/\"49c058e18818107f1b1838c64d045a16ae9d6517b386820bd1d1c63c71411b2b\"",
            "id": "community:kind/automation",
            "name": "kind/automation",
            "repository": "community",
            "url": "https://api.github.com/repos/kubewarden/community/labels/kind/automation"
          },
          "sensitive_attributes": [],
          "private": "bnVsbA==",
          "dependencies": [
            "module.kubewarden_community_repository.github_repository.main"
          ]
        },
        {
          "index_key": "kind/breaking-change",
          "schema_version": 0,
          "attributes": {
            "color": "FCE94F",
            "description": "",
            "etag": "W/\"ea08762f1eb60517e510463bf66f39cc2c6f8be93f1e788ca97a5a05980a51c7\"",
            "id": "community:kind/breaking-change",
            "name": "kind/breaking-change",
            "repository": "community",
            "url": "https://api.github.com/repos/kubewarden/community/labels/kind/breaking-change"
          },
          "sensitive_attributes": [],
          "private": "bnVsbA==",
          "dependencies": [
            "module.kubewarden_community_repository.github_repository.main"
          ]
        },
        {
          "index_key": "kind/bug",
          "schema_version": 0,
          "attributes": {
            "color": "EF2929",
            "description": "",
            "etag": "W/\"0b81532204f21a70a73f389b8831eca30ddc1534c4f2138c7a3f4a02b6604019\"",
            "id": "community:kind/bug",
            "name": "kind/bug",
            "repository": "community",
            "url": "https://api.github.com/repos/kubewarden/community/labels/kind/bug"
          },
          "sensitive_attributes": [],
          "private": "bnVsbA==",
          "dependencies": [
            "module.kubewarden_community_repository.github_repository.main"
          ]
        },
        {
          "index_key": "kind/carryover",
          "schema_version": 0,
          "attributes": {
            "color": "8AE234",
            "description": "",
            "etag": "W/\"7ca1d42eb1a49668cc575fa2cbfbfea9cd9f4c97bc29f4bf5281841214dfee5e\"",
            "id": "community:kind/carryover",
            "name": "kind/carryover",
            "repository": "community",
            "url": "https://api.github.com/repos/kubewarden/community/labels/kind/carryover"
          },
          "sensitive_attributes": [],
          "private": "bnVsbA==",
          "dependencies": [
            "module.kubewarden_community_repository.github_repository.main"
          ]
        },
        {
          "index_key": "kind/chore",
          "schema_version": 0,
          "attributes": {
            "color": "555753",
            "description": "",
            "etag": "W/\"4370d65ba01a20b904d6d1471a918dfd03d4a079bb8c20d5f3b123b6ac48d7fb\"",
            "id": "community:kind/chore",
            "name": "kind/chore",
            "repository": "community",
            "url": "https://api.github.com/repos/kubewarden/community/labels/kind/chore"
          },
          "sensitive_attributes": [],
          "private": "bnVsbA==",
          "dependencies": [
            "module.kubewarden_community_repository.github_repository.main"
          ]
        },
        {
          "index_key": "kind/enhancement",
          "schema_version": 0,
          "attributes": {
            "color": "06989A",
            "description": "",
            "etag": "W/\"52b262bbb19200b071fd70c51217397457123a3c877c9ec3d5995c43d5485934\"",
            "id": "community:kind/enhancement",
            "name": "kind/enhancement",
            "repository": "community",
            "url": "https://api.github.com/repos/kubewarden/community/labels/kind/enhancement"
          },
          "sensitive_attributes": [],
          "private": "bnVsbA==",
          "dependencies": [
            "module.kubewarden_community_repository.github_repository.main"
          ]
        },
        {
          "index_key": "kind/feature",
          "schema_version": 0,
          "attributes": {
            "color": "34E2E2",
            "description": "",
            "etag": "W/\"56b3b0b519367bc8aa8e3d51d41751988d813e7ecb44d7135ab728a7394bcbbd\"",
            "id": "community:kind/feature",
            "name": "kind/feature",
            "repository": "community",
            "url": "https://api.github.com/repos/kubewarden/community/labels/kind/feature"
          },
          "sensitive_attributes": [],
          "private": "bnVsbA==",
          "dependencies": [
            "module.kubewarden_community_repository.github_repository.main"
          ]
        },
        {
          "index_key": "kind/question",
          "schema_version": 0,
          "attributes": {
            "color": "ad7fa8",
            "description": "",
            "etag": "W/\"be1261f3b9e4f29068bc4494418fb260c9c10bfe211498f9bbf9c0ee56e9a5a5\"",
            "id": "community:kind/question",
            "name": "kind/question",
            "repository": "community",
            "url": "https://api.github.com/repos/kubewarden/community/labels/kind/question"
          },
          "sensitive_attributes": [],
          "private": "bnVsbA==",
          "dependencies": [
            "module.kubewarden_community_repository.github_repository.main"
          ]
        },
        {
          "index_key": "kind/tech-debt",
          "schema_version": 0,
          "attributes": {
            "color": "729FCF",
            "description": "",
            "etag": "W/\"5a3d3ffec6b6f12459a3c363772ff56afa656b93040e2b400a880af58f079d72\"",
            "id": "community:kind/tech-debt",
            "name": "kind/tech-debt",
            "repository": "community",
            "url": "https://api.github.com/repos/kubewarden/community/labels/kind/tech-debt"
          },
          "sensitive_attributes": [],
          "private": "bnVsbA==",
          "dependencies": [
            "module.kubewarden_community_repository.github_repository.main"
          ]
        },
        {
          "index_key": "kind/to-be-refined",
          "schema_version": 0,
          "attributes": {
            "color": "B14FCF",
            "description": "",
            "etag": "W/\"48f965ea70463b554d00cee9d5b1d41d0a2528c2163223c2e88a184be9276c2f\"",
            "id": "community:kind/to-be-refined",
            "name": "kind/to-be-refined",
            "repository": "community",
            "url": "https://api.github.com/repos/kubewarden/community/labels/kind/to-be-refined"
          },
          "sensitive_attributes": [],
          "private": "bnVsbA==",
          "dependencies": [
            "module.kubewarden_community_repository.github_repository.main"
          ]
        },
        {
          "index_key": "release/major",
          "schema_version": 0,
          "attributes": {
            "color": "8AE234",
            "description": "",
            "etag": "W/\"662653e432fa2e33c75c4f351997b4676d90a9c57dcc947bef8b86b713c3bb9e\"",
            "id": "community:release/major",
            "name": "release/major",
            "repository": "community",
            "url": "https://api.github.com/repos/kubewarden/community/labels/release/major"
          },
          "sensitive_attributes": [],
          "private": "bnVsbA==",
          "dependencies": [
            "module.kubewarden_community_repository.github_repository.main"
          ]
        },
        {
          "index_key": "release/minor",
          "schema_version": 0,
          "attributes": {
            "color": "4E9A06",
            "description": "",
            "etag": "W/\"533f33fae715e7ff586f7ae2b5af2591008216b24ac20c8d5a205e52e88e4f7b\"",
            "id": "community:release/minor",
            "name": "release/minor",
            "repository": "community",
            "url": "https://api.github.com/repos/kubewarden/community/labels/release/minor"
          },
          "sensitive_attributes": [],
          "private": "bnVsbA==",
          "dependencies": [
            "module.kubewarden_community_repository.github_repository.main"
          ]
        },
        {
          "index_key": "release/patch",
          "schema_version": 0,
          "attributes": {
            "color": "aa6600",
            "description": "",
            "etag": "W/\"8ccaf6b70b3cec4a7eb1eb6e3ec48e6ebbfd69f300c0d2687b89380429069461\"",
            "id": "community:release/patch",
            "name": "release/patch",
            "repository": "community",
            "url": "https://api.github.com/repos/kubewarden/community/labels/release/patch"
          },
          "sensitive_attributes": [],
          "private": "bnVsbA==",
          "dependencies": [
            "module.kubewarden_community_repository.github_repository.main"
          ]
        },
        {
          "index_key": "release/skip-changelog",
          "schema_version": 0,
          "attributes": {
            "color": "77cc00",
            "description": "",
            "etag": "W/\"e42ea57683c8a16ab3ca3227292210f4e309f0b73ace5493f3ab5132e88995ff\"",
            "id": "community:release/skip-changelog",
            "name": "release/skip-changelog",
            "repository": "community",
            "url": "https://api.github.com/repos/kubewarden/community/labels/release/skip-changelog"
          },
          "sensitive_attributes": [],
          "private": "bnVsbA==",
          "dependencies": [
            "module.kubewarden_community_repository.github_repository.main"
          ]
        }
      ]
    },
    {
      "module": "module.kubewarden_community_repository",
      "mode": "managed",
      "type": "github_repository",
      "name": "main",
      "provider": "provider[\"registry.terraform.io/integrations/github\"].kubewarden",
      "instances": [
        {
          "schema_version": 1,
          "attributes": {
            "allow_auto_merge": false,
            "allow_merge_commit": true,
            "allow_rebase_merge": true,
            "allow_squash_merge": true,
            "allow_update_branch": false,
            "archive_on_destroy": null,
            "archived": false,
            "auto_init": false,
            "default_branch": "main",
            "delete_branch_on_merge": false,
            "description": "Kubewarden's community repository",
            "etag": "W/\"b66ccd5cda4ca7b18a16d046284a1d248d3260ce0625fe268c448c856bc8cea0\"",
            "full_name": "kubewarden/community",
            "git_clone_url": "git://github.com/kubewarden/community.git",
            "gitignore_template": null,
            "has_discussions": false,
            "has_downloads": true,
            "has_issues": true,
            "has_projects": false,
            "has_wiki": true,
            "homepage_url": "https://github.com/kubewarden/",
            "html_url": "https://github.com/kubewarden/community",
            "http_clone_url": "https://github.com/kubewarden/community.git",
            "id": "community",
            "ignore_vulnerability_alerts_during_read": null,
            "is_template": false,
            "license_template": null,
            "merge_commit_message": "PR_TITLE",
            "merge_commit_title": "MERGE_MESSAGE",
            "name": "community",
            "node_id": "R_kgDOLjjoJQ",
            "pages": [],
            "primary_language": "Makefile",
            "private": false,
            "repo_id": 775481381,
            "security_and_analysis": [
              {
                "advanced_security": [],
                "secret_scanning": [
                  {
                    "status": "enabled"
                  }
                ],
                "secret_scanning_push_protection": [
                  {
                    "status": "disabled"
                  }
                ]
              }
            ],
            "squash_merge_commit_message": "COMMIT_MESSAGES",
            "squash_merge_commit_title": "COMMIT_OR_PR_TITLE",
            "ssh_clone_url": "git@github.com:kubewarden/community.git",
            "svn_url": "https://github.com/kubewarden/community",
            "template": [],
            "topics": [
              "hacktoberfest",
              "kubernetes",
              "kubernetes-security",
              "policy-as-code",
              "webassembly"
            ],
            "visibility": "public",
            "vulnerability_alerts": true
          },
          "sensitive_attributes": [],
          "private": "eyJzY2hlbWFfdmVyc2lvbiI6IjEifQ=="
        }
      ]
    },
    {
      "module": "module.kubewarden_community_repository",
      "mode": "managed",
      "type": "github_team_repository",
      "name": "gh_team_push_rights",
      "provider": "provider[\"registry.terraform.io/integrations/github\"].kubewarden",
      "instances": [
        {
          "index_key": "4972867",
          "schema_version": 0,
          "attributes": {
            "etag": "W/\"71719f9a45e9a7753fd5416769e8519f1b0546d1582fee8cf6f1eea1f3f03857\"",
            "id": "4972867:community",
            "permission": "push",
            "repository": "community",
            "team_id": "4972867"
          },
          "sensitive_attributes": [],
          "private": "bnVsbA==",
          "dependencies": [
            "data.github_team.kubewarden_developers",
            "data.github_team.kubewarden_documentation",
            "module.kubewarden_community_repository.github_repository.main"
          ]
        },
        {
          "index_key": "5417591",
          "schema_version": 0,
          "attributes": {
            "etag": "W/\"71719f9a45e9a7753fd5416769e8519f1b0546d1582fee8cf6f1eea1f3f03857\"",
            "id": "5417591:community",
            "permission": "push",
            "repository": "community",
            "team_id": "5417591"
          },
          "sensitive_attributes": [],
          "private": "bnVsbA==",
          "dependencies": [
            "data.github_team.kubewarden_developers",
            "data.github_team.kubewarden_documentation",
            "module.kubewarden_community_repository.github_repository.main"
          ]
        }
      ]
    },
    {
      "module": "module.kubewarden_docs_repository",
      "mode": "managed",
      "type": "github_app_installation_repository",
      "name": "app_dco",
      "provider": "provider[\"registry.terraform.io/integrations/github\"].kubewarden",
      "instances": [
        {
          "schema_version": 0,
          "attributes": {
            "id": "29141080:docs",
            "installation_id": "29141080",
            "repo_id": 314266235,
            "repository": "docs"
          },
          "sensitive_attributes": [],
          "private": "bnVsbA==",
          "dependencies": [
            "module.kubewarden_docs_repository.github_repository.main"
          ]
        }
      ]
    },
    {
      "module": "module.kubewarden_docs_repository",
      "mode": "managed",
      "type": "github_issue_label",
      "name": "label",
      "provider": "provider[\"registry.terraform.io/integrations/github\"].kubewarden",
      "instances": [
        {
          "index_key": "area/dependencies",
          "schema_version": 0,
          "attributes": {
            "color": "D3D7CF",
            "description": "",
            "etag": "W/\"4f7c370c5f5d86fd9f32f890c70f861538093a4e5fde3af5cbff1863744efc2c\"",
            "id": "docs:area/dependencies",
            "name": "area/dependencies",
            "repository": "docs",
            "url": "https://api.github.com/repos/kubewarden/docs/labels/area/dependencies"
          },
          "sensitive_attributes": [],
          "private": "bnVsbA==",
          "dependencies": [
            "module.kubewarden_docs_repository.github_repository.main"
          ]
        },
        {
          "index_key": "good first issue",
          "schema_version": 0,
          "attributes": {
            "color": "7057ff",
            "description": "",
            "etag": "W/\"a66e727cd78ea184bbc93a1243becbb948ff09fc57ffda8c7682502ccc5f22bd\"",
            "id": "docs:good first issue",
            "name": "good first issue",
            "repository": "docs",
            "url": "https://api.github.com/repos/kubewarden/docs/labels/good%20first%20issue"
          },
          "sensitive_attributes": [],
          "private": "bnVsbA==",
          "dependencies": [
            "module.kubewarden_docs_repository.github_repository.main"
          ]
        },
        {
          "index_key": "help wanted",
          "schema_version": 0,
          "attributes": {
            "color": "f0ad4e",
            "description": "",
            "etag": "W/\"b834b65f7c07f49a5a9af04a6d8d1d6f6c4cdeaa4edc9d9d6e0db6a12a4c23ec\"",
            "id": "docs:help wanted",
            "name": "help wanted",
            "repository": "docs",
            "url": "https://api.github.com/repos/kubewarden/docs/labels/help%20wanted"
          },
          "sensitive_attributes": [],
          "private": "bnVsbA==",
          "dependencies": [
            "module.kubewarden_docs_repository.github_repository.main"
          ]
        },
        {
          "index_key": "kind/automation",
          "schema_version": 0,
          "attributes": {
            "color": "3465A4",
            "description": "",
            "etag": "W/\"0c51e472c93c6d410fb78a64fa919942905e817e1bd99a8a950b313c68a5324a\"",
            "id": "docs:kind/automation",
            "name": "kind/automation",
            "repository": "docs",
            "url": "https://api.github.com/repos/kubewarden/docs/labels/kind/automation"
          },
          "sensitive_attributes": [],
          "private": "bnVsbA==",
          "dependencies": [
            "module.kubewarden_docs_repository.github_repository.main"
          ]
        },
        {
          "index_key": "kind/breaking-change",
          "schema_version": 0,
          "attributes": {
            "color": "FCE94F",
            "description": "",
            "etag": "W/\"3576d7820b0407e982d657c6c5bc1eab1dd1f8a6a8d6303f50ce59cfa2e50580\"",
            "id": "docs:kind/breaking-change",
            "name": "kind/breaking-change",
            "repository": "docs",
            "url": "https://api.github.com/repos/kubewarden/docs/labels/kind/breaking-change"
          },
          "sensitive_attributes": [],
          "private": "bnVsbA==",
          "dependencies": [
            "module.kubewarden_docs_repository.github_repository.main"
          ]
        },
        {
          "index_key": "kind/bug",
          "schema_version": 0,
          "attributes": {
            "color": "EF2929",
            "description": "",
            "etag": "W/\"dc9b5968374ee295d307ebdff85dbe7fa946c45d91e055b9be1f3a12382d5ec5\"",
            "id": "docs:kind/bug",
            "name": "kind/bug",
            "repository": "docs",
            "url": "https://api.github.com/repos/kubewarden/docs/labels/kind/bug"
          },
          "sensitive_attributes": [],
          "private": "bnVsbA==",
          "dependencies": [
            "module.kubewarden_docs_repository.github_repository.main"
          ]
        },
        {
          "index_key": "kind/carryover",
          "schema_version": 0,
          "attributes": {
            "color": "8AE234",
            "description": "",
            "etag": "W/\"b5759e69729672c7919bf4bd662d13ec5e3462f02b3576b25a3d216791ebf054\"",
            "id": "docs:kind/carryover",
            "name": "kind/carryover",
            "repository": "docs",
            "url": "https://api.github.com/repos/kubewarden/docs/labels/kind/carryover"
          },
          "sensitive_attributes": [],
          "private": "bnVsbA==",
          "dependencies": [
            "module.kubewarden_docs_repository.github_repository.main"
          ]
        },
        {
          "index_key": "kind/chore",
          "schema_version": 0,
          "attributes": {
            "color": "555753",
            "description": "",
            "etag": "W/\"3fae6595f812b4c3c4c01425a9f32d22a19f4e5ec01999558646e287d11251c9\"",
            "id": "docs:kind/chore",
            "name": "kind/chore",
            "repository": "docs",
            "url": "https://api.github.com/repos/kubewarden/docs/labels/kind/chore"
          },
          "sensitive_attributes": [],
          "private": "bnVsbA==",
          "dependencies": [
            "module.kubewarden_docs_repository.github_repository.main"
          ]
        },
        {
          "index_key": "kind/enhancement",
          "schema_version": 0,
          "attributes": {
            "color": "06989A",
            "description": "",
            "etag": "W/\"91be18d3325aaef5a631414305d8d8479e40ea15ef045cb75369a20fb3fdc6a4\"",
            "id": "docs:kind/enhancement",
            "name": "kind/enhancement",
            "repository": "docs",
            "url": "https://api.github.com/repos/kubewarden/docs/labels/kind/enhancement"
          },
          "sensitive_attributes": [],
          "private": "bnVsbA==",
          "dependencies": [
            "module.kubewarden_docs_repository.github_repository.main"
          ]
        },
        {
          "index_key": "kind/feature",
          "schema_version": 0,
          "attributes": {
            "color": "34E2E2",
            "description": "",
            "etag": "W/\"e7d8e207e58b2b87eea89cc2e01d46ba3a9d40008521c82fcedc1cee3ebcb464\"",
            "id": "docs:kind/feature",
            "name": "kind/feature",
            "repository": "docs",
            "url": "https://api.github.com/repos/kubewarden/docs/labels/kind/feature"
          },
          "sensitive_attributes": [],
          "private": "bnVsbA==",
          "dependencies": [
            "module.kubewarden_docs_repository.github_repository.main"
          ]
        },
        {
          "index_key": "kind/question",
          "schema_version": 0,
          "attributes": {
            "color": "ad7fa8",
            "description": "",
            "etag": "W/\"a29384e14a974c26185123a75db17f173e458ef458963e9007f1d253a47a631c\"",
            "id": "docs:kind/question",
            "name": "kind/question",
            "repository": "docs",
            "url": "https://api.github.com/repos/kubewarden/docs/labels/kind/question"
          },
          "sensitive_attributes": [],
          "private": "bnVsbA==",
          "dependencies": [
            "module.kubewarden_docs_repository.github_repository.main"
          ]
        },
        {
          "index_key": "kind/tech-debt",
          "schema_version": 0,
          "attributes": {
            "color": "729FCF",
            "description": "",
            "etag": "W/\"71e8bb82d364c3a2b53bb96a0f379311ac4855d3c7e7baa8dec4a860a3fbe51d\"",
            "id": "docs:kind/tech-debt",
            "name": "kind/tech-debt",
            "repository": "docs",
            "url": "https://api.github.com/repos/kubewarden/docs/labels/kind/tech-debt"
          },
          "sensitive_attributes": [],
          "private": "bnVsbA==",
          "dependencies": [
            "module.kubewarden_docs_repository.github_repository.main"
          ]
        },
        {
          "index_key": "kind/to-be-refined",
          "schema_version": 0,
          "attributes": {
            "color": "B14FCF",
            "description": "",
            "etag": "W/\"50fbe065ce4331f5213909b01daa85b47d58cfeb069631f9579c65800394e07d\"",
            "id": "docs:kind/to-be-refined",
            "name": "kind/to-be-refined",
            "repository": "docs",
            "url": "https://api.github.com/repos/kubewarden/docs/labels/kind/to-be-refined"
          },
          "sensitive_attributes": [],
          "private": "bnVsbA==",
          "dependencies": [
            "module.kubewarden_docs_repository.github_repository.main"
          ]
        },
        {
          "index_key": "release/major",
          "schema_version": 0,
          "attributes": {
            "color": "8AE234",
            "description": "",
            "etag": "W/\"3c404b6bc959fd417b42d2277fce20d4946f15bc1176a32c199ef3f71621f172\"",
            "id": "docs:release/major",
            "name": "release/major",
            "repository": "docs",
            "url": "https://api.github.com/repos/kubewarden/docs/labels/release/major"
          },
          "sensitive_attributes": [],
          "private": "bnVsbA==",
          "dependencies": [
            "module.kubewarden_docs_repository.github_repository.main"
          ]
        },
        {
          "index_key": "release/minor",
          "schema_version": 0,
          "attributes": {
            "color": "4E9A06",
            "description": "",
            "etag": "W/\"eae8f66c66f8cca3bdf00f63e829a45ab3b12661a8c8b449472b502afd22d4bc\"",
            "id": "docs:release/minor",
            "name": "release/minor",
            "repository": "docs",
            "url": "https://api.github.com/repos/kubewarden/docs/labels/release/minor"
          },
          "sensitive_attributes": [],
          "private": "bnVsbA==",
          "dependencies": [
            "module.kubewarden_docs_repository.github_repository.main"
          ]
        },
        {
          "index_key": "release/patch",
          "schema_version": 0,
          "attributes": {
            "color": "aa6600",
            "description": "",
            "etag": "W/\"0195fb4e7638d2ac1047726e820904fab99dfe0dba238d8f43c1588bae32af5b\"",
            "id": "docs:release/patch",
            "name": "release/patch",
            "repository": "docs",
            "url": "https://api.github.com/repos/kubewarden/docs/labels/release/patch"
          },
          "sensitive_attributes": [],
          "private": "bnVsbA==",
          "dependencies": [
            "module.kubewarden_docs_repository.github_repository.main"
          ]
        },
        {
          "index_key": "release/skip-changelog",
          "schema_version": 0,
          "attributes": {
            "color": "77cc00",
            "description": "",
            "etag": "W/\"266651959100ef4da72c79da98f22e1d9558d9431de3825e7ae7ca8e0670eb15\"",
            "id": "docs:release/skip-changelog",
            "name": "release/skip-changelog",
            "repository": "docs",
            "url": "https://api.github.com/repos/kubewarden/docs/labels/release/skip-changelog"
          },
          "sensitive_attributes": [],
          "private": "bnVsbA==",
          "dependencies": [
            "module.kubewarden_docs_repository.github_repository.main"
          ]
        }
      ]
    },
    {
      "module": "module.kubewarden_docs_repository",
      "mode": "managed",
      "type": "github_repository",
      "name": "main",
      "provider": "provider[\"registry.terraform.io/integrations/github\"].kubewarden",
      "instances": [
        {
          "schema_version": 1,
          "attributes": {
            "allow_auto_merge": false,
            "allow_merge_commit": true,
            "allow_rebase_merge": true,
            "allow_squash_merge": true,
            "allow_update_branch": false,
            "archive_on_destroy": null,
            "archived": false,
            "auto_init": false,
            "default_branch": "main",
            "delete_branch_on_merge": false,
            "description": "Kubewarden's documentation",
            "etag": "W/\"50a558b53b2eed4d44aa9a0b43f08006b298ded3a94c31e6bfd6bc2892530b54\"",
            "full_name": "kubewarden/docs",
            "git_clone_url": "git://github.com/kubewarden/docs.git",
            "gitignore_template": null,
            "has_discussions": false,
            "has_downloads": true,
            "has_issues": true,
            "has_projects": false,
            "has_wiki": true,
            "homepage_url": "https://docs.kubewarden.io",
            "html_url": "https://github.com/kubewarden/docs",
            "http_clone_url": "https://github.com/kubewarden/docs.git",
            "id": "docs",
            "ignore_vulnerability_alerts_during_read": null,
            "is_template": false,
            "license_template": null,
            "merge_commit_message": "PR_TITLE",
            "merge_commit_title": "MERGE_MESSAGE",
            "name": "docs",
            "node_id": "MDEwOlJlcG9zaXRvcnkzMTQyNjYyMzU=",
            "pages": [
              {
                "build_type": "legacy",
                "cname": "docs.kubewarden.io",
                "custom_404": true,
                "html_url": "https://docs.kubewarden.io/",
                "source": [
                  {
                    "branch": "gh-pages",
                    "path": "/"
                  }
                ],
                "status": "built",
                "url": "https://api.github.com/repos/kubewarden/docs/pages"
              }
            ],
            "primary_language": "JavaScript",
            "private": false,
            "repo_id": 314266235,
            "security_and_analysis": [
              {
                "advanced_security": [],
                "secret_scanning": [
                  {
                    "status": "enabled"
                  }
                ],
                "secret_scanning_push_protection": [
                  {
                    "status": "disabled"
                  }
                ]
              }
            ],
            "squash_merge_commit_message": "COMMIT_MESSAGES",
            "squash_merge_commit_title": "COMMIT_OR_PR_TITLE",
            "ssh_clone_url": "git@github.com:kubewarden/docs.git",
            "svn_url": "https://github.com/kubewarden/docs",
            "template": [],
            "topics": [
              "hacktoberfest",
              "kubernetes",
              "kubernetes-security",
              "policy-as-code",
              "webassembly"
            ],
            "visibility": "public",
            "vulnerability_alerts": true
          },
          "sensitive_attributes": [],
          "private": "eyJzY2hlbWFfdmVyc2lvbiI6IjEifQ=="
        }
      ]
    },
    {
      "module": "module.kubewarden_docs_repository",
      "mode": "managed",
      "type": "github_team_repository",
      "name": "gh_team_push_rights",
      "provider": "provider[\"registry.terraform.io/integrations/github\"].kubewarden",
      "instances": [
        {
          "index_key": "4972867",
          "schema_version": 0,
          "attributes": {
            "etag": "W/\"12dde1e572385a8040bb456da1c8c4507fa569ae5c78a550b348daa908356144\"",
            "id": "4972867:docs",
            "permission": "push",
            "repository": "docs",
            "team_id": "4972867"
          },
          "sensitive_attributes": [],
          "private": "bnVsbA==",
          "dependencies": [
            "data.github_team.kubewarden_developers",
            "data.github_team.kubewarden_documentation",
            "module.kubewarden_docs_repository.github_repository.main"
          ]
        },
        {
          "index_key": "5417591",
          "schema_version": 0,
          "attributes": {
            "etag": "W/\"12dde1e572385a8040bb456da1c8c4507fa569ae5c78a550b348daa908356144\"",
            "id": "5417591:docs",
            "permission": "push",
            "repository": "docs",
            "team_id": "5417591"
          },
          "sensitive_attributes": [],
          "private": "bnVsbA==",
          "dependencies": [
            "data.github_team.kubewarden_developers",
            "data.github_team.kubewarden_documentation",
            "module.kubewarden_docs_repository.github_repository.main"
          ]
        }
      ]
    },
    {
      "module": "module.kubewarden_end_to_end_tests_repository",
      "mode": "managed",
      "type": "github_app_installation_repository",
      "name": "app_dco",
      "provider": "provider[\"registry.terraform.io/integrations/github\"].kubewarden",
      "instances": [
        {
          "schema_version": 0,
          "attributes": {
            "id": "29141080:kubewarden-end-to-end-tests",
            "installation_id": "29141080",
            "repo_id": 433841310,
            "repository": "kubewarden-end-to-end-tests"
          },
          "sensitive_attributes": [],
          "private": "bnVsbA==",
          "dependencies": [
            "module.kubewarden_end_to_end_tests_repository.github_repository.main"
          ]
        }
      ]
    },
    {
      "module": "module.kubewarden_end_to_end_tests_repository",
      "mode": "managed",
      "type": "github_issue_label",
      "name": "label",
      "provider": "provider[\"registry.terraform.io/integrations/github\"].kubewarden",
      "instances": [
        {
          "index_key": "area/dependencies",
          "schema_version": 0,
          "attributes": {
            "color": "D3D7CF",
            "description": "",
            "etag": "W/\"5f5aedcad8acb0764f0ec438b262d9be5c222f87acb4fc2d8aa0dae96aa16dbc\"",
            "id": "kubewarden-end-to-end-tests:area/dependencies",
            "name": "area/dependencies",
            "repository": "kubewarden-end-to-end-tests",
            "url": "https://api.github.com/repos/kubewarden/kubewarden-end-to-end-tests/labels/area/dependencies"
          },
          "sensitive_attributes": [],
          "private": "bnVsbA==",
          "dependencies": [
            "module.kubewarden_end_to_end_tests_repository.github_repository.main"
          ]
        },
        {
          "index_key": "good first issue",
          "schema_version": 0,
          "attributes": {
            "color": "7057ff",
            "description": "",
            "etag": "W/\"5bd50531ecdcc6cc458a296880bd9437bb667cf03af9ee15d2bdb5350baee1c0\"",
            "id": "kubewarden-end-to-end-tests:good first issue",
            "name": "good first issue",
            "repository": "kubewarden-end-to-end-tests",
            "url": "https://api.github.com/repos/kubewarden/kubewarden-end-to-end-tests/labels/good%20first%20issue"
          },
          "sensitive_attributes": [],
          "private": "bnVsbA==",
          "dependencies": [
            "module.kubewarden_end_to_end_tests_repository.github_repository.main"
          ]
        },
        {
          "index_key": "help wanted",
          "schema_version": 0,
          "attributes": {
            "color": "f0ad4e",
            "description": "",
            "etag": "W/\"b8c511f7a226d58067d210baf07b449d4002cc883f8aa59b9e9f8c2e3969d030\"",
            "id": "kubewarden-end-to-end-tests:help wanted",
            "name": "help wanted",
            "repository": "kubewarden-end-to-end-tests",
            "url": "https://api.github.com/repos/kubewarden/kubewarden-end-to-end-tests/labels/help%20wanted"
          },
          "sensitive_attributes": [],
          "private": "bnVsbA==",
          "dependencies": [
            "module.kubewarden_end_to_end_tests_repository.github_repository.main"
          ]
        },
        {
          "index_key": "kind/automation",
          "schema_version": 0,
          "attributes": {
            "color": "3465A4",
            "description": "",
            "etag": "W/\"14c9e274dab05e7d8daf6017ec073f5fe933c20656545560268c9fbe509387c9\"",
            "id": "kubewarden-end-to-end-tests:kind/automation",
            "name": "kind/automation",
            "repository": "kubewarden-end-to-end-tests",
            "url": "https://api.github.com/repos/kubewarden/kubewarden-end-to-end-tests/labels/kind/automation"
          },
          "sensitive_attributes": [],
          "private": "bnVsbA==",
          "dependencies": [
            "module.kubewarden_end_to_end_tests_repository.github_repository.main"
          ]
        },
        {
          "index_key": "kind/breaking-change",
          "schema_version": 0,
          "attributes": {
            "color": "FCE94F",
            "description": "",
            "etag": "W/\"6dbe194fcfcf93d047b2ff42a39cb54b8e1606c4af5bff2e3cda00645d794b9c\"",
            "id": "kubewarden-end-to-end-tests:kind/breaking-change",
            "name": "kind/breaking-change",
            "repository": "kubewarden-end-to-end-tests",
            "url": "https://api.github.com/repos/kubewarden/kubewarden-end-to-end-tests/labels/kind/breaking-change"
          },
          "sensitive_attributes": [],
          "private": "bnVsbA==",
          "dependencies": [
            "module.kubewarden_end_to_end_tests_repository.github_repository.main"
          ]
        },
        {
          "index_key": "kind/bug",
          "schema_version": 0,
          "attributes": {
            "color": "EF2929",
            "description": "",
            "etag": "W/\"5feda214043acd6da3e2acb409f26881f994b5d9a49161635571ff824fe1919d\"",
            "id": "kubewarden-end-to-end-tests:kind/bug",
            "name": "kind/bug",
            "repository": "kubewarden-end-to-end-tests",
            "url": "https://api.github.com/repos/kubewarden/kubewarden-end-to-end-tests/labels/kind/bug"
          },
          "sensitive_attributes": [],
          "private": "bnVsbA==",
          "dependencies": [
            "module.kubewarden_end_to_end_tests_repository.github_repository.main"
          ]
        },
        {
          "index_key": "kind/carryover",
          "schema_version": 0,
          "attributes": {
            "color": "8AE234",
            "description": "",
            "etag": "W/\"274375d58cb040e4420861b33c20712814dac2f8b6d9f06054beb0023cbefb9a\"",
            "id": "kubewarden-end-to-end-tests:kind/carryover",
            "name": "kind/carryover",
            "repository": "kubewarden-end-to-end-tests",
            "url": "https://api.github.com/repos/kubewarden/kubewarden-end-to-end-tests/labels/kind/carryover"
          },
          "sensitive_attributes": [],
          "private": "bnVsbA==",
          "dependencies": [
            "module.kubewarden_end_to_end_tests_repository.github_repository.main"
          ]
        },
        {
          "index_key": "kind/chore",
          "schema_version": 0,
          "attributes": {
            "color": "555753",
            "description": "",
            "etag": "W/\"b2cf228fa0e678b3c8274da39c89ae27799f82fdd0f1110c89e2469b9fcb7b4a\"",
            "id": "kubewarden-end-to-end-tests:kind/chore",
            "name": "kind/chore",
            "repository": "kubewarden-end-to-end-tests",
            "url": "https://api.github.com/repos/kubewarden/kubewarden-end-to-end-tests/labels/kind/chore"
          },
          "sensitive_attributes": [],
          "private": "bnVsbA==",
          "dependencies": [
            "module.kubewarden_end_to_end_tests_repository.github_repository.main"
          ]
        },
        {
          "index_key": "kind/enhancement",
          "schema_version": 0,
          "attributes": {
            "color": "06989A",
            "description": "",
            "etag": "W/\"fbd1daac5ab7497c2da42ad3d50be2fcfeca77ce5bd8e2cf3fecc2e47366ad23\"",
            "id": "kubewarden-end-to-end-tests:kind/enhancement",
            "name": "kind/enhancement",
            "repository": "kubewarden-end-to-end-tests",
            "url": "https://api.github.com/repos/kubewarden/kubewarden-end-to-end-tests/labels/kind/enhancement"
          },
          "sensitive_attributes": [],
          "private": "bnVsbA==",
          "dependencies": [
            "module.kubewarden_end_to_end_tests_repository.github_repository.main"
          ]
        },
        {
          "index_key": "kind/feature",
          "schema_version": 0,
          "attributes": {
            "color": "34E2E2",
            "description": "",
            "etag": "W/\"a463fb82ce11f84e57f01ecab1a382936711b69287ff9294575bd418e12f186d\"",
            "id": "kubewarden-end-to-end-tests:kind/feature",
            "name": "kind/feature",
            "repository": "kubewarden-end-to-end-tests",
            "url": "https://api.github.com/repos/kubewarden/kubewarden-end-to-end-tests/labels/kind/feature"
          },
          "sensitive_attributes": [],
          "private": "bnVsbA==",
          "dependencies": [
            "module.kubewarden_end_to_end_tests_repository.github_repository.main"
          ]
        },
        {
          "index_key": "kind/question",
          "schema_version": 0,
          "attributes": {
            "color": "ad7fa8",
            "description": "",
            "etag": "W/\"fcddc598bf670fbf125799daa44be2e1eb08ffaba0d0866bbc2bc39f541d18a7\"",
            "id": "kubewarden-end-to-end-tests:kind/question",
            "name": "kind/question",
            "repository": "kubewarden-end-to-end-tests",
            "url": "https://api.github.com/repos/kubewarden/kubewarden-end-to-end-tests/labels/kind/question"
          },
          "sensitive_attributes": [],
          "private": "bnVsbA==",
          "dependencies": [
            "module.kubewarden_end_to_end_tests_repository.github_repository.main"
          ]
        },
        {
          "index_key": "kind/tech-debt",
          "schema_version": 0,
          "attributes": {
            "color": "729FCF",
            "description": "",
            "etag": "W/\"4f187a372ddad69d49e7d6f89e80f419626c6c17dacf590b95db7519fd65de85\"",
            "id": "kubewarden-end-to-end-tests:kind/tech-debt",
            "name": "kind/tech-debt",
            "repository": "kubewarden-end-to-end-tests",
            "url": "https://api.github.com/repos/kubewarden/kubewarden-end-to-end-tests/labels/kind/tech-debt"
          },
          "sensitive_attributes": [],
          "private": "bnVsbA==",
          "dependencies": [
            "module.kubewarden_end_to_end_tests_repository.github_repository.main"
          ]
        },
        {
          "index_key": "kind/to-be-refined",
          "schema_version": 0,
          "attributes": {
            "color": "B14FCF",
            "description": "",
            "etag": "W/\"0481c75fee24014138b2fad8388e8c1d6513360f644939b8a0da1da59b0b2811\"",
            "id": "kubewarden-end-to-end-tests:kind/to-be-refined",
            "name": "kind/to-be-refined",
            "repository": "kubewarden-end-to-end-tests",
            "url": "https://api.github.com/repos/kubewarden/kubewarden-end-to-end-tests/labels/kind/to-be-refined"
          },
          "sensitive_attributes": [],
          "private": "bnVsbA==",
          "dependencies": [
            "module.kubewarden_end_to_end_tests_repository.github_repository.main"
          ]
        },
        {
          "index_key": "release/major",
          "schema_version": 0,
          "attributes": {
            "color": "8AE234",
            "description": "",
            "etag": "W/\"2b64fb2ea2b14e4e584699800242b9c3d9eeb59f42dba90b0795029011bc70e9\"",
            "id": "kubewarden-end-to-end-tests:release/major",
            "name": "release/major",
            "repository": "kubewarden-end-to-end-tests",
            "url": "https://api.github.com/repos/kubewarden/kubewarden-end-to-end-tests/labels/release/major"
          },
          "sensitive_attributes": [],
          "private": "bnVsbA==",
          "dependencies": [
            "module.kubewarden_end_to_end_tests_repository.github_repository.main"
          ]
        },
        {
          "index_key": "release/minor",
          "schema_version": 0,
          "attributes": {
            "color": "4E9A06",
            "description": "",
            "etag": "W/\"b87b4b864b64b8fddff261a21dce10efaa9cda5cbf0250027f48581ff115ecdd\"",
            "id": "kubewarden-end-to-end-tests:release/minor",
            "name": "release/minor",
            "repository": "kubewarden-end-to-end-tests",
            "url": "https://api.github.com/repos/kubewarden/kubewarden-end-to-end-tests/labels/release/minor"
          },
          "sensitive_attributes": [],
          "private": "bnVsbA==",
          "dependencies": [
            "module.kubewarden_end_to_end_tests_repository.github_repository.main"
          ]
        },
        {
          "index_key": "release/patch",
          "schema_version": 0,
          "attributes": {
            "color": "aa6600",
            "description": "",
            "etag": "W/\"694857943af5fc5c29aad799029f279bb1b0b892b264abcddcc5ad9d98a8788e\"",
            "id": "kubewarden-end-to-end-tests:release/patch",
            "name": "release/patch",
            "repository": "kubewarden-end-to-end-tests",
            "url": "https://api.github.com/repos/kubewarden/kubewarden-end-to-end-tests/labels/release/patch"
          },
          "sensitive_attributes": [],
          "private": "bnVsbA==",
          "dependencies": [
            "module.kubewarden_end_to_end_tests_repository.github_repository.main"
          ]
        },
        {
          "index_key": "release/skip-changelog",
          "schema_version": 0,
          "attributes": {
            "color": "77cc00",
            "description": "",
            "etag": "W/\"5344f29c7913950835539e69c4f608d4da349357c342314e0d8484fedd723841\"",
            "id": "kubewarden-end-to-end-tests:release/skip-changelog",
            "name": "release/skip-changelog",
            "repository": "kubewarden-end-to-end-tests",
            "url": "https://api.github.com/repos/kubewarden/kubewarden-end-to-end-tests/labels/release/skip-changelog"
          },
          "sensitive_attributes": [],
          "private": "bnVsbA==",
          "dependencies": [
            "module.kubewarden_end_to_end_tests_repository.github_repository.main"
          ]
        }
      ]
    },
    {
      "module": "module.kubewarden_end_to_end_tests_repository",
      "mode": "managed",
      "type": "github_repository",
      "name": "main",
      "provider": "provider[\"registry.terraform.io/integrations/github\"].kubewarden",
      "instances": [
        {
          "schema_version": 1,
          "attributes": {
            "allow_auto_merge": false,
            "allow_merge_commit": true,
            "allow_rebase_merge": true,
            "allow_squash_merge": true,
            "allow_update_branch": false,
            "archive_on_destroy": null,
            "archived": false,
            "auto_init": null,
            "default_branch": "main",
            "delete_branch_on_merge": false,
            "description": "Files used to run Kubewarden end-to-end tests",
            "etag": "W/\"9a20fb322ba5d7b4d2d84d500f109ede1920712a1586c58b619d5f2af336534d\"",
            "full_name": "kubewarden/kubewarden-end-to-end-tests",
            "git_clone_url": "git://github.com/kubewarden/kubewarden-end-to-end-tests.git",
            "gitignore_template": null,
            "has_discussions": false,
            "has_downloads": true,
            "has_issues": true,
            "has_projects": false,
            "has_wiki": true,
            "homepage_url": "https://kubewarden.io",
            "html_url": "https://github.com/kubewarden/kubewarden-end-to-end-tests",
            "http_clone_url": "https://github.com/kubewarden/kubewarden-end-to-end-tests.git",
            "id": "kubewarden-end-to-end-tests",
            "ignore_vulnerability_alerts_during_read": null,
            "is_template": false,
            "license_template": null,
            "merge_commit_message": "PR_TITLE",
            "merge_commit_title": "MERGE_MESSAGE",
            "name": "kubewarden-end-to-end-tests",
            "node_id": "R_kgDOGdvkng",
            "pages": [],
            "primary_language": "Shell",
            "private": false,
            "repo_id": 433841310,
            "security_and_analysis": [
              {
                "advanced_security": [],
                "secret_scanning": [
                  {
                    "status": "enabled"
                  }
                ],
                "secret_scanning_push_protection": [
                  {
                    "status": "disabled"
                  }
                ]
              }
            ],
            "squash_merge_commit_message": "COMMIT_MESSAGES",
            "squash_merge_commit_title": "COMMIT_OR_PR_TITLE",
            "ssh_clone_url": "git@github.com:kubewarden/kubewarden-end-to-end-tests.git",
            "svn_url": "https://github.com/kubewarden/kubewarden-end-to-end-tests",
            "template": [],
            "topics": [
              "hacktoberfest",
              "kubernetes",
              "kubernetes-security",
              "policy-as-code",
              "webassembly"
            ],
            "visibility": "public",
            "vulnerability_alerts": true
          },
          "sensitive_attributes": [],
          "private": "eyJzY2hlbWFfdmVyc2lvbiI6IjEifQ=="
        }
      ]
    },
    {
      "module": "module.kubewarden_end_to_end_tests_repository",
      "mode": "managed",
      "type": "github_team_repository",
      "name": "gh_team_push_rights",
      "provider": "provider[\"registry.terraform.io/integrations/github\"].kubewarden",
      "instances": [
        {
          "index_key": "4972867",
          "schema_version": 0,
          "attributes": {
            "etag": "W/\"d01c2421939a10e45271a8387325bb39b3126dfbbc99fe9116f0570baec83780\"",
            "id": "4972867:kubewarden-end-to-end-tests",
            "permission": "push",
            "repository": "kubewarden-end-to-end-tests",
            "team_id": "4972867"
          },
          "sensitive_attributes": [],
          "private": "bnVsbA==",
          "dependencies": [
            "data.github_team.kubewarden_developers",
            "module.kubewarden_end_to_end_tests_repository.github_repository.main"
          ]
        }
      ]
    },
    {
      "module": "module.kubewarden_fleet_example_repository",
      "mode": "managed",
      "type": "github_app_installation_repository",
      "name": "app_dco",
      "provider": "provider[\"registry.terraform.io/integrations/github\"].kubewarden",
      "instances": [
        {
          "schema_version": 0,
          "attributes": {
            "id": "29141080:fleet-example",
            "installation_id": "29141080",
            "repo_id": 587342877,
            "repository": "fleet-example"
          },
          "sensitive_attributes": [],
          "private": "bnVsbA==",
          "dependencies": [
            "module.kubewarden_fleet_example_repository.github_repository.main"
          ]
        }
      ]
    },
    {
      "module": "module.kubewarden_fleet_example_repository",
      "mode": "managed",
      "type": "github_issue_label",
      "name": "label",
      "provider": "provider[\"registry.terraform.io/integrations/github\"].kubewarden",
      "instances": [
        {
          "index_key": "area/dependencies",
          "schema_version": 0,
          "attributes": {
            "color": "D3D7CF",
            "description": "",
            "etag": "W/\"55fb98a551166da1a0bec4927ff4bc5a41f2091328455295a5bc08ed7f52aa9f\"",
            "id": "fleet-example:area/dependencies",
            "name": "area/dependencies",
            "repository": "fleet-example",
            "url": "https://api.github.com/repos/kubewarden/fleet-example/labels/area/dependencies"
          },
          "sensitive_attributes": [],
          "private": "bnVsbA==",
          "dependencies": [
            "module.kubewarden_fleet_example_repository.github_repository.main"
          ]
        },
        {
          "index_key": "good first issue",
          "schema_version": 0,
          "attributes": {
            "color": "7057ff",
            "description": "",
            "etag": "W/\"2ee181ef8583dec32059cbcd99705098d906f988ebecc48e4643bd957429835f\"",
            "id": "fleet-example:good first issue",
            "name": "good first issue",
            "repository": "fleet-example",
            "url": "https://api.github.com/repos/kubewarden/fleet-example/labels/good%20first%20issue"
          },
          "sensitive_attributes": [],
          "private": "bnVsbA==",
          "dependencies": [
            "module.kubewarden_fleet_example_repository.github_repository.main"
          ]
        },
        {
          "index_key": "help wanted",
          "schema_version": 0,
          "attributes": {
            "color": "f0ad4e",
            "description": "",
            "etag": "W/\"9666030e2414d5f99c03d01d3f16c1c36e9b486016f86420ed4793fa3a8d74f7\"",
            "id": "fleet-example:help wanted",
            "name": "help wanted",
            "repository": "fleet-example",
            "url": "https://api.github.com/repos/kubewarden/fleet-example/labels/help%20wanted"
          },
          "sensitive_attributes": [],
          "private": "bnVsbA==",
          "dependencies": [
            "module.kubewarden_fleet_example_repository.github_repository.main"
          ]
        },
        {
          "index_key": "kind/automation",
          "schema_version": 0,
          "attributes": {
            "color": "3465A4",
            "description": "",
            "etag": "W/\"c01cf444f2486d2bdcc3c9b5ebef1a2b868d4e770dc4da1a8594ec895ca6db7f\"",
            "id": "fleet-example:kind/automation",
            "name": "kind/automation",
            "repository": "fleet-example",
            "url": "https://api.github.com/repos/kubewarden/fleet-example/labels/kind/automation"
          },
          "sensitive_attributes": [],
          "private": "bnVsbA==",
          "dependencies": [
            "module.kubewarden_fleet_example_repository.github_repository.main"
          ]
        },
        {
          "index_key": "kind/breaking-change",
          "schema_version": 0,
          "attributes": {
            "color": "FCE94F",
            "description": "",
            "etag": "W/\"02a1b25d2ac2f06ebb4ef84e80a27bbb976f43ba7b2e2faa38b0e8075a56c298\"",
            "id": "fleet-example:kind/breaking-change",
            "name": "kind/breaking-change",
            "repository": "fleet-example",
            "url": "https://api.github.com/repos/kubewarden/fleet-example/labels/kind/breaking-change"
          },
          "sensitive_attributes": [],
          "private": "bnVsbA==",
          "dependencies": [
            "module.kubewarden_fleet_example_repository.github_repository.main"
          ]
        },
        {
          "index_key": "kind/bug",
          "schema_version": 0,
          "attributes": {
            "color": "EF2929",
            "description": "",
            "etag": "W/\"2a4effbb8286470c790903c41d3424979d15ea5ce43fe30fdd20e7ff6c163743\"",
            "id": "fleet-example:kind/bug",
            "name": "kind/bug",
            "repository": "fleet-example",
            "url": "https://api.github.com/repos/kubewarden/fleet-example/labels/kind/bug"
          },
          "sensitive_attributes": [],
          "private": "bnVsbA==",
          "dependencies": [
            "module.kubewarden_fleet_example_repository.github_repository.main"
          ]
        },
        {
          "index_key": "kind/carryover",
          "schema_version": 0,
          "attributes": {
            "color": "8AE234",
            "description": "",
            "etag": "W/\"3249b56f5c3af05f55049cd93bbeaafda63c58102580ad755a7fb91b3b7c4714\"",
            "id": "fleet-example:kind/carryover",
            "name": "kind/carryover",
            "repository": "fleet-example",
            "url": "https://api.github.com/repos/kubewarden/fleet-example/labels/kind/carryover"
          },
          "sensitive_attributes": [],
          "private": "bnVsbA==",
          "dependencies": [
            "module.kubewarden_fleet_example_repository.github_repository.main"
          ]
        },
        {
          "index_key": "kind/chore",
          "schema_version": 0,
          "attributes": {
            "color": "555753",
            "description": "",
            "etag": "W/\"8eed3176c4b9120c18a4942f6dd6d067ded9d387dd1d8a6d2d23c05bbd830c15\"",
            "id": "fleet-example:kind/chore",
            "name": "kind/chore",
            "repository": "fleet-example",
            "url": "https://api.github.com/repos/kubewarden/fleet-example/labels/kind/chore"
          },
          "sensitive_attributes": [],
          "private": "bnVsbA==",
          "dependencies": [
            "module.kubewarden_fleet_example_repository.github_repository.main"
          ]
        },
        {
          "index_key": "kind/enhancement",
          "schema_version": 0,
          "attributes": {
            "color": "06989A",
            "description": "",
            "etag": "W/\"07b012e3315da8d53841742de255f4cc6c7b414407d62e6507f04942b56c0065\"",
            "id": "fleet-example:kind/enhancement",
            "name": "kind/enhancement",
            "repository": "fleet-example",
            "url": "https://api.github.com/repos/kubewarden/fleet-example/labels/kind/enhancement"
          },
          "sensitive_attributes": [],
          "private": "bnVsbA==",
          "dependencies": [
            "module.kubewarden_fleet_example_repository.github_repository.main"
          ]
        },
        {
          "index_key": "kind/feature",
          "schema_version": 0,
          "attributes": {
            "color": "34E2E2",
            "description": "",
            "etag": "W/\"b1556243de88208031737190f5c53645f4dee9167bc6dcb2845e91797be984f5\"",
            "id": "fleet-example:kind/feature",
            "name": "kind/feature",
            "repository": "fleet-example",
            "url": "https://api.github.com/repos/kubewarden/fleet-example/labels/kind/feature"
          },
          "sensitive_attributes": [],
          "private": "bnVsbA==",
          "dependencies": [
            "module.kubewarden_fleet_example_repository.github_repository.main"
          ]
        },
        {
          "index_key": "kind/question",
          "schema_version": 0,
          "attributes": {
            "color": "ad7fa8",
            "description": "",
            "etag": "W/\"c77491f8eee55ec69d38faaf3fb53e3d8e12661756fc2f9419a12a3ebca1594a\"",
            "id": "fleet-example:kind/question",
            "name": "kind/question",
            "repository": "fleet-example",
            "url": "https://api.github.com/repos/kubewarden/fleet-example/labels/kind/question"
          },
          "sensitive_attributes": [],
          "private": "bnVsbA==",
          "dependencies": [
            "module.kubewarden_fleet_example_repository.github_repository.main"
          ]
        },
        {
          "index_key": "kind/tech-debt",
          "schema_version": 0,
          "attributes": {
            "color": "729FCF",
            "description": "",
            "etag": "W/\"f46ee401f1fc579d06cc75329fb09dd58d0d6a2b308cbd0ae8ffaa5e4797da0d\"",
            "id": "fleet-example:kind/tech-debt",
            "name": "kind/tech-debt",
            "repository": "fleet-example",
            "url": "https://api.github.com/repos/kubewarden/fleet-example/labels/kind/tech-debt"
          },
          "sensitive_attributes": [],
          "private": "bnVsbA==",
          "dependencies": [
            "module.kubewarden_fleet_example_repository.github_repository.main"
          ]
        },
        {
          "index_key": "kind/to-be-refined",
          "schema_version": 0,
          "attributes": {
            "color": "B14FCF",
            "description": "",
            "etag": "W/\"7dc50c490e0cf2cf240e295e87a2118c95a597c5b416a82c6f97ec6a04d6ee9d\"",
            "id": "fleet-example:kind/to-be-refined",
            "name": "kind/to-be-refined",
            "repository": "fleet-example",
            "url": "https://api.github.com/repos/kubewarden/fleet-example/labels/kind/to-be-refined"
          },
          "sensitive_attributes": [],
          "private": "bnVsbA==",
          "dependencies": [
            "module.kubewarden_fleet_example_repository.github_repository.main"
          ]
        },
        {
          "index_key": "release/major",
          "schema_version": 0,
          "attributes": {
            "color": "8AE234",
            "description": "",
            "etag": "W/\"11cfb8e25426fd945220fe6175acd6801bf0bd78e6356e5e6944c7661a154bd4\"",
            "id": "fleet-example:release/major",
            "name": "release/major",
            "repository": "fleet-example",
            "url": "https://api.github.com/repos/kubewarden/fleet-example/labels/release/major"
          },
          "sensitive_attributes": [],
          "private": "bnVsbA==",
          "dependencies": [
            "module.kubewarden_fleet_example_repository.github_repository.main"
          ]
        },
        {
          "index_key": "release/minor",
          "schema_version": 0,
          "attributes": {
            "color": "4E9A06",
            "description": "",
            "etag": "W/\"3aa73221a52064982ea3b022b773957008ea8cd472ba86aee4ef842b5fd516ec\"",
            "id": "fleet-example:release/minor",
            "name": "release/minor",
            "repository": "fleet-example",
            "url": "https://api.github.com/repos/kubewarden/fleet-example/labels/release/minor"
          },
          "sensitive_attributes": [],
          "private": "bnVsbA==",
          "dependencies": [
            "module.kubewarden_fleet_example_repository.github_repository.main"
          ]
        },
        {
          "index_key": "release/patch",
          "schema_version": 0,
          "attributes": {
            "color": "aa6600",
            "description": "",
            "etag": "W/\"d1fb26dcd968f1b9e323fb4bff48cfa39444ca817ab77fee78da5001633d2dfc\"",
            "id": "fleet-example:release/patch",
            "name": "release/patch",
            "repository": "fleet-example",
            "url": "https://api.github.com/repos/kubewarden/fleet-example/labels/release/patch"
          },
          "sensitive_attributes": [],
          "private": "bnVsbA==",
          "dependencies": [
            "module.kubewarden_fleet_example_repository.github_repository.main"
          ]
        },
        {
          "index_key": "release/skip-changelog",
          "schema_version": 0,
          "attributes": {
            "color": "77cc00",
            "description": "",
            "etag": "W/\"2526b1315ba11e836c6ba165222ff0f7273be0a9591f5d26ae580486eefcf6ec\"",
            "id": "fleet-example:release/skip-changelog",
            "name": "release/skip-changelog",
            "repository": "fleet-example",
            "url": "https://api.github.com/repos/kubewarden/fleet-example/labels/release/skip-changelog"
          },
          "sensitive_attributes": [],
          "private": "bnVsbA==",
          "dependencies": [
            "module.kubewarden_fleet_example_repository.github_repository.main"
          ]
        }
      ]
    },
    {
      "module": "module.kubewarden_fleet_example_repository",
      "mode": "managed",
      "type": "github_repository",
      "name": "main",
      "provider": "provider[\"registry.terraform.io/integrations/github\"].kubewarden",
      "instances": [
        {
          "schema_version": 1,
          "attributes": {
            "allow_auto_merge": false,
            "allow_merge_commit": true,
            "allow_rebase_merge": true,
            "allow_squash_merge": true,
            "allow_update_branch": false,
            "archive_on_destroy": null,
            "archived": false,
            "auto_init": false,
            "default_branch": "main",
            "delete_branch_on_merge": false,
            "description": "Example of Rancher Fleet bundle for Kubewarden",
            "etag": "W/\"acbcd7b45ba71f62f3d9d27c41bec554d5666edb841e4cd07ca5d3a69b285db4\"",
            "full_name": "kubewarden/fleet-example",
            "git_clone_url": "git://github.com/kubewarden/fleet-example.git",
            "gitignore_template": null,
            "has_discussions": false,
            "has_downloads": true,
            "has_issues": true,
            "has_projects": false,
            "has_wiki": true,
            "homepage_url": "https://github.com/kubewarden/",
            "html_url": "https://github.com/kubewarden/fleet-example",
            "http_clone_url": "https://github.com/kubewarden/fleet-example.git",
            "id": "fleet-example",
            "ignore_vulnerability_alerts_during_read": null,
            "is_template": false,
            "license_template": null,
            "merge_commit_message": "PR_TITLE",
            "merge_commit_title": "MERGE_MESSAGE",
            "name": "fleet-example",
            "node_id": "R_kgDOIwIkHQ",
            "pages": [],
            "primary_language": "",
            "private": false,
            "repo_id": 587342877,
            "security_and_analysis": [
              {
                "advanced_security": [],
                "secret_scanning": [
                  {
                    "status": "enabled"
                  }
                ],
                "secret_scanning_push_protection": [
                  {
                    "status": "disabled"
                  }
                ]
              }
            ],
            "squash_merge_commit_message": "COMMIT_MESSAGES",
            "squash_merge_commit_title": "COMMIT_OR_PR_TITLE",
            "ssh_clone_url": "git@github.com:kubewarden/fleet-example.git",
            "svn_url": "https://github.com/kubewarden/fleet-example",
            "template": [],
            "topics": [
              "hacktoberfest",
              "kubernetes",
              "kubernetes-security",
              "policy-as-code",
              "webassembly"
            ],
            "visibility": "public",
            "vulnerability_alerts": true
          },
          "sensitive_attributes": [],
          "private": "eyJzY2hlbWFfdmVyc2lvbiI6IjEifQ=="
        }
      ]
    },
    {
      "module": "module.kubewarden_fleet_example_repository",
      "mode": "managed",
      "type": "github_team_repository",
      "name": "gh_team_push_rights",
      "provider": "provider[\"registry.terraform.io/integrations/github\"].kubewarden",
      "instances": [
        {
          "index_key": "4972867",
          "schema_version": 0,
          "attributes": {
            "etag": "W/\"d2f8a39975d42fb395d3adafbd97e9f54e6815c66e4374d73b9e07e18bc2c9f9\"",
            "id": "4972867:fleet-example",
            "permission": "push",
            "repository": "fleet-example",
            "team_id": "4972867"
          },
          "sensitive_attributes": [],
          "private": "bnVsbA==",
          "dependencies": [
            "data.github_team.kubewarden_developers",
            "module.kubewarden_fleet_example_repository.github_repository.main"
          ]
        }
      ]
    },
    {
      "module": "module.kubewarden_github_actions_repository",
      "mode": "managed",
      "type": "github_app_installation_repository",
      "name": "app_dco",
      "provider": "provider[\"registry.terraform.io/integrations/github\"].kubewarden",
      "instances": [
        {
          "schema_version": 0,
          "attributes": {
            "id": "29141080:github-actions",
            "installation_id": "29141080",
            "repo_id": 450109365,
            "repository": "github-actions"
          },
          "sensitive_attributes": [],
          "private": "bnVsbA==",
          "dependencies": [
            "module.kubewarden_github_actions_repository.github_repository.main"
          ]
        }
      ]
    },
    {
      "module": "module.kubewarden_github_actions_repository",
      "mode": "managed",
      "type": "github_issue_label",
      "name": "label",
      "provider": "provider[\"registry.terraform.io/integrations/github\"].kubewarden",
      "instances": [
        {
          "index_key": "area/dependencies",
          "schema_version": 0,
          "attributes": {
            "color": "D3D7CF",
            "description": "",
            "etag": "W/\"02f35eeb339eb35bda2bf4169f5d148244315478a5c6c65abbcc3ed61aab6e28\"",
            "id": "github-actions:area/dependencies",
            "name": "area/dependencies",
            "repository": "github-actions",
            "url": "https://api.github.com/repos/kubewarden/github-actions/labels/area/dependencies"
          },
          "sensitive_attributes": [],
          "private": "bnVsbA==",
          "dependencies": [
            "module.kubewarden_github_actions_repository.github_repository.main"
          ]
        },
        {
          "index_key": "good first issue",
          "schema_version": 0,
          "attributes": {
            "color": "7057ff",
            "description": "",
            "etag": "W/\"1af0c93f6a6b28ff7bfe8bdc730d03014f5c67442fccff6ce1fc79d73db563b2\"",
            "id": "github-actions:good first issue",
            "name": "good first issue",
            "repository": "github-actions",
            "url": "https://api.github.com/repos/kubewarden/github-actions/labels/good%20first%20issue"
          },
          "sensitive_attributes": [],
          "private": "bnVsbA==",
          "dependencies": [
            "module.kubewarden_github_actions_repository.github_repository.main"
          ]
        },
        {
          "index_key": "help wanted",
          "schema_version": 0,
          "attributes": {
            "color": "f0ad4e",
            "description": "",
            "etag": "W/\"38fde46034b6ca15b72f76b30e0ae912143f778fe619564d720456b17f459dbd\"",
            "id": "github-actions:help wanted",
            "name": "help wanted",
            "repository": "github-actions",
            "url": "https://api.github.com/repos/kubewarden/github-actions/labels/help%20wanted"
          },
          "sensitive_attributes": [],
          "private": "bnVsbA==",
          "dependencies": [
            "module.kubewarden_github_actions_repository.github_repository.main"
          ]
        },
        {
          "index_key": "kind/automation",
          "schema_version": 0,
          "attributes": {
            "color": "3465A4",
            "description": "",
            "etag": "W/\"68c96546f95107945bdfb3fca4bf562e41e4e384c401bac7876ebbd04c8a1974\"",
            "id": "github-actions:kind/automation",
            "name": "kind/automation",
            "repository": "github-actions",
            "url": "https://api.github.com/repos/kubewarden/github-actions/labels/kind/automation"
          },
          "sensitive_attributes": [],
          "private": "bnVsbA==",
          "dependencies": [
            "module.kubewarden_github_actions_repository.github_repository.main"
          ]
        },
        {
          "index_key": "kind/breaking-change",
          "schema_version": 0,
          "attributes": {
            "color": "FCE94F",
            "description": "",
            "etag": "W/\"4ab4562dc553ef4d86c2b7753809948e437770792bdc4f94be509ddc3c1b519d\"",
            "id": "github-actions:kind/breaking-change",
            "name": "kind/breaking-change",
            "repository": "github-actions",
            "url": "https://api.github.com/repos/kubewarden/github-actions/labels/kind/breaking-change"
          },
          "sensitive_attributes": [],
          "private": "bnVsbA==",
          "dependencies": [
            "module.kubewarden_github_actions_repository.github_repository.main"
          ]
        },
        {
          "index_key": "kind/bug",
          "schema_version": 0,
          "attributes": {
            "color": "EF2929",
            "description": "",
            "etag": "W/\"be95ef0f647e4afe576f2d1f1672606ff333eaed1230835a50172790175e29b4\"",
            "id": "github-actions:kind/bug",
            "name": "kind/bug",
            "repository": "github-actions",
            "url": "https://api.github.com/repos/kubewarden/github-actions/labels/kind/bug"
          },
          "sensitive_attributes": [],
          "private": "bnVsbA==",
          "dependencies": [
            "module.kubewarden_github_actions_repository.github_repository.main"
          ]
        },
        {
          "index_key": "kind/carryover",
          "schema_version": 0,
          "attributes": {
            "color": "8AE234",
            "description": "",
            "etag": "W/\"a500a575d27c5fab11fd884b0a5a0a61c9d21b9ec5580deaf21eb1d041567750\"",
            "id": "github-actions:kind/carryover",
            "name": "kind/carryover",
            "repository": "github-actions",
            "url": "https://api.github.com/repos/kubewarden/github-actions/labels/kind/carryover"
          },
          "sensitive_attributes": [],
          "private": "bnVsbA==",
          "dependencies": [
            "module.kubewarden_github_actions_repository.github_repository.main"
          ]
        },
        {
          "index_key": "kind/chore",
          "schema_version": 0,
          "attributes": {
            "color": "555753",
            "description": "",
            "etag": "W/\"c079a43dc628134485a607be2e13e4a3c824221a9a9004236ff42ec726dfdff5\"",
            "id": "github-actions:kind/chore",
            "name": "kind/chore",
            "repository": "github-actions",
            "url": "https://api.github.com/repos/kubewarden/github-actions/labels/kind/chore"
          },
          "sensitive_attributes": [],
          "private": "bnVsbA==",
          "dependencies": [
            "module.kubewarden_github_actions_repository.github_repository.main"
          ]
        },
        {
          "index_key": "kind/enhancement",
          "schema_version": 0,
          "attributes": {
            "color": "06989A",
            "description": "",
            "etag": "W/\"dc1524844011c0dee3d983057007e93b56bf57275e36daf969c87f79fcc5c0ab\"",
            "id": "github-actions:kind/enhancement",
            "name": "kind/enhancement",
            "repository": "github-actions",
            "url": "https://api.github.com/repos/kubewarden/github-actions/labels/kind/enhancement"
          },
          "sensitive_attributes": [],
          "private": "bnVsbA==",
          "dependencies": [
            "module.kubewarden_github_actions_repository.github_repository.main"
          ]
        },
        {
          "index_key": "kind/feature",
          "schema_version": 0,
          "attributes": {
            "color": "34E2E2",
            "description": "",
            "etag": "W/\"b495d605ad6fa721c2215e42cb999ba1c482b6afa7fab4f40a2f30c209fa40fd\"",
            "id": "github-actions:kind/feature",
            "name": "kind/feature",
            "repository": "github-actions",
            "url": "https://api.github.com/repos/kubewarden/github-actions/labels/kind/feature"
          },
          "sensitive_attributes": [],
          "private": "bnVsbA==",
          "dependencies": [
            "module.kubewarden_github_actions_repository.github_repository.main"
          ]
        },
        {
          "index_key": "kind/question",
          "schema_version": 0,
          "attributes": {
            "color": "ad7fa8",
            "description": "",
            "etag": "W/\"c86343a2cc6649f7b37d77362997a4bff48043c21f047ddf4198f67c5715ee1b\"",
            "id": "github-actions:kind/question",
            "name": "kind/question",
            "repository": "github-actions",
            "url": "https://api.github.com/repos/kubewarden/github-actions/labels/kind/question"
          },
          "sensitive_attributes": [],
          "private": "bnVsbA==",
          "dependencies": [
            "module.kubewarden_github_actions_repository.github_repository.main"
          ]
        },
        {
          "index_key": "kind/tech-debt",
          "schema_version": 0,
          "attributes": {
            "color": "729FCF",
            "description": "",
            "etag": "W/\"4f017220569e809e1f59e4409288348580951b0c2dd8796a6095f4f500347a77\"",
            "id": "github-actions:kind/tech-debt",
            "name": "kind/tech-debt",
            "repository": "github-actions",
            "url": "https://api.github.com/repos/kubewarden/github-actions/labels/kind/tech-debt"
          },
          "sensitive_attributes": [],
          "private": "bnVsbA==",
          "dependencies": [
            "module.kubewarden_github_actions_repository.github_repository.main"
          ]
        },
        {
          "index_key": "kind/to-be-refined",
          "schema_version": 0,
          "attributes": {
            "color": "B14FCF",
            "description": "",
            "etag": "W/\"2c64b0372b7d889b79b46680f18766dfa575eedf5f9b6576ffedc2ce67a5b2e1\"",
            "id": "github-actions:kind/to-be-refined",
            "name": "kind/to-be-refined",
            "repository": "github-actions",
            "url": "https://api.github.com/repos/kubewarden/github-actions/labels/kind/to-be-refined"
          },
          "sensitive_attributes": [],
          "private": "bnVsbA==",
          "dependencies": [
            "module.kubewarden_github_actions_repository.github_repository.main"
          ]
        },
        {
          "index_key": "release/major",
          "schema_version": 0,
          "attributes": {
            "color": "8AE234",
            "description": "",
            "etag": "W/\"ec6ce86e711735338ec149bc24ee5a6e4671008eaaf4dee2b2f987aec426084c\"",
            "id": "github-actions:release/major",
            "name": "release/major",
            "repository": "github-actions",
            "url": "https://api.github.com/repos/kubewarden/github-actions/labels/release/major"
          },
          "sensitive_attributes": [],
          "private": "bnVsbA==",
          "dependencies": [
            "module.kubewarden_github_actions_repository.github_repository.main"
          ]
        },
        {
          "index_key": "release/minor",
          "schema_version": 0,
          "attributes": {
            "color": "4E9A06",
            "description": "",
            "etag": "W/\"31718de2c47780bd28be956be9cd25701b8cc85e042487ec35357ee4d0a7e612\"",
            "id": "github-actions:release/minor",
            "name": "release/minor",
            "repository": "github-actions",
            "url": "https://api.github.com/repos/kubewarden/github-actions/labels/release/minor"
          },
          "sensitive_attributes": [],
          "private": "bnVsbA==",
          "dependencies": [
            "module.kubewarden_github_actions_repository.github_repository.main"
          ]
        },
        {
          "index_key": "release/patch",
          "schema_version": 0,
          "attributes": {
            "color": "aa6600",
            "description": "",
            "etag": "W/\"8eeec8e75fa8142622c4b7af4935ce9429d0b9ce92ebb05045a30785a519f7d2\"",
            "id": "github-actions:release/patch",
            "name": "release/patch",
            "repository": "github-actions",
            "url": "https://api.github.com/repos/kubewarden/github-actions/labels/release/patch"
          },
          "sensitive_attributes": [],
          "private": "bnVsbA==",
          "dependencies": [
            "module.kubewarden_github_actions_repository.github_repository.main"
          ]
        },
        {
          "index_key": "release/skip-changelog",
          "schema_version": 0,
          "attributes": {
            "color": "77cc00",
            "description": "",
            "etag": "W/\"7d658c40ba0cc17dd1f12ebc2cd18a8c7d442e6d97260848362f3725f84eba7f\"",
            "id": "github-actions:release/skip-changelog",
            "name": "release/skip-changelog",
            "repository": "github-actions",
            "url": "https://api.github.com/repos/kubewarden/github-actions/labels/release/skip-changelog"
          },
          "sensitive_attributes": [],
          "private": "bnVsbA==",
          "dependencies": [
            "module.kubewarden_github_actions_repository.github_repository.main"
          ]
        }
      ]
    },
    {
      "module": "module.kubewarden_github_actions_repository",
      "mode": "managed",
      "type": "github_repository",
      "name": "main",
      "provider": "provider[\"registry.terraform.io/integrations/github\"].kubewarden",
      "instances": [
        {
          "schema_version": 1,
          "attributes": {
            "allow_auto_merge": false,
            "allow_merge_commit": true,
            "allow_rebase_merge": true,
            "allow_squash_merge": true,
            "allow_update_branch": false,
            "archive_on_destroy": null,
            "archived": false,
            "auto_init": false,
            "default_branch": "main",
            "delete_branch_on_merge": false,
            "description": "GitHub actions used by the Kubewarden project",
            "etag": "W/\"ca7950f691aeae72e1c60434ee711cc56c948b927d701a381393f54ddf71e145\"",
            "full_name": "kubewarden/github-actions",
            "git_clone_url": "git://github.com/kubewarden/github-actions.git",
            "gitignore_template": null,
            "has_discussions": false,
            "has_downloads": true,
            "has_issues": true,
            "has_projects": false,
            "has_wiki": true,
            "homepage_url": "https://kubewarden.io",
            "html_url": "https://github.com/kubewarden/github-actions",
            "http_clone_url": "https://github.com/kubewarden/github-actions.git",
            "id": "github-actions",
            "ignore_vulnerability_alerts_during_read": null,
            "is_template": false,
            "license_template": null,
            "merge_commit_message": "PR_TITLE",
            "merge_commit_title": "MERGE_MESSAGE",
            "name": "github-actions",
            "node_id": "R_kgDOGtQftQ",
            "pages": [],
            "primary_language": "",
            "private": false,
            "repo_id": 450109365,
            "security_and_analysis": [
              {
                "advanced_security": [],
                "secret_scanning": [
                  {
                    "status": "enabled"
                  }
                ],
                "secret_scanning_push_protection": [
                  {
                    "status": "disabled"
                  }
                ]
              }
            ],
            "squash_merge_commit_message": "COMMIT_MESSAGES",
            "squash_merge_commit_title": "COMMIT_OR_PR_TITLE",
            "ssh_clone_url": "git@github.com:kubewarden/github-actions.git",
            "svn_url": "https://github.com/kubewarden/github-actions",
            "template": [],
            "topics": [
              "hacktoberfest",
              "kubernetes",
              "kubernetes-security",
              "policy-as-code",
              "webassembly"
            ],
            "visibility": "public",
            "vulnerability_alerts": true
          },
          "sensitive_attributes": [],
          "private": "eyJzY2hlbWFfdmVyc2lvbiI6IjEifQ=="
        }
      ]
    },
    {
      "module": "module.kubewarden_github_actions_repository",
      "mode": "managed",
      "type": "github_team_repository",
      "name": "gh_team_push_rights",
      "provider": "provider[\"registry.terraform.io/integrations/github\"].kubewarden",
      "instances": [
        {
          "index_key": "4972867",
          "schema_version": 0,
          "attributes": {
            "etag": "W/\"fa421b1915bd54a57de6e41bebbab92fd09ec468e632ec3587602ad9c6080f64\"",
            "id": "4972867:github-actions",
            "permission": "push",
            "repository": "github-actions",
            "team_id": "4972867"
          },
          "sensitive_attributes": [],
          "private": "bnVsbA==",
          "dependencies": [
            "data.github_team.kubewarden_developers",
            "module.kubewarden_github_actions_repository.github_repository.main"
          ]
        }
      ]
    },
    {
      "module": "module.kubewarden_io_repository",
      "mode": "managed",
      "type": "github_app_installation_repository",
      "name": "app_dco",
      "provider": "provider[\"registry.terraform.io/integrations/github\"].kubewarden",
      "instances": [
        {
          "schema_version": 0,
          "attributes": {
            "id": "29141080:kubewarden.io",
            "installation_id": "29141080",
            "repo_id": 314186121,
            "repository": "kubewarden.io"
          },
          "sensitive_attributes": [],
          "private": "bnVsbA==",
          "dependencies": [
            "module.kubewarden_io_repository.github_repository.main"
          ]
        }
      ]
    },
    {
      "module": "module.kubewarden_io_repository",
      "mode": "managed",
      "type": "github_issue_label",
      "name": "label",
      "provider": "provider[\"registry.terraform.io/integrations/github\"].kubewarden",
      "instances": [
        {
          "index_key": "area/dependencies",
          "schema_version": 0,
          "attributes": {
            "color": "D3D7CF",
            "description": "",
            "etag": "W/\"21bef79ea4d7165476912af2a296a1f7666df594af7bc942e5aee1d45fe2eca5\"",
            "id": "kubewarden.io:area/dependencies",
            "name": "area/dependencies",
            "repository": "kubewarden.io",
            "url": "https://api.github.com/repos/kubewarden/kubewarden.io/labels/area/dependencies"
          },
          "sensitive_attributes": [],
          "private": "bnVsbA==",
          "dependencies": [
            "module.kubewarden_io_repository.github_repository.main"
          ]
        },
        {
          "index_key": "good first issue",
          "schema_version": 0,
          "attributes": {
            "color": "7057ff",
            "description": "",
            "etag": "W/\"035e22c73d6aaa9aa91e09d0ceb8603cac7ba4a4590f296d7358e5d6dd52d115\"",
            "id": "kubewarden.io:good first issue",
            "name": "good first issue",
            "repository": "kubewarden.io",
            "url": "https://api.github.com/repos/kubewarden/kubewarden.io/labels/good%20first%20issue"
          },
          "sensitive_attributes": [],
          "private": "bnVsbA==",
          "dependencies": [
            "module.kubewarden_io_repository.github_repository.main"
          ]
        },
        {
          "index_key": "help wanted",
          "schema_version": 0,
          "attributes": {
            "color": "f0ad4e",
            "description": "",
            "etag": "W/\"b27a5aef2f11ea8e1abf6274bf6a5498582c9366aa720cc59b48eb240af8dedc\"",
            "id": "kubewarden.io:help wanted",
            "name": "help wanted",
            "repository": "kubewarden.io",
            "url": "https://api.github.com/repos/kubewarden/kubewarden.io/labels/help%20wanted"
          },
          "sensitive_attributes": [],
          "private": "bnVsbA==",
          "dependencies": [
            "module.kubewarden_io_repository.github_repository.main"
          ]
        },
        {
          "index_key": "kind/automation",
          "schema_version": 0,
          "attributes": {
            "color": "3465A4",
            "description": "",
            "etag": "W/\"d559af6d3c74eb382acfc5e7135d7d2ca613a3d1adf659d5d8564112875f6cc6\"",
            "id": "kubewarden.io:kind/automation",
            "name": "kind/automation",
            "repository": "kubewarden.io",
            "url": "https://api.github.com/repos/kubewarden/kubewarden.io/labels/kind/automation"
          },
          "sensitive_attributes": [],
          "private": "bnVsbA==",
          "dependencies": [
            "module.kubewarden_io_repository.github_repository.main"
          ]
        },
        {
          "index_key": "kind/breaking-change",
          "schema_version": 0,
          "attributes": {
            "color": "FCE94F",
            "description": "",
            "etag": "W/\"59e8c707592ad88d57d0b287338d43f5a6be7757655fdeee1721713fddb7601f\"",
            "id": "kubewarden.io:kind/breaking-change",
            "name": "kind/breaking-change",
            "repository": "kubewarden.io",
            "url": "https://api.github.com/repos/kubewarden/kubewarden.io/labels/kind/breaking-change"
          },
          "sensitive_attributes": [],
          "private": "bnVsbA==",
          "dependencies": [
            "module.kubewarden_io_repository.github_repository.main"
          ]
        },
        {
          "index_key": "kind/bug",
          "schema_version": 0,
          "attributes": {
            "color": "EF2929",
            "description": "",
            "etag": "W/\"683945f853cc42840cf0e4e2c8b5c8ff7f957006a9a2c27740b4c575302b249e\"",
            "id": "kubewarden.io:kind/bug",
            "name": "kind/bug",
            "repository": "kubewarden.io",
            "url": "https://api.github.com/repos/kubewarden/kubewarden.io/labels/kind/bug"
          },
          "sensitive_attributes": [],
          "private": "bnVsbA==",
          "dependencies": [
            "module.kubewarden_io_repository.github_repository.main"
          ]
        },
        {
          "index_key": "kind/carryover",
          "schema_version": 0,
          "attributes": {
            "color": "8AE234",
            "description": "",
            "etag": "W/\"b1c2d44865333e3c81bbb68ee1d5d4b083fc60987b8627835addc734ce95c729\"",
            "id": "kubewarden.io:kind/carryover",
            "name": "kind/carryover",
            "repository": "kubewarden.io",
            "url": "https://api.github.com/repos/kubewarden/kubewarden.io/labels/kind/carryover"
          },
          "sensitive_attributes": [],
          "private": "bnVsbA==",
          "dependencies": [
            "module.kubewarden_io_repository.github_repository.main"
          ]
        },
        {
          "index_key": "kind/chore",
          "schema_version": 0,
          "attributes": {
            "color": "555753",
            "description": "",
            "etag": "W/\"48e0a35d3ef4e1009bedbe65a415397a0b860fd649df4b73e7cc6d80a41fe9d7\"",
            "id": "kubewarden.io:kind/chore",
            "name": "kind/chore",
            "repository": "kubewarden.io",
            "url": "https://api.github.com/repos/kubewarden/kubewarden.io/labels/kind/chore"
          },
          "sensitive_attributes": [],
          "private": "bnVsbA==",
          "dependencies": [
            "module.kubewarden_io_repository.github_repository.main"
          ]
        },
        {
          "index_key": "kind/enhancement",
          "schema_version": 0,
          "attributes": {
            "color": "06989A",
            "description": "",
            "etag": "W/\"67cfa7b82a64ea22039f3c7a22d85cc37b85934b6faf8d41238c3d92f428fa4d\"",
            "id": "kubewarden.io:kind/enhancement",
            "name": "kind/enhancement",
            "repository": "kubewarden.io",
            "url": "https://api.github.com/repos/kubewarden/kubewarden.io/labels/kind/enhancement"
          },
          "sensitive_attributes": [],
          "private": "bnVsbA==",
          "dependencies": [
            "module.kubewarden_io_repository.github_repository.main"
          ]
        },
        {
          "index_key": "kind/feature",
          "schema_version": 0,
          "attributes": {
            "color": "34E2E2",
            "description": "",
            "etag": "W/\"1e9368f9278ca1da94038bcb226904114ce85bb70a0768440ff49bf501c15c67\"",
            "id": "kubewarden.io:kind/feature",
            "name": "kind/feature",
            "repository": "kubewarden.io",
            "url": "https://api.github.com/repos/kubewarden/kubewarden.io/labels/kind/feature"
          },
          "sensitive_attributes": [],
          "private": "bnVsbA==",
          "dependencies": [
            "module.kubewarden_io_repository.github_repository.main"
          ]
        },
        {
          "index_key": "kind/question",
          "schema_version": 0,
          "attributes": {
            "color": "ad7fa8",
            "description": "",
            "etag": "W/\"be93e9c6d921405bb0155c9a06dfae95bc47e5009ab60e2683c4285b6069476c\"",
            "id": "kubewarden.io:kind/question",
            "name": "kind/question",
            "repository": "kubewarden.io",
            "url": "https://api.github.com/repos/kubewarden/kubewarden.io/labels/kind/question"
          },
          "sensitive_attributes": [],
          "private": "bnVsbA==",
          "dependencies": [
            "module.kubewarden_io_repository.github_repository.main"
          ]
        },
        {
          "index_key": "kind/tech-debt",
          "schema_version": 0,
          "attributes": {
            "color": "729FCF",
            "description": "",
            "etag": "W/\"8c3bcf65f4fb8254dece2a8e34f6f11cac3f3b785ab89d0f354982fd1fe52f62\"",
            "id": "kubewarden.io:kind/tech-debt",
            "name": "kind/tech-debt",
            "repository": "kubewarden.io",
            "url": "https://api.github.com/repos/kubewarden/kubewarden.io/labels/kind/tech-debt"
          },
          "sensitive_attributes": [],
          "private": "bnVsbA==",
          "dependencies": [
            "module.kubewarden_io_repository.github_repository.main"
          ]
        },
        {
          "index_key": "kind/to-be-refined",
          "schema_version": 0,
          "attributes": {
            "color": "B14FCF",
            "description": "",
            "etag": "W/\"61878b3ac056f3edb0ab089c4b4b32a2048019681daccea224c9e3604a53a88f\"",
            "id": "kubewarden.io:kind/to-be-refined",
            "name": "kind/to-be-refined",
            "repository": "kubewarden.io",
            "url": "https://api.github.com/repos/kubewarden/kubewarden.io/labels/kind/to-be-refined"
          },
          "sensitive_attributes": [],
          "private": "bnVsbA==",
          "dependencies": [
            "module.kubewarden_io_repository.github_repository.main"
          ]
        },
        {
          "index_key": "release/major",
          "schema_version": 0,
          "attributes": {
            "color": "8AE234",
            "description": "",
            "etag": "W/\"87611022cfbdaf85bea1e8d6910fd75914a41771a44cca8922ffaa870bdf815c\"",
            "id": "kubewarden.io:release/major",
            "name": "release/major",
            "repository": "kubewarden.io",
            "url": "https://api.github.com/repos/kubewarden/kubewarden.io/labels/release/major"
          },
          "sensitive_attributes": [],
          "private": "bnVsbA==",
          "dependencies": [
            "module.kubewarden_io_repository.github_repository.main"
          ]
        },
        {
          "index_key": "release/minor",
          "schema_version": 0,
          "attributes": {
            "color": "4E9A06",
            "description": "",
            "etag": "W/\"f00c64f2b29650ad2b63bdf7422f060cd78c7d953c0a5e9df77fb5b008b6879e\"",
            "id": "kubewarden.io:release/minor",
            "name": "release/minor",
            "repository": "kubewarden.io",
            "url": "https://api.github.com/repos/kubewarden/kubewarden.io/labels/release/minor"
          },
          "sensitive_attributes": [],
          "private": "bnVsbA==",
          "dependencies": [
            "module.kubewarden_io_repository.github_repository.main"
          ]
        },
        {
          "index_key": "release/patch",
          "schema_version": 0,
          "attributes": {
            "color": "aa6600",
            "description": "",
            "etag": "W/\"cf22b314fc2f4e8589162f299d198270a9288207ffca6bce81948a53c23f91f4\"",
            "id": "kubewarden.io:release/patch",
            "name": "release/patch",
            "repository": "kubewarden.io",
            "url": "https://api.github.com/repos/kubewarden/kubewarden.io/labels/release/patch"
          },
          "sensitive_attributes": [],
          "private": "bnVsbA==",
          "dependencies": [
            "module.kubewarden_io_repository.github_repository.main"
          ]
        },
        {
          "index_key": "release/skip-changelog",
          "schema_version": 0,
          "attributes": {
            "color": "77cc00",
            "description": "",
            "etag": "W/\"20cca8a907bddaaa44aac8c798bfdcadb6d24f31fd4383c24227f81f61033bab\"",
            "id": "kubewarden.io:release/skip-changelog",
            "name": "release/skip-changelog",
            "repository": "kubewarden.io",
            "url": "https://api.github.com/repos/kubewarden/kubewarden.io/labels/release/skip-changelog"
          },
          "sensitive_attributes": [],
          "private": "bnVsbA==",
          "dependencies": [
            "module.kubewarden_io_repository.github_repository.main"
          ]
        }
      ]
    },
    {
      "module": "module.kubewarden_io_repository",
      "mode": "managed",
      "type": "github_repository",
      "name": "main",
      "provider": "provider[\"registry.terraform.io/integrations/github\"].kubewarden",
      "instances": [
        {
          "schema_version": 1,
          "attributes": {
            "allow_auto_merge": false,
            "allow_merge_commit": true,
            "allow_rebase_merge": true,
            "allow_squash_merge": true,
            "allow_update_branch": false,
            "archive_on_destroy": null,
            "archived": false,
            "auto_init": false,
            "default_branch": "main",
            "delete_branch_on_merge": false,
            "description": "Kubewarden website",
            "etag": "W/\"01c9b399491eb430d27ae03c06397cb288feae0eac57cb32f7ab597f141e31a2\"",
            "full_name": "kubewarden/kubewarden.io",
            "git_clone_url": "git://github.com/kubewarden/kubewarden.io.git",
            "gitignore_template": null,
            "has_discussions": false,
            "has_downloads": true,
            "has_issues": true,
            "has_projects": false,
            "has_wiki": true,
            "homepage_url": "https://kubewarden.io",
            "html_url": "https://github.com/kubewarden/kubewarden.io",
            "http_clone_url": "https://github.com/kubewarden/kubewarden.io.git",
            "id": "kubewarden.io",
            "ignore_vulnerability_alerts_during_read": null,
            "is_template": false,
            "license_template": null,
            "merge_commit_message": "PR_TITLE",
            "merge_commit_title": "MERGE_MESSAGE",
            "name": "kubewarden.io",
            "node_id": "MDEwOlJlcG9zaXRvcnkzMTQxODYxMjE=",
            "pages": [
              {
                "build_type": "legacy",
                "cname": "www.kubewarden.io",
                "custom_404": false,
                "html_url": "http://www.kubewarden.io/",
                "source": [
                  {
                    "branch": "gh-pages",
                    "path": "/"
                  }
                ],
                "status": "built",
                "url": "https://api.github.com/repos/kubewarden/kubewarden.io/pages"
              }
            ],
            "primary_language": "SCSS",
            "private": false,
            "repo_id": 314186121,
            "security_and_analysis": [
              {
                "advanced_security": [],
                "secret_scanning": [
                  {
                    "status": "enabled"
                  }
                ],
                "secret_scanning_push_protection": [
                  {
                    "status": "disabled"
                  }
                ]
              }
            ],
            "squash_merge_commit_message": "COMMIT_MESSAGES",
            "squash_merge_commit_title": "COMMIT_OR_PR_TITLE",
            "ssh_clone_url": "git@github.com:kubewarden/kubewarden.io.git",
            "svn_url": "https://github.com/kubewarden/kubewarden.io",
            "template": [],
            "topics": [
              "hacktoberfest",
              "kubernetes",
              "kubernetes-security",
              "policy-as-code",
              "webassembly"
            ],
            "visibility": "public",
            "vulnerability_alerts": true
          },
          "sensitive_attributes": [],
          "private": "eyJzY2hlbWFfdmVyc2lvbiI6IjEifQ=="
        }
      ]
    },
    {
      "module": "module.kubewarden_io_repository",
      "mode": "managed",
      "type": "github_team_repository",
      "name": "gh_team_push_rights",
      "provider": "provider[\"registry.terraform.io/integrations/github\"].kubewarden",
      "instances": [
        {
          "index_key": "4972867",
          "schema_version": 0,
          "attributes": {
            "etag": "W/\"1c2aa7d2e451bfa4dcff76a4c915b5c9222c96001993ae26eaad8035eb7f34fd\"",
            "id": "4972867:kubewarden.io",
            "permission": "push",
            "repository": "kubewarden.io",
            "team_id": "4972867"
          },
          "sensitive_attributes": [],
          "private": "bnVsbA==",
          "dependencies": [
            "data.github_team.kubewarden_developers",
            "data.github_team.kubewarden_documentation",
            "module.kubewarden_io_repository.github_repository.main"
          ]
        },
        {
          "index_key": "5417591",
          "schema_version": 0,
          "attributes": {
            "etag": "W/\"1c2aa7d2e451bfa4dcff76a4c915b5c9222c96001993ae26eaad8035eb7f34fd\"",
            "id": "5417591:kubewarden.io",
            "permission": "push",
            "repository": "kubewarden.io",
            "team_id": "5417591"
          },
          "sensitive_attributes": [],
          "private": "bnVsbA==",
          "dependencies": [
            "data.github_team.kubewarden_developers",
            "data.github_team.kubewarden_documentation",
            "module.kubewarden_io_repository.github_repository.main"
          ]
        }
      ]
    },
    {
      "module": "module.kubewarden_k8s_objects_generator_repository",
      "mode": "managed",
      "type": "github_app_installation_repository",
      "name": "app_dco",
      "provider": "provider[\"registry.terraform.io/integrations/github\"].kubewarden",
      "instances": [
        {
          "schema_version": 0,
          "attributes": {
            "id": "29141080:k8s-objects-generator",
            "installation_id": "29141080",
            "repo_id": 493337799,
            "repository": "k8s-objects-generator"
          },
          "sensitive_attributes": [],
          "private": "bnVsbA==",
          "dependencies": [
            "module.kubewarden_k8s_objects_generator_repository.github_repository.main"
          ]
        }
      ]
    },
    {
      "module": "module.kubewarden_k8s_objects_generator_repository",
      "mode": "managed",
      "type": "github_issue_label",
      "name": "label",
      "provider": "provider[\"registry.terraform.io/integrations/github\"].kubewarden",
      "instances": [
        {
          "index_key": "area/dependencies",
          "schema_version": 0,
          "attributes": {
            "color": "D3D7CF",
            "description": "",
            "etag": "W/\"e0babd75524f8735518714e3af8445f6a79f05e81dd8de5fac9ae52411b09805\"",
            "id": "k8s-objects-generator:area/dependencies",
            "name": "area/dependencies",
            "repository": "k8s-objects-generator",
            "url": "https://api.github.com/repos/kubewarden/k8s-objects-generator/labels/area/dependencies"
          },
          "sensitive_attributes": [],
          "private": "bnVsbA==",
          "dependencies": [
            "module.kubewarden_k8s_objects_generator_repository.github_repository.main"
          ]
        },
        {
          "index_key": "good first issue",
          "schema_version": 0,
          "attributes": {
            "color": "7057ff",
            "description": "",
            "etag": "W/\"a8efdf4fe91dced46021a9fa2e2ec960843846b6ba39d00313c0336bf8f5919f\"",
            "id": "k8s-objects-generator:good first issue",
            "name": "good first issue",
            "repository": "k8s-objects-generator",
            "url": "https://api.github.com/repos/kubewarden/k8s-objects-generator/labels/good%20first%20issue"
          },
          "sensitive_attributes": [],
          "private": "bnVsbA==",
          "dependencies": [
            "module.kubewarden_k8s_objects_generator_repository.github_repository.main"
          ]
        },
        {
          "index_key": "help wanted",
          "schema_version": 0,
          "attributes": {
            "color": "f0ad4e",
            "description": "",
            "etag": "W/\"836910771b2f248378476955ff669064ee5b0974a3bf06b032f248c522484ed9\"",
            "id": "k8s-objects-generator:help wanted",
            "name": "help wanted",
            "repository": "k8s-objects-generator",
            "url": "https://api.github.com/repos/kubewarden/k8s-objects-generator/labels/help%20wanted"
          },
          "sensitive_attributes": [],
          "private": "bnVsbA==",
          "dependencies": [
            "module.kubewarden_k8s_objects_generator_repository.github_repository.main"
          ]
        },
        {
          "index_key": "kind/automation",
          "schema_version": 0,
          "attributes": {
            "color": "3465A4",
            "description": "",
            "etag": "W/\"cd0c495776e8b3513d4b123335efd4f4c9ebeebb2aca74277c134368225eba3c\"",
            "id": "k8s-objects-generator:kind/automation",
            "name": "kind/automation",
            "repository": "k8s-objects-generator",
            "url": "https://api.github.com/repos/kubewarden/k8s-objects-generator/labels/kind/automation"
          },
          "sensitive_attributes": [],
          "private": "bnVsbA==",
          "dependencies": [
            "module.kubewarden_k8s_objects_generator_repository.github_repository.main"
          ]
        },
        {
          "index_key": "kind/breaking-change",
          "schema_version": 0,
          "attributes": {
            "color": "FCE94F",
            "description": "",
            "etag": "W/\"bfe50ea8d5027eb750f524ba7d2452e7762bce6f2ee3cc912c915f49553443a4\"",
            "id": "k8s-objects-generator:kind/breaking-change",
            "name": "kind/breaking-change",
            "repository": "k8s-objects-generator",
            "url": "https://api.github.com/repos/kubewarden/k8s-objects-generator/labels/kind/breaking-change"
          },
          "sensitive_attributes": [],
          "private": "bnVsbA==",
          "dependencies": [
            "module.kubewarden_k8s_objects_generator_repository.github_repository.main"
          ]
        },
        {
          "index_key": "kind/bug",
          "schema_version": 0,
          "attributes": {
            "color": "EF2929",
            "description": "",
            "etag": "W/\"a7293426c01ceac52081d4cb8a0b2a9623adadf3e189a3bb37532b4f9a052b5b\"",
            "id": "k8s-objects-generator:kind/bug",
            "name": "kind/bug",
            "repository": "k8s-objects-generator",
            "url": "https://api.github.com/repos/kubewarden/k8s-objects-generator/labels/kind/bug"
          },
          "sensitive_attributes": [],
          "private": "bnVsbA==",
          "dependencies": [
            "module.kubewarden_k8s_objects_generator_repository.github_repository.main"
          ]
        },
        {
          "index_key": "kind/carryover",
          "schema_version": 0,
          "attributes": {
            "color": "8AE234",
            "description": "",
            "etag": "W/\"53da66349f4b4f3fc125ec225b2fec0138d93de5c087081bb902a100d9f05da0\"",
            "id": "k8s-objects-generator:kind/carryover",
            "name": "kind/carryover",
            "repository": "k8s-objects-generator",
            "url": "https://api.github.com/repos/kubewarden/k8s-objects-generator/labels/kind/carryover"
          },
          "sensitive_attributes": [],
          "private": "bnVsbA==",
          "dependencies": [
            "module.kubewarden_k8s_objects_generator_repository.github_repository.main"
          ]
        },
        {
          "index_key": "kind/chore",
          "schema_version": 0,
          "attributes": {
            "color": "555753",
            "description": "",
            "etag": "W/\"20954a9777cab97e5152f72f1697ec1e1752044f54c7c6ffda6f3dec805f62b9\"",
            "id": "k8s-objects-generator:kind/chore",
            "name": "kind/chore",
            "repository": "k8s-objects-generator",
            "url": "https://api.github.com/repos/kubewarden/k8s-objects-generator/labels/kind/chore"
          },
          "sensitive_attributes": [],
          "private": "bnVsbA==",
          "dependencies": [
            "module.kubewarden_k8s_objects_generator_repository.github_repository.main"
          ]
        },
        {
          "index_key": "kind/enhancement",
          "schema_version": 0,
          "attributes": {
            "color": "06989A",
            "description": "",
            "etag": "W/\"57c39796bde27929f933c052074ff35b72d8ba5800660f478e33e92d0ea5cfa8\"",
            "id": "k8s-objects-generator:kind/enhancement",
            "name": "kind/enhancement",
            "repository": "k8s-objects-generator",
            "url": "https://api.github.com/repos/kubewarden/k8s-objects-generator/labels/kind/enhancement"
          },
          "sensitive_attributes": [],
          "private": "bnVsbA==",
          "dependencies": [
            "module.kubewarden_k8s_objects_generator_repository.github_repository.main"
          ]
        },
        {
          "index_key": "kind/feature",
          "schema_version": 0,
          "attributes": {
            "color": "34E2E2",
            "description": "",
            "etag": "W/\"7fd82c23e539e41f8785464c714ffc2a8b5e99d30d6041814ee67e905c90e844\"",
            "id": "k8s-objects-generator:kind/feature",
            "name": "kind/feature",
            "repository": "k8s-objects-generator",
            "url": "https://api.github.com/repos/kubewarden/k8s-objects-generator/labels/kind/feature"
          },
          "sensitive_attributes": [],
          "private": "bnVsbA==",
          "dependencies": [
            "module.kubewarden_k8s_objects_generator_repository.github_repository.main"
          ]
        },
        {
          "index_key": "kind/question",
          "schema_version": 0,
          "attributes": {
            "color": "ad7fa8",
            "description": "",
            "etag": "W/\"fbbfdcb159b993092f0fd68f437de2191b870686c6e9f8e774121f64416dcac7\"",
            "id": "k8s-objects-generator:kind/question",
            "name": "kind/question",
            "repository": "k8s-objects-generator",
            "url": "https://api.github.com/repos/kubewarden/k8s-objects-generator/labels/kind/question"
          },
          "sensitive_attributes": [],
          "private": "bnVsbA==",
          "dependencies": [
            "module.kubewarden_k8s_objects_generator_repository.github_repository.main"
          ]
        },
        {
          "index_key": "kind/tech-debt",
          "schema_version": 0,
          "attributes": {
            "color": "729FCF",
            "description": "",
            "etag": "W/\"93cc572473c026be183419373c8762c0048ebd1d60fa864405829860537b3f9c\"",
            "id": "k8s-objects-generator:kind/tech-debt",
            "name": "kind/tech-debt",
            "repository": "k8s-objects-generator",
            "url": "https://api.github.com/repos/kubewarden/k8s-objects-generator/labels/kind/tech-debt"
          },
          "sensitive_attributes": [],
          "private": "bnVsbA==",
          "dependencies": [
            "module.kubewarden_k8s_objects_generator_repository.github_repository.main"
          ]
        },
        {
          "index_key": "kind/to-be-refined",
          "schema_version": 0,
          "attributes": {
            "color": "B14FCF",
            "description": "",
            "etag": "W/\"4b696d0a65d51c9b957f6c4f544a6f13ac4284b0f899f8aacc08dc1acb42deba\"",
            "id": "k8s-objects-generator:kind/to-be-refined",
            "name": "kind/to-be-refined",
            "repository": "k8s-objects-generator",
            "url": "https://api.github.com/repos/kubewarden/k8s-objects-generator/labels/kind/to-be-refined"
          },
          "sensitive_attributes": [],
          "private": "bnVsbA==",
          "dependencies": [
            "module.kubewarden_k8s_objects_generator_repository.github_repository.main"
          ]
        },
        {
          "index_key": "release/major",
          "schema_version": 0,
          "attributes": {
            "color": "8AE234",
            "description": "",
            "etag": "W/\"552b957ebf885075500bd01ca882ca85c71d44f790b3c9ae337f16ef13d8a605\"",
            "id": "k8s-objects-generator:release/major",
            "name": "release/major",
            "repository": "k8s-objects-generator",
            "url": "https://api.github.com/repos/kubewarden/k8s-objects-generator/labels/release/major"
          },
          "sensitive_attributes": [],
          "private": "bnVsbA==",
          "dependencies": [
            "module.kubewarden_k8s_objects_generator_repository.github_repository.main"
          ]
        },
        {
          "index_key": "release/minor",
          "schema_version": 0,
          "attributes": {
            "color": "4E9A06",
            "description": "",
            "etag": "W/\"ec752a6b6fbe38c0c55b56e27748966778dd22983d5f38dddfc0d689819c967e\"",
            "id": "k8s-objects-generator:release/minor",
            "name": "release/minor",
            "repository": "k8s-objects-generator",
            "url": "https://api.github.com/repos/kubewarden/k8s-objects-generator/labels/release/minor"
          },
          "sensitive_attributes": [],
          "private": "bnVsbA==",
          "dependencies": [
            "module.kubewarden_k8s_objects_generator_repository.github_repository.main"
          ]
        },
        {
          "index_key": "release/patch",
          "schema_version": 0,
          "attributes": {
            "color": "aa6600",
            "description": "",
            "etag": "W/\"7afabf4b6780e5f4d916a9211d5ccca507eceaca8da98c2c214dc8624b4ce0ff\"",
            "id": "k8s-objects-generator:release/patch",
            "name": "release/patch",
            "repository": "k8s-objects-generator",
            "url": "https://api.github.com/repos/kubewarden/k8s-objects-generator/labels/release/patch"
          },
          "sensitive_attributes": [],
          "private": "bnVsbA==",
          "dependencies": [
            "module.kubewarden_k8s_objects_generator_repository.github_repository.main"
          ]
        },
        {
          "index_key": "release/skip-changelog",
          "schema_version": 0,
          "attributes": {
            "color": "77cc00",
            "description": "",
            "etag": "W/\"79b3f724d842f8db15c92977115f41e46c2e8a8c1ace6bb1f5e147df206be0b9\"",
            "id": "k8s-objects-generator:release/skip-changelog",
            "name": "release/skip-changelog",
            "repository": "k8s-objects-generator",
            "url": "https://api.github.com/repos/kubewarden/k8s-objects-generator/labels/release/skip-changelog"
          },
          "sensitive_attributes": [],
          "private": "bnVsbA==",
          "dependencies": [
            "module.kubewarden_k8s_objects_generator_repository.github_repository.main"
          ]
        }
      ]
    },
    {
      "module": "module.kubewarden_k8s_objects_generator_repository",
      "mode": "managed",
      "type": "github_repository",
      "name": "main",
      "provider": "provider[\"registry.terraform.io/integrations/github\"].kubewarden",
      "instances": [
        {
          "schema_version": 1,
          "attributes": {
            "allow_auto_merge": false,
            "allow_merge_commit": true,
            "allow_rebase_merge": true,
            "allow_squash_merge": true,
            "allow_update_branch": false,
            "archive_on_destroy": null,
            "archived": false,
            "auto_init": false,
            "default_branch": "main",
            "delete_branch_on_merge": false,
            "description": "CLI tool that generates Kubernetes Go types that can be used with TinyGo starting from the official OpenAPI spec",
            "etag": "W/\"a7735e0196399873ab6a89945308c8131613dbaa42675f0641d849f0cdc4ae2c\"",
            "full_name": "kubewarden/k8s-objects-generator",
            "git_clone_url": "git://github.com/kubewarden/k8s-objects-generator.git",
            "gitignore_template": null,
            "has_discussions": false,
            "has_downloads": true,
            "has_issues": true,
            "has_projects": false,
            "has_wiki": true,
            "homepage_url": "https://github.com/kubewarden/",
            "html_url": "https://github.com/kubewarden/k8s-objects-generator",
            "http_clone_url": "https://github.com/kubewarden/k8s-objects-generator.git",
            "id": "k8s-objects-generator",
            "ignore_vulnerability_alerts_during_read": null,
            "is_template": false,
            "license_template": null,
            "merge_commit_message": "PR_TITLE",
            "merge_commit_title": "MERGE_MESSAGE",
            "name": "k8s-objects-generator",
            "node_id": "R_kgDOHWe8xw",
            "pages": [],
            "primary_language": "Go",
            "private": false,
            "repo_id": 493337799,
            "security_and_analysis": [
              {
                "advanced_security": [],
                "secret_scanning": [
                  {
                    "status": "enabled"
                  }
                ],
                "secret_scanning_push_protection": [
                  {
                    "status": "disabled"
                  }
                ]
              }
            ],
            "squash_merge_commit_message": "COMMIT_MESSAGES",
            "squash_merge_commit_title": "COMMIT_OR_PR_TITLE",
            "ssh_clone_url": "git@github.com:kubewarden/k8s-objects-generator.git",
            "svn_url": "https://github.com/kubewarden/k8s-objects-generator",
            "template": [],
            "topics": [
              "hacktoberfest",
              "kubernetes",
              "kubernetes-security",
              "policy-as-code",
              "webassembly"
            ],
            "visibility": "public",
            "vulnerability_alerts": true
          },
          "sensitive_attributes": [],
          "private": "eyJzY2hlbWFfdmVyc2lvbiI6IjEifQ=="
        }
      ]
    },
    {
      "module": "module.kubewarden_k8s_objects_generator_repository",
      "mode": "managed",
      "type": "github_team_repository",
      "name": "gh_team_push_rights",
      "provider": "provider[\"registry.terraform.io/integrations/github\"].kubewarden",
      "instances": [
        {
          "index_key": "4972867",
          "schema_version": 0,
          "attributes": {
            "etag": "W/\"b971871df4467687b896aae8aadda9b618ec034a5a2d27c9c9a25b7274d8598d\"",
            "id": "4972867:k8s-objects-generator",
            "permission": "push",
            "repository": "k8s-objects-generator",
            "team_id": "4972867"
          },
          "sensitive_attributes": [],
          "private": "bnVsbA==",
          "dependencies": [
            "data.github_team.kubewarden_developers",
            "module.kubewarden_k8s_objects_generator_repository.github_repository.main"
          ]
        }
      ]
    },
    {
      "module": "module.kubewarden_k8s_objects_repository",
      "mode": "managed",
      "type": "github_app_installation_repository",
      "name": "app_dco",
      "provider": "provider[\"registry.terraform.io/integrations/github\"].kubewarden",
      "instances": [
        {
          "schema_version": 0,
          "attributes": {
            "id": "29141080:k8s-objects",
            "installation_id": "29141080",
            "repo_id": 492171063,
            "repository": "k8s-objects"
          },
          "sensitive_attributes": [],
          "private": "bnVsbA==",
          "dependencies": [
            "module.kubewarden_k8s_objects_repository.github_repository.main"
          ]
        }
      ]
    },
    {
      "module": "module.kubewarden_k8s_objects_repository",
      "mode": "managed",
      "type": "github_issue_label",
      "name": "label",
      "provider": "provider[\"registry.terraform.io/integrations/github\"].kubewarden",
      "instances": [
        {
          "index_key": "area/dependencies",
          "schema_version": 0,
          "attributes": {
            "color": "D3D7CF",
            "description": "",
            "etag": "W/\"9a74669d4c44cf1ac9b9d8ba29ab27ca8a91561a006d123518f964fe406a9d9f\"",
            "id": "k8s-objects:area/dependencies",
            "name": "area/dependencies",
            "repository": "k8s-objects",
            "url": "https://api.github.com/repos/kubewarden/k8s-objects/labels/area/dependencies"
          },
          "sensitive_attributes": [],
          "private": "bnVsbA==",
          "dependencies": [
            "module.kubewarden_k8s_objects_repository.github_repository.main"
          ]
        },
        {
          "index_key": "good first issue",
          "schema_version": 0,
          "attributes": {
            "color": "7057ff",
            "description": "",
            "etag": "W/\"ac32e565689a9d99e4a12f0dc8879cf084ac77dd30cfd51c6608f4c880cb3569\"",
            "id": "k8s-objects:good first issue",
            "name": "good first issue",
            "repository": "k8s-objects",
            "url": "https://api.github.com/repos/kubewarden/k8s-objects/labels/good%20first%20issue"
          },
          "sensitive_attributes": [],
          "private": "bnVsbA==",
          "dependencies": [
            "module.kubewarden_k8s_objects_repository.github_repository.main"
          ]
        },
        {
          "index_key": "help wanted",
          "schema_version": 0,
          "attributes": {
            "color": "f0ad4e",
            "description": "",
            "etag": "W/\"7f5cf5e1a3d17bc110ee826f315bf57981834972fc96c8bc9ce6d43db8face02\"",
            "id": "k8s-objects:help wanted",
            "name": "help wanted",
            "repository": "k8s-objects",
            "url": "https://api.github.com/repos/kubewarden/k8s-objects/labels/help%20wanted"
          },
          "sensitive_attributes": [],
          "private": "bnVsbA==",
          "dependencies": [
            "module.kubewarden_k8s_objects_repository.github_repository.main"
          ]
        },
        {
          "index_key": "kind/automation",
          "schema_version": 0,
          "attributes": {
            "color": "3465A4",
            "description": "",
            "etag": "W/\"c33514ea2508ab34152d8b1ff8041cf9e2fd0d67784901bb708cfbf132ac2941\"",
            "id": "k8s-objects:kind/automation",
            "name": "kind/automation",
            "repository": "k8s-objects",
            "url": "https://api.github.com/repos/kubewarden/k8s-objects/labels/kind/automation"
          },
          "sensitive_attributes": [],
          "private": "bnVsbA==",
          "dependencies": [
            "module.kubewarden_k8s_objects_repository.github_repository.main"
          ]
        },
        {
          "index_key": "kind/breaking-change",
          "schema_version": 0,
          "attributes": {
            "color": "FCE94F",
            "description": "",
            "etag": "W/\"273b961821ac5f8beebb4272f721acd828b708dd10697071c50eca37cfb45907\"",
            "id": "k8s-objects:kind/breaking-change",
            "name": "kind/breaking-change",
            "repository": "k8s-objects",
            "url": "https://api.github.com/repos/kubewarden/k8s-objects/labels/kind/breaking-change"
          },
          "sensitive_attributes": [],
          "private": "bnVsbA==",
          "dependencies": [
            "module.kubewarden_k8s_objects_repository.github_repository.main"
          ]
        },
        {
          "index_key": "kind/bug",
          "schema_version": 0,
          "attributes": {
            "color": "EF2929",
            "description": "",
            "etag": "W/\"e0ef7d6e628d3d7608f46647375bce950b419712a97ce40ca4a586b31f3ca1cd\"",
            "id": "k8s-objects:kind/bug",
            "name": "kind/bug",
            "repository": "k8s-objects",
            "url": "https://api.github.com/repos/kubewarden/k8s-objects/labels/kind/bug"
          },
          "sensitive_attributes": [],
          "private": "bnVsbA==",
          "dependencies": [
            "module.kubewarden_k8s_objects_repository.github_repository.main"
          ]
        },
        {
          "index_key": "kind/carryover",
          "schema_version": 0,
          "attributes": {
            "color": "8AE234",
            "description": "",
            "etag": "W/\"d4dd7050752ae1fad9b48a1256e3ea78b1e9b8ba29665813b5b80d24c0212d2c\"",
            "id": "k8s-objects:kind/carryover",
            "name": "kind/carryover",
            "repository": "k8s-objects",
            "url": "https://api.github.com/repos/kubewarden/k8s-objects/labels/kind/carryover"
          },
          "sensitive_attributes": [],
          "private": "bnVsbA==",
          "dependencies": [
            "module.kubewarden_k8s_objects_repository.github_repository.main"
          ]
        },
        {
          "index_key": "kind/chore",
          "schema_version": 0,
          "attributes": {
            "color": "555753",
            "description": "",
            "etag": "W/\"d363711a80b94851d0edaf082ea0c30ec16d860d8234b847c2616a7b2b0b6e06\"",
            "id": "k8s-objects:kind/chore",
            "name": "kind/chore",
            "repository": "k8s-objects",
            "url": "https://api.github.com/repos/kubewarden/k8s-objects/labels/kind/chore"
          },
          "sensitive_attributes": [],
          "private": "bnVsbA==",
          "dependencies": [
            "module.kubewarden_k8s_objects_repository.github_repository.main"
          ]
        },
        {
          "index_key": "kind/enhancement",
          "schema_version": 0,
          "attributes": {
            "color": "06989A",
            "description": "",
            "etag": "W/\"f4d8dbf7b2855205fd3fcc5e1cee7b5f6040b957f3bf88c9bcf30f7951a62a62\"",
            "id": "k8s-objects:kind/enhancement",
            "name": "kind/enhancement",
            "repository": "k8s-objects",
            "url": "https://api.github.com/repos/kubewarden/k8s-objects/labels/kind/enhancement"
          },
          "sensitive_attributes": [],
          "private": "bnVsbA==",
          "dependencies": [
            "module.kubewarden_k8s_objects_repository.github_repository.main"
          ]
        },
        {
          "index_key": "kind/feature",
          "schema_version": 0,
          "attributes": {
            "color": "34E2E2",
            "description": "",
            "etag": "W/\"0ef06b61b40c045e147e764569a09a0fba533a1f011831c5bc9537a8087845b6\"",
            "id": "k8s-objects:kind/feature",
            "name": "kind/feature",
            "repository": "k8s-objects",
            "url": "https://api.github.com/repos/kubewarden/k8s-objects/labels/kind/feature"
          },
          "sensitive_attributes": [],
          "private": "bnVsbA==",
          "dependencies": [
            "module.kubewarden_k8s_objects_repository.github_repository.main"
          ]
        },
        {
          "index_key": "kind/question",
          "schema_version": 0,
          "attributes": {
            "color": "ad7fa8",
            "description": "",
            "etag": "W/\"78f56548234a4a12c475452ba93d909da0da5208f31d7e45fdb53cea09d2e653\"",
            "id": "k8s-objects:kind/question",
            "name": "kind/question",
            "repository": "k8s-objects",
            "url": "https://api.github.com/repos/kubewarden/k8s-objects/labels/kind/question"
          },
          "sensitive_attributes": [],
          "private": "bnVsbA==",
          "dependencies": [
            "module.kubewarden_k8s_objects_repository.github_repository.main"
          ]
        },
        {
          "index_key": "kind/tech-debt",
          "schema_version": 0,
          "attributes": {
            "color": "729FCF",
            "description": "",
            "etag": "W/\"816f20fd7175cde3b0b74d6a8b456103507d9e509648c64d1b3bfbd9698ccd38\"",
            "id": "k8s-objects:kind/tech-debt",
            "name": "kind/tech-debt",
            "repository": "k8s-objects",
            "url": "https://api.github.com/repos/kubewarden/k8s-objects/labels/kind/tech-debt"
          },
          "sensitive_attributes": [],
          "private": "bnVsbA==",
          "dependencies": [
            "module.kubewarden_k8s_objects_repository.github_repository.main"
          ]
        },
        {
          "index_key": "kind/to-be-refined",
          "schema_version": 0,
          "attributes": {
            "color": "B14FCF",
            "description": "",
            "etag": "W/\"9c906fdf2f4a841be8ddffad08b434c442cfd1745497dc2c9e89302fcf078e59\"",
            "id": "k8s-objects:kind/to-be-refined",
            "name": "kind/to-be-refined",
            "repository": "k8s-objects",
            "url": "https://api.github.com/repos/kubewarden/k8s-objects/labels/kind/to-be-refined"
          },
          "sensitive_attributes": [],
          "private": "bnVsbA==",
          "dependencies": [
            "module.kubewarden_k8s_objects_repository.github_repository.main"
          ]
        },
        {
          "index_key": "release/major",
          "schema_version": 0,
          "attributes": {
            "color": "8AE234",
            "description": "",
            "etag": "W/\"07c3de5ac0d354f6752208d48e4b598d8f3aa1afb9eaf9a28d35234e376ab4a3\"",
            "id": "k8s-objects:release/major",
            "name": "release/major",
            "repository": "k8s-objects",
            "url": "https://api.github.com/repos/kubewarden/k8s-objects/labels/release/major"
          },
          "sensitive_attributes": [],
          "private": "bnVsbA==",
          "dependencies": [
            "module.kubewarden_k8s_objects_repository.github_repository.main"
          ]
        },
        {
          "index_key": "release/minor",
          "schema_version": 0,
          "attributes": {
            "color": "4E9A06",
            "description": "",
            "etag": "W/\"9b4550f459c56a60ed4c61fbc760eefdf4e54178310018c745079bd71d2146c9\"",
            "id": "k8s-objects:release/minor",
            "name": "release/minor",
            "repository": "k8s-objects",
            "url": "https://api.github.com/repos/kubewarden/k8s-objects/labels/release/minor"
          },
          "sensitive_attributes": [],
          "private": "bnVsbA==",
          "dependencies": [
            "module.kubewarden_k8s_objects_repository.github_repository.main"
          ]
        },
        {
          "index_key": "release/patch",
          "schema_version": 0,
          "attributes": {
            "color": "aa6600",
            "description": "",
            "etag": "W/\"2c462785a0b4a48cff8978e74460bbe68c5fff48f34a254eaa91d57da2d2825b\"",
            "id": "k8s-objects:release/patch",
            "name": "release/patch",
            "repository": "k8s-objects",
            "url": "https://api.github.com/repos/kubewarden/k8s-objects/labels/release/patch"
          },
          "sensitive_attributes": [],
          "private": "bnVsbA==",
          "dependencies": [
            "module.kubewarden_k8s_objects_repository.github_repository.main"
          ]
        },
        {
          "index_key": "release/skip-changelog",
          "schema_version": 0,
          "attributes": {
            "color": "77cc00",
            "description": "",
            "etag": "W/\"d73d74f7690ff1c6add00f438e011d4d242f2b9fbab6e7965bf1cfff71dba397\"",
            "id": "k8s-objects:release/skip-changelog",
            "name": "release/skip-changelog",
            "repository": "k8s-objects",
            "url": "https://api.github.com/repos/kubewarden/k8s-objects/labels/release/skip-changelog"
          },
          "sensitive_attributes": [],
          "private": "bnVsbA==",
          "dependencies": [
            "module.kubewarden_k8s_objects_repository.github_repository.main"
          ]
        }
      ]
    },
    {
      "module": "module.kubewarden_k8s_objects_repository",
      "mode": "managed",
      "type": "github_repository",
      "name": "main",
      "provider": "provider[\"registry.terraform.io/integrations/github\"].kubewarden",
      "instances": [
        {
          "schema_version": 1,
          "attributes": {
            "allow_auto_merge": false,
            "allow_merge_commit": true,
            "allow_rebase_merge": true,
            "allow_squash_merge": true,
            "allow_update_branch": false,
            "archive_on_destroy": null,
            "archived": false,
            "auto_init": false,
            "default_branch": "main",
            "delete_branch_on_merge": false,
            "description": "Experimental: Kubernetes Go types that can be used with TinyGo",
            "etag": "W/\"9c69d31fcd9fbcac73daa0a2b32df0413232b6f22006c51fe3e6fc6c69ebac99\"",
            "full_name": "kubewarden/k8s-objects",
            "git_clone_url": "git://github.com/kubewarden/k8s-objects.git",
            "gitignore_template": null,
            "has_discussions": false,
            "has_downloads": true,
            "has_issues": true,
            "has_projects": false,
            "has_wiki": true,
            "homepage_url": "https://github.com/kubewarden/",
            "html_url": "https://github.com/kubewarden/k8s-objects",
            "http_clone_url": "https://github.com/kubewarden/k8s-objects.git",
            "id": "k8s-objects",
            "ignore_vulnerability_alerts_during_read": null,
            "is_template": false,
            "license_template": null,
            "merge_commit_message": "PR_TITLE",
            "merge_commit_title": "MERGE_MESSAGE",
            "name": "k8s-objects",
            "node_id": "R_kgDOHVXvNw",
            "pages": [],
            "primary_language": "",
            "private": false,
            "repo_id": 492171063,
            "security_and_analysis": [
              {
                "advanced_security": [],
                "secret_scanning": [
                  {
                    "status": "enabled"
                  }
                ],
                "secret_scanning_push_protection": [
                  {
                    "status": "disabled"
                  }
                ]
              }
            ],
            "squash_merge_commit_message": "COMMIT_MESSAGES",
            "squash_merge_commit_title": "COMMIT_OR_PR_TITLE",
            "ssh_clone_url": "git@github.com:kubewarden/k8s-objects.git",
            "svn_url": "https://github.com/kubewarden/k8s-objects",
            "template": [],
            "topics": [
              "hacktoberfest",
              "kubernetes",
              "kubernetes-security",
              "policy-as-code",
              "webassembly"
            ],
            "visibility": "public",
            "vulnerability_alerts": true
          },
          "sensitive_attributes": [],
          "private": "eyJzY2hlbWFfdmVyc2lvbiI6IjEifQ=="
        }
      ]
    },
    {
      "module": "module.kubewarden_k8s_objects_repository",
      "mode": "managed",
      "type": "github_team_repository",
      "name": "gh_team_push_rights",
      "provider": "provider[\"registry.terraform.io/integrations/github\"].kubewarden",
      "instances": [
        {
          "index_key": "4972867",
          "schema_version": 0,
          "attributes": {
            "etag": "W/\"b3659cc5a5139c310c1e7658ddd7a9d010c6611cb7f2ca7da6c31693908a4cc7\"",
            "id": "4972867:k8s-objects",
            "permission": "push",
            "repository": "k8s-objects",
            "team_id": "4972867"
          },
          "sensitive_attributes": [],
          "private": "bnVsbA==",
          "dependencies": [
            "data.github_team.kubewarden_developers",
            "module.kubewarden_k8s_objects_repository.github_repository.main"
          ]
        }
      ]
    },
    {
      "module": "module.kubewarden_kubewarden_controller_repository",
      "mode": "managed",
      "type": "github_app_installation_repository",
      "name": "app_dco",
      "provider": "provider[\"registry.terraform.io/integrations/github\"].kubewarden",
      "instances": [
        {
          "schema_version": 0,
          "attributes": {
            "id": "29141080:kubewarden-controller",
            "installation_id": "29141080",
            "repo_id": 318490971,
            "repository": "kubewarden-controller"
          },
          "sensitive_attributes": [],
          "private": "bnVsbA==",
          "dependencies": [
            "module.kubewarden_kubewarden_controller_repository.github_repository.main"
          ]
        }
      ]
    },
    {
      "module": "module.kubewarden_kubewarden_controller_repository",
      "mode": "managed",
      "type": "github_issue_label",
      "name": "label",
      "provider": "provider[\"registry.terraform.io/integrations/github\"].kubewarden",
      "instances": [
        {
          "index_key": "area/dependencies",
          "schema_version": 0,
          "attributes": {
            "color": "D3D7CF",
            "description": "",
            "etag": "W/\"386b74f5e6053e8e14ffb0da82bb2110a276230fba6ff57a1e807a3d0b59e8da\"",
            "id": "kubewarden-controller:area/dependencies",
            "name": "area/dependencies",
            "repository": "kubewarden-controller",
            "url": "https://api.github.com/repos/kubewarden/kubewarden-controller/labels/area/dependencies"
          },
          "sensitive_attributes": [],
          "private": "bnVsbA==",
          "dependencies": [
            "module.kubewarden_kubewarden_controller_repository.github_repository.main"
          ]
        },
        {
          "index_key": "good first issue",
          "schema_version": 0,
          "attributes": {
            "color": "7057ff",
            "description": "",
            "etag": "W/\"2e03902a0df1c9af2100b13275de7c8df2c4200433536dac5da557600e68ecb8\"",
            "id": "kubewarden-controller:good first issue",
            "name": "good first issue",
            "repository": "kubewarden-controller",
            "url": "https://api.github.com/repos/kubewarden/kubewarden-controller/labels/good%20first%20issue"
          },
          "sensitive_attributes": [],
          "private": "bnVsbA==",
          "dependencies": [
            "module.kubewarden_kubewarden_controller_repository.github_repository.main"
          ]
        },
        {
          "index_key": "help wanted",
          "schema_version": 0,
          "attributes": {
            "color": "f0ad4e",
            "description": "",
            "etag": "W/\"724e8c9b52f4238d8fa659d2eb7406216fac91026a28959f57a185d6d7c29911\"",
            "id": "kubewarden-controller:help wanted",
            "name": "help wanted",
            "repository": "kubewarden-controller",
            "url": "https://api.github.com/repos/kubewarden/kubewarden-controller/labels/help%20wanted"
          },
          "sensitive_attributes": [],
          "private": "bnVsbA==",
          "dependencies": [
            "module.kubewarden_kubewarden_controller_repository.github_repository.main"
          ]
        },
        {
          "index_key": "kind/automation",
          "schema_version": 0,
          "attributes": {
            "color": "3465A4",
            "description": "",
            "etag": "W/\"5fae9befefc11c4d16903c98f8670a14c848eae335ace9d4232b9a077414120b\"",
            "id": "kubewarden-controller:kind/automation",
            "name": "kind/automation",
            "repository": "kubewarden-controller",
            "url": "https://api.github.com/repos/kubewarden/kubewarden-controller/labels/kind/automation"
          },
          "sensitive_attributes": [],
          "private": "bnVsbA==",
          "dependencies": [
            "module.kubewarden_kubewarden_controller_repository.github_repository.main"
          ]
        },
        {
          "index_key": "kind/breaking-change",
          "schema_version": 0,
          "attributes": {
            "color": "FCE94F",
            "description": "",
            "etag": "W/\"a7847651e90eeb0d70626c9f71ba096e5e1d26c666d7a8a9df0f22875c436f06\"",
            "id": "kubewarden-controller:kind/breaking-change",
            "name": "kind/breaking-change",
            "repository": "kubewarden-controller",
            "url": "https://api.github.com/repos/kubewarden/kubewarden-controller/labels/kind/breaking-change"
          },
          "sensitive_attributes": [],
          "private": "bnVsbA==",
          "dependencies": [
            "module.kubewarden_kubewarden_controller_repository.github_repository.main"
          ]
        },
        {
          "index_key": "kind/bug",
          "schema_version": 0,
          "attributes": {
            "color": "EF2929",
            "description": "",
            "etag": "W/\"876269f9193b18652fe78df2df3388bd8e485ce4d516c6a577072f41e41ae47d\"",
            "id": "kubewarden-controller:kind/bug",
            "name": "kind/bug",
            "repository": "kubewarden-controller",
            "url": "https://api.github.com/repos/kubewarden/kubewarden-controller/labels/kind/bug"
          },
          "sensitive_attributes": [],
          "private": "bnVsbA==",
          "dependencies": [
            "module.kubewarden_kubewarden_controller_repository.github_repository.main"
          ]
        },
        {
          "index_key": "kind/carryover",
          "schema_version": 0,
          "attributes": {
            "color": "8AE234",
            "description": "",
            "etag": "W/\"8129a2fca23b6f14f1cb25ee77a930fab34ad6537515e5d716086755153472fa\"",
            "id": "kubewarden-controller:kind/carryover",
            "name": "kind/carryover",
            "repository": "kubewarden-controller",
            "url": "https://api.github.com/repos/kubewarden/kubewarden-controller/labels/kind/carryover"
          },
          "sensitive_attributes": [],
          "private": "bnVsbA==",
          "dependencies": [
            "module.kubewarden_kubewarden_controller_repository.github_repository.main"
          ]
        },
        {
          "index_key": "kind/chore",
          "schema_version": 0,
          "attributes": {
            "color": "555753",
            "description": "",
            "etag": "W/\"b379a6e6ac8379b990212a576a3cd3adf49e79264e2564d14cd1bf4733c4783f\"",
            "id": "kubewarden-controller:kind/chore",
            "name": "kind/chore",
            "repository": "kubewarden-controller",
            "url": "https://api.github.com/repos/kubewarden/kubewarden-controller/labels/kind/chore"
          },
          "sensitive_attributes": [],
          "private": "bnVsbA==",
          "dependencies": [
            "module.kubewarden_kubewarden_controller_repository.github_repository.main"
          ]
        },
        {
          "index_key": "kind/enhancement",
          "schema_version": 0,
          "attributes": {
            "color": "06989A",
            "description": "",
            "etag": "W/\"6eaf4a0751a041caaec547c99fb737a24889281dc548dd74287c53337f2a0678\"",
            "id": "kubewarden-controller:kind/enhancement",
            "name": "kind/enhancement",
            "repository": "kubewarden-controller",
            "url": "https://api.github.com/repos/kubewarden/kubewarden-controller/labels/kind/enhancement"
          },
          "sensitive_attributes": [],
          "private": "bnVsbA==",
          "dependencies": [
            "module.kubewarden_kubewarden_controller_repository.github_repository.main"
          ]
        },
        {
          "index_key": "kind/feature",
          "schema_version": 0,
          "attributes": {
            "color": "34E2E2",
            "description": "",
            "etag": "W/\"6b82cdc7cdf3f5585008563993fec6db265c4f4420f0d49dd1b207be5d4d4df8\"",
            "id": "kubewarden-controller:kind/feature",
            "name": "kind/feature",
            "repository": "kubewarden-controller",
            "url": "https://api.github.com/repos/kubewarden/kubewarden-controller/labels/kind/feature"
          },
          "sensitive_attributes": [],
          "private": "bnVsbA==",
          "dependencies": [
            "module.kubewarden_kubewarden_controller_repository.github_repository.main"
          ]
        },
        {
          "index_key": "kind/question",
          "schema_version": 0,
          "attributes": {
            "color": "ad7fa8",
            "description": "",
            "etag": "W/\"e9ec427fc6570b78dc5c8a461d41401f7bbea2c0b60b398706cffb48d1aab100\"",
            "id": "kubewarden-controller:kind/question",
            "name": "kind/question",
            "repository": "kubewarden-controller",
            "url": "https://api.github.com/repos/kubewarden/kubewarden-controller/labels/kind/question"
          },
          "sensitive_attributes": [],
          "private": "bnVsbA==",
          "dependencies": [
            "module.kubewarden_kubewarden_controller_repository.github_repository.main"
          ]
        },
        {
          "index_key": "kind/tech-debt",
          "schema_version": 0,
          "attributes": {
            "color": "729FCF",
            "description": "",
            "etag": "W/\"63230050e6377b7879513353e9c917d9e98990f2c9adc89cf218b27cbe4409fc\"",
            "id": "kubewarden-controller:kind/tech-debt",
            "name": "kind/tech-debt",
            "repository": "kubewarden-controller",
            "url": "https://api.github.com/repos/kubewarden/kubewarden-controller/labels/kind/tech-debt"
          },
          "sensitive_attributes": [],
          "private": "bnVsbA==",
          "dependencies": [
            "module.kubewarden_kubewarden_controller_repository.github_repository.main"
          ]
        },
        {
          "index_key": "kind/to-be-refined",
          "schema_version": 0,
          "attributes": {
            "color": "B14FCF",
            "description": "",
            "etag": "W/\"7afa2fd3cc936f0d3a72a9ba60ae10797e6412befc6666609243d3b52d2b8671\"",
            "id": "kubewarden-controller:kind/to-be-refined",
            "name": "kind/to-be-refined",
            "repository": "kubewarden-controller",
            "url": "https://api.github.com/repos/kubewarden/kubewarden-controller/labels/kind/to-be-refined"
          },
          "sensitive_attributes": [],
          "private": "bnVsbA==",
          "dependencies": [
            "module.kubewarden_kubewarden_controller_repository.github_repository.main"
          ]
        },
        {
          "index_key": "release/major",
          "schema_version": 0,
          "attributes": {
            "color": "8AE234",
            "description": "",
            "etag": "W/\"9adead454c9fc3a807fa892bddfcdf20c2b4d3b68e8397d9d489da245043e5da\"",
            "id": "kubewarden-controller:release/major",
            "name": "release/major",
            "repository": "kubewarden-controller",
            "url": "https://api.github.com/repos/kubewarden/kubewarden-controller/labels/release/major"
          },
          "sensitive_attributes": [],
          "private": "bnVsbA==",
          "dependencies": [
            "module.kubewarden_kubewarden_controller_repository.github_repository.main"
          ]
        },
        {
          "index_key": "release/minor",
          "schema_version": 0,
          "attributes": {
            "color": "4E9A06",
            "description": "",
            "etag": "W/\"ec4d9ae034b6155d0c098f99c3c34d4696bef29e808c76377329e2a40eed33fc\"",
            "id": "kubewarden-controller:release/minor",
            "name": "release/minor",
            "repository": "kubewarden-controller",
            "url": "https://api.github.com/repos/kubewarden/kubewarden-controller/labels/release/minor"
          },
          "sensitive_attributes": [],
          "private": "bnVsbA==",
          "dependencies": [
            "module.kubewarden_kubewarden_controller_repository.github_repository.main"
          ]
        },
        {
          "index_key": "release/patch",
          "schema_version": 0,
          "attributes": {
            "color": "aa6600",
            "description": "",
            "etag": "W/\"7eba4412f7dbe15e30bc9cbe1cf89042bb3bee977fcd2b62526e6aae9ab2de29\"",
            "id": "kubewarden-controller:release/patch",
            "name": "release/patch",
            "repository": "kubewarden-controller",
            "url": "https://api.github.com/repos/kubewarden/kubewarden-controller/labels/release/patch"
          },
          "sensitive_attributes": [],
          "private": "bnVsbA==",
          "dependencies": [
            "module.kubewarden_kubewarden_controller_repository.github_repository.main"
          ]
        },
        {
          "index_key": "release/skip-changelog",
          "schema_version": 0,
          "attributes": {
            "color": "77cc00",
            "description": "",
            "etag": "W/\"fb220d38ffc17f2a38d0db7655016363825ed51ce0d9d244b2fc247a9f58509e\"",
            "id": "kubewarden-controller:release/skip-changelog",
            "name": "release/skip-changelog",
            "repository": "kubewarden-controller",
            "url": "https://api.github.com/repos/kubewarden/kubewarden-controller/labels/release/skip-changelog"
          },
          "sensitive_attributes": [],
          "private": "bnVsbA==",
          "dependencies": [
            "module.kubewarden_kubewarden_controller_repository.github_repository.main"
          ]
        }
      ]
    },
    {
      "module": "module.kubewarden_kubewarden_controller_repository",
      "mode": "managed",
      "type": "github_repository",
      "name": "main",
      "provider": "provider[\"registry.terraform.io/integrations/github\"].kubewarden",
      "instances": [
        {
          "schema_version": 1,
          "attributes": {
            "allow_auto_merge": false,
            "allow_merge_commit": true,
            "allow_rebase_merge": true,
            "allow_squash_merge": true,
            "allow_update_branch": false,
            "archive_on_destroy": null,
            "archived": false,
            "auto_init": false,
            "default_branch": "main",
            "delete_branch_on_merge": false,
            "description": "Manage admission policies in your Kubernetes cluster with ease",
            "etag": "W/\"1a31e4a920c0acea3a1300b0d9242bacc79c6d536117026a0fca5dabd2e3f136\"",
            "full_name": "kubewarden/kubewarden-controller",
            "git_clone_url": "git://github.com/kubewarden/kubewarden-controller.git",
            "gitignore_template": null,
            "has_discussions": false,
            "has_downloads": true,
            "has_issues": true,
            "has_projects": false,
            "has_wiki": true,
            "homepage_url": "https://kubewarden.io",
            "html_url": "https://github.com/kubewarden/kubewarden-controller",
            "http_clone_url": "https://github.com/kubewarden/kubewarden-controller.git",
            "id": "kubewarden-controller",
            "ignore_vulnerability_alerts_during_read": null,
            "is_template": false,
            "license_template": null,
            "merge_commit_message": "PR_TITLE",
            "merge_commit_title": "MERGE_MESSAGE",
            "name": "kubewarden-controller",
            "node_id": "MDEwOlJlcG9zaXRvcnkzMTg0OTA5NzE=",
            "pages": [],
            "primary_language": "Go",
            "private": false,
            "repo_id": 318490971,
            "security_and_analysis": [
              {
                "advanced_security": [],
                "secret_scanning": [
                  {
                    "status": "enabled"
                  }
                ],
                "secret_scanning_push_protection": [
                  {
                    "status": "disabled"
                  }
                ]
              }
            ],
            "squash_merge_commit_message": "COMMIT_MESSAGES",
            "squash_merge_commit_title": "COMMIT_OR_PR_TITLE",
            "ssh_clone_url": "git@github.com:kubewarden/kubewarden-controller.git",
            "svn_url": "https://github.com/kubewarden/kubewarden-controller",
            "template": [],
            "topics": [
              "hacktoberfest",
              "kubernetes",
              "kubernetes-security",
              "policy-as-code",
              "webassembly"
            ],
            "visibility": "public",
            "vulnerability_alerts": true
          },
          "sensitive_attributes": [],
          "private": "eyJzY2hlbWFfdmVyc2lvbiI6IjEifQ=="
        }
      ]
    },
    {
      "module": "module.kubewarden_kubewarden_controller_repository",
      "mode": "managed",
      "type": "github_team_repository",
      "name": "gh_team_push_rights",
      "provider": "provider[\"registry.terraform.io/integrations/github\"].kubewarden",
      "instances": [
        {
          "index_key": "4972867",
          "schema_version": 0,
          "attributes": {
            "etag": "W/\"60c44cc2fae34a858db298f0cebc12fbb84a11d267e419a65fe41810cf7c3bbf\"",
            "id": "4972867:kubewarden-controller",
            "permission": "push",
            "repository": "kubewarden-controller",
            "team_id": "4972867"
          },
          "sensitive_attributes": [],
          "private": "bnVsbA==",
          "dependencies": [
            "data.github_team.kubewarden_developers",
            "module.kubewarden_kubewarden_controller_repository.github_repository.main"
          ]
        }
      ]
    },
    {
      "module": "module.kubewarden_load_testing_repository",
      "mode": "managed",
      "type": "github_app_installation_repository",
      "name": "app_dco",
      "provider": "provider[\"registry.terraform.io/integrations/github\"].kubewarden",
      "instances": [
        {
          "schema_version": 0,
          "attributes": {
            "id": "29141080:load-testing",
            "installation_id": "29141080",
            "repo_id": 387539493,
            "repository": "load-testing"
          },
          "sensitive_attributes": [],
          "private": "bnVsbA==",
          "dependencies": [
            "module.kubewarden_load_testing_repository.github_repository.main"
          ]
        }
      ]
    },
    {
      "module": "module.kubewarden_load_testing_repository",
      "mode": "managed",
      "type": "github_issue_label",
      "name": "label",
      "provider": "provider[\"registry.terraform.io/integrations/github\"].kubewarden",
      "instances": [
        {
          "index_key": "area/dependencies",
          "schema_version": 0,
          "attributes": {
            "color": "D3D7CF",
            "description": "",
            "etag": "W/\"91800465a673ed9b006ea7e82360fe3aa689731f16a43c2ec21b04c94edd46c7\"",
            "id": "load-testing:area/dependencies",
            "name": "area/dependencies",
            "repository": "load-testing",
            "url": "https://api.github.com/repos/kubewarden/load-testing/labels/area/dependencies"
          },
          "sensitive_attributes": [],
          "private": "bnVsbA==",
          "dependencies": [
            "module.kubewarden_load_testing_repository.github_repository.main"
          ]
        },
        {
          "index_key": "good first issue",
          "schema_version": 0,
          "attributes": {
            "color": "7057ff",
            "description": "",
            "etag": "W/\"8e82d549d0b73dd1fcf47779a23b57b113d459e2bb86ee5cfe8cd2fb090c3480\"",
            "id": "load-testing:good first issue",
            "name": "good first issue",
            "repository": "load-testing",
            "url": "https://api.github.com/repos/kubewarden/load-testing/labels/good%20first%20issue"
          },
          "sensitive_attributes": [],
          "private": "bnVsbA==",
          "dependencies": [
            "module.kubewarden_load_testing_repository.github_repository.main"
          ]
        },
        {
          "index_key": "help wanted",
          "schema_version": 0,
          "attributes": {
            "color": "f0ad4e",
            "description": "",
            "etag": "W/\"b5781b5eb64ce06b1b33d2f131866250ae51565a388c1174ac069e75ffbba55a\"",
            "id": "load-testing:help wanted",
            "name": "help wanted",
            "repository": "load-testing",
            "url": "https://api.github.com/repos/kubewarden/load-testing/labels/help%20wanted"
          },
          "sensitive_attributes": [],
          "private": "bnVsbA==",
          "dependencies": [
            "module.kubewarden_load_testing_repository.github_repository.main"
          ]
        },
        {
          "index_key": "kind/automation",
          "schema_version": 0,
          "attributes": {
            "color": "3465A4",
            "description": "",
            "etag": "W/\"8accc8a932f1f59d4700cdaf6da2a3fe5138d9d4ca8019287e87cf6b97cec293\"",
            "id": "load-testing:kind/automation",
            "name": "kind/automation",
            "repository": "load-testing",
            "url": "https://api.github.com/repos/kubewarden/load-testing/labels/kind/automation"
          },
          "sensitive_attributes": [],
          "private": "bnVsbA==",
          "dependencies": [
            "module.kubewarden_load_testing_repository.github_repository.main"
          ]
        },
        {
          "index_key": "kind/breaking-change",
          "schema_version": 0,
          "attributes": {
            "color": "FCE94F",
            "description": "",
            "etag": "W/\"a8559a41efb4da098b16985683d9476b8ff9d5062c508ac2114e3f1ed3f24f19\"",
            "id": "load-testing:kind/breaking-change",
            "name": "kind/breaking-change",
            "repository": "load-testing",
            "url": "https://api.github.com/repos/kubewarden/load-testing/labels/kind/breaking-change"
          },
          "sensitive_attributes": [],
          "private": "bnVsbA==",
          "dependencies": [
            "module.kubewarden_load_testing_repository.github_repository.main"
          ]
        },
        {
          "index_key": "kind/bug",
          "schema_version": 0,
          "attributes": {
            "color": "EF2929",
            "description": "",
            "etag": "W/\"7bf6ccf0a0b499866a4b3bb5c8894390226956e4919bbb1c1018697343d84a31\"",
            "id": "load-testing:kind/bug",
            "name": "kind/bug",
            "repository": "load-testing",
            "url": "https://api.github.com/repos/kubewarden/load-testing/labels/kind/bug"
          },
          "sensitive_attributes": [],
          "private": "bnVsbA==",
          "dependencies": [
            "module.kubewarden_load_testing_repository.github_repository.main"
          ]
        },
        {
          "index_key": "kind/carryover",
          "schema_version": 0,
          "attributes": {
            "color": "8AE234",
            "description": "",
            "etag": "W/\"c3e86dc543f43ead8fd6979955d904607404a9cd78dd2abd02d9446810f08301\"",
            "id": "load-testing:kind/carryover",
            "name": "kind/carryover",
            "repository": "load-testing",
            "url": "https://api.github.com/repos/kubewarden/load-testing/labels/kind/carryover"
          },
          "sensitive_attributes": [],
          "private": "bnVsbA==",
          "dependencies": [
            "module.kubewarden_load_testing_repository.github_repository.main"
          ]
        },
        {
          "index_key": "kind/chore",
          "schema_version": 0,
          "attributes": {
            "color": "555753",
            "description": "",
            "etag": "W/\"11c6ecb8a724d3102e0cd3c74ea84fca7dfc8e62dfac1577921d1ba3522cf4f4\"",
            "id": "load-testing:kind/chore",
            "name": "kind/chore",
            "repository": "load-testing",
            "url": "https://api.github.com/repos/kubewarden/load-testing/labels/kind/chore"
          },
          "sensitive_attributes": [],
          "private": "bnVsbA==",
          "dependencies": [
            "module.kubewarden_load_testing_repository.github_repository.main"
          ]
        },
        {
          "index_key": "kind/enhancement",
          "schema_version": 0,
          "attributes": {
            "color": "06989A",
            "description": "",
            "etag": "W/\"d47385cce6b94bcbf9fcefc93343b5eb4a2de1426fca9003fad138e0e8882f48\"",
            "id": "load-testing:kind/enhancement",
            "name": "kind/enhancement",
            "repository": "load-testing",
            "url": "https://api.github.com/repos/kubewarden/load-testing/labels/kind/enhancement"
          },
          "sensitive_attributes": [],
          "private": "bnVsbA==",
          "dependencies": [
            "module.kubewarden_load_testing_repository.github_repository.main"
          ]
        },
        {
          "index_key": "kind/feature",
          "schema_version": 0,
          "attributes": {
            "color": "34E2E2",
            "description": "",
            "etag": "W/\"508a54e9491af4d54f5e8ec242d98d49cf4ed8e5e8dce52c9d549032e1df6558\"",
            "id": "load-testing:kind/feature",
            "name": "kind/feature",
            "repository": "load-testing",
            "url": "https://api.github.com/repos/kubewarden/load-testing/labels/kind/feature"
          },
          "sensitive_attributes": [],
          "private": "bnVsbA==",
          "dependencies": [
            "module.kubewarden_load_testing_repository.github_repository.main"
          ]
        },
        {
          "index_key": "kind/question",
          "schema_version": 0,
          "attributes": {
            "color": "ad7fa8",
            "description": "",
            "etag": "W/\"ecdbe11513a375479431886bf61c059d4a42b2ee6e34412087a649d5779b0c1c\"",
            "id": "load-testing:kind/question",
            "name": "kind/question",
            "repository": "load-testing",
            "url": "https://api.github.com/repos/kubewarden/load-testing/labels/kind/question"
          },
          "sensitive_attributes": [],
          "private": "bnVsbA==",
          "dependencies": [
            "module.kubewarden_load_testing_repository.github_repository.main"
          ]
        },
        {
          "index_key": "kind/tech-debt",
          "schema_version": 0,
          "attributes": {
            "color": "729FCF",
            "description": "",
            "etag": "W/\"ffea5c231c6f45dff8b21767ff7916e4023d5d0d5e50a5045c6b9747fc3420df\"",
            "id": "load-testing:kind/tech-debt",
            "name": "kind/tech-debt",
            "repository": "load-testing",
            "url": "https://api.github.com/repos/kubewarden/load-testing/labels/kind/tech-debt"
          },
          "sensitive_attributes": [],
          "private": "bnVsbA==",
          "dependencies": [
            "module.kubewarden_load_testing_repository.github_repository.main"
          ]
        },
        {
          "index_key": "kind/to-be-refined",
          "schema_version": 0,
          "attributes": {
            "color": "B14FCF",
            "description": "",
            "etag": "W/\"a1ab73460cebfb2b50973c2409b9a2a7684fbcddf63e459b1d1585e59684f4ea\"",
            "id": "load-testing:kind/to-be-refined",
            "name": "kind/to-be-refined",
            "repository": "load-testing",
            "url": "https://api.github.com/repos/kubewarden/load-testing/labels/kind/to-be-refined"
          },
          "sensitive_attributes": [],
          "private": "bnVsbA==",
          "dependencies": [
            "module.kubewarden_load_testing_repository.github_repository.main"
          ]
        },
        {
          "index_key": "release/major",
          "schema_version": 0,
          "attributes": {
            "color": "8AE234",
            "description": "",
            "etag": "W/\"ed8d90af79c99e6b037e88cfdf2c84d7b34c311a20f78c28438c1ef12d115bd6\"",
            "id": "load-testing:release/major",
            "name": "release/major",
            "repository": "load-testing",
            "url": "https://api.github.com/repos/kubewarden/load-testing/labels/release/major"
          },
          "sensitive_attributes": [],
          "private": "bnVsbA==",
          "dependencies": [
            "module.kubewarden_load_testing_repository.github_repository.main"
          ]
        },
        {
          "index_key": "release/minor",
          "schema_version": 0,
          "attributes": {
            "color": "4E9A06",
            "description": "",
            "etag": "W/\"ab831f73999c3146b358c72a01b6f0f9f6beb9b9201717d0cbc549f3aa6ebe88\"",
            "id": "load-testing:release/minor",
            "name": "release/minor",
            "repository": "load-testing",
            "url": "https://api.github.com/repos/kubewarden/load-testing/labels/release/minor"
          },
          "sensitive_attributes": [],
          "private": "bnVsbA==",
          "dependencies": [
            "module.kubewarden_load_testing_repository.github_repository.main"
          ]
        },
        {
          "index_key": "release/patch",
          "schema_version": 0,
          "attributes": {
            "color": "aa6600",
            "description": "",
            "etag": "W/\"f9d47b67481669753bd1b55ce8483853488a79a6a77e47f369312f81d7c72599\"",
            "id": "load-testing:release/patch",
            "name": "release/patch",
            "repository": "load-testing",
            "url": "https://api.github.com/repos/kubewarden/load-testing/labels/release/patch"
          },
          "sensitive_attributes": [],
          "private": "bnVsbA==",
          "dependencies": [
            "module.kubewarden_load_testing_repository.github_repository.main"
          ]
        },
        {
          "index_key": "release/skip-changelog",
          "schema_version": 0,
          "attributes": {
            "color": "77cc00",
            "description": "",
            "etag": "W/\"00e4cab12562bcf5c0cda209ff520228fc3dcf9e2931039a49ca3a45d699b143\"",
            "id": "load-testing:release/skip-changelog",
            "name": "release/skip-changelog",
            "repository": "load-testing",
            "url": "https://api.github.com/repos/kubewarden/load-testing/labels/release/skip-changelog"
          },
          "sensitive_attributes": [],
          "private": "bnVsbA==",
          "dependencies": [
            "module.kubewarden_load_testing_repository.github_repository.main"
          ]
        }
      ]
    },
    {
      "module": "module.kubewarden_load_testing_repository",
      "mode": "managed",
      "type": "github_repository",
      "name": "main",
      "provider": "provider[\"registry.terraform.io/integrations/github\"].kubewarden",
      "instances": [
        {
          "schema_version": 1,
          "attributes": {
            "allow_auto_merge": false,
            "allow_merge_commit": true,
            "allow_rebase_merge": true,
            "allow_squash_merge": true,
            "allow_update_branch": false,
            "archive_on_destroy": null,
            "archived": false,
            "auto_init": false,
            "default_branch": "main",
            "delete_branch_on_merge": false,
            "description": "HTTP load to stress policy-server",
            "etag": "W/\"bbcff4af46a2d23938c86d296593ac9215f2757768b95451246b9a1eb28039be\"",
            "full_name": "kubewarden/load-testing",
            "git_clone_url": "git://github.com/kubewarden/load-testing.git",
            "gitignore_template": null,
            "has_discussions": false,
            "has_downloads": true,
            "has_issues": true,
            "has_projects": false,
            "has_wiki": true,
            "homepage_url": "https://github.com/kubewarden/",
            "html_url": "https://github.com/kubewarden/load-testing",
            "http_clone_url": "https://github.com/kubewarden/load-testing.git",
            "id": "load-testing",
            "ignore_vulnerability_alerts_during_read": null,
            "is_template": false,
            "license_template": null,
            "merge_commit_message": "PR_TITLE",
            "merge_commit_title": "MERGE_MESSAGE",
            "name": "load-testing",
            "node_id": "MDEwOlJlcG9zaXRvcnkzODc1Mzk0OTM=",
            "pages": [],
            "primary_language": "Python",
            "private": false,
            "repo_id": 387539493,
            "security_and_analysis": [
              {
                "advanced_security": [],
                "secret_scanning": [
                  {
                    "status": "enabled"
                  }
                ],
                "secret_scanning_push_protection": [
                  {
                    "status": "disabled"
                  }
                ]
              }
            ],
            "squash_merge_commit_message": "COMMIT_MESSAGES",
            "squash_merge_commit_title": "COMMIT_OR_PR_TITLE",
            "ssh_clone_url": "git@github.com:kubewarden/load-testing.git",
            "svn_url": "https://github.com/kubewarden/load-testing",
            "template": [],
            "topics": [
              "hacktoberfest",
              "kubernetes",
              "kubernetes-security",
              "policy-as-code",
              "webassembly"
            ],
            "visibility": "public",
            "vulnerability_alerts": true
          },
          "sensitive_attributes": [],
          "private": "eyJzY2hlbWFfdmVyc2lvbiI6IjEifQ=="
        }
      ]
    },
    {
      "module": "module.kubewarden_load_testing_repository",
      "mode": "managed",
      "type": "github_team_repository",
      "name": "gh_team_push_rights",
      "provider": "provider[\"registry.terraform.io/integrations/github\"].kubewarden",
      "instances": [
        {
          "index_key": "4972867",
          "schema_version": 0,
          "attributes": {
            "etag": "W/\"9b5131588957aaa36e9e4edb7d24fdb1fa9c925c695965a3afa44426cd256b12\"",
            "id": "4972867:load-testing",
            "permission": "push",
            "repository": "load-testing",
            "team_id": "4972867"
          },
          "sensitive_attributes": [],
          "private": "bnVsbA==",
          "dependencies": [
            "data.github_team.kubewarden_developers",
            "module.kubewarden_load_testing_repository.github_repository.main"
          ]
        }
      ]
    },
    {
      "module": "module.kubewarden_policy_charts",
      "mode": "managed",
      "type": "github_app_installation_repository",
      "name": "app_dco",
      "provider": "provider[\"registry.terraform.io/integrations/github\"].kubewarden",
      "instances": [
        {
          "schema_version": 0,
          "attributes": {
            "id": "29141080:policy-charts",
            "installation_id": "29141080",
            "repo_id": 958105472,
            "repository": "policy-charts"
          },
          "sensitive_attributes": [],
          "private": "bnVsbA==",
          "dependencies": [
            "module.kubewarden_policy_charts.github_repository.main"
          ]
        }
      ]
    },
    {
      "module": "module.kubewarden_policy_charts",
      "mode": "managed",
      "type": "github_issue_label",
      "name": "label",
      "provider": "provider[\"registry.terraform.io/integrations/github\"].kubewarden",
      "instances": [
        {
          "index_key": "area/dependencies",
          "schema_version": 0,
          "attributes": {
            "color": "D3D7CF",
            "description": "",
            "etag": "W/\"0f2eacf55f22f2bd1c36be80707cb2be91e4498df941953ae7cd9bdb97bd2919\"",
            "id": "policy-charts:area/dependencies",
            "name": "area/dependencies",
            "repository": "policy-charts",
            "url": "https://api.github.com/repos/kubewarden/policy-charts/labels/area/dependencies"
          },
          "sensitive_attributes": [],
          "private": "bnVsbA==",
          "dependencies": [
            "module.kubewarden_policy_charts.github_repository.main"
          ]
        },
        {
          "index_key": "good first issue",
          "schema_version": 0,
          "attributes": {
            "color": "7057ff",
            "description": "",
            "etag": "W/\"c62cfead3982951286c4c6aefa6f48498ba37bddc0f0f6646d78ee3c76262963\"",
            "id": "policy-charts:good first issue",
            "name": "good first issue",
            "repository": "policy-charts",
            "url": "https://api.github.com/repos/kubewarden/policy-charts/labels/good%20first%20issue"
          },
          "sensitive_attributes": [],
          "private": "bnVsbA==",
          "dependencies": [
            "module.kubewarden_policy_charts.github_repository.main"
          ]
        },
        {
          "index_key": "help wanted",
          "schema_version": 0,
          "attributes": {
            "color": "f0ad4e",
            "description": "",
            "etag": "W/\"5577659b44b661e53d11147d1945b2b2fc56026d7d54f08f5f9bb6874ab5e211\"",
            "id": "policy-charts:help wanted",
            "name": "help wanted",
            "repository": "policy-charts",
            "url": "https://api.github.com/repos/kubewarden/policy-charts/labels/help%20wanted"
          },
          "sensitive_attributes": [],
          "private": "bnVsbA==",
          "dependencies": [
            "module.kubewarden_policy_charts.github_repository.main"
          ]
        },
        {
          "index_key": "kind/automation",
          "schema_version": 0,
          "attributes": {
            "color": "3465A4",
            "description": "",
            "etag": "W/\"6e88dbefcca85bf0437b652647599dbcfdb1d1ed656cebeccbf62e0c99599c47\"",
            "id": "policy-charts:kind/automation",
            "name": "kind/automation",
            "repository": "policy-charts",
            "url": "https://api.github.com/repos/kubewarden/policy-charts/labels/kind/automation"
          },
          "sensitive_attributes": [],
          "private": "bnVsbA==",
          "dependencies": [
            "module.kubewarden_policy_charts.github_repository.main"
          ]
        },
        {
          "index_key": "kind/breaking-change",
          "schema_version": 0,
          "attributes": {
            "color": "FCE94F",
            "description": "",
            "etag": "W/\"d6c02c84b1dce8a279d01fc9ac86c2f21163b7f9d2b3fff852d95b2004beda85\"",
            "id": "policy-charts:kind/breaking-change",
            "name": "kind/breaking-change",
            "repository": "policy-charts",
            "url": "https://api.github.com/repos/kubewarden/policy-charts/labels/kind/breaking-change"
          },
          "sensitive_attributes": [],
          "private": "bnVsbA==",
          "dependencies": [
            "module.kubewarden_policy_charts.github_repository.main"
          ]
        },
        {
          "index_key": "kind/bug",
          "schema_version": 0,
          "attributes": {
            "color": "EF2929",
            "description": "",
            "etag": "W/\"4d0d241786b5b527ff6cc67131685853f867eb3b8d49b195e5ea540926b47d4f\"",
            "id": "policy-charts:kind/bug",
            "name": "kind/bug",
            "repository": "policy-charts",
            "url": "https://api.github.com/repos/kubewarden/policy-charts/labels/kind/bug"
          },
          "sensitive_attributes": [],
          "private": "bnVsbA==",
          "dependencies": [
            "module.kubewarden_policy_charts.github_repository.main"
          ]
        },
        {
          "index_key": "kind/carryover",
          "schema_version": 0,
          "attributes": {
            "color": "8AE234",
            "description": "",
            "etag": "W/\"de898267ad021bf8de5f71bb599d858603abf8376af8b3e45c0389a97f869966\"",
            "id": "policy-charts:kind/carryover",
            "name": "kind/carryover",
            "repository": "policy-charts",
            "url": "https://api.github.com/repos/kubewarden/policy-charts/labels/kind/carryover"
          },
          "sensitive_attributes": [],
          "private": "bnVsbA==",
          "dependencies": [
            "module.kubewarden_policy_charts.github_repository.main"
          ]
        },
        {
          "index_key": "kind/chore",
          "schema_version": 0,
          "attributes": {
            "color": "555753",
            "description": "",
            "etag": "W/\"69b45578791a44f235b4521e6c408660f8f7085b752418cf813999f128a14608\"",
            "id": "policy-charts:kind/chore",
            "name": "kind/chore",
            "repository": "policy-charts",
            "url": "https://api.github.com/repos/kubewarden/policy-charts/labels/kind/chore"
          },
          "sensitive_attributes": [],
          "private": "bnVsbA==",
          "dependencies": [
            "module.kubewarden_policy_charts.github_repository.main"
          ]
        },
        {
          "index_key": "kind/enhancement",
          "schema_version": 0,
          "attributes": {
            "color": "06989A",
            "description": "",
            "etag": "W/\"2c5d0bcd592cb0a07751676034099b60c6eec9f26157464b8a973a6cf55bfff3\"",
            "id": "policy-charts:kind/enhancement",
            "name": "kind/enhancement",
            "repository": "policy-charts",
            "url": "https://api.github.com/repos/kubewarden/policy-charts/labels/kind/enhancement"
          },
          "sensitive_attributes": [],
          "private": "bnVsbA==",
          "dependencies": [
            "module.kubewarden_policy_charts.github_repository.main"
          ]
        },
        {
          "index_key": "kind/feature",
          "schema_version": 0,
          "attributes": {
            "color": "34E2E2",
            "description": "",
            "etag": "W/\"a1a7e410ef31038f78299c2e11955c4e114d6ea548e8fbd535f32cf5fc8f305c\"",
            "id": "policy-charts:kind/feature",
            "name": "kind/feature",
            "repository": "policy-charts",
            "url": "https://api.github.com/repos/kubewarden/policy-charts/labels/kind/feature"
          },
          "sensitive_attributes": [],
          "private": "bnVsbA==",
          "dependencies": [
            "module.kubewarden_policy_charts.github_repository.main"
          ]
        },
        {
          "index_key": "kind/question",
          "schema_version": 0,
          "attributes": {
            "color": "ad7fa8",
            "description": "",
            "etag": "W/\"ec30606c94ecbeaa3ab7f9aea40e873c6249b3438b76b8fef6a56f4dbd9a4509\"",
            "id": "policy-charts:kind/question",
            "name": "kind/question",
            "repository": "policy-charts",
            "url": "https://api.github.com/repos/kubewarden/policy-charts/labels/kind/question"
          },
          "sensitive_attributes": [],
          "private": "bnVsbA==",
          "dependencies": [
            "module.kubewarden_policy_charts.github_repository.main"
          ]
        },
        {
          "index_key": "kind/tech-debt",
          "schema_version": 0,
          "attributes": {
            "color": "729FCF",
            "description": "",
            "etag": "W/\"6bb6aec4a054eaf6eedc3db4798d9b77e74e3d9294b3ce1a45f7e17a13122bc8\"",
            "id": "policy-charts:kind/tech-debt",
            "name": "kind/tech-debt",
            "repository": "policy-charts",
            "url": "https://api.github.com/repos/kubewarden/policy-charts/labels/kind/tech-debt"
          },
          "sensitive_attributes": [],
          "private": "bnVsbA==",
          "dependencies": [
            "module.kubewarden_policy_charts.github_repository.main"
          ]
        },
        {
          "index_key": "kind/to-be-refined",
          "schema_version": 0,
          "attributes": {
            "color": "B14FCF",
            "description": "",
            "etag": "W/\"a3c5eedd3a14b01379d9a5820f4b3b076bbfb257f1be4a2b7eedb2c81410ec5e\"",
            "id": "policy-charts:kind/to-be-refined",
            "name": "kind/to-be-refined",
            "repository": "policy-charts",
            "url": "https://api.github.com/repos/kubewarden/policy-charts/labels/kind/to-be-refined"
          },
          "sensitive_attributes": [],
          "private": "bnVsbA==",
          "dependencies": [
            "module.kubewarden_policy_charts.github_repository.main"
          ]
        },
        {
          "index_key": "release/major",
          "schema_version": 0,
          "attributes": {
            "color": "8AE234",
            "description": "",
            "etag": "W/\"40bf91d20373ee93452e3250b54cd96046595e5c5faed2a81d6e6b3c5d278c5f\"",
            "id": "policy-charts:release/major",
            "name": "release/major",
            "repository": "policy-charts",
            "url": "https://api.github.com/repos/kubewarden/policy-charts/labels/release/major"
          },
          "sensitive_attributes": [],
          "private": "bnVsbA==",
          "dependencies": [
            "module.kubewarden_policy_charts.github_repository.main"
          ]
        },
        {
          "index_key": "release/minor",
          "schema_version": 0,
          "attributes": {
            "color": "4E9A06",
            "description": "",
            "etag": "W/\"eb43ad6567d96be8c7a4a4851ff090d91c8f795215613e58ee5e163763f5be6d\"",
            "id": "policy-charts:release/minor",
            "name": "release/minor",
            "repository": "policy-charts",
            "url": "https://api.github.com/repos/kubewarden/policy-charts/labels/release/minor"
          },
          "sensitive_attributes": [],
          "private": "bnVsbA==",
          "dependencies": [
            "module.kubewarden_policy_charts.github_repository.main"
          ]
        },
        {
          "index_key": "release/patch",
          "schema_version": 0,
          "attributes": {
            "color": "aa6600",
            "description": "",
            "etag": "W/\"f7e5c0bd9dee2ac5bcc5fba0acbb0e4f2e91cb9b411bb0fdbbb3a1f9f80964fb\"",
            "id": "policy-charts:release/patch",
            "name": "release/patch",
            "repository": "policy-charts",
            "url": "https://api.github.com/repos/kubewarden/policy-charts/labels/release/patch"
          },
          "sensitive_attributes": [],
          "private": "bnVsbA==",
          "dependencies": [
            "module.kubewarden_policy_charts.github_repository.main"
          ]
        },
        {
          "index_key": "release/skip-changelog",
          "schema_version": 0,
          "attributes": {
            "color": "77cc00",
            "description": "",
            "etag": "W/\"bac8d727f70fb8a697e64e951e905b405603052a98192c34bc9ae62933096f04\"",
            "id": "policy-charts:release/skip-changelog",
            "name": "release/skip-changelog",
            "repository": "policy-charts",
            "url": "https://api.github.com/repos/kubewarden/policy-charts/labels/release/skip-changelog"
          },
          "sensitive_attributes": [],
          "private": "bnVsbA==",
          "dependencies": [
            "module.kubewarden_policy_charts.github_repository.main"
          ]
        }
      ]
    },
    {
      "module": "module.kubewarden_policy_charts",
      "mode": "managed",
      "type": "github_repository",
      "name": "main",
      "provider": "provider[\"registry.terraform.io/integrations/github\"].kubewarden",
      "instances": [
        {
          "schema_version": 1,
          "attributes": {
            "allow_auto_merge": false,
            "allow_merge_commit": true,
            "allow_rebase_merge": true,
            "allow_squash_merge": true,
            "allow_update_branch": false,
            "archive_on_destroy": null,
            "archived": false,
            "auto_init": false,
            "default_branch": "main",
            "delete_branch_on_merge": false,
            "description": "Kubewarden policy Helm charts for Rancher UI",
            "etag": "W/\"47233eeca8482f2333277f3b86ea86770bb5f41cf0341afb8b04f003517f4683\"",
            "full_name": "kubewarden/policy-charts",
            "git_clone_url": "git://github.com/kubewarden/policy-charts.git",
            "gitignore_template": null,
            "has_discussions": false,
            "has_downloads": true,
            "has_issues": true,
            "has_projects": false,
            "has_wiki": true,
            "homepage_url": "https://github.com/kubewarden/",
            "html_url": "https://github.com/kubewarden/policy-charts",
            "http_clone_url": "https://github.com/kubewarden/policy-charts.git",
            "id": "policy-charts",
            "ignore_vulnerability_alerts_during_read": null,
            "is_template": false,
            "license_template": null,
            "merge_commit_message": "PR_TITLE",
            "merge_commit_title": "MERGE_MESSAGE",
            "name": "policy-charts",
            "node_id": "R_kgDOORuHgA",
            "pages": [],
            "primary_language": "",
            "private": false,
            "repo_id": 958105472,
            "security_and_analysis": [
              {
                "advanced_security": [],
                "secret_scanning": [
                  {
                    "status": "enabled"
                  }
                ],
                "secret_scanning_push_protection": [
                  {
                    "status": "disabled"
                  }
                ]
              }
            ],
            "squash_merge_commit_message": "COMMIT_MESSAGES",
            "squash_merge_commit_title": "COMMIT_OR_PR_TITLE",
            "ssh_clone_url": "git@github.com:kubewarden/policy-charts.git",
            "svn_url": "https://github.com/kubewarden/policy-charts",
            "template": [],
            "topics": [
              "hacktoberfest",
              "kubernetes",
              "kubernetes-security",
              "policy-as-code",
              "webassembly"
            ],
            "visibility": "public",
            "vulnerability_alerts": true
          },
          "sensitive_attributes": [],
          "private": "eyJzY2hlbWFfdmVyc2lvbiI6IjEifQ=="
        }
      ]
    },
    {
      "module": "module.kubewarden_policy_charts",
      "mode": "managed",
      "type": "github_team_repository",
      "name": "gh_team_push_rights",
      "provider": "provider[\"registry.terraform.io/integrations/github\"].kubewarden",
      "instances": [
        {
          "index_key": "4972867",
          "schema_version": 0,
          "attributes": {
            "etag": "W/\"26b2dff543d4e9566cf46b051e980c34bf899736900b69a7a150a738fdbb594f\"",
            "id": "4972867:policy-charts",
            "permission": "push",
            "repository": "policy-charts",
            "team_id": "4972867"
          },
          "sensitive_attributes": [],
          "private": "bnVsbA==",
          "dependencies": [
            "data.github_team.kubewarden_developers",
            "data.github_team.kubewarden_documentation",
            "module.kubewarden_policy_charts.github_repository.main"
          ]
        },
        {
          "index_key": "5417591",
          "schema_version": 0,
          "attributes": {
            "etag": "W/\"26b2dff543d4e9566cf46b051e980c34bf899736900b69a7a150a738fdbb594f\"",
            "id": "5417591:policy-charts",
            "permission": "push",
            "repository": "policy-charts",
            "team_id": "5417591"
          },
          "sensitive_attributes": [],
          "private": "bnVsbA==",
          "dependencies": [
            "data.github_team.kubewarden_developers",
            "data.github_team.kubewarden_documentation",
            "module.kubewarden_policy_charts.github_repository.main"
          ]
        }
      ]
    },
    {
      "module": "module.kubewarden_policy_hub_repository",
      "mode": "managed",
      "type": "github_app_installation_repository",
      "name": "app_dco",
      "provider": "provider[\"registry.terraform.io/integrations/github\"].kubewarden",
      "instances": [
        {
          "schema_version": 0,
          "attributes": {
            "id": "29141080:policy-hub",
            "installation_id": "29141080",
            "repo_id": 350240296,
            "repository": "policy-hub"
          },
          "sensitive_attributes": [],
          "private": "bnVsbA==",
          "dependencies": [
            "module.kubewarden_policy_hub_repository.github_repository.main"
          ]
        }
      ]
    },
    {
      "module": "module.kubewarden_policy_hub_repository",
      "mode": "managed",
      "type": "github_issue_label",
      "name": "label",
      "provider": "provider[\"registry.terraform.io/integrations/github\"].kubewarden",
      "instances": [
        {
          "index_key": "area/dependencies",
          "schema_version": 0,
          "attributes": {
            "color": "D3D7CF",
            "description": "",
            "etag": "W/\"ec71836b4874fab45dde5f36192d3ea508d0f85d3280d8769e32d47563a1c5a5\"",
            "id": "policy-hub:area/dependencies",
            "name": "area/dependencies",
            "repository": "policy-hub",
            "url": "https://api.github.com/repos/kubewarden/policy-hub/labels/area/dependencies"
          },
          "sensitive_attributes": [],
          "private": "bnVsbA==",
          "dependencies": [
            "module.kubewarden_policy_hub_repository.github_repository.main"
          ]
        },
        {
          "index_key": "good first issue",
          "schema_version": 0,
          "attributes": {
            "color": "7057ff",
            "description": "",
            "etag": "W/\"7faf2d49cbadfe8c6e3fdcad460c6b06f815e9323ad5ad68b5817a37db8f2599\"",
            "id": "policy-hub:good first issue",
            "name": "good first issue",
            "repository": "policy-hub",
            "url": "https://api.github.com/repos/kubewarden/policy-hub/labels/good%20first%20issue"
          },
          "sensitive_attributes": [],
          "private": "bnVsbA==",
          "dependencies": [
            "module.kubewarden_policy_hub_repository.github_repository.main"
          ]
        },
        {
          "index_key": "help wanted",
          "schema_version": 0,
          "attributes": {
            "color": "f0ad4e",
            "description": "",
            "etag": "W/\"d1372298d568bdc23fdfa55c850db1cb851cfae146f941be3b1401ce633577d7\"",
            "id": "policy-hub:help wanted",
            "name": "help wanted",
            "repository": "policy-hub",
            "url": "https://api.github.com/repos/kubewarden/policy-hub/labels/help%20wanted"
          },
          "sensitive_attributes": [],
          "private": "bnVsbA==",
          "dependencies": [
            "module.kubewarden_policy_hub_repository.github_repository.main"
          ]
        },
        {
          "index_key": "kind/automation",
          "schema_version": 0,
          "attributes": {
            "color": "3465A4",
            "description": "",
            "etag": "W/\"c8803c32a62073f5da5c408cfc32c8764c8cc32ea36f0e30039e4fd7db751752\"",
            "id": "policy-hub:kind/automation",
            "name": "kind/automation",
            "repository": "policy-hub",
            "url": "https://api.github.com/repos/kubewarden/policy-hub/labels/kind/automation"
          },
          "sensitive_attributes": [],
          "private": "bnVsbA==",
          "dependencies": [
            "module.kubewarden_policy_hub_repository.github_repository.main"
          ]
        },
        {
          "index_key": "kind/breaking-change",
          "schema_version": 0,
          "attributes": {
            "color": "FCE94F",
            "description": "",
            "etag": "W/\"139e3e69fcdf65c351aae037937230d299c2c0cb6d68a6ae7af6c4dc14b22067\"",
            "id": "policy-hub:kind/breaking-change",
            "name": "kind/breaking-change",
            "repository": "policy-hub",
            "url": "https://api.github.com/repos/kubewarden/policy-hub/labels/kind/breaking-change"
          },
          "sensitive_attributes": [],
          "private": "bnVsbA==",
          "dependencies": [
            "module.kubewarden_policy_hub_repository.github_repository.main"
          ]
        },
        {
          "index_key": "kind/bug",
          "schema_version": 0,
          "attributes": {
            "color": "EF2929",
            "description": "",
            "etag": "W/\"d3d90c29c33c574d9c85578d6a48cbe634efab6fcb9969c3f6ed4120340cbfa5\"",
            "id": "policy-hub:kind/bug",
            "name": "kind/bug",
            "repository": "policy-hub",
            "url": "https://api.github.com/repos/kubewarden/policy-hub/labels/kind/bug"
          },
          "sensitive_attributes": [],
          "private": "bnVsbA==",
          "dependencies": [
            "module.kubewarden_policy_hub_repository.github_repository.main"
          ]
        },
        {
          "index_key": "kind/carryover",
          "schema_version": 0,
          "attributes": {
            "color": "8AE234",
            "description": "",
            "etag": "W/\"69c9581febd6c7242b0758e42d4ec4b6f13bc9370fcfc6126bef1459666c7717\"",
            "id": "policy-hub:kind/carryover",
            "name": "kind/carryover",
            "repository": "policy-hub",
            "url": "https://api.github.com/repos/kubewarden/policy-hub/labels/kind/carryover"
          },
          "sensitive_attributes": [],
          "private": "bnVsbA==",
          "dependencies": [
            "module.kubewarden_policy_hub_repository.github_repository.main"
          ]
        },
        {
          "index_key": "kind/chore",
          "schema_version": 0,
          "attributes": {
            "color": "555753",
            "description": "",
            "etag": "W/\"a4c564ba18312717181ffb652d5ee10b39715171906c874881e05e18c1e37f90\"",
            "id": "policy-hub:kind/chore",
            "name": "kind/chore",
            "repository": "policy-hub",
            "url": "https://api.github.com/repos/kubewarden/policy-hub/labels/kind/chore"
          },
          "sensitive_attributes": [],
          "private": "bnVsbA==",
          "dependencies": [
            "module.kubewarden_policy_hub_repository.github_repository.main"
          ]
        },
        {
          "index_key": "kind/enhancement",
          "schema_version": 0,
          "attributes": {
            "color": "06989A",
            "description": "",
            "etag": "W/\"45cbda6bc656f868ded1f86845ce43142da3f8b617d9887b9c242bacfd5884a5\"",
            "id": "policy-hub:kind/enhancement",
            "name": "kind/enhancement",
            "repository": "policy-hub",
            "url": "https://api.github.com/repos/kubewarden/policy-hub/labels/kind/enhancement"
          },
          "sensitive_attributes": [],
          "private": "bnVsbA==",
          "dependencies": [
            "module.kubewarden_policy_hub_repository.github_repository.main"
          ]
        },
        {
          "index_key": "kind/feature",
          "schema_version": 0,
          "attributes": {
            "color": "34E2E2",
            "description": "",
            "etag": "W/\"1eb6e4256dcedfcf07c7ac0b948fe1e7d10c3755c6562af2eef3eecd631a40cd\"",
            "id": "policy-hub:kind/feature",
            "name": "kind/feature",
            "repository": "policy-hub",
            "url": "https://api.github.com/repos/kubewarden/policy-hub/labels/kind/feature"
          },
          "sensitive_attributes": [],
          "private": "bnVsbA==",
          "dependencies": [
            "module.kubewarden_policy_hub_repository.github_repository.main"
          ]
        },
        {
          "index_key": "kind/question",
          "schema_version": 0,
          "attributes": {
            "color": "ad7fa8",
            "description": "",
            "etag": "W/\"fe9a9ad1a378b5a700fa3236722f585c9de2b19e276a1eacc7a3a3e8ba7682c1\"",
            "id": "policy-hub:kind/question",
            "name": "kind/question",
            "repository": "policy-hub",
            "url": "https://api.github.com/repos/kubewarden/policy-hub/labels/kind/question"
          },
          "sensitive_attributes": [],
          "private": "bnVsbA==",
          "dependencies": [
            "module.kubewarden_policy_hub_repository.github_repository.main"
          ]
        },
        {
          "index_key": "kind/tech-debt",
          "schema_version": 0,
          "attributes": {
            "color": "729FCF",
            "description": "",
            "etag": "W/\"9be0094b78a61bc914eccc00cc8563eb8d4122c6da882b6e4c86303d2436ed4c\"",
            "id": "policy-hub:kind/tech-debt",
            "name": "kind/tech-debt",
            "repository": "policy-hub",
            "url": "https://api.github.com/repos/kubewarden/policy-hub/labels/kind/tech-debt"
          },
          "sensitive_attributes": [],
          "private": "bnVsbA==",
          "dependencies": [
            "module.kubewarden_policy_hub_repository.github_repository.main"
          ]
        },
        {
          "index_key": "kind/to-be-refined",
          "schema_version": 0,
          "attributes": {
            "color": "B14FCF",
            "description": "",
            "etag": "W/\"4484c8fc3839fa228e36a3e157aed5b67439a988d7cdd9e96fe532f006733b8c\"",
            "id": "policy-hub:kind/to-be-refined",
            "name": "kind/to-be-refined",
            "repository": "policy-hub",
            "url": "https://api.github.com/repos/kubewarden/policy-hub/labels/kind/to-be-refined"
          },
          "sensitive_attributes": [],
          "private": "bnVsbA==",
          "dependencies": [
            "module.kubewarden_policy_hub_repository.github_repository.main"
          ]
        },
        {
          "index_key": "release/major",
          "schema_version": 0,
          "attributes": {
            "color": "8AE234",
            "description": "",
            "etag": "W/\"d8896dc97d844a0f60fe10b5747bed8f7274fd211cdea830bfda4f510252036e\"",
            "id": "policy-hub:release/major",
            "name": "release/major",
            "repository": "policy-hub",
            "url": "https://api.github.com/repos/kubewarden/policy-hub/labels/release/major"
          },
          "sensitive_attributes": [],
          "private": "bnVsbA==",
          "dependencies": [
            "module.kubewarden_policy_hub_repository.github_repository.main"
          ]
        },
        {
          "index_key": "release/minor",
          "schema_version": 0,
          "attributes": {
            "color": "4E9A06",
            "description": "",
            "etag": "W/\"c8f0e47676081adfafa62b427484bd3e768f963bcc3b3f7b524927ae9a812175\"",
            "id": "policy-hub:release/minor",
            "name": "release/minor",
            "repository": "policy-hub",
            "url": "https://api.github.com/repos/kubewarden/policy-hub/labels/release/minor"
          },
          "sensitive_attributes": [],
          "private": "bnVsbA==",
          "dependencies": [
            "module.kubewarden_policy_hub_repository.github_repository.main"
          ]
        },
        {
          "index_key": "release/patch",
          "schema_version": 0,
          "attributes": {
            "color": "aa6600",
            "description": "",
            "etag": "W/\"b263b50b8ec1cc7d87662ae0f9a3e31a0495337ca864af50e4b01ff01bee8f98\"",
            "id": "policy-hub:release/patch",
            "name": "release/patch",
            "repository": "policy-hub",
            "url": "https://api.github.com/repos/kubewarden/policy-hub/labels/release/patch"
          },
          "sensitive_attributes": [],
          "private": "bnVsbA==",
          "dependencies": [
            "module.kubewarden_policy_hub_repository.github_repository.main"
          ]
        },
        {
          "index_key": "release/skip-changelog",
          "schema_version": 0,
          "attributes": {
            "color": "77cc00",
            "description": "",
            "etag": "W/\"235a9ffd5d6ea4c6b4e50f0976515d37477e69e8f94f845a660807a0effddad3\"",
            "id": "policy-hub:release/skip-changelog",
            "name": "release/skip-changelog",
            "repository": "policy-hub",
            "url": "https://api.github.com/repos/kubewarden/policy-hub/labels/release/skip-changelog"
          },
          "sensitive_attributes": [],
          "private": "bnVsbA==",
          "dependencies": [
            "module.kubewarden_policy_hub_repository.github_repository.main"
          ]
        }
      ]
    },
    {
      "module": "module.kubewarden_policy_hub_repository",
      "mode": "managed",
      "type": "github_repository",
      "name": "main",
      "provider": "provider[\"registry.terraform.io/integrations/github\"].kubewarden",
      "instances": [
        {
          "schema_version": 1,
          "attributes": {
            "allow_auto_merge": false,
            "allow_merge_commit": true,
            "allow_rebase_merge": true,
            "allow_squash_merge": true,
            "allow_update_branch": false,
            "archive_on_destroy": null,
            "archived": false,
            "auto_init": false,
            "default_branch": "main",
            "delete_branch_on_merge": false,
            "description": "A place where to find and discover policies",
            "etag": "W/\"014aa61025c5b2fd3f58fde5bb633f421edbf19355213b738003060d5aec585b\"",
            "full_name": "kubewarden/policy-hub",
            "git_clone_url": "git://github.com/kubewarden/policy-hub.git",
            "gitignore_template": null,
            "has_discussions": false,
            "has_downloads": true,
            "has_issues": true,
            "has_projects": false,
            "has_wiki": true,
            "homepage_url": "https://hub.kubewarden.io",
            "html_url": "https://github.com/kubewarden/policy-hub",
            "http_clone_url": "https://github.com/kubewarden/policy-hub.git",
            "id": "policy-hub",
            "ignore_vulnerability_alerts_during_read": null,
            "is_template": false,
            "license_template": null,
            "merge_commit_message": "PR_TITLE",
            "merge_commit_title": "MERGE_MESSAGE",
            "name": "policy-hub",
            "node_id": "MDEwOlJlcG9zaXRvcnkzNTAyNDAyOTY=",
            "pages": [
              {
                "build_type": "legacy",
                "cname": "hub.kubewarden.io",
                "custom_404": false,
                "html_url": "https://hub.kubewarden.io/",
                "source": [
                  {
                    "branch": "gh-pages",
                    "path": "/"
                  }
                ],
                "status": "built",
                "url": "https://api.github.com/repos/kubewarden/policy-hub/pages"
              }
            ],
            "primary_language": "",
            "private": false,
            "repo_id": 350240296,
            "security_and_analysis": [
              {
                "advanced_security": [],
                "secret_scanning": [
                  {
                    "status": "enabled"
                  }
                ],
                "secret_scanning_push_protection": [
                  {
                    "status": "disabled"
                  }
                ]
              }
            ],
            "squash_merge_commit_message": "COMMIT_MESSAGES",
            "squash_merge_commit_title": "COMMIT_OR_PR_TITLE",
            "ssh_clone_url": "git@github.com:kubewarden/policy-hub.git",
            "svn_url": "https://github.com/kubewarden/policy-hub",
            "template": [],
            "topics": [
              "hacktoberfest",
              "kubernetes",
              "kubernetes-security",
              "policy-as-code",
              "webassembly"
            ],
            "visibility": "public",
            "vulnerability_alerts": true
          },
          "sensitive_attributes": [],
          "private": "eyJzY2hlbWFfdmVyc2lvbiI6IjEifQ=="
        }
      ]
    },
    {
      "module": "module.kubewarden_policy_hub_repository",
      "mode": "managed",
      "type": "github_team_repository",
      "name": "gh_team_push_rights",
      "provider": "provider[\"registry.terraform.io/integrations/github\"].kubewarden",
      "instances": [
        {
          "index_key": "4972867",
          "schema_version": 0,
          "attributes": {
            "etag": "W/\"81b58c0195f6a292a4f593c5ed81d641e453535ccd8073ffc99f094ad8edf859\"",
            "id": "4972867:policy-hub",
            "permission": "push",
            "repository": "policy-hub",
            "team_id": "4972867"
          },
          "sensitive_attributes": [],
          "private": "bnVsbA==",
          "dependencies": [
            "data.github_team.kubewarden_developers",
            "module.kubewarden_policy_hub_repository.github_repository.main"
          ]
        }
      ]
    },
    {
      "module": "module.kubewarden_rfc_repository",
      "mode": "managed",
      "type": "github_app_installation_repository",
      "name": "app_dco",
      "provider": "provider[\"registry.terraform.io/integrations/github\"].kubewarden",
      "instances": [
        {
          "schema_version": 0,
          "attributes": {
            "id": "29141080:rfc",
            "installation_id": "29141080",
            "repo_id": 467968538,
            "repository": "rfc"
          },
          "sensitive_attributes": [],
          "private": "bnVsbA==",
          "dependencies": [
            "module.kubewarden_rfc_repository.github_repository.main"
          ]
        }
      ]
    },
    {
      "module": "module.kubewarden_rfc_repository",
      "mode": "managed",
      "type": "github_issue_label",
      "name": "label",
      "provider": "provider[\"registry.terraform.io/integrations/github\"].kubewarden",
      "instances": [
        {
          "index_key": "area/dependencies",
          "schema_version": 0,
          "attributes": {
            "color": "D3D7CF",
            "description": "",
            "etag": "W/\"9a0d00e37fbe801f51901ce7afa685f3d8702274d692ddec0a644ddfec7a6fb6\"",
            "id": "rfc:area/dependencies",
            "name": "area/dependencies",
            "repository": "rfc",
            "url": "https://api.github.com/repos/kubewarden/rfc/labels/area/dependencies"
          },
          "sensitive_attributes": [],
          "private": "bnVsbA==",
          "dependencies": [
            "module.kubewarden_rfc_repository.github_repository.main"
          ]
        },
        {
          "index_key": "good first issue",
          "schema_version": 0,
          "attributes": {
            "color": "7057ff",
            "description": "",
            "etag": "W/\"52a0eee341a00f21e2607ac73710ca1012037fcc74ae415b08999c9e46a544f8\"",
            "id": "rfc:good first issue",
            "name": "good first issue",
            "repository": "rfc",
            "url": "https://api.github.com/repos/kubewarden/rfc/labels/good%20first%20issue"
          },
          "sensitive_attributes": [],
          "private": "bnVsbA==",
          "dependencies": [
            "module.kubewarden_rfc_repository.github_repository.main"
          ]
        },
        {
          "index_key": "help wanted",
          "schema_version": 0,
          "attributes": {
            "color": "f0ad4e",
            "description": "",
            "etag": "W/\"981eb37d3967f5c7153f6f394721368d8d207bf557820de689e0091e8d7c6fc0\"",
            "id": "rfc:help wanted",
            "name": "help wanted",
            "repository": "rfc",
            "url": "https://api.github.com/repos/kubewarden/rfc/labels/help%20wanted"
          },
          "sensitive_attributes": [],
          "private": "bnVsbA==",
          "dependencies": [
            "module.kubewarden_rfc_repository.github_repository.main"
          ]
        },
        {
          "index_key": "kind/automation",
          "schema_version": 0,
          "attributes": {
            "color": "3465A4",
            "description": "",
            "etag": "W/\"8c252a7be09a16ed9be0dc7b10b098b726daaf325900a5f7ea2e9e5ce335a5b2\"",
            "id": "rfc:kind/automation",
            "name": "kind/automation",
            "repository": "rfc",
            "url": "https://api.github.com/repos/kubewarden/rfc/labels/kind/automation"
          },
          "sensitive_attributes": [],
          "private": "bnVsbA==",
          "dependencies": [
            "module.kubewarden_rfc_repository.github_repository.main"
          ]
        },
        {
          "index_key": "kind/breaking-change",
          "schema_version": 0,
          "attributes": {
            "color": "FCE94F",
            "description": "",
            "etag": "W/\"d23db5b54699ef08bef6f57f5babba59b76fd15d89e0ea11e7ac0503f061efd3\"",
            "id": "rfc:kind/breaking-change",
            "name": "kind/breaking-change",
            "repository": "rfc",
            "url": "https://api.github.com/repos/kubewarden/rfc/labels/kind/breaking-change"
          },
          "sensitive_attributes": [],
          "private": "bnVsbA==",
          "dependencies": [
            "module.kubewarden_rfc_repository.github_repository.main"
          ]
        },
        {
          "index_key": "kind/bug",
          "schema_version": 0,
          "attributes": {
            "color": "EF2929",
            "description": "",
            "etag": "W/\"3ab2c0edcb5c32d7644df8187c13e86c43c6371df536a3acf579f42e866a4ff0\"",
            "id": "rfc:kind/bug",
            "name": "kind/bug",
            "repository": "rfc",
            "url": "https://api.github.com/repos/kubewarden/rfc/labels/kind/bug"
          },
          "sensitive_attributes": [],
          "private": "bnVsbA==",
          "dependencies": [
            "module.kubewarden_rfc_repository.github_repository.main"
          ]
        },
        {
          "index_key": "kind/carryover",
          "schema_version": 0,
          "attributes": {
            "color": "8AE234",
            "description": "",
            "etag": "W/\"27071366abef05a7cf46792d5a188275c8bb61a89f94d085340dd7fd009ec6ee\"",
            "id": "rfc:kind/carryover",
            "name": "kind/carryover",
            "repository": "rfc",
            "url": "https://api.github.com/repos/kubewarden/rfc/labels/kind/carryover"
          },
          "sensitive_attributes": [],
          "private": "bnVsbA==",
          "dependencies": [
            "module.kubewarden_rfc_repository.github_repository.main"
          ]
        },
        {
          "index_key": "kind/chore",
          "schema_version": 0,
          "attributes": {
            "color": "555753",
            "description": "",
            "etag": "W/\"e20693d8ff00447b2b252efb04a036bfdde2e61de61e558d55e0fdf3f3b211d3\"",
            "id": "rfc:kind/chore",
            "name": "kind/chore",
            "repository": "rfc",
            "url": "https://api.github.com/repos/kubewarden/rfc/labels/kind/chore"
          },
          "sensitive_attributes": [],
          "private": "bnVsbA==",
          "dependencies": [
            "module.kubewarden_rfc_repository.github_repository.main"
          ]
        },
        {
          "index_key": "kind/enhancement",
          "schema_version": 0,
          "attributes": {
            "color": "06989A",
            "description": "",
            "etag": "W/\"6026ae15bbf642e423e354884608d6b9ee0d0a74a7c19c3933f68b364591e3b5\"",
            "id": "rfc:kind/enhancement",
            "name": "kind/enhancement",
            "repository": "rfc",
            "url": "https://api.github.com/repos/kubewarden/rfc/labels/kind/enhancement"
          },
          "sensitive_attributes": [],
          "private": "bnVsbA==",
          "dependencies": [
            "module.kubewarden_rfc_repository.github_repository.main"
          ]
        },
        {
          "index_key": "kind/feature",
          "schema_version": 0,
          "attributes": {
            "color": "34E2E2",
            "description": "",
            "etag": "W/\"aaa49496fa39881d920a29bb99c5c26b43f72db85a5f6c807199dda7beedd985\"",
            "id": "rfc:kind/feature",
            "name": "kind/feature",
            "repository": "rfc",
            "url": "https://api.github.com/repos/kubewarden/rfc/labels/kind/feature"
          },
          "sensitive_attributes": [],
          "private": "bnVsbA==",
          "dependencies": [
            "module.kubewarden_rfc_repository.github_repository.main"
          ]
        },
        {
          "index_key": "kind/question",
          "schema_version": 0,
          "attributes": {
            "color": "ad7fa8",
            "description": "",
            "etag": "W/\"1822b5baedc83417fb67c4ceb8b9391c8fc1dfe47b253c9aed67ef63881f442e\"",
            "id": "rfc:kind/question",
            "name": "kind/question",
            "repository": "rfc",
            "url": "https://api.github.com/repos/kubewarden/rfc/labels/kind/question"
          },
          "sensitive_attributes": [],
          "private": "bnVsbA==",
          "dependencies": [
            "module.kubewarden_rfc_repository.github_repository.main"
          ]
        },
        {
          "index_key": "kind/tech-debt",
          "schema_version": 0,
          "attributes": {
            "color": "729FCF",
            "description": "",
            "etag": "W/\"c2ca90a5cfb759bea0b60f7bb6b44c560055657ab8f6286df81828a35c8466cf\"",
            "id": "rfc:kind/tech-debt",
            "name": "kind/tech-debt",
            "repository": "rfc",
            "url": "https://api.github.com/repos/kubewarden/rfc/labels/kind/tech-debt"
          },
          "sensitive_attributes": [],
          "private": "bnVsbA==",
          "dependencies": [
            "module.kubewarden_rfc_repository.github_repository.main"
          ]
        },
        {
          "index_key": "kind/to-be-refined",
          "schema_version": 0,
          "attributes": {
            "color": "B14FCF",
            "description": "",
            "etag": "W/\"6601aa1c1c67e5c8e7c89853e339f760c5807d8171cae2f2df81076042438974\"",
            "id": "rfc:kind/to-be-refined",
            "name": "kind/to-be-refined",
            "repository": "rfc",
            "url": "https://api.github.com/repos/kubewarden/rfc/labels/kind/to-be-refined"
          },
          "sensitive_attributes": [],
          "private": "bnVsbA==",
          "dependencies": [
            "module.kubewarden_rfc_repository.github_repository.main"
          ]
        },
        {
          "index_key": "release/major",
          "schema_version": 0,
          "attributes": {
            "color": "8AE234",
            "description": "",
            "etag": "W/\"0a3761784313485c79a0a5f418860db7fc63c7318b98af80b1207385c5f15675\"",
            "id": "rfc:release/major",
            "name": "release/major",
            "repository": "rfc",
            "url": "https://api.github.com/repos/kubewarden/rfc/labels/release/major"
          },
          "sensitive_attributes": [],
          "private": "bnVsbA==",
          "dependencies": [
            "module.kubewarden_rfc_repository.github_repository.main"
          ]
        },
        {
          "index_key": "release/minor",
          "schema_version": 0,
          "attributes": {
            "color": "4E9A06",
            "description": "",
            "etag": "W/\"8e02eb159cf4631e9c01175c730829b42f1eed34fde2e335bb7bc55a31e12e07\"",
            "id": "rfc:release/minor",
            "name": "release/minor",
            "repository": "rfc",
            "url": "https://api.github.com/repos/kubewarden/rfc/labels/release/minor"
          },
          "sensitive_attributes": [],
          "private": "bnVsbA==",
          "dependencies": [
            "module.kubewarden_rfc_repository.github_repository.main"
          ]
        },
        {
          "index_key": "release/patch",
          "schema_version": 0,
          "attributes": {
            "color": "aa6600",
            "description": "",
            "etag": "W/\"2cd8e10d0c00fdff6c72e8952c9b24584a62ba59b4ab5b0b96cfc507a2533f4a\"",
            "id": "rfc:release/patch",
            "name": "release/patch",
            "repository": "rfc",
            "url": "https://api.github.com/repos/kubewarden/rfc/labels/release/patch"
          },
          "sensitive_attributes": [],
          "private": "bnVsbA==",
          "dependencies": [
            "module.kubewarden_rfc_repository.github_repository.main"
          ]
        },
        {
          "index_key": "release/skip-changelog",
          "schema_version": 0,
          "attributes": {
            "color": "77cc00",
            "description": "",
            "etag": "W/\"d23f051142aa030121067e785f1ea9a0fa5a5a456a0a4b4ae7794daf29c41083\"",
            "id": "rfc:release/skip-changelog",
            "name": "release/skip-changelog",
            "repository": "rfc",
            "url": "https://api.github.com/repos/kubewarden/rfc/labels/release/skip-changelog"
          },
          "sensitive_attributes": [],
          "private": "bnVsbA==",
          "dependencies": [
            "module.kubewarden_rfc_repository.github_repository.main"
          ]
        }
      ]
    },
    {
      "module": "module.kubewarden_rfc_repository",
      "mode": "managed",
      "type": "github_repository",
      "name": "main",
      "provider": "provider[\"registry.terraform.io/integrations/github\"].kubewarden",
      "instances": [
        {
          "schema_version": 1,
          "attributes": {
            "allow_auto_merge": false,
            "allow_merge_commit": true,
            "allow_rebase_merge": true,
            "allow_squash_merge": true,
            "allow_update_branch": false,
            "archive_on_destroy": null,
            "archived": false,
            "auto_init": null,
            "default_branch": "main",
            "delete_branch_on_merge": false,
            "description": "Kubewarden's RFCs",
            "etag": "W/\"321c431d072b8d73dcfc1eea92d4b21bc60b3c57d985bfec0662e348a5f45377\"",
            "full_name": "kubewarden/rfc",
            "git_clone_url": "git://github.com/kubewarden/rfc.git",
            "gitignore_template": null,
            "has_discussions": false,
            "has_downloads": true,
            "has_issues": true,
            "has_projects": false,
            "has_wiki": true,
            "homepage_url": "https://github.com/kubewarden/",
            "html_url": "https://github.com/kubewarden/rfc",
            "http_clone_url": "https://github.com/kubewarden/rfc.git",
            "id": "rfc",
            "ignore_vulnerability_alerts_during_read": null,
            "is_template": false,
            "license_template": null,
            "merge_commit_message": "PR_TITLE",
            "merge_commit_title": "MERGE_MESSAGE",
            "name": "rfc",
            "node_id": "R_kgDOG-SiGg",
            "pages": [],
            "primary_language": "",
            "private": false,
            "repo_id": 467968538,
            "security_and_analysis": [
              {
                "advanced_security": [],
                "secret_scanning": [
                  {
                    "status": "enabled"
                  }
                ],
                "secret_scanning_push_protection": [
                  {
                    "status": "disabled"
                  }
                ]
              }
            ],
            "squash_merge_commit_message": "COMMIT_MESSAGES",
            "squash_merge_commit_title": "COMMIT_OR_PR_TITLE",
            "ssh_clone_url": "git@github.com:kubewarden/rfc.git",
            "svn_url": "https://github.com/kubewarden/rfc",
            "template": [],
            "topics": [
              "hacktoberfest",
              "kubernetes",
              "kubernetes-security",
              "policy-as-code",
              "webassembly"
            ],
            "visibility": "public",
            "vulnerability_alerts": true
          },
          "sensitive_attributes": [],
          "private": "eyJzY2hlbWFfdmVyc2lvbiI6IjEifQ=="
        }
      ]
    },
    {
      "module": "module.kubewarden_rfc_repository",
      "mode": "managed",
      "type": "github_team_repository",
      "name": "gh_team_push_rights",
      "provider": "provider[\"registry.terraform.io/integrations/github\"].kubewarden",
      "instances": [
        {
          "index_key": "4972867",
          "schema_version": 0,
          "attributes": {
            "etag": "W/\"c2989bd9a1e50c7dce1e22bd05591c1659aefb9317b852952cd2ff60fbc5ee67\"",
            "id": "4972867:rfc",
            "permission": "push",
            "repository": "rfc",
            "team_id": "4972867"
          },
          "sensitive_attributes": [],
          "private": "bnVsbA==",
          "dependencies": [
            "data.github_team.kubewarden_developers",
            "data.github_team.kubewarden_documentation",
            "module.kubewarden_rfc_repository.github_repository.main"
          ]
        },
        {
          "index_key": "5417591",
          "schema_version": 0,
          "attributes": {
            "etag": "W/\"c2989bd9a1e50c7dce1e22bd05591c1659aefb9317b852952cd2ff60fbc5ee67\"",
            "id": "5417591:rfc",
            "permission": "push",
            "repository": "rfc",
            "team_id": "5417591"
          },
          "sensitive_attributes": [],
          "private": "bnVsbA==",
          "dependencies": [
            "data.github_team.kubewarden_developers",
            "data.github_team.kubewarden_documentation",
            "module.kubewarden_rfc_repository.github_repository.main"
          ]
        }
      ]
    },
    {
      "module": "module.kubewarden_strfmt_repository",
      "mode": "managed",
      "type": "github_app_installation_repository",
      "name": "app_dco",
      "provider": "provider[\"registry.terraform.io/integrations/github\"].kubewarden",
      "instances": [
        {
          "schema_version": 0,
          "attributes": {
            "id": "29141080:strfmt",
            "installation_id": "29141080",
            "repo_id": 491126441,
            "repository": "strfmt"
          },
          "sensitive_attributes": [],
          "private": "bnVsbA==",
          "dependencies": [
            "module.kubewarden_strfmt_repository.github_repository.main"
          ]
        }
      ]
    },
    {
      "module": "module.kubewarden_strfmt_repository",
      "mode": "managed",
      "type": "github_issue_label",
      "name": "label",
      "provider": "provider[\"registry.terraform.io/integrations/github\"].kubewarden",
      "instances": [
        {
          "index_key": "area/dependencies",
          "schema_version": 0,
          "attributes": {
            "color": "D3D7CF",
            "description": "",
            "etag": "W/\"5feea2d9b8f12e41ce37022d1f87beaaaa04a3f061317c441469f5c501d1ace5\"",
            "id": "strfmt:area/dependencies",
            "name": "area/dependencies",
            "repository": "strfmt",
            "url": "https://api.github.com/repos/kubewarden/strfmt/labels/area/dependencies"
          },
          "sensitive_attributes": [],
          "private": "bnVsbA==",
          "dependencies": [
            "module.kubewarden_strfmt_repository.github_repository.main"
          ]
        },
        {
          "index_key": "good first issue",
          "schema_version": 0,
          "attributes": {
            "color": "7057ff",
            "description": "",
            "etag": "W/\"ab3df9cbdbe4ceca1cb5eef77e98d69fcebe1663dd0b8fb0cd9aae928869f751\"",
            "id": "strfmt:good first issue",
            "name": "good first issue",
            "repository": "strfmt",
            "url": "https://api.github.com/repos/kubewarden/strfmt/labels/good%20first%20issue"
          },
          "sensitive_attributes": [],
          "private": "bnVsbA==",
          "dependencies": [
            "module.kubewarden_strfmt_repository.github_repository.main"
          ]
        },
        {
          "index_key": "help wanted",
          "schema_version": 0,
          "attributes": {
            "color": "f0ad4e",
            "description": "",
            "etag": "W/\"f604752d473080a2a87717a4a412aa6f60a7945300c3659b0c53c54bc8bac7e0\"",
            "id": "strfmt:help wanted",
            "name": "help wanted",
            "repository": "strfmt",
            "url": "https://api.github.com/repos/kubewarden/strfmt/labels/help%20wanted"
          },
          "sensitive_attributes": [],
          "private": "bnVsbA==",
          "dependencies": [
            "module.kubewarden_strfmt_repository.github_repository.main"
          ]
        },
        {
          "index_key": "kind/automation",
          "schema_version": 0,
          "attributes": {
            "color": "3465A4",
            "description": "",
            "etag": "W/\"913224527faca1f9374bf34aada310ad6bf59e52faed6ed9e4c283a8f840f3c5\"",
            "id": "strfmt:kind/automation",
            "name": "kind/automation",
            "repository": "strfmt",
            "url": "https://api.github.com/repos/kubewarden/strfmt/labels/kind/automation"
          },
          "sensitive_attributes": [],
          "private": "bnVsbA==",
          "dependencies": [
            "module.kubewarden_strfmt_repository.github_repository.main"
          ]
        },
        {
          "index_key": "kind/breaking-change",
          "schema_version": 0,
          "attributes": {
            "color": "FCE94F",
            "description": "",
            "etag": "W/\"3161d0a438ab3cadb0476b4d28723f4abbe24b78af4a22ad695f453ef7b2095e\"",
            "id": "strfmt:kind/breaking-change",
            "name": "kind/breaking-change",
            "repository": "strfmt",
            "url": "https://api.github.com/repos/kubewarden/strfmt/labels/kind/breaking-change"
          },
          "sensitive_attributes": [],
          "private": "bnVsbA==",
          "dependencies": [
            "module.kubewarden_strfmt_repository.github_repository.main"
          ]
        },
        {
          "index_key": "kind/bug",
          "schema_version": 0,
          "attributes": {
            "color": "EF2929",
            "description": "",
            "etag": "W/\"62605bc49d34d99c3cfc57cb6438f16ebed8da12f37ac25b641d6dadde9b837b\"",
            "id": "strfmt:kind/bug",
            "name": "kind/bug",
            "repository": "strfmt",
            "url": "https://api.github.com/repos/kubewarden/strfmt/labels/kind/bug"
          },
          "sensitive_attributes": [],
          "private": "bnVsbA==",
          "dependencies": [
            "module.kubewarden_strfmt_repository.github_repository.main"
          ]
        },
        {
          "index_key": "kind/carryover",
          "schema_version": 0,
          "attributes": {
            "color": "8AE234",
            "description": "",
            "etag": "W/\"4d7bdabb7a351874f6e5c37342a7dc0b65b5aad198eacb6c6739004220d98c43\"",
            "id": "strfmt:kind/carryover",
            "name": "kind/carryover",
            "repository": "strfmt",
            "url": "https://api.github.com/repos/kubewarden/strfmt/labels/kind/carryover"
          },
          "sensitive_attributes": [],
          "private": "bnVsbA==",
          "dependencies": [
            "module.kubewarden_strfmt_repository.github_repository.main"
          ]
        },
        {
          "index_key": "kind/chore",
          "schema_version": 0,
          "attributes": {
            "color": "555753",
            "description": "",
            "etag": "W/\"d59e1f11845fcf1eab01a16ea0a5c7ff1a6bf23c5048129d92e0dfaf61cef44f\"",
            "id": "strfmt:kind/chore",
            "name": "kind/chore",
            "repository": "strfmt",
            "url": "https://api.github.com/repos/kubewarden/strfmt/labels/kind/chore"
          },
          "sensitive_attributes": [],
          "private": "bnVsbA==",
          "dependencies": [
            "module.kubewarden_strfmt_repository.github_repository.main"
          ]
        },
        {
          "index_key": "kind/enhancement",
          "schema_version": 0,
          "attributes": {
            "color": "06989A",
            "description": "",
            "etag": "W/\"ab82aef7538995c7be7e1553557e83e9f00c5a4c263d3c813ac203bb0bd5d61b\"",
            "id": "strfmt:kind/enhancement",
            "name": "kind/enhancement",
            "repository": "strfmt",
            "url": "https://api.github.com/repos/kubewarden/strfmt/labels/kind/enhancement"
          },
          "sensitive_attributes": [],
          "private": "bnVsbA==",
          "dependencies": [
            "module.kubewarden_strfmt_repository.github_repository.main"
          ]
        },
        {
          "index_key": "kind/feature",
          "schema_version": 0,
          "attributes": {
            "color": "34E2E2",
            "description": "",
            "etag": "W/\"4a935d80e5c673ad12edbde256937d6c00fd54273fb077cbf085ae4284026bc1\"",
            "id": "strfmt:kind/feature",
            "name": "kind/feature",
            "repository": "strfmt",
            "url": "https://api.github.com/repos/kubewarden/strfmt/labels/kind/feature"
          },
          "sensitive_attributes": [],
          "private": "bnVsbA==",
          "dependencies": [
            "module.kubewarden_strfmt_repository.github_repository.main"
          ]
        },
        {
          "index_key": "kind/question",
          "schema_version": 0,
          "attributes": {
            "color": "ad7fa8",
            "description": "",
            "etag": "W/\"5e197fe519e86fdc446a091cba7d9ec0fe75aa7a52ffc0e047a69bd44dd9cf03\"",
            "id": "strfmt:kind/question",
            "name": "kind/question",
            "repository": "strfmt",
            "url": "https://api.github.com/repos/kubewarden/strfmt/labels/kind/question"
          },
          "sensitive_attributes": [],
          "private": "bnVsbA==",
          "dependencies": [
            "module.kubewarden_strfmt_repository.github_repository.main"
          ]
        },
        {
          "index_key": "kind/tech-debt",
          "schema_version": 0,
          "attributes": {
            "color": "729FCF",
            "description": "",
            "etag": "W/\"349553ce5a6bbccd1555a09890601edeae0a2cec5ecbac4fe98969fc0897b161\"",
            "id": "strfmt:kind/tech-debt",
            "name": "kind/tech-debt",
            "repository": "strfmt",
            "url": "https://api.github.com/repos/kubewarden/strfmt/labels/kind/tech-debt"
          },
          "sensitive_attributes": [],
          "private": "bnVsbA==",
          "dependencies": [
            "module.kubewarden_strfmt_repository.github_repository.main"
          ]
        },
        {
          "index_key": "kind/to-be-refined",
          "schema_version": 0,
          "attributes": {
            "color": "B14FCF",
            "description": "",
            "etag": "W/\"4a8bb7a9b3f20072ed0b1b8b7f83933f5154c5e3cc13a0258ca768ad04b6fb8c\"",
            "id": "strfmt:kind/to-be-refined",
            "name": "kind/to-be-refined",
            "repository": "strfmt",
            "url": "https://api.github.com/repos/kubewarden/strfmt/labels/kind/to-be-refined"
          },
          "sensitive_attributes": [],
          "private": "bnVsbA==",
          "dependencies": [
            "module.kubewarden_strfmt_repository.github_repository.main"
          ]
        },
        {
          "index_key": "release/major",
          "schema_version": 0,
          "attributes": {
            "color": "8AE234",
            "description": "",
            "etag": "W/\"104ca27128616e4213ac2989082bffbb16c206ee3b4525f90908d36d9a9c3f9f\"",
            "id": "strfmt:release/major",
            "name": "release/major",
            "repository": "strfmt",
            "url": "https://api.github.com/repos/kubewarden/strfmt/labels/release/major"
          },
          "sensitive_attributes": [],
          "private": "bnVsbA==",
          "dependencies": [
            "module.kubewarden_strfmt_repository.github_repository.main"
          ]
        },
        {
          "index_key": "release/minor",
          "schema_version": 0,
          "attributes": {
            "color": "4E9A06",
            "description": "",
            "etag": "W/\"6ea344944dfb0e5d9b4ba58e8d2bdc3d8d307d7ba76e264a0a7b2e789ed84558\"",
            "id": "strfmt:release/minor",
            "name": "release/minor",
            "repository": "strfmt",
            "url": "https://api.github.com/repos/kubewarden/strfmt/labels/release/minor"
          },
          "sensitive_attributes": [],
          "private": "bnVsbA==",
          "dependencies": [
            "module.kubewarden_strfmt_repository.github_repository.main"
          ]
        },
        {
          "index_key": "release/patch",
          "schema_version": 0,
          "attributes": {
            "color": "aa6600",
            "description": "",
            "etag": "W/\"bd0c953ce2f357d239d051c80b9389cd14393c7cb50edd9b7a6606a5de3cfb74\"",
            "id": "strfmt:release/patch",
            "name": "release/patch",
            "repository": "strfmt",
            "url": "https://api.github.com/repos/kubewarden/strfmt/labels/release/patch"
          },
          "sensitive_attributes": [],
          "private": "bnVsbA==",
          "dependencies": [
            "module.kubewarden_strfmt_repository.github_repository.main"
          ]
        },
        {
          "index_key": "release/skip-changelog",
          "schema_version": 0,
          "attributes": {
            "color": "77cc00",
            "description": "",
            "etag": "W/\"670db0f2c5547d32460be94faa120b609445b05e424ba3cb53eb3f463f80683a\"",
            "id": "strfmt:release/skip-changelog",
            "name": "release/skip-changelog",
            "repository": "strfmt",
            "url": "https://api.github.com/repos/kubewarden/strfmt/labels/release/skip-changelog"
          },
          "sensitive_attributes": [],
          "private": "bnVsbA==",
          "dependencies": [
            "module.kubewarden_strfmt_repository.github_repository.main"
          ]
        }
      ]
    },
    {
      "module": "module.kubewarden_strfmt_repository",
      "mode": "managed",
      "type": "github_repository",
      "name": "main",
      "provider": "provider[\"registry.terraform.io/integrations/github\"].kubewarden",
      "instances": [
        {
          "schema_version": 1,
          "attributes": {
            "allow_auto_merge": false,
            "allow_merge_commit": true,
            "allow_rebase_merge": true,
            "allow_squash_merge": true,
            "allow_update_branch": false,
            "archive_on_destroy": null,
            "archived": false,
            "auto_init": null,
            "default_branch": "main",
            "delete_branch_on_merge": false,
            "description": "A stripped down version of go-openapi/strfrm that works with TinyGo",
            "etag": "W/\"2c582327522adca9c543bfb907dbcfd9e72d8a00be8092c0c1a01f60ab862800\"",
            "full_name": "kubewarden/strfmt",
            "git_clone_url": "git://github.com/kubewarden/strfmt.git",
            "gitignore_template": null,
            "has_discussions": false,
            "has_downloads": true,
            "has_issues": true,
            "has_projects": false,
            "has_wiki": true,
            "homepage_url": "https://github.com/kubewarden/",
            "html_url": "https://github.com/kubewarden/strfmt",
            "http_clone_url": "https://github.com/kubewarden/strfmt.git",
            "id": "strfmt",
            "ignore_vulnerability_alerts_during_read": null,
            "is_template": false,
            "license_template": null,
            "merge_commit_message": "PR_TITLE",
            "merge_commit_title": "MERGE_MESSAGE",
            "name": "strfmt",
            "node_id": "R_kgDOHUX-qQ",
            "pages": [],
            "primary_language": "Go",
            "private": false,
            "repo_id": 491126441,
            "security_and_analysis": [
              {
                "advanced_security": [],
                "secret_scanning": [
                  {
                    "status": "enabled"
                  }
                ],
                "secret_scanning_push_protection": [
                  {
                    "status": "disabled"
                  }
                ]
              }
            ],
            "squash_merge_commit_message": "COMMIT_MESSAGES",
            "squash_merge_commit_title": "COMMIT_OR_PR_TITLE",
            "ssh_clone_url": "git@github.com:kubewarden/strfmt.git",
            "svn_url": "https://github.com/kubewarden/strfmt",
            "template": [],
            "topics": [
              "hacktoberfest",
              "kubernetes",
              "kubernetes-security",
              "policy-as-code",
              "webassembly"
            ],
            "visibility": "public",
            "vulnerability_alerts": true
          },
          "sensitive_attributes": [],
          "private": "eyJzY2hlbWFfdmVyc2lvbiI6IjEifQ=="
        }
      ]
    },
    {
      "module": "module.kubewarden_strfmt_repository",
      "mode": "managed",
      "type": "github_team_repository",
      "name": "gh_team_push_rights",
      "provider": "provider[\"registry.terraform.io/integrations/github\"].kubewarden",
      "instances": [
        {
          "index_key": "4972867",
          "schema_version": 0,
          "attributes": {
            "etag": "W/\"55cd1128883da2926779bd8a425f90610b37b3e6a7babfea5684a1fd5f1dc394\"",
            "id": "4972867:strfmt",
            "permission": "push",
            "repository": "strfmt",
            "team_id": "4972867"
          },
          "sensitive_attributes": [],
          "private": "bnVsbA==",
          "dependencies": [
            "data.github_team.kubewarden_developers",
            "module.kubewarden_strfmt_repository.github_repository.main"
          ]
        }
      ]
    },
    {
      "module": "module.kubewarden_utils_repository",
      "mode": "managed",
      "type": "github_app_installation_repository",
      "name": "app_dco",
      "provider": "provider[\"registry.terraform.io/integrations/github\"].kubewarden",
      "instances": [
        {
          "schema_version": 0,
          "attributes": {
            "id": "29141080:utils",
            "installation_id": "29141080",
            "repo_id": 511553735,
            "repository": "utils"
          },
          "sensitive_attributes": [],
          "private": "bnVsbA==",
          "dependencies": [
            "module.kubewarden_utils_repository.github_repository.main"
          ]
        }
      ]
    },
    {
      "module": "module.kubewarden_utils_repository",
      "mode": "managed",
      "type": "github_issue_label",
      "name": "label",
      "provider": "provider[\"registry.terraform.io/integrations/github\"].kubewarden",
      "instances": [
        {
          "index_key": "area/dependencies",
          "schema_version": 0,
          "attributes": {
            "color": "D3D7CF",
            "description": "",
            "etag": "W/\"7d948cbd8f1ad86d481541ac6ea8d15be85c50144c88da40e262e24a5a8d423a\"",
            "id": "utils:area/dependencies",
            "name": "area/dependencies",
            "repository": "utils",
            "url": "https://api.github.com/repos/kubewarden/utils/labels/area/dependencies"
          },
          "sensitive_attributes": [],
          "private": "bnVsbA==",
          "dependencies": [
            "module.kubewarden_utils_repository.github_repository.main"
          ]
        },
        {
          "index_key": "good first issue",
          "schema_version": 0,
          "attributes": {
            "color": "7057ff",
            "description": "",
            "etag": "W/\"16bcf600536d4b5c7fe00f2e8ecc2f38d7ac07d543cfc3761373e720a9cde4f7\"",
            "id": "utils:good first issue",
            "name": "good first issue",
            "repository": "utils",
            "url": "https://api.github.com/repos/kubewarden/utils/labels/good%20first%20issue"
          },
          "sensitive_attributes": [],
          "private": "bnVsbA==",
          "dependencies": [
            "module.kubewarden_utils_repository.github_repository.main"
          ]
        },
        {
          "index_key": "help wanted",
          "schema_version": 0,
          "attributes": {
            "color": "f0ad4e",
            "description": "",
            "etag": "W/\"a863148cfc6546f31bef1080da2e3d86adc255cc075aeafbdb1b2ea8bda4ddbd\"",
            "id": "utils:help wanted",
            "name": "help wanted",
            "repository": "utils",
            "url": "https://api.github.com/repos/kubewarden/utils/labels/help%20wanted"
          },
          "sensitive_attributes": [],
          "private": "bnVsbA==",
          "dependencies": [
            "module.kubewarden_utils_repository.github_repository.main"
          ]
        },
        {
          "index_key": "kind/automation",
          "schema_version": 0,
          "attributes": {
            "color": "3465A4",
            "description": "",
            "etag": "W/\"b6d880d3824d5864b18d382fbc3596073cea94e1cd4fcc34c10fb90b13e1666b\"",
            "id": "utils:kind/automation",
            "name": "kind/automation",
            "repository": "utils",
            "url": "https://api.github.com/repos/kubewarden/utils/labels/kind/automation"
          },
          "sensitive_attributes": [],
          "private": "bnVsbA==",
          "dependencies": [
            "module.kubewarden_utils_repository.github_repository.main"
          ]
        },
        {
          "index_key": "kind/breaking-change",
          "schema_version": 0,
          "attributes": {
            "color": "FCE94F",
            "description": "",
            "etag": "W/\"73a6a4c4c0d0fb9d105dd32e1b6ae276dc05d174f72a3f7d3c9a9b786862d568\"",
            "id": "utils:kind/breaking-change",
            "name": "kind/breaking-change",
            "repository": "utils",
            "url": "https://api.github.com/repos/kubewarden/utils/labels/kind/breaking-change"
          },
          "sensitive_attributes": [],
          "private": "bnVsbA==",
          "dependencies": [
            "module.kubewarden_utils_repository.github_repository.main"
          ]
        },
        {
          "index_key": "kind/bug",
          "schema_version": 0,
          "attributes": {
            "color": "EF2929",
            "description": "",
            "etag": "W/\"deb5684987a79db90fabeba9abe12056f471f32eb616cdbba86697914d9dd89b\"",
            "id": "utils:kind/bug",
            "name": "kind/bug",
            "repository": "utils",
            "url": "https://api.github.com/repos/kubewarden/utils/labels/kind/bug"
          },
          "sensitive_attributes": [],
          "private": "bnVsbA==",
          "dependencies": [
            "module.kubewarden_utils_repository.github_repository.main"
          ]
        },
        {
          "index_key": "kind/carryover",
          "schema_version": 0,
          "attributes": {
            "color": "8AE234",
            "description": "",
            "etag": "W/\"07156a79740ac7321291bc60c1525525b9450b76456f659c54558f41aa7cfa88\"",
            "id": "utils:kind/carryover",
            "name": "kind/carryover",
            "repository": "utils",
            "url": "https://api.github.com/repos/kubewarden/utils/labels/kind/carryover"
          },
          "sensitive_attributes": [],
          "private": "bnVsbA==",
          "dependencies": [
            "module.kubewarden_utils_repository.github_repository.main"
          ]
        },
        {
          "index_key": "kind/chore",
          "schema_version": 0,
          "attributes": {
            "color": "555753",
            "description": "",
            "etag": "W/\"462be6fb3177854a497ad497d3caf778f35f23cd50d0bcc626c1a66202630c80\"",
            "id": "utils:kind/chore",
            "name": "kind/chore",
            "repository": "utils",
            "url": "https://api.github.com/repos/kubewarden/utils/labels/kind/chore"
          },
          "sensitive_attributes": [],
          "private": "bnVsbA==",
          "dependencies": [
            "module.kubewarden_utils_repository.github_repository.main"
          ]
        },
        {
          "index_key": "kind/enhancement",
          "schema_version": 0,
          "attributes": {
            "color": "06989A",
            "description": "",
            "etag": "W/\"69a98816eedf22dd0dec6edad3bdd56c45526f0ece28cc573bafcdd6ec12fbdb\"",
            "id": "utils:kind/enhancement",
            "name": "kind/enhancement",
            "repository": "utils",
            "url": "https://api.github.com/repos/kubewarden/utils/labels/kind/enhancement"
          },
          "sensitive_attributes": [],
          "private": "bnVsbA==",
          "dependencies": [
            "module.kubewarden_utils_repository.github_repository.main"
          ]
        },
        {
          "index_key": "kind/feature",
          "schema_version": 0,
          "attributes": {
            "color": "34E2E2",
            "description": "",
            "etag": "W/\"1786ac2e82f5847625f4686b950ca23aeea365500dba8f52e966b38668a56a97\"",
            "id": "utils:kind/feature",
            "name": "kind/feature",
            "repository": "utils",
            "url": "https://api.github.com/repos/kubewarden/utils/labels/kind/feature"
          },
          "sensitive_attributes": [],
          "private": "bnVsbA==",
          "dependencies": [
            "module.kubewarden_utils_repository.github_repository.main"
          ]
        },
        {
          "index_key": "kind/question",
          "schema_version": 0,
          "attributes": {
            "color": "ad7fa8",
            "description": "",
            "etag": "W/\"bd545587e1922c57babf321e5ea01114f7c714216257fbdfcfa6d8a546784cfe\"",
            "id": "utils:kind/question",
            "name": "kind/question",
            "repository": "utils",
            "url": "https://api.github.com/repos/kubewarden/utils/labels/kind/question"
          },
          "sensitive_attributes": [],
          "private": "bnVsbA==",
          "dependencies": [
            "module.kubewarden_utils_repository.github_repository.main"
          ]
        },
        {
          "index_key": "kind/tech-debt",
          "schema_version": 0,
          "attributes": {
            "color": "729FCF",
            "description": "",
            "etag": "W/\"e9041cb2c723cc3d156fd17c1b3ae996f588fa0c44e88938941b8ca3eaa79177\"",
            "id": "utils:kind/tech-debt",
            "name": "kind/tech-debt",
            "repository": "utils",
            "url": "https://api.github.com/repos/kubewarden/utils/labels/kind/tech-debt"
          },
          "sensitive_attributes": [],
          "private": "bnVsbA==",
          "dependencies": [
            "module.kubewarden_utils_repository.github_repository.main"
          ]
        },
        {
          "index_key": "kind/to-be-refined",
          "schema_version": 0,
          "attributes": {
            "color": "B14FCF",
            "description": "",
            "etag": "W/\"bbb69b3979568a11309e1c0976e26639ca6c989ec85cbbeab83d8cba3e59fa90\"",
            "id": "utils:kind/to-be-refined",
            "name": "kind/to-be-refined",
            "repository": "utils",
            "url": "https://api.github.com/repos/kubewarden/utils/labels/kind/to-be-refined"
          },
          "sensitive_attributes": [],
          "private": "bnVsbA==",
          "dependencies": [
            "module.kubewarden_utils_repository.github_repository.main"
          ]
        },
        {
          "index_key": "release/major",
          "schema_version": 0,
          "attributes": {
            "color": "8AE234",
            "description": "",
            "etag": "W/\"4485e584c3d098e37efff87644357aad79d81643584f82685da66f6553c2f7b1\"",
            "id": "utils:release/major",
            "name": "release/major",
            "repository": "utils",
            "url": "https://api.github.com/repos/kubewarden/utils/labels/release/major"
          },
          "sensitive_attributes": [],
          "private": "bnVsbA==",
          "dependencies": [
            "module.kubewarden_utils_repository.github_repository.main"
          ]
        },
        {
          "index_key": "release/minor",
          "schema_version": 0,
          "attributes": {
            "color": "4E9A06",
            "description": "",
            "etag": "W/\"ff086f518545a68f87235dc0c27876f56e072ec59658f96762acd1aa51ae1b6d\"",
            "id": "utils:release/minor",
            "name": "release/minor",
            "repository": "utils",
            "url": "https://api.github.com/repos/kubewarden/utils/labels/release/minor"
          },
          "sensitive_attributes": [],
          "private": "bnVsbA==",
          "dependencies": [
            "module.kubewarden_utils_repository.github_repository.main"
          ]
        },
        {
          "index_key": "release/patch",
          "schema_version": 0,
          "attributes": {
            "color": "aa6600",
            "description": "",
            "etag": "W/\"334900b8bec77898e64b908890a6d7c1d09a86fd8d7ebf96efdf05519412071f\"",
            "id": "utils:release/patch",
            "name": "release/patch",
            "repository": "utils",
            "url": "https://api.github.com/repos/kubewarden/utils/labels/release/patch"
          },
          "sensitive_attributes": [],
          "private": "bnVsbA==",
          "dependencies": [
            "module.kubewarden_utils_repository.github_repository.main"
          ]
        },
        {
          "index_key": "release/skip-changelog",
          "schema_version": 0,
          "attributes": {
            "color": "77cc00",
            "description": "",
            "etag": "W/\"72a6cbd5905403b7871902fc0367a59e1e81b07e848a41d452f0026797a200dd\"",
            "id": "utils:release/skip-changelog",
            "name": "release/skip-changelog",
            "repository": "utils",
            "url": "https://api.github.com/repos/kubewarden/utils/labels/release/skip-changelog"
          },
          "sensitive_attributes": [],
          "private": "bnVsbA==",
          "dependencies": [
            "module.kubewarden_utils_repository.github_repository.main"
          ]
        }
      ]
    },
    {
      "module": "module.kubewarden_utils_repository",
      "mode": "managed",
      "type": "github_repository",
      "name": "main",
      "provider": "provider[\"registry.terraform.io/integrations/github\"].kubewarden",
      "instances": [
        {
          "schema_version": 1,
          "attributes": {
            "allow_auto_merge": false,
            "allow_merge_commit": true,
            "allow_rebase_merge": true,
            "allow_squash_merge": true,
            "allow_update_branch": false,
            "archive_on_destroy": null,
            "archived": false,
            "auto_init": null,
            "default_branch": "main",
            "delete_branch_on_merge": false,
            "description": "Utils scripts used by the Kubewarden team and users.",
            "etag": "W/\"d620bca9b37e0c15da8ce80766858a4411fab367a87f5e841595e70a6364a269\"",
            "full_name": "kubewarden/utils",
            "git_clone_url": "git://github.com/kubewarden/utils.git",
            "gitignore_template": null,
            "has_discussions": false,
            "has_downloads": true,
            "has_issues": true,
            "has_projects": false,
            "has_wiki": true,
            "homepage_url": "https://github.com/kubewarden/",
            "html_url": "https://github.com/kubewarden/utils",
            "http_clone_url": "https://github.com/kubewarden/utils.git",
            "id": "utils",
            "ignore_vulnerability_alerts_during_read": null,
            "is_template": false,
            "license_template": null,
            "merge_commit_message": "PR_TITLE",
            "merge_commit_title": "MERGE_MESSAGE",
            "name": "utils",
            "node_id": "R_kgDOHn2wxw",
            "pages": [],
            "primary_language": "Shell",
            "private": false,
            "repo_id": 511553735,
            "security_and_analysis": [
              {
                "advanced_security": [],
                "secret_scanning": [
                  {
                    "status": "enabled"
                  }
                ],
                "secret_scanning_push_protection": [
                  {
                    "status": "disabled"
                  }
                ]
              }
            ],
            "squash_merge_commit_message": "COMMIT_MESSAGES",
            "squash_merge_commit_title": "COMMIT_OR_PR_TITLE",
            "ssh_clone_url": "git@github.com:kubewarden/utils.git",
            "svn_url": "https://github.com/kubewarden/utils",
            "template": [],
            "topics": [
              "hacktoberfest",
              "kubernetes",
              "kubernetes-security",
              "policy-as-code",
              "webassembly"
            ],
            "visibility": "public",
            "vulnerability_alerts": true
          },
          "sensitive_attributes": [],
          "private": "eyJzY2hlbWFfdmVyc2lvbiI6IjEifQ=="
        }
      ]
    },
    {
      "module": "module.kubewarden_utils_repository",
      "mode": "managed",
      "type": "github_team_repository",
      "name": "gh_team_push_rights",
      "provider": "provider[\"registry.terraform.io/integrations/github\"].kubewarden",
      "instances": [
        {
          "index_key": "4972867",
          "schema_version": 0,
          "attributes": {
            "etag": "W/\"9e57f7d46f65d9e2cc621108c362ad3e5416d403ffa54d43c069ae4d8a795b31\"",
            "id": "4972867:utils",
            "permission": "push",
            "repository": "utils",
            "team_id": "4972867"
          },
          "sensitive_attributes": [],
          "private": "bnVsbA==",
          "dependencies": [
            "data.github_team.kubewarden_developers",
            "module.kubewarden_utils_repository.github_repository.main"
          ]
        }
      ]
    },
    {
      "module": "module.policy_policies",
      "mode": "managed",
      "type": "github_issue_label",
      "name": "label",
      "provider": "provider[\"registry.terraform.io/integrations/github\"].kubewarden",
      "instances": [
        {
          "index_key": "TRIGGER-RELEASE",
          "schema_version": 0,
          "attributes": {
            "color": "8AE234",
            "description": "",
            "etag": "W/\"3ff8e68b123edc3df5ac4ae57b215eb3c573f98a3a8d4720f54a37366d9e8794\"",
            "id": "policies:TRIGGER-RELEASE",
            "name": "TRIGGER-RELEASE",
            "repository": "policies",
            "url": "https://api.github.com/repos/kubewarden/policies/labels/TRIGGER-RELEASE"
          },
          "sensitive_attributes": [],
          "private": "bnVsbA==",
          "dependencies": [
            "module.policy_policies.github_repository.main"
          ]
        },
        {
          "index_key": "area/dependencies",
          "schema_version": 0,
          "attributes": {
            "color": "D3D7CF",
            "description": "",
            "etag": "W/\"fb76394a10e3d14f983e5d3b66fa698a3a22318bbcf7ab00f13394cbb2119871\"",
            "id": "policies:area/dependencies",
            "name": "area/dependencies",
            "repository": "policies",
            "url": "https://api.github.com/repos/kubewarden/policies/labels/area/dependencies"
          },
          "sensitive_attributes": [],
          "private": "bnVsbA==",
          "dependencies": [
            "module.policy_policies.github_repository.main"
          ]
        },
        {
          "index_key": "area/release",
          "schema_version": 0,
          "attributes": {
            "color": "F57900",
            "description": "",
            "etag": "W/\"f6a8d680f3a9b7cc28688fb7f3b23c9ffdf2b020ab89b9b9781a7f77f45e8816\"",
            "id": "policies:area/release",
            "name": "area/release",
            "repository": "policies",
            "url": "https://api.github.com/repos/kubewarden/policies/labels/area/release"
          },
          "sensitive_attributes": [],
          "private": "bnVsbA==",
          "dependencies": [
            "module.policy_policies.github_repository.main"
          ]
        },
        {
          "index_key": "good first issue",
          "schema_version": 0,
          "attributes": {
            "color": "7057ff",
            "description": "",
            "etag": "W/\"2d40981f3795880fcdb04ef1bef4fa6d1c88b0f33ad1bffa0ed2c8ddc012953d\"",
            "id": "policies:good first issue",
            "name": "good first issue",
            "repository": "policies",
            "url": "https://api.github.com/repos/kubewarden/policies/labels/good%20first%20issue"
          },
          "sensitive_attributes": [],
          "private": "bnVsbA==",
          "dependencies": [
            "module.policy_policies.github_repository.main"
          ]
        },
        {
          "index_key": "help wanted",
          "schema_version": 0,
          "attributes": {
            "color": "f0ad4e",
            "description": "",
            "etag": "W/\"414dae7b9ed0f4a67c4a3bac85fecd64c5574cde6c3a4a3e5456afa496ffd103\"",
            "id": "policies:help wanted",
            "name": "help wanted",
            "repository": "policies",
            "url": "https://api.github.com/repos/kubewarden/policies/labels/help%20wanted"
          },
          "sensitive_attributes": [],
          "private": "bnVsbA==",
          "dependencies": [
            "module.policy_policies.github_repository.main"
          ]
        },
        {
          "index_key": "kind/automation",
          "schema_version": 0,
          "attributes": {
            "color": "3465A4",
            "description": "",
            "etag": "W/\"dfc04d722ada54b736c48332f8c1ab1c11b4cdcf9d5c22a2a5b3603ca597e947\"",
            "id": "policies:kind/automation",
            "name": "kind/automation",
            "repository": "policies",
            "url": "https://api.github.com/repos/kubewarden/policies/labels/kind/automation"
          },
          "sensitive_attributes": [],
          "private": "bnVsbA==",
          "dependencies": [
            "module.policy_policies.github_repository.main"
          ]
        },
        {
          "index_key": "kind/breaking-change",
          "schema_version": 0,
          "attributes": {
            "color": "FCE94F",
            "description": "",
            "etag": "W/\"041635d284893d7826b60bb89440b61451a8112b985303848df4a28457229b75\"",
            "id": "policies:kind/breaking-change",
            "name": "kind/breaking-change",
            "repository": "policies",
            "url": "https://api.github.com/repos/kubewarden/policies/labels/kind/breaking-change"
          },
          "sensitive_attributes": [],
          "private": "bnVsbA==",
          "dependencies": [
            "module.policy_policies.github_repository.main"
          ]
        },
        {
          "index_key": "kind/bug",
          "schema_version": 0,
          "attributes": {
            "color": "EF2929",
            "description": "",
            "etag": "W/\"41494fba74ebacf39820f12b3ba05242a0df903498b235a25e6b086c749820c7\"",
            "id": "policies:kind/bug",
            "name": "kind/bug",
            "repository": "policies",
            "url": "https://api.github.com/repos/kubewarden/policies/labels/kind/bug"
          },
          "sensitive_attributes": [],
          "private": "bnVsbA==",
          "dependencies": [
            "module.policy_policies.github_repository.main"
          ]
        },
        {
          "index_key": "kind/carryover",
          "schema_version": 0,
          "attributes": {
            "color": "8AE234",
            "description": "",
            "etag": "W/\"b41cf2f013d3f0853bc0f792809e172847fd945c161fd2815f868ed68dc18ae4\"",
            "id": "policies:kind/carryover",
            "name": "kind/carryover",
            "repository": "policies",
            "url": "https://api.github.com/repos/kubewarden/policies/labels/kind/carryover"
          },
          "sensitive_attributes": [],
          "private": "bnVsbA==",
          "dependencies": [
            "module.policy_policies.github_repository.main"
          ]
        },
        {
          "index_key": "kind/chore",
          "schema_version": 0,
          "attributes": {
            "color": "555753",
            "description": "",
            "etag": "W/\"fe9a2a499cb6eaba5e760d79f4a8d4a509b3b74ac4131768427454d2a873d2cb\"",
            "id": "policies:kind/chore",
            "name": "kind/chore",
            "repository": "policies",
            "url": "https://api.github.com/repos/kubewarden/policies/labels/kind/chore"
          },
          "sensitive_attributes": [],
          "private": "bnVsbA==",
          "dependencies": [
            "module.policy_policies.github_repository.main"
          ]
        },
        {
          "index_key": "kind/enhancement",
          "schema_version": 0,
          "attributes": {
            "color": "06989A",
            "description": "",
            "etag": "W/\"1b543653ca38f0a215a5872633bfdc93572d982f146df49088b4f242d1a4fc85\"",
            "id": "policies:kind/enhancement",
            "name": "kind/enhancement",
            "repository": "policies",
            "url": "https://api.github.com/repos/kubewarden/policies/labels/kind/enhancement"
          },
          "sensitive_attributes": [],
          "private": "bnVsbA==",
          "dependencies": [
            "module.policy_policies.github_repository.main"
          ]
        },
        {
          "index_key": "kind/feature",
          "schema_version": 0,
          "attributes": {
            "color": "34E2E2",
            "description": "",
            "etag": "W/\"365d0ec926ca64504f2458dbebb21bf4db712ed40591407b48ee65b2c1d19b2d\"",
            "id": "policies:kind/feature",
            "name": "kind/feature",
            "repository": "policies",
            "url": "https://api.github.com/repos/kubewarden/policies/labels/kind/feature"
          },
          "sensitive_attributes": [],
          "private": "bnVsbA==",
          "dependencies": [
            "module.policy_policies.github_repository.main"
          ]
        },
        {
          "index_key": "kind/question",
          "schema_version": 0,
          "attributes": {
            "color": "ad7fa8",
            "description": "",
            "etag": "W/\"2c1e6f3cc1f5f548eb21b55d4ab7f43514c469d890013835eea38c39ee483fd5\"",
            "id": "policies:kind/question",
            "name": "kind/question",
            "repository": "policies",
            "url": "https://api.github.com/repos/kubewarden/policies/labels/kind/question"
          },
          "sensitive_attributes": [],
          "private": "bnVsbA==",
          "dependencies": [
            "module.policy_policies.github_repository.main"
          ]
        },
        {
          "index_key": "kind/tech-debt",
          "schema_version": 0,
          "attributes": {
            "color": "729FCF",
            "description": "",
            "etag": "W/\"89bc336152a050859721f58efa6294fa837533f31e3da11ee61a64a3e7465d00\"",
            "id": "policies:kind/tech-debt",
            "name": "kind/tech-debt",
            "repository": "policies",
            "url": "https://api.github.com/repos/kubewarden/policies/labels/kind/tech-debt"
          },
          "sensitive_attributes": [],
          "private": "bnVsbA==",
          "dependencies": [
            "module.policy_policies.github_repository.main"
          ]
        },
        {
          "index_key": "kind/to-be-refined",
          "schema_version": 0,
          "attributes": {
            "color": "B14FCF",
            "description": "",
            "etag": "W/\"8c502e6c434301324e284e6e1ef9823d95d3a2cea38676a5c5d828aa8ab75036\"",
            "id": "policies:kind/to-be-refined",
            "name": "kind/to-be-refined",
            "repository": "policies",
            "url": "https://api.github.com/repos/kubewarden/policies/labels/kind/to-be-refined"
          },
          "sensitive_attributes": [],
          "private": "bnVsbA==",
          "dependencies": [
            "module.policy_policies.github_repository.main"
          ]
        },
        {
          "index_key": "release/major",
          "schema_version": 0,
          "attributes": {
            "color": "8AE234",
            "description": "",
            "etag": "W/\"dffd29841aed43f44b241c8dbaee88a54e4873734b2995d4cdf3126ac0144be4\"",
            "id": "policies:release/major",
            "name": "release/major",
            "repository": "policies",
            "url": "https://api.github.com/repos/kubewarden/policies/labels/release/major"
          },
          "sensitive_attributes": [],
          "private": "bnVsbA==",
          "dependencies": [
            "module.policy_policies.github_repository.main"
          ]
        },
        {
          "index_key": "release/minor",
          "schema_version": 0,
          "attributes": {
            "color": "4E9A06",
            "description": "",
            "etag": "W/\"5cd8c3f34d72ab2a84678f0651d7a708ac081cd600660b9045b2f38c41da4f60\"",
            "id": "policies:release/minor",
            "name": "release/minor",
            "repository": "policies",
            "url": "https://api.github.com/repos/kubewarden/policies/labels/release/minor"
          },
          "sensitive_attributes": [],
          "private": "bnVsbA==",
          "dependencies": [
            "module.policy_policies.github_repository.main"
          ]
        },
        {
          "index_key": "release/patch",
          "schema_version": 0,
          "attributes": {
            "color": "aa6600",
            "description": "",
            "etag": "W/\"7517e79e10c4bb4d22dd24dace2325152b63a86cbc010f036ebfd56a07781763\"",
            "id": "policies:release/patch",
            "name": "release/patch",
            "repository": "policies",
            "url": "https://api.github.com/repos/kubewarden/policies/labels/release/patch"
          },
          "sensitive_attributes": [],
          "private": "bnVsbA==",
          "dependencies": [
            "module.policy_policies.github_repository.main"
          ]
        },
        {
          "index_key": "release/skip-changelog",
          "schema_version": 0,
          "attributes": {
            "color": "77cc00",
            "description": "",
            "etag": "W/\"e7101369b68687f89f1c144894feb3c3817b1738d6c324027c2c58f91472b14c\"",
            "id": "policies:release/skip-changelog",
            "name": "release/skip-changelog",
            "repository": "policies",
            "url": "https://api.github.com/repos/kubewarden/policies/labels/release/skip-changelog"
          },
          "sensitive_attributes": [],
          "private": "bnVsbA==",
          "dependencies": [
            "module.policy_policies.github_repository.main"
          ]
        }
      ]
    },
    {
      "module": "module.policy_policies",
      "mode": "managed",
      "type": "github_repository",
      "name": "main",
      "provider": "provider[\"registry.terraform.io/integrations/github\"].kubewarden",
      "instances": [
        {
          "schema_version": 1,
          "attributes": {
            "allow_auto_merge": false,
            "allow_merge_commit": true,
            "allow_rebase_merge": true,
            "allow_squash_merge": true,
            "allow_update_branch": false,
            "archive_on_destroy": null,
            "archived": false,
            "auto_init": null,
            "default_branch": "main",
            "delete_branch_on_merge": false,
            "description": "Kubewarden policies",
            "etag": "W/\"f69c77a4307cc6f1ce3670347749e650f941213518d349c27b6a0afb7bbc4dd0\"",
            "full_name": "kubewarden/policies",
            "git_clone_url": "git://github.com/kubewarden/policies.git",
            "gitignore_template": null,
            "has_discussions": false,
            "has_downloads": true,
            "has_issues": true,
            "has_projects": false,
            "has_wiki": true,
            "homepage_url": "https://kubewarden.io",
            "html_url": "https://github.com/kubewarden/policies",
            "http_clone_url": "https://github.com/kubewarden/policies.git",
            "id": "policies",
            "ignore_vulnerability_alerts_during_read": null,
            "is_template": false,
            "license_template": null,
            "merge_commit_message": "PR_TITLE",
            "merge_commit_title": "MERGE_MESSAGE",
            "name": "policies",
            "node_id": "R_kgDOQpKUug",
            "pages": [],
            "primary_language": "",
            "private": false,
            "repo_id": 1116902586,
            "security_and_analysis": [
              {
                "advanced_security": [],
                "secret_scanning": [
                  {
                    "status": "enabled"
                  }
                ],
                "secret_scanning_push_protection": [
                  {
                    "status": "disabled"
                  }
                ]
              }
            ],
            "squash_merge_commit_message": "COMMIT_MESSAGES",
            "squash_merge_commit_title": "COMMIT_OR_PR_TITLE",
            "ssh_clone_url": "git@github.com:kubewarden/policies.git",
            "svn_url": "https://github.com/kubewarden/policies",
            "template": [],
            "topics": [
              "hacktoberfest",
              "kubernetes",
              "kubernetes-security",
              "kubewarden-policy",
              "policy-as-code",
              "webassembly"
            ],
            "visibility": "public",
            "vulnerability_alerts": true
          },
          "sensitive_attributes": [],
          "private": "eyJzY2hlbWFfdmVyc2lvbiI6IjEifQ=="
        }
      ]
    },
    {
      "module": "module.policy_policies",
      "mode": "managed",
      "type": "github_team_repository",
      "name": "gh_team_push_rights",
      "provider": "provider[\"registry.terraform.io/integrations/github\"].kubewarden",
      "instances": [
        {
          "index_key": "4972867",
          "schema_version": 0,
          "attributes": {
            "etag": "W/\"36cf6a923b111701e9984b533c7c8e06f850a8ff9c757fe3e13910134c0c3140\"",
            "id": "4972867:policies",
            "permission": "push",
            "repository": "policies",
            "team_id": "4972867"
          },
          "sensitive_attributes": [],
          "private": "bnVsbA==",
          "dependencies": [
            "data.github_team.kubewarden_developers",
            "module.policy_policies.github_repository.main"
          ]
        }
      ]
    },
    {
      "module": "module.policy_repository_rego_policies_library",
      "mode": "managed",
      "type": "github_issue_label",
      "name": "label",
      "provider": "provider[\"registry.terraform.io/integrations/github\"].kubewarden",
      "instances": [
        {
          "index_key": "TRIGGER-RELEASE",
          "schema_version": 0,
          "attributes": {
            "color": "8AE234",
            "description": "",
            "etag": "W/\"b36b3798729878efa353c20846e5d1e1fea5b04f070b1fd2ad0f7a2b99ddd64f\"",
            "id": "rego-policies-library:TRIGGER-RELEASE",
            "name": "TRIGGER-RELEASE",
            "repository": "rego-policies-library",
            "url": "https://api.github.com/repos/kubewarden/rego-policies-library/labels/TRIGGER-RELEASE"
          },
          "sensitive_attributes": [],
          "private": "bnVsbA==",
          "dependencies": [
            "module.policy_repository_rego_policies_library.github_repository.main"
          ]
        },
        {
          "index_key": "area/dependencies",
          "schema_version": 0,
          "attributes": {
            "color": "D3D7CF",
            "description": "",
            "etag": "W/\"d9c1bce405b107fc8b5c8036d69d6efe8266de39e3395843a5ac4dc23431c350\"",
            "id": "rego-policies-library:area/dependencies",
            "name": "area/dependencies",
            "repository": "rego-policies-library",
            "url": "https://api.github.com/repos/kubewarden/rego-policies-library/labels/area/dependencies"
          },
          "sensitive_attributes": [],
          "private": "bnVsbA==",
          "dependencies": [
            "module.policy_repository_rego_policies_library.github_repository.main"
          ]
        },
        {
          "index_key": "area/release",
          "schema_version": 0,
          "attributes": {
            "color": "F57900",
            "description": "",
            "etag": "W/\"ffc96f0df0812e6951e0e894de907955e8157db7606e415b43183103b1320073\"",
            "id": "rego-policies-library:area/release",
            "name": "area/release",
            "repository": "rego-policies-library",
            "url": "https://api.github.com/repos/kubewarden/rego-policies-library/labels/area/release"
          },
          "sensitive_attributes": [],
          "private": "bnVsbA==",
          "dependencies": [
            "module.policy_repository_rego_policies_library.github_repository.main"
          ]
        },
        {
          "index_key": "good first issue",
          "schema_version": 0,
          "attributes": {
            "color": "7057ff",
            "description": "",
            "etag": "W/\"933835baf491b427b498dbaeac9c3470197e729d17dbf3ea309219a18dc0c802\"",
            "id": "rego-policies-library:good first issue",
            "name": "good first issue",
            "repository": "rego-policies-library",
            "url": "https://api.github.com/repos/kubewarden/rego-policies-library/labels/good%20first%20issue"
          },
          "sensitive_attributes": [],
          "private": "bnVsbA==",
          "dependencies": [
            "module.policy_repository_rego_policies_library.github_repository.main"
          ]
        },
        {
          "index_key": "help wanted",
          "schema_version": 0,
          "attributes": {
            "color": "f0ad4e",
            "description": "",
            "etag": "W/\"6419a98cdce820c7cad4a130f8715bb28811e59d0851daf57b18c7d9188c26dc\"",
            "id": "rego-policies-library:help wanted",
            "name": "help wanted",
            "repository": "rego-policies-library",
            "url": "https://api.github.com/repos/kubewarden/rego-policies-library/labels/help%20wanted"
          },
          "sensitive_attributes": [],
          "private": "bnVsbA==",
          "dependencies": [
            "module.policy_repository_rego_policies_library.github_repository.main"
          ]
        },
        {
          "index_key": "kind/automation",
          "schema_version": 0,
          "attributes": {
            "color": "3465A4",
            "description": "",
            "etag": "W/\"88bf40ee735625074fe92a8b87477eb6f243d8aff73e4587c976c23c117f23fa\"",
            "id": "rego-policies-library:kind/automation",
            "name": "kind/automation",
            "repository": "rego-policies-library",
            "url": "https://api.github.com/repos/kubewarden/rego-policies-library/labels/kind/automation"
          },
          "sensitive_attributes": [],
          "private": "bnVsbA==",
          "dependencies": [
            "module.policy_repository_rego_policies_library.github_repository.main"
          ]
        },
        {
          "index_key": "kind/breaking-change",
          "schema_version": 0,
          "attributes": {
            "color": "FCE94F",
            "description": "",
            "etag": "W/\"48a865b187b201a0170772d6871d12fa973cb603f2578f0cd14060d19b79595e\"",
            "id": "rego-policies-library:kind/breaking-change",
            "name": "kind/breaking-change",
            "repository": "rego-policies-library",
            "url": "https://api.github.com/repos/kubewarden/rego-policies-library/labels/kind/breaking-change"
          },
          "sensitive_attributes": [],
          "private": "bnVsbA==",
          "dependencies": [
            "module.policy_repository_rego_policies_library.github_repository.main"
          ]
        },
        {
          "index_key": "kind/bug",
          "schema_version": 0,
          "attributes": {
            "color": "EF2929",
            "description": "",
            "etag": "W/\"3b83a72b5aca23550d4b03aa92141c87c5d95cac6a227b8095035609bb91a7e7\"",
            "id": "rego-policies-library:kind/bug",
            "name": "kind/bug",
            "repository": "rego-policies-library",
            "url": "https://api.github.com/repos/kubewarden/rego-policies-library/labels/kind/bug"
          },
          "sensitive_attributes": [],
          "private": "bnVsbA==",
          "dependencies": [
            "module.policy_repository_rego_policies_library.github_repository.main"
          ]
        },
        {
          "index_key": "kind/carryover",
          "schema_version": 0,
          "attributes": {
            "color": "8AE234",
            "description": "",
            "etag": "W/\"4017b03475677e2f097f450367e7bcff1a93418c0a1ddfb67c71346a7d52335d\"",
            "id": "rego-policies-library:kind/carryover",
            "name": "kind/carryover",
            "repository": "rego-policies-library",
            "url": "https://api.github.com/repos/kubewarden/rego-policies-library/labels/kind/carryover"
          },
          "sensitive_attributes": [],
          "private": "bnVsbA==",
          "dependencies": [
            "module.policy_repository_rego_policies_library.github_repository.main"
          ]
        },
        {
          "index_key": "kind/chore",
          "schema_version": 0,
          "attributes": {
            "color": "555753",
            "description": "",
            "etag": "W/\"0242a429cf7979df8de5725a2513bdb52ef955ac9ed8201e2f716c5282cb1148\"",
            "id": "rego-policies-library:kind/chore",
            "name": "kind/chore",
            "repository": "rego-policies-library",
            "url": "https://api.github.com/repos/kubewarden/rego-policies-library/labels/kind/chore"
          },
          "sensitive_attributes": [],
          "private": "bnVsbA==",
          "dependencies": [
            "module.policy_repository_rego_policies_library.github_repository.main"
          ]
        },
        {
          "index_key": "kind/enhancement",
          "schema_version": 0,
          "attributes": {
            "color": "06989A",
            "description": "",
            "etag": "W/\"089c9cef0970d5945708139214cdd58b8ce4adba36ded798a92fe199ad05030a\"",
            "id": "rego-policies-library:kind/enhancement",
            "name": "kind/enhancement",
            "repository": "rego-policies-library",
            "url": "https://api.github.com/repos/kubewarden/rego-policies-library/labels/kind/enhancement"
          },
          "sensitive_attributes": [],
          "private": "bnVsbA==",
          "dependencies": [
            "module.policy_repository_rego_policies_library.github_repository.main"
          ]
        },
        {
          "index_key": "kind/feature",
          "schema_version": 0,
          "attributes": {
            "color": "34E2E2",
            "description": "",
            "etag": "W/\"0fdd1036dddb3f2aa23bf6196c15cf7ff9c1b8cf861e5cd02c35542ea1beffb9\"",
            "id": "rego-policies-library:kind/feature",
            "name": "kind/feature",
            "repository": "rego-policies-library",
            "url": "https://api.github.com/repos/kubewarden/rego-policies-library/labels/kind/feature"
          },
          "sensitive_attributes": [],
          "private": "bnVsbA==",
          "dependencies": [
            "module.policy_repository_rego_policies_library.github_repository.main"
          ]
        },
        {
          "index_key": "kind/question",
          "schema_version": 0,
          "attributes": {
            "color": "ad7fa8",
            "description": "",
            "etag": "W/\"96374537092f2507f6a4f6be44fc09a235c29eeab4b05ed22987a95ef9d4678d\"",
            "id": "rego-policies-library:kind/question",
            "name": "kind/question",
            "repository": "rego-policies-library",
            "url": "https://api.github.com/repos/kubewarden/rego-policies-library/labels/kind/question"
          },
          "sensitive_attributes": [],
          "private": "bnVsbA==",
          "dependencies": [
            "module.policy_repository_rego_policies_library.github_repository.main"
          ]
        },
        {
          "index_key": "kind/tech-debt",
          "schema_version": 0,
          "attributes": {
            "color": "729FCF",
            "description": "",
            "etag": "W/\"c3210daca8d58244e9db72d9a1926e9e9451c97bb04f7cd2b419f3352128380a\"",
            "id": "rego-policies-library:kind/tech-debt",
            "name": "kind/tech-debt",
            "repository": "rego-policies-library",
            "url": "https://api.github.com/repos/kubewarden/rego-policies-library/labels/kind/tech-debt"
          },
          "sensitive_attributes": [],
          "private": "bnVsbA==",
          "dependencies": [
            "module.policy_repository_rego_policies_library.github_repository.main"
          ]
        },
        {
          "index_key": "kind/to-be-refined",
          "schema_version": 0,
          "attributes": {
            "color": "B14FCF",
            "description": "",
            "etag": "W/\"3ee2f888d8dc5ba7440d235b981b3ff12822c53a8fbafa44a78436bd5e621af3\"",
            "id": "rego-policies-library:kind/to-be-refined",
            "name": "kind/to-be-refined",
            "repository": "rego-policies-library",
            "url": "https://api.github.com/repos/kubewarden/rego-policies-library/labels/kind/to-be-refined"
          },
          "sensitive_attributes": [],
          "private": "bnVsbA==",
          "dependencies": [
            "module.policy_repository_rego_policies_library.github_repository.main"
          ]
        },
        {
          "index_key": "release/major",
          "schema_version": 0,
          "attributes": {
            "color": "8AE234",
            "description": "",
            "etag": "W/\"a73ee114777e658e91ba2b781e9fd9f80a8a4091c9e8c39eb35e7d04991b50ef\"",
            "id": "rego-policies-library:release/major",
            "name": "release/major",
            "repository": "rego-policies-library",
            "url": "https://api.github.com/repos/kubewarden/rego-policies-library/labels/release/major"
          },
          "sensitive_attributes": [],
          "private": "bnVsbA==",
          "dependencies": [
            "module.policy_repository_rego_policies_library.github_repository.main"
          ]
        },
        {
          "index_key": "release/minor",
          "schema_version": 0,
          "attributes": {
            "color": "4E9A06",
            "description": "",
            "etag": "W/\"92818f88b0a263b2af7441ad0111f14986c120e6f6c19114a30075c0868fe6bd\"",
            "id": "rego-policies-library:release/minor",
            "name": "release/minor",
            "repository": "rego-policies-library",
            "url": "https://api.github.com/repos/kubewarden/rego-policies-library/labels/release/minor"
          },
          "sensitive_attributes": [],
          "private": "bnVsbA==",
          "dependencies": [
            "module.policy_repository_rego_policies_library.github_repository.main"
          ]
        },
        {
          "index_key": "release/patch",
          "schema_version": 0,
          "attributes": {
            "color": "aa6600",
            "description": "",
            "etag": "W/\"c95f311dd2d61978ad5aa62562330e34ec9de49ce460621e1e312eb8220a6b02\"",
            "id": "rego-policies-library:release/patch",
            "name": "release/patch",
            "repository": "rego-policies-library",
            "url": "https://api.github.com/repos/kubewarden/rego-policies-library/labels/release/patch"
          },
          "sensitive_attributes": [],
          "private": "bnVsbA==",
          "dependencies": [
            "module.policy_repository_rego_policies_library.github_repository.main"
          ]
        },
        {
          "index_key": "release/skip-changelog",
          "schema_version": 0,
          "attributes": {
            "color": "77cc00",
            "description": "",
            "etag": "W/\"e674385415ba078f9a7565e33ee1ba0232d116ac68cf149ca6ab4a8625d0cbfe\"",
            "id": "rego-policies-library:release/skip-changelog",
            "name": "release/skip-changelog",
            "repository": "rego-policies-library",
            "url": "https://api.github.com/repos/kubewarden/rego-policies-library/labels/release/skip-changelog"
          },
          "sensitive_attributes": [],
          "private": "bnVsbA==",
          "dependencies": [
            "module.policy_repository_rego_policies_library.github_repository.main"
          ]
        }
      ]
    },
    {
      "module": "module.policy_repository_rego_policies_library",
      "mode": "managed",
      "type": "github_repository",
      "name": "main",
      "provider": "provider[\"registry.terraform.io/integrations/github\"].kubewarden",
      "instances": [
        {
          "schema_version": 1,
          "attributes": {
            "allow_auto_merge": false,
            "allow_merge_commit": true,
            "allow_rebase_merge": true,
            "allow_squash_merge": true,
            "allow_update_branch": false,
            "archive_on_destroy": null,
            "archived": false,
            "auto_init": false,
            "default_branch": "main",
            "delete_branch_on_merge": false,
            "description": "A collection of Rego policies that can be used to enforce best practices in Kubernetes clusters",
            "etag": "W/\"14113f7aad1643968cd1211c305ee9600e904096601da4d5d8769a847e04db9f\"",
            "full_name": "kubewarden/rego-policies-library",
            "git_clone_url": "git://github.com/kubewarden/rego-policies-library.git",
            "gitignore_template": null,
            "has_discussions": false,
            "has_downloads": true,
            "has_issues": true,
            "has_projects": false,
            "has_wiki": true,
            "homepage_url": "https://kubewarden.io",
            "html_url": "https://github.com/kubewarden/rego-policies-library",
            "http_clone_url": "https://github.com/kubewarden/rego-policies-library.git",
            "id": "rego-policies-library",
            "ignore_vulnerability_alerts_during_read": null,
            "is_template": false,
            "license_template": null,
            "merge_commit_message": "PR_TITLE",
            "merge_commit_title": "MERGE_MESSAGE",
            "name": "rego-policies-library",
            "node_id": "R_kgDONdD5RA",
            "pages": [],
            "primary_language": "Open Policy Agent",
            "private": false,
            "repo_id": 902887748,
            "security_and_analysis": [
              {
                "advanced_security": [],
                "secret_scanning": [
                  {
                    "status": "enabled"
                  }
                ],
                "secret_scanning_push_protection": [
                  {
                    "status": "disabled"
                  }
                ]
              }
            ],
            "squash_merge_commit_message": "COMMIT_MESSAGES",
            "squash_merge_commit_title": "COMMIT_OR_PR_TITLE",
            "ssh_clone_url": "git@github.com:kubewarden/rego-policies-library.git",
            "svn_url": "https://github.com/kubewarden/rego-policies-library",
            "template": [],
            "topics": [
              "compliance",
              "gatekeeper",
              "hacktoberfest",
              "kubernetes",
              "kubernetes-security",
              "kubewarden-policy",
              "policy-as-code",
              "rego",
              "webassembly"
            ],
            "visibility": "public",
            "vulnerability_alerts": true
          },
          "sensitive_attributes": [],
          "private": "eyJzY2hlbWFfdmVyc2lvbiI6IjEifQ=="
        }
      ]
    },
    {
      "module": "module.policy_repository_rego_policies_library",
      "mode": "managed",
      "type": "github_team_repository",
      "name": "gh_team_push_rights",
      "provider": "provider[\"registry.terraform.io/integrations/github\"].kubewarden",
      "instances": [
        {
          "index_key": "4972867",
          "schema_version": 0,
          "attributes": {
            "etag": "W/\"0f3a8d004988f922cd761ee0a62eff30ce2e86d1f0b831976766b27cf38b11fb\"",
            "id": "4972867:rego-policies-library",
            "permission": "push",
            "repository": "rego-policies-library",
            "team_id": "4972867"
          },
          "sensitive_attributes": [],
          "private": "bnVsbA==",
          "dependencies": [
            "data.github_team.kubewarden_developers",
            "module.policy_repository_rego_policies_library.github_repository.main"
          ]
        }
      ]
    },
    {
      "module": "module.policy_sdk_repository_dotnet",
      "mode": "managed",
      "type": "github_app_installation_repository",
      "name": "app_dco",
      "provider": "provider[\"registry.terraform.io/integrations/github\"].kubewarden",
      "instances": [
        {
          "schema_version": 0,
          "attributes": {
            "id": "29141080:policy-sdk-dotnet",
            "installation_id": "29141080",
            "repo_id": 510336802,
            "repository": "policy-sdk-dotnet"
          },
          "sensitive_attributes": [],
          "private": "bnVsbA==",
          "dependencies": [
            "module.policy_sdk_repository_dotnet.github_repository.main"
          ]
        }
      ]
    },
    {
      "module": "module.policy_sdk_repository_dotnet",
      "mode": "managed",
      "type": "github_issue_label",
      "name": "label",
      "provider": "provider[\"registry.terraform.io/integrations/github\"].kubewarden",
      "instances": [
        {
          "index_key": "area/dependencies",
          "schema_version": 0,
          "attributes": {
            "color": "D3D7CF",
            "description": "",
            "etag": "W/\"af547871620d2743b40b17abf2e01669ee8a73c889d07869f9e4276d8170b5f3\"",
            "id": "policy-sdk-dotnet:area/dependencies",
            "name": "area/dependencies",
            "repository": "policy-sdk-dotnet",
            "url": "https://api.github.com/repos/kubewarden/policy-sdk-dotnet/labels/area/dependencies"
          },
          "sensitive_attributes": [],
          "private": "bnVsbA==",
          "dependencies": [
            "module.policy_sdk_repository_dotnet.github_repository.main"
          ]
        },
        {
          "index_key": "good first issue",
          "schema_version": 0,
          "attributes": {
            "color": "7057ff",
            "description": "",
            "etag": "W/\"769c8a0d4b748dee0b03836ac6fb66a482f426660f333b730417cc60740be10e\"",
            "id": "policy-sdk-dotnet:good first issue",
            "name": "good first issue",
            "repository": "policy-sdk-dotnet",
            "url": "https://api.github.com/repos/kubewarden/policy-sdk-dotnet/labels/good%20first%20issue"
          },
          "sensitive_attributes": [],
          "private": "bnVsbA==",
          "dependencies": [
            "module.policy_sdk_repository_dotnet.github_repository.main"
          ]
        },
        {
          "index_key": "help wanted",
          "schema_version": 0,
          "attributes": {
            "color": "f0ad4e",
            "description": "",
            "etag": "W/\"ec3453f883cce26050e5cbbfb0318ae287c95fddcc418fa2cead43adca27c92a\"",
            "id": "policy-sdk-dotnet:help wanted",
            "name": "help wanted",
            "repository": "policy-sdk-dotnet",
            "url": "https://api.github.com/repos/kubewarden/policy-sdk-dotnet/labels/help%20wanted"
          },
          "sensitive_attributes": [],
          "private": "bnVsbA==",
          "dependencies": [
            "module.policy_sdk_repository_dotnet.github_repository.main"
          ]
        },
        {
          "index_key": "kind/automation",
          "schema_version": 0,
          "attributes": {
            "color": "3465A4",
            "description": "",
            "etag": "W/\"9d270702939756e7fa6a0f454da33292d641818a5114295401486c6767073888\"",
            "id": "policy-sdk-dotnet:kind/automation",
            "name": "kind/automation",
            "repository": "policy-sdk-dotnet",
            "url": "https://api.github.com/repos/kubewarden/policy-sdk-dotnet/labels/kind/automation"
          },
          "sensitive_attributes": [],
          "private": "bnVsbA==",
          "dependencies": [
            "module.policy_sdk_repository_dotnet.github_repository.main"
          ]
        },
        {
          "index_key": "kind/breaking-change",
          "schema_version": 0,
          "attributes": {
            "color": "FCE94F",
            "description": "",
            "etag": "W/\"8aeb0e734a2e428648ce6d48444fbbb9a73d4b0e13eced47dcc91dc27a3fc0cc\"",
            "id": "policy-sdk-dotnet:kind/breaking-change",
            "name": "kind/breaking-change",
            "repository": "policy-sdk-dotnet",
            "url": "https://api.github.com/repos/kubewarden/policy-sdk-dotnet/labels/kind/breaking-change"
          },
          "sensitive_attributes": [],
          "private": "bnVsbA==",
          "dependencies": [
            "module.policy_sdk_repository_dotnet.github_repository.main"
          ]
        },
        {
          "index_key": "kind/bug",
          "schema_version": 0,
          "attributes": {
            "color": "EF2929",
            "description": "",
            "etag": "W/\"fcb205feb4ccfcac15c5500db76ccf29d25f8b9ac542c15388ae8fee6766d435\"",
            "id": "policy-sdk-dotnet:kind/bug",
            "name": "kind/bug",
            "repository": "policy-sdk-dotnet",
            "url": "https://api.github.com/repos/kubewarden/policy-sdk-dotnet/labels/kind/bug"
          },
          "sensitive_attributes": [],
          "private": "bnVsbA==",
          "dependencies": [
            "module.policy_sdk_repository_dotnet.github_repository.main"
          ]
        },
        {
          "index_key": "kind/carryover",
          "schema_version": 0,
          "attributes": {
            "color": "8AE234",
            "description": "",
            "etag": "W/\"df8fb465c938b840fd0a394a916cbe6a70ec6ece6139eea11f9901dca4b8c554\"",
            "id": "policy-sdk-dotnet:kind/carryover",
            "name": "kind/carryover",
            "repository": "policy-sdk-dotnet",
            "url": "https://api.github.com/repos/kubewarden/policy-sdk-dotnet/labels/kind/carryover"
          },
          "sensitive_attributes": [],
          "private": "bnVsbA==",
          "dependencies": [
            "module.policy_sdk_repository_dotnet.github_repository.main"
          ]
        },
        {
          "index_key": "kind/chore",
          "schema_version": 0,
          "attributes": {
            "color": "555753",
            "description": "",
            "etag": "W/\"5bfc28ba057958231b9cf6eb73f93323a141052dac6ab609202f9b703ddbac8a\"",
            "id": "policy-sdk-dotnet:kind/chore",
            "name": "kind/chore",
            "repository": "policy-sdk-dotnet",
            "url": "https://api.github.com/repos/kubewarden/policy-sdk-dotnet/labels/kind/chore"
          },
          "sensitive_attributes": [],
          "private": "bnVsbA==",
          "dependencies": [
            "module.policy_sdk_repository_dotnet.github_repository.main"
          ]
        },
        {
          "index_key": "kind/enhancement",
          "schema_version": 0,
          "attributes": {
            "color": "06989A",
            "description": "",
            "etag": "W/\"dc8e650d8ee7b0b4ac53bea39ad058ba7275d07e6c73bb7e9f210bb51ecfc925\"",
            "id": "policy-sdk-dotnet:kind/enhancement",
            "name": "kind/enhancement",
            "repository": "policy-sdk-dotnet",
            "url": "https://api.github.com/repos/kubewarden/policy-sdk-dotnet/labels/kind/enhancement"
          },
          "sensitive_attributes": [],
          "private": "bnVsbA==",
          "dependencies": [
            "module.policy_sdk_repository_dotnet.github_repository.main"
          ]
        },
        {
          "index_key": "kind/feature",
          "schema_version": 0,
          "attributes": {
            "color": "34E2E2",
            "description": "",
            "etag": "W/\"f77adf0198098f1aa0b69278fa4ba40e1df839a0ed33399fbbf039c6040cb8c8\"",
            "id": "policy-sdk-dotnet:kind/feature",
            "name": "kind/feature",
            "repository": "policy-sdk-dotnet",
            "url": "https://api.github.com/repos/kubewarden/policy-sdk-dotnet/labels/kind/feature"
          },
          "sensitive_attributes": [],
          "private": "bnVsbA==",
          "dependencies": [
            "module.policy_sdk_repository_dotnet.github_repository.main"
          ]
        },
        {
          "index_key": "kind/question",
          "schema_version": 0,
          "attributes": {
            "color": "ad7fa8",
            "description": "",
            "etag": "W/\"ab96b1b4c31370ef0745864ee02f555e20169fd7e31ec67da80bbc10b66136e5\"",
            "id": "policy-sdk-dotnet:kind/question",
            "name": "kind/question",
            "repository": "policy-sdk-dotnet",
            "url": "https://api.github.com/repos/kubewarden/policy-sdk-dotnet/labels/kind/question"
          },
          "sensitive_attributes": [],
          "private": "bnVsbA==",
          "dependencies": [
            "module.policy_sdk_repository_dotnet.github_repository.main"
          ]
        },
        {
          "index_key": "kind/tech-debt",
          "schema_version": 0,
          "attributes": {
            "color": "729FCF",
            "description": "",
            "etag": "W/\"4e7bfe1d5db2598a0ba2aee5efb4f895471dbeb0b48ab18fc2ae6f02556837e8\"",
            "id": "policy-sdk-dotnet:kind/tech-debt",
            "name": "kind/tech-debt",
            "repository": "policy-sdk-dotnet",
            "url": "https://api.github.com/repos/kubewarden/policy-sdk-dotnet/labels/kind/tech-debt"
          },
          "sensitive_attributes": [],
          "private": "bnVsbA==",
          "dependencies": [
            "module.policy_sdk_repository_dotnet.github_repository.main"
          ]
        },
        {
          "index_key": "kind/to-be-refined",
          "schema_version": 0,
          "attributes": {
            "color": "B14FCF",
            "description": "",
            "etag": "W/\"75f26a770f86e1e72a2c9fad364c81cdfc59b4cd1ada080f88795d47a9103994\"",
            "id": "policy-sdk-dotnet:kind/to-be-refined",
            "name": "kind/to-be-refined",
            "repository": "policy-sdk-dotnet",
            "url": "https://api.github.com/repos/kubewarden/policy-sdk-dotnet/labels/kind/to-be-refined"
          },
          "sensitive_attributes": [],
          "private": "bnVsbA==",
          "dependencies": [
            "module.policy_sdk_repository_dotnet.github_repository.main"
          ]
        },
        {
          "index_key": "release/major",
          "schema_version": 0,
          "attributes": {
            "color": "8AE234",
            "description": "",
            "etag": "W/\"41a457f3dd0603a704bbc455d80265cdc0d45c2a7caadd10f064c011ea0398ae\"",
            "id": "policy-sdk-dotnet:release/major",
            "name": "release/major",
            "repository": "policy-sdk-dotnet",
            "url": "https://api.github.com/repos/kubewarden/policy-sdk-dotnet/labels/release/major"
          },
          "sensitive_attributes": [],
          "private": "bnVsbA==",
          "dependencies": [
            "module.policy_sdk_repository_dotnet.github_repository.main"
          ]
        },
        {
          "index_key": "release/minor",
          "schema_version": 0,
          "attributes": {
            "color": "4E9A06",
            "description": "",
            "etag": "W/\"8f4a864a8a31659c6ee0c56ca2e90e5c6fccb73b8118bbb8992f49613678a5cc\"",
            "id": "policy-sdk-dotnet:release/minor",
            "name": "release/minor",
            "repository": "policy-sdk-dotnet",
            "url": "https://api.github.com/repos/kubewarden/policy-sdk-dotnet/labels/release/minor"
          },
          "sensitive_attributes": [],
          "private": "bnVsbA==",
          "dependencies": [
            "module.policy_sdk_repository_dotnet.github_repository.main"
          ]
        },
        {
          "index_key": "release/patch",
          "schema_version": 0,
          "attributes": {
            "color": "aa6600",
            "description": "",
            "etag": "W/\"478f3cab09da373248988800800572288603d12de59f5d9e98ffef6f9d828f12\"",
            "id": "policy-sdk-dotnet:release/patch",
            "name": "release/patch",
            "repository": "policy-sdk-dotnet",
            "url": "https://api.github.com/repos/kubewarden/policy-sdk-dotnet/labels/release/patch"
          },
          "sensitive_attributes": [],
          "private": "bnVsbA==",
          "dependencies": [
            "module.policy_sdk_repository_dotnet.github_repository.main"
          ]
        },
        {
          "index_key": "release/skip-changelog",
          "schema_version": 0,
          "attributes": {
            "color": "77cc00",
            "description": "",
            "etag": "W/\"d1a0bbcc2bbcbe2e0cfb775328f73e9023ce61adc9c793e69a30a8086d8aa1d9\"",
            "id": "policy-sdk-dotnet:release/skip-changelog",
            "name": "release/skip-changelog",
            "repository": "policy-sdk-dotnet",
            "url": "https://api.github.com/repos/kubewarden/policy-sdk-dotnet/labels/release/skip-changelog"
          },
          "sensitive_attributes": [],
          "private": "bnVsbA==",
          "dependencies": [
            "module.policy_sdk_repository_dotnet.github_repository.main"
          ]
        }
      ]
    },
    {
      "module": "module.policy_sdk_repository_dotnet",
      "mode": "managed",
      "type": "github_repository",
      "name": "main",
      "provider": "provider[\"registry.terraform.io/integrations/github\"].kubewarden",
      "instances": [
        {
          "schema_version": 1,
          "attributes": {
            "allow_auto_merge": false,
            "allow_merge_commit": true,
            "allow_rebase_merge": true,
            "allow_squash_merge": true,
            "allow_update_branch": false,
            "archive_on_destroy": null,
            "archived": false,
            "auto_init": null,
            "default_branch": "main",
            "delete_branch_on_merge": false,
            "description": "Kubewarden Policy SDK for the .NET platform",
            "etag": "W/\"16a5d8061c1401a4e019093caa829e959209bac8b6c0f92991941bd331b605ef\"",
            "full_name": "kubewarden/policy-sdk-dotnet",
            "git_clone_url": "git://github.com/kubewarden/policy-sdk-dotnet.git",
            "gitignore_template": null,
            "has_discussions": false,
            "has_downloads": true,
            "has_issues": true,
            "has_projects": false,
            "has_wiki": true,
            "homepage_url": "https://kubewarden.io",
            "html_url": "https://github.com/kubewarden/policy-sdk-dotnet",
            "http_clone_url": "https://github.com/kubewarden/policy-sdk-dotnet.git",
            "id": "policy-sdk-dotnet",
            "ignore_vulnerability_alerts_during_read": null,
            "is_template": false,
            "license_template": null,
            "merge_commit_message": "PR_TITLE",
            "merge_commit_title": "MERGE_MESSAGE",
            "name": "policy-sdk-dotnet",
            "node_id": "R_kgDOHmsfIg",
            "pages": [],
            "primary_language": "C#",
            "private": false,
            "repo_id": 510336802,
            "security_and_analysis": [
              {
                "advanced_security": [],
                "secret_scanning": [
                  {
                    "status": "enabled"
                  }
                ],
                "secret_scanning_push_protection": [
                  {
                    "status": "disabled"
                  }
                ]
              }
            ],
            "squash_merge_commit_message": "COMMIT_MESSAGES",
            "squash_merge_commit_title": "COMMIT_OR_PR_TITLE",
            "ssh_clone_url": "git@github.com:kubewarden/policy-sdk-dotnet.git",
            "svn_url": "https://github.com/kubewarden/policy-sdk-dotnet",
            "template": [],
            "topics": [
              "csharp",
              "dotnet",
              "hacktoberfest",
              "kubernetes",
              "kubernetes-security",
              "kubewarden-policy-sdk",
              "policy-as-code",
              "webassembly"
            ],
            "visibility": "public",
            "vulnerability_alerts": true
          },
          "sensitive_attributes": [],
          "private": "eyJzY2hlbWFfdmVyc2lvbiI6IjEifQ=="
        }
      ]
    },
    {
      "module": "module.policy_sdk_repository_dotnet",
      "mode": "managed",
      "type": "github_team_repository",
      "name": "gh_team_push_rights",
      "provider": "provider[\"registry.terraform.io/integrations/github\"].kubewarden",
      "instances": [
        {
          "index_key": "4972867",
          "schema_version": 0,
          "attributes": {
            "etag": "W/\"7a413abdf1f7dc9b11a57ba4359a277735c9c2e71ff4f5e912b25a8c2ea68b22\"",
            "id": "4972867:policy-sdk-dotnet",
            "permission": "push",
            "repository": "policy-sdk-dotnet",
            "team_id": "4972867"
          },
          "sensitive_attributes": [],
          "private": "bnVsbA==",
          "dependencies": [
            "data.github_team.kubewarden_developers",
            "module.policy_sdk_repository_dotnet.github_repository.main"
          ]
        }
      ]
    },
    {
      "module": "module.policy_sdk_repository_go",
      "mode": "managed",
      "type": "github_app_installation_repository",
      "name": "app_dco",
      "provider": "provider[\"registry.terraform.io/integrations/github\"].kubewarden",
      "instances": [
        {
          "schema_version": 0,
          "attributes": {
            "id": "29141080:policy-sdk-go",
            "installation_id": "29141080",
            "repo_id": 349421874,
            "repository": "policy-sdk-go"
          },
          "sensitive_attributes": [],
          "private": "bnVsbA==",
          "dependencies": [
            "module.policy_sdk_repository_go.github_repository.main"
          ]
        }
      ]
    },
    {
      "module": "module.policy_sdk_repository_go",
      "mode": "managed",
      "type": "github_issue_label",
      "name": "label",
      "provider": "provider[\"registry.terraform.io/integrations/github\"].kubewarden",
      "instances": [
        {
          "index_key": "area/dependencies",
          "schema_version": 0,
          "attributes": {
            "color": "D3D7CF",
            "description": "",
            "etag": "W/\"b1238aac6ab2bfe64f5fe2a16ba3701a8c44171c0f9af6f9a692fcfc98133119\"",
            "id": "policy-sdk-go:area/dependencies",
            "name": "area/dependencies",
            "repository": "policy-sdk-go",
            "url": "https://api.github.com/repos/kubewarden/policy-sdk-go/labels/area/dependencies"
          },
          "sensitive_attributes": [],
          "private": "bnVsbA==",
          "dependencies": [
            "module.policy_sdk_repository_go.github_repository.main"
          ]
        },
        {
          "index_key": "good first issue",
          "schema_version": 0,
          "attributes": {
            "color": "7057ff",
            "description": "",
            "etag": "W/\"9f251ac4c4162f499af5a3a4e8ff356bfa05bad33f0c5f9e21d9f99278e27cd0\"",
            "id": "policy-sdk-go:good first issue",
            "name": "good first issue",
            "repository": "policy-sdk-go",
            "url": "https://api.github.com/repos/kubewarden/policy-sdk-go/labels/good%20first%20issue"
          },
          "sensitive_attributes": [],
          "private": "bnVsbA==",
          "dependencies": [
            "module.policy_sdk_repository_go.github_repository.main"
          ]
        },
        {
          "index_key": "help wanted",
          "schema_version": 0,
          "attributes": {
            "color": "f0ad4e",
            "description": "",
            "etag": "W/\"f63ea1655ebba616c1b1259bd9790624647a0219b9ae9bba61c10c0b976cbd1b\"",
            "id": "policy-sdk-go:help wanted",
            "name": "help wanted",
            "repository": "policy-sdk-go",
            "url": "https://api.github.com/repos/kubewarden/policy-sdk-go/labels/help%20wanted"
          },
          "sensitive_attributes": [],
          "private": "bnVsbA==",
          "dependencies": [
            "module.policy_sdk_repository_go.github_repository.main"
          ]
        },
        {
          "index_key": "kind/automation",
          "schema_version": 0,
          "attributes": {
            "color": "3465A4",
            "description": "",
            "etag": "W/\"b20ca81feb85164e8fbe0c30063a40aea96799182e8c6e8bbc224c6f1996e260\"",
            "id": "policy-sdk-go:kind/automation",
            "name": "kind/automation",
            "repository": "policy-sdk-go",
            "url": "https://api.github.com/repos/kubewarden/policy-sdk-go/labels/kind/automation"
          },
          "sensitive_attributes": [],
          "private": "bnVsbA==",
          "dependencies": [
            "module.policy_sdk_repository_go.github_repository.main"
          ]
        },
        {
          "index_key": "kind/breaking-change",
          "schema_version": 0,
          "attributes": {
            "color": "FCE94F",
            "description": "",
            "etag": "W/\"77f6fe7b97d6e019ef25ea1f99f85a0e2615644d53c8c1cd0554d114b1ac715d\"",
            "id": "policy-sdk-go:kind/breaking-change",
            "name": "kind/breaking-change",
            "repository": "policy-sdk-go",
            "url": "https://api.github.com/repos/kubewarden/policy-sdk-go/labels/kind/breaking-change"
          },
          "sensitive_attributes": [],
          "private": "bnVsbA==",
          "dependencies": [
            "module.policy_sdk_repository_go.github_repository.main"
          ]
        },
        {
          "index_key": "kind/bug",
          "schema_version": 0,
          "attributes": {
            "color": "EF2929",
            "description": "",
            "etag": "W/\"736df0c889a51c83241be7356faeaf1b7f4c3f244b97ce0e7cd34fa05c74ef91\"",
            "id": "policy-sdk-go:kind/bug",
            "name": "kind/bug",
            "repository": "policy-sdk-go",
            "url": "https://api.github.com/repos/kubewarden/policy-sdk-go/labels/kind/bug"
          },
          "sensitive_attributes": [],
          "private": "bnVsbA==",
          "dependencies": [
            "module.policy_sdk_repository_go.github_repository.main"
          ]
        },
        {
          "index_key": "kind/carryover",
          "schema_version": 0,
          "attributes": {
            "color": "8AE234",
            "description": "",
            "etag": "W/\"60cfa5c96c3549e626eb3a45fb1b96ee195c218cc71b14a9ac2dd258171f92ac\"",
            "id": "policy-sdk-go:kind/carryover",
            "name": "kind/carryover",
            "repository": "policy-sdk-go",
            "url": "https://api.github.com/repos/kubewarden/policy-sdk-go/labels/kind/carryover"
          },
          "sensitive_attributes": [],
          "private": "bnVsbA==",
          "dependencies": [
            "module.policy_sdk_repository_go.github_repository.main"
          ]
        },
        {
          "index_key": "kind/chore",
          "schema_version": 0,
          "attributes": {
            "color": "555753",
            "description": "",
            "etag": "W/\"1c193b526600d2d7d6583310599434ca63193791a4a0db22ed64913d06b47fc8\"",
            "id": "policy-sdk-go:kind/chore",
            "name": "kind/chore",
            "repository": "policy-sdk-go",
            "url": "https://api.github.com/repos/kubewarden/policy-sdk-go/labels/kind/chore"
          },
          "sensitive_attributes": [],
          "private": "bnVsbA==",
          "dependencies": [
            "module.policy_sdk_repository_go.github_repository.main"
          ]
        },
        {
          "index_key": "kind/enhancement",
          "schema_version": 0,
          "attributes": {
            "color": "06989A",
            "description": "",
            "etag": "W/\"b8318a17b4754b35231e0631658a18464590bde5b6a657564583ae70ec8b9965\"",
            "id": "policy-sdk-go:kind/enhancement",
            "name": "kind/enhancement",
            "repository": "policy-sdk-go",
            "url": "https://api.github.com/repos/kubewarden/policy-sdk-go/labels/kind/enhancement"
          },
          "sensitive_attributes": [],
          "private": "bnVsbA==",
          "dependencies": [
            "module.policy_sdk_repository_go.github_repository.main"
          ]
        },
        {
          "index_key": "kind/feature",
          "schema_version": 0,
          "attributes": {
            "color": "34E2E2",
            "description": "",
            "etag": "W/\"481d06532b79369903d58f52d6d79e7f3d9e944b54c8cd4d8c2b08c241411aa3\"",
            "id": "policy-sdk-go:kind/feature",
            "name": "kind/feature",
            "repository": "policy-sdk-go",
            "url": "https://api.github.com/repos/kubewarden/policy-sdk-go/labels/kind/feature"
          },
          "sensitive_attributes": [],
          "private": "bnVsbA==",
          "dependencies": [
            "module.policy_sdk_repository_go.github_repository.main"
          ]
        },
        {
          "index_key": "kind/question",
          "schema_version": 0,
          "attributes": {
            "color": "ad7fa8",
            "description": "",
            "etag": "W/\"30d4ab49af7e025f22ca83c178544fbf9dbfaf52750845d7cd740602b98bb974\"",
            "id": "policy-sdk-go:kind/question",
            "name": "kind/question",
            "repository": "policy-sdk-go",
            "url": "https://api.github.com/repos/kubewarden/policy-sdk-go/labels/kind/question"
          },
          "sensitive_attributes": [],
          "private": "bnVsbA==",
          "dependencies": [
            "module.policy_sdk_repository_go.github_repository.main"
          ]
        },
        {
          "index_key": "kind/tech-debt",
          "schema_version": 0,
          "attributes": {
            "color": "729FCF",
            "description": "",
            "etag": "W/\"5559abee92f0857b0e2c72cb286d3009ebadb95ae9f66781530c778361afbd30\"",
            "id": "policy-sdk-go:kind/tech-debt",
            "name": "kind/tech-debt",
            "repository": "policy-sdk-go",
            "url": "https://api.github.com/repos/kubewarden/policy-sdk-go/labels/kind/tech-debt"
          },
          "sensitive_attributes": [],
          "private": "bnVsbA==",
          "dependencies": [
            "module.policy_sdk_repository_go.github_repository.main"
          ]
        },
        {
          "index_key": "kind/to-be-refined",
          "schema_version": 0,
          "attributes": {
            "color": "B14FCF",
            "description": "",
            "etag": "W/\"e8ed6057c1232148c4e3e78dbd3f8e2ce77aecc8dac8ba19073477fc415444d1\"",
            "id": "policy-sdk-go:kind/to-be-refined",
            "name": "kind/to-be-refined",
            "repository": "policy-sdk-go",
            "url": "https://api.github.com/repos/kubewarden/policy-sdk-go/labels/kind/to-be-refined"
          },
          "sensitive_attributes": [],
          "private": "bnVsbA==",
          "dependencies": [
            "module.policy_sdk_repository_go.github_repository.main"
          ]
        },
        {
          "index_key": "release/major",
          "schema_version": 0,
          "attributes": {
            "color": "8AE234",
            "description": "",
            "etag": "W/\"827c91b75b75afd2bfcd77bb3fabf2b2fabe74edc5c50e41e4232e5f3da73a4c\"",
            "id": "policy-sdk-go:release/major",
            "name": "release/major",
            "repository": "policy-sdk-go",
            "url": "https://api.github.com/repos/kubewarden/policy-sdk-go/labels/release/major"
          },
          "sensitive_attributes": [],
          "private": "bnVsbA==",
          "dependencies": [
            "module.policy_sdk_repository_go.github_repository.main"
          ]
        },
        {
          "index_key": "release/minor",
          "schema_version": 0,
          "attributes": {
            "color": "4E9A06",
            "description": "",
            "etag": "W/\"1a98e16a91c40a64827d603e655112a2c0c00699daf482257d30287dbf08afbd\"",
            "id": "policy-sdk-go:release/minor",
            "name": "release/minor",
            "repository": "policy-sdk-go",
            "url": "https://api.github.com/repos/kubewarden/policy-sdk-go/labels/release/minor"
          },
          "sensitive_attributes": [],
          "private": "bnVsbA==",
          "dependencies": [
            "module.policy_sdk_repository_go.github_repository.main"
          ]
        },
        {
          "index_key": "release/patch",
          "schema_version": 0,
          "attributes": {
            "color": "aa6600",
            "description": "",
            "etag": "W/\"19fc028a29880eca60a49cf69b503dae1959ebbf3786233de3eb2b990fefeb6e\"",
            "id": "policy-sdk-go:release/patch",
            "name": "release/patch",
            "repository": "policy-sdk-go",
            "url": "https://api.github.com/repos/kubewarden/policy-sdk-go/labels/release/patch"
          },
          "sensitive_attributes": [],
          "private": "bnVsbA==",
          "dependencies": [
            "module.policy_sdk_repository_go.github_repository.main"
          ]
        },
        {
          "index_key": "release/skip-changelog",
          "schema_version": 0,
          "attributes": {
            "color": "77cc00",
            "description": "",
            "etag": "W/\"60155d24fcaf048af6df040109b55955654932f09be1ba1d0b79503322a76034\"",
            "id": "policy-sdk-go:release/skip-changelog",
            "name": "release/skip-changelog",
            "repository": "policy-sdk-go",
            "url": "https://api.github.com/repos/kubewarden/policy-sdk-go/labels/release/skip-changelog"
          },
          "sensitive_attributes": [],
          "private": "bnVsbA==",
          "dependencies": [
            "module.policy_sdk_repository_go.github_repository.main"
          ]
        }
      ]
    },
    {
      "module": "module.policy_sdk_repository_go",
      "mode": "managed",
      "type": "github_repository",
      "name": "main",
      "provider": "provider[\"registry.terraform.io/integrations/github\"].kubewarden",
      "instances": [
        {
          "schema_version": 1,
          "attributes": {
            "allow_auto_merge": false,
            "allow_merge_commit": true,
            "allow_rebase_merge": true,
            "allow_squash_merge": true,
            "allow_update_branch": false,
            "archive_on_destroy": null,
            "archived": false,
            "auto_init": false,
            "default_branch": "main",
            "delete_branch_on_merge": false,
            "description": "Kubewarden Policy SDK for the Go programming language",
            "etag": "W/\"a972a2ad04e865627143fd79e957678e0b82b1c305e661362e1d7c177afb0b2f\"",
            "full_name": "kubewarden/policy-sdk-go",
            "git_clone_url": "git://github.com/kubewarden/policy-sdk-go.git",
            "gitignore_template": null,
            "has_discussions": false,
            "has_downloads": true,
            "has_issues": true,
            "has_projects": false,
            "has_wiki": true,
            "homepage_url": "https://kubewarden.io",
            "html_url": "https://github.com/kubewarden/policy-sdk-go",
            "http_clone_url": "https://github.com/kubewarden/policy-sdk-go.git",
            "id": "policy-sdk-go",
            "ignore_vulnerability_alerts_during_read": null,
            "is_template": false,
            "license_template": null,
            "merge_commit_message": "PR_TITLE",
            "merge_commit_title": "MERGE_MESSAGE",
            "name": "policy-sdk-go",
            "node_id": "MDEwOlJlcG9zaXRvcnkzNDk0MjE4NzQ=",
            "pages": [],
            "primary_language": "Go",
            "private": false,
            "repo_id": 349421874,
            "security_and_analysis": [
              {
                "advanced_security": [],
                "secret_scanning": [
                  {
                    "status": "enabled"
                  }
                ],
                "secret_scanning_push_protection": [
                  {
                    "status": "disabled"
                  }
                ]
              }
            ],
            "squash_merge_commit_message": "COMMIT_MESSAGES",
            "squash_merge_commit_title": "COMMIT_OR_PR_TITLE",
            "ssh_clone_url": "git@github.com:kubewarden/policy-sdk-go.git",
            "svn_url": "https://github.com/kubewarden/policy-sdk-go",
            "template": [],
            "topics": [
              "go",
              "hacktoberfest",
              "kubernetes",
              "kubernetes-security",
              "kubewarden-policy-sdk",
              "policy-as-code",
              "tinygo",
              "webassembly"
            ],
            "visibility": "public",
            "vulnerability_alerts": true
          },
          "sensitive_attributes": [],
          "private": "eyJzY2hlbWFfdmVyc2lvbiI6IjEifQ=="
        }
      ]
    },
    {
      "module": "module.policy_sdk_repository_go",
      "mode": "managed",
      "type": "github_team_repository",
      "name": "gh_team_push_rights",
      "provider": "provider[\"registry.terraform.io/integrations/github\"].kubewarden",
      "instances": [
        {
          "index_key": "4972867",
          "schema_version": 0,
          "attributes": {
            "etag": "W/\"bfabb722744484cacccdaa514e00fed80547cfeea2995f6affb801b32a0d4f42\"",
            "id": "4972867:policy-sdk-go",
            "permission": "push",
            "repository": "policy-sdk-go",
            "team_id": "4972867"
          },
          "sensitive_attributes": [],
          "private": "bnVsbA==",
          "dependencies": [
            "data.github_team.kubewarden_developers",
            "module.policy_sdk_repository_go.github_repository.main"
          ]
        }
      ]
    },
    {
      "module": "module.policy_sdk_repository_js",
      "mode": "managed",
      "type": "github_app_installation_repository",
      "name": "app_dco",
      "provider": "provider[\"registry.terraform.io/integrations/github\"].kubewarden",
      "instances": [
        {
          "schema_version": 0,
          "attributes": {
            "id": "29141080:policy-sdk-js",
            "installation_id": "29141080",
            "repo_id": 932279216,
            "repository": "policy-sdk-js"
          },
          "sensitive_attributes": [],
          "private": "bnVsbA==",
          "dependencies": [
            "module.policy_sdk_repository_js.github_repository.main"
          ]
        }
      ]
    },
    {
      "module": "module.policy_sdk_repository_js",
      "mode": "managed",
      "type": "github_issue_label",
      "name": "label",
      "provider": "provider[\"registry.terraform.io/integrations/github\"].kubewarden",
      "instances": [
        {
          "index_key": "area/dependencies",
          "schema_version": 0,
          "attributes": {
            "color": "D3D7CF",
            "description": "",
            "etag": "W/\"141a67c7369758f7726f95ac1ee1f7f442f2fead63b445d7876a7dab7ba2599f\"",
            "id": "policy-sdk-js:area/dependencies",
            "name": "area/dependencies",
            "repository": "policy-sdk-js",
            "url": "https://api.github.com/repos/kubewarden/policy-sdk-js/labels/area/dependencies"
          },
          "sensitive_attributes": [],
          "private": "bnVsbA==",
          "dependencies": [
            "module.policy_sdk_repository_js.github_repository.main"
          ]
        },
        {
          "index_key": "good first issue",
          "schema_version": 0,
          "attributes": {
            "color": "7057ff",
            "description": "",
            "etag": "W/\"736a288e20add46205da2888d0ffbff0bcade7bb0b1c2e75294abafb3f720e4c\"",
            "id": "policy-sdk-js:good first issue",
            "name": "good first issue",
            "repository": "policy-sdk-js",
            "url": "https://api.github.com/repos/kubewarden/policy-sdk-js/labels/good%20first%20issue"
          },
          "sensitive_attributes": [],
          "private": "bnVsbA==",
          "dependencies": [
            "module.policy_sdk_repository_js.github_repository.main"
          ]
        },
        {
          "index_key": "help wanted",
          "schema_version": 0,
          "attributes": {
            "color": "f0ad4e",
            "description": "",
            "etag": "W/\"2c54635eee24fb8b3d4670c991a16b97c9821e7e7be8093aeb614031f5a4ee73\"",
            "id": "policy-sdk-js:help wanted",
            "name": "help wanted",
            "repository": "policy-sdk-js",
            "url": "https://api.github.com/repos/kubewarden/policy-sdk-js/labels/help%20wanted"
          },
          "sensitive_attributes": [],
          "private": "bnVsbA==",
          "dependencies": [
            "module.policy_sdk_repository_js.github_repository.main"
          ]
        },
        {
          "index_key": "kind/automation",
          "schema_version": 0,
          "attributes": {
            "color": "3465A4",
            "description": "",
            "etag": "W/\"839485bf2fd55e659add34e7b73442d72d3ffc479e9061b40d6223de4ed92d28\"",
            "id": "policy-sdk-js:kind/automation",
            "name": "kind/automation",
            "repository": "policy-sdk-js",
            "url": "https://api.github.com/repos/kubewarden/policy-sdk-js/labels/kind/automation"
          },
          "sensitive_attributes": [],
          "private": "bnVsbA==",
          "dependencies": [
            "module.policy_sdk_repository_js.github_repository.main"
          ]
        },
        {
          "index_key": "kind/breaking-change",
          "schema_version": 0,
          "attributes": {
            "color": "FCE94F",
            "description": "",
            "etag": "W/\"894ac92f056d72e63fbba3e391d5e31896bb62258aaba226a9887dae931b99aa\"",
            "id": "policy-sdk-js:kind/breaking-change",
            "name": "kind/breaking-change",
            "repository": "policy-sdk-js",
            "url": "https://api.github.com/repos/kubewarden/policy-sdk-js/labels/kind/breaking-change"
          },
          "sensitive_attributes": [],
          "private": "bnVsbA==",
          "dependencies": [
            "module.policy_sdk_repository_js.github_repository.main"
          ]
        },
        {
          "index_key": "kind/bug",
          "schema_version": 0,
          "attributes": {
            "color": "EF2929",
            "description": "",
            "etag": "W/\"2c2d0a61d595f6afd0adbd56ce19c74f5607dbe412432e1ac2ea0f10a83f9b04\"",
            "id": "policy-sdk-js:kind/bug",
            "name": "kind/bug",
            "repository": "policy-sdk-js",
            "url": "https://api.github.com/repos/kubewarden/policy-sdk-js/labels/kind/bug"
          },
          "sensitive_attributes": [],
          "private": "bnVsbA==",
          "dependencies": [
            "module.policy_sdk_repository_js.github_repository.main"
          ]
        },
        {
          "index_key": "kind/carryover",
          "schema_version": 0,
          "attributes": {
            "color": "8AE234",
            "description": "",
            "etag": "W/\"ca43abb168538e8cd71c1c35644e1d009f923c9f5cf441bd74d24fc235fc7eec\"",
            "id": "policy-sdk-js:kind/carryover",
            "name": "kind/carryover",
            "repository": "policy-sdk-js",
            "url": "https://api.github.com/repos/kubewarden/policy-sdk-js/labels/kind/carryover"
          },
          "sensitive_attributes": [],
          "private": "bnVsbA==",
          "dependencies": [
            "module.policy_sdk_repository_js.github_repository.main"
          ]
        },
        {
          "index_key": "kind/chore",
          "schema_version": 0,
          "attributes": {
            "color": "555753",
            "description": "",
            "etag": "W/\"a3fcb0588226989d18f1e66d352ea3c2e83a6fda80c03e8d403b0d4e6b7be06d\"",
            "id": "policy-sdk-js:kind/chore",
            "name": "kind/chore",
            "repository": "policy-sdk-js",
            "url": "https://api.github.com/repos/kubewarden/policy-sdk-js/labels/kind/chore"
          },
          "sensitive_attributes": [],
          "private": "bnVsbA==",
          "dependencies": [
            "module.policy_sdk_repository_js.github_repository.main"
          ]
        },
        {
          "index_key": "kind/enhancement",
          "schema_version": 0,
          "attributes": {
            "color": "06989A",
            "description": "",
            "etag": "W/\"c84d0049f398969e31506676213f61480bedb0bfb5d453cd2438f4b6de3a3c2d\"",
            "id": "policy-sdk-js:kind/enhancement",
            "name": "kind/enhancement",
            "repository": "policy-sdk-js",
            "url": "https://api.github.com/repos/kubewarden/policy-sdk-js/labels/kind/enhancement"
          },
          "sensitive_attributes": [],
          "private": "bnVsbA==",
          "dependencies": [
            "module.policy_sdk_repository_js.github_repository.main"
          ]
        },
        {
          "index_key": "kind/feature",
          "schema_version": 0,
          "attributes": {
            "color": "34E2E2",
            "description": "",
            "etag": "W/\"9902e95f8c838cb6b20cf64454735363d6a533c6ac6d9f3900f0fe160c512941\"",
            "id": "policy-sdk-js:kind/feature",
            "name": "kind/feature",
            "repository": "policy-sdk-js",
            "url": "https://api.github.com/repos/kubewarden/policy-sdk-js/labels/kind/feature"
          },
          "sensitive_attributes": [],
          "private": "bnVsbA==",
          "dependencies": [
            "module.policy_sdk_repository_js.github_repository.main"
          ]
        },
        {
          "index_key": "kind/question",
          "schema_version": 0,
          "attributes": {
            "color": "ad7fa8",
            "description": "",
            "etag": "W/\"eaa564cc631372ee039a1d65b97c2e5b7ffd8791b5018487bea040d923c6a415\"",
            "id": "policy-sdk-js:kind/question",
            "name": "kind/question",
            "repository": "policy-sdk-js",
            "url": "https://api.github.com/repos/kubewarden/policy-sdk-js/labels/kind/question"
          },
          "sensitive_attributes": [],
          "private": "bnVsbA==",
          "dependencies": [
            "module.policy_sdk_repository_js.github_repository.main"
          ]
        },
        {
          "index_key": "kind/tech-debt",
          "schema_version": 0,
          "attributes": {
            "color": "729FCF",
            "description": "",
            "etag": "W/\"9513cafd7a9719d6929b7419e67855e094cb48cfd6d9549e7a3c327dda7c6914\"",
            "id": "policy-sdk-js:kind/tech-debt",
            "name": "kind/tech-debt",
            "repository": "policy-sdk-js",
            "url": "https://api.github.com/repos/kubewarden/policy-sdk-js/labels/kind/tech-debt"
          },
          "sensitive_attributes": [],
          "private": "bnVsbA==",
          "dependencies": [
            "module.policy_sdk_repository_js.github_repository.main"
          ]
        },
        {
          "index_key": "kind/to-be-refined",
          "schema_version": 0,
          "attributes": {
            "color": "B14FCF",
            "description": "",
            "etag": "W/\"c7f47df08086292f3967ae40caddd23bad902a51d44d6b2a8ac7e12e18f27d90\"",
            "id": "policy-sdk-js:kind/to-be-refined",
            "name": "kind/to-be-refined",
            "repository": "policy-sdk-js",
            "url": "https://api.github.com/repos/kubewarden/policy-sdk-js/labels/kind/to-be-refined"
          },
          "sensitive_attributes": [],
          "private": "bnVsbA==",
          "dependencies": [
            "module.policy_sdk_repository_js.github_repository.main"
          ]
        },
        {
          "index_key": "release/major",
          "schema_version": 0,
          "attributes": {
            "color": "8AE234",
            "description": "",
            "etag": "W/\"cc028e2fc28cda246952ec7c61c60ac8bf5615994e8996fe5f2ea4c5e8aec170\"",
            "id": "policy-sdk-js:release/major",
            "name": "release/major",
            "repository": "policy-sdk-js",
            "url": "https://api.github.com/repos/kubewarden/policy-sdk-js/labels/release/major"
          },
          "sensitive_attributes": [],
          "private": "bnVsbA==",
          "dependencies": [
            "module.policy_sdk_repository_js.github_repository.main"
          ]
        },
        {
          "index_key": "release/minor",
          "schema_version": 0,
          "attributes": {
            "color": "4E9A06",
            "description": "",
            "etag": "W/\"68aaf5063e37daafc137121a2b7445a7d5a7ed687c9211ce1fad3d5114dac4c1\"",
            "id": "policy-sdk-js:release/minor",
            "name": "release/minor",
            "repository": "policy-sdk-js",
            "url": "https://api.github.com/repos/kubewarden/policy-sdk-js/labels/release/minor"
          },
          "sensitive_attributes": [],
          "private": "bnVsbA==",
          "dependencies": [
            "module.policy_sdk_repository_js.github_repository.main"
          ]
        },
        {
          "index_key": "release/patch",
          "schema_version": 0,
          "attributes": {
            "color": "aa6600",
            "description": "",
            "etag": "W/\"b63b9b2aa982e9d0e72d8383fe372874adb95c46f7da9c30258a880c9b6b112c\"",
            "id": "policy-sdk-js:release/patch",
            "name": "release/patch",
            "repository": "policy-sdk-js",
            "url": "https://api.github.com/repos/kubewarden/policy-sdk-js/labels/release/patch"
          },
          "sensitive_attributes": [],
          "private": "bnVsbA==",
          "dependencies": [
            "module.policy_sdk_repository_js.github_repository.main"
          ]
        },
        {
          "index_key": "release/skip-changelog",
          "schema_version": 0,
          "attributes": {
            "color": "77cc00",
            "description": "",
            "etag": "W/\"f46c668be0ffd3fce48281e5ee62a85789a2911c887a4ec97bf406d176153686\"",
            "id": "policy-sdk-js:release/skip-changelog",
            "name": "release/skip-changelog",
            "repository": "policy-sdk-js",
            "url": "https://api.github.com/repos/kubewarden/policy-sdk-js/labels/release/skip-changelog"
          },
          "sensitive_attributes": [],
          "private": "bnVsbA==",
          "dependencies": [
            "module.policy_sdk_repository_js.github_repository.main"
          ]
        }
      ]
    },
    {
      "module": "module.policy_sdk_repository_js",
      "mode": "managed",
      "type": "github_repository",
      "name": "main",
      "provider": "provider[\"registry.terraform.io/integrations/github\"].kubewarden",
      "instances": [
        {
          "schema_version": 1,
          "attributes": {
            "allow_auto_merge": false,
            "allow_merge_commit": true,
            "allow_rebase_merge": true,
            "allow_squash_merge": true,
            "allow_update_branch": false,
            "archive_on_destroy": null,
            "archived": false,
            "auto_init": false,
            "default_branch": "main",
            "delete_branch_on_merge": false,
            "description": "Experimental Kubewarden SDK for TypeScript and JavaScript",
            "etag": "W/\"c9d2088418d821184beb7fdb166718bb40c60576292b97df7caa94a5b785d34f\"",
            "full_name": "kubewarden/policy-sdk-js",
            "git_clone_url": "git://github.com/kubewarden/policy-sdk-js.git",
            "gitignore_template": null,
            "has_discussions": false,
            "has_downloads": true,
            "has_issues": true,
            "has_projects": false,
            "has_wiki": true,
            "homepage_url": "https://kubewarden.io",
            "html_url": "https://github.com/kubewarden/policy-sdk-js",
            "http_clone_url": "https://github.com/kubewarden/policy-sdk-js.git",
            "id": "policy-sdk-js",
            "ignore_vulnerability_alerts_during_read": null,
            "is_template": false,
            "license_template": null,
            "merge_commit_message": "PR_TITLE",
            "merge_commit_title": "MERGE_MESSAGE",
            "name": "policy-sdk-js",
            "node_id": "R_kgDON5FzsA",
            "pages": [],
            "primary_language": "TypeScript",
            "private": false,
            "repo_id": 932279216,
            "security_and_analysis": [
              {
                "advanced_security": [],
                "secret_scanning": [
                  {
                    "status": "enabled"
                  }
                ],
                "secret_scanning_push_protection": [
                  {
                    "status": "disabled"
                  }
                ]
              }
            ],
            "squash_merge_commit_message": "COMMIT_MESSAGES",
            "squash_merge_commit_title": "COMMIT_OR_PR_TITLE",
            "ssh_clone_url": "git@github.com:kubewarden/policy-sdk-js.git",
            "svn_url": "https://github.com/kubewarden/policy-sdk-js",
            "template": [],
            "topics": [
              "hacktoberfest",
              "javascript",
              "kubernetes",
              "kubernetes-security",
              "kubewarden-policy-sdk",
              "policy-as-code",
              "typescript",
              "webassembly"
            ],
            "visibility": "public",
            "vulnerability_alerts": true
          },
          "sensitive_attributes": [],
          "private": "eyJzY2hlbWFfdmVyc2lvbiI6IjEifQ=="
        }
      ]
    },
    {
      "module": "module.policy_sdk_repository_js",
      "mode": "managed",
      "type": "github_team_repository",
      "name": "gh_team_push_rights",
      "provider": "provider[\"registry.terraform.io/integrations/github\"].kubewarden",
      "instances": [
        {
          "index_key": "4972867",
          "schema_version": 0,
          "attributes": {
            "etag": "W/\"20cfb298afc8c8a525d8f7d8485dd7512dd5ea33720dfb4ae38d01b1f35e38b6\"",
            "id": "4972867:policy-sdk-js",
            "permission": "push",
            "repository": "policy-sdk-js",
            "team_id": "4972867"
          },
          "sensitive_attributes": [],
          "private": "bnVsbA==",
          "dependencies": [
            "data.github_team.kubewarden_developers",
            "module.policy_sdk_repository_js.github_repository.main"
          ]
        }
      ]
    },
    {
      "module": "module.policy_sdk_repository_rust",
      "mode": "managed",
      "type": "github_app_installation_repository",
      "name": "app_dco",
      "provider": "provider[\"registry.terraform.io/integrations/github\"].kubewarden",
      "instances": [
        {
          "schema_version": 0,
          "attributes": {
            "id": "29141080:policy-sdk-rust",
            "installation_id": "29141080",
            "repo_id": 346721596,
            "repository": "policy-sdk-rust"
          },
          "sensitive_attributes": [],
          "private": "bnVsbA==",
          "dependencies": [
            "module.policy_sdk_repository_rust.github_repository.main"
          ]
        }
      ]
    },
    {
      "module": "module.policy_sdk_repository_rust",
      "mode": "managed",
      "type": "github_issue_label",
      "name": "label",
      "provider": "provider[\"registry.terraform.io/integrations/github\"].kubewarden",
      "instances": [
        {
          "index_key": "area/dependencies",
          "schema_version": 0,
          "attributes": {
            "color": "D3D7CF",
            "description": "",
            "etag": "W/\"be9fd4b77411032765d2693a63b37e7ec50213648b6fbc791da99d7f944e6165\"",
            "id": "policy-sdk-rust:area/dependencies",
            "name": "area/dependencies",
            "repository": "policy-sdk-rust",
            "url": "https://api.github.com/repos/kubewarden/policy-sdk-rust/labels/area/dependencies"
          },
          "sensitive_attributes": [],
          "private": "bnVsbA==",
          "dependencies": [
            "module.policy_sdk_repository_rust.github_repository.main"
          ]
        },
        {
          "index_key": "good first issue",
          "schema_version": 0,
          "attributes": {
            "color": "7057ff",
            "description": "",
            "etag": "W/\"38a50397c4a1c4a1cbcd4bf594f4ef31a1ad16ac7be428db551b261108b01437\"",
            "id": "policy-sdk-rust:good first issue",
            "name": "good first issue",
            "repository": "policy-sdk-rust",
            "url": "https://api.github.com/repos/kubewarden/policy-sdk-rust/labels/good%20first%20issue"
          },
          "sensitive_attributes": [],
          "private": "bnVsbA==",
          "dependencies": [
            "module.policy_sdk_repository_rust.github_repository.main"
          ]
        },
        {
          "index_key": "help wanted",
          "schema_version": 0,
          "attributes": {
            "color": "f0ad4e",
            "description": "",
            "etag": "W/\"98ec4dc1ea04006821f81e7d83d0c6edf1ae0eaa4f0852ffdabd8a41756b09dd\"",
            "id": "policy-sdk-rust:help wanted",
            "name": "help wanted",
            "repository": "policy-sdk-rust",
            "url": "https://api.github.com/repos/kubewarden/policy-sdk-rust/labels/help%20wanted"
          },
          "sensitive_attributes": [],
          "private": "bnVsbA==",
          "dependencies": [
            "module.policy_sdk_repository_rust.github_repository.main"
          ]
        },
        {
          "index_key": "kind/automation",
          "schema_version": 0,
          "attributes": {
            "color": "3465A4",
            "description": "",
            "etag": "W/\"36f224fbb74c2668126f8f3d2603820809a7a7520d48d7f19285702fd7de674b\"",
            "id": "policy-sdk-rust:kind/automation",
            "name": "kind/automation",
            "repository": "policy-sdk-rust",
            "url": "https://api.github.com/repos/kubewarden/policy-sdk-rust/labels/kind/automation"
          },
          "sensitive_attributes": [],
          "private": "bnVsbA==",
          "dependencies": [
            "module.policy_sdk_repository_rust.github_repository.main"
          ]
        },
        {
          "index_key": "kind/breaking-change",
          "schema_version": 0,
          "attributes": {
            "color": "FCE94F",
            "description": "",
            "etag": "W/\"beb0e0ec42bc6d8f9e760b967106dafb5a8d929f129e80c2120d29127ea26121\"",
            "id": "policy-sdk-rust:kind/breaking-change",
            "name": "kind/breaking-change",
            "repository": "policy-sdk-rust",
            "url": "https://api.github.com/repos/kubewarden/policy-sdk-rust/labels/kind/breaking-change"
          },
          "sensitive_attributes": [],
          "private": "bnVsbA==",
          "dependencies": [
            "module.policy_sdk_repository_rust.github_repository.main"
          ]
        },
        {
          "index_key": "kind/bug",
          "schema_version": 0,
          "attributes": {
            "color": "EF2929",
            "description": "",
            "etag": "W/\"52ce1beb0f81b3db0ceac5bee784bd8247aa7b3800ae3dd46adc4bbbe5d2627b\"",
            "id": "policy-sdk-rust:kind/bug",
            "name": "kind/bug",
            "repository": "policy-sdk-rust",
            "url": "https://api.github.com/repos/kubewarden/policy-sdk-rust/labels/kind/bug"
          },
          "sensitive_attributes": [],
          "private": "bnVsbA==",
          "dependencies": [
            "module.policy_sdk_repository_rust.github_repository.main"
          ]
        },
        {
          "index_key": "kind/carryover",
          "schema_version": 0,
          "attributes": {
            "color": "8AE234",
            "description": "",
            "etag": "W/\"b0fa32866db74c27b7f858414a4b0b5f315a03121314bcb15a3be2da15bcc87a\"",
            "id": "policy-sdk-rust:kind/carryover",
            "name": "kind/carryover",
            "repository": "policy-sdk-rust",
            "url": "https://api.github.com/repos/kubewarden/policy-sdk-rust/labels/kind/carryover"
          },
          "sensitive_attributes": [],
          "private": "bnVsbA==",
          "dependencies": [
            "module.policy_sdk_repository_rust.github_repository.main"
          ]
        },
        {
          "index_key": "kind/chore",
          "schema_version": 0,
          "attributes": {
            "color": "555753",
            "description": "",
            "etag": "W/\"31f440b9f43e37719160492db33c58a824d885f14a5d52bfcac892d55d0a166c\"",
            "id": "policy-sdk-rust:kind/chore",
            "name": "kind/chore",
            "repository": "policy-sdk-rust",
            "url": "https://api.github.com/repos/kubewarden/policy-sdk-rust/labels/kind/chore"
          },
          "sensitive_attributes": [],
          "private": "bnVsbA==",
          "dependencies": [
            "module.policy_sdk_repository_rust.github_repository.main"
          ]
        },
        {
          "index_key": "kind/enhancement",
          "schema_version": 0,
          "attributes": {
            "color": "06989A",
            "description": "",
            "etag": "W/\"eed516e011bc8378210743813cebe138561bdc65c32e91c03a34db75994e63fd\"",
            "id": "policy-sdk-rust:kind/enhancement",
            "name": "kind/enhancement",
            "repository": "policy-sdk-rust",
            "url": "https://api.github.com/repos/kubewarden/policy-sdk-rust/labels/kind/enhancement"
          },
          "sensitive_attributes": [],
          "private": "bnVsbA==",
          "dependencies": [
            "module.policy_sdk_repository_rust.github_repository.main"
          ]
        },
        {
          "index_key": "kind/feature",
          "schema_version": 0,
          "attributes": {
            "color": "34E2E2",
            "description": "",
            "etag": "W/\"1760468c666ea17c1624fab531e1c48084b612da7bf3f40d32d413dbefd501aa\"",
            "id": "policy-sdk-rust:kind/feature",
            "name": "kind/feature",
            "repository": "policy-sdk-rust",
            "url": "https://api.github.com/repos/kubewarden/policy-sdk-rust/labels/kind/feature"
          },
          "sensitive_attributes": [],
          "private": "bnVsbA==",
          "dependencies": [
            "module.policy_sdk_repository_rust.github_repository.main"
          ]
        },
        {
          "index_key": "kind/question",
          "schema_version": 0,
          "attributes": {
            "color": "ad7fa8",
            "description": "",
            "etag": "W/\"c383e2ba135b6e550efb78c6b372a65ffb982af2ddaf9fc7755e369697cd38e8\"",
            "id": "policy-sdk-rust:kind/question",
            "name": "kind/question",
            "repository": "policy-sdk-rust",
            "url": "https://api.github.com/repos/kubewarden/policy-sdk-rust/labels/kind/question"
          },
          "sensitive_attributes": [],
          "private": "bnVsbA==",
          "dependencies": [
            "module.policy_sdk_repository_rust.github_repository.main"
          ]
        },
        {
          "index_key": "kind/tech-debt",
          "schema_version": 0,
          "attributes": {
            "color": "729FCF",
            "description": "",
            "etag": "W/\"6aacf3ee31cd24a1bb337f0a5afda943b9f364f2af243fc2492a8c93f7ec06d6\"",
            "id": "policy-sdk-rust:kind/tech-debt",
            "name": "kind/tech-debt",
            "repository": "policy-sdk-rust",
            "url": "https://api.github.com/repos/kubewarden/policy-sdk-rust/labels/kind/tech-debt"
          },
          "sensitive_attributes": [],
          "private": "bnVsbA==",
          "dependencies": [
            "module.policy_sdk_repository_rust.github_repository.main"
          ]
        },
        {
          "index_key": "kind/to-be-refined",
          "schema_version": 0,
          "attributes": {
            "color": "B14FCF",
            "description": "",
            "etag": "W/\"4d73ef4b83730a8b5b18686df8d549a259db04a885a56a802b042b96511eef26\"",
            "id": "policy-sdk-rust:kind/to-be-refined",
            "name": "kind/to-be-refined",
            "repository": "policy-sdk-rust",
            "url": "https://api.github.com/repos/kubewarden/policy-sdk-rust/labels/kind/to-be-refined"
          },
          "sensitive_attributes": [],
          "private": "bnVsbA==",
          "dependencies": [
            "module.policy_sdk_repository_rust.github_repository.main"
          ]
        },
        {
          "index_key": "release/major",
          "schema_version": 0,
          "attributes": {
            "color": "8AE234",
            "description": "",
            "etag": "W/\"597090cd6d6a0eeef5c00700f155548fe8bd6241d7153f7e289a7d41a366b87e\"",
            "id": "policy-sdk-rust:release/major",
            "name": "release/major",
            "repository": "policy-sdk-rust",
            "url": "https://api.github.com/repos/kubewarden/policy-sdk-rust/labels/release/major"
          },
          "sensitive_attributes": [],
          "private": "bnVsbA==",
          "dependencies": [
            "module.policy_sdk_repository_rust.github_repository.main"
          ]
        },
        {
          "index_key": "release/minor",
          "schema_version": 0,
          "attributes": {
            "color": "4E9A06",
            "description": "",
            "etag": "W/\"ce68453fbf42b2b03c02c4d3da593c9da7abf5c4a6580fa379afd2ceb42f98d6\"",
            "id": "policy-sdk-rust:release/minor",
            "name": "release/minor",
            "repository": "policy-sdk-rust",
            "url": "https://api.github.com/repos/kubewarden/policy-sdk-rust/labels/release/minor"
          },
          "sensitive_attributes": [],
          "private": "bnVsbA==",
          "dependencies": [
            "module.policy_sdk_repository_rust.github_repository.main"
          ]
        },
        {
          "index_key": "release/patch",
          "schema_version": 0,
          "attributes": {
            "color": "aa6600",
            "description": "",
            "etag": "W/\"1294233ce5f620b879b84d4c46236f1c011a2a20a14d9e730e5b59226868b6bb\"",
            "id": "policy-sdk-rust:release/patch",
            "name": "release/patch",
            "repository": "policy-sdk-rust",
            "url": "https://api.github.com/repos/kubewarden/policy-sdk-rust/labels/release/patch"
          },
          "sensitive_attributes": [],
          "private": "bnVsbA==",
          "dependencies": [
            "module.policy_sdk_repository_rust.github_repository.main"
          ]
        },
        {
          "index_key": "release/skip-changelog",
          "schema_version": 0,
          "attributes": {
            "color": "77cc00",
            "description": "",
            "etag": "W/\"7a276548ae71698cbd744b973fce686e2788188e10abb34c75da0eb1640c251b\"",
            "id": "policy-sdk-rust:release/skip-changelog",
            "name": "release/skip-changelog",
            "repository": "policy-sdk-rust",
            "url": "https://api.github.com/repos/kubewarden/policy-sdk-rust/labels/release/skip-changelog"
          },
          "sensitive_attributes": [],
          "private": "bnVsbA==",
          "dependencies": [
            "module.policy_sdk_repository_rust.github_repository.main"
          ]
        }
      ]
    },
    {
      "module": "module.policy_sdk_repository_rust",
      "mode": "managed",
      "type": "github_repository",
      "name": "main",
      "provider": "provider[\"registry.terraform.io/integrations/github\"].kubewarden",
      "instances": [
        {
          "schema_version": 1,
          "attributes": {
            "allow_auto_merge": false,
            "allow_merge_commit": true,
            "allow_rebase_merge": true,
            "allow_squash_merge": true,
            "allow_update_branch": false,
            "archive_on_destroy": null,
            "archived": false,
            "auto_init": false,
            "default_branch": "main",
            "delete_branch_on_merge": false,
            "description": "Kubewarden Policy SDK for the Rust programming language",
            "etag": "W/\"835170c6d1aabc9ba531ea8037580c8bcf634c789bdd1be8575a7e22dbccc8f6\"",
            "full_name": "kubewarden/policy-sdk-rust",
            "git_clone_url": "git://github.com/kubewarden/policy-sdk-rust.git",
            "gitignore_template": null,
            "has_discussions": false,
            "has_downloads": true,
            "has_issues": true,
            "has_projects": false,
            "has_wiki": true,
            "homepage_url": "https://kubewarden.io",
            "html_url": "https://github.com/kubewarden/policy-sdk-rust",
            "http_clone_url": "https://github.com/kubewarden/policy-sdk-rust.git",
            "id": "policy-sdk-rust",
            "ignore_vulnerability_alerts_during_read": null,
            "is_template": false,
            "license_template": null,
            "merge_commit_message": "PR_TITLE",
            "merge_commit_title": "MERGE_MESSAGE",
            "name": "policy-sdk-rust",
            "node_id": "MDEwOlJlcG9zaXRvcnkzNDY3MjE1OTY=",
            "pages": [],
            "primary_language": "Rust",
            "private": false,
            "repo_id": 346721596,
            "security_and_analysis": [
              {
                "advanced_security": [],
                "secret_scanning": [
                  {
                    "status": "enabled"
                  }
                ],
                "secret_scanning_push_protection": [
                  {
                    "status": "disabled"
                  }
                ]
              }
            ],
            "squash_merge_commit_message": "COMMIT_MESSAGES",
            "squash_merge_commit_title": "COMMIT_OR_PR_TITLE",
            "ssh_clone_url": "git@github.com:kubewarden/policy-sdk-rust.git",
            "svn_url": "https://github.com/kubewarden/policy-sdk-rust",
            "template": [],
            "topics": [
              "hacktoberfest",
              "kubernetes",
              "kubernetes-security",
              "kubewarden-policy-sdk",
              "policy-as-code",
              "rust",
              "rust-language",
              "webassembly"
            ],
            "visibility": "public",
            "vulnerability_alerts": true
          },
          "sensitive_attributes": [],
          "private": "eyJzY2hlbWFfdmVyc2lvbiI6IjEifQ=="
        }
      ]
    },
    {
      "module": "module.policy_sdk_repository_rust",
      "mode": "managed",
      "type": "github_team_repository",
      "name": "gh_team_push_rights",
      "provider": "provider[\"registry.terraform.io/integrations/github\"].kubewarden",
      "instances": [
        {
          "index_key": "4972867",
          "schema_version": 0,
          "attributes": {
            "etag": "W/\"d9bb02ddfd005ba9abe5d5f88d932d08bf89417e8e05f2154133dc9183a77149\"",
            "id": "4972867:policy-sdk-rust",
            "permission": "push",
            "repository": "policy-sdk-rust",
            "team_id": "4972867"
          },
          "sensitive_attributes": [],
          "private": "bnVsbA==",
          "dependencies": [
            "data.github_team.kubewarden_developers",
            "module.policy_sdk_repository_rust.github_repository.main"
          ]
        }
      ]
    },
    {
      "module": "module.policy_sdk_repository_swift",
      "mode": "managed",
      "type": "github_app_installation_repository",
      "name": "app_dco",
      "provider": "provider[\"registry.terraform.io/integrations/github\"].kubewarden",
      "instances": [
        {
          "schema_version": 0,
          "attributes": {
            "id": "29141080:policy-sdk-swift",
            "installation_id": "29141080",
            "repo_id": 362066512,
            "repository": "policy-sdk-swift"
          },
          "sensitive_attributes": [],
          "private": "bnVsbA==",
          "dependencies": [
            "module.policy_sdk_repository_swift.github_repository.main"
          ]
        }
      ]
    },
    {
      "module": "module.policy_sdk_repository_swift",
      "mode": "managed",
      "type": "github_issue_label",
      "name": "label",
      "provider": "provider[\"registry.terraform.io/integrations/github\"].kubewarden",
      "instances": [
        {
          "index_key": "area/dependencies",
          "schema_version": 0,
          "attributes": {
            "color": "D3D7CF",
            "description": "",
            "etag": "W/\"b90bfc10ad0a8b91c1c4b078b2c5a688e2954b120fdc1b7e8a8d5732e6a540bb\"",
            "id": "policy-sdk-swift:area/dependencies",
            "name": "area/dependencies",
            "repository": "policy-sdk-swift",
            "url": "https://api.github.com/repos/kubewarden/policy-sdk-swift/labels/area/dependencies"
          },
          "sensitive_attributes": [],
          "private": "bnVsbA==",
          "dependencies": [
            "module.policy_sdk_repository_swift.github_repository.main"
          ]
        },
        {
          "index_key": "good first issue",
          "schema_version": 0,
          "attributes": {
            "color": "7057ff",
            "description": "",
            "etag": "W/\"1a0f5d90125c2ef73dab0b907af959d2bdc24118fa70d18c7b70399d42129d4a\"",
            "id": "policy-sdk-swift:good first issue",
            "name": "good first issue",
            "repository": "policy-sdk-swift",
            "url": "https://api.github.com/repos/kubewarden/policy-sdk-swift/labels/good%20first%20issue"
          },
          "sensitive_attributes": [],
          "private": "bnVsbA==",
          "dependencies": [
            "module.policy_sdk_repository_swift.github_repository.main"
          ]
        },
        {
          "index_key": "help wanted",
          "schema_version": 0,
          "attributes": {
            "color": "f0ad4e",
            "description": "",
            "etag": "W/\"690fbac2f91feb8213777e2168d353c3251f537d591366265a075271a52b55a4\"",
            "id": "policy-sdk-swift:help wanted",
            "name": "help wanted",
            "repository": "policy-sdk-swift",
            "url": "https://api.github.com/repos/kubewarden/policy-sdk-swift/labels/help%20wanted"
          },
          "sensitive_attributes": [],
          "private": "bnVsbA==",
          "dependencies": [
            "module.policy_sdk_repository_swift.github_repository.main"
          ]
        },
        {
          "index_key": "kind/automation",
          "schema_version": 0,
          "attributes": {
            "color": "3465A4",
            "description": "",
            "etag": "W/\"41cac52a995025bdc5b8574d75d99eb90ff98756f6fd2e2e133aac8c679c0b42\"",
            "id": "policy-sdk-swift:kind/automation",
            "name": "kind/automation",
            "repository": "policy-sdk-swift",
            "url": "https://api.github.com/repos/kubewarden/policy-sdk-swift/labels/kind/automation"
          },
          "sensitive_attributes": [],
          "private": "bnVsbA==",
          "dependencies": [
            "module.policy_sdk_repository_swift.github_repository.main"
          ]
        },
        {
          "index_key": "kind/breaking-change",
          "schema_version": 0,
          "attributes": {
            "color": "FCE94F",
            "description": "",
            "etag": "W/\"98feb36d775dc7e5a66010d833340a32583d0e1df67884731e45c3afe99f19ae\"",
            "id": "policy-sdk-swift:kind/breaking-change",
            "name": "kind/breaking-change",
            "repository": "policy-sdk-swift",
            "url": "https://api.github.com/repos/kubewarden/policy-sdk-swift/labels/kind/breaking-change"
          },
          "sensitive_attributes": [],
          "private": "bnVsbA==",
          "dependencies": [
            "module.policy_sdk_repository_swift.github_repository.main"
          ]
        },
        {
          "index_key": "kind/bug",
          "schema_version": 0,
          "attributes": {
            "color": "EF2929",
            "description": "",
            "etag": "W/\"200db3fe9946b80143c5cb510b4725c85e5467c5113a8c85348a127035452ca2\"",
            "id": "policy-sdk-swift:kind/bug",
            "name": "kind/bug",
            "repository": "policy-sdk-swift",
            "url": "https://api.github.com/repos/kubewarden/policy-sdk-swift/labels/kind/bug"
          },
          "sensitive_attributes": [],
          "private": "bnVsbA==",
          "dependencies": [
            "module.policy_sdk_repository_swift.github_repository.main"
          ]
        },
        {
          "index_key": "kind/carryover",
          "schema_version": 0,
          "attributes": {
            "color": "8AE234",
            "description": "",
            "etag": "W/\"92e01c0f7aae0beb10561c34e0066ae80d950d508f9e6d3de40d1234e18d42fd\"",
            "id": "policy-sdk-swift:kind/carryover",
            "name": "kind/carryover",
            "repository": "policy-sdk-swift",
            "url": "https://api.github.com/repos/kubewarden/policy-sdk-swift/labels/kind/carryover"
          },
          "sensitive_attributes": [],
          "private": "bnVsbA==",
          "dependencies": [
            "module.policy_sdk_repository_swift.github_repository.main"
          ]
        },
        {
          "index_key": "kind/chore",
          "schema_version": 0,
          "attributes": {
            "color": "555753",
            "description": "",
            "etag": "W/\"acad54d7fe7f87ecaac95746291ad71dc76a714175a4b0cdc0f3a9acd422cbd3\"",
            "id": "policy-sdk-swift:kind/chore",
            "name": "kind/chore",
            "repository": "policy-sdk-swift",
            "url": "https://api.github.com/repos/kubewarden/policy-sdk-swift/labels/kind/chore"
          },
          "sensitive_attributes": [],
          "private": "bnVsbA==",
          "dependencies": [
            "module.policy_sdk_repository_swift.github_repository.main"
          ]
        },
        {
          "index_key": "kind/enhancement",
          "schema_version": 0,
          "attributes": {
            "color": "06989A",
            "description": "",
            "etag": "W/\"f51d2ae93fb14efed7343ea80d1468790046a75aa592857e503ea77d498591f7\"",
            "id": "policy-sdk-swift:kind/enhancement",
            "name": "kind/enhancement",
            "repository": "policy-sdk-swift",
            "url": "https://api.github.com/repos/kubewarden/policy-sdk-swift/labels/kind/enhancement"
          },
          "sensitive_attributes": [],
          "private": "bnVsbA==",
          "dependencies": [
            "module.policy_sdk_repository_swift.github_repository.main"
          ]
        },
        {
          "index_key": "kind/feature",
          "schema_version": 0,
          "attributes": {
            "color": "34E2E2",
            "description": "",
            "etag": "W/\"eb19c2642299f1302f1655baed10fe0068231458d15247ee91a4891bdd707ce5\"",
            "id": "policy-sdk-swift:kind/feature",
            "name": "kind/feature",
            "repository": "policy-sdk-swift",
            "url": "https://api.github.com/repos/kubewarden/policy-sdk-swift/labels/kind/feature"
          },
          "sensitive_attributes": [],
          "private": "bnVsbA==",
          "dependencies": [
            "module.policy_sdk_repository_swift.github_repository.main"
          ]
        },
        {
          "index_key": "kind/question",
          "schema_version": 0,
          "attributes": {
            "color": "ad7fa8",
            "description": "",
            "etag": "W/\"94709b1db48fa49037f12e78e5dafae82436147010da48d20d6be49ed176dfcd\"",
            "id": "policy-sdk-swift:kind/question",
            "name": "kind/question",
            "repository": "policy-sdk-swift",
            "url": "https://api.github.com/repos/kubewarden/policy-sdk-swift/labels/kind/question"
          },
          "sensitive_attributes": [],
          "private": "bnVsbA==",
          "dependencies": [
            "module.policy_sdk_repository_swift.github_repository.main"
          ]
        },
        {
          "index_key": "kind/tech-debt",
          "schema_version": 0,
          "attributes": {
            "color": "729FCF",
            "description": "",
            "etag": "W/\"ddaee3c215d98a07d2905ea3f402b94756ce560ad14656f602ab0aed27f57dde\"",
            "id": "policy-sdk-swift:kind/tech-debt",
            "name": "kind/tech-debt",
            "repository": "policy-sdk-swift",
            "url": "https://api.github.com/repos/kubewarden/policy-sdk-swift/labels/kind/tech-debt"
          },
          "sensitive_attributes": [],
          "private": "bnVsbA==",
          "dependencies": [
            "module.policy_sdk_repository_swift.github_repository.main"
          ]
        },
        {
          "index_key": "kind/to-be-refined",
          "schema_version": 0,
          "attributes": {
            "color": "B14FCF",
            "description": "",
            "etag": "W/\"7a6a0ea296a9cf91c02db704508d162429c9a2555ae622a4edbcf457f9209fb5\"",
            "id": "policy-sdk-swift:kind/to-be-refined",
            "name": "kind/to-be-refined",
            "repository": "policy-sdk-swift",
            "url": "https://api.github.com/repos/kubewarden/policy-sdk-swift/labels/kind/to-be-refined"
          },
          "sensitive_attributes": [],
          "private": "bnVsbA==",
          "dependencies": [
            "module.policy_sdk_repository_swift.github_repository.main"
          ]
        },
        {
          "index_key": "release/major",
          "schema_version": 0,
          "attributes": {
            "color": "8AE234",
            "description": "",
            "etag": "W/\"7e6de2d51dfc263b2c5782154612db7bc7abbbf460dc08e361c2ad0deff40823\"",
            "id": "policy-sdk-swift:release/major",
            "name": "release/major",
            "repository": "policy-sdk-swift",
            "url": "https://api.github.com/repos/kubewarden/policy-sdk-swift/labels/release/major"
          },
          "sensitive_attributes": [],
          "private": "bnVsbA==",
          "dependencies": [
            "module.policy_sdk_repository_swift.github_repository.main"
          ]
        },
        {
          "index_key": "release/minor",
          "schema_version": 0,
          "attributes": {
            "color": "4E9A06",
            "description": "",
            "etag": "W/\"1286c998e442dc1a62cc0d30e88caff82622c50901f0fd7471ad6dfc73fa58f3\"",
            "id": "policy-sdk-swift:release/minor",
            "name": "release/minor",
            "repository": "policy-sdk-swift",
            "url": "https://api.github.com/repos/kubewarden/policy-sdk-swift/labels/release/minor"
          },
          "sensitive_attributes": [],
          "private": "bnVsbA==",
          "dependencies": [
            "module.policy_sdk_repository_swift.github_repository.main"
          ]
        },
        {
          "index_key": "release/patch",
          "schema_version": 0,
          "attributes": {
            "color": "aa6600",
            "description": "",
            "etag": "W/\"d819118580211fc4bffc737193e810d872e5826f39f39b752e261b67e3d6493a\"",
            "id": "policy-sdk-swift:release/patch",
            "name": "release/patch",
            "repository": "policy-sdk-swift",
            "url": "https://api.github.com/repos/kubewarden/policy-sdk-swift/labels/release/patch"
          },
          "sensitive_attributes": [],
          "private": "bnVsbA==",
          "dependencies": [
            "module.policy_sdk_repository_swift.github_repository.main"
          ]
        },
        {
          "index_key": "release/skip-changelog",
          "schema_version": 0,
          "attributes": {
            "color": "77cc00",
            "description": "",
            "etag": "W/\"f9c2c1e27eb0eb51f043d26e4d96ae6ad5787c839792acf3c9a7883efb453cba\"",
            "id": "policy-sdk-swift:release/skip-changelog",
            "name": "release/skip-changelog",
            "repository": "policy-sdk-swift",
            "url": "https://api.github.com/repos/kubewarden/policy-sdk-swift/labels/release/skip-changelog"
          },
          "sensitive_attributes": [],
          "private": "bnVsbA==",
          "dependencies": [
            "module.policy_sdk_repository_swift.github_repository.main"
          ]
        }
      ]
    },
    {
      "module": "module.policy_sdk_repository_swift",
      "mode": "managed",
      "type": "github_repository",
      "name": "main",
      "provider": "provider[\"registry.terraform.io/integrations/github\"].kubewarden",
      "instances": [
        {
          "schema_version": 1,
          "attributes": {
            "allow_auto_merge": false,
            "allow_merge_commit": true,
            "allow_rebase_merge": true,
            "allow_squash_merge": true,
            "allow_update_branch": false,
            "archive_on_destroy": null,
            "archived": false,
            "auto_init": false,
            "default_branch": "main",
            "delete_branch_on_merge": false,
            "description": "Kubewarden Policy SDK for the Swift programming language",
            "etag": "W/\"e3a085cd6e5be1981a3423dc7c46b3ea742ddffaa49e908ca065ad2387953b1f\"",
            "full_name": "kubewarden/policy-sdk-swift",
            "git_clone_url": "git://github.com/kubewarden/policy-sdk-swift.git",
            "gitignore_template": null,
            "has_discussions": false,
            "has_downloads": true,
            "has_issues": true,
            "has_projects": false,
            "has_wiki": true,
            "homepage_url": "https://kubewarden.github.io/policy-sdk-swift/",
            "html_url": "https://github.com/kubewarden/policy-sdk-swift",
            "http_clone_url": "https://github.com/kubewarden/policy-sdk-swift.git",
            "id": "policy-sdk-swift",
            "ignore_vulnerability_alerts_during_read": null,
            "is_template": false,
            "license_template": null,
            "merge_commit_message": "PR_TITLE",
            "merge_commit_title": "MERGE_MESSAGE",
            "name": "policy-sdk-swift",
            "node_id": "MDEwOlJlcG9zaXRvcnkzNjIwNjY1MTI=",
            "pages": [
              {
                "build_type": "legacy",
                "cname": "",
                "custom_404": false,
                "html_url": "https://kubewarden.github.io/policy-sdk-swift/",
                "source": [
                  {
                    "branch": "gh-pages",
                    "path": "/"
                  }
                ],
                "status": "built",
                "url": "https://api.github.com/repos/kubewarden/policy-sdk-swift/pages"
              }
            ],
            "primary_language": "Swift",
            "private": false,
            "repo_id": 362066512,
            "security_and_analysis": [
              {
                "advanced_security": [],
                "secret_scanning": [
                  {
                    "status": "enabled"
                  }
                ],
                "secret_scanning_push_protection": [
                  {
                    "status": "disabled"
                  }
                ]
              }
            ],
            "squash_merge_commit_message": "COMMIT_MESSAGES",
            "squash_merge_commit_title": "COMMIT_OR_PR_TITLE",
            "ssh_clone_url": "git@github.com:kubewarden/policy-sdk-swift.git",
            "svn_url": "https://github.com/kubewarden/policy-sdk-swift",
            "template": [],
            "topics": [
              "hacktoberfest",
              "kubernetes",
              "kubernetes-security",
              "kubewarden-policy-sdk",
              "policy-as-code",
              "swift",
              "webassembly"
            ],
            "visibility": "public",
            "vulnerability_alerts": true
          },
          "sensitive_attributes": [],
          "private": "eyJzY2hlbWFfdmVyc2lvbiI6IjEifQ=="
        }
      ]
    },
    {
      "module": "module.policy_sdk_repository_swift",
      "mode": "managed",
      "type": "github_team_repository",
      "name": "gh_team_push_rights",
      "provider": "provider[\"registry.terraform.io/integrations/github\"].kubewarden",
      "instances": [
        {
          "index_key": "4972867",
          "schema_version": 0,
          "attributes": {
            "etag": "W/\"9b8dcb8d036bb1d756464eae3974e3a2531fb7183ba11eed48548616523d9479\"",
            "id": "4972867:policy-sdk-swift",
            "permission": "push",
            "repository": "policy-sdk-swift",
            "team_id": "4972867"
          },
          "sensitive_attributes": [],
          "private": "bnVsbA==",
          "dependencies": [
            "data.github_team.kubewarden_developers",
            "module.policy_sdk_repository_swift.github_repository.main"
          ]
        }
      ]
    },
    {
      "module": "module.policy_template_repository_dotnet",
      "mode": "managed",
      "type": "github_repository",
      "name": "main",
      "provider": "provider[\"registry.terraform.io/integrations/github\"].kubewarden",
      "instances": [
        {
          "schema_version": 1,
          "attributes": {
            "allow_auto_merge": false,
            "allow_merge_commit": true,
            "allow_rebase_merge": true,
            "allow_squash_merge": true,
            "allow_update_branch": false,
            "archive_on_destroy": null,
            "archived": false,
            "auto_init": null,
            "default_branch": "main",
            "delete_branch_on_merge": false,
            "description": "A template repository to quickly scaffold a Kubewarden policy written with C#",
            "etag": "W/\"da13016530b9e905f2f2eb556a777774c8f4529b3c1b0062a78756047aa7121a\"",
            "full_name": "kubewarden/dotnet-policy-template",
            "git_clone_url": "git://github.com/kubewarden/dotnet-policy-template.git",
            "gitignore_template": null,
            "has_discussions": false,
            "has_downloads": false,
            "has_issues": true,
            "has_projects": false,
            "has_wiki": true,
            "homepage_url": "https://kubewarden.io",
            "html_url": "https://github.com/kubewarden/dotnet-policy-template",
            "http_clone_url": "https://github.com/kubewarden/dotnet-policy-template.git",
            "id": "dotnet-policy-template",
            "ignore_vulnerability_alerts_during_read": null,
            "is_template": true,
            "license_template": null,
            "merge_commit_message": "PR_TITLE",
            "merge_commit_title": "MERGE_MESSAGE",
            "name": "dotnet-policy-template",
            "node_id": "R_kgDOKwL5og",
            "pages": [],
            "primary_language": "",
            "private": false,
            "repo_id": 721615266,
            "security_and_analysis": [
              {
                "advanced_security": [],
                "secret_scanning": [
                  {
                    "status": "enabled"
                  }
                ],
                "secret_scanning_push_protection": [
                  {
                    "status": "disabled"
                  }
                ]
              }
            ],
            "squash_merge_commit_message": "COMMIT_MESSAGES",
            "squash_merge_commit_title": "COMMIT_OR_PR_TITLE",
            "ssh_clone_url": "git@github.com:kubewarden/dotnet-policy-template.git",
            "svn_url": "https://github.com/kubewarden/dotnet-policy-template",
            "template": [],
            "topics": [
              "dotnet",
              "hacktoberfest",
              "kubernetes",
              "kubernetes-security",
              "kubewarden-policy-template",
              "policy-as-code",
              "webassembly"
            ],
            "visibility": "public",
            "vulnerability_alerts": true
          },
          "sensitive_attributes": [],
          "private": "eyJzY2hlbWFfdmVyc2lvbiI6IjEifQ=="
        }
      ]
    },
    {
      "module": "module.policy_template_repository_dotnet",
      "mode": "managed",
      "type": "github_team_repository",
      "name": "gh_team_push_rights",
      "provider": "provider[\"registry.terraform.io/integrations/github\"].kubewarden",
      "instances": [
        {
          "index_key": "4972867",
          "schema_version": 0,
          "attributes": {
            "etag": "W/\"f1572b9247eaf65a54f2f81330315e28fe7041f11442f53d9da9c72347f2211d\"",
            "id": "4972867:dotnet-policy-template",
            "permission": "push",
            "repository": "dotnet-policy-template",
            "team_id": "4972867"
          },
          "sensitive_attributes": [],
          "private": "bnVsbA==",
          "dependencies": [
            "data.github_team.kubewarden_developers",
            "module.policy_template_repository_dotnet.github_repository.main"
          ]
        }
      ]
    },
    {
      "module": "module.policy_template_repository_gatekeeper",
      "mode": "managed",
      "type": "github_repository",
      "name": "main",
      "provider": "provider[\"registry.terraform.io/integrations/github\"].kubewarden",
      "instances": [
        {
          "schema_version": 1,
          "attributes": {
            "allow_auto_merge": false,
            "allow_merge_commit": true,
            "allow_rebase_merge": true,
            "allow_squash_merge": true,
            "allow_update_branch": false,
            "archive_on_destroy": null,
            "archived": false,
            "auto_init": false,
            "default_branch": "main",
            "delete_branch_on_merge": false,
            "description": "A template repository to quickly port a Gatekeeper policy to Kubewarden",
            "etag": "W/\"05bd31f39843631a9a9f0ced54207706560c1626c2e51b53fc1e5329ef7d69bf\"",
            "full_name": "kubewarden/gatekeeper-policy-template",
            "git_clone_url": "git://github.com/kubewarden/gatekeeper-policy-template.git",
            "gitignore_template": null,
            "has_discussions": false,
            "has_downloads": false,
            "has_issues": true,
            "has_projects": false,
            "has_wiki": true,
            "homepage_url": "https://kubewarden.io",
            "html_url": "https://github.com/kubewarden/gatekeeper-policy-template",
            "http_clone_url": "https://github.com/kubewarden/gatekeeper-policy-template.git",
            "id": "gatekeeper-policy-template",
            "ignore_vulnerability_alerts_during_read": null,
            "is_template": true,
            "license_template": null,
            "merge_commit_message": "PR_TITLE",
            "merge_commit_title": "MERGE_MESSAGE",
            "name": "gatekeeper-policy-template",
            "node_id": "R_kgDOGGRO1w",
            "pages": [],
            "primary_language": "Makefile",
            "private": false,
            "repo_id": 409226967,
            "security_and_analysis": [
              {
                "advanced_security": [],
                "secret_scanning": [
                  {
                    "status": "enabled"
                  }
                ],
                "secret_scanning_push_protection": [
                  {
                    "status": "disabled"
                  }
                ]
              }
            ],
            "squash_merge_commit_message": "COMMIT_MESSAGES",
            "squash_merge_commit_title": "COMMIT_OR_PR_TITLE",
            "ssh_clone_url": "git@github.com:kubewarden/gatekeeper-policy-template.git",
            "svn_url": "https://github.com/kubewarden/gatekeeper-policy-template",
            "template": [],
            "topics": [
              "gatekeeper",
              "gatekeeper-policies",
              "gatekeeper-v2",
              "hacktoberfest",
              "kubernetes",
              "kubernetes-security",
              "kubewarden-policy-template",
              "policy-as-code",
              "rego",
              "webassembly"
            ],
            "visibility": "public",
            "vulnerability_alerts": true
          },
          "sensitive_attributes": [],
          "private": "eyJzY2hlbWFfdmVyc2lvbiI6IjEifQ=="
        }
      ]
    },
    {
      "module": "module.policy_template_repository_gatekeeper",
      "mode": "managed",
      "type": "github_team_repository",
      "name": "gh_team_push_rights",
      "provider": "provider[\"registry.terraform.io/integrations/github\"].kubewarden",
      "instances": [
        {
          "index_key": "4972867",
          "schema_version": 0,
          "attributes": {
            "etag": "W/\"880dd553cd7d9451028bbcd4386e7c87bc61ad4d5ac8df751f6315e0e536045f\"",
            "id": "4972867:gatekeeper-policy-template",
            "permission": "push",
            "repository": "gatekeeper-policy-template",
            "team_id": "4972867"
          },
          "sensitive_attributes": [],
          "private": "bnVsbA==",
          "dependencies": [
            "data.github_team.kubewarden_developers",
            "module.policy_template_repository_gatekeeper.github_repository.main"
          ]
        }
      ]
    },
    {
      "module": "module.policy_template_repository_go",
      "mode": "managed",
      "type": "github_repository",
      "name": "main",
      "provider": "provider[\"registry.terraform.io/integrations/github\"].kubewarden",
      "instances": [
        {
          "schema_version": 1,
          "attributes": {
            "allow_auto_merge": false,
            "allow_merge_commit": true,
            "allow_rebase_merge": true,
            "allow_squash_merge": true,
            "allow_update_branch": false,
            "archive_on_destroy": null,
            "archived": false,
            "auto_init": false,
            "default_branch": "main",
            "delete_branch_on_merge": false,
            "description": "A template repository to quickly scaffold a Kubewarden policy written with Go language",
            "etag": "W/\"0b2e8f4b81949f02597db5bd8a6de7d3e81354941733403b48a4aecacedf1c6a\"",
            "full_name": "kubewarden/go-policy-template",
            "git_clone_url": "git://github.com/kubewarden/go-policy-template.git",
            "gitignore_template": null,
            "has_discussions": false,
            "has_downloads": false,
            "has_issues": true,
            "has_projects": false,
            "has_wiki": true,
            "homepage_url": "https://kubewarden.io",
            "html_url": "https://github.com/kubewarden/go-policy-template",
            "http_clone_url": "https://github.com/kubewarden/go-policy-template.git",
            "id": "go-policy-template",
            "ignore_vulnerability_alerts_during_read": null,
            "is_template": true,
            "license_template": null,
            "merge_commit_message": "PR_TITLE",
            "merge_commit_title": "MERGE_MESSAGE",
            "name": "go-policy-template",
            "node_id": "MDEwOlJlcG9zaXRvcnkzNTcxMjI2NzU=",
            "pages": [],
            "primary_language": "Go",
            "private": false,
            "repo_id": 357122675,
            "security_and_analysis": [
              {
                "advanced_security": [],
                "secret_scanning": [
                  {
                    "status": "enabled"
                  }
                ],
                "secret_scanning_push_protection": [
                  {
                    "status": "disabled"
                  }
                ]
              }
            ],
            "squash_merge_commit_message": "COMMIT_MESSAGES",
            "squash_merge_commit_title": "COMMIT_OR_PR_TITLE",
            "ssh_clone_url": "git@github.com:kubewarden/go-policy-template.git",
            "svn_url": "https://github.com/kubewarden/go-policy-template",
            "template": [],
            "topics": [
              "go",
              "golang",
              "hacktoberfest",
              "kubernetes",
              "kubernetes-security",
              "kubewarden-policy-template",
              "policy-as-code",
              "webassembly"
            ],
            "visibility": "public",
            "vulnerability_alerts": true
          },
          "sensitive_attributes": [],
          "private": "eyJzY2hlbWFfdmVyc2lvbiI6IjEifQ=="
        }
      ]
    },
    {
      "module": "module.policy_template_repository_go",
      "mode": "managed",
      "type": "github_team_repository",
      "name": "gh_team_push_rights",
      "provider": "provider[\"registry.terraform.io/integrations/github\"].kubewarden",
      "instances": [
        {
          "index_key": "4972867",
          "schema_version": 0,
          "attributes": {
            "etag": "W/\"d622a3af8099e84d70e3b3842722d3de415a9527c95793c6ac236c03241d2f11\"",
            "id": "4972867:go-policy-template",
            "permission": "push",
            "repository": "go-policy-template",
            "team_id": "4972867"
          },
          "sensitive_attributes": [],
          "private": "bnVsbA==",
          "dependencies": [
            "data.github_team.kubewarden_developers",
            "module.policy_template_repository_go.github_repository.main"
          ]
        }
      ]
    },
    {
      "module": "module.policy_template_repository_go_wasi",
      "mode": "managed",
      "type": "github_repository",
      "name": "main",
      "provider": "provider[\"registry.terraform.io/integrations/github\"].kubewarden",
      "instances": [
        {
          "schema_version": 1,
          "attributes": {
            "allow_auto_merge": false,
            "allow_merge_commit": true,
            "allow_rebase_merge": true,
            "allow_squash_merge": true,
            "allow_update_branch": false,
            "archive_on_destroy": null,
            "archived": false,
            "auto_init": false,
            "default_branch": "main",
            "delete_branch_on_merge": false,
            "description": "Template of a plain WASI policy written using Go ",
            "etag": "W/\"99efb53b64a760ca5d0b4a5bbf484727fa0ccc1e316c2f30c59ea3ae6b36867d\"",
            "full_name": "kubewarden/go-wasi-policy-template",
            "git_clone_url": "git://github.com/kubewarden/go-wasi-policy-template.git",
            "gitignore_template": null,
            "has_discussions": false,
            "has_downloads": false,
            "has_issues": true,
            "has_projects": false,
            "has_wiki": true,
            "homepage_url": "https://kubewarden.io",
            "html_url": "https://github.com/kubewarden/go-wasi-policy-template",
            "http_clone_url": "https://github.com/kubewarden/go-wasi-policy-template.git",
            "id": "go-wasi-policy-template",
            "ignore_vulnerability_alerts_during_read": null,
            "is_template": true,
            "license_template": null,
            "merge_commit_message": "PR_TITLE",
            "merge_commit_title": "MERGE_MESSAGE",
            "name": "go-wasi-policy-template",
            "node_id": "R_kgDOJx3nLg",
            "pages": [],
            "primary_language": "Go",
            "private": false,
            "repo_id": 656271150,
            "security_and_analysis": [
              {
                "advanced_security": [],
                "secret_scanning": [
                  {
                    "status": "enabled"
                  }
                ],
                "secret_scanning_push_protection": [
                  {
                    "status": "disabled"
                  }
                ]
              }
            ],
            "squash_merge_commit_message": "COMMIT_MESSAGES",
            "squash_merge_commit_title": "COMMIT_OR_PR_TITLE",
            "ssh_clone_url": "git@github.com:kubewarden/go-wasi-policy-template.git",
            "svn_url": "https://github.com/kubewarden/go-wasi-policy-template",
            "template": [],
            "topics": [
              "go",
              "golang",
              "hacktoberfest",
              "kubernetes",
              "kubernetes-security",
              "kubewarden-policy-template",
              "policy-as-code",
              "wasi",
              "webassembly"
            ],
            "visibility": "public",
            "vulnerability_alerts": true
          },
          "sensitive_attributes": [],
          "private": "eyJzY2hlbWFfdmVyc2lvbiI6IjEifQ=="
        }
      ]
    },
    {
      "module": "module.policy_template_repository_go_wasi",
      "mode": "managed",
      "type": "github_team_repository",
      "name": "gh_team_push_rights",
      "provider": "provider[\"registry.terraform.io/integrations/github\"].kubewarden",
      "instances": [
        {
          "index_key": "4972867",
          "schema_version": 0,
          "attributes": {
            "etag": "W/\"c53a4540b2b87afdfaf47cce5d7896b8879692870c52a2203375df63d183063e\"",
            "id": "4972867:go-wasi-policy-template",
            "permission": "push",
            "repository": "go-wasi-policy-template",
            "team_id": "4972867"
          },
          "sensitive_attributes": [],
          "private": "bnVsbA==",
          "dependencies": [
            "data.github_team.kubewarden_developers",
            "module.policy_template_repository_go_wasi.github_repository.main"
          ]
        }
      ]
    },
    {
      "module": "module.policy_template_repository_js",
      "mode": "managed",
      "type": "github_repository",
      "name": "main",
      "provider": "provider[\"registry.terraform.io/integrations/github\"].kubewarden",
      "instances": [
        {
          "schema_version": 1,
          "attributes": {
            "allow_auto_merge": false,
            "allow_merge_commit": true,
            "allow_rebase_merge": true,
            "allow_squash_merge": true,
            "allow_update_branch": false,
            "archive_on_destroy": null,
            "archived": false,
            "auto_init": false,
            "default_branch": "main",
            "delete_branch_on_merge": false,
            "description": "A template repository to quickly scaffold a Kubewarden policy written with the TypeScript or JavaScript languages",
            "etag": "W/\"c0f09d4795d549db89185406e7cc7dadd761de341ff6f048e3356910ae6b4200\"",
            "full_name": "kubewarden/js-policy-template",
            "git_clone_url": "git://github.com/kubewarden/js-policy-template.git",
            "gitignore_template": null,
            "has_discussions": false,
            "has_downloads": false,
            "has_issues": true,
            "has_projects": false,
            "has_wiki": true,
            "homepage_url": "https://kubewarden.io",
            "html_url": "https://github.com/kubewarden/js-policy-template",
            "http_clone_url": "https://github.com/kubewarden/js-policy-template.git",
            "id": "js-policy-template",
            "ignore_vulnerability_alerts_during_read": null,
            "is_template": true,
            "license_template": null,
            "merge_commit_message": "PR_TITLE",
            "merge_commit_title": "MERGE_MESSAGE",
            "name": "js-policy-template",
            "node_id": "R_kgDOPSHJug",
            "pages": [],
            "primary_language": "TypeScript",
            "private": false,
            "repo_id": 1025624506,
            "security_and_analysis": [
              {
                "advanced_security": [],
                "secret_scanning": [
                  {
                    "status": "enabled"
                  }
                ],
                "secret_scanning_push_protection": [
                  {
                    "status": "disabled"
                  }
                ]
              }
            ],
            "squash_merge_commit_message": "COMMIT_MESSAGES",
            "squash_merge_commit_title": "COMMIT_OR_PR_TITLE",
            "ssh_clone_url": "git@github.com:kubewarden/js-policy-template.git",
            "svn_url": "https://github.com/kubewarden/js-policy-template",
            "template": [],
            "topics": [
              "hacktoberfest",
              "javascript",
              "kubernetes",
              "kubernetes-security",
              "kubewarden-policy-template",
              "policy-as-code",
              "typescript",
              "webassembly"
            ],
            "visibility": "public",
            "vulnerability_alerts": true
          },
          "sensitive_attributes": [],
          "private": "eyJzY2hlbWFfdmVyc2lvbiI6IjEifQ=="
        }
      ]
    },
    {
      "module": "module.policy_template_repository_js",
      "mode": "managed",
      "type": "github_team_repository",
      "name": "gh_team_push_rights",
      "provider": "provider[\"registry.terraform.io/integrations/github\"].kubewarden",
      "instances": [
        {
          "index_key": "4972867",
          "schema_version": 0,
          "attributes": {
            "etag": "W/\"b91d4254dce3a193c3e8d57850c66a0d825bdfe4f0b0165820569381c91c0b95\"",
            "id": "4972867:js-policy-template",
            "permission": "push",
            "repository": "js-policy-template",
            "team_id": "4972867"
          },
          "sensitive_attributes": [],
          "private": "bnVsbA==",
          "dependencies": [
            "data.github_team.kubewarden_developers",
            "module.policy_template_repository_js.github_repository.main"
          ]
        }
      ]
    },
    {
      "module": "module.policy_template_repository_opa",
      "mode": "managed",
      "type": "github_repository",
      "name": "main",
      "provider": "provider[\"registry.terraform.io/integrations/github\"].kubewarden",
      "instances": [
        {
          "schema_version": 1,
          "attributes": {
            "allow_auto_merge": false,
            "allow_merge_commit": true,
            "allow_rebase_merge": true,
            "allow_squash_merge": true,
            "allow_update_branch": false,
            "archive_on_destroy": null,
            "archived": false,
            "auto_init": false,
            "default_branch": "main",
            "delete_branch_on_merge": false,
            "description": "A template repository to quickly port a Open Policy Agent policy to Kubewarden",
            "etag": "W/\"f308ee73701bc364e4c32b8374097d76c7c12fdd2ebeedb26c005f59f7fd41df\"",
            "full_name": "kubewarden/opa-policy-template",
            "git_clone_url": "git://github.com/kubewarden/opa-policy-template.git",
            "gitignore_template": null,
            "has_discussions": false,
            "has_downloads": false,
            "has_issues": true,
            "has_projects": false,
            "has_wiki": true,
            "homepage_url": "https://kubewarden.io",
            "html_url": "https://github.com/kubewarden/opa-policy-template",
            "http_clone_url": "https://github.com/kubewarden/opa-policy-template.git",
            "id": "opa-policy-template",
            "ignore_vulnerability_alerts_during_read": null,
            "is_template": true,
            "license_template": null,
            "merge_commit_message": "PR_TITLE",
            "merge_commit_title": "MERGE_MESSAGE",
            "name": "opa-policy-template",
            "node_id": "R_kgDOGF4h6g",
            "pages": [],
            "primary_language": "Open Policy Agent",
            "private": false,
            "repo_id": 408822250,
            "security_and_analysis": [
              {
                "advanced_security": [],
                "secret_scanning": [
                  {
                    "status": "enabled"
                  }
                ],
                "secret_scanning_push_protection": [
                  {
                    "status": "disabled"
                  }
                ]
              }
            ],
            "squash_merge_commit_message": "COMMIT_MESSAGES",
            "squash_merge_commit_title": "COMMIT_OR_PR_TITLE",
            "ssh_clone_url": "git@github.com:kubewarden/opa-policy-template.git",
            "svn_url": "https://github.com/kubewarden/opa-policy-template",
            "template": [],
            "topics": [
              "hacktoberfest",
              "kubernetes",
              "kubernetes-security",
              "kubewarden-policy-template",
              "opa",
              "open-policy-agent",
              "openpolicyagent",
              "policy-as-code",
              "webassembly"
            ],
            "visibility": "public",
            "vulnerability_alerts": true
          },
          "sensitive_attributes": [],
          "private": "eyJzY2hlbWFfdmVyc2lvbiI6IjEifQ=="
        }
      ]
    },
    {
      "module": "module.policy_template_repository_opa",
      "mode": "managed",
      "type": "github_team_repository",
      "name": "gh_team_push_rights",
      "provider": "provider[\"registry.terraform.io/integrations/github\"].kubewarden",
      "instances": [
        {
          "index_key": "4972867",
          "schema_version": 0,
          "attributes": {
            "etag": "W/\"8f88ae288303044cbca8ad51ff8681d57c6b8fd26b6773d499a17edcf51a7029\"",
            "id": "4972867:opa-policy-template",
            "permission": "push",
            "repository": "opa-policy-template",
            "team_id": "4972867"
          },
          "sensitive_attributes": [],
          "private": "bnVsbA==",
          "dependencies": [
            "data.github_team.kubewarden_developers",
            "module.policy_template_repository_opa.github_repository.main"
          ]
        }
      ]
    },
    {
      "module": "module.policy_template_repository_rust",
      "mode": "managed",
      "type": "github_repository",
      "name": "main",
      "provider": "provider[\"registry.terraform.io/integrations/github\"].kubewarden",
      "instances": [
        {
          "schema_version": 1,
          "attributes": {
            "allow_auto_merge": false,
            "allow_merge_commit": true,
            "allow_rebase_merge": true,
            "allow_squash_merge": true,
            "allow_update_branch": false,
            "archive_on_destroy": null,
            "archived": false,
            "auto_init": false,
            "default_branch": "main",
            "delete_branch_on_merge": false,
            "description": "A Kubewarden rust policy template to be used with cargo-generate",
            "etag": "W/\"71fdbeea05be0e81711d139b9c299c943af26a0ccd661453a5cc6333fc59bb3e\"",
            "full_name": "kubewarden/rust-policy-template",
            "git_clone_url": "git://github.com/kubewarden/rust-policy-template.git",
            "gitignore_template": null,
            "has_discussions": false,
            "has_downloads": false,
            "has_issues": true,
            "has_projects": false,
            "has_wiki": true,
            "homepage_url": "https://kubewarden.io",
            "html_url": "https://github.com/kubewarden/rust-policy-template",
            "http_clone_url": "https://github.com/kubewarden/rust-policy-template.git",
            "id": "rust-policy-template",
            "ignore_vulnerability_alerts_during_read": null,
            "is_template": false,
            "license_template": null,
            "merge_commit_message": "PR_TITLE",
            "merge_commit_title": "MERGE_MESSAGE",
            "name": "rust-policy-template",
            "node_id": "MDEwOlJlcG9zaXRvcnkzNTUxNjYyMDg=",
            "pages": [],
            "primary_language": "Rust",
            "private": false,
            "repo_id": 355166208,
            "security_and_analysis": [
              {
                "advanced_security": [],
                "secret_scanning": [
                  {
                    "status": "enabled"
                  }
                ],
                "secret_scanning_push_protection": [
                  {
                    "status": "disabled"
                  }
                ]
              }
            ],
            "squash_merge_commit_message": "COMMIT_MESSAGES",
            "squash_merge_commit_title": "COMMIT_OR_PR_TITLE",
            "ssh_clone_url": "git@github.com:kubewarden/rust-policy-template.git",
            "svn_url": "https://github.com/kubewarden/rust-policy-template",
            "template": [],
            "topics": [
              "hacktoberfest",
              "kubernetes",
              "kubernetes-security",
              "kubewarden-policy-template",
              "policy-as-code",
              "rust",
              "webassembly"
            ],
            "visibility": "public",
            "vulnerability_alerts": true
          },
          "sensitive_attributes": [],
          "private": "eyJzY2hlbWFfdmVyc2lvbiI6IjEifQ=="
        }
      ]
    },
    {
      "module": "module.policy_template_repository_rust",
      "mode": "managed",
      "type": "github_team_repository",
      "name": "gh_team_push_rights",
      "provider": "provider[\"registry.terraform.io/integrations/github\"].kubewarden",
      "instances": [
        {
          "index_key": "4972867",
          "schema_version": 0,
          "attributes": {
            "etag": "W/\"5004d1d37065a76b04402ae437eb03d24b8cd2ab84be1c0aa19e45cb1077530f\"",
            "id": "4972867:rust-policy-template",
            "permission": "push",
            "repository": "rust-policy-template",
            "team_id": "4972867"
          },
          "sensitive_attributes": [],
          "private": "bnVsbA==",
          "dependencies": [
            "data.github_team.kubewarden_developers",
            "module.policy_template_repository_rust.github_repository.main"
          ]
        }
      ]
    },
    {
      "module": "module.policy_template_repository_swift",
      "mode": "managed",
      "type": "github_repository",
      "name": "main",
      "provider": "provider[\"registry.terraform.io/integrations/github\"].kubewarden",
      "instances": [
        {
          "schema_version": 1,
          "attributes": {
            "allow_auto_merge": false,
            "allow_merge_commit": true,
            "allow_rebase_merge": true,
            "allow_squash_merge": true,
            "allow_update_branch": false,
            "archive_on_destroy": null,
            "archived": false,
            "auto_init": false,
            "default_branch": "main",
            "delete_branch_on_merge": false,
            "description": "A template repository to quickly scaffold a Kubewarden policy written with Swift language",
            "etag": "W/\"bb4207a7eeb98c82eeedf095c009c2fa8fae13a00534f13b9f2551e734e1bd85\"",
            "full_name": "kubewarden/swift-policy-template",
            "git_clone_url": "git://github.com/kubewarden/swift-policy-template.git",
            "gitignore_template": null,
            "has_discussions": false,
            "has_downloads": false,
            "has_issues": true,
            "has_projects": false,
            "has_wiki": true,
            "homepage_url": "https://kubewarden.io",
            "html_url": "https://github.com/kubewarden/swift-policy-template",
            "http_clone_url": "https://github.com/kubewarden/swift-policy-template.git",
            "id": "swift-policy-template",
            "ignore_vulnerability_alerts_during_read": null,
            "is_template": true,
            "license_template": null,
            "merge_commit_message": "PR_TITLE",
            "merge_commit_title": "MERGE_MESSAGE",
            "name": "swift-policy-template",
            "node_id": "MDEwOlJlcG9zaXRvcnkzOTQyNTEzMjI=",
            "pages": [],
            "primary_language": "Swift",
            "private": false,
            "repo_id": 394251322,
            "security_and_analysis": [
              {
                "advanced_security": [],
                "secret_scanning": [
                  {
                    "status": "enabled"
                  }
                ],
                "secret_scanning_push_protection": [
                  {
                    "status": "disabled"
                  }
                ]
              }
            ],
            "squash_merge_commit_message": "COMMIT_MESSAGES",
            "squash_merge_commit_title": "COMMIT_OR_PR_TITLE",
            "ssh_clone_url": "git@github.com:kubewarden/swift-policy-template.git",
            "svn_url": "https://github.com/kubewarden/swift-policy-template",
            "template": [],
            "topics": [
              "hacktoberfest",
              "kubernetes",
              "kubernetes-security",
              "kubewarden-policy-template",
              "policy-as-code",
              "swift",
              "webassembly"
            ],
            "visibility": "public",
            "vulnerability_alerts": true
          },
          "sensitive_attributes": [],
          "private": "eyJzY2hlbWFfdmVyc2lvbiI6IjEifQ=="
        }
      ]
    },
    {
      "module": "module.policy_template_repository_swift",
      "mode": "managed",
      "type": "github_team_repository",
      "name": "gh_team_push_rights",
      "provider": "provider[\"registry.terraform.io/integrations/github\"].kubewarden",
      "instances": [
        {
          "index_key": "4972867",
          "schema_version": 0,
          "attributes": {
            "etag": "W/\"7aa7c02b8cb5b2dfe99d914a6af8a191d62c396b59baaf4744da19acfdf0e2c2\"",
            "id": "4972867:swift-policy-template",
            "permission": "push",
            "repository": "swift-policy-template",
            "team_id": "4972867"
          },
          "sensitive_attributes": [],
          "private": "bnVsbA==",
          "dependencies": [
            "data.github_team.kubewarden_developers",
            "module.policy_template_repository_swift.github_repository.main"
          ]
        }
      ]
    }
  ]
}
